{
  "version": 4,
  "terraform_version": "1.5.0",
  "serial": 563,
  "lineage": "2bdfdec5-8c30-28c5-2bba-a5d893c95ad2",
  "outputs": {
    "tenant_host": {
      "value": "157.180.88.232",
      "type": "string"
    },
    "tenant_name": {
      "value": "demo",
      "type": "string"
    },
    "tenant_ssh_private_key": {
      "value": "-----BEGIN RSA PRIVATE KEY-----\nMIIJJwIBAAKCAgEAwi5yXM8gR5QQl/8/LQSOEmWinLxKzLvaXlsK9FZ0qlTa9g/A\nFvQvORM+wgQK0BmOLDEMlVL6Gaxcc7vMefK9Ym5irD30AyY22bI0rTo3C1IpwN3x\nrTZ2omG2f+ZWg3uL6UQ0FcNg3vBxhFImhO1q6SAIPTlmutJZx5wpf3+qqI/z9JNe\ndoB55z5P32XH8vPgOaQvm9AtOR6lzutX8b7YQAjucouOle7b9YeF9IbWbxa6lqLp\n1KPjIWJcQA9jGiCw8BjHkABiJazxjXOibO6XBmraq5h5MqXp6mepOA6M7ndB1wm6\nBcw92Hm+1Nm7rIWHETtXFRSrR5v/CXRwd1F+IMH6hd63VtcWWy5apZwwu+u+L4hT\n5NGPH7E2uzFV/6q5OUU7DEdbleXQelyovGWlzGSXU2bEpGsKLevGrLqQ9hjTTo8h\nA6wau/VxzlAhvzxQpdU4N/7mRzghy6tme9fS9MxpsFM130BJolLrGZhEWe7Yyh5o\nLvHvpN9jBkuln6V9SI4uorQrFliBWoTnHFvIcpJ6WsevCzBrVfhexcfJ2JaVT9/T\nOSFz1g9XC+J9ZY8aidwIAydNJpkeiVN7lJZiBTpAXTDPh6w42xKvRX/tp/PK2Ced\nt0UEUIdFP5QjHMFUE/ETnQMAmg6L6AG44aF+hiL+JYSJ5GGQkht4b/X5mTcCAwEA\nAQKCAgA316Gd3Rb8XrFS9N2XNash0Uatalzced13qxkAYWiVn2eEwczNDRYThNxU\ncVMmu2KuhMCIpN81yOKhic1o+IzMJNCNlhd5XGEDxALwGkDAKbXGOE2LMZF2a0FP\nkM8qaro2sB2GcLSICH+svO9E5P4M4uBbswk/CsU06Uzp1K4gYZ2XpVXSIGpuPPY9\nWYjh7o56JSRn27tVpOGsGvQkmmyYJbllCYtMxO9OsdWtF6XNNq0cKuex9huYey/q\nYEJwvhwEQCwL1oBjM1QYCLwaNZcLCmmuVV/tV9doSL1aWJzg6zzs+WgcyLq0aXae\nwar+FzxbkUQe1N3Y7xyt/GVnevEZO701H+pl7DNdu0WhRSF1qTg52MaEZp6d1VBp\n9ryJprWQUJJ7NENhac9cZCWQ6uFfKhhfGivl0tVanRER1F0ppWBK/kQ1ip+LOVIU\nbquNbcBBdVpR2Nsc+S9ikZlUQ9uINyE2YTIRASPIaBP39lYKkOiCIQmkIUa7X49C\nhZHZBbsLuBX7Xy3fpAITxks6qZmGh8mIrvFKnbY4Dg9a8oX+eQTN0LeYZVK3sqoG\nyx7lBKP21LxrJrrGlAFPZdU6VxKZ2/gWGTsmHr3cx7wHwXnCwl73A4KofFPbRrBm\nlnz0WoMsPUicA9vGKlpgrBSelh7o27TeQfpuDAYsfsDkEVp5EQKCAQEAyqpYWnou\nam6ni9mFpQBEyOs4AiQJfSQIiNlUOW9xF5KHoI52pPER5edMCfk+4l4oqARkotnJ\neUVVrJiwJNpdWDYOfXWN0OjHe1A3bf80SnRFvDSQ79MbyT+C8M7LSmOrJlP+LDFx\nNHqqTPeZggoo5XcRj2OHjYCHyAxKyB9iehWJxoWIl88AGAl10hKpcSF5W0AaIbiQ\nYCIQzmGgSBeaay/HBrUUcCP40q4G5xEAOOi5LMVuZ6Va4IQ3gA8NG4yL5rVHANjk\nT2RtLuUmY5WBzkVUKgtue5uMVbNzNS9uU905lXnyrv3NKkS9YWhJIj1Kl8WCr+kQ\n/2yjN2hVvv3TvwKCAQEA9UiISl4xsYthxkp1kb237n116iBNP8Icak6pK5BTjZRE\npqIFGbw/0tvhYbIED4HpC24QyJOOlYYgKdTULtJYxNNqHVW6CCrhWp1HtgfrKb7w\nI0k8Y4H7jH15VEzEb4AaP5u6Bmlxw9yjuohsrCg49M1oLiWapwwZDZPa641SPhuz\nfZiemQkK4mjRsNjBXHLXBd2mgE+XM8HZpnjY601VlifepS8iW4GXbavyeuCmwlDm\ngMn9/Pvl3xlGagZCjiZZMdS0uX0UGoECMfZvuCYNLdoJqydiuwihfr1Cp1sXZCOe\ni55R/bvzZeFVfPe9ZGhvAG7moDAx0fr1p/5MJI64iQKCAQBBiwPWBwu52h2PigLB\n0Sttuzy63ILBGQU1lOu7Q4JUuEvqrghK4bgDHWGnHBetR/xoEjuluz+AW98QWbUl\nxgVIQPtAseLyfEX/aHr0tQNpTN88tddl6GVlGYg0bvyqCz/PvnxGOJs++KjZCX54\n4uZFB9QDBpJRPg8rsGYDALttdke/j3IUfpquK2kSTnzEHKpNy5Zn73Op03qR9FrM\n1e1X2vTIA4ofllKjeCq9Ue87eHBivVsuY/jXAYude8CmdzbLnzbeXEbCMl1pPCzF\nKhX36s4EZvwNN8oT8VxCCBvrPXGhGPZWh7hxghepR/vW+fGE0hio4XxgzvaeNbz9\nbsOrAoIBAHkd1LasJmueAKyyTbWmcbFg4B24z4xBJFjV+LDbNna9lNyXOl+H1hgf\nnP3pshmaM2ICemUgf5KTxUQCpLduBIlEP6y2jQLFcbuV2DgpVtSpRNiXrCsSnwyz\nVHrs4T6RieSI1+WcoaFuTKaqAMdNoTo4R04qIWCFF8XdkYcopEio0wuclgvJLEe6\nLHjfvzMQPd7WoQXQxz+2Y+vQ1oPyDuXzT/xO9u8qYYS1GCnWzmE7I2bK1xDZrZtp\nVpy59JlOlFKHzqmc+pVPyK61Glta5r0SYh3Sd+0VCPGVMNmEoFtBP2N/zMq2ySww\nhU8M4cc3zj/vgw/sXF1sR2sppZ2Tn8kCggEAeM6VJRNXfM7JQ0yW4m7fVVOLM24w\nUTqamihNotIEvw09HXH/X3XllCVS/8zD2EvkCmkBLL4i5JBysPiuGKC8JtrmnKSA\nwKdNtc0w0wJ/FA87vDze4l56pU3XCS3IYKFFTu6NBGP9Jk0XRQ5jAIwSv5hp5hKK\n6nulNfMXjScbsfEpuixkAcTAi8K2KXbTmOWcfNkpWo0FQdkX2INiuzB6oqLpbBIu\n0N3yYN8z3Ml09nLkbZY/M0uzpa0suZef1VfWQ8MySklibHL2Hvq9dYB96pXrV2gx\nJJ91ARMH8s3DvvbPKU6e8A4TCzSRJwS2N6zMhnAobst7MDiwgNiYP2fPYw==\n-----END RSA PRIVATE KEY-----\n",
      "type": "string",
      "sensitive": true
    },
    "tenant_ssh_public_key": {
      "value": "ssh-rsa AAAAB3NzaC1yc2EAAAADAQABAAACAQDCLnJczyBHlBCX/z8tBI4SZaKcvErMu9peWwr0VnSqVNr2D8AW9C85Ez7CBArQGY4sMQyVUvoZrFxzu8x58r1ibmKsPfQDJjbZsjStOjcLUinA3fGtNnaiYbZ/5laDe4vpRDQVw2De8HGEUiaE7WrpIAg9OWa60lnHnCl/f6qoj/P0k152gHnnPk/fZcfy8+A5pC+b0C05HqXO61fxvthACO5yi46V7tv1h4X0htZvFrqWounUo+MhYlxAD2MaILDwGMeQAGIlrPGNc6Js7pcGatqrmHkypenqZ6k4Dozud0HXCboFzD3Yeb7U2bushYcRO1cVFKtHm/8JdHB3UX4gwfqF3rdW1xZbLlqlnDC7674viFPk0Y8fsTa7MVX/qrk5RTsMR1uV5dB6XKi8ZaXMZJdTZsSkawot68asupD2GNNOjyEDrBq79XHOUCG/PFCl1Tg3/uZHOCHLq2Z719L0zGmwUzXfQEmiUusZmERZ7tjKHmgu8e+k32MGS6WfpX1Iji6itCsWWIFahOccW8hyknpax68LMGtV+F7Fx8nYlpVP39M5IXPWD1cL4n1ljxqJ3AgDJ00mmR6JU3uUlmIFOkBdMM+HrDjbEq9Ff+2n88rYJ523RQRQh0U/lCMcwVQT8ROdAwCaDovoAbjhoX6GIv4lhInkYZCSG3hv9fmZNw==\n",
      "type": "string"
    }
  },
  "resources": [
    {
      "module": "module.tenant",
      "mode": "data",
      "type": "cloudflare_zone",
      "name": "openshield",
      "provider": "module.tenant.provider[\"registry.terraform.io/cloudflare/cloudflare\"]",
      "instances": [
        {
          "schema_version": 0,
          "attributes": {
            "account": {
              "id": "bca3124de7c86d659a959f06cb35043d",
              "name": "Cloudflare@cyberdef.cc's Account"
            },
            "activated_on": "2025-04-21T11:29:39Z",
            "cname_suffix": null,
            "created_on": "2025-04-21T11:00:21Z",
            "development_mode": 0,
            "filter": {
              "account": null,
              "direction": null,
              "match": null,
              "name": "openshield.io",
              "order": null,
              "status": null
            },
            "id": null,
            "meta": {
              "cdn_only": null,
              "custom_certificate_quota": 0,
              "dns_only": null,
              "foundation_dns": null,
              "page_rule_quota": 3,
              "phishing_detected": false,
              "step": 2
            },
            "modified_on": "2025-04-21T11:29:39Z",
            "name": "openshield.io",
            "name_servers": [
              "kiki.ns.cloudflare.com",
              "lloyd.ns.cloudflare.com"
            ],
            "original_dnshost": null,
            "original_name_servers": [
              "dns1.registrar-servers.com",
              "dns2.registrar-servers.com"
            ],
            "original_registrar": "namecheap, inc. (id: 1068)",
            "owner": {
              "id": null,
              "name": null,
              "type": "user"
            },
            "paused": false,
            "permissions": [
              "#dns_records:edit",
              "#dns_records:read",
              "#zone:read"
            ],
            "plan": {
              "can_subscribe": false,
              "currency": "USD",
              "externally_managed": false,
              "frequency": "",
              "id": "0feeeeeeeeeeeeeeeeeeeeeeeeeeeeee",
              "is_subscribed": false,
              "legacy_discount": false,
              "legacy_id": "free",
              "name": "Free Website",
              "price": 0
            },
            "status": "active",
            "tenant": {
              "id": null,
              "name": null
            },
            "tenant_unit": {
              "id": null
            },
            "type": "full",
            "vanity_name_servers": [],
            "verification_key": null,
            "zone_id": "f92c4f6137dffe0e40aa658cc70e3fa8"
          },
          "sensitive_attributes": []
        }
      ]
    },
    {
      "module": "module.tenant",
      "mode": "data",
      "type": "hcloud_server_type",
      "name": "selected",
      "provider": "module.tenant.provider[\"registry.terraform.io/hetznercloud/hcloud\"]",
      "instances": [
        {
          "index_key": "cpx21",
          "schema_version": 0,
          "attributes": {
            "architecture": "x86",
            "category": "regular_purpose",
            "cores": 3,
            "cpu_type": "shared",
            "deprecation_announced": "",
            "description": "CPX 21",
            "disk": 80,
            "id": 23,
            "included_traffic": 0,
            "is_deprecated": false,
            "locations": [
              {
                "deprecation_announced": "2025-10-16T06:00:00Z",
                "id": 1,
                "is_deprecated": true,
                "name": "fsn1",
                "unavailable_after": "2025-12-31T23:59:59Z"
              },
              {
                "deprecation_announced": "2025-10-16T06:00:00Z",
                "id": 2,
                "is_deprecated": true,
                "name": "nbg1",
                "unavailable_after": "2025-12-31T23:59:59Z"
              },
              {
                "deprecation_announced": "2025-10-16T06:00:00Z",
                "id": 3,
                "is_deprecated": true,
                "name": "hel1",
                "unavailable_after": "2025-12-31T23:59:59Z"
              },
              {
                "deprecation_announced": "",
                "id": 4,
                "is_deprecated": false,
                "name": "ash",
                "unavailable_after": ""
              },
              {
                "deprecation_announced": "",
                "id": 5,
                "is_deprecated": false,
                "name": "hil",
                "unavailable_after": ""
              },
              {
                "deprecation_announced": "2025-10-16T06:00:00Z",
                "id": 6,
                "is_deprecated": true,
                "name": "sin",
                "unavailable_after": "2025-12-31T23:59:59Z"
              }
            ],
            "memory": 4,
            "name": "cpx21",
            "storage_type": "local",
            "unavailable_after": ""
          },
          "sensitive_attributes": []
        },
        {
          "index_key": "cpx22",
          "schema_version": 0,
          "attributes": {
            "architecture": "x86",
            "category": "regular_purpose",
            "cores": 2,
            "cpu_type": "shared",
            "deprecation_announced": "",
            "description": "CPX 22",
            "disk": 80,
            "id": 109,
            "included_traffic": 0,
            "is_deprecated": false,
            "locations": [
              {
                "deprecation_announced": "",
                "id": 1,
                "is_deprecated": false,
                "name": "fsn1",
                "unavailable_after": ""
              },
              {
                "deprecation_announced": "",
                "id": 2,
                "is_deprecated": false,
                "name": "nbg1",
                "unavailable_after": ""
              },
              {
                "deprecation_announced": "",
                "id": 3,
                "is_deprecated": false,
                "name": "hel1",
                "unavailable_after": ""
              },
              {
                "deprecation_announced": "",
                "id": 6,
                "is_deprecated": false,
                "name": "sin",
                "unavailable_after": ""
              }
            ],
            "memory": 4,
            "name": "cpx22",
            "storage_type": "local",
            "unavailable_after": ""
          },
          "sensitive_attributes": []
        },
        {
          "index_key": "cpx31",
          "schema_version": 0,
          "attributes": {
            "architecture": "x86",
            "category": "regular_purpose",
            "cores": 4,
            "cpu_type": "shared",
            "deprecation_announced": "",
            "description": "CPX 31",
            "disk": 160,
            "id": 24,
            "included_traffic": 0,
            "is_deprecated": false,
            "locations": [
              {
                "deprecation_announced": "2025-10-16T06:00:00Z",
                "id": 1,
                "is_deprecated": true,
                "name": "fsn1",
                "unavailable_after": "2025-12-31T23:59:59Z"
              },
              {
                "deprecation_announced": "2025-10-16T06:00:00Z",
                "id": 2,
                "is_deprecated": true,
                "name": "nbg1",
                "unavailable_after": "2025-12-31T23:59:59Z"
              },
              {
                "deprecation_announced": "2025-10-16T06:00:00Z",
                "id": 3,
                "is_deprecated": true,
                "name": "hel1",
                "unavailable_after": "2025-12-31T23:59:59Z"
              },
              {
                "deprecation_announced": "",
                "id": 4,
                "is_deprecated": false,
                "name": "ash",
                "unavailable_after": ""
              },
              {
                "deprecation_announced": "",
                "id": 5,
                "is_deprecated": false,
                "name": "hil",
                "unavailable_after": ""
              },
              {
                "deprecation_announced": "2025-10-16T06:00:00Z",
                "id": 6,
                "is_deprecated": true,
                "name": "sin",
                "unavailable_after": "2025-12-31T23:59:59Z"
              }
            ],
            "memory": 8,
            "name": "cpx31",
            "storage_type": "local",
            "unavailable_after": ""
          },
          "sensitive_attributes": []
        },
        {
          "index_key": "cpx32",
          "schema_version": 0,
          "attributes": {
            "architecture": "x86",
            "category": "regular_purpose",
            "cores": 4,
            "cpu_type": "shared",
            "deprecation_announced": "",
            "description": "CPX 32",
            "disk": 160,
            "id": 110,
            "included_traffic": 0,
            "is_deprecated": false,
            "locations": [
              {
                "deprecation_announced": "",
                "id": 1,
                "is_deprecated": false,
                "name": "fsn1",
                "unavailable_after": ""
              },
              {
                "deprecation_announced": "",
                "id": 2,
                "is_deprecated": false,
                "name": "nbg1",
                "unavailable_after": ""
              },
              {
                "deprecation_announced": "",
                "id": 3,
                "is_deprecated": false,
                "name": "hel1",
                "unavailable_after": ""
              },
              {
                "deprecation_announced": "",
                "id": 6,
                "is_deprecated": false,
                "name": "sin",
                "unavailable_after": ""
              }
            ],
            "memory": 8,
            "name": "cpx32",
            "storage_type": "local",
            "unavailable_after": ""
          },
          "sensitive_attributes": []
        },
        {
          "index_key": "cpx41",
          "schema_version": 0,
          "attributes": {
            "architecture": "x86",
            "category": "regular_purpose",
            "cores": 8,
            "cpu_type": "shared",
            "deprecation_announced": "",
            "description": "CPX 41",
            "disk": 240,
            "id": 25,
            "included_traffic": 0,
            "is_deprecated": false,
            "locations": [
              {
                "deprecation_announced": "2025-10-16T06:00:00Z",
                "id": 1,
                "is_deprecated": true,
                "name": "fsn1",
                "unavailable_after": "2025-12-31T23:59:59Z"
              },
              {
                "deprecation_announced": "2025-10-16T06:00:00Z",
                "id": 2,
                "is_deprecated": true,
                "name": "nbg1",
                "unavailable_after": "2025-12-31T23:59:59Z"
              },
              {
                "deprecation_announced": "2025-10-16T06:00:00Z",
                "id": 3,
                "is_deprecated": true,
                "name": "hel1",
                "unavailable_after": "2025-12-31T23:59:59Z"
              },
              {
                "deprecation_announced": "",
                "id": 4,
                "is_deprecated": false,
                "name": "ash",
                "unavailable_after": ""
              },
              {
                "deprecation_announced": "",
                "id": 5,
                "is_deprecated": false,
                "name": "hil",
                "unavailable_after": ""
              },
              {
                "deprecation_announced": "2025-10-16T06:00:00Z",
                "id": 6,
                "is_deprecated": true,
                "name": "sin",
                "unavailable_after": "2025-12-31T23:59:59Z"
              }
            ],
            "memory": 16,
            "name": "cpx41",
            "storage_type": "local",
            "unavailable_after": ""
          },
          "sensitive_attributes": []
        },
        {
          "index_key": "cpx42",
          "schema_version": 0,
          "attributes": {
            "architecture": "x86",
            "category": "regular_purpose",
            "cores": 8,
            "cpu_type": "shared",
            "deprecation_announced": "",
            "description": "CPX 42",
            "disk": 320,
            "id": 111,
            "included_traffic": 0,
            "is_deprecated": false,
            "locations": [
              {
                "deprecation_announced": "",
                "id": 1,
                "is_deprecated": false,
                "name": "fsn1",
                "unavailable_after": ""
              },
              {
                "deprecation_announced": "",
                "id": 2,
                "is_deprecated": false,
                "name": "nbg1",
                "unavailable_after": ""
              },
              {
                "deprecation_announced": "",
                "id": 3,
                "is_deprecated": false,
                "name": "hel1",
                "unavailable_after": ""
              },
              {
                "deprecation_announced": "",
                "id": 6,
                "is_deprecated": false,
                "name": "sin",
                "unavailable_after": ""
              }
            ],
            "memory": 16,
            "name": "cpx42",
            "storage_type": "local",
            "unavailable_after": ""
          },
          "sensitive_attributes": []
        },
        {
          "index_key": "cpx51",
          "schema_version": 0,
          "attributes": {
            "architecture": "x86",
            "category": "regular_purpose",
            "cores": 16,
            "cpu_type": "shared",
            "deprecation_announced": "",
            "description": "CPX 51",
            "disk": 360,
            "id": 26,
            "included_traffic": 0,
            "is_deprecated": false,
            "locations": [
              {
                "deprecation_announced": "2025-10-16T06:00:00Z",
                "id": 1,
                "is_deprecated": true,
                "name": "fsn1",
                "unavailable_after": "2025-12-31T23:59:59Z"
              },
              {
                "deprecation_announced": "2025-10-16T06:00:00Z",
                "id": 2,
                "is_deprecated": true,
                "name": "nbg1",
                "unavailable_after": "2025-12-31T23:59:59Z"
              },
              {
                "deprecation_announced": "2025-10-16T06:00:00Z",
                "id": 3,
                "is_deprecated": true,
                "name": "hel1",
                "unavailable_after": "2025-12-31T23:59:59Z"
              },
              {
                "deprecation_announced": "",
                "id": 4,
                "is_deprecated": false,
                "name": "ash",
                "unavailable_after": ""
              },
              {
                "deprecation_announced": "",
                "id": 5,
                "is_deprecated": false,
                "name": "hil",
                "unavailable_after": ""
              },
              {
                "deprecation_announced": "2025-10-16T06:00:00Z",
                "id": 6,
                "is_deprecated": true,
                "name": "sin",
                "unavailable_after": "2025-12-31T23:59:59Z"
              }
            ],
            "memory": 32,
            "name": "cpx51",
            "storage_type": "local",
            "unavailable_after": ""
          },
          "sensitive_attributes": []
        },
        {
          "index_key": "cpx52",
          "schema_version": 0,
          "attributes": {
            "architecture": "x86",
            "category": "regular_purpose",
            "cores": 12,
            "cpu_type": "shared",
            "deprecation_announced": "",
            "description": "CPX 52",
            "disk": 480,
            "id": 112,
            "included_traffic": 0,
            "is_deprecated": false,
            "locations": [
              {
                "deprecation_announced": "",
                "id": 1,
                "is_deprecated": false,
                "name": "fsn1",
                "unavailable_after": ""
              },
              {
                "deprecation_announced": "",
                "id": 2,
                "is_deprecated": false,
                "name": "nbg1",
                "unavailable_after": ""
              },
              {
                "deprecation_announced": "",
                "id": 3,
                "is_deprecated": false,
                "name": "hel1",
                "unavailable_after": ""
              },
              {
                "deprecation_announced": "",
                "id": 6,
                "is_deprecated": false,
                "name": "sin",
                "unavailable_after": ""
              }
            ],
            "memory": 24,
            "name": "cpx52",
            "storage_type": "local",
            "unavailable_after": ""
          },
          "sensitive_attributes": []
        },
        {
          "index_key": "cpx62",
          "schema_version": 0,
          "attributes": {
            "architecture": "x86",
            "category": "regular_purpose",
            "cores": 16,
            "cpu_type": "shared",
            "deprecation_announced": "",
            "description": "CPX 62",
            "disk": 640,
            "id": 113,
            "included_traffic": 0,
            "is_deprecated": false,
            "locations": [
              {
                "deprecation_announced": "",
                "id": 1,
                "is_deprecated": false,
                "name": "fsn1",
                "unavailable_after": ""
              },
              {
                "deprecation_announced": "",
                "id": 2,
                "is_deprecated": false,
                "name": "nbg1",
                "unavailable_after": ""
              },
              {
                "deprecation_announced": "",
                "id": 3,
                "is_deprecated": false,
                "name": "hel1",
                "unavailable_after": ""
              },
              {
                "deprecation_announced": "",
                "id": 6,
                "is_deprecated": false,
                "name": "sin",
                "unavailable_after": ""
              }
            ],
            "memory": 32,
            "name": "cpx62",
            "storage_type": "local",
            "unavailable_after": ""
          },
          "sensitive_attributes": []
        },
        {
          "index_key": "cx22",
          "schema_version": 0,
          "attributes": {
            "architecture": "x86",
            "category": "cost_optimized",
            "cores": 2,
            "cpu_type": "shared",
            "deprecation_announced": "2025-10-16T06:00:00Z",
            "description": "CX22",
            "disk": 40,
            "id": 104,
            "included_traffic": 0,
            "is_deprecated": true,
            "locations": [
              {
                "deprecation_announced": "2025-10-16T06:00:00Z",
                "id": 1,
                "is_deprecated": true,
                "name": "fsn1",
                "unavailable_after": "2025-12-31T23:59:59Z"
              },
              {
                "deprecation_announced": "2025-10-16T06:00:00Z",
                "id": 2,
                "is_deprecated": true,
                "name": "nbg1",
                "unavailable_after": "2025-12-31T23:59:59Z"
              },
              {
                "deprecation_announced": "2025-10-16T06:00:00Z",
                "id": 3,
                "is_deprecated": true,
                "name": "hel1",
                "unavailable_after": "2025-12-31T23:59:59Z"
              }
            ],
            "memory": 4,
            "name": "cx22",
            "storage_type": "local",
            "unavailable_after": "2025-12-31T23:59:59Z"
          },
          "sensitive_attributes": []
        },
        {
          "index_key": "cx23",
          "schema_version": 0,
          "attributes": {
            "architecture": "x86",
            "category": "cost_optimized",
            "cores": 2,
            "cpu_type": "shared",
            "deprecation_announced": "",
            "description": "CX 23",
            "disk": 40,
            "id": 114,
            "included_traffic": 0,
            "is_deprecated": false,
            "locations": [
              {
                "deprecation_announced": "",
                "id": 1,
                "is_deprecated": false,
                "name": "fsn1",
                "unavailable_after": ""
              },
              {
                "deprecation_announced": "",
                "id": 2,
                "is_deprecated": false,
                "name": "nbg1",
                "unavailable_after": ""
              },
              {
                "deprecation_announced": "",
                "id": 3,
                "is_deprecated": false,
                "name": "hel1",
                "unavailable_after": ""
              }
            ],
            "memory": 4,
            "name": "cx23",
            "storage_type": "local",
            "unavailable_after": ""
          },
          "sensitive_attributes": []
        },
        {
          "index_key": "cx32",
          "schema_version": 0,
          "attributes": {
            "architecture": "x86",
            "category": "cost_optimized",
            "cores": 4,
            "cpu_type": "shared",
            "deprecation_announced": "2025-10-16T06:00:00Z",
            "description": "CX32",
            "disk": 80,
            "id": 105,
            "included_traffic": 0,
            "is_deprecated": true,
            "locations": [
              {
                "deprecation_announced": "2025-10-16T06:00:00Z",
                "id": 1,
                "is_deprecated": true,
                "name": "fsn1",
                "unavailable_after": "2025-12-31T23:59:59Z"
              },
              {
                "deprecation_announced": "2025-10-16T06:00:00Z",
                "id": 2,
                "is_deprecated": true,
                "name": "nbg1",
                "unavailable_after": "2025-12-31T23:59:59Z"
              },
              {
                "deprecation_announced": "2025-10-16T06:00:00Z",
                "id": 3,
                "is_deprecated": true,
                "name": "hel1",
                "unavailable_after": "2025-12-31T23:59:59Z"
              }
            ],
            "memory": 8,
            "name": "cx32",
            "storage_type": "local",
            "unavailable_after": "2025-12-31T23:59:59Z"
          },
          "sensitive_attributes": []
        },
        {
          "index_key": "cx33",
          "schema_version": 0,
          "attributes": {
            "architecture": "x86",
            "category": "cost_optimized",
            "cores": 4,
            "cpu_type": "shared",
            "deprecation_announced": "",
            "description": "CX 33",
            "disk": 80,
            "id": 115,
            "included_traffic": 0,
            "is_deprecated": false,
            "locations": [
              {
                "deprecation_announced": "",
                "id": 1,
                "is_deprecated": false,
                "name": "fsn1",
                "unavailable_after": ""
              },
              {
                "deprecation_announced": "",
                "id": 2,
                "is_deprecated": false,
                "name": "nbg1",
                "unavailable_after": ""
              },
              {
                "deprecation_announced": "",
                "id": 3,
                "is_deprecated": false,
                "name": "hel1",
                "unavailable_after": ""
              }
            ],
            "memory": 8,
            "name": "cx33",
            "storage_type": "local",
            "unavailable_after": ""
          },
          "sensitive_attributes": []
        },
        {
          "index_key": "cx42",
          "schema_version": 0,
          "attributes": {
            "architecture": "x86",
            "category": "cost_optimized",
            "cores": 8,
            "cpu_type": "shared",
            "deprecation_announced": "2025-10-16T06:00:00Z",
            "description": "CX42",
            "disk": 160,
            "id": 106,
            "included_traffic": 0,
            "is_deprecated": true,
            "locations": [
              {
                "deprecation_announced": "2025-10-16T06:00:00Z",
                "id": 1,
                "is_deprecated": true,
                "name": "fsn1",
                "unavailable_after": "2025-12-31T23:59:59Z"
              },
              {
                "deprecation_announced": "2025-10-16T06:00:00Z",
                "id": 2,
                "is_deprecated": true,
                "name": "nbg1",
                "unavailable_after": "2025-12-31T23:59:59Z"
              },
              {
                "deprecation_announced": "2025-10-16T06:00:00Z",
                "id": 3,
                "is_deprecated": true,
                "name": "hel1",
                "unavailable_after": "2025-12-31T23:59:59Z"
              }
            ],
            "memory": 16,
            "name": "cx42",
            "storage_type": "local",
            "unavailable_after": "2025-12-31T23:59:59Z"
          },
          "sensitive_attributes": []
        },
        {
          "index_key": "cx43",
          "schema_version": 0,
          "attributes": {
            "architecture": "x86",
            "category": "cost_optimized",
            "cores": 8,
            "cpu_type": "shared",
            "deprecation_announced": "",
            "description": "CX 43",
            "disk": 160,
            "id": 116,
            "included_traffic": 0,
            "is_deprecated": false,
            "locations": [
              {
                "deprecation_announced": "",
                "id": 1,
                "is_deprecated": false,
                "name": "fsn1",
                "unavailable_after": ""
              },
              {
                "deprecation_announced": "",
                "id": 2,
                "is_deprecated": false,
                "name": "nbg1",
                "unavailable_after": ""
              },
              {
                "deprecation_announced": "",
                "id": 3,
                "is_deprecated": false,
                "name": "hel1",
                "unavailable_after": ""
              }
            ],
            "memory": 16,
            "name": "cx43",
            "storage_type": "local",
            "unavailable_after": ""
          },
          "sensitive_attributes": []
        },
        {
          "index_key": "cx52",
          "schema_version": 0,
          "attributes": {
            "architecture": "x86",
            "category": "cost_optimized",
            "cores": 16,
            "cpu_type": "shared",
            "deprecation_announced": "2025-10-16T06:00:00Z",
            "description": "CX52",
            "disk": 320,
            "id": 107,
            "included_traffic": 0,
            "is_deprecated": true,
            "locations": [
              {
                "deprecation_announced": "2025-10-16T06:00:00Z",
                "id": 1,
                "is_deprecated": true,
                "name": "fsn1",
                "unavailable_after": "2025-12-31T23:59:59Z"
              },
              {
                "deprecation_announced": "2025-10-16T06:00:00Z",
                "id": 2,
                "is_deprecated": true,
                "name": "nbg1",
                "unavailable_after": "2025-12-31T23:59:59Z"
              },
              {
                "deprecation_announced": "2025-10-16T06:00:00Z",
                "id": 3,
                "is_deprecated": true,
                "name": "hel1",
                "unavailable_after": "2025-12-31T23:59:59Z"
              }
            ],
            "memory": 32,
            "name": "cx52",
            "storage_type": "local",
            "unavailable_after": "2025-12-31T23:59:59Z"
          },
          "sensitive_attributes": []
        },
        {
          "index_key": "cx53",
          "schema_version": 0,
          "attributes": {
            "architecture": "x86",
            "category": "cost_optimized",
            "cores": 16,
            "cpu_type": "shared",
            "deprecation_announced": "",
            "description": "CX 53",
            "disk": 320,
            "id": 117,
            "included_traffic": 0,
            "is_deprecated": false,
            "locations": [
              {
                "deprecation_announced": "",
                "id": 1,
                "is_deprecated": false,
                "name": "fsn1",
                "unavailable_after": ""
              },
              {
                "deprecation_announced": "",
                "id": 2,
                "is_deprecated": false,
                "name": "nbg1",
                "unavailable_after": ""
              },
              {
                "deprecation_announced": "",
                "id": 3,
                "is_deprecated": false,
                "name": "hel1",
                "unavailable_after": ""
              }
            ],
            "memory": 32,
            "name": "cx53",
            "storage_type": "local",
            "unavailable_after": ""
          },
          "sensitive_attributes": []
        }
      ]
    },
    {
      "module": "module.tenant",
      "mode": "data",
      "type": "hcloud_server_types",
      "name": "all",
      "provider": "module.tenant.provider[\"registry.terraform.io/hetznercloud/hcloud\"]",
      "instances": [
        {
          "schema_version": 0,
          "attributes": {
            "descriptions": [
              "CPX 11",
              "CPX 21",
              "CPX 31",
              "CPX 41",
              "CPX 51",
              "CAX11",
              "CAX21",
              "CAX31",
              "CAX41",
              "CCX13 Dedicated CPU",
              "CCX23 Dedicated CPU",
              "CCX33 Dedicated CPU",
              "CCX43 Dedicated CPU",
              "CCX53 Dedicated CPU",
              "CCX63 Dedicated CPU",
              "CX22",
              "CX32",
              "CX42",
              "CX52",
              "CPX 12",
              "CPX 22",
              "CPX 32",
              "CPX 42",
              "CPX 52",
              "CPX 62",
              "CX 23",
              "CX 33",
              "CX 43",
              "CX 53"
            ],
            "id": "166277662d9b7990b1711b6545d691c4fc52eb3f",
            "names": [
              "cpx11",
              "cpx21",
              "cpx31",
              "cpx41",
              "cpx51",
              "cax11",
              "cax21",
              "cax31",
              "cax41",
              "ccx13",
              "ccx23",
              "ccx33",
              "ccx43",
              "ccx53",
              "ccx63",
              "cx22",
              "cx32",
              "cx42",
              "cx52",
              "cpx12",
              "cpx22",
              "cpx32",
              "cpx42",
              "cpx52",
              "cpx62",
              "cx23",
              "cx33",
              "cx43",
              "cx53"
            ],
            "server_type_ids": [
              "22",
              "23",
              "24",
              "25",
              "26",
              "45",
              "93",
              "94",
              "95",
              "96",
              "97",
              "98",
              "99",
              "100",
              "101",
              "104",
              "105",
              "106",
              "107",
              "108",
              "109",
              "110",
              "111",
              "112",
              "113",
              "114",
              "115",
              "116",
              "117"
            ],
            "server_types": [
              {
                "architecture": "x86",
                "category": "regular_purpose",
                "cores": 2,
                "cpu_type": "shared",
                "deprecation_announced": "",
                "description": "CPX 11",
                "disk": 40,
                "id": 22,
                "included_traffic": 0,
                "is_deprecated": false,
                "locations": [
                  {
                    "deprecation_announced": "2025-10-16T06:00:00Z",
                    "id": 1,
                    "is_deprecated": true,
                    "name": "fsn1",
                    "unavailable_after": "2025-12-31T23:59:59Z"
                  },
                  {
                    "deprecation_announced": "2025-10-16T06:00:00Z",
                    "id": 2,
                    "is_deprecated": true,
                    "name": "nbg1",
                    "unavailable_after": "2025-12-31T23:59:59Z"
                  },
                  {
                    "deprecation_announced": "2025-10-16T06:00:00Z",
                    "id": 3,
                    "is_deprecated": true,
                    "name": "hel1",
                    "unavailable_after": "2025-12-31T23:59:59Z"
                  },
                  {
                    "deprecation_announced": "",
                    "id": 4,
                    "is_deprecated": false,
                    "name": "ash",
                    "unavailable_after": ""
                  },
                  {
                    "deprecation_announced": "",
                    "id": 5,
                    "is_deprecated": false,
                    "name": "hil",
                    "unavailable_after": ""
                  },
                  {
                    "deprecation_announced": "2025-10-16T06:00:00Z",
                    "id": 6,
                    "is_deprecated": true,
                    "name": "sin",
                    "unavailable_after": "2025-12-31T23:59:59Z"
                  }
                ],
                "memory": 2,
                "name": "cpx11",
                "storage_type": "local",
                "unavailable_after": ""
              },
              {
                "architecture": "x86",
                "category": "regular_purpose",
                "cores": 3,
                "cpu_type": "shared",
                "deprecation_announced": "",
                "description": "CPX 21",
                "disk": 80,
                "id": 23,
                "included_traffic": 0,
                "is_deprecated": false,
                "locations": [
                  {
                    "deprecation_announced": "2025-10-16T06:00:00Z",
                    "id": 1,
                    "is_deprecated": true,
                    "name": "fsn1",
                    "unavailable_after": "2025-12-31T23:59:59Z"
                  },
                  {
                    "deprecation_announced": "2025-10-16T06:00:00Z",
                    "id": 2,
                    "is_deprecated": true,
                    "name": "nbg1",
                    "unavailable_after": "2025-12-31T23:59:59Z"
                  },
                  {
                    "deprecation_announced": "2025-10-16T06:00:00Z",
                    "id": 3,
                    "is_deprecated": true,
                    "name": "hel1",
                    "unavailable_after": "2025-12-31T23:59:59Z"
                  },
                  {
                    "deprecation_announced": "",
                    "id": 4,
                    "is_deprecated": false,
                    "name": "ash",
                    "unavailable_after": ""
                  },
                  {
                    "deprecation_announced": "",
                    "id": 5,
                    "is_deprecated": false,
                    "name": "hil",
                    "unavailable_after": ""
                  },
                  {
                    "deprecation_announced": "2025-10-16T06:00:00Z",
                    "id": 6,
                    "is_deprecated": true,
                    "name": "sin",
                    "unavailable_after": "2025-12-31T23:59:59Z"
                  }
                ],
                "memory": 4,
                "name": "cpx21",
                "storage_type": "local",
                "unavailable_after": ""
              },
              {
                "architecture": "x86",
                "category": "regular_purpose",
                "cores": 4,
                "cpu_type": "shared",
                "deprecation_announced": "",
                "description": "CPX 31",
                "disk": 160,
                "id": 24,
                "included_traffic": 0,
                "is_deprecated": false,
                "locations": [
                  {
                    "deprecation_announced": "2025-10-16T06:00:00Z",
                    "id": 1,
                    "is_deprecated": true,
                    "name": "fsn1",
                    "unavailable_after": "2025-12-31T23:59:59Z"
                  },
                  {
                    "deprecation_announced": "2025-10-16T06:00:00Z",
                    "id": 2,
                    "is_deprecated": true,
                    "name": "nbg1",
                    "unavailable_after": "2025-12-31T23:59:59Z"
                  },
                  {
                    "deprecation_announced": "2025-10-16T06:00:00Z",
                    "id": 3,
                    "is_deprecated": true,
                    "name": "hel1",
                    "unavailable_after": "2025-12-31T23:59:59Z"
                  },
                  {
                    "deprecation_announced": "",
                    "id": 4,
                    "is_deprecated": false,
                    "name": "ash",
                    "unavailable_after": ""
                  },
                  {
                    "deprecation_announced": "",
                    "id": 5,
                    "is_deprecated": false,
                    "name": "hil",
                    "unavailable_after": ""
                  },
                  {
                    "deprecation_announced": "2025-10-16T06:00:00Z",
                    "id": 6,
                    "is_deprecated": true,
                    "name": "sin",
                    "unavailable_after": "2025-12-31T23:59:59Z"
                  }
                ],
                "memory": 8,
                "name": "cpx31",
                "storage_type": "local",
                "unavailable_after": ""
              },
              {
                "architecture": "x86",
                "category": "regular_purpose",
                "cores": 8,
                "cpu_type": "shared",
                "deprecation_announced": "",
                "description": "CPX 41",
                "disk": 240,
                "id": 25,
                "included_traffic": 0,
                "is_deprecated": false,
                "locations": [
                  {
                    "deprecation_announced": "2025-10-16T06:00:00Z",
                    "id": 1,
                    "is_deprecated": true,
                    "name": "fsn1",
                    "unavailable_after": "2025-12-31T23:59:59Z"
                  },
                  {
                    "deprecation_announced": "2025-10-16T06:00:00Z",
                    "id": 2,
                    "is_deprecated": true,
                    "name": "nbg1",
                    "unavailable_after": "2025-12-31T23:59:59Z"
                  },
                  {
                    "deprecation_announced": "2025-10-16T06:00:00Z",
                    "id": 3,
                    "is_deprecated": true,
                    "name": "hel1",
                    "unavailable_after": "2025-12-31T23:59:59Z"
                  },
                  {
                    "deprecation_announced": "",
                    "id": 4,
                    "is_deprecated": false,
                    "name": "ash",
                    "unavailable_after": ""
                  },
                  {
                    "deprecation_announced": "",
                    "id": 5,
                    "is_deprecated": false,
                    "name": "hil",
                    "unavailable_after": ""
                  },
                  {
                    "deprecation_announced": "2025-10-16T06:00:00Z",
                    "id": 6,
                    "is_deprecated": true,
                    "name": "sin",
                    "unavailable_after": "2025-12-31T23:59:59Z"
                  }
                ],
                "memory": 16,
                "name": "cpx41",
                "storage_type": "local",
                "unavailable_after": ""
              },
              {
                "architecture": "x86",
                "category": "regular_purpose",
                "cores": 16,
                "cpu_type": "shared",
                "deprecation_announced": "",
                "description": "CPX 51",
                "disk": 360,
                "id": 26,
                "included_traffic": 0,
                "is_deprecated": false,
                "locations": [
                  {
                    "deprecation_announced": "2025-10-16T06:00:00Z",
                    "id": 1,
                    "is_deprecated": true,
                    "name": "fsn1",
                    "unavailable_after": "2025-12-31T23:59:59Z"
                  },
                  {
                    "deprecation_announced": "2025-10-16T06:00:00Z",
                    "id": 2,
                    "is_deprecated": true,
                    "name": "nbg1",
                    "unavailable_after": "2025-12-31T23:59:59Z"
                  },
                  {
                    "deprecation_announced": "2025-10-16T06:00:00Z",
                    "id": 3,
                    "is_deprecated": true,
                    "name": "hel1",
                    "unavailable_after": "2025-12-31T23:59:59Z"
                  },
                  {
                    "deprecation_announced": "",
                    "id": 4,
                    "is_deprecated": false,
                    "name": "ash",
                    "unavailable_after": ""
                  },
                  {
                    "deprecation_announced": "",
                    "id": 5,
                    "is_deprecated": false,
                    "name": "hil",
                    "unavailable_after": ""
                  },
                  {
                    "deprecation_announced": "2025-10-16T06:00:00Z",
                    "id": 6,
                    "is_deprecated": true,
                    "name": "sin",
                    "unavailable_after": "2025-12-31T23:59:59Z"
                  }
                ],
                "memory": 32,
                "name": "cpx51",
                "storage_type": "local",
                "unavailable_after": ""
              },
              {
                "architecture": "arm",
                "category": "cost_optimized",
                "cores": 2,
                "cpu_type": "shared",
                "deprecation_announced": "",
                "description": "CAX11",
                "disk": 40,
                "id": 45,
                "included_traffic": 0,
                "is_deprecated": false,
                "locations": [
                  {
                    "deprecation_announced": "",
                    "id": 1,
                    "is_deprecated": false,
                    "name": "fsn1",
                    "unavailable_after": ""
                  },
                  {
                    "deprecation_announced": "",
                    "id": 2,
                    "is_deprecated": false,
                    "name": "nbg1",
                    "unavailable_after": ""
                  },
                  {
                    "deprecation_announced": "",
                    "id": 3,
                    "is_deprecated": false,
                    "name": "hel1",
                    "unavailable_after": ""
                  }
                ],
                "memory": 4,
                "name": "cax11",
                "storage_type": "local",
                "unavailable_after": ""
              },
              {
                "architecture": "arm",
                "category": "cost_optimized",
                "cores": 4,
                "cpu_type": "shared",
                "deprecation_announced": "",
                "description": "CAX21",
                "disk": 80,
                "id": 93,
                "included_traffic": 0,
                "is_deprecated": false,
                "locations": [
                  {
                    "deprecation_announced": "",
                    "id": 1,
                    "is_deprecated": false,
                    "name": "fsn1",
                    "unavailable_after": ""
                  },
                  {
                    "deprecation_announced": "",
                    "id": 2,
                    "is_deprecated": false,
                    "name": "nbg1",
                    "unavailable_after": ""
                  },
                  {
                    "deprecation_announced": "",
                    "id": 3,
                    "is_deprecated": false,
                    "name": "hel1",
                    "unavailable_after": ""
                  }
                ],
                "memory": 8,
                "name": "cax21",
                "storage_type": "local",
                "unavailable_after": ""
              },
              {
                "architecture": "arm",
                "category": "cost_optimized",
                "cores": 8,
                "cpu_type": "shared",
                "deprecation_announced": "",
                "description": "CAX31",
                "disk": 160,
                "id": 94,
                "included_traffic": 0,
                "is_deprecated": false,
                "locations": [
                  {
                    "deprecation_announced": "",
                    "id": 1,
                    "is_deprecated": false,
                    "name": "fsn1",
                    "unavailable_after": ""
                  },
                  {
                    "deprecation_announced": "",
                    "id": 2,
                    "is_deprecated": false,
                    "name": "nbg1",
                    "unavailable_after": ""
                  },
                  {
                    "deprecation_announced": "",
                    "id": 3,
                    "is_deprecated": false,
                    "name": "hel1",
                    "unavailable_after": ""
                  }
                ],
                "memory": 16,
                "name": "cax31",
                "storage_type": "local",
                "unavailable_after": ""
              },
              {
                "architecture": "arm",
                "category": "cost_optimized",
                "cores": 16,
                "cpu_type": "shared",
                "deprecation_announced": "",
                "description": "CAX41",
                "disk": 320,
                "id": 95,
                "included_traffic": 0,
                "is_deprecated": false,
                "locations": [
                  {
                    "deprecation_announced": "",
                    "id": 1,
                    "is_deprecated": false,
                    "name": "fsn1",
                    "unavailable_after": ""
                  },
                  {
                    "deprecation_announced": "",
                    "id": 2,
                    "is_deprecated": false,
                    "name": "nbg1",
                    "unavailable_after": ""
                  },
                  {
                    "deprecation_announced": "",
                    "id": 3,
                    "is_deprecated": false,
                    "name": "hel1",
                    "unavailable_after": ""
                  }
                ],
                "memory": 32,
                "name": "cax41",
                "storage_type": "local",
                "unavailable_after": ""
              },
              {
                "architecture": "x86",
                "category": "general_purpose",
                "cores": 2,
                "cpu_type": "dedicated",
                "deprecation_announced": "",
                "description": "CCX13 Dedicated CPU",
                "disk": 80,
                "id": 96,
                "included_traffic": 0,
                "is_deprecated": false,
                "locations": [
                  {
                    "deprecation_announced": "",
                    "id": 1,
                    "is_deprecated": false,
                    "name": "fsn1",
                    "unavailable_after": ""
                  },
                  {
                    "deprecation_announced": "",
                    "id": 2,
                    "is_deprecated": false,
                    "name": "nbg1",
                    "unavailable_after": ""
                  },
                  {
                    "deprecation_announced": "",
                    "id": 3,
                    "is_deprecated": false,
                    "name": "hel1",
                    "unavailable_after": ""
                  },
                  {
                    "deprecation_announced": "",
                    "id": 4,
                    "is_deprecated": false,
                    "name": "ash",
                    "unavailable_after": ""
                  },
                  {
                    "deprecation_announced": "",
                    "id": 5,
                    "is_deprecated": false,
                    "name": "hil",
                    "unavailable_after": ""
                  },
                  {
                    "deprecation_announced": "",
                    "id": 6,
                    "is_deprecated": false,
                    "name": "sin",
                    "unavailable_after": ""
                  }
                ],
                "memory": 8,
                "name": "ccx13",
                "storage_type": "local",
                "unavailable_after": ""
              },
              {
                "architecture": "x86",
                "category": "general_purpose",
                "cores": 4,
                "cpu_type": "dedicated",
                "deprecation_announced": "",
                "description": "CCX23 Dedicated CPU",
                "disk": 160,
                "id": 97,
                "included_traffic": 0,
                "is_deprecated": false,
                "locations": [
                  {
                    "deprecation_announced": "",
                    "id": 1,
                    "is_deprecated": false,
                    "name": "fsn1",
                    "unavailable_after": ""
                  },
                  {
                    "deprecation_announced": "",
                    "id": 2,
                    "is_deprecated": false,
                    "name": "nbg1",
                    "unavailable_after": ""
                  },
                  {
                    "deprecation_announced": "",
                    "id": 3,
                    "is_deprecated": false,
                    "name": "hel1",
                    "unavailable_after": ""
                  },
                  {
                    "deprecation_announced": "",
                    "id": 4,
                    "is_deprecated": false,
                    "name": "ash",
                    "unavailable_after": ""
                  },
                  {
                    "deprecation_announced": "",
                    "id": 5,
                    "is_deprecated": false,
                    "name": "hil",
                    "unavailable_after": ""
                  },
                  {
                    "deprecation_announced": "",
                    "id": 6,
                    "is_deprecated": false,
                    "name": "sin",
                    "unavailable_after": ""
                  }
                ],
                "memory": 16,
                "name": "ccx23",
                "storage_type": "local",
                "unavailable_after": ""
              },
              {
                "architecture": "x86",
                "category": "general_purpose",
                "cores": 8,
                "cpu_type": "dedicated",
                "deprecation_announced": "",
                "description": "CCX33 Dedicated CPU",
                "disk": 240,
                "id": 98,
                "included_traffic": 0,
                "is_deprecated": false,
                "locations": [
                  {
                    "deprecation_announced": "",
                    "id": 1,
                    "is_deprecated": false,
                    "name": "fsn1",
                    "unavailable_after": ""
                  },
                  {
                    "deprecation_announced": "",
                    "id": 2,
                    "is_deprecated": false,
                    "name": "nbg1",
                    "unavailable_after": ""
                  },
                  {
                    "deprecation_announced": "",
                    "id": 3,
                    "is_deprecated": false,
                    "name": "hel1",
                    "unavailable_after": ""
                  },
                  {
                    "deprecation_announced": "",
                    "id": 4,
                    "is_deprecated": false,
                    "name": "ash",
                    "unavailable_after": ""
                  },
                  {
                    "deprecation_announced": "",
                    "id": 5,
                    "is_deprecated": false,
                    "name": "hil",
                    "unavailable_after": ""
                  },
                  {
                    "deprecation_announced": "",
                    "id": 6,
                    "is_deprecated": false,
                    "name": "sin",
                    "unavailable_after": ""
                  }
                ],
                "memory": 32,
                "name": "ccx33",
                "storage_type": "local",
                "unavailable_after": ""
              },
              {
                "architecture": "x86",
                "category": "general_purpose",
                "cores": 16,
                "cpu_type": "dedicated",
                "deprecation_announced": "",
                "description": "CCX43 Dedicated CPU",
                "disk": 360,
                "id": 99,
                "included_traffic": 0,
                "is_deprecated": false,
                "locations": [
                  {
                    "deprecation_announced": "",
                    "id": 1,
                    "is_deprecated": false,
                    "name": "fsn1",
                    "unavailable_after": ""
                  },
                  {
                    "deprecation_announced": "",
                    "id": 2,
                    "is_deprecated": false,
                    "name": "nbg1",
                    "unavailable_after": ""
                  },
                  {
                    "deprecation_announced": "",
                    "id": 3,
                    "is_deprecated": false,
                    "name": "hel1",
                    "unavailable_after": ""
                  },
                  {
                    "deprecation_announced": "",
                    "id": 4,
                    "is_deprecated": false,
                    "name": "ash",
                    "unavailable_after": ""
                  },
                  {
                    "deprecation_announced": "",
                    "id": 5,
                    "is_deprecated": false,
                    "name": "hil",
                    "unavailable_after": ""
                  },
                  {
                    "deprecation_announced": "",
                    "id": 6,
                    "is_deprecated": false,
                    "name": "sin",
                    "unavailable_after": ""
                  }
                ],
                "memory": 64,
                "name": "ccx43",
                "storage_type": "local",
                "unavailable_after": ""
              },
              {
                "architecture": "x86",
                "category": "general_purpose",
                "cores": 32,
                "cpu_type": "dedicated",
                "deprecation_announced": "",
                "description": "CCX53 Dedicated CPU",
                "disk": 600,
                "id": 100,
                "included_traffic": 0,
                "is_deprecated": false,
                "locations": [
                  {
                    "deprecation_announced": "",
                    "id": 1,
                    "is_deprecated": false,
                    "name": "fsn1",
                    "unavailable_after": ""
                  },
                  {
                    "deprecation_announced": "",
                    "id": 2,
                    "is_deprecated": false,
                    "name": "nbg1",
                    "unavailable_after": ""
                  },
                  {
                    "deprecation_announced": "",
                    "id": 3,
                    "is_deprecated": false,
                    "name": "hel1",
                    "unavailable_after": ""
                  },
                  {
                    "deprecation_announced": "",
                    "id": 4,
                    "is_deprecated": false,
                    "name": "ash",
                    "unavailable_after": ""
                  },
                  {
                    "deprecation_announced": "",
                    "id": 5,
                    "is_deprecated": false,
                    "name": "hil",
                    "unavailable_after": ""
                  },
                  {
                    "deprecation_announced": "",
                    "id": 6,
                    "is_deprecated": false,
                    "name": "sin",
                    "unavailable_after": ""
                  }
                ],
                "memory": 128,
                "name": "ccx53",
                "storage_type": "local",
                "unavailable_after": ""
              },
              {
                "architecture": "x86",
                "category": "general_purpose",
                "cores": 48,
                "cpu_type": "dedicated",
                "deprecation_announced": "",
                "description": "CCX63 Dedicated CPU",
                "disk": 960,
                "id": 101,
                "included_traffic": 0,
                "is_deprecated": false,
                "locations": [
                  {
                    "deprecation_announced": "",
                    "id": 1,
                    "is_deprecated": false,
                    "name": "fsn1",
                    "unavailable_after": ""
                  },
                  {
                    "deprecation_announced": "",
                    "id": 2,
                    "is_deprecated": false,
                    "name": "nbg1",
                    "unavailable_after": ""
                  },
                  {
                    "deprecation_announced": "",
                    "id": 3,
                    "is_deprecated": false,
                    "name": "hel1",
                    "unavailable_after": ""
                  },
                  {
                    "deprecation_announced": "",
                    "id": 4,
                    "is_deprecated": false,
                    "name": "ash",
                    "unavailable_after": ""
                  },
                  {
                    "deprecation_announced": "",
                    "id": 5,
                    "is_deprecated": false,
                    "name": "hil",
                    "unavailable_after": ""
                  },
                  {
                    "deprecation_announced": "",
                    "id": 6,
                    "is_deprecated": false,
                    "name": "sin",
                    "unavailable_after": ""
                  }
                ],
                "memory": 192,
                "name": "ccx63",
                "storage_type": "local",
                "unavailable_after": ""
              },
              {
                "architecture": "x86",
                "category": "cost_optimized",
                "cores": 2,
                "cpu_type": "shared",
                "deprecation_announced": "2025-10-16T06:00:00Z",
                "description": "CX22",
                "disk": 40,
                "id": 104,
                "included_traffic": 0,
                "is_deprecated": true,
                "locations": [
                  {
                    "deprecation_announced": "2025-10-16T06:00:00Z",
                    "id": 1,
                    "is_deprecated": true,
                    "name": "fsn1",
                    "unavailable_after": "2025-12-31T23:59:59Z"
                  },
                  {
                    "deprecation_announced": "2025-10-16T06:00:00Z",
                    "id": 2,
                    "is_deprecated": true,
                    "name": "nbg1",
                    "unavailable_after": "2025-12-31T23:59:59Z"
                  },
                  {
                    "deprecation_announced": "2025-10-16T06:00:00Z",
                    "id": 3,
                    "is_deprecated": true,
                    "name": "hel1",
                    "unavailable_after": "2025-12-31T23:59:59Z"
                  }
                ],
                "memory": 4,
                "name": "cx22",
                "storage_type": "local",
                "unavailable_after": "2025-12-31T23:59:59Z"
              },
              {
                "architecture": "x86",
                "category": "cost_optimized",
                "cores": 4,
                "cpu_type": "shared",
                "deprecation_announced": "2025-10-16T06:00:00Z",
                "description": "CX32",
                "disk": 80,
                "id": 105,
                "included_traffic": 0,
                "is_deprecated": true,
                "locations": [
                  {
                    "deprecation_announced": "2025-10-16T06:00:00Z",
                    "id": 1,
                    "is_deprecated": true,
                    "name": "fsn1",
                    "unavailable_after": "2025-12-31T23:59:59Z"
                  },
                  {
                    "deprecation_announced": "2025-10-16T06:00:00Z",
                    "id": 2,
                    "is_deprecated": true,
                    "name": "nbg1",
                    "unavailable_after": "2025-12-31T23:59:59Z"
                  },
                  {
                    "deprecation_announced": "2025-10-16T06:00:00Z",
                    "id": 3,
                    "is_deprecated": true,
                    "name": "hel1",
                    "unavailable_after": "2025-12-31T23:59:59Z"
                  }
                ],
                "memory": 8,
                "name": "cx32",
                "storage_type": "local",
                "unavailable_after": "2025-12-31T23:59:59Z"
              },
              {
                "architecture": "x86",
                "category": "cost_optimized",
                "cores": 8,
                "cpu_type": "shared",
                "deprecation_announced": "2025-10-16T06:00:00Z",
                "description": "CX42",
                "disk": 160,
                "id": 106,
                "included_traffic": 0,
                "is_deprecated": true,
                "locations": [
                  {
                    "deprecation_announced": "2025-10-16T06:00:00Z",
                    "id": 1,
                    "is_deprecated": true,
                    "name": "fsn1",
                    "unavailable_after": "2025-12-31T23:59:59Z"
                  },
                  {
                    "deprecation_announced": "2025-10-16T06:00:00Z",
                    "id": 2,
                    "is_deprecated": true,
                    "name": "nbg1",
                    "unavailable_after": "2025-12-31T23:59:59Z"
                  },
                  {
                    "deprecation_announced": "2025-10-16T06:00:00Z",
                    "id": 3,
                    "is_deprecated": true,
                    "name": "hel1",
                    "unavailable_after": "2025-12-31T23:59:59Z"
                  }
                ],
                "memory": 16,
                "name": "cx42",
                "storage_type": "local",
                "unavailable_after": "2025-12-31T23:59:59Z"
              },
              {
                "architecture": "x86",
                "category": "cost_optimized",
                "cores": 16,
                "cpu_type": "shared",
                "deprecation_announced": "2025-10-16T06:00:00Z",
                "description": "CX52",
                "disk": 320,
                "id": 107,
                "included_traffic": 0,
                "is_deprecated": true,
                "locations": [
                  {
                    "deprecation_announced": "2025-10-16T06:00:00Z",
                    "id": 1,
                    "is_deprecated": true,
                    "name": "fsn1",
                    "unavailable_after": "2025-12-31T23:59:59Z"
                  },
                  {
                    "deprecation_announced": "2025-10-16T06:00:00Z",
                    "id": 2,
                    "is_deprecated": true,
                    "name": "nbg1",
                    "unavailable_after": "2025-12-31T23:59:59Z"
                  },
                  {
                    "deprecation_announced": "2025-10-16T06:00:00Z",
                    "id": 3,
                    "is_deprecated": true,
                    "name": "hel1",
                    "unavailable_after": "2025-12-31T23:59:59Z"
                  }
                ],
                "memory": 32,
                "name": "cx52",
                "storage_type": "local",
                "unavailable_after": "2025-12-31T23:59:59Z"
              },
              {
                "architecture": "x86",
                "category": "regular_purpose",
                "cores": 1,
                "cpu_type": "shared",
                "deprecation_announced": "",
                "description": "CPX 12",
                "disk": 40,
                "id": 108,
                "included_traffic": 0,
                "is_deprecated": false,
                "locations": [
                  {
                    "deprecation_announced": "",
                    "id": 6,
                    "is_deprecated": false,
                    "name": "sin",
                    "unavailable_after": ""
                  }
                ],
                "memory": 2,
                "name": "cpx12",
                "storage_type": "local",
                "unavailable_after": ""
              },
              {
                "architecture": "x86",
                "category": "regular_purpose",
                "cores": 2,
                "cpu_type": "shared",
                "deprecation_announced": "",
                "description": "CPX 22",
                "disk": 80,
                "id": 109,
                "included_traffic": 0,
                "is_deprecated": false,
                "locations": [
                  {
                    "deprecation_announced": "",
                    "id": 1,
                    "is_deprecated": false,
                    "name": "fsn1",
                    "unavailable_after": ""
                  },
                  {
                    "deprecation_announced": "",
                    "id": 2,
                    "is_deprecated": false,
                    "name": "nbg1",
                    "unavailable_after": ""
                  },
                  {
                    "deprecation_announced": "",
                    "id": 3,
                    "is_deprecated": false,
                    "name": "hel1",
                    "unavailable_after": ""
                  },
                  {
                    "deprecation_announced": "",
                    "id": 6,
                    "is_deprecated": false,
                    "name": "sin",
                    "unavailable_after": ""
                  }
                ],
                "memory": 4,
                "name": "cpx22",
                "storage_type": "local",
                "unavailable_after": ""
              },
              {
                "architecture": "x86",
                "category": "regular_purpose",
                "cores": 4,
                "cpu_type": "shared",
                "deprecation_announced": "",
                "description": "CPX 32",
                "disk": 160,
                "id": 110,
                "included_traffic": 0,
                "is_deprecated": false,
                "locations": [
                  {
                    "deprecation_announced": "",
                    "id": 1,
                    "is_deprecated": false,
                    "name": "fsn1",
                    "unavailable_after": ""
                  },
                  {
                    "deprecation_announced": "",
                    "id": 2,
                    "is_deprecated": false,
                    "name": "nbg1",
                    "unavailable_after": ""
                  },
                  {
                    "deprecation_announced": "",
                    "id": 3,
                    "is_deprecated": false,
                    "name": "hel1",
                    "unavailable_after": ""
                  },
                  {
                    "deprecation_announced": "",
                    "id": 6,
                    "is_deprecated": false,
                    "name": "sin",
                    "unavailable_after": ""
                  }
                ],
                "memory": 8,
                "name": "cpx32",
                "storage_type": "local",
                "unavailable_after": ""
              },
              {
                "architecture": "x86",
                "category": "regular_purpose",
                "cores": 8,
                "cpu_type": "shared",
                "deprecation_announced": "",
                "description": "CPX 42",
                "disk": 320,
                "id": 111,
                "included_traffic": 0,
                "is_deprecated": false,
                "locations": [
                  {
                    "deprecation_announced": "",
                    "id": 1,
                    "is_deprecated": false,
                    "name": "fsn1",
                    "unavailable_after": ""
                  },
                  {
                    "deprecation_announced": "",
                    "id": 2,
                    "is_deprecated": false,
                    "name": "nbg1",
                    "unavailable_after": ""
                  },
                  {
                    "deprecation_announced": "",
                    "id": 3,
                    "is_deprecated": false,
                    "name": "hel1",
                    "unavailable_after": ""
                  },
                  {
                    "deprecation_announced": "",
                    "id": 6,
                    "is_deprecated": false,
                    "name": "sin",
                    "unavailable_after": ""
                  }
                ],
                "memory": 16,
                "name": "cpx42",
                "storage_type": "local",
                "unavailable_after": ""
              },
              {
                "architecture": "x86",
                "category": "regular_purpose",
                "cores": 12,
                "cpu_type": "shared",
                "deprecation_announced": "",
                "description": "CPX 52",
                "disk": 480,
                "id": 112,
                "included_traffic": 0,
                "is_deprecated": false,
                "locations": [
                  {
                    "deprecation_announced": "",
                    "id": 1,
                    "is_deprecated": false,
                    "name": "fsn1",
                    "unavailable_after": ""
                  },
                  {
                    "deprecation_announced": "",
                    "id": 2,
                    "is_deprecated": false,
                    "name": "nbg1",
                    "unavailable_after": ""
                  },
                  {
                    "deprecation_announced": "",
                    "id": 3,
                    "is_deprecated": false,
                    "name": "hel1",
                    "unavailable_after": ""
                  },
                  {
                    "deprecation_announced": "",
                    "id": 6,
                    "is_deprecated": false,
                    "name": "sin",
                    "unavailable_after": ""
                  }
                ],
                "memory": 24,
                "name": "cpx52",
                "storage_type": "local",
                "unavailable_after": ""
              },
              {
                "architecture": "x86",
                "category": "regular_purpose",
                "cores": 16,
                "cpu_type": "shared",
                "deprecation_announced": "",
                "description": "CPX 62",
                "disk": 640,
                "id": 113,
                "included_traffic": 0,
                "is_deprecated": false,
                "locations": [
                  {
                    "deprecation_announced": "",
                    "id": 1,
                    "is_deprecated": false,
                    "name": "fsn1",
                    "unavailable_after": ""
                  },
                  {
                    "deprecation_announced": "",
                    "id": 2,
                    "is_deprecated": false,
                    "name": "nbg1",
                    "unavailable_after": ""
                  },
                  {
                    "deprecation_announced": "",
                    "id": 3,
                    "is_deprecated": false,
                    "name": "hel1",
                    "unavailable_after": ""
                  },
                  {
                    "deprecation_announced": "",
                    "id": 6,
                    "is_deprecated": false,
                    "name": "sin",
                    "unavailable_after": ""
                  }
                ],
                "memory": 32,
                "name": "cpx62",
                "storage_type": "local",
                "unavailable_after": ""
              },
              {
                "architecture": "x86",
                "category": "cost_optimized",
                "cores": 2,
                "cpu_type": "shared",
                "deprecation_announced": "",
                "description": "CX 23",
                "disk": 40,
                "id": 114,
                "included_traffic": 0,
                "is_deprecated": false,
                "locations": [
                  {
                    "deprecation_announced": "",
                    "id": 1,
                    "is_deprecated": false,
                    "name": "fsn1",
                    "unavailable_after": ""
                  },
                  {
                    "deprecation_announced": "",
                    "id": 2,
                    "is_deprecated": false,
                    "name": "nbg1",
                    "unavailable_after": ""
                  },
                  {
                    "deprecation_announced": "",
                    "id": 3,
                    "is_deprecated": false,
                    "name": "hel1",
                    "unavailable_after": ""
                  }
                ],
                "memory": 4,
                "name": "cx23",
                "storage_type": "local",
                "unavailable_after": ""
              },
              {
                "architecture": "x86",
                "category": "cost_optimized",
                "cores": 4,
                "cpu_type": "shared",
                "deprecation_announced": "",
                "description": "CX 33",
                "disk": 80,
                "id": 115,
                "included_traffic": 0,
                "is_deprecated": false,
                "locations": [
                  {
                    "deprecation_announced": "",
                    "id": 1,
                    "is_deprecated": false,
                    "name": "fsn1",
                    "unavailable_after": ""
                  },
                  {
                    "deprecation_announced": "",
                    "id": 2,
                    "is_deprecated": false,
                    "name": "nbg1",
                    "unavailable_after": ""
                  },
                  {
                    "deprecation_announced": "",
                    "id": 3,
                    "is_deprecated": false,
                    "name": "hel1",
                    "unavailable_after": ""
                  }
                ],
                "memory": 8,
                "name": "cx33",
                "storage_type": "local",
                "unavailable_after": ""
              },
              {
                "architecture": "x86",
                "category": "cost_optimized",
                "cores": 8,
                "cpu_type": "shared",
                "deprecation_announced": "",
                "description": "CX 43",
                "disk": 160,
                "id": 116,
                "included_traffic": 0,
                "is_deprecated": false,
                "locations": [
                  {
                    "deprecation_announced": "",
                    "id": 1,
                    "is_deprecated": false,
                    "name": "fsn1",
                    "unavailable_after": ""
                  },
                  {
                    "deprecation_announced": "",
                    "id": 2,
                    "is_deprecated": false,
                    "name": "nbg1",
                    "unavailable_after": ""
                  },
                  {
                    "deprecation_announced": "",
                    "id": 3,
                    "is_deprecated": false,
                    "name": "hel1",
                    "unavailable_after": ""
                  }
                ],
                "memory": 16,
                "name": "cx43",
                "storage_type": "local",
                "unavailable_after": ""
              },
              {
                "architecture": "x86",
                "category": "cost_optimized",
                "cores": 16,
                "cpu_type": "shared",
                "deprecation_announced": "",
                "description": "CX 53",
                "disk": 320,
                "id": 117,
                "included_traffic": 0,
                "is_deprecated": false,
                "locations": [
                  {
                    "deprecation_announced": "",
                    "id": 1,
                    "is_deprecated": false,
                    "name": "fsn1",
                    "unavailable_after": ""
                  },
                  {
                    "deprecation_announced": "",
                    "id": 2,
                    "is_deprecated": false,
                    "name": "nbg1",
                    "unavailable_after": ""
                  },
                  {
                    "deprecation_announced": "",
                    "id": 3,
                    "is_deprecated": false,
                    "name": "hel1",
                    "unavailable_after": ""
                  }
                ],
                "memory": 32,
                "name": "cx53",
                "storage_type": "local",
                "unavailable_after": ""
              }
            ]
          },
          "sensitive_attributes": []
        }
      ]
    },
    {
      "module": "module.tenant",
      "mode": "managed",
      "type": "cloudflare_dns_record",
      "name": "faraday",
      "provider": "module.tenant.provider[\"registry.terraform.io/cloudflare/cloudflare\"]",
      "instances": [
        {
          "schema_version": 0,
          "attributes": {
            "comment": null,
            "comment_modified_on": null,
            "content": "157.180.88.232",
            "created_on": "2025-10-18T12:22:11Z",
            "data": null,
            "id": "de277e1b4a2a9f70541514d06684702b",
            "meta": "{}",
            "modified_on": "2025-10-18T12:22:11Z",
            "name": "faraday.demo.spm.openshield.io",
            "priority": null,
            "proxiable": true,
            "proxied": false,
            "settings": {
              "flatten_cname": null,
              "ipv4_only": null,
              "ipv6_only": null
            },
            "tags": [],
            "tags_modified_on": null,
            "ttl": 3600,
            "type": "A",
            "zone_id": "f92c4f6137dffe0e40aa658cc70e3fa8"
          },
          "sensitive_attributes": [],
          "dependencies": [
            "module.tenant.data.cloudflare_zone.openshield",
            "module.tenant.data.hcloud_server_type.selected",
            "module.tenant.data.hcloud_server_types.all",
            "module.tenant.hcloud_server.tenant_server",
            "module.tenant.hcloud_ssh_key.ssh_key",
            "module.tenant.tls_private_key.ssh_key"
          ]
        }
      ]
    },
    {
      "module": "module.tenant",
      "mode": "managed",
      "type": "hcloud_server",
      "name": "tenant_server",
      "provider": "module.tenant.provider[\"registry.terraform.io/hetznercloud/hcloud\"]",
      "instances": [
        {
          "schema_version": 0,
          "attributes": {
            "allow_deprecated_images": false,
            "backup_window": "",
            "backups": false,
            "datacenter": "hel1-dc2",
            "delete_protection": false,
            "firewall_ids": [],
            "id": "111047003",
            "ignore_remote_firewall_ids": false,
            "image": "ubuntu-22.04",
            "ipv4_address": "157.180.88.232",
            "ipv6_address": "2a01:4f9:c013:feed::1",
            "ipv6_network": "2a01:4f9:c013:feed::/64",
            "iso": null,
            "keep_disk": false,
            "labels": {
              "solution": "spm",
              "tenant": "demo"
            },
            "location": "hel1",
            "name": "spm-tenant-demo",
            "network": [],
            "placement_group_id": 0,
            "primary_disk_size": 80,
            "public_net": [],
            "rebuild_protection": false,
            "rescue": null,
            "server_type": "cpx21",
            "shutdown_before_deletion": false,
            "ssh_keys": [
              "103260307"
            ],
            "status": "running",
            "timeouts": null,
            "user_data": "EIwo4Ihtip1GVEKu5RDjuDVhbLE="
          },
          "sensitive_attributes": [],
          "private": "eyJlMmJmYjczMC1lY2FhLTExZTYtOGY4OC0zNDM2M2JjN2M0YzAiOnsiY3JlYXRlIjo1NDAwMDAwMDAwMDAwfX0=",
          "dependencies": [
            "module.tenant.data.hcloud_server_type.selected",
            "module.tenant.data.hcloud_server_types.all",
            "module.tenant.hcloud_ssh_key.ssh_key",
            "module.tenant.tls_private_key.ssh_key"
          ]
        }
      ]
    },
    {
      "module": "module.tenant",
      "mode": "managed",
      "type": "hcloud_ssh_key",
      "name": "ssh_key",
      "provider": "module.tenant.provider[\"registry.terraform.io/hetznercloud/hcloud\"]",
      "instances": [
        {
          "schema_version": 0,
          "attributes": {
            "fingerprint": "4d:8c:4b:03:8c:08:37:05:64:57:09:63:d7:c3:97:de",
            "id": "103260307",
            "labels": {
              "solution": "spm",
              "tenant": "demo"
            },
            "name": "demo-ssh-key",
            "public_key": "ssh-rsa AAAAB3NzaC1yc2EAAAADAQABAAACAQDCLnJczyBHlBCX/z8tBI4SZaKcvErMu9peWwr0VnSqVNr2D8AW9C85Ez7CBArQGY4sMQyVUvoZrFxzu8x58r1ibmKsPfQDJjbZsjStOjcLUinA3fGtNnaiYbZ/5laDe4vpRDQVw2De8HGEUiaE7WrpIAg9OWa60lnHnCl/f6qoj/P0k152gHnnPk/fZcfy8+A5pC+b0C05HqXO61fxvthACO5yi46V7tv1h4X0htZvFrqWounUo+MhYlxAD2MaILDwGMeQAGIlrPGNc6Js7pcGatqrmHkypenqZ6k4Dozud0HXCboFzD3Yeb7U2bushYcRO1cVFKtHm/8JdHB3UX4gwfqF3rdW1xZbLlqlnDC7674viFPk0Y8fsTa7MVX/qrk5RTsMR1uV5dB6XKi8ZaXMZJdTZsSkawot68asupD2GNNOjyEDrBq79XHOUCG/PFCl1Tg3/uZHOCHLq2Z719L0zGmwUzXfQEmiUusZmERZ7tjKHmgu8e+k32MGS6WfpX1Iji6itCsWWIFahOccW8hyknpax68LMGtV+F7Fx8nYlpVP39M5IXPWD1cL4n1ljxqJ3AgDJ00mmR6JU3uUlmIFOkBdMM+HrDjbEq9Ff+2n88rYJ523RQRQh0U/lCMcwVQT8ROdAwCaDovoAbjhoX6GIv4lhInkYZCSG3hv9fmZNw==\n"
          },
          "sensitive_attributes": [],
          "dependencies": [
            "module.tenant.tls_private_key.ssh_key"
          ]
        }
      ]
    },
    {
      "module": "module.tenant",
      "mode": "managed",
      "type": "hcloud_volume",
      "name": "tenant_volume",
      "provider": "module.tenant.provider[\"registry.terraform.io/hetznercloud/hcloud\"]",
      "instances": [
        {
          "schema_version": 0,
          "attributes": {
            "automount": true,
            "delete_protection": false,
            "format": "ext4",
            "id": "103766013",
            "labels": {
              "solution": "spm",
              "tenant": "demo"
            },
            "linux_device": "/dev/disk/by-id/scsi-0HC_Volume_103766013",
            "location": "hel1",
            "name": "spm-tenant-demo-volume",
            "server_id": 111047003,
            "size": 50
          },
          "sensitive_attributes": [],
          "private": "bnVsbA==",
          "dependencies": [
            "module.tenant.data.hcloud_server_type.selected",
            "module.tenant.data.hcloud_server_types.all",
            "module.tenant.hcloud_server.tenant_server",
            "module.tenant.hcloud_ssh_key.ssh_key",
            "module.tenant.tls_private_key.ssh_key"
          ]
        }
      ]
    },
    {
      "module": "module.tenant",
      "mode": "managed",
      "type": "local_file",
      "name": "configure_faraday_nginx_sh",
      "provider": "provider[\"registry.terraform.io/hashicorp/local\"]",
      "instances": [
        {
          "schema_version": 0,
          "attributes": {
            "content": "#!/usr/bin/env bash\n\necho \"Configuring Nginx for Faraday...\"\n\n# Request LetsEncrypt certificate for the domain\nsudo certbot certonly --nginx -d faraday.demo.spm.openshield.io --non-interactive --agree-tos -m certbot@cyberdef.cc --redirect \u003e /opt/faraday/certbot.log 2\u003e\u00261\n\n# Extract certificate and key paths\nCERT_PATH=$(grep -iE 'certificate is saved at:' /opt/faraday/certbot.log | awk '{print $5}')\nKEY_PATH=$(grep -iE 'key is saved at:' /opt/faraday/certbot.log | awk '{print $5}')\nif [ -z \"$CERT_PATH\" ] || [ -z \"$KEY_PATH\" ]; then\n    echo \"Failed to obtain SSL certificate. Check certbot log at /opt/faraday/certbot.log\"\n    exit 1\nfi\n\n# Generate Nginx configuration for Faraday\necho y | faraday-manage generate-nginx-config --fqdn faraday.demo.spm.openshield.io --port 5985 --ws-port 9000 --ssl-certificate $CERT_PATH --ssl-key $KEY_PATH | awk 'BEGIN{p=0} /^NGINX Config$/{getline; getline; p=1} p{print}' \u003e /opt/faraday/faraday.conf 2\u003e\u00261\n\n# Move the generated config to Nginx sites-available\nsudo mv /opt/faraday/faraday.conf /etc/nginx/sites-available/faraday.conf\nsudo ln -sf /etc/nginx/sites-available/faraday.conf /etc/nginx/sites-enabled/faraday.conf\n\n# Test Nginx configuration\nsudo nginx -t\nif [ $? -ne 0 ]; then\n    echo \"Nginx configuration test failed. Please check the configuration file.\"\n    exit 1\nfi\n\n# Wait until no jobs for systemd-sysctl remain\nwhile systemctl list-jobs | grep -q systemd-sysctl; do sleep 1; done\n\n# Reload Nginx to apply the new configuration\nsudo systemctl reload nginx",
            "content_base64": null,
            "content_base64sha256": "Mhepi1pl6Akf6fZ6ZfEINC/0nGgVEzMLlNI9iWQSElU=",
            "content_base64sha512": "8qaR5kT05Kc05obhJOicmBmiqw/yx6Q1IBrG8NP25mWFtMR4912U93F/tJIgLSPfCWDUp481Ow6LU2CZ4YwCIQ==",
            "content_md5": "da1835e3acfe943604d83a3ee7b6e819",
            "content_sha1": "57a1e5531e76efc19207ac4ae0221509c700c169",
            "content_sha256": "3217a98b5a65e8091fe9f67a65f108342ff49c681513330b94d23d8964121255",
            "content_sha512": "f2a691e644f4e4a734e686e124e89c9819a2ab0ff2c7a435201ac6f0d3f6e66585b4c478f75d94f7717fb492202d23df0960d4a78f353b0e8b536099e18c0221",
            "directory_permission": "0777",
            "file_permission": "0777",
            "filename": "modules/tenant/_rendered/configure-faraday-nginx.sh",
            "id": "57a1e5531e76efc19207ac4ae0221509c700c169",
            "sensitive_content": null,
            "source": null
          },
          "sensitive_attributes": []
        }
      ]
    },
    {
      "module": "module.tenant",
      "mode": "managed",
      "type": "local_file",
      "name": "install_faraday_sh",
      "provider": "provider[\"registry.terraform.io/hashicorp/local\"]",
      "instances": [
        {
          "schema_version": 0,
          "attributes": {
            "content": "# !/bin/bash\n\n# A helper script to install Faraday on an Ubuntu server.\n# OS: Ubuntu 20.04 or later\n# Usage: ./install-faraday.sh \u003cVERSION|latest\u003e\n# Example: ./install-faraday.sh latest\n#\n# Author: YordanOpenShield\n\necho \"Starting Faraday installation...\"\n\n# Set non-interactive frontend for apt\nexport DEBIAN_FRONTEND=noninteractive\n\n# Create necessary directories\nsudo mkdir -p /opt/faraday\ncd /opt/faraday\n\n# Get latest version tag\nVERSION=latest\nif [ -z \"$VERSION\" ] || [ \"$VERSION\" = \"latest\" ]; then\n  echo \"Fetching latest Faraday release from GitHub...\"\n  # prefer jq if available\n  if command -v jq \u003e/dev/null 2\u003e\u00261; then\n    VERSION=$(curl -s https://api.github.com/repos/infobyte/faraday/releases/latest | jq -r .tag_name)\n  else\n    VERSION=$(curl -s https://api.github.com/repos/infobyte/faraday/releases/latest | grep -oP '\"tag_name\":\\s*\"\\K(.*)(?=\")' || true)\n  fi\n\n  if [ -z \"$VERSION\" ]; then\n    echo \"Failed to determine latest Faraday version.\"\n    exit 1\n  fi\n  echo \"Latest version is $VERSION\"\nfi\n\n# Download Faraday\nsudo wget https://github.com/infobyte/faraday/releases/download/$VERSION/faraday-server_amd64.deb\n\n# Wait until no jobs for systemd-sysctl remain\nwhile systemctl list-jobs | grep -q systemd-sysctl; do sleep 1; done\n\n# Make sure dependencies are installed\nsudo apt-get install -y postgresql redis python3 python3-pip\n\n# Wait until no jobs for systemd-sysctl remain\nwhile systemctl list-jobs | grep -q systemd-sysctl; do sleep 1; done\n\n# Install Faraday\nsudo apt install -f /opt/faraday/faraday-server_amd64.deb -y\n\n# Add current user to faraday group\nsudo usermod -aG faraday $(whoami)\n\n# Initialize Faraday database\nfaraday-manage initdb\n\n# Change faraday's admin password\nfaraday-manage change-password --username faraday --password NYZ%k_UHrhBHpr@s\n\n# Wait until no jobs for systemd-sysctl remain\nwhile systemctl list-jobs | grep -q systemd-sysctl; do sleep 1; done\n\n# Reload systemd to recognize Faraday services\nsudo systemctl daemon-reload\n\n# Start and enable Faraday services\nsudo systemctl start faraday-server\nsudo systemctl enable faraday-server\n\nsudo systemctl start faraday-worker\nsudo systemctl enable faraday-worker\n\n# Make sure Faraday is running\nif systemctl is-active --quiet faraday-server; then\n    echo \"Faraday server is running.\"\nelse\n    echo \"Faraday server failed to start.\"\n    exit 1\nfi",
            "content_base64": null,
            "content_base64sha256": "t9MzlgYw4iTPEYS6G2XIIjMKvTeXRzVkW1yeeEjGcdQ=",
            "content_base64sha512": "lrQQ9ZK56EiK0iY5KDHcZbRJiwbm28CxW5aEYZKfT9bcGW2XVs8+IR9u3XCNrD50uZCnQy1jsGbi4Je+kh+UMA==",
            "content_md5": "acb32490e13cb6e57c17e932714d3859",
            "content_sha1": "8f597c69bd231f5fadff07a62072541bdff5cf81",
            "content_sha256": "b7d333960630e224cf1184ba1b65c822330abd37974735645b5c9e7848c671d4",
            "content_sha512": "96b410f592b9e8488ad226392831dc65b4498b06e6dbc0b15b968461929f4fd6dc196d9756cf3e211f6edd708dac3e74b990a7432d63b066e2e097be921f9430",
            "directory_permission": "0777",
            "file_permission": "0777",
            "filename": "modules/tenant/_rendered/install-faraday.sh",
            "id": "8f597c69bd231f5fadff07a62072541bdff5cf81",
            "sensitive_content": null,
            "source": null
          },
          "sensitive_attributes": [
            [
              {
                "type": "get_attr",
                "value": "content"
              }
            ]
          ],
          "dependencies": [
            "module.tenant.random_password.faraday_password"
          ]
        }
      ]
    },
    {
      "module": "module.tenant",
      "mode": "managed",
      "type": "local_file",
      "name": "install_nginx_sh",
      "provider": "provider[\"registry.terraform.io/hashicorp/local\"]",
      "instances": [
        {
          "schema_version": 0,
          "attributes": {
            "content": "# !/bin/bash\n\necho \"Starting Nginx installation...\"\n\n# Wait until no jobs for systemd-sysctl remain\nwhile systemctl list-jobs | grep -q systemd-sysctl; do sleep 1; done\n\n# Install Nginx\nsudo apt install -y nginx\nsudo systemctl start nginx\nsudo systemctl enable nginx\n\n# Wait until no jobs for systemd-sysctl remain\nwhile systemctl list-jobs | grep -q systemd-sysctl; do sleep 1; done\n\n# Install certbot\nsudo apt install -y certbot python3-certbot-nginx\n\n# Adjust firewall to allow HTTP and HTTPS traffic\nsudo ufw allow http\nsudo ufw allow https",
            "content_base64": null,
            "content_base64sha256": "o4919IRfA5pOJeO7QoJD7ZxvTpydXFrk0+oPt/Lmwho=",
            "content_base64sha512": "rCkMXeyJ5UkcPvYhmyJPdJkexRED4JFQ4QNVYDaSR+BMGLsfYSIOZSAFCIPFUh19FirQUAxUhQd9LKItW0GQsA==",
            "content_md5": "e0c94e4b2e8b33c6f7489a8a6582c76f",
            "content_sha1": "5682968225ad55134c8c4bd36eda4b6e67362f53",
            "content_sha256": "a38f75f4845f039a4e25e3bb428243ed9c6f4e9c9d5c5ae4d3ea0fb7f2e6c21a",
            "content_sha512": "ac290c5dec89e5491c3ef6219b224f74991ec51103e09150e1035560369247e04c18bb1f61220e6520050883c5521d7d162ad0500c5485077d2ca22d5b4190b0",
            "directory_permission": "0777",
            "file_permission": "0777",
            "filename": "modules/tenant/_rendered/install-nginx.sh",
            "id": "5682968225ad55134c8c4bd36eda4b6e67362f53",
            "sensitive_content": null,
            "source": null
          },
          "sensitive_attributes": []
        }
      ]
    },
    {
      "module": "module.tenant",
      "mode": "managed",
      "type": "null_resource",
      "name": "provision_faraday_scripts",
      "provider": "provider[\"registry.terraform.io/hashicorp/null\"]",
      "instances": [
        {
          "schema_version": 0,
          "attributes": {
            "id": "3724300213376353263",
            "triggers": {
              "always_run": "2025-10-18T12:22:11Z"
            }
          },
          "sensitive_attributes": [],
          "dependencies": [
            "module.tenant.cloudflare_dns_record.faraday",
            "module.tenant.data.cloudflare_zone.openshield",
            "module.tenant.data.hcloud_server_type.selected",
            "module.tenant.data.hcloud_server_types.all",
            "module.tenant.hcloud_server.tenant_server",
            "module.tenant.hcloud_ssh_key.ssh_key",
            "module.tenant.local_file.configure_faraday_nginx_sh",
            "module.tenant.local_file.install_faraday_sh",
            "module.tenant.local_file.install_nginx_sh",
            "module.tenant.random_password.faraday_password",
            "module.tenant.tls_private_key.ssh_key"
          ]
        }
      ]
    },
    {
      "module": "module.tenant",
      "mode": "managed",
      "type": "random_password",
      "name": "faraday_password",
      "provider": "provider[\"registry.terraform.io/hashicorp/random\"]",
      "instances": [
        {
          "schema_version": 3,
          "attributes": {
            "bcrypt_hash": "$2a$10$dRPculh6W1VAP6AfkNZRB.vimMxBEBOc1jslo2/c8ls/pYZerpb6y",
            "id": "none",
            "keepers": null,
            "length": 16,
            "lower": true,
            "min_lower": 0,
            "min_numeric": 0,
            "min_special": 0,
            "min_upper": 0,
            "number": true,
            "numeric": true,
            "override_special": "_%@",
            "result": "NYZ%k_UHrhBHpr@s",
            "special": true,
            "upper": true
          },
          "sensitive_attributes": []
        }
      ]
    },
    {
      "module": "module.tenant",
      "mode": "managed",
      "type": "tls_private_key",
      "name": "ssh_key",
      "provider": "provider[\"registry.terraform.io/hashicorp/tls\"]",
      "instances": [
        {
          "schema_version": 1,
          "attributes": {
            "algorithm": "RSA",
            "ecdsa_curve": "P224",
            "id": "b49f532da562e41e5eabb29a8882cc203afd4d24",
            "private_key_openssh": "-----BEGIN OPENSSH PRIVATE KEY-----\nb3BlbnNzaC1rZXktdjEAAAAABG5vbmUAAAAEbm9uZQAAAAAAAAABAAACFwAAAAdz\nc2gtcnNhAAAAAwEAAQAAAgEAwi5yXM8gR5QQl/8/LQSOEmWinLxKzLvaXlsK9FZ0\nqlTa9g/AFvQvORM+wgQK0BmOLDEMlVL6Gaxcc7vMefK9Ym5irD30AyY22bI0rTo3\nC1IpwN3xrTZ2omG2f+ZWg3uL6UQ0FcNg3vBxhFImhO1q6SAIPTlmutJZx5wpf3+q\nqI/z9JNedoB55z5P32XH8vPgOaQvm9AtOR6lzutX8b7YQAjucouOle7b9YeF9IbW\nbxa6lqLp1KPjIWJcQA9jGiCw8BjHkABiJazxjXOibO6XBmraq5h5MqXp6mepOA6M\n7ndB1wm6Bcw92Hm+1Nm7rIWHETtXFRSrR5v/CXRwd1F+IMH6hd63VtcWWy5apZww\nu+u+L4hT5NGPH7E2uzFV/6q5OUU7DEdbleXQelyovGWlzGSXU2bEpGsKLevGrLqQ\n9hjTTo8hA6wau/VxzlAhvzxQpdU4N/7mRzghy6tme9fS9MxpsFM130BJolLrGZhE\nWe7Yyh5oLvHvpN9jBkuln6V9SI4uorQrFliBWoTnHFvIcpJ6WsevCzBrVfhexcfJ\n2JaVT9/TOSFz1g9XC+J9ZY8aidwIAydNJpkeiVN7lJZiBTpAXTDPh6w42xKvRX/t\np/PK2Cedt0UEUIdFP5QjHMFUE/ETnQMAmg6L6AG44aF+hiL+JYSJ5GGQkht4b/X5\nmTcAAAc4J34AqCd+AKgAAAAHc3NoLXJzYQAAAgEAwi5yXM8gR5QQl/8/LQSOEmWi\nnLxKzLvaXlsK9FZ0qlTa9g/AFvQvORM+wgQK0BmOLDEMlVL6Gaxcc7vMefK9Ym5i\nrD30AyY22bI0rTo3C1IpwN3xrTZ2omG2f+ZWg3uL6UQ0FcNg3vBxhFImhO1q6SAI\nPTlmutJZx5wpf3+qqI/z9JNedoB55z5P32XH8vPgOaQvm9AtOR6lzutX8b7YQAju\ncouOle7b9YeF9IbWbxa6lqLp1KPjIWJcQA9jGiCw8BjHkABiJazxjXOibO6XBmra\nq5h5MqXp6mepOA6M7ndB1wm6Bcw92Hm+1Nm7rIWHETtXFRSrR5v/CXRwd1F+IMH6\nhd63VtcWWy5apZwwu+u+L4hT5NGPH7E2uzFV/6q5OUU7DEdbleXQelyovGWlzGSX\nU2bEpGsKLevGrLqQ9hjTTo8hA6wau/VxzlAhvzxQpdU4N/7mRzghy6tme9fS9Mxp\nsFM130BJolLrGZhEWe7Yyh5oLvHvpN9jBkuln6V9SI4uorQrFliBWoTnHFvIcpJ6\nWsevCzBrVfhexcfJ2JaVT9/TOSFz1g9XC+J9ZY8aidwIAydNJpkeiVN7lJZiBTpA\nXTDPh6w42xKvRX/tp/PK2Cedt0UEUIdFP5QjHMFUE/ETnQMAmg6L6AG44aF+hiL+\nJYSJ5GGQkht4b/X5mTcAAAADAQABAAACADfXoZ3dFvxesVL03Zc1qyHRRq1qXNx5\n3XerGQBhaJWfZ4TBzM0NFhOE3FRxUya7Yq6EwIik3zXI4qGJzWj4jMwk0I2WF3lc\nYQPEAvAaQMAptcY4TYsxkXZrQU+QzypqujawHYZwtIgIf6y870Tk/gzi4FuzCT8K\nxTTpTOnUriBhnZelVdIgam489j1ZiOHujnolJGfbu1Wk4awa9CSabJgluWUJi0zE\n706x1a0Xpc02rRwq57H2G5h7L+pgQnC+HARALAvWgGMzVBgIvBo1lwsKaa5VX+1X\n12hIvVpYnODrPOz5aBzIurRpdp7Bqv4XPFuRRB7U3djvHK38ZWd68Rk7vTUf6mXs\nM127RaFFIXWpODnYxoRmnp3VUGn2vImmtZBQkns0Q2Fpz1xkJZDq4V8qGF8aK+XS\n1VqdERHUXSmlYEr+RDWKn4s5UhRuq41twEF1WlHY2xz5L2KRmVRD24g3ITZhMhEB\nI8hoE/f2VgqQ6IIhCaQhRrtfj0KFkdkFuwu4FftfLd+kAhPGSzqpmYaHyYiu8Uqd\ntjgOD1ryhf55BM3Qt5hlUreyqgbLHuUEo/bUvGsmusaUAU9l1TpXEpnb+BYZOyYe\nvdzHvAfBecLCXvcDgqh8U9tGsGaWfPRagyw9SJwD28YqWmCsFJ6WHujbtN5B+m4M\nBix+wOQRWnkRAAABAHjOlSUTV3zOyUNMluJu31VTizNuMFE6mpooTaLSBL8NPR1x\n/1915ZQlUv/Mw9hL5AppASy+IuSQcrD4rhigvCba5pykgMCnTbXNMNMCfxQPO7w8\n3uJeeqVN1wktyGChRU7ujQRj/SZNF0UOYwCMEr+YaeYSiup7pTXzF40nG7HxKbos\nZAHEwIvCtil205jlnHzZKVqNBUHZF9iDYrsweqKi6WwSLtDd8mDfM9zJdPZy5G2W\nPzNLs6WtLLmXn9VX1kPDMkpJYmxy9h76vXWAfeqV61doMSSfdQETB/LNw772zylO\nnvAOEws0kScEtjeszIZwKG7LezA4sIDYmD9nz2MAAAEBAMqqWFp6Lmpup4vZhaUA\nRMjrOAIkCX0kCIjZVDlvcReSh6COdqTxEeXnTAn5PuJeKKgEZKLZyXlFVayYsCTa\nXVg2Dn11jdDox3tQN23/NEp0Rbw0kO/TG8k/gvDOy0pjqyZT/iwxcTR6qkz3mYIK\nKOV3EY9jh42Ah8gMSsgfYnoVicaFiJfPABgJddISqXEheVtAGiG4kGAiEM5hoEgX\nmmsvxwa1FHAj+NKuBucRADjouSzFbmelWuCEN4APDRuMi+a1RwDY5E9kbS7lJmOV\ngc5FVCoLbnubjFWzczUvblPdOZV58q79zSpEvWFoSSI9SpfFgq/pEP9sozdoVb79\n078AAAEBAPVIiEpeMbGLYcZKdZG9t+59deogTT/CHGpOqSuQU42URKaiBRm8P9Lb\n4WGyBA+B6QtuEMiTjpWGICnU1C7SWMTTah1Vuggq4VqdR7YH6ym+8CNJPGOB+4x9\neVRMxG+AGj+bugZpccPco7qIbKwoOPTNaC4lmqcMGQ2T2uuNUj4bs32YnpkJCuJo\n0bDYwVxy1wXdpoBPlzPB2aZ42OtNVZYn3qUvIluBl22r8nrgpsJQ5oDJ/fz75d8Z\nRmoGQo4mWTHUtLl9FBqBAjH2b7gmDS3aCasnYrsIoX69QqdbF2QjnoueUf2782Xh\nVXz3vWRobwBu5qAwMdH69af+TCSOuIkAAAAAAQID\n-----END OPENSSH PRIVATE KEY-----\n",
            "private_key_pem": "-----BEGIN RSA PRIVATE KEY-----\nMIIJJwIBAAKCAgEAwi5yXM8gR5QQl/8/LQSOEmWinLxKzLvaXlsK9FZ0qlTa9g/A\nFvQvORM+wgQK0BmOLDEMlVL6Gaxcc7vMefK9Ym5irD30AyY22bI0rTo3C1IpwN3x\nrTZ2omG2f+ZWg3uL6UQ0FcNg3vBxhFImhO1q6SAIPTlmutJZx5wpf3+qqI/z9JNe\ndoB55z5P32XH8vPgOaQvm9AtOR6lzutX8b7YQAjucouOle7b9YeF9IbWbxa6lqLp\n1KPjIWJcQA9jGiCw8BjHkABiJazxjXOibO6XBmraq5h5MqXp6mepOA6M7ndB1wm6\nBcw92Hm+1Nm7rIWHETtXFRSrR5v/CXRwd1F+IMH6hd63VtcWWy5apZwwu+u+L4hT\n5NGPH7E2uzFV/6q5OUU7DEdbleXQelyovGWlzGSXU2bEpGsKLevGrLqQ9hjTTo8h\nA6wau/VxzlAhvzxQpdU4N/7mRzghy6tme9fS9MxpsFM130BJolLrGZhEWe7Yyh5o\nLvHvpN9jBkuln6V9SI4uorQrFliBWoTnHFvIcpJ6WsevCzBrVfhexcfJ2JaVT9/T\nOSFz1g9XC+J9ZY8aidwIAydNJpkeiVN7lJZiBTpAXTDPh6w42xKvRX/tp/PK2Ced\nt0UEUIdFP5QjHMFUE/ETnQMAmg6L6AG44aF+hiL+JYSJ5GGQkht4b/X5mTcCAwEA\nAQKCAgA316Gd3Rb8XrFS9N2XNash0Uatalzced13qxkAYWiVn2eEwczNDRYThNxU\ncVMmu2KuhMCIpN81yOKhic1o+IzMJNCNlhd5XGEDxALwGkDAKbXGOE2LMZF2a0FP\nkM8qaro2sB2GcLSICH+svO9E5P4M4uBbswk/CsU06Uzp1K4gYZ2XpVXSIGpuPPY9\nWYjh7o56JSRn27tVpOGsGvQkmmyYJbllCYtMxO9OsdWtF6XNNq0cKuex9huYey/q\nYEJwvhwEQCwL1oBjM1QYCLwaNZcLCmmuVV/tV9doSL1aWJzg6zzs+WgcyLq0aXae\nwar+FzxbkUQe1N3Y7xyt/GVnevEZO701H+pl7DNdu0WhRSF1qTg52MaEZp6d1VBp\n9ryJprWQUJJ7NENhac9cZCWQ6uFfKhhfGivl0tVanRER1F0ppWBK/kQ1ip+LOVIU\nbquNbcBBdVpR2Nsc+S9ikZlUQ9uINyE2YTIRASPIaBP39lYKkOiCIQmkIUa7X49C\nhZHZBbsLuBX7Xy3fpAITxks6qZmGh8mIrvFKnbY4Dg9a8oX+eQTN0LeYZVK3sqoG\nyx7lBKP21LxrJrrGlAFPZdU6VxKZ2/gWGTsmHr3cx7wHwXnCwl73A4KofFPbRrBm\nlnz0WoMsPUicA9vGKlpgrBSelh7o27TeQfpuDAYsfsDkEVp5EQKCAQEAyqpYWnou\nam6ni9mFpQBEyOs4AiQJfSQIiNlUOW9xF5KHoI52pPER5edMCfk+4l4oqARkotnJ\neUVVrJiwJNpdWDYOfXWN0OjHe1A3bf80SnRFvDSQ79MbyT+C8M7LSmOrJlP+LDFx\nNHqqTPeZggoo5XcRj2OHjYCHyAxKyB9iehWJxoWIl88AGAl10hKpcSF5W0AaIbiQ\nYCIQzmGgSBeaay/HBrUUcCP40q4G5xEAOOi5LMVuZ6Va4IQ3gA8NG4yL5rVHANjk\nT2RtLuUmY5WBzkVUKgtue5uMVbNzNS9uU905lXnyrv3NKkS9YWhJIj1Kl8WCr+kQ\n/2yjN2hVvv3TvwKCAQEA9UiISl4xsYthxkp1kb237n116iBNP8Icak6pK5BTjZRE\npqIFGbw/0tvhYbIED4HpC24QyJOOlYYgKdTULtJYxNNqHVW6CCrhWp1HtgfrKb7w\nI0k8Y4H7jH15VEzEb4AaP5u6Bmlxw9yjuohsrCg49M1oLiWapwwZDZPa641SPhuz\nfZiemQkK4mjRsNjBXHLXBd2mgE+XM8HZpnjY601VlifepS8iW4GXbavyeuCmwlDm\ngMn9/Pvl3xlGagZCjiZZMdS0uX0UGoECMfZvuCYNLdoJqydiuwihfr1Cp1sXZCOe\ni55R/bvzZeFVfPe9ZGhvAG7moDAx0fr1p/5MJI64iQKCAQBBiwPWBwu52h2PigLB\n0Sttuzy63ILBGQU1lOu7Q4JUuEvqrghK4bgDHWGnHBetR/xoEjuluz+AW98QWbUl\nxgVIQPtAseLyfEX/aHr0tQNpTN88tddl6GVlGYg0bvyqCz/PvnxGOJs++KjZCX54\n4uZFB9QDBpJRPg8rsGYDALttdke/j3IUfpquK2kSTnzEHKpNy5Zn73Op03qR9FrM\n1e1X2vTIA4ofllKjeCq9Ue87eHBivVsuY/jXAYude8CmdzbLnzbeXEbCMl1pPCzF\nKhX36s4EZvwNN8oT8VxCCBvrPXGhGPZWh7hxghepR/vW+fGE0hio4XxgzvaeNbz9\nbsOrAoIBAHkd1LasJmueAKyyTbWmcbFg4B24z4xBJFjV+LDbNna9lNyXOl+H1hgf\nnP3pshmaM2ICemUgf5KTxUQCpLduBIlEP6y2jQLFcbuV2DgpVtSpRNiXrCsSnwyz\nVHrs4T6RieSI1+WcoaFuTKaqAMdNoTo4R04qIWCFF8XdkYcopEio0wuclgvJLEe6\nLHjfvzMQPd7WoQXQxz+2Y+vQ1oPyDuXzT/xO9u8qYYS1GCnWzmE7I2bK1xDZrZtp\nVpy59JlOlFKHzqmc+pVPyK61Glta5r0SYh3Sd+0VCPGVMNmEoFtBP2N/zMq2ySww\nhU8M4cc3zj/vgw/sXF1sR2sppZ2Tn8kCggEAeM6VJRNXfM7JQ0yW4m7fVVOLM24w\nUTqamihNotIEvw09HXH/X3XllCVS/8zD2EvkCmkBLL4i5JBysPiuGKC8JtrmnKSA\nwKdNtc0w0wJ/FA87vDze4l56pU3XCS3IYKFFTu6NBGP9Jk0XRQ5jAIwSv5hp5hKK\n6nulNfMXjScbsfEpuixkAcTAi8K2KXbTmOWcfNkpWo0FQdkX2INiuzB6oqLpbBIu\n0N3yYN8z3Ml09nLkbZY/M0uzpa0suZef1VfWQ8MySklibHL2Hvq9dYB96pXrV2gx\nJJ91ARMH8s3DvvbPKU6e8A4TCzSRJwS2N6zMhnAobst7MDiwgNiYP2fPYw==\n-----END RSA PRIVATE KEY-----\n",
            "private_key_pem_pkcs8": "-----BEGIN PRIVATE KEY-----\nMIIJQQIBADANBgkqhkiG9w0BAQEFAASCCSswggknAgEAAoICAQDCLnJczyBHlBCX\n/z8tBI4SZaKcvErMu9peWwr0VnSqVNr2D8AW9C85Ez7CBArQGY4sMQyVUvoZrFxz\nu8x58r1ibmKsPfQDJjbZsjStOjcLUinA3fGtNnaiYbZ/5laDe4vpRDQVw2De8HGE\nUiaE7WrpIAg9OWa60lnHnCl/f6qoj/P0k152gHnnPk/fZcfy8+A5pC+b0C05HqXO\n61fxvthACO5yi46V7tv1h4X0htZvFrqWounUo+MhYlxAD2MaILDwGMeQAGIlrPGN\nc6Js7pcGatqrmHkypenqZ6k4Dozud0HXCboFzD3Yeb7U2bushYcRO1cVFKtHm/8J\ndHB3UX4gwfqF3rdW1xZbLlqlnDC7674viFPk0Y8fsTa7MVX/qrk5RTsMR1uV5dB6\nXKi8ZaXMZJdTZsSkawot68asupD2GNNOjyEDrBq79XHOUCG/PFCl1Tg3/uZHOCHL\nq2Z719L0zGmwUzXfQEmiUusZmERZ7tjKHmgu8e+k32MGS6WfpX1Iji6itCsWWIFa\nhOccW8hyknpax68LMGtV+F7Fx8nYlpVP39M5IXPWD1cL4n1ljxqJ3AgDJ00mmR6J\nU3uUlmIFOkBdMM+HrDjbEq9Ff+2n88rYJ523RQRQh0U/lCMcwVQT8ROdAwCaDovo\nAbjhoX6GIv4lhInkYZCSG3hv9fmZNwIDAQABAoICADfXoZ3dFvxesVL03Zc1qyHR\nRq1qXNx53XerGQBhaJWfZ4TBzM0NFhOE3FRxUya7Yq6EwIik3zXI4qGJzWj4jMwk\n0I2WF3lcYQPEAvAaQMAptcY4TYsxkXZrQU+QzypqujawHYZwtIgIf6y870Tk/gzi\n4FuzCT8KxTTpTOnUriBhnZelVdIgam489j1ZiOHujnolJGfbu1Wk4awa9CSabJgl\nuWUJi0zE706x1a0Xpc02rRwq57H2G5h7L+pgQnC+HARALAvWgGMzVBgIvBo1lwsK\naa5VX+1X12hIvVpYnODrPOz5aBzIurRpdp7Bqv4XPFuRRB7U3djvHK38ZWd68Rk7\nvTUf6mXsM127RaFFIXWpODnYxoRmnp3VUGn2vImmtZBQkns0Q2Fpz1xkJZDq4V8q\nGF8aK+XS1VqdERHUXSmlYEr+RDWKn4s5UhRuq41twEF1WlHY2xz5L2KRmVRD24g3\nITZhMhEBI8hoE/f2VgqQ6IIhCaQhRrtfj0KFkdkFuwu4FftfLd+kAhPGSzqpmYaH\nyYiu8UqdtjgOD1ryhf55BM3Qt5hlUreyqgbLHuUEo/bUvGsmusaUAU9l1TpXEpnb\n+BYZOyYevdzHvAfBecLCXvcDgqh8U9tGsGaWfPRagyw9SJwD28YqWmCsFJ6WHujb\ntN5B+m4MBix+wOQRWnkRAoIBAQDKqlhaei5qbqeL2YWlAETI6zgCJAl9JAiI2VQ5\nb3EXkoegjnak8RHl50wJ+T7iXiioBGSi2cl5RVWsmLAk2l1YNg59dY3Q6Md7UDdt\n/zRKdEW8NJDv0xvJP4LwzstKY6smU/4sMXE0eqpM95mCCijldxGPY4eNgIfIDErI\nH2J6FYnGhYiXzwAYCXXSEqlxIXlbQBohuJBgIhDOYaBIF5prL8cGtRRwI/jSrgbn\nEQA46LksxW5npVrghDeADw0bjIvmtUcA2ORPZG0u5SZjlYHORVQqC257m4xVs3M1\nL25T3TmVefKu/c0qRL1haEkiPUqXxYKv6RD/bKM3aFW+/dO/AoIBAQD1SIhKXjGx\ni2HGSnWRvbfufXXqIE0/whxqTqkrkFONlESmogUZvD/S2+FhsgQPgekLbhDIk46V\nhiAp1NQu0ljE02odVboIKuFanUe2B+spvvAjSTxjgfuMfXlUTMRvgBo/m7oGaXHD\n3KO6iGysKDj0zWguJZqnDBkNk9rrjVI+G7N9mJ6ZCQriaNGw2MFcctcF3aaAT5cz\nwdmmeNjrTVWWJ96lLyJbgZdtq/J64KbCUOaAyf38++XfGUZqBkKOJlkx1LS5fRQa\ngQIx9m+4Jg0t2gmrJ2K7CKF+vUKnWxdkI56LnlH9u/Nl4VV8971kaG8AbuagMDHR\n+vWn/kwkjriJAoIBAEGLA9YHC7naHY+KAsHRK227PLrcgsEZBTWU67tDglS4S+qu\nCErhuAMdYaccF61H/GgSO6W7P4Bb3xBZtSXGBUhA+0Cx4vJ8Rf9oevS1A2lM3zy1\n12XoZWUZiDRu/KoLP8++fEY4mz74qNkJfnji5kUH1AMGklE+DyuwZgMAu212R7+P\nchR+mq4raRJOfMQcqk3Llmfvc6nTepH0WszV7Vfa9MgDih+WUqN4Kr1R7zt4cGK9\nWy5j+NcBi517wKZ3NsufNt5cRsIyXWk8LMUqFffqzgRm/A03yhPxXEIIG+s9caEY\n9laHuHGCF6lH+9b58YTSGKjhfGDO9p41vP1uw6sCggEAeR3Utqwma54ArLJNtaZx\nsWDgHbjPjEEkWNX4sNs2dr2U3Jc6X4fWGB+c/emyGZozYgJ6ZSB/kpPFRAKkt24E\niUQ/rLaNAsVxu5XYOClW1KlE2JesKxKfDLNUeuzhPpGJ5IjX5ZyhoW5MpqoAx02h\nOjhHTiohYIUXxd2RhyikSKjTC5yWC8ksR7oseN+/MxA93tahBdDHP7Zj69DWg/IO\n5fNP/E727yphhLUYKdbOYTsjZsrXENmtm2lWnLn0mU6UUofOqZz6lU/IrrUaW1rm\nvRJiHdJ37RUI8ZUw2YSgW0E/Y3/MyrbJLDCFTwzhxzfOP++DD+xcXWxHaymlnZOf\nyQKCAQB4zpUlE1d8zslDTJbibt9VU4szbjBROpqaKE2i0gS/DT0dcf9fdeWUJVL/\nzMPYS+QKaQEsviLkkHKw+K4YoLwm2uacpIDAp021zTDTAn8UDzu8PN7iXnqlTdcJ\nLchgoUVO7o0EY/0mTRdFDmMAjBK/mGnmEorqe6U18xeNJxux8Sm6LGQBxMCLwrYp\ndtOY5Zx82SlajQVB2RfYg2K7MHqioulsEi7Q3fJg3zPcyXT2cuRtlj8zS7OlrSy5\nl5/VV9ZDwzJKSWJscvYe+r11gH3qletXaDEkn3UBEwfyzcO+9s8pTp7wDhMLNJEn\nBLY3rMyGcChuy3swOLCA2Jg/Z89j\n-----END PRIVATE KEY-----\n",
            "public_key_fingerprint_md5": "4d:8c:4b:03:8c:08:37:05:64:57:09:63:d7:c3:97:de",
            "public_key_fingerprint_sha256": "SHA256:XCd9mH6fbXRrrNb3S7JsWbkEi1EUO71mQcCfNKEnUSY",
            "public_key_openssh": "ssh-rsa AAAAB3NzaC1yc2EAAAADAQABAAACAQDCLnJczyBHlBCX/z8tBI4SZaKcvErMu9peWwr0VnSqVNr2D8AW9C85Ez7CBArQGY4sMQyVUvoZrFxzu8x58r1ibmKsPfQDJjbZsjStOjcLUinA3fGtNnaiYbZ/5laDe4vpRDQVw2De8HGEUiaE7WrpIAg9OWa60lnHnCl/f6qoj/P0k152gHnnPk/fZcfy8+A5pC+b0C05HqXO61fxvthACO5yi46V7tv1h4X0htZvFrqWounUo+MhYlxAD2MaILDwGMeQAGIlrPGNc6Js7pcGatqrmHkypenqZ6k4Dozud0HXCboFzD3Yeb7U2bushYcRO1cVFKtHm/8JdHB3UX4gwfqF3rdW1xZbLlqlnDC7674viFPk0Y8fsTa7MVX/qrk5RTsMR1uV5dB6XKi8ZaXMZJdTZsSkawot68asupD2GNNOjyEDrBq79XHOUCG/PFCl1Tg3/uZHOCHLq2Z719L0zGmwUzXfQEmiUusZmERZ7tjKHmgu8e+k32MGS6WfpX1Iji6itCsWWIFahOccW8hyknpax68LMGtV+F7Fx8nYlpVP39M5IXPWD1cL4n1ljxqJ3AgDJ00mmR6JU3uUlmIFOkBdMM+HrDjbEq9Ff+2n88rYJ523RQRQh0U/lCMcwVQT8ROdAwCaDovoAbjhoX6GIv4lhInkYZCSG3hv9fmZNw==\n",
            "public_key_pem": "-----BEGIN PUBLIC KEY-----\nMIICIjANBgkqhkiG9w0BAQEFAAOCAg8AMIICCgKCAgEAwi5yXM8gR5QQl/8/LQSO\nEmWinLxKzLvaXlsK9FZ0qlTa9g/AFvQvORM+wgQK0BmOLDEMlVL6Gaxcc7vMefK9\nYm5irD30AyY22bI0rTo3C1IpwN3xrTZ2omG2f+ZWg3uL6UQ0FcNg3vBxhFImhO1q\n6SAIPTlmutJZx5wpf3+qqI/z9JNedoB55z5P32XH8vPgOaQvm9AtOR6lzutX8b7Y\nQAjucouOle7b9YeF9IbWbxa6lqLp1KPjIWJcQA9jGiCw8BjHkABiJazxjXOibO6X\nBmraq5h5MqXp6mepOA6M7ndB1wm6Bcw92Hm+1Nm7rIWHETtXFRSrR5v/CXRwd1F+\nIMH6hd63VtcWWy5apZwwu+u+L4hT5NGPH7E2uzFV/6q5OUU7DEdbleXQelyovGWl\nzGSXU2bEpGsKLevGrLqQ9hjTTo8hA6wau/VxzlAhvzxQpdU4N/7mRzghy6tme9fS\n9MxpsFM130BJolLrGZhEWe7Yyh5oLvHvpN9jBkuln6V9SI4uorQrFliBWoTnHFvI\ncpJ6WsevCzBrVfhexcfJ2JaVT9/TOSFz1g9XC+J9ZY8aidwIAydNJpkeiVN7lJZi\nBTpAXTDPh6w42xKvRX/tp/PK2Cedt0UEUIdFP5QjHMFUE/ETnQMAmg6L6AG44aF+\nhiL+JYSJ5GGQkht4b/X5mTcCAwEAAQ==\n-----END PUBLIC KEY-----\n",
            "rsa_bits": 4096
          },
          "sensitive_attributes": []
        }
      ]
    }
  ],
  "check_results": null
}
