{
  "version": 4,
  "terraform_version": "1.5.0",
  "serial": 107,
  "lineage": "2bdfdec5-8c30-28c5-2bba-a5d893c95ad2",
  "outputs": {
    "tenant_host": {
      "value": "157.180.88.232",
      "type": "string"
    },
    "tenant_name": {
      "value": "demo",
      "type": "string"
    },
    "tenant_ssh_private_key": {
      "value": "-----BEGIN RSA PRIVATE KEY-----\nMIIJJwIBAAKCAgEAv68JywDnO41mLUD3Pe+mOZau+35JF2kbnZpX1iwWVRpPEhVT\n/LZ0Skh1LA+vuONLxh/C2BYxmyzV1QbWEbEqdWynn8+PC/KQTKMsMdkH13roKZP0\nwLq0t2rS243EdAjuGMeqzvGB5qFmFM+RtY/OUYoqDN0p8IU5lS5Gnp794U8UhlAN\n1mZS9CuBgedIMtzTV9FosCTuRk/UgROOTJm8Bc9LOIBC9gPVa29JcJ9YkkEkfmuV\nsGeWS5FXz0vNY9JUrYrseOWvszMnx3ogeqNR/PKs/zgwUgIPRycMq8HU6VvtLQtI\ngOkpJSa6dZH6zpdoGY+/KHX4k+GqW/I5bL9jJBqxyyxdDrgkTtBeHI9jYtR/UN9Y\nGiBdIWkuKOo9d357/cSl2U/HDyochdDUt/GZ/g1TmoNx+zdJ7FXfa1DQMRYhY5lG\nSciUm3gGGucn7vkc0SHxN7qj/iMUdBs6XyodXpcm7Q6N0qTuqrnwzx1O2Wx7/REB\ng5HTqHcdmE17qD4Ud2XayZ23AZCxrxVMlrpiXWR+q3WZQNQ7A1VDB04ld9qfX34q\nunRNVAvLe+BbXHwflU+sCx8U1Hgd8Qr4eF2s4aa587Lg+xRqoD4lzttaW9eiFHYp\n6Wp7xQzEOLzmMJB62vA/0KCPUzPZAbedqxxluiXadT+1NYKx8eUXpBmQplUCAwEA\nAQKCAgAAvgiXearR+mubFA8hDt/uhY/d6qpImSA02j321verLE2CfQSoDBWjmzSg\n9adkW7T8BAl47sHe0pI6OSsndfxh6G7QJp/S/jh8cEruhbALFi9dLqgaMV7ol7uD\nUCdvnGbXph/nBBAEHzt9XyRp6jAOKGI4Gu8oceU8MUN8WV9GueV5c68dPAsCmQ+7\n7tpchnbNdnXyU+JJJJ8zdMQhtc+Ay9tQ6uY94tvqIGWanKaQjzufjBxQF5NnoLaq\niqYCYFq/Mhq774YtRBU/9FAffKk60oteKnVXC/aYYiVUncAmVM3OIkBz1CaHPbQn\njZr42KTb9hUmbsNTFBYMNYIiORRRzY1v7EQJ4NJ5DRlV8dHLAoiF1gYAD9vU2FcK\nInBaaZS5OQoYhdH1rnRSW01ivaFIynfpcD64N2VcNrnns4R7J5C/4cZWbNNcLL+X\nISBjLupn0/SJI9l4kxiGjvALJ8YTjXa1QEazxOizA/iqMOXVXY5L8MWaSG27q5hC\n5tI4yBR6NfmuMoxNnN+qkq5qOX8cIGOQ2q87LW1C8qBHENr0G4nl+EiGBUP5VaWI\nOw7EMGXq1dGI//ObqfQXSuZ58hyEcSzbaNM6zhTy24qlVxkmmbyq/KsUZQuLkMQ1\nVcb3525QVEFPoW1oyofOgFnuyNN1dvNenPO77FSp8ByVtg2n7QKCAQEA8TRbf6NI\nfE9s1/3YkW/9jjGl46kSYTPaRu0MLklW2giK2Al/a6l6zba1SBsV6VeNhCW5qoVF\njxxRIX1i0FxiXb7D8hMTQ8+mOrCHMW2SU5/OtfIz9zB4gdd7pU5q8LGKLVdc2dQd\nxt6MfkIXwa3ozuF9ylhweQLAFw68RjWnHL8KnzXtLfSCY7bceArbXLoFuUzNAvNw\n4IyPsqU/gesSbtm2W7wDrEidK1vKyzjUmXLkURT1y8QBhloNqcutvipXKpvLEYFo\nwfwFukEGydiWzjT9ZrhOHKxiofcJ0xw1iXetsNA9belOnUu33oO3846sGMM9XuxW\neTl+TdUNOM1O6wKCAQEAy3EN7oeZYzgPyswmLjpgTj0oHLs/+I+nY7t9SRQmwsaP\nNE7sbzqG1KC1reb6x3pMeSN7azlOdFswMtnV2AXKPDbMt1GsxYp0bJM6oKE8d4EZ\n3M1KyeVGhUw/aDOtZfjqdnV5bQ5jjrZsO5n5xBoeN937EkRarkjW5ay4PQMGrRNd\ny2S8vFEpdlS/tEQ/Y5LveXmkf+BAqZscZd5xuaYoztFAdApY/HmEn9ByJuPyPCMT\nTbMbFpYAxtdo76FY25AaoYpNqp0R6CpG6A0LtJ4dTsDi4Cu+R53y8pg6Be1nW+yf\ndd0HqQahMa/0WvvBK9KGef4JwpPw7QoIsl7PH4kPvwKCAQBAx3//Ypn4ENi5lYpR\nXRNq2fikkObHxkZMICPSVo4F1p97b+mRv52km/pJ2ERlO8ddA0i+/DX3PnKnnOYp\n8XXVmYNEg0z8PEt3nathYf0XimbYxKiiLZlfvcCOX+YmqHfkv37HXcl1fJWc3yFE\nOfG5hiPjcScbyNpQFvwHmyc7eC9hHPmLCwztvNGvR7MsTyV0Y6T3suvQ0s9Q+kJ5\nIOn9bWklb/RIk+PqHifztlqar5mUER4GUKjcLVlYDcSmuvZYEilSlT/OQWJEaGxr\nT0kJLoAT01HfL4j52MABu6TBO6whPXwSBcPASPKjxxpjRiEAMYdM9AoxWniKbLq1\nU6ZrAoIBAAVVQ147Y8P8Fj3kuCOCGEA0zjZimjyz11l/8rrVsmZsuhhO8VfBGwO7\n6sdSRMSx6gtK6NNYvzvBoDPVDgwJqtGFRjyQAY10IbUu7tyDHYisc7ccEpfUUNLx\nur/KiwMfUVYlojc/p1B4a8HsOWXwoVYplYlXDWGAO1HuAy5mQ+iJl23biC8PmZym\ngBgDqf28Plba33sSr99CV6479JM/TdaOGbhxBQApV1axKizm0NTOvpTM2yruZ7rO\nrsuJWUD4OBp/+6U7VNrXMOCoZuQnOPF1kPz7aJOMCnBdmTfKj2kTfOKkFq1RpSwe\nRrOT4e56KFhOVocpRamRF8VFQvy6pRUCggEAXdz0YnO2ZHzqJB5Qo+EU5XJL6Nf4\nhOqh8EhMG4YLY1e5WRmWRrUMGvXbnNSRtB1aept8FildkMoHJMW3Mo04opXvL95i\nd4nmfIbjK3v/ZV/0G5h9uDGdu+TfZpFUxQvowOFKIHqnSJBWtQO1hOLHuko4oc9S\n6ffU8deWd5p9CS8sIm5SlgL2vXxVMD/cGSnK7K7ho/vXZdDT9dfwRQ2C9W3yNtT/\nwNBZVw7FF2/h8k3rYOtaQddEz9LRe9VjdEYF8xDvotP0/l7j4c3ZqZVtvvZ/Mg6G\nyjvBqhbFGTQd0GCFFwfTxejktAn6ZFOhg8b6JYN9mqFbfB+MoT7kiaUg2Q==\n-----END RSA PRIVATE KEY-----\n",
      "type": "string",
      "sensitive": true
    },
    "tenant_ssh_public_key": {
      "value": "ssh-rsa AAAAB3NzaC1yc2EAAAADAQABAAACAQC/rwnLAOc7jWYtQPc976Y5lq77fkkXaRudmlfWLBZVGk8SFVP8tnRKSHUsD6+440vGH8LYFjGbLNXVBtYRsSp1bKefz48L8pBMoywx2QfXeugpk/TAurS3atLbjcR0CO4Yx6rO8YHmoWYUz5G1j85RiioM3SnwhTmVLkaenv3hTxSGUA3WZlL0K4GB50gy3NNX0WiwJO5GT9SBE45MmbwFz0s4gEL2A9Vrb0lwn1iSQSR+a5WwZ5ZLkVfPS81j0lStiux45a+zMyfHeiB6o1H88qz/ODBSAg9HJwyrwdTpW+0tC0iA6SklJrp1kfrOl2gZj78odfiT4apb8jlsv2MkGrHLLF0OuCRO0F4cj2Ni1H9Q31gaIF0haS4o6j13fnv9xKXZT8cPKhyF0NS38Zn+DVOag3H7N0nsVd9rUNAxFiFjmUZJyJSbeAYa5yfu+RzRIfE3uqP+IxR0GzpfKh1elybtDo3SpO6qufDPHU7ZbHv9EQGDkdOodx2YTXuoPhR3ZdrJnbcBkLGvFUyWumJdZH6rdZlA1DsDVUMHTiV32p9ffiq6dE1UC8t74FtcfB+VT6wLHxTUeB3xCvh4XazhprnzsuD7FGqgPiXO21pb16IUdinpanvFDMQ4vOYwkHra8D/QoI9TM9kBt52rHGW6Jdp1P7U1grHx5RekGZCmVQ==\n",
      "type": "string"
    }
  },
  "resources": [
    {
      "module": "module.tenant",
      "mode": "data",
      "type": "cloudflare_zone",
      "name": "openshield",
      "provider": "module.tenant.provider[\"registry.terraform.io/cloudflare/cloudflare\"]",
      "instances": [
        {
          "schema_version": 0,
          "attributes": {
            "account": {
              "id": "bca3124de7c86d659a959f06cb35043d",
              "name": "Cloudflare@cyberdef.cc's Account"
            },
            "activated_on": "2025-04-21T11:29:39Z",
            "cname_suffix": null,
            "created_on": "2025-04-21T11:00:21Z",
            "development_mode": 0,
            "filter": {
              "account": null,
              "direction": null,
              "match": null,
              "name": "openshield.io",
              "order": null,
              "status": null
            },
            "id": null,
            "meta": {
              "cdn_only": null,
              "custom_certificate_quota": 0,
              "dns_only": null,
              "foundation_dns": null,
              "page_rule_quota": 3,
              "phishing_detected": false,
              "step": 2
            },
            "modified_on": "2025-04-21T11:29:39Z",
            "name": "openshield.io",
            "name_servers": [
              "kiki.ns.cloudflare.com",
              "lloyd.ns.cloudflare.com"
            ],
            "original_dnshost": null,
            "original_name_servers": [
              "dns1.registrar-servers.com",
              "dns2.registrar-servers.com"
            ],
            "original_registrar": "namecheap, inc. (id: 1068)",
            "owner": {
              "id": null,
              "name": null,
              "type": "user"
            },
            "paused": false,
            "permissions": [
              "#dns_records:edit",
              "#dns_records:read",
              "#zone:read"
            ],
            "plan": {
              "can_subscribe": false,
              "currency": "USD",
              "externally_managed": false,
              "frequency": "",
              "id": "0feeeeeeeeeeeeeeeeeeeeeeeeeeeeee",
              "is_subscribed": false,
              "legacy_discount": false,
              "legacy_id": "free",
              "name": "Free Website",
              "price": 0
            },
            "status": "active",
            "tenant": {
              "id": null,
              "name": null
            },
            "tenant_unit": {
              "id": null
            },
            "type": "full",
            "vanity_name_servers": [],
            "verification_key": null,
            "zone_id": "f92c4f6137dffe0e40aa658cc70e3fa8"
          },
          "sensitive_attributes": []
        }
      ]
    },
    {
      "module": "module.tenant",
      "mode": "data",
      "type": "hcloud_server_type",
      "name": "selected",
      "provider": "module.tenant.provider[\"registry.terraform.io/hetznercloud/hcloud\"]",
      "instances": [
        {
          "index_key": "cpx21",
          "schema_version": 0,
          "attributes": {
            "architecture": "x86",
            "category": "regular_purpose",
            "cores": 3,
            "cpu_type": "shared",
            "deprecation_announced": "",
            "description": "CPX 21",
            "disk": 80,
            "id": 23,
            "included_traffic": 0,
            "is_deprecated": false,
            "locations": [
              {
                "deprecation_announced": "2025-10-16T06:00:00Z",
                "id": 1,
                "is_deprecated": true,
                "name": "fsn1",
                "unavailable_after": "2025-12-31T23:59:59Z"
              },
              {
                "deprecation_announced": "2025-10-16T06:00:00Z",
                "id": 2,
                "is_deprecated": true,
                "name": "nbg1",
                "unavailable_after": "2025-12-31T23:59:59Z"
              },
              {
                "deprecation_announced": "2025-10-16T06:00:00Z",
                "id": 3,
                "is_deprecated": true,
                "name": "hel1",
                "unavailable_after": "2025-12-31T23:59:59Z"
              },
              {
                "deprecation_announced": "",
                "id": 4,
                "is_deprecated": false,
                "name": "ash",
                "unavailable_after": ""
              },
              {
                "deprecation_announced": "",
                "id": 5,
                "is_deprecated": false,
                "name": "hil",
                "unavailable_after": ""
              },
              {
                "deprecation_announced": "2025-10-16T06:00:00Z",
                "id": 6,
                "is_deprecated": true,
                "name": "sin",
                "unavailable_after": "2025-12-31T23:59:59Z"
              }
            ],
            "memory": 4,
            "name": "cpx21",
            "storage_type": "local",
            "unavailable_after": ""
          },
          "sensitive_attributes": []
        },
        {
          "index_key": "cpx22",
          "schema_version": 0,
          "attributes": {
            "architecture": "x86",
            "category": "regular_purpose",
            "cores": 2,
            "cpu_type": "shared",
            "deprecation_announced": "",
            "description": "CPX 22",
            "disk": 80,
            "id": 109,
            "included_traffic": 0,
            "is_deprecated": false,
            "locations": [
              {
                "deprecation_announced": "",
                "id": 1,
                "is_deprecated": false,
                "name": "fsn1",
                "unavailable_after": ""
              },
              {
                "deprecation_announced": "",
                "id": 2,
                "is_deprecated": false,
                "name": "nbg1",
                "unavailable_after": ""
              },
              {
                "deprecation_announced": "",
                "id": 3,
                "is_deprecated": false,
                "name": "hel1",
                "unavailable_after": ""
              },
              {
                "deprecation_announced": "",
                "id": 6,
                "is_deprecated": false,
                "name": "sin",
                "unavailable_after": ""
              }
            ],
            "memory": 4,
            "name": "cpx22",
            "storage_type": "local",
            "unavailable_after": ""
          },
          "sensitive_attributes": []
        },
        {
          "index_key": "cpx31",
          "schema_version": 0,
          "attributes": {
            "architecture": "x86",
            "category": "regular_purpose",
            "cores": 4,
            "cpu_type": "shared",
            "deprecation_announced": "",
            "description": "CPX 31",
            "disk": 160,
            "id": 24,
            "included_traffic": 0,
            "is_deprecated": false,
            "locations": [
              {
                "deprecation_announced": "2025-10-16T06:00:00Z",
                "id": 1,
                "is_deprecated": true,
                "name": "fsn1",
                "unavailable_after": "2025-12-31T23:59:59Z"
              },
              {
                "deprecation_announced": "2025-10-16T06:00:00Z",
                "id": 2,
                "is_deprecated": true,
                "name": "nbg1",
                "unavailable_after": "2025-12-31T23:59:59Z"
              },
              {
                "deprecation_announced": "2025-10-16T06:00:00Z",
                "id": 3,
                "is_deprecated": true,
                "name": "hel1",
                "unavailable_after": "2025-12-31T23:59:59Z"
              },
              {
                "deprecation_announced": "",
                "id": 4,
                "is_deprecated": false,
                "name": "ash",
                "unavailable_after": ""
              },
              {
                "deprecation_announced": "",
                "id": 5,
                "is_deprecated": false,
                "name": "hil",
                "unavailable_after": ""
              },
              {
                "deprecation_announced": "2025-10-16T06:00:00Z",
                "id": 6,
                "is_deprecated": true,
                "name": "sin",
                "unavailable_after": "2025-12-31T23:59:59Z"
              }
            ],
            "memory": 8,
            "name": "cpx31",
            "storage_type": "local",
            "unavailable_after": ""
          },
          "sensitive_attributes": []
        },
        {
          "index_key": "cpx32",
          "schema_version": 0,
          "attributes": {
            "architecture": "x86",
            "category": "regular_purpose",
            "cores": 4,
            "cpu_type": "shared",
            "deprecation_announced": "",
            "description": "CPX 32",
            "disk": 160,
            "id": 110,
            "included_traffic": 0,
            "is_deprecated": false,
            "locations": [
              {
                "deprecation_announced": "",
                "id": 1,
                "is_deprecated": false,
                "name": "fsn1",
                "unavailable_after": ""
              },
              {
                "deprecation_announced": "",
                "id": 2,
                "is_deprecated": false,
                "name": "nbg1",
                "unavailable_after": ""
              },
              {
                "deprecation_announced": "",
                "id": 3,
                "is_deprecated": false,
                "name": "hel1",
                "unavailable_after": ""
              },
              {
                "deprecation_announced": "",
                "id": 6,
                "is_deprecated": false,
                "name": "sin",
                "unavailable_after": ""
              }
            ],
            "memory": 8,
            "name": "cpx32",
            "storage_type": "local",
            "unavailable_after": ""
          },
          "sensitive_attributes": []
        },
        {
          "index_key": "cpx41",
          "schema_version": 0,
          "attributes": {
            "architecture": "x86",
            "category": "regular_purpose",
            "cores": 8,
            "cpu_type": "shared",
            "deprecation_announced": "",
            "description": "CPX 41",
            "disk": 240,
            "id": 25,
            "included_traffic": 0,
            "is_deprecated": false,
            "locations": [
              {
                "deprecation_announced": "2025-10-16T06:00:00Z",
                "id": 1,
                "is_deprecated": true,
                "name": "fsn1",
                "unavailable_after": "2025-12-31T23:59:59Z"
              },
              {
                "deprecation_announced": "2025-10-16T06:00:00Z",
                "id": 2,
                "is_deprecated": true,
                "name": "nbg1",
                "unavailable_after": "2025-12-31T23:59:59Z"
              },
              {
                "deprecation_announced": "2025-10-16T06:00:00Z",
                "id": 3,
                "is_deprecated": true,
                "name": "hel1",
                "unavailable_after": "2025-12-31T23:59:59Z"
              },
              {
                "deprecation_announced": "",
                "id": 4,
                "is_deprecated": false,
                "name": "ash",
                "unavailable_after": ""
              },
              {
                "deprecation_announced": "",
                "id": 5,
                "is_deprecated": false,
                "name": "hil",
                "unavailable_after": ""
              },
              {
                "deprecation_announced": "2025-10-16T06:00:00Z",
                "id": 6,
                "is_deprecated": true,
                "name": "sin",
                "unavailable_after": "2025-12-31T23:59:59Z"
              }
            ],
            "memory": 16,
            "name": "cpx41",
            "storage_type": "local",
            "unavailable_after": ""
          },
          "sensitive_attributes": []
        },
        {
          "index_key": "cpx42",
          "schema_version": 0,
          "attributes": {
            "architecture": "x86",
            "category": "regular_purpose",
            "cores": 8,
            "cpu_type": "shared",
            "deprecation_announced": "",
            "description": "CPX 42",
            "disk": 320,
            "id": 111,
            "included_traffic": 0,
            "is_deprecated": false,
            "locations": [
              {
                "deprecation_announced": "",
                "id": 1,
                "is_deprecated": false,
                "name": "fsn1",
                "unavailable_after": ""
              },
              {
                "deprecation_announced": "",
                "id": 2,
                "is_deprecated": false,
                "name": "nbg1",
                "unavailable_after": ""
              },
              {
                "deprecation_announced": "",
                "id": 3,
                "is_deprecated": false,
                "name": "hel1",
                "unavailable_after": ""
              },
              {
                "deprecation_announced": "",
                "id": 6,
                "is_deprecated": false,
                "name": "sin",
                "unavailable_after": ""
              }
            ],
            "memory": 16,
            "name": "cpx42",
            "storage_type": "local",
            "unavailable_after": ""
          },
          "sensitive_attributes": []
        },
        {
          "index_key": "cpx51",
          "schema_version": 0,
          "attributes": {
            "architecture": "x86",
            "category": "regular_purpose",
            "cores": 16,
            "cpu_type": "shared",
            "deprecation_announced": "",
            "description": "CPX 51",
            "disk": 360,
            "id": 26,
            "included_traffic": 0,
            "is_deprecated": false,
            "locations": [
              {
                "deprecation_announced": "2025-10-16T06:00:00Z",
                "id": 1,
                "is_deprecated": true,
                "name": "fsn1",
                "unavailable_after": "2025-12-31T23:59:59Z"
              },
              {
                "deprecation_announced": "2025-10-16T06:00:00Z",
                "id": 2,
                "is_deprecated": true,
                "name": "nbg1",
                "unavailable_after": "2025-12-31T23:59:59Z"
              },
              {
                "deprecation_announced": "2025-10-16T06:00:00Z",
                "id": 3,
                "is_deprecated": true,
                "name": "hel1",
                "unavailable_after": "2025-12-31T23:59:59Z"
              },
              {
                "deprecation_announced": "",
                "id": 4,
                "is_deprecated": false,
                "name": "ash",
                "unavailable_after": ""
              },
              {
                "deprecation_announced": "",
                "id": 5,
                "is_deprecated": false,
                "name": "hil",
                "unavailable_after": ""
              },
              {
                "deprecation_announced": "2025-10-16T06:00:00Z",
                "id": 6,
                "is_deprecated": true,
                "name": "sin",
                "unavailable_after": "2025-12-31T23:59:59Z"
              }
            ],
            "memory": 32,
            "name": "cpx51",
            "storage_type": "local",
            "unavailable_after": ""
          },
          "sensitive_attributes": []
        },
        {
          "index_key": "cpx52",
          "schema_version": 0,
          "attributes": {
            "architecture": "x86",
            "category": "regular_purpose",
            "cores": 12,
            "cpu_type": "shared",
            "deprecation_announced": "",
            "description": "CPX 52",
            "disk": 480,
            "id": 112,
            "included_traffic": 0,
            "is_deprecated": false,
            "locations": [
              {
                "deprecation_announced": "",
                "id": 1,
                "is_deprecated": false,
                "name": "fsn1",
                "unavailable_after": ""
              },
              {
                "deprecation_announced": "",
                "id": 2,
                "is_deprecated": false,
                "name": "nbg1",
                "unavailable_after": ""
              },
              {
                "deprecation_announced": "",
                "id": 3,
                "is_deprecated": false,
                "name": "hel1",
                "unavailable_after": ""
              },
              {
                "deprecation_announced": "",
                "id": 6,
                "is_deprecated": false,
                "name": "sin",
                "unavailable_after": ""
              }
            ],
            "memory": 24,
            "name": "cpx52",
            "storage_type": "local",
            "unavailable_after": ""
          },
          "sensitive_attributes": []
        },
        {
          "index_key": "cpx62",
          "schema_version": 0,
          "attributes": {
            "architecture": "x86",
            "category": "regular_purpose",
            "cores": 16,
            "cpu_type": "shared",
            "deprecation_announced": "",
            "description": "CPX 62",
            "disk": 640,
            "id": 113,
            "included_traffic": 0,
            "is_deprecated": false,
            "locations": [
              {
                "deprecation_announced": "",
                "id": 1,
                "is_deprecated": false,
                "name": "fsn1",
                "unavailable_after": ""
              },
              {
                "deprecation_announced": "",
                "id": 2,
                "is_deprecated": false,
                "name": "nbg1",
                "unavailable_after": ""
              },
              {
                "deprecation_announced": "",
                "id": 3,
                "is_deprecated": false,
                "name": "hel1",
                "unavailable_after": ""
              },
              {
                "deprecation_announced": "",
                "id": 6,
                "is_deprecated": false,
                "name": "sin",
                "unavailable_after": ""
              }
            ],
            "memory": 32,
            "name": "cpx62",
            "storage_type": "local",
            "unavailable_after": ""
          },
          "sensitive_attributes": []
        },
        {
          "index_key": "cx22",
          "schema_version": 0,
          "attributes": {
            "architecture": "x86",
            "category": "cost_optimized",
            "cores": 2,
            "cpu_type": "shared",
            "deprecation_announced": "2025-10-16T06:00:00Z",
            "description": "CX22",
            "disk": 40,
            "id": 104,
            "included_traffic": 0,
            "is_deprecated": true,
            "locations": [
              {
                "deprecation_announced": "2025-10-16T06:00:00Z",
                "id": 1,
                "is_deprecated": true,
                "name": "fsn1",
                "unavailable_after": "2025-12-31T23:59:59Z"
              },
              {
                "deprecation_announced": "2025-10-16T06:00:00Z",
                "id": 2,
                "is_deprecated": true,
                "name": "nbg1",
                "unavailable_after": "2025-12-31T23:59:59Z"
              },
              {
                "deprecation_announced": "2025-10-16T06:00:00Z",
                "id": 3,
                "is_deprecated": true,
                "name": "hel1",
                "unavailable_after": "2025-12-31T23:59:59Z"
              }
            ],
            "memory": 4,
            "name": "cx22",
            "storage_type": "local",
            "unavailable_after": "2025-12-31T23:59:59Z"
          },
          "sensitive_attributes": []
        },
        {
          "index_key": "cx23",
          "schema_version": 0,
          "attributes": {
            "architecture": "x86",
            "category": "cost_optimized",
            "cores": 2,
            "cpu_type": "shared",
            "deprecation_announced": "",
            "description": "CX 23",
            "disk": 40,
            "id": 114,
            "included_traffic": 0,
            "is_deprecated": false,
            "locations": [
              {
                "deprecation_announced": "",
                "id": 1,
                "is_deprecated": false,
                "name": "fsn1",
                "unavailable_after": ""
              },
              {
                "deprecation_announced": "",
                "id": 2,
                "is_deprecated": false,
                "name": "nbg1",
                "unavailable_after": ""
              },
              {
                "deprecation_announced": "",
                "id": 3,
                "is_deprecated": false,
                "name": "hel1",
                "unavailable_after": ""
              }
            ],
            "memory": 4,
            "name": "cx23",
            "storage_type": "local",
            "unavailable_after": ""
          },
          "sensitive_attributes": []
        },
        {
          "index_key": "cx32",
          "schema_version": 0,
          "attributes": {
            "architecture": "x86",
            "category": "cost_optimized",
            "cores": 4,
            "cpu_type": "shared",
            "deprecation_announced": "2025-10-16T06:00:00Z",
            "description": "CX32",
            "disk": 80,
            "id": 105,
            "included_traffic": 0,
            "is_deprecated": true,
            "locations": [
              {
                "deprecation_announced": "2025-10-16T06:00:00Z",
                "id": 1,
                "is_deprecated": true,
                "name": "fsn1",
                "unavailable_after": "2025-12-31T23:59:59Z"
              },
              {
                "deprecation_announced": "2025-10-16T06:00:00Z",
                "id": 2,
                "is_deprecated": true,
                "name": "nbg1",
                "unavailable_after": "2025-12-31T23:59:59Z"
              },
              {
                "deprecation_announced": "2025-10-16T06:00:00Z",
                "id": 3,
                "is_deprecated": true,
                "name": "hel1",
                "unavailable_after": "2025-12-31T23:59:59Z"
              }
            ],
            "memory": 8,
            "name": "cx32",
            "storage_type": "local",
            "unavailable_after": "2025-12-31T23:59:59Z"
          },
          "sensitive_attributes": []
        },
        {
          "index_key": "cx33",
          "schema_version": 0,
          "attributes": {
            "architecture": "x86",
            "category": "cost_optimized",
            "cores": 4,
            "cpu_type": "shared",
            "deprecation_announced": "",
            "description": "CX 33",
            "disk": 80,
            "id": 115,
            "included_traffic": 0,
            "is_deprecated": false,
            "locations": [
              {
                "deprecation_announced": "",
                "id": 1,
                "is_deprecated": false,
                "name": "fsn1",
                "unavailable_after": ""
              },
              {
                "deprecation_announced": "",
                "id": 2,
                "is_deprecated": false,
                "name": "nbg1",
                "unavailable_after": ""
              },
              {
                "deprecation_announced": "",
                "id": 3,
                "is_deprecated": false,
                "name": "hel1",
                "unavailable_after": ""
              }
            ],
            "memory": 8,
            "name": "cx33",
            "storage_type": "local",
            "unavailable_after": ""
          },
          "sensitive_attributes": []
        },
        {
          "index_key": "cx42",
          "schema_version": 0,
          "attributes": {
            "architecture": "x86",
            "category": "cost_optimized",
            "cores": 8,
            "cpu_type": "shared",
            "deprecation_announced": "2025-10-16T06:00:00Z",
            "description": "CX42",
            "disk": 160,
            "id": 106,
            "included_traffic": 0,
            "is_deprecated": true,
            "locations": [
              {
                "deprecation_announced": "2025-10-16T06:00:00Z",
                "id": 1,
                "is_deprecated": true,
                "name": "fsn1",
                "unavailable_after": "2025-12-31T23:59:59Z"
              },
              {
                "deprecation_announced": "2025-10-16T06:00:00Z",
                "id": 2,
                "is_deprecated": true,
                "name": "nbg1",
                "unavailable_after": "2025-12-31T23:59:59Z"
              },
              {
                "deprecation_announced": "2025-10-16T06:00:00Z",
                "id": 3,
                "is_deprecated": true,
                "name": "hel1",
                "unavailable_after": "2025-12-31T23:59:59Z"
              }
            ],
            "memory": 16,
            "name": "cx42",
            "storage_type": "local",
            "unavailable_after": "2025-12-31T23:59:59Z"
          },
          "sensitive_attributes": []
        },
        {
          "index_key": "cx43",
          "schema_version": 0,
          "attributes": {
            "architecture": "x86",
            "category": "cost_optimized",
            "cores": 8,
            "cpu_type": "shared",
            "deprecation_announced": "",
            "description": "CX 43",
            "disk": 160,
            "id": 116,
            "included_traffic": 0,
            "is_deprecated": false,
            "locations": [
              {
                "deprecation_announced": "",
                "id": 1,
                "is_deprecated": false,
                "name": "fsn1",
                "unavailable_after": ""
              },
              {
                "deprecation_announced": "",
                "id": 2,
                "is_deprecated": false,
                "name": "nbg1",
                "unavailable_after": ""
              },
              {
                "deprecation_announced": "",
                "id": 3,
                "is_deprecated": false,
                "name": "hel1",
                "unavailable_after": ""
              }
            ],
            "memory": 16,
            "name": "cx43",
            "storage_type": "local",
            "unavailable_after": ""
          },
          "sensitive_attributes": []
        },
        {
          "index_key": "cx52",
          "schema_version": 0,
          "attributes": {
            "architecture": "x86",
            "category": "cost_optimized",
            "cores": 16,
            "cpu_type": "shared",
            "deprecation_announced": "2025-10-16T06:00:00Z",
            "description": "CX52",
            "disk": 320,
            "id": 107,
            "included_traffic": 0,
            "is_deprecated": true,
            "locations": [
              {
                "deprecation_announced": "2025-10-16T06:00:00Z",
                "id": 1,
                "is_deprecated": true,
                "name": "fsn1",
                "unavailable_after": "2025-12-31T23:59:59Z"
              },
              {
                "deprecation_announced": "2025-10-16T06:00:00Z",
                "id": 2,
                "is_deprecated": true,
                "name": "nbg1",
                "unavailable_after": "2025-12-31T23:59:59Z"
              },
              {
                "deprecation_announced": "2025-10-16T06:00:00Z",
                "id": 3,
                "is_deprecated": true,
                "name": "hel1",
                "unavailable_after": "2025-12-31T23:59:59Z"
              }
            ],
            "memory": 32,
            "name": "cx52",
            "storage_type": "local",
            "unavailable_after": "2025-12-31T23:59:59Z"
          },
          "sensitive_attributes": []
        },
        {
          "index_key": "cx53",
          "schema_version": 0,
          "attributes": {
            "architecture": "x86",
            "category": "cost_optimized",
            "cores": 16,
            "cpu_type": "shared",
            "deprecation_announced": "",
            "description": "CX 53",
            "disk": 320,
            "id": 117,
            "included_traffic": 0,
            "is_deprecated": false,
            "locations": [
              {
                "deprecation_announced": "",
                "id": 1,
                "is_deprecated": false,
                "name": "fsn1",
                "unavailable_after": ""
              },
              {
                "deprecation_announced": "",
                "id": 2,
                "is_deprecated": false,
                "name": "nbg1",
                "unavailable_after": ""
              },
              {
                "deprecation_announced": "",
                "id": 3,
                "is_deprecated": false,
                "name": "hel1",
                "unavailable_after": ""
              }
            ],
            "memory": 32,
            "name": "cx53",
            "storage_type": "local",
            "unavailable_after": ""
          },
          "sensitive_attributes": []
        }
      ]
    },
    {
      "module": "module.tenant",
      "mode": "data",
      "type": "hcloud_server_types",
      "name": "all",
      "provider": "module.tenant.provider[\"registry.terraform.io/hetznercloud/hcloud\"]",
      "instances": [
        {
          "schema_version": 0,
          "attributes": {
            "descriptions": [
              "CPX 11",
              "CPX 21",
              "CPX 31",
              "CPX 41",
              "CPX 51",
              "CAX11",
              "CAX21",
              "CAX31",
              "CAX41",
              "CCX13 Dedicated CPU",
              "CCX23 Dedicated CPU",
              "CCX33 Dedicated CPU",
              "CCX43 Dedicated CPU",
              "CCX53 Dedicated CPU",
              "CCX63 Dedicated CPU",
              "CX22",
              "CX32",
              "CX42",
              "CX52",
              "CPX 12",
              "CPX 22",
              "CPX 32",
              "CPX 42",
              "CPX 52",
              "CPX 62",
              "CX 23",
              "CX 33",
              "CX 43",
              "CX 53"
            ],
            "id": "166277662d9b7990b1711b6545d691c4fc52eb3f",
            "names": [
              "cpx11",
              "cpx21",
              "cpx31",
              "cpx41",
              "cpx51",
              "cax11",
              "cax21",
              "cax31",
              "cax41",
              "ccx13",
              "ccx23",
              "ccx33",
              "ccx43",
              "ccx53",
              "ccx63",
              "cx22",
              "cx32",
              "cx42",
              "cx52",
              "cpx12",
              "cpx22",
              "cpx32",
              "cpx42",
              "cpx52",
              "cpx62",
              "cx23",
              "cx33",
              "cx43",
              "cx53"
            ],
            "server_type_ids": [
              "22",
              "23",
              "24",
              "25",
              "26",
              "45",
              "93",
              "94",
              "95",
              "96",
              "97",
              "98",
              "99",
              "100",
              "101",
              "104",
              "105",
              "106",
              "107",
              "108",
              "109",
              "110",
              "111",
              "112",
              "113",
              "114",
              "115",
              "116",
              "117"
            ],
            "server_types": [
              {
                "architecture": "x86",
                "category": "regular_purpose",
                "cores": 2,
                "cpu_type": "shared",
                "deprecation_announced": "",
                "description": "CPX 11",
                "disk": 40,
                "id": 22,
                "included_traffic": 0,
                "is_deprecated": false,
                "locations": [
                  {
                    "deprecation_announced": "2025-10-16T06:00:00Z",
                    "id": 1,
                    "is_deprecated": true,
                    "name": "fsn1",
                    "unavailable_after": "2025-12-31T23:59:59Z"
                  },
                  {
                    "deprecation_announced": "2025-10-16T06:00:00Z",
                    "id": 2,
                    "is_deprecated": true,
                    "name": "nbg1",
                    "unavailable_after": "2025-12-31T23:59:59Z"
                  },
                  {
                    "deprecation_announced": "2025-10-16T06:00:00Z",
                    "id": 3,
                    "is_deprecated": true,
                    "name": "hel1",
                    "unavailable_after": "2025-12-31T23:59:59Z"
                  },
                  {
                    "deprecation_announced": "",
                    "id": 4,
                    "is_deprecated": false,
                    "name": "ash",
                    "unavailable_after": ""
                  },
                  {
                    "deprecation_announced": "",
                    "id": 5,
                    "is_deprecated": false,
                    "name": "hil",
                    "unavailable_after": ""
                  },
                  {
                    "deprecation_announced": "2025-10-16T06:00:00Z",
                    "id": 6,
                    "is_deprecated": true,
                    "name": "sin",
                    "unavailable_after": "2025-12-31T23:59:59Z"
                  }
                ],
                "memory": 2,
                "name": "cpx11",
                "storage_type": "local",
                "unavailable_after": ""
              },
              {
                "architecture": "x86",
                "category": "regular_purpose",
                "cores": 3,
                "cpu_type": "shared",
                "deprecation_announced": "",
                "description": "CPX 21",
                "disk": 80,
                "id": 23,
                "included_traffic": 0,
                "is_deprecated": false,
                "locations": [
                  {
                    "deprecation_announced": "2025-10-16T06:00:00Z",
                    "id": 1,
                    "is_deprecated": true,
                    "name": "fsn1",
                    "unavailable_after": "2025-12-31T23:59:59Z"
                  },
                  {
                    "deprecation_announced": "2025-10-16T06:00:00Z",
                    "id": 2,
                    "is_deprecated": true,
                    "name": "nbg1",
                    "unavailable_after": "2025-12-31T23:59:59Z"
                  },
                  {
                    "deprecation_announced": "2025-10-16T06:00:00Z",
                    "id": 3,
                    "is_deprecated": true,
                    "name": "hel1",
                    "unavailable_after": "2025-12-31T23:59:59Z"
                  },
                  {
                    "deprecation_announced": "",
                    "id": 4,
                    "is_deprecated": false,
                    "name": "ash",
                    "unavailable_after": ""
                  },
                  {
                    "deprecation_announced": "",
                    "id": 5,
                    "is_deprecated": false,
                    "name": "hil",
                    "unavailable_after": ""
                  },
                  {
                    "deprecation_announced": "2025-10-16T06:00:00Z",
                    "id": 6,
                    "is_deprecated": true,
                    "name": "sin",
                    "unavailable_after": "2025-12-31T23:59:59Z"
                  }
                ],
                "memory": 4,
                "name": "cpx21",
                "storage_type": "local",
                "unavailable_after": ""
              },
              {
                "architecture": "x86",
                "category": "regular_purpose",
                "cores": 4,
                "cpu_type": "shared",
                "deprecation_announced": "",
                "description": "CPX 31",
                "disk": 160,
                "id": 24,
                "included_traffic": 0,
                "is_deprecated": false,
                "locations": [
                  {
                    "deprecation_announced": "2025-10-16T06:00:00Z",
                    "id": 1,
                    "is_deprecated": true,
                    "name": "fsn1",
                    "unavailable_after": "2025-12-31T23:59:59Z"
                  },
                  {
                    "deprecation_announced": "2025-10-16T06:00:00Z",
                    "id": 2,
                    "is_deprecated": true,
                    "name": "nbg1",
                    "unavailable_after": "2025-12-31T23:59:59Z"
                  },
                  {
                    "deprecation_announced": "2025-10-16T06:00:00Z",
                    "id": 3,
                    "is_deprecated": true,
                    "name": "hel1",
                    "unavailable_after": "2025-12-31T23:59:59Z"
                  },
                  {
                    "deprecation_announced": "",
                    "id": 4,
                    "is_deprecated": false,
                    "name": "ash",
                    "unavailable_after": ""
                  },
                  {
                    "deprecation_announced": "",
                    "id": 5,
                    "is_deprecated": false,
                    "name": "hil",
                    "unavailable_after": ""
                  },
                  {
                    "deprecation_announced": "2025-10-16T06:00:00Z",
                    "id": 6,
                    "is_deprecated": true,
                    "name": "sin",
                    "unavailable_after": "2025-12-31T23:59:59Z"
                  }
                ],
                "memory": 8,
                "name": "cpx31",
                "storage_type": "local",
                "unavailable_after": ""
              },
              {
                "architecture": "x86",
                "category": "regular_purpose",
                "cores": 8,
                "cpu_type": "shared",
                "deprecation_announced": "",
                "description": "CPX 41",
                "disk": 240,
                "id": 25,
                "included_traffic": 0,
                "is_deprecated": false,
                "locations": [
                  {
                    "deprecation_announced": "2025-10-16T06:00:00Z",
                    "id": 1,
                    "is_deprecated": true,
                    "name": "fsn1",
                    "unavailable_after": "2025-12-31T23:59:59Z"
                  },
                  {
                    "deprecation_announced": "2025-10-16T06:00:00Z",
                    "id": 2,
                    "is_deprecated": true,
                    "name": "nbg1",
                    "unavailable_after": "2025-12-31T23:59:59Z"
                  },
                  {
                    "deprecation_announced": "2025-10-16T06:00:00Z",
                    "id": 3,
                    "is_deprecated": true,
                    "name": "hel1",
                    "unavailable_after": "2025-12-31T23:59:59Z"
                  },
                  {
                    "deprecation_announced": "",
                    "id": 4,
                    "is_deprecated": false,
                    "name": "ash",
                    "unavailable_after": ""
                  },
                  {
                    "deprecation_announced": "",
                    "id": 5,
                    "is_deprecated": false,
                    "name": "hil",
                    "unavailable_after": ""
                  },
                  {
                    "deprecation_announced": "2025-10-16T06:00:00Z",
                    "id": 6,
                    "is_deprecated": true,
                    "name": "sin",
                    "unavailable_after": "2025-12-31T23:59:59Z"
                  }
                ],
                "memory": 16,
                "name": "cpx41",
                "storage_type": "local",
                "unavailable_after": ""
              },
              {
                "architecture": "x86",
                "category": "regular_purpose",
                "cores": 16,
                "cpu_type": "shared",
                "deprecation_announced": "",
                "description": "CPX 51",
                "disk": 360,
                "id": 26,
                "included_traffic": 0,
                "is_deprecated": false,
                "locations": [
                  {
                    "deprecation_announced": "2025-10-16T06:00:00Z",
                    "id": 1,
                    "is_deprecated": true,
                    "name": "fsn1",
                    "unavailable_after": "2025-12-31T23:59:59Z"
                  },
                  {
                    "deprecation_announced": "2025-10-16T06:00:00Z",
                    "id": 2,
                    "is_deprecated": true,
                    "name": "nbg1",
                    "unavailable_after": "2025-12-31T23:59:59Z"
                  },
                  {
                    "deprecation_announced": "2025-10-16T06:00:00Z",
                    "id": 3,
                    "is_deprecated": true,
                    "name": "hel1",
                    "unavailable_after": "2025-12-31T23:59:59Z"
                  },
                  {
                    "deprecation_announced": "",
                    "id": 4,
                    "is_deprecated": false,
                    "name": "ash",
                    "unavailable_after": ""
                  },
                  {
                    "deprecation_announced": "",
                    "id": 5,
                    "is_deprecated": false,
                    "name": "hil",
                    "unavailable_after": ""
                  },
                  {
                    "deprecation_announced": "2025-10-16T06:00:00Z",
                    "id": 6,
                    "is_deprecated": true,
                    "name": "sin",
                    "unavailable_after": "2025-12-31T23:59:59Z"
                  }
                ],
                "memory": 32,
                "name": "cpx51",
                "storage_type": "local",
                "unavailable_after": ""
              },
              {
                "architecture": "arm",
                "category": "cost_optimized",
                "cores": 2,
                "cpu_type": "shared",
                "deprecation_announced": "",
                "description": "CAX11",
                "disk": 40,
                "id": 45,
                "included_traffic": 0,
                "is_deprecated": false,
                "locations": [
                  {
                    "deprecation_announced": "",
                    "id": 1,
                    "is_deprecated": false,
                    "name": "fsn1",
                    "unavailable_after": ""
                  },
                  {
                    "deprecation_announced": "",
                    "id": 2,
                    "is_deprecated": false,
                    "name": "nbg1",
                    "unavailable_after": ""
                  },
                  {
                    "deprecation_announced": "",
                    "id": 3,
                    "is_deprecated": false,
                    "name": "hel1",
                    "unavailable_after": ""
                  }
                ],
                "memory": 4,
                "name": "cax11",
                "storage_type": "local",
                "unavailable_after": ""
              },
              {
                "architecture": "arm",
                "category": "cost_optimized",
                "cores": 4,
                "cpu_type": "shared",
                "deprecation_announced": "",
                "description": "CAX21",
                "disk": 80,
                "id": 93,
                "included_traffic": 0,
                "is_deprecated": false,
                "locations": [
                  {
                    "deprecation_announced": "",
                    "id": 1,
                    "is_deprecated": false,
                    "name": "fsn1",
                    "unavailable_after": ""
                  },
                  {
                    "deprecation_announced": "",
                    "id": 2,
                    "is_deprecated": false,
                    "name": "nbg1",
                    "unavailable_after": ""
                  },
                  {
                    "deprecation_announced": "",
                    "id": 3,
                    "is_deprecated": false,
                    "name": "hel1",
                    "unavailable_after": ""
                  }
                ],
                "memory": 8,
                "name": "cax21",
                "storage_type": "local",
                "unavailable_after": ""
              },
              {
                "architecture": "arm",
                "category": "cost_optimized",
                "cores": 8,
                "cpu_type": "shared",
                "deprecation_announced": "",
                "description": "CAX31",
                "disk": 160,
                "id": 94,
                "included_traffic": 0,
                "is_deprecated": false,
                "locations": [
                  {
                    "deprecation_announced": "",
                    "id": 1,
                    "is_deprecated": false,
                    "name": "fsn1",
                    "unavailable_after": ""
                  },
                  {
                    "deprecation_announced": "",
                    "id": 2,
                    "is_deprecated": false,
                    "name": "nbg1",
                    "unavailable_after": ""
                  },
                  {
                    "deprecation_announced": "",
                    "id": 3,
                    "is_deprecated": false,
                    "name": "hel1",
                    "unavailable_after": ""
                  }
                ],
                "memory": 16,
                "name": "cax31",
                "storage_type": "local",
                "unavailable_after": ""
              },
              {
                "architecture": "arm",
                "category": "cost_optimized",
                "cores": 16,
                "cpu_type": "shared",
                "deprecation_announced": "",
                "description": "CAX41",
                "disk": 320,
                "id": 95,
                "included_traffic": 0,
                "is_deprecated": false,
                "locations": [
                  {
                    "deprecation_announced": "",
                    "id": 1,
                    "is_deprecated": false,
                    "name": "fsn1",
                    "unavailable_after": ""
                  },
                  {
                    "deprecation_announced": "",
                    "id": 2,
                    "is_deprecated": false,
                    "name": "nbg1",
                    "unavailable_after": ""
                  },
                  {
                    "deprecation_announced": "",
                    "id": 3,
                    "is_deprecated": false,
                    "name": "hel1",
                    "unavailable_after": ""
                  }
                ],
                "memory": 32,
                "name": "cax41",
                "storage_type": "local",
                "unavailable_after": ""
              },
              {
                "architecture": "x86",
                "category": "general_purpose",
                "cores": 2,
                "cpu_type": "dedicated",
                "deprecation_announced": "",
                "description": "CCX13 Dedicated CPU",
                "disk": 80,
                "id": 96,
                "included_traffic": 0,
                "is_deprecated": false,
                "locations": [
                  {
                    "deprecation_announced": "",
                    "id": 1,
                    "is_deprecated": false,
                    "name": "fsn1",
                    "unavailable_after": ""
                  },
                  {
                    "deprecation_announced": "",
                    "id": 2,
                    "is_deprecated": false,
                    "name": "nbg1",
                    "unavailable_after": ""
                  },
                  {
                    "deprecation_announced": "",
                    "id": 3,
                    "is_deprecated": false,
                    "name": "hel1",
                    "unavailable_after": ""
                  },
                  {
                    "deprecation_announced": "",
                    "id": 4,
                    "is_deprecated": false,
                    "name": "ash",
                    "unavailable_after": ""
                  },
                  {
                    "deprecation_announced": "",
                    "id": 5,
                    "is_deprecated": false,
                    "name": "hil",
                    "unavailable_after": ""
                  },
                  {
                    "deprecation_announced": "",
                    "id": 6,
                    "is_deprecated": false,
                    "name": "sin",
                    "unavailable_after": ""
                  }
                ],
                "memory": 8,
                "name": "ccx13",
                "storage_type": "local",
                "unavailable_after": ""
              },
              {
                "architecture": "x86",
                "category": "general_purpose",
                "cores": 4,
                "cpu_type": "dedicated",
                "deprecation_announced": "",
                "description": "CCX23 Dedicated CPU",
                "disk": 160,
                "id": 97,
                "included_traffic": 0,
                "is_deprecated": false,
                "locations": [
                  {
                    "deprecation_announced": "",
                    "id": 1,
                    "is_deprecated": false,
                    "name": "fsn1",
                    "unavailable_after": ""
                  },
                  {
                    "deprecation_announced": "",
                    "id": 2,
                    "is_deprecated": false,
                    "name": "nbg1",
                    "unavailable_after": ""
                  },
                  {
                    "deprecation_announced": "",
                    "id": 3,
                    "is_deprecated": false,
                    "name": "hel1",
                    "unavailable_after": ""
                  },
                  {
                    "deprecation_announced": "",
                    "id": 4,
                    "is_deprecated": false,
                    "name": "ash",
                    "unavailable_after": ""
                  },
                  {
                    "deprecation_announced": "",
                    "id": 5,
                    "is_deprecated": false,
                    "name": "hil",
                    "unavailable_after": ""
                  },
                  {
                    "deprecation_announced": "",
                    "id": 6,
                    "is_deprecated": false,
                    "name": "sin",
                    "unavailable_after": ""
                  }
                ],
                "memory": 16,
                "name": "ccx23",
                "storage_type": "local",
                "unavailable_after": ""
              },
              {
                "architecture": "x86",
                "category": "general_purpose",
                "cores": 8,
                "cpu_type": "dedicated",
                "deprecation_announced": "",
                "description": "CCX33 Dedicated CPU",
                "disk": 240,
                "id": 98,
                "included_traffic": 0,
                "is_deprecated": false,
                "locations": [
                  {
                    "deprecation_announced": "",
                    "id": 1,
                    "is_deprecated": false,
                    "name": "fsn1",
                    "unavailable_after": ""
                  },
                  {
                    "deprecation_announced": "",
                    "id": 2,
                    "is_deprecated": false,
                    "name": "nbg1",
                    "unavailable_after": ""
                  },
                  {
                    "deprecation_announced": "",
                    "id": 3,
                    "is_deprecated": false,
                    "name": "hel1",
                    "unavailable_after": ""
                  },
                  {
                    "deprecation_announced": "",
                    "id": 4,
                    "is_deprecated": false,
                    "name": "ash",
                    "unavailable_after": ""
                  },
                  {
                    "deprecation_announced": "",
                    "id": 5,
                    "is_deprecated": false,
                    "name": "hil",
                    "unavailable_after": ""
                  },
                  {
                    "deprecation_announced": "",
                    "id": 6,
                    "is_deprecated": false,
                    "name": "sin",
                    "unavailable_after": ""
                  }
                ],
                "memory": 32,
                "name": "ccx33",
                "storage_type": "local",
                "unavailable_after": ""
              },
              {
                "architecture": "x86",
                "category": "general_purpose",
                "cores": 16,
                "cpu_type": "dedicated",
                "deprecation_announced": "",
                "description": "CCX43 Dedicated CPU",
                "disk": 360,
                "id": 99,
                "included_traffic": 0,
                "is_deprecated": false,
                "locations": [
                  {
                    "deprecation_announced": "",
                    "id": 1,
                    "is_deprecated": false,
                    "name": "fsn1",
                    "unavailable_after": ""
                  },
                  {
                    "deprecation_announced": "",
                    "id": 2,
                    "is_deprecated": false,
                    "name": "nbg1",
                    "unavailable_after": ""
                  },
                  {
                    "deprecation_announced": "",
                    "id": 3,
                    "is_deprecated": false,
                    "name": "hel1",
                    "unavailable_after": ""
                  },
                  {
                    "deprecation_announced": "",
                    "id": 4,
                    "is_deprecated": false,
                    "name": "ash",
                    "unavailable_after": ""
                  },
                  {
                    "deprecation_announced": "",
                    "id": 5,
                    "is_deprecated": false,
                    "name": "hil",
                    "unavailable_after": ""
                  },
                  {
                    "deprecation_announced": "",
                    "id": 6,
                    "is_deprecated": false,
                    "name": "sin",
                    "unavailable_after": ""
                  }
                ],
                "memory": 64,
                "name": "ccx43",
                "storage_type": "local",
                "unavailable_after": ""
              },
              {
                "architecture": "x86",
                "category": "general_purpose",
                "cores": 32,
                "cpu_type": "dedicated",
                "deprecation_announced": "",
                "description": "CCX53 Dedicated CPU",
                "disk": 600,
                "id": 100,
                "included_traffic": 0,
                "is_deprecated": false,
                "locations": [
                  {
                    "deprecation_announced": "",
                    "id": 1,
                    "is_deprecated": false,
                    "name": "fsn1",
                    "unavailable_after": ""
                  },
                  {
                    "deprecation_announced": "",
                    "id": 2,
                    "is_deprecated": false,
                    "name": "nbg1",
                    "unavailable_after": ""
                  },
                  {
                    "deprecation_announced": "",
                    "id": 3,
                    "is_deprecated": false,
                    "name": "hel1",
                    "unavailable_after": ""
                  },
                  {
                    "deprecation_announced": "",
                    "id": 4,
                    "is_deprecated": false,
                    "name": "ash",
                    "unavailable_after": ""
                  },
                  {
                    "deprecation_announced": "",
                    "id": 5,
                    "is_deprecated": false,
                    "name": "hil",
                    "unavailable_after": ""
                  },
                  {
                    "deprecation_announced": "",
                    "id": 6,
                    "is_deprecated": false,
                    "name": "sin",
                    "unavailable_after": ""
                  }
                ],
                "memory": 128,
                "name": "ccx53",
                "storage_type": "local",
                "unavailable_after": ""
              },
              {
                "architecture": "x86",
                "category": "general_purpose",
                "cores": 48,
                "cpu_type": "dedicated",
                "deprecation_announced": "",
                "description": "CCX63 Dedicated CPU",
                "disk": 960,
                "id": 101,
                "included_traffic": 0,
                "is_deprecated": false,
                "locations": [
                  {
                    "deprecation_announced": "",
                    "id": 1,
                    "is_deprecated": false,
                    "name": "fsn1",
                    "unavailable_after": ""
                  },
                  {
                    "deprecation_announced": "",
                    "id": 2,
                    "is_deprecated": false,
                    "name": "nbg1",
                    "unavailable_after": ""
                  },
                  {
                    "deprecation_announced": "",
                    "id": 3,
                    "is_deprecated": false,
                    "name": "hel1",
                    "unavailable_after": ""
                  },
                  {
                    "deprecation_announced": "",
                    "id": 4,
                    "is_deprecated": false,
                    "name": "ash",
                    "unavailable_after": ""
                  },
                  {
                    "deprecation_announced": "",
                    "id": 5,
                    "is_deprecated": false,
                    "name": "hil",
                    "unavailable_after": ""
                  },
                  {
                    "deprecation_announced": "",
                    "id": 6,
                    "is_deprecated": false,
                    "name": "sin",
                    "unavailable_after": ""
                  }
                ],
                "memory": 192,
                "name": "ccx63",
                "storage_type": "local",
                "unavailable_after": ""
              },
              {
                "architecture": "x86",
                "category": "cost_optimized",
                "cores": 2,
                "cpu_type": "shared",
                "deprecation_announced": "2025-10-16T06:00:00Z",
                "description": "CX22",
                "disk": 40,
                "id": 104,
                "included_traffic": 0,
                "is_deprecated": true,
                "locations": [
                  {
                    "deprecation_announced": "2025-10-16T06:00:00Z",
                    "id": 1,
                    "is_deprecated": true,
                    "name": "fsn1",
                    "unavailable_after": "2025-12-31T23:59:59Z"
                  },
                  {
                    "deprecation_announced": "2025-10-16T06:00:00Z",
                    "id": 2,
                    "is_deprecated": true,
                    "name": "nbg1",
                    "unavailable_after": "2025-12-31T23:59:59Z"
                  },
                  {
                    "deprecation_announced": "2025-10-16T06:00:00Z",
                    "id": 3,
                    "is_deprecated": true,
                    "name": "hel1",
                    "unavailable_after": "2025-12-31T23:59:59Z"
                  }
                ],
                "memory": 4,
                "name": "cx22",
                "storage_type": "local",
                "unavailable_after": "2025-12-31T23:59:59Z"
              },
              {
                "architecture": "x86",
                "category": "cost_optimized",
                "cores": 4,
                "cpu_type": "shared",
                "deprecation_announced": "2025-10-16T06:00:00Z",
                "description": "CX32",
                "disk": 80,
                "id": 105,
                "included_traffic": 0,
                "is_deprecated": true,
                "locations": [
                  {
                    "deprecation_announced": "2025-10-16T06:00:00Z",
                    "id": 1,
                    "is_deprecated": true,
                    "name": "fsn1",
                    "unavailable_after": "2025-12-31T23:59:59Z"
                  },
                  {
                    "deprecation_announced": "2025-10-16T06:00:00Z",
                    "id": 2,
                    "is_deprecated": true,
                    "name": "nbg1",
                    "unavailable_after": "2025-12-31T23:59:59Z"
                  },
                  {
                    "deprecation_announced": "2025-10-16T06:00:00Z",
                    "id": 3,
                    "is_deprecated": true,
                    "name": "hel1",
                    "unavailable_after": "2025-12-31T23:59:59Z"
                  }
                ],
                "memory": 8,
                "name": "cx32",
                "storage_type": "local",
                "unavailable_after": "2025-12-31T23:59:59Z"
              },
              {
                "architecture": "x86",
                "category": "cost_optimized",
                "cores": 8,
                "cpu_type": "shared",
                "deprecation_announced": "2025-10-16T06:00:00Z",
                "description": "CX42",
                "disk": 160,
                "id": 106,
                "included_traffic": 0,
                "is_deprecated": true,
                "locations": [
                  {
                    "deprecation_announced": "2025-10-16T06:00:00Z",
                    "id": 1,
                    "is_deprecated": true,
                    "name": "fsn1",
                    "unavailable_after": "2025-12-31T23:59:59Z"
                  },
                  {
                    "deprecation_announced": "2025-10-16T06:00:00Z",
                    "id": 2,
                    "is_deprecated": true,
                    "name": "nbg1",
                    "unavailable_after": "2025-12-31T23:59:59Z"
                  },
                  {
                    "deprecation_announced": "2025-10-16T06:00:00Z",
                    "id": 3,
                    "is_deprecated": true,
                    "name": "hel1",
                    "unavailable_after": "2025-12-31T23:59:59Z"
                  }
                ],
                "memory": 16,
                "name": "cx42",
                "storage_type": "local",
                "unavailable_after": "2025-12-31T23:59:59Z"
              },
              {
                "architecture": "x86",
                "category": "cost_optimized",
                "cores": 16,
                "cpu_type": "shared",
                "deprecation_announced": "2025-10-16T06:00:00Z",
                "description": "CX52",
                "disk": 320,
                "id": 107,
                "included_traffic": 0,
                "is_deprecated": true,
                "locations": [
                  {
                    "deprecation_announced": "2025-10-16T06:00:00Z",
                    "id": 1,
                    "is_deprecated": true,
                    "name": "fsn1",
                    "unavailable_after": "2025-12-31T23:59:59Z"
                  },
                  {
                    "deprecation_announced": "2025-10-16T06:00:00Z",
                    "id": 2,
                    "is_deprecated": true,
                    "name": "nbg1",
                    "unavailable_after": "2025-12-31T23:59:59Z"
                  },
                  {
                    "deprecation_announced": "2025-10-16T06:00:00Z",
                    "id": 3,
                    "is_deprecated": true,
                    "name": "hel1",
                    "unavailable_after": "2025-12-31T23:59:59Z"
                  }
                ],
                "memory": 32,
                "name": "cx52",
                "storage_type": "local",
                "unavailable_after": "2025-12-31T23:59:59Z"
              },
              {
                "architecture": "x86",
                "category": "regular_purpose",
                "cores": 1,
                "cpu_type": "shared",
                "deprecation_announced": "",
                "description": "CPX 12",
                "disk": 40,
                "id": 108,
                "included_traffic": 0,
                "is_deprecated": false,
                "locations": [
                  {
                    "deprecation_announced": "",
                    "id": 6,
                    "is_deprecated": false,
                    "name": "sin",
                    "unavailable_after": ""
                  }
                ],
                "memory": 2,
                "name": "cpx12",
                "storage_type": "local",
                "unavailable_after": ""
              },
              {
                "architecture": "x86",
                "category": "regular_purpose",
                "cores": 2,
                "cpu_type": "shared",
                "deprecation_announced": "",
                "description": "CPX 22",
                "disk": 80,
                "id": 109,
                "included_traffic": 0,
                "is_deprecated": false,
                "locations": [
                  {
                    "deprecation_announced": "",
                    "id": 1,
                    "is_deprecated": false,
                    "name": "fsn1",
                    "unavailable_after": ""
                  },
                  {
                    "deprecation_announced": "",
                    "id": 2,
                    "is_deprecated": false,
                    "name": "nbg1",
                    "unavailable_after": ""
                  },
                  {
                    "deprecation_announced": "",
                    "id": 3,
                    "is_deprecated": false,
                    "name": "hel1",
                    "unavailable_after": ""
                  },
                  {
                    "deprecation_announced": "",
                    "id": 6,
                    "is_deprecated": false,
                    "name": "sin",
                    "unavailable_after": ""
                  }
                ],
                "memory": 4,
                "name": "cpx22",
                "storage_type": "local",
                "unavailable_after": ""
              },
              {
                "architecture": "x86",
                "category": "regular_purpose",
                "cores": 4,
                "cpu_type": "shared",
                "deprecation_announced": "",
                "description": "CPX 32",
                "disk": 160,
                "id": 110,
                "included_traffic": 0,
                "is_deprecated": false,
                "locations": [
                  {
                    "deprecation_announced": "",
                    "id": 1,
                    "is_deprecated": false,
                    "name": "fsn1",
                    "unavailable_after": ""
                  },
                  {
                    "deprecation_announced": "",
                    "id": 2,
                    "is_deprecated": false,
                    "name": "nbg1",
                    "unavailable_after": ""
                  },
                  {
                    "deprecation_announced": "",
                    "id": 3,
                    "is_deprecated": false,
                    "name": "hel1",
                    "unavailable_after": ""
                  },
                  {
                    "deprecation_announced": "",
                    "id": 6,
                    "is_deprecated": false,
                    "name": "sin",
                    "unavailable_after": ""
                  }
                ],
                "memory": 8,
                "name": "cpx32",
                "storage_type": "local",
                "unavailable_after": ""
              },
              {
                "architecture": "x86",
                "category": "regular_purpose",
                "cores": 8,
                "cpu_type": "shared",
                "deprecation_announced": "",
                "description": "CPX 42",
                "disk": 320,
                "id": 111,
                "included_traffic": 0,
                "is_deprecated": false,
                "locations": [
                  {
                    "deprecation_announced": "",
                    "id": 1,
                    "is_deprecated": false,
                    "name": "fsn1",
                    "unavailable_after": ""
                  },
                  {
                    "deprecation_announced": "",
                    "id": 2,
                    "is_deprecated": false,
                    "name": "nbg1",
                    "unavailable_after": ""
                  },
                  {
                    "deprecation_announced": "",
                    "id": 3,
                    "is_deprecated": false,
                    "name": "hel1",
                    "unavailable_after": ""
                  },
                  {
                    "deprecation_announced": "",
                    "id": 6,
                    "is_deprecated": false,
                    "name": "sin",
                    "unavailable_after": ""
                  }
                ],
                "memory": 16,
                "name": "cpx42",
                "storage_type": "local",
                "unavailable_after": ""
              },
              {
                "architecture": "x86",
                "category": "regular_purpose",
                "cores": 12,
                "cpu_type": "shared",
                "deprecation_announced": "",
                "description": "CPX 52",
                "disk": 480,
                "id": 112,
                "included_traffic": 0,
                "is_deprecated": false,
                "locations": [
                  {
                    "deprecation_announced": "",
                    "id": 1,
                    "is_deprecated": false,
                    "name": "fsn1",
                    "unavailable_after": ""
                  },
                  {
                    "deprecation_announced": "",
                    "id": 2,
                    "is_deprecated": false,
                    "name": "nbg1",
                    "unavailable_after": ""
                  },
                  {
                    "deprecation_announced": "",
                    "id": 3,
                    "is_deprecated": false,
                    "name": "hel1",
                    "unavailable_after": ""
                  },
                  {
                    "deprecation_announced": "",
                    "id": 6,
                    "is_deprecated": false,
                    "name": "sin",
                    "unavailable_after": ""
                  }
                ],
                "memory": 24,
                "name": "cpx52",
                "storage_type": "local",
                "unavailable_after": ""
              },
              {
                "architecture": "x86",
                "category": "regular_purpose",
                "cores": 16,
                "cpu_type": "shared",
                "deprecation_announced": "",
                "description": "CPX 62",
                "disk": 640,
                "id": 113,
                "included_traffic": 0,
                "is_deprecated": false,
                "locations": [
                  {
                    "deprecation_announced": "",
                    "id": 1,
                    "is_deprecated": false,
                    "name": "fsn1",
                    "unavailable_after": ""
                  },
                  {
                    "deprecation_announced": "",
                    "id": 2,
                    "is_deprecated": false,
                    "name": "nbg1",
                    "unavailable_after": ""
                  },
                  {
                    "deprecation_announced": "",
                    "id": 3,
                    "is_deprecated": false,
                    "name": "hel1",
                    "unavailable_after": ""
                  },
                  {
                    "deprecation_announced": "",
                    "id": 6,
                    "is_deprecated": false,
                    "name": "sin",
                    "unavailable_after": ""
                  }
                ],
                "memory": 32,
                "name": "cpx62",
                "storage_type": "local",
                "unavailable_after": ""
              },
              {
                "architecture": "x86",
                "category": "cost_optimized",
                "cores": 2,
                "cpu_type": "shared",
                "deprecation_announced": "",
                "description": "CX 23",
                "disk": 40,
                "id": 114,
                "included_traffic": 0,
                "is_deprecated": false,
                "locations": [
                  {
                    "deprecation_announced": "",
                    "id": 1,
                    "is_deprecated": false,
                    "name": "fsn1",
                    "unavailable_after": ""
                  },
                  {
                    "deprecation_announced": "",
                    "id": 2,
                    "is_deprecated": false,
                    "name": "nbg1",
                    "unavailable_after": ""
                  },
                  {
                    "deprecation_announced": "",
                    "id": 3,
                    "is_deprecated": false,
                    "name": "hel1",
                    "unavailable_after": ""
                  }
                ],
                "memory": 4,
                "name": "cx23",
                "storage_type": "local",
                "unavailable_after": ""
              },
              {
                "architecture": "x86",
                "category": "cost_optimized",
                "cores": 4,
                "cpu_type": "shared",
                "deprecation_announced": "",
                "description": "CX 33",
                "disk": 80,
                "id": 115,
                "included_traffic": 0,
                "is_deprecated": false,
                "locations": [
                  {
                    "deprecation_announced": "",
                    "id": 1,
                    "is_deprecated": false,
                    "name": "fsn1",
                    "unavailable_after": ""
                  },
                  {
                    "deprecation_announced": "",
                    "id": 2,
                    "is_deprecated": false,
                    "name": "nbg1",
                    "unavailable_after": ""
                  },
                  {
                    "deprecation_announced": "",
                    "id": 3,
                    "is_deprecated": false,
                    "name": "hel1",
                    "unavailable_after": ""
                  }
                ],
                "memory": 8,
                "name": "cx33",
                "storage_type": "local",
                "unavailable_after": ""
              },
              {
                "architecture": "x86",
                "category": "cost_optimized",
                "cores": 8,
                "cpu_type": "shared",
                "deprecation_announced": "",
                "description": "CX 43",
                "disk": 160,
                "id": 116,
                "included_traffic": 0,
                "is_deprecated": false,
                "locations": [
                  {
                    "deprecation_announced": "",
                    "id": 1,
                    "is_deprecated": false,
                    "name": "fsn1",
                    "unavailable_after": ""
                  },
                  {
                    "deprecation_announced": "",
                    "id": 2,
                    "is_deprecated": false,
                    "name": "nbg1",
                    "unavailable_after": ""
                  },
                  {
                    "deprecation_announced": "",
                    "id": 3,
                    "is_deprecated": false,
                    "name": "hel1",
                    "unavailable_after": ""
                  }
                ],
                "memory": 16,
                "name": "cx43",
                "storage_type": "local",
                "unavailable_after": ""
              },
              {
                "architecture": "x86",
                "category": "cost_optimized",
                "cores": 16,
                "cpu_type": "shared",
                "deprecation_announced": "",
                "description": "CX 53",
                "disk": 320,
                "id": 117,
                "included_traffic": 0,
                "is_deprecated": false,
                "locations": [
                  {
                    "deprecation_announced": "",
                    "id": 1,
                    "is_deprecated": false,
                    "name": "fsn1",
                    "unavailable_after": ""
                  },
                  {
                    "deprecation_announced": "",
                    "id": 2,
                    "is_deprecated": false,
                    "name": "nbg1",
                    "unavailable_after": ""
                  },
                  {
                    "deprecation_announced": "",
                    "id": 3,
                    "is_deprecated": false,
                    "name": "hel1",
                    "unavailable_after": ""
                  }
                ],
                "memory": 32,
                "name": "cx53",
                "storage_type": "local",
                "unavailable_after": ""
              }
            ]
          },
          "sensitive_attributes": []
        }
      ]
    },
    {
      "module": "module.tenant",
      "mode": "managed",
      "type": "cloudflare_dns_record",
      "name": "faraday",
      "provider": "module.tenant.provider[\"registry.terraform.io/cloudflare/cloudflare\"]",
      "instances": [
        {
          "schema_version": 0,
          "attributes": {
            "comment": null,
            "comment_modified_on": null,
            "content": "157.180.88.232",
            "created_on": "2025-10-16T13:19:06Z",
            "data": null,
            "id": "8563d288ce8b2af0fc0cec042ca9044e",
            "meta": "{}",
            "modified_on": "2025-10-16T13:19:06Z",
            "name": "faraday.spm.openshield.io",
            "priority": null,
            "proxiable": true,
            "proxied": false,
            "settings": {
              "flatten_cname": null,
              "ipv4_only": null,
              "ipv6_only": null
            },
            "tags": [],
            "tags_modified_on": null,
            "ttl": 3600,
            "type": "A",
            "zone_id": "f92c4f6137dffe0e40aa658cc70e3fa8"
          },
          "sensitive_attributes": [],
          "dependencies": [
            "module.tenant.data.cloudflare_zone.openshield",
            "module.tenant.data.hcloud_server_type.selected",
            "module.tenant.data.hcloud_server_types.all",
            "module.tenant.hcloud_server.tenant_server",
            "module.tenant.hcloud_ssh_key.ssh_key",
            "module.tenant.tls_private_key.ssh_key"
          ]
        }
      ]
    },
    {
      "module": "module.tenant",
      "mode": "managed",
      "type": "hcloud_server",
      "name": "tenant_server",
      "provider": "module.tenant.provider[\"registry.terraform.io/hetznercloud/hcloud\"]",
      "instances": [
        {
          "schema_version": 0,
          "attributes": {
            "allow_deprecated_images": false,
            "backup_window": "",
            "backups": false,
            "datacenter": "hel1-dc2",
            "delete_protection": false,
            "firewall_ids": [],
            "id": "110908460",
            "ignore_remote_firewall_ids": false,
            "image": "ubuntu-22.04",
            "ipv4_address": "157.180.88.232",
            "ipv6_address": "2a01:4f9:c013:feed::1",
            "ipv6_network": "2a01:4f9:c013:feed::/64",
            "iso": null,
            "keep_disk": false,
            "labels": {
              "solution": "spm",
              "tenant": "demo"
            },
            "location": "hel1",
            "name": "spm-tenant-demo",
            "network": [],
            "placement_group_id": 0,
            "primary_disk_size": 80,
            "public_net": [],
            "rebuild_protection": false,
            "rescue": null,
            "server_type": "cpx21",
            "shutdown_before_deletion": false,
            "ssh_keys": [
              "103187414"
            ],
            "status": "running",
            "timeouts": null,
            "user_data": "P77bnidYkLcuj8MvKExAnLQvLbY="
          },
          "sensitive_attributes": [],
          "private": "eyJlMmJmYjczMC1lY2FhLTExZTYtOGY4OC0zNDM2M2JjN2M0YzAiOnsiY3JlYXRlIjo1NDAwMDAwMDAwMDAwfX0=",
          "dependencies": [
            "module.tenant.data.hcloud_server_type.selected",
            "module.tenant.data.hcloud_server_types.all",
            "module.tenant.hcloud_ssh_key.ssh_key",
            "module.tenant.tls_private_key.ssh_key"
          ]
        }
      ]
    },
    {
      "module": "module.tenant",
      "mode": "managed",
      "type": "hcloud_ssh_key",
      "name": "ssh_key",
      "provider": "module.tenant.provider[\"registry.terraform.io/hetznercloud/hcloud\"]",
      "instances": [
        {
          "schema_version": 0,
          "attributes": {
            "fingerprint": "87:4f:37:c4:4f:e0:30:80:a3:9d:2b:de:4d:f2:b5:7c",
            "id": "103187414",
            "labels": {
              "solution": "spm",
              "tenant": "demo"
            },
            "name": "demo-ssh-key",
            "public_key": "ssh-rsa AAAAB3NzaC1yc2EAAAADAQABAAACAQC/rwnLAOc7jWYtQPc976Y5lq77fkkXaRudmlfWLBZVGk8SFVP8tnRKSHUsD6+440vGH8LYFjGbLNXVBtYRsSp1bKefz48L8pBMoywx2QfXeugpk/TAurS3atLbjcR0CO4Yx6rO8YHmoWYUz5G1j85RiioM3SnwhTmVLkaenv3hTxSGUA3WZlL0K4GB50gy3NNX0WiwJO5GT9SBE45MmbwFz0s4gEL2A9Vrb0lwn1iSQSR+a5WwZ5ZLkVfPS81j0lStiux45a+zMyfHeiB6o1H88qz/ODBSAg9HJwyrwdTpW+0tC0iA6SklJrp1kfrOl2gZj78odfiT4apb8jlsv2MkGrHLLF0OuCRO0F4cj2Ni1H9Q31gaIF0haS4o6j13fnv9xKXZT8cPKhyF0NS38Zn+DVOag3H7N0nsVd9rUNAxFiFjmUZJyJSbeAYa5yfu+RzRIfE3uqP+IxR0GzpfKh1elybtDo3SpO6qufDPHU7ZbHv9EQGDkdOodx2YTXuoPhR3ZdrJnbcBkLGvFUyWumJdZH6rdZlA1DsDVUMHTiV32p9ffiq6dE1UC8t74FtcfB+VT6wLHxTUeB3xCvh4XazhprnzsuD7FGqgPiXO21pb16IUdinpanvFDMQ4vOYwkHra8D/QoI9TM9kBt52rHGW6Jdp1P7U1grHx5RekGZCmVQ==\n"
          },
          "sensitive_attributes": [],
          "dependencies": [
            "module.tenant.tls_private_key.ssh_key"
          ]
        }
      ]
    },
    {
      "module": "module.tenant",
      "mode": "managed",
      "type": "hcloud_volume",
      "name": "tenant_volume",
      "provider": "module.tenant.provider[\"registry.terraform.io/hetznercloud/hcloud\"]",
      "instances": [
        {
          "schema_version": 0,
          "attributes": {
            "automount": true,
            "delete_protection": false,
            "format": "ext4",
            "id": "103747031",
            "labels": {
              "solution": "spm",
              "tenant": "demo"
            },
            "linux_device": "/dev/disk/by-id/scsi-0HC_Volume_103747031",
            "location": "hel1",
            "name": "spm-tenant-demo-volume",
            "server_id": 110908460,
            "size": 50
          },
          "sensitive_attributes": [],
          "private": "bnVsbA==",
          "dependencies": [
            "module.tenant.data.hcloud_server_type.selected",
            "module.tenant.data.hcloud_server_types.all",
            "module.tenant.hcloud_server.tenant_server",
            "module.tenant.hcloud_ssh_key.ssh_key",
            "module.tenant.tls_private_key.ssh_key"
          ]
        }
      ]
    },
    {
      "module": "module.tenant",
      "mode": "managed",
      "type": "local_file",
      "name": "configure_faraday_nginx_sh",
      "provider": "provider[\"registry.terraform.io/hashicorp/local\"]",
      "instances": [
        {
          "schema_version": 0,
          "attributes": {
            "content": "# !/bin/bash\n\n# Check if Nginx is installed\nif ! command -v nginx \u0026\u003e /dev/null; then\n    echo \"Nginx is not installed. Please run the install-nginx.sh script first.\"\n    exit 1\nfi\n\n# Request LetsEncrypt certificate for the domain\nsudo certbot certonly --nginx -d faraday.spm.openshield.io --non-interactive --agree-tos -m certbot@cyberdef.cc --redirect \u003e /opt/faraday/certbot.log 2\u003e\u00261\n\n# Extract certificate and key paths\nCERT_PATH=$(grep -iE 'certificate is saved at:' /opt/faraday/certbot.log | awk '{print $5}')\nKEY_PATH=$(grep -iE 'key is saved at:' /opt/faraday/certbot.log | awk '{print $5}')\nif [[ -z \"$CERT_PATH\" || -z \"$KEY_PATH\" ]]; then\n    echo \"Failed to obtain SSL certificate. Check certbot log at /opt/faraday/certbot.log\"\n    exit 1\nfi\n\n# Generate Nginx configuration for Faraday\necho y | faraday-manage generate-nginx-config --fqdn faraday.spm.openshield.io --port 5985 --ws-port 9000 --ssl-certificate $CERT_PATH --ssl-key $KEY_PATH | awk 'BEGIN{p=0} /^NGINX Config$/{getline; getline; p=1} p{print}' \u003e /opt/faraday/faraday.conf 2\u003e\u00261\n\n# Move the generated config to Nginx sites-available\nsudo mv /opt/faraday/faraday.conf /etc/nginx/sites-available/faraday.conf\nsudo ln -sf /etc/nginx/sites-available/faraday.conf /etc/nginx/sites-enabled/faraday.conf\n\n# Test Nginx configuration\nsudo nginx -t\nif [[ $? -ne 0 ]]; then\n    echo \"Nginx configuration test failed. Please check the configuration file.\"\n    exit 1\nfi\n\n# Reload Nginx to apply the new configuration\nsudo systemctl reload nginx",
            "content_base64": null,
            "content_base64sha256": "a8nRH1md328Vux0WSrpZ40w6N2McIYKx+m3xiRH7+nE=",
            "content_base64sha512": "iTB7vFEivkUtIKUTzyTtEnTgWUf3SQX0TrT6fJf6LVu2VydhLdvEeEo/jz7xI+GdcgPQp5f7hCDfM6w1fJwd9w==",
            "content_md5": "ec6c6013593480a491ba5688f686f042",
            "content_sha1": "ace279fea754dab0f696b9022db23da1eea1aba3",
            "content_sha256": "6bc9d11f599ddf6f15bb1d164aba59e34c3a37631c2182b1fa6df18911fbfa71",
            "content_sha512": "89307bbc5122be452d20a513cf24ed1274e05947f74905f44eb4fa7c97fa2d5bb65727612ddbc4784a3f8f3ef123e19d7203d0a797fb8420df33ac357c9c1df7",
            "directory_permission": "0777",
            "file_permission": "0777",
            "filename": "modules/tenant/_rendered/configure-faraday-nginx.sh",
            "id": "ace279fea754dab0f696b9022db23da1eea1aba3",
            "sensitive_content": null,
            "source": null
          },
          "sensitive_attributes": []
        }
      ]
    },
    {
      "module": "module.tenant",
      "mode": "managed",
      "type": "local_file",
      "name": "install_faraday_sh",
      "provider": "provider[\"registry.terraform.io/hashicorp/local\"]",
      "instances": [
        {
          "schema_version": 0,
          "attributes": {
            "content": "# !/bin/bash\n\n# A helper script to install Faraday on an Ubuntu server.\n# OS: Ubuntu 20.04 or later\n# Usage: ./install-faraday.sh \u003cVERSION|latest\u003e\n# Example: ./install-faraday.sh latest\n#\n# Author: YordanOpenShield\n\n# Arguments\nif [[ -z \"$1\" ]]; then\n    echo \"Usage: $0 \u003cVERSION|latest\u003e\"\n    exit 1\nfi\nVERSION=\"$1\"\n\n# Update package lists\nsudo apt-get update\n\n# Create necessary directories\nsudo mkdir -p /opt/faraday\ncd /opt/faraday\n\n# Get latest version tag\nVERSION=latest\nif [[ \"$VERSION\" == \"latest\" ]]; then\n    echo \"Fetching latest version from GitHub...\"\n    VERSION=$(curl -s https://api.github.com/repos/infobyte/faraday/releases/latest | grep -oP '\"tag_name\":\\s*\"\\K(.*)(?=\")')\n    if [[ -z \"$VERSION\" ]]; then\n        echo \"Failed to fetch latest version.\"\n        exit 1\n    fi\n    echo \"Latest version is $VERSION\"\nfi\n\n# Download Faraday\nsudo wget https://github.com/infobyte/faraday/releases/download/$VERSION/faraday-server_amd64.deb\n\n# Make sure dependencies are installed\nsudo apt-get install -y postgresql redis python3 python3-pip\n\n# Install Faraday\nsudo dpkg -i /opt/faraday/faraday-server_amd64.deb || sudo apt install -f /opt/faraday/faraday-server_amd64.deb\n\n# Add current user to faraday group\nsudo usermod -aG faraday $(whoami)\n\n# Initialize Faraday database\nfaraday-manage initdb\n\n# Change faraday's admin password\nfaraday-manage change-password --username faraday --password zFdWZ9FZt_mkFzGO\n\n# Start and enable Faraday services\nsystemctl start faraday-server\nsystemctl enable faraday-server\n\nsystemctl start faraday-worker\nsystemctl enable faraday-worker\n\nsystemctl start faraday-worker-reports\nsystemctl enable faraday-worker-reports\n\n# Make sure Faraday is running\nif systemctl is-active --quiet faraday-server; then\n    echo \"Faraday server is running.\"\nelse\n    echo \"Faraday server failed to start.\"\n    exit 1\nfi",
            "content_base64": null,
            "content_base64sha256": "0/734yDDC0L3ACfPoqBU8D37txRof5yIsjtnj16ZD8k=",
            "content_base64sha512": "Sy8U02OOmJ9SK4H+o+4cT/P6E4s5qIPNoeLC3C67LHWMiPMFskUzzMWzNmWJn97AJQjqGMdoUtxdhz2bFsCPag==",
            "content_md5": "4555cd2117e3b871387cb31891a264ca",
            "content_sha1": "7cd06f4bdd33611bde0876970be7abfb9a44dfd4",
            "content_sha256": "d3fef7e320c30b42f70027cfa2a054f03dfbb714687f9c88b23b678f5e990fc9",
            "content_sha512": "4b2f14d3638e989f522b81fea3ee1c4ff3fa138b39a883cda1e2c2dc2ebb2c758c88f305b24533ccc5b33665899fdec02508ea18c76852dc5d873d9b16c08f6a",
            "directory_permission": "0777",
            "file_permission": "0777",
            "filename": "modules/tenant/_rendered/install-faraday.sh",
            "id": "7cd06f4bdd33611bde0876970be7abfb9a44dfd4",
            "sensitive_content": null,
            "source": null
          },
          "sensitive_attributes": [
            [
              {
                "type": "get_attr",
                "value": "content"
              }
            ]
          ],
          "dependencies": [
            "module.tenant.random_password.faraday_password"
          ]
        }
      ]
    },
    {
      "module": "module.tenant",
      "mode": "managed",
      "type": "local_file",
      "name": "install_nginx_sh",
      "provider": "provider[\"registry.terraform.io/hashicorp/local\"]",
      "instances": [
        {
          "schema_version": 0,
          "attributes": {
            "content": "# !/bin/bash\n\n# Install Nginx\nsudo apt-get update\nsudo apt-get install -y nginx\nsudo systemctl start nginx\nsudo systemctl enable nginx\n\n# Install certbot\nsudo apt-get install -y certbot python3-certbot-nginx\n\n# Adjust firewall to allow HTTP and HTTPS traffic\nsudo ufw allow http\nsudo ufw allow https",
            "content_base64": null,
            "content_base64sha256": "fcUzYhwwezsI4U6aQmTi17TJwy1tHNWIsrY/fr48Iks=",
            "content_base64sha512": "psoCa0OYzxL7gE+l5ZTXPiYmv/9daIe86AsxfC6RzprjapYrUpTnVz3+MJHwpaiDPkZLMmqcAMgc42g8KzcnQA==",
            "content_md5": "1f1c8cc2862ad50f915cf7313e27441d",
            "content_sha1": "18439fd5d884a92015585d9b759b1c051c14d837",
            "content_sha256": "7dc533621c307b3b08e14e9a4264e2d7b4c9c32d6d1cd588b2b63f7ebe3c224b",
            "content_sha512": "a6ca026b4398cf12fb804fa5e594d73e2626bfff5d6887bce80b317c2e91ce9ae36a962b5294e7573dfe3091f0a5a8833e464b326a9c00c81ce3683c2b372740",
            "directory_permission": "0777",
            "file_permission": "0777",
            "filename": "modules/tenant/_rendered/install-nginx.sh",
            "id": "18439fd5d884a92015585d9b759b1c051c14d837",
            "sensitive_content": null,
            "source": null
          },
          "sensitive_attributes": []
        }
      ]
    },
    {
      "module": "module.tenant",
      "mode": "managed",
      "type": "null_resource",
      "name": "provision_faraday_scripts",
      "provider": "provider[\"registry.terraform.io/hashicorp/null\"]",
      "instances": [
        {
          "status": "tainted",
          "schema_version": 0,
          "attributes": {
            "id": "3066190738214810178",
            "triggers": null
          },
          "sensitive_attributes": [],
          "dependencies": [
            "module.tenant.cloudflare_dns_record.faraday",
            "module.tenant.hcloud_server.tenant_server",
            "module.tenant.local_file.configure_faraday_nginx_sh",
            "module.tenant.local_file.install_faraday_sh",
            "module.tenant.local_file.install_nginx_sh",
            "module.tenant.random_password.faraday_password",
            "module.tenant.tls_private_key.ssh_key"
          ]
        }
      ]
    },
    {
      "module": "module.tenant",
      "mode": "managed",
      "type": "random_password",
      "name": "faraday_password",
      "provider": "provider[\"registry.terraform.io/hashicorp/random\"]",
      "instances": [
        {
          "schema_version": 3,
          "attributes": {
            "bcrypt_hash": "$2a$10$o8Q3jjMNDO2vThURHyTO8udIHvCKY7NLfCR3I1L0QyMwIq.XZAgKS",
            "id": "none",
            "keepers": null,
            "length": 16,
            "lower": true,
            "min_lower": 0,
            "min_numeric": 0,
            "min_special": 0,
            "min_upper": 0,
            "number": true,
            "numeric": true,
            "override_special": "_%@",
            "result": "zFdWZ9FZt_mkFzGO",
            "special": true,
            "upper": true
          },
          "sensitive_attributes": []
        }
      ]
    },
    {
      "module": "module.tenant",
      "mode": "managed",
      "type": "tls_private_key",
      "name": "ssh_key",
      "provider": "provider[\"registry.terraform.io/hashicorp/tls\"]",
      "instances": [
        {
          "schema_version": 1,
          "attributes": {
            "algorithm": "RSA",
            "ecdsa_curve": "P224",
            "id": "f6465c444cf07c8ca94483aa9f5349d9753c8638",
            "private_key_openssh": "-----BEGIN OPENSSH PRIVATE KEY-----\nb3BlbnNzaC1rZXktdjEAAAAABG5vbmUAAAAEbm9uZQAAAAAAAAABAAACFwAAAAdz\nc2gtcnNhAAAAAwEAAQAAAgEAv68JywDnO41mLUD3Pe+mOZau+35JF2kbnZpX1iwW\nVRpPEhVT/LZ0Skh1LA+vuONLxh/C2BYxmyzV1QbWEbEqdWynn8+PC/KQTKMsMdkH\n13roKZP0wLq0t2rS243EdAjuGMeqzvGB5qFmFM+RtY/OUYoqDN0p8IU5lS5Gnp79\n4U8UhlAN1mZS9CuBgedIMtzTV9FosCTuRk/UgROOTJm8Bc9LOIBC9gPVa29JcJ9Y\nkkEkfmuVsGeWS5FXz0vNY9JUrYrseOWvszMnx3ogeqNR/PKs/zgwUgIPRycMq8HU\n6VvtLQtIgOkpJSa6dZH6zpdoGY+/KHX4k+GqW/I5bL9jJBqxyyxdDrgkTtBeHI9j\nYtR/UN9YGiBdIWkuKOo9d357/cSl2U/HDyochdDUt/GZ/g1TmoNx+zdJ7FXfa1DQ\nMRYhY5lGSciUm3gGGucn7vkc0SHxN7qj/iMUdBs6XyodXpcm7Q6N0qTuqrnwzx1O\n2Wx7/REBg5HTqHcdmE17qD4Ud2XayZ23AZCxrxVMlrpiXWR+q3WZQNQ7A1VDB04l\nd9qfX34qunRNVAvLe+BbXHwflU+sCx8U1Hgd8Qr4eF2s4aa587Lg+xRqoD4lztta\nW9eiFHYp6Wp7xQzEOLzmMJB62vA/0KCPUzPZAbedqxxluiXadT+1NYKx8eUXpBmQ\nplUAAAc4IeWYhCHlmIQAAAAHc3NoLXJzYQAAAgEAv68JywDnO41mLUD3Pe+mOZau\n+35JF2kbnZpX1iwWVRpPEhVT/LZ0Skh1LA+vuONLxh/C2BYxmyzV1QbWEbEqdWyn\nn8+PC/KQTKMsMdkH13roKZP0wLq0t2rS243EdAjuGMeqzvGB5qFmFM+RtY/OUYoq\nDN0p8IU5lS5Gnp794U8UhlAN1mZS9CuBgedIMtzTV9FosCTuRk/UgROOTJm8Bc9L\nOIBC9gPVa29JcJ9YkkEkfmuVsGeWS5FXz0vNY9JUrYrseOWvszMnx3ogeqNR/PKs\n/zgwUgIPRycMq8HU6VvtLQtIgOkpJSa6dZH6zpdoGY+/KHX4k+GqW/I5bL9jJBqx\nyyxdDrgkTtBeHI9jYtR/UN9YGiBdIWkuKOo9d357/cSl2U/HDyochdDUt/GZ/g1T\nmoNx+zdJ7FXfa1DQMRYhY5lGSciUm3gGGucn7vkc0SHxN7qj/iMUdBs6XyodXpcm\n7Q6N0qTuqrnwzx1O2Wx7/REBg5HTqHcdmE17qD4Ud2XayZ23AZCxrxVMlrpiXWR+\nq3WZQNQ7A1VDB04ld9qfX34qunRNVAvLe+BbXHwflU+sCx8U1Hgd8Qr4eF2s4aa5\n87Lg+xRqoD4lzttaW9eiFHYp6Wp7xQzEOLzmMJB62vA/0KCPUzPZAbedqxxluiXa\ndT+1NYKx8eUXpBmQplUAAAADAQABAAACAAC+CJd5qtH6a5sUDyEO3+6Fj93qqkiZ\nIDTaPfbW96ssTYJ9BKgMFaObNKD1p2RbtPwECXjuwd7Skjo5Kyd1/GHobtAmn9L+\nOHxwSu6FsAsWL10uqBoxXuiXu4NQJ2+cZtemH+cEEAQfO31fJGnqMA4oYjga7yhx\n5TwxQ3xZX0a55Xlzrx08CwKZD7vu2lyGds12dfJT4kkknzN0xCG1z4DL21Dq5j3i\n2+ogZZqcppCPO5+MHFAXk2egtqqKpgJgWr8yGrvvhi1EFT/0UB98qTrSi14qdVcL\n9phiJVSdwCZUzc4iQHPUJoc9tCeNmvjYpNv2FSZuw1MUFgw1giI5FFHNjW/sRAng\n0nkNGVXx0csCiIXWBgAP29TYVwoicFpplLk5ChiF0fWudFJbTWK9oUjKd+lwPrg3\nZVw2ueezhHsnkL/hxlZs01wsv5chIGMu6mfT9Ikj2XiTGIaO8AsnxhONdrVARrPE\n6LMD+Kow5dVdjkvwxZpIbburmELm0jjIFHo1+a4yjE2c36qSrmo5fxwgY5Darzst\nbULyoEcQ2vQbieX4SIYFQ/lVpYg7DsQwZerV0Yj/85up9BdK5nnyHIRxLNto0zrO\nFPLbiqVXGSaZvKr8qxRlC4uQxDVVxvfnblBUQU+hbWjKh86AWe7I03V2816c87vs\nVKnwHJW2DaftAAABAF3c9GJztmR86iQeUKPhFOVyS+jX+ITqofBITBuGC2NXuVkZ\nlka1DBr125zUkbQdWnqbfBYpXZDKByTFtzKNOKKV7y/eYneJ5nyG4yt7/2Vf9BuY\nfbgxnbvk32aRVMUL6MDhSiB6p0iQVrUDtYTix7pKOKHPUun31PHXlneafQkvLCJu\nUpYC9r18VTA/3Bkpyuyu4aP712XQ0/XX8EUNgvVt8jbU/8DQWVcOxRdv4fJN62Dr\nWkHXRM/S0XvVY3RGBfMQ76LT9P5e4+HN2amVbb72fzIOhso7waoWxRk0HdBghRcH\n08Xo5LQJ+mRToYPG+iWDfZqhW3wfjKE+5ImlINkAAAEBAPE0W3+jSHxPbNf92JFv\n/Y4xpeOpEmEz2kbtDC5JVtoIitgJf2upes22tUgbFelXjYQluaqFRY8cUSF9YtBc\nYl2+w/ITE0PPpjqwhzFtklOfzrXyM/cweIHXe6VOavCxii1XXNnUHcbejH5CF8Gt\n6M7hfcpYcHkCwBcOvEY1pxy/Cp817S30gmO23HgK21y6BblMzQLzcOCMj7KlP4Hr\nEm7Ztlu8A6xInStbyss41Jly5FEU9cvEAYZaDanLrb4qVyqbyxGBaMH8BbpBBsnY\nls40/Wa4ThysYqH3CdMcNYl3rbDQPW3pTp1Lt96Dt/OOrBjDPV7sVnk5fk3VDTjN\nTusAAAEBAMtxDe6HmWM4D8rMJi46YE49KBy7P/iPp2O7fUkUJsLGjzRO7G86htSg\nta3m+sd6THkje2s5TnRbMDLZ1dgFyjw2zLdRrMWKdGyTOqChPHeBGdzNSsnlRoVM\nP2gzrWX46nZ1eW0OY462bDuZ+cQaHjfd+xJEWq5I1uWsuD0DBq0TXctkvLxRKXZU\nv7REP2OS73l5pH/gQKmbHGXecbmmKM7RQHQKWPx5hJ/Qcibj8jwjE02zGxaWAMbX\naO+hWNuQGqGKTaqdEegqRugNC7SeHU7A4uArvked8vKYOgXtZ1vsn3XdB6kGoTGv\n9Fr7wSvShnn+CcKT8O0KCLJezx+JD78AAAAAAQID\n-----END OPENSSH PRIVATE KEY-----\n",
            "private_key_pem": "-----BEGIN RSA PRIVATE KEY-----\nMIIJJwIBAAKCAgEAv68JywDnO41mLUD3Pe+mOZau+35JF2kbnZpX1iwWVRpPEhVT\n/LZ0Skh1LA+vuONLxh/C2BYxmyzV1QbWEbEqdWynn8+PC/KQTKMsMdkH13roKZP0\nwLq0t2rS243EdAjuGMeqzvGB5qFmFM+RtY/OUYoqDN0p8IU5lS5Gnp794U8UhlAN\n1mZS9CuBgedIMtzTV9FosCTuRk/UgROOTJm8Bc9LOIBC9gPVa29JcJ9YkkEkfmuV\nsGeWS5FXz0vNY9JUrYrseOWvszMnx3ogeqNR/PKs/zgwUgIPRycMq8HU6VvtLQtI\ngOkpJSa6dZH6zpdoGY+/KHX4k+GqW/I5bL9jJBqxyyxdDrgkTtBeHI9jYtR/UN9Y\nGiBdIWkuKOo9d357/cSl2U/HDyochdDUt/GZ/g1TmoNx+zdJ7FXfa1DQMRYhY5lG\nSciUm3gGGucn7vkc0SHxN7qj/iMUdBs6XyodXpcm7Q6N0qTuqrnwzx1O2Wx7/REB\ng5HTqHcdmE17qD4Ud2XayZ23AZCxrxVMlrpiXWR+q3WZQNQ7A1VDB04ld9qfX34q\nunRNVAvLe+BbXHwflU+sCx8U1Hgd8Qr4eF2s4aa587Lg+xRqoD4lzttaW9eiFHYp\n6Wp7xQzEOLzmMJB62vA/0KCPUzPZAbedqxxluiXadT+1NYKx8eUXpBmQplUCAwEA\nAQKCAgAAvgiXearR+mubFA8hDt/uhY/d6qpImSA02j321verLE2CfQSoDBWjmzSg\n9adkW7T8BAl47sHe0pI6OSsndfxh6G7QJp/S/jh8cEruhbALFi9dLqgaMV7ol7uD\nUCdvnGbXph/nBBAEHzt9XyRp6jAOKGI4Gu8oceU8MUN8WV9GueV5c68dPAsCmQ+7\n7tpchnbNdnXyU+JJJJ8zdMQhtc+Ay9tQ6uY94tvqIGWanKaQjzufjBxQF5NnoLaq\niqYCYFq/Mhq774YtRBU/9FAffKk60oteKnVXC/aYYiVUncAmVM3OIkBz1CaHPbQn\njZr42KTb9hUmbsNTFBYMNYIiORRRzY1v7EQJ4NJ5DRlV8dHLAoiF1gYAD9vU2FcK\nInBaaZS5OQoYhdH1rnRSW01ivaFIynfpcD64N2VcNrnns4R7J5C/4cZWbNNcLL+X\nISBjLupn0/SJI9l4kxiGjvALJ8YTjXa1QEazxOizA/iqMOXVXY5L8MWaSG27q5hC\n5tI4yBR6NfmuMoxNnN+qkq5qOX8cIGOQ2q87LW1C8qBHENr0G4nl+EiGBUP5VaWI\nOw7EMGXq1dGI//ObqfQXSuZ58hyEcSzbaNM6zhTy24qlVxkmmbyq/KsUZQuLkMQ1\nVcb3525QVEFPoW1oyofOgFnuyNN1dvNenPO77FSp8ByVtg2n7QKCAQEA8TRbf6NI\nfE9s1/3YkW/9jjGl46kSYTPaRu0MLklW2giK2Al/a6l6zba1SBsV6VeNhCW5qoVF\njxxRIX1i0FxiXb7D8hMTQ8+mOrCHMW2SU5/OtfIz9zB4gdd7pU5q8LGKLVdc2dQd\nxt6MfkIXwa3ozuF9ylhweQLAFw68RjWnHL8KnzXtLfSCY7bceArbXLoFuUzNAvNw\n4IyPsqU/gesSbtm2W7wDrEidK1vKyzjUmXLkURT1y8QBhloNqcutvipXKpvLEYFo\nwfwFukEGydiWzjT9ZrhOHKxiofcJ0xw1iXetsNA9belOnUu33oO3846sGMM9XuxW\neTl+TdUNOM1O6wKCAQEAy3EN7oeZYzgPyswmLjpgTj0oHLs/+I+nY7t9SRQmwsaP\nNE7sbzqG1KC1reb6x3pMeSN7azlOdFswMtnV2AXKPDbMt1GsxYp0bJM6oKE8d4EZ\n3M1KyeVGhUw/aDOtZfjqdnV5bQ5jjrZsO5n5xBoeN937EkRarkjW5ay4PQMGrRNd\ny2S8vFEpdlS/tEQ/Y5LveXmkf+BAqZscZd5xuaYoztFAdApY/HmEn9ByJuPyPCMT\nTbMbFpYAxtdo76FY25AaoYpNqp0R6CpG6A0LtJ4dTsDi4Cu+R53y8pg6Be1nW+yf\ndd0HqQahMa/0WvvBK9KGef4JwpPw7QoIsl7PH4kPvwKCAQBAx3//Ypn4ENi5lYpR\nXRNq2fikkObHxkZMICPSVo4F1p97b+mRv52km/pJ2ERlO8ddA0i+/DX3PnKnnOYp\n8XXVmYNEg0z8PEt3nathYf0XimbYxKiiLZlfvcCOX+YmqHfkv37HXcl1fJWc3yFE\nOfG5hiPjcScbyNpQFvwHmyc7eC9hHPmLCwztvNGvR7MsTyV0Y6T3suvQ0s9Q+kJ5\nIOn9bWklb/RIk+PqHifztlqar5mUER4GUKjcLVlYDcSmuvZYEilSlT/OQWJEaGxr\nT0kJLoAT01HfL4j52MABu6TBO6whPXwSBcPASPKjxxpjRiEAMYdM9AoxWniKbLq1\nU6ZrAoIBAAVVQ147Y8P8Fj3kuCOCGEA0zjZimjyz11l/8rrVsmZsuhhO8VfBGwO7\n6sdSRMSx6gtK6NNYvzvBoDPVDgwJqtGFRjyQAY10IbUu7tyDHYisc7ccEpfUUNLx\nur/KiwMfUVYlojc/p1B4a8HsOWXwoVYplYlXDWGAO1HuAy5mQ+iJl23biC8PmZym\ngBgDqf28Plba33sSr99CV6479JM/TdaOGbhxBQApV1axKizm0NTOvpTM2yruZ7rO\nrsuJWUD4OBp/+6U7VNrXMOCoZuQnOPF1kPz7aJOMCnBdmTfKj2kTfOKkFq1RpSwe\nRrOT4e56KFhOVocpRamRF8VFQvy6pRUCggEAXdz0YnO2ZHzqJB5Qo+EU5XJL6Nf4\nhOqh8EhMG4YLY1e5WRmWRrUMGvXbnNSRtB1aept8FildkMoHJMW3Mo04opXvL95i\nd4nmfIbjK3v/ZV/0G5h9uDGdu+TfZpFUxQvowOFKIHqnSJBWtQO1hOLHuko4oc9S\n6ffU8deWd5p9CS8sIm5SlgL2vXxVMD/cGSnK7K7ho/vXZdDT9dfwRQ2C9W3yNtT/\nwNBZVw7FF2/h8k3rYOtaQddEz9LRe9VjdEYF8xDvotP0/l7j4c3ZqZVtvvZ/Mg6G\nyjvBqhbFGTQd0GCFFwfTxejktAn6ZFOhg8b6JYN9mqFbfB+MoT7kiaUg2Q==\n-----END RSA PRIVATE KEY-----\n",
            "private_key_pem_pkcs8": "-----BEGIN PRIVATE KEY-----\nMIIJQQIBADANBgkqhkiG9w0BAQEFAASCCSswggknAgEAAoICAQC/rwnLAOc7jWYt\nQPc976Y5lq77fkkXaRudmlfWLBZVGk8SFVP8tnRKSHUsD6+440vGH8LYFjGbLNXV\nBtYRsSp1bKefz48L8pBMoywx2QfXeugpk/TAurS3atLbjcR0CO4Yx6rO8YHmoWYU\nz5G1j85RiioM3SnwhTmVLkaenv3hTxSGUA3WZlL0K4GB50gy3NNX0WiwJO5GT9SB\nE45MmbwFz0s4gEL2A9Vrb0lwn1iSQSR+a5WwZ5ZLkVfPS81j0lStiux45a+zMyfH\neiB6o1H88qz/ODBSAg9HJwyrwdTpW+0tC0iA6SklJrp1kfrOl2gZj78odfiT4apb\n8jlsv2MkGrHLLF0OuCRO0F4cj2Ni1H9Q31gaIF0haS4o6j13fnv9xKXZT8cPKhyF\n0NS38Zn+DVOag3H7N0nsVd9rUNAxFiFjmUZJyJSbeAYa5yfu+RzRIfE3uqP+IxR0\nGzpfKh1elybtDo3SpO6qufDPHU7ZbHv9EQGDkdOodx2YTXuoPhR3ZdrJnbcBkLGv\nFUyWumJdZH6rdZlA1DsDVUMHTiV32p9ffiq6dE1UC8t74FtcfB+VT6wLHxTUeB3x\nCvh4XazhprnzsuD7FGqgPiXO21pb16IUdinpanvFDMQ4vOYwkHra8D/QoI9TM9kB\nt52rHGW6Jdp1P7U1grHx5RekGZCmVQIDAQABAoICAAC+CJd5qtH6a5sUDyEO3+6F\nj93qqkiZIDTaPfbW96ssTYJ9BKgMFaObNKD1p2RbtPwECXjuwd7Skjo5Kyd1/GHo\nbtAmn9L+OHxwSu6FsAsWL10uqBoxXuiXu4NQJ2+cZtemH+cEEAQfO31fJGnqMA4o\nYjga7yhx5TwxQ3xZX0a55Xlzrx08CwKZD7vu2lyGds12dfJT4kkknzN0xCG1z4DL\n21Dq5j3i2+ogZZqcppCPO5+MHFAXk2egtqqKpgJgWr8yGrvvhi1EFT/0UB98qTrS\ni14qdVcL9phiJVSdwCZUzc4iQHPUJoc9tCeNmvjYpNv2FSZuw1MUFgw1giI5FFHN\njW/sRAng0nkNGVXx0csCiIXWBgAP29TYVwoicFpplLk5ChiF0fWudFJbTWK9oUjK\nd+lwPrg3ZVw2ueezhHsnkL/hxlZs01wsv5chIGMu6mfT9Ikj2XiTGIaO8AsnxhON\ndrVARrPE6LMD+Kow5dVdjkvwxZpIbburmELm0jjIFHo1+a4yjE2c36qSrmo5fxwg\nY5DarzstbULyoEcQ2vQbieX4SIYFQ/lVpYg7DsQwZerV0Yj/85up9BdK5nnyHIRx\nLNto0zrOFPLbiqVXGSaZvKr8qxRlC4uQxDVVxvfnblBUQU+hbWjKh86AWe7I03V2\n816c87vsVKnwHJW2DaftAoIBAQDxNFt/o0h8T2zX/diRb/2OMaXjqRJhM9pG7Qwu\nSVbaCIrYCX9rqXrNtrVIGxXpV42EJbmqhUWPHFEhfWLQXGJdvsPyExNDz6Y6sIcx\nbZJTn8618jP3MHiB13ulTmrwsYotV1zZ1B3G3ox+QhfBrejO4X3KWHB5AsAXDrxG\nNaccvwqfNe0t9IJjttx4CttcugW5TM0C83DgjI+ypT+B6xJu2bZbvAOsSJ0rW8rL\nONSZcuRRFPXLxAGGWg2py62+Klcqm8sRgWjB/AW6QQbJ2JbONP1muE4crGKh9wnT\nHDWJd62w0D1t6U6dS7feg7fzjqwYwz1e7FZ5OX5N1Q04zU7rAoIBAQDLcQ3uh5lj\nOA/KzCYuOmBOPSgcuz/4j6dju31JFCbCxo80TuxvOobUoLWt5vrHekx5I3trOU50\nWzAy2dXYBco8Nsy3UazFinRskzqgoTx3gRnczUrJ5UaFTD9oM61l+Op2dXltDmOO\ntmw7mfnEGh433fsSRFquSNblrLg9AwatE13LZLy8USl2VL+0RD9jku95eaR/4ECp\nmxxl3nG5pijO0UB0Clj8eYSf0HIm4/I8IxNNsxsWlgDG12jvoVjbkBqhik2qnRHo\nKkboDQu0nh1OwOLgK75HnfLymDoF7Wdb7J913QepBqExr/Ra+8Er0oZ5/gnCk/Dt\nCgiyXs8fiQ+/AoIBAEDHf/9imfgQ2LmVilFdE2rZ+KSQ5sfGRkwgI9JWjgXWn3tv\n6ZG/naSb+knYRGU7x10DSL78Nfc+cqec5inxddWZg0SDTPw8S3edq2Fh/ReKZtjE\nqKItmV+9wI5f5iaod+S/fsddyXV8lZzfIUQ58bmGI+NxJxvI2lAW/AebJzt4L2Ec\n+YsLDO280a9HsyxPJXRjpPey69DSz1D6Qnkg6f1taSVv9EiT4+oeJ/O2WpqvmZQR\nHgZQqNwtWVgNxKa69lgSKVKVP85BYkRobGtPSQkugBPTUd8viPnYwAG7pME7rCE9\nfBIFw8BI8qPHGmNGIQAxh0z0CjFaeIpsurVTpmsCggEABVVDXjtjw/wWPeS4I4IY\nQDTONmKaPLPXWX/yutWyZmy6GE7xV8EbA7vqx1JExLHqC0ro01i/O8GgM9UODAmq\n0YVGPJABjXQhtS7u3IMdiKxztxwSl9RQ0vG6v8qLAx9RViWiNz+nUHhrwew5ZfCh\nVimViVcNYYA7Ue4DLmZD6ImXbduILw+ZnKaAGAOp/bw+VtrfexKv30JXrjv0kz9N\n1o4ZuHEFAClXVrEqLObQ1M6+lMzbKu5nus6uy4lZQPg4Gn/7pTtU2tcw4Khm5Cc4\n8XWQ/Ptok4wKcF2ZN8qPaRN84qQWrVGlLB5Gs5Ph7nooWE5WhylFqZEXxUVC/Lql\nFQKCAQBd3PRic7ZkfOokHlCj4RTlckvo1/iE6qHwSEwbhgtjV7lZGZZGtQwa9duc\n1JG0HVp6m3wWKV2QygckxbcyjTiile8v3mJ3ieZ8huMre/9lX/QbmH24MZ275N9m\nkVTFC+jA4UogeqdIkFa1A7WE4se6Sjihz1Lp99Tx15Z3mn0JLywiblKWAva9fFUw\nP9wZKcrsruGj+9dl0NP11/BFDYL1bfI21P/A0FlXDsUXb+HyTetg61pB10TP0tF7\n1WN0RgXzEO+i0/T+XuPhzdmplW2+9n8yDobKO8GqFsUZNB3QYIUXB9PF6OS0Cfpk\nU6GDxvolg32aoVt8H4yhPuSJpSDZ\n-----END PRIVATE KEY-----\n",
            "public_key_fingerprint_md5": "87:4f:37:c4:4f:e0:30:80:a3:9d:2b:de:4d:f2:b5:7c",
            "public_key_fingerprint_sha256": "SHA256:Bltis8Qm1oReqf/TpIHHaoGOSKspI+1giWiBZrusnuw",
            "public_key_openssh": "ssh-rsa AAAAB3NzaC1yc2EAAAADAQABAAACAQC/rwnLAOc7jWYtQPc976Y5lq77fkkXaRudmlfWLBZVGk8SFVP8tnRKSHUsD6+440vGH8LYFjGbLNXVBtYRsSp1bKefz48L8pBMoywx2QfXeugpk/TAurS3atLbjcR0CO4Yx6rO8YHmoWYUz5G1j85RiioM3SnwhTmVLkaenv3hTxSGUA3WZlL0K4GB50gy3NNX0WiwJO5GT9SBE45MmbwFz0s4gEL2A9Vrb0lwn1iSQSR+a5WwZ5ZLkVfPS81j0lStiux45a+zMyfHeiB6o1H88qz/ODBSAg9HJwyrwdTpW+0tC0iA6SklJrp1kfrOl2gZj78odfiT4apb8jlsv2MkGrHLLF0OuCRO0F4cj2Ni1H9Q31gaIF0haS4o6j13fnv9xKXZT8cPKhyF0NS38Zn+DVOag3H7N0nsVd9rUNAxFiFjmUZJyJSbeAYa5yfu+RzRIfE3uqP+IxR0GzpfKh1elybtDo3SpO6qufDPHU7ZbHv9EQGDkdOodx2YTXuoPhR3ZdrJnbcBkLGvFUyWumJdZH6rdZlA1DsDVUMHTiV32p9ffiq6dE1UC8t74FtcfB+VT6wLHxTUeB3xCvh4XazhprnzsuD7FGqgPiXO21pb16IUdinpanvFDMQ4vOYwkHra8D/QoI9TM9kBt52rHGW6Jdp1P7U1grHx5RekGZCmVQ==\n",
            "public_key_pem": "-----BEGIN PUBLIC KEY-----\nMIICIjANBgkqhkiG9w0BAQEFAAOCAg8AMIICCgKCAgEAv68JywDnO41mLUD3Pe+m\nOZau+35JF2kbnZpX1iwWVRpPEhVT/LZ0Skh1LA+vuONLxh/C2BYxmyzV1QbWEbEq\ndWynn8+PC/KQTKMsMdkH13roKZP0wLq0t2rS243EdAjuGMeqzvGB5qFmFM+RtY/O\nUYoqDN0p8IU5lS5Gnp794U8UhlAN1mZS9CuBgedIMtzTV9FosCTuRk/UgROOTJm8\nBc9LOIBC9gPVa29JcJ9YkkEkfmuVsGeWS5FXz0vNY9JUrYrseOWvszMnx3ogeqNR\n/PKs/zgwUgIPRycMq8HU6VvtLQtIgOkpJSa6dZH6zpdoGY+/KHX4k+GqW/I5bL9j\nJBqxyyxdDrgkTtBeHI9jYtR/UN9YGiBdIWkuKOo9d357/cSl2U/HDyochdDUt/GZ\n/g1TmoNx+zdJ7FXfa1DQMRYhY5lGSciUm3gGGucn7vkc0SHxN7qj/iMUdBs6Xyod\nXpcm7Q6N0qTuqrnwzx1O2Wx7/REBg5HTqHcdmE17qD4Ud2XayZ23AZCxrxVMlrpi\nXWR+q3WZQNQ7A1VDB04ld9qfX34qunRNVAvLe+BbXHwflU+sCx8U1Hgd8Qr4eF2s\n4aa587Lg+xRqoD4lzttaW9eiFHYp6Wp7xQzEOLzmMJB62vA/0KCPUzPZAbedqxxl\nuiXadT+1NYKx8eUXpBmQplUCAwEAAQ==\n-----END PUBLIC KEY-----\n",
            "rsa_bits": 4096
          },
          "sensitive_attributes": []
        }
      ]
    }
  ],
  "check_results": null
}
