{
  "version": 4,
  "terraform_version": "1.5.0",
  "serial": 855,
  "lineage": "2bdfdec5-8c30-28c5-2bba-a5d893c95ad2",
  "outputs": {
    "tenant_faraday_credentials": {
      "value": {
        "password": "kOrUwFepBoU_pQaX",
        "url": "https://faraday.demo.spm.openshield.io",
        "username": "faraday"
      },
      "type": [
        "object",
        {
          "password": "string",
          "url": "string",
          "username": "string"
        }
      ],
      "sensitive": true
    },
    "tenant_host": {
      "value": "157.180.88.232",
      "type": "string"
    },
    "tenant_name": {
      "value": "demo",
      "type": "string"
    },
    "tenant_ssh_private_key": {
      "value": "-----BEGIN RSA PRIVATE KEY-----\nMIIJJwIBAAKCAgEA5Q3pE3mroLvzjiOC2ihAC8yGL7/p2XXKAR861dN8sqLOvtJ+\nQVOGx6BKsBkHAoKZZt6GU1aVOPBKplTdD5LJ29uCv0d3EwasfpOrHA85iwxownuB\nLzX9lzuoTSQEzEVkVPOM3tpkcffPkcbCei7PHrA6LjLnwv2VfaZSG/ehL7drHwdl\n3K24q5uLNmVnApgV2R8WjQHnFSmuaA9qspw6ZQYjQIMDwTnTATxbznefWWxkwXNK\ntgYDFPeceiPB2iiDwT1CWMuihjg83GXruSoOgGxmiV1Xy8ZIctEIb6PB6tI64AXQ\nweO42wKbpo7P5iL6jy8vlH0eQ34lcUsa1n7vgN4PU6AjFnMNQnODLrOEj4sYqPcw\nFy/aTn1y896nUo6TG6wAQqVWHY6sTNlQeSVqjJN/zxVwfmucNvZabMdyz6xrP2fh\nY0zpmOStOdvGYEOP2lVjIhAj7MbauuIkwI/exh2nO/uPk50H1U127nnYagzYRwGn\n+mudLO8zBWxfGoU4BecwaQ5fly/dQk51dyQtdHXKDirzrzMJ2scQnfZjDwfykM/t\neRUU474YY/3chV7zJbzXJ2uQ+FvPiSzinuPjyEVWq1cHBXuntJ552Md3wwyE8kOP\nKiwtwUcz4MUA6HX77Cd6CvJ10hvZTa0R3JyEllr2s7Aj7PbaGVz8NGxa5FsCAwEA\nAQKCAgAKWgprvLwdcQZs/jzb2CWA2FbuJy8N4A1nkejqS1BfkGJl7Fm+tmQpIceO\nVYCOw/vj0sW2VCY9TbAfUUbbp9IjSLSMKXzU/ssNPhDlx+hdWOEOfQoVv0u9Kc84\nNpsC56tE+EF9vC1S8JSlwsT87vWhrkGK30vAcQ5wVckbMMyiPUNZl89/iC2y5ROH\nEKZ1pGLvDkEfe/OyGKakVvdcUsQu1var49/nu9HF71uPerItwUDSdKqZNwSs+L3O\neqQ4VEwUD80vpHsCtDLym6aUwTT+PSfrKFf0l9BOuWoMsEAYzonQ9beoCOnMor20\natA0LJDZ/L4ak1xVR4kF/ujGbd6BWgzIY/ilONhuJO/fvE9XLhPLULRBvpFN6Qo2\nKFaRy5AzdZAO40VfkLjDuc5cQvhdTo/5BtEZ1TgGzCEQIgEzm4j+f6a/kJf1WZRX\n1rWpxkchynbiHtY634ZY8ygXU346/xvc6IP92S/KVx25Af2m/JgaEXQO/GNJOujq\n4UIBABI/1rM385UOId+Gg2ZZF0rTMrWZRQpFwWu18wwgOSwDrdDKbEulpHWTNv2W\nCAvnQ3cfmXlcJk53dkjAsdoQ+PxbpBXh+GZuWq7qV/bOlxpr7+TlueSJ3uRTXSul\n3zXOqEDCKBec7m+alBwf/Y5vlxY+HSS57rjmzsORAJ16/CSXpQKCAQEA+WghvRjG\n4qxf49vCKG69E6fGAfEzl0+QqBp6wZ8LnCiJheK2Y7EaqzD4Ue5juQpoVB7Nuidc\nVKAhVc6e1L7exsbPEPq5p0Y9Gzuh12RC3s08iZ0L/o6CjRfiJhxaulfFWO+ytVDn\n7DmCI9VWY0PvOaOwvNoxXS9XbyzDF4fDBl2GdY5UJHJhCV4H4s9pHNW0xZegxX1u\n/DCEZ6tr6drdPjzOMij8U8clgXXEvHFxf4UDuhi3jJMWovHDuxnxDHVKbWaDcRl/\ncOzsdfdqHMxDUuE9b1+WFg+JAXhbelYiENc1/ks7j70sq/obQVhnRPYA/idl2mFX\nCuYUkT4YkR5BJwKCAQEA6xwK/7fwGX29ds2OCNpfHU7bDK1a1LWg662QTUzHM7PK\nxLuYRV4QYNph1VpFInM4JdtmrJf5094E0R58xGr/DTSXd3NT+hETXgFacYiUL7Z+\n1IvLVBBC4GnhaACE/GNzfkWWWcXdElkTg0ka18IampWM/KLC7Jw5UC96G9WTj1cz\nFbE80d5tZtF6niqSXByohXHT5NE12rqQZ4rT+/H1RU/Oa9xggtn63SiP/RlBpn68\nnc7gm8QBjQ4Wz+MHCSyL840oD5yHQanLo+/oyjAn1rlcoLTg5wnQXaxkKCoz+PN3\njZg6OhhBFZM2tl2cVfGPhhS3sOV5IA3pRAP7MEBbrQKCAQAGM/7S0zDvJlZkNm0H\n0GlHed7E4Zjk5Ie2hqIS+r+xLJjvCYp7xEXjiB5E+2bjjUy2+uUnAh+bwzfRCIiO\nxgiIbR1tUK8ZZ/fRG5SU5Nt86yHcUlmgBS9eDwAC7qWbCN/RrHSHafG6wFtqRL4X\nTfM/PcEBkXO0256TF0vq4+eH2v+jIN0a4vVi5EHR9FKq8u3CFFldUBdYkmRYp7zR\nXi4uhBikyrwr4UIfjCxOe4vVHhvPnxnBl07y0oyJtMV4B9rICcqvH3E5/8qJzJOJ\nD9OE1jFO+dOjzNMdhD7SNh42yQOAxaI/mvbneBsBbw9yeaPgrl4sJkuh68MLMb4u\nrc/1AoIBAHowHNdBtRrKaokv0z1uoDgPH3C7N5WMv5E8pt5FpNGOAzezdzO16zUq\nyeWkAIIi929VU0snwMMHg+FawuUh5mPqjT2bRm2UKkiU03hlzv3tDoVQEeAig182\nJ9txSawR05gwei810esTODzm5Xh0fHcSei9iN4PYvUCbLA8DNKkuXHJNppo7ywfA\nnsVMwrv0ePDBc6pbwG1owFvPntQ1r47SJymPYukeeG4wAoU7dw8cltI9DiZl+5hf\nViO8jY+LA0EUf1l9tB3ALQGKUaWi2VGTDDzJRIlOZGgKjBMDu/cKMXv5PWmr6UdZ\nNvoYNIPGAx1f7weUexrZn/2lRAqTqBECggEAR8mwWSTWBs6KFNYq/rnKAFs57LnN\nul0uXP0byHYYreGjNgpMnMnSXsiDHPoP1xJ9LbyuUMPRaOykoiXfDZSHRuD2oBqI\nPVfNhYjFclg/bWb+YwFzucoKMd6DX9dQ/xBmYaSrJrhrCrWAx2HBHKBtA/Xxb8XC\n9kGifK6O4n/hMToUVFx/3qQ2OiMvaAC9IEi0nrGafLjUmFIiZGQfImw+1oHU2vOC\nl4irWiei5Prv4HDZINDNVpLdPvSHnYgy07wLOw+HW05LZ73CUlS8+hQ7rySiEfMg\nhQKkHS8XCJwpH9f4HaYSZmtm7oY97nbdfwL6E9qFUzoNRs37zEuiOcoiKA==\n-----END RSA PRIVATE KEY-----\n",
      "type": "string",
      "sensitive": true
    },
    "tenant_ssh_public_key": {
      "value": "ssh-rsa AAAAB3NzaC1yc2EAAAADAQABAAACAQDlDekTeaugu/OOI4LaKEALzIYvv+nZdcoBHzrV03yyos6+0n5BU4bHoEqwGQcCgplm3oZTVpU48EqmVN0Pksnb24K/R3cTBqx+k6scDzmLDGjCe4EvNf2XO6hNJATMRWRU84ze2mRx98+RxsJ6Ls8esDouMufC/ZV9plIb96Evt2sfB2Xcrbirm4s2ZWcCmBXZHxaNAecVKa5oD2qynDplBiNAgwPBOdMBPFvOd59ZbGTBc0q2BgMU95x6I8HaKIPBPUJYy6KGODzcZeu5Kg6AbGaJXVfLxkhy0Qhvo8Hq0jrgBdDB47jbApumjs/mIvqPLy+UfR5DfiVxSxrWfu+A3g9ToCMWcw1Cc4Mus4SPixio9zAXL9pOfXLz3qdSjpMbrABCpVYdjqxM2VB5JWqMk3/PFXB+a5w29lpsx3LPrGs/Z+FjTOmY5K0528ZgQ4/aVWMiECPsxtq64iTAj97GHac7+4+TnQfVTXbuedhqDNhHAaf6a50s7zMFbF8ahTgF5zBpDl+XL91CTnV3JC10dcoOKvOvMwnaxxCd9mMPB/KQz+15FRTjvhhj/dyFXvMlvNcna5D4W8+JLOKe4+PIRVarVwcFe6e0nnnYx3fDDITyQ48qLC3BRzPgxQDodfvsJ3oK8nXSG9lNrRHcnISWWvazsCPs9toZXPw0bFrkWw==\n",
      "type": "string"
    }
  },
  "resources": [
    {
      "module": "module.tenant",
      "mode": "data",
      "type": "cloudflare_zone",
      "name": "openshield",
      "provider": "module.tenant.provider[\"registry.terraform.io/cloudflare/cloudflare\"]",
      "instances": [
        {
          "schema_version": 0,
          "attributes": {
            "account": {
              "id": "bca3124de7c86d659a959f06cb35043d",
              "name": "Cloudflare@cyberdef.cc's Account"
            },
            "activated_on": "2025-04-21T11:29:39Z",
            "cname_suffix": null,
            "created_on": "2025-04-21T11:00:21Z",
            "development_mode": 0,
            "filter": {
              "account": null,
              "direction": null,
              "match": null,
              "name": "openshield.io",
              "order": null,
              "status": null
            },
            "id": null,
            "meta": {
              "cdn_only": null,
              "custom_certificate_quota": 0,
              "dns_only": null,
              "foundation_dns": null,
              "page_rule_quota": 3,
              "phishing_detected": false,
              "step": 2
            },
            "modified_on": "2025-04-21T11:29:39Z",
            "name": "openshield.io",
            "name_servers": [
              "kiki.ns.cloudflare.com",
              "lloyd.ns.cloudflare.com"
            ],
            "original_dnshost": null,
            "original_name_servers": [
              "dns1.registrar-servers.com",
              "dns2.registrar-servers.com"
            ],
            "original_registrar": "namecheap, inc. (id: 1068)",
            "owner": {
              "id": null,
              "name": null,
              "type": "user"
            },
            "paused": false,
            "permissions": [
              "#dns_records:edit",
              "#dns_records:read",
              "#zone:read"
            ],
            "plan": {
              "can_subscribe": false,
              "currency": "USD",
              "externally_managed": false,
              "frequency": "",
              "id": "0feeeeeeeeeeeeeeeeeeeeeeeeeeeeee",
              "is_subscribed": false,
              "legacy_discount": false,
              "legacy_id": "free",
              "name": "Free Website",
              "price": 0
            },
            "status": "active",
            "tenant": {
              "id": null,
              "name": null
            },
            "tenant_unit": {
              "id": null
            },
            "type": "full",
            "vanity_name_servers": [],
            "verification_key": null,
            "zone_id": "f92c4f6137dffe0e40aa658cc70e3fa8"
          },
          "sensitive_attributes": []
        }
      ]
    },
    {
      "module": "module.tenant",
      "mode": "data",
      "type": "hcloud_server_type",
      "name": "selected",
      "provider": "module.tenant.provider[\"registry.terraform.io/hetznercloud/hcloud\"]",
      "instances": [
        {
          "index_key": "cpx21",
          "schema_version": 0,
          "attributes": {
            "architecture": "x86",
            "category": "regular_purpose",
            "cores": 3,
            "cpu_type": "shared",
            "deprecation_announced": "",
            "description": "CPX 21",
            "disk": 80,
            "id": 23,
            "included_traffic": 0,
            "is_deprecated": false,
            "locations": [
              {
                "deprecation_announced": "2025-10-16T06:00:00Z",
                "id": 1,
                "is_deprecated": true,
                "name": "fsn1",
                "unavailable_after": "2025-12-31T23:59:59Z"
              },
              {
                "deprecation_announced": "2025-10-16T06:00:00Z",
                "id": 2,
                "is_deprecated": true,
                "name": "nbg1",
                "unavailable_after": "2025-12-31T23:59:59Z"
              },
              {
                "deprecation_announced": "2025-10-16T06:00:00Z",
                "id": 3,
                "is_deprecated": true,
                "name": "hel1",
                "unavailable_after": "2025-12-31T23:59:59Z"
              },
              {
                "deprecation_announced": "",
                "id": 4,
                "is_deprecated": false,
                "name": "ash",
                "unavailable_after": ""
              },
              {
                "deprecation_announced": "",
                "id": 5,
                "is_deprecated": false,
                "name": "hil",
                "unavailable_after": ""
              },
              {
                "deprecation_announced": "2025-10-16T06:00:00Z",
                "id": 6,
                "is_deprecated": true,
                "name": "sin",
                "unavailable_after": "2025-12-31T23:59:59Z"
              }
            ],
            "memory": 4,
            "name": "cpx21",
            "storage_type": "local",
            "unavailable_after": ""
          },
          "sensitive_attributes": []
        },
        {
          "index_key": "cpx22",
          "schema_version": 0,
          "attributes": {
            "architecture": "x86",
            "category": "regular_purpose",
            "cores": 2,
            "cpu_type": "shared",
            "deprecation_announced": "",
            "description": "CPX 22",
            "disk": 80,
            "id": 109,
            "included_traffic": 0,
            "is_deprecated": false,
            "locations": [
              {
                "deprecation_announced": "",
                "id": 1,
                "is_deprecated": false,
                "name": "fsn1",
                "unavailable_after": ""
              },
              {
                "deprecation_announced": "",
                "id": 2,
                "is_deprecated": false,
                "name": "nbg1",
                "unavailable_after": ""
              },
              {
                "deprecation_announced": "",
                "id": 3,
                "is_deprecated": false,
                "name": "hel1",
                "unavailable_after": ""
              },
              {
                "deprecation_announced": "",
                "id": 6,
                "is_deprecated": false,
                "name": "sin",
                "unavailable_after": ""
              }
            ],
            "memory": 4,
            "name": "cpx22",
            "storage_type": "local",
            "unavailable_after": ""
          },
          "sensitive_attributes": []
        },
        {
          "index_key": "cpx31",
          "schema_version": 0,
          "attributes": {
            "architecture": "x86",
            "category": "regular_purpose",
            "cores": 4,
            "cpu_type": "shared",
            "deprecation_announced": "",
            "description": "CPX 31",
            "disk": 160,
            "id": 24,
            "included_traffic": 0,
            "is_deprecated": false,
            "locations": [
              {
                "deprecation_announced": "2025-10-16T06:00:00Z",
                "id": 1,
                "is_deprecated": true,
                "name": "fsn1",
                "unavailable_after": "2025-12-31T23:59:59Z"
              },
              {
                "deprecation_announced": "2025-10-16T06:00:00Z",
                "id": 2,
                "is_deprecated": true,
                "name": "nbg1",
                "unavailable_after": "2025-12-31T23:59:59Z"
              },
              {
                "deprecation_announced": "2025-10-16T06:00:00Z",
                "id": 3,
                "is_deprecated": true,
                "name": "hel1",
                "unavailable_after": "2025-12-31T23:59:59Z"
              },
              {
                "deprecation_announced": "",
                "id": 4,
                "is_deprecated": false,
                "name": "ash",
                "unavailable_after": ""
              },
              {
                "deprecation_announced": "",
                "id": 5,
                "is_deprecated": false,
                "name": "hil",
                "unavailable_after": ""
              },
              {
                "deprecation_announced": "2025-10-16T06:00:00Z",
                "id": 6,
                "is_deprecated": true,
                "name": "sin",
                "unavailable_after": "2025-12-31T23:59:59Z"
              }
            ],
            "memory": 8,
            "name": "cpx31",
            "storage_type": "local",
            "unavailable_after": ""
          },
          "sensitive_attributes": []
        },
        {
          "index_key": "cpx32",
          "schema_version": 0,
          "attributes": {
            "architecture": "x86",
            "category": "regular_purpose",
            "cores": 4,
            "cpu_type": "shared",
            "deprecation_announced": "",
            "description": "CPX 32",
            "disk": 160,
            "id": 110,
            "included_traffic": 0,
            "is_deprecated": false,
            "locations": [
              {
                "deprecation_announced": "",
                "id": 1,
                "is_deprecated": false,
                "name": "fsn1",
                "unavailable_after": ""
              },
              {
                "deprecation_announced": "",
                "id": 2,
                "is_deprecated": false,
                "name": "nbg1",
                "unavailable_after": ""
              },
              {
                "deprecation_announced": "",
                "id": 3,
                "is_deprecated": false,
                "name": "hel1",
                "unavailable_after": ""
              },
              {
                "deprecation_announced": "",
                "id": 6,
                "is_deprecated": false,
                "name": "sin",
                "unavailable_after": ""
              }
            ],
            "memory": 8,
            "name": "cpx32",
            "storage_type": "local",
            "unavailable_after": ""
          },
          "sensitive_attributes": []
        },
        {
          "index_key": "cpx41",
          "schema_version": 0,
          "attributes": {
            "architecture": "x86",
            "category": "regular_purpose",
            "cores": 8,
            "cpu_type": "shared",
            "deprecation_announced": "",
            "description": "CPX 41",
            "disk": 240,
            "id": 25,
            "included_traffic": 0,
            "is_deprecated": false,
            "locations": [
              {
                "deprecation_announced": "2025-10-16T06:00:00Z",
                "id": 1,
                "is_deprecated": true,
                "name": "fsn1",
                "unavailable_after": "2025-12-31T23:59:59Z"
              },
              {
                "deprecation_announced": "2025-10-16T06:00:00Z",
                "id": 2,
                "is_deprecated": true,
                "name": "nbg1",
                "unavailable_after": "2025-12-31T23:59:59Z"
              },
              {
                "deprecation_announced": "2025-10-16T06:00:00Z",
                "id": 3,
                "is_deprecated": true,
                "name": "hel1",
                "unavailable_after": "2025-12-31T23:59:59Z"
              },
              {
                "deprecation_announced": "",
                "id": 4,
                "is_deprecated": false,
                "name": "ash",
                "unavailable_after": ""
              },
              {
                "deprecation_announced": "",
                "id": 5,
                "is_deprecated": false,
                "name": "hil",
                "unavailable_after": ""
              },
              {
                "deprecation_announced": "2025-10-16T06:00:00Z",
                "id": 6,
                "is_deprecated": true,
                "name": "sin",
                "unavailable_after": "2025-12-31T23:59:59Z"
              }
            ],
            "memory": 16,
            "name": "cpx41",
            "storage_type": "local",
            "unavailable_after": ""
          },
          "sensitive_attributes": []
        },
        {
          "index_key": "cpx42",
          "schema_version": 0,
          "attributes": {
            "architecture": "x86",
            "category": "regular_purpose",
            "cores": 8,
            "cpu_type": "shared",
            "deprecation_announced": "",
            "description": "CPX 42",
            "disk": 320,
            "id": 111,
            "included_traffic": 0,
            "is_deprecated": false,
            "locations": [
              {
                "deprecation_announced": "",
                "id": 1,
                "is_deprecated": false,
                "name": "fsn1",
                "unavailable_after": ""
              },
              {
                "deprecation_announced": "",
                "id": 2,
                "is_deprecated": false,
                "name": "nbg1",
                "unavailable_after": ""
              },
              {
                "deprecation_announced": "",
                "id": 3,
                "is_deprecated": false,
                "name": "hel1",
                "unavailable_after": ""
              },
              {
                "deprecation_announced": "",
                "id": 6,
                "is_deprecated": false,
                "name": "sin",
                "unavailable_after": ""
              }
            ],
            "memory": 16,
            "name": "cpx42",
            "storage_type": "local",
            "unavailable_after": ""
          },
          "sensitive_attributes": []
        },
        {
          "index_key": "cpx51",
          "schema_version": 0,
          "attributes": {
            "architecture": "x86",
            "category": "regular_purpose",
            "cores": 16,
            "cpu_type": "shared",
            "deprecation_announced": "",
            "description": "CPX 51",
            "disk": 360,
            "id": 26,
            "included_traffic": 0,
            "is_deprecated": false,
            "locations": [
              {
                "deprecation_announced": "2025-10-16T06:00:00Z",
                "id": 1,
                "is_deprecated": true,
                "name": "fsn1",
                "unavailable_after": "2025-12-31T23:59:59Z"
              },
              {
                "deprecation_announced": "2025-10-16T06:00:00Z",
                "id": 2,
                "is_deprecated": true,
                "name": "nbg1",
                "unavailable_after": "2025-12-31T23:59:59Z"
              },
              {
                "deprecation_announced": "2025-10-16T06:00:00Z",
                "id": 3,
                "is_deprecated": true,
                "name": "hel1",
                "unavailable_after": "2025-12-31T23:59:59Z"
              },
              {
                "deprecation_announced": "",
                "id": 4,
                "is_deprecated": false,
                "name": "ash",
                "unavailable_after": ""
              },
              {
                "deprecation_announced": "",
                "id": 5,
                "is_deprecated": false,
                "name": "hil",
                "unavailable_after": ""
              },
              {
                "deprecation_announced": "2025-10-16T06:00:00Z",
                "id": 6,
                "is_deprecated": true,
                "name": "sin",
                "unavailable_after": "2025-12-31T23:59:59Z"
              }
            ],
            "memory": 32,
            "name": "cpx51",
            "storage_type": "local",
            "unavailable_after": ""
          },
          "sensitive_attributes": []
        },
        {
          "index_key": "cpx52",
          "schema_version": 0,
          "attributes": {
            "architecture": "x86",
            "category": "regular_purpose",
            "cores": 12,
            "cpu_type": "shared",
            "deprecation_announced": "",
            "description": "CPX 52",
            "disk": 480,
            "id": 112,
            "included_traffic": 0,
            "is_deprecated": false,
            "locations": [
              {
                "deprecation_announced": "",
                "id": 1,
                "is_deprecated": false,
                "name": "fsn1",
                "unavailable_after": ""
              },
              {
                "deprecation_announced": "",
                "id": 2,
                "is_deprecated": false,
                "name": "nbg1",
                "unavailable_after": ""
              },
              {
                "deprecation_announced": "",
                "id": 3,
                "is_deprecated": false,
                "name": "hel1",
                "unavailable_after": ""
              },
              {
                "deprecation_announced": "",
                "id": 6,
                "is_deprecated": false,
                "name": "sin",
                "unavailable_after": ""
              }
            ],
            "memory": 24,
            "name": "cpx52",
            "storage_type": "local",
            "unavailable_after": ""
          },
          "sensitive_attributes": []
        },
        {
          "index_key": "cpx62",
          "schema_version": 0,
          "attributes": {
            "architecture": "x86",
            "category": "regular_purpose",
            "cores": 16,
            "cpu_type": "shared",
            "deprecation_announced": "",
            "description": "CPX 62",
            "disk": 640,
            "id": 113,
            "included_traffic": 0,
            "is_deprecated": false,
            "locations": [
              {
                "deprecation_announced": "",
                "id": 1,
                "is_deprecated": false,
                "name": "fsn1",
                "unavailable_after": ""
              },
              {
                "deprecation_announced": "",
                "id": 2,
                "is_deprecated": false,
                "name": "nbg1",
                "unavailable_after": ""
              },
              {
                "deprecation_announced": "",
                "id": 3,
                "is_deprecated": false,
                "name": "hel1",
                "unavailable_after": ""
              },
              {
                "deprecation_announced": "",
                "id": 6,
                "is_deprecated": false,
                "name": "sin",
                "unavailable_after": ""
              }
            ],
            "memory": 32,
            "name": "cpx62",
            "storage_type": "local",
            "unavailable_after": ""
          },
          "sensitive_attributes": []
        },
        {
          "index_key": "cx22",
          "schema_version": 0,
          "attributes": {
            "architecture": "x86",
            "category": "cost_optimized",
            "cores": 2,
            "cpu_type": "shared",
            "deprecation_announced": "2025-10-16T06:00:00Z",
            "description": "CX22",
            "disk": 40,
            "id": 104,
            "included_traffic": 0,
            "is_deprecated": true,
            "locations": [
              {
                "deprecation_announced": "2025-10-16T06:00:00Z",
                "id": 1,
                "is_deprecated": true,
                "name": "fsn1",
                "unavailable_after": "2025-12-31T23:59:59Z"
              },
              {
                "deprecation_announced": "2025-10-16T06:00:00Z",
                "id": 2,
                "is_deprecated": true,
                "name": "nbg1",
                "unavailable_after": "2025-12-31T23:59:59Z"
              },
              {
                "deprecation_announced": "2025-10-16T06:00:00Z",
                "id": 3,
                "is_deprecated": true,
                "name": "hel1",
                "unavailable_after": "2025-12-31T23:59:59Z"
              }
            ],
            "memory": 4,
            "name": "cx22",
            "storage_type": "local",
            "unavailable_after": "2025-12-31T23:59:59Z"
          },
          "sensitive_attributes": []
        },
        {
          "index_key": "cx23",
          "schema_version": 0,
          "attributes": {
            "architecture": "x86",
            "category": "cost_optimized",
            "cores": 2,
            "cpu_type": "shared",
            "deprecation_announced": "",
            "description": "CX 23",
            "disk": 40,
            "id": 114,
            "included_traffic": 0,
            "is_deprecated": false,
            "locations": [
              {
                "deprecation_announced": "",
                "id": 1,
                "is_deprecated": false,
                "name": "fsn1",
                "unavailable_after": ""
              },
              {
                "deprecation_announced": "",
                "id": 2,
                "is_deprecated": false,
                "name": "nbg1",
                "unavailable_after": ""
              },
              {
                "deprecation_announced": "",
                "id": 3,
                "is_deprecated": false,
                "name": "hel1",
                "unavailable_after": ""
              }
            ],
            "memory": 4,
            "name": "cx23",
            "storage_type": "local",
            "unavailable_after": ""
          },
          "sensitive_attributes": []
        },
        {
          "index_key": "cx32",
          "schema_version": 0,
          "attributes": {
            "architecture": "x86",
            "category": "cost_optimized",
            "cores": 4,
            "cpu_type": "shared",
            "deprecation_announced": "2025-10-16T06:00:00Z",
            "description": "CX32",
            "disk": 80,
            "id": 105,
            "included_traffic": 0,
            "is_deprecated": true,
            "locations": [
              {
                "deprecation_announced": "2025-10-16T06:00:00Z",
                "id": 1,
                "is_deprecated": true,
                "name": "fsn1",
                "unavailable_after": "2025-12-31T23:59:59Z"
              },
              {
                "deprecation_announced": "2025-10-16T06:00:00Z",
                "id": 2,
                "is_deprecated": true,
                "name": "nbg1",
                "unavailable_after": "2025-12-31T23:59:59Z"
              },
              {
                "deprecation_announced": "2025-10-16T06:00:00Z",
                "id": 3,
                "is_deprecated": true,
                "name": "hel1",
                "unavailable_after": "2025-12-31T23:59:59Z"
              }
            ],
            "memory": 8,
            "name": "cx32",
            "storage_type": "local",
            "unavailable_after": "2025-12-31T23:59:59Z"
          },
          "sensitive_attributes": []
        },
        {
          "index_key": "cx33",
          "schema_version": 0,
          "attributes": {
            "architecture": "x86",
            "category": "cost_optimized",
            "cores": 4,
            "cpu_type": "shared",
            "deprecation_announced": "",
            "description": "CX 33",
            "disk": 80,
            "id": 115,
            "included_traffic": 0,
            "is_deprecated": false,
            "locations": [
              {
                "deprecation_announced": "",
                "id": 1,
                "is_deprecated": false,
                "name": "fsn1",
                "unavailable_after": ""
              },
              {
                "deprecation_announced": "",
                "id": 2,
                "is_deprecated": false,
                "name": "nbg1",
                "unavailable_after": ""
              },
              {
                "deprecation_announced": "",
                "id": 3,
                "is_deprecated": false,
                "name": "hel1",
                "unavailable_after": ""
              }
            ],
            "memory": 8,
            "name": "cx33",
            "storage_type": "local",
            "unavailable_after": ""
          },
          "sensitive_attributes": []
        },
        {
          "index_key": "cx42",
          "schema_version": 0,
          "attributes": {
            "architecture": "x86",
            "category": "cost_optimized",
            "cores": 8,
            "cpu_type": "shared",
            "deprecation_announced": "2025-10-16T06:00:00Z",
            "description": "CX42",
            "disk": 160,
            "id": 106,
            "included_traffic": 0,
            "is_deprecated": true,
            "locations": [
              {
                "deprecation_announced": "2025-10-16T06:00:00Z",
                "id": 1,
                "is_deprecated": true,
                "name": "fsn1",
                "unavailable_after": "2025-12-31T23:59:59Z"
              },
              {
                "deprecation_announced": "2025-10-16T06:00:00Z",
                "id": 2,
                "is_deprecated": true,
                "name": "nbg1",
                "unavailable_after": "2025-12-31T23:59:59Z"
              },
              {
                "deprecation_announced": "2025-10-16T06:00:00Z",
                "id": 3,
                "is_deprecated": true,
                "name": "hel1",
                "unavailable_after": "2025-12-31T23:59:59Z"
              }
            ],
            "memory": 16,
            "name": "cx42",
            "storage_type": "local",
            "unavailable_after": "2025-12-31T23:59:59Z"
          },
          "sensitive_attributes": []
        },
        {
          "index_key": "cx43",
          "schema_version": 0,
          "attributes": {
            "architecture": "x86",
            "category": "cost_optimized",
            "cores": 8,
            "cpu_type": "shared",
            "deprecation_announced": "",
            "description": "CX 43",
            "disk": 160,
            "id": 116,
            "included_traffic": 0,
            "is_deprecated": false,
            "locations": [
              {
                "deprecation_announced": "",
                "id": 1,
                "is_deprecated": false,
                "name": "fsn1",
                "unavailable_after": ""
              },
              {
                "deprecation_announced": "",
                "id": 2,
                "is_deprecated": false,
                "name": "nbg1",
                "unavailable_after": ""
              },
              {
                "deprecation_announced": "",
                "id": 3,
                "is_deprecated": false,
                "name": "hel1",
                "unavailable_after": ""
              }
            ],
            "memory": 16,
            "name": "cx43",
            "storage_type": "local",
            "unavailable_after": ""
          },
          "sensitive_attributes": []
        },
        {
          "index_key": "cx52",
          "schema_version": 0,
          "attributes": {
            "architecture": "x86",
            "category": "cost_optimized",
            "cores": 16,
            "cpu_type": "shared",
            "deprecation_announced": "2025-10-16T06:00:00Z",
            "description": "CX52",
            "disk": 320,
            "id": 107,
            "included_traffic": 0,
            "is_deprecated": true,
            "locations": [
              {
                "deprecation_announced": "2025-10-16T06:00:00Z",
                "id": 1,
                "is_deprecated": true,
                "name": "fsn1",
                "unavailable_after": "2025-12-31T23:59:59Z"
              },
              {
                "deprecation_announced": "2025-10-16T06:00:00Z",
                "id": 2,
                "is_deprecated": true,
                "name": "nbg1",
                "unavailable_after": "2025-12-31T23:59:59Z"
              },
              {
                "deprecation_announced": "2025-10-16T06:00:00Z",
                "id": 3,
                "is_deprecated": true,
                "name": "hel1",
                "unavailable_after": "2025-12-31T23:59:59Z"
              }
            ],
            "memory": 32,
            "name": "cx52",
            "storage_type": "local",
            "unavailable_after": "2025-12-31T23:59:59Z"
          },
          "sensitive_attributes": []
        },
        {
          "index_key": "cx53",
          "schema_version": 0,
          "attributes": {
            "architecture": "x86",
            "category": "cost_optimized",
            "cores": 16,
            "cpu_type": "shared",
            "deprecation_announced": "",
            "description": "CX 53",
            "disk": 320,
            "id": 117,
            "included_traffic": 0,
            "is_deprecated": false,
            "locations": [
              {
                "deprecation_announced": "",
                "id": 1,
                "is_deprecated": false,
                "name": "fsn1",
                "unavailable_after": ""
              },
              {
                "deprecation_announced": "",
                "id": 2,
                "is_deprecated": false,
                "name": "nbg1",
                "unavailable_after": ""
              },
              {
                "deprecation_announced": "",
                "id": 3,
                "is_deprecated": false,
                "name": "hel1",
                "unavailable_after": ""
              }
            ],
            "memory": 32,
            "name": "cx53",
            "storage_type": "local",
            "unavailable_after": ""
          },
          "sensitive_attributes": []
        }
      ]
    },
    {
      "module": "module.tenant",
      "mode": "data",
      "type": "hcloud_server_types",
      "name": "all",
      "provider": "module.tenant.provider[\"registry.terraform.io/hetznercloud/hcloud\"]",
      "instances": [
        {
          "schema_version": 0,
          "attributes": {
            "descriptions": [
              "CPX 11",
              "CPX 21",
              "CPX 31",
              "CPX 41",
              "CPX 51",
              "CAX11",
              "CAX21",
              "CAX31",
              "CAX41",
              "CCX13 Dedicated CPU",
              "CCX23 Dedicated CPU",
              "CCX33 Dedicated CPU",
              "CCX43 Dedicated CPU",
              "CCX53 Dedicated CPU",
              "CCX63 Dedicated CPU",
              "CX22",
              "CX32",
              "CX42",
              "CX52",
              "CPX 12",
              "CPX 22",
              "CPX 32",
              "CPX 42",
              "CPX 52",
              "CPX 62",
              "CX 23",
              "CX 33",
              "CX 43",
              "CX 53"
            ],
            "id": "166277662d9b7990b1711b6545d691c4fc52eb3f",
            "names": [
              "cpx11",
              "cpx21",
              "cpx31",
              "cpx41",
              "cpx51",
              "cax11",
              "cax21",
              "cax31",
              "cax41",
              "ccx13",
              "ccx23",
              "ccx33",
              "ccx43",
              "ccx53",
              "ccx63",
              "cx22",
              "cx32",
              "cx42",
              "cx52",
              "cpx12",
              "cpx22",
              "cpx32",
              "cpx42",
              "cpx52",
              "cpx62",
              "cx23",
              "cx33",
              "cx43",
              "cx53"
            ],
            "server_type_ids": [
              "22",
              "23",
              "24",
              "25",
              "26",
              "45",
              "93",
              "94",
              "95",
              "96",
              "97",
              "98",
              "99",
              "100",
              "101",
              "104",
              "105",
              "106",
              "107",
              "108",
              "109",
              "110",
              "111",
              "112",
              "113",
              "114",
              "115",
              "116",
              "117"
            ],
            "server_types": [
              {
                "architecture": "x86",
                "category": "regular_purpose",
                "cores": 2,
                "cpu_type": "shared",
                "deprecation_announced": "",
                "description": "CPX 11",
                "disk": 40,
                "id": 22,
                "included_traffic": 0,
                "is_deprecated": false,
                "locations": [
                  {
                    "deprecation_announced": "2025-10-16T06:00:00Z",
                    "id": 1,
                    "is_deprecated": true,
                    "name": "fsn1",
                    "unavailable_after": "2025-12-31T23:59:59Z"
                  },
                  {
                    "deprecation_announced": "2025-10-16T06:00:00Z",
                    "id": 2,
                    "is_deprecated": true,
                    "name": "nbg1",
                    "unavailable_after": "2025-12-31T23:59:59Z"
                  },
                  {
                    "deprecation_announced": "2025-10-16T06:00:00Z",
                    "id": 3,
                    "is_deprecated": true,
                    "name": "hel1",
                    "unavailable_after": "2025-12-31T23:59:59Z"
                  },
                  {
                    "deprecation_announced": "",
                    "id": 4,
                    "is_deprecated": false,
                    "name": "ash",
                    "unavailable_after": ""
                  },
                  {
                    "deprecation_announced": "",
                    "id": 5,
                    "is_deprecated": false,
                    "name": "hil",
                    "unavailable_after": ""
                  },
                  {
                    "deprecation_announced": "2025-10-16T06:00:00Z",
                    "id": 6,
                    "is_deprecated": true,
                    "name": "sin",
                    "unavailable_after": "2025-12-31T23:59:59Z"
                  }
                ],
                "memory": 2,
                "name": "cpx11",
                "storage_type": "local",
                "unavailable_after": ""
              },
              {
                "architecture": "x86",
                "category": "regular_purpose",
                "cores": 3,
                "cpu_type": "shared",
                "deprecation_announced": "",
                "description": "CPX 21",
                "disk": 80,
                "id": 23,
                "included_traffic": 0,
                "is_deprecated": false,
                "locations": [
                  {
                    "deprecation_announced": "2025-10-16T06:00:00Z",
                    "id": 1,
                    "is_deprecated": true,
                    "name": "fsn1",
                    "unavailable_after": "2025-12-31T23:59:59Z"
                  },
                  {
                    "deprecation_announced": "2025-10-16T06:00:00Z",
                    "id": 2,
                    "is_deprecated": true,
                    "name": "nbg1",
                    "unavailable_after": "2025-12-31T23:59:59Z"
                  },
                  {
                    "deprecation_announced": "2025-10-16T06:00:00Z",
                    "id": 3,
                    "is_deprecated": true,
                    "name": "hel1",
                    "unavailable_after": "2025-12-31T23:59:59Z"
                  },
                  {
                    "deprecation_announced": "",
                    "id": 4,
                    "is_deprecated": false,
                    "name": "ash",
                    "unavailable_after": ""
                  },
                  {
                    "deprecation_announced": "",
                    "id": 5,
                    "is_deprecated": false,
                    "name": "hil",
                    "unavailable_after": ""
                  },
                  {
                    "deprecation_announced": "2025-10-16T06:00:00Z",
                    "id": 6,
                    "is_deprecated": true,
                    "name": "sin",
                    "unavailable_after": "2025-12-31T23:59:59Z"
                  }
                ],
                "memory": 4,
                "name": "cpx21",
                "storage_type": "local",
                "unavailable_after": ""
              },
              {
                "architecture": "x86",
                "category": "regular_purpose",
                "cores": 4,
                "cpu_type": "shared",
                "deprecation_announced": "",
                "description": "CPX 31",
                "disk": 160,
                "id": 24,
                "included_traffic": 0,
                "is_deprecated": false,
                "locations": [
                  {
                    "deprecation_announced": "2025-10-16T06:00:00Z",
                    "id": 1,
                    "is_deprecated": true,
                    "name": "fsn1",
                    "unavailable_after": "2025-12-31T23:59:59Z"
                  },
                  {
                    "deprecation_announced": "2025-10-16T06:00:00Z",
                    "id": 2,
                    "is_deprecated": true,
                    "name": "nbg1",
                    "unavailable_after": "2025-12-31T23:59:59Z"
                  },
                  {
                    "deprecation_announced": "2025-10-16T06:00:00Z",
                    "id": 3,
                    "is_deprecated": true,
                    "name": "hel1",
                    "unavailable_after": "2025-12-31T23:59:59Z"
                  },
                  {
                    "deprecation_announced": "",
                    "id": 4,
                    "is_deprecated": false,
                    "name": "ash",
                    "unavailable_after": ""
                  },
                  {
                    "deprecation_announced": "",
                    "id": 5,
                    "is_deprecated": false,
                    "name": "hil",
                    "unavailable_after": ""
                  },
                  {
                    "deprecation_announced": "2025-10-16T06:00:00Z",
                    "id": 6,
                    "is_deprecated": true,
                    "name": "sin",
                    "unavailable_after": "2025-12-31T23:59:59Z"
                  }
                ],
                "memory": 8,
                "name": "cpx31",
                "storage_type": "local",
                "unavailable_after": ""
              },
              {
                "architecture": "x86",
                "category": "regular_purpose",
                "cores": 8,
                "cpu_type": "shared",
                "deprecation_announced": "",
                "description": "CPX 41",
                "disk": 240,
                "id": 25,
                "included_traffic": 0,
                "is_deprecated": false,
                "locations": [
                  {
                    "deprecation_announced": "2025-10-16T06:00:00Z",
                    "id": 1,
                    "is_deprecated": true,
                    "name": "fsn1",
                    "unavailable_after": "2025-12-31T23:59:59Z"
                  },
                  {
                    "deprecation_announced": "2025-10-16T06:00:00Z",
                    "id": 2,
                    "is_deprecated": true,
                    "name": "nbg1",
                    "unavailable_after": "2025-12-31T23:59:59Z"
                  },
                  {
                    "deprecation_announced": "2025-10-16T06:00:00Z",
                    "id": 3,
                    "is_deprecated": true,
                    "name": "hel1",
                    "unavailable_after": "2025-12-31T23:59:59Z"
                  },
                  {
                    "deprecation_announced": "",
                    "id": 4,
                    "is_deprecated": false,
                    "name": "ash",
                    "unavailable_after": ""
                  },
                  {
                    "deprecation_announced": "",
                    "id": 5,
                    "is_deprecated": false,
                    "name": "hil",
                    "unavailable_after": ""
                  },
                  {
                    "deprecation_announced": "2025-10-16T06:00:00Z",
                    "id": 6,
                    "is_deprecated": true,
                    "name": "sin",
                    "unavailable_after": "2025-12-31T23:59:59Z"
                  }
                ],
                "memory": 16,
                "name": "cpx41",
                "storage_type": "local",
                "unavailable_after": ""
              },
              {
                "architecture": "x86",
                "category": "regular_purpose",
                "cores": 16,
                "cpu_type": "shared",
                "deprecation_announced": "",
                "description": "CPX 51",
                "disk": 360,
                "id": 26,
                "included_traffic": 0,
                "is_deprecated": false,
                "locations": [
                  {
                    "deprecation_announced": "2025-10-16T06:00:00Z",
                    "id": 1,
                    "is_deprecated": true,
                    "name": "fsn1",
                    "unavailable_after": "2025-12-31T23:59:59Z"
                  },
                  {
                    "deprecation_announced": "2025-10-16T06:00:00Z",
                    "id": 2,
                    "is_deprecated": true,
                    "name": "nbg1",
                    "unavailable_after": "2025-12-31T23:59:59Z"
                  },
                  {
                    "deprecation_announced": "2025-10-16T06:00:00Z",
                    "id": 3,
                    "is_deprecated": true,
                    "name": "hel1",
                    "unavailable_after": "2025-12-31T23:59:59Z"
                  },
                  {
                    "deprecation_announced": "",
                    "id": 4,
                    "is_deprecated": false,
                    "name": "ash",
                    "unavailable_after": ""
                  },
                  {
                    "deprecation_announced": "",
                    "id": 5,
                    "is_deprecated": false,
                    "name": "hil",
                    "unavailable_after": ""
                  },
                  {
                    "deprecation_announced": "2025-10-16T06:00:00Z",
                    "id": 6,
                    "is_deprecated": true,
                    "name": "sin",
                    "unavailable_after": "2025-12-31T23:59:59Z"
                  }
                ],
                "memory": 32,
                "name": "cpx51",
                "storage_type": "local",
                "unavailable_after": ""
              },
              {
                "architecture": "arm",
                "category": "cost_optimized",
                "cores": 2,
                "cpu_type": "shared",
                "deprecation_announced": "",
                "description": "CAX11",
                "disk": 40,
                "id": 45,
                "included_traffic": 0,
                "is_deprecated": false,
                "locations": [
                  {
                    "deprecation_announced": "",
                    "id": 1,
                    "is_deprecated": false,
                    "name": "fsn1",
                    "unavailable_after": ""
                  },
                  {
                    "deprecation_announced": "",
                    "id": 2,
                    "is_deprecated": false,
                    "name": "nbg1",
                    "unavailable_after": ""
                  },
                  {
                    "deprecation_announced": "",
                    "id": 3,
                    "is_deprecated": false,
                    "name": "hel1",
                    "unavailable_after": ""
                  }
                ],
                "memory": 4,
                "name": "cax11",
                "storage_type": "local",
                "unavailable_after": ""
              },
              {
                "architecture": "arm",
                "category": "cost_optimized",
                "cores": 4,
                "cpu_type": "shared",
                "deprecation_announced": "",
                "description": "CAX21",
                "disk": 80,
                "id": 93,
                "included_traffic": 0,
                "is_deprecated": false,
                "locations": [
                  {
                    "deprecation_announced": "",
                    "id": 1,
                    "is_deprecated": false,
                    "name": "fsn1",
                    "unavailable_after": ""
                  },
                  {
                    "deprecation_announced": "",
                    "id": 2,
                    "is_deprecated": false,
                    "name": "nbg1",
                    "unavailable_after": ""
                  },
                  {
                    "deprecation_announced": "",
                    "id": 3,
                    "is_deprecated": false,
                    "name": "hel1",
                    "unavailable_after": ""
                  }
                ],
                "memory": 8,
                "name": "cax21",
                "storage_type": "local",
                "unavailable_after": ""
              },
              {
                "architecture": "arm",
                "category": "cost_optimized",
                "cores": 8,
                "cpu_type": "shared",
                "deprecation_announced": "",
                "description": "CAX31",
                "disk": 160,
                "id": 94,
                "included_traffic": 0,
                "is_deprecated": false,
                "locations": [
                  {
                    "deprecation_announced": "",
                    "id": 1,
                    "is_deprecated": false,
                    "name": "fsn1",
                    "unavailable_after": ""
                  },
                  {
                    "deprecation_announced": "",
                    "id": 2,
                    "is_deprecated": false,
                    "name": "nbg1",
                    "unavailable_after": ""
                  },
                  {
                    "deprecation_announced": "",
                    "id": 3,
                    "is_deprecated": false,
                    "name": "hel1",
                    "unavailable_after": ""
                  }
                ],
                "memory": 16,
                "name": "cax31",
                "storage_type": "local",
                "unavailable_after": ""
              },
              {
                "architecture": "arm",
                "category": "cost_optimized",
                "cores": 16,
                "cpu_type": "shared",
                "deprecation_announced": "",
                "description": "CAX41",
                "disk": 320,
                "id": 95,
                "included_traffic": 0,
                "is_deprecated": false,
                "locations": [
                  {
                    "deprecation_announced": "",
                    "id": 1,
                    "is_deprecated": false,
                    "name": "fsn1",
                    "unavailable_after": ""
                  },
                  {
                    "deprecation_announced": "",
                    "id": 2,
                    "is_deprecated": false,
                    "name": "nbg1",
                    "unavailable_after": ""
                  },
                  {
                    "deprecation_announced": "",
                    "id": 3,
                    "is_deprecated": false,
                    "name": "hel1",
                    "unavailable_after": ""
                  }
                ],
                "memory": 32,
                "name": "cax41",
                "storage_type": "local",
                "unavailable_after": ""
              },
              {
                "architecture": "x86",
                "category": "general_purpose",
                "cores": 2,
                "cpu_type": "dedicated",
                "deprecation_announced": "",
                "description": "CCX13 Dedicated CPU",
                "disk": 80,
                "id": 96,
                "included_traffic": 0,
                "is_deprecated": false,
                "locations": [
                  {
                    "deprecation_announced": "",
                    "id": 1,
                    "is_deprecated": false,
                    "name": "fsn1",
                    "unavailable_after": ""
                  },
                  {
                    "deprecation_announced": "",
                    "id": 2,
                    "is_deprecated": false,
                    "name": "nbg1",
                    "unavailable_after": ""
                  },
                  {
                    "deprecation_announced": "",
                    "id": 3,
                    "is_deprecated": false,
                    "name": "hel1",
                    "unavailable_after": ""
                  },
                  {
                    "deprecation_announced": "",
                    "id": 4,
                    "is_deprecated": false,
                    "name": "ash",
                    "unavailable_after": ""
                  },
                  {
                    "deprecation_announced": "",
                    "id": 5,
                    "is_deprecated": false,
                    "name": "hil",
                    "unavailable_after": ""
                  },
                  {
                    "deprecation_announced": "",
                    "id": 6,
                    "is_deprecated": false,
                    "name": "sin",
                    "unavailable_after": ""
                  }
                ],
                "memory": 8,
                "name": "ccx13",
                "storage_type": "local",
                "unavailable_after": ""
              },
              {
                "architecture": "x86",
                "category": "general_purpose",
                "cores": 4,
                "cpu_type": "dedicated",
                "deprecation_announced": "",
                "description": "CCX23 Dedicated CPU",
                "disk": 160,
                "id": 97,
                "included_traffic": 0,
                "is_deprecated": false,
                "locations": [
                  {
                    "deprecation_announced": "",
                    "id": 1,
                    "is_deprecated": false,
                    "name": "fsn1",
                    "unavailable_after": ""
                  },
                  {
                    "deprecation_announced": "",
                    "id": 2,
                    "is_deprecated": false,
                    "name": "nbg1",
                    "unavailable_after": ""
                  },
                  {
                    "deprecation_announced": "",
                    "id": 3,
                    "is_deprecated": false,
                    "name": "hel1",
                    "unavailable_after": ""
                  },
                  {
                    "deprecation_announced": "",
                    "id": 4,
                    "is_deprecated": false,
                    "name": "ash",
                    "unavailable_after": ""
                  },
                  {
                    "deprecation_announced": "",
                    "id": 5,
                    "is_deprecated": false,
                    "name": "hil",
                    "unavailable_after": ""
                  },
                  {
                    "deprecation_announced": "",
                    "id": 6,
                    "is_deprecated": false,
                    "name": "sin",
                    "unavailable_after": ""
                  }
                ],
                "memory": 16,
                "name": "ccx23",
                "storage_type": "local",
                "unavailable_after": ""
              },
              {
                "architecture": "x86",
                "category": "general_purpose",
                "cores": 8,
                "cpu_type": "dedicated",
                "deprecation_announced": "",
                "description": "CCX33 Dedicated CPU",
                "disk": 240,
                "id": 98,
                "included_traffic": 0,
                "is_deprecated": false,
                "locations": [
                  {
                    "deprecation_announced": "",
                    "id": 1,
                    "is_deprecated": false,
                    "name": "fsn1",
                    "unavailable_after": ""
                  },
                  {
                    "deprecation_announced": "",
                    "id": 2,
                    "is_deprecated": false,
                    "name": "nbg1",
                    "unavailable_after": ""
                  },
                  {
                    "deprecation_announced": "",
                    "id": 3,
                    "is_deprecated": false,
                    "name": "hel1",
                    "unavailable_after": ""
                  },
                  {
                    "deprecation_announced": "",
                    "id": 4,
                    "is_deprecated": false,
                    "name": "ash",
                    "unavailable_after": ""
                  },
                  {
                    "deprecation_announced": "",
                    "id": 5,
                    "is_deprecated": false,
                    "name": "hil",
                    "unavailable_after": ""
                  },
                  {
                    "deprecation_announced": "",
                    "id": 6,
                    "is_deprecated": false,
                    "name": "sin",
                    "unavailable_after": ""
                  }
                ],
                "memory": 32,
                "name": "ccx33",
                "storage_type": "local",
                "unavailable_after": ""
              },
              {
                "architecture": "x86",
                "category": "general_purpose",
                "cores": 16,
                "cpu_type": "dedicated",
                "deprecation_announced": "",
                "description": "CCX43 Dedicated CPU",
                "disk": 360,
                "id": 99,
                "included_traffic": 0,
                "is_deprecated": false,
                "locations": [
                  {
                    "deprecation_announced": "",
                    "id": 1,
                    "is_deprecated": false,
                    "name": "fsn1",
                    "unavailable_after": ""
                  },
                  {
                    "deprecation_announced": "",
                    "id": 2,
                    "is_deprecated": false,
                    "name": "nbg1",
                    "unavailable_after": ""
                  },
                  {
                    "deprecation_announced": "",
                    "id": 3,
                    "is_deprecated": false,
                    "name": "hel1",
                    "unavailable_after": ""
                  },
                  {
                    "deprecation_announced": "",
                    "id": 4,
                    "is_deprecated": false,
                    "name": "ash",
                    "unavailable_after": ""
                  },
                  {
                    "deprecation_announced": "",
                    "id": 5,
                    "is_deprecated": false,
                    "name": "hil",
                    "unavailable_after": ""
                  },
                  {
                    "deprecation_announced": "",
                    "id": 6,
                    "is_deprecated": false,
                    "name": "sin",
                    "unavailable_after": ""
                  }
                ],
                "memory": 64,
                "name": "ccx43",
                "storage_type": "local",
                "unavailable_after": ""
              },
              {
                "architecture": "x86",
                "category": "general_purpose",
                "cores": 32,
                "cpu_type": "dedicated",
                "deprecation_announced": "",
                "description": "CCX53 Dedicated CPU",
                "disk": 600,
                "id": 100,
                "included_traffic": 0,
                "is_deprecated": false,
                "locations": [
                  {
                    "deprecation_announced": "",
                    "id": 1,
                    "is_deprecated": false,
                    "name": "fsn1",
                    "unavailable_after": ""
                  },
                  {
                    "deprecation_announced": "",
                    "id": 2,
                    "is_deprecated": false,
                    "name": "nbg1",
                    "unavailable_after": ""
                  },
                  {
                    "deprecation_announced": "",
                    "id": 3,
                    "is_deprecated": false,
                    "name": "hel1",
                    "unavailable_after": ""
                  },
                  {
                    "deprecation_announced": "",
                    "id": 4,
                    "is_deprecated": false,
                    "name": "ash",
                    "unavailable_after": ""
                  },
                  {
                    "deprecation_announced": "",
                    "id": 5,
                    "is_deprecated": false,
                    "name": "hil",
                    "unavailable_after": ""
                  },
                  {
                    "deprecation_announced": "",
                    "id": 6,
                    "is_deprecated": false,
                    "name": "sin",
                    "unavailable_after": ""
                  }
                ],
                "memory": 128,
                "name": "ccx53",
                "storage_type": "local",
                "unavailable_after": ""
              },
              {
                "architecture": "x86",
                "category": "general_purpose",
                "cores": 48,
                "cpu_type": "dedicated",
                "deprecation_announced": "",
                "description": "CCX63 Dedicated CPU",
                "disk": 960,
                "id": 101,
                "included_traffic": 0,
                "is_deprecated": false,
                "locations": [
                  {
                    "deprecation_announced": "",
                    "id": 1,
                    "is_deprecated": false,
                    "name": "fsn1",
                    "unavailable_after": ""
                  },
                  {
                    "deprecation_announced": "",
                    "id": 2,
                    "is_deprecated": false,
                    "name": "nbg1",
                    "unavailable_after": ""
                  },
                  {
                    "deprecation_announced": "",
                    "id": 3,
                    "is_deprecated": false,
                    "name": "hel1",
                    "unavailable_after": ""
                  },
                  {
                    "deprecation_announced": "",
                    "id": 4,
                    "is_deprecated": false,
                    "name": "ash",
                    "unavailable_after": ""
                  },
                  {
                    "deprecation_announced": "",
                    "id": 5,
                    "is_deprecated": false,
                    "name": "hil",
                    "unavailable_after": ""
                  },
                  {
                    "deprecation_announced": "",
                    "id": 6,
                    "is_deprecated": false,
                    "name": "sin",
                    "unavailable_after": ""
                  }
                ],
                "memory": 192,
                "name": "ccx63",
                "storage_type": "local",
                "unavailable_after": ""
              },
              {
                "architecture": "x86",
                "category": "cost_optimized",
                "cores": 2,
                "cpu_type": "shared",
                "deprecation_announced": "2025-10-16T06:00:00Z",
                "description": "CX22",
                "disk": 40,
                "id": 104,
                "included_traffic": 0,
                "is_deprecated": true,
                "locations": [
                  {
                    "deprecation_announced": "2025-10-16T06:00:00Z",
                    "id": 1,
                    "is_deprecated": true,
                    "name": "fsn1",
                    "unavailable_after": "2025-12-31T23:59:59Z"
                  },
                  {
                    "deprecation_announced": "2025-10-16T06:00:00Z",
                    "id": 2,
                    "is_deprecated": true,
                    "name": "nbg1",
                    "unavailable_after": "2025-12-31T23:59:59Z"
                  },
                  {
                    "deprecation_announced": "2025-10-16T06:00:00Z",
                    "id": 3,
                    "is_deprecated": true,
                    "name": "hel1",
                    "unavailable_after": "2025-12-31T23:59:59Z"
                  }
                ],
                "memory": 4,
                "name": "cx22",
                "storage_type": "local",
                "unavailable_after": "2025-12-31T23:59:59Z"
              },
              {
                "architecture": "x86",
                "category": "cost_optimized",
                "cores": 4,
                "cpu_type": "shared",
                "deprecation_announced": "2025-10-16T06:00:00Z",
                "description": "CX32",
                "disk": 80,
                "id": 105,
                "included_traffic": 0,
                "is_deprecated": true,
                "locations": [
                  {
                    "deprecation_announced": "2025-10-16T06:00:00Z",
                    "id": 1,
                    "is_deprecated": true,
                    "name": "fsn1",
                    "unavailable_after": "2025-12-31T23:59:59Z"
                  },
                  {
                    "deprecation_announced": "2025-10-16T06:00:00Z",
                    "id": 2,
                    "is_deprecated": true,
                    "name": "nbg1",
                    "unavailable_after": "2025-12-31T23:59:59Z"
                  },
                  {
                    "deprecation_announced": "2025-10-16T06:00:00Z",
                    "id": 3,
                    "is_deprecated": true,
                    "name": "hel1",
                    "unavailable_after": "2025-12-31T23:59:59Z"
                  }
                ],
                "memory": 8,
                "name": "cx32",
                "storage_type": "local",
                "unavailable_after": "2025-12-31T23:59:59Z"
              },
              {
                "architecture": "x86",
                "category": "cost_optimized",
                "cores": 8,
                "cpu_type": "shared",
                "deprecation_announced": "2025-10-16T06:00:00Z",
                "description": "CX42",
                "disk": 160,
                "id": 106,
                "included_traffic": 0,
                "is_deprecated": true,
                "locations": [
                  {
                    "deprecation_announced": "2025-10-16T06:00:00Z",
                    "id": 1,
                    "is_deprecated": true,
                    "name": "fsn1",
                    "unavailable_after": "2025-12-31T23:59:59Z"
                  },
                  {
                    "deprecation_announced": "2025-10-16T06:00:00Z",
                    "id": 2,
                    "is_deprecated": true,
                    "name": "nbg1",
                    "unavailable_after": "2025-12-31T23:59:59Z"
                  },
                  {
                    "deprecation_announced": "2025-10-16T06:00:00Z",
                    "id": 3,
                    "is_deprecated": true,
                    "name": "hel1",
                    "unavailable_after": "2025-12-31T23:59:59Z"
                  }
                ],
                "memory": 16,
                "name": "cx42",
                "storage_type": "local",
                "unavailable_after": "2025-12-31T23:59:59Z"
              },
              {
                "architecture": "x86",
                "category": "cost_optimized",
                "cores": 16,
                "cpu_type": "shared",
                "deprecation_announced": "2025-10-16T06:00:00Z",
                "description": "CX52",
                "disk": 320,
                "id": 107,
                "included_traffic": 0,
                "is_deprecated": true,
                "locations": [
                  {
                    "deprecation_announced": "2025-10-16T06:00:00Z",
                    "id": 1,
                    "is_deprecated": true,
                    "name": "fsn1",
                    "unavailable_after": "2025-12-31T23:59:59Z"
                  },
                  {
                    "deprecation_announced": "2025-10-16T06:00:00Z",
                    "id": 2,
                    "is_deprecated": true,
                    "name": "nbg1",
                    "unavailable_after": "2025-12-31T23:59:59Z"
                  },
                  {
                    "deprecation_announced": "2025-10-16T06:00:00Z",
                    "id": 3,
                    "is_deprecated": true,
                    "name": "hel1",
                    "unavailable_after": "2025-12-31T23:59:59Z"
                  }
                ],
                "memory": 32,
                "name": "cx52",
                "storage_type": "local",
                "unavailable_after": "2025-12-31T23:59:59Z"
              },
              {
                "architecture": "x86",
                "category": "regular_purpose",
                "cores": 1,
                "cpu_type": "shared",
                "deprecation_announced": "",
                "description": "CPX 12",
                "disk": 40,
                "id": 108,
                "included_traffic": 0,
                "is_deprecated": false,
                "locations": [
                  {
                    "deprecation_announced": "",
                    "id": 6,
                    "is_deprecated": false,
                    "name": "sin",
                    "unavailable_after": ""
                  }
                ],
                "memory": 2,
                "name": "cpx12",
                "storage_type": "local",
                "unavailable_after": ""
              },
              {
                "architecture": "x86",
                "category": "regular_purpose",
                "cores": 2,
                "cpu_type": "shared",
                "deprecation_announced": "",
                "description": "CPX 22",
                "disk": 80,
                "id": 109,
                "included_traffic": 0,
                "is_deprecated": false,
                "locations": [
                  {
                    "deprecation_announced": "",
                    "id": 1,
                    "is_deprecated": false,
                    "name": "fsn1",
                    "unavailable_after": ""
                  },
                  {
                    "deprecation_announced": "",
                    "id": 2,
                    "is_deprecated": false,
                    "name": "nbg1",
                    "unavailable_after": ""
                  },
                  {
                    "deprecation_announced": "",
                    "id": 3,
                    "is_deprecated": false,
                    "name": "hel1",
                    "unavailable_after": ""
                  },
                  {
                    "deprecation_announced": "",
                    "id": 6,
                    "is_deprecated": false,
                    "name": "sin",
                    "unavailable_after": ""
                  }
                ],
                "memory": 4,
                "name": "cpx22",
                "storage_type": "local",
                "unavailable_after": ""
              },
              {
                "architecture": "x86",
                "category": "regular_purpose",
                "cores": 4,
                "cpu_type": "shared",
                "deprecation_announced": "",
                "description": "CPX 32",
                "disk": 160,
                "id": 110,
                "included_traffic": 0,
                "is_deprecated": false,
                "locations": [
                  {
                    "deprecation_announced": "",
                    "id": 1,
                    "is_deprecated": false,
                    "name": "fsn1",
                    "unavailable_after": ""
                  },
                  {
                    "deprecation_announced": "",
                    "id": 2,
                    "is_deprecated": false,
                    "name": "nbg1",
                    "unavailable_after": ""
                  },
                  {
                    "deprecation_announced": "",
                    "id": 3,
                    "is_deprecated": false,
                    "name": "hel1",
                    "unavailable_after": ""
                  },
                  {
                    "deprecation_announced": "",
                    "id": 6,
                    "is_deprecated": false,
                    "name": "sin",
                    "unavailable_after": ""
                  }
                ],
                "memory": 8,
                "name": "cpx32",
                "storage_type": "local",
                "unavailable_after": ""
              },
              {
                "architecture": "x86",
                "category": "regular_purpose",
                "cores": 8,
                "cpu_type": "shared",
                "deprecation_announced": "",
                "description": "CPX 42",
                "disk": 320,
                "id": 111,
                "included_traffic": 0,
                "is_deprecated": false,
                "locations": [
                  {
                    "deprecation_announced": "",
                    "id": 1,
                    "is_deprecated": false,
                    "name": "fsn1",
                    "unavailable_after": ""
                  },
                  {
                    "deprecation_announced": "",
                    "id": 2,
                    "is_deprecated": false,
                    "name": "nbg1",
                    "unavailable_after": ""
                  },
                  {
                    "deprecation_announced": "",
                    "id": 3,
                    "is_deprecated": false,
                    "name": "hel1",
                    "unavailable_after": ""
                  },
                  {
                    "deprecation_announced": "",
                    "id": 6,
                    "is_deprecated": false,
                    "name": "sin",
                    "unavailable_after": ""
                  }
                ],
                "memory": 16,
                "name": "cpx42",
                "storage_type": "local",
                "unavailable_after": ""
              },
              {
                "architecture": "x86",
                "category": "regular_purpose",
                "cores": 12,
                "cpu_type": "shared",
                "deprecation_announced": "",
                "description": "CPX 52",
                "disk": 480,
                "id": 112,
                "included_traffic": 0,
                "is_deprecated": false,
                "locations": [
                  {
                    "deprecation_announced": "",
                    "id": 1,
                    "is_deprecated": false,
                    "name": "fsn1",
                    "unavailable_after": ""
                  },
                  {
                    "deprecation_announced": "",
                    "id": 2,
                    "is_deprecated": false,
                    "name": "nbg1",
                    "unavailable_after": ""
                  },
                  {
                    "deprecation_announced": "",
                    "id": 3,
                    "is_deprecated": false,
                    "name": "hel1",
                    "unavailable_after": ""
                  },
                  {
                    "deprecation_announced": "",
                    "id": 6,
                    "is_deprecated": false,
                    "name": "sin",
                    "unavailable_after": ""
                  }
                ],
                "memory": 24,
                "name": "cpx52",
                "storage_type": "local",
                "unavailable_after": ""
              },
              {
                "architecture": "x86",
                "category": "regular_purpose",
                "cores": 16,
                "cpu_type": "shared",
                "deprecation_announced": "",
                "description": "CPX 62",
                "disk": 640,
                "id": 113,
                "included_traffic": 0,
                "is_deprecated": false,
                "locations": [
                  {
                    "deprecation_announced": "",
                    "id": 1,
                    "is_deprecated": false,
                    "name": "fsn1",
                    "unavailable_after": ""
                  },
                  {
                    "deprecation_announced": "",
                    "id": 2,
                    "is_deprecated": false,
                    "name": "nbg1",
                    "unavailable_after": ""
                  },
                  {
                    "deprecation_announced": "",
                    "id": 3,
                    "is_deprecated": false,
                    "name": "hel1",
                    "unavailable_after": ""
                  },
                  {
                    "deprecation_announced": "",
                    "id": 6,
                    "is_deprecated": false,
                    "name": "sin",
                    "unavailable_after": ""
                  }
                ],
                "memory": 32,
                "name": "cpx62",
                "storage_type": "local",
                "unavailable_after": ""
              },
              {
                "architecture": "x86",
                "category": "cost_optimized",
                "cores": 2,
                "cpu_type": "shared",
                "deprecation_announced": "",
                "description": "CX 23",
                "disk": 40,
                "id": 114,
                "included_traffic": 0,
                "is_deprecated": false,
                "locations": [
                  {
                    "deprecation_announced": "",
                    "id": 1,
                    "is_deprecated": false,
                    "name": "fsn1",
                    "unavailable_after": ""
                  },
                  {
                    "deprecation_announced": "",
                    "id": 2,
                    "is_deprecated": false,
                    "name": "nbg1",
                    "unavailable_after": ""
                  },
                  {
                    "deprecation_announced": "",
                    "id": 3,
                    "is_deprecated": false,
                    "name": "hel1",
                    "unavailable_after": ""
                  }
                ],
                "memory": 4,
                "name": "cx23",
                "storage_type": "local",
                "unavailable_after": ""
              },
              {
                "architecture": "x86",
                "category": "cost_optimized",
                "cores": 4,
                "cpu_type": "shared",
                "deprecation_announced": "",
                "description": "CX 33",
                "disk": 80,
                "id": 115,
                "included_traffic": 0,
                "is_deprecated": false,
                "locations": [
                  {
                    "deprecation_announced": "",
                    "id": 1,
                    "is_deprecated": false,
                    "name": "fsn1",
                    "unavailable_after": ""
                  },
                  {
                    "deprecation_announced": "",
                    "id": 2,
                    "is_deprecated": false,
                    "name": "nbg1",
                    "unavailable_after": ""
                  },
                  {
                    "deprecation_announced": "",
                    "id": 3,
                    "is_deprecated": false,
                    "name": "hel1",
                    "unavailable_after": ""
                  }
                ],
                "memory": 8,
                "name": "cx33",
                "storage_type": "local",
                "unavailable_after": ""
              },
              {
                "architecture": "x86",
                "category": "cost_optimized",
                "cores": 8,
                "cpu_type": "shared",
                "deprecation_announced": "",
                "description": "CX 43",
                "disk": 160,
                "id": 116,
                "included_traffic": 0,
                "is_deprecated": false,
                "locations": [
                  {
                    "deprecation_announced": "",
                    "id": 1,
                    "is_deprecated": false,
                    "name": "fsn1",
                    "unavailable_after": ""
                  },
                  {
                    "deprecation_announced": "",
                    "id": 2,
                    "is_deprecated": false,
                    "name": "nbg1",
                    "unavailable_after": ""
                  },
                  {
                    "deprecation_announced": "",
                    "id": 3,
                    "is_deprecated": false,
                    "name": "hel1",
                    "unavailable_after": ""
                  }
                ],
                "memory": 16,
                "name": "cx43",
                "storage_type": "local",
                "unavailable_after": ""
              },
              {
                "architecture": "x86",
                "category": "cost_optimized",
                "cores": 16,
                "cpu_type": "shared",
                "deprecation_announced": "",
                "description": "CX 53",
                "disk": 320,
                "id": 117,
                "included_traffic": 0,
                "is_deprecated": false,
                "locations": [
                  {
                    "deprecation_announced": "",
                    "id": 1,
                    "is_deprecated": false,
                    "name": "fsn1",
                    "unavailable_after": ""
                  },
                  {
                    "deprecation_announced": "",
                    "id": 2,
                    "is_deprecated": false,
                    "name": "nbg1",
                    "unavailable_after": ""
                  },
                  {
                    "deprecation_announced": "",
                    "id": 3,
                    "is_deprecated": false,
                    "name": "hel1",
                    "unavailable_after": ""
                  }
                ],
                "memory": 32,
                "name": "cx53",
                "storage_type": "local",
                "unavailable_after": ""
              }
            ]
          },
          "sensitive_attributes": []
        }
      ]
    },
    {
      "module": "module.tenant",
      "mode": "managed",
      "type": "cloudflare_dns_record",
      "name": "faraday",
      "provider": "module.tenant.provider[\"registry.terraform.io/cloudflare/cloudflare\"]",
      "instances": [
        {
          "schema_version": 0,
          "attributes": {
            "comment": null,
            "comment_modified_on": null,
            "content": "157.180.88.232",
            "created_on": "2025-10-20T15:52:05Z",
            "data": null,
            "id": "2fa281e640b2d81b2546fd136f1fcdc3",
            "meta": "{}",
            "modified_on": "2025-10-20T15:52:05Z",
            "name": "faraday.demo.spm.openshield.io",
            "priority": null,
            "proxiable": true,
            "proxied": false,
            "settings": {
              "flatten_cname": null,
              "ipv4_only": null,
              "ipv6_only": null
            },
            "tags": [],
            "tags_modified_on": null,
            "ttl": 3600,
            "type": "A",
            "zone_id": "f92c4f6137dffe0e40aa658cc70e3fa8"
          },
          "sensitive_attributes": [],
          "dependencies": [
            "module.tenant.data.cloudflare_zone.openshield",
            "module.tenant.data.hcloud_server_type.selected",
            "module.tenant.data.hcloud_server_types.all",
            "module.tenant.hcloud_server.tenant_server",
            "module.tenant.hcloud_ssh_key.ssh_key",
            "module.tenant.tls_private_key.ssh_key"
          ]
        }
      ]
    },
    {
      "module": "module.tenant",
      "mode": "managed",
      "type": "hcloud_server",
      "name": "tenant_server",
      "provider": "module.tenant.provider[\"registry.terraform.io/hetznercloud/hcloud\"]",
      "instances": [
        {
          "schema_version": 0,
          "attributes": {
            "allow_deprecated_images": false,
            "backup_window": "",
            "backups": false,
            "datacenter": "hel1-dc2",
            "delete_protection": false,
            "firewall_ids": [],
            "id": "111182926",
            "ignore_remote_firewall_ids": false,
            "image": "ubuntu-22.04",
            "ipv4_address": "157.180.88.232",
            "ipv6_address": "2a01:4f9:c013:feed::1",
            "ipv6_network": "2a01:4f9:c013:feed::/64",
            "iso": null,
            "keep_disk": false,
            "labels": {
              "solution": "spm",
              "tenant": "demo"
            },
            "location": "hel1",
            "name": "spm-tenant-demo",
            "network": [],
            "placement_group_id": 0,
            "primary_disk_size": 80,
            "public_net": [],
            "rebuild_protection": false,
            "rescue": null,
            "server_type": "cpx21",
            "shutdown_before_deletion": false,
            "ssh_keys": [
              "103303474"
            ],
            "status": "running",
            "timeouts": null,
            "user_data": "wJF+NUVpEk0oiLEHswq26iXDp74="
          },
          "sensitive_attributes": [],
          "private": "eyJlMmJmYjczMC1lY2FhLTExZTYtOGY4OC0zNDM2M2JjN2M0YzAiOnsiY3JlYXRlIjo1NDAwMDAwMDAwMDAwfX0=",
          "dependencies": [
            "module.tenant.data.hcloud_server_type.selected",
            "module.tenant.data.hcloud_server_types.all",
            "module.tenant.hcloud_ssh_key.ssh_key",
            "module.tenant.tls_private_key.ssh_key"
          ]
        }
      ]
    },
    {
      "module": "module.tenant",
      "mode": "managed",
      "type": "hcloud_ssh_key",
      "name": "ssh_key",
      "provider": "module.tenant.provider[\"registry.terraform.io/hetznercloud/hcloud\"]",
      "instances": [
        {
          "schema_version": 0,
          "attributes": {
            "fingerprint": "aa:96:a1:f9:9c:12:be:2c:5d:db:3d:66:0a:42:75:19",
            "id": "103303474",
            "labels": {
              "solution": "spm",
              "tenant": "demo"
            },
            "name": "demo-ssh-key",
            "public_key": "ssh-rsa AAAAB3NzaC1yc2EAAAADAQABAAACAQDlDekTeaugu/OOI4LaKEALzIYvv+nZdcoBHzrV03yyos6+0n5BU4bHoEqwGQcCgplm3oZTVpU48EqmVN0Pksnb24K/R3cTBqx+k6scDzmLDGjCe4EvNf2XO6hNJATMRWRU84ze2mRx98+RxsJ6Ls8esDouMufC/ZV9plIb96Evt2sfB2Xcrbirm4s2ZWcCmBXZHxaNAecVKa5oD2qynDplBiNAgwPBOdMBPFvOd59ZbGTBc0q2BgMU95x6I8HaKIPBPUJYy6KGODzcZeu5Kg6AbGaJXVfLxkhy0Qhvo8Hq0jrgBdDB47jbApumjs/mIvqPLy+UfR5DfiVxSxrWfu+A3g9ToCMWcw1Cc4Mus4SPixio9zAXL9pOfXLz3qdSjpMbrABCpVYdjqxM2VB5JWqMk3/PFXB+a5w29lpsx3LPrGs/Z+FjTOmY5K0528ZgQ4/aVWMiECPsxtq64iTAj97GHac7+4+TnQfVTXbuedhqDNhHAaf6a50s7zMFbF8ahTgF5zBpDl+XL91CTnV3JC10dcoOKvOvMwnaxxCd9mMPB/KQz+15FRTjvhhj/dyFXvMlvNcna5D4W8+JLOKe4+PIRVarVwcFe6e0nnnYx3fDDITyQ48qLC3BRzPgxQDodfvsJ3oK8nXSG9lNrRHcnISWWvazsCPs9toZXPw0bFrkWw==\n"
          },
          "sensitive_attributes": [],
          "dependencies": [
            "module.tenant.tls_private_key.ssh_key"
          ]
        }
      ]
    },
    {
      "module": "module.tenant",
      "mode": "managed",
      "type": "hcloud_volume",
      "name": "tenant_volume",
      "provider": "module.tenant.provider[\"registry.terraform.io/hetznercloud/hcloud\"]",
      "instances": [
        {
          "schema_version": 0,
          "attributes": {
            "automount": true,
            "delete_protection": false,
            "format": "ext4",
            "id": "103776784",
            "labels": {
              "solution": "spm",
              "tenant": "demo"
            },
            "linux_device": "/dev/disk/by-id/scsi-0HC_Volume_103776784",
            "location": "hel1",
            "name": "spm-tenant-demo-volume",
            "server_id": 111182926,
            "size": 50
          },
          "sensitive_attributes": [],
          "private": "bnVsbA==",
          "dependencies": [
            "module.tenant.data.hcloud_server_type.selected",
            "module.tenant.data.hcloud_server_types.all",
            "module.tenant.hcloud_server.tenant_server",
            "module.tenant.hcloud_ssh_key.ssh_key",
            "module.tenant.tls_private_key.ssh_key"
          ]
        }
      ]
    },
    {
      "module": "module.tenant",
      "mode": "managed",
      "type": "local_file",
      "name": "configure_faraday_nginx_sh",
      "provider": "provider[\"registry.terraform.io/hashicorp/local\"]",
      "instances": [
        {
          "schema_version": 0,
          "attributes": {
            "content": "#!/usr/bin/env bash\n\necho \"Configuring Nginx for Faraday...\"\n\n# Request LetsEncrypt certificate for the domain\nsudo certbot certonly --nginx -d faraday.demo.spm.openshield.io --non-interactive --agree-tos -m certbot@cyberdef.cc --redirect | sudo tee /opt/faraday/certbot.log 2\u003e\u00261\n\n# Extract certificate and key paths\nCERT_PATH=$(grep -iE 'certificate is saved at:' /opt/faraday/certbot.log | awk '{print $5}')\nKEY_PATH=$(grep -iE 'key is saved at:' /opt/faraday/certbot.log | awk '{print $5}')\nif [ -z \"$CERT_PATH\" ] || [ -z \"$KEY_PATH\" ]; then\n    echo \"Failed to obtain SSL certificate. Check certbot log at /opt/faraday/certbot.log\"\n    exit 1\nfi\n\n# Generate Nginx configuration for Faraday\necho y | sudo faraday-manage generate-nginx-config --fqdn faraday.demo.spm.openshield.io --port 5985 --ws-port 9000 --ssl-certificate $CERT_PATH --ssl-key $KEY_PATH | awk 'BEGIN{p=0} /^.*NGINX Config$/{getline; getline; p=1} p{print}' | sudo tee /opt/faraday/faraday.conf 2\u003e\u00261\n\n# Move the generated config to Nginx sites-available\nsudo mv /opt/faraday/faraday.conf /etc/nginx/sites-available/faraday.conf\nsudo ln -sf /etc/nginx/sites-available/faraday.conf /etc/nginx/sites-enabled/faraday.conf\n\n# Test Nginx configuration\nsudo nginx -t\nif [ $? -ne 0 ]; then\n    echo \"Nginx configuration test failed. Please check the configuration file.\"\n    exit 1\nfi\n\n# Wait until no jobs for systemd-sysctl remain\nwhile systemctl list-jobs | grep -q systemd-sysctl; do sleep 1; done\n\n# Reload Nginx to apply the new configuration\nsudo systemctl reload nginx",
            "content_base64": null,
            "content_base64sha256": "zReJ6++nprJvqKbpcrbrCRqcb7Vt/Gg/WtZFkJdx9fE=",
            "content_base64sha512": "yNFmfuaYhcCKQ9WmKmz/1Jn4YaTjfLOAcJzTJPNMa1Elw5aOhndY8wA9ADn5y8BNCNcaxAOWoeL6GAzKWr87Vw==",
            "content_md5": "b534f353eb32e59fcb9678a99660004a",
            "content_sha1": "2a7258cf017d8aeb1db86048887cc12f02460efe",
            "content_sha256": "cd1789ebefa7a6b26fa8a6e972b6eb091a9c6fb56dfc683f5ad645909771f5f1",
            "content_sha512": "c8d1667ee69885c08a43d5a62a6cffd499f861a4e37cb380709cd324f34c6b5125c3968e867758f3003d0039f9cbc04d08d71ac40396a1e2fa180cca5abf3b57",
            "directory_permission": "0777",
            "file_permission": "0777",
            "filename": "modules/tenant/_rendered/configure-faraday-nginx.sh",
            "id": "2a7258cf017d8aeb1db86048887cc12f02460efe",
            "sensitive_content": null,
            "source": null
          },
          "sensitive_attributes": []
        }
      ]
    },
    {
      "module": "module.tenant",
      "mode": "managed",
      "type": "local_file",
      "name": "configure_faraday_sh",
      "provider": "provider[\"registry.terraform.io/hashicorp/local\"]",
      "instances": [
        {
          "schema_version": 0,
          "attributes": {
            "content": "# !/bin/bash\n\n# Install faraday-cli\nsudo pip3 install faraday-cli\n\n# Authenticate faraday-cli\nfaraday-cli auth -u faraday -p kOrUwFepBoU_pQaX -f https://faraday.demo.spm.openshield.io\n\n# Create a default workspace\nfaraday-cli workspace create default",
            "content_base64": null,
            "content_base64sha256": "BHrTK7p1i/hperTgJeMErsAJjiONNO2XbGwPAsBWw54=",
            "content_base64sha512": "SNAAmF1B1sgHG0yyyGkxRGpr+QNddcoQjqocOhZjDJ2SSFcJWawyTnhww6PNA9oCPsih28i+b8RJaDqFuD+BkQ==",
            "content_md5": "1b3bf9d9c3660a6badd61129ac7949d6",
            "content_sha1": "dda8366b9ec937f91e422be537f5fb67720e0887",
            "content_sha256": "047ad32bba758bf8697ab4e025e304aec0098e238d34ed976c6c0f02c056c39e",
            "content_sha512": "48d000985d41d6c8071b4cb2c86931446a6bf9035d75ca108eaa1c3a16630c9d9248570959ac324e7870c3a3cd03da023ec8a1dbc8be6fc449683a85b83f8191",
            "directory_permission": "0777",
            "file_permission": "0777",
            "filename": "modules/tenant/_rendered/configure-faraday.sh",
            "id": "dda8366b9ec937f91e422be537f5fb67720e0887",
            "sensitive_content": null,
            "source": null
          },
          "sensitive_attributes": [
            [
              {
                "type": "get_attr",
                "value": "content"
              }
            ]
          ],
          "dependencies": [
            "module.tenant.random_password.faraday_password"
          ]
        }
      ]
    },
    {
      "module": "module.tenant",
      "mode": "managed",
      "type": "local_file",
      "name": "install_faraday_sh",
      "provider": "provider[\"registry.terraform.io/hashicorp/local\"]",
      "instances": [
        {
          "schema_version": 0,
          "attributes": {
            "content": "# !/bin/bash\n\n# A helper script to install Faraday on an Ubuntu server.\n# OS: Ubuntu 20.04 or later\n# Usage: ./install-faraday.sh \u003cVERSION|latest\u003e\n# Example: ./install-faraday.sh latest\n#\n# Author: YordanOpenShield\n\necho \"Starting Faraday installation...\"\n\n# Create necessary directories\nsudo mkdir -p /opt/faraday\ncd /opt/faraday\n\n# Get latest version tag\nVERSION=latest\nif [ -z \"$VERSION\" ] || [ \"$VERSION\" = \"latest\" ]; then\n  echo \"Fetching latest Faraday release from GitHub...\"\n  # prefer jq if available\n  if command -v jq \u003e/dev/null 2\u003e\u00261; then\n    VERSION=$(curl -s https://api.github.com/repos/infobyte/faraday/releases/latest | jq -r .tag_name)\n  else\n    VERSION=$(curl -s https://api.github.com/repos/infobyte/faraday/releases/latest | grep -oP '\"tag_name\":\\s*\"\\K(.*)(?=\")' || true)\n  fi\n\n  if [ -z \"$VERSION\" ]; then\n    echo \"Failed to determine latest Faraday version.\"\n    exit 1\n  fi\n  echo \"Latest version is $VERSION\"\nfi\n\n# Download Faraday\nsudo wget https://github.com/infobyte/faraday/releases/download/$VERSION/faraday-server_amd64.deb\n\n# Wait until no jobs for systemd-sysctl remain\nwhile systemctl list-jobs | grep -q systemd-sysctl; do sleep 1; done\n\n# Make sure dependencies are installed\nsudo apt-get install -y postgresql redis python3 python3-pip\n\n# Wait until no jobs for systemd-sysctl remain\nwhile systemctl list-jobs | grep -q systemd-sysctl; do sleep 1; done\n\n# Install Faraday\nsudo apt install -f /opt/faraday/faraday-server_amd64.deb -y\n\n# Add current user to faraday group\nsudo usermod -aG faraday $(whoami)\n\n# Initialize Faraday database\nsudo faraday-manage initdb\n\n# Change faraday's admin password\nsudo faraday-manage change-password --username faraday --password kOrUwFepBoU_pQaX\n\n# Wait until no jobs for systemd-sysctl remain\nwhile systemctl list-jobs | grep -q systemd-sysctl; do sleep 1; done\n\n# Reload systemd to recognize Faraday services\nsudo systemctl daemon-reload\n\n# Start and enable Faraday services\nsudo systemctl start faraday-server\nsudo systemctl enable faraday-server\n\nsudo systemctl start faraday-worker\nsudo systemctl enable faraday-worker\n\n# Make sure Faraday is running\nif systemctl is-active --quiet faraday-server; then\n    echo \"Faraday server is running.\"\nelse\n    echo \"Faraday server failed to start.\"\n    exit 1\nfi",
            "content_base64": null,
            "content_base64sha256": "KfEaXtXW6ID9WKUNmxP8dkjO7Qk43CU2f6U4N29OlMk=",
            "content_base64sha512": "1rzYq/EO1zbfbgOP0JJxo5RktKq/8WFaskS/ZhIs1dW3GxjMGwoUMRS2ReyteTgvcWiLcEj83DdOi4NmgomUMw==",
            "content_md5": "a1da872504673fb888a67154db0a32e9",
            "content_sha1": "71f3db11c256c91dee86bf6f3bc67103ad7fadb5",
            "content_sha256": "29f11a5ed5d6e880fd58a50d9b13fc7648ceed0938dc25367fa538376f4e94c9",
            "content_sha512": "d6bcd8abf10ed736df6e038fd09271a39464b4aabff1615ab244bf66122cd5d5b71b18cc1b0a143114b645ecad79382f71688b7048fcdc374e8b836682899433",
            "directory_permission": "0777",
            "file_permission": "0777",
            "filename": "modules/tenant/_rendered/install-faraday.sh",
            "id": "71f3db11c256c91dee86bf6f3bc67103ad7fadb5",
            "sensitive_content": null,
            "source": null
          },
          "sensitive_attributes": [
            [
              {
                "type": "get_attr",
                "value": "content"
              }
            ]
          ],
          "dependencies": [
            "module.tenant.random_password.faraday_password"
          ]
        }
      ]
    },
    {
      "module": "module.tenant",
      "mode": "managed",
      "type": "local_file",
      "name": "install_nginx_sh",
      "provider": "provider[\"registry.terraform.io/hashicorp/local\"]",
      "instances": [
        {
          "schema_version": 0,
          "attributes": {
            "content": "# !/bin/bash\n\necho \"Starting Nginx installation...\"\n\n# Wait until no jobs for systemd-sysctl remain\nwhile systemctl list-jobs | grep -q systemd-sysctl; do sleep 1; done\n\n# Install Nginx\nsudo apt install -y nginx\nsudo systemctl start nginx\nsudo systemctl enable nginx\n\n# Wait until no jobs for systemd-sysctl remain\nwhile systemctl list-jobs | grep -q systemd-sysctl; do sleep 1; done\n\n# Install certbot\nsudo apt install -y certbot python3-certbot-nginx\n\n# Adjust firewall to allow HTTP and HTTPS traffic\nsudo ufw allow http\nsudo ufw allow https",
            "content_base64": null,
            "content_base64sha256": "o4919IRfA5pOJeO7QoJD7ZxvTpydXFrk0+oPt/Lmwho=",
            "content_base64sha512": "rCkMXeyJ5UkcPvYhmyJPdJkexRED4JFQ4QNVYDaSR+BMGLsfYSIOZSAFCIPFUh19FirQUAxUhQd9LKItW0GQsA==",
            "content_md5": "e0c94e4b2e8b33c6f7489a8a6582c76f",
            "content_sha1": "5682968225ad55134c8c4bd36eda4b6e67362f53",
            "content_sha256": "a38f75f4845f039a4e25e3bb428243ed9c6f4e9c9d5c5ae4d3ea0fb7f2e6c21a",
            "content_sha512": "ac290c5dec89e5491c3ef6219b224f74991ec51103e09150e1035560369247e04c18bb1f61220e6520050883c5521d7d162ad0500c5485077d2ca22d5b4190b0",
            "directory_permission": "0777",
            "file_permission": "0777",
            "filename": "modules/tenant/_rendered/install-nginx.sh",
            "id": "5682968225ad55134c8c4bd36eda4b6e67362f53",
            "sensitive_content": null,
            "source": null
          },
          "sensitive_attributes": []
        }
      ]
    },
    {
      "module": "module.tenant",
      "mode": "managed",
      "type": "null_resource",
      "name": "provision_faraday_scripts",
      "provider": "provider[\"registry.terraform.io/hashicorp/null\"]",
      "instances": [
        {
          "schema_version": 0,
          "attributes": {
            "id": "3776686492198071982",
            "triggers": {
              "always_run": "2025-10-20T15:53:13Z"
            }
          },
          "sensitive_attributes": [],
          "dependencies": [
            "module.tenant.cloudflare_dns_record.faraday",
            "module.tenant.data.cloudflare_zone.openshield",
            "module.tenant.data.hcloud_server_type.selected",
            "module.tenant.data.hcloud_server_types.all",
            "module.tenant.hcloud_server.tenant_server",
            "module.tenant.hcloud_ssh_key.ssh_key",
            "module.tenant.hcloud_volume.tenant_volume",
            "module.tenant.local_file.configure_faraday_nginx_sh",
            "module.tenant.local_file.install_faraday_sh",
            "module.tenant.local_file.install_nginx_sh",
            "module.tenant.random_password.faraday_password",
            "module.tenant.tls_private_key.ssh_key"
          ]
        }
      ]
    },
    {
      "module": "module.tenant",
      "mode": "managed",
      "type": "random_password",
      "name": "faraday_password",
      "provider": "provider[\"registry.terraform.io/hashicorp/random\"]",
      "instances": [
        {
          "schema_version": 3,
          "attributes": {
            "bcrypt_hash": "$2a$10$Amvaqwy3lUs1WtAQqZfTQuwlR17UBBzdezH92CuqkA7.Glt0c3qC6",
            "id": "none",
            "keepers": null,
            "length": 16,
            "lower": true,
            "min_lower": 0,
            "min_numeric": 0,
            "min_special": 0,
            "min_upper": 0,
            "number": true,
            "numeric": true,
            "override_special": "_%@",
            "result": "kOrUwFepBoU_pQaX",
            "special": true,
            "upper": true
          },
          "sensitive_attributes": []
        }
      ]
    },
    {
      "module": "module.tenant",
      "mode": "managed",
      "type": "tls_private_key",
      "name": "ssh_key",
      "provider": "provider[\"registry.terraform.io/hashicorp/tls\"]",
      "instances": [
        {
          "schema_version": 1,
          "attributes": {
            "algorithm": "RSA",
            "ecdsa_curve": "P224",
            "id": "283cb0e246912f5e3ea2e42afe48aea858736994",
            "private_key_openssh": "-----BEGIN OPENSSH PRIVATE KEY-----\nb3BlbnNzaC1rZXktdjEAAAAABG5vbmUAAAAEbm9uZQAAAAAAAAABAAACFwAAAAdz\nc2gtcnNhAAAAAwEAAQAAAgEA5Q3pE3mroLvzjiOC2ihAC8yGL7/p2XXKAR861dN8\nsqLOvtJ+QVOGx6BKsBkHAoKZZt6GU1aVOPBKplTdD5LJ29uCv0d3EwasfpOrHA85\niwxownuBLzX9lzuoTSQEzEVkVPOM3tpkcffPkcbCei7PHrA6LjLnwv2VfaZSG/eh\nL7drHwdl3K24q5uLNmVnApgV2R8WjQHnFSmuaA9qspw6ZQYjQIMDwTnTATxbznef\nWWxkwXNKtgYDFPeceiPB2iiDwT1CWMuihjg83GXruSoOgGxmiV1Xy8ZIctEIb6PB\n6tI64AXQweO42wKbpo7P5iL6jy8vlH0eQ34lcUsa1n7vgN4PU6AjFnMNQnODLrOE\nj4sYqPcwFy/aTn1y896nUo6TG6wAQqVWHY6sTNlQeSVqjJN/zxVwfmucNvZabMdy\nz6xrP2fhY0zpmOStOdvGYEOP2lVjIhAj7MbauuIkwI/exh2nO/uPk50H1U127nnY\nagzYRwGn+mudLO8zBWxfGoU4BecwaQ5fly/dQk51dyQtdHXKDirzrzMJ2scQnfZj\nDwfykM/teRUU474YY/3chV7zJbzXJ2uQ+FvPiSzinuPjyEVWq1cHBXuntJ552Md3\nwwyE8kOPKiwtwUcz4MUA6HX77Cd6CvJ10hvZTa0R3JyEllr2s7Aj7PbaGVz8NGxa\n5FsAAAc4n38Ntp9/DbYAAAAHc3NoLXJzYQAAAgEA5Q3pE3mroLvzjiOC2ihAC8yG\nL7/p2XXKAR861dN8sqLOvtJ+QVOGx6BKsBkHAoKZZt6GU1aVOPBKplTdD5LJ29uC\nv0d3EwasfpOrHA85iwxownuBLzX9lzuoTSQEzEVkVPOM3tpkcffPkcbCei7PHrA6\nLjLnwv2VfaZSG/ehL7drHwdl3K24q5uLNmVnApgV2R8WjQHnFSmuaA9qspw6ZQYj\nQIMDwTnTATxbznefWWxkwXNKtgYDFPeceiPB2iiDwT1CWMuihjg83GXruSoOgGxm\niV1Xy8ZIctEIb6PB6tI64AXQweO42wKbpo7P5iL6jy8vlH0eQ34lcUsa1n7vgN4P\nU6AjFnMNQnODLrOEj4sYqPcwFy/aTn1y896nUo6TG6wAQqVWHY6sTNlQeSVqjJN/\nzxVwfmucNvZabMdyz6xrP2fhY0zpmOStOdvGYEOP2lVjIhAj7MbauuIkwI/exh2n\nO/uPk50H1U127nnYagzYRwGn+mudLO8zBWxfGoU4BecwaQ5fly/dQk51dyQtdHXK\nDirzrzMJ2scQnfZjDwfykM/teRUU474YY/3chV7zJbzXJ2uQ+FvPiSzinuPjyEVW\nq1cHBXuntJ552Md3wwyE8kOPKiwtwUcz4MUA6HX77Cd6CvJ10hvZTa0R3JyEllr2\ns7Aj7PbaGVz8NGxa5FsAAAADAQABAAACAApaCmu8vB1xBmz+PNvYJYDYVu4nLw3g\nDWeR6OpLUF+QYmXsWb62ZCkhx45VgI7D++PSxbZUJj1NsB9RRtun0iNItIwpfNT+\nyw0+EOXH6F1Y4Q59ChW/S70pzzg2mwLnq0T4QX28LVLwlKXCxPzu9aGuQYrfS8Bx\nDnBVyRswzKI9Q1mXz3+ILbLlE4cQpnWkYu8OQR9787IYpqRW91xSxC7W9qvj3+e7\n0cXvW496si3BQNJ0qpk3BKz4vc56pDhUTBQPzS+kewK0MvKbppTBNP49J+soV/SX\n0E65agywQBjOidD1t6gI6cyivbRq0DQskNn8vhqTXFVHiQX+6MZt3oFaDMhj+KU4\n2G4k79+8T1cuE8tQtEG+kU3pCjYoVpHLkDN1kA7jRV+QuMO5zlxC+F1Oj/kG0RnV\nOAbMIRAiATObiP5/pr+Ql/VZlFfWtanGRyHKduIe1jrfhljzKBdTfjr/G9zog/3Z\nL8pXHbkB/ab8mBoRdA78Y0k66OrhQgEAEj/WszfzlQ4h34aDZlkXStMytZlFCkXB\na7XzDCA5LAOt0MpsS6WkdZM2/ZYIC+dDdx+ZeVwmTnd2SMCx2hD4/FukFeH4Zm5a\nrupX9s6XGmvv5OW55Ine5FNdK6XfNc6oQMIoF5zub5qUHB/9jm+XFj4dJLnuuObO\nw5EAnXr8JJelAAABAEfJsFkk1gbOihTWKv65ygBbOey5zbpdLlz9G8h2GK3hozYK\nTJzJ0l7Igxz6D9cSfS28rlDD0WjspKIl3w2Uh0bg9qAaiD1XzYWIxXJYP21m/mMB\nc7nKCjHeg1/XUP8QZmGkqya4awq1gMdhwRygbQP18W/FwvZBonyujuJ/4TE6FFRc\nf96kNjojL2gAvSBItJ6xmny41JhSImRkHyJsPtaB1NrzgpeIq1onouT67+Bw2SDQ\nzVaS3T70h52IMtO8CzsPh1tOS2e9wlJUvPoUO68kohHzIIUCpB0vFwicKR/X+B2m\nEmZrZu6GPe523X8C+hPahVM6DUbN+8xLojnKIigAAAEBAPloIb0YxuKsX+Pbwihu\nvROnxgHxM5dPkKgaesGfC5woiYXitmOxGqsw+FHuY7kKaFQezbonXFSgIVXOntS+\n3sbGzxD6uadGPRs7oddkQt7NPImdC/6Ogo0X4iYcWrpXxVjvsrVQ5+w5giPVVmND\n7zmjsLzaMV0vV28swxeHwwZdhnWOVCRyYQleB+LPaRzVtMWXoMV9bvwwhGera+na\n3T48zjIo/FPHJYF1xLxxcX+FA7oYt4yTFqLxw7sZ8Qx1Sm1mg3EZf3Ds7HX3ahzM\nQ1LhPW9flhYPiQF4W3pWIhDXNf5LO4+9LKv6G0FYZ0T2AP4nZdphVwrmFJE+GJEe\nQScAAAEBAOscCv+38Bl9vXbNjgjaXx1O2wytWtS1oOutkE1MxzOzysS7mEVeEGDa\nYdVaRSJzOCXbZqyX+dPeBNEefMRq/w00l3dzU/oRE14BWnGIlC+2ftSLy1QQQuBp\n4WgAhPxjc35FllnF3RJZE4NJGtfCGpqVjPyiwuycOVAvehvVk49XMxWxPNHebWbR\nep4qklwcqIVx0+TRNdq6kGeK0/vx9UVPzmvcYILZ+t0oj/0ZQaZ+vJ3O4JvEAY0O\nFs/jBwksi/ONKA+ch0Gpy6Pv6MowJ9a5XKC04OcJ0F2sZCgqM/jzd42YOjoYQRWT\nNrZdnFXxj4YUt7DleSAN6UQD+zBAW60AAAAAAQID\n-----END OPENSSH PRIVATE KEY-----\n",
            "private_key_pem": "-----BEGIN RSA PRIVATE KEY-----\nMIIJJwIBAAKCAgEA5Q3pE3mroLvzjiOC2ihAC8yGL7/p2XXKAR861dN8sqLOvtJ+\nQVOGx6BKsBkHAoKZZt6GU1aVOPBKplTdD5LJ29uCv0d3EwasfpOrHA85iwxownuB\nLzX9lzuoTSQEzEVkVPOM3tpkcffPkcbCei7PHrA6LjLnwv2VfaZSG/ehL7drHwdl\n3K24q5uLNmVnApgV2R8WjQHnFSmuaA9qspw6ZQYjQIMDwTnTATxbznefWWxkwXNK\ntgYDFPeceiPB2iiDwT1CWMuihjg83GXruSoOgGxmiV1Xy8ZIctEIb6PB6tI64AXQ\nweO42wKbpo7P5iL6jy8vlH0eQ34lcUsa1n7vgN4PU6AjFnMNQnODLrOEj4sYqPcw\nFy/aTn1y896nUo6TG6wAQqVWHY6sTNlQeSVqjJN/zxVwfmucNvZabMdyz6xrP2fh\nY0zpmOStOdvGYEOP2lVjIhAj7MbauuIkwI/exh2nO/uPk50H1U127nnYagzYRwGn\n+mudLO8zBWxfGoU4BecwaQ5fly/dQk51dyQtdHXKDirzrzMJ2scQnfZjDwfykM/t\neRUU474YY/3chV7zJbzXJ2uQ+FvPiSzinuPjyEVWq1cHBXuntJ552Md3wwyE8kOP\nKiwtwUcz4MUA6HX77Cd6CvJ10hvZTa0R3JyEllr2s7Aj7PbaGVz8NGxa5FsCAwEA\nAQKCAgAKWgprvLwdcQZs/jzb2CWA2FbuJy8N4A1nkejqS1BfkGJl7Fm+tmQpIceO\nVYCOw/vj0sW2VCY9TbAfUUbbp9IjSLSMKXzU/ssNPhDlx+hdWOEOfQoVv0u9Kc84\nNpsC56tE+EF9vC1S8JSlwsT87vWhrkGK30vAcQ5wVckbMMyiPUNZl89/iC2y5ROH\nEKZ1pGLvDkEfe/OyGKakVvdcUsQu1var49/nu9HF71uPerItwUDSdKqZNwSs+L3O\neqQ4VEwUD80vpHsCtDLym6aUwTT+PSfrKFf0l9BOuWoMsEAYzonQ9beoCOnMor20\natA0LJDZ/L4ak1xVR4kF/ujGbd6BWgzIY/ilONhuJO/fvE9XLhPLULRBvpFN6Qo2\nKFaRy5AzdZAO40VfkLjDuc5cQvhdTo/5BtEZ1TgGzCEQIgEzm4j+f6a/kJf1WZRX\n1rWpxkchynbiHtY634ZY8ygXU346/xvc6IP92S/KVx25Af2m/JgaEXQO/GNJOujq\n4UIBABI/1rM385UOId+Gg2ZZF0rTMrWZRQpFwWu18wwgOSwDrdDKbEulpHWTNv2W\nCAvnQ3cfmXlcJk53dkjAsdoQ+PxbpBXh+GZuWq7qV/bOlxpr7+TlueSJ3uRTXSul\n3zXOqEDCKBec7m+alBwf/Y5vlxY+HSS57rjmzsORAJ16/CSXpQKCAQEA+WghvRjG\n4qxf49vCKG69E6fGAfEzl0+QqBp6wZ8LnCiJheK2Y7EaqzD4Ue5juQpoVB7Nuidc\nVKAhVc6e1L7exsbPEPq5p0Y9Gzuh12RC3s08iZ0L/o6CjRfiJhxaulfFWO+ytVDn\n7DmCI9VWY0PvOaOwvNoxXS9XbyzDF4fDBl2GdY5UJHJhCV4H4s9pHNW0xZegxX1u\n/DCEZ6tr6drdPjzOMij8U8clgXXEvHFxf4UDuhi3jJMWovHDuxnxDHVKbWaDcRl/\ncOzsdfdqHMxDUuE9b1+WFg+JAXhbelYiENc1/ks7j70sq/obQVhnRPYA/idl2mFX\nCuYUkT4YkR5BJwKCAQEA6xwK/7fwGX29ds2OCNpfHU7bDK1a1LWg662QTUzHM7PK\nxLuYRV4QYNph1VpFInM4JdtmrJf5094E0R58xGr/DTSXd3NT+hETXgFacYiUL7Z+\n1IvLVBBC4GnhaACE/GNzfkWWWcXdElkTg0ka18IampWM/KLC7Jw5UC96G9WTj1cz\nFbE80d5tZtF6niqSXByohXHT5NE12rqQZ4rT+/H1RU/Oa9xggtn63SiP/RlBpn68\nnc7gm8QBjQ4Wz+MHCSyL840oD5yHQanLo+/oyjAn1rlcoLTg5wnQXaxkKCoz+PN3\njZg6OhhBFZM2tl2cVfGPhhS3sOV5IA3pRAP7MEBbrQKCAQAGM/7S0zDvJlZkNm0H\n0GlHed7E4Zjk5Ie2hqIS+r+xLJjvCYp7xEXjiB5E+2bjjUy2+uUnAh+bwzfRCIiO\nxgiIbR1tUK8ZZ/fRG5SU5Nt86yHcUlmgBS9eDwAC7qWbCN/RrHSHafG6wFtqRL4X\nTfM/PcEBkXO0256TF0vq4+eH2v+jIN0a4vVi5EHR9FKq8u3CFFldUBdYkmRYp7zR\nXi4uhBikyrwr4UIfjCxOe4vVHhvPnxnBl07y0oyJtMV4B9rICcqvH3E5/8qJzJOJ\nD9OE1jFO+dOjzNMdhD7SNh42yQOAxaI/mvbneBsBbw9yeaPgrl4sJkuh68MLMb4u\nrc/1AoIBAHowHNdBtRrKaokv0z1uoDgPH3C7N5WMv5E8pt5FpNGOAzezdzO16zUq\nyeWkAIIi929VU0snwMMHg+FawuUh5mPqjT2bRm2UKkiU03hlzv3tDoVQEeAig182\nJ9txSawR05gwei810esTODzm5Xh0fHcSei9iN4PYvUCbLA8DNKkuXHJNppo7ywfA\nnsVMwrv0ePDBc6pbwG1owFvPntQ1r47SJymPYukeeG4wAoU7dw8cltI9DiZl+5hf\nViO8jY+LA0EUf1l9tB3ALQGKUaWi2VGTDDzJRIlOZGgKjBMDu/cKMXv5PWmr6UdZ\nNvoYNIPGAx1f7weUexrZn/2lRAqTqBECggEAR8mwWSTWBs6KFNYq/rnKAFs57LnN\nul0uXP0byHYYreGjNgpMnMnSXsiDHPoP1xJ9LbyuUMPRaOykoiXfDZSHRuD2oBqI\nPVfNhYjFclg/bWb+YwFzucoKMd6DX9dQ/xBmYaSrJrhrCrWAx2HBHKBtA/Xxb8XC\n9kGifK6O4n/hMToUVFx/3qQ2OiMvaAC9IEi0nrGafLjUmFIiZGQfImw+1oHU2vOC\nl4irWiei5Prv4HDZINDNVpLdPvSHnYgy07wLOw+HW05LZ73CUlS8+hQ7rySiEfMg\nhQKkHS8XCJwpH9f4HaYSZmtm7oY97nbdfwL6E9qFUzoNRs37zEuiOcoiKA==\n-----END RSA PRIVATE KEY-----\n",
            "private_key_pem_pkcs8": "-----BEGIN PRIVATE KEY-----\nMIIJQQIBADANBgkqhkiG9w0BAQEFAASCCSswggknAgEAAoICAQDlDekTeaugu/OO\nI4LaKEALzIYvv+nZdcoBHzrV03yyos6+0n5BU4bHoEqwGQcCgplm3oZTVpU48Eqm\nVN0Pksnb24K/R3cTBqx+k6scDzmLDGjCe4EvNf2XO6hNJATMRWRU84ze2mRx98+R\nxsJ6Ls8esDouMufC/ZV9plIb96Evt2sfB2Xcrbirm4s2ZWcCmBXZHxaNAecVKa5o\nD2qynDplBiNAgwPBOdMBPFvOd59ZbGTBc0q2BgMU95x6I8HaKIPBPUJYy6KGODzc\nZeu5Kg6AbGaJXVfLxkhy0Qhvo8Hq0jrgBdDB47jbApumjs/mIvqPLy+UfR5DfiVx\nSxrWfu+A3g9ToCMWcw1Cc4Mus4SPixio9zAXL9pOfXLz3qdSjpMbrABCpVYdjqxM\n2VB5JWqMk3/PFXB+a5w29lpsx3LPrGs/Z+FjTOmY5K0528ZgQ4/aVWMiECPsxtq6\n4iTAj97GHac7+4+TnQfVTXbuedhqDNhHAaf6a50s7zMFbF8ahTgF5zBpDl+XL91C\nTnV3JC10dcoOKvOvMwnaxxCd9mMPB/KQz+15FRTjvhhj/dyFXvMlvNcna5D4W8+J\nLOKe4+PIRVarVwcFe6e0nnnYx3fDDITyQ48qLC3BRzPgxQDodfvsJ3oK8nXSG9lN\nrRHcnISWWvazsCPs9toZXPw0bFrkWwIDAQABAoICAApaCmu8vB1xBmz+PNvYJYDY\nVu4nLw3gDWeR6OpLUF+QYmXsWb62ZCkhx45VgI7D++PSxbZUJj1NsB9RRtun0iNI\ntIwpfNT+yw0+EOXH6F1Y4Q59ChW/S70pzzg2mwLnq0T4QX28LVLwlKXCxPzu9aGu\nQYrfS8BxDnBVyRswzKI9Q1mXz3+ILbLlE4cQpnWkYu8OQR9787IYpqRW91xSxC7W\n9qvj3+e70cXvW496si3BQNJ0qpk3BKz4vc56pDhUTBQPzS+kewK0MvKbppTBNP49\nJ+soV/SX0E65agywQBjOidD1t6gI6cyivbRq0DQskNn8vhqTXFVHiQX+6MZt3oFa\nDMhj+KU42G4k79+8T1cuE8tQtEG+kU3pCjYoVpHLkDN1kA7jRV+QuMO5zlxC+F1O\nj/kG0RnVOAbMIRAiATObiP5/pr+Ql/VZlFfWtanGRyHKduIe1jrfhljzKBdTfjr/\nG9zog/3ZL8pXHbkB/ab8mBoRdA78Y0k66OrhQgEAEj/WszfzlQ4h34aDZlkXStMy\ntZlFCkXBa7XzDCA5LAOt0MpsS6WkdZM2/ZYIC+dDdx+ZeVwmTnd2SMCx2hD4/Fuk\nFeH4Zm5arupX9s6XGmvv5OW55Ine5FNdK6XfNc6oQMIoF5zub5qUHB/9jm+XFj4d\nJLnuuObOw5EAnXr8JJelAoIBAQD5aCG9GMbirF/j28Iobr0Tp8YB8TOXT5CoGnrB\nnwucKImF4rZjsRqrMPhR7mO5CmhUHs26J1xUoCFVzp7Uvt7Gxs8Q+rmnRj0bO6HX\nZELezTyJnQv+joKNF+ImHFq6V8VY77K1UOfsOYIj1VZjQ+85o7C82jFdL1dvLMMX\nh8MGXYZ1jlQkcmEJXgfiz2kc1bTFl6DFfW78MIRnq2vp2t0+PM4yKPxTxyWBdcS8\ncXF/hQO6GLeMkxai8cO7GfEMdUptZoNxGX9w7Ox192oczENS4T1vX5YWD4kBeFt6\nViIQ1zX+SzuPvSyr+htBWGdE9gD+J2XaYVcK5hSRPhiRHkEnAoIBAQDrHAr/t/AZ\nfb12zY4I2l8dTtsMrVrUtaDrrZBNTMczs8rEu5hFXhBg2mHVWkUiczgl22asl/nT\n3gTRHnzEav8NNJd3c1P6ERNeAVpxiJQvtn7Ui8tUEELgaeFoAIT8Y3N+RZZZxd0S\nWRODSRrXwhqalYz8osLsnDlQL3ob1ZOPVzMVsTzR3m1m0XqeKpJcHKiFcdPk0TXa\nupBnitP78fVFT85r3GCC2frdKI/9GUGmfrydzuCbxAGNDhbP4wcJLIvzjSgPnIdB\nqcuj7+jKMCfWuVygtODnCdBdrGQoKjP483eNmDo6GEEVkza2XZxV8Y+GFLew5Xkg\nDelEA/swQFutAoIBAAYz/tLTMO8mVmQ2bQfQaUd53sThmOTkh7aGohL6v7EsmO8J\ninvEReOIHkT7ZuONTLb65ScCH5vDN9EIiI7GCIhtHW1Qrxln99EblJTk23zrIdxS\nWaAFL14PAALupZsI39GsdIdp8brAW2pEvhdN8z89wQGRc7TbnpMXS+rj54fa/6Mg\n3Rri9WLkQdH0Uqry7cIUWV1QF1iSZFinvNFeLi6EGKTKvCvhQh+MLE57i9UeG8+f\nGcGXTvLSjIm0xXgH2sgJyq8fcTn/yonMk4kP04TWMU7506PM0x2EPtI2HjbJA4DF\noj+a9ud4GwFvD3J5o+CuXiwmS6Hrwwsxvi6tz/UCggEAejAc10G1GspqiS/TPW6g\nOA8fcLs3lYy/kTym3kWk0Y4DN7N3M7XrNSrJ5aQAgiL3b1VTSyfAwweD4VrC5SHm\nY+qNPZtGbZQqSJTTeGXO/e0OhVAR4CKDXzYn23FJrBHTmDB6LzXR6xM4PObleHR8\ndxJ6L2I3g9i9QJssDwM0qS5cck2mmjvLB8CexUzCu/R48MFzqlvAbWjAW8+e1DWv\njtInKY9i6R54bjAChTt3DxyW0j0OJmX7mF9WI7yNj4sDQRR/WX20HcAtAYpRpaLZ\nUZMMPMlEiU5kaAqMEwO79woxe/k9aavpR1k2+hg0g8YDHV/vB5R7Gtmf/aVECpOo\nEQKCAQBHybBZJNYGzooU1ir+ucoAWznsuc26XS5c/RvIdhit4aM2CkycydJeyIMc\n+g/XEn0tvK5Qw9Fo7KSiJd8NlIdG4PagGog9V82FiMVyWD9tZv5jAXO5ygox3oNf\n11D/EGZhpKsmuGsKtYDHYcEcoG0D9fFvxcL2QaJ8ro7if+ExOhRUXH/epDY6Iy9o\nAL0gSLSesZp8uNSYUiJkZB8ibD7WgdTa84KXiKtaJ6Lk+u/gcNkg0M1Wkt0+9Ied\niDLTvAs7D4dbTktnvcJSVLz6FDuvJKIR8yCFAqQdLxcInCkf1/gdphJma2buhj3u\ndt1/AvoT2oVTOg1GzfvMS6I5yiIo\n-----END PRIVATE KEY-----\n",
            "public_key_fingerprint_md5": "aa:96:a1:f9:9c:12:be:2c:5d:db:3d:66:0a:42:75:19",
            "public_key_fingerprint_sha256": "SHA256:3gpPERQ4rhe4Ai4hXY6oHNp0H0wBkHpBNXqhz1Z9nTk",
            "public_key_openssh": "ssh-rsa AAAAB3NzaC1yc2EAAAADAQABAAACAQDlDekTeaugu/OOI4LaKEALzIYvv+nZdcoBHzrV03yyos6+0n5BU4bHoEqwGQcCgplm3oZTVpU48EqmVN0Pksnb24K/R3cTBqx+k6scDzmLDGjCe4EvNf2XO6hNJATMRWRU84ze2mRx98+RxsJ6Ls8esDouMufC/ZV9plIb96Evt2sfB2Xcrbirm4s2ZWcCmBXZHxaNAecVKa5oD2qynDplBiNAgwPBOdMBPFvOd59ZbGTBc0q2BgMU95x6I8HaKIPBPUJYy6KGODzcZeu5Kg6AbGaJXVfLxkhy0Qhvo8Hq0jrgBdDB47jbApumjs/mIvqPLy+UfR5DfiVxSxrWfu+A3g9ToCMWcw1Cc4Mus4SPixio9zAXL9pOfXLz3qdSjpMbrABCpVYdjqxM2VB5JWqMk3/PFXB+a5w29lpsx3LPrGs/Z+FjTOmY5K0528ZgQ4/aVWMiECPsxtq64iTAj97GHac7+4+TnQfVTXbuedhqDNhHAaf6a50s7zMFbF8ahTgF5zBpDl+XL91CTnV3JC10dcoOKvOvMwnaxxCd9mMPB/KQz+15FRTjvhhj/dyFXvMlvNcna5D4W8+JLOKe4+PIRVarVwcFe6e0nnnYx3fDDITyQ48qLC3BRzPgxQDodfvsJ3oK8nXSG9lNrRHcnISWWvazsCPs9toZXPw0bFrkWw==\n",
            "public_key_pem": "-----BEGIN PUBLIC KEY-----\nMIICIjANBgkqhkiG9w0BAQEFAAOCAg8AMIICCgKCAgEA5Q3pE3mroLvzjiOC2ihA\nC8yGL7/p2XXKAR861dN8sqLOvtJ+QVOGx6BKsBkHAoKZZt6GU1aVOPBKplTdD5LJ\n29uCv0d3EwasfpOrHA85iwxownuBLzX9lzuoTSQEzEVkVPOM3tpkcffPkcbCei7P\nHrA6LjLnwv2VfaZSG/ehL7drHwdl3K24q5uLNmVnApgV2R8WjQHnFSmuaA9qspw6\nZQYjQIMDwTnTATxbznefWWxkwXNKtgYDFPeceiPB2iiDwT1CWMuihjg83GXruSoO\ngGxmiV1Xy8ZIctEIb6PB6tI64AXQweO42wKbpo7P5iL6jy8vlH0eQ34lcUsa1n7v\ngN4PU6AjFnMNQnODLrOEj4sYqPcwFy/aTn1y896nUo6TG6wAQqVWHY6sTNlQeSVq\njJN/zxVwfmucNvZabMdyz6xrP2fhY0zpmOStOdvGYEOP2lVjIhAj7MbauuIkwI/e\nxh2nO/uPk50H1U127nnYagzYRwGn+mudLO8zBWxfGoU4BecwaQ5fly/dQk51dyQt\ndHXKDirzrzMJ2scQnfZjDwfykM/teRUU474YY/3chV7zJbzXJ2uQ+FvPiSzinuPj\nyEVWq1cHBXuntJ552Md3wwyE8kOPKiwtwUcz4MUA6HX77Cd6CvJ10hvZTa0R3JyE\nllr2s7Aj7PbaGVz8NGxa5FsCAwEAAQ==\n-----END PUBLIC KEY-----\n",
            "rsa_bits": 4096
          },
          "sensitive_attributes": []
        }
      ]
    }
  ],
  "check_results": null
}
