{
  "version": 4,
  "terraform_version": "1.5.0",
  "serial": 643,
  "lineage": "2bdfdec5-8c30-28c5-2bba-a5d893c95ad2",
  "outputs": {
    "tenant_host": {
      "value": "157.180.88.232",
      "type": "string"
    },
    "tenant_name": {
      "value": "demo",
      "type": "string"
    },
    "tenant_ssh_private_key": {
      "value": "-----BEGIN RSA PRIVATE KEY-----\nMIIJKQIBAAKCAgEA367309A84IpriovAWpSx2Mcv0/S7FnB1LKB0LWv8shkZSRQc\nRxOrGz3IS2ieP4KJdnbemQfnipcKfZCPJRcWqBt0H8RF2MV1uAdUmxwN/Ksrdyw3\ngj3mu61mzzrXLuWNauYJs5dfvcYzsCRUIOoxu4HKatRyKGYMJ/cSckoItoslL/Ue\nluvBiuFootkwCM65u0gUG40oTVZPb4yKVqh8G1ITwSpqjti1H5AM3JhQXtk8yY0P\nm4lI2YzSxpxhkvhE2SRXsp+QAA/7oHG4U4+nfBLsi3OQ6yUgDVHNPO+Yi+ju2HyA\nnxnHtWadiSUW1zYN8ZtTix9iYzLFQczIgXKHUenqpBrnbOtKh4ggxtEVjCInDANn\nDE0ErncHggtDS/l3U6ctEydqT3CjeYO0Y7ySdqhNl9LI8WaNaQIoicI1MXCbOPCN\nSndcjaJAjZB530brn01UPgQhB91xbuoqxVXIBcxkKUIpPHOtXzqa4Me3jqAQ2Iuw\np4ewLLdrWjM97ciRNXa1zDp0BI01LFLLptVlpl4pDSIIti9o4ExDPiLBzY7qol/x\nUdfh6GuHbqDjBfezBq+lImbiBOKn9OGhCGTLufNcG57KylBOLMwrHF3wOOxBN3jP\nfY9U5bzRx3XiinUxWZwkVlM3SSLBXEiHNChDSRad81oCkjvZQw3adoMiYhECAwEA\nAQKCAgAFH7evGzHNzfXtMErZeFcDmXp7vzsq5iwU9975bGQXO1J0NVj5etacUuO7\n8HtRhp65/zqVpFP2PYQAwNc6mQcMlkZodOFJuCo8azSRsgiS/WPLQNDLs7nNmkkE\n3brwqNL+vCLEQacwjHICKq7fqyW0/yHhJRkxWjcUkkkSo6YD8neJW/LVr7RZB1VT\nh6idRwkDpIDLacYe0WeT7VL87bKcGJr5vYw/1fB+NtlIk1eh+JV3I3tUS4aG7z4j\nzRDCIlxHYhj9L0EH81XHBNvdVCjYw4E2J5FOBaVwkKtkJjPnHpCcFmwG2PsVaXKZ\n4ebeSq9ylaWKBg/FqHPS0EtWhcZaO8mVRMeZW6ZW/oaWJIhfrIid/28YG8+zgoyz\n8u63SXfPnm2epz5mgzJdoz922NzZaesKU/NLelNbQKrY7vHJckZ1rBP1zZuxf+TL\n/cItd6xHkey705P02k2r1yDxY7g7bb71p5jniKSsWok1Z1CwreAf08jd82i+ZOtE\nYm80aP87ueUhNtVgjwD8BWaAJJp+IygcuB6OfzdQ2HZWzcKNaVv66p9bSY2+1Z8D\nGYcP6wUNLuEJ0Scpc3lqHQcWOd5fepccr+u6cS8Zx9/lpONipML4GiWWcIoC/y9f\nyfIJPoTfd+ZvIS0PPdywQGfawLBpstO02jw0G+TqNtJ8MuwMkQKCAQEA5T8SJ9DW\nrnU63cini7sPO1BmpQaD64or0VbtCsUxW/4Ns01tDgcUIg7+5Qo2tEPIXHMIYLbo\nXvVIt9emLGVWQ1VFHl9IwDGplUXdH03XMvtbWDjbdbyOqj2dgAX67v94dQVYVl8M\n464j80PuFuC1QiFzJGrHGnISPkDgnfmDXaxfFHFJCpA5h3zNRsDrOo7Ba7nD3XNF\naVpKZaKvMesX+rLe/4eZy/4wpfi/yLRxyCq2TuoQ8pn359cKASiSTcTA8EK7U4aL\nPfd+ru8glUQlFAVKtepu6DZDb0iA7fzqAvtZqdS1nqbOdEt+/c5XnCqPIo+cTCal\nXC+Ha5mnj0dimQKCAQEA+cmzZVHSF4ozlB6gbEXcn9nAr76G8orIhP9+Ff5CJTy4\n41WuOOzt30p0+RxTbhO3rBR/KX3GwqUzV6R4s6indGXkYdL3g9caLWnkDxdx3wim\n06zMsn7U0AnNRVjs563h4fDNVJEqZV+JLDcyt/w80G7p9YrmIoUIU8skf+TSD+UD\nNb4e1vIXx1fvdVZPeXqOjQPrZbQoYdIJ8CUjc2ZY1CPvcJD0eFZqKcRGegZYJaWx\n4xoEVXZ1UUuCe6gJeTCbUKwbnBEnrp33JULi9277ToQqTQeoszw2wOsIfZwu/snY\nw7taAQ4VqLeVDwU6wS/PGaFYIT8nj2JvaVlnKVueOQKCAQB+kvFaTIOMNav38qcX\njoPdcwoJiexiq5p/7ifZL4GOUlqMKm7RNPVXzMHOAnKr21UQPm9cvwDUFUg+QXI9\nxwH3EWilWWTYwVLp2XY6p4bvXjtUHaiGfEKlGnoQyrx/I00GB5p7reV2/Jpa4aHe\nvdk2lzN04wPlxR/vgXDDqJVwrhCdP+NdUr6A4VaR/0ihv1pqOVo8tj2X6sNzFHz4\n6d4GjKZ1nhA7wrBno0146rB8HaElNzV+TabEOkYK17TX/Y+t2JqHhpzw7OrkeaGa\n6NI0GKvkf3kW+4cGNZkCTgeC9/bMv2Y8H8uUCG8ogbp7vj/jjDl3Dkt098UkkuUi\nRf7ZAoIBAQDdN7XqYIk5EctWPb2Dxmd7JkVRH+KxwRmPOBq5baG1Cs8Pft06SxLr\n8ywfRufYkBvViZ2I6Hxz/Ay5bM79BbuwCWE3BbjxiToEyEgS2YeeqDHfO6VZ25ur\n11J1PSkqkcN/71xZreqnNvHsN8JyUTCmw+Pt8yKXpcvXMgzUO5mSPBcYrJTxdhx7\nDjTjbRobkt/WoYcDXod5AqSMiseXtyeqUV0IC0iHnriM3ugvv5inVtRxNaRq7+s8\noSwhSZOCQfr7ekFFeaf0LLApzs/lpONqCQDRkZvliMlRF5ZAcGbqfWa9ChrO3mNu\nNZAMamw7lZTLtSmw4BawFNRor6X+acZ5AoIBAQDhXgjZis/sBazhoIiHq3o8PtGr\ncCEJWH4FEh/su1SkFkcljUeD+eeTXSBG/sA7qwSTIvDo/q3+Ju8/ODhjU/VfHyVK\nFlc4OQl8SoLCA/RQGQBtceMn6Uehoy5WtJBqySHJIwow6vEVm9nbI5xlKTqjmCB7\ncz1Y/KtHMuV0ZASyMSqmcba6Sf05SK7aJRpnBKxXCcgds47/2lhTCiezWWlkFcfA\nMb1Gm+zZgjlhuWbXr0swg/G5xDJtPOKMp6eVH5iViv//4bCkxjLfXhFt2g2mBrZ3\nD/5DXnlIXlTMEJNx+o9+HtyR4Wy9paz/njOHuu7E5UYn3M7amZRS5o6Hr72e\n-----END RSA PRIVATE KEY-----\n",
      "type": "string",
      "sensitive": true
    },
    "tenant_ssh_public_key": {
      "value": "ssh-rsa AAAAB3NzaC1yc2EAAAADAQABAAACAQDfrvfT0DzgimuKi8BalLHYxy/T9LsWcHUsoHQta/yyGRlJFBxHE6sbPchLaJ4/gol2dt6ZB+eKlwp9kI8lFxaoG3QfxEXYxXW4B1SbHA38qyt3LDeCPea7rWbPOtcu5Y1q5gmzl1+9xjOwJFQg6jG7gcpq1HIoZgwn9xJySgi2iyUv9R6W68GK4Wii2TAIzrm7SBQbjShNVk9vjIpWqHwbUhPBKmqO2LUfkAzcmFBe2TzJjQ+biUjZjNLGnGGS+ETZJFeyn5AAD/ugcbhTj6d8EuyLc5DrJSANUc0875iL6O7YfICfGce1Zp2JJRbXNg3xm1OLH2JjMsVBzMiBcodR6eqkGuds60qHiCDG0RWMIicMA2cMTQSudweCC0NL+XdTpy0TJ2pPcKN5g7RjvJJ2qE2X0sjxZo1pAiiJwjUxcJs48I1Kd1yNokCNkHnfRuufTVQ+BCEH3XFu6irFVcgFzGQpQik8c61fOprgx7eOoBDYi7Cnh7Ast2taMz3tyJE1drXMOnQEjTUsUsum1WWmXikNIgi2L2jgTEM+IsHNjuqiX/FR1+Hoa4duoOMF97MGr6UiZuIE4qf04aEIZMu581wbnsrKUE4szCscXfA47EE3eM99j1TlvNHHdeKKdTFZnCRWUzdJIsFcSIc0KENJFp3zWgKSO9lDDdp2gyJiEQ==\n",
      "type": "string"
    }
  },
  "resources": [
    {
      "module": "module.tenant",
      "mode": "data",
      "type": "cloudflare_zone",
      "name": "openshield",
      "provider": "module.tenant.provider[\"registry.terraform.io/cloudflare/cloudflare\"]",
      "instances": [
        {
          "schema_version": 0,
          "attributes": {
            "account": {
              "id": "bca3124de7c86d659a959f06cb35043d",
              "name": "Cloudflare@cyberdef.cc's Account"
            },
            "activated_on": "2025-04-21T11:29:39Z",
            "cname_suffix": null,
            "created_on": "2025-04-21T11:00:21Z",
            "development_mode": 0,
            "filter": {
              "account": null,
              "direction": null,
              "match": null,
              "name": "openshield.io",
              "order": null,
              "status": null
            },
            "id": null,
            "meta": {
              "cdn_only": null,
              "custom_certificate_quota": 0,
              "dns_only": null,
              "foundation_dns": null,
              "page_rule_quota": 3,
              "phishing_detected": false,
              "step": 2
            },
            "modified_on": "2025-04-21T11:29:39Z",
            "name": "openshield.io",
            "name_servers": [
              "kiki.ns.cloudflare.com",
              "lloyd.ns.cloudflare.com"
            ],
            "original_dnshost": null,
            "original_name_servers": [
              "dns1.registrar-servers.com",
              "dns2.registrar-servers.com"
            ],
            "original_registrar": "namecheap, inc. (id: 1068)",
            "owner": {
              "id": null,
              "name": null,
              "type": "user"
            },
            "paused": false,
            "permissions": [
              "#dns_records:edit",
              "#dns_records:read",
              "#zone:read"
            ],
            "plan": {
              "can_subscribe": false,
              "currency": "USD",
              "externally_managed": false,
              "frequency": "",
              "id": "0feeeeeeeeeeeeeeeeeeeeeeeeeeeeee",
              "is_subscribed": false,
              "legacy_discount": false,
              "legacy_id": "free",
              "name": "Free Website",
              "price": 0
            },
            "status": "active",
            "tenant": {
              "id": null,
              "name": null
            },
            "tenant_unit": {
              "id": null
            },
            "type": "full",
            "vanity_name_servers": [],
            "verification_key": null,
            "zone_id": "f92c4f6137dffe0e40aa658cc70e3fa8"
          },
          "sensitive_attributes": []
        }
      ]
    },
    {
      "module": "module.tenant",
      "mode": "data",
      "type": "hcloud_server_type",
      "name": "selected",
      "provider": "module.tenant.provider[\"registry.terraform.io/hetznercloud/hcloud\"]",
      "instances": [
        {
          "index_key": "cpx21",
          "schema_version": 0,
          "attributes": {
            "architecture": "x86",
            "category": "regular_purpose",
            "cores": 3,
            "cpu_type": "shared",
            "deprecation_announced": "",
            "description": "CPX 21",
            "disk": 80,
            "id": 23,
            "included_traffic": 0,
            "is_deprecated": false,
            "locations": [
              {
                "deprecation_announced": "2025-10-16T06:00:00Z",
                "id": 1,
                "is_deprecated": true,
                "name": "fsn1",
                "unavailable_after": "2025-12-31T23:59:59Z"
              },
              {
                "deprecation_announced": "2025-10-16T06:00:00Z",
                "id": 2,
                "is_deprecated": true,
                "name": "nbg1",
                "unavailable_after": "2025-12-31T23:59:59Z"
              },
              {
                "deprecation_announced": "2025-10-16T06:00:00Z",
                "id": 3,
                "is_deprecated": true,
                "name": "hel1",
                "unavailable_after": "2025-12-31T23:59:59Z"
              },
              {
                "deprecation_announced": "",
                "id": 4,
                "is_deprecated": false,
                "name": "ash",
                "unavailable_after": ""
              },
              {
                "deprecation_announced": "",
                "id": 5,
                "is_deprecated": false,
                "name": "hil",
                "unavailable_after": ""
              },
              {
                "deprecation_announced": "2025-10-16T06:00:00Z",
                "id": 6,
                "is_deprecated": true,
                "name": "sin",
                "unavailable_after": "2025-12-31T23:59:59Z"
              }
            ],
            "memory": 4,
            "name": "cpx21",
            "storage_type": "local",
            "unavailable_after": ""
          },
          "sensitive_attributes": []
        },
        {
          "index_key": "cpx22",
          "schema_version": 0,
          "attributes": {
            "architecture": "x86",
            "category": "regular_purpose",
            "cores": 2,
            "cpu_type": "shared",
            "deprecation_announced": "",
            "description": "CPX 22",
            "disk": 80,
            "id": 109,
            "included_traffic": 0,
            "is_deprecated": false,
            "locations": [
              {
                "deprecation_announced": "",
                "id": 1,
                "is_deprecated": false,
                "name": "fsn1",
                "unavailable_after": ""
              },
              {
                "deprecation_announced": "",
                "id": 2,
                "is_deprecated": false,
                "name": "nbg1",
                "unavailable_after": ""
              },
              {
                "deprecation_announced": "",
                "id": 3,
                "is_deprecated": false,
                "name": "hel1",
                "unavailable_after": ""
              },
              {
                "deprecation_announced": "",
                "id": 6,
                "is_deprecated": false,
                "name": "sin",
                "unavailable_after": ""
              }
            ],
            "memory": 4,
            "name": "cpx22",
            "storage_type": "local",
            "unavailable_after": ""
          },
          "sensitive_attributes": []
        },
        {
          "index_key": "cpx31",
          "schema_version": 0,
          "attributes": {
            "architecture": "x86",
            "category": "regular_purpose",
            "cores": 4,
            "cpu_type": "shared",
            "deprecation_announced": "",
            "description": "CPX 31",
            "disk": 160,
            "id": 24,
            "included_traffic": 0,
            "is_deprecated": false,
            "locations": [
              {
                "deprecation_announced": "2025-10-16T06:00:00Z",
                "id": 1,
                "is_deprecated": true,
                "name": "fsn1",
                "unavailable_after": "2025-12-31T23:59:59Z"
              },
              {
                "deprecation_announced": "2025-10-16T06:00:00Z",
                "id": 2,
                "is_deprecated": true,
                "name": "nbg1",
                "unavailable_after": "2025-12-31T23:59:59Z"
              },
              {
                "deprecation_announced": "2025-10-16T06:00:00Z",
                "id": 3,
                "is_deprecated": true,
                "name": "hel1",
                "unavailable_after": "2025-12-31T23:59:59Z"
              },
              {
                "deprecation_announced": "",
                "id": 4,
                "is_deprecated": false,
                "name": "ash",
                "unavailable_after": ""
              },
              {
                "deprecation_announced": "",
                "id": 5,
                "is_deprecated": false,
                "name": "hil",
                "unavailable_after": ""
              },
              {
                "deprecation_announced": "2025-10-16T06:00:00Z",
                "id": 6,
                "is_deprecated": true,
                "name": "sin",
                "unavailable_after": "2025-12-31T23:59:59Z"
              }
            ],
            "memory": 8,
            "name": "cpx31",
            "storage_type": "local",
            "unavailable_after": ""
          },
          "sensitive_attributes": []
        },
        {
          "index_key": "cpx32",
          "schema_version": 0,
          "attributes": {
            "architecture": "x86",
            "category": "regular_purpose",
            "cores": 4,
            "cpu_type": "shared",
            "deprecation_announced": "",
            "description": "CPX 32",
            "disk": 160,
            "id": 110,
            "included_traffic": 0,
            "is_deprecated": false,
            "locations": [
              {
                "deprecation_announced": "",
                "id": 1,
                "is_deprecated": false,
                "name": "fsn1",
                "unavailable_after": ""
              },
              {
                "deprecation_announced": "",
                "id": 2,
                "is_deprecated": false,
                "name": "nbg1",
                "unavailable_after": ""
              },
              {
                "deprecation_announced": "",
                "id": 3,
                "is_deprecated": false,
                "name": "hel1",
                "unavailable_after": ""
              },
              {
                "deprecation_announced": "",
                "id": 6,
                "is_deprecated": false,
                "name": "sin",
                "unavailable_after": ""
              }
            ],
            "memory": 8,
            "name": "cpx32",
            "storage_type": "local",
            "unavailable_after": ""
          },
          "sensitive_attributes": []
        },
        {
          "index_key": "cpx41",
          "schema_version": 0,
          "attributes": {
            "architecture": "x86",
            "category": "regular_purpose",
            "cores": 8,
            "cpu_type": "shared",
            "deprecation_announced": "",
            "description": "CPX 41",
            "disk": 240,
            "id": 25,
            "included_traffic": 0,
            "is_deprecated": false,
            "locations": [
              {
                "deprecation_announced": "2025-10-16T06:00:00Z",
                "id": 1,
                "is_deprecated": true,
                "name": "fsn1",
                "unavailable_after": "2025-12-31T23:59:59Z"
              },
              {
                "deprecation_announced": "2025-10-16T06:00:00Z",
                "id": 2,
                "is_deprecated": true,
                "name": "nbg1",
                "unavailable_after": "2025-12-31T23:59:59Z"
              },
              {
                "deprecation_announced": "2025-10-16T06:00:00Z",
                "id": 3,
                "is_deprecated": true,
                "name": "hel1",
                "unavailable_after": "2025-12-31T23:59:59Z"
              },
              {
                "deprecation_announced": "",
                "id": 4,
                "is_deprecated": false,
                "name": "ash",
                "unavailable_after": ""
              },
              {
                "deprecation_announced": "",
                "id": 5,
                "is_deprecated": false,
                "name": "hil",
                "unavailable_after": ""
              },
              {
                "deprecation_announced": "2025-10-16T06:00:00Z",
                "id": 6,
                "is_deprecated": true,
                "name": "sin",
                "unavailable_after": "2025-12-31T23:59:59Z"
              }
            ],
            "memory": 16,
            "name": "cpx41",
            "storage_type": "local",
            "unavailable_after": ""
          },
          "sensitive_attributes": []
        },
        {
          "index_key": "cpx42",
          "schema_version": 0,
          "attributes": {
            "architecture": "x86",
            "category": "regular_purpose",
            "cores": 8,
            "cpu_type": "shared",
            "deprecation_announced": "",
            "description": "CPX 42",
            "disk": 320,
            "id": 111,
            "included_traffic": 0,
            "is_deprecated": false,
            "locations": [
              {
                "deprecation_announced": "",
                "id": 1,
                "is_deprecated": false,
                "name": "fsn1",
                "unavailable_after": ""
              },
              {
                "deprecation_announced": "",
                "id": 2,
                "is_deprecated": false,
                "name": "nbg1",
                "unavailable_after": ""
              },
              {
                "deprecation_announced": "",
                "id": 3,
                "is_deprecated": false,
                "name": "hel1",
                "unavailable_after": ""
              },
              {
                "deprecation_announced": "",
                "id": 6,
                "is_deprecated": false,
                "name": "sin",
                "unavailable_after": ""
              }
            ],
            "memory": 16,
            "name": "cpx42",
            "storage_type": "local",
            "unavailable_after": ""
          },
          "sensitive_attributes": []
        },
        {
          "index_key": "cpx51",
          "schema_version": 0,
          "attributes": {
            "architecture": "x86",
            "category": "regular_purpose",
            "cores": 16,
            "cpu_type": "shared",
            "deprecation_announced": "",
            "description": "CPX 51",
            "disk": 360,
            "id": 26,
            "included_traffic": 0,
            "is_deprecated": false,
            "locations": [
              {
                "deprecation_announced": "2025-10-16T06:00:00Z",
                "id": 1,
                "is_deprecated": true,
                "name": "fsn1",
                "unavailable_after": "2025-12-31T23:59:59Z"
              },
              {
                "deprecation_announced": "2025-10-16T06:00:00Z",
                "id": 2,
                "is_deprecated": true,
                "name": "nbg1",
                "unavailable_after": "2025-12-31T23:59:59Z"
              },
              {
                "deprecation_announced": "2025-10-16T06:00:00Z",
                "id": 3,
                "is_deprecated": true,
                "name": "hel1",
                "unavailable_after": "2025-12-31T23:59:59Z"
              },
              {
                "deprecation_announced": "",
                "id": 4,
                "is_deprecated": false,
                "name": "ash",
                "unavailable_after": ""
              },
              {
                "deprecation_announced": "",
                "id": 5,
                "is_deprecated": false,
                "name": "hil",
                "unavailable_after": ""
              },
              {
                "deprecation_announced": "2025-10-16T06:00:00Z",
                "id": 6,
                "is_deprecated": true,
                "name": "sin",
                "unavailable_after": "2025-12-31T23:59:59Z"
              }
            ],
            "memory": 32,
            "name": "cpx51",
            "storage_type": "local",
            "unavailable_after": ""
          },
          "sensitive_attributes": []
        },
        {
          "index_key": "cpx52",
          "schema_version": 0,
          "attributes": {
            "architecture": "x86",
            "category": "regular_purpose",
            "cores": 12,
            "cpu_type": "shared",
            "deprecation_announced": "",
            "description": "CPX 52",
            "disk": 480,
            "id": 112,
            "included_traffic": 0,
            "is_deprecated": false,
            "locations": [
              {
                "deprecation_announced": "",
                "id": 1,
                "is_deprecated": false,
                "name": "fsn1",
                "unavailable_after": ""
              },
              {
                "deprecation_announced": "",
                "id": 2,
                "is_deprecated": false,
                "name": "nbg1",
                "unavailable_after": ""
              },
              {
                "deprecation_announced": "",
                "id": 3,
                "is_deprecated": false,
                "name": "hel1",
                "unavailable_after": ""
              },
              {
                "deprecation_announced": "",
                "id": 6,
                "is_deprecated": false,
                "name": "sin",
                "unavailable_after": ""
              }
            ],
            "memory": 24,
            "name": "cpx52",
            "storage_type": "local",
            "unavailable_after": ""
          },
          "sensitive_attributes": []
        },
        {
          "index_key": "cpx62",
          "schema_version": 0,
          "attributes": {
            "architecture": "x86",
            "category": "regular_purpose",
            "cores": 16,
            "cpu_type": "shared",
            "deprecation_announced": "",
            "description": "CPX 62",
            "disk": 640,
            "id": 113,
            "included_traffic": 0,
            "is_deprecated": false,
            "locations": [
              {
                "deprecation_announced": "",
                "id": 1,
                "is_deprecated": false,
                "name": "fsn1",
                "unavailable_after": ""
              },
              {
                "deprecation_announced": "",
                "id": 2,
                "is_deprecated": false,
                "name": "nbg1",
                "unavailable_after": ""
              },
              {
                "deprecation_announced": "",
                "id": 3,
                "is_deprecated": false,
                "name": "hel1",
                "unavailable_after": ""
              },
              {
                "deprecation_announced": "",
                "id": 6,
                "is_deprecated": false,
                "name": "sin",
                "unavailable_after": ""
              }
            ],
            "memory": 32,
            "name": "cpx62",
            "storage_type": "local",
            "unavailable_after": ""
          },
          "sensitive_attributes": []
        },
        {
          "index_key": "cx22",
          "schema_version": 0,
          "attributes": {
            "architecture": "x86",
            "category": "cost_optimized",
            "cores": 2,
            "cpu_type": "shared",
            "deprecation_announced": "2025-10-16T06:00:00Z",
            "description": "CX22",
            "disk": 40,
            "id": 104,
            "included_traffic": 0,
            "is_deprecated": true,
            "locations": [
              {
                "deprecation_announced": "2025-10-16T06:00:00Z",
                "id": 1,
                "is_deprecated": true,
                "name": "fsn1",
                "unavailable_after": "2025-12-31T23:59:59Z"
              },
              {
                "deprecation_announced": "2025-10-16T06:00:00Z",
                "id": 2,
                "is_deprecated": true,
                "name": "nbg1",
                "unavailable_after": "2025-12-31T23:59:59Z"
              },
              {
                "deprecation_announced": "2025-10-16T06:00:00Z",
                "id": 3,
                "is_deprecated": true,
                "name": "hel1",
                "unavailable_after": "2025-12-31T23:59:59Z"
              }
            ],
            "memory": 4,
            "name": "cx22",
            "storage_type": "local",
            "unavailable_after": "2025-12-31T23:59:59Z"
          },
          "sensitive_attributes": []
        },
        {
          "index_key": "cx23",
          "schema_version": 0,
          "attributes": {
            "architecture": "x86",
            "category": "cost_optimized",
            "cores": 2,
            "cpu_type": "shared",
            "deprecation_announced": "",
            "description": "CX 23",
            "disk": 40,
            "id": 114,
            "included_traffic": 0,
            "is_deprecated": false,
            "locations": [
              {
                "deprecation_announced": "",
                "id": 1,
                "is_deprecated": false,
                "name": "fsn1",
                "unavailable_after": ""
              },
              {
                "deprecation_announced": "",
                "id": 2,
                "is_deprecated": false,
                "name": "nbg1",
                "unavailable_after": ""
              },
              {
                "deprecation_announced": "",
                "id": 3,
                "is_deprecated": false,
                "name": "hel1",
                "unavailable_after": ""
              }
            ],
            "memory": 4,
            "name": "cx23",
            "storage_type": "local",
            "unavailable_after": ""
          },
          "sensitive_attributes": []
        },
        {
          "index_key": "cx32",
          "schema_version": 0,
          "attributes": {
            "architecture": "x86",
            "category": "cost_optimized",
            "cores": 4,
            "cpu_type": "shared",
            "deprecation_announced": "2025-10-16T06:00:00Z",
            "description": "CX32",
            "disk": 80,
            "id": 105,
            "included_traffic": 0,
            "is_deprecated": true,
            "locations": [
              {
                "deprecation_announced": "2025-10-16T06:00:00Z",
                "id": 1,
                "is_deprecated": true,
                "name": "fsn1",
                "unavailable_after": "2025-12-31T23:59:59Z"
              },
              {
                "deprecation_announced": "2025-10-16T06:00:00Z",
                "id": 2,
                "is_deprecated": true,
                "name": "nbg1",
                "unavailable_after": "2025-12-31T23:59:59Z"
              },
              {
                "deprecation_announced": "2025-10-16T06:00:00Z",
                "id": 3,
                "is_deprecated": true,
                "name": "hel1",
                "unavailable_after": "2025-12-31T23:59:59Z"
              }
            ],
            "memory": 8,
            "name": "cx32",
            "storage_type": "local",
            "unavailable_after": "2025-12-31T23:59:59Z"
          },
          "sensitive_attributes": []
        },
        {
          "index_key": "cx33",
          "schema_version": 0,
          "attributes": {
            "architecture": "x86",
            "category": "cost_optimized",
            "cores": 4,
            "cpu_type": "shared",
            "deprecation_announced": "",
            "description": "CX 33",
            "disk": 80,
            "id": 115,
            "included_traffic": 0,
            "is_deprecated": false,
            "locations": [
              {
                "deprecation_announced": "",
                "id": 1,
                "is_deprecated": false,
                "name": "fsn1",
                "unavailable_after": ""
              },
              {
                "deprecation_announced": "",
                "id": 2,
                "is_deprecated": false,
                "name": "nbg1",
                "unavailable_after": ""
              },
              {
                "deprecation_announced": "",
                "id": 3,
                "is_deprecated": false,
                "name": "hel1",
                "unavailable_after": ""
              }
            ],
            "memory": 8,
            "name": "cx33",
            "storage_type": "local",
            "unavailable_after": ""
          },
          "sensitive_attributes": []
        },
        {
          "index_key": "cx42",
          "schema_version": 0,
          "attributes": {
            "architecture": "x86",
            "category": "cost_optimized",
            "cores": 8,
            "cpu_type": "shared",
            "deprecation_announced": "2025-10-16T06:00:00Z",
            "description": "CX42",
            "disk": 160,
            "id": 106,
            "included_traffic": 0,
            "is_deprecated": true,
            "locations": [
              {
                "deprecation_announced": "2025-10-16T06:00:00Z",
                "id": 1,
                "is_deprecated": true,
                "name": "fsn1",
                "unavailable_after": "2025-12-31T23:59:59Z"
              },
              {
                "deprecation_announced": "2025-10-16T06:00:00Z",
                "id": 2,
                "is_deprecated": true,
                "name": "nbg1",
                "unavailable_after": "2025-12-31T23:59:59Z"
              },
              {
                "deprecation_announced": "2025-10-16T06:00:00Z",
                "id": 3,
                "is_deprecated": true,
                "name": "hel1",
                "unavailable_after": "2025-12-31T23:59:59Z"
              }
            ],
            "memory": 16,
            "name": "cx42",
            "storage_type": "local",
            "unavailable_after": "2025-12-31T23:59:59Z"
          },
          "sensitive_attributes": []
        },
        {
          "index_key": "cx43",
          "schema_version": 0,
          "attributes": {
            "architecture": "x86",
            "category": "cost_optimized",
            "cores": 8,
            "cpu_type": "shared",
            "deprecation_announced": "",
            "description": "CX 43",
            "disk": 160,
            "id": 116,
            "included_traffic": 0,
            "is_deprecated": false,
            "locations": [
              {
                "deprecation_announced": "",
                "id": 1,
                "is_deprecated": false,
                "name": "fsn1",
                "unavailable_after": ""
              },
              {
                "deprecation_announced": "",
                "id": 2,
                "is_deprecated": false,
                "name": "nbg1",
                "unavailable_after": ""
              },
              {
                "deprecation_announced": "",
                "id": 3,
                "is_deprecated": false,
                "name": "hel1",
                "unavailable_after": ""
              }
            ],
            "memory": 16,
            "name": "cx43",
            "storage_type": "local",
            "unavailable_after": ""
          },
          "sensitive_attributes": []
        },
        {
          "index_key": "cx52",
          "schema_version": 0,
          "attributes": {
            "architecture": "x86",
            "category": "cost_optimized",
            "cores": 16,
            "cpu_type": "shared",
            "deprecation_announced": "2025-10-16T06:00:00Z",
            "description": "CX52",
            "disk": 320,
            "id": 107,
            "included_traffic": 0,
            "is_deprecated": true,
            "locations": [
              {
                "deprecation_announced": "2025-10-16T06:00:00Z",
                "id": 1,
                "is_deprecated": true,
                "name": "fsn1",
                "unavailable_after": "2025-12-31T23:59:59Z"
              },
              {
                "deprecation_announced": "2025-10-16T06:00:00Z",
                "id": 2,
                "is_deprecated": true,
                "name": "nbg1",
                "unavailable_after": "2025-12-31T23:59:59Z"
              },
              {
                "deprecation_announced": "2025-10-16T06:00:00Z",
                "id": 3,
                "is_deprecated": true,
                "name": "hel1",
                "unavailable_after": "2025-12-31T23:59:59Z"
              }
            ],
            "memory": 32,
            "name": "cx52",
            "storage_type": "local",
            "unavailable_after": "2025-12-31T23:59:59Z"
          },
          "sensitive_attributes": []
        },
        {
          "index_key": "cx53",
          "schema_version": 0,
          "attributes": {
            "architecture": "x86",
            "category": "cost_optimized",
            "cores": 16,
            "cpu_type": "shared",
            "deprecation_announced": "",
            "description": "CX 53",
            "disk": 320,
            "id": 117,
            "included_traffic": 0,
            "is_deprecated": false,
            "locations": [
              {
                "deprecation_announced": "",
                "id": 1,
                "is_deprecated": false,
                "name": "fsn1",
                "unavailable_after": ""
              },
              {
                "deprecation_announced": "",
                "id": 2,
                "is_deprecated": false,
                "name": "nbg1",
                "unavailable_after": ""
              },
              {
                "deprecation_announced": "",
                "id": 3,
                "is_deprecated": false,
                "name": "hel1",
                "unavailable_after": ""
              }
            ],
            "memory": 32,
            "name": "cx53",
            "storage_type": "local",
            "unavailable_after": ""
          },
          "sensitive_attributes": []
        }
      ]
    },
    {
      "module": "module.tenant",
      "mode": "data",
      "type": "hcloud_server_types",
      "name": "all",
      "provider": "module.tenant.provider[\"registry.terraform.io/hetznercloud/hcloud\"]",
      "instances": [
        {
          "schema_version": 0,
          "attributes": {
            "descriptions": [
              "CPX 11",
              "CPX 21",
              "CPX 31",
              "CPX 41",
              "CPX 51",
              "CAX11",
              "CAX21",
              "CAX31",
              "CAX41",
              "CCX13 Dedicated CPU",
              "CCX23 Dedicated CPU",
              "CCX33 Dedicated CPU",
              "CCX43 Dedicated CPU",
              "CCX53 Dedicated CPU",
              "CCX63 Dedicated CPU",
              "CX22",
              "CX32",
              "CX42",
              "CX52",
              "CPX 12",
              "CPX 22",
              "CPX 32",
              "CPX 42",
              "CPX 52",
              "CPX 62",
              "CX 23",
              "CX 33",
              "CX 43",
              "CX 53"
            ],
            "id": "166277662d9b7990b1711b6545d691c4fc52eb3f",
            "names": [
              "cpx11",
              "cpx21",
              "cpx31",
              "cpx41",
              "cpx51",
              "cax11",
              "cax21",
              "cax31",
              "cax41",
              "ccx13",
              "ccx23",
              "ccx33",
              "ccx43",
              "ccx53",
              "ccx63",
              "cx22",
              "cx32",
              "cx42",
              "cx52",
              "cpx12",
              "cpx22",
              "cpx32",
              "cpx42",
              "cpx52",
              "cpx62",
              "cx23",
              "cx33",
              "cx43",
              "cx53"
            ],
            "server_type_ids": [
              "22",
              "23",
              "24",
              "25",
              "26",
              "45",
              "93",
              "94",
              "95",
              "96",
              "97",
              "98",
              "99",
              "100",
              "101",
              "104",
              "105",
              "106",
              "107",
              "108",
              "109",
              "110",
              "111",
              "112",
              "113",
              "114",
              "115",
              "116",
              "117"
            ],
            "server_types": [
              {
                "architecture": "x86",
                "category": "regular_purpose",
                "cores": 2,
                "cpu_type": "shared",
                "deprecation_announced": "",
                "description": "CPX 11",
                "disk": 40,
                "id": 22,
                "included_traffic": 0,
                "is_deprecated": false,
                "locations": [
                  {
                    "deprecation_announced": "2025-10-16T06:00:00Z",
                    "id": 1,
                    "is_deprecated": true,
                    "name": "fsn1",
                    "unavailable_after": "2025-12-31T23:59:59Z"
                  },
                  {
                    "deprecation_announced": "2025-10-16T06:00:00Z",
                    "id": 2,
                    "is_deprecated": true,
                    "name": "nbg1",
                    "unavailable_after": "2025-12-31T23:59:59Z"
                  },
                  {
                    "deprecation_announced": "2025-10-16T06:00:00Z",
                    "id": 3,
                    "is_deprecated": true,
                    "name": "hel1",
                    "unavailable_after": "2025-12-31T23:59:59Z"
                  },
                  {
                    "deprecation_announced": "",
                    "id": 4,
                    "is_deprecated": false,
                    "name": "ash",
                    "unavailable_after": ""
                  },
                  {
                    "deprecation_announced": "",
                    "id": 5,
                    "is_deprecated": false,
                    "name": "hil",
                    "unavailable_after": ""
                  },
                  {
                    "deprecation_announced": "2025-10-16T06:00:00Z",
                    "id": 6,
                    "is_deprecated": true,
                    "name": "sin",
                    "unavailable_after": "2025-12-31T23:59:59Z"
                  }
                ],
                "memory": 2,
                "name": "cpx11",
                "storage_type": "local",
                "unavailable_after": ""
              },
              {
                "architecture": "x86",
                "category": "regular_purpose",
                "cores": 3,
                "cpu_type": "shared",
                "deprecation_announced": "",
                "description": "CPX 21",
                "disk": 80,
                "id": 23,
                "included_traffic": 0,
                "is_deprecated": false,
                "locations": [
                  {
                    "deprecation_announced": "2025-10-16T06:00:00Z",
                    "id": 1,
                    "is_deprecated": true,
                    "name": "fsn1",
                    "unavailable_after": "2025-12-31T23:59:59Z"
                  },
                  {
                    "deprecation_announced": "2025-10-16T06:00:00Z",
                    "id": 2,
                    "is_deprecated": true,
                    "name": "nbg1",
                    "unavailable_after": "2025-12-31T23:59:59Z"
                  },
                  {
                    "deprecation_announced": "2025-10-16T06:00:00Z",
                    "id": 3,
                    "is_deprecated": true,
                    "name": "hel1",
                    "unavailable_after": "2025-12-31T23:59:59Z"
                  },
                  {
                    "deprecation_announced": "",
                    "id": 4,
                    "is_deprecated": false,
                    "name": "ash",
                    "unavailable_after": ""
                  },
                  {
                    "deprecation_announced": "",
                    "id": 5,
                    "is_deprecated": false,
                    "name": "hil",
                    "unavailable_after": ""
                  },
                  {
                    "deprecation_announced": "2025-10-16T06:00:00Z",
                    "id": 6,
                    "is_deprecated": true,
                    "name": "sin",
                    "unavailable_after": "2025-12-31T23:59:59Z"
                  }
                ],
                "memory": 4,
                "name": "cpx21",
                "storage_type": "local",
                "unavailable_after": ""
              },
              {
                "architecture": "x86",
                "category": "regular_purpose",
                "cores": 4,
                "cpu_type": "shared",
                "deprecation_announced": "",
                "description": "CPX 31",
                "disk": 160,
                "id": 24,
                "included_traffic": 0,
                "is_deprecated": false,
                "locations": [
                  {
                    "deprecation_announced": "2025-10-16T06:00:00Z",
                    "id": 1,
                    "is_deprecated": true,
                    "name": "fsn1",
                    "unavailable_after": "2025-12-31T23:59:59Z"
                  },
                  {
                    "deprecation_announced": "2025-10-16T06:00:00Z",
                    "id": 2,
                    "is_deprecated": true,
                    "name": "nbg1",
                    "unavailable_after": "2025-12-31T23:59:59Z"
                  },
                  {
                    "deprecation_announced": "2025-10-16T06:00:00Z",
                    "id": 3,
                    "is_deprecated": true,
                    "name": "hel1",
                    "unavailable_after": "2025-12-31T23:59:59Z"
                  },
                  {
                    "deprecation_announced": "",
                    "id": 4,
                    "is_deprecated": false,
                    "name": "ash",
                    "unavailable_after": ""
                  },
                  {
                    "deprecation_announced": "",
                    "id": 5,
                    "is_deprecated": false,
                    "name": "hil",
                    "unavailable_after": ""
                  },
                  {
                    "deprecation_announced": "2025-10-16T06:00:00Z",
                    "id": 6,
                    "is_deprecated": true,
                    "name": "sin",
                    "unavailable_after": "2025-12-31T23:59:59Z"
                  }
                ],
                "memory": 8,
                "name": "cpx31",
                "storage_type": "local",
                "unavailable_after": ""
              },
              {
                "architecture": "x86",
                "category": "regular_purpose",
                "cores": 8,
                "cpu_type": "shared",
                "deprecation_announced": "",
                "description": "CPX 41",
                "disk": 240,
                "id": 25,
                "included_traffic": 0,
                "is_deprecated": false,
                "locations": [
                  {
                    "deprecation_announced": "2025-10-16T06:00:00Z",
                    "id": 1,
                    "is_deprecated": true,
                    "name": "fsn1",
                    "unavailable_after": "2025-12-31T23:59:59Z"
                  },
                  {
                    "deprecation_announced": "2025-10-16T06:00:00Z",
                    "id": 2,
                    "is_deprecated": true,
                    "name": "nbg1",
                    "unavailable_after": "2025-12-31T23:59:59Z"
                  },
                  {
                    "deprecation_announced": "2025-10-16T06:00:00Z",
                    "id": 3,
                    "is_deprecated": true,
                    "name": "hel1",
                    "unavailable_after": "2025-12-31T23:59:59Z"
                  },
                  {
                    "deprecation_announced": "",
                    "id": 4,
                    "is_deprecated": false,
                    "name": "ash",
                    "unavailable_after": ""
                  },
                  {
                    "deprecation_announced": "",
                    "id": 5,
                    "is_deprecated": false,
                    "name": "hil",
                    "unavailable_after": ""
                  },
                  {
                    "deprecation_announced": "2025-10-16T06:00:00Z",
                    "id": 6,
                    "is_deprecated": true,
                    "name": "sin",
                    "unavailable_after": "2025-12-31T23:59:59Z"
                  }
                ],
                "memory": 16,
                "name": "cpx41",
                "storage_type": "local",
                "unavailable_after": ""
              },
              {
                "architecture": "x86",
                "category": "regular_purpose",
                "cores": 16,
                "cpu_type": "shared",
                "deprecation_announced": "",
                "description": "CPX 51",
                "disk": 360,
                "id": 26,
                "included_traffic": 0,
                "is_deprecated": false,
                "locations": [
                  {
                    "deprecation_announced": "2025-10-16T06:00:00Z",
                    "id": 1,
                    "is_deprecated": true,
                    "name": "fsn1",
                    "unavailable_after": "2025-12-31T23:59:59Z"
                  },
                  {
                    "deprecation_announced": "2025-10-16T06:00:00Z",
                    "id": 2,
                    "is_deprecated": true,
                    "name": "nbg1",
                    "unavailable_after": "2025-12-31T23:59:59Z"
                  },
                  {
                    "deprecation_announced": "2025-10-16T06:00:00Z",
                    "id": 3,
                    "is_deprecated": true,
                    "name": "hel1",
                    "unavailable_after": "2025-12-31T23:59:59Z"
                  },
                  {
                    "deprecation_announced": "",
                    "id": 4,
                    "is_deprecated": false,
                    "name": "ash",
                    "unavailable_after": ""
                  },
                  {
                    "deprecation_announced": "",
                    "id": 5,
                    "is_deprecated": false,
                    "name": "hil",
                    "unavailable_after": ""
                  },
                  {
                    "deprecation_announced": "2025-10-16T06:00:00Z",
                    "id": 6,
                    "is_deprecated": true,
                    "name": "sin",
                    "unavailable_after": "2025-12-31T23:59:59Z"
                  }
                ],
                "memory": 32,
                "name": "cpx51",
                "storage_type": "local",
                "unavailable_after": ""
              },
              {
                "architecture": "arm",
                "category": "cost_optimized",
                "cores": 2,
                "cpu_type": "shared",
                "deprecation_announced": "",
                "description": "CAX11",
                "disk": 40,
                "id": 45,
                "included_traffic": 0,
                "is_deprecated": false,
                "locations": [
                  {
                    "deprecation_announced": "",
                    "id": 1,
                    "is_deprecated": false,
                    "name": "fsn1",
                    "unavailable_after": ""
                  },
                  {
                    "deprecation_announced": "",
                    "id": 2,
                    "is_deprecated": false,
                    "name": "nbg1",
                    "unavailable_after": ""
                  },
                  {
                    "deprecation_announced": "",
                    "id": 3,
                    "is_deprecated": false,
                    "name": "hel1",
                    "unavailable_after": ""
                  }
                ],
                "memory": 4,
                "name": "cax11",
                "storage_type": "local",
                "unavailable_after": ""
              },
              {
                "architecture": "arm",
                "category": "cost_optimized",
                "cores": 4,
                "cpu_type": "shared",
                "deprecation_announced": "",
                "description": "CAX21",
                "disk": 80,
                "id": 93,
                "included_traffic": 0,
                "is_deprecated": false,
                "locations": [
                  {
                    "deprecation_announced": "",
                    "id": 1,
                    "is_deprecated": false,
                    "name": "fsn1",
                    "unavailable_after": ""
                  },
                  {
                    "deprecation_announced": "",
                    "id": 2,
                    "is_deprecated": false,
                    "name": "nbg1",
                    "unavailable_after": ""
                  },
                  {
                    "deprecation_announced": "",
                    "id": 3,
                    "is_deprecated": false,
                    "name": "hel1",
                    "unavailable_after": ""
                  }
                ],
                "memory": 8,
                "name": "cax21",
                "storage_type": "local",
                "unavailable_after": ""
              },
              {
                "architecture": "arm",
                "category": "cost_optimized",
                "cores": 8,
                "cpu_type": "shared",
                "deprecation_announced": "",
                "description": "CAX31",
                "disk": 160,
                "id": 94,
                "included_traffic": 0,
                "is_deprecated": false,
                "locations": [
                  {
                    "deprecation_announced": "",
                    "id": 1,
                    "is_deprecated": false,
                    "name": "fsn1",
                    "unavailable_after": ""
                  },
                  {
                    "deprecation_announced": "",
                    "id": 2,
                    "is_deprecated": false,
                    "name": "nbg1",
                    "unavailable_after": ""
                  },
                  {
                    "deprecation_announced": "",
                    "id": 3,
                    "is_deprecated": false,
                    "name": "hel1",
                    "unavailable_after": ""
                  }
                ],
                "memory": 16,
                "name": "cax31",
                "storage_type": "local",
                "unavailable_after": ""
              },
              {
                "architecture": "arm",
                "category": "cost_optimized",
                "cores": 16,
                "cpu_type": "shared",
                "deprecation_announced": "",
                "description": "CAX41",
                "disk": 320,
                "id": 95,
                "included_traffic": 0,
                "is_deprecated": false,
                "locations": [
                  {
                    "deprecation_announced": "",
                    "id": 1,
                    "is_deprecated": false,
                    "name": "fsn1",
                    "unavailable_after": ""
                  },
                  {
                    "deprecation_announced": "",
                    "id": 2,
                    "is_deprecated": false,
                    "name": "nbg1",
                    "unavailable_after": ""
                  },
                  {
                    "deprecation_announced": "",
                    "id": 3,
                    "is_deprecated": false,
                    "name": "hel1",
                    "unavailable_after": ""
                  }
                ],
                "memory": 32,
                "name": "cax41",
                "storage_type": "local",
                "unavailable_after": ""
              },
              {
                "architecture": "x86",
                "category": "general_purpose",
                "cores": 2,
                "cpu_type": "dedicated",
                "deprecation_announced": "",
                "description": "CCX13 Dedicated CPU",
                "disk": 80,
                "id": 96,
                "included_traffic": 0,
                "is_deprecated": false,
                "locations": [
                  {
                    "deprecation_announced": "",
                    "id": 1,
                    "is_deprecated": false,
                    "name": "fsn1",
                    "unavailable_after": ""
                  },
                  {
                    "deprecation_announced": "",
                    "id": 2,
                    "is_deprecated": false,
                    "name": "nbg1",
                    "unavailable_after": ""
                  },
                  {
                    "deprecation_announced": "",
                    "id": 3,
                    "is_deprecated": false,
                    "name": "hel1",
                    "unavailable_after": ""
                  },
                  {
                    "deprecation_announced": "",
                    "id": 4,
                    "is_deprecated": false,
                    "name": "ash",
                    "unavailable_after": ""
                  },
                  {
                    "deprecation_announced": "",
                    "id": 5,
                    "is_deprecated": false,
                    "name": "hil",
                    "unavailable_after": ""
                  },
                  {
                    "deprecation_announced": "",
                    "id": 6,
                    "is_deprecated": false,
                    "name": "sin",
                    "unavailable_after": ""
                  }
                ],
                "memory": 8,
                "name": "ccx13",
                "storage_type": "local",
                "unavailable_after": ""
              },
              {
                "architecture": "x86",
                "category": "general_purpose",
                "cores": 4,
                "cpu_type": "dedicated",
                "deprecation_announced": "",
                "description": "CCX23 Dedicated CPU",
                "disk": 160,
                "id": 97,
                "included_traffic": 0,
                "is_deprecated": false,
                "locations": [
                  {
                    "deprecation_announced": "",
                    "id": 1,
                    "is_deprecated": false,
                    "name": "fsn1",
                    "unavailable_after": ""
                  },
                  {
                    "deprecation_announced": "",
                    "id": 2,
                    "is_deprecated": false,
                    "name": "nbg1",
                    "unavailable_after": ""
                  },
                  {
                    "deprecation_announced": "",
                    "id": 3,
                    "is_deprecated": false,
                    "name": "hel1",
                    "unavailable_after": ""
                  },
                  {
                    "deprecation_announced": "",
                    "id": 4,
                    "is_deprecated": false,
                    "name": "ash",
                    "unavailable_after": ""
                  },
                  {
                    "deprecation_announced": "",
                    "id": 5,
                    "is_deprecated": false,
                    "name": "hil",
                    "unavailable_after": ""
                  },
                  {
                    "deprecation_announced": "",
                    "id": 6,
                    "is_deprecated": false,
                    "name": "sin",
                    "unavailable_after": ""
                  }
                ],
                "memory": 16,
                "name": "ccx23",
                "storage_type": "local",
                "unavailable_after": ""
              },
              {
                "architecture": "x86",
                "category": "general_purpose",
                "cores": 8,
                "cpu_type": "dedicated",
                "deprecation_announced": "",
                "description": "CCX33 Dedicated CPU",
                "disk": 240,
                "id": 98,
                "included_traffic": 0,
                "is_deprecated": false,
                "locations": [
                  {
                    "deprecation_announced": "",
                    "id": 1,
                    "is_deprecated": false,
                    "name": "fsn1",
                    "unavailable_after": ""
                  },
                  {
                    "deprecation_announced": "",
                    "id": 2,
                    "is_deprecated": false,
                    "name": "nbg1",
                    "unavailable_after": ""
                  },
                  {
                    "deprecation_announced": "",
                    "id": 3,
                    "is_deprecated": false,
                    "name": "hel1",
                    "unavailable_after": ""
                  },
                  {
                    "deprecation_announced": "",
                    "id": 4,
                    "is_deprecated": false,
                    "name": "ash",
                    "unavailable_after": ""
                  },
                  {
                    "deprecation_announced": "",
                    "id": 5,
                    "is_deprecated": false,
                    "name": "hil",
                    "unavailable_after": ""
                  },
                  {
                    "deprecation_announced": "",
                    "id": 6,
                    "is_deprecated": false,
                    "name": "sin",
                    "unavailable_after": ""
                  }
                ],
                "memory": 32,
                "name": "ccx33",
                "storage_type": "local",
                "unavailable_after": ""
              },
              {
                "architecture": "x86",
                "category": "general_purpose",
                "cores": 16,
                "cpu_type": "dedicated",
                "deprecation_announced": "",
                "description": "CCX43 Dedicated CPU",
                "disk": 360,
                "id": 99,
                "included_traffic": 0,
                "is_deprecated": false,
                "locations": [
                  {
                    "deprecation_announced": "",
                    "id": 1,
                    "is_deprecated": false,
                    "name": "fsn1",
                    "unavailable_after": ""
                  },
                  {
                    "deprecation_announced": "",
                    "id": 2,
                    "is_deprecated": false,
                    "name": "nbg1",
                    "unavailable_after": ""
                  },
                  {
                    "deprecation_announced": "",
                    "id": 3,
                    "is_deprecated": false,
                    "name": "hel1",
                    "unavailable_after": ""
                  },
                  {
                    "deprecation_announced": "",
                    "id": 4,
                    "is_deprecated": false,
                    "name": "ash",
                    "unavailable_after": ""
                  },
                  {
                    "deprecation_announced": "",
                    "id": 5,
                    "is_deprecated": false,
                    "name": "hil",
                    "unavailable_after": ""
                  },
                  {
                    "deprecation_announced": "",
                    "id": 6,
                    "is_deprecated": false,
                    "name": "sin",
                    "unavailable_after": ""
                  }
                ],
                "memory": 64,
                "name": "ccx43",
                "storage_type": "local",
                "unavailable_after": ""
              },
              {
                "architecture": "x86",
                "category": "general_purpose",
                "cores": 32,
                "cpu_type": "dedicated",
                "deprecation_announced": "",
                "description": "CCX53 Dedicated CPU",
                "disk": 600,
                "id": 100,
                "included_traffic": 0,
                "is_deprecated": false,
                "locations": [
                  {
                    "deprecation_announced": "",
                    "id": 1,
                    "is_deprecated": false,
                    "name": "fsn1",
                    "unavailable_after": ""
                  },
                  {
                    "deprecation_announced": "",
                    "id": 2,
                    "is_deprecated": false,
                    "name": "nbg1",
                    "unavailable_after": ""
                  },
                  {
                    "deprecation_announced": "",
                    "id": 3,
                    "is_deprecated": false,
                    "name": "hel1",
                    "unavailable_after": ""
                  },
                  {
                    "deprecation_announced": "",
                    "id": 4,
                    "is_deprecated": false,
                    "name": "ash",
                    "unavailable_after": ""
                  },
                  {
                    "deprecation_announced": "",
                    "id": 5,
                    "is_deprecated": false,
                    "name": "hil",
                    "unavailable_after": ""
                  },
                  {
                    "deprecation_announced": "",
                    "id": 6,
                    "is_deprecated": false,
                    "name": "sin",
                    "unavailable_after": ""
                  }
                ],
                "memory": 128,
                "name": "ccx53",
                "storage_type": "local",
                "unavailable_after": ""
              },
              {
                "architecture": "x86",
                "category": "general_purpose",
                "cores": 48,
                "cpu_type": "dedicated",
                "deprecation_announced": "",
                "description": "CCX63 Dedicated CPU",
                "disk": 960,
                "id": 101,
                "included_traffic": 0,
                "is_deprecated": false,
                "locations": [
                  {
                    "deprecation_announced": "",
                    "id": 1,
                    "is_deprecated": false,
                    "name": "fsn1",
                    "unavailable_after": ""
                  },
                  {
                    "deprecation_announced": "",
                    "id": 2,
                    "is_deprecated": false,
                    "name": "nbg1",
                    "unavailable_after": ""
                  },
                  {
                    "deprecation_announced": "",
                    "id": 3,
                    "is_deprecated": false,
                    "name": "hel1",
                    "unavailable_after": ""
                  },
                  {
                    "deprecation_announced": "",
                    "id": 4,
                    "is_deprecated": false,
                    "name": "ash",
                    "unavailable_after": ""
                  },
                  {
                    "deprecation_announced": "",
                    "id": 5,
                    "is_deprecated": false,
                    "name": "hil",
                    "unavailable_after": ""
                  },
                  {
                    "deprecation_announced": "",
                    "id": 6,
                    "is_deprecated": false,
                    "name": "sin",
                    "unavailable_after": ""
                  }
                ],
                "memory": 192,
                "name": "ccx63",
                "storage_type": "local",
                "unavailable_after": ""
              },
              {
                "architecture": "x86",
                "category": "cost_optimized",
                "cores": 2,
                "cpu_type": "shared",
                "deprecation_announced": "2025-10-16T06:00:00Z",
                "description": "CX22",
                "disk": 40,
                "id": 104,
                "included_traffic": 0,
                "is_deprecated": true,
                "locations": [
                  {
                    "deprecation_announced": "2025-10-16T06:00:00Z",
                    "id": 1,
                    "is_deprecated": true,
                    "name": "fsn1",
                    "unavailable_after": "2025-12-31T23:59:59Z"
                  },
                  {
                    "deprecation_announced": "2025-10-16T06:00:00Z",
                    "id": 2,
                    "is_deprecated": true,
                    "name": "nbg1",
                    "unavailable_after": "2025-12-31T23:59:59Z"
                  },
                  {
                    "deprecation_announced": "2025-10-16T06:00:00Z",
                    "id": 3,
                    "is_deprecated": true,
                    "name": "hel1",
                    "unavailable_after": "2025-12-31T23:59:59Z"
                  }
                ],
                "memory": 4,
                "name": "cx22",
                "storage_type": "local",
                "unavailable_after": "2025-12-31T23:59:59Z"
              },
              {
                "architecture": "x86",
                "category": "cost_optimized",
                "cores": 4,
                "cpu_type": "shared",
                "deprecation_announced": "2025-10-16T06:00:00Z",
                "description": "CX32",
                "disk": 80,
                "id": 105,
                "included_traffic": 0,
                "is_deprecated": true,
                "locations": [
                  {
                    "deprecation_announced": "2025-10-16T06:00:00Z",
                    "id": 1,
                    "is_deprecated": true,
                    "name": "fsn1",
                    "unavailable_after": "2025-12-31T23:59:59Z"
                  },
                  {
                    "deprecation_announced": "2025-10-16T06:00:00Z",
                    "id": 2,
                    "is_deprecated": true,
                    "name": "nbg1",
                    "unavailable_after": "2025-12-31T23:59:59Z"
                  },
                  {
                    "deprecation_announced": "2025-10-16T06:00:00Z",
                    "id": 3,
                    "is_deprecated": true,
                    "name": "hel1",
                    "unavailable_after": "2025-12-31T23:59:59Z"
                  }
                ],
                "memory": 8,
                "name": "cx32",
                "storage_type": "local",
                "unavailable_after": "2025-12-31T23:59:59Z"
              },
              {
                "architecture": "x86",
                "category": "cost_optimized",
                "cores": 8,
                "cpu_type": "shared",
                "deprecation_announced": "2025-10-16T06:00:00Z",
                "description": "CX42",
                "disk": 160,
                "id": 106,
                "included_traffic": 0,
                "is_deprecated": true,
                "locations": [
                  {
                    "deprecation_announced": "2025-10-16T06:00:00Z",
                    "id": 1,
                    "is_deprecated": true,
                    "name": "fsn1",
                    "unavailable_after": "2025-12-31T23:59:59Z"
                  },
                  {
                    "deprecation_announced": "2025-10-16T06:00:00Z",
                    "id": 2,
                    "is_deprecated": true,
                    "name": "nbg1",
                    "unavailable_after": "2025-12-31T23:59:59Z"
                  },
                  {
                    "deprecation_announced": "2025-10-16T06:00:00Z",
                    "id": 3,
                    "is_deprecated": true,
                    "name": "hel1",
                    "unavailable_after": "2025-12-31T23:59:59Z"
                  }
                ],
                "memory": 16,
                "name": "cx42",
                "storage_type": "local",
                "unavailable_after": "2025-12-31T23:59:59Z"
              },
              {
                "architecture": "x86",
                "category": "cost_optimized",
                "cores": 16,
                "cpu_type": "shared",
                "deprecation_announced": "2025-10-16T06:00:00Z",
                "description": "CX52",
                "disk": 320,
                "id": 107,
                "included_traffic": 0,
                "is_deprecated": true,
                "locations": [
                  {
                    "deprecation_announced": "2025-10-16T06:00:00Z",
                    "id": 1,
                    "is_deprecated": true,
                    "name": "fsn1",
                    "unavailable_after": "2025-12-31T23:59:59Z"
                  },
                  {
                    "deprecation_announced": "2025-10-16T06:00:00Z",
                    "id": 2,
                    "is_deprecated": true,
                    "name": "nbg1",
                    "unavailable_after": "2025-12-31T23:59:59Z"
                  },
                  {
                    "deprecation_announced": "2025-10-16T06:00:00Z",
                    "id": 3,
                    "is_deprecated": true,
                    "name": "hel1",
                    "unavailable_after": "2025-12-31T23:59:59Z"
                  }
                ],
                "memory": 32,
                "name": "cx52",
                "storage_type": "local",
                "unavailable_after": "2025-12-31T23:59:59Z"
              },
              {
                "architecture": "x86",
                "category": "regular_purpose",
                "cores": 1,
                "cpu_type": "shared",
                "deprecation_announced": "",
                "description": "CPX 12",
                "disk": 40,
                "id": 108,
                "included_traffic": 0,
                "is_deprecated": false,
                "locations": [
                  {
                    "deprecation_announced": "",
                    "id": 6,
                    "is_deprecated": false,
                    "name": "sin",
                    "unavailable_after": ""
                  }
                ],
                "memory": 2,
                "name": "cpx12",
                "storage_type": "local",
                "unavailable_after": ""
              },
              {
                "architecture": "x86",
                "category": "regular_purpose",
                "cores": 2,
                "cpu_type": "shared",
                "deprecation_announced": "",
                "description": "CPX 22",
                "disk": 80,
                "id": 109,
                "included_traffic": 0,
                "is_deprecated": false,
                "locations": [
                  {
                    "deprecation_announced": "",
                    "id": 1,
                    "is_deprecated": false,
                    "name": "fsn1",
                    "unavailable_after": ""
                  },
                  {
                    "deprecation_announced": "",
                    "id": 2,
                    "is_deprecated": false,
                    "name": "nbg1",
                    "unavailable_after": ""
                  },
                  {
                    "deprecation_announced": "",
                    "id": 3,
                    "is_deprecated": false,
                    "name": "hel1",
                    "unavailable_after": ""
                  },
                  {
                    "deprecation_announced": "",
                    "id": 6,
                    "is_deprecated": false,
                    "name": "sin",
                    "unavailable_after": ""
                  }
                ],
                "memory": 4,
                "name": "cpx22",
                "storage_type": "local",
                "unavailable_after": ""
              },
              {
                "architecture": "x86",
                "category": "regular_purpose",
                "cores": 4,
                "cpu_type": "shared",
                "deprecation_announced": "",
                "description": "CPX 32",
                "disk": 160,
                "id": 110,
                "included_traffic": 0,
                "is_deprecated": false,
                "locations": [
                  {
                    "deprecation_announced": "",
                    "id": 1,
                    "is_deprecated": false,
                    "name": "fsn1",
                    "unavailable_after": ""
                  },
                  {
                    "deprecation_announced": "",
                    "id": 2,
                    "is_deprecated": false,
                    "name": "nbg1",
                    "unavailable_after": ""
                  },
                  {
                    "deprecation_announced": "",
                    "id": 3,
                    "is_deprecated": false,
                    "name": "hel1",
                    "unavailable_after": ""
                  },
                  {
                    "deprecation_announced": "",
                    "id": 6,
                    "is_deprecated": false,
                    "name": "sin",
                    "unavailable_after": ""
                  }
                ],
                "memory": 8,
                "name": "cpx32",
                "storage_type": "local",
                "unavailable_after": ""
              },
              {
                "architecture": "x86",
                "category": "regular_purpose",
                "cores": 8,
                "cpu_type": "shared",
                "deprecation_announced": "",
                "description": "CPX 42",
                "disk": 320,
                "id": 111,
                "included_traffic": 0,
                "is_deprecated": false,
                "locations": [
                  {
                    "deprecation_announced": "",
                    "id": 1,
                    "is_deprecated": false,
                    "name": "fsn1",
                    "unavailable_after": ""
                  },
                  {
                    "deprecation_announced": "",
                    "id": 2,
                    "is_deprecated": false,
                    "name": "nbg1",
                    "unavailable_after": ""
                  },
                  {
                    "deprecation_announced": "",
                    "id": 3,
                    "is_deprecated": false,
                    "name": "hel1",
                    "unavailable_after": ""
                  },
                  {
                    "deprecation_announced": "",
                    "id": 6,
                    "is_deprecated": false,
                    "name": "sin",
                    "unavailable_after": ""
                  }
                ],
                "memory": 16,
                "name": "cpx42",
                "storage_type": "local",
                "unavailable_after": ""
              },
              {
                "architecture": "x86",
                "category": "regular_purpose",
                "cores": 12,
                "cpu_type": "shared",
                "deprecation_announced": "",
                "description": "CPX 52",
                "disk": 480,
                "id": 112,
                "included_traffic": 0,
                "is_deprecated": false,
                "locations": [
                  {
                    "deprecation_announced": "",
                    "id": 1,
                    "is_deprecated": false,
                    "name": "fsn1",
                    "unavailable_after": ""
                  },
                  {
                    "deprecation_announced": "",
                    "id": 2,
                    "is_deprecated": false,
                    "name": "nbg1",
                    "unavailable_after": ""
                  },
                  {
                    "deprecation_announced": "",
                    "id": 3,
                    "is_deprecated": false,
                    "name": "hel1",
                    "unavailable_after": ""
                  },
                  {
                    "deprecation_announced": "",
                    "id": 6,
                    "is_deprecated": false,
                    "name": "sin",
                    "unavailable_after": ""
                  }
                ],
                "memory": 24,
                "name": "cpx52",
                "storage_type": "local",
                "unavailable_after": ""
              },
              {
                "architecture": "x86",
                "category": "regular_purpose",
                "cores": 16,
                "cpu_type": "shared",
                "deprecation_announced": "",
                "description": "CPX 62",
                "disk": 640,
                "id": 113,
                "included_traffic": 0,
                "is_deprecated": false,
                "locations": [
                  {
                    "deprecation_announced": "",
                    "id": 1,
                    "is_deprecated": false,
                    "name": "fsn1",
                    "unavailable_after": ""
                  },
                  {
                    "deprecation_announced": "",
                    "id": 2,
                    "is_deprecated": false,
                    "name": "nbg1",
                    "unavailable_after": ""
                  },
                  {
                    "deprecation_announced": "",
                    "id": 3,
                    "is_deprecated": false,
                    "name": "hel1",
                    "unavailable_after": ""
                  },
                  {
                    "deprecation_announced": "",
                    "id": 6,
                    "is_deprecated": false,
                    "name": "sin",
                    "unavailable_after": ""
                  }
                ],
                "memory": 32,
                "name": "cpx62",
                "storage_type": "local",
                "unavailable_after": ""
              },
              {
                "architecture": "x86",
                "category": "cost_optimized",
                "cores": 2,
                "cpu_type": "shared",
                "deprecation_announced": "",
                "description": "CX 23",
                "disk": 40,
                "id": 114,
                "included_traffic": 0,
                "is_deprecated": false,
                "locations": [
                  {
                    "deprecation_announced": "",
                    "id": 1,
                    "is_deprecated": false,
                    "name": "fsn1",
                    "unavailable_after": ""
                  },
                  {
                    "deprecation_announced": "",
                    "id": 2,
                    "is_deprecated": false,
                    "name": "nbg1",
                    "unavailable_after": ""
                  },
                  {
                    "deprecation_announced": "",
                    "id": 3,
                    "is_deprecated": false,
                    "name": "hel1",
                    "unavailable_after": ""
                  }
                ],
                "memory": 4,
                "name": "cx23",
                "storage_type": "local",
                "unavailable_after": ""
              },
              {
                "architecture": "x86",
                "category": "cost_optimized",
                "cores": 4,
                "cpu_type": "shared",
                "deprecation_announced": "",
                "description": "CX 33",
                "disk": 80,
                "id": 115,
                "included_traffic": 0,
                "is_deprecated": false,
                "locations": [
                  {
                    "deprecation_announced": "",
                    "id": 1,
                    "is_deprecated": false,
                    "name": "fsn1",
                    "unavailable_after": ""
                  },
                  {
                    "deprecation_announced": "",
                    "id": 2,
                    "is_deprecated": false,
                    "name": "nbg1",
                    "unavailable_after": ""
                  },
                  {
                    "deprecation_announced": "",
                    "id": 3,
                    "is_deprecated": false,
                    "name": "hel1",
                    "unavailable_after": ""
                  }
                ],
                "memory": 8,
                "name": "cx33",
                "storage_type": "local",
                "unavailable_after": ""
              },
              {
                "architecture": "x86",
                "category": "cost_optimized",
                "cores": 8,
                "cpu_type": "shared",
                "deprecation_announced": "",
                "description": "CX 43",
                "disk": 160,
                "id": 116,
                "included_traffic": 0,
                "is_deprecated": false,
                "locations": [
                  {
                    "deprecation_announced": "",
                    "id": 1,
                    "is_deprecated": false,
                    "name": "fsn1",
                    "unavailable_after": ""
                  },
                  {
                    "deprecation_announced": "",
                    "id": 2,
                    "is_deprecated": false,
                    "name": "nbg1",
                    "unavailable_after": ""
                  },
                  {
                    "deprecation_announced": "",
                    "id": 3,
                    "is_deprecated": false,
                    "name": "hel1",
                    "unavailable_after": ""
                  }
                ],
                "memory": 16,
                "name": "cx43",
                "storage_type": "local",
                "unavailable_after": ""
              },
              {
                "architecture": "x86",
                "category": "cost_optimized",
                "cores": 16,
                "cpu_type": "shared",
                "deprecation_announced": "",
                "description": "CX 53",
                "disk": 320,
                "id": 117,
                "included_traffic": 0,
                "is_deprecated": false,
                "locations": [
                  {
                    "deprecation_announced": "",
                    "id": 1,
                    "is_deprecated": false,
                    "name": "fsn1",
                    "unavailable_after": ""
                  },
                  {
                    "deprecation_announced": "",
                    "id": 2,
                    "is_deprecated": false,
                    "name": "nbg1",
                    "unavailable_after": ""
                  },
                  {
                    "deprecation_announced": "",
                    "id": 3,
                    "is_deprecated": false,
                    "name": "hel1",
                    "unavailable_after": ""
                  }
                ],
                "memory": 32,
                "name": "cx53",
                "storage_type": "local",
                "unavailable_after": ""
              }
            ]
          },
          "sensitive_attributes": []
        }
      ]
    },
    {
      "module": "module.tenant",
      "mode": "managed",
      "type": "cloudflare_dns_record",
      "name": "faraday",
      "provider": "module.tenant.provider[\"registry.terraform.io/cloudflare/cloudflare\"]",
      "instances": [
        {
          "schema_version": 0,
          "attributes": {
            "comment": null,
            "comment_modified_on": null,
            "content": "157.180.88.232",
            "created_on": "2025-10-20T07:49:32Z",
            "data": null,
            "id": "5cf948ceb7b1aaf9ad834784936a3c43",
            "meta": "{}",
            "modified_on": "2025-10-20T07:49:32Z",
            "name": "faraday.demo.spm.openshield.io",
            "priority": null,
            "proxiable": true,
            "proxied": false,
            "settings": {
              "flatten_cname": null,
              "ipv4_only": null,
              "ipv6_only": null
            },
            "tags": [],
            "tags_modified_on": null,
            "ttl": 3600,
            "type": "A",
            "zone_id": "f92c4f6137dffe0e40aa658cc70e3fa8"
          },
          "sensitive_attributes": [],
          "dependencies": [
            "module.tenant.data.cloudflare_zone.openshield",
            "module.tenant.data.hcloud_server_type.selected",
            "module.tenant.data.hcloud_server_types.all",
            "module.tenant.hcloud_server.tenant_server",
            "module.tenant.hcloud_ssh_key.ssh_key",
            "module.tenant.tls_private_key.ssh_key"
          ]
        }
      ]
    },
    {
      "module": "module.tenant",
      "mode": "managed",
      "type": "hcloud_server",
      "name": "tenant_server",
      "provider": "module.tenant.provider[\"registry.terraform.io/hetznercloud/hcloud\"]",
      "instances": [
        {
          "schema_version": 0,
          "attributes": {
            "allow_deprecated_images": false,
            "backup_window": "",
            "backups": false,
            "datacenter": "hel1-dc2",
            "delete_protection": false,
            "firewall_ids": [],
            "id": "111142700",
            "ignore_remote_firewall_ids": false,
            "image": "ubuntu-22.04",
            "ipv4_address": "157.180.88.232",
            "ipv6_address": "2a01:4f9:c013:feed::1",
            "ipv6_network": "2a01:4f9:c013:feed::/64",
            "iso": null,
            "keep_disk": false,
            "labels": {
              "solution": "spm",
              "tenant": "demo"
            },
            "location": "hel1",
            "name": "spm-tenant-demo",
            "network": [],
            "placement_group_id": 0,
            "primary_disk_size": 80,
            "public_net": [],
            "rebuild_protection": false,
            "rescue": null,
            "server_type": "cpx21",
            "shutdown_before_deletion": false,
            "ssh_keys": [
              "103292743"
            ],
            "status": "running",
            "timeouts": null,
            "user_data": "I+dNLNazIbcf4r+8BckfpakXr6w="
          },
          "sensitive_attributes": [],
          "private": "eyJlMmJmYjczMC1lY2FhLTExZTYtOGY4OC0zNDM2M2JjN2M0YzAiOnsiY3JlYXRlIjo1NDAwMDAwMDAwMDAwfX0=",
          "dependencies": [
            "module.tenant.data.hcloud_server_type.selected",
            "module.tenant.data.hcloud_server_types.all",
            "module.tenant.hcloud_ssh_key.ssh_key",
            "module.tenant.tls_private_key.ssh_key"
          ]
        }
      ]
    },
    {
      "module": "module.tenant",
      "mode": "managed",
      "type": "hcloud_ssh_key",
      "name": "ssh_key",
      "provider": "module.tenant.provider[\"registry.terraform.io/hetznercloud/hcloud\"]",
      "instances": [
        {
          "schema_version": 0,
          "attributes": {
            "fingerprint": "80:dc:2d:b3:19:f6:3d:ac:fb:a1:42:5d:7a:d5:e5:13",
            "id": "103292743",
            "labels": {
              "solution": "spm",
              "tenant": "demo"
            },
            "name": "demo-ssh-key",
            "public_key": "ssh-rsa AAAAB3NzaC1yc2EAAAADAQABAAACAQDfrvfT0DzgimuKi8BalLHYxy/T9LsWcHUsoHQta/yyGRlJFBxHE6sbPchLaJ4/gol2dt6ZB+eKlwp9kI8lFxaoG3QfxEXYxXW4B1SbHA38qyt3LDeCPea7rWbPOtcu5Y1q5gmzl1+9xjOwJFQg6jG7gcpq1HIoZgwn9xJySgi2iyUv9R6W68GK4Wii2TAIzrm7SBQbjShNVk9vjIpWqHwbUhPBKmqO2LUfkAzcmFBe2TzJjQ+biUjZjNLGnGGS+ETZJFeyn5AAD/ugcbhTj6d8EuyLc5DrJSANUc0875iL6O7YfICfGce1Zp2JJRbXNg3xm1OLH2JjMsVBzMiBcodR6eqkGuds60qHiCDG0RWMIicMA2cMTQSudweCC0NL+XdTpy0TJ2pPcKN5g7RjvJJ2qE2X0sjxZo1pAiiJwjUxcJs48I1Kd1yNokCNkHnfRuufTVQ+BCEH3XFu6irFVcgFzGQpQik8c61fOprgx7eOoBDYi7Cnh7Ast2taMz3tyJE1drXMOnQEjTUsUsum1WWmXikNIgi2L2jgTEM+IsHNjuqiX/FR1+Hoa4duoOMF97MGr6UiZuIE4qf04aEIZMu581wbnsrKUE4szCscXfA47EE3eM99j1TlvNHHdeKKdTFZnCRWUzdJIsFcSIc0KENJFp3zWgKSO9lDDdp2gyJiEQ==\n"
          },
          "sensitive_attributes": [],
          "dependencies": [
            "module.tenant.tls_private_key.ssh_key"
          ]
        }
      ]
    },
    {
      "module": "module.tenant",
      "mode": "managed",
      "type": "hcloud_volume",
      "name": "tenant_volume",
      "provider": "module.tenant.provider[\"registry.terraform.io/hetznercloud/hcloud\"]",
      "instances": [
        {
          "schema_version": 0,
          "attributes": {
            "automount": true,
            "delete_protection": false,
            "format": "ext4",
            "id": "103774458",
            "labels": {
              "solution": "spm",
              "tenant": "demo"
            },
            "linux_device": "/dev/disk/by-id/scsi-0HC_Volume_103774458",
            "location": "hel1",
            "name": "spm-tenant-demo-volume",
            "server_id": 111142700,
            "size": 50
          },
          "sensitive_attributes": [],
          "private": "bnVsbA==",
          "dependencies": [
            "module.tenant.data.hcloud_server_type.selected",
            "module.tenant.data.hcloud_server_types.all",
            "module.tenant.hcloud_server.tenant_server",
            "module.tenant.hcloud_ssh_key.ssh_key",
            "module.tenant.tls_private_key.ssh_key"
          ]
        }
      ]
    },
    {
      "module": "module.tenant",
      "mode": "managed",
      "type": "local_file",
      "name": "configure_faraday_nginx_sh",
      "provider": "provider[\"registry.terraform.io/hashicorp/local\"]",
      "instances": [
        {
          "schema_version": 0,
          "attributes": {
            "content": "#!/usr/bin/env bash\n\necho \"Configuring Nginx for Faraday...\"\n\n# Request LetsEncrypt certificate for the domain\nsudo certbot certonly --nginx -d faraday.demo.spm.openshield.io --non-interactive --agree-tos -m certbot@cyberdef.cc --redirect | sudo tee /opt/faraday/certbot.log 2\u003e\u00261\n\n# Extract certificate and key paths\nCERT_PATH=$(grep -iE 'certificate is saved at:' /opt/faraday/certbot.log | awk '{print $5}')\nKEY_PATH=$(grep -iE 'key is saved at:' /opt/faraday/certbot.log | awk '{print $5}')\nif [ -z \"$CERT_PATH\" ] || [ -z \"$KEY_PATH\" ]; then\n    echo \"Failed to obtain SSL certificate. Check certbot log at /opt/faraday/certbot.log\"\n    exit 1\nfi\n\n# Generate Nginx configuration for Faraday\necho y | sudo faraday-manage generate-nginx-config --fqdn faraday.demo.spm.openshield.io --port 5985 --ws-port 9000 --ssl-certificate $CERT_PATH --ssl-key $KEY_PATH | awk 'BEGIN{p=0} /^.*NGINX Config$/{getline; getline; p=1} p{print}' | sudo tee /opt/faraday/faraday.conf 2\u003e\u00261\n\n# Move the generated config to Nginx sites-available\nsudo mv /opt/faraday/faraday.conf /etc/nginx/sites-available/faraday.conf\nsudo ln -sf /etc/nginx/sites-available/faraday.conf /etc/nginx/sites-enabled/faraday.conf\n\n# Test Nginx configuration\nsudo nginx -t\nif [ $? -ne 0 ]; then\n    echo \"Nginx configuration test failed. Please check the configuration file.\"\n    exit 1\nfi\n\n# Wait until no jobs for systemd-sysctl remain\nwhile systemctl list-jobs | grep -q systemd-sysctl; do sleep 1; done\n\n# Reload Nginx to apply the new configuration\nsudo systemctl reload nginx",
            "content_base64": null,
            "content_base64sha256": "zReJ6++nprJvqKbpcrbrCRqcb7Vt/Gg/WtZFkJdx9fE=",
            "content_base64sha512": "yNFmfuaYhcCKQ9WmKmz/1Jn4YaTjfLOAcJzTJPNMa1Elw5aOhndY8wA9ADn5y8BNCNcaxAOWoeL6GAzKWr87Vw==",
            "content_md5": "b534f353eb32e59fcb9678a99660004a",
            "content_sha1": "2a7258cf017d8aeb1db86048887cc12f02460efe",
            "content_sha256": "cd1789ebefa7a6b26fa8a6e972b6eb091a9c6fb56dfc683f5ad645909771f5f1",
            "content_sha512": "c8d1667ee69885c08a43d5a62a6cffd499f861a4e37cb380709cd324f34c6b5125c3968e867758f3003d0039f9cbc04d08d71ac40396a1e2fa180cca5abf3b57",
            "directory_permission": "0777",
            "file_permission": "0777",
            "filename": "modules/tenant/_rendered/configure-faraday-nginx.sh",
            "id": "2a7258cf017d8aeb1db86048887cc12f02460efe",
            "sensitive_content": null,
            "source": null
          },
          "sensitive_attributes": []
        }
      ]
    },
    {
      "module": "module.tenant",
      "mode": "managed",
      "type": "local_file",
      "name": "install_faraday_sh",
      "provider": "provider[\"registry.terraform.io/hashicorp/local\"]",
      "instances": [
        {
          "schema_version": 0,
          "attributes": {
            "content": "# !/bin/bash\n\n# A helper script to install Faraday on an Ubuntu server.\n# OS: Ubuntu 20.04 or later\n# Usage: ./install-faraday.sh \u003cVERSION|latest\u003e\n# Example: ./install-faraday.sh latest\n#\n# Author: YordanOpenShield\n\necho \"Starting Faraday installation...\"\n\n# Create necessary directories\nsudo mkdir -p /opt/faraday\ncd /opt/faraday\n\n# Get latest version tag\nVERSION=latest\nif [ -z \"$VERSION\" ] || [ \"$VERSION\" = \"latest\" ]; then\n  echo \"Fetching latest Faraday release from GitHub...\"\n  # prefer jq if available\n  if command -v jq \u003e/dev/null 2\u003e\u00261; then\n    VERSION=$(curl -s https://api.github.com/repos/infobyte/faraday/releases/latest | jq -r .tag_name)\n  else\n    VERSION=$(curl -s https://api.github.com/repos/infobyte/faraday/releases/latest | grep -oP '\"tag_name\":\\s*\"\\K(.*)(?=\")' || true)\n  fi\n\n  if [ -z \"$VERSION\" ]; then\n    echo \"Failed to determine latest Faraday version.\"\n    exit 1\n  fi\n  echo \"Latest version is $VERSION\"\nfi\n\n# Download Faraday\nsudo wget https://github.com/infobyte/faraday/releases/download/$VERSION/faraday-server_amd64.deb\n\n# Wait until no jobs for systemd-sysctl remain\nwhile systemctl list-jobs | grep -q systemd-sysctl; do sleep 1; done\n\n# Make sure dependencies are installed\nsudo apt-get install -y postgresql redis python3 python3-pip\n\n# Wait until no jobs for systemd-sysctl remain\nwhile systemctl list-jobs | grep -q systemd-sysctl; do sleep 1; done\n\n# Install Faraday\nsudo apt install -f /opt/faraday/faraday-server_amd64.deb -y\n\n# Add current user to faraday group\nsudo usermod -aG faraday $(whoami)\n\n# Initialize Faraday database\nsudo faraday-manage initdb\n\n# Change faraday's admin password\nsudo faraday-manage change-password --username faraday --password 44rjrpRt1@qDM45U\n\n# Wait until no jobs for systemd-sysctl remain\nwhile systemctl list-jobs | grep -q systemd-sysctl; do sleep 1; done\n\n# Reload systemd to recognize Faraday services\nsudo systemctl daemon-reload\n\n# Start and enable Faraday services\nsudo systemctl start faraday-server\nsudo systemctl enable faraday-server\n\nsudo systemctl start faraday-worker\nsudo systemctl enable faraday-worker\n\n# Make sure Faraday is running\nif systemctl is-active --quiet faraday-server; then\n    echo \"Faraday server is running.\"\nelse\n    echo \"Faraday server failed to start.\"\n    exit 1\nfi",
            "content_base64": null,
            "content_base64sha256": "5L/bLPdz2IuNBMnJq49XMBs8asNIA93IOCfoNH9vv48=",
            "content_base64sha512": "1b7QONMTaTtXMActQnh9/UQ9Mu8um3Ma5Q1uAlapNggCd/0JCo88JqJIkaEmeiehqFBC2mkuNzpOGKqhd9ASkg==",
            "content_md5": "e04642055b5e7615e898782aaae56937",
            "content_sha1": "9531505a1a3f7dea7ba9e8d9be96acf4b50e87c3",
            "content_sha256": "e4bfdb2cf773d88b8d04c9c9ab8f57301b3c6ac34803ddc83827e8347f6fbf8f",
            "content_sha512": "d5bed038d313693b5730072d42787dfd443d32ef2e9b731ae50d6e0256a936080277fd090a8f3c26a24891a1267a27a1a85042da692e373a4e18aaa177d01292",
            "directory_permission": "0777",
            "file_permission": "0777",
            "filename": "modules/tenant/_rendered/install-faraday.sh",
            "id": "9531505a1a3f7dea7ba9e8d9be96acf4b50e87c3",
            "sensitive_content": null,
            "source": null
          },
          "sensitive_attributes": [
            [
              {
                "type": "get_attr",
                "value": "content"
              }
            ]
          ],
          "dependencies": [
            "module.tenant.random_password.faraday_password"
          ]
        }
      ]
    },
    {
      "module": "module.tenant",
      "mode": "managed",
      "type": "local_file",
      "name": "install_nginx_sh",
      "provider": "provider[\"registry.terraform.io/hashicorp/local\"]",
      "instances": [
        {
          "schema_version": 0,
          "attributes": {
            "content": "# !/bin/bash\n\necho \"Starting Nginx installation...\"\n\n# Wait until no jobs for systemd-sysctl remain\nwhile systemctl list-jobs | grep -q systemd-sysctl; do sleep 1; done\n\n# Install Nginx\nsudo apt install -y nginx\nsudo systemctl start nginx\nsudo systemctl enable nginx\n\n# Wait until no jobs for systemd-sysctl remain\nwhile systemctl list-jobs | grep -q systemd-sysctl; do sleep 1; done\n\n# Install certbot\nsudo apt install -y certbot python3-certbot-nginx\n\n# Adjust firewall to allow HTTP and HTTPS traffic\nsudo ufw allow http\nsudo ufw allow https",
            "content_base64": null,
            "content_base64sha256": "o4919IRfA5pOJeO7QoJD7ZxvTpydXFrk0+oPt/Lmwho=",
            "content_base64sha512": "rCkMXeyJ5UkcPvYhmyJPdJkexRED4JFQ4QNVYDaSR+BMGLsfYSIOZSAFCIPFUh19FirQUAxUhQd9LKItW0GQsA==",
            "content_md5": "e0c94e4b2e8b33c6f7489a8a6582c76f",
            "content_sha1": "5682968225ad55134c8c4bd36eda4b6e67362f53",
            "content_sha256": "a38f75f4845f039a4e25e3bb428243ed9c6f4e9c9d5c5ae4d3ea0fb7f2e6c21a",
            "content_sha512": "ac290c5dec89e5491c3ef6219b224f74991ec51103e09150e1035560369247e04c18bb1f61220e6520050883c5521d7d162ad0500c5485077d2ca22d5b4190b0",
            "directory_permission": "0777",
            "file_permission": "0777",
            "filename": "modules/tenant/_rendered/install-nginx.sh",
            "id": "5682968225ad55134c8c4bd36eda4b6e67362f53",
            "sensitive_content": null,
            "source": null
          },
          "sensitive_attributes": []
        }
      ]
    },
    {
      "module": "module.tenant",
      "mode": "managed",
      "type": "random_password",
      "name": "faraday_password",
      "provider": "provider[\"registry.terraform.io/hashicorp/random\"]",
      "instances": [
        {
          "schema_version": 3,
          "attributes": {
            "bcrypt_hash": "$2a$10$0/pC7H8hJ6ph0qem1/HRSejTcdGcoITUn8CzJREbIqHxZOsK3wLeC",
            "id": "none",
            "keepers": null,
            "length": 16,
            "lower": true,
            "min_lower": 0,
            "min_numeric": 0,
            "min_special": 0,
            "min_upper": 0,
            "number": true,
            "numeric": true,
            "override_special": "_%@",
            "result": "44rjrpRt1@qDM45U",
            "special": true,
            "upper": true
          },
          "sensitive_attributes": []
        }
      ]
    },
    {
      "module": "module.tenant",
      "mode": "managed",
      "type": "tls_private_key",
      "name": "ssh_key",
      "provider": "provider[\"registry.terraform.io/hashicorp/tls\"]",
      "instances": [
        {
          "schema_version": 1,
          "attributes": {
            "algorithm": "RSA",
            "ecdsa_curve": "P224",
            "id": "97536b61ffe96a00aa05133ed7d1745da207bf04",
            "private_key_openssh": "-----BEGIN OPENSSH PRIVATE KEY-----\nb3BlbnNzaC1rZXktdjEAAAAABG5vbmUAAAAEbm9uZQAAAAAAAAABAAACFwAAAAdz\nc2gtcnNhAAAAAwEAAQAAAgEA367309A84IpriovAWpSx2Mcv0/S7FnB1LKB0LWv8\nshkZSRQcRxOrGz3IS2ieP4KJdnbemQfnipcKfZCPJRcWqBt0H8RF2MV1uAdUmxwN\n/Ksrdyw3gj3mu61mzzrXLuWNauYJs5dfvcYzsCRUIOoxu4HKatRyKGYMJ/cSckoI\ntoslL/UeluvBiuFootkwCM65u0gUG40oTVZPb4yKVqh8G1ITwSpqjti1H5AM3JhQ\nXtk8yY0Pm4lI2YzSxpxhkvhE2SRXsp+QAA/7oHG4U4+nfBLsi3OQ6yUgDVHNPO+Y\ni+ju2HyAnxnHtWadiSUW1zYN8ZtTix9iYzLFQczIgXKHUenqpBrnbOtKh4ggxtEV\njCInDANnDE0ErncHggtDS/l3U6ctEydqT3CjeYO0Y7ySdqhNl9LI8WaNaQIoicI1\nMXCbOPCNSndcjaJAjZB530brn01UPgQhB91xbuoqxVXIBcxkKUIpPHOtXzqa4Me3\njqAQ2Iuwp4ewLLdrWjM97ciRNXa1zDp0BI01LFLLptVlpl4pDSIIti9o4ExDPiLB\nzY7qol/xUdfh6GuHbqDjBfezBq+lImbiBOKn9OGhCGTLufNcG57KylBOLMwrHF3w\nOOxBN3jPfY9U5bzRx3XiinUxWZwkVlM3SSLBXEiHNChDSRad81oCkjvZQw3adoMi\nYhEAAAc44bvP+eG7z/kAAAAHc3NoLXJzYQAAAgEA367309A84IpriovAWpSx2Mcv\n0/S7FnB1LKB0LWv8shkZSRQcRxOrGz3IS2ieP4KJdnbemQfnipcKfZCPJRcWqBt0\nH8RF2MV1uAdUmxwN/Ksrdyw3gj3mu61mzzrXLuWNauYJs5dfvcYzsCRUIOoxu4HK\natRyKGYMJ/cSckoItoslL/UeluvBiuFootkwCM65u0gUG40oTVZPb4yKVqh8G1IT\nwSpqjti1H5AM3JhQXtk8yY0Pm4lI2YzSxpxhkvhE2SRXsp+QAA/7oHG4U4+nfBLs\ni3OQ6yUgDVHNPO+Yi+ju2HyAnxnHtWadiSUW1zYN8ZtTix9iYzLFQczIgXKHUenq\npBrnbOtKh4ggxtEVjCInDANnDE0ErncHggtDS/l3U6ctEydqT3CjeYO0Y7ySdqhN\nl9LI8WaNaQIoicI1MXCbOPCNSndcjaJAjZB530brn01UPgQhB91xbuoqxVXIBcxk\nKUIpPHOtXzqa4Me3jqAQ2Iuwp4ewLLdrWjM97ciRNXa1zDp0BI01LFLLptVlpl4p\nDSIIti9o4ExDPiLBzY7qol/xUdfh6GuHbqDjBfezBq+lImbiBOKn9OGhCGTLufNc\nG57KylBOLMwrHF3wOOxBN3jPfY9U5bzRx3XiinUxWZwkVlM3SSLBXEiHNChDSRad\n81oCkjvZQw3adoMiYhEAAAADAQABAAACAAUft68bMc3N9e0wStl4VwOZenu/Oyrm\nLBT33vlsZBc7UnQ1WPl61pxS47vwe1GGnrn/OpWkU/Y9hADA1zqZBwyWRmh04Um4\nKjxrNJGyCJL9Y8tA0Muzuc2aSQTduvCo0v68IsRBpzCMcgIqrt+rJbT/IeElGTFa\nNxSSSRKjpgPyd4lb8tWvtFkHVVOHqJ1HCQOkgMtpxh7RZ5PtUvztspwYmvm9jD/V\n8H422UiTV6H4lXcje1RLhobvPiPNEMIiXEdiGP0vQQfzVccE291UKNjDgTYnkU4F\npXCQq2QmM+cekJwWbAbY+xVpcpnh5t5Kr3KVpYoGD8Woc9LQS1aFxlo7yZVEx5lb\nplb+hpYkiF+siJ3/bxgbz7OCjLPy7rdJd8+ebZ6nPmaDMl2jP3bY3Nlp6wpT80t6\nU1tAqtju8clyRnWsE/XNm7F/5Mv9wi13rEeR7LvTk/TaTavXIPFjuDttvvWnmOeI\npKxaiTVnULCt4B/TyN3zaL5k60RibzRo/zu55SE21WCPAPwFZoAkmn4jKBy4Ho5/\nN1DYdlbNwo1pW/rqn1tJjb7VnwMZhw/rBQ0u4QnRJylzeWodBxY53l96lxyv67px\nLxnH3+Wk42KkwvgaJZZwigL/L1/J8gk+hN935m8hLQ893LBAZ9rAsGmy07TaPDQb\n5Oo20nwy7AyRAAABAQDhXgjZis/sBazhoIiHq3o8PtGrcCEJWH4FEh/su1SkFkcl\njUeD+eeTXSBG/sA7qwSTIvDo/q3+Ju8/ODhjU/VfHyVKFlc4OQl8SoLCA/RQGQBt\nceMn6Uehoy5WtJBqySHJIwow6vEVm9nbI5xlKTqjmCB7cz1Y/KtHMuV0ZASyMSqm\ncba6Sf05SK7aJRpnBKxXCcgds47/2lhTCiezWWlkFcfAMb1Gm+zZgjlhuWbXr0sw\ng/G5xDJtPOKMp6eVH5iViv//4bCkxjLfXhFt2g2mBrZ3D/5DXnlIXlTMEJNx+o9+\nHtyR4Wy9paz/njOHuu7E5UYn3M7amZRS5o6Hr72eAAABAQDlPxIn0NaudTrdyKeL\nuw87UGalBoPriivRVu0KxTFb/g2zTW0OBxQiDv7lCja0Q8hccwhgtuhe9Ui316Ys\nZVZDVUUeX0jAMamVRd0fTdcy+1tYONt1vI6qPZ2ABfru/3h1BVhWXwzjriPzQ+4W\n4LVCIXMkascachI+QOCd+YNdrF8UcUkKkDmHfM1GwOs6jsFrucPdc0VpWkploq8x\n6xf6st7/h5nL/jCl+L/ItHHIKrZO6hDymffn1woBKJJNxMDwQrtThos9936u7yCV\nRCUUBUq16m7oNkNvSIDt/OoC+1mp1LWeps50S379zlecKo8ij5xMJqVcL4drmaeP\nR2KZAAABAQD5ybNlUdIXijOUHqBsRdyf2cCvvobyisiE/34V/kIlPLjjVa447O3f\nSnT5HFNuE7esFH8pfcbCpTNXpHizqKd0ZeRh0veD1xotaeQPF3HfCKbTrMyyftTQ\nCc1FWOznreHh8M1UkSplX4ksNzK3/DzQbun1iuYihQhTyyR/5NIP5QM1vh7W8hfH\nV+91Vk95eo6NA+tltChh0gnwJSNzZljUI+9wkPR4VmopxEZ6BlglpbHjGgRVdnVR\nS4J7qAl5MJtQrBucESeunfclQuL3bvtOhCpNB6izPDbA6wh9nC7+ydjDu1oBDhWo\nt5UPBTrBL88ZoVghPyePYm9pWWcpW545AAAAAAEC\n-----END OPENSSH PRIVATE KEY-----\n",
            "private_key_pem": "-----BEGIN RSA PRIVATE KEY-----\nMIIJKQIBAAKCAgEA367309A84IpriovAWpSx2Mcv0/S7FnB1LKB0LWv8shkZSRQc\nRxOrGz3IS2ieP4KJdnbemQfnipcKfZCPJRcWqBt0H8RF2MV1uAdUmxwN/Ksrdyw3\ngj3mu61mzzrXLuWNauYJs5dfvcYzsCRUIOoxu4HKatRyKGYMJ/cSckoItoslL/Ue\nluvBiuFootkwCM65u0gUG40oTVZPb4yKVqh8G1ITwSpqjti1H5AM3JhQXtk8yY0P\nm4lI2YzSxpxhkvhE2SRXsp+QAA/7oHG4U4+nfBLsi3OQ6yUgDVHNPO+Yi+ju2HyA\nnxnHtWadiSUW1zYN8ZtTix9iYzLFQczIgXKHUenqpBrnbOtKh4ggxtEVjCInDANn\nDE0ErncHggtDS/l3U6ctEydqT3CjeYO0Y7ySdqhNl9LI8WaNaQIoicI1MXCbOPCN\nSndcjaJAjZB530brn01UPgQhB91xbuoqxVXIBcxkKUIpPHOtXzqa4Me3jqAQ2Iuw\np4ewLLdrWjM97ciRNXa1zDp0BI01LFLLptVlpl4pDSIIti9o4ExDPiLBzY7qol/x\nUdfh6GuHbqDjBfezBq+lImbiBOKn9OGhCGTLufNcG57KylBOLMwrHF3wOOxBN3jP\nfY9U5bzRx3XiinUxWZwkVlM3SSLBXEiHNChDSRad81oCkjvZQw3adoMiYhECAwEA\nAQKCAgAFH7evGzHNzfXtMErZeFcDmXp7vzsq5iwU9975bGQXO1J0NVj5etacUuO7\n8HtRhp65/zqVpFP2PYQAwNc6mQcMlkZodOFJuCo8azSRsgiS/WPLQNDLs7nNmkkE\n3brwqNL+vCLEQacwjHICKq7fqyW0/yHhJRkxWjcUkkkSo6YD8neJW/LVr7RZB1VT\nh6idRwkDpIDLacYe0WeT7VL87bKcGJr5vYw/1fB+NtlIk1eh+JV3I3tUS4aG7z4j\nzRDCIlxHYhj9L0EH81XHBNvdVCjYw4E2J5FOBaVwkKtkJjPnHpCcFmwG2PsVaXKZ\n4ebeSq9ylaWKBg/FqHPS0EtWhcZaO8mVRMeZW6ZW/oaWJIhfrIid/28YG8+zgoyz\n8u63SXfPnm2epz5mgzJdoz922NzZaesKU/NLelNbQKrY7vHJckZ1rBP1zZuxf+TL\n/cItd6xHkey705P02k2r1yDxY7g7bb71p5jniKSsWok1Z1CwreAf08jd82i+ZOtE\nYm80aP87ueUhNtVgjwD8BWaAJJp+IygcuB6OfzdQ2HZWzcKNaVv66p9bSY2+1Z8D\nGYcP6wUNLuEJ0Scpc3lqHQcWOd5fepccr+u6cS8Zx9/lpONipML4GiWWcIoC/y9f\nyfIJPoTfd+ZvIS0PPdywQGfawLBpstO02jw0G+TqNtJ8MuwMkQKCAQEA5T8SJ9DW\nrnU63cini7sPO1BmpQaD64or0VbtCsUxW/4Ns01tDgcUIg7+5Qo2tEPIXHMIYLbo\nXvVIt9emLGVWQ1VFHl9IwDGplUXdH03XMvtbWDjbdbyOqj2dgAX67v94dQVYVl8M\n464j80PuFuC1QiFzJGrHGnISPkDgnfmDXaxfFHFJCpA5h3zNRsDrOo7Ba7nD3XNF\naVpKZaKvMesX+rLe/4eZy/4wpfi/yLRxyCq2TuoQ8pn359cKASiSTcTA8EK7U4aL\nPfd+ru8glUQlFAVKtepu6DZDb0iA7fzqAvtZqdS1nqbOdEt+/c5XnCqPIo+cTCal\nXC+Ha5mnj0dimQKCAQEA+cmzZVHSF4ozlB6gbEXcn9nAr76G8orIhP9+Ff5CJTy4\n41WuOOzt30p0+RxTbhO3rBR/KX3GwqUzV6R4s6indGXkYdL3g9caLWnkDxdx3wim\n06zMsn7U0AnNRVjs563h4fDNVJEqZV+JLDcyt/w80G7p9YrmIoUIU8skf+TSD+UD\nNb4e1vIXx1fvdVZPeXqOjQPrZbQoYdIJ8CUjc2ZY1CPvcJD0eFZqKcRGegZYJaWx\n4xoEVXZ1UUuCe6gJeTCbUKwbnBEnrp33JULi9277ToQqTQeoszw2wOsIfZwu/snY\nw7taAQ4VqLeVDwU6wS/PGaFYIT8nj2JvaVlnKVueOQKCAQB+kvFaTIOMNav38qcX\njoPdcwoJiexiq5p/7ifZL4GOUlqMKm7RNPVXzMHOAnKr21UQPm9cvwDUFUg+QXI9\nxwH3EWilWWTYwVLp2XY6p4bvXjtUHaiGfEKlGnoQyrx/I00GB5p7reV2/Jpa4aHe\nvdk2lzN04wPlxR/vgXDDqJVwrhCdP+NdUr6A4VaR/0ihv1pqOVo8tj2X6sNzFHz4\n6d4GjKZ1nhA7wrBno0146rB8HaElNzV+TabEOkYK17TX/Y+t2JqHhpzw7OrkeaGa\n6NI0GKvkf3kW+4cGNZkCTgeC9/bMv2Y8H8uUCG8ogbp7vj/jjDl3Dkt098UkkuUi\nRf7ZAoIBAQDdN7XqYIk5EctWPb2Dxmd7JkVRH+KxwRmPOBq5baG1Cs8Pft06SxLr\n8ywfRufYkBvViZ2I6Hxz/Ay5bM79BbuwCWE3BbjxiToEyEgS2YeeqDHfO6VZ25ur\n11J1PSkqkcN/71xZreqnNvHsN8JyUTCmw+Pt8yKXpcvXMgzUO5mSPBcYrJTxdhx7\nDjTjbRobkt/WoYcDXod5AqSMiseXtyeqUV0IC0iHnriM3ugvv5inVtRxNaRq7+s8\noSwhSZOCQfr7ekFFeaf0LLApzs/lpONqCQDRkZvliMlRF5ZAcGbqfWa9ChrO3mNu\nNZAMamw7lZTLtSmw4BawFNRor6X+acZ5AoIBAQDhXgjZis/sBazhoIiHq3o8PtGr\ncCEJWH4FEh/su1SkFkcljUeD+eeTXSBG/sA7qwSTIvDo/q3+Ju8/ODhjU/VfHyVK\nFlc4OQl8SoLCA/RQGQBtceMn6Uehoy5WtJBqySHJIwow6vEVm9nbI5xlKTqjmCB7\ncz1Y/KtHMuV0ZASyMSqmcba6Sf05SK7aJRpnBKxXCcgds47/2lhTCiezWWlkFcfA\nMb1Gm+zZgjlhuWbXr0swg/G5xDJtPOKMp6eVH5iViv//4bCkxjLfXhFt2g2mBrZ3\nD/5DXnlIXlTMEJNx+o9+HtyR4Wy9paz/njOHuu7E5UYn3M7amZRS5o6Hr72e\n-----END RSA PRIVATE KEY-----\n",
            "private_key_pem_pkcs8": "-----BEGIN PRIVATE KEY-----\nMIIJQwIBADANBgkqhkiG9w0BAQEFAASCCS0wggkpAgEAAoICAQDfrvfT0DzgimuK\ni8BalLHYxy/T9LsWcHUsoHQta/yyGRlJFBxHE6sbPchLaJ4/gol2dt6ZB+eKlwp9\nkI8lFxaoG3QfxEXYxXW4B1SbHA38qyt3LDeCPea7rWbPOtcu5Y1q5gmzl1+9xjOw\nJFQg6jG7gcpq1HIoZgwn9xJySgi2iyUv9R6W68GK4Wii2TAIzrm7SBQbjShNVk9v\njIpWqHwbUhPBKmqO2LUfkAzcmFBe2TzJjQ+biUjZjNLGnGGS+ETZJFeyn5AAD/ug\ncbhTj6d8EuyLc5DrJSANUc0875iL6O7YfICfGce1Zp2JJRbXNg3xm1OLH2JjMsVB\nzMiBcodR6eqkGuds60qHiCDG0RWMIicMA2cMTQSudweCC0NL+XdTpy0TJ2pPcKN5\ng7RjvJJ2qE2X0sjxZo1pAiiJwjUxcJs48I1Kd1yNokCNkHnfRuufTVQ+BCEH3XFu\n6irFVcgFzGQpQik8c61fOprgx7eOoBDYi7Cnh7Ast2taMz3tyJE1drXMOnQEjTUs\nUsum1WWmXikNIgi2L2jgTEM+IsHNjuqiX/FR1+Hoa4duoOMF97MGr6UiZuIE4qf0\n4aEIZMu581wbnsrKUE4szCscXfA47EE3eM99j1TlvNHHdeKKdTFZnCRWUzdJIsFc\nSIc0KENJFp3zWgKSO9lDDdp2gyJiEQIDAQABAoICAAUft68bMc3N9e0wStl4VwOZ\nenu/OyrmLBT33vlsZBc7UnQ1WPl61pxS47vwe1GGnrn/OpWkU/Y9hADA1zqZBwyW\nRmh04Um4KjxrNJGyCJL9Y8tA0Muzuc2aSQTduvCo0v68IsRBpzCMcgIqrt+rJbT/\nIeElGTFaNxSSSRKjpgPyd4lb8tWvtFkHVVOHqJ1HCQOkgMtpxh7RZ5PtUvztspwY\nmvm9jD/V8H422UiTV6H4lXcje1RLhobvPiPNEMIiXEdiGP0vQQfzVccE291UKNjD\ngTYnkU4FpXCQq2QmM+cekJwWbAbY+xVpcpnh5t5Kr3KVpYoGD8Woc9LQS1aFxlo7\nyZVEx5lbplb+hpYkiF+siJ3/bxgbz7OCjLPy7rdJd8+ebZ6nPmaDMl2jP3bY3Nlp\n6wpT80t6U1tAqtju8clyRnWsE/XNm7F/5Mv9wi13rEeR7LvTk/TaTavXIPFjuDtt\nvvWnmOeIpKxaiTVnULCt4B/TyN3zaL5k60RibzRo/zu55SE21WCPAPwFZoAkmn4j\nKBy4Ho5/N1DYdlbNwo1pW/rqn1tJjb7VnwMZhw/rBQ0u4QnRJylzeWodBxY53l96\nlxyv67pxLxnH3+Wk42KkwvgaJZZwigL/L1/J8gk+hN935m8hLQ893LBAZ9rAsGmy\n07TaPDQb5Oo20nwy7AyRAoIBAQDlPxIn0NaudTrdyKeLuw87UGalBoPriivRVu0K\nxTFb/g2zTW0OBxQiDv7lCja0Q8hccwhgtuhe9Ui316YsZVZDVUUeX0jAMamVRd0f\nTdcy+1tYONt1vI6qPZ2ABfru/3h1BVhWXwzjriPzQ+4W4LVCIXMkascachI+QOCd\n+YNdrF8UcUkKkDmHfM1GwOs6jsFrucPdc0VpWkploq8x6xf6st7/h5nL/jCl+L/I\ntHHIKrZO6hDymffn1woBKJJNxMDwQrtThos9936u7yCVRCUUBUq16m7oNkNvSIDt\n/OoC+1mp1LWeps50S379zlecKo8ij5xMJqVcL4drmaePR2KZAoIBAQD5ybNlUdIX\nijOUHqBsRdyf2cCvvobyisiE/34V/kIlPLjjVa447O3fSnT5HFNuE7esFH8pfcbC\npTNXpHizqKd0ZeRh0veD1xotaeQPF3HfCKbTrMyyftTQCc1FWOznreHh8M1UkSpl\nX4ksNzK3/DzQbun1iuYihQhTyyR/5NIP5QM1vh7W8hfHV+91Vk95eo6NA+tltChh\n0gnwJSNzZljUI+9wkPR4VmopxEZ6BlglpbHjGgRVdnVRS4J7qAl5MJtQrBucESeu\nnfclQuL3bvtOhCpNB6izPDbA6wh9nC7+ydjDu1oBDhWot5UPBTrBL88ZoVghPyeP\nYm9pWWcpW545AoIBAH6S8VpMg4w1q/fypxeOg91zCgmJ7GKrmn/uJ9kvgY5SWowq\nbtE09VfMwc4CcqvbVRA+b1y/ANQVSD5Bcj3HAfcRaKVZZNjBUunZdjqnhu9eO1Qd\nqIZ8QqUaehDKvH8jTQYHmnut5Xb8mlrhod692TaXM3TjA+XFH++BcMOolXCuEJ0/\n411SvoDhVpH/SKG/Wmo5Wjy2PZfqw3MUfPjp3gaMpnWeEDvCsGejTXjqsHwdoSU3\nNX5NpsQ6RgrXtNf9j63YmoeGnPDs6uR5oZro0jQYq+R/eRb7hwY1mQJOB4L39sy/\nZjwfy5QIbyiBunu+P+OMOXcOS3T3xSSS5SJF/tkCggEBAN03tepgiTkRy1Y9vYPG\nZ3smRVEf4rHBGY84GrltobUKzw9+3TpLEuvzLB9G59iQG9WJnYjofHP8DLlszv0F\nu7AJYTcFuPGJOgTISBLZh56oMd87pVnbm6vXUnU9KSqRw3/vXFmt6qc28ew3wnJR\nMKbD4+3zIpely9cyDNQ7mZI8FxislPF2HHsONONtGhuS39ahhwNeh3kCpIyKx5e3\nJ6pRXQgLSIeeuIze6C+/mKdW1HE1pGrv6zyhLCFJk4JB+vt6QUV5p/QssCnOz+Wk\n42oJANGRm+WIyVEXlkBwZup9Zr0KGs7eY241kAxqbDuVlMu1KbDgFrAU1Givpf5p\nxnkCggEBAOFeCNmKz+wFrOGgiIerejw+0atwIQlYfgUSH+y7VKQWRyWNR4P555Nd\nIEb+wDurBJMi8Oj+rf4m7z84OGNT9V8fJUoWVzg5CXxKgsID9FAZAG1x4yfpR6Gj\nLla0kGrJIckjCjDq8RWb2dsjnGUpOqOYIHtzPVj8q0cy5XRkBLIxKqZxtrpJ/TlI\nrtolGmcErFcJyB2zjv/aWFMKJ7NZaWQVx8AxvUab7NmCOWG5ZtevSzCD8bnEMm08\n4oynp5UfmJWK///hsKTGMt9eEW3aDaYGtncP/kNeeUheVMwQk3H6j34e3JHhbL2l\nrP+eM4e67sTlRifcztqZlFLmjoevvZ4=\n-----END PRIVATE KEY-----\n",
            "public_key_fingerprint_md5": "80:dc:2d:b3:19:f6:3d:ac:fb:a1:42:5d:7a:d5:e5:13",
            "public_key_fingerprint_sha256": "SHA256:v8BdzjQL96Hya514r5xitd7J5gcFY0oDffxSIP1FWpg",
            "public_key_openssh": "ssh-rsa AAAAB3NzaC1yc2EAAAADAQABAAACAQDfrvfT0DzgimuKi8BalLHYxy/T9LsWcHUsoHQta/yyGRlJFBxHE6sbPchLaJ4/gol2dt6ZB+eKlwp9kI8lFxaoG3QfxEXYxXW4B1SbHA38qyt3LDeCPea7rWbPOtcu5Y1q5gmzl1+9xjOwJFQg6jG7gcpq1HIoZgwn9xJySgi2iyUv9R6W68GK4Wii2TAIzrm7SBQbjShNVk9vjIpWqHwbUhPBKmqO2LUfkAzcmFBe2TzJjQ+biUjZjNLGnGGS+ETZJFeyn5AAD/ugcbhTj6d8EuyLc5DrJSANUc0875iL6O7YfICfGce1Zp2JJRbXNg3xm1OLH2JjMsVBzMiBcodR6eqkGuds60qHiCDG0RWMIicMA2cMTQSudweCC0NL+XdTpy0TJ2pPcKN5g7RjvJJ2qE2X0sjxZo1pAiiJwjUxcJs48I1Kd1yNokCNkHnfRuufTVQ+BCEH3XFu6irFVcgFzGQpQik8c61fOprgx7eOoBDYi7Cnh7Ast2taMz3tyJE1drXMOnQEjTUsUsum1WWmXikNIgi2L2jgTEM+IsHNjuqiX/FR1+Hoa4duoOMF97MGr6UiZuIE4qf04aEIZMu581wbnsrKUE4szCscXfA47EE3eM99j1TlvNHHdeKKdTFZnCRWUzdJIsFcSIc0KENJFp3zWgKSO9lDDdp2gyJiEQ==\n",
            "public_key_pem": "-----BEGIN PUBLIC KEY-----\nMIICIjANBgkqhkiG9w0BAQEFAAOCAg8AMIICCgKCAgEA367309A84IpriovAWpSx\n2Mcv0/S7FnB1LKB0LWv8shkZSRQcRxOrGz3IS2ieP4KJdnbemQfnipcKfZCPJRcW\nqBt0H8RF2MV1uAdUmxwN/Ksrdyw3gj3mu61mzzrXLuWNauYJs5dfvcYzsCRUIOox\nu4HKatRyKGYMJ/cSckoItoslL/UeluvBiuFootkwCM65u0gUG40oTVZPb4yKVqh8\nG1ITwSpqjti1H5AM3JhQXtk8yY0Pm4lI2YzSxpxhkvhE2SRXsp+QAA/7oHG4U4+n\nfBLsi3OQ6yUgDVHNPO+Yi+ju2HyAnxnHtWadiSUW1zYN8ZtTix9iYzLFQczIgXKH\nUenqpBrnbOtKh4ggxtEVjCInDANnDE0ErncHggtDS/l3U6ctEydqT3CjeYO0Y7yS\ndqhNl9LI8WaNaQIoicI1MXCbOPCNSndcjaJAjZB530brn01UPgQhB91xbuoqxVXI\nBcxkKUIpPHOtXzqa4Me3jqAQ2Iuwp4ewLLdrWjM97ciRNXa1zDp0BI01LFLLptVl\npl4pDSIIti9o4ExDPiLBzY7qol/xUdfh6GuHbqDjBfezBq+lImbiBOKn9OGhCGTL\nufNcG57KylBOLMwrHF3wOOxBN3jPfY9U5bzRx3XiinUxWZwkVlM3SSLBXEiHNChD\nSRad81oCkjvZQw3adoMiYhECAwEAAQ==\n-----END PUBLIC KEY-----\n",
            "rsa_bits": 4096
          },
          "sensitive_attributes": []
        }
      ]
    }
  ],
  "check_results": null
}
