{
  "version": 4,
  "terraform_version": "1.5.0",
  "serial": 19,
  "lineage": "a8ef9375-213a-d41d-3055-0b569ab9702d",
  "outputs": {
    "cluster_id": {
      "value": "f15030e2-534c-40ed-85aa-1caacf80ff32",
      "type": "string"
    },
    "cluster_name": {
      "value": "spm-demo-cluster",
      "type": "string"
    }
  },
  "resources": [
    {
      "mode": "data",
      "type": "digitalocean_kubernetes_versions",
      "name": "available",
      "provider": "provider[\"registry.terraform.io/digitalocean/digitalocean\"]",
      "instances": [
        {
          "schema_version": 0,
          "attributes": {
            "id": "terraform-20251007124511755600000001",
            "latest_version": "1.33.1-do.4",
            "valid_versions": [
              "1.33.1-do.4",
              "1.32.5-do.4",
              "1.31.9-do.4"
            ],
            "version_prefix": null
          },
          "sensitive_attributes": []
        }
      ]
    },
    {
      "mode": "managed",
      "type": "digitalocean_kubernetes_cluster",
      "name": "spm_cluster",
      "provider": "provider[\"registry.terraform.io/digitalocean/digitalocean\"]",
      "instances": [
        {
          "schema_version": 3,
          "attributes": {
            "amd_gpu_device_metrics_exporter_plugin": [
              {
                "enabled": false
              }
            ],
            "amd_gpu_device_plugin": [
              {
                "enabled": false
              }
            ],
            "auto_upgrade": true,
            "cluster_autoscaler_configuration": [],
            "cluster_subnet": "10.244.0.0/16",
            "control_plane_firewall": [],
            "created_at": "2025-10-07 12:02:35 +0000 UTC",
            "destroy_all_associated_resources": false,
            "endpoint": "https://f15030e2-534c-40ed-85aa-1caacf80ff32.k8s.ondigitalocean.com",
            "ha": false,
            "id": "f15030e2-534c-40ed-85aa-1caacf80ff32",
            "ipv4_address": "",
            "kube_config": [
              {
                "client_certificate": "",
                "client_key": "",
                "cluster_ca_certificate": "LS0tLS1CRUdJTiBDRVJUSUZJQ0FURS0tLS0tCk1JSURKekNDQWcrZ0F3SUJBZ0lDQm5Vd0RRWUpLb1pJaHZjTkFRRUxCUUF3TXpFVk1CTUdBMVVFQ2hNTVJHbG4KYVhSaGJFOWpaV0Z1TVJvd0dBWURWUVFERXhGck9ITmhZWE1nUTJ4MWMzUmxjaUJEUVRBZUZ3MHlOVEV3TURjeApNakF6TlRoYUZ3MDBOVEV3TURjeE1qQXpOVGhhTURNeEZUQVRCZ05WQkFvVERFUnBaMmwwWVd4UFkyVmhiakVhCk1CZ0dBMVVFQXhNUmF6aHpZV0Z6SUVOc2RYTjBaWElnUTBFd2dnRWlNQTBHQ1NxR1NJYjNEUUVCQVFVQUE0SUIKRHdBd2dnRUtBb0lCQVFDWWxMMGJqVFFnaVBVb0JoNXlyZVZoU3FXTjQxdUpmNVpDRWI3T2xuaG0vd0kxWmJpRwplcjBzOGZkWElNSll3Zjg1aHBNcFpFUjNFTkQrRDFMUHduaXN0SUZoNXNLdkNaMXlxczJoT2FDbVg5RUFQbExRClRJSW9tbVFRTUNMRWFhdGxVRlZEUU5ZaDUzb2lwR0kxZVByM25EcEV3TlZ3b0xLUmIxb3RETSs0OWU0QVFTTzQKbUo0OHA2TWx2eFo2a3VOQjloSGVraUFmMFlubWNSdzRvQXpKTjQwVkRYVmYzOU9XRjZoeHByUVdzUlBra0dkMQpTZVhaOEgwRUVzcnZyWXRmcUxPZnllbkVYM1ZWd0QzNXFibS9KN2ZBeG50dUw1cnJHazhVSmc5dHBFVmN4dEI5CmdEQjVJalJicEZSNktTd0Y0cXJPNEViMERIRUJGY2dTb3F1YkFnTUJBQUdqUlRCRE1BNEdBMVVkRHdFQi93UUUKQXdJQmhqQVNCZ05WSFJNQkFmOEVDREFHQVFIL0FnRUFNQjBHQTFVZERnUVdCQlFITWRDaDRBR2JrNkZpekVZVApNbzRoTTVqc1NqQU5CZ2txaGtpRzl3MEJBUXNGQUFPQ0FRRUFTRlppN2hIcWdHUTVFVVAzZWV1eHhRU0J5UHU5CkpVOXkwLzc4alpVVmc4VytnbGtKVEN4cHl3bVV5ajhRMmI3MzhUenI4OExWeG93YlorM0JVbWZNNDVOeGZIcncKM3hKWGJLWTd3a3Y5cW4yNW5NVTJKRGtkdVAzbXRCbWZ4ZVFuQjFqMnh4RnhZRnVNUytoMENUcXlCWkhDUlVhOQoxUk1MbmJGUEJ0cVBNKzkzdXpBWkI2R0NneEtvb2VQRGo0SzJka3NRUi9FOEI4MUxveWN1c2oxWTNkM3VZQ1hLCkVSYTlreUtYaXUyNldFeC96T3NTTDVNSFBkZHI5RGwxVFB4Y2Z5blJPVktCTU1sUmo1NHc1QVRLa0xVbG05NHgKUXR5R25oUXBMeEp2UlNzV05qVFY2UTF4Y0ZnMEgyYkhXdER0K01Tb29DSkRLc1h2VDdTODIxb0xudz09Ci0tLS0tRU5EIENFUlRJRklDQVRFLS0tLS0K",
                "expires_at": "2025-10-14T12:08:46Z",
                "host": "https://f15030e2-534c-40ed-85aa-1caacf80ff32.k8s.ondigitalocean.com",
                "raw_config": "apiVersion: v1\nkind: Config\nclusters:\n- cluster:\n    certificate-authority-data: LS0tLS1CRUdJTiBDRVJUSUZJQ0FURS0tLS0tCk1JSURKekNDQWcrZ0F3SUJBZ0lDQm5Vd0RRWUpLb1pJaHZjTkFRRUxCUUF3TXpFVk1CTUdBMVVFQ2hNTVJHbG4KYVhSaGJFOWpaV0Z1TVJvd0dBWURWUVFERXhGck9ITmhZWE1nUTJ4MWMzUmxjaUJEUVRBZUZ3MHlOVEV3TURjeApNakF6TlRoYUZ3MDBOVEV3TURjeE1qQXpOVGhhTURNeEZUQVRCZ05WQkFvVERFUnBaMmwwWVd4UFkyVmhiakVhCk1CZ0dBMVVFQXhNUmF6aHpZV0Z6SUVOc2RYTjBaWElnUTBFd2dnRWlNQTBHQ1NxR1NJYjNEUUVCQVFVQUE0SUIKRHdBd2dnRUtBb0lCQVFDWWxMMGJqVFFnaVBVb0JoNXlyZVZoU3FXTjQxdUpmNVpDRWI3T2xuaG0vd0kxWmJpRwplcjBzOGZkWElNSll3Zjg1aHBNcFpFUjNFTkQrRDFMUHduaXN0SUZoNXNLdkNaMXlxczJoT2FDbVg5RUFQbExRClRJSW9tbVFRTUNMRWFhdGxVRlZEUU5ZaDUzb2lwR0kxZVByM25EcEV3TlZ3b0xLUmIxb3RETSs0OWU0QVFTTzQKbUo0OHA2TWx2eFo2a3VOQjloSGVraUFmMFlubWNSdzRvQXpKTjQwVkRYVmYzOU9XRjZoeHByUVdzUlBra0dkMQpTZVhaOEgwRUVzcnZyWXRmcUxPZnllbkVYM1ZWd0QzNXFibS9KN2ZBeG50dUw1cnJHazhVSmc5dHBFVmN4dEI5CmdEQjVJalJicEZSNktTd0Y0cXJPNEViMERIRUJGY2dTb3F1YkFnTUJBQUdqUlRCRE1BNEdBMVVkRHdFQi93UUUKQXdJQmhqQVNCZ05WSFJNQkFmOEVDREFHQVFIL0FnRUFNQjBHQTFVZERnUVdCQlFITWRDaDRBR2JrNkZpekVZVApNbzRoTTVqc1NqQU5CZ2txaGtpRzl3MEJBUXNGQUFPQ0FRRUFTRlppN2hIcWdHUTVFVVAzZWV1eHhRU0J5UHU5CkpVOXkwLzc4alpVVmc4VytnbGtKVEN4cHl3bVV5ajhRMmI3MzhUenI4OExWeG93YlorM0JVbWZNNDVOeGZIcncKM3hKWGJLWTd3a3Y5cW4yNW5NVTJKRGtkdVAzbXRCbWZ4ZVFuQjFqMnh4RnhZRnVNUytoMENUcXlCWkhDUlVhOQoxUk1MbmJGUEJ0cVBNKzkzdXpBWkI2R0NneEtvb2VQRGo0SzJka3NRUi9FOEI4MUxveWN1c2oxWTNkM3VZQ1hLCkVSYTlreUtYaXUyNldFeC96T3NTTDVNSFBkZHI5RGwxVFB4Y2Z5blJPVktCTU1sUmo1NHc1QVRLa0xVbG05NHgKUXR5R25oUXBMeEp2UlNzV05qVFY2UTF4Y0ZnMEgyYkhXdER0K01Tb29DSkRLc1h2VDdTODIxb0xudz09Ci0tLS0tRU5EIENFUlRJRklDQVRFLS0tLS0K\n    server: https://f15030e2-534c-40ed-85aa-1caacf80ff32.k8s.ondigitalocean.com\n  name: do-nyc3-spm-demo-cluster\ncontexts:\n- context:\n    cluster: do-nyc3-spm-demo-cluster\n    user: do-nyc3-spm-demo-cluster-admin\n  name: do-nyc3-spm-demo-cluster\ncurrent-context: do-nyc3-spm-demo-cluster\nusers:\n- name: do-nyc3-spm-demo-cluster-admin\n  user:\n    token: dop_v1_54b2df72230cc50c657e4dc1f818609b57b11f07fc89a62793b5147ae0d141fb\n",
                "token": "dop_v1_54b2df72230cc50c657e4dc1f818609b57b11f07fc89a62793b5147ae0d141fb"
              }
            ],
            "kubeconfig_expire_seconds": null,
            "maintenance_policy": [
              {
                "day": "any",
                "duration": "4h0m0s",
                "start_time": "21:00"
              }
            ],
            "name": "spm-demo-cluster",
            "node_pool": [
              {
                "actual_node_count": 1,
                "auto_scale": true,
                "id": "be8cc52c-6ceb-4c78-a579-72b8314d84df",
                "labels": {},
                "max_nodes": 5,
                "min_nodes": 1,
                "name": "spm-pool",
                "node_count": 1,
                "nodes": [
                  {
                    "created_at": "2025-10-07 12:02:35 +0000 UTC",
                    "droplet_id": "523033874",
                    "id": "4a7f844e-f7e3-458a-b772-10d4014eebbe",
                    "name": "spm-pool-pf0qt",
                    "status": "running",
                    "updated_at": "2025-10-07 12:07:31 +0000 UTC"
                  }
                ],
                "size": "s-2vcpu-4gb",
                "tags": [],
                "taint": []
              }
            ],
            "region": "nyc3",
            "registry_integration": false,
            "routing_agent": [
              {
                "enabled": false
              }
            ],
            "service_subnet": "10.245.0.0/16",
            "status": "running",
            "surge_upgrade": true,
            "tags": [
              "demo",
              "spm"
            ],
            "timeouts": null,
            "updated_at": "2025-10-07 12:45:14 +0000 UTC",
            "urn": "do:kubernetes:f15030e2-534c-40ed-85aa-1caacf80ff32",
            "version": "1.33.1-do.4",
            "vpc_uuid": "0eca90d2-9e51-4e0b-b7e3-ba848068f215"
          },
          "sensitive_attributes": [],
          "private": "eyJlMmJmYjczMC1lY2FhLTExZTYtOGY4OC0zNDM2M2JjN2M0YzAiOnsiY3JlYXRlIjoxODAwMDAwMDAwMDAwfSwic2NoZW1hX3ZlcnNpb24iOiIzIn0=",
          "dependencies": [
            "data.digitalocean_kubernetes_versions.available"
          ]
        }
      ]
    },
    {
      "module": "module.tenant",
      "mode": "managed",
      "type": "kubernetes_deployment",
      "name": "faraday",
      "provider": "provider[\"registry.terraform.io/hashicorp/kubernetes\"]",
      "instances": [
        {
          "status": "tainted",
          "schema_version": 1,
          "attributes": {
            "id": "demo/faraday-demo",
            "metadata": [
              {
                "annotations": null,
                "generate_name": "",
                "generation": 0,
                "labels": {
                  "app": "faraday"
                },
                "name": "faraday-demo",
                "namespace": "demo",
                "resource_version": "",
                "uid": ""
              }
            ],
            "spec": [
              {
                "min_ready_seconds": 0,
                "paused": false,
                "progress_deadline_seconds": 600,
                "replicas": "1",
                "revision_history_limit": 10,
                "selector": [
                  {
                    "match_expressions": [],
                    "match_labels": {
                      "app": "faraday"
                    }
                  }
                ],
                "strategy": [],
                "template": [
                  {
                    "metadata": [
                      {
                        "annotations": null,
                        "generate_name": "",
                        "generation": 0,
                        "labels": {
                          "app": "faraday"
                        },
                        "name": "",
                        "namespace": "",
                        "resource_version": "",
                        "uid": ""
                      }
                    ],
                    "spec": [
                      {
                        "active_deadline_seconds": 0,
                        "affinity": [],
                        "automount_service_account_token": true,
                        "container": [
                          {
                            "args": null,
                            "command": null,
                            "env": [],
                            "env_from": [],
                            "image": "faradaysec/faraday:latest",
                            "image_pull_policy": "",
                            "lifecycle": [],
                            "liveness_probe": [],
                            "name": "faraday",
                            "port": [
                              {
                                "container_port": 5985,
                                "host_ip": "",
                                "host_port": 0,
                                "name": "",
                                "protocol": "TCP"
                              }
                            ],
                            "readiness_probe": [],
                            "resources": [
                              {
                                "limits": {
                                  "cpu": "1",
                                  "memory": "2Gi"
                                },
                                "requests": {
                                  "cpu": "100m",
                                  "memory": "128Mi"
                                }
                              }
                            ],
                            "security_context": [],
                            "startup_probe": [],
                            "stdin": false,
                            "stdin_once": false,
                            "termination_message_path": "/dev/termination-log",
                            "termination_message_policy": "",
                            "tty": false,
                            "volume_device": [],
                            "volume_mount": [],
                            "working_dir": ""
                          }
                        ],
                        "dns_config": [],
                        "dns_policy": "ClusterFirst",
                        "enable_service_links": true,
                        "host_aliases": [],
                        "host_ipc": false,
                        "host_network": false,
                        "host_pid": false,
                        "hostname": "",
                        "image_pull_secrets": [],
                        "init_container": [],
                        "node_name": "",
                        "node_selector": null,
                        "os": [],
                        "priority_class_name": "",
                        "readiness_gate": [],
                        "restart_policy": "Always",
                        "runtime_class_name": "",
                        "scheduler_name": "",
                        "security_context": [],
                        "service_account_name": "",
                        "share_process_namespace": false,
                        "subdomain": "",
                        "termination_grace_period_seconds": 30,
                        "toleration": [],
                        "topology_spread_constraint": [],
                        "volume": []
                      }
                    ]
                  }
                ]
              }
            ],
            "timeouts": null,
            "wait_for_rollout": true
          },
          "sensitive_attributes": [],
          "private": "eyJlMmJmYjczMC1lY2FhLTExZTYtOGY4OC0zNDM2M2JjN2M0YzAiOnsiY3JlYXRlIjo2MDAwMDAwMDAwMDAsImRlbGV0ZSI6NjAwMDAwMDAwMDAwLCJ1cGRhdGUiOjYwMDAwMDAwMDAwMH0sInNjaGVtYV92ZXJzaW9uIjoiMSJ9",
          "dependencies": [
            "data.digitalocean_kubernetes_versions.available",
            "digitalocean_kubernetes_cluster.spm_cluster",
            "module.tenant.kubernetes_namespace.tenant_ns"
          ]
        }
      ]
    },
    {
      "module": "module.tenant",
      "mode": "managed",
      "type": "kubernetes_deployment",
      "name": "opa",
      "provider": "provider[\"registry.terraform.io/hashicorp/kubernetes\"]",
      "instances": [
        {
          "schema_version": 1,
          "attributes": {
            "id": "demo/opa-demo",
            "metadata": [
              {
                "annotations": {},
                "generate_name": "",
                "generation": 1,
                "labels": {
                  "app": "opa"
                },
                "name": "opa-demo",
                "namespace": "demo",
                "resource_version": "1567",
                "uid": "f02545d2-776f-4952-8f98-bf8d5eea83f3"
              }
            ],
            "spec": [
              {
                "min_ready_seconds": 0,
                "paused": false,
                "progress_deadline_seconds": 600,
                "replicas": "1",
                "revision_history_limit": 10,
                "selector": [
                  {
                    "match_expressions": [],
                    "match_labels": {
                      "app": "opa"
                    }
                  }
                ],
                "strategy": [
                  {
                    "rolling_update": [
                      {
                        "max_surge": "25%",
                        "max_unavailable": "25%"
                      }
                    ],
                    "type": "RollingUpdate"
                  }
                ],
                "template": [
                  {
                    "metadata": [
                      {
                        "annotations": {},
                        "generate_name": "",
                        "generation": 0,
                        "labels": {
                          "app": "opa"
                        },
                        "name": "",
                        "namespace": "",
                        "resource_version": "",
                        "uid": ""
                      }
                    ],
                    "spec": [
                      {
                        "active_deadline_seconds": 0,
                        "affinity": [],
                        "automount_service_account_token": true,
                        "container": [
                          {
                            "args": [
                              "run",
                              "--server",
                              "--addr=0.0.0.0:8181"
                            ],
                            "command": [],
                            "env": [],
                            "env_from": [],
                            "image": "openpolicyagent/opa:0.54.0",
                            "image_pull_policy": "IfNotPresent",
                            "lifecycle": [],
                            "liveness_probe": [],
                            "name": "opa",
                            "port": [
                              {
                                "container_port": 8181,
                                "host_ip": "",
                                "host_port": 0,
                                "name": "",
                                "protocol": "TCP"
                              }
                            ],
                            "readiness_probe": [],
                            "resources": [
                              {
                                "limits": {
                                  "cpu": "250m",
                                  "memory": "256Mi"
                                },
                                "requests": {
                                  "cpu": "50m",
                                  "memory": "64Mi"
                                }
                              }
                            ],
                            "security_context": [],
                            "startup_probe": [],
                            "stdin": false,
                            "stdin_once": false,
                            "termination_message_path": "/dev/termination-log",
                            "termination_message_policy": "File",
                            "tty": false,
                            "volume_device": [],
                            "volume_mount": [],
                            "working_dir": ""
                          }
                        ],
                        "dns_config": [],
                        "dns_policy": "ClusterFirst",
                        "enable_service_links": true,
                        "host_aliases": [],
                        "host_ipc": false,
                        "host_network": false,
                        "host_pid": false,
                        "hostname": "",
                        "image_pull_secrets": [],
                        "init_container": [],
                        "node_name": "",
                        "node_selector": {},
                        "os": [],
                        "priority_class_name": "",
                        "readiness_gate": [],
                        "restart_policy": "Always",
                        "runtime_class_name": "",
                        "scheduler_name": "default-scheduler",
                        "security_context": [],
                        "service_account_name": "",
                        "share_process_namespace": false,
                        "subdomain": "",
                        "termination_grace_period_seconds": 30,
                        "toleration": [],
                        "topology_spread_constraint": [],
                        "volume": []
                      }
                    ]
                  }
                ]
              }
            ],
            "timeouts": null,
            "wait_for_rollout": true
          },
          "sensitive_attributes": [],
          "private": "eyJlMmJmYjczMC1lY2FhLTExZTYtOGY4OC0zNDM2M2JjN2M0YzAiOnsiY3JlYXRlIjo2MDAwMDAwMDAwMDAsImRlbGV0ZSI6NjAwMDAwMDAwMDAwLCJ1cGRhdGUiOjYwMDAwMDAwMDAwMH0sInNjaGVtYV92ZXJzaW9uIjoiMSJ9",
          "dependencies": [
            "data.digitalocean_kubernetes_versions.available",
            "digitalocean_kubernetes_cluster.spm_cluster",
            "module.tenant.kubernetes_namespace.tenant_ns"
          ]
        }
      ]
    },
    {
      "module": "module.tenant",
      "mode": "managed",
      "type": "kubernetes_deployment",
      "name": "opensearch",
      "provider": "provider[\"registry.terraform.io/hashicorp/kubernetes\"]",
      "instances": [
        {
          "schema_version": 1,
          "attributes": {
            "id": "demo/opensearch-demo",
            "metadata": [
              {
                "annotations": {},
                "generate_name": "",
                "generation": 1,
                "labels": {
                  "app": "opensearch",
                  "tenant": "demo"
                },
                "name": "opensearch-demo",
                "namespace": "demo",
                "resource_version": "1886",
                "uid": "d749056b-cc89-4fd8-9e86-b9b008087847"
              }
            ],
            "spec": [
              {
                "min_ready_seconds": 0,
                "paused": false,
                "progress_deadline_seconds": 600,
                "replicas": "1",
                "revision_history_limit": 10,
                "selector": [
                  {
                    "match_expressions": [],
                    "match_labels": {
                      "app": "opensearch"
                    }
                  }
                ],
                "strategy": [
                  {
                    "rolling_update": [
                      {
                        "max_surge": "25%",
                        "max_unavailable": "25%"
                      }
                    ],
                    "type": "RollingUpdate"
                  }
                ],
                "template": [
                  {
                    "metadata": [
                      {
                        "annotations": {},
                        "generate_name": "",
                        "generation": 0,
                        "labels": {
                          "app": "opensearch"
                        },
                        "name": "",
                        "namespace": "",
                        "resource_version": "",
                        "uid": ""
                      }
                    ],
                    "spec": [
                      {
                        "active_deadline_seconds": 0,
                        "affinity": [],
                        "automount_service_account_token": true,
                        "container": [
                          {
                            "args": [],
                            "command": [],
                            "env": [
                              {
                                "name": "discovery.type",
                                "value": "single-node",
                                "value_from": []
                              },
                              {
                                "name": "OPENSEARCH_JAVA_OPTS",
                                "value": "-Xms512m -Xmx512m",
                                "value_from": []
                              }
                            ],
                            "env_from": [],
                            "image": "opensearchproject/opensearch:2.9.0",
                            "image_pull_policy": "IfNotPresent",
                            "lifecycle": [],
                            "liveness_probe": [],
                            "name": "opensearch",
                            "port": [
                              {
                                "container_port": 9200,
                                "host_ip": "",
                                "host_port": 0,
                                "name": "",
                                "protocol": "TCP"
                              }
                            ],
                            "readiness_probe": [],
                            "resources": [
                              {
                                "limits": {
                                  "cpu": "1",
                                  "memory": "2Gi"
                                },
                                "requests": {
                                  "cpu": "500m",
                                  "memory": "1Gi"
                                }
                              }
                            ],
                            "security_context": [],
                            "startup_probe": [],
                            "stdin": false,
                            "stdin_once": false,
                            "termination_message_path": "/dev/termination-log",
                            "termination_message_policy": "File",
                            "tty": false,
                            "volume_device": [],
                            "volume_mount": [
                              {
                                "mount_path": "/usr/share/opensearch/data",
                                "mount_propagation": "None",
                                "name": "opensearch-data",
                                "read_only": false,
                                "sub_path": "",
                                "sub_path_expr": ""
                              }
                            ],
                            "working_dir": ""
                          }
                        ],
                        "dns_config": [],
                        "dns_policy": "ClusterFirst",
                        "enable_service_links": true,
                        "host_aliases": [],
                        "host_ipc": false,
                        "host_network": false,
                        "host_pid": false,
                        "hostname": "",
                        "image_pull_secrets": [],
                        "init_container": [],
                        "node_name": "",
                        "node_selector": {},
                        "os": [],
                        "priority_class_name": "",
                        "readiness_gate": [],
                        "restart_policy": "Always",
                        "runtime_class_name": "",
                        "scheduler_name": "default-scheduler",
                        "security_context": [],
                        "service_account_name": "",
                        "share_process_namespace": false,
                        "subdomain": "",
                        "termination_grace_period_seconds": 30,
                        "toleration": [],
                        "topology_spread_constraint": [],
                        "volume": [
                          {
                            "aws_elastic_block_store": [],
                            "azure_disk": [],
                            "azure_file": [],
                            "ceph_fs": [],
                            "cinder": [],
                            "config_map": [],
                            "csi": [],
                            "downward_api": [],
                            "empty_dir": [],
                            "ephemeral": [],
                            "fc": [],
                            "flex_volume": [],
                            "flocker": [],
                            "gce_persistent_disk": [],
                            "git_repo": [],
                            "glusterfs": [],
                            "host_path": [],
                            "iscsi": [],
                            "local": [],
                            "name": "opensearch-data",
                            "nfs": [],
                            "persistent_volume_claim": [
                              {
                                "claim_name": "opensearch-data-demo",
                                "read_only": false
                              }
                            ],
                            "photon_persistent_disk": [],
                            "projected": [],
                            "quobyte": [],
                            "rbd": [],
                            "secret": [],
                            "vsphere_volume": []
                          }
                        ]
                      }
                    ]
                  }
                ]
              }
            ],
            "timeouts": null,
            "wait_for_rollout": true
          },
          "sensitive_attributes": [],
          "private": "eyJlMmJmYjczMC1lY2FhLTExZTYtOGY4OC0zNDM2M2JjN2M0YzAiOnsiY3JlYXRlIjo2MDAwMDAwMDAwMDAsImRlbGV0ZSI6NjAwMDAwMDAwMDAwLCJ1cGRhdGUiOjYwMDAwMDAwMDAwMH0sInNjaGVtYV92ZXJzaW9uIjoiMSJ9",
          "dependencies": [
            "data.digitalocean_kubernetes_versions.available",
            "digitalocean_kubernetes_cluster.spm_cluster",
            "module.tenant.kubernetes_namespace.tenant_ns",
            "module.tenant.kubernetes_persistent_volume_claim.opensearch_pvc"
          ]
        }
      ]
    },
    {
      "module": "module.tenant",
      "mode": "managed",
      "type": "kubernetes_ingress_v1",
      "name": "tenant_ingress",
      "provider": "provider[\"registry.terraform.io/hashicorp/kubernetes\"]",
      "instances": [
        {
          "index_key": 0,
          "schema_version": 0,
          "attributes": {
            "id": "demo/demo-ingress",
            "metadata": [
              {
                "annotations": {
                  "cert-manager.io/cluster-issuer": "letsencrypt-staging",
                  "kubernetes.io/ingress.class": "nginx"
                },
                "generate_name": "",
                "generation": 1,
                "labels": {},
                "name": "demo-ingress",
                "namespace": "demo",
                "resource_version": "1496",
                "uid": "60925daa-a183-4e21-8f4f-0d092215fdca"
              }
            ],
            "spec": [
              {
                "default_backend": [],
                "ingress_class_name": "",
                "rule": [
                  {
                    "host": "demo.spm.openshield.io",
                    "http": [
                      {
                        "path": [
                          {
                            "backend": [
                              {
                                "resource": [],
                                "service": [
                                  {
                                    "name": "faraday",
                                    "port": [
                                      {
                                        "name": "",
                                        "number": 5985
                                      }
                                    ]
                                  }
                                ]
                              }
                            ],
                            "path": "/",
                            "path_type": "Prefix"
                          }
                        ]
                      }
                    ]
                  }
                ],
                "tls": [
                  {
                    "hosts": [
                      "demo.spm.openshield.io"
                    ],
                    "secret_name": "verystrongsecret"
                  }
                ]
              }
            ],
            "status": [
              {
                "load_balancer": [
                  {
                    "ingress": []
                  }
                ]
              }
            ],
            "timeouts": null,
            "wait_for_load_balancer": null
          },
          "sensitive_attributes": [],
          "private": "eyJlMmJmYjczMC1lY2FhLTExZTYtOGY4OC0zNDM2M2JjN2M0YzAiOnsiY3JlYXRlIjoxMjAwMDAwMDAwMDAwLCJkZWxldGUiOjEyMDAwMDAwMDAwMDB9fQ==",
          "dependencies": [
            "data.digitalocean_kubernetes_versions.available",
            "digitalocean_kubernetes_cluster.spm_cluster",
            "module.tenant.kubernetes_namespace.tenant_ns",
            "module.tenant.kubernetes_service.faraday_svc"
          ]
        }
      ]
    },
    {
      "module": "module.tenant",
      "mode": "managed",
      "type": "kubernetes_limit_range",
      "name": "tenant_limits",
      "provider": "provider[\"registry.terraform.io/hashicorp/kubernetes\"]",
      "instances": [
        {
          "schema_version": 0,
          "attributes": {
            "id": "demo/demo-limits",
            "metadata": [
              {
                "annotations": {},
                "generate_name": "",
                "generation": 0,
                "labels": {},
                "name": "demo-limits",
                "namespace": "demo",
                "resource_version": "1443",
                "uid": "f191346d-1d3c-4f5f-bb53-f7d407aaad05"
              }
            ],
            "spec": [
              {
                "limit": [
                  {
                    "default": {
                      "cpu": "250m",
                      "memory": "256Mi"
                    },
                    "default_request": {
                      "cpu": "100m",
                      "memory": "128Mi"
                    },
                    "max": {
                      "cpu": "2",
                      "memory": "4Gi"
                    },
                    "max_limit_request_ratio": {},
                    "min": {
                      "cpu": "50m",
                      "memory": "64Mi"
                    },
                    "type": "Container"
                  }
                ]
              }
            ]
          },
          "sensitive_attributes": [],
          "private": "bnVsbA==",
          "dependencies": [
            "data.digitalocean_kubernetes_versions.available",
            "digitalocean_kubernetes_cluster.spm_cluster",
            "module.tenant.kubernetes_namespace.tenant_ns"
          ]
        }
      ]
    },
    {
      "module": "module.tenant",
      "mode": "managed",
      "type": "kubernetes_namespace",
      "name": "tenant_ns",
      "provider": "provider[\"registry.terraform.io/hashicorp/kubernetes\"]",
      "instances": [
        {
          "schema_version": 0,
          "attributes": {
            "id": "demo",
            "metadata": [
              {
                "annotations": {},
                "generate_name": "",
                "generation": 0,
                "labels": {
                  "tenant": "demo"
                },
                "name": "demo",
                "resource_version": "1439",
                "uid": "d0755e25-332f-4270-a4d1-a5be39a05ef4"
              }
            ],
            "timeouts": null,
            "wait_for_default_service_account": false
          },
          "sensitive_attributes": [],
          "private": "eyJlMmJmYjczMC1lY2FhLTExZTYtOGY4OC0zNDM2M2JjN2M0YzAiOnsiZGVsZXRlIjozMDAwMDAwMDAwMDB9fQ==",
          "dependencies": [
            "data.digitalocean_kubernetes_versions.available",
            "digitalocean_kubernetes_cluster.spm_cluster"
          ]
        }
      ]
    },
    {
      "module": "module.tenant",
      "mode": "managed",
      "type": "kubernetes_persistent_volume_claim",
      "name": "opensearch_pvc",
      "provider": "provider[\"registry.terraform.io/hashicorp/kubernetes\"]",
      "instances": [
        {
          "schema_version": 0,
          "attributes": {
            "id": "demo/opensearch-data-demo",
            "metadata": [
              {
                "annotations": {},
                "generate_name": "",
                "generation": 0,
                "labels": {},
                "name": "opensearch-data-demo",
                "namespace": "demo",
                "resource_version": "1643",
                "uid": "67afb8f1-d3f2-468b-ae9b-0e390c3aa111"
              }
            ],
            "spec": [
              {
                "access_modes": [
                  "ReadWriteOnce"
                ],
                "resources": [
                  {
                    "limits": {},
                    "requests": {
                      "storage": "10Gi"
                    }
                  }
                ],
                "selector": [],
                "storage_class_name": "do-block-storage",
                "volume_mode": "Filesystem",
                "volume_name": "pvc-67afb8f1-d3f2-468b-ae9b-0e390c3aa111"
              }
            ],
            "timeouts": null,
            "wait_until_bound": true
          },
          "sensitive_attributes": [],
          "private": "eyJlMmJmYjczMC1lY2FhLTExZTYtOGY4OC0zNDM2M2JjN2M0YzAiOnsiY3JlYXRlIjozMDAwMDAwMDAwMDB9fQ==",
          "dependencies": [
            "data.digitalocean_kubernetes_versions.available",
            "digitalocean_kubernetes_cluster.spm_cluster",
            "module.tenant.kubernetes_namespace.tenant_ns"
          ]
        }
      ]
    },
    {
      "module": "module.tenant",
      "mode": "managed",
      "type": "kubernetes_resource_quota",
      "name": "tenant_quota",
      "provider": "provider[\"registry.terraform.io/hashicorp/kubernetes\"]",
      "instances": [
        {
          "schema_version": 0,
          "attributes": {
            "id": "demo/demo-quota",
            "metadata": [
              {
                "annotations": {},
                "generate_name": "",
                "generation": 0,
                "labels": {},
                "name": "demo-quota",
                "namespace": "demo",
                "resource_version": "1683",
                "uid": "49a3b1f2-9406-4605-8c3e-e4e12c38aed8"
              }
            ],
            "spec": [
              {
                "hard": {
                  "limits.cpu": "4",
                  "limits.memory": "8Gi",
                  "persistentvolumeclaims": "5",
                  "pods": "10",
                  "requests.cpu": "2",
                  "requests.memory": "4Gi"
                },
                "scope_selector": [],
                "scopes": []
              }
            ],
            "timeouts": null
          },
          "sensitive_attributes": [],
          "private": "eyJlMmJmYjczMC1lY2FhLTExZTYtOGY4OC0zNDM2M2JjN2M0YzAiOnsiY3JlYXRlIjo2MDAwMDAwMDAwMCwidXBkYXRlIjo2MDAwMDAwMDAwMH19",
          "dependencies": [
            "data.digitalocean_kubernetes_versions.available",
            "digitalocean_kubernetes_cluster.spm_cluster",
            "module.tenant.kubernetes_namespace.tenant_ns"
          ]
        }
      ]
    },
    {
      "module": "module.tenant",
      "mode": "managed",
      "type": "kubernetes_service",
      "name": "faraday_svc",
      "provider": "provider[\"registry.terraform.io/hashicorp/kubernetes\"]",
      "instances": [
        {
          "schema_version": 1,
          "attributes": {
            "id": "demo/faraday",
            "metadata": [
              {
                "annotations": {},
                "generate_name": "",
                "generation": 0,
                "labels": {},
                "name": "faraday",
                "namespace": "demo",
                "resource_version": "1445",
                "uid": "45a596e2-4051-40e9-83ca-2529fdad13ee"
              }
            ],
            "spec": [
              {
                "allocate_load_balancer_node_ports": true,
                "cluster_ip": "10.245.237.109",
                "cluster_ips": [
                  "10.245.237.109"
                ],
                "external_ips": [],
                "external_name": "",
                "external_traffic_policy": "",
                "health_check_node_port": 0,
                "internal_traffic_policy": "Cluster",
                "ip_families": [
                  "IPv4"
                ],
                "ip_family_policy": "SingleStack",
                "load_balancer_class": "",
                "load_balancer_ip": "",
                "load_balancer_source_ranges": [],
                "port": [
                  {
                    "app_protocol": "",
                    "name": "",
                    "node_port": 0,
                    "port": 5985,
                    "protocol": "TCP",
                    "target_port": "5985"
                  }
                ],
                "publish_not_ready_addresses": false,
                "selector": {
                  "app": "faraday"
                },
                "session_affinity": "None",
                "session_affinity_config": [],
                "type": "ClusterIP"
              }
            ],
            "status": [
              {
                "load_balancer": [
                  {
                    "ingress": []
                  }
                ]
              }
            ],
            "timeouts": null,
            "wait_for_load_balancer": true
          },
          "sensitive_attributes": [],
          "private": "eyJlMmJmYjczMC1lY2FhLTExZTYtOGY4OC0zNDM2M2JjN2M0YzAiOnsiY3JlYXRlIjo2MDAwMDAwMDAwMDB9LCJzY2hlbWFfdmVyc2lvbiI6IjEifQ==",
          "dependencies": [
            "data.digitalocean_kubernetes_versions.available",
            "digitalocean_kubernetes_cluster.spm_cluster",
            "module.tenant.kubernetes_namespace.tenant_ns"
          ]
        }
      ]
    },
    {
      "module": "module.tenant",
      "mode": "managed",
      "type": "kubernetes_service",
      "name": "opa_svc",
      "provider": "provider[\"registry.terraform.io/hashicorp/kubernetes\"]",
      "instances": [
        {
          "schema_version": 1,
          "attributes": {
            "id": "demo/opa",
            "metadata": [
              {
                "annotations": {},
                "generate_name": "",
                "generation": 0,
                "labels": {},
                "name": "opa",
                "namespace": "demo",
                "resource_version": "1458",
                "uid": "240b7ddc-3db4-4b1a-820b-729354d8e3ec"
              }
            ],
            "spec": [
              {
                "allocate_load_balancer_node_ports": true,
                "cluster_ip": "10.245.109.143",
                "cluster_ips": [
                  "10.245.109.143"
                ],
                "external_ips": [],
                "external_name": "",
                "external_traffic_policy": "",
                "health_check_node_port": 0,
                "internal_traffic_policy": "Cluster",
                "ip_families": [
                  "IPv4"
                ],
                "ip_family_policy": "SingleStack",
                "load_balancer_class": "",
                "load_balancer_ip": "",
                "load_balancer_source_ranges": [],
                "port": [
                  {
                    "app_protocol": "",
                    "name": "",
                    "node_port": 0,
                    "port": 8181,
                    "protocol": "TCP",
                    "target_port": "8181"
                  }
                ],
                "publish_not_ready_addresses": false,
                "selector": {
                  "app": "opa"
                },
                "session_affinity": "None",
                "session_affinity_config": [],
                "type": "ClusterIP"
              }
            ],
            "status": [
              {
                "load_balancer": [
                  {
                    "ingress": []
                  }
                ]
              }
            ],
            "timeouts": null,
            "wait_for_load_balancer": true
          },
          "sensitive_attributes": [],
          "private": "eyJlMmJmYjczMC1lY2FhLTExZTYtOGY4OC0zNDM2M2JjN2M0YzAiOnsiY3JlYXRlIjo2MDAwMDAwMDAwMDB9LCJzY2hlbWFfdmVyc2lvbiI6IjEifQ==",
          "dependencies": [
            "data.digitalocean_kubernetes_versions.available",
            "digitalocean_kubernetes_cluster.spm_cluster",
            "module.tenant.kubernetes_namespace.tenant_ns"
          ]
        }
      ]
    },
    {
      "module": "module.tenant",
      "mode": "managed",
      "type": "kubernetes_service",
      "name": "opensearch_svc",
      "provider": "provider[\"registry.terraform.io/hashicorp/kubernetes\"]",
      "instances": [
        {
          "schema_version": 1,
          "attributes": {
            "id": "demo/opensearch",
            "metadata": [
              {
                "annotations": {},
                "generate_name": "",
                "generation": 0,
                "labels": {},
                "name": "opensearch",
                "namespace": "demo",
                "resource_version": "1454",
                "uid": "c72175f6-c5c0-4677-a857-d36767469aae"
              }
            ],
            "spec": [
              {
                "allocate_load_balancer_node_ports": true,
                "cluster_ip": "10.245.94.229",
                "cluster_ips": [
                  "10.245.94.229"
                ],
                "external_ips": [],
                "external_name": "",
                "external_traffic_policy": "",
                "health_check_node_port": 0,
                "internal_traffic_policy": "Cluster",
                "ip_families": [
                  "IPv4"
                ],
                "ip_family_policy": "SingleStack",
                "load_balancer_class": "",
                "load_balancer_ip": "",
                "load_balancer_source_ranges": [],
                "port": [
                  {
                    "app_protocol": "",
                    "name": "",
                    "node_port": 0,
                    "port": 9200,
                    "protocol": "TCP",
                    "target_port": "9200"
                  }
                ],
                "publish_not_ready_addresses": false,
                "selector": {
                  "app": "opensearch"
                },
                "session_affinity": "None",
                "session_affinity_config": [],
                "type": "ClusterIP"
              }
            ],
            "status": [
              {
                "load_balancer": [
                  {
                    "ingress": []
                  }
                ]
              }
            ],
            "timeouts": null,
            "wait_for_load_balancer": true
          },
          "sensitive_attributes": [],
          "private": "eyJlMmJmYjczMC1lY2FhLTExZTYtOGY4OC0zNDM2M2JjN2M0YzAiOnsiY3JlYXRlIjo2MDAwMDAwMDAwMDB9LCJzY2hlbWFfdmVyc2lvbiI6IjEifQ==",
          "dependencies": [
            "data.digitalocean_kubernetes_versions.available",
            "digitalocean_kubernetes_cluster.spm_cluster",
            "module.tenant.kubernetes_namespace.tenant_ns"
          ]
        }
      ]
    }
  ],
  "check_results": null
}
