{
  "version": 4,
  "terraform_version": "1.5.0",
  "serial": 12,
  "lineage": "6bc2fb3b-dda2-86b8-c41f-e91b7e7e6c27",
  "outputs": {
    "cluster_id": {
      "value": "70dd7a56-78f0-4f4c-aaa1-fd1ab46fe57d",
      "type": "string"
    },
    "cluster_name": {
      "value": "spm-demo-cluster",
      "type": "string"
    }
  },
  "resources": [
    {
      "mode": "managed",
      "type": "digitalocean_kubernetes_cluster",
      "name": "spm_cluster",
      "provider": "provider[\"registry.terraform.io/digitalocean/digitalocean\"]",
      "instances": [
        {
          "schema_version": 3,
          "attributes": {
            "amd_gpu_device_metrics_exporter_plugin": [
              {
                "enabled": false
              }
            ],
            "amd_gpu_device_plugin": [
              {
                "enabled": false
              }
            ],
            "auto_upgrade": true,
            "cluster_autoscaler_configuration": [],
            "cluster_subnet": "10.244.0.0/16",
            "control_plane_firewall": [],
            "created_at": "2025-10-07 09:19:07 +0000 UTC",
            "destroy_all_associated_resources": false,
            "endpoint": "https://70dd7a56-78f0-4f4c-aaa1-fd1ab46fe57d.k8s.ondigitalocean.com",
            "ha": false,
            "id": "70dd7a56-78f0-4f4c-aaa1-fd1ab46fe57d",
            "ipv4_address": "",
            "kube_config": [
              {
                "client_certificate": "",
                "client_key": "",
                "cluster_ca_certificate": "LS0tLS1CRUdJTiBDRVJUSUZJQ0FURS0tLS0tCk1JSURKekNDQWcrZ0F3SUJBZ0lDQm5Vd0RRWUpLb1pJaHZjTkFRRUxCUUF3TXpFVk1CTUdBMVVFQ2hNTVJHbG4KYVhSaGJFOWpaV0Z1TVJvd0dBWURWUVFERXhGck9ITmhZWE1nUTJ4MWMzUmxjaUJEUVRBZUZ3MHlOVEV3TURjdwpPVEU1TURsYUZ3MDBOVEV3TURjd09URTVNRGxhTURNeEZUQVRCZ05WQkFvVERFUnBaMmwwWVd4UFkyVmhiakVhCk1CZ0dBMVVFQXhNUmF6aHpZV0Z6SUVOc2RYTjBaWElnUTBFd2dnRWlNQTBHQ1NxR1NJYjNEUUVCQVFVQUE0SUIKRHdBd2dnRUtBb0lCQVFDdHE0ZFZxZThBTVVaMkhvZHZscXQrTjFkMHVWVFNieERCQW5EV1gwd0xaU2hhZ3U1ZQpudit4SUlzaVNEMWtaL1lEVlNiK1dlYmYvVndxTTJXNlpyRjJYTGx2VmJ1cHFrWVFzbTFZOEVLRmZSN0k4RHJ2Cm90UzgvTEQvNGhrK1RuTHNoZk5vK0J6NGx0UXl3Tll1TTVISGc2Y1BCS3Vab1hoYks1Uk5rTWF5MTdnNUYzMEwKVXV3UDJ1QWNhNkpET2d0bEtsMDM4ZDVrcHdrRVZHdmNuS0FyZTdJNS83NTVpNmdJVS9UZFJHMzA0U0dNZzh6WAo5T1p3ZWEvNFFSWDFUc0xPVVJyZDlEYVNzNGJjOUl6UTZFTWc2VjVZNDdUTnVjV1ZINUgrV20wMHZRKytnVWk0CkFpc3lNempLWCtLVUNNK2M5c3RndmFNQWRJMWdORkw0b2txVkFnTUJBQUdqUlRCRE1BNEdBMVVkRHdFQi93UUUKQXdJQmhqQVNCZ05WSFJNQkFmOEVDREFHQVFIL0FnRUFNQjBHQTFVZERnUVdCQlRGa1llRzV0eWpTRjIrdmEregpkaGZ0S3FmQytUQU5CZ2txaGtpRzl3MEJBUXNGQUFPQ0FRRUFSaEFqUVdDYm9TR1d4UEUxT0c1eHFacGRlVTFxCkJ0cktrenA5ZFFsdGtGVHlPYThBRkVlZzVTdFQxazZ5N2tJYXhaWnVkU0FCSDE5aXNDVjk2Z1N6amFKYWVwMUMKVVZuajNTdWFIZ3NsSk55ai9oRkpFTDJjaHZSVXNBTWhMTjh5alZBUDh2bmwrdk1LMlF4bzRKcjNhcmdNOHdHRQprNXg3KzRNSEJ6aGVxSTNJRUhOWTZPNVQ2OFhOYjJIL1ZTc1VzMHJReWFWelBJYllYYkpPbm42TjI0RXhOYzQ2CnZSbVl0NHVLSTNYWXpNRnNtSHVEMWpFNVhpOXRIckZJWUtrWmxQdFpZcExQTlRteGplY2Y5ZEdpOTQ3WUppb1QKTFREVjNSVjBUNEplRXlQb3NSUlIyMEorMjJQc25jdFUrY2o5QkxEODBZS3lFdWFDcXZTeDNTWVhldz09Ci0tLS0tRU5EIENFUlRJRklDQVRFLS0tLS0K",
                "expires_at": "2025-10-14T09:22:58Z",
                "host": "https://70dd7a56-78f0-4f4c-aaa1-fd1ab46fe57d.k8s.ondigitalocean.com",
                "raw_config": "apiVersion: v1\nkind: Config\nclusters:\n- cluster:\n    certificate-authority-data: LS0tLS1CRUdJTiBDRVJUSUZJQ0FURS0tLS0tCk1JSURKekNDQWcrZ0F3SUJBZ0lDQm5Vd0RRWUpLb1pJaHZjTkFRRUxCUUF3TXpFVk1CTUdBMVVFQ2hNTVJHbG4KYVhSaGJFOWpaV0Z1TVJvd0dBWURWUVFERXhGck9ITmhZWE1nUTJ4MWMzUmxjaUJEUVRBZUZ3MHlOVEV3TURjdwpPVEU1TURsYUZ3MDBOVEV3TURjd09URTVNRGxhTURNeEZUQVRCZ05WQkFvVERFUnBaMmwwWVd4UFkyVmhiakVhCk1CZ0dBMVVFQXhNUmF6aHpZV0Z6SUVOc2RYTjBaWElnUTBFd2dnRWlNQTBHQ1NxR1NJYjNEUUVCQVFVQUE0SUIKRHdBd2dnRUtBb0lCQVFDdHE0ZFZxZThBTVVaMkhvZHZscXQrTjFkMHVWVFNieERCQW5EV1gwd0xaU2hhZ3U1ZQpudit4SUlzaVNEMWtaL1lEVlNiK1dlYmYvVndxTTJXNlpyRjJYTGx2VmJ1cHFrWVFzbTFZOEVLRmZSN0k4RHJ2Cm90UzgvTEQvNGhrK1RuTHNoZk5vK0J6NGx0UXl3Tll1TTVISGc2Y1BCS3Vab1hoYks1Uk5rTWF5MTdnNUYzMEwKVXV3UDJ1QWNhNkpET2d0bEtsMDM4ZDVrcHdrRVZHdmNuS0FyZTdJNS83NTVpNmdJVS9UZFJHMzA0U0dNZzh6WAo5T1p3ZWEvNFFSWDFUc0xPVVJyZDlEYVNzNGJjOUl6UTZFTWc2VjVZNDdUTnVjV1ZINUgrV20wMHZRKytnVWk0CkFpc3lNempLWCtLVUNNK2M5c3RndmFNQWRJMWdORkw0b2txVkFnTUJBQUdqUlRCRE1BNEdBMVVkRHdFQi93UUUKQXdJQmhqQVNCZ05WSFJNQkFmOEVDREFHQVFIL0FnRUFNQjBHQTFVZERnUVdCQlRGa1llRzV0eWpTRjIrdmEregpkaGZ0S3FmQytUQU5CZ2txaGtpRzl3MEJBUXNGQUFPQ0FRRUFSaEFqUVdDYm9TR1d4UEUxT0c1eHFacGRlVTFxCkJ0cktrenA5ZFFsdGtGVHlPYThBRkVlZzVTdFQxazZ5N2tJYXhaWnVkU0FCSDE5aXNDVjk2Z1N6amFKYWVwMUMKVVZuajNTdWFIZ3NsSk55ai9oRkpFTDJjaHZSVXNBTWhMTjh5alZBUDh2bmwrdk1LMlF4bzRKcjNhcmdNOHdHRQprNXg3KzRNSEJ6aGVxSTNJRUhOWTZPNVQ2OFhOYjJIL1ZTc1VzMHJReWFWelBJYllYYkpPbm42TjI0RXhOYzQ2CnZSbVl0NHVLSTNYWXpNRnNtSHVEMWpFNVhpOXRIckZJWUtrWmxQdFpZcExQTlRteGplY2Y5ZEdpOTQ3WUppb1QKTFREVjNSVjBUNEplRXlQb3NSUlIyMEorMjJQc25jdFUrY2o5QkxEODBZS3lFdWFDcXZTeDNTWVhldz09Ci0tLS0tRU5EIENFUlRJRklDQVRFLS0tLS0K\n    server: https://70dd7a56-78f0-4f4c-aaa1-fd1ab46fe57d.k8s.ondigitalocean.com\n  name: do-nyc3-spm-demo-cluster\ncontexts:\n- context:\n    cluster: do-nyc3-spm-demo-cluster\n    user: do-nyc3-spm-demo-cluster-admin\n  name: do-nyc3-spm-demo-cluster\ncurrent-context: do-nyc3-spm-demo-cluster\nusers:\n- name: do-nyc3-spm-demo-cluster-admin\n  user:\n    token: dop_v1_2eae3c7b3f52b8fb3f68de88a04ec3fb994ffbdccbdb650647697bb74cdef8c5\n",
                "token": "dop_v1_2eae3c7b3f52b8fb3f68de88a04ec3fb994ffbdccbdb650647697bb74cdef8c5"
              }
            ],
            "kubeconfig_expire_seconds": null,
            "maintenance_policy": [
              {
                "day": "any",
                "duration": "4h0m0s",
                "start_time": "17:00"
              }
            ],
            "name": "spm-demo-cluster",
            "node_pool": [
              {
                "actual_node_count": 1,
                "auto_scale": true,
                "id": "66b43b64-5a97-4e3a-b592-46f3c01a52e5",
                "labels": null,
                "max_nodes": 5,
                "min_nodes": 1,
                "name": "spm-pool",
                "node_count": 1,
                "nodes": [
                  {
                    "created_at": "2025-10-07 09:19:07 +0000 UTC",
                    "droplet_id": "523009582",
                    "id": "7d81b3dc-269c-40d7-9f62-fd0408c74e99",
                    "name": "spm-pool-pf44e",
                    "status": "running",
                    "updated_at": "2025-10-07 09:21:29 +0000 UTC"
                  }
                ],
                "size": "s-2vcpu-4gb",
                "tags": null,
                "taint": []
              }
            ],
            "region": "nyc3",
            "registry_integration": false,
            "routing_agent": [
              {
                "enabled": false
              }
            ],
            "service_subnet": "10.245.0.0/16",
            "status": "running",
            "surge_upgrade": true,
            "tags": [
              "demo",
              "spm"
            ],
            "timeouts": null,
            "updated_at": "2025-10-07 09:22:49 +0000 UTC",
            "urn": "do:kubernetes:70dd7a56-78f0-4f4c-aaa1-fd1ab46fe57d",
            "version": "1.33.1-do.4",
            "vpc_uuid": "0eca90d2-9e51-4e0b-b7e3-ba848068f215"
          },
          "sensitive_attributes": [],
          "private": "eyJlMmJmYjczMC1lY2FhLTExZTYtOGY4OC0zNDM2M2JjN2M0YzAiOnsiY3JlYXRlIjoxODAwMDAwMDAwMDAwfSwic2NoZW1hX3ZlcnNpb24iOiIzIn0="
        }
      ]
    },
    {
      "module": "module.tenant",
      "mode": "managed",
      "type": "kubernetes_deployment",
      "name": "faraday",
      "provider": "provider[\"registry.terraform.io/hashicorp/kubernetes\"]",
      "instances": [
        {
          "status": "tainted",
          "schema_version": 1,
          "attributes": {
            "id": "demo/faraday-demo",
            "metadata": [
              {
                "annotations": null,
                "generate_name": "",
                "generation": 0,
                "labels": {
                  "app": "faraday"
                },
                "name": "faraday-demo",
                "namespace": "demo",
                "resource_version": "",
                "uid": ""
              }
            ],
            "spec": [
              {
                "min_ready_seconds": 0,
                "paused": false,
                "progress_deadline_seconds": 600,
                "replicas": "1",
                "revision_history_limit": 10,
                "selector": [
                  {
                    "match_expressions": [],
                    "match_labels": {
                      "app": "faraday"
                    }
                  }
                ],
                "strategy": [],
                "template": [
                  {
                    "metadata": [
                      {
                        "annotations": null,
                        "generate_name": "",
                        "generation": 0,
                        "labels": {
                          "app": "faraday"
                        },
                        "name": "",
                        "namespace": "",
                        "resource_version": "",
                        "uid": ""
                      }
                    ],
                    "spec": [
                      {
                        "active_deadline_seconds": 0,
                        "affinity": [],
                        "automount_service_account_token": true,
                        "container": [
                          {
                            "args": null,
                            "command": null,
                            "env": [],
                            "env_from": [],
                            "image": "faradaysec/faraday:latest",
                            "image_pull_policy": "",
                            "lifecycle": [],
                            "liveness_probe": [],
                            "name": "faraday",
                            "port": [
                              {
                                "container_port": 5985,
                                "host_ip": "",
                                "host_port": 0,
                                "name": "",
                                "protocol": "TCP"
                              }
                            ],
                            "readiness_probe": [],
                            "resources": [
                              {
                                "limits": {
                                  "cpu": "500m",
                                  "memory": "512Mi"
                                },
                                "requests": {
                                  "cpu": "100m",
                                  "memory": "128Mi"
                                }
                              }
                            ],
                            "security_context": [],
                            "startup_probe": [],
                            "stdin": false,
                            "stdin_once": false,
                            "termination_message_path": "/dev/termination-log",
                            "termination_message_policy": "",
                            "tty": false,
                            "volume_device": [],
                            "volume_mount": [],
                            "working_dir": ""
                          }
                        ],
                        "dns_config": [],
                        "dns_policy": "ClusterFirst",
                        "enable_service_links": true,
                        "host_aliases": [],
                        "host_ipc": false,
                        "host_network": false,
                        "host_pid": false,
                        "hostname": "",
                        "image_pull_secrets": [],
                        "init_container": [],
                        "node_name": "",
                        "node_selector": null,
                        "os": [],
                        "priority_class_name": "",
                        "readiness_gate": [],
                        "restart_policy": "Always",
                        "runtime_class_name": "",
                        "scheduler_name": "",
                        "security_context": [],
                        "service_account_name": "",
                        "share_process_namespace": false,
                        "subdomain": "",
                        "termination_grace_period_seconds": 30,
                        "toleration": [],
                        "topology_spread_constraint": [],
                        "volume": []
                      }
                    ]
                  }
                ]
              }
            ],
            "timeouts": null,
            "wait_for_rollout": true
          },
          "sensitive_attributes": [],
          "private": "eyJlMmJmYjczMC1lY2FhLTExZTYtOGY4OC0zNDM2M2JjN2M0YzAiOnsiY3JlYXRlIjo2MDAwMDAwMDAwMDAsImRlbGV0ZSI6NjAwMDAwMDAwMDAwLCJ1cGRhdGUiOjYwMDAwMDAwMDAwMH0sInNjaGVtYV92ZXJzaW9uIjoiMSJ9",
          "dependencies": [
            "digitalocean_kubernetes_cluster.spm_cluster",
            "module.tenant.kubernetes_namespace.tenant_ns"
          ]
        }
      ]
    },
    {
      "module": "module.tenant",
      "mode": "managed",
      "type": "kubernetes_deployment",
      "name": "opa",
      "provider": "provider[\"registry.terraform.io/hashicorp/kubernetes\"]",
      "instances": [
        {
          "schema_version": 1,
          "attributes": {
            "id": "demo/opa-demo",
            "metadata": [
              {
                "annotations": null,
                "generate_name": "",
                "generation": 1,
                "labels": {
                  "app": "opa"
                },
                "name": "opa-demo",
                "namespace": "demo",
                "resource_version": "1452",
                "uid": "1c6fe200-6d70-4c74-9c71-c275b5c20e10"
              }
            ],
            "spec": [
              {
                "min_ready_seconds": 0,
                "paused": false,
                "progress_deadline_seconds": 600,
                "replicas": "1",
                "revision_history_limit": 10,
                "selector": [
                  {
                    "match_expressions": [],
                    "match_labels": {
                      "app": "opa"
                    }
                  }
                ],
                "strategy": [
                  {
                    "rolling_update": [
                      {
                        "max_surge": "25%",
                        "max_unavailable": "25%"
                      }
                    ],
                    "type": "RollingUpdate"
                  }
                ],
                "template": [
                  {
                    "metadata": [
                      {
                        "annotations": null,
                        "generate_name": "",
                        "generation": 0,
                        "labels": {
                          "app": "opa"
                        },
                        "name": "",
                        "namespace": "",
                        "resource_version": "",
                        "uid": ""
                      }
                    ],
                    "spec": [
                      {
                        "active_deadline_seconds": 0,
                        "affinity": [],
                        "automount_service_account_token": true,
                        "container": [
                          {
                            "args": [
                              "run",
                              "--server",
                              "--addr=0.0.0.0:8181"
                            ],
                            "command": null,
                            "env": [],
                            "env_from": [],
                            "image": "openpolicyagent/opa:0.54.0",
                            "image_pull_policy": "IfNotPresent",
                            "lifecycle": [],
                            "liveness_probe": [],
                            "name": "opa",
                            "port": [
                              {
                                "container_port": 8181,
                                "host_ip": "",
                                "host_port": 0,
                                "name": "",
                                "protocol": "TCP"
                              }
                            ],
                            "readiness_probe": [],
                            "resources": [
                              {
                                "limits": {
                                  "cpu": "250m",
                                  "memory": "256Mi"
                                },
                                "requests": {
                                  "cpu": "50m",
                                  "memory": "64Mi"
                                }
                              }
                            ],
                            "security_context": [],
                            "startup_probe": [],
                            "stdin": false,
                            "stdin_once": false,
                            "termination_message_path": "/dev/termination-log",
                            "termination_message_policy": "File",
                            "tty": false,
                            "volume_device": [],
                            "volume_mount": [],
                            "working_dir": ""
                          }
                        ],
                        "dns_config": [],
                        "dns_policy": "ClusterFirst",
                        "enable_service_links": true,
                        "host_aliases": [],
                        "host_ipc": false,
                        "host_network": false,
                        "host_pid": false,
                        "hostname": "",
                        "image_pull_secrets": [],
                        "init_container": [],
                        "node_name": "",
                        "node_selector": null,
                        "os": [],
                        "priority_class_name": "",
                        "readiness_gate": [],
                        "restart_policy": "Always",
                        "runtime_class_name": "",
                        "scheduler_name": "default-scheduler",
                        "security_context": [],
                        "service_account_name": "",
                        "share_process_namespace": false,
                        "subdomain": "",
                        "termination_grace_period_seconds": 30,
                        "toleration": [],
                        "topology_spread_constraint": [],
                        "volume": []
                      }
                    ]
                  }
                ]
              }
            ],
            "timeouts": null,
            "wait_for_rollout": true
          },
          "sensitive_attributes": [],
          "private": "eyJlMmJmYjczMC1lY2FhLTExZTYtOGY4OC0zNDM2M2JjN2M0YzAiOnsiY3JlYXRlIjo2MDAwMDAwMDAwMDAsImRlbGV0ZSI6NjAwMDAwMDAwMDAwLCJ1cGRhdGUiOjYwMDAwMDAwMDAwMH0sInNjaGVtYV92ZXJzaW9uIjoiMSJ9",
          "dependencies": [
            "digitalocean_kubernetes_cluster.spm_cluster",
            "module.tenant.kubernetes_namespace.tenant_ns"
          ]
        }
      ]
    },
    {
      "module": "module.tenant",
      "mode": "managed",
      "type": "kubernetes_deployment",
      "name": "opensearch",
      "provider": "provider[\"registry.terraform.io/hashicorp/kubernetes\"]",
      "instances": [
        {
          "schema_version": 1,
          "attributes": {
            "id": "demo/opensearch-demo",
            "metadata": [
              {
                "annotations": null,
                "generate_name": "",
                "generation": 1,
                "labels": {
                  "app": "opensearch",
                  "tenant": "demo"
                },
                "name": "opensearch-demo",
                "namespace": "demo",
                "resource_version": "1622",
                "uid": "a609c6fc-8dda-4a77-9b27-6b8f08e7eaa7"
              }
            ],
            "spec": [
              {
                "min_ready_seconds": 0,
                "paused": false,
                "progress_deadline_seconds": 600,
                "replicas": "1",
                "revision_history_limit": 10,
                "selector": [
                  {
                    "match_expressions": [],
                    "match_labels": {
                      "app": "opensearch"
                    }
                  }
                ],
                "strategy": [
                  {
                    "rolling_update": [
                      {
                        "max_surge": "25%",
                        "max_unavailable": "25%"
                      }
                    ],
                    "type": "RollingUpdate"
                  }
                ],
                "template": [
                  {
                    "metadata": [
                      {
                        "annotations": null,
                        "generate_name": "",
                        "generation": 0,
                        "labels": {
                          "app": "opensearch"
                        },
                        "name": "",
                        "namespace": "",
                        "resource_version": "",
                        "uid": ""
                      }
                    ],
                    "spec": [
                      {
                        "active_deadline_seconds": 0,
                        "affinity": [],
                        "automount_service_account_token": true,
                        "container": [
                          {
                            "args": null,
                            "command": null,
                            "env": [
                              {
                                "name": "discovery.type",
                                "value": "single-node",
                                "value_from": []
                              },
                              {
                                "name": "OPENSEARCH_JAVA_OPTS",
                                "value": "-Xms512m -Xmx512m",
                                "value_from": []
                              }
                            ],
                            "env_from": [],
                            "image": "opensearchproject/opensearch:2.9.0",
                            "image_pull_policy": "IfNotPresent",
                            "lifecycle": [],
                            "liveness_probe": [],
                            "name": "opensearch",
                            "port": [
                              {
                                "container_port": 9200,
                                "host_ip": "",
                                "host_port": 0,
                                "name": "",
                                "protocol": "TCP"
                              }
                            ],
                            "readiness_probe": [],
                            "resources": [
                              {
                                "limits": {
                                  "cpu": "1",
                                  "memory": "2Gi"
                                },
                                "requests": {
                                  "cpu": "500m",
                                  "memory": "1Gi"
                                }
                              }
                            ],
                            "security_context": [],
                            "startup_probe": [],
                            "stdin": false,
                            "stdin_once": false,
                            "termination_message_path": "/dev/termination-log",
                            "termination_message_policy": "File",
                            "tty": false,
                            "volume_device": [],
                            "volume_mount": [
                              {
                                "mount_path": "/usr/share/opensearch/data",
                                "mount_propagation": "None",
                                "name": "opensearch-data",
                                "read_only": false,
                                "sub_path": "",
                                "sub_path_expr": ""
                              }
                            ],
                            "working_dir": ""
                          }
                        ],
                        "dns_config": [],
                        "dns_policy": "ClusterFirst",
                        "enable_service_links": true,
                        "host_aliases": [],
                        "host_ipc": false,
                        "host_network": false,
                        "host_pid": false,
                        "hostname": "",
                        "image_pull_secrets": [],
                        "init_container": [],
                        "node_name": "",
                        "node_selector": null,
                        "os": [],
                        "priority_class_name": "",
                        "readiness_gate": [],
                        "restart_policy": "Always",
                        "runtime_class_name": "",
                        "scheduler_name": "default-scheduler",
                        "security_context": [],
                        "service_account_name": "",
                        "share_process_namespace": false,
                        "subdomain": "",
                        "termination_grace_period_seconds": 30,
                        "toleration": [],
                        "topology_spread_constraint": [],
                        "volume": [
                          {
                            "aws_elastic_block_store": [],
                            "azure_disk": [],
                            "azure_file": [],
                            "ceph_fs": [],
                            "cinder": [],
                            "config_map": [],
                            "csi": [],
                            "downward_api": [],
                            "empty_dir": [],
                            "ephemeral": [],
                            "fc": [],
                            "flex_volume": [],
                            "flocker": [],
                            "gce_persistent_disk": [],
                            "git_repo": [],
                            "glusterfs": [],
                            "host_path": [],
                            "iscsi": [],
                            "local": [],
                            "name": "opensearch-data",
                            "nfs": [],
                            "persistent_volume_claim": [
                              {
                                "claim_name": "opensearch-data-demo",
                                "read_only": false
                              }
                            ],
                            "photon_persistent_disk": [],
                            "projected": [],
                            "quobyte": [],
                            "rbd": [],
                            "secret": [],
                            "vsphere_volume": []
                          }
                        ]
                      }
                    ]
                  }
                ]
              }
            ],
            "timeouts": null,
            "wait_for_rollout": true
          },
          "sensitive_attributes": [],
          "private": "eyJlMmJmYjczMC1lY2FhLTExZTYtOGY4OC0zNDM2M2JjN2M0YzAiOnsiY3JlYXRlIjo2MDAwMDAwMDAwMDAsImRlbGV0ZSI6NjAwMDAwMDAwMDAwLCJ1cGRhdGUiOjYwMDAwMDAwMDAwMH0sInNjaGVtYV92ZXJzaW9uIjoiMSJ9",
          "dependencies": [
            "digitalocean_kubernetes_cluster.spm_cluster",
            "module.tenant.kubernetes_namespace.tenant_ns",
            "module.tenant.kubernetes_persistent_volume_claim.opensearch_pvc"
          ]
        }
      ]
    },
    {
      "module": "module.tenant",
      "mode": "managed",
      "type": "kubernetes_limit_range",
      "name": "tenant_limits",
      "provider": "provider[\"registry.terraform.io/hashicorp/kubernetes\"]",
      "instances": [
        {
          "schema_version": 0,
          "attributes": {
            "id": "demo/demo-limits",
            "metadata": [
              {
                "annotations": null,
                "generate_name": "",
                "generation": 0,
                "labels": null,
                "name": "demo-limits",
                "namespace": "demo",
                "resource_version": "1349",
                "uid": "405da208-9bfa-4bbe-957f-a2ed0fe63066"
              }
            ],
            "spec": [
              {
                "limit": [
                  {
                    "default": {
                      "cpu": "250m",
                      "memory": "256Mi"
                    },
                    "default_request": {
                      "cpu": "100m",
                      "memory": "128Mi"
                    },
                    "max": {
                      "cpu": "2",
                      "memory": "4Gi"
                    },
                    "max_limit_request_ratio": null,
                    "min": {
                      "cpu": "50m",
                      "memory": "64Mi"
                    },
                    "type": "Container"
                  }
                ]
              }
            ]
          },
          "sensitive_attributes": [],
          "private": "bnVsbA==",
          "dependencies": [
            "digitalocean_kubernetes_cluster.spm_cluster",
            "module.tenant.kubernetes_namespace.tenant_ns"
          ]
        }
      ]
    },
    {
      "module": "module.tenant",
      "mode": "managed",
      "type": "kubernetes_namespace",
      "name": "tenant_ns",
      "provider": "provider[\"registry.terraform.io/hashicorp/kubernetes\"]",
      "instances": [
        {
          "schema_version": 0,
          "attributes": {
            "id": "demo",
            "metadata": [
              {
                "annotations": null,
                "generate_name": "",
                "generation": 0,
                "labels": {
                  "tenant": "demo"
                },
                "name": "demo",
                "resource_version": "1330",
                "uid": "6b79aa1d-755a-465c-903e-a9281e31e953"
              }
            ],
            "timeouts": null,
            "wait_for_default_service_account": false
          },
          "sensitive_attributes": [],
          "private": "eyJlMmJmYjczMC1lY2FhLTExZTYtOGY4OC0zNDM2M2JjN2M0YzAiOnsiZGVsZXRlIjozMDAwMDAwMDAwMDB9fQ==",
          "dependencies": [
            "digitalocean_kubernetes_cluster.spm_cluster"
          ]
        }
      ]
    },
    {
      "module": "module.tenant",
      "mode": "managed",
      "type": "kubernetes_persistent_volume_claim",
      "name": "opensearch_pvc",
      "provider": "provider[\"registry.terraform.io/hashicorp/kubernetes\"]",
      "instances": [
        {
          "schema_version": 0,
          "attributes": {
            "id": "demo/opensearch-data-demo",
            "metadata": [
              {
                "annotations": null,
                "generate_name": "",
                "generation": 0,
                "labels": null,
                "name": "opensearch-data-demo",
                "namespace": "demo",
                "resource_version": "1398",
                "uid": "b92e8467-120e-4e9f-8105-8f8c6200b701"
              }
            ],
            "spec": [
              {
                "access_modes": [
                  "ReadWriteOnce"
                ],
                "resources": [
                  {
                    "limits": null,
                    "requests": {
                      "storage": "10Gi"
                    }
                  }
                ],
                "selector": [],
                "storage_class_name": "do-block-storage",
                "volume_mode": "Filesystem",
                "volume_name": "pvc-b92e8467-120e-4e9f-8105-8f8c6200b701"
              }
            ],
            "timeouts": null,
            "wait_until_bound": true
          },
          "sensitive_attributes": [],
          "private": "eyJlMmJmYjczMC1lY2FhLTExZTYtOGY4OC0zNDM2M2JjN2M0YzAiOnsiY3JlYXRlIjozMDAwMDAwMDAwMDB9fQ==",
          "dependencies": [
            "digitalocean_kubernetes_cluster.spm_cluster",
            "module.tenant.kubernetes_namespace.tenant_ns"
          ]
        }
      ]
    },
    {
      "module": "module.tenant",
      "mode": "managed",
      "type": "kubernetes_resource_quota",
      "name": "tenant_quota",
      "provider": "provider[\"registry.terraform.io/hashicorp/kubernetes\"]",
      "instances": [
        {
          "schema_version": 0,
          "attributes": {
            "id": "demo/demo-quota",
            "metadata": [
              {
                "annotations": null,
                "generate_name": "",
                "generation": 0,
                "labels": null,
                "name": "demo-quota",
                "namespace": "demo",
                "resource_version": "1371",
                "uid": "b0ac5d20-6b5c-4079-b903-42a4e2019358"
              }
            ],
            "spec": [
              {
                "hard": {
                  "limits.cpu": "4",
                  "limits.memory": "8Gi",
                  "persistentvolumeclaims": "5",
                  "pods": "10",
                  "requests.cpu": "2",
                  "requests.memory": "4Gi"
                },
                "scope_selector": [],
                "scopes": null
              }
            ],
            "timeouts": null
          },
          "sensitive_attributes": [],
          "private": "eyJlMmJmYjczMC1lY2FhLTExZTYtOGY4OC0zNDM2M2JjN2M0YzAiOnsiY3JlYXRlIjo2MDAwMDAwMDAwMCwidXBkYXRlIjo2MDAwMDAwMDAwMH19",
          "dependencies": [
            "digitalocean_kubernetes_cluster.spm_cluster",
            "module.tenant.kubernetes_namespace.tenant_ns"
          ]
        }
      ]
    },
    {
      "module": "module.tenant",
      "mode": "managed",
      "type": "kubernetes_service",
      "name": "faraday_svc",
      "provider": "provider[\"registry.terraform.io/hashicorp/kubernetes\"]",
      "instances": [
        {
          "schema_version": 1,
          "attributes": {
            "id": "demo/faraday",
            "metadata": [
              {
                "annotations": null,
                "generate_name": "",
                "generation": 0,
                "labels": null,
                "name": "faraday",
                "namespace": "demo",
                "resource_version": "1355",
                "uid": "ee89b217-ae86-45fd-aa81-99f6320d3409"
              }
            ],
            "spec": [
              {
                "allocate_load_balancer_node_ports": true,
                "cluster_ip": "10.245.136.236",
                "cluster_ips": [
                  "10.245.136.236"
                ],
                "external_ips": null,
                "external_name": "",
                "external_traffic_policy": "",
                "health_check_node_port": 0,
                "internal_traffic_policy": "Cluster",
                "ip_families": [
                  "IPv4"
                ],
                "ip_family_policy": "SingleStack",
                "load_balancer_class": "",
                "load_balancer_ip": "",
                "load_balancer_source_ranges": null,
                "port": [
                  {
                    "app_protocol": "",
                    "name": "",
                    "node_port": 0,
                    "port": 5985,
                    "protocol": "TCP",
                    "target_port": "5985"
                  }
                ],
                "publish_not_ready_addresses": false,
                "selector": {
                  "app": "faraday"
                },
                "session_affinity": "None",
                "session_affinity_config": [],
                "type": "ClusterIP"
              }
            ],
            "status": [
              {
                "load_balancer": [
                  {
                    "ingress": []
                  }
                ]
              }
            ],
            "timeouts": null,
            "wait_for_load_balancer": true
          },
          "sensitive_attributes": [],
          "private": "eyJlMmJmYjczMC1lY2FhLTExZTYtOGY4OC0zNDM2M2JjN2M0YzAiOnsiY3JlYXRlIjo2MDAwMDAwMDAwMDB9LCJzY2hlbWFfdmVyc2lvbiI6IjEifQ==",
          "dependencies": [
            "digitalocean_kubernetes_cluster.spm_cluster",
            "module.tenant.kubernetes_namespace.tenant_ns"
          ]
        }
      ]
    },
    {
      "module": "module.tenant",
      "mode": "managed",
      "type": "kubernetes_service",
      "name": "opa_svc",
      "provider": "provider[\"registry.terraform.io/hashicorp/kubernetes\"]",
      "instances": [
        {
          "schema_version": 1,
          "attributes": {
            "id": "demo/opa",
            "metadata": [
              {
                "annotations": null,
                "generate_name": "",
                "generation": 0,
                "labels": null,
                "name": "opa",
                "namespace": "demo",
                "resource_version": "1342",
                "uid": "5dc22705-4974-4820-98c7-9cb54f8db868"
              }
            ],
            "spec": [
              {
                "allocate_load_balancer_node_ports": true,
                "cluster_ip": "10.245.233.140",
                "cluster_ips": [
                  "10.245.233.140"
                ],
                "external_ips": null,
                "external_name": "",
                "external_traffic_policy": "",
                "health_check_node_port": 0,
                "internal_traffic_policy": "Cluster",
                "ip_families": [
                  "IPv4"
                ],
                "ip_family_policy": "SingleStack",
                "load_balancer_class": "",
                "load_balancer_ip": "",
                "load_balancer_source_ranges": null,
                "port": [
                  {
                    "app_protocol": "",
                    "name": "",
                    "node_port": 0,
                    "port": 8181,
                    "protocol": "TCP",
                    "target_port": "8181"
                  }
                ],
                "publish_not_ready_addresses": false,
                "selector": {
                  "app": "opa"
                },
                "session_affinity": "None",
                "session_affinity_config": [],
                "type": "ClusterIP"
              }
            ],
            "status": [
              {
                "load_balancer": [
                  {
                    "ingress": []
                  }
                ]
              }
            ],
            "timeouts": null,
            "wait_for_load_balancer": true
          },
          "sensitive_attributes": [],
          "private": "eyJlMmJmYjczMC1lY2FhLTExZTYtOGY4OC0zNDM2M2JjN2M0YzAiOnsiY3JlYXRlIjo2MDAwMDAwMDAwMDB9LCJzY2hlbWFfdmVyc2lvbiI6IjEifQ==",
          "dependencies": [
            "digitalocean_kubernetes_cluster.spm_cluster",
            "module.tenant.kubernetes_namespace.tenant_ns"
          ]
        }
      ]
    },
    {
      "module": "module.tenant",
      "mode": "managed",
      "type": "kubernetes_service",
      "name": "opensearch_svc",
      "provider": "provider[\"registry.terraform.io/hashicorp/kubernetes\"]",
      "instances": [
        {
          "schema_version": 1,
          "attributes": {
            "id": "demo/opensearch",
            "metadata": [
              {
                "annotations": null,
                "generate_name": "",
                "generation": 0,
                "labels": null,
                "name": "opensearch",
                "namespace": "demo",
                "resource_version": "1337",
                "uid": "645cc244-09ad-4bba-af79-b22c9157e3f8"
              }
            ],
            "spec": [
              {
                "allocate_load_balancer_node_ports": true,
                "cluster_ip": "10.245.42.219",
                "cluster_ips": [
                  "10.245.42.219"
                ],
                "external_ips": null,
                "external_name": "",
                "external_traffic_policy": "",
                "health_check_node_port": 0,
                "internal_traffic_policy": "Cluster",
                "ip_families": [
                  "IPv4"
                ],
                "ip_family_policy": "SingleStack",
                "load_balancer_class": "",
                "load_balancer_ip": "",
                "load_balancer_source_ranges": null,
                "port": [
                  {
                    "app_protocol": "",
                    "name": "",
                    "node_port": 0,
                    "port": 9200,
                    "protocol": "TCP",
                    "target_port": "9200"
                  }
                ],
                "publish_not_ready_addresses": false,
                "selector": {
                  "app": "opensearch"
                },
                "session_affinity": "None",
                "session_affinity_config": [],
                "type": "ClusterIP"
              }
            ],
            "status": [
              {
                "load_balancer": [
                  {
                    "ingress": []
                  }
                ]
              }
            ],
            "timeouts": null,
            "wait_for_load_balancer": true
          },
          "sensitive_attributes": [],
          "private": "eyJlMmJmYjczMC1lY2FhLTExZTYtOGY4OC0zNDM2M2JjN2M0YzAiOnsiY3JlYXRlIjo2MDAwMDAwMDAwMDB9LCJzY2hlbWFfdmVyc2lvbiI6IjEifQ==",
          "dependencies": [
            "digitalocean_kubernetes_cluster.spm_cluster",
            "module.tenant.kubernetes_namespace.tenant_ns"
          ]
        }
      ]
    }
  ],
  "check_results": null
}
