{
  "version": 4,
  "terraform_version": "1.5.0",
  "serial": 259,
  "lineage": "2bdfdec5-8c30-28c5-2bba-a5d893c95ad2",
  "outputs": {
    "tenant_host": {
      "value": "157.180.88.232",
      "type": "string"
    },
    "tenant_name": {
      "value": "demo",
      "type": "string"
    },
    "tenant_ssh_private_key": {
      "value": "-----BEGIN RSA PRIVATE KEY-----\nMIIJJwIBAAKCAgEAyyEDKw56hQKSpy6tYLQplN2f63m8uO7nkrNQ0cFFzw4g+mgJ\nOd+lmdHI/TVCUwoyQOL11j07qLJVGwAwAaybBSS3r/0n6Omp1BTYpcQjhaWaq9uN\ny6nNUyxyBCUsYh0NmYz5Tdo7p2CC7UyzXYB8JN76U7OHocSTE3SLCu+EzFTcw9Pj\nkKZr0Pl7yrJ71IwSijditqijDTSDscTf2Z6GjfyRj5XKLTQvGZMbVlTljUlwfRgt\nt0ltdxy/ucKxibjPoL41rIkewKNPfqHOr64toX16D3hSqho41C99SctCfItdOJts\nfn1kVt6Jyp8Q77xmPLdKduxZjyFfJFGeKWB714C2AUPSAGUSpLGoCkJFnvmcHpOZ\n3Dyo38Mhm9jgm+D2ihB2mLzEDsQvd2ZpMk0Brh4lqqlVn9Cv3QUMkkMiiEYPsfVj\nOasZMObiFojkZlxyspLieLUdEUOZ8MMYqeBjsVs4PczpTVjg+8D2rgiznhM5fGS1\n2ZcLOMsByH2aGssNc+SzQbEsJb3ESYFRSRxpgmG/1D6kTmI4bF/kGk1nVfCJOqZK\nybeher+6g0TFnXO6aFJQ27b/2HjWqV54Kozk83bJ5Dcklbq2OIXcCJuM218CU8Pt\nBTpBvmPdlMAaGylkHDGPajsLY4WdYuJB8verudUv/dW5SJ8xOtfUyzJBRuECAwEA\nAQKCAgBWtdjsYFncvaRsyXgpd77oVVMW6fit2Q3xiapOX/q00IszWYXWtqmyZ+Ms\nc7fESu341Omscqcs9DNwOzxC+rOSFoJzFdYbjuN4LQ3udTPUsUS9aBO3hNypTKe/\nLT8tAsnzakJiAW7FnGVHdx56I4bbFnQ1lsWnQIqoG2/fUy+VKgSzc5gI/4G2y0kU\n1ewWZ1Tiu5Hf90zjLi+piykjdJBrvA1HBeIwOb6BZFKfH8596YOjYtbhDu8zkYom\nef3flIzNSWUQKdh+0zf0Do50YB4Kec3JHMvs4RSxPzR0c9gF4lgA+hfuRwi2LHkV\njaFlNT9PW87lxS7V8qDymAS0FQPHz7FHT08INHi2m0YG0XTeP86jrq51ZZ7S9PiB\nPhdTb6xnBDYXvoRl6eCdQK5MjB7056oZADp/2/L9if4klF5AoKNx1mcxoyef8VHZ\nuLHxs2mYSmFu16ypCHuvE8xylrzii2CcvrkA5VJIdJwP9htZE/N7dmvjJPs0hk/H\nsSdXyRoyU7qQt5f0cqkAtbHTazXKSdFgzygFNhRRblTrs2x95uBy65kv+WwptIXW\njza/IlrXLyKz+4Y1fCQQHsTCG22C5YeZBZ1x8A08fkoGJcakIxXqURgHY+5C9O1s\nnwXOZO+0RJFHbaUXKD9bjinGYYCWS8NnhWive11OBiccFJRTIQKCAQEA7+jD0e8N\nAgNsq1tx+SbCNyhfHZFG1cZsCGZW2YnalApPXxSEJUfn3f2RI4Hdeq1oj40Tjjbh\nDPsylUzroK+ZvLnJUNnrz1wP2Ial2LmYDKz9KoxXteJv3zXFTs52xhxDCPHeWLjR\nsxTA5XddchbJz/OSHwrbod2+NhL8PP0PSa83DWUX0U/kewfqg9fl7GqtOMyV8ZI0\nT3QQ1P0st0yfHItLhOjn1rXWNQg1dvyr26+qvIXtSOrDAUykQQvn3xYujrc01euv\n21qTtQHj6FCjkMKPfEBfFhTBOHGSY5AvRfOemKK7bGFQkMrzcuQ6h3LPSpGAVvFt\nTUvkUDQjshVCHwKCAQEA2MC7Ii5Io7EMW4qUtApLVJlX+Q1N/TXT9cbaNAquM/YN\nAcoRxIqt5/cfkclqZSXG2cmPCDN2KKFTbDN5qdEaB97tT5vAZ1SQLG2j+2OXbn0O\nBe6tnWTv0k2NoLGB6nsHdxGEbcSU2IALEHTzc3GSdRWa056bH0k1wS7MPm0WMHUx\nXeK68r3DsGvQZcTaLHhzNuYdksE+Lln+jBajt/8tPnKuO7LjZFwhkhgtjBIqGTtV\nwvF7cLKc8vMar0bq51nNTB9KKXQgGAbUg3zD/1NCn9FlfN+YfSRcYYRyGxIbhSsB\n6fxP8VKMpf5AKrlCU+a1R/yHhFepNdB2MjkMRWJW/wKCAQBKPfUDbX/QBLFHYhgm\nK0lk+lhc9Q0/sJTUEJ+F2HRM5dfkK5wtUVA+0W5t141rnmhCLD1GAFOqyb3AmDo+\n0ri3v6K+I4Im/G1m61w9cknMemgqF545Cibmo2Q43AnDixFvnjHZsPAsBBshp8vC\nN60iblTkyF5pfA6V+1AVq5ZkjhVyTruNKbUiIbQAMvrTK7wJXL52MHGBuQBQeTyy\nSMLgeXbYXZ8JQeJVLQImnVCtvnIOvz9MFmJcb5RRENcjoWCtB6MRJEuajTAyjrAx\nv2qurJbss5r5YVjeF79ekkse0aJdx9ZKVt8wv62Q+3HlYrEleVuHDFVv2zF/ZHM7\nc/qvAoIBACapqjecneRk7lldzMyYkXtTpveLwf+KnHZYtA9YYF5wYz2Qd77hJcgc\nsorkrI/CP0gVxeemlksFC8ZfIDKEU+pXf2kV1SoZUWY7YGa1CwvwTpIMUveiS4zt\nvHePcicLLve0LjUOPaaooFCdK9fJyGAOLIHW5sCb5HTDDjeMacrW/KlMiiBGbSOI\n97FPfcM08Qg338qPobHO57LBTw7A+6cJ+b44WItMS8ite2Ji0xORG+kb/fLKSWik\nqHvfYINH53DOnAHs7tSaU0no9WUTyuyLA1lU4PRhigDzCQ9/GV2VoE/Ga9QV73Sk\nd3mndgdVPbzLdLjMkihBOPQYbPHraq0CggEAdOiDPQfImVqJQLQ4GU17dF7cXsau\naaGAKBabzYcH/yMBptm3y7uIk26GKv+/d/6pVMYGohYvMkyOmgbq4mUKUW/DqHjk\nao+vFjrJb3hxd2tnhQXTUyFRuNLl6186OhuHa5QgPeFPj7ARwB+09ECLbYfnUu8e\nd9ASirdDEvIS5dKjjfupDx0BNGMIJWwlWKjH/i6wJGTxb2nApgq8DlwUrrC7tgtF\nc4zKZhtMKQe4HSEUVEnPp7CFBTluediMmIwdA1Ty4ppV/fIIN0e0afn0sWECo8hv\nPRiZNsiiT6PsJxnehGobxT30kkfCKI8qUtLK0mT+U4gxcvB8nbjG3yXVpA==\n-----END RSA PRIVATE KEY-----\n",
      "type": "string",
      "sensitive": true
    },
    "tenant_ssh_public_key": {
      "value": "ssh-rsa AAAAB3NzaC1yc2EAAAADAQABAAACAQDLIQMrDnqFApKnLq1gtCmU3Z/reby47ueSs1DRwUXPDiD6aAk536WZ0cj9NUJTCjJA4vXWPTuoslUbADABrJsFJLev/Sfo6anUFNilxCOFpZqr243Lqc1TLHIEJSxiHQ2ZjPlN2junYILtTLNdgHwk3vpTs4ehxJMTdIsK74TMVNzD0+OQpmvQ+XvKsnvUjBKKN2K2qKMNNIOxxN/ZnoaN/JGPlcotNC8ZkxtWVOWNSXB9GC23SW13HL+5wrGJuM+gvjWsiR7Ao09+oc6vri2hfXoPeFKqGjjUL31Jy0J8i104m2x+fWRW3onKnxDvvGY8t0p27FmPIV8kUZ4pYHvXgLYBQ9IAZRKksagKQkWe+Zwek5ncPKjfwyGb2OCb4PaKEHaYvMQOxC93ZmkyTQGuHiWqqVWf0K/dBQySQyKIRg+x9WM5qxkw5uIWiORmXHKykuJ4tR0RQ5nwwxip4GOxWzg9zOlNWOD7wPauCLOeEzl8ZLXZlws4ywHIfZoayw1z5LNBsSwlvcRJgVFJHGmCYb/UPqROYjhsX+QaTWdV8Ik6pkrJt6F6v7qDRMWdc7poUlDbtv/YeNapXngqjOTzdsnkNySVurY4hdwIm4zbXwJTw+0FOkG+Y92UwBobKWQcMY9qOwtjhZ1i4kHy96u51S/91blInzE619TLMkFG4Q==\n",
      "type": "string"
    }
  },
  "resources": [
    {
      "module": "module.tenant",
      "mode": "data",
      "type": "cloudflare_zone",
      "name": "openshield",
      "provider": "module.tenant.provider[\"registry.terraform.io/cloudflare/cloudflare\"]",
      "instances": [
        {
          "schema_version": 0,
          "attributes": {
            "account": {
              "id": "bca3124de7c86d659a959f06cb35043d",
              "name": "Cloudflare@cyberdef.cc's Account"
            },
            "activated_on": "2025-04-21T11:29:39Z",
            "cname_suffix": null,
            "created_on": "2025-04-21T11:00:21Z",
            "development_mode": 0,
            "filter": {
              "account": null,
              "direction": null,
              "match": null,
              "name": "openshield.io",
              "order": null,
              "status": null
            },
            "id": null,
            "meta": {
              "cdn_only": null,
              "custom_certificate_quota": 0,
              "dns_only": null,
              "foundation_dns": null,
              "page_rule_quota": 3,
              "phishing_detected": false,
              "step": 2
            },
            "modified_on": "2025-04-21T11:29:39Z",
            "name": "openshield.io",
            "name_servers": [
              "kiki.ns.cloudflare.com",
              "lloyd.ns.cloudflare.com"
            ],
            "original_dnshost": null,
            "original_name_servers": [
              "dns1.registrar-servers.com",
              "dns2.registrar-servers.com"
            ],
            "original_registrar": "namecheap, inc. (id: 1068)",
            "owner": {
              "id": null,
              "name": null,
              "type": "user"
            },
            "paused": false,
            "permissions": [
              "#dns_records:edit",
              "#dns_records:read",
              "#zone:read"
            ],
            "plan": {
              "can_subscribe": false,
              "currency": "USD",
              "externally_managed": false,
              "frequency": "",
              "id": "0feeeeeeeeeeeeeeeeeeeeeeeeeeeeee",
              "is_subscribed": false,
              "legacy_discount": false,
              "legacy_id": "free",
              "name": "Free Website",
              "price": 0
            },
            "status": "active",
            "tenant": {
              "id": null,
              "name": null
            },
            "tenant_unit": {
              "id": null
            },
            "type": "full",
            "vanity_name_servers": [],
            "verification_key": null,
            "zone_id": "f92c4f6137dffe0e40aa658cc70e3fa8"
          },
          "sensitive_attributes": []
        }
      ]
    },
    {
      "module": "module.tenant",
      "mode": "data",
      "type": "hcloud_server_type",
      "name": "selected",
      "provider": "module.tenant.provider[\"registry.terraform.io/hetznercloud/hcloud\"]",
      "instances": [
        {
          "index_key": "cpx21",
          "schema_version": 0,
          "attributes": {
            "architecture": "x86",
            "category": "regular_purpose",
            "cores": 3,
            "cpu_type": "shared",
            "deprecation_announced": "",
            "description": "CPX 21",
            "disk": 80,
            "id": 23,
            "included_traffic": 0,
            "is_deprecated": false,
            "locations": [
              {
                "deprecation_announced": "2025-10-16T06:00:00Z",
                "id": 1,
                "is_deprecated": true,
                "name": "fsn1",
                "unavailable_after": "2025-12-31T23:59:59Z"
              },
              {
                "deprecation_announced": "2025-10-16T06:00:00Z",
                "id": 2,
                "is_deprecated": true,
                "name": "nbg1",
                "unavailable_after": "2025-12-31T23:59:59Z"
              },
              {
                "deprecation_announced": "2025-10-16T06:00:00Z",
                "id": 3,
                "is_deprecated": true,
                "name": "hel1",
                "unavailable_after": "2025-12-31T23:59:59Z"
              },
              {
                "deprecation_announced": "",
                "id": 4,
                "is_deprecated": false,
                "name": "ash",
                "unavailable_after": ""
              },
              {
                "deprecation_announced": "",
                "id": 5,
                "is_deprecated": false,
                "name": "hil",
                "unavailable_after": ""
              },
              {
                "deprecation_announced": "2025-10-16T06:00:00Z",
                "id": 6,
                "is_deprecated": true,
                "name": "sin",
                "unavailable_after": "2025-12-31T23:59:59Z"
              }
            ],
            "memory": 4,
            "name": "cpx21",
            "storage_type": "local",
            "unavailable_after": ""
          },
          "sensitive_attributes": []
        },
        {
          "index_key": "cpx22",
          "schema_version": 0,
          "attributes": {
            "architecture": "x86",
            "category": "regular_purpose",
            "cores": 2,
            "cpu_type": "shared",
            "deprecation_announced": "",
            "description": "CPX 22",
            "disk": 80,
            "id": 109,
            "included_traffic": 0,
            "is_deprecated": false,
            "locations": [
              {
                "deprecation_announced": "",
                "id": 1,
                "is_deprecated": false,
                "name": "fsn1",
                "unavailable_after": ""
              },
              {
                "deprecation_announced": "",
                "id": 2,
                "is_deprecated": false,
                "name": "nbg1",
                "unavailable_after": ""
              },
              {
                "deprecation_announced": "",
                "id": 3,
                "is_deprecated": false,
                "name": "hel1",
                "unavailable_after": ""
              },
              {
                "deprecation_announced": "",
                "id": 6,
                "is_deprecated": false,
                "name": "sin",
                "unavailable_after": ""
              }
            ],
            "memory": 4,
            "name": "cpx22",
            "storage_type": "local",
            "unavailable_after": ""
          },
          "sensitive_attributes": []
        },
        {
          "index_key": "cpx31",
          "schema_version": 0,
          "attributes": {
            "architecture": "x86",
            "category": "regular_purpose",
            "cores": 4,
            "cpu_type": "shared",
            "deprecation_announced": "",
            "description": "CPX 31",
            "disk": 160,
            "id": 24,
            "included_traffic": 0,
            "is_deprecated": false,
            "locations": [
              {
                "deprecation_announced": "2025-10-16T06:00:00Z",
                "id": 1,
                "is_deprecated": true,
                "name": "fsn1",
                "unavailable_after": "2025-12-31T23:59:59Z"
              },
              {
                "deprecation_announced": "2025-10-16T06:00:00Z",
                "id": 2,
                "is_deprecated": true,
                "name": "nbg1",
                "unavailable_after": "2025-12-31T23:59:59Z"
              },
              {
                "deprecation_announced": "2025-10-16T06:00:00Z",
                "id": 3,
                "is_deprecated": true,
                "name": "hel1",
                "unavailable_after": "2025-12-31T23:59:59Z"
              },
              {
                "deprecation_announced": "",
                "id": 4,
                "is_deprecated": false,
                "name": "ash",
                "unavailable_after": ""
              },
              {
                "deprecation_announced": "",
                "id": 5,
                "is_deprecated": false,
                "name": "hil",
                "unavailable_after": ""
              },
              {
                "deprecation_announced": "2025-10-16T06:00:00Z",
                "id": 6,
                "is_deprecated": true,
                "name": "sin",
                "unavailable_after": "2025-12-31T23:59:59Z"
              }
            ],
            "memory": 8,
            "name": "cpx31",
            "storage_type": "local",
            "unavailable_after": ""
          },
          "sensitive_attributes": []
        },
        {
          "index_key": "cpx32",
          "schema_version": 0,
          "attributes": {
            "architecture": "x86",
            "category": "regular_purpose",
            "cores": 4,
            "cpu_type": "shared",
            "deprecation_announced": "",
            "description": "CPX 32",
            "disk": 160,
            "id": 110,
            "included_traffic": 0,
            "is_deprecated": false,
            "locations": [
              {
                "deprecation_announced": "",
                "id": 1,
                "is_deprecated": false,
                "name": "fsn1",
                "unavailable_after": ""
              },
              {
                "deprecation_announced": "",
                "id": 2,
                "is_deprecated": false,
                "name": "nbg1",
                "unavailable_after": ""
              },
              {
                "deprecation_announced": "",
                "id": 3,
                "is_deprecated": false,
                "name": "hel1",
                "unavailable_after": ""
              },
              {
                "deprecation_announced": "",
                "id": 6,
                "is_deprecated": false,
                "name": "sin",
                "unavailable_after": ""
              }
            ],
            "memory": 8,
            "name": "cpx32",
            "storage_type": "local",
            "unavailable_after": ""
          },
          "sensitive_attributes": []
        },
        {
          "index_key": "cpx41",
          "schema_version": 0,
          "attributes": {
            "architecture": "x86",
            "category": "regular_purpose",
            "cores": 8,
            "cpu_type": "shared",
            "deprecation_announced": "",
            "description": "CPX 41",
            "disk": 240,
            "id": 25,
            "included_traffic": 0,
            "is_deprecated": false,
            "locations": [
              {
                "deprecation_announced": "2025-10-16T06:00:00Z",
                "id": 1,
                "is_deprecated": true,
                "name": "fsn1",
                "unavailable_after": "2025-12-31T23:59:59Z"
              },
              {
                "deprecation_announced": "2025-10-16T06:00:00Z",
                "id": 2,
                "is_deprecated": true,
                "name": "nbg1",
                "unavailable_after": "2025-12-31T23:59:59Z"
              },
              {
                "deprecation_announced": "2025-10-16T06:00:00Z",
                "id": 3,
                "is_deprecated": true,
                "name": "hel1",
                "unavailable_after": "2025-12-31T23:59:59Z"
              },
              {
                "deprecation_announced": "",
                "id": 4,
                "is_deprecated": false,
                "name": "ash",
                "unavailable_after": ""
              },
              {
                "deprecation_announced": "",
                "id": 5,
                "is_deprecated": false,
                "name": "hil",
                "unavailable_after": ""
              },
              {
                "deprecation_announced": "2025-10-16T06:00:00Z",
                "id": 6,
                "is_deprecated": true,
                "name": "sin",
                "unavailable_after": "2025-12-31T23:59:59Z"
              }
            ],
            "memory": 16,
            "name": "cpx41",
            "storage_type": "local",
            "unavailable_after": ""
          },
          "sensitive_attributes": []
        },
        {
          "index_key": "cpx42",
          "schema_version": 0,
          "attributes": {
            "architecture": "x86",
            "category": "regular_purpose",
            "cores": 8,
            "cpu_type": "shared",
            "deprecation_announced": "",
            "description": "CPX 42",
            "disk": 320,
            "id": 111,
            "included_traffic": 0,
            "is_deprecated": false,
            "locations": [
              {
                "deprecation_announced": "",
                "id": 1,
                "is_deprecated": false,
                "name": "fsn1",
                "unavailable_after": ""
              },
              {
                "deprecation_announced": "",
                "id": 2,
                "is_deprecated": false,
                "name": "nbg1",
                "unavailable_after": ""
              },
              {
                "deprecation_announced": "",
                "id": 3,
                "is_deprecated": false,
                "name": "hel1",
                "unavailable_after": ""
              },
              {
                "deprecation_announced": "",
                "id": 6,
                "is_deprecated": false,
                "name": "sin",
                "unavailable_after": ""
              }
            ],
            "memory": 16,
            "name": "cpx42",
            "storage_type": "local",
            "unavailable_after": ""
          },
          "sensitive_attributes": []
        },
        {
          "index_key": "cpx51",
          "schema_version": 0,
          "attributes": {
            "architecture": "x86",
            "category": "regular_purpose",
            "cores": 16,
            "cpu_type": "shared",
            "deprecation_announced": "",
            "description": "CPX 51",
            "disk": 360,
            "id": 26,
            "included_traffic": 0,
            "is_deprecated": false,
            "locations": [
              {
                "deprecation_announced": "2025-10-16T06:00:00Z",
                "id": 1,
                "is_deprecated": true,
                "name": "fsn1",
                "unavailable_after": "2025-12-31T23:59:59Z"
              },
              {
                "deprecation_announced": "2025-10-16T06:00:00Z",
                "id": 2,
                "is_deprecated": true,
                "name": "nbg1",
                "unavailable_after": "2025-12-31T23:59:59Z"
              },
              {
                "deprecation_announced": "2025-10-16T06:00:00Z",
                "id": 3,
                "is_deprecated": true,
                "name": "hel1",
                "unavailable_after": "2025-12-31T23:59:59Z"
              },
              {
                "deprecation_announced": "",
                "id": 4,
                "is_deprecated": false,
                "name": "ash",
                "unavailable_after": ""
              },
              {
                "deprecation_announced": "",
                "id": 5,
                "is_deprecated": false,
                "name": "hil",
                "unavailable_after": ""
              },
              {
                "deprecation_announced": "2025-10-16T06:00:00Z",
                "id": 6,
                "is_deprecated": true,
                "name": "sin",
                "unavailable_after": "2025-12-31T23:59:59Z"
              }
            ],
            "memory": 32,
            "name": "cpx51",
            "storage_type": "local",
            "unavailable_after": ""
          },
          "sensitive_attributes": []
        },
        {
          "index_key": "cpx52",
          "schema_version": 0,
          "attributes": {
            "architecture": "x86",
            "category": "regular_purpose",
            "cores": 12,
            "cpu_type": "shared",
            "deprecation_announced": "",
            "description": "CPX 52",
            "disk": 480,
            "id": 112,
            "included_traffic": 0,
            "is_deprecated": false,
            "locations": [
              {
                "deprecation_announced": "",
                "id": 1,
                "is_deprecated": false,
                "name": "fsn1",
                "unavailable_after": ""
              },
              {
                "deprecation_announced": "",
                "id": 2,
                "is_deprecated": false,
                "name": "nbg1",
                "unavailable_after": ""
              },
              {
                "deprecation_announced": "",
                "id": 3,
                "is_deprecated": false,
                "name": "hel1",
                "unavailable_after": ""
              },
              {
                "deprecation_announced": "",
                "id": 6,
                "is_deprecated": false,
                "name": "sin",
                "unavailable_after": ""
              }
            ],
            "memory": 24,
            "name": "cpx52",
            "storage_type": "local",
            "unavailable_after": ""
          },
          "sensitive_attributes": []
        },
        {
          "index_key": "cpx62",
          "schema_version": 0,
          "attributes": {
            "architecture": "x86",
            "category": "regular_purpose",
            "cores": 16,
            "cpu_type": "shared",
            "deprecation_announced": "",
            "description": "CPX 62",
            "disk": 640,
            "id": 113,
            "included_traffic": 0,
            "is_deprecated": false,
            "locations": [
              {
                "deprecation_announced": "",
                "id": 1,
                "is_deprecated": false,
                "name": "fsn1",
                "unavailable_after": ""
              },
              {
                "deprecation_announced": "",
                "id": 2,
                "is_deprecated": false,
                "name": "nbg1",
                "unavailable_after": ""
              },
              {
                "deprecation_announced": "",
                "id": 3,
                "is_deprecated": false,
                "name": "hel1",
                "unavailable_after": ""
              },
              {
                "deprecation_announced": "",
                "id": 6,
                "is_deprecated": false,
                "name": "sin",
                "unavailable_after": ""
              }
            ],
            "memory": 32,
            "name": "cpx62",
            "storage_type": "local",
            "unavailable_after": ""
          },
          "sensitive_attributes": []
        },
        {
          "index_key": "cx22",
          "schema_version": 0,
          "attributes": {
            "architecture": "x86",
            "category": "cost_optimized",
            "cores": 2,
            "cpu_type": "shared",
            "deprecation_announced": "2025-10-16T06:00:00Z",
            "description": "CX22",
            "disk": 40,
            "id": 104,
            "included_traffic": 0,
            "is_deprecated": true,
            "locations": [
              {
                "deprecation_announced": "2025-10-16T06:00:00Z",
                "id": 1,
                "is_deprecated": true,
                "name": "fsn1",
                "unavailable_after": "2025-12-31T23:59:59Z"
              },
              {
                "deprecation_announced": "2025-10-16T06:00:00Z",
                "id": 2,
                "is_deprecated": true,
                "name": "nbg1",
                "unavailable_after": "2025-12-31T23:59:59Z"
              },
              {
                "deprecation_announced": "2025-10-16T06:00:00Z",
                "id": 3,
                "is_deprecated": true,
                "name": "hel1",
                "unavailable_after": "2025-12-31T23:59:59Z"
              }
            ],
            "memory": 4,
            "name": "cx22",
            "storage_type": "local",
            "unavailable_after": "2025-12-31T23:59:59Z"
          },
          "sensitive_attributes": []
        },
        {
          "index_key": "cx23",
          "schema_version": 0,
          "attributes": {
            "architecture": "x86",
            "category": "cost_optimized",
            "cores": 2,
            "cpu_type": "shared",
            "deprecation_announced": "",
            "description": "CX 23",
            "disk": 40,
            "id": 114,
            "included_traffic": 0,
            "is_deprecated": false,
            "locations": [
              {
                "deprecation_announced": "",
                "id": 1,
                "is_deprecated": false,
                "name": "fsn1",
                "unavailable_after": ""
              },
              {
                "deprecation_announced": "",
                "id": 2,
                "is_deprecated": false,
                "name": "nbg1",
                "unavailable_after": ""
              },
              {
                "deprecation_announced": "",
                "id": 3,
                "is_deprecated": false,
                "name": "hel1",
                "unavailable_after": ""
              }
            ],
            "memory": 4,
            "name": "cx23",
            "storage_type": "local",
            "unavailable_after": ""
          },
          "sensitive_attributes": []
        },
        {
          "index_key": "cx32",
          "schema_version": 0,
          "attributes": {
            "architecture": "x86",
            "category": "cost_optimized",
            "cores": 4,
            "cpu_type": "shared",
            "deprecation_announced": "2025-10-16T06:00:00Z",
            "description": "CX32",
            "disk": 80,
            "id": 105,
            "included_traffic": 0,
            "is_deprecated": true,
            "locations": [
              {
                "deprecation_announced": "2025-10-16T06:00:00Z",
                "id": 1,
                "is_deprecated": true,
                "name": "fsn1",
                "unavailable_after": "2025-12-31T23:59:59Z"
              },
              {
                "deprecation_announced": "2025-10-16T06:00:00Z",
                "id": 2,
                "is_deprecated": true,
                "name": "nbg1",
                "unavailable_after": "2025-12-31T23:59:59Z"
              },
              {
                "deprecation_announced": "2025-10-16T06:00:00Z",
                "id": 3,
                "is_deprecated": true,
                "name": "hel1",
                "unavailable_after": "2025-12-31T23:59:59Z"
              }
            ],
            "memory": 8,
            "name": "cx32",
            "storage_type": "local",
            "unavailable_after": "2025-12-31T23:59:59Z"
          },
          "sensitive_attributes": []
        },
        {
          "index_key": "cx33",
          "schema_version": 0,
          "attributes": {
            "architecture": "x86",
            "category": "cost_optimized",
            "cores": 4,
            "cpu_type": "shared",
            "deprecation_announced": "",
            "description": "CX 33",
            "disk": 80,
            "id": 115,
            "included_traffic": 0,
            "is_deprecated": false,
            "locations": [
              {
                "deprecation_announced": "",
                "id": 1,
                "is_deprecated": false,
                "name": "fsn1",
                "unavailable_after": ""
              },
              {
                "deprecation_announced": "",
                "id": 2,
                "is_deprecated": false,
                "name": "nbg1",
                "unavailable_after": ""
              },
              {
                "deprecation_announced": "",
                "id": 3,
                "is_deprecated": false,
                "name": "hel1",
                "unavailable_after": ""
              }
            ],
            "memory": 8,
            "name": "cx33",
            "storage_type": "local",
            "unavailable_after": ""
          },
          "sensitive_attributes": []
        },
        {
          "index_key": "cx42",
          "schema_version": 0,
          "attributes": {
            "architecture": "x86",
            "category": "cost_optimized",
            "cores": 8,
            "cpu_type": "shared",
            "deprecation_announced": "2025-10-16T06:00:00Z",
            "description": "CX42",
            "disk": 160,
            "id": 106,
            "included_traffic": 0,
            "is_deprecated": true,
            "locations": [
              {
                "deprecation_announced": "2025-10-16T06:00:00Z",
                "id": 1,
                "is_deprecated": true,
                "name": "fsn1",
                "unavailable_after": "2025-12-31T23:59:59Z"
              },
              {
                "deprecation_announced": "2025-10-16T06:00:00Z",
                "id": 2,
                "is_deprecated": true,
                "name": "nbg1",
                "unavailable_after": "2025-12-31T23:59:59Z"
              },
              {
                "deprecation_announced": "2025-10-16T06:00:00Z",
                "id": 3,
                "is_deprecated": true,
                "name": "hel1",
                "unavailable_after": "2025-12-31T23:59:59Z"
              }
            ],
            "memory": 16,
            "name": "cx42",
            "storage_type": "local",
            "unavailable_after": "2025-12-31T23:59:59Z"
          },
          "sensitive_attributes": []
        },
        {
          "index_key": "cx43",
          "schema_version": 0,
          "attributes": {
            "architecture": "x86",
            "category": "cost_optimized",
            "cores": 8,
            "cpu_type": "shared",
            "deprecation_announced": "",
            "description": "CX 43",
            "disk": 160,
            "id": 116,
            "included_traffic": 0,
            "is_deprecated": false,
            "locations": [
              {
                "deprecation_announced": "",
                "id": 1,
                "is_deprecated": false,
                "name": "fsn1",
                "unavailable_after": ""
              },
              {
                "deprecation_announced": "",
                "id": 2,
                "is_deprecated": false,
                "name": "nbg1",
                "unavailable_after": ""
              },
              {
                "deprecation_announced": "",
                "id": 3,
                "is_deprecated": false,
                "name": "hel1",
                "unavailable_after": ""
              }
            ],
            "memory": 16,
            "name": "cx43",
            "storage_type": "local",
            "unavailable_after": ""
          },
          "sensitive_attributes": []
        },
        {
          "index_key": "cx52",
          "schema_version": 0,
          "attributes": {
            "architecture": "x86",
            "category": "cost_optimized",
            "cores": 16,
            "cpu_type": "shared",
            "deprecation_announced": "2025-10-16T06:00:00Z",
            "description": "CX52",
            "disk": 320,
            "id": 107,
            "included_traffic": 0,
            "is_deprecated": true,
            "locations": [
              {
                "deprecation_announced": "2025-10-16T06:00:00Z",
                "id": 1,
                "is_deprecated": true,
                "name": "fsn1",
                "unavailable_after": "2025-12-31T23:59:59Z"
              },
              {
                "deprecation_announced": "2025-10-16T06:00:00Z",
                "id": 2,
                "is_deprecated": true,
                "name": "nbg1",
                "unavailable_after": "2025-12-31T23:59:59Z"
              },
              {
                "deprecation_announced": "2025-10-16T06:00:00Z",
                "id": 3,
                "is_deprecated": true,
                "name": "hel1",
                "unavailable_after": "2025-12-31T23:59:59Z"
              }
            ],
            "memory": 32,
            "name": "cx52",
            "storage_type": "local",
            "unavailable_after": "2025-12-31T23:59:59Z"
          },
          "sensitive_attributes": []
        },
        {
          "index_key": "cx53",
          "schema_version": 0,
          "attributes": {
            "architecture": "x86",
            "category": "cost_optimized",
            "cores": 16,
            "cpu_type": "shared",
            "deprecation_announced": "",
            "description": "CX 53",
            "disk": 320,
            "id": 117,
            "included_traffic": 0,
            "is_deprecated": false,
            "locations": [
              {
                "deprecation_announced": "",
                "id": 1,
                "is_deprecated": false,
                "name": "fsn1",
                "unavailable_after": ""
              },
              {
                "deprecation_announced": "",
                "id": 2,
                "is_deprecated": false,
                "name": "nbg1",
                "unavailable_after": ""
              },
              {
                "deprecation_announced": "",
                "id": 3,
                "is_deprecated": false,
                "name": "hel1",
                "unavailable_after": ""
              }
            ],
            "memory": 32,
            "name": "cx53",
            "storage_type": "local",
            "unavailable_after": ""
          },
          "sensitive_attributes": []
        }
      ]
    },
    {
      "module": "module.tenant",
      "mode": "data",
      "type": "hcloud_server_types",
      "name": "all",
      "provider": "module.tenant.provider[\"registry.terraform.io/hetznercloud/hcloud\"]",
      "instances": [
        {
          "schema_version": 0,
          "attributes": {
            "descriptions": [
              "CPX 11",
              "CPX 21",
              "CPX 31",
              "CPX 41",
              "CPX 51",
              "CAX11",
              "CAX21",
              "CAX31",
              "CAX41",
              "CCX13 Dedicated CPU",
              "CCX23 Dedicated CPU",
              "CCX33 Dedicated CPU",
              "CCX43 Dedicated CPU",
              "CCX53 Dedicated CPU",
              "CCX63 Dedicated CPU",
              "CX22",
              "CX32",
              "CX42",
              "CX52",
              "CPX 12",
              "CPX 22",
              "CPX 32",
              "CPX 42",
              "CPX 52",
              "CPX 62",
              "CX 23",
              "CX 33",
              "CX 43",
              "CX 53"
            ],
            "id": "166277662d9b7990b1711b6545d691c4fc52eb3f",
            "names": [
              "cpx11",
              "cpx21",
              "cpx31",
              "cpx41",
              "cpx51",
              "cax11",
              "cax21",
              "cax31",
              "cax41",
              "ccx13",
              "ccx23",
              "ccx33",
              "ccx43",
              "ccx53",
              "ccx63",
              "cx22",
              "cx32",
              "cx42",
              "cx52",
              "cpx12",
              "cpx22",
              "cpx32",
              "cpx42",
              "cpx52",
              "cpx62",
              "cx23",
              "cx33",
              "cx43",
              "cx53"
            ],
            "server_type_ids": [
              "22",
              "23",
              "24",
              "25",
              "26",
              "45",
              "93",
              "94",
              "95",
              "96",
              "97",
              "98",
              "99",
              "100",
              "101",
              "104",
              "105",
              "106",
              "107",
              "108",
              "109",
              "110",
              "111",
              "112",
              "113",
              "114",
              "115",
              "116",
              "117"
            ],
            "server_types": [
              {
                "architecture": "x86",
                "category": "regular_purpose",
                "cores": 2,
                "cpu_type": "shared",
                "deprecation_announced": "",
                "description": "CPX 11",
                "disk": 40,
                "id": 22,
                "included_traffic": 0,
                "is_deprecated": false,
                "locations": [
                  {
                    "deprecation_announced": "2025-10-16T06:00:00Z",
                    "id": 1,
                    "is_deprecated": true,
                    "name": "fsn1",
                    "unavailable_after": "2025-12-31T23:59:59Z"
                  },
                  {
                    "deprecation_announced": "2025-10-16T06:00:00Z",
                    "id": 2,
                    "is_deprecated": true,
                    "name": "nbg1",
                    "unavailable_after": "2025-12-31T23:59:59Z"
                  },
                  {
                    "deprecation_announced": "2025-10-16T06:00:00Z",
                    "id": 3,
                    "is_deprecated": true,
                    "name": "hel1",
                    "unavailable_after": "2025-12-31T23:59:59Z"
                  },
                  {
                    "deprecation_announced": "",
                    "id": 4,
                    "is_deprecated": false,
                    "name": "ash",
                    "unavailable_after": ""
                  },
                  {
                    "deprecation_announced": "",
                    "id": 5,
                    "is_deprecated": false,
                    "name": "hil",
                    "unavailable_after": ""
                  },
                  {
                    "deprecation_announced": "2025-10-16T06:00:00Z",
                    "id": 6,
                    "is_deprecated": true,
                    "name": "sin",
                    "unavailable_after": "2025-12-31T23:59:59Z"
                  }
                ],
                "memory": 2,
                "name": "cpx11",
                "storage_type": "local",
                "unavailable_after": ""
              },
              {
                "architecture": "x86",
                "category": "regular_purpose",
                "cores": 3,
                "cpu_type": "shared",
                "deprecation_announced": "",
                "description": "CPX 21",
                "disk": 80,
                "id": 23,
                "included_traffic": 0,
                "is_deprecated": false,
                "locations": [
                  {
                    "deprecation_announced": "2025-10-16T06:00:00Z",
                    "id": 1,
                    "is_deprecated": true,
                    "name": "fsn1",
                    "unavailable_after": "2025-12-31T23:59:59Z"
                  },
                  {
                    "deprecation_announced": "2025-10-16T06:00:00Z",
                    "id": 2,
                    "is_deprecated": true,
                    "name": "nbg1",
                    "unavailable_after": "2025-12-31T23:59:59Z"
                  },
                  {
                    "deprecation_announced": "2025-10-16T06:00:00Z",
                    "id": 3,
                    "is_deprecated": true,
                    "name": "hel1",
                    "unavailable_after": "2025-12-31T23:59:59Z"
                  },
                  {
                    "deprecation_announced": "",
                    "id": 4,
                    "is_deprecated": false,
                    "name": "ash",
                    "unavailable_after": ""
                  },
                  {
                    "deprecation_announced": "",
                    "id": 5,
                    "is_deprecated": false,
                    "name": "hil",
                    "unavailable_after": ""
                  },
                  {
                    "deprecation_announced": "2025-10-16T06:00:00Z",
                    "id": 6,
                    "is_deprecated": true,
                    "name": "sin",
                    "unavailable_after": "2025-12-31T23:59:59Z"
                  }
                ],
                "memory": 4,
                "name": "cpx21",
                "storage_type": "local",
                "unavailable_after": ""
              },
              {
                "architecture": "x86",
                "category": "regular_purpose",
                "cores": 4,
                "cpu_type": "shared",
                "deprecation_announced": "",
                "description": "CPX 31",
                "disk": 160,
                "id": 24,
                "included_traffic": 0,
                "is_deprecated": false,
                "locations": [
                  {
                    "deprecation_announced": "2025-10-16T06:00:00Z",
                    "id": 1,
                    "is_deprecated": true,
                    "name": "fsn1",
                    "unavailable_after": "2025-12-31T23:59:59Z"
                  },
                  {
                    "deprecation_announced": "2025-10-16T06:00:00Z",
                    "id": 2,
                    "is_deprecated": true,
                    "name": "nbg1",
                    "unavailable_after": "2025-12-31T23:59:59Z"
                  },
                  {
                    "deprecation_announced": "2025-10-16T06:00:00Z",
                    "id": 3,
                    "is_deprecated": true,
                    "name": "hel1",
                    "unavailable_after": "2025-12-31T23:59:59Z"
                  },
                  {
                    "deprecation_announced": "",
                    "id": 4,
                    "is_deprecated": false,
                    "name": "ash",
                    "unavailable_after": ""
                  },
                  {
                    "deprecation_announced": "",
                    "id": 5,
                    "is_deprecated": false,
                    "name": "hil",
                    "unavailable_after": ""
                  },
                  {
                    "deprecation_announced": "2025-10-16T06:00:00Z",
                    "id": 6,
                    "is_deprecated": true,
                    "name": "sin",
                    "unavailable_after": "2025-12-31T23:59:59Z"
                  }
                ],
                "memory": 8,
                "name": "cpx31",
                "storage_type": "local",
                "unavailable_after": ""
              },
              {
                "architecture": "x86",
                "category": "regular_purpose",
                "cores": 8,
                "cpu_type": "shared",
                "deprecation_announced": "",
                "description": "CPX 41",
                "disk": 240,
                "id": 25,
                "included_traffic": 0,
                "is_deprecated": false,
                "locations": [
                  {
                    "deprecation_announced": "2025-10-16T06:00:00Z",
                    "id": 1,
                    "is_deprecated": true,
                    "name": "fsn1",
                    "unavailable_after": "2025-12-31T23:59:59Z"
                  },
                  {
                    "deprecation_announced": "2025-10-16T06:00:00Z",
                    "id": 2,
                    "is_deprecated": true,
                    "name": "nbg1",
                    "unavailable_after": "2025-12-31T23:59:59Z"
                  },
                  {
                    "deprecation_announced": "2025-10-16T06:00:00Z",
                    "id": 3,
                    "is_deprecated": true,
                    "name": "hel1",
                    "unavailable_after": "2025-12-31T23:59:59Z"
                  },
                  {
                    "deprecation_announced": "",
                    "id": 4,
                    "is_deprecated": false,
                    "name": "ash",
                    "unavailable_after": ""
                  },
                  {
                    "deprecation_announced": "",
                    "id": 5,
                    "is_deprecated": false,
                    "name": "hil",
                    "unavailable_after": ""
                  },
                  {
                    "deprecation_announced": "2025-10-16T06:00:00Z",
                    "id": 6,
                    "is_deprecated": true,
                    "name": "sin",
                    "unavailable_after": "2025-12-31T23:59:59Z"
                  }
                ],
                "memory": 16,
                "name": "cpx41",
                "storage_type": "local",
                "unavailable_after": ""
              },
              {
                "architecture": "x86",
                "category": "regular_purpose",
                "cores": 16,
                "cpu_type": "shared",
                "deprecation_announced": "",
                "description": "CPX 51",
                "disk": 360,
                "id": 26,
                "included_traffic": 0,
                "is_deprecated": false,
                "locations": [
                  {
                    "deprecation_announced": "2025-10-16T06:00:00Z",
                    "id": 1,
                    "is_deprecated": true,
                    "name": "fsn1",
                    "unavailable_after": "2025-12-31T23:59:59Z"
                  },
                  {
                    "deprecation_announced": "2025-10-16T06:00:00Z",
                    "id": 2,
                    "is_deprecated": true,
                    "name": "nbg1",
                    "unavailable_after": "2025-12-31T23:59:59Z"
                  },
                  {
                    "deprecation_announced": "2025-10-16T06:00:00Z",
                    "id": 3,
                    "is_deprecated": true,
                    "name": "hel1",
                    "unavailable_after": "2025-12-31T23:59:59Z"
                  },
                  {
                    "deprecation_announced": "",
                    "id": 4,
                    "is_deprecated": false,
                    "name": "ash",
                    "unavailable_after": ""
                  },
                  {
                    "deprecation_announced": "",
                    "id": 5,
                    "is_deprecated": false,
                    "name": "hil",
                    "unavailable_after": ""
                  },
                  {
                    "deprecation_announced": "2025-10-16T06:00:00Z",
                    "id": 6,
                    "is_deprecated": true,
                    "name": "sin",
                    "unavailable_after": "2025-12-31T23:59:59Z"
                  }
                ],
                "memory": 32,
                "name": "cpx51",
                "storage_type": "local",
                "unavailable_after": ""
              },
              {
                "architecture": "arm",
                "category": "cost_optimized",
                "cores": 2,
                "cpu_type": "shared",
                "deprecation_announced": "",
                "description": "CAX11",
                "disk": 40,
                "id": 45,
                "included_traffic": 0,
                "is_deprecated": false,
                "locations": [
                  {
                    "deprecation_announced": "",
                    "id": 1,
                    "is_deprecated": false,
                    "name": "fsn1",
                    "unavailable_after": ""
                  },
                  {
                    "deprecation_announced": "",
                    "id": 2,
                    "is_deprecated": false,
                    "name": "nbg1",
                    "unavailable_after": ""
                  },
                  {
                    "deprecation_announced": "",
                    "id": 3,
                    "is_deprecated": false,
                    "name": "hel1",
                    "unavailable_after": ""
                  }
                ],
                "memory": 4,
                "name": "cax11",
                "storage_type": "local",
                "unavailable_after": ""
              },
              {
                "architecture": "arm",
                "category": "cost_optimized",
                "cores": 4,
                "cpu_type": "shared",
                "deprecation_announced": "",
                "description": "CAX21",
                "disk": 80,
                "id": 93,
                "included_traffic": 0,
                "is_deprecated": false,
                "locations": [
                  {
                    "deprecation_announced": "",
                    "id": 1,
                    "is_deprecated": false,
                    "name": "fsn1",
                    "unavailable_after": ""
                  },
                  {
                    "deprecation_announced": "",
                    "id": 2,
                    "is_deprecated": false,
                    "name": "nbg1",
                    "unavailable_after": ""
                  },
                  {
                    "deprecation_announced": "",
                    "id": 3,
                    "is_deprecated": false,
                    "name": "hel1",
                    "unavailable_after": ""
                  }
                ],
                "memory": 8,
                "name": "cax21",
                "storage_type": "local",
                "unavailable_after": ""
              },
              {
                "architecture": "arm",
                "category": "cost_optimized",
                "cores": 8,
                "cpu_type": "shared",
                "deprecation_announced": "",
                "description": "CAX31",
                "disk": 160,
                "id": 94,
                "included_traffic": 0,
                "is_deprecated": false,
                "locations": [
                  {
                    "deprecation_announced": "",
                    "id": 1,
                    "is_deprecated": false,
                    "name": "fsn1",
                    "unavailable_after": ""
                  },
                  {
                    "deprecation_announced": "",
                    "id": 2,
                    "is_deprecated": false,
                    "name": "nbg1",
                    "unavailable_after": ""
                  },
                  {
                    "deprecation_announced": "",
                    "id": 3,
                    "is_deprecated": false,
                    "name": "hel1",
                    "unavailable_after": ""
                  }
                ],
                "memory": 16,
                "name": "cax31",
                "storage_type": "local",
                "unavailable_after": ""
              },
              {
                "architecture": "arm",
                "category": "cost_optimized",
                "cores": 16,
                "cpu_type": "shared",
                "deprecation_announced": "",
                "description": "CAX41",
                "disk": 320,
                "id": 95,
                "included_traffic": 0,
                "is_deprecated": false,
                "locations": [
                  {
                    "deprecation_announced": "",
                    "id": 1,
                    "is_deprecated": false,
                    "name": "fsn1",
                    "unavailable_after": ""
                  },
                  {
                    "deprecation_announced": "",
                    "id": 2,
                    "is_deprecated": false,
                    "name": "nbg1",
                    "unavailable_after": ""
                  },
                  {
                    "deprecation_announced": "",
                    "id": 3,
                    "is_deprecated": false,
                    "name": "hel1",
                    "unavailable_after": ""
                  }
                ],
                "memory": 32,
                "name": "cax41",
                "storage_type": "local",
                "unavailable_after": ""
              },
              {
                "architecture": "x86",
                "category": "general_purpose",
                "cores": 2,
                "cpu_type": "dedicated",
                "deprecation_announced": "",
                "description": "CCX13 Dedicated CPU",
                "disk": 80,
                "id": 96,
                "included_traffic": 0,
                "is_deprecated": false,
                "locations": [
                  {
                    "deprecation_announced": "",
                    "id": 1,
                    "is_deprecated": false,
                    "name": "fsn1",
                    "unavailable_after": ""
                  },
                  {
                    "deprecation_announced": "",
                    "id": 2,
                    "is_deprecated": false,
                    "name": "nbg1",
                    "unavailable_after": ""
                  },
                  {
                    "deprecation_announced": "",
                    "id": 3,
                    "is_deprecated": false,
                    "name": "hel1",
                    "unavailable_after": ""
                  },
                  {
                    "deprecation_announced": "",
                    "id": 4,
                    "is_deprecated": false,
                    "name": "ash",
                    "unavailable_after": ""
                  },
                  {
                    "deprecation_announced": "",
                    "id": 5,
                    "is_deprecated": false,
                    "name": "hil",
                    "unavailable_after": ""
                  },
                  {
                    "deprecation_announced": "",
                    "id": 6,
                    "is_deprecated": false,
                    "name": "sin",
                    "unavailable_after": ""
                  }
                ],
                "memory": 8,
                "name": "ccx13",
                "storage_type": "local",
                "unavailable_after": ""
              },
              {
                "architecture": "x86",
                "category": "general_purpose",
                "cores": 4,
                "cpu_type": "dedicated",
                "deprecation_announced": "",
                "description": "CCX23 Dedicated CPU",
                "disk": 160,
                "id": 97,
                "included_traffic": 0,
                "is_deprecated": false,
                "locations": [
                  {
                    "deprecation_announced": "",
                    "id": 1,
                    "is_deprecated": false,
                    "name": "fsn1",
                    "unavailable_after": ""
                  },
                  {
                    "deprecation_announced": "",
                    "id": 2,
                    "is_deprecated": false,
                    "name": "nbg1",
                    "unavailable_after": ""
                  },
                  {
                    "deprecation_announced": "",
                    "id": 3,
                    "is_deprecated": false,
                    "name": "hel1",
                    "unavailable_after": ""
                  },
                  {
                    "deprecation_announced": "",
                    "id": 4,
                    "is_deprecated": false,
                    "name": "ash",
                    "unavailable_after": ""
                  },
                  {
                    "deprecation_announced": "",
                    "id": 5,
                    "is_deprecated": false,
                    "name": "hil",
                    "unavailable_after": ""
                  },
                  {
                    "deprecation_announced": "",
                    "id": 6,
                    "is_deprecated": false,
                    "name": "sin",
                    "unavailable_after": ""
                  }
                ],
                "memory": 16,
                "name": "ccx23",
                "storage_type": "local",
                "unavailable_after": ""
              },
              {
                "architecture": "x86",
                "category": "general_purpose",
                "cores": 8,
                "cpu_type": "dedicated",
                "deprecation_announced": "",
                "description": "CCX33 Dedicated CPU",
                "disk": 240,
                "id": 98,
                "included_traffic": 0,
                "is_deprecated": false,
                "locations": [
                  {
                    "deprecation_announced": "",
                    "id": 1,
                    "is_deprecated": false,
                    "name": "fsn1",
                    "unavailable_after": ""
                  },
                  {
                    "deprecation_announced": "",
                    "id": 2,
                    "is_deprecated": false,
                    "name": "nbg1",
                    "unavailable_after": ""
                  },
                  {
                    "deprecation_announced": "",
                    "id": 3,
                    "is_deprecated": false,
                    "name": "hel1",
                    "unavailable_after": ""
                  },
                  {
                    "deprecation_announced": "",
                    "id": 4,
                    "is_deprecated": false,
                    "name": "ash",
                    "unavailable_after": ""
                  },
                  {
                    "deprecation_announced": "",
                    "id": 5,
                    "is_deprecated": false,
                    "name": "hil",
                    "unavailable_after": ""
                  },
                  {
                    "deprecation_announced": "",
                    "id": 6,
                    "is_deprecated": false,
                    "name": "sin",
                    "unavailable_after": ""
                  }
                ],
                "memory": 32,
                "name": "ccx33",
                "storage_type": "local",
                "unavailable_after": ""
              },
              {
                "architecture": "x86",
                "category": "general_purpose",
                "cores": 16,
                "cpu_type": "dedicated",
                "deprecation_announced": "",
                "description": "CCX43 Dedicated CPU",
                "disk": 360,
                "id": 99,
                "included_traffic": 0,
                "is_deprecated": false,
                "locations": [
                  {
                    "deprecation_announced": "",
                    "id": 1,
                    "is_deprecated": false,
                    "name": "fsn1",
                    "unavailable_after": ""
                  },
                  {
                    "deprecation_announced": "",
                    "id": 2,
                    "is_deprecated": false,
                    "name": "nbg1",
                    "unavailable_after": ""
                  },
                  {
                    "deprecation_announced": "",
                    "id": 3,
                    "is_deprecated": false,
                    "name": "hel1",
                    "unavailable_after": ""
                  },
                  {
                    "deprecation_announced": "",
                    "id": 4,
                    "is_deprecated": false,
                    "name": "ash",
                    "unavailable_after": ""
                  },
                  {
                    "deprecation_announced": "",
                    "id": 5,
                    "is_deprecated": false,
                    "name": "hil",
                    "unavailable_after": ""
                  },
                  {
                    "deprecation_announced": "",
                    "id": 6,
                    "is_deprecated": false,
                    "name": "sin",
                    "unavailable_after": ""
                  }
                ],
                "memory": 64,
                "name": "ccx43",
                "storage_type": "local",
                "unavailable_after": ""
              },
              {
                "architecture": "x86",
                "category": "general_purpose",
                "cores": 32,
                "cpu_type": "dedicated",
                "deprecation_announced": "",
                "description": "CCX53 Dedicated CPU",
                "disk": 600,
                "id": 100,
                "included_traffic": 0,
                "is_deprecated": false,
                "locations": [
                  {
                    "deprecation_announced": "",
                    "id": 1,
                    "is_deprecated": false,
                    "name": "fsn1",
                    "unavailable_after": ""
                  },
                  {
                    "deprecation_announced": "",
                    "id": 2,
                    "is_deprecated": false,
                    "name": "nbg1",
                    "unavailable_after": ""
                  },
                  {
                    "deprecation_announced": "",
                    "id": 3,
                    "is_deprecated": false,
                    "name": "hel1",
                    "unavailable_after": ""
                  },
                  {
                    "deprecation_announced": "",
                    "id": 4,
                    "is_deprecated": false,
                    "name": "ash",
                    "unavailable_after": ""
                  },
                  {
                    "deprecation_announced": "",
                    "id": 5,
                    "is_deprecated": false,
                    "name": "hil",
                    "unavailable_after": ""
                  },
                  {
                    "deprecation_announced": "",
                    "id": 6,
                    "is_deprecated": false,
                    "name": "sin",
                    "unavailable_after": ""
                  }
                ],
                "memory": 128,
                "name": "ccx53",
                "storage_type": "local",
                "unavailable_after": ""
              },
              {
                "architecture": "x86",
                "category": "general_purpose",
                "cores": 48,
                "cpu_type": "dedicated",
                "deprecation_announced": "",
                "description": "CCX63 Dedicated CPU",
                "disk": 960,
                "id": 101,
                "included_traffic": 0,
                "is_deprecated": false,
                "locations": [
                  {
                    "deprecation_announced": "",
                    "id": 1,
                    "is_deprecated": false,
                    "name": "fsn1",
                    "unavailable_after": ""
                  },
                  {
                    "deprecation_announced": "",
                    "id": 2,
                    "is_deprecated": false,
                    "name": "nbg1",
                    "unavailable_after": ""
                  },
                  {
                    "deprecation_announced": "",
                    "id": 3,
                    "is_deprecated": false,
                    "name": "hel1",
                    "unavailable_after": ""
                  },
                  {
                    "deprecation_announced": "",
                    "id": 4,
                    "is_deprecated": false,
                    "name": "ash",
                    "unavailable_after": ""
                  },
                  {
                    "deprecation_announced": "",
                    "id": 5,
                    "is_deprecated": false,
                    "name": "hil",
                    "unavailable_after": ""
                  },
                  {
                    "deprecation_announced": "",
                    "id": 6,
                    "is_deprecated": false,
                    "name": "sin",
                    "unavailable_after": ""
                  }
                ],
                "memory": 192,
                "name": "ccx63",
                "storage_type": "local",
                "unavailable_after": ""
              },
              {
                "architecture": "x86",
                "category": "cost_optimized",
                "cores": 2,
                "cpu_type": "shared",
                "deprecation_announced": "2025-10-16T06:00:00Z",
                "description": "CX22",
                "disk": 40,
                "id": 104,
                "included_traffic": 0,
                "is_deprecated": true,
                "locations": [
                  {
                    "deprecation_announced": "2025-10-16T06:00:00Z",
                    "id": 1,
                    "is_deprecated": true,
                    "name": "fsn1",
                    "unavailable_after": "2025-12-31T23:59:59Z"
                  },
                  {
                    "deprecation_announced": "2025-10-16T06:00:00Z",
                    "id": 2,
                    "is_deprecated": true,
                    "name": "nbg1",
                    "unavailable_after": "2025-12-31T23:59:59Z"
                  },
                  {
                    "deprecation_announced": "2025-10-16T06:00:00Z",
                    "id": 3,
                    "is_deprecated": true,
                    "name": "hel1",
                    "unavailable_after": "2025-12-31T23:59:59Z"
                  }
                ],
                "memory": 4,
                "name": "cx22",
                "storage_type": "local",
                "unavailable_after": "2025-12-31T23:59:59Z"
              },
              {
                "architecture": "x86",
                "category": "cost_optimized",
                "cores": 4,
                "cpu_type": "shared",
                "deprecation_announced": "2025-10-16T06:00:00Z",
                "description": "CX32",
                "disk": 80,
                "id": 105,
                "included_traffic": 0,
                "is_deprecated": true,
                "locations": [
                  {
                    "deprecation_announced": "2025-10-16T06:00:00Z",
                    "id": 1,
                    "is_deprecated": true,
                    "name": "fsn1",
                    "unavailable_after": "2025-12-31T23:59:59Z"
                  },
                  {
                    "deprecation_announced": "2025-10-16T06:00:00Z",
                    "id": 2,
                    "is_deprecated": true,
                    "name": "nbg1",
                    "unavailable_after": "2025-12-31T23:59:59Z"
                  },
                  {
                    "deprecation_announced": "2025-10-16T06:00:00Z",
                    "id": 3,
                    "is_deprecated": true,
                    "name": "hel1",
                    "unavailable_after": "2025-12-31T23:59:59Z"
                  }
                ],
                "memory": 8,
                "name": "cx32",
                "storage_type": "local",
                "unavailable_after": "2025-12-31T23:59:59Z"
              },
              {
                "architecture": "x86",
                "category": "cost_optimized",
                "cores": 8,
                "cpu_type": "shared",
                "deprecation_announced": "2025-10-16T06:00:00Z",
                "description": "CX42",
                "disk": 160,
                "id": 106,
                "included_traffic": 0,
                "is_deprecated": true,
                "locations": [
                  {
                    "deprecation_announced": "2025-10-16T06:00:00Z",
                    "id": 1,
                    "is_deprecated": true,
                    "name": "fsn1",
                    "unavailable_after": "2025-12-31T23:59:59Z"
                  },
                  {
                    "deprecation_announced": "2025-10-16T06:00:00Z",
                    "id": 2,
                    "is_deprecated": true,
                    "name": "nbg1",
                    "unavailable_after": "2025-12-31T23:59:59Z"
                  },
                  {
                    "deprecation_announced": "2025-10-16T06:00:00Z",
                    "id": 3,
                    "is_deprecated": true,
                    "name": "hel1",
                    "unavailable_after": "2025-12-31T23:59:59Z"
                  }
                ],
                "memory": 16,
                "name": "cx42",
                "storage_type": "local",
                "unavailable_after": "2025-12-31T23:59:59Z"
              },
              {
                "architecture": "x86",
                "category": "cost_optimized",
                "cores": 16,
                "cpu_type": "shared",
                "deprecation_announced": "2025-10-16T06:00:00Z",
                "description": "CX52",
                "disk": 320,
                "id": 107,
                "included_traffic": 0,
                "is_deprecated": true,
                "locations": [
                  {
                    "deprecation_announced": "2025-10-16T06:00:00Z",
                    "id": 1,
                    "is_deprecated": true,
                    "name": "fsn1",
                    "unavailable_after": "2025-12-31T23:59:59Z"
                  },
                  {
                    "deprecation_announced": "2025-10-16T06:00:00Z",
                    "id": 2,
                    "is_deprecated": true,
                    "name": "nbg1",
                    "unavailable_after": "2025-12-31T23:59:59Z"
                  },
                  {
                    "deprecation_announced": "2025-10-16T06:00:00Z",
                    "id": 3,
                    "is_deprecated": true,
                    "name": "hel1",
                    "unavailable_after": "2025-12-31T23:59:59Z"
                  }
                ],
                "memory": 32,
                "name": "cx52",
                "storage_type": "local",
                "unavailable_after": "2025-12-31T23:59:59Z"
              },
              {
                "architecture": "x86",
                "category": "regular_purpose",
                "cores": 1,
                "cpu_type": "shared",
                "deprecation_announced": "",
                "description": "CPX 12",
                "disk": 40,
                "id": 108,
                "included_traffic": 0,
                "is_deprecated": false,
                "locations": [
                  {
                    "deprecation_announced": "",
                    "id": 6,
                    "is_deprecated": false,
                    "name": "sin",
                    "unavailable_after": ""
                  }
                ],
                "memory": 2,
                "name": "cpx12",
                "storage_type": "local",
                "unavailable_after": ""
              },
              {
                "architecture": "x86",
                "category": "regular_purpose",
                "cores": 2,
                "cpu_type": "shared",
                "deprecation_announced": "",
                "description": "CPX 22",
                "disk": 80,
                "id": 109,
                "included_traffic": 0,
                "is_deprecated": false,
                "locations": [
                  {
                    "deprecation_announced": "",
                    "id": 1,
                    "is_deprecated": false,
                    "name": "fsn1",
                    "unavailable_after": ""
                  },
                  {
                    "deprecation_announced": "",
                    "id": 2,
                    "is_deprecated": false,
                    "name": "nbg1",
                    "unavailable_after": ""
                  },
                  {
                    "deprecation_announced": "",
                    "id": 3,
                    "is_deprecated": false,
                    "name": "hel1",
                    "unavailable_after": ""
                  },
                  {
                    "deprecation_announced": "",
                    "id": 6,
                    "is_deprecated": false,
                    "name": "sin",
                    "unavailable_after": ""
                  }
                ],
                "memory": 4,
                "name": "cpx22",
                "storage_type": "local",
                "unavailable_after": ""
              },
              {
                "architecture": "x86",
                "category": "regular_purpose",
                "cores": 4,
                "cpu_type": "shared",
                "deprecation_announced": "",
                "description": "CPX 32",
                "disk": 160,
                "id": 110,
                "included_traffic": 0,
                "is_deprecated": false,
                "locations": [
                  {
                    "deprecation_announced": "",
                    "id": 1,
                    "is_deprecated": false,
                    "name": "fsn1",
                    "unavailable_after": ""
                  },
                  {
                    "deprecation_announced": "",
                    "id": 2,
                    "is_deprecated": false,
                    "name": "nbg1",
                    "unavailable_after": ""
                  },
                  {
                    "deprecation_announced": "",
                    "id": 3,
                    "is_deprecated": false,
                    "name": "hel1",
                    "unavailable_after": ""
                  },
                  {
                    "deprecation_announced": "",
                    "id": 6,
                    "is_deprecated": false,
                    "name": "sin",
                    "unavailable_after": ""
                  }
                ],
                "memory": 8,
                "name": "cpx32",
                "storage_type": "local",
                "unavailable_after": ""
              },
              {
                "architecture": "x86",
                "category": "regular_purpose",
                "cores": 8,
                "cpu_type": "shared",
                "deprecation_announced": "",
                "description": "CPX 42",
                "disk": 320,
                "id": 111,
                "included_traffic": 0,
                "is_deprecated": false,
                "locations": [
                  {
                    "deprecation_announced": "",
                    "id": 1,
                    "is_deprecated": false,
                    "name": "fsn1",
                    "unavailable_after": ""
                  },
                  {
                    "deprecation_announced": "",
                    "id": 2,
                    "is_deprecated": false,
                    "name": "nbg1",
                    "unavailable_after": ""
                  },
                  {
                    "deprecation_announced": "",
                    "id": 3,
                    "is_deprecated": false,
                    "name": "hel1",
                    "unavailable_after": ""
                  },
                  {
                    "deprecation_announced": "",
                    "id": 6,
                    "is_deprecated": false,
                    "name": "sin",
                    "unavailable_after": ""
                  }
                ],
                "memory": 16,
                "name": "cpx42",
                "storage_type": "local",
                "unavailable_after": ""
              },
              {
                "architecture": "x86",
                "category": "regular_purpose",
                "cores": 12,
                "cpu_type": "shared",
                "deprecation_announced": "",
                "description": "CPX 52",
                "disk": 480,
                "id": 112,
                "included_traffic": 0,
                "is_deprecated": false,
                "locations": [
                  {
                    "deprecation_announced": "",
                    "id": 1,
                    "is_deprecated": false,
                    "name": "fsn1",
                    "unavailable_after": ""
                  },
                  {
                    "deprecation_announced": "",
                    "id": 2,
                    "is_deprecated": false,
                    "name": "nbg1",
                    "unavailable_after": ""
                  },
                  {
                    "deprecation_announced": "",
                    "id": 3,
                    "is_deprecated": false,
                    "name": "hel1",
                    "unavailable_after": ""
                  },
                  {
                    "deprecation_announced": "",
                    "id": 6,
                    "is_deprecated": false,
                    "name": "sin",
                    "unavailable_after": ""
                  }
                ],
                "memory": 24,
                "name": "cpx52",
                "storage_type": "local",
                "unavailable_after": ""
              },
              {
                "architecture": "x86",
                "category": "regular_purpose",
                "cores": 16,
                "cpu_type": "shared",
                "deprecation_announced": "",
                "description": "CPX 62",
                "disk": 640,
                "id": 113,
                "included_traffic": 0,
                "is_deprecated": false,
                "locations": [
                  {
                    "deprecation_announced": "",
                    "id": 1,
                    "is_deprecated": false,
                    "name": "fsn1",
                    "unavailable_after": ""
                  },
                  {
                    "deprecation_announced": "",
                    "id": 2,
                    "is_deprecated": false,
                    "name": "nbg1",
                    "unavailable_after": ""
                  },
                  {
                    "deprecation_announced": "",
                    "id": 3,
                    "is_deprecated": false,
                    "name": "hel1",
                    "unavailable_after": ""
                  },
                  {
                    "deprecation_announced": "",
                    "id": 6,
                    "is_deprecated": false,
                    "name": "sin",
                    "unavailable_after": ""
                  }
                ],
                "memory": 32,
                "name": "cpx62",
                "storage_type": "local",
                "unavailable_after": ""
              },
              {
                "architecture": "x86",
                "category": "cost_optimized",
                "cores": 2,
                "cpu_type": "shared",
                "deprecation_announced": "",
                "description": "CX 23",
                "disk": 40,
                "id": 114,
                "included_traffic": 0,
                "is_deprecated": false,
                "locations": [
                  {
                    "deprecation_announced": "",
                    "id": 1,
                    "is_deprecated": false,
                    "name": "fsn1",
                    "unavailable_after": ""
                  },
                  {
                    "deprecation_announced": "",
                    "id": 2,
                    "is_deprecated": false,
                    "name": "nbg1",
                    "unavailable_after": ""
                  },
                  {
                    "deprecation_announced": "",
                    "id": 3,
                    "is_deprecated": false,
                    "name": "hel1",
                    "unavailable_after": ""
                  }
                ],
                "memory": 4,
                "name": "cx23",
                "storage_type": "local",
                "unavailable_after": ""
              },
              {
                "architecture": "x86",
                "category": "cost_optimized",
                "cores": 4,
                "cpu_type": "shared",
                "deprecation_announced": "",
                "description": "CX 33",
                "disk": 80,
                "id": 115,
                "included_traffic": 0,
                "is_deprecated": false,
                "locations": [
                  {
                    "deprecation_announced": "",
                    "id": 1,
                    "is_deprecated": false,
                    "name": "fsn1",
                    "unavailable_after": ""
                  },
                  {
                    "deprecation_announced": "",
                    "id": 2,
                    "is_deprecated": false,
                    "name": "nbg1",
                    "unavailable_after": ""
                  },
                  {
                    "deprecation_announced": "",
                    "id": 3,
                    "is_deprecated": false,
                    "name": "hel1",
                    "unavailable_after": ""
                  }
                ],
                "memory": 8,
                "name": "cx33",
                "storage_type": "local",
                "unavailable_after": ""
              },
              {
                "architecture": "x86",
                "category": "cost_optimized",
                "cores": 8,
                "cpu_type": "shared",
                "deprecation_announced": "",
                "description": "CX 43",
                "disk": 160,
                "id": 116,
                "included_traffic": 0,
                "is_deprecated": false,
                "locations": [
                  {
                    "deprecation_announced": "",
                    "id": 1,
                    "is_deprecated": false,
                    "name": "fsn1",
                    "unavailable_after": ""
                  },
                  {
                    "deprecation_announced": "",
                    "id": 2,
                    "is_deprecated": false,
                    "name": "nbg1",
                    "unavailable_after": ""
                  },
                  {
                    "deprecation_announced": "",
                    "id": 3,
                    "is_deprecated": false,
                    "name": "hel1",
                    "unavailable_after": ""
                  }
                ],
                "memory": 16,
                "name": "cx43",
                "storage_type": "local",
                "unavailable_after": ""
              },
              {
                "architecture": "x86",
                "category": "cost_optimized",
                "cores": 16,
                "cpu_type": "shared",
                "deprecation_announced": "",
                "description": "CX 53",
                "disk": 320,
                "id": 117,
                "included_traffic": 0,
                "is_deprecated": false,
                "locations": [
                  {
                    "deprecation_announced": "",
                    "id": 1,
                    "is_deprecated": false,
                    "name": "fsn1",
                    "unavailable_after": ""
                  },
                  {
                    "deprecation_announced": "",
                    "id": 2,
                    "is_deprecated": false,
                    "name": "nbg1",
                    "unavailable_after": ""
                  },
                  {
                    "deprecation_announced": "",
                    "id": 3,
                    "is_deprecated": false,
                    "name": "hel1",
                    "unavailable_after": ""
                  }
                ],
                "memory": 32,
                "name": "cx53",
                "storage_type": "local",
                "unavailable_after": ""
              }
            ]
          },
          "sensitive_attributes": []
        }
      ]
    },
    {
      "module": "module.tenant",
      "mode": "managed",
      "type": "cloudflare_dns_record",
      "name": "faraday",
      "provider": "module.tenant.provider[\"registry.terraform.io/cloudflare/cloudflare\"]",
      "instances": [
        {
          "schema_version": 0,
          "attributes": {
            "comment": null,
            "comment_modified_on": null,
            "content": "157.180.88.232",
            "created_on": "2025-10-17T12:37:08Z",
            "data": null,
            "id": "89f2a735cba93318a4f2932aecda1d66",
            "meta": "{}",
            "modified_on": "2025-10-17T12:37:08Z",
            "name": "faraday.demo.spm.openshield.io",
            "priority": null,
            "proxiable": true,
            "proxied": false,
            "settings": {
              "flatten_cname": null,
              "ipv4_only": null,
              "ipv6_only": null
            },
            "tags": [],
            "tags_modified_on": null,
            "ttl": 3600,
            "type": "A",
            "zone_id": "f92c4f6137dffe0e40aa658cc70e3fa8"
          },
          "sensitive_attributes": [],
          "dependencies": [
            "module.tenant.data.cloudflare_zone.openshield",
            "module.tenant.data.hcloud_server_type.selected",
            "module.tenant.data.hcloud_server_types.all",
            "module.tenant.hcloud_server.tenant_server",
            "module.tenant.hcloud_ssh_key.ssh_key",
            "module.tenant.tls_private_key.ssh_key"
          ]
        }
      ]
    },
    {
      "module": "module.tenant",
      "mode": "managed",
      "type": "hcloud_server",
      "name": "tenant_server",
      "provider": "module.tenant.provider[\"registry.terraform.io/hetznercloud/hcloud\"]",
      "instances": [
        {
          "schema_version": 0,
          "attributes": {
            "allow_deprecated_images": false,
            "backup_window": "",
            "backups": false,
            "datacenter": "hel1-dc2",
            "delete_protection": false,
            "firewall_ids": [],
            "id": "110984139",
            "ignore_remote_firewall_ids": false,
            "image": "ubuntu-22.04",
            "ipv4_address": "157.180.88.232",
            "ipv6_address": "2a01:4f9:c013:feed::1",
            "ipv6_network": "2a01:4f9:c013:feed::/64",
            "iso": null,
            "keep_disk": false,
            "labels": {
              "solution": "spm",
              "tenant": "demo"
            },
            "location": "hel1",
            "name": "spm-tenant-demo",
            "network": [],
            "placement_group_id": 0,
            "primary_disk_size": 80,
            "public_net": [],
            "rebuild_protection": false,
            "rescue": null,
            "server_type": "cpx21",
            "shutdown_before_deletion": false,
            "ssh_keys": [
              "103239749"
            ],
            "status": "running",
            "timeouts": null,
            "user_data": "cI7rXtEOb2zanHXOmHfMjiQWwm8="
          },
          "sensitive_attributes": [],
          "private": "eyJlMmJmYjczMC1lY2FhLTExZTYtOGY4OC0zNDM2M2JjN2M0YzAiOnsiY3JlYXRlIjo1NDAwMDAwMDAwMDAwfX0=",
          "dependencies": [
            "module.tenant.data.hcloud_server_type.selected",
            "module.tenant.data.hcloud_server_types.all",
            "module.tenant.hcloud_ssh_key.ssh_key",
            "module.tenant.tls_private_key.ssh_key"
          ]
        }
      ]
    },
    {
      "module": "module.tenant",
      "mode": "managed",
      "type": "hcloud_ssh_key",
      "name": "ssh_key",
      "provider": "module.tenant.provider[\"registry.terraform.io/hetznercloud/hcloud\"]",
      "instances": [
        {
          "schema_version": 0,
          "attributes": {
            "fingerprint": "c0:a5:58:df:09:a0:95:91:f7:53:e0:04:42:f3:e6:e2",
            "id": "103239749",
            "labels": {
              "solution": "spm",
              "tenant": "demo"
            },
            "name": "demo-ssh-key",
            "public_key": "ssh-rsa AAAAB3NzaC1yc2EAAAADAQABAAACAQDLIQMrDnqFApKnLq1gtCmU3Z/reby47ueSs1DRwUXPDiD6aAk536WZ0cj9NUJTCjJA4vXWPTuoslUbADABrJsFJLev/Sfo6anUFNilxCOFpZqr243Lqc1TLHIEJSxiHQ2ZjPlN2junYILtTLNdgHwk3vpTs4ehxJMTdIsK74TMVNzD0+OQpmvQ+XvKsnvUjBKKN2K2qKMNNIOxxN/ZnoaN/JGPlcotNC8ZkxtWVOWNSXB9GC23SW13HL+5wrGJuM+gvjWsiR7Ao09+oc6vri2hfXoPeFKqGjjUL31Jy0J8i104m2x+fWRW3onKnxDvvGY8t0p27FmPIV8kUZ4pYHvXgLYBQ9IAZRKksagKQkWe+Zwek5ncPKjfwyGb2OCb4PaKEHaYvMQOxC93ZmkyTQGuHiWqqVWf0K/dBQySQyKIRg+x9WM5qxkw5uIWiORmXHKykuJ4tR0RQ5nwwxip4GOxWzg9zOlNWOD7wPauCLOeEzl8ZLXZlws4ywHIfZoayw1z5LNBsSwlvcRJgVFJHGmCYb/UPqROYjhsX+QaTWdV8Ik6pkrJt6F6v7qDRMWdc7poUlDbtv/YeNapXngqjOTzdsnkNySVurY4hdwIm4zbXwJTw+0FOkG+Y92UwBobKWQcMY9qOwtjhZ1i4kHy96u51S/91blInzE619TLMkFG4Q==\n"
          },
          "sensitive_attributes": [],
          "dependencies": [
            "module.tenant.tls_private_key.ssh_key"
          ]
        }
      ]
    },
    {
      "module": "module.tenant",
      "mode": "managed",
      "type": "hcloud_volume",
      "name": "tenant_volume",
      "provider": "module.tenant.provider[\"registry.terraform.io/hetznercloud/hcloud\"]",
      "instances": [
        {
          "schema_version": 0,
          "attributes": {
            "automount": true,
            "delete_protection": false,
            "format": "ext4",
            "id": "103760685",
            "labels": {
              "solution": "spm",
              "tenant": "demo"
            },
            "linux_device": "/dev/disk/by-id/scsi-0HC_Volume_103760685",
            "location": "hel1",
            "name": "spm-tenant-demo-volume",
            "server_id": 110984139,
            "size": 50
          },
          "sensitive_attributes": [],
          "private": "bnVsbA==",
          "dependencies": [
            "module.tenant.data.hcloud_server_type.selected",
            "module.tenant.data.hcloud_server_types.all",
            "module.tenant.hcloud_server.tenant_server",
            "module.tenant.hcloud_ssh_key.ssh_key",
            "module.tenant.tls_private_key.ssh_key"
          ]
        }
      ]
    },
    {
      "module": "module.tenant",
      "mode": "managed",
      "type": "local_file",
      "name": "configure_faraday_nginx_sh",
      "provider": "provider[\"registry.terraform.io/hashicorp/local\"]",
      "instances": [
        {
          "schema_version": 0,
          "attributes": {
            "content": "#!/usr/bin/env bash\n\n# Request LetsEncrypt certificate for the domain\nsudo certbot certonly --nginx -d faraday.demo.spm.openshield.io --non-interactive --agree-tos -m certbot@cyberdef.cc --redirect \u003e /opt/faraday/certbot.log 2\u003e\u00261\n\n# Extract certificate and key paths\nCERT_PATH=$(grep -iE 'certificate is saved at:' /opt/faraday/certbot.log | awk '{print $5}')\nKEY_PATH=$(grep -iE 'key is saved at:' /opt/faraday/certbot.log | awk '{print $5}')\nif [ -z \"$CERT_PATH\" ] || [ -z \"$KEY_PATH\" ]; then\n    echo \"Failed to obtain SSL certificate. Check certbot log at /opt/faraday/certbot.log\"\n    exit 1\nfi\n\n# Generate Nginx configuration for Faraday\necho y | faraday-manage generate-nginx-config --fqdn faraday.demo.spm.openshield.io --port 5985 --ws-port 9000 --ssl-certificate $CERT_PATH --ssl-key $KEY_PATH | awk 'BEGIN{p=0} /^NGINX Config$/{getline; getline; p=1} p{print}' \u003e /opt/faraday/faraday.conf 2\u003e\u00261\n\n# Move the generated config to Nginx sites-available\nsudo mv /opt/faraday/faraday.conf /etc/nginx/sites-available/faraday.conf\nsudo ln -sf /etc/nginx/sites-available/faraday.conf /etc/nginx/sites-enabled/faraday.conf\n\n# Test Nginx configuration\nsudo nginx -t\nif [ $? -ne 0 ]; then\n    echo \"Nginx configuration test failed. Please check the configuration file.\"\n    exit 1\nfi\n\n# Reload Nginx to apply the new configuration\nsudo systemctl reload nginx",
            "content_base64": null,
            "content_base64sha256": "0kOlDDa5OCZvTiRykNQyDqjzX/HVTo9ElZv7ztly7+Y=",
            "content_base64sha512": "vpSpXfO7O0hvKvAD93G5p67p29MxXZdkPfPc1Ua5TMq/gqj3lJHdeMt3peCac4uJA4N7L0CkjE3PcCiP072Ppw==",
            "content_md5": "0c8f542b912564b0a3b0ce1587e4017b",
            "content_sha1": "6039f3cff3f6fa8289e5a4c4179d989aa6c09217",
            "content_sha256": "d243a50c36b938266f4e247290d4320ea8f35ff1d54e8f44959bfbced972efe6",
            "content_sha512": "be94a95df3bb3b486f2af003f771b9a7aee9dbd3315d97643df3dcd546b94ccabf82a8f79491dd78cb77a5e09a738b8903837b2f40a48c4dcf70288fd3bd8fa7",
            "directory_permission": "0777",
            "file_permission": "0777",
            "filename": "modules/tenant/_rendered/configure-faraday-nginx.sh",
            "id": "6039f3cff3f6fa8289e5a4c4179d989aa6c09217",
            "sensitive_content": null,
            "source": null
          },
          "sensitive_attributes": []
        }
      ]
    },
    {
      "module": "module.tenant",
      "mode": "managed",
      "type": "local_file",
      "name": "install_faraday_sh",
      "provider": "provider[\"registry.terraform.io/hashicorp/local\"]",
      "instances": [
        {
          "schema_version": 0,
          "attributes": {
            "content": "# !/bin/bash\n\n# A helper script to install Faraday on an Ubuntu server.\n# OS: Ubuntu 20.04 or later\n# Usage: ./install-faraday.sh \u003cVERSION|latest\u003e\n# Example: ./install-faraday.sh latest\n#\n# Author: YordanOpenShield\n\n# Update package lists\nsudo apt-get update\n\n# Create necessary directories\nsudo mkdir -p /opt/faraday\ncd /opt/faraday\n\n# Get latest version tag\nVERSION=latest\nif [ -z \"$VERSION\" ] || [ \"$VERSION\" = \"latest\" ]; then\n  echo \"Fetching latest Faraday release from GitHub...\"\n  # prefer jq if available\n  if command -v jq \u003e/dev/null 2\u003e\u00261; then\n    VERSION=$(curl -s https://api.github.com/repos/infobyte/faraday/releases/latest | jq -r .tag_name)\n  else\n    VERSION=$(curl -s https://api.github.com/repos/infobyte/faraday/releases/latest | grep -oP '\"tag_name\":\\s*\"\\K(.*)(?=\")' || true)\n  fi\n\n  if [ -z \"$VERSION\" ]; then\n    echo \"Failed to determine latest Faraday version.\"\n    exit 1\n  fi\n  echo \"Latest version is $VERSION\"\nfi\n\n# Download Faraday\nsudo wget https://github.com/infobyte/faraday/releases/download/$VERSION/faraday-server_amd64.deb\n\n# Make sure dependencies are installed\nsudo apt-get install -y postgresql redis python3 python3-pip\n\n# Install Faraday\nsudo dpkg -i /opt/faraday/faraday-server_amd64.deb || sudo apt install -f /opt/faraday/faraday-server_amd64.deb\n\n# Add current user to faraday group\nsudo usermod -aG faraday $(whoami)\n\n# Initialize Faraday database\nfaraday-manage initdb\n\n# Change faraday's admin password\nfaraday-manage change-password --username faraday --password 4QV%eWMGm@MWUQia\n\n# Reload systemd to recognize Faraday services\nsudo systemctl daemon-reload\n\n# Start and enable Faraday services\nsudo systemctl start faraday-server\nsudo systemctl enable faraday-server\n\nsudo systemctl start faraday-worker\nsudo systemctl enable faraday-worker\n\nsudo systemctl start faraday-worker-reports\nsudo systemctl enable faraday-worker-reports\n\n# Make sure Faraday is running\nif systemctl is-active --quiet faraday-server; then\n    echo \"Faraday server is running.\"\nelse\n    echo \"Faraday server failed to start.\"\n    exit 1\nfi",
            "content_base64": null,
            "content_base64sha256": "n+EPPq4eMRPo1Iy/lcTAcPDYo5eDHQaAGRF4ype/ovg=",
            "content_base64sha512": "NOH8XE3KmPAKU8GAMYVQRjDXgjVgqlc0gJp9v52ByI8S80zpvT/hpV495jyykH3IqGgnuZ2d8MVyLQx+j4owDw==",
            "content_md5": "ab62339bcd2d0e54520778f0aab45845",
            "content_sha1": "3312a5dbe3cc55a25b6bf2bad6bea4b85169c72d",
            "content_sha256": "9fe10f3eae1e3113e8d48cbf95c4c070f0d8a397831d0680191178ca97bfa2f8",
            "content_sha512": "34e1fc5c4dca98f00a53c1803185504630d7823560aa5734809a7dbf9d81c88f12f34ce9bd3fe1a55e3de63cb2907dc8a86827b99d9df0c5722d0c7e8f8a300f",
            "directory_permission": "0777",
            "file_permission": "0777",
            "filename": "modules/tenant/_rendered/install-faraday.sh",
            "id": "3312a5dbe3cc55a25b6bf2bad6bea4b85169c72d",
            "sensitive_content": null,
            "source": null
          },
          "sensitive_attributes": [
            [
              {
                "type": "get_attr",
                "value": "content"
              }
            ]
          ],
          "dependencies": [
            "module.tenant.random_password.faraday_password"
          ]
        }
      ]
    },
    {
      "module": "module.tenant",
      "mode": "managed",
      "type": "local_file",
      "name": "install_nginx_sh",
      "provider": "provider[\"registry.terraform.io/hashicorp/local\"]",
      "instances": [
        {
          "schema_version": 0,
          "attributes": {
            "content": "# !/bin/bash\n\n# Install Nginx\nsudo apt-get update\nsudo apt-get install -y nginx\nsudo systemctl start nginx\nsudo systemctl enable nginx\n\n# Install certbot\nsudo apt-get install -y certbot python3-certbot-nginx\n\n# Adjust firewall to allow HTTP and HTTPS traffic\nsudo ufw allow http\nsudo ufw allow https",
            "content_base64": null,
            "content_base64sha256": "fcUzYhwwezsI4U6aQmTi17TJwy1tHNWIsrY/fr48Iks=",
            "content_base64sha512": "psoCa0OYzxL7gE+l5ZTXPiYmv/9daIe86AsxfC6RzprjapYrUpTnVz3+MJHwpaiDPkZLMmqcAMgc42g8KzcnQA==",
            "content_md5": "1f1c8cc2862ad50f915cf7313e27441d",
            "content_sha1": "18439fd5d884a92015585d9b759b1c051c14d837",
            "content_sha256": "7dc533621c307b3b08e14e9a4264e2d7b4c9c32d6d1cd588b2b63f7ebe3c224b",
            "content_sha512": "a6ca026b4398cf12fb804fa5e594d73e2626bfff5d6887bce80b317c2e91ce9ae36a962b5294e7573dfe3091f0a5a8833e464b326a9c00c81ce3683c2b372740",
            "directory_permission": "0777",
            "file_permission": "0777",
            "filename": "modules/tenant/_rendered/install-nginx.sh",
            "id": "18439fd5d884a92015585d9b759b1c051c14d837",
            "sensitive_content": null,
            "source": null
          },
          "sensitive_attributes": []
        }
      ]
    },
    {
      "module": "module.tenant",
      "mode": "managed",
      "type": "null_resource",
      "name": "provision_faraday_scripts",
      "provider": "provider[\"registry.terraform.io/hashicorp/null\"]",
      "instances": [
        {
          "status": "tainted",
          "schema_version": 0,
          "attributes": {
            "id": "7564123476161838041",
            "triggers": {
              "always_run": "2025-10-17T12:37:08Z"
            }
          },
          "sensitive_attributes": [],
          "dependencies": [
            "module.tenant.cloudflare_dns_record.faraday",
            "module.tenant.data.cloudflare_zone.openshield",
            "module.tenant.data.hcloud_server_type.selected",
            "module.tenant.data.hcloud_server_types.all",
            "module.tenant.hcloud_server.tenant_server",
            "module.tenant.hcloud_ssh_key.ssh_key",
            "module.tenant.local_file.configure_faraday_nginx_sh",
            "module.tenant.local_file.install_faraday_sh",
            "module.tenant.local_file.install_nginx_sh",
            "module.tenant.random_password.faraday_password",
            "module.tenant.tls_private_key.ssh_key"
          ]
        }
      ]
    },
    {
      "module": "module.tenant",
      "mode": "managed",
      "type": "random_password",
      "name": "faraday_password",
      "provider": "provider[\"registry.terraform.io/hashicorp/random\"]",
      "instances": [
        {
          "schema_version": 3,
          "attributes": {
            "bcrypt_hash": "$2a$10$M7wKmppJ/Uybo0HbaK9kfO2pe/9VWHMhUJPWZ/9Bsf/DCmstje.Ri",
            "id": "none",
            "keepers": null,
            "length": 16,
            "lower": true,
            "min_lower": 0,
            "min_numeric": 0,
            "min_special": 0,
            "min_upper": 0,
            "number": true,
            "numeric": true,
            "override_special": "_%@",
            "result": "4QV%eWMGm@MWUQia",
            "special": true,
            "upper": true
          },
          "sensitive_attributes": []
        }
      ]
    },
    {
      "module": "module.tenant",
      "mode": "managed",
      "type": "tls_private_key",
      "name": "ssh_key",
      "provider": "provider[\"registry.terraform.io/hashicorp/tls\"]",
      "instances": [
        {
          "schema_version": 1,
          "attributes": {
            "algorithm": "RSA",
            "ecdsa_curve": "P224",
            "id": "4ce764b49508390e58c7053f6b3f52342e32b758",
            "private_key_openssh": "-----BEGIN OPENSSH PRIVATE KEY-----\nb3BlbnNzaC1rZXktdjEAAAAABG5vbmUAAAAEbm9uZQAAAAAAAAABAAACFwAAAAdz\nc2gtcnNhAAAAAwEAAQAAAgEAyyEDKw56hQKSpy6tYLQplN2f63m8uO7nkrNQ0cFF\nzw4g+mgJOd+lmdHI/TVCUwoyQOL11j07qLJVGwAwAaybBSS3r/0n6Omp1BTYpcQj\nhaWaq9uNy6nNUyxyBCUsYh0NmYz5Tdo7p2CC7UyzXYB8JN76U7OHocSTE3SLCu+E\nzFTcw9PjkKZr0Pl7yrJ71IwSijditqijDTSDscTf2Z6GjfyRj5XKLTQvGZMbVlTl\njUlwfRgtt0ltdxy/ucKxibjPoL41rIkewKNPfqHOr64toX16D3hSqho41C99SctC\nfItdOJtsfn1kVt6Jyp8Q77xmPLdKduxZjyFfJFGeKWB714C2AUPSAGUSpLGoCkJF\nnvmcHpOZ3Dyo38Mhm9jgm+D2ihB2mLzEDsQvd2ZpMk0Brh4lqqlVn9Cv3QUMkkMi\niEYPsfVjOasZMObiFojkZlxyspLieLUdEUOZ8MMYqeBjsVs4PczpTVjg+8D2rgiz\nnhM5fGS12ZcLOMsByH2aGssNc+SzQbEsJb3ESYFRSRxpgmG/1D6kTmI4bF/kGk1n\nVfCJOqZKybeher+6g0TFnXO6aFJQ27b/2HjWqV54Kozk83bJ5Dcklbq2OIXcCJuM\n218CU8PtBTpBvmPdlMAaGylkHDGPajsLY4WdYuJB8verudUv/dW5SJ8xOtfUyzJB\nRuEAAAc4ZFfw62RX8OsAAAAHc3NoLXJzYQAAAgEAyyEDKw56hQKSpy6tYLQplN2f\n63m8uO7nkrNQ0cFFzw4g+mgJOd+lmdHI/TVCUwoyQOL11j07qLJVGwAwAaybBSS3\nr/0n6Omp1BTYpcQjhaWaq9uNy6nNUyxyBCUsYh0NmYz5Tdo7p2CC7UyzXYB8JN76\nU7OHocSTE3SLCu+EzFTcw9PjkKZr0Pl7yrJ71IwSijditqijDTSDscTf2Z6GjfyR\nj5XKLTQvGZMbVlTljUlwfRgtt0ltdxy/ucKxibjPoL41rIkewKNPfqHOr64toX16\nD3hSqho41C99SctCfItdOJtsfn1kVt6Jyp8Q77xmPLdKduxZjyFfJFGeKWB714C2\nAUPSAGUSpLGoCkJFnvmcHpOZ3Dyo38Mhm9jgm+D2ihB2mLzEDsQvd2ZpMk0Brh4l\nqqlVn9Cv3QUMkkMiiEYPsfVjOasZMObiFojkZlxyspLieLUdEUOZ8MMYqeBjsVs4\nPczpTVjg+8D2rgiznhM5fGS12ZcLOMsByH2aGssNc+SzQbEsJb3ESYFRSRxpgmG/\n1D6kTmI4bF/kGk1nVfCJOqZKybeher+6g0TFnXO6aFJQ27b/2HjWqV54Kozk83bJ\n5Dcklbq2OIXcCJuM218CU8PtBTpBvmPdlMAaGylkHDGPajsLY4WdYuJB8verudUv\n/dW5SJ8xOtfUyzJBRuEAAAADAQABAAACAFa12OxgWdy9pGzJeCl3vuhVUxbp+K3Z\nDfGJqk5f+rTQizNZhda2qbJn4yxzt8RK7fjU6axypyz0M3A7PEL6s5IWgnMV1huO\n43gtDe51M9SxRL1oE7eE3KlMp78tPy0CyfNqQmIBbsWcZUd3HnojhtsWdDWWxadA\niqgbb99TL5UqBLNzmAj/gbbLSRTV7BZnVOK7kd/3TOMuL6mLKSN0kGu8DUcF4jA5\nvoFkUp8fzn3pg6Ni1uEO7zORiiZ5/d+UjM1JZRAp2H7TN/QOjnRgHgp5zckcy+zh\nFLE/NHRz2AXiWAD6F+5HCLYseRWNoWU1P09bzuXFLtXyoPKYBLQVA8fPsUdPTwg0\neLabRgbRdN4/zqOurnVlntL0+IE+F1NvrGcENhe+hGXp4J1ArkyMHvTnqhkAOn/b\n8v2J/iSUXkCgo3HWZzGjJ5/xUdm4sfGzaZhKYW7XrKkIe68TzHKWvOKLYJy+uQDl\nUkh0nA/2G1kT83t2a+Mk+zSGT8exJ1fJGjJTupC3l/RyqQC1sdNrNcpJ0WDPKAU2\nFFFuVOuzbH3m4HLrmS/5bCm0hdaPNr8iWtcvIrP7hjV8JBAexMIbbYLlh5kFnXHw\nDTx+SgYlxqQjFepRGAdj7kL07WyfBc5k77REkUdtpRcoP1uOKcZhgJZLw2eFaK97\nXU4GJxwUlFMhAAABAHTogz0HyJlaiUC0OBlNe3Re3F7GrmmhgCgWm82HB/8jAabZ\nt8u7iJNuhir/v3f+qVTGBqIWLzJMjpoG6uJlClFvw6h45GqPrxY6yW94cXdrZ4UF\n01MhUbjS5etfOjobh2uUID3hT4+wEcAftPRAi22H51LvHnfQEoq3QxLyEuXSo437\nqQ8dATRjCCVsJViox/4usCRk8W9pwKYKvA5cFK6wu7YLRXOMymYbTCkHuB0hFFRJ\nz6ewhQU5bnnYjJiMHQNU8uKaVf3yCDdHtGn59LFhAqPIbz0YmTbIok+j7CcZ3oRq\nG8U99JJHwiiPKlLSytJk/lOIMXLwfJ24xt8l1aQAAAEBAO/ow9HvDQIDbKtbcfkm\nwjcoXx2RRtXGbAhmVtmJ2pQKT18UhCVH5939kSOB3XqtaI+NE4424Qz7MpVM66Cv\nmby5yVDZ689cD9iGpdi5mAys/SqMV7Xib981xU7OdsYcQwjx3li40bMUwOV3XXIW\nyc/zkh8K26HdvjYS/Dz9D0mvNw1lF9FP5HsH6oPX5exqrTjMlfGSNE90ENT9LLdM\nnxyLS4To59a11jUINXb8q9uvqryF7UjqwwFMpEEL598WLo63NNXrr9tak7UB4+hQ\no5DCj3xAXxYUwThxkmOQL0Xznpiiu2xhUJDK83LkOodyz0qRgFbxbU1L5FA0I7IV\nQh8AAAEBANjAuyIuSKOxDFuKlLQKS1SZV/kNTf010/XG2jQKrjP2DQHKEcSKref3\nH5HJamUlxtnJjwgzdiihU2wzeanRGgfe7U+bwGdUkCxto/tjl259DgXurZ1k79JN\njaCxgep7B3cRhG3ElNiACxB083NxknUVmtOemx9JNcEuzD5tFjB1MV3iuvK9w7Br\n0GXE2ix4czbmHZLBPi5Z/owWo7f/LT5yrjuy42RcIZIYLYwSKhk7VcLxe3CynPLz\nGq9G6udZzUwfSil0IBgG1IN8w/9TQp/RZXzfmH0kXGGEchsSG4UrAen8T/FSjKX+\nQCq5QlPmtUf8h4RXqTXQdjI5DEViVv8AAAAAAQID\n-----END OPENSSH PRIVATE KEY-----\n",
            "private_key_pem": "-----BEGIN RSA PRIVATE KEY-----\nMIIJJwIBAAKCAgEAyyEDKw56hQKSpy6tYLQplN2f63m8uO7nkrNQ0cFFzw4g+mgJ\nOd+lmdHI/TVCUwoyQOL11j07qLJVGwAwAaybBSS3r/0n6Omp1BTYpcQjhaWaq9uN\ny6nNUyxyBCUsYh0NmYz5Tdo7p2CC7UyzXYB8JN76U7OHocSTE3SLCu+EzFTcw9Pj\nkKZr0Pl7yrJ71IwSijditqijDTSDscTf2Z6GjfyRj5XKLTQvGZMbVlTljUlwfRgt\nt0ltdxy/ucKxibjPoL41rIkewKNPfqHOr64toX16D3hSqho41C99SctCfItdOJts\nfn1kVt6Jyp8Q77xmPLdKduxZjyFfJFGeKWB714C2AUPSAGUSpLGoCkJFnvmcHpOZ\n3Dyo38Mhm9jgm+D2ihB2mLzEDsQvd2ZpMk0Brh4lqqlVn9Cv3QUMkkMiiEYPsfVj\nOasZMObiFojkZlxyspLieLUdEUOZ8MMYqeBjsVs4PczpTVjg+8D2rgiznhM5fGS1\n2ZcLOMsByH2aGssNc+SzQbEsJb3ESYFRSRxpgmG/1D6kTmI4bF/kGk1nVfCJOqZK\nybeher+6g0TFnXO6aFJQ27b/2HjWqV54Kozk83bJ5Dcklbq2OIXcCJuM218CU8Pt\nBTpBvmPdlMAaGylkHDGPajsLY4WdYuJB8verudUv/dW5SJ8xOtfUyzJBRuECAwEA\nAQKCAgBWtdjsYFncvaRsyXgpd77oVVMW6fit2Q3xiapOX/q00IszWYXWtqmyZ+Ms\nc7fESu341Omscqcs9DNwOzxC+rOSFoJzFdYbjuN4LQ3udTPUsUS9aBO3hNypTKe/\nLT8tAsnzakJiAW7FnGVHdx56I4bbFnQ1lsWnQIqoG2/fUy+VKgSzc5gI/4G2y0kU\n1ewWZ1Tiu5Hf90zjLi+piykjdJBrvA1HBeIwOb6BZFKfH8596YOjYtbhDu8zkYom\nef3flIzNSWUQKdh+0zf0Do50YB4Kec3JHMvs4RSxPzR0c9gF4lgA+hfuRwi2LHkV\njaFlNT9PW87lxS7V8qDymAS0FQPHz7FHT08INHi2m0YG0XTeP86jrq51ZZ7S9PiB\nPhdTb6xnBDYXvoRl6eCdQK5MjB7056oZADp/2/L9if4klF5AoKNx1mcxoyef8VHZ\nuLHxs2mYSmFu16ypCHuvE8xylrzii2CcvrkA5VJIdJwP9htZE/N7dmvjJPs0hk/H\nsSdXyRoyU7qQt5f0cqkAtbHTazXKSdFgzygFNhRRblTrs2x95uBy65kv+WwptIXW\njza/IlrXLyKz+4Y1fCQQHsTCG22C5YeZBZ1x8A08fkoGJcakIxXqURgHY+5C9O1s\nnwXOZO+0RJFHbaUXKD9bjinGYYCWS8NnhWive11OBiccFJRTIQKCAQEA7+jD0e8N\nAgNsq1tx+SbCNyhfHZFG1cZsCGZW2YnalApPXxSEJUfn3f2RI4Hdeq1oj40Tjjbh\nDPsylUzroK+ZvLnJUNnrz1wP2Ial2LmYDKz9KoxXteJv3zXFTs52xhxDCPHeWLjR\nsxTA5XddchbJz/OSHwrbod2+NhL8PP0PSa83DWUX0U/kewfqg9fl7GqtOMyV8ZI0\nT3QQ1P0st0yfHItLhOjn1rXWNQg1dvyr26+qvIXtSOrDAUykQQvn3xYujrc01euv\n21qTtQHj6FCjkMKPfEBfFhTBOHGSY5AvRfOemKK7bGFQkMrzcuQ6h3LPSpGAVvFt\nTUvkUDQjshVCHwKCAQEA2MC7Ii5Io7EMW4qUtApLVJlX+Q1N/TXT9cbaNAquM/YN\nAcoRxIqt5/cfkclqZSXG2cmPCDN2KKFTbDN5qdEaB97tT5vAZ1SQLG2j+2OXbn0O\nBe6tnWTv0k2NoLGB6nsHdxGEbcSU2IALEHTzc3GSdRWa056bH0k1wS7MPm0WMHUx\nXeK68r3DsGvQZcTaLHhzNuYdksE+Lln+jBajt/8tPnKuO7LjZFwhkhgtjBIqGTtV\nwvF7cLKc8vMar0bq51nNTB9KKXQgGAbUg3zD/1NCn9FlfN+YfSRcYYRyGxIbhSsB\n6fxP8VKMpf5AKrlCU+a1R/yHhFepNdB2MjkMRWJW/wKCAQBKPfUDbX/QBLFHYhgm\nK0lk+lhc9Q0/sJTUEJ+F2HRM5dfkK5wtUVA+0W5t141rnmhCLD1GAFOqyb3AmDo+\n0ri3v6K+I4Im/G1m61w9cknMemgqF545Cibmo2Q43AnDixFvnjHZsPAsBBshp8vC\nN60iblTkyF5pfA6V+1AVq5ZkjhVyTruNKbUiIbQAMvrTK7wJXL52MHGBuQBQeTyy\nSMLgeXbYXZ8JQeJVLQImnVCtvnIOvz9MFmJcb5RRENcjoWCtB6MRJEuajTAyjrAx\nv2qurJbss5r5YVjeF79ekkse0aJdx9ZKVt8wv62Q+3HlYrEleVuHDFVv2zF/ZHM7\nc/qvAoIBACapqjecneRk7lldzMyYkXtTpveLwf+KnHZYtA9YYF5wYz2Qd77hJcgc\nsorkrI/CP0gVxeemlksFC8ZfIDKEU+pXf2kV1SoZUWY7YGa1CwvwTpIMUveiS4zt\nvHePcicLLve0LjUOPaaooFCdK9fJyGAOLIHW5sCb5HTDDjeMacrW/KlMiiBGbSOI\n97FPfcM08Qg338qPobHO57LBTw7A+6cJ+b44WItMS8ite2Ji0xORG+kb/fLKSWik\nqHvfYINH53DOnAHs7tSaU0no9WUTyuyLA1lU4PRhigDzCQ9/GV2VoE/Ga9QV73Sk\nd3mndgdVPbzLdLjMkihBOPQYbPHraq0CggEAdOiDPQfImVqJQLQ4GU17dF7cXsau\naaGAKBabzYcH/yMBptm3y7uIk26GKv+/d/6pVMYGohYvMkyOmgbq4mUKUW/DqHjk\nao+vFjrJb3hxd2tnhQXTUyFRuNLl6186OhuHa5QgPeFPj7ARwB+09ECLbYfnUu8e\nd9ASirdDEvIS5dKjjfupDx0BNGMIJWwlWKjH/i6wJGTxb2nApgq8DlwUrrC7tgtF\nc4zKZhtMKQe4HSEUVEnPp7CFBTluediMmIwdA1Ty4ppV/fIIN0e0afn0sWECo8hv\nPRiZNsiiT6PsJxnehGobxT30kkfCKI8qUtLK0mT+U4gxcvB8nbjG3yXVpA==\n-----END RSA PRIVATE KEY-----\n",
            "private_key_pem_pkcs8": "-----BEGIN PRIVATE KEY-----\nMIIJQQIBADANBgkqhkiG9w0BAQEFAASCCSswggknAgEAAoICAQDLIQMrDnqFApKn\nLq1gtCmU3Z/reby47ueSs1DRwUXPDiD6aAk536WZ0cj9NUJTCjJA4vXWPTuoslUb\nADABrJsFJLev/Sfo6anUFNilxCOFpZqr243Lqc1TLHIEJSxiHQ2ZjPlN2junYILt\nTLNdgHwk3vpTs4ehxJMTdIsK74TMVNzD0+OQpmvQ+XvKsnvUjBKKN2K2qKMNNIOx\nxN/ZnoaN/JGPlcotNC8ZkxtWVOWNSXB9GC23SW13HL+5wrGJuM+gvjWsiR7Ao09+\noc6vri2hfXoPeFKqGjjUL31Jy0J8i104m2x+fWRW3onKnxDvvGY8t0p27FmPIV8k\nUZ4pYHvXgLYBQ9IAZRKksagKQkWe+Zwek5ncPKjfwyGb2OCb4PaKEHaYvMQOxC93\nZmkyTQGuHiWqqVWf0K/dBQySQyKIRg+x9WM5qxkw5uIWiORmXHKykuJ4tR0RQ5nw\nwxip4GOxWzg9zOlNWOD7wPauCLOeEzl8ZLXZlws4ywHIfZoayw1z5LNBsSwlvcRJ\ngVFJHGmCYb/UPqROYjhsX+QaTWdV8Ik6pkrJt6F6v7qDRMWdc7poUlDbtv/YeNap\nXngqjOTzdsnkNySVurY4hdwIm4zbXwJTw+0FOkG+Y92UwBobKWQcMY9qOwtjhZ1i\n4kHy96u51S/91blInzE619TLMkFG4QIDAQABAoICAFa12OxgWdy9pGzJeCl3vuhV\nUxbp+K3ZDfGJqk5f+rTQizNZhda2qbJn4yxzt8RK7fjU6axypyz0M3A7PEL6s5IW\ngnMV1huO43gtDe51M9SxRL1oE7eE3KlMp78tPy0CyfNqQmIBbsWcZUd3HnojhtsW\ndDWWxadAiqgbb99TL5UqBLNzmAj/gbbLSRTV7BZnVOK7kd/3TOMuL6mLKSN0kGu8\nDUcF4jA5voFkUp8fzn3pg6Ni1uEO7zORiiZ5/d+UjM1JZRAp2H7TN/QOjnRgHgp5\nzckcy+zhFLE/NHRz2AXiWAD6F+5HCLYseRWNoWU1P09bzuXFLtXyoPKYBLQVA8fP\nsUdPTwg0eLabRgbRdN4/zqOurnVlntL0+IE+F1NvrGcENhe+hGXp4J1ArkyMHvTn\nqhkAOn/b8v2J/iSUXkCgo3HWZzGjJ5/xUdm4sfGzaZhKYW7XrKkIe68TzHKWvOKL\nYJy+uQDlUkh0nA/2G1kT83t2a+Mk+zSGT8exJ1fJGjJTupC3l/RyqQC1sdNrNcpJ\n0WDPKAU2FFFuVOuzbH3m4HLrmS/5bCm0hdaPNr8iWtcvIrP7hjV8JBAexMIbbYLl\nh5kFnXHwDTx+SgYlxqQjFepRGAdj7kL07WyfBc5k77REkUdtpRcoP1uOKcZhgJZL\nw2eFaK97XU4GJxwUlFMhAoIBAQDv6MPR7w0CA2yrW3H5JsI3KF8dkUbVxmwIZlbZ\nidqUCk9fFIQlR+fd/ZEjgd16rWiPjROONuEM+zKVTOugr5m8uclQ2evPXA/YhqXY\nuZgMrP0qjFe14m/fNcVOznbGHEMI8d5YuNGzFMDld11yFsnP85IfCtuh3b42Evw8\n/Q9JrzcNZRfRT+R7B+qD1+Xsaq04zJXxkjRPdBDU/Sy3TJ8ci0uE6OfWtdY1CDV2\n/Kvbr6q8he1I6sMBTKRBC+ffFi6OtzTV66/bWpO1AePoUKOQwo98QF8WFME4cZJj\nkC9F856YortsYVCQyvNy5DqHcs9KkYBW8W1NS+RQNCOyFUIfAoIBAQDYwLsiLkij\nsQxbipS0CktUmVf5DU39NdP1xto0Cq4z9g0ByhHEiq3n9x+RyWplJcbZyY8IM3Yo\noVNsM3mp0RoH3u1Pm8BnVJAsbaP7Y5dufQ4F7q2dZO/STY2gsYHqewd3EYRtxJTY\ngAsQdPNzcZJ1FZrTnpsfSTXBLsw+bRYwdTFd4rryvcOwa9BlxNoseHM25h2SwT4u\nWf6MFqO3/y0+cq47suNkXCGSGC2MEioZO1XC8Xtwspzy8xqvRurnWc1MH0opdCAY\nBtSDfMP/U0Kf0WV835h9JFxhhHIbEhuFKwHp/E/xUoyl/kAquUJT5rVH/IeEV6k1\n0HYyOQxFYlb/AoIBAEo99QNtf9AEsUdiGCYrSWT6WFz1DT+wlNQQn4XYdEzl1+Qr\nnC1RUD7Rbm3XjWueaEIsPUYAU6rJvcCYOj7SuLe/or4jgib8bWbrXD1yScx6aCoX\nnjkKJuajZDjcCcOLEW+eMdmw8CwEGyGny8I3rSJuVOTIXml8DpX7UBWrlmSOFXJO\nu40ptSIhtAAy+tMrvAlcvnYwcYG5AFB5PLJIwuB5dthdnwlB4lUtAiadUK2+cg6/\nP0wWYlxvlFEQ1yOhYK0HoxEkS5qNMDKOsDG/aq6sluyzmvlhWN4Xv16SSx7Rol3H\n1kpW3zC/rZD7ceVisSV5W4cMVW/bMX9kcztz+q8CggEAJqmqN5yd5GTuWV3MzJiR\ne1Om94vB/4qcdli0D1hgXnBjPZB3vuElyByyiuSsj8I/SBXF56aWSwULxl8gMoRT\n6ld/aRXVKhlRZjtgZrULC/BOkgxS96JLjO28d49yJwsu97QuNQ49pqigUJ0r18nI\nYA4sgdbmwJvkdMMON4xpytb8qUyKIEZtI4j3sU99wzTxCDffyo+hsc7nssFPDsD7\npwn5vjhYi0xLyK17YmLTE5Eb6Rv98spJaKSoe99gg0fncM6cAezu1JpTSej1ZRPK\n7IsDWVTg9GGKAPMJD38ZXZWgT8Zr1BXvdKR3ead2B1U9vMt0uMySKEE49Bhs8etq\nrQKCAQB06IM9B8iZWolAtDgZTXt0Xtxexq5poYAoFpvNhwf/IwGm2bfLu4iTboYq\n/793/qlUxgaiFi8yTI6aBuriZQpRb8OoeORqj68WOslveHF3a2eFBdNTIVG40uXr\nXzo6G4drlCA94U+PsBHAH7T0QItth+dS7x530BKKt0MS8hLl0qON+6kPHQE0Ywgl\nbCVYqMf+LrAkZPFvacCmCrwOXBSusLu2C0VzjMpmG0wpB7gdIRRUSc+nsIUFOW55\n2IyYjB0DVPLimlX98gg3R7Rp+fSxYQKjyG89GJk2yKJPo+wnGd6EahvFPfSSR8Io\njypS0srSZP5TiDFy8HyduMbfJdWk\n-----END PRIVATE KEY-----\n",
            "public_key_fingerprint_md5": "c0:a5:58:df:09:a0:95:91:f7:53:e0:04:42:f3:e6:e2",
            "public_key_fingerprint_sha256": "SHA256:8eMHI9ogNu4271q9O2nb0TxZflZeILiA4iqIHtlTMsk",
            "public_key_openssh": "ssh-rsa AAAAB3NzaC1yc2EAAAADAQABAAACAQDLIQMrDnqFApKnLq1gtCmU3Z/reby47ueSs1DRwUXPDiD6aAk536WZ0cj9NUJTCjJA4vXWPTuoslUbADABrJsFJLev/Sfo6anUFNilxCOFpZqr243Lqc1TLHIEJSxiHQ2ZjPlN2junYILtTLNdgHwk3vpTs4ehxJMTdIsK74TMVNzD0+OQpmvQ+XvKsnvUjBKKN2K2qKMNNIOxxN/ZnoaN/JGPlcotNC8ZkxtWVOWNSXB9GC23SW13HL+5wrGJuM+gvjWsiR7Ao09+oc6vri2hfXoPeFKqGjjUL31Jy0J8i104m2x+fWRW3onKnxDvvGY8t0p27FmPIV8kUZ4pYHvXgLYBQ9IAZRKksagKQkWe+Zwek5ncPKjfwyGb2OCb4PaKEHaYvMQOxC93ZmkyTQGuHiWqqVWf0K/dBQySQyKIRg+x9WM5qxkw5uIWiORmXHKykuJ4tR0RQ5nwwxip4GOxWzg9zOlNWOD7wPauCLOeEzl8ZLXZlws4ywHIfZoayw1z5LNBsSwlvcRJgVFJHGmCYb/UPqROYjhsX+QaTWdV8Ik6pkrJt6F6v7qDRMWdc7poUlDbtv/YeNapXngqjOTzdsnkNySVurY4hdwIm4zbXwJTw+0FOkG+Y92UwBobKWQcMY9qOwtjhZ1i4kHy96u51S/91blInzE619TLMkFG4Q==\n",
            "public_key_pem": "-----BEGIN PUBLIC KEY-----\nMIICIjANBgkqhkiG9w0BAQEFAAOCAg8AMIICCgKCAgEAyyEDKw56hQKSpy6tYLQp\nlN2f63m8uO7nkrNQ0cFFzw4g+mgJOd+lmdHI/TVCUwoyQOL11j07qLJVGwAwAayb\nBSS3r/0n6Omp1BTYpcQjhaWaq9uNy6nNUyxyBCUsYh0NmYz5Tdo7p2CC7UyzXYB8\nJN76U7OHocSTE3SLCu+EzFTcw9PjkKZr0Pl7yrJ71IwSijditqijDTSDscTf2Z6G\njfyRj5XKLTQvGZMbVlTljUlwfRgtt0ltdxy/ucKxibjPoL41rIkewKNPfqHOr64t\noX16D3hSqho41C99SctCfItdOJtsfn1kVt6Jyp8Q77xmPLdKduxZjyFfJFGeKWB7\n14C2AUPSAGUSpLGoCkJFnvmcHpOZ3Dyo38Mhm9jgm+D2ihB2mLzEDsQvd2ZpMk0B\nrh4lqqlVn9Cv3QUMkkMiiEYPsfVjOasZMObiFojkZlxyspLieLUdEUOZ8MMYqeBj\nsVs4PczpTVjg+8D2rgiznhM5fGS12ZcLOMsByH2aGssNc+SzQbEsJb3ESYFRSRxp\ngmG/1D6kTmI4bF/kGk1nVfCJOqZKybeher+6g0TFnXO6aFJQ27b/2HjWqV54Kozk\n83bJ5Dcklbq2OIXcCJuM218CU8PtBTpBvmPdlMAaGylkHDGPajsLY4WdYuJB8ver\nudUv/dW5SJ8xOtfUyzJBRuECAwEAAQ==\n-----END PUBLIC KEY-----\n",
            "rsa_bits": 4096
          },
          "sensitive_attributes": []
        }
      ]
    }
  ],
  "check_results": null
}
