{
  "version": 4,
  "terraform_version": "1.5.0",
  "serial": 24,
  "lineage": "614abf32-486e-c667-38dd-15753f59d47a",
  "outputs": {
    "cluster_id": {
      "value": "59fb6bbb-8dec-4dce-b052-6c4d09176589",
      "type": "string"
    },
    "cluster_name": {
      "value": "spm-cluster",
      "type": "string"
    }
  },
  "resources": [
    {
      "mode": "data",
      "type": "cloudflare_zone",
      "name": "openshield_zone",
      "provider": "provider[\"registry.terraform.io/cloudflare/cloudflare\"]",
      "instances": [
        {
          "schema_version": 0,
          "attributes": {
            "account": {
              "id": "bca3124de7c86d659a959f06cb35043d",
              "name": "Cloudflare@cyberdef.cc's Account"
            },
            "activated_on": "2025-04-21T11:29:39Z",
            "cname_suffix": null,
            "created_on": "2025-04-21T11:00:21Z",
            "development_mode": 0,
            "filter": {
              "account": null,
              "direction": null,
              "match": null,
              "name": "openshield.io",
              "order": null,
              "status": null
            },
            "id": null,
            "meta": {
              "cdn_only": null,
              "custom_certificate_quota": 0,
              "dns_only": null,
              "foundation_dns": null,
              "page_rule_quota": 3,
              "phishing_detected": false,
              "step": 2
            },
            "modified_on": "2025-04-21T11:29:39Z",
            "name": "openshield.io",
            "name_servers": [
              "kiki.ns.cloudflare.com",
              "lloyd.ns.cloudflare.com"
            ],
            "original_dnshost": null,
            "original_name_servers": [
              "dns1.registrar-servers.com",
              "dns2.registrar-servers.com"
            ],
            "original_registrar": "namecheap, inc. (id: 1068)",
            "owner": {
              "id": null,
              "name": null,
              "type": "user"
            },
            "paused": false,
            "permissions": [
              "#dns_records:edit",
              "#dns_records:read",
              "#zone:read"
            ],
            "plan": {
              "can_subscribe": false,
              "currency": "USD",
              "externally_managed": false,
              "frequency": "",
              "id": "0feeeeeeeeeeeeeeeeeeeeeeeeeeeeee",
              "is_subscribed": false,
              "legacy_discount": false,
              "legacy_id": "free",
              "name": "Free Website",
              "price": 0
            },
            "status": "active",
            "tenant": {
              "id": null,
              "name": null
            },
            "tenant_unit": {
              "id": null
            },
            "type": "full",
            "vanity_name_servers": [],
            "verification_key": null,
            "zone_id": "f92c4f6137dffe0e40aa658cc70e3fa8"
          },
          "sensitive_attributes": []
        }
      ]
    },
    {
      "mode": "data",
      "type": "digitalocean_kubernetes_versions",
      "name": "available",
      "provider": "provider[\"registry.terraform.io/digitalocean/digitalocean\"]",
      "instances": [
        {
          "schema_version": 0,
          "attributes": {
            "id": "terraform-20251008140819109100000001",
            "latest_version": "1.33.1-do.4",
            "valid_versions": [
              "1.33.1-do.4",
              "1.32.5-do.4",
              "1.31.9-do.4"
            ],
            "version_prefix": null
          },
          "sensitive_attributes": []
        }
      ]
    },
    {
      "mode": "managed",
      "type": "cloudflare_dns_record",
      "name": "tenant",
      "provider": "provider[\"registry.terraform.io/cloudflare/cloudflare\"]",
      "instances": []
    },
    {
      "mode": "managed",
      "type": "digitalocean_kubernetes_cluster",
      "name": "spm_cluster",
      "provider": "provider[\"registry.terraform.io/digitalocean/digitalocean\"]",
      "instances": [
        {
          "schema_version": 3,
          "attributes": {
            "amd_gpu_device_metrics_exporter_plugin": [
              {
                "enabled": false
              }
            ],
            "amd_gpu_device_plugin": [
              {
                "enabled": false
              }
            ],
            "auto_upgrade": true,
            "cluster_autoscaler_configuration": [],
            "cluster_subnet": "10.244.0.0/16",
            "control_plane_firewall": [],
            "created_at": "2025-10-08 14:08:21 +0000 UTC",
            "destroy_all_associated_resources": false,
            "endpoint": "https://59fb6bbb-8dec-4dce-b052-6c4d09176589.k8s.ondigitalocean.com",
            "ha": false,
            "id": "59fb6bbb-8dec-4dce-b052-6c4d09176589",
            "ipv4_address": "",
            "kube_config": [
              {
                "client_certificate": "",
                "client_key": "",
                "cluster_ca_certificate": "LS0tLS1CRUdJTiBDRVJUSUZJQ0FURS0tLS0tCk1JSURKekNDQWcrZ0F3SUJBZ0lDQm5Vd0RRWUpLb1pJaHZjTkFRRUxCUUF3TXpFVk1CTUdBMVVFQ2hNTVJHbG4KYVhSaGJFOWpaV0Z1TVJvd0dBWURWUVFERXhGck9ITmhZWE1nUTJ4MWMzUmxjaUJEUVRBZUZ3MHlOVEV3TURneApOREE0TXpaYUZ3MDBOVEV3TURneE5EQTRNelphTURNeEZUQVRCZ05WQkFvVERFUnBaMmwwWVd4UFkyVmhiakVhCk1CZ0dBMVVFQXhNUmF6aHpZV0Z6SUVOc2RYTjBaWElnUTBFd2dnRWlNQTBHQ1NxR1NJYjNEUUVCQVFVQUE0SUIKRHdBd2dnRUtBb0lCQVFEcjJiVUUyRU9YbmFvNzhnenBsbjE1VzNJVVN0V3NYc2JOb1Z2YjRDYnZRUEQ1ZVV2Kwo2WjA2Zk9hc1NNTzArSzVLRlpSOUtGcjg0ZG8yREFjenlJZnJIR05Za2QvbkZKTlFEakphQnJOQUZoYXBmOVppCmFBOFZsckxsaDhtaGFiV252d0dsWm9YeWxsSkhJdWJaMFhWckpiNUtjZS9UWjdHS09KZ2dMbHZTNTdQRW50NksKaFdRZnFBMHVBSTZscGRhMnIycWdRU1dFeW5QOURMTnIvUmpFWFgza2tmT2djZjlYTzZPS2VqZ2dYYW5iVXRYVgoxa3IxWHBLK2JVUFB4V1BPK3RGTUEyemhGS0pPQW4vSGJVcnpYeXVBbmxSN1VnQjNFUTV6L0IxT0lXT2ZKeCtHCnlVSkdhL3E5WGlqbWVEdEREVkVieWdzZXMrNGJwNHNtOGNUWEFnTUJBQUdqUlRCRE1BNEdBMVVkRHdFQi93UUUKQXdJQmhqQVNCZ05WSFJNQkFmOEVDREFHQVFIL0FnRUFNQjBHQTFVZERnUVdCQlF3eXFXdGdUNjdvcE4yTUFLMQpDREw2aVhwdmpqQU5CZ2txaGtpRzl3MEJBUXNGQUFPQ0FRRUFvS2xTblV4S1hxMzRHdVpBOCtZVkRiR0cwNWhVCjIrekdGZWxWdE1UT3ZNcVh3V0x4NklET1o2bUFrZG9YaFRLVEcvOFJRQnNJMEd4YmtLWjZ1SWxBTy96K0JsRk0KdFI3SHRKQ0VFQk9GZzE1K0FuSDhTZWJjT2lhWU5qWGhmT09CWmw1aUNBb3k4K0p2Q29JdXZYTjBnL2tNYzV1eApmWTRLaFhDMEVJWVpRZnB0Z3RZVlRVa0szaU56RDNnckZ5NitCTE1ySVF3ZzNqQW1HZWUvRjNTZ1NuQUhnTXd4CmZQcXZXRU4rYkUraXBMNHhHVEExRlJwQXRCUktuemZJU3hiNzAydjI1MXQzQy9rNFJ5NFhCNzJEa1VEN0VpZDUKc0NUdndtMVFCS1lzaFdEOGtqRVF2cDY0Q004cW52NEkxdVdZdWkxVDF5WXo5RXoyTXpJNjBQYUd0QT09Ci0tLS0tRU5EIENFUlRJRklDQVRFLS0tLS0K",
                "expires_at": "2025-10-15T14:13:21Z",
                "host": "https://59fb6bbb-8dec-4dce-b052-6c4d09176589.k8s.ondigitalocean.com",
                "raw_config": "apiVersion: v1\nkind: Config\nclusters:\n- cluster:\n    certificate-authority-data: LS0tLS1CRUdJTiBDRVJUSUZJQ0FURS0tLS0tCk1JSURKekNDQWcrZ0F3SUJBZ0lDQm5Vd0RRWUpLb1pJaHZjTkFRRUxCUUF3TXpFVk1CTUdBMVVFQ2hNTVJHbG4KYVhSaGJFOWpaV0Z1TVJvd0dBWURWUVFERXhGck9ITmhZWE1nUTJ4MWMzUmxjaUJEUVRBZUZ3MHlOVEV3TURneApOREE0TXpaYUZ3MDBOVEV3TURneE5EQTRNelphTURNeEZUQVRCZ05WQkFvVERFUnBaMmwwWVd4UFkyVmhiakVhCk1CZ0dBMVVFQXhNUmF6aHpZV0Z6SUVOc2RYTjBaWElnUTBFd2dnRWlNQTBHQ1NxR1NJYjNEUUVCQVFVQUE0SUIKRHdBd2dnRUtBb0lCQVFEcjJiVUUyRU9YbmFvNzhnenBsbjE1VzNJVVN0V3NYc2JOb1Z2YjRDYnZRUEQ1ZVV2Kwo2WjA2Zk9hc1NNTzArSzVLRlpSOUtGcjg0ZG8yREFjenlJZnJIR05Za2QvbkZKTlFEakphQnJOQUZoYXBmOVppCmFBOFZsckxsaDhtaGFiV252d0dsWm9YeWxsSkhJdWJaMFhWckpiNUtjZS9UWjdHS09KZ2dMbHZTNTdQRW50NksKaFdRZnFBMHVBSTZscGRhMnIycWdRU1dFeW5QOURMTnIvUmpFWFgza2tmT2djZjlYTzZPS2VqZ2dYYW5iVXRYVgoxa3IxWHBLK2JVUFB4V1BPK3RGTUEyemhGS0pPQW4vSGJVcnpYeXVBbmxSN1VnQjNFUTV6L0IxT0lXT2ZKeCtHCnlVSkdhL3E5WGlqbWVEdEREVkVieWdzZXMrNGJwNHNtOGNUWEFnTUJBQUdqUlRCRE1BNEdBMVVkRHdFQi93UUUKQXdJQmhqQVNCZ05WSFJNQkFmOEVDREFHQVFIL0FnRUFNQjBHQTFVZERnUVdCQlF3eXFXdGdUNjdvcE4yTUFLMQpDREw2aVhwdmpqQU5CZ2txaGtpRzl3MEJBUXNGQUFPQ0FRRUFvS2xTblV4S1hxMzRHdVpBOCtZVkRiR0cwNWhVCjIrekdGZWxWdE1UT3ZNcVh3V0x4NklET1o2bUFrZG9YaFRLVEcvOFJRQnNJMEd4YmtLWjZ1SWxBTy96K0JsRk0KdFI3SHRKQ0VFQk9GZzE1K0FuSDhTZWJjT2lhWU5qWGhmT09CWmw1aUNBb3k4K0p2Q29JdXZYTjBnL2tNYzV1eApmWTRLaFhDMEVJWVpRZnB0Z3RZVlRVa0szaU56RDNnckZ5NitCTE1ySVF3ZzNqQW1HZWUvRjNTZ1NuQUhnTXd4CmZQcXZXRU4rYkUraXBMNHhHVEExRlJwQXRCUktuemZJU3hiNzAydjI1MXQzQy9rNFJ5NFhCNzJEa1VEN0VpZDUKc0NUdndtMVFCS1lzaFdEOGtqRVF2cDY0Q004cW52NEkxdVdZdWkxVDF5WXo5RXoyTXpJNjBQYUd0QT09Ci0tLS0tRU5EIENFUlRJRklDQVRFLS0tLS0K\n    server: https://59fb6bbb-8dec-4dce-b052-6c4d09176589.k8s.ondigitalocean.com\n  name: do-nyc3-spm-cluster\ncontexts:\n- context:\n    cluster: do-nyc3-spm-cluster\n    user: do-nyc3-spm-cluster-admin\n  name: do-nyc3-spm-cluster\ncurrent-context: do-nyc3-spm-cluster\nusers:\n- name: do-nyc3-spm-cluster-admin\n  user:\n    token: dop_v1_3374aaf5e2718c06a08af062f8dc446d31fa4b0fd7b530e32d69dafd31a7306c\n",
                "token": "dop_v1_3374aaf5e2718c06a08af062f8dc446d31fa4b0fd7b530e32d69dafd31a7306c"
              }
            ],
            "kubeconfig_expire_seconds": null,
            "maintenance_policy": [
              {
                "day": "any",
                "duration": "4h0m0s",
                "start_time": "7:00"
              }
            ],
            "name": "spm-cluster",
            "node_pool": [
              {
                "actual_node_count": 1,
                "auto_scale": true,
                "id": "4445aa2b-8506-4ff7-b232-b0659db5d62d",
                "labels": null,
                "max_nodes": 5,
                "min_nodes": 1,
                "name": "spm-node-pool",
                "node_count": 1,
                "nodes": [
                  {
                    "created_at": "2025-10-08 14:08:21 +0000 UTC",
                    "droplet_id": "523244908",
                    "id": "ceb81ce2-47da-4de7-8716-305fff17fff7",
                    "name": "spm-node-pool-pxm2a",
                    "status": "running",
                    "updated_at": "2025-10-08 14:11:19 +0000 UTC"
                  }
                ],
                "size": "s-4vcpu-8gb",
                "tags": null,
                "taint": []
              }
            ],
            "region": "nyc3",
            "registry_integration": false,
            "routing_agent": [
              {
                "enabled": false
              }
            ],
            "service_subnet": "10.245.0.0/16",
            "status": "running",
            "surge_upgrade": true,
            "tags": [
              "spm"
            ],
            "timeouts": null,
            "updated_at": "2025-10-08 14:13:19 +0000 UTC",
            "urn": "do:kubernetes:59fb6bbb-8dec-4dce-b052-6c4d09176589",
            "version": "1.33.1-do.4",
            "vpc_uuid": "0eca90d2-9e51-4e0b-b7e3-ba848068f215"
          },
          "sensitive_attributes": [],
          "private": "eyJlMmJmYjczMC1lY2FhLTExZTYtOGY4OC0zNDM2M2JjN2M0YzAiOnsiY3JlYXRlIjoxODAwMDAwMDAwMDAwfSwic2NoZW1hX3ZlcnNpb24iOiIzIn0=",
          "dependencies": [
            "data.digitalocean_kubernetes_versions.available"
          ]
        }
      ]
    },
    {
      "module": "module.tenant",
      "mode": "managed",
      "type": "kubernetes_deployment",
      "name": "faraday",
      "provider": "provider[\"registry.terraform.io/hashicorp/kubernetes\"]",
      "instances": []
    },
    {
      "module": "module.tenant",
      "mode": "managed",
      "type": "kubernetes_deployment",
      "name": "rabbitmq",
      "provider": "provider[\"registry.terraform.io/hashicorp/kubernetes\"]",
      "instances": [
        {
          "schema_version": 1,
          "attributes": {
            "id": "demo/rabbitmq",
            "metadata": [
              {
                "annotations": null,
                "generate_name": "",
                "generation": 1,
                "labels": null,
                "name": "rabbitmq",
                "namespace": "demo",
                "resource_version": "2279",
                "uid": "d2cfe36e-302c-41dc-a6e2-219ecdb8f665"
              }
            ],
            "spec": [
              {
                "min_ready_seconds": 0,
                "paused": false,
                "progress_deadline_seconds": 600,
                "replicas": "1",
                "revision_history_limit": 10,
                "selector": [
                  {
                    "match_expressions": [],
                    "match_labels": {
                      "app": "rabbitmq"
                    }
                  }
                ],
                "strategy": [
                  {
                    "rolling_update": [
                      {
                        "max_surge": "25%",
                        "max_unavailable": "25%"
                      }
                    ],
                    "type": "RollingUpdate"
                  }
                ],
                "template": [
                  {
                    "metadata": [
                      {
                        "annotations": null,
                        "generate_name": "",
                        "generation": 0,
                        "labels": {
                          "app": "rabbitmq"
                        },
                        "name": "",
                        "namespace": "",
                        "resource_version": "",
                        "uid": ""
                      }
                    ],
                    "spec": [
                      {
                        "active_deadline_seconds": 0,
                        "affinity": [],
                        "automount_service_account_token": true,
                        "container": [
                          {
                            "args": null,
                            "command": null,
                            "env": [
                              {
                                "name": "RABBITMQ_DEFAULT_USER",
                                "value": "",
                                "value_from": [
                                  {
                                    "config_map_key_ref": [],
                                    "field_ref": [],
                                    "resource_field_ref": [],
                                    "secret_key_ref": [
                                      {
                                        "key": "RABBITMQ_DEFAULT_USER",
                                        "name": "faraday-rabbitmq-secret",
                                        "optional": false
                                      }
                                    ]
                                  }
                                ]
                              },
                              {
                                "name": "RABBITMQ_DEFAULT_PASS",
                                "value": "",
                                "value_from": [
                                  {
                                    "config_map_key_ref": [],
                                    "field_ref": [],
                                    "resource_field_ref": [],
                                    "secret_key_ref": [
                                      {
                                        "key": "RABBITMQ_DEFAULT_PASS",
                                        "name": "faraday-rabbitmq-secret",
                                        "optional": false
                                      }
                                    ]
                                  }
                                ]
                              }
                            ],
                            "env_from": [],
                            "image": "rabbitmq:3-management-alpine",
                            "image_pull_policy": "IfNotPresent",
                            "lifecycle": [],
                            "liveness_probe": [],
                            "name": "rabbitmq",
                            "port": [
                              {
                                "container_port": 5672,
                                "host_ip": "",
                                "host_port": 0,
                                "name": "",
                                "protocol": "TCP"
                              }
                            ],
                            "readiness_probe": [],
                            "resources": [
                              {
                                "limits": {},
                                "requests": {}
                              }
                            ],
                            "security_context": [],
                            "startup_probe": [],
                            "stdin": false,
                            "stdin_once": false,
                            "termination_message_path": "/dev/termination-log",
                            "termination_message_policy": "File",
                            "tty": false,
                            "volume_device": [],
                            "volume_mount": [
                              {
                                "mount_path": "/var/lib/rabbitmq",
                                "mount_propagation": "None",
                                "name": "rabbitmq-data",
                                "read_only": false,
                                "sub_path": "",
                                "sub_path_expr": ""
                              }
                            ],
                            "working_dir": ""
                          }
                        ],
                        "dns_config": [],
                        "dns_policy": "ClusterFirst",
                        "enable_service_links": true,
                        "host_aliases": [],
                        "host_ipc": false,
                        "host_network": false,
                        "host_pid": false,
                        "hostname": "",
                        "image_pull_secrets": [],
                        "init_container": [],
                        "node_name": "",
                        "node_selector": null,
                        "os": [],
                        "priority_class_name": "",
                        "readiness_gate": [],
                        "restart_policy": "Always",
                        "runtime_class_name": "",
                        "scheduler_name": "default-scheduler",
                        "security_context": [],
                        "service_account_name": "",
                        "share_process_namespace": false,
                        "subdomain": "",
                        "termination_grace_period_seconds": 30,
                        "toleration": [],
                        "topology_spread_constraint": [],
                        "volume": [
                          {
                            "aws_elastic_block_store": [],
                            "azure_disk": [],
                            "azure_file": [],
                            "ceph_fs": [],
                            "cinder": [],
                            "config_map": [],
                            "csi": [],
                            "downward_api": [],
                            "empty_dir": [],
                            "ephemeral": [],
                            "fc": [],
                            "flex_volume": [],
                            "flocker": [],
                            "gce_persistent_disk": [],
                            "git_repo": [],
                            "glusterfs": [],
                            "host_path": [],
                            "iscsi": [],
                            "local": [],
                            "name": "rabbitmq-data",
                            "nfs": [],
                            "persistent_volume_claim": [
                              {
                                "claim_name": "rabbitmq-data",
                                "read_only": false
                              }
                            ],
                            "photon_persistent_disk": [],
                            "projected": [],
                            "quobyte": [],
                            "rbd": [],
                            "secret": [],
                            "vsphere_volume": []
                          }
                        ]
                      }
                    ]
                  }
                ]
              }
            ],
            "timeouts": null,
            "wait_for_rollout": true
          },
          "sensitive_attributes": [],
          "private": "eyJlMmJmYjczMC1lY2FhLTExZTYtOGY4OC0zNDM2M2JjN2M0YzAiOnsiY3JlYXRlIjo2MDAwMDAwMDAwMDAsImRlbGV0ZSI6NjAwMDAwMDAwMDAwLCJ1cGRhdGUiOjYwMDAwMDAwMDAwMH0sInNjaGVtYV92ZXJzaW9uIjoiMSJ9",
          "dependencies": [
            "data.digitalocean_kubernetes_versions.available",
            "digitalocean_kubernetes_cluster.spm_cluster",
            "module.tenant.kubernetes_namespace.tenant_ns",
            "module.tenant.kubernetes_persistent_volume_claim.rabbitmq",
            "module.tenant.kubernetes_secret.rabbitmq_auth",
            "module.tenant.random_password.rabbitmq_password"
          ]
        }
      ]
    },
    {
      "module": "module.tenant",
      "mode": "managed",
      "type": "kubernetes_job",
      "name": "initdb",
      "provider": "provider[\"registry.terraform.io/hashicorp/kubernetes\"]",
      "instances": [
        {
          "status": "tainted",
          "schema_version": 1,
          "attributes": {
            "id": "demo/faraday-initdb",
            "metadata": [
              {
                "annotations": null,
                "generate_name": "",
                "generation": 0,
                "labels": {},
                "name": "faraday-initdb",
                "namespace": "demo",
                "resource_version": "",
                "uid": ""
              }
            ],
            "spec": [
              {
                "active_deadline_seconds": 0,
                "backoff_limit": 3,
                "backoff_limit_per_index": 0,
                "completion_mode": "",
                "completions": 1,
                "manual_selector": false,
                "max_failed_indexes": 0,
                "parallelism": 1,
                "pod_failure_policy": [],
                "selector": [],
                "template": [
                  {
                    "metadata": [
                      {
                        "annotations": null,
                        "generate_name": "",
                        "generation": 0,
                        "labels": {
                          "job": "faraday-initdb"
                        },
                        "name": "",
                        "resource_version": "",
                        "uid": ""
                      }
                    ],
                    "spec": [
                      {
                        "active_deadline_seconds": 0,
                        "affinity": [],
                        "automount_service_account_token": true,
                        "container": [
                          {
                            "args": null,
                            "command": [
                              "faraday-manage",
                              "initdb"
                            ],
                            "env": [
                              {
                                "name": "PGSQL_HOST",
                                "value": "postgres.faraday.svc.cluster.local",
                                "value_from": []
                              },
                              {
                                "name": "PGSQL_USER",
                                "value": "faraday",
                                "value_from": []
                              },
                              {
                                "name": "PGSQL_PASSWD",
                                "value": "",
                                "value_from": [
                                  {
                                    "config_map_key_ref": [],
                                    "field_ref": [],
                                    "resource_field_ref": [],
                                    "secret_key_ref": [
                                      {
                                        "key": "POSTGRES_PASSWORD",
                                        "name": "faraday-db-secret",
                                        "optional": false
                                      }
                                    ]
                                  }
                                ]
                              },
                              {
                                "name": "PGSQL_DBNAME",
                                "value": "faraday",
                                "value_from": []
                              }
                            ],
                            "env_from": [],
                            "image": "faradaysec/faraday:latest",
                            "image_pull_policy": "",
                            "lifecycle": [],
                            "liveness_probe": [],
                            "name": "initdb",
                            "port": [],
                            "readiness_probe": [],
                            "resources": [],
                            "security_context": [],
                            "startup_probe": [],
                            "stdin": false,
                            "stdin_once": false,
                            "termination_message_path": "/dev/termination-log",
                            "termination_message_policy": "",
                            "tty": false,
                            "volume_device": [],
                            "volume_mount": [],
                            "working_dir": ""
                          }
                        ],
                        "dns_config": [],
                        "dns_policy": "ClusterFirst",
                        "enable_service_links": true,
                        "host_aliases": [],
                        "host_ipc": false,
                        "host_network": false,
                        "host_pid": false,
                        "hostname": "",
                        "image_pull_secrets": [],
                        "init_container": [
                          {
                            "args": null,
                            "command": [
                              "sh",
                              "-c",
                              "until nc -z postgres 5432; do echo waiting for postgres; sleep 2; done"
                            ],
                            "env": [],
                            "env_from": [],
                            "image": "busybox:1.36",
                            "image_pull_policy": "",
                            "lifecycle": [],
                            "liveness_probe": [],
                            "name": "wait-for-postgres",
                            "port": [],
                            "readiness_probe": [],
                            "resources": [
                              {
                                "limits": {
                                  "cpu": "100m",
                                  "memory": "64Mi"
                                },
                                "requests": {
                                  "cpu": "50m",
                                  "memory": "32Mi"
                                }
                              }
                            ],
                            "security_context": [],
                            "startup_probe": [],
                            "stdin": false,
                            "stdin_once": false,
                            "termination_message_path": "/dev/termination-log",
                            "termination_message_policy": "",
                            "tty": false,
                            "volume_device": [],
                            "volume_mount": [],
                            "working_dir": ""
                          }
                        ],
                        "node_name": "",
                        "node_selector": null,
                        "os": [],
                        "priority_class_name": "",
                        "readiness_gate": [],
                        "restart_policy": "OnFailure",
                        "runtime_class_name": "",
                        "scheduler_name": "",
                        "security_context": [],
                        "service_account_name": "",
                        "share_process_namespace": false,
                        "subdomain": "",
                        "termination_grace_period_seconds": 30,
                        "toleration": [],
                        "topology_spread_constraint": [],
                        "volume": []
                      }
                    ]
                  }
                ],
                "ttl_seconds_after_finished": ""
              }
            ],
            "timeouts": null,
            "wait_for_completion": true
          },
          "sensitive_attributes": [],
          "private": "eyJlMmJmYjczMC1lY2FhLTExZTYtOGY4OC0zNDM2M2JjN2M0YzAiOnsiY3JlYXRlIjo2MDAwMDAwMDAwMCwiZGVsZXRlIjo2MDAwMDAwMDAwMCwidXBkYXRlIjo2MDAwMDAwMDAwMH0sInNjaGVtYV92ZXJzaW9uIjoiMSJ9",
          "dependencies": [
            "data.digitalocean_kubernetes_versions.available",
            "digitalocean_kubernetes_cluster.spm_cluster",
            "module.tenant.kubernetes_namespace.tenant_ns",
            "module.tenant.kubernetes_secret.faraday_db_auth",
            "module.tenant.random_password.postgres_password"
          ]
        }
      ]
    },
    {
      "module": "module.tenant",
      "mode": "managed",
      "type": "kubernetes_limit_range",
      "name": "tenant_limits",
      "provider": "provider[\"registry.terraform.io/hashicorp/kubernetes\"]",
      "instances": [
        {
          "schema_version": 0,
          "attributes": {
            "id": "demo/demo-limits",
            "metadata": [
              {
                "annotations": null,
                "generate_name": "",
                "generation": 0,
                "labels": null,
                "name": "demo-limits",
                "namespace": "demo",
                "resource_version": "1359",
                "uid": "9b91b000-9060-458c-aa30-1a24f2b9e054"
              }
            ],
            "spec": [
              {
                "limit": [
                  {
                    "default": {
                      "cpu": "250m",
                      "memory": "256Mi"
                    },
                    "default_request": {
                      "cpu": "100m",
                      "memory": "128Mi"
                    },
                    "max": {
                      "cpu": "2",
                      "memory": "4Gi"
                    },
                    "max_limit_request_ratio": null,
                    "min": {
                      "cpu": "50m",
                      "memory": "64Mi"
                    },
                    "type": "Container"
                  }
                ]
              }
            ]
          },
          "sensitive_attributes": [],
          "private": "bnVsbA==",
          "dependencies": [
            "data.digitalocean_kubernetes_versions.available",
            "digitalocean_kubernetes_cluster.spm_cluster",
            "module.tenant.kubernetes_namespace.tenant_ns"
          ]
        }
      ]
    },
    {
      "module": "module.tenant",
      "mode": "managed",
      "type": "kubernetes_namespace",
      "name": "tenant_ns",
      "provider": "provider[\"registry.terraform.io/hashicorp/kubernetes\"]",
      "instances": [
        {
          "schema_version": 0,
          "attributes": {
            "id": "demo",
            "metadata": [
              {
                "annotations": null,
                "generate_name": "",
                "generation": 0,
                "labels": {
                  "tenant": "demo"
                },
                "name": "demo",
                "resource_version": "1349",
                "uid": "0a82edac-42a8-4be7-a76c-c516f40241f1"
              }
            ],
            "timeouts": null,
            "wait_for_default_service_account": false
          },
          "sensitive_attributes": [],
          "private": "eyJlMmJmYjczMC1lY2FhLTExZTYtOGY4OC0zNDM2M2JjN2M0YzAiOnsiZGVsZXRlIjozMDAwMDAwMDAwMDB9fQ==",
          "dependencies": [
            "data.digitalocean_kubernetes_versions.available",
            "digitalocean_kubernetes_cluster.spm_cluster"
          ]
        }
      ]
    },
    {
      "module": "module.tenant",
      "mode": "managed",
      "type": "kubernetes_persistent_volume_claim",
      "name": "faraday_storage",
      "provider": "provider[\"registry.terraform.io/hashicorp/kubernetes\"]",
      "instances": [
        {
          "schema_version": 0,
          "attributes": {
            "id": "demo/faraday-storage",
            "metadata": [
              {
                "annotations": null,
                "generate_name": "",
                "generation": 0,
                "labels": null,
                "name": "faraday-storage",
                "namespace": "demo",
                "resource_version": "2104",
                "uid": "84660d77-0bec-418a-a79a-d0688a246fa2"
              }
            ],
            "spec": [
              {
                "access_modes": [
                  "ReadWriteOnce"
                ],
                "resources": [
                  {
                    "limits": null,
                    "requests": {
                      "storage": "10Gi"
                    }
                  }
                ],
                "selector": [],
                "storage_class_name": "do-block-storage",
                "volume_mode": "Filesystem",
                "volume_name": "pvc-84660d77-0bec-418a-a79a-d0688a246fa2"
              }
            ],
            "timeouts": null,
            "wait_until_bound": true
          },
          "sensitive_attributes": [],
          "private": "eyJlMmJmYjczMC1lY2FhLTExZTYtOGY4OC0zNDM2M2JjN2M0YzAiOnsiY3JlYXRlIjozMDAwMDAwMDAwMDB9fQ==",
          "dependencies": [
            "data.digitalocean_kubernetes_versions.available",
            "digitalocean_kubernetes_cluster.spm_cluster",
            "module.tenant.kubernetes_namespace.tenant_ns"
          ]
        }
      ]
    },
    {
      "module": "module.tenant",
      "mode": "managed",
      "type": "kubernetes_persistent_volume_claim",
      "name": "opensearch_data",
      "provider": "provider[\"registry.terraform.io/hashicorp/kubernetes\"]",
      "instances": [
        {
          "schema_version": 0,
          "attributes": {
            "id": "demo/opensearch-data",
            "metadata": [
              {
                "annotations": null,
                "generate_name": "",
                "generation": 0,
                "labels": null,
                "name": "opensearch-data",
                "namespace": "demo",
                "resource_version": "2109",
                "uid": "f5f6e34a-0797-4127-ba2c-d3c8a1de09a7"
              }
            ],
            "spec": [
              {
                "access_modes": [
                  "ReadWriteOnce"
                ],
                "resources": [
                  {
                    "limits": null,
                    "requests": {
                      "storage": "20Gi"
                    }
                  }
                ],
                "selector": [],
                "storage_class_name": "do-block-storage",
                "volume_mode": "Filesystem",
                "volume_name": "pvc-f5f6e34a-0797-4127-ba2c-d3c8a1de09a7"
              }
            ],
            "timeouts": null,
            "wait_until_bound": true
          },
          "sensitive_attributes": [],
          "private": "eyJlMmJmYjczMC1lY2FhLTExZTYtOGY4OC0zNDM2M2JjN2M0YzAiOnsiY3JlYXRlIjozMDAwMDAwMDAwMDB9fQ==",
          "dependencies": [
            "data.digitalocean_kubernetes_versions.available",
            "digitalocean_kubernetes_cluster.spm_cluster",
            "module.tenant.kubernetes_namespace.tenant_ns"
          ]
        }
      ]
    },
    {
      "module": "module.tenant",
      "mode": "managed",
      "type": "kubernetes_persistent_volume_claim",
      "name": "postgres",
      "provider": "provider[\"registry.terraform.io/hashicorp/kubernetes\"]",
      "instances": [
        {
          "schema_version": 0,
          "attributes": {
            "id": "demo/postgres-data",
            "metadata": [
              {
                "annotations": null,
                "generate_name": "",
                "generation": 0,
                "labels": null,
                "name": "postgres-data",
                "namespace": "demo",
                "resource_version": "2094",
                "uid": "47a2ca8e-d1dc-42ba-b06d-f9640319c32e"
              }
            ],
            "spec": [
              {
                "access_modes": [
                  "ReadWriteOnce"
                ],
                "resources": [
                  {
                    "limits": null,
                    "requests": {
                      "storage": "20Gi"
                    }
                  }
                ],
                "selector": [],
                "storage_class_name": "do-block-storage",
                "volume_mode": "Filesystem",
                "volume_name": "pvc-47a2ca8e-d1dc-42ba-b06d-f9640319c32e"
              }
            ],
            "timeouts": null,
            "wait_until_bound": true
          },
          "sensitive_attributes": [],
          "private": "eyJlMmJmYjczMC1lY2FhLTExZTYtOGY4OC0zNDM2M2JjN2M0YzAiOnsiY3JlYXRlIjozMDAwMDAwMDAwMDB9fQ==",
          "dependencies": [
            "data.digitalocean_kubernetes_versions.available",
            "digitalocean_kubernetes_cluster.spm_cluster",
            "module.tenant.kubernetes_namespace.tenant_ns"
          ]
        }
      ]
    },
    {
      "module": "module.tenant",
      "mode": "managed",
      "type": "kubernetes_persistent_volume_claim",
      "name": "rabbitmq",
      "provider": "provider[\"registry.terraform.io/hashicorp/kubernetes\"]",
      "instances": [
        {
          "schema_version": 0,
          "attributes": {
            "id": "demo/rabbitmq-data",
            "metadata": [
              {
                "annotations": null,
                "generate_name": "",
                "generation": 0,
                "labels": null,
                "name": "rabbitmq-data",
                "namespace": "demo",
                "resource_version": "2099",
                "uid": "1ee8107e-ab68-4b45-ae4b-2593d008d0d7"
              }
            ],
            "spec": [
              {
                "access_modes": [
                  "ReadWriteOnce"
                ],
                "resources": [
                  {
                    "limits": null,
                    "requests": {
                      "storage": "10Gi"
                    }
                  }
                ],
                "selector": [],
                "storage_class_name": "do-block-storage",
                "volume_mode": "Filesystem",
                "volume_name": "pvc-1ee8107e-ab68-4b45-ae4b-2593d008d0d7"
              }
            ],
            "timeouts": null,
            "wait_until_bound": true
          },
          "sensitive_attributes": [],
          "private": "eyJlMmJmYjczMC1lY2FhLTExZTYtOGY4OC0zNDM2M2JjN2M0YzAiOnsiY3JlYXRlIjozMDAwMDAwMDAwMDB9fQ==",
          "dependencies": [
            "data.digitalocean_kubernetes_versions.available",
            "digitalocean_kubernetes_cluster.spm_cluster",
            "module.tenant.kubernetes_namespace.tenant_ns"
          ]
        }
      ]
    },
    {
      "module": "module.tenant",
      "mode": "managed",
      "type": "kubernetes_resource_quota",
      "name": "tenant_quota",
      "provider": "provider[\"registry.terraform.io/hashicorp/kubernetes\"]",
      "instances": [
        {
          "schema_version": 0,
          "attributes": {
            "id": "demo/demo-quota",
            "metadata": [
              {
                "annotations": null,
                "generate_name": "",
                "generation": 0,
                "labels": null,
                "name": "demo-quota",
                "namespace": "demo",
                "resource_version": "1370",
                "uid": "c1f65a31-5bb4-4b45-827c-b6d42f669477"
              }
            ],
            "spec": [
              {
                "hard": {
                  "limits.cpu": "8",
                  "limits.memory": "16Gi",
                  "persistentvolumeclaims": "5",
                  "pods": "10",
                  "requests.cpu": "4",
                  "requests.memory": "8Gi"
                },
                "scope_selector": [],
                "scopes": null
              }
            ],
            "timeouts": null
          },
          "sensitive_attributes": [],
          "private": "eyJlMmJmYjczMC1lY2FhLTExZTYtOGY4OC0zNDM2M2JjN2M0YzAiOnsiY3JlYXRlIjo2MDAwMDAwMDAwMCwidXBkYXRlIjo2MDAwMDAwMDAwMH19",
          "dependencies": [
            "data.digitalocean_kubernetes_versions.available",
            "digitalocean_kubernetes_cluster.spm_cluster",
            "module.tenant.kubernetes_namespace.tenant_ns"
          ]
        }
      ]
    },
    {
      "module": "module.tenant",
      "mode": "managed",
      "type": "kubernetes_secret",
      "name": "faraday_db_auth",
      "provider": "provider[\"registry.terraform.io/hashicorp/kubernetes\"]",
      "instances": [
        {
          "schema_version": 0,
          "attributes": {
            "binary_data": null,
            "binary_data_wo": null,
            "binary_data_wo_revision": null,
            "data": {
              "POSTGRES_DB": "ZmFyYWRheQ==",
              "POSTGRES_PASSWORD": "OllyITp5Q2JWTk9udStnRHFwbEg=",
              "POSTGRES_USER": "ZmFyYWRheQ=="
            },
            "data_wo": null,
            "data_wo_revision": null,
            "id": "demo/faraday-db-secret",
            "immutable": false,
            "metadata": [
              {
                "annotations": null,
                "generate_name": "",
                "generation": 0,
                "labels": null,
                "name": "faraday-db-secret",
                "namespace": "demo",
                "resource_version": "1355",
                "uid": "99dac24d-e74f-4bc2-9190-77a3ade71acd"
              }
            ],
            "timeouts": null,
            "type": "Opaque",
            "wait_for_service_account_token": true
          },
          "sensitive_attributes": [
            [
              {
                "type": "get_attr",
                "value": "data"
              },
              {
                "type": "index",
                "value": {
                  "value": "POSTGRES_PASSWORD",
                  "type": "string"
                }
              }
            ]
          ],
          "private": "eyJlMmJmYjczMC1lY2FhLTExZTYtOGY4OC0zNDM2M2JjN2M0YzAiOnsiY3JlYXRlIjo2MDAwMDAwMDAwMH19",
          "dependencies": [
            "data.digitalocean_kubernetes_versions.available",
            "digitalocean_kubernetes_cluster.spm_cluster",
            "module.tenant.kubernetes_namespace.tenant_ns",
            "module.tenant.random_password.postgres_password"
          ]
        }
      ]
    },
    {
      "module": "module.tenant",
      "mode": "managed",
      "type": "kubernetes_secret",
      "name": "opensearch_admin_auth",
      "provider": "provider[\"registry.terraform.io/hashicorp/kubernetes\"]",
      "instances": [
        {
          "schema_version": 0,
          "attributes": {
            "binary_data": null,
            "binary_data_wo": null,
            "binary_data_wo_revision": null,
            "data": {
              "OPENSEARCH_INITIAL_ADMIN_PASSWORD": "U0VvQ3VKJEExQndzUTQzeg=="
            },
            "data_wo": null,
            "data_wo_revision": null,
            "id": "demo/opensearch-admin-secret",
            "immutable": false,
            "metadata": [
              {
                "annotations": null,
                "generate_name": "",
                "generation": 0,
                "labels": null,
                "name": "opensearch-admin-secret",
                "namespace": "demo",
                "resource_version": "1358",
                "uid": "9cfa7be3-3501-4be8-a1ce-0f81850cd179"
              }
            ],
            "timeouts": null,
            "type": "Opaque",
            "wait_for_service_account_token": true
          },
          "sensitive_attributes": [
            [
              {
                "type": "get_attr",
                "value": "data"
              },
              {
                "type": "index",
                "value": {
                  "value": "OPENSEARCH_INITIAL_ADMIN_PASSWORD",
                  "type": "string"
                }
              }
            ]
          ],
          "private": "eyJlMmJmYjczMC1lY2FhLTExZTYtOGY4OC0zNDM2M2JjN2M0YzAiOnsiY3JlYXRlIjo2MDAwMDAwMDAwMH19",
          "dependencies": [
            "data.digitalocean_kubernetes_versions.available",
            "digitalocean_kubernetes_cluster.spm_cluster",
            "module.tenant.kubernetes_namespace.tenant_ns",
            "module.tenant.random_password.opensearch_admin_pass"
          ]
        }
      ]
    },
    {
      "module": "module.tenant",
      "mode": "managed",
      "type": "kubernetes_secret",
      "name": "rabbitmq_auth",
      "provider": "provider[\"registry.terraform.io/hashicorp/kubernetes\"]",
      "instances": [
        {
          "schema_version": 0,
          "attributes": {
            "binary_data": null,
            "binary_data_wo": null,
            "binary_data_wo_revision": null,
            "data": {
              "RABBITMQ_DEFAULT_PASS": "W3pPQWZKaTlKYWZQKyQod1ohNHc=",
              "RABBITMQ_DEFAULT_USER": "ZmFyYWRheQ=="
            },
            "data_wo": null,
            "data_wo_revision": null,
            "id": "demo/faraday-rabbitmq-secret",
            "immutable": false,
            "metadata": [
              {
                "annotations": null,
                "generate_name": "",
                "generation": 0,
                "labels": null,
                "name": "faraday-rabbitmq-secret",
                "namespace": "demo",
                "resource_version": "1403",
                "uid": "8409ce78-d8a5-49be-b33f-f1ce3c4a42a1"
              }
            ],
            "timeouts": null,
            "type": "Opaque",
            "wait_for_service_account_token": true
          },
          "sensitive_attributes": [
            [
              {
                "type": "get_attr",
                "value": "data"
              },
              {
                "type": "index",
                "value": {
                  "value": "RABBITMQ_DEFAULT_PASS",
                  "type": "string"
                }
              }
            ]
          ],
          "private": "eyJlMmJmYjczMC1lY2FhLTExZTYtOGY4OC0zNDM2M2JjN2M0YzAiOnsiY3JlYXRlIjo2MDAwMDAwMDAwMH19",
          "dependencies": [
            "data.digitalocean_kubernetes_versions.available",
            "digitalocean_kubernetes_cluster.spm_cluster",
            "module.tenant.kubernetes_namespace.tenant_ns",
            "module.tenant.random_password.rabbitmq_password"
          ]
        }
      ]
    },
    {
      "module": "module.tenant",
      "mode": "managed",
      "type": "kubernetes_service",
      "name": "faraday",
      "provider": "provider[\"registry.terraform.io/hashicorp/kubernetes\"]",
      "instances": [
        {
          "schema_version": 1,
          "attributes": {
            "id": "demo/faraday",
            "metadata": [
              {
                "annotations": null,
                "generate_name": "",
                "generation": 0,
                "labels": null,
                "name": "faraday",
                "namespace": "demo",
                "resource_version": "1398",
                "uid": "ff5399b7-b768-4800-811e-0c3464c7e700"
              }
            ],
            "spec": [
              {
                "allocate_load_balancer_node_ports": true,
                "cluster_ip": "10.245.242.77",
                "cluster_ips": [
                  "10.245.242.77"
                ],
                "external_ips": null,
                "external_name": "",
                "external_traffic_policy": "",
                "health_check_node_port": 0,
                "internal_traffic_policy": "Cluster",
                "ip_families": [
                  "IPv4"
                ],
                "ip_family_policy": "SingleStack",
                "load_balancer_class": "",
                "load_balancer_ip": "",
                "load_balancer_source_ranges": null,
                "port": [
                  {
                    "app_protocol": "",
                    "name": "",
                    "node_port": 0,
                    "port": 5985,
                    "protocol": "TCP",
                    "target_port": "5985"
                  }
                ],
                "publish_not_ready_addresses": false,
                "selector": {
                  "app": "faraday"
                },
                "session_affinity": "None",
                "session_affinity_config": [],
                "type": "ClusterIP"
              }
            ],
            "status": [
              {
                "load_balancer": [
                  {
                    "ingress": []
                  }
                ]
              }
            ],
            "timeouts": null,
            "wait_for_load_balancer": true
          },
          "sensitive_attributes": [],
          "private": "eyJlMmJmYjczMC1lY2FhLTExZTYtOGY4OC0zNDM2M2JjN2M0YzAiOnsiY3JlYXRlIjo2MDAwMDAwMDAwMDB9LCJzY2hlbWFfdmVyc2lvbiI6IjEifQ==",
          "dependencies": [
            "data.digitalocean_kubernetes_versions.available",
            "digitalocean_kubernetes_cluster.spm_cluster",
            "module.tenant.kubernetes_namespace.tenant_ns"
          ]
        }
      ]
    },
    {
      "module": "module.tenant",
      "mode": "managed",
      "type": "kubernetes_service",
      "name": "opensearch",
      "provider": "provider[\"registry.terraform.io/hashicorp/kubernetes\"]",
      "instances": [
        {
          "schema_version": 1,
          "attributes": {
            "id": "demo/opensearch",
            "metadata": [
              {
                "annotations": null,
                "generate_name": "",
                "generation": 0,
                "labels": null,
                "name": "opensearch",
                "namespace": "demo",
                "resource_version": "1395",
                "uid": "90e83b0f-4f36-428b-9a97-0d6343ad9c21"
              }
            ],
            "spec": [
              {
                "allocate_load_balancer_node_ports": true,
                "cluster_ip": "10.245.30.212",
                "cluster_ips": [
                  "10.245.30.212"
                ],
                "external_ips": null,
                "external_name": "",
                "external_traffic_policy": "",
                "health_check_node_port": 0,
                "internal_traffic_policy": "Cluster",
                "ip_families": [
                  "IPv4"
                ],
                "ip_family_policy": "SingleStack",
                "load_balancer_class": "",
                "load_balancer_ip": "",
                "load_balancer_source_ranges": null,
                "port": [
                  {
                    "app_protocol": "",
                    "name": "http",
                    "node_port": 0,
                    "port": 9200,
                    "protocol": "TCP",
                    "target_port": "9200"
                  },
                  {
                    "app_protocol": "",
                    "name": "transport",
                    "node_port": 0,
                    "port": 9300,
                    "protocol": "TCP",
                    "target_port": "9300"
                  }
                ],
                "publish_not_ready_addresses": false,
                "selector": {
                  "app": "opensearch"
                },
                "session_affinity": "None",
                "session_affinity_config": [],
                "type": "ClusterIP"
              }
            ],
            "status": [
              {
                "load_balancer": [
                  {
                    "ingress": []
                  }
                ]
              }
            ],
            "timeouts": null,
            "wait_for_load_balancer": true
          },
          "sensitive_attributes": [],
          "private": "eyJlMmJmYjczMC1lY2FhLTExZTYtOGY4OC0zNDM2M2JjN2M0YzAiOnsiY3JlYXRlIjo2MDAwMDAwMDAwMDB9LCJzY2hlbWFfdmVyc2lvbiI6IjEifQ==",
          "dependencies": [
            "data.digitalocean_kubernetes_versions.available",
            "digitalocean_kubernetes_cluster.spm_cluster",
            "module.tenant.kubernetes_namespace.tenant_ns"
          ]
        }
      ]
    },
    {
      "module": "module.tenant",
      "mode": "managed",
      "type": "kubernetes_service",
      "name": "postgres",
      "provider": "provider[\"registry.terraform.io/hashicorp/kubernetes\"]",
      "instances": [
        {
          "schema_version": 1,
          "attributes": {
            "id": "demo/postgres",
            "metadata": [
              {
                "annotations": null,
                "generate_name": "",
                "generation": 0,
                "labels": null,
                "name": "postgres",
                "namespace": "demo",
                "resource_version": "1393",
                "uid": "b8591f4e-fd2e-49ab-966d-2b9628e0e8d8"
              }
            ],
            "spec": [
              {
                "allocate_load_balancer_node_ports": true,
                "cluster_ip": "None",
                "cluster_ips": [
                  "None"
                ],
                "external_ips": null,
                "external_name": "",
                "external_traffic_policy": "",
                "health_check_node_port": 0,
                "internal_traffic_policy": "Cluster",
                "ip_families": [
                  "IPv4"
                ],
                "ip_family_policy": "SingleStack",
                "load_balancer_class": "",
                "load_balancer_ip": "",
                "load_balancer_source_ranges": null,
                "port": [
                  {
                    "app_protocol": "",
                    "name": "",
                    "node_port": 0,
                    "port": 5432,
                    "protocol": "TCP",
                    "target_port": "5432"
                  }
                ],
                "publish_not_ready_addresses": false,
                "selector": {
                  "app": "postgres"
                },
                "session_affinity": "None",
                "session_affinity_config": [],
                "type": "ClusterIP"
              }
            ],
            "status": [
              {
                "load_balancer": [
                  {
                    "ingress": []
                  }
                ]
              }
            ],
            "timeouts": null,
            "wait_for_load_balancer": true
          },
          "sensitive_attributes": [],
          "private": "eyJlMmJmYjczMC1lY2FhLTExZTYtOGY4OC0zNDM2M2JjN2M0YzAiOnsiY3JlYXRlIjo2MDAwMDAwMDAwMDB9LCJzY2hlbWFfdmVyc2lvbiI6IjEifQ==",
          "dependencies": [
            "data.digitalocean_kubernetes_versions.available",
            "digitalocean_kubernetes_cluster.spm_cluster",
            "module.tenant.kubernetes_namespace.tenant_ns"
          ]
        }
      ]
    },
    {
      "module": "module.tenant",
      "mode": "managed",
      "type": "kubernetes_service",
      "name": "rabbitmq",
      "provider": "provider[\"registry.terraform.io/hashicorp/kubernetes\"]",
      "instances": [
        {
          "schema_version": 1,
          "attributes": {
            "id": "demo/rabbitmq",
            "metadata": [
              {
                "annotations": null,
                "generate_name": "",
                "generation": 0,
                "labels": null,
                "name": "rabbitmq",
                "namespace": "demo",
                "resource_version": "1373",
                "uid": "c3fb3d01-30b3-4ec3-9e91-3f9378c4fb01"
              }
            ],
            "spec": [
              {
                "allocate_load_balancer_node_ports": true,
                "cluster_ip": "10.245.184.106",
                "cluster_ips": [
                  "10.245.184.106"
                ],
                "external_ips": null,
                "external_name": "",
                "external_traffic_policy": "",
                "health_check_node_port": 0,
                "internal_traffic_policy": "Cluster",
                "ip_families": [
                  "IPv4"
                ],
                "ip_family_policy": "SingleStack",
                "load_balancer_class": "",
                "load_balancer_ip": "",
                "load_balancer_source_ranges": null,
                "port": [
                  {
                    "app_protocol": "",
                    "name": "",
                    "node_port": 0,
                    "port": 5672,
                    "protocol": "TCP",
                    "target_port": "5672"
                  }
                ],
                "publish_not_ready_addresses": false,
                "selector": {
                  "app": "rabbitmq"
                },
                "session_affinity": "None",
                "session_affinity_config": [],
                "type": "ClusterIP"
              }
            ],
            "status": [
              {
                "load_balancer": [
                  {
                    "ingress": []
                  }
                ]
              }
            ],
            "timeouts": null,
            "wait_for_load_balancer": true
          },
          "sensitive_attributes": [],
          "private": "eyJlMmJmYjczMC1lY2FhLTExZTYtOGY4OC0zNDM2M2JjN2M0YzAiOnsiY3JlYXRlIjo2MDAwMDAwMDAwMDB9LCJzY2hlbWFfdmVyc2lvbiI6IjEifQ==",
          "dependencies": [
            "data.digitalocean_kubernetes_versions.available",
            "digitalocean_kubernetes_cluster.spm_cluster",
            "module.tenant.kubernetes_namespace.tenant_ns"
          ]
        }
      ]
    },
    {
      "module": "module.tenant",
      "mode": "managed",
      "type": "kubernetes_stateful_set",
      "name": "opensearch",
      "provider": "provider[\"registry.terraform.io/hashicorp/kubernetes\"]",
      "instances": [
        {
          "status": "tainted",
          "schema_version": 1,
          "attributes": {
            "id": "demo/opensearch",
            "metadata": [
              {
                "annotations": null,
                "generate_name": "",
                "generation": 0,
                "labels": {
                  "app": "opensearch"
                },
                "name": "opensearch",
                "namespace": "demo",
                "resource_version": "",
                "uid": ""
              }
            ],
            "spec": [
              {
                "min_ready_seconds": 0,
                "persistent_volume_claim_retention_policy": [],
                "pod_management_policy": "",
                "replicas": "1",
                "revision_history_limit": 0,
                "selector": [
                  {
                    "match_expressions": [],
                    "match_labels": {
                      "app": "opensearch"
                    }
                  }
                ],
                "service_name": "opensearch",
                "template": [
                  {
                    "metadata": [
                      {
                        "annotations": null,
                        "generate_name": "",
                        "generation": 0,
                        "labels": {
                          "app": "opensearch"
                        },
                        "name": "",
                        "namespace": "",
                        "resource_version": "",
                        "uid": ""
                      }
                    ],
                    "spec": [
                      {
                        "active_deadline_seconds": 0,
                        "affinity": [],
                        "automount_service_account_token": true,
                        "container": [
                          {
                            "args": null,
                            "command": null,
                            "env": [
                              {
                                "name": "discovery.type",
                                "value": "single-node",
                                "value_from": []
                              },
                              {
                                "name": "plugins.security.disabled",
                                "value": "false",
                                "value_from": []
                              },
                              {
                                "name": "OPENSEARCH_JAVA_OPTS",
                                "value": "-Xms2g -Xmx2g",
                                "value_from": []
                              },
                              {
                                "name": "OPENSEARCH_INITIAL_ADMIN_PASSWORD",
                                "value": "",
                                "value_from": [
                                  {
                                    "config_map_key_ref": [],
                                    "field_ref": [],
                                    "resource_field_ref": [],
                                    "secret_key_ref": [
                                      {
                                        "key": "OPENSEARCH_INITIAL_ADMIN_PASSWORD",
                                        "name": "opensearch-admin-secret",
                                        "optional": false
                                      }
                                    ]
                                  }
                                ]
                              }
                            ],
                            "env_from": [],
                            "image": "opensearchproject/opensearch:2.13.0",
                            "image_pull_policy": "",
                            "lifecycle": [],
                            "liveness_probe": [
                              {
                                "exec": [],
                                "failure_threshold": 3,
                                "grpc": [],
                                "http_get": [
                                  {
                                    "host": "",
                                    "http_header": [],
                                    "path": "/",
                                    "port": "http",
                                    "scheme": "HTTP"
                                  }
                                ],
                                "initial_delay_seconds": 60,
                                "period_seconds": 10,
                                "success_threshold": 1,
                                "tcp_socket": [],
                                "timeout_seconds": 5
                              }
                            ],
                            "name": "opensearch",
                            "port": [
                              {
                                "container_port": 9200,
                                "host_ip": "",
                                "host_port": 0,
                                "name": "http",
                                "protocol": "TCP"
                              },
                              {
                                "container_port": 9300,
                                "host_ip": "",
                                "host_port": 0,
                                "name": "transport",
                                "protocol": "TCP"
                              }
                            ],
                            "readiness_probe": [
                              {
                                "exec": [],
                                "failure_threshold": 3,
                                "grpc": [],
                                "http_get": [
                                  {
                                    "host": "",
                                    "http_header": [],
                                    "path": "/",
                                    "port": "http",
                                    "scheme": "HTTP"
                                  }
                                ],
                                "initial_delay_seconds": 30,
                                "period_seconds": 10,
                                "success_threshold": 1,
                                "tcp_socket": [],
                                "timeout_seconds": 5
                              }
                            ],
                            "resources": [
                              {
                                "limits": {
                                  "cpu": "1",
                                  "memory": "2Gi"
                                },
                                "requests": {
                                  "cpu": "500m",
                                  "memory": "1Gi"
                                }
                              }
                            ],
                            "security_context": [],
                            "startup_probe": [],
                            "stdin": false,
                            "stdin_once": false,
                            "termination_message_path": "/dev/termination-log",
                            "termination_message_policy": "",
                            "tty": false,
                            "volume_device": [],
                            "volume_mount": [
                              {
                                "mount_path": "/usr/share/opensearch/data",
                                "mount_propagation": "None",
                                "name": "opensearch-data",
                                "read_only": false,
                                "sub_path": "",
                                "sub_path_expr": ""
                              }
                            ],
                            "working_dir": ""
                          }
                        ],
                        "dns_config": [],
                        "dns_policy": "ClusterFirst",
                        "enable_service_links": true,
                        "host_aliases": [],
                        "host_ipc": false,
                        "host_network": false,
                        "host_pid": false,
                        "hostname": "",
                        "image_pull_secrets": [],
                        "init_container": [
                          {
                            "args": null,
                            "command": [
                              "sh",
                              "-c",
                              "sysctl -w vm.max_map_count=262144 || true"
                            ],
                            "env": [],
                            "env_from": [],
                            "image": "busybox:1.36",
                            "image_pull_policy": "",
                            "lifecycle": [],
                            "liveness_probe": [],
                            "name": "init-sysctl",
                            "port": [],
                            "readiness_probe": [],
                            "resources": [],
                            "security_context": [
                              {
                                "allow_privilege_escalation": true,
                                "capabilities": [],
                                "privileged": true,
                                "read_only_root_filesystem": false,
                                "run_as_group": "",
                                "run_as_non_root": false,
                                "run_as_user": "",
                                "se_linux_options": [],
                                "seccomp_profile": []
                              }
                            ],
                            "startup_probe": [],
                            "stdin": false,
                            "stdin_once": false,
                            "termination_message_path": "/dev/termination-log",
                            "termination_message_policy": "",
                            "tty": false,
                            "volume_device": [],
                            "volume_mount": [],
                            "working_dir": ""
                          },
                          {
                            "args": null,
                            "command": [
                              "sh",
                              "-c",
                              "chown -R 1000:1000 /usr/share/opensearch/data || true"
                            ],
                            "env": [],
                            "env_from": [],
                            "image": "busybox:1.36",
                            "image_pull_policy": "",
                            "lifecycle": [],
                            "liveness_probe": [],
                            "name": "chown-data",
                            "port": [],
                            "readiness_probe": [],
                            "resources": [],
                            "security_context": [
                              {
                                "allow_privilege_escalation": true,
                                "capabilities": [],
                                "privileged": false,
                                "read_only_root_filesystem": false,
                                "run_as_group": "",
                                "run_as_non_root": false,
                                "run_as_user": "0",
                                "se_linux_options": [],
                                "seccomp_profile": []
                              }
                            ],
                            "startup_probe": [],
                            "stdin": false,
                            "stdin_once": false,
                            "termination_message_path": "/dev/termination-log",
                            "termination_message_policy": "",
                            "tty": false,
                            "volume_device": [],
                            "volume_mount": [
                              {
                                "mount_path": "/usr/share/opensearch/data",
                                "mount_propagation": "None",
                                "name": "opensearch-data",
                                "read_only": false,
                                "sub_path": "",
                                "sub_path_expr": ""
                              }
                            ],
                            "working_dir": ""
                          }
                        ],
                        "node_name": "",
                        "node_selector": null,
                        "os": [],
                        "priority_class_name": "",
                        "readiness_gate": [],
                        "restart_policy": "Always",
                        "runtime_class_name": "",
                        "scheduler_name": "",
                        "security_context": [
                          {
                            "fs_group": "1000",
                            "fs_group_change_policy": "",
                            "run_as_group": "",
                            "run_as_non_root": false,
                            "run_as_user": "1000",
                            "se_linux_options": [],
                            "seccomp_profile": [],
                            "supplemental_groups": null,
                            "sysctl": [],
                            "windows_options": []
                          }
                        ],
                        "service_account_name": "",
                        "share_process_namespace": false,
                        "subdomain": "",
                        "termination_grace_period_seconds": 30,
                        "toleration": [],
                        "topology_spread_constraint": [],
                        "volume": [
                          {
                            "aws_elastic_block_store": [],
                            "azure_disk": [],
                            "azure_file": [],
                            "ceph_fs": [],
                            "cinder": [],
                            "config_map": [],
                            "csi": [],
                            "downward_api": [],
                            "empty_dir": [],
                            "ephemeral": [],
                            "fc": [],
                            "flex_volume": [],
                            "flocker": [],
                            "gce_persistent_disk": [],
                            "git_repo": [],
                            "glusterfs": [],
                            "host_path": [],
                            "iscsi": [],
                            "local": [],
                            "name": "opensearch-data",
                            "nfs": [],
                            "persistent_volume_claim": [
                              {
                                "claim_name": "opensearch-data",
                                "read_only": false
                              }
                            ],
                            "photon_persistent_disk": [],
                            "projected": [],
                            "quobyte": [],
                            "rbd": [],
                            "secret": [],
                            "vsphere_volume": []
                          }
                        ]
                      }
                    ]
                  }
                ],
                "update_strategy": [],
                "volume_claim_template": []
              }
            ],
            "timeouts": null,
            "wait_for_rollout": true
          },
          "sensitive_attributes": [],
          "private": "eyJlMmJmYjczMC1lY2FhLTExZTYtOGY4OC0zNDM2M2JjN2M0YzAiOnsiY3JlYXRlIjo2MDAwMDAwMDAwMDAsImRlbGV0ZSI6NjAwMDAwMDAwMDAwLCJyZWFkIjo2MDAwMDAwMDAwMDAsInVwZGF0ZSI6NjAwMDAwMDAwMDAwfSwic2NoZW1hX3ZlcnNpb24iOiIxIn0=",
          "dependencies": [
            "data.digitalocean_kubernetes_versions.available",
            "digitalocean_kubernetes_cluster.spm_cluster",
            "module.tenant.kubernetes_namespace.tenant_ns",
            "module.tenant.kubernetes_persistent_volume_claim.opensearch_data",
            "module.tenant.kubernetes_secret.opensearch_admin_auth",
            "module.tenant.kubernetes_service.opensearch",
            "module.tenant.random_password.opensearch_admin_pass"
          ]
        }
      ]
    },
    {
      "module": "module.tenant",
      "mode": "managed",
      "type": "kubernetes_stateful_set",
      "name": "postgres",
      "provider": "provider[\"registry.terraform.io/hashicorp/kubernetes\"]",
      "instances": [
        {
          "schema_version": 1,
          "attributes": {
            "id": "demo/postgres",
            "metadata": [
              {
                "annotations": null,
                "generate_name": "",
                "generation": 1,
                "labels": null,
                "name": "postgres",
                "namespace": "demo",
                "resource_version": "2304",
                "uid": "c508783a-0b0f-48c7-9437-d38bcbb5536e"
              }
            ],
            "spec": [
              {
                "min_ready_seconds": 0,
                "persistent_volume_claim_retention_policy": [
                  {
                    "when_deleted": "Retain",
                    "when_scaled": "Retain"
                  }
                ],
                "pod_management_policy": "OrderedReady",
                "replicas": "1",
                "revision_history_limit": 0,
                "selector": [
                  {
                    "match_expressions": [],
                    "match_labels": {
                      "app": "postgres"
                    }
                  }
                ],
                "service_name": "postgres",
                "template": [
                  {
                    "metadata": [
                      {
                        "annotations": null,
                        "generate_name": "",
                        "generation": 0,
                        "labels": {
                          "app": "postgres"
                        },
                        "name": "",
                        "namespace": "",
                        "resource_version": "",
                        "uid": ""
                      }
                    ],
                    "spec": [
                      {
                        "active_deadline_seconds": 0,
                        "affinity": [],
                        "automount_service_account_token": true,
                        "container": [
                          {
                            "args": null,
                            "command": null,
                            "env": [
                              {
                                "name": "PGDATA",
                                "value": "/var/lib/postgresql/data/pgdata",
                                "value_from": []
                              },
                              {
                                "name": "POSTGRES_DB",
                                "value": "",
                                "value_from": [
                                  {
                                    "config_map_key_ref": [],
                                    "field_ref": [],
                                    "resource_field_ref": [],
                                    "secret_key_ref": [
                                      {
                                        "key": "POSTGRES_DB",
                                        "name": "faraday-db-secret",
                                        "optional": false
                                      }
                                    ]
                                  }
                                ]
                              },
                              {
                                "name": "POSTGRES_USER",
                                "value": "",
                                "value_from": [
                                  {
                                    "config_map_key_ref": [],
                                    "field_ref": [],
                                    "resource_field_ref": [],
                                    "secret_key_ref": [
                                      {
                                        "key": "POSTGRES_USER",
                                        "name": "faraday-db-secret",
                                        "optional": false
                                      }
                                    ]
                                  }
                                ]
                              },
                              {
                                "name": "POSTGRES_PASSWORD",
                                "value": "",
                                "value_from": [
                                  {
                                    "config_map_key_ref": [],
                                    "field_ref": [],
                                    "resource_field_ref": [],
                                    "secret_key_ref": [
                                      {
                                        "key": "POSTGRES_PASSWORD",
                                        "name": "faraday-db-secret",
                                        "optional": false
                                      }
                                    ]
                                  }
                                ]
                              }
                            ],
                            "env_from": [],
                            "image": "postgres:16-alpine",
                            "image_pull_policy": "IfNotPresent",
                            "lifecycle": [],
                            "liveness_probe": [],
                            "name": "postgres",
                            "port": [
                              {
                                "container_port": 5432,
                                "host_ip": "",
                                "host_port": 0,
                                "name": "",
                                "protocol": "TCP"
                              }
                            ],
                            "readiness_probe": [],
                            "resources": [
                              {
                                "limits": {},
                                "requests": {}
                              }
                            ],
                            "security_context": [],
                            "startup_probe": [],
                            "stdin": false,
                            "stdin_once": false,
                            "termination_message_path": "/dev/termination-log",
                            "termination_message_policy": "File",
                            "tty": false,
                            "volume_device": [],
                            "volume_mount": [
                              {
                                "mount_path": "/var/lib/postgresql/data",
                                "mount_propagation": "None",
                                "name": "postgres-data",
                                "read_only": false,
                                "sub_path": "",
                                "sub_path_expr": ""
                              }
                            ],
                            "working_dir": ""
                          }
                        ],
                        "dns_config": [],
                        "dns_policy": "ClusterFirst",
                        "enable_service_links": true,
                        "host_aliases": [],
                        "host_ipc": false,
                        "host_network": false,
                        "host_pid": false,
                        "hostname": "",
                        "image_pull_secrets": [],
                        "init_container": [
                          {
                            "args": null,
                            "command": [
                              "sh",
                              "-c",
                              "mkdir -p /var/lib/postgresql/data/pgdata \u0026\u0026 chown -R 70:70 /var/lib/postgresql/data || true"
                            ],
                            "env": [],
                            "env_from": [],
                            "image": "busybox:1.36",
                            "image_pull_policy": "IfNotPresent",
                            "lifecycle": [],
                            "liveness_probe": [],
                            "name": "init-pgdata",
                            "port": [],
                            "readiness_probe": [],
                            "resources": [
                              {
                                "limits": {},
                                "requests": {}
                              }
                            ],
                            "security_context": [
                              {
                                "allow_privilege_escalation": true,
                                "capabilities": [],
                                "privileged": false,
                                "read_only_root_filesystem": false,
                                "run_as_group": "",
                                "run_as_non_root": false,
                                "run_as_user": "0",
                                "se_linux_options": [],
                                "seccomp_profile": []
                              }
                            ],
                            "startup_probe": [],
                            "stdin": false,
                            "stdin_once": false,
                            "termination_message_path": "/dev/termination-log",
                            "termination_message_policy": "File",
                            "tty": false,
                            "volume_device": [],
                            "volume_mount": [
                              {
                                "mount_path": "/var/lib/postgresql/data",
                                "mount_propagation": "None",
                                "name": "postgres-data",
                                "read_only": false,
                                "sub_path": "",
                                "sub_path_expr": ""
                              }
                            ],
                            "working_dir": ""
                          }
                        ],
                        "node_name": "",
                        "node_selector": null,
                        "os": [],
                        "priority_class_name": "",
                        "readiness_gate": [],
                        "restart_policy": "Always",
                        "runtime_class_name": "",
                        "scheduler_name": "default-scheduler",
                        "security_context": [
                          {
                            "fs_group": "70",
                            "fs_group_change_policy": "",
                            "run_as_group": "",
                            "run_as_non_root": false,
                            "run_as_user": "70",
                            "se_linux_options": [],
                            "seccomp_profile": [],
                            "supplemental_groups": null,
                            "sysctl": [],
                            "windows_options": []
                          }
                        ],
                        "service_account_name": "",
                        "share_process_namespace": false,
                        "subdomain": "",
                        "termination_grace_period_seconds": 30,
                        "toleration": [],
                        "topology_spread_constraint": [],
                        "volume": [
                          {
                            "aws_elastic_block_store": [],
                            "azure_disk": [],
                            "azure_file": [],
                            "ceph_fs": [],
                            "cinder": [],
                            "config_map": [],
                            "csi": [],
                            "downward_api": [],
                            "empty_dir": [],
                            "ephemeral": [],
                            "fc": [],
                            "flex_volume": [],
                            "flocker": [],
                            "gce_persistent_disk": [],
                            "git_repo": [],
                            "glusterfs": [],
                            "host_path": [],
                            "iscsi": [],
                            "local": [],
                            "name": "postgres-data",
                            "nfs": [],
                            "persistent_volume_claim": [
                              {
                                "claim_name": "postgres-data",
                                "read_only": false
                              }
                            ],
                            "photon_persistent_disk": [],
                            "projected": [],
                            "quobyte": [],
                            "rbd": [],
                            "secret": [],
                            "vsphere_volume": []
                          }
                        ]
                      }
                    ]
                  }
                ],
                "update_strategy": [],
                "volume_claim_template": []
              }
            ],
            "timeouts": null,
            "wait_for_rollout": true
          },
          "sensitive_attributes": [],
          "private": "eyJlMmJmYjczMC1lY2FhLTExZTYtOGY4OC0zNDM2M2JjN2M0YzAiOnsiY3JlYXRlIjo2MDAwMDAwMDAwMDAsImRlbGV0ZSI6NjAwMDAwMDAwMDAwLCJyZWFkIjo2MDAwMDAwMDAwMDAsInVwZGF0ZSI6NjAwMDAwMDAwMDAwfSwic2NoZW1hX3ZlcnNpb24iOiIxIn0=",
          "dependencies": [
            "data.digitalocean_kubernetes_versions.available",
            "digitalocean_kubernetes_cluster.spm_cluster",
            "module.tenant.kubernetes_namespace.tenant_ns",
            "module.tenant.kubernetes_persistent_volume_claim.postgres",
            "module.tenant.kubernetes_secret.faraday_db_auth",
            "module.tenant.kubernetes_service.postgres",
            "module.tenant.random_password.postgres_password"
          ]
        }
      ]
    },
    {
      "module": "module.tenant",
      "mode": "managed",
      "type": "random_password",
      "name": "opensearch_admin_pass",
      "provider": "provider[\"registry.terraform.io/hashicorp/random\"]",
      "instances": [
        {
          "schema_version": 3,
          "attributes": {
            "bcrypt_hash": "$2a$10$M9nhZxsEgDbr9IqpHeFssOhu14/1hUTPyubdLZTe1VKdAoFrmfuau",
            "id": "none",
            "keepers": null,
            "length": 16,
            "lower": true,
            "min_lower": 0,
            "min_numeric": 0,
            "min_special": 0,
            "min_upper": 0,
            "number": true,
            "numeric": true,
            "override_special": null,
            "result": "SEoCuJ$A1BwsQ43z",
            "special": true,
            "upper": true
          },
          "sensitive_attributes": []
        }
      ]
    },
    {
      "module": "module.tenant",
      "mode": "managed",
      "type": "random_password",
      "name": "postgres_password",
      "provider": "provider[\"registry.terraform.io/hashicorp/random\"]",
      "instances": [
        {
          "schema_version": 3,
          "attributes": {
            "bcrypt_hash": "$2a$10$PZmbvGeJyHP5YtSiBVv.tuBY9I9qEc/gObiYRLM3ugn1qOggkzXtO",
            "id": "none",
            "keepers": null,
            "length": 20,
            "lower": true,
            "min_lower": 0,
            "min_numeric": 0,
            "min_special": 0,
            "min_upper": 0,
            "number": true,
            "numeric": true,
            "override_special": null,
            "result": ":Yr!:yCbVNOnu+gDqplH",
            "special": true,
            "upper": true
          },
          "sensitive_attributes": []
        }
      ]
    },
    {
      "module": "module.tenant",
      "mode": "managed",
      "type": "random_password",
      "name": "rabbitmq_password",
      "provider": "provider[\"registry.terraform.io/hashicorp/random\"]",
      "instances": [
        {
          "schema_version": 3,
          "attributes": {
            "bcrypt_hash": "$2a$10$eXGecprPF0bLmHOyrJiWoeG8q4You5DcTie1ExtUMTnENh5RjHkpG",
            "id": "none",
            "keepers": null,
            "length": 20,
            "lower": true,
            "min_lower": 0,
            "min_numeric": 0,
            "min_special": 0,
            "min_upper": 0,
            "number": true,
            "numeric": true,
            "override_special": null,
            "result": "[zOAfJi9JafP+$(wZ!4w",
            "special": true,
            "upper": true
          },
          "sensitive_attributes": []
        }
      ]
    }
  ],
  "check_results": null
}
