{
  "version": 4,
  "terraform_version": "1.5.0",
  "serial": 525,
  "lineage": "2bdfdec5-8c30-28c5-2bba-a5d893c95ad2",
  "outputs": {
    "tenant_host": {
      "value": "157.180.88.232",
      "type": "string"
    },
    "tenant_name": {
      "value": "demo",
      "type": "string"
    },
    "tenant_ssh_private_key": {
      "value": "-----BEGIN RSA PRIVATE KEY-----\nMIIJKAIBAAKCAgEA7EmhcFGpf8YslDCrL3wNMKKdqmkUCjCJDN0Xe6Qh+N6+SG8r\n84Txi5cvepWt7vbVtzCnfIBFlLHzGDUCJwpBjIz8NzgGfR3TFcwkfl7lsdcxzADT\nZZUPhdp66Iz0M80HZEIUHC12rMDcDTFDCNmyPLFGgQ7R+Qfi+j5A6XTy6FbKIzTK\nZIASSoVWU53okXcc19nwttlNurH97QE3OmD6wag56mEBuE1iJ+0w42KkFWnEHxjF\nH63WRyT9pDY6Yfpg3Xq4OWM+E1EYR8fC65BYfal0C7M7JoWIp79U5OUT0PRAmjnJ\nQzQucNuZ3h1stz2vmOENWCo0myjBjIs1utPHr+jWxQw/Gg67aLlXTUG9yxAOEfJP\n4ty1AyKqeCUH8uDpfij2D/DcgP4ebSYuq12u+CPCtSEwGqa9V98NzCGqo+bVN+BF\nWXv+Ip7siwGo0ETnlGcer/zoC5BvPHRB3mHfGuJPncTFyh6CrZ5ox4FvB2lmK0TP\n1gaa91S4MtnaMqtLP/p5KidQt+O+0JJbgN/DIjFvqnrMOnHI2pCIHnmS8oqnJc9j\nMU7vs6Vg3Z+//5gHChs88c2SKzEwERsexbfZ7gPp7IbTtc77XZdGYDZunwOK4qdR\nuoUVxGzeodv5q1KKYWBYSRXOqoPGkVipC/ebevKKrHviQ2CWus6ovu8+uPkCAwEA\nAQKCAgAB332LneIZlLESxaX9vN5/5bIZQTb687KKaxA+Fyl7xww8F8GB7ypZAGxM\nbPZRgBxmlNinCH9Es/po1Ta8p3yoiA+RwnxurndXY2RgqhDpDXskEleapQlX9sjl\nogRnircFyO5O4N9hdC/qXNsarVsX1xHngP4SGslmUWsDTr2EMPfuOoNmM4uxkogC\nJqzKxmZwoZYiZOuUUMfiApH1AQLL2TEIVheE5fwis+Mg0k3Zq5p14qThYOfjbXwj\nOpjQ4QK2jrv6HHrH/WsTWpaFdoH1EQxN8XBFGGbiaYZbQCOdkuoWLuIVCctacqsw\nEwyjETacoCASdFcxaavLGOlmnzoke24Bf6wiRorND0XnZbVmmBcsaIekLrDugSqK\nxmXz7kXhgQmjsLgRV/3rbFfQA2kIbO83Ms5nAux0X+VEj7nZZaGGiH8XrGYsPVhO\nVe21D47HhrdUNIwxvsaPhk/v3Y8gWvdou5kVbEmImjhelDa+kdmtbpEM8VjLfFrH\ndVeB5ySMgyYLIoCK5dWQNpoUSaQm1TnQngyDd+0DCs068ij9tH3KJDCWjLVbLNbh\nTh1mgI1FCA+qxS+yN3MOJN03iRoKyIDVqm1Z8YX76Azfbai0PfKqsWL4V195f97U\nVKQ10lFj9nWMoCbn8O18vpwdyaDC1EmImWesjJISnVHcwSYbZwKCAQEA79itkjpv\n/g/HY8/xsXXQZMKu4wdLjraYmZdvtuU2SgfgouF1htQMRpxoWUpP6S5Jklm8IMNu\nqgsMFQm36i8F1D0OnXLjzoKGgtBbwRgyTqq8Ncn4Ppg52w3tDFhH2HCJTJzvtkdn\njrplAXeuAGBR42uBkkl9Lc3Ulud8/Itq6fsAwuHRDHevZ1OLzuHzqG52bnLmz4t1\nM0PPH15LwN3KQyVxJs/QrlYTjWzNMsmxLJSwzZ6xlg2jrJtjm/f/BlK6a7bzR7m/\nQIGHIrRvvObDH6oTc8MU2T7QZ3KD8iULYd7YgteG5DzId3OYuSJ2O0rWI/G7p37K\n/V0Y/6oEeGvwNwKCAQEA/DOYATitrJkZyF1jJXJ0owgfcs0Lb/CFlxh7hitx0lqz\n/EcAPktxe/95NrlPRapnIXqltfb8pIFdHD2CW0DqdqrOVP47x60Q4+kXusDqNmDG\ns38ivOIH7eY2lURrLIvubacAWP5/c/YqrLmDqFIUlWFEzaLsfEmlQUHlW7kZuq9H\nARyBfZAmmzytZfLUj5GKzj+dDX+XcgZqZPS6Iu7hFMC3YQJhtpNGzcM1I+3fExrW\nzKhvmJy5N5KpGfQRr4TLWU+30u1uHihRJBvtv6/SsuQwf9unuD/6gPLLI/VpuGNz\nQccvPtwAMJQuCsY0SnVgiHGS/CtQ2DNhjbZ/0VEoTwKCAQAO5v+h3k+nEYPqB7mU\ntSVFnXMQWBuxulaw9F/UlVlSMDsc47VRs0sv9/fj1GIystWPalPuFTaDCjyt8fSj\ncFiEX2bREZpl8mY5KokI7l/x01nuXaY2/W5a1fqska+lGxjs0bNzN+yPSbWM6cq9\n6z4rSzq5xCcq+WcEGU4CwwbZkubxNOawR592ZBKDwDZLeNGS+0CsFJYroUL1R/6c\n9SrkESd+qdrleiOs3d3CEhYYFwUFQZ73G9HXn7AIuNf3pJxApRVol3nyoBmtZliq\n/AuTpBWhU7Wv6d85Djx0hyi15Aq/1nRjKgOqqFwM5L9D39p+UT6/oXkrVOWAvSeZ\n89rxAoIBAFsjPeP7Gm/L59BLRx/qK5IaxlqTFHYAQhZnB4RlwL0WgAJDmifo1XrM\nyH3pG2d+e8RScP2/4m6EPSSOacQWQmRdtzBpqyquNPNXcXbQbhL2h/enkuMU/26O\nCd2JGv2/F4tSlUKTvXUnWSaP56708nFE9DsnjDQh3PEnIf4ydsTKwGr7ZSP96qWg\nmLzFsuCq5LFBtbyCBjVzchFHithC4N3CAsKwvKTgte53g4WXWUyrH0JX//Pzds9J\nVYiGdbmq0F1W/IPhvzBwu1nEKfdiT07MPWaG9yYTILBmjNhSwECc17LGiyE5GWx0\nr+q+03iw0BCeklJESPPIJZGziJ8Yp+sCggEBANPvq+LCaWnSyH4YpjrFrlaF/ma7\nFpNJBlVGMYeN3qFIOUEqHOhcX53wqY/af7P6nDzo7I7pow9gszWNuiq2LrYyC1Ym\n3BYwLjdcCHOGTyW8xDg5nHYJ3TKHAJ+rjtsmkWB4sgejVFa/BxVeSYrzRn7S9fZy\nz5OU9/FuWSaEyXGQA1+4AvGlxq5HgtOsTwmM5XOCcb15/PekvlGXJ6c25kHuW3Jo\nC/wy58+DM6+hmJdqOFVKfHRwsxTSvNIkDzLo0QAe+RRn3nWKntkMHkwSwg2BqQcP\nFtxC8RENs9aKBHsegw4cthLNNrtYqN9pHHhF+Pf0fHvOPUG+ot+b5abTHsE=\n-----END RSA PRIVATE KEY-----\n",
      "type": "string",
      "sensitive": true
    },
    "tenant_ssh_public_key": {
      "value": "ssh-rsa AAAAB3NzaC1yc2EAAAADAQABAAACAQDsSaFwUal/xiyUMKsvfA0wop2qaRQKMIkM3Rd7pCH43r5IbyvzhPGLly96la3u9tW3MKd8gEWUsfMYNQInCkGMjPw3OAZ9HdMVzCR+XuWx1zHMANNllQ+F2nrojPQzzQdkQhQcLXaswNwNMUMI2bI8sUaBDtH5B+L6PkDpdPLoVsojNMpkgBJKhVZTneiRdxzX2fC22U26sf3tATc6YPrBqDnqYQG4TWIn7TDjYqQVacQfGMUfrdZHJP2kNjph+mDderg5Yz4TURhHx8LrkFh9qXQLszsmhYinv1Tk5RPQ9ECaOclDNC5w25neHWy3Pa+Y4Q1YKjSbKMGMizW608ev6NbFDD8aDrtouVdNQb3LEA4R8k/i3LUDIqp4JQfy4Ol+KPYP8NyA/h5tJi6rXa74I8K1ITAapr1X3w3MIaqj5tU34EVZe/4inuyLAajQROeUZx6v/OgLkG88dEHeYd8a4k+dxMXKHoKtnmjHgW8HaWYrRM/WBpr3VLgy2doyq0s/+nkqJ1C3477QkluA38MiMW+qesw6ccjakIgeeZLyiqclz2MxTu+zpWDdn7//mAcKGzzxzZIrMTARGx7Ft9nuA+nshtO1zvtdl0ZgNm6fA4rip1G6hRXEbN6h2/mrUophYFhJFc6qg8aRWKkL95t68oqse+JDYJa6zqi+7z64+Q==\n",
      "type": "string"
    }
  },
  "resources": [
    {
      "module": "module.tenant",
      "mode": "data",
      "type": "cloudflare_zone",
      "name": "openshield",
      "provider": "module.tenant.provider[\"registry.terraform.io/cloudflare/cloudflare\"]",
      "instances": [
        {
          "schema_version": 0,
          "attributes": {
            "account": {
              "id": "bca3124de7c86d659a959f06cb35043d",
              "name": "Cloudflare@cyberdef.cc's Account"
            },
            "activated_on": "2025-04-21T11:29:39Z",
            "cname_suffix": null,
            "created_on": "2025-04-21T11:00:21Z",
            "development_mode": 0,
            "filter": {
              "account": null,
              "direction": null,
              "match": null,
              "name": "openshield.io",
              "order": null,
              "status": null
            },
            "id": null,
            "meta": {
              "cdn_only": null,
              "custom_certificate_quota": 0,
              "dns_only": null,
              "foundation_dns": null,
              "page_rule_quota": 3,
              "phishing_detected": false,
              "step": 2
            },
            "modified_on": "2025-04-21T11:29:39Z",
            "name": "openshield.io",
            "name_servers": [
              "kiki.ns.cloudflare.com",
              "lloyd.ns.cloudflare.com"
            ],
            "original_dnshost": null,
            "original_name_servers": [
              "dns1.registrar-servers.com",
              "dns2.registrar-servers.com"
            ],
            "original_registrar": "namecheap, inc. (id: 1068)",
            "owner": {
              "id": null,
              "name": null,
              "type": "user"
            },
            "paused": false,
            "permissions": [
              "#dns_records:edit",
              "#dns_records:read",
              "#zone:read"
            ],
            "plan": {
              "can_subscribe": false,
              "currency": "USD",
              "externally_managed": false,
              "frequency": "",
              "id": "0feeeeeeeeeeeeeeeeeeeeeeeeeeeeee",
              "is_subscribed": false,
              "legacy_discount": false,
              "legacy_id": "free",
              "name": "Free Website",
              "price": 0
            },
            "status": "active",
            "tenant": {
              "id": null,
              "name": null
            },
            "tenant_unit": {
              "id": null
            },
            "type": "full",
            "vanity_name_servers": [],
            "verification_key": null,
            "zone_id": "f92c4f6137dffe0e40aa658cc70e3fa8"
          },
          "sensitive_attributes": []
        }
      ]
    },
    {
      "module": "module.tenant",
      "mode": "data",
      "type": "hcloud_server_type",
      "name": "selected",
      "provider": "module.tenant.provider[\"registry.terraform.io/hetznercloud/hcloud\"]",
      "instances": [
        {
          "index_key": "cpx21",
          "schema_version": 0,
          "attributes": {
            "architecture": "x86",
            "category": "regular_purpose",
            "cores": 3,
            "cpu_type": "shared",
            "deprecation_announced": "",
            "description": "CPX 21",
            "disk": 80,
            "id": 23,
            "included_traffic": 0,
            "is_deprecated": false,
            "locations": [
              {
                "deprecation_announced": "2025-10-16T06:00:00Z",
                "id": 1,
                "is_deprecated": true,
                "name": "fsn1",
                "unavailable_after": "2025-12-31T23:59:59Z"
              },
              {
                "deprecation_announced": "2025-10-16T06:00:00Z",
                "id": 2,
                "is_deprecated": true,
                "name": "nbg1",
                "unavailable_after": "2025-12-31T23:59:59Z"
              },
              {
                "deprecation_announced": "2025-10-16T06:00:00Z",
                "id": 3,
                "is_deprecated": true,
                "name": "hel1",
                "unavailable_after": "2025-12-31T23:59:59Z"
              },
              {
                "deprecation_announced": "",
                "id": 4,
                "is_deprecated": false,
                "name": "ash",
                "unavailable_after": ""
              },
              {
                "deprecation_announced": "",
                "id": 5,
                "is_deprecated": false,
                "name": "hil",
                "unavailable_after": ""
              },
              {
                "deprecation_announced": "2025-10-16T06:00:00Z",
                "id": 6,
                "is_deprecated": true,
                "name": "sin",
                "unavailable_after": "2025-12-31T23:59:59Z"
              }
            ],
            "memory": 4,
            "name": "cpx21",
            "storage_type": "local",
            "unavailable_after": ""
          },
          "sensitive_attributes": []
        },
        {
          "index_key": "cpx22",
          "schema_version": 0,
          "attributes": {
            "architecture": "x86",
            "category": "regular_purpose",
            "cores": 2,
            "cpu_type": "shared",
            "deprecation_announced": "",
            "description": "CPX 22",
            "disk": 80,
            "id": 109,
            "included_traffic": 0,
            "is_deprecated": false,
            "locations": [
              {
                "deprecation_announced": "",
                "id": 1,
                "is_deprecated": false,
                "name": "fsn1",
                "unavailable_after": ""
              },
              {
                "deprecation_announced": "",
                "id": 2,
                "is_deprecated": false,
                "name": "nbg1",
                "unavailable_after": ""
              },
              {
                "deprecation_announced": "",
                "id": 3,
                "is_deprecated": false,
                "name": "hel1",
                "unavailable_after": ""
              },
              {
                "deprecation_announced": "",
                "id": 6,
                "is_deprecated": false,
                "name": "sin",
                "unavailable_after": ""
              }
            ],
            "memory": 4,
            "name": "cpx22",
            "storage_type": "local",
            "unavailable_after": ""
          },
          "sensitive_attributes": []
        },
        {
          "index_key": "cpx31",
          "schema_version": 0,
          "attributes": {
            "architecture": "x86",
            "category": "regular_purpose",
            "cores": 4,
            "cpu_type": "shared",
            "deprecation_announced": "",
            "description": "CPX 31",
            "disk": 160,
            "id": 24,
            "included_traffic": 0,
            "is_deprecated": false,
            "locations": [
              {
                "deprecation_announced": "2025-10-16T06:00:00Z",
                "id": 1,
                "is_deprecated": true,
                "name": "fsn1",
                "unavailable_after": "2025-12-31T23:59:59Z"
              },
              {
                "deprecation_announced": "2025-10-16T06:00:00Z",
                "id": 2,
                "is_deprecated": true,
                "name": "nbg1",
                "unavailable_after": "2025-12-31T23:59:59Z"
              },
              {
                "deprecation_announced": "2025-10-16T06:00:00Z",
                "id": 3,
                "is_deprecated": true,
                "name": "hel1",
                "unavailable_after": "2025-12-31T23:59:59Z"
              },
              {
                "deprecation_announced": "",
                "id": 4,
                "is_deprecated": false,
                "name": "ash",
                "unavailable_after": ""
              },
              {
                "deprecation_announced": "",
                "id": 5,
                "is_deprecated": false,
                "name": "hil",
                "unavailable_after": ""
              },
              {
                "deprecation_announced": "2025-10-16T06:00:00Z",
                "id": 6,
                "is_deprecated": true,
                "name": "sin",
                "unavailable_after": "2025-12-31T23:59:59Z"
              }
            ],
            "memory": 8,
            "name": "cpx31",
            "storage_type": "local",
            "unavailable_after": ""
          },
          "sensitive_attributes": []
        },
        {
          "index_key": "cpx32",
          "schema_version": 0,
          "attributes": {
            "architecture": "x86",
            "category": "regular_purpose",
            "cores": 4,
            "cpu_type": "shared",
            "deprecation_announced": "",
            "description": "CPX 32",
            "disk": 160,
            "id": 110,
            "included_traffic": 0,
            "is_deprecated": false,
            "locations": [
              {
                "deprecation_announced": "",
                "id": 1,
                "is_deprecated": false,
                "name": "fsn1",
                "unavailable_after": ""
              },
              {
                "deprecation_announced": "",
                "id": 2,
                "is_deprecated": false,
                "name": "nbg1",
                "unavailable_after": ""
              },
              {
                "deprecation_announced": "",
                "id": 3,
                "is_deprecated": false,
                "name": "hel1",
                "unavailable_after": ""
              },
              {
                "deprecation_announced": "",
                "id": 6,
                "is_deprecated": false,
                "name": "sin",
                "unavailable_after": ""
              }
            ],
            "memory": 8,
            "name": "cpx32",
            "storage_type": "local",
            "unavailable_after": ""
          },
          "sensitive_attributes": []
        },
        {
          "index_key": "cpx41",
          "schema_version": 0,
          "attributes": {
            "architecture": "x86",
            "category": "regular_purpose",
            "cores": 8,
            "cpu_type": "shared",
            "deprecation_announced": "",
            "description": "CPX 41",
            "disk": 240,
            "id": 25,
            "included_traffic": 0,
            "is_deprecated": false,
            "locations": [
              {
                "deprecation_announced": "2025-10-16T06:00:00Z",
                "id": 1,
                "is_deprecated": true,
                "name": "fsn1",
                "unavailable_after": "2025-12-31T23:59:59Z"
              },
              {
                "deprecation_announced": "2025-10-16T06:00:00Z",
                "id": 2,
                "is_deprecated": true,
                "name": "nbg1",
                "unavailable_after": "2025-12-31T23:59:59Z"
              },
              {
                "deprecation_announced": "2025-10-16T06:00:00Z",
                "id": 3,
                "is_deprecated": true,
                "name": "hel1",
                "unavailable_after": "2025-12-31T23:59:59Z"
              },
              {
                "deprecation_announced": "",
                "id": 4,
                "is_deprecated": false,
                "name": "ash",
                "unavailable_after": ""
              },
              {
                "deprecation_announced": "",
                "id": 5,
                "is_deprecated": false,
                "name": "hil",
                "unavailable_after": ""
              },
              {
                "deprecation_announced": "2025-10-16T06:00:00Z",
                "id": 6,
                "is_deprecated": true,
                "name": "sin",
                "unavailable_after": "2025-12-31T23:59:59Z"
              }
            ],
            "memory": 16,
            "name": "cpx41",
            "storage_type": "local",
            "unavailable_after": ""
          },
          "sensitive_attributes": []
        },
        {
          "index_key": "cpx42",
          "schema_version": 0,
          "attributes": {
            "architecture": "x86",
            "category": "regular_purpose",
            "cores": 8,
            "cpu_type": "shared",
            "deprecation_announced": "",
            "description": "CPX 42",
            "disk": 320,
            "id": 111,
            "included_traffic": 0,
            "is_deprecated": false,
            "locations": [
              {
                "deprecation_announced": "",
                "id": 1,
                "is_deprecated": false,
                "name": "fsn1",
                "unavailable_after": ""
              },
              {
                "deprecation_announced": "",
                "id": 2,
                "is_deprecated": false,
                "name": "nbg1",
                "unavailable_after": ""
              },
              {
                "deprecation_announced": "",
                "id": 3,
                "is_deprecated": false,
                "name": "hel1",
                "unavailable_after": ""
              },
              {
                "deprecation_announced": "",
                "id": 6,
                "is_deprecated": false,
                "name": "sin",
                "unavailable_after": ""
              }
            ],
            "memory": 16,
            "name": "cpx42",
            "storage_type": "local",
            "unavailable_after": ""
          },
          "sensitive_attributes": []
        },
        {
          "index_key": "cpx51",
          "schema_version": 0,
          "attributes": {
            "architecture": "x86",
            "category": "regular_purpose",
            "cores": 16,
            "cpu_type": "shared",
            "deprecation_announced": "",
            "description": "CPX 51",
            "disk": 360,
            "id": 26,
            "included_traffic": 0,
            "is_deprecated": false,
            "locations": [
              {
                "deprecation_announced": "2025-10-16T06:00:00Z",
                "id": 1,
                "is_deprecated": true,
                "name": "fsn1",
                "unavailable_after": "2025-12-31T23:59:59Z"
              },
              {
                "deprecation_announced": "2025-10-16T06:00:00Z",
                "id": 2,
                "is_deprecated": true,
                "name": "nbg1",
                "unavailable_after": "2025-12-31T23:59:59Z"
              },
              {
                "deprecation_announced": "2025-10-16T06:00:00Z",
                "id": 3,
                "is_deprecated": true,
                "name": "hel1",
                "unavailable_after": "2025-12-31T23:59:59Z"
              },
              {
                "deprecation_announced": "",
                "id": 4,
                "is_deprecated": false,
                "name": "ash",
                "unavailable_after": ""
              },
              {
                "deprecation_announced": "",
                "id": 5,
                "is_deprecated": false,
                "name": "hil",
                "unavailable_after": ""
              },
              {
                "deprecation_announced": "2025-10-16T06:00:00Z",
                "id": 6,
                "is_deprecated": true,
                "name": "sin",
                "unavailable_after": "2025-12-31T23:59:59Z"
              }
            ],
            "memory": 32,
            "name": "cpx51",
            "storage_type": "local",
            "unavailable_after": ""
          },
          "sensitive_attributes": []
        },
        {
          "index_key": "cpx52",
          "schema_version": 0,
          "attributes": {
            "architecture": "x86",
            "category": "regular_purpose",
            "cores": 12,
            "cpu_type": "shared",
            "deprecation_announced": "",
            "description": "CPX 52",
            "disk": 480,
            "id": 112,
            "included_traffic": 0,
            "is_deprecated": false,
            "locations": [
              {
                "deprecation_announced": "",
                "id": 1,
                "is_deprecated": false,
                "name": "fsn1",
                "unavailable_after": ""
              },
              {
                "deprecation_announced": "",
                "id": 2,
                "is_deprecated": false,
                "name": "nbg1",
                "unavailable_after": ""
              },
              {
                "deprecation_announced": "",
                "id": 3,
                "is_deprecated": false,
                "name": "hel1",
                "unavailable_after": ""
              },
              {
                "deprecation_announced": "",
                "id": 6,
                "is_deprecated": false,
                "name": "sin",
                "unavailable_after": ""
              }
            ],
            "memory": 24,
            "name": "cpx52",
            "storage_type": "local",
            "unavailable_after": ""
          },
          "sensitive_attributes": []
        },
        {
          "index_key": "cpx62",
          "schema_version": 0,
          "attributes": {
            "architecture": "x86",
            "category": "regular_purpose",
            "cores": 16,
            "cpu_type": "shared",
            "deprecation_announced": "",
            "description": "CPX 62",
            "disk": 640,
            "id": 113,
            "included_traffic": 0,
            "is_deprecated": false,
            "locations": [
              {
                "deprecation_announced": "",
                "id": 1,
                "is_deprecated": false,
                "name": "fsn1",
                "unavailable_after": ""
              },
              {
                "deprecation_announced": "",
                "id": 2,
                "is_deprecated": false,
                "name": "nbg1",
                "unavailable_after": ""
              },
              {
                "deprecation_announced": "",
                "id": 3,
                "is_deprecated": false,
                "name": "hel1",
                "unavailable_after": ""
              },
              {
                "deprecation_announced": "",
                "id": 6,
                "is_deprecated": false,
                "name": "sin",
                "unavailable_after": ""
              }
            ],
            "memory": 32,
            "name": "cpx62",
            "storage_type": "local",
            "unavailable_after": ""
          },
          "sensitive_attributes": []
        },
        {
          "index_key": "cx22",
          "schema_version": 0,
          "attributes": {
            "architecture": "x86",
            "category": "cost_optimized",
            "cores": 2,
            "cpu_type": "shared",
            "deprecation_announced": "2025-10-16T06:00:00Z",
            "description": "CX22",
            "disk": 40,
            "id": 104,
            "included_traffic": 0,
            "is_deprecated": true,
            "locations": [
              {
                "deprecation_announced": "2025-10-16T06:00:00Z",
                "id": 1,
                "is_deprecated": true,
                "name": "fsn1",
                "unavailable_after": "2025-12-31T23:59:59Z"
              },
              {
                "deprecation_announced": "2025-10-16T06:00:00Z",
                "id": 2,
                "is_deprecated": true,
                "name": "nbg1",
                "unavailable_after": "2025-12-31T23:59:59Z"
              },
              {
                "deprecation_announced": "2025-10-16T06:00:00Z",
                "id": 3,
                "is_deprecated": true,
                "name": "hel1",
                "unavailable_after": "2025-12-31T23:59:59Z"
              }
            ],
            "memory": 4,
            "name": "cx22",
            "storage_type": "local",
            "unavailable_after": "2025-12-31T23:59:59Z"
          },
          "sensitive_attributes": []
        },
        {
          "index_key": "cx23",
          "schema_version": 0,
          "attributes": {
            "architecture": "x86",
            "category": "cost_optimized",
            "cores": 2,
            "cpu_type": "shared",
            "deprecation_announced": "",
            "description": "CX 23",
            "disk": 40,
            "id": 114,
            "included_traffic": 0,
            "is_deprecated": false,
            "locations": [
              {
                "deprecation_announced": "",
                "id": 1,
                "is_deprecated": false,
                "name": "fsn1",
                "unavailable_after": ""
              },
              {
                "deprecation_announced": "",
                "id": 2,
                "is_deprecated": false,
                "name": "nbg1",
                "unavailable_after": ""
              },
              {
                "deprecation_announced": "",
                "id": 3,
                "is_deprecated": false,
                "name": "hel1",
                "unavailable_after": ""
              }
            ],
            "memory": 4,
            "name": "cx23",
            "storage_type": "local",
            "unavailable_after": ""
          },
          "sensitive_attributes": []
        },
        {
          "index_key": "cx32",
          "schema_version": 0,
          "attributes": {
            "architecture": "x86",
            "category": "cost_optimized",
            "cores": 4,
            "cpu_type": "shared",
            "deprecation_announced": "2025-10-16T06:00:00Z",
            "description": "CX32",
            "disk": 80,
            "id": 105,
            "included_traffic": 0,
            "is_deprecated": true,
            "locations": [
              {
                "deprecation_announced": "2025-10-16T06:00:00Z",
                "id": 1,
                "is_deprecated": true,
                "name": "fsn1",
                "unavailable_after": "2025-12-31T23:59:59Z"
              },
              {
                "deprecation_announced": "2025-10-16T06:00:00Z",
                "id": 2,
                "is_deprecated": true,
                "name": "nbg1",
                "unavailable_after": "2025-12-31T23:59:59Z"
              },
              {
                "deprecation_announced": "2025-10-16T06:00:00Z",
                "id": 3,
                "is_deprecated": true,
                "name": "hel1",
                "unavailable_after": "2025-12-31T23:59:59Z"
              }
            ],
            "memory": 8,
            "name": "cx32",
            "storage_type": "local",
            "unavailable_after": "2025-12-31T23:59:59Z"
          },
          "sensitive_attributes": []
        },
        {
          "index_key": "cx33",
          "schema_version": 0,
          "attributes": {
            "architecture": "x86",
            "category": "cost_optimized",
            "cores": 4,
            "cpu_type": "shared",
            "deprecation_announced": "",
            "description": "CX 33",
            "disk": 80,
            "id": 115,
            "included_traffic": 0,
            "is_deprecated": false,
            "locations": [
              {
                "deprecation_announced": "",
                "id": 1,
                "is_deprecated": false,
                "name": "fsn1",
                "unavailable_after": ""
              },
              {
                "deprecation_announced": "",
                "id": 2,
                "is_deprecated": false,
                "name": "nbg1",
                "unavailable_after": ""
              },
              {
                "deprecation_announced": "",
                "id": 3,
                "is_deprecated": false,
                "name": "hel1",
                "unavailable_after": ""
              }
            ],
            "memory": 8,
            "name": "cx33",
            "storage_type": "local",
            "unavailable_after": ""
          },
          "sensitive_attributes": []
        },
        {
          "index_key": "cx42",
          "schema_version": 0,
          "attributes": {
            "architecture": "x86",
            "category": "cost_optimized",
            "cores": 8,
            "cpu_type": "shared",
            "deprecation_announced": "2025-10-16T06:00:00Z",
            "description": "CX42",
            "disk": 160,
            "id": 106,
            "included_traffic": 0,
            "is_deprecated": true,
            "locations": [
              {
                "deprecation_announced": "2025-10-16T06:00:00Z",
                "id": 1,
                "is_deprecated": true,
                "name": "fsn1",
                "unavailable_after": "2025-12-31T23:59:59Z"
              },
              {
                "deprecation_announced": "2025-10-16T06:00:00Z",
                "id": 2,
                "is_deprecated": true,
                "name": "nbg1",
                "unavailable_after": "2025-12-31T23:59:59Z"
              },
              {
                "deprecation_announced": "2025-10-16T06:00:00Z",
                "id": 3,
                "is_deprecated": true,
                "name": "hel1",
                "unavailable_after": "2025-12-31T23:59:59Z"
              }
            ],
            "memory": 16,
            "name": "cx42",
            "storage_type": "local",
            "unavailable_after": "2025-12-31T23:59:59Z"
          },
          "sensitive_attributes": []
        },
        {
          "index_key": "cx43",
          "schema_version": 0,
          "attributes": {
            "architecture": "x86",
            "category": "cost_optimized",
            "cores": 8,
            "cpu_type": "shared",
            "deprecation_announced": "",
            "description": "CX 43",
            "disk": 160,
            "id": 116,
            "included_traffic": 0,
            "is_deprecated": false,
            "locations": [
              {
                "deprecation_announced": "",
                "id": 1,
                "is_deprecated": false,
                "name": "fsn1",
                "unavailable_after": ""
              },
              {
                "deprecation_announced": "",
                "id": 2,
                "is_deprecated": false,
                "name": "nbg1",
                "unavailable_after": ""
              },
              {
                "deprecation_announced": "",
                "id": 3,
                "is_deprecated": false,
                "name": "hel1",
                "unavailable_after": ""
              }
            ],
            "memory": 16,
            "name": "cx43",
            "storage_type": "local",
            "unavailable_after": ""
          },
          "sensitive_attributes": []
        },
        {
          "index_key": "cx52",
          "schema_version": 0,
          "attributes": {
            "architecture": "x86",
            "category": "cost_optimized",
            "cores": 16,
            "cpu_type": "shared",
            "deprecation_announced": "2025-10-16T06:00:00Z",
            "description": "CX52",
            "disk": 320,
            "id": 107,
            "included_traffic": 0,
            "is_deprecated": true,
            "locations": [
              {
                "deprecation_announced": "2025-10-16T06:00:00Z",
                "id": 1,
                "is_deprecated": true,
                "name": "fsn1",
                "unavailable_after": "2025-12-31T23:59:59Z"
              },
              {
                "deprecation_announced": "2025-10-16T06:00:00Z",
                "id": 2,
                "is_deprecated": true,
                "name": "nbg1",
                "unavailable_after": "2025-12-31T23:59:59Z"
              },
              {
                "deprecation_announced": "2025-10-16T06:00:00Z",
                "id": 3,
                "is_deprecated": true,
                "name": "hel1",
                "unavailable_after": "2025-12-31T23:59:59Z"
              }
            ],
            "memory": 32,
            "name": "cx52",
            "storage_type": "local",
            "unavailable_after": "2025-12-31T23:59:59Z"
          },
          "sensitive_attributes": []
        },
        {
          "index_key": "cx53",
          "schema_version": 0,
          "attributes": {
            "architecture": "x86",
            "category": "cost_optimized",
            "cores": 16,
            "cpu_type": "shared",
            "deprecation_announced": "",
            "description": "CX 53",
            "disk": 320,
            "id": 117,
            "included_traffic": 0,
            "is_deprecated": false,
            "locations": [
              {
                "deprecation_announced": "",
                "id": 1,
                "is_deprecated": false,
                "name": "fsn1",
                "unavailable_after": ""
              },
              {
                "deprecation_announced": "",
                "id": 2,
                "is_deprecated": false,
                "name": "nbg1",
                "unavailable_after": ""
              },
              {
                "deprecation_announced": "",
                "id": 3,
                "is_deprecated": false,
                "name": "hel1",
                "unavailable_after": ""
              }
            ],
            "memory": 32,
            "name": "cx53",
            "storage_type": "local",
            "unavailable_after": ""
          },
          "sensitive_attributes": []
        }
      ]
    },
    {
      "module": "module.tenant",
      "mode": "data",
      "type": "hcloud_server_types",
      "name": "all",
      "provider": "module.tenant.provider[\"registry.terraform.io/hetznercloud/hcloud\"]",
      "instances": [
        {
          "schema_version": 0,
          "attributes": {
            "descriptions": [
              "CPX 11",
              "CPX 21",
              "CPX 31",
              "CPX 41",
              "CPX 51",
              "CAX11",
              "CAX21",
              "CAX31",
              "CAX41",
              "CCX13 Dedicated CPU",
              "CCX23 Dedicated CPU",
              "CCX33 Dedicated CPU",
              "CCX43 Dedicated CPU",
              "CCX53 Dedicated CPU",
              "CCX63 Dedicated CPU",
              "CX22",
              "CX32",
              "CX42",
              "CX52",
              "CPX 12",
              "CPX 22",
              "CPX 32",
              "CPX 42",
              "CPX 52",
              "CPX 62",
              "CX 23",
              "CX 33",
              "CX 43",
              "CX 53"
            ],
            "id": "166277662d9b7990b1711b6545d691c4fc52eb3f",
            "names": [
              "cpx11",
              "cpx21",
              "cpx31",
              "cpx41",
              "cpx51",
              "cax11",
              "cax21",
              "cax31",
              "cax41",
              "ccx13",
              "ccx23",
              "ccx33",
              "ccx43",
              "ccx53",
              "ccx63",
              "cx22",
              "cx32",
              "cx42",
              "cx52",
              "cpx12",
              "cpx22",
              "cpx32",
              "cpx42",
              "cpx52",
              "cpx62",
              "cx23",
              "cx33",
              "cx43",
              "cx53"
            ],
            "server_type_ids": [
              "22",
              "23",
              "24",
              "25",
              "26",
              "45",
              "93",
              "94",
              "95",
              "96",
              "97",
              "98",
              "99",
              "100",
              "101",
              "104",
              "105",
              "106",
              "107",
              "108",
              "109",
              "110",
              "111",
              "112",
              "113",
              "114",
              "115",
              "116",
              "117"
            ],
            "server_types": [
              {
                "architecture": "x86",
                "category": "regular_purpose",
                "cores": 2,
                "cpu_type": "shared",
                "deprecation_announced": "",
                "description": "CPX 11",
                "disk": 40,
                "id": 22,
                "included_traffic": 0,
                "is_deprecated": false,
                "locations": [
                  {
                    "deprecation_announced": "2025-10-16T06:00:00Z",
                    "id": 1,
                    "is_deprecated": true,
                    "name": "fsn1",
                    "unavailable_after": "2025-12-31T23:59:59Z"
                  },
                  {
                    "deprecation_announced": "2025-10-16T06:00:00Z",
                    "id": 2,
                    "is_deprecated": true,
                    "name": "nbg1",
                    "unavailable_after": "2025-12-31T23:59:59Z"
                  },
                  {
                    "deprecation_announced": "2025-10-16T06:00:00Z",
                    "id": 3,
                    "is_deprecated": true,
                    "name": "hel1",
                    "unavailable_after": "2025-12-31T23:59:59Z"
                  },
                  {
                    "deprecation_announced": "",
                    "id": 4,
                    "is_deprecated": false,
                    "name": "ash",
                    "unavailable_after": ""
                  },
                  {
                    "deprecation_announced": "",
                    "id": 5,
                    "is_deprecated": false,
                    "name": "hil",
                    "unavailable_after": ""
                  },
                  {
                    "deprecation_announced": "2025-10-16T06:00:00Z",
                    "id": 6,
                    "is_deprecated": true,
                    "name": "sin",
                    "unavailable_after": "2025-12-31T23:59:59Z"
                  }
                ],
                "memory": 2,
                "name": "cpx11",
                "storage_type": "local",
                "unavailable_after": ""
              },
              {
                "architecture": "x86",
                "category": "regular_purpose",
                "cores": 3,
                "cpu_type": "shared",
                "deprecation_announced": "",
                "description": "CPX 21",
                "disk": 80,
                "id": 23,
                "included_traffic": 0,
                "is_deprecated": false,
                "locations": [
                  {
                    "deprecation_announced": "2025-10-16T06:00:00Z",
                    "id": 1,
                    "is_deprecated": true,
                    "name": "fsn1",
                    "unavailable_after": "2025-12-31T23:59:59Z"
                  },
                  {
                    "deprecation_announced": "2025-10-16T06:00:00Z",
                    "id": 2,
                    "is_deprecated": true,
                    "name": "nbg1",
                    "unavailable_after": "2025-12-31T23:59:59Z"
                  },
                  {
                    "deprecation_announced": "2025-10-16T06:00:00Z",
                    "id": 3,
                    "is_deprecated": true,
                    "name": "hel1",
                    "unavailable_after": "2025-12-31T23:59:59Z"
                  },
                  {
                    "deprecation_announced": "",
                    "id": 4,
                    "is_deprecated": false,
                    "name": "ash",
                    "unavailable_after": ""
                  },
                  {
                    "deprecation_announced": "",
                    "id": 5,
                    "is_deprecated": false,
                    "name": "hil",
                    "unavailable_after": ""
                  },
                  {
                    "deprecation_announced": "2025-10-16T06:00:00Z",
                    "id": 6,
                    "is_deprecated": true,
                    "name": "sin",
                    "unavailable_after": "2025-12-31T23:59:59Z"
                  }
                ],
                "memory": 4,
                "name": "cpx21",
                "storage_type": "local",
                "unavailable_after": ""
              },
              {
                "architecture": "x86",
                "category": "regular_purpose",
                "cores": 4,
                "cpu_type": "shared",
                "deprecation_announced": "",
                "description": "CPX 31",
                "disk": 160,
                "id": 24,
                "included_traffic": 0,
                "is_deprecated": false,
                "locations": [
                  {
                    "deprecation_announced": "2025-10-16T06:00:00Z",
                    "id": 1,
                    "is_deprecated": true,
                    "name": "fsn1",
                    "unavailable_after": "2025-12-31T23:59:59Z"
                  },
                  {
                    "deprecation_announced": "2025-10-16T06:00:00Z",
                    "id": 2,
                    "is_deprecated": true,
                    "name": "nbg1",
                    "unavailable_after": "2025-12-31T23:59:59Z"
                  },
                  {
                    "deprecation_announced": "2025-10-16T06:00:00Z",
                    "id": 3,
                    "is_deprecated": true,
                    "name": "hel1",
                    "unavailable_after": "2025-12-31T23:59:59Z"
                  },
                  {
                    "deprecation_announced": "",
                    "id": 4,
                    "is_deprecated": false,
                    "name": "ash",
                    "unavailable_after": ""
                  },
                  {
                    "deprecation_announced": "",
                    "id": 5,
                    "is_deprecated": false,
                    "name": "hil",
                    "unavailable_after": ""
                  },
                  {
                    "deprecation_announced": "2025-10-16T06:00:00Z",
                    "id": 6,
                    "is_deprecated": true,
                    "name": "sin",
                    "unavailable_after": "2025-12-31T23:59:59Z"
                  }
                ],
                "memory": 8,
                "name": "cpx31",
                "storage_type": "local",
                "unavailable_after": ""
              },
              {
                "architecture": "x86",
                "category": "regular_purpose",
                "cores": 8,
                "cpu_type": "shared",
                "deprecation_announced": "",
                "description": "CPX 41",
                "disk": 240,
                "id": 25,
                "included_traffic": 0,
                "is_deprecated": false,
                "locations": [
                  {
                    "deprecation_announced": "2025-10-16T06:00:00Z",
                    "id": 1,
                    "is_deprecated": true,
                    "name": "fsn1",
                    "unavailable_after": "2025-12-31T23:59:59Z"
                  },
                  {
                    "deprecation_announced": "2025-10-16T06:00:00Z",
                    "id": 2,
                    "is_deprecated": true,
                    "name": "nbg1",
                    "unavailable_after": "2025-12-31T23:59:59Z"
                  },
                  {
                    "deprecation_announced": "2025-10-16T06:00:00Z",
                    "id": 3,
                    "is_deprecated": true,
                    "name": "hel1",
                    "unavailable_after": "2025-12-31T23:59:59Z"
                  },
                  {
                    "deprecation_announced": "",
                    "id": 4,
                    "is_deprecated": false,
                    "name": "ash",
                    "unavailable_after": ""
                  },
                  {
                    "deprecation_announced": "",
                    "id": 5,
                    "is_deprecated": false,
                    "name": "hil",
                    "unavailable_after": ""
                  },
                  {
                    "deprecation_announced": "2025-10-16T06:00:00Z",
                    "id": 6,
                    "is_deprecated": true,
                    "name": "sin",
                    "unavailable_after": "2025-12-31T23:59:59Z"
                  }
                ],
                "memory": 16,
                "name": "cpx41",
                "storage_type": "local",
                "unavailable_after": ""
              },
              {
                "architecture": "x86",
                "category": "regular_purpose",
                "cores": 16,
                "cpu_type": "shared",
                "deprecation_announced": "",
                "description": "CPX 51",
                "disk": 360,
                "id": 26,
                "included_traffic": 0,
                "is_deprecated": false,
                "locations": [
                  {
                    "deprecation_announced": "2025-10-16T06:00:00Z",
                    "id": 1,
                    "is_deprecated": true,
                    "name": "fsn1",
                    "unavailable_after": "2025-12-31T23:59:59Z"
                  },
                  {
                    "deprecation_announced": "2025-10-16T06:00:00Z",
                    "id": 2,
                    "is_deprecated": true,
                    "name": "nbg1",
                    "unavailable_after": "2025-12-31T23:59:59Z"
                  },
                  {
                    "deprecation_announced": "2025-10-16T06:00:00Z",
                    "id": 3,
                    "is_deprecated": true,
                    "name": "hel1",
                    "unavailable_after": "2025-12-31T23:59:59Z"
                  },
                  {
                    "deprecation_announced": "",
                    "id": 4,
                    "is_deprecated": false,
                    "name": "ash",
                    "unavailable_after": ""
                  },
                  {
                    "deprecation_announced": "",
                    "id": 5,
                    "is_deprecated": false,
                    "name": "hil",
                    "unavailable_after": ""
                  },
                  {
                    "deprecation_announced": "2025-10-16T06:00:00Z",
                    "id": 6,
                    "is_deprecated": true,
                    "name": "sin",
                    "unavailable_after": "2025-12-31T23:59:59Z"
                  }
                ],
                "memory": 32,
                "name": "cpx51",
                "storage_type": "local",
                "unavailable_after": ""
              },
              {
                "architecture": "arm",
                "category": "cost_optimized",
                "cores": 2,
                "cpu_type": "shared",
                "deprecation_announced": "",
                "description": "CAX11",
                "disk": 40,
                "id": 45,
                "included_traffic": 0,
                "is_deprecated": false,
                "locations": [
                  {
                    "deprecation_announced": "",
                    "id": 1,
                    "is_deprecated": false,
                    "name": "fsn1",
                    "unavailable_after": ""
                  },
                  {
                    "deprecation_announced": "",
                    "id": 2,
                    "is_deprecated": false,
                    "name": "nbg1",
                    "unavailable_after": ""
                  },
                  {
                    "deprecation_announced": "",
                    "id": 3,
                    "is_deprecated": false,
                    "name": "hel1",
                    "unavailable_after": ""
                  }
                ],
                "memory": 4,
                "name": "cax11",
                "storage_type": "local",
                "unavailable_after": ""
              },
              {
                "architecture": "arm",
                "category": "cost_optimized",
                "cores": 4,
                "cpu_type": "shared",
                "deprecation_announced": "",
                "description": "CAX21",
                "disk": 80,
                "id": 93,
                "included_traffic": 0,
                "is_deprecated": false,
                "locations": [
                  {
                    "deprecation_announced": "",
                    "id": 1,
                    "is_deprecated": false,
                    "name": "fsn1",
                    "unavailable_after": ""
                  },
                  {
                    "deprecation_announced": "",
                    "id": 2,
                    "is_deprecated": false,
                    "name": "nbg1",
                    "unavailable_after": ""
                  },
                  {
                    "deprecation_announced": "",
                    "id": 3,
                    "is_deprecated": false,
                    "name": "hel1",
                    "unavailable_after": ""
                  }
                ],
                "memory": 8,
                "name": "cax21",
                "storage_type": "local",
                "unavailable_after": ""
              },
              {
                "architecture": "arm",
                "category": "cost_optimized",
                "cores": 8,
                "cpu_type": "shared",
                "deprecation_announced": "",
                "description": "CAX31",
                "disk": 160,
                "id": 94,
                "included_traffic": 0,
                "is_deprecated": false,
                "locations": [
                  {
                    "deprecation_announced": "",
                    "id": 1,
                    "is_deprecated": false,
                    "name": "fsn1",
                    "unavailable_after": ""
                  },
                  {
                    "deprecation_announced": "",
                    "id": 2,
                    "is_deprecated": false,
                    "name": "nbg1",
                    "unavailable_after": ""
                  },
                  {
                    "deprecation_announced": "",
                    "id": 3,
                    "is_deprecated": false,
                    "name": "hel1",
                    "unavailable_after": ""
                  }
                ],
                "memory": 16,
                "name": "cax31",
                "storage_type": "local",
                "unavailable_after": ""
              },
              {
                "architecture": "arm",
                "category": "cost_optimized",
                "cores": 16,
                "cpu_type": "shared",
                "deprecation_announced": "",
                "description": "CAX41",
                "disk": 320,
                "id": 95,
                "included_traffic": 0,
                "is_deprecated": false,
                "locations": [
                  {
                    "deprecation_announced": "",
                    "id": 1,
                    "is_deprecated": false,
                    "name": "fsn1",
                    "unavailable_after": ""
                  },
                  {
                    "deprecation_announced": "",
                    "id": 2,
                    "is_deprecated": false,
                    "name": "nbg1",
                    "unavailable_after": ""
                  },
                  {
                    "deprecation_announced": "",
                    "id": 3,
                    "is_deprecated": false,
                    "name": "hel1",
                    "unavailable_after": ""
                  }
                ],
                "memory": 32,
                "name": "cax41",
                "storage_type": "local",
                "unavailable_after": ""
              },
              {
                "architecture": "x86",
                "category": "general_purpose",
                "cores": 2,
                "cpu_type": "dedicated",
                "deprecation_announced": "",
                "description": "CCX13 Dedicated CPU",
                "disk": 80,
                "id": 96,
                "included_traffic": 0,
                "is_deprecated": false,
                "locations": [
                  {
                    "deprecation_announced": "",
                    "id": 1,
                    "is_deprecated": false,
                    "name": "fsn1",
                    "unavailable_after": ""
                  },
                  {
                    "deprecation_announced": "",
                    "id": 2,
                    "is_deprecated": false,
                    "name": "nbg1",
                    "unavailable_after": ""
                  },
                  {
                    "deprecation_announced": "",
                    "id": 3,
                    "is_deprecated": false,
                    "name": "hel1",
                    "unavailable_after": ""
                  },
                  {
                    "deprecation_announced": "",
                    "id": 4,
                    "is_deprecated": false,
                    "name": "ash",
                    "unavailable_after": ""
                  },
                  {
                    "deprecation_announced": "",
                    "id": 5,
                    "is_deprecated": false,
                    "name": "hil",
                    "unavailable_after": ""
                  },
                  {
                    "deprecation_announced": "",
                    "id": 6,
                    "is_deprecated": false,
                    "name": "sin",
                    "unavailable_after": ""
                  }
                ],
                "memory": 8,
                "name": "ccx13",
                "storage_type": "local",
                "unavailable_after": ""
              },
              {
                "architecture": "x86",
                "category": "general_purpose",
                "cores": 4,
                "cpu_type": "dedicated",
                "deprecation_announced": "",
                "description": "CCX23 Dedicated CPU",
                "disk": 160,
                "id": 97,
                "included_traffic": 0,
                "is_deprecated": false,
                "locations": [
                  {
                    "deprecation_announced": "",
                    "id": 1,
                    "is_deprecated": false,
                    "name": "fsn1",
                    "unavailable_after": ""
                  },
                  {
                    "deprecation_announced": "",
                    "id": 2,
                    "is_deprecated": false,
                    "name": "nbg1",
                    "unavailable_after": ""
                  },
                  {
                    "deprecation_announced": "",
                    "id": 3,
                    "is_deprecated": false,
                    "name": "hel1",
                    "unavailable_after": ""
                  },
                  {
                    "deprecation_announced": "",
                    "id": 4,
                    "is_deprecated": false,
                    "name": "ash",
                    "unavailable_after": ""
                  },
                  {
                    "deprecation_announced": "",
                    "id": 5,
                    "is_deprecated": false,
                    "name": "hil",
                    "unavailable_after": ""
                  },
                  {
                    "deprecation_announced": "",
                    "id": 6,
                    "is_deprecated": false,
                    "name": "sin",
                    "unavailable_after": ""
                  }
                ],
                "memory": 16,
                "name": "ccx23",
                "storage_type": "local",
                "unavailable_after": ""
              },
              {
                "architecture": "x86",
                "category": "general_purpose",
                "cores": 8,
                "cpu_type": "dedicated",
                "deprecation_announced": "",
                "description": "CCX33 Dedicated CPU",
                "disk": 240,
                "id": 98,
                "included_traffic": 0,
                "is_deprecated": false,
                "locations": [
                  {
                    "deprecation_announced": "",
                    "id": 1,
                    "is_deprecated": false,
                    "name": "fsn1",
                    "unavailable_after": ""
                  },
                  {
                    "deprecation_announced": "",
                    "id": 2,
                    "is_deprecated": false,
                    "name": "nbg1",
                    "unavailable_after": ""
                  },
                  {
                    "deprecation_announced": "",
                    "id": 3,
                    "is_deprecated": false,
                    "name": "hel1",
                    "unavailable_after": ""
                  },
                  {
                    "deprecation_announced": "",
                    "id": 4,
                    "is_deprecated": false,
                    "name": "ash",
                    "unavailable_after": ""
                  },
                  {
                    "deprecation_announced": "",
                    "id": 5,
                    "is_deprecated": false,
                    "name": "hil",
                    "unavailable_after": ""
                  },
                  {
                    "deprecation_announced": "",
                    "id": 6,
                    "is_deprecated": false,
                    "name": "sin",
                    "unavailable_after": ""
                  }
                ],
                "memory": 32,
                "name": "ccx33",
                "storage_type": "local",
                "unavailable_after": ""
              },
              {
                "architecture": "x86",
                "category": "general_purpose",
                "cores": 16,
                "cpu_type": "dedicated",
                "deprecation_announced": "",
                "description": "CCX43 Dedicated CPU",
                "disk": 360,
                "id": 99,
                "included_traffic": 0,
                "is_deprecated": false,
                "locations": [
                  {
                    "deprecation_announced": "",
                    "id": 1,
                    "is_deprecated": false,
                    "name": "fsn1",
                    "unavailable_after": ""
                  },
                  {
                    "deprecation_announced": "",
                    "id": 2,
                    "is_deprecated": false,
                    "name": "nbg1",
                    "unavailable_after": ""
                  },
                  {
                    "deprecation_announced": "",
                    "id": 3,
                    "is_deprecated": false,
                    "name": "hel1",
                    "unavailable_after": ""
                  },
                  {
                    "deprecation_announced": "",
                    "id": 4,
                    "is_deprecated": false,
                    "name": "ash",
                    "unavailable_after": ""
                  },
                  {
                    "deprecation_announced": "",
                    "id": 5,
                    "is_deprecated": false,
                    "name": "hil",
                    "unavailable_after": ""
                  },
                  {
                    "deprecation_announced": "",
                    "id": 6,
                    "is_deprecated": false,
                    "name": "sin",
                    "unavailable_after": ""
                  }
                ],
                "memory": 64,
                "name": "ccx43",
                "storage_type": "local",
                "unavailable_after": ""
              },
              {
                "architecture": "x86",
                "category": "general_purpose",
                "cores": 32,
                "cpu_type": "dedicated",
                "deprecation_announced": "",
                "description": "CCX53 Dedicated CPU",
                "disk": 600,
                "id": 100,
                "included_traffic": 0,
                "is_deprecated": false,
                "locations": [
                  {
                    "deprecation_announced": "",
                    "id": 1,
                    "is_deprecated": false,
                    "name": "fsn1",
                    "unavailable_after": ""
                  },
                  {
                    "deprecation_announced": "",
                    "id": 2,
                    "is_deprecated": false,
                    "name": "nbg1",
                    "unavailable_after": ""
                  },
                  {
                    "deprecation_announced": "",
                    "id": 3,
                    "is_deprecated": false,
                    "name": "hel1",
                    "unavailable_after": ""
                  },
                  {
                    "deprecation_announced": "",
                    "id": 4,
                    "is_deprecated": false,
                    "name": "ash",
                    "unavailable_after": ""
                  },
                  {
                    "deprecation_announced": "",
                    "id": 5,
                    "is_deprecated": false,
                    "name": "hil",
                    "unavailable_after": ""
                  },
                  {
                    "deprecation_announced": "",
                    "id": 6,
                    "is_deprecated": false,
                    "name": "sin",
                    "unavailable_after": ""
                  }
                ],
                "memory": 128,
                "name": "ccx53",
                "storage_type": "local",
                "unavailable_after": ""
              },
              {
                "architecture": "x86",
                "category": "general_purpose",
                "cores": 48,
                "cpu_type": "dedicated",
                "deprecation_announced": "",
                "description": "CCX63 Dedicated CPU",
                "disk": 960,
                "id": 101,
                "included_traffic": 0,
                "is_deprecated": false,
                "locations": [
                  {
                    "deprecation_announced": "",
                    "id": 1,
                    "is_deprecated": false,
                    "name": "fsn1",
                    "unavailable_after": ""
                  },
                  {
                    "deprecation_announced": "",
                    "id": 2,
                    "is_deprecated": false,
                    "name": "nbg1",
                    "unavailable_after": ""
                  },
                  {
                    "deprecation_announced": "",
                    "id": 3,
                    "is_deprecated": false,
                    "name": "hel1",
                    "unavailable_after": ""
                  },
                  {
                    "deprecation_announced": "",
                    "id": 4,
                    "is_deprecated": false,
                    "name": "ash",
                    "unavailable_after": ""
                  },
                  {
                    "deprecation_announced": "",
                    "id": 5,
                    "is_deprecated": false,
                    "name": "hil",
                    "unavailable_after": ""
                  },
                  {
                    "deprecation_announced": "",
                    "id": 6,
                    "is_deprecated": false,
                    "name": "sin",
                    "unavailable_after": ""
                  }
                ],
                "memory": 192,
                "name": "ccx63",
                "storage_type": "local",
                "unavailable_after": ""
              },
              {
                "architecture": "x86",
                "category": "cost_optimized",
                "cores": 2,
                "cpu_type": "shared",
                "deprecation_announced": "2025-10-16T06:00:00Z",
                "description": "CX22",
                "disk": 40,
                "id": 104,
                "included_traffic": 0,
                "is_deprecated": true,
                "locations": [
                  {
                    "deprecation_announced": "2025-10-16T06:00:00Z",
                    "id": 1,
                    "is_deprecated": true,
                    "name": "fsn1",
                    "unavailable_after": "2025-12-31T23:59:59Z"
                  },
                  {
                    "deprecation_announced": "2025-10-16T06:00:00Z",
                    "id": 2,
                    "is_deprecated": true,
                    "name": "nbg1",
                    "unavailable_after": "2025-12-31T23:59:59Z"
                  },
                  {
                    "deprecation_announced": "2025-10-16T06:00:00Z",
                    "id": 3,
                    "is_deprecated": true,
                    "name": "hel1",
                    "unavailable_after": "2025-12-31T23:59:59Z"
                  }
                ],
                "memory": 4,
                "name": "cx22",
                "storage_type": "local",
                "unavailable_after": "2025-12-31T23:59:59Z"
              },
              {
                "architecture": "x86",
                "category": "cost_optimized",
                "cores": 4,
                "cpu_type": "shared",
                "deprecation_announced": "2025-10-16T06:00:00Z",
                "description": "CX32",
                "disk": 80,
                "id": 105,
                "included_traffic": 0,
                "is_deprecated": true,
                "locations": [
                  {
                    "deprecation_announced": "2025-10-16T06:00:00Z",
                    "id": 1,
                    "is_deprecated": true,
                    "name": "fsn1",
                    "unavailable_after": "2025-12-31T23:59:59Z"
                  },
                  {
                    "deprecation_announced": "2025-10-16T06:00:00Z",
                    "id": 2,
                    "is_deprecated": true,
                    "name": "nbg1",
                    "unavailable_after": "2025-12-31T23:59:59Z"
                  },
                  {
                    "deprecation_announced": "2025-10-16T06:00:00Z",
                    "id": 3,
                    "is_deprecated": true,
                    "name": "hel1",
                    "unavailable_after": "2025-12-31T23:59:59Z"
                  }
                ],
                "memory": 8,
                "name": "cx32",
                "storage_type": "local",
                "unavailable_after": "2025-12-31T23:59:59Z"
              },
              {
                "architecture": "x86",
                "category": "cost_optimized",
                "cores": 8,
                "cpu_type": "shared",
                "deprecation_announced": "2025-10-16T06:00:00Z",
                "description": "CX42",
                "disk": 160,
                "id": 106,
                "included_traffic": 0,
                "is_deprecated": true,
                "locations": [
                  {
                    "deprecation_announced": "2025-10-16T06:00:00Z",
                    "id": 1,
                    "is_deprecated": true,
                    "name": "fsn1",
                    "unavailable_after": "2025-12-31T23:59:59Z"
                  },
                  {
                    "deprecation_announced": "2025-10-16T06:00:00Z",
                    "id": 2,
                    "is_deprecated": true,
                    "name": "nbg1",
                    "unavailable_after": "2025-12-31T23:59:59Z"
                  },
                  {
                    "deprecation_announced": "2025-10-16T06:00:00Z",
                    "id": 3,
                    "is_deprecated": true,
                    "name": "hel1",
                    "unavailable_after": "2025-12-31T23:59:59Z"
                  }
                ],
                "memory": 16,
                "name": "cx42",
                "storage_type": "local",
                "unavailable_after": "2025-12-31T23:59:59Z"
              },
              {
                "architecture": "x86",
                "category": "cost_optimized",
                "cores": 16,
                "cpu_type": "shared",
                "deprecation_announced": "2025-10-16T06:00:00Z",
                "description": "CX52",
                "disk": 320,
                "id": 107,
                "included_traffic": 0,
                "is_deprecated": true,
                "locations": [
                  {
                    "deprecation_announced": "2025-10-16T06:00:00Z",
                    "id": 1,
                    "is_deprecated": true,
                    "name": "fsn1",
                    "unavailable_after": "2025-12-31T23:59:59Z"
                  },
                  {
                    "deprecation_announced": "2025-10-16T06:00:00Z",
                    "id": 2,
                    "is_deprecated": true,
                    "name": "nbg1",
                    "unavailable_after": "2025-12-31T23:59:59Z"
                  },
                  {
                    "deprecation_announced": "2025-10-16T06:00:00Z",
                    "id": 3,
                    "is_deprecated": true,
                    "name": "hel1",
                    "unavailable_after": "2025-12-31T23:59:59Z"
                  }
                ],
                "memory": 32,
                "name": "cx52",
                "storage_type": "local",
                "unavailable_after": "2025-12-31T23:59:59Z"
              },
              {
                "architecture": "x86",
                "category": "regular_purpose",
                "cores": 1,
                "cpu_type": "shared",
                "deprecation_announced": "",
                "description": "CPX 12",
                "disk": 40,
                "id": 108,
                "included_traffic": 0,
                "is_deprecated": false,
                "locations": [
                  {
                    "deprecation_announced": "",
                    "id": 6,
                    "is_deprecated": false,
                    "name": "sin",
                    "unavailable_after": ""
                  }
                ],
                "memory": 2,
                "name": "cpx12",
                "storage_type": "local",
                "unavailable_after": ""
              },
              {
                "architecture": "x86",
                "category": "regular_purpose",
                "cores": 2,
                "cpu_type": "shared",
                "deprecation_announced": "",
                "description": "CPX 22",
                "disk": 80,
                "id": 109,
                "included_traffic": 0,
                "is_deprecated": false,
                "locations": [
                  {
                    "deprecation_announced": "",
                    "id": 1,
                    "is_deprecated": false,
                    "name": "fsn1",
                    "unavailable_after": ""
                  },
                  {
                    "deprecation_announced": "",
                    "id": 2,
                    "is_deprecated": false,
                    "name": "nbg1",
                    "unavailable_after": ""
                  },
                  {
                    "deprecation_announced": "",
                    "id": 3,
                    "is_deprecated": false,
                    "name": "hel1",
                    "unavailable_after": ""
                  },
                  {
                    "deprecation_announced": "",
                    "id": 6,
                    "is_deprecated": false,
                    "name": "sin",
                    "unavailable_after": ""
                  }
                ],
                "memory": 4,
                "name": "cpx22",
                "storage_type": "local",
                "unavailable_after": ""
              },
              {
                "architecture": "x86",
                "category": "regular_purpose",
                "cores": 4,
                "cpu_type": "shared",
                "deprecation_announced": "",
                "description": "CPX 32",
                "disk": 160,
                "id": 110,
                "included_traffic": 0,
                "is_deprecated": false,
                "locations": [
                  {
                    "deprecation_announced": "",
                    "id": 1,
                    "is_deprecated": false,
                    "name": "fsn1",
                    "unavailable_after": ""
                  },
                  {
                    "deprecation_announced": "",
                    "id": 2,
                    "is_deprecated": false,
                    "name": "nbg1",
                    "unavailable_after": ""
                  },
                  {
                    "deprecation_announced": "",
                    "id": 3,
                    "is_deprecated": false,
                    "name": "hel1",
                    "unavailable_after": ""
                  },
                  {
                    "deprecation_announced": "",
                    "id": 6,
                    "is_deprecated": false,
                    "name": "sin",
                    "unavailable_after": ""
                  }
                ],
                "memory": 8,
                "name": "cpx32",
                "storage_type": "local",
                "unavailable_after": ""
              },
              {
                "architecture": "x86",
                "category": "regular_purpose",
                "cores": 8,
                "cpu_type": "shared",
                "deprecation_announced": "",
                "description": "CPX 42",
                "disk": 320,
                "id": 111,
                "included_traffic": 0,
                "is_deprecated": false,
                "locations": [
                  {
                    "deprecation_announced": "",
                    "id": 1,
                    "is_deprecated": false,
                    "name": "fsn1",
                    "unavailable_after": ""
                  },
                  {
                    "deprecation_announced": "",
                    "id": 2,
                    "is_deprecated": false,
                    "name": "nbg1",
                    "unavailable_after": ""
                  },
                  {
                    "deprecation_announced": "",
                    "id": 3,
                    "is_deprecated": false,
                    "name": "hel1",
                    "unavailable_after": ""
                  },
                  {
                    "deprecation_announced": "",
                    "id": 6,
                    "is_deprecated": false,
                    "name": "sin",
                    "unavailable_after": ""
                  }
                ],
                "memory": 16,
                "name": "cpx42",
                "storage_type": "local",
                "unavailable_after": ""
              },
              {
                "architecture": "x86",
                "category": "regular_purpose",
                "cores": 12,
                "cpu_type": "shared",
                "deprecation_announced": "",
                "description": "CPX 52",
                "disk": 480,
                "id": 112,
                "included_traffic": 0,
                "is_deprecated": false,
                "locations": [
                  {
                    "deprecation_announced": "",
                    "id": 1,
                    "is_deprecated": false,
                    "name": "fsn1",
                    "unavailable_after": ""
                  },
                  {
                    "deprecation_announced": "",
                    "id": 2,
                    "is_deprecated": false,
                    "name": "nbg1",
                    "unavailable_after": ""
                  },
                  {
                    "deprecation_announced": "",
                    "id": 3,
                    "is_deprecated": false,
                    "name": "hel1",
                    "unavailable_after": ""
                  },
                  {
                    "deprecation_announced": "",
                    "id": 6,
                    "is_deprecated": false,
                    "name": "sin",
                    "unavailable_after": ""
                  }
                ],
                "memory": 24,
                "name": "cpx52",
                "storage_type": "local",
                "unavailable_after": ""
              },
              {
                "architecture": "x86",
                "category": "regular_purpose",
                "cores": 16,
                "cpu_type": "shared",
                "deprecation_announced": "",
                "description": "CPX 62",
                "disk": 640,
                "id": 113,
                "included_traffic": 0,
                "is_deprecated": false,
                "locations": [
                  {
                    "deprecation_announced": "",
                    "id": 1,
                    "is_deprecated": false,
                    "name": "fsn1",
                    "unavailable_after": ""
                  },
                  {
                    "deprecation_announced": "",
                    "id": 2,
                    "is_deprecated": false,
                    "name": "nbg1",
                    "unavailable_after": ""
                  },
                  {
                    "deprecation_announced": "",
                    "id": 3,
                    "is_deprecated": false,
                    "name": "hel1",
                    "unavailable_after": ""
                  },
                  {
                    "deprecation_announced": "",
                    "id": 6,
                    "is_deprecated": false,
                    "name": "sin",
                    "unavailable_after": ""
                  }
                ],
                "memory": 32,
                "name": "cpx62",
                "storage_type": "local",
                "unavailable_after": ""
              },
              {
                "architecture": "x86",
                "category": "cost_optimized",
                "cores": 2,
                "cpu_type": "shared",
                "deprecation_announced": "",
                "description": "CX 23",
                "disk": 40,
                "id": 114,
                "included_traffic": 0,
                "is_deprecated": false,
                "locations": [
                  {
                    "deprecation_announced": "",
                    "id": 1,
                    "is_deprecated": false,
                    "name": "fsn1",
                    "unavailable_after": ""
                  },
                  {
                    "deprecation_announced": "",
                    "id": 2,
                    "is_deprecated": false,
                    "name": "nbg1",
                    "unavailable_after": ""
                  },
                  {
                    "deprecation_announced": "",
                    "id": 3,
                    "is_deprecated": false,
                    "name": "hel1",
                    "unavailable_after": ""
                  }
                ],
                "memory": 4,
                "name": "cx23",
                "storage_type": "local",
                "unavailable_after": ""
              },
              {
                "architecture": "x86",
                "category": "cost_optimized",
                "cores": 4,
                "cpu_type": "shared",
                "deprecation_announced": "",
                "description": "CX 33",
                "disk": 80,
                "id": 115,
                "included_traffic": 0,
                "is_deprecated": false,
                "locations": [
                  {
                    "deprecation_announced": "",
                    "id": 1,
                    "is_deprecated": false,
                    "name": "fsn1",
                    "unavailable_after": ""
                  },
                  {
                    "deprecation_announced": "",
                    "id": 2,
                    "is_deprecated": false,
                    "name": "nbg1",
                    "unavailable_after": ""
                  },
                  {
                    "deprecation_announced": "",
                    "id": 3,
                    "is_deprecated": false,
                    "name": "hel1",
                    "unavailable_after": ""
                  }
                ],
                "memory": 8,
                "name": "cx33",
                "storage_type": "local",
                "unavailable_after": ""
              },
              {
                "architecture": "x86",
                "category": "cost_optimized",
                "cores": 8,
                "cpu_type": "shared",
                "deprecation_announced": "",
                "description": "CX 43",
                "disk": 160,
                "id": 116,
                "included_traffic": 0,
                "is_deprecated": false,
                "locations": [
                  {
                    "deprecation_announced": "",
                    "id": 1,
                    "is_deprecated": false,
                    "name": "fsn1",
                    "unavailable_after": ""
                  },
                  {
                    "deprecation_announced": "",
                    "id": 2,
                    "is_deprecated": false,
                    "name": "nbg1",
                    "unavailable_after": ""
                  },
                  {
                    "deprecation_announced": "",
                    "id": 3,
                    "is_deprecated": false,
                    "name": "hel1",
                    "unavailable_after": ""
                  }
                ],
                "memory": 16,
                "name": "cx43",
                "storage_type": "local",
                "unavailable_after": ""
              },
              {
                "architecture": "x86",
                "category": "cost_optimized",
                "cores": 16,
                "cpu_type": "shared",
                "deprecation_announced": "",
                "description": "CX 53",
                "disk": 320,
                "id": 117,
                "included_traffic": 0,
                "is_deprecated": false,
                "locations": [
                  {
                    "deprecation_announced": "",
                    "id": 1,
                    "is_deprecated": false,
                    "name": "fsn1",
                    "unavailable_after": ""
                  },
                  {
                    "deprecation_announced": "",
                    "id": 2,
                    "is_deprecated": false,
                    "name": "nbg1",
                    "unavailable_after": ""
                  },
                  {
                    "deprecation_announced": "",
                    "id": 3,
                    "is_deprecated": false,
                    "name": "hel1",
                    "unavailable_after": ""
                  }
                ],
                "memory": 32,
                "name": "cx53",
                "storage_type": "local",
                "unavailable_after": ""
              }
            ]
          },
          "sensitive_attributes": []
        }
      ]
    },
    {
      "module": "module.tenant",
      "mode": "managed",
      "type": "cloudflare_dns_record",
      "name": "faraday",
      "provider": "module.tenant.provider[\"registry.terraform.io/cloudflare/cloudflare\"]",
      "instances": [
        {
          "schema_version": 0,
          "attributes": {
            "comment": null,
            "comment_modified_on": null,
            "content": "157.180.88.232",
            "created_on": "2025-10-18T12:09:32Z",
            "data": null,
            "id": "3ebfe4fa92e682d791f066f9c583ac71",
            "meta": "{}",
            "modified_on": "2025-10-18T12:09:32Z",
            "name": "faraday.demo.spm.openshield.io",
            "priority": null,
            "proxiable": true,
            "proxied": false,
            "settings": {
              "flatten_cname": null,
              "ipv4_only": null,
              "ipv6_only": null
            },
            "tags": [],
            "tags_modified_on": null,
            "ttl": 3600,
            "type": "A",
            "zone_id": "f92c4f6137dffe0e40aa658cc70e3fa8"
          },
          "sensitive_attributes": [],
          "dependencies": [
            "module.tenant.data.cloudflare_zone.openshield",
            "module.tenant.data.hcloud_server_type.selected",
            "module.tenant.data.hcloud_server_types.all",
            "module.tenant.hcloud_server.tenant_server",
            "module.tenant.hcloud_ssh_key.ssh_key",
            "module.tenant.tls_private_key.ssh_key"
          ]
        }
      ]
    },
    {
      "module": "module.tenant",
      "mode": "managed",
      "type": "hcloud_server",
      "name": "tenant_server",
      "provider": "module.tenant.provider[\"registry.terraform.io/hetznercloud/hcloud\"]",
      "instances": [
        {
          "schema_version": 0,
          "attributes": {
            "allow_deprecated_images": false,
            "backup_window": "",
            "backups": false,
            "datacenter": "hel1-dc2",
            "delete_protection": false,
            "firewall_ids": [],
            "id": "111046701",
            "ignore_remote_firewall_ids": false,
            "image": "ubuntu-22.04",
            "ipv4_address": "157.180.88.232",
            "ipv6_address": "2a01:4f9:c013:feed::1",
            "ipv6_network": "2a01:4f9:c013:feed::/64",
            "iso": null,
            "keep_disk": false,
            "labels": {
              "solution": "spm",
              "tenant": "demo"
            },
            "location": "hel1",
            "name": "spm-tenant-demo",
            "network": [],
            "placement_group_id": 0,
            "primary_disk_size": 80,
            "public_net": [],
            "rebuild_protection": false,
            "rescue": null,
            "server_type": "cpx21",
            "shutdown_before_deletion": false,
            "ssh_keys": [
              "103260174"
            ],
            "status": "running",
            "timeouts": null,
            "user_data": "98Wt1pdjofqpvj7+r4BLTjRIzE8="
          },
          "sensitive_attributes": [],
          "private": "eyJlMmJmYjczMC1lY2FhLTExZTYtOGY4OC0zNDM2M2JjN2M0YzAiOnsiY3JlYXRlIjo1NDAwMDAwMDAwMDAwfX0=",
          "dependencies": [
            "module.tenant.data.hcloud_server_type.selected",
            "module.tenant.data.hcloud_server_types.all",
            "module.tenant.hcloud_ssh_key.ssh_key",
            "module.tenant.tls_private_key.ssh_key"
          ]
        }
      ]
    },
    {
      "module": "module.tenant",
      "mode": "managed",
      "type": "hcloud_ssh_key",
      "name": "ssh_key",
      "provider": "module.tenant.provider[\"registry.terraform.io/hetznercloud/hcloud\"]",
      "instances": [
        {
          "schema_version": 0,
          "attributes": {
            "fingerprint": "7d:6d:e5:94:0b:66:1a:f1:d6:c4:58:a3:7c:a5:cd:aa",
            "id": "103260174",
            "labels": {
              "solution": "spm",
              "tenant": "demo"
            },
            "name": "demo-ssh-key",
            "public_key": "ssh-rsa AAAAB3NzaC1yc2EAAAADAQABAAACAQDsSaFwUal/xiyUMKsvfA0wop2qaRQKMIkM3Rd7pCH43r5IbyvzhPGLly96la3u9tW3MKd8gEWUsfMYNQInCkGMjPw3OAZ9HdMVzCR+XuWx1zHMANNllQ+F2nrojPQzzQdkQhQcLXaswNwNMUMI2bI8sUaBDtH5B+L6PkDpdPLoVsojNMpkgBJKhVZTneiRdxzX2fC22U26sf3tATc6YPrBqDnqYQG4TWIn7TDjYqQVacQfGMUfrdZHJP2kNjph+mDderg5Yz4TURhHx8LrkFh9qXQLszsmhYinv1Tk5RPQ9ECaOclDNC5w25neHWy3Pa+Y4Q1YKjSbKMGMizW608ev6NbFDD8aDrtouVdNQb3LEA4R8k/i3LUDIqp4JQfy4Ol+KPYP8NyA/h5tJi6rXa74I8K1ITAapr1X3w3MIaqj5tU34EVZe/4inuyLAajQROeUZx6v/OgLkG88dEHeYd8a4k+dxMXKHoKtnmjHgW8HaWYrRM/WBpr3VLgy2doyq0s/+nkqJ1C3477QkluA38MiMW+qesw6ccjakIgeeZLyiqclz2MxTu+zpWDdn7//mAcKGzzxzZIrMTARGx7Ft9nuA+nshtO1zvtdl0ZgNm6fA4rip1G6hRXEbN6h2/mrUophYFhJFc6qg8aRWKkL95t68oqse+JDYJa6zqi+7z64+Q==\n"
          },
          "sensitive_attributes": [],
          "dependencies": [
            "module.tenant.tls_private_key.ssh_key"
          ]
        }
      ]
    },
    {
      "module": "module.tenant",
      "mode": "managed",
      "type": "hcloud_volume",
      "name": "tenant_volume",
      "provider": "module.tenant.provider[\"registry.terraform.io/hetznercloud/hcloud\"]",
      "instances": [
        {
          "schema_version": 0,
          "attributes": {
            "automount": true,
            "delete_protection": false,
            "format": "ext4",
            "id": "103765990",
            "labels": {
              "solution": "spm",
              "tenant": "demo"
            },
            "linux_device": "/dev/disk/by-id/scsi-0HC_Volume_103765990",
            "location": "hel1",
            "name": "spm-tenant-demo-volume",
            "server_id": 111046701,
            "size": 50
          },
          "sensitive_attributes": [],
          "private": "bnVsbA==",
          "dependencies": [
            "module.tenant.data.hcloud_server_type.selected",
            "module.tenant.data.hcloud_server_types.all",
            "module.tenant.hcloud_server.tenant_server",
            "module.tenant.hcloud_ssh_key.ssh_key",
            "module.tenant.tls_private_key.ssh_key"
          ]
        }
      ]
    },
    {
      "module": "module.tenant",
      "mode": "managed",
      "type": "local_file",
      "name": "configure_faraday_nginx_sh",
      "provider": "provider[\"registry.terraform.io/hashicorp/local\"]",
      "instances": [
        {
          "schema_version": 0,
          "attributes": {
            "content": "#!/usr/bin/env bash\n\necho \"Configuring Nginx for Faraday...\"\n\n# Request LetsEncrypt certificate for the domain\nsudo certbot certonly --nginx -d faraday.demo.spm.openshield.io --non-interactive --agree-tos -m certbot@cyberdef.cc --redirect \u003e /opt/faraday/certbot.log 2\u003e\u00261\n\n# Extract certificate and key paths\nCERT_PATH=$(grep -iE 'certificate is saved at:' /opt/faraday/certbot.log | awk '{print $5}')\nKEY_PATH=$(grep -iE 'key is saved at:' /opt/faraday/certbot.log | awk '{print $5}')\nif [ -z \"$CERT_PATH\" ] || [ -z \"$KEY_PATH\" ]; then\n    echo \"Failed to obtain SSL certificate. Check certbot log at /opt/faraday/certbot.log\"\n    exit 1\nfi\n\n# Generate Nginx configuration for Faraday\necho y | faraday-manage generate-nginx-config --fqdn faraday.demo.spm.openshield.io --port 5985 --ws-port 9000 --ssl-certificate $CERT_PATH --ssl-key $KEY_PATH | awk 'BEGIN{p=0} /^NGINX Config$/{getline; getline; p=1} p{print}' \u003e /opt/faraday/faraday.conf 2\u003e\u00261\n\n# Move the generated config to Nginx sites-available\nsudo mv /opt/faraday/faraday.conf /etc/nginx/sites-available/faraday.conf\nsudo ln -sf /etc/nginx/sites-available/faraday.conf /etc/nginx/sites-enabled/faraday.conf\n\n# Test Nginx configuration\nsudo nginx -t\nif [ $? -ne 0 ]; then\n    echo \"Nginx configuration test failed. Please check the configuration file.\"\n    exit 1\nfi\n\n# Wait until no jobs for systemd-sysctl remain\nwhile systemctl list-jobs | grep -q systemd-sysctl; do sleep 1; done\n\n# Reload Nginx to apply the new configuration\nsudo systemctl reload nginx",
            "content_base64": null,
            "content_base64sha256": "Mhepi1pl6Akf6fZ6ZfEINC/0nGgVEzMLlNI9iWQSElU=",
            "content_base64sha512": "8qaR5kT05Kc05obhJOicmBmiqw/yx6Q1IBrG8NP25mWFtMR4912U93F/tJIgLSPfCWDUp481Ow6LU2CZ4YwCIQ==",
            "content_md5": "da1835e3acfe943604d83a3ee7b6e819",
            "content_sha1": "57a1e5531e76efc19207ac4ae0221509c700c169",
            "content_sha256": "3217a98b5a65e8091fe9f67a65f108342ff49c681513330b94d23d8964121255",
            "content_sha512": "f2a691e644f4e4a734e686e124e89c9819a2ab0ff2c7a435201ac6f0d3f6e66585b4c478f75d94f7717fb492202d23df0960d4a78f353b0e8b536099e18c0221",
            "directory_permission": "0777",
            "file_permission": "0777",
            "filename": "modules/tenant/_rendered/configure-faraday-nginx.sh",
            "id": "57a1e5531e76efc19207ac4ae0221509c700c169",
            "sensitive_content": null,
            "source": null
          },
          "sensitive_attributes": []
        }
      ]
    },
    {
      "module": "module.tenant",
      "mode": "managed",
      "type": "local_file",
      "name": "install_faraday_sh",
      "provider": "provider[\"registry.terraform.io/hashicorp/local\"]",
      "instances": [
        {
          "schema_version": 0,
          "attributes": {
            "content": "# !/bin/bash\n\n# A helper script to install Faraday on an Ubuntu server.\n# OS: Ubuntu 20.04 or later\n# Usage: ./install-faraday.sh \u003cVERSION|latest\u003e\n# Example: ./install-faraday.sh latest\n#\n# Author: YordanOpenShield\n\necho \"Starting Faraday installation...\"\n\n# Create necessary directories\nsudo mkdir -p /opt/faraday\ncd /opt/faraday\n\n# Get latest version tag\nVERSION=latest\nif [ -z \"$VERSION\" ] || [ \"$VERSION\" = \"latest\" ]; then\n  echo \"Fetching latest Faraday release from GitHub...\"\n  # prefer jq if available\n  if command -v jq \u003e/dev/null 2\u003e\u00261; then\n    VERSION=$(curl -s https://api.github.com/repos/infobyte/faraday/releases/latest | jq -r .tag_name)\n  else\n    VERSION=$(curl -s https://api.github.com/repos/infobyte/faraday/releases/latest | grep -oP '\"tag_name\":\\s*\"\\K(.*)(?=\")' || true)\n  fi\n\n  if [ -z \"$VERSION\" ]; then\n    echo \"Failed to determine latest Faraday version.\"\n    exit 1\n  fi\n  echo \"Latest version is $VERSION\"\nfi\n\n# Download Faraday\nsudo wget https://github.com/infobyte/faraday/releases/download/$VERSION/faraday-server_amd64.deb\n\n# Wait until no jobs for systemd-sysctl remain\nwhile systemctl list-jobs | grep -q systemd-sysctl; do sleep 1; done\n\n# Make sure dependencies are installed\nsudo apt-get install -y postgresql redis python3 python3-pip\n\n# Wait until no jobs for systemd-sysctl remain\nwhile systemctl list-jobs | grep -q systemd-sysctl; do sleep 1; done\n\n# Install Faraday\necho y | sudo dpkg -i /opt/faraday/faraday-server_amd64.deb || echo y | sudo apt install -f /opt/faraday/faraday-server_amd64.deb\n\n# Add current user to faraday group\nsudo usermod -aG faraday $(whoami)\n\n# Initialize Faraday database\nfaraday-manage initdb\n\n# Change faraday's admin password\nfaraday-manage change-password --username faraday --password kvVtn8O8KAPdMaa4\n\n# Wait until no jobs for systemd-sysctl remain\nwhile systemctl list-jobs | grep -q systemd-sysctl; do sleep 1; done\n\n# Reload systemd to recognize Faraday services\nsudo systemctl daemon-reload\n\n# Start and enable Faraday services\nsudo systemctl start faraday-server\nsudo systemctl enable faraday-server\n\nsudo systemctl start faraday-worker\nsudo systemctl enable faraday-worker\n\n# Make sure Faraday is running\nif systemctl is-active --quiet faraday-server; then\n    echo \"Faraday server is running.\"\nelse\n    echo \"Faraday server failed to start.\"\n    exit 1\nfi",
            "content_base64": null,
            "content_base64sha256": "9IOCKyMefGauF3cjQBG/A69JDcULdnkzf3NMwoXaxoE=",
            "content_base64sha512": "VNTzBV391jIzce/+P+kUlBspA89JdlKJD1M6LXUcMt50uGgDMNytHd8JkqDWBhJZo7UTvXwyp89k+PEaiDSn6Q==",
            "content_md5": "04493ac2910f43d1f329422c63eadc3d",
            "content_sha1": "a59e0d266a60c9d9b87890187be1a5553409b571",
            "content_sha256": "f483822b231e7c66ae1777234011bf03af490dc50b7679337f734cc285dac681",
            "content_sha512": "54d4f3055dfdd6323371effe3fe914941b2903cf497652890f533a2d751c32de74b8680330dcad1ddf0992a0d6061259a3b513bd7c32a7cf64f8f11a8834a7e9",
            "directory_permission": "0777",
            "file_permission": "0777",
            "filename": "modules/tenant/_rendered/install-faraday.sh",
            "id": "a59e0d266a60c9d9b87890187be1a5553409b571",
            "sensitive_content": null,
            "source": null
          },
          "sensitive_attributes": [
            [
              {
                "type": "get_attr",
                "value": "content"
              }
            ]
          ],
          "dependencies": [
            "module.tenant.random_password.faraday_password"
          ]
        }
      ]
    },
    {
      "module": "module.tenant",
      "mode": "managed",
      "type": "local_file",
      "name": "install_nginx_sh",
      "provider": "provider[\"registry.terraform.io/hashicorp/local\"]",
      "instances": [
        {
          "schema_version": 0,
          "attributes": {
            "content": "# !/bin/bash\n\necho \"Starting Nginx installation...\"\n\n# Wait until no jobs for systemd-sysctl remain\nwhile systemctl list-jobs | grep -q systemd-sysctl; do sleep 1; done\n\n# Install Nginx\nsudo apt install -y nginx\nsudo systemctl start nginx\nsudo systemctl enable nginx\n\n# Wait until no jobs for systemd-sysctl remain\nwhile systemctl list-jobs | grep -q systemd-sysctl; do sleep 1; done\n\n# Install certbot\nsudo apt install -y certbot python3-certbot-nginx\n\n# Adjust firewall to allow HTTP and HTTPS traffic\nsudo ufw allow http\nsudo ufw allow https",
            "content_base64": null,
            "content_base64sha256": "o4919IRfA5pOJeO7QoJD7ZxvTpydXFrk0+oPt/Lmwho=",
            "content_base64sha512": "rCkMXeyJ5UkcPvYhmyJPdJkexRED4JFQ4QNVYDaSR+BMGLsfYSIOZSAFCIPFUh19FirQUAxUhQd9LKItW0GQsA==",
            "content_md5": "e0c94e4b2e8b33c6f7489a8a6582c76f",
            "content_sha1": "5682968225ad55134c8c4bd36eda4b6e67362f53",
            "content_sha256": "a38f75f4845f039a4e25e3bb428243ed9c6f4e9c9d5c5ae4d3ea0fb7f2e6c21a",
            "content_sha512": "ac290c5dec89e5491c3ef6219b224f74991ec51103e09150e1035560369247e04c18bb1f61220e6520050883c5521d7d162ad0500c5485077d2ca22d5b4190b0",
            "directory_permission": "0777",
            "file_permission": "0777",
            "filename": "modules/tenant/_rendered/install-nginx.sh",
            "id": "5682968225ad55134c8c4bd36eda4b6e67362f53",
            "sensitive_content": null,
            "source": null
          },
          "sensitive_attributes": []
        }
      ]
    },
    {
      "module": "module.tenant",
      "mode": "managed",
      "type": "null_resource",
      "name": "provision_faraday_scripts",
      "provider": "provider[\"registry.terraform.io/hashicorp/null\"]",
      "instances": [
        {
          "status": "tainted",
          "schema_version": 0,
          "attributes": {
            "id": "5459085572020845445",
            "triggers": {
              "always_run": "2025-10-18T12:09:32Z"
            }
          },
          "sensitive_attributes": [],
          "dependencies": [
            "module.tenant.cloudflare_dns_record.faraday",
            "module.tenant.data.cloudflare_zone.openshield",
            "module.tenant.data.hcloud_server_type.selected",
            "module.tenant.data.hcloud_server_types.all",
            "module.tenant.hcloud_server.tenant_server",
            "module.tenant.hcloud_ssh_key.ssh_key",
            "module.tenant.local_file.configure_faraday_nginx_sh",
            "module.tenant.local_file.install_faraday_sh",
            "module.tenant.local_file.install_nginx_sh",
            "module.tenant.random_password.faraday_password",
            "module.tenant.tls_private_key.ssh_key"
          ]
        }
      ]
    },
    {
      "module": "module.tenant",
      "mode": "managed",
      "type": "random_password",
      "name": "faraday_password",
      "provider": "provider[\"registry.terraform.io/hashicorp/random\"]",
      "instances": [
        {
          "schema_version": 3,
          "attributes": {
            "bcrypt_hash": "$2a$10$xcXoYFnwiMvxeTDKPyTY7.r8UPRLsqbjkhfncKIS3iDhDvelu1/D2",
            "id": "none",
            "keepers": null,
            "length": 16,
            "lower": true,
            "min_lower": 0,
            "min_numeric": 0,
            "min_special": 0,
            "min_upper": 0,
            "number": true,
            "numeric": true,
            "override_special": "_%@",
            "result": "kvVtn8O8KAPdMaa4",
            "special": true,
            "upper": true
          },
          "sensitive_attributes": []
        }
      ]
    },
    {
      "module": "module.tenant",
      "mode": "managed",
      "type": "tls_private_key",
      "name": "ssh_key",
      "provider": "provider[\"registry.terraform.io/hashicorp/tls\"]",
      "instances": [
        {
          "schema_version": 1,
          "attributes": {
            "algorithm": "RSA",
            "ecdsa_curve": "P224",
            "id": "f827eb5854e3db6b76d357e219c09681d2fb377e",
            "private_key_openssh": "-----BEGIN OPENSSH PRIVATE KEY-----\nb3BlbnNzaC1rZXktdjEAAAAABG5vbmUAAAAEbm9uZQAAAAAAAAABAAACFwAAAAdz\nc2gtcnNhAAAAAwEAAQAAAgEA7EmhcFGpf8YslDCrL3wNMKKdqmkUCjCJDN0Xe6Qh\n+N6+SG8r84Txi5cvepWt7vbVtzCnfIBFlLHzGDUCJwpBjIz8NzgGfR3TFcwkfl7l\nsdcxzADTZZUPhdp66Iz0M80HZEIUHC12rMDcDTFDCNmyPLFGgQ7R+Qfi+j5A6XTy\n6FbKIzTKZIASSoVWU53okXcc19nwttlNurH97QE3OmD6wag56mEBuE1iJ+0w42Kk\nFWnEHxjFH63WRyT9pDY6Yfpg3Xq4OWM+E1EYR8fC65BYfal0C7M7JoWIp79U5OUT\n0PRAmjnJQzQucNuZ3h1stz2vmOENWCo0myjBjIs1utPHr+jWxQw/Gg67aLlXTUG9\nyxAOEfJP4ty1AyKqeCUH8uDpfij2D/DcgP4ebSYuq12u+CPCtSEwGqa9V98NzCGq\no+bVN+BFWXv+Ip7siwGo0ETnlGcer/zoC5BvPHRB3mHfGuJPncTFyh6CrZ5ox4Fv\nB2lmK0TP1gaa91S4MtnaMqtLP/p5KidQt+O+0JJbgN/DIjFvqnrMOnHI2pCIHnmS\n8oqnJc9jMU7vs6Vg3Z+//5gHChs88c2SKzEwERsexbfZ7gPp7IbTtc77XZdGYDZu\nnwOK4qdRuoUVxGzeodv5q1KKYWBYSRXOqoPGkVipC/ebevKKrHviQ2CWus6ovu8+\nuPkAAAc4ZrQ4+ma0OPoAAAAHc3NoLXJzYQAAAgEA7EmhcFGpf8YslDCrL3wNMKKd\nqmkUCjCJDN0Xe6Qh+N6+SG8r84Txi5cvepWt7vbVtzCnfIBFlLHzGDUCJwpBjIz8\nNzgGfR3TFcwkfl7lsdcxzADTZZUPhdp66Iz0M80HZEIUHC12rMDcDTFDCNmyPLFG\ngQ7R+Qfi+j5A6XTy6FbKIzTKZIASSoVWU53okXcc19nwttlNurH97QE3OmD6wag5\n6mEBuE1iJ+0w42KkFWnEHxjFH63WRyT9pDY6Yfpg3Xq4OWM+E1EYR8fC65BYfal0\nC7M7JoWIp79U5OUT0PRAmjnJQzQucNuZ3h1stz2vmOENWCo0myjBjIs1utPHr+jW\nxQw/Gg67aLlXTUG9yxAOEfJP4ty1AyKqeCUH8uDpfij2D/DcgP4ebSYuq12u+CPC\ntSEwGqa9V98NzCGqo+bVN+BFWXv+Ip7siwGo0ETnlGcer/zoC5BvPHRB3mHfGuJP\nncTFyh6CrZ5ox4FvB2lmK0TP1gaa91S4MtnaMqtLP/p5KidQt+O+0JJbgN/DIjFv\nqnrMOnHI2pCIHnmS8oqnJc9jMU7vs6Vg3Z+//5gHChs88c2SKzEwERsexbfZ7gPp\n7IbTtc77XZdGYDZunwOK4qdRuoUVxGzeodv5q1KKYWBYSRXOqoPGkVipC/ebevKK\nrHviQ2CWus6ovu8+uPkAAAADAQABAAACAAHffYud4hmUsRLFpf283n/lshlBNvrz\nsoprED4XKXvHDDwXwYHvKlkAbExs9lGAHGaU2KcIf0Sz+mjVNrynfKiID5HCfG6u\nd1djZGCqEOkNeyQSV5qlCVf2yOWiBGeKtwXI7k7g32F0L+pc2xqtWxfXEeeA/hIa\nyWZRawNOvYQw9+46g2Yzi7GSiAImrMrGZnChliJk65RQx+ICkfUBAsvZMQhWF4Tl\n/CKz4yDSTdmrmnXipOFg5+NtfCM6mNDhAraOu/ocesf9axNaloV2gfURDE3xcEUY\nZuJphltAI52S6hYu4hUJy1pyqzATDKMRNpygIBJ0VzFpq8sY6WafOiR7bgF/rCJG\nis0PRedltWaYFyxoh6QusO6BKorGZfPuReGBCaOwuBFX/etsV9ADaQhs7zcyzmcC\n7HRf5USPudlloYaIfxesZiw9WE5V7bUPjseGt1Q0jDG+xo+GT+/djyBa92i7mRVs\nSYiaOF6UNr6R2a1ukQzxWMt8Wsd1V4HnJIyDJgsigIrl1ZA2mhRJpCbVOdCeDIN3\n7QMKzTryKP20fcokMJaMtVss1uFOHWaAjUUID6rFL7I3cw4k3TeJGgrIgNWqbVnx\nhfvoDN9tqLQ98qqxYvhXX3l/3tRUpDXSUWP2dYygJufw7Xy+nB3JoMLUSYiZZ6yM\nkhKdUdzBJhtnAAABAQDT76viwmlp0sh+GKY6xa5Whf5muxaTSQZVRjGHjd6hSDlB\nKhzoXF+d8KmP2n+z+pw86OyO6aMPYLM1jboqti62MgtWJtwWMC43XAhzhk8lvMQ4\nOZx2Cd0yhwCfq47bJpFgeLIHo1RWvwcVXkmK80Z+0vX2cs+TlPfxblkmhMlxkANf\nuALxpcauR4LTrE8JjOVzgnG9efz3pL5RlyenNuZB7ltyaAv8MufPgzOvoZiXajhV\nSnx0cLMU0rzSJA8y6NEAHvkUZ951ip7ZDB5MEsINgakHDxbcQvERDbPWigR7HoMO\nHLYSzTa7WKjfaRx4Rfj39Hx7zj1BvqLfm+Wm0x7BAAABAQDv2K2SOm/+D8djz/Gx\nddBkwq7jB0uOtpiZl2+25TZKB+Ci4XWG1AxGnGhZSk/pLkmSWbwgw26qCwwVCbfq\nLwXUPQ6dcuPOgoaC0FvBGDJOqrw1yfg+mDnbDe0MWEfYcIlMnO+2R2eOumUBd64A\nYFHja4GSSX0tzdSW53z8i2rp+wDC4dEMd69nU4vO4fOobnZucubPi3UzQ88fXkvA\n3cpDJXEmz9CuVhONbM0yybEslLDNnrGWDaOsm2Ob9/8GUrprtvNHub9AgYcitG+8\n5sMfqhNzwxTZPtBncoPyJQth3tiC14bkPMh3c5i5InY7StYj8bunfsr9XRj/qgR4\na/A3AAABAQD8M5gBOK2smRnIXWMlcnSjCB9yzQtv8IWXGHuGK3HSWrP8RwA+S3F7\n/3k2uU9FqmcheqW19vykgV0cPYJbQOp2qs5U/jvHrRDj6Re6wOo2YMazfyK84gft\n5jaVRGssi+5tpwBY/n9z9iqsuYOoUhSVYUTNoux8SaVBQeVbuRm6r0cBHIF9kCab\nPK1l8tSPkYrOP50Nf5dyBmpk9Loi7uEUwLdhAmG2k0bNwzUj7d8TGtbMqG+YnLk3\nkqkZ9BGvhMtZT7fS7W4eKFEkG+2/r9Ky5DB/26e4P/qA8ssj9Wm4Y3NBxy8+3AAw\nlC4KxjRKdWCIcZL8K1DYM2GNtn/RUShPAAAAAAEC\n-----END OPENSSH PRIVATE KEY-----\n",
            "private_key_pem": "-----BEGIN RSA PRIVATE KEY-----\nMIIJKAIBAAKCAgEA7EmhcFGpf8YslDCrL3wNMKKdqmkUCjCJDN0Xe6Qh+N6+SG8r\n84Txi5cvepWt7vbVtzCnfIBFlLHzGDUCJwpBjIz8NzgGfR3TFcwkfl7lsdcxzADT\nZZUPhdp66Iz0M80HZEIUHC12rMDcDTFDCNmyPLFGgQ7R+Qfi+j5A6XTy6FbKIzTK\nZIASSoVWU53okXcc19nwttlNurH97QE3OmD6wag56mEBuE1iJ+0w42KkFWnEHxjF\nH63WRyT9pDY6Yfpg3Xq4OWM+E1EYR8fC65BYfal0C7M7JoWIp79U5OUT0PRAmjnJ\nQzQucNuZ3h1stz2vmOENWCo0myjBjIs1utPHr+jWxQw/Gg67aLlXTUG9yxAOEfJP\n4ty1AyKqeCUH8uDpfij2D/DcgP4ebSYuq12u+CPCtSEwGqa9V98NzCGqo+bVN+BF\nWXv+Ip7siwGo0ETnlGcer/zoC5BvPHRB3mHfGuJPncTFyh6CrZ5ox4FvB2lmK0TP\n1gaa91S4MtnaMqtLP/p5KidQt+O+0JJbgN/DIjFvqnrMOnHI2pCIHnmS8oqnJc9j\nMU7vs6Vg3Z+//5gHChs88c2SKzEwERsexbfZ7gPp7IbTtc77XZdGYDZunwOK4qdR\nuoUVxGzeodv5q1KKYWBYSRXOqoPGkVipC/ebevKKrHviQ2CWus6ovu8+uPkCAwEA\nAQKCAgAB332LneIZlLESxaX9vN5/5bIZQTb687KKaxA+Fyl7xww8F8GB7ypZAGxM\nbPZRgBxmlNinCH9Es/po1Ta8p3yoiA+RwnxurndXY2RgqhDpDXskEleapQlX9sjl\nogRnircFyO5O4N9hdC/qXNsarVsX1xHngP4SGslmUWsDTr2EMPfuOoNmM4uxkogC\nJqzKxmZwoZYiZOuUUMfiApH1AQLL2TEIVheE5fwis+Mg0k3Zq5p14qThYOfjbXwj\nOpjQ4QK2jrv6HHrH/WsTWpaFdoH1EQxN8XBFGGbiaYZbQCOdkuoWLuIVCctacqsw\nEwyjETacoCASdFcxaavLGOlmnzoke24Bf6wiRorND0XnZbVmmBcsaIekLrDugSqK\nxmXz7kXhgQmjsLgRV/3rbFfQA2kIbO83Ms5nAux0X+VEj7nZZaGGiH8XrGYsPVhO\nVe21D47HhrdUNIwxvsaPhk/v3Y8gWvdou5kVbEmImjhelDa+kdmtbpEM8VjLfFrH\ndVeB5ySMgyYLIoCK5dWQNpoUSaQm1TnQngyDd+0DCs068ij9tH3KJDCWjLVbLNbh\nTh1mgI1FCA+qxS+yN3MOJN03iRoKyIDVqm1Z8YX76Azfbai0PfKqsWL4V195f97U\nVKQ10lFj9nWMoCbn8O18vpwdyaDC1EmImWesjJISnVHcwSYbZwKCAQEA79itkjpv\n/g/HY8/xsXXQZMKu4wdLjraYmZdvtuU2SgfgouF1htQMRpxoWUpP6S5Jklm8IMNu\nqgsMFQm36i8F1D0OnXLjzoKGgtBbwRgyTqq8Ncn4Ppg52w3tDFhH2HCJTJzvtkdn\njrplAXeuAGBR42uBkkl9Lc3Ulud8/Itq6fsAwuHRDHevZ1OLzuHzqG52bnLmz4t1\nM0PPH15LwN3KQyVxJs/QrlYTjWzNMsmxLJSwzZ6xlg2jrJtjm/f/BlK6a7bzR7m/\nQIGHIrRvvObDH6oTc8MU2T7QZ3KD8iULYd7YgteG5DzId3OYuSJ2O0rWI/G7p37K\n/V0Y/6oEeGvwNwKCAQEA/DOYATitrJkZyF1jJXJ0owgfcs0Lb/CFlxh7hitx0lqz\n/EcAPktxe/95NrlPRapnIXqltfb8pIFdHD2CW0DqdqrOVP47x60Q4+kXusDqNmDG\ns38ivOIH7eY2lURrLIvubacAWP5/c/YqrLmDqFIUlWFEzaLsfEmlQUHlW7kZuq9H\nARyBfZAmmzytZfLUj5GKzj+dDX+XcgZqZPS6Iu7hFMC3YQJhtpNGzcM1I+3fExrW\nzKhvmJy5N5KpGfQRr4TLWU+30u1uHihRJBvtv6/SsuQwf9unuD/6gPLLI/VpuGNz\nQccvPtwAMJQuCsY0SnVgiHGS/CtQ2DNhjbZ/0VEoTwKCAQAO5v+h3k+nEYPqB7mU\ntSVFnXMQWBuxulaw9F/UlVlSMDsc47VRs0sv9/fj1GIystWPalPuFTaDCjyt8fSj\ncFiEX2bREZpl8mY5KokI7l/x01nuXaY2/W5a1fqska+lGxjs0bNzN+yPSbWM6cq9\n6z4rSzq5xCcq+WcEGU4CwwbZkubxNOawR592ZBKDwDZLeNGS+0CsFJYroUL1R/6c\n9SrkESd+qdrleiOs3d3CEhYYFwUFQZ73G9HXn7AIuNf3pJxApRVol3nyoBmtZliq\n/AuTpBWhU7Wv6d85Djx0hyi15Aq/1nRjKgOqqFwM5L9D39p+UT6/oXkrVOWAvSeZ\n89rxAoIBAFsjPeP7Gm/L59BLRx/qK5IaxlqTFHYAQhZnB4RlwL0WgAJDmifo1XrM\nyH3pG2d+e8RScP2/4m6EPSSOacQWQmRdtzBpqyquNPNXcXbQbhL2h/enkuMU/26O\nCd2JGv2/F4tSlUKTvXUnWSaP56708nFE9DsnjDQh3PEnIf4ydsTKwGr7ZSP96qWg\nmLzFsuCq5LFBtbyCBjVzchFHithC4N3CAsKwvKTgte53g4WXWUyrH0JX//Pzds9J\nVYiGdbmq0F1W/IPhvzBwu1nEKfdiT07MPWaG9yYTILBmjNhSwECc17LGiyE5GWx0\nr+q+03iw0BCeklJESPPIJZGziJ8Yp+sCggEBANPvq+LCaWnSyH4YpjrFrlaF/ma7\nFpNJBlVGMYeN3qFIOUEqHOhcX53wqY/af7P6nDzo7I7pow9gszWNuiq2LrYyC1Ym\n3BYwLjdcCHOGTyW8xDg5nHYJ3TKHAJ+rjtsmkWB4sgejVFa/BxVeSYrzRn7S9fZy\nz5OU9/FuWSaEyXGQA1+4AvGlxq5HgtOsTwmM5XOCcb15/PekvlGXJ6c25kHuW3Jo\nC/wy58+DM6+hmJdqOFVKfHRwsxTSvNIkDzLo0QAe+RRn3nWKntkMHkwSwg2BqQcP\nFtxC8RENs9aKBHsegw4cthLNNrtYqN9pHHhF+Pf0fHvOPUG+ot+b5abTHsE=\n-----END RSA PRIVATE KEY-----\n",
            "private_key_pem_pkcs8": "-----BEGIN PRIVATE KEY-----\nMIIJQgIBADANBgkqhkiG9w0BAQEFAASCCSwwggkoAgEAAoICAQDsSaFwUal/xiyU\nMKsvfA0wop2qaRQKMIkM3Rd7pCH43r5IbyvzhPGLly96la3u9tW3MKd8gEWUsfMY\nNQInCkGMjPw3OAZ9HdMVzCR+XuWx1zHMANNllQ+F2nrojPQzzQdkQhQcLXaswNwN\nMUMI2bI8sUaBDtH5B+L6PkDpdPLoVsojNMpkgBJKhVZTneiRdxzX2fC22U26sf3t\nATc6YPrBqDnqYQG4TWIn7TDjYqQVacQfGMUfrdZHJP2kNjph+mDderg5Yz4TURhH\nx8LrkFh9qXQLszsmhYinv1Tk5RPQ9ECaOclDNC5w25neHWy3Pa+Y4Q1YKjSbKMGM\nizW608ev6NbFDD8aDrtouVdNQb3LEA4R8k/i3LUDIqp4JQfy4Ol+KPYP8NyA/h5t\nJi6rXa74I8K1ITAapr1X3w3MIaqj5tU34EVZe/4inuyLAajQROeUZx6v/OgLkG88\ndEHeYd8a4k+dxMXKHoKtnmjHgW8HaWYrRM/WBpr3VLgy2doyq0s/+nkqJ1C3477Q\nkluA38MiMW+qesw6ccjakIgeeZLyiqclz2MxTu+zpWDdn7//mAcKGzzxzZIrMTAR\nGx7Ft9nuA+nshtO1zvtdl0ZgNm6fA4rip1G6hRXEbN6h2/mrUophYFhJFc6qg8aR\nWKkL95t68oqse+JDYJa6zqi+7z64+QIDAQABAoICAAHffYud4hmUsRLFpf283n/l\nshlBNvrzsoprED4XKXvHDDwXwYHvKlkAbExs9lGAHGaU2KcIf0Sz+mjVNrynfKiI\nD5HCfG6ud1djZGCqEOkNeyQSV5qlCVf2yOWiBGeKtwXI7k7g32F0L+pc2xqtWxfX\nEeeA/hIayWZRawNOvYQw9+46g2Yzi7GSiAImrMrGZnChliJk65RQx+ICkfUBAsvZ\nMQhWF4Tl/CKz4yDSTdmrmnXipOFg5+NtfCM6mNDhAraOu/ocesf9axNaloV2gfUR\nDE3xcEUYZuJphltAI52S6hYu4hUJy1pyqzATDKMRNpygIBJ0VzFpq8sY6WafOiR7\nbgF/rCJGis0PRedltWaYFyxoh6QusO6BKorGZfPuReGBCaOwuBFX/etsV9ADaQhs\n7zcyzmcC7HRf5USPudlloYaIfxesZiw9WE5V7bUPjseGt1Q0jDG+xo+GT+/djyBa\n92i7mRVsSYiaOF6UNr6R2a1ukQzxWMt8Wsd1V4HnJIyDJgsigIrl1ZA2mhRJpCbV\nOdCeDIN37QMKzTryKP20fcokMJaMtVss1uFOHWaAjUUID6rFL7I3cw4k3TeJGgrI\ngNWqbVnxhfvoDN9tqLQ98qqxYvhXX3l/3tRUpDXSUWP2dYygJufw7Xy+nB3JoMLU\nSYiZZ6yMkhKdUdzBJhtnAoIBAQDv2K2SOm/+D8djz/GxddBkwq7jB0uOtpiZl2+2\n5TZKB+Ci4XWG1AxGnGhZSk/pLkmSWbwgw26qCwwVCbfqLwXUPQ6dcuPOgoaC0FvB\nGDJOqrw1yfg+mDnbDe0MWEfYcIlMnO+2R2eOumUBd64AYFHja4GSSX0tzdSW53z8\ni2rp+wDC4dEMd69nU4vO4fOobnZucubPi3UzQ88fXkvA3cpDJXEmz9CuVhONbM0y\nybEslLDNnrGWDaOsm2Ob9/8GUrprtvNHub9AgYcitG+85sMfqhNzwxTZPtBncoPy\nJQth3tiC14bkPMh3c5i5InY7StYj8bunfsr9XRj/qgR4a/A3AoIBAQD8M5gBOK2s\nmRnIXWMlcnSjCB9yzQtv8IWXGHuGK3HSWrP8RwA+S3F7/3k2uU9FqmcheqW19vyk\ngV0cPYJbQOp2qs5U/jvHrRDj6Re6wOo2YMazfyK84gft5jaVRGssi+5tpwBY/n9z\n9iqsuYOoUhSVYUTNoux8SaVBQeVbuRm6r0cBHIF9kCabPK1l8tSPkYrOP50Nf5dy\nBmpk9Loi7uEUwLdhAmG2k0bNwzUj7d8TGtbMqG+YnLk3kqkZ9BGvhMtZT7fS7W4e\nKFEkG+2/r9Ky5DB/26e4P/qA8ssj9Wm4Y3NBxy8+3AAwlC4KxjRKdWCIcZL8K1DY\nM2GNtn/RUShPAoIBAA7m/6HeT6cRg+oHuZS1JUWdcxBYG7G6VrD0X9SVWVIwOxzj\ntVGzSy/39+PUYjKy1Y9qU+4VNoMKPK3x9KNwWIRfZtERmmXyZjkqiQjuX/HTWe5d\npjb9blrV+qyRr6UbGOzRs3M37I9JtYzpyr3rPitLOrnEJyr5ZwQZTgLDBtmS5vE0\n5rBHn3ZkEoPANkt40ZL7QKwUliuhQvVH/pz1KuQRJ36p2uV6I6zd3cISFhgXBQVB\nnvcb0defsAi41/eknEClFWiXefKgGa1mWKr8C5OkFaFTta/p3zkOPHSHKLXkCr/W\ndGMqA6qoXAzkv0Pf2n5RPr+heStU5YC9J5nz2vECggEAWyM94/sab8vn0EtHH+or\nkhrGWpMUdgBCFmcHhGXAvRaAAkOaJ+jVeszIfekbZ357xFJw/b/iboQ9JI5pxBZC\nZF23MGmrKq4081dxdtBuEvaH96eS4xT/bo4J3Yka/b8Xi1KVQpO9dSdZJo/nrvTy\ncUT0OyeMNCHc8Sch/jJ2xMrAavtlI/3qpaCYvMWy4KrksUG1vIIGNXNyEUeK2ELg\n3cICwrC8pOC17neDhZdZTKsfQlf/8/N2z0lViIZ1uarQXVb8g+G/MHC7WcQp92JP\nTsw9Zob3JhMgsGaM2FLAQJzXssaLITkZbHSv6r7TeLDQEJ6SUkRI88glkbOInxin\n6wKCAQEA0++r4sJpadLIfhimOsWuVoX+ZrsWk0kGVUYxh43eoUg5QSoc6FxfnfCp\nj9p/s/qcPOjsjumjD2CzNY26KrYutjILVibcFjAuN1wIc4ZPJbzEODmcdgndMocA\nn6uO2yaRYHiyB6NUVr8HFV5JivNGftL19nLPk5T38W5ZJoTJcZADX7gC8aXGrkeC\n06xPCYzlc4JxvXn896S+UZcnpzbmQe5bcmgL/DLnz4Mzr6GYl2o4VUp8dHCzFNK8\n0iQPMujRAB75FGfedYqe2QweTBLCDYGpBw8W3ELxEQ2z1ooEex6DDhy2Es02u1io\n32kceEX49/R8e849Qb6i35vlptMewQ==\n-----END PRIVATE KEY-----\n",
            "public_key_fingerprint_md5": "7d:6d:e5:94:0b:66:1a:f1:d6:c4:58:a3:7c:a5:cd:aa",
            "public_key_fingerprint_sha256": "SHA256:gyoZcxI8mUJYrlJRnfbC/Q33AFeLenA3g2ZtWvoHuas",
            "public_key_openssh": "ssh-rsa AAAAB3NzaC1yc2EAAAADAQABAAACAQDsSaFwUal/xiyUMKsvfA0wop2qaRQKMIkM3Rd7pCH43r5IbyvzhPGLly96la3u9tW3MKd8gEWUsfMYNQInCkGMjPw3OAZ9HdMVzCR+XuWx1zHMANNllQ+F2nrojPQzzQdkQhQcLXaswNwNMUMI2bI8sUaBDtH5B+L6PkDpdPLoVsojNMpkgBJKhVZTneiRdxzX2fC22U26sf3tATc6YPrBqDnqYQG4TWIn7TDjYqQVacQfGMUfrdZHJP2kNjph+mDderg5Yz4TURhHx8LrkFh9qXQLszsmhYinv1Tk5RPQ9ECaOclDNC5w25neHWy3Pa+Y4Q1YKjSbKMGMizW608ev6NbFDD8aDrtouVdNQb3LEA4R8k/i3LUDIqp4JQfy4Ol+KPYP8NyA/h5tJi6rXa74I8K1ITAapr1X3w3MIaqj5tU34EVZe/4inuyLAajQROeUZx6v/OgLkG88dEHeYd8a4k+dxMXKHoKtnmjHgW8HaWYrRM/WBpr3VLgy2doyq0s/+nkqJ1C3477QkluA38MiMW+qesw6ccjakIgeeZLyiqclz2MxTu+zpWDdn7//mAcKGzzxzZIrMTARGx7Ft9nuA+nshtO1zvtdl0ZgNm6fA4rip1G6hRXEbN6h2/mrUophYFhJFc6qg8aRWKkL95t68oqse+JDYJa6zqi+7z64+Q==\n",
            "public_key_pem": "-----BEGIN PUBLIC KEY-----\nMIICIjANBgkqhkiG9w0BAQEFAAOCAg8AMIICCgKCAgEA7EmhcFGpf8YslDCrL3wN\nMKKdqmkUCjCJDN0Xe6Qh+N6+SG8r84Txi5cvepWt7vbVtzCnfIBFlLHzGDUCJwpB\njIz8NzgGfR3TFcwkfl7lsdcxzADTZZUPhdp66Iz0M80HZEIUHC12rMDcDTFDCNmy\nPLFGgQ7R+Qfi+j5A6XTy6FbKIzTKZIASSoVWU53okXcc19nwttlNurH97QE3OmD6\nwag56mEBuE1iJ+0w42KkFWnEHxjFH63WRyT9pDY6Yfpg3Xq4OWM+E1EYR8fC65BY\nfal0C7M7JoWIp79U5OUT0PRAmjnJQzQucNuZ3h1stz2vmOENWCo0myjBjIs1utPH\nr+jWxQw/Gg67aLlXTUG9yxAOEfJP4ty1AyKqeCUH8uDpfij2D/DcgP4ebSYuq12u\n+CPCtSEwGqa9V98NzCGqo+bVN+BFWXv+Ip7siwGo0ETnlGcer/zoC5BvPHRB3mHf\nGuJPncTFyh6CrZ5ox4FvB2lmK0TP1gaa91S4MtnaMqtLP/p5KidQt+O+0JJbgN/D\nIjFvqnrMOnHI2pCIHnmS8oqnJc9jMU7vs6Vg3Z+//5gHChs88c2SKzEwERsexbfZ\n7gPp7IbTtc77XZdGYDZunwOK4qdRuoUVxGzeodv5q1KKYWBYSRXOqoPGkVipC/eb\nevKKrHviQ2CWus6ovu8+uPkCAwEAAQ==\n-----END PUBLIC KEY-----\n",
            "rsa_bits": 4096
          },
          "sensitive_attributes": []
        }
      ]
    }
  ],
  "check_results": null
}
