{
  "version": 4,
  "terraform_version": "1.5.0",
  "serial": 66,
  "lineage": "f16c640d-8cd3-93e9-1db2-84b0cefc8e1d",
  "outputs": {
    "cluster_id": {
      "value": "1236636f-60b5-46a7-9ffa-d74bfbac8898",
      "type": "string"
    },
    "cluster_name": {
      "value": "spm-cluster",
      "type": "string"
    }
  },
  "resources": [
    {
      "mode": "data",
      "type": "cloudflare_zone",
      "name": "openshield_zone",
      "provider": "provider[\"registry.terraform.io/cloudflare/cloudflare\"]",
      "instances": [
        {
          "schema_version": 0,
          "attributes": {
            "account": {
              "id": "bca3124de7c86d659a959f06cb35043d",
              "name": "Cloudflare@cyberdef.cc's Account"
            },
            "activated_on": "2025-04-21T11:29:39Z",
            "cname_suffix": null,
            "created_on": "2025-04-21T11:00:21Z",
            "development_mode": 0,
            "filter": {
              "account": null,
              "direction": null,
              "match": null,
              "name": "openshield.io",
              "order": null,
              "status": null
            },
            "id": null,
            "meta": {
              "cdn_only": null,
              "custom_certificate_quota": 0,
              "dns_only": null,
              "foundation_dns": null,
              "page_rule_quota": 3,
              "phishing_detected": false,
              "step": 2
            },
            "modified_on": "2025-04-21T11:29:39Z",
            "name": "openshield.io",
            "name_servers": [
              "kiki.ns.cloudflare.com",
              "lloyd.ns.cloudflare.com"
            ],
            "original_dnshost": null,
            "original_name_servers": [
              "dns1.registrar-servers.com",
              "dns2.registrar-servers.com"
            ],
            "original_registrar": "namecheap, inc. (id: 1068)",
            "owner": {
              "id": null,
              "name": null,
              "type": "user"
            },
            "paused": false,
            "permissions": [
              "#dns_records:edit",
              "#dns_records:read",
              "#zone:read"
            ],
            "plan": {
              "can_subscribe": false,
              "currency": "USD",
              "externally_managed": false,
              "frequency": "",
              "id": "0feeeeeeeeeeeeeeeeeeeeeeeeeeeeee",
              "is_subscribed": false,
              "legacy_discount": false,
              "legacy_id": "free",
              "name": "Free Website",
              "price": 0
            },
            "status": "active",
            "tenant": {
              "id": null,
              "name": null
            },
            "tenant_unit": {
              "id": null
            },
            "type": "full",
            "vanity_name_servers": [],
            "verification_key": null,
            "zone_id": "f92c4f6137dffe0e40aa658cc70e3fa8"
          },
          "sensitive_attributes": []
        }
      ]
    },
    {
      "mode": "data",
      "type": "digitalocean_kubernetes_versions",
      "name": "available",
      "provider": "provider[\"registry.terraform.io/digitalocean/digitalocean\"]",
      "instances": [
        {
          "schema_version": 0,
          "attributes": {
            "id": "terraform-20251008125606520200000001",
            "latest_version": "1.33.1-do.4",
            "valid_versions": [
              "1.33.1-do.4",
              "1.32.5-do.4",
              "1.31.9-do.4"
            ],
            "version_prefix": null
          },
          "sensitive_attributes": []
        }
      ]
    },
    {
      "mode": "managed",
      "type": "digitalocean_kubernetes_cluster",
      "name": "spm_cluster",
      "provider": "provider[\"registry.terraform.io/digitalocean/digitalocean\"]",
      "instances": [
        {
          "schema_version": 3,
          "attributes": {
            "amd_gpu_device_metrics_exporter_plugin": [
              {
                "enabled": false
              }
            ],
            "amd_gpu_device_plugin": [
              {
                "enabled": false
              }
            ],
            "auto_upgrade": true,
            "cluster_autoscaler_configuration": [],
            "cluster_subnet": "10.244.0.0/16",
            "control_plane_firewall": [],
            "created_at": "2025-10-08 07:11:33 +0000 UTC",
            "destroy_all_associated_resources": false,
            "endpoint": "https://1236636f-60b5-46a7-9ffa-d74bfbac8898.k8s.ondigitalocean.com",
            "ha": false,
            "id": "1236636f-60b5-46a7-9ffa-d74bfbac8898",
            "ipv4_address": "",
            "kube_config": [
              {
                "client_certificate": "",
                "client_key": "",
                "cluster_ca_certificate": "LS0tLS1CRUdJTiBDRVJUSUZJQ0FURS0tLS0tCk1JSURKekNDQWcrZ0F3SUJBZ0lDQm5Vd0RRWUpLb1pJaHZjTkFRRUxCUUF3TXpFVk1CTUdBMVVFQ2hNTVJHbG4KYVhSaGJFOWpaV0Z1TVJvd0dBWURWUVFERXhGck9ITmhZWE1nUTJ4MWMzUmxjaUJEUVRBZUZ3MHlOVEV3TURndwpOekV4TXpoYUZ3MDBOVEV3TURnd056RXhNemhhTURNeEZUQVRCZ05WQkFvVERFUnBaMmwwWVd4UFkyVmhiakVhCk1CZ0dBMVVFQXhNUmF6aHpZV0Z6SUVOc2RYTjBaWElnUTBFd2dnRWlNQTBHQ1NxR1NJYjNEUUVCQVFVQUE0SUIKRHdBd2dnRUtBb0lCQVFEQXBBeU1UMFdZbkFPRndQWlV4N3MvQnk1b1VGblRzSFNjbWdzRU81U3BMVG9rcmFMRQpuSEhiR1dIeC95d2xMS3FFMmZRN1BlT0VVMnc1VHNvT2FBczlPbEpWWmZSbUNMQTMrNDlJcFFvc1d6d2U3cW5RClg0WmErK3NrZUxpSVVSOFJjZmtNSWFTR0QyQXAvRkN4b0F6eUZzTGFsK2RGV0p6dnVSSHJQcTJXMTBrcm9EVVcKVWpqazNQU2RITjk0YWtoUG1GUTRGS1BuVGFjaFVnZFVSMVdYNHlUbkk3eHdodnFlVEVkK3pDSGdiVXhKUzVmbQpFZDZCZjZGT0E3cWRGNDlzeE5QVkJhV01od3lvYXNkS3d0Sy9XVGpUMlNrb2ZqVWl2MFlNc2x3KzduQU9tUE8wClVOakxBaFRjWDBYdzR5ZW4rajdGRXYzSDB2c2hLd1FhYUlWREFnTUJBQUdqUlRCRE1BNEdBMVVkRHdFQi93UUUKQXdJQmhqQVNCZ05WSFJNQkFmOEVDREFHQVFIL0FnRUFNQjBHQTFVZERnUVdCQlNSVDVsWXlOTW9ZcVA0emxpYwplSUdwd1NhWE1EQU5CZ2txaGtpRzl3MEJBUXNGQUFPQ0FRRUFrTzZqTXJVOW1vMFJrVjJqMzBUKzBqSEJPREh0CkNLS0VMd2VFNnlzSHE5ZWIxOEh6R0F5VTBOL2tEd1l4WHBQMHVxc2ZiYjhGdVVxSjluR2kwQmRYOGE0TmdxTWcKV2tEa1Q5ckRybGdlT3hCQmo4M3p0QW92N3BTazlQUGt1MUZ4dmNYdjJHSzlwTnBSMU9uUmhSUzhoWmtkRm92eQpYZTkzTVFXUEpoUG42dUVvSWVHaTJIQ2VsQTNCQ21ndVF5SFlsZ3krcSs2RWNzWERUeStxNHVVNHpEQ0kyaWhVCkRiNHFDdzdpbnpUTjhvMld3UnJLeGw3enVuWEI5T3BnRS8rV0cvTTFmQ3ZQWVlManpWd204U1pGamdJb2M1VEsKMnZnaU9qbTJKREFNRjRlTWdSU1F6dnhISUdyYmNVTnMzMVByRytHU1ZJWjVQRnlHMHFXR0Y4bi92QT09Ci0tLS0tRU5EIENFUlRJRklDQVRFLS0tLS0K",
                "expires_at": "2025-10-15T07:15:44Z",
                "host": "https://1236636f-60b5-46a7-9ffa-d74bfbac8898.k8s.ondigitalocean.com",
                "raw_config": "apiVersion: v1\nkind: Config\nclusters:\n- cluster:\n    certificate-authority-data: LS0tLS1CRUdJTiBDRVJUSUZJQ0FURS0tLS0tCk1JSURKekNDQWcrZ0F3SUJBZ0lDQm5Vd0RRWUpLb1pJaHZjTkFRRUxCUUF3TXpFVk1CTUdBMVVFQ2hNTVJHbG4KYVhSaGJFOWpaV0Z1TVJvd0dBWURWUVFERXhGck9ITmhZWE1nUTJ4MWMzUmxjaUJEUVRBZUZ3MHlOVEV3TURndwpOekV4TXpoYUZ3MDBOVEV3TURnd056RXhNemhhTURNeEZUQVRCZ05WQkFvVERFUnBaMmwwWVd4UFkyVmhiakVhCk1CZ0dBMVVFQXhNUmF6aHpZV0Z6SUVOc2RYTjBaWElnUTBFd2dnRWlNQTBHQ1NxR1NJYjNEUUVCQVFVQUE0SUIKRHdBd2dnRUtBb0lCQVFEQXBBeU1UMFdZbkFPRndQWlV4N3MvQnk1b1VGblRzSFNjbWdzRU81U3BMVG9rcmFMRQpuSEhiR1dIeC95d2xMS3FFMmZRN1BlT0VVMnc1VHNvT2FBczlPbEpWWmZSbUNMQTMrNDlJcFFvc1d6d2U3cW5RClg0WmErK3NrZUxpSVVSOFJjZmtNSWFTR0QyQXAvRkN4b0F6eUZzTGFsK2RGV0p6dnVSSHJQcTJXMTBrcm9EVVcKVWpqazNQU2RITjk0YWtoUG1GUTRGS1BuVGFjaFVnZFVSMVdYNHlUbkk3eHdodnFlVEVkK3pDSGdiVXhKUzVmbQpFZDZCZjZGT0E3cWRGNDlzeE5QVkJhV01od3lvYXNkS3d0Sy9XVGpUMlNrb2ZqVWl2MFlNc2x3KzduQU9tUE8wClVOakxBaFRjWDBYdzR5ZW4rajdGRXYzSDB2c2hLd1FhYUlWREFnTUJBQUdqUlRCRE1BNEdBMVVkRHdFQi93UUUKQXdJQmhqQVNCZ05WSFJNQkFmOEVDREFHQVFIL0FnRUFNQjBHQTFVZERnUVdCQlNSVDVsWXlOTW9ZcVA0emxpYwplSUdwd1NhWE1EQU5CZ2txaGtpRzl3MEJBUXNGQUFPQ0FRRUFrTzZqTXJVOW1vMFJrVjJqMzBUKzBqSEJPREh0CkNLS0VMd2VFNnlzSHE5ZWIxOEh6R0F5VTBOL2tEd1l4WHBQMHVxc2ZiYjhGdVVxSjluR2kwQmRYOGE0TmdxTWcKV2tEa1Q5ckRybGdlT3hCQmo4M3p0QW92N3BTazlQUGt1MUZ4dmNYdjJHSzlwTnBSMU9uUmhSUzhoWmtkRm92eQpYZTkzTVFXUEpoUG42dUVvSWVHaTJIQ2VsQTNCQ21ndVF5SFlsZ3krcSs2RWNzWERUeStxNHVVNHpEQ0kyaWhVCkRiNHFDdzdpbnpUTjhvMld3UnJLeGw3enVuWEI5T3BnRS8rV0cvTTFmQ3ZQWVlManpWd204U1pGamdJb2M1VEsKMnZnaU9qbTJKREFNRjRlTWdSU1F6dnhISUdyYmNVTnMzMVByRytHU1ZJWjVQRnlHMHFXR0Y4bi92QT09Ci0tLS0tRU5EIENFUlRJRklDQVRFLS0tLS0K\n    server: https://1236636f-60b5-46a7-9ffa-d74bfbac8898.k8s.ondigitalocean.com\n  name: do-nyc3-spm-cluster\ncontexts:\n- context:\n    cluster: do-nyc3-spm-cluster\n    user: do-nyc3-spm-cluster-admin\n  name: do-nyc3-spm-cluster\ncurrent-context: do-nyc3-spm-cluster\nusers:\n- name: do-nyc3-spm-cluster-admin\n  user:\n    token: dop_v1_256a7719b163cbd79f62b7f4098c105c8ff1b77b2936ab03f56a13150201c916\n",
                "token": "dop_v1_256a7719b163cbd79f62b7f4098c105c8ff1b77b2936ab03f56a13150201c916"
              }
            ],
            "kubeconfig_expire_seconds": null,
            "maintenance_policy": [
              {
                "day": "any",
                "duration": "4h0m0s",
                "start_time": "11:00"
              }
            ],
            "name": "spm-cluster",
            "node_pool": [
              {
                "actual_node_count": 1,
                "auto_scale": true,
                "id": "309804d7-667c-4881-9a3d-598a50fb5e2e",
                "labels": {},
                "max_nodes": 5,
                "min_nodes": 1,
                "name": "spm-node-pool",
                "node_count": 1,
                "nodes": [
                  {
                    "created_at": "2025-10-08 07:11:33 +0000 UTC",
                    "droplet_id": "523184410",
                    "id": "96f9874c-5615-401d-9a1b-2dbc184d62dc",
                    "name": "spm-node-pool-py0lz",
                    "status": "running",
                    "updated_at": "2025-10-08 07:14:19 +0000 UTC"
                  }
                ],
                "size": "s-2vcpu-4gb",
                "tags": [],
                "taint": []
              }
            ],
            "region": "nyc3",
            "registry_integration": false,
            "routing_agent": [
              {
                "enabled": false
              }
            ],
            "service_subnet": "10.245.0.0/16",
            "status": "running",
            "surge_upgrade": true,
            "tags": [
              "spm"
            ],
            "timeouts": null,
            "updated_at": "2025-10-08 10:44:40 +0000 UTC",
            "urn": "do:kubernetes:1236636f-60b5-46a7-9ffa-d74bfbac8898",
            "version": "1.33.1-do.4",
            "vpc_uuid": "0eca90d2-9e51-4e0b-b7e3-ba848068f215"
          },
          "sensitive_attributes": [],
          "private": "eyJlMmJmYjczMC1lY2FhLTExZTYtOGY4OC0zNDM2M2JjN2M0YzAiOnsiY3JlYXRlIjoxODAwMDAwMDAwMDAwfSwic2NoZW1hX3ZlcnNpb24iOiIzIn0=",
          "dependencies": [
            "data.digitalocean_kubernetes_versions.available"
          ]
        }
      ]
    },
    {
      "module": "module.tenant",
      "mode": "managed",
      "type": "kubernetes_deployment",
      "name": "faraday",
      "provider": "provider[\"registry.terraform.io/hashicorp/kubernetes\"]",
      "instances": []
    },
    {
      "module": "module.tenant",
      "mode": "managed",
      "type": "kubernetes_deployment",
      "name": "rabbitmq",
      "provider": "provider[\"registry.terraform.io/hashicorp/kubernetes\"]",
      "instances": [
        {
          "schema_version": 1,
          "attributes": {
            "id": "demo/rabbitmq",
            "metadata": [
              {
                "annotations": {},
                "generate_name": "",
                "generation": 1,
                "labels": {},
                "name": "rabbitmq",
                "namespace": "demo",
                "resource_version": "41881",
                "uid": "8103a112-1355-4182-be81-e1318c1d3384"
              }
            ],
            "spec": [
              {
                "min_ready_seconds": 0,
                "paused": false,
                "progress_deadline_seconds": 600,
                "replicas": "1",
                "revision_history_limit": 10,
                "selector": [
                  {
                    "match_expressions": [],
                    "match_labels": {
                      "app": "rabbitmq"
                    }
                  }
                ],
                "strategy": [
                  {
                    "rolling_update": [
                      {
                        "max_surge": "25%",
                        "max_unavailable": "25%"
                      }
                    ],
                    "type": "RollingUpdate"
                  }
                ],
                "template": [
                  {
                    "metadata": [
                      {
                        "annotations": {},
                        "generate_name": "",
                        "generation": 0,
                        "labels": {
                          "app": "rabbitmq"
                        },
                        "name": "",
                        "namespace": "",
                        "resource_version": "",
                        "uid": ""
                      }
                    ],
                    "spec": [
                      {
                        "active_deadline_seconds": 0,
                        "affinity": [],
                        "automount_service_account_token": true,
                        "container": [
                          {
                            "args": [],
                            "command": [],
                            "env": [
                              {
                                "name": "RABBITMQ_DEFAULT_USER",
                                "value": "",
                                "value_from": [
                                  {
                                    "config_map_key_ref": [],
                                    "field_ref": [],
                                    "resource_field_ref": [],
                                    "secret_key_ref": [
                                      {
                                        "key": "RABBITMQ_DEFAULT_USER",
                                        "name": "faraday-rabbitmq-secret",
                                        "optional": false
                                      }
                                    ]
                                  }
                                ]
                              },
                              {
                                "name": "RABBITMQ_DEFAULT_PASS",
                                "value": "",
                                "value_from": [
                                  {
                                    "config_map_key_ref": [],
                                    "field_ref": [],
                                    "resource_field_ref": [],
                                    "secret_key_ref": [
                                      {
                                        "key": "RABBITMQ_DEFAULT_PASS",
                                        "name": "faraday-rabbitmq-secret",
                                        "optional": false
                                      }
                                    ]
                                  }
                                ]
                              }
                            ],
                            "env_from": [],
                            "image": "rabbitmq:3-management-alpine",
                            "image_pull_policy": "IfNotPresent",
                            "lifecycle": [],
                            "liveness_probe": [],
                            "name": "rabbitmq",
                            "port": [
                              {
                                "container_port": 5672,
                                "host_ip": "",
                                "host_port": 0,
                                "name": "",
                                "protocol": "TCP"
                              }
                            ],
                            "readiness_probe": [],
                            "resources": [
                              {
                                "limits": {},
                                "requests": {}
                              }
                            ],
                            "security_context": [],
                            "startup_probe": [],
                            "stdin": false,
                            "stdin_once": false,
                            "termination_message_path": "/dev/termination-log",
                            "termination_message_policy": "File",
                            "tty": false,
                            "volume_device": [],
                            "volume_mount": [
                              {
                                "mount_path": "/var/lib/rabbitmq",
                                "mount_propagation": "None",
                                "name": "rabbitmq-data",
                                "read_only": false,
                                "sub_path": "",
                                "sub_path_expr": ""
                              }
                            ],
                            "working_dir": ""
                          }
                        ],
                        "dns_config": [],
                        "dns_policy": "ClusterFirst",
                        "enable_service_links": true,
                        "host_aliases": [],
                        "host_ipc": false,
                        "host_network": false,
                        "host_pid": false,
                        "hostname": "",
                        "image_pull_secrets": [],
                        "init_container": [],
                        "node_name": "",
                        "node_selector": {},
                        "os": [],
                        "priority_class_name": "",
                        "readiness_gate": [],
                        "restart_policy": "Always",
                        "runtime_class_name": "",
                        "scheduler_name": "default-scheduler",
                        "security_context": [],
                        "service_account_name": "",
                        "share_process_namespace": false,
                        "subdomain": "",
                        "termination_grace_period_seconds": 30,
                        "toleration": [],
                        "topology_spread_constraint": [],
                        "volume": [
                          {
                            "aws_elastic_block_store": [],
                            "azure_disk": [],
                            "azure_file": [],
                            "ceph_fs": [],
                            "cinder": [],
                            "config_map": [],
                            "csi": [],
                            "downward_api": [],
                            "empty_dir": [],
                            "ephemeral": [],
                            "fc": [],
                            "flex_volume": [],
                            "flocker": [],
                            "gce_persistent_disk": [],
                            "git_repo": [],
                            "glusterfs": [],
                            "host_path": [],
                            "iscsi": [],
                            "local": [],
                            "name": "rabbitmq-data",
                            "nfs": [],
                            "persistent_volume_claim": [
                              {
                                "claim_name": "rabbitmq-data",
                                "read_only": false
                              }
                            ],
                            "photon_persistent_disk": [],
                            "projected": [],
                            "quobyte": [],
                            "rbd": [],
                            "secret": [],
                            "vsphere_volume": []
                          }
                        ]
                      }
                    ]
                  }
                ]
              }
            ],
            "timeouts": null,
            "wait_for_rollout": true
          },
          "sensitive_attributes": [],
          "private": "eyJlMmJmYjczMC1lY2FhLTExZTYtOGY4OC0zNDM2M2JjN2M0YzAiOnsiY3JlYXRlIjo2MDAwMDAwMDAwMDAsImRlbGV0ZSI6NjAwMDAwMDAwMDAwLCJ1cGRhdGUiOjYwMDAwMDAwMDAwMH0sInNjaGVtYV92ZXJzaW9uIjoiMSJ9",
          "dependencies": [
            "data.digitalocean_kubernetes_versions.available",
            "digitalocean_kubernetes_cluster.spm_cluster",
            "module.tenant.kubernetes_namespace.tenant_ns",
            "module.tenant.kubernetes_persistent_volume_claim.rabbitmq",
            "module.tenant.kubernetes_secret.rabbitmq_auth",
            "module.tenant.random_password.rabbitmq_password"
          ]
        }
      ]
    },
    {
      "module": "module.tenant",
      "mode": "managed",
      "type": "kubernetes_ingress_class_v1",
      "name": "nginx",
      "provider": "provider[\"registry.terraform.io/hashicorp/kubernetes\"]",
      "instances": [
        {
          "schema_version": 0,
          "attributes": {
            "id": "nginx",
            "metadata": [
              {
                "annotations": {},
                "generate_name": "",
                "generation": 1,
                "labels": {},
                "name": "nginx",
                "resource_version": "41624",
                "uid": "126681e7-6237-4fd8-a062-0c1214ef2d8d"
              }
            ],
            "spec": [
              {
                "controller": "k8s.io/ingress-nginx",
                "parameters": []
              }
            ]
          },
          "sensitive_attributes": [],
          "private": "bnVsbA==",
          "dependencies": [
            "data.digitalocean_kubernetes_versions.available",
            "digitalocean_kubernetes_cluster.spm_cluster"
          ]
        }
      ]
    },
    {
      "module": "module.tenant",
      "mode": "managed",
      "type": "kubernetes_ingress_v1",
      "name": "faraday",
      "provider": "provider[\"registry.terraform.io/hashicorp/kubernetes\"]",
      "instances": [
        {
          "schema_version": 0,
          "attributes": {
            "id": "demo/faraday-ingress",
            "metadata": [
              {
                "annotations": {
                  "kubernetes.io/ingress.class": "nginx",
                  "nginx.ingress.kubernetes.io/proxy-body-size": "50m",
                  "nginx.ingress.kubernetes.io/rewrite-target": "/",
                  "nginx.ingress.kubernetes.io/ssl-redirect": "false"
                },
                "generate_name": "",
                "generation": 1,
                "labels": {},
                "name": "faraday-ingress",
                "namespace": "demo",
                "resource_version": "41673",
                "uid": "2c935ee8-4ecd-46e9-9236-1d6d19e1574c"
              }
            ],
            "spec": [
              {
                "default_backend": [],
                "ingress_class_name": "",
                "rule": [
                  {
                    "host": "faraday.demo.spm.openshield.io",
                    "http": [
                      {
                        "path": [
                          {
                            "backend": [
                              {
                                "resource": [],
                                "service": [
                                  {
                                    "name": "faraday",
                                    "port": [
                                      {
                                        "name": "",
                                        "number": 5985
                                      }
                                    ]
                                  }
                                ]
                              }
                            ],
                            "path": "/",
                            "path_type": "Prefix"
                          }
                        ]
                      }
                    ]
                  }
                ],
                "tls": []
              }
            ],
            "status": [
              {
                "load_balancer": [
                  {
                    "ingress": []
                  }
                ]
              }
            ],
            "timeouts": null,
            "wait_for_load_balancer": null
          },
          "sensitive_attributes": [],
          "private": "eyJlMmJmYjczMC1lY2FhLTExZTYtOGY4OC0zNDM2M2JjN2M0YzAiOnsiY3JlYXRlIjoxMjAwMDAwMDAwMDAwLCJkZWxldGUiOjEyMDAwMDAwMDAwMDB9fQ==",
          "dependencies": [
            "data.digitalocean_kubernetes_versions.available",
            "digitalocean_kubernetes_cluster.spm_cluster",
            "module.tenant.kubernetes_namespace.tenant_ns"
          ]
        }
      ]
    },
    {
      "module": "module.tenant",
      "mode": "managed",
      "type": "kubernetes_job",
      "name": "initdb",
      "provider": "provider[\"registry.terraform.io/hashicorp/kubernetes\"]",
      "instances": [
        {
          "status": "tainted",
          "schema_version": 1,
          "attributes": {
            "id": "demo/faraday-initdb",
            "metadata": [
              {
                "annotations": null,
                "generate_name": "",
                "generation": 0,
                "labels": {},
                "name": "faraday-initdb",
                "namespace": "demo",
                "resource_version": "",
                "uid": ""
              }
            ],
            "spec": [
              {
                "active_deadline_seconds": 0,
                "backoff_limit": 3,
                "backoff_limit_per_index": 0,
                "completion_mode": "",
                "completions": 1,
                "manual_selector": false,
                "max_failed_indexes": 0,
                "parallelism": 1,
                "pod_failure_policy": [],
                "selector": [],
                "template": [
                  {
                    "metadata": [
                      {
                        "annotations": null,
                        "generate_name": "",
                        "generation": 0,
                        "labels": {
                          "job": "faraday-initdb"
                        },
                        "name": "",
                        "resource_version": "",
                        "uid": ""
                      }
                    ],
                    "spec": [
                      {
                        "active_deadline_seconds": 0,
                        "affinity": [],
                        "automount_service_account_token": true,
                        "container": [
                          {
                            "args": null,
                            "command": [
                              "faraday-manage",
                              "initdb"
                            ],
                            "env": [
                              {
                                "name": "PGSQL_HOST",
                                "value": "postgres.faraday.svc.cluster.local",
                                "value_from": []
                              },
                              {
                                "name": "PGSQL_USER",
                                "value": "faraday",
                                "value_from": []
                              },
                              {
                                "name": "PGSQL_PASSWD",
                                "value": "",
                                "value_from": [
                                  {
                                    "config_map_key_ref": [],
                                    "field_ref": [],
                                    "resource_field_ref": [],
                                    "secret_key_ref": [
                                      {
                                        "key": "POSTGRES_PASSWORD",
                                        "name": "faraday-db-secret",
                                        "optional": false
                                      }
                                    ]
                                  }
                                ]
                              },
                              {
                                "name": "PGSQL_DBNAME",
                                "value": "faraday",
                                "value_from": []
                              }
                            ],
                            "env_from": [],
                            "image": "faradaysec/faraday:latest",
                            "image_pull_policy": "",
                            "lifecycle": [],
                            "liveness_probe": [],
                            "name": "initdb",
                            "port": [],
                            "readiness_probe": [],
                            "resources": [],
                            "security_context": [],
                            "startup_probe": [],
                            "stdin": false,
                            "stdin_once": false,
                            "termination_message_path": "/dev/termination-log",
                            "termination_message_policy": "",
                            "tty": false,
                            "volume_device": [],
                            "volume_mount": [],
                            "working_dir": ""
                          }
                        ],
                        "dns_config": [],
                        "dns_policy": "ClusterFirst",
                        "enable_service_links": true,
                        "host_aliases": [],
                        "host_ipc": false,
                        "host_network": false,
                        "host_pid": false,
                        "hostname": "",
                        "image_pull_secrets": [],
                        "init_container": [],
                        "node_name": "",
                        "node_selector": null,
                        "os": [],
                        "priority_class_name": "",
                        "readiness_gate": [],
                        "restart_policy": "OnFailure",
                        "runtime_class_name": "",
                        "scheduler_name": "",
                        "security_context": [],
                        "service_account_name": "",
                        "share_process_namespace": false,
                        "subdomain": "",
                        "termination_grace_period_seconds": 30,
                        "toleration": [],
                        "topology_spread_constraint": [],
                        "volume": []
                      }
                    ]
                  }
                ],
                "ttl_seconds_after_finished": ""
              }
            ],
            "timeouts": null,
            "wait_for_completion": true
          },
          "sensitive_attributes": [],
          "private": "eyJlMmJmYjczMC1lY2FhLTExZTYtOGY4OC0zNDM2M2JjN2M0YzAiOnsiY3JlYXRlIjo2MDAwMDAwMDAwMCwiZGVsZXRlIjo2MDAwMDAwMDAwMCwidXBkYXRlIjo2MDAwMDAwMDAwMH0sInNjaGVtYV92ZXJzaW9uIjoiMSJ9",
          "dependencies": [
            "digitalocean_kubernetes_cluster.spm_cluster",
            "module.tenant.kubernetes_namespace.tenant_ns",
            "module.tenant.kubernetes_secret.faraday_db_auth"
          ]
        }
      ]
    },
    {
      "module": "module.tenant",
      "mode": "managed",
      "type": "kubernetes_limit_range",
      "name": "tenant_limits",
      "provider": "provider[\"registry.terraform.io/hashicorp/kubernetes\"]",
      "instances": [
        {
          "schema_version": 0,
          "attributes": {
            "id": "demo/demo-limits",
            "metadata": [
              {
                "annotations": {},
                "generate_name": "",
                "generation": 0,
                "labels": {},
                "name": "demo-limits",
                "namespace": "demo",
                "resource_version": "1412",
                "uid": "520e9766-32f9-4939-82db-f3e9657bd86e"
              }
            ],
            "spec": [
              {
                "limit": [
                  {
                    "default": {
                      "cpu": "250m",
                      "memory": "256Mi"
                    },
                    "default_request": {
                      "cpu": "100m",
                      "memory": "128Mi"
                    },
                    "max": {
                      "cpu": "2",
                      "memory": "4Gi"
                    },
                    "max_limit_request_ratio": {},
                    "min": {
                      "cpu": "50m",
                      "memory": "64Mi"
                    },
                    "type": "Container"
                  }
                ]
              }
            ]
          },
          "sensitive_attributes": [],
          "private": "bnVsbA==",
          "dependencies": [
            "data.digitalocean_kubernetes_versions.available",
            "digitalocean_kubernetes_cluster.spm_cluster",
            "module.tenant.kubernetes_namespace.tenant_ns"
          ]
        }
      ]
    },
    {
      "module": "module.tenant",
      "mode": "managed",
      "type": "kubernetes_namespace",
      "name": "tenant_ns",
      "provider": "provider[\"registry.terraform.io/hashicorp/kubernetes\"]",
      "instances": [
        {
          "schema_version": 0,
          "attributes": {
            "id": "demo",
            "metadata": [
              {
                "annotations": {},
                "generate_name": "",
                "generation": 0,
                "labels": {
                  "tenant": "demo"
                },
                "name": "demo",
                "resource_version": "1375",
                "uid": "416f7a10-12ba-49ee-aef1-a0fa1b962c9d"
              }
            ],
            "timeouts": null,
            "wait_for_default_service_account": false
          },
          "sensitive_attributes": [],
          "private": "eyJlMmJmYjczMC1lY2FhLTExZTYtOGY4OC0zNDM2M2JjN2M0YzAiOnsiZGVsZXRlIjozMDAwMDAwMDAwMDB9fQ==",
          "dependencies": [
            "data.digitalocean_kubernetes_versions.available",
            "digitalocean_kubernetes_cluster.spm_cluster"
          ]
        }
      ]
    },
    {
      "module": "module.tenant",
      "mode": "managed",
      "type": "kubernetes_persistent_volume_claim",
      "name": "faraday_storage",
      "provider": "provider[\"registry.terraform.io/hashicorp/kubernetes\"]",
      "instances": [
        {
          "schema_version": 0,
          "attributes": {
            "id": "demo/faraday-storage",
            "metadata": [
              {
                "annotations": {},
                "generate_name": "",
                "generation": 0,
                "labels": {},
                "name": "faraday-storage",
                "namespace": "demo",
                "resource_version": "41722",
                "uid": "e399f145-3e28-4ff8-a413-a9a8efdbe6b4"
              }
            ],
            "spec": [
              {
                "access_modes": [
                  "ReadWriteOnce"
                ],
                "resources": [
                  {
                    "limits": {},
                    "requests": {
                      "storage": "10Gi"
                    }
                  }
                ],
                "selector": [],
                "storage_class_name": "do-block-storage",
                "volume_mode": "Filesystem",
                "volume_name": "pvc-e399f145-3e28-4ff8-a413-a9a8efdbe6b4"
              }
            ],
            "timeouts": null,
            "wait_until_bound": true
          },
          "sensitive_attributes": [],
          "private": "eyJlMmJmYjczMC1lY2FhLTExZTYtOGY4OC0zNDM2M2JjN2M0YzAiOnsiY3JlYXRlIjozMDAwMDAwMDAwMDB9fQ==",
          "dependencies": [
            "data.digitalocean_kubernetes_versions.available",
            "digitalocean_kubernetes_cluster.spm_cluster",
            "module.tenant.kubernetes_namespace.tenant_ns"
          ]
        }
      ]
    },
    {
      "module": "module.tenant",
      "mode": "managed",
      "type": "kubernetes_persistent_volume_claim",
      "name": "opensearch_data",
      "provider": "provider[\"registry.terraform.io/hashicorp/kubernetes\"]",
      "instances": [
        {
          "schema_version": 0,
          "attributes": {
            "id": "demo/opensearch-data",
            "metadata": [
              {
                "annotations": {},
                "generate_name": "",
                "generation": 0,
                "labels": {},
                "name": "opensearch-data",
                "namespace": "demo",
                "resource_version": "41738",
                "uid": "da8d3e3f-2cae-4d57-84c7-ba386c9b2540"
              }
            ],
            "spec": [
              {
                "access_modes": [
                  "ReadWriteOnce"
                ],
                "resources": [
                  {
                    "limits": {},
                    "requests": {
                      "storage": "10Gi"
                    }
                  }
                ],
                "selector": [],
                "storage_class_name": "do-block-storage",
                "volume_mode": "Filesystem",
                "volume_name": "pvc-da8d3e3f-2cae-4d57-84c7-ba386c9b2540"
              }
            ],
            "timeouts": null,
            "wait_until_bound": true
          },
          "sensitive_attributes": [],
          "private": "eyJlMmJmYjczMC1lY2FhLTExZTYtOGY4OC0zNDM2M2JjN2M0YzAiOnsiY3JlYXRlIjozMDAwMDAwMDAwMDB9fQ==",
          "dependencies": [
            "data.digitalocean_kubernetes_versions.available",
            "digitalocean_kubernetes_cluster.spm_cluster",
            "module.tenant.kubernetes_namespace.tenant_ns"
          ]
        }
      ]
    },
    {
      "module": "module.tenant",
      "mode": "managed",
      "type": "kubernetes_persistent_volume_claim",
      "name": "postgres",
      "provider": "provider[\"registry.terraform.io/hashicorp/kubernetes\"]",
      "instances": [
        {
          "schema_version": 0,
          "attributes": {
            "id": "demo/postgres-data",
            "metadata": [
              {
                "annotations": {},
                "generate_name": "",
                "generation": 0,
                "labels": {},
                "name": "postgres-data",
                "namespace": "demo",
                "resource_version": "41726",
                "uid": "f56370e1-66be-4863-946c-64871fc9ea9a"
              }
            ],
            "spec": [
              {
                "access_modes": [
                  "ReadWriteOnce"
                ],
                "resources": [
                  {
                    "limits": {},
                    "requests": {
                      "storage": "20Gi"
                    }
                  }
                ],
                "selector": [],
                "storage_class_name": "do-block-storage",
                "volume_mode": "Filesystem",
                "volume_name": "pvc-f56370e1-66be-4863-946c-64871fc9ea9a"
              }
            ],
            "timeouts": null,
            "wait_until_bound": true
          },
          "sensitive_attributes": [],
          "private": "eyJlMmJmYjczMC1lY2FhLTExZTYtOGY4OC0zNDM2M2JjN2M0YzAiOnsiY3JlYXRlIjozMDAwMDAwMDAwMDB9fQ==",
          "dependencies": [
            "data.digitalocean_kubernetes_versions.available",
            "digitalocean_kubernetes_cluster.spm_cluster",
            "module.tenant.kubernetes_namespace.tenant_ns"
          ]
        }
      ]
    },
    {
      "module": "module.tenant",
      "mode": "managed",
      "type": "kubernetes_persistent_volume_claim",
      "name": "rabbitmq",
      "provider": "provider[\"registry.terraform.io/hashicorp/kubernetes\"]",
      "instances": [
        {
          "schema_version": 0,
          "attributes": {
            "id": "demo/rabbitmq-data",
            "metadata": [
              {
                "annotations": {},
                "generate_name": "",
                "generation": 0,
                "labels": {},
                "name": "rabbitmq-data",
                "namespace": "demo",
                "resource_version": "41733",
                "uid": "0e2908dd-8868-4d0a-9523-a9450f9419b7"
              }
            ],
            "spec": [
              {
                "access_modes": [
                  "ReadWriteOnce"
                ],
                "resources": [
                  {
                    "limits": {},
                    "requests": {
                      "storage": "10Gi"
                    }
                  }
                ],
                "selector": [],
                "storage_class_name": "do-block-storage",
                "volume_mode": "Filesystem",
                "volume_name": "pvc-0e2908dd-8868-4d0a-9523-a9450f9419b7"
              }
            ],
            "timeouts": null,
            "wait_until_bound": true
          },
          "sensitive_attributes": [],
          "private": "eyJlMmJmYjczMC1lY2FhLTExZTYtOGY4OC0zNDM2M2JjN2M0YzAiOnsiY3JlYXRlIjozMDAwMDAwMDAwMDB9fQ==",
          "dependencies": [
            "data.digitalocean_kubernetes_versions.available",
            "digitalocean_kubernetes_cluster.spm_cluster",
            "module.tenant.kubernetes_namespace.tenant_ns"
          ]
        }
      ]
    },
    {
      "module": "module.tenant",
      "mode": "managed",
      "type": "kubernetes_resource_quota",
      "name": "tenant_quota",
      "provider": "provider[\"registry.terraform.io/hashicorp/kubernetes\"]",
      "instances": [
        {
          "schema_version": 0,
          "attributes": {
            "id": "demo/demo-quota",
            "metadata": [
              {
                "annotations": {},
                "generate_name": "",
                "generation": 0,
                "labels": {},
                "name": "demo-quota",
                "namespace": "demo",
                "resource_version": "65841",
                "uid": "bbf2f4c1-5602-4c24-9f2e-03f924b5fe0c"
              }
            ],
            "spec": [
              {
                "hard": {
                  "limits.cpu": "4",
                  "limits.memory": "8Gi",
                  "persistentvolumeclaims": "5",
                  "pods": "10",
                  "requests.cpu": "2",
                  "requests.memory": "4Gi"
                },
                "scope_selector": [],
                "scopes": []
              }
            ],
            "timeouts": null
          },
          "sensitive_attributes": [],
          "private": "eyJlMmJmYjczMC1lY2FhLTExZTYtOGY4OC0zNDM2M2JjN2M0YzAiOnsiY3JlYXRlIjo2MDAwMDAwMDAwMCwidXBkYXRlIjo2MDAwMDAwMDAwMH19",
          "dependencies": [
            "data.digitalocean_kubernetes_versions.available",
            "digitalocean_kubernetes_cluster.spm_cluster",
            "module.tenant.kubernetes_namespace.tenant_ns"
          ]
        }
      ]
    },
    {
      "module": "module.tenant",
      "mode": "managed",
      "type": "kubernetes_secret",
      "name": "faraday_db_auth",
      "provider": "provider[\"registry.terraform.io/hashicorp/kubernetes\"]",
      "instances": [
        {
          "schema_version": 0,
          "attributes": {
            "binary_data": null,
            "binary_data_wo": null,
            "binary_data_wo_revision": null,
            "data": {
              "POSTGRES_DB": "ZmFyYWRheQ==",
              "POSTGRES_PASSWORD": "NF1lR0hSMnZSOFRLW0d2Nz9Qcis=",
              "POSTGRES_USER": "ZmFyYWRheQ=="
            },
            "data_wo": null,
            "data_wo_revision": null,
            "id": "demo/faraday-db-secret",
            "immutable": false,
            "metadata": [
              {
                "annotations": {},
                "generate_name": "",
                "generation": 0,
                "labels": {},
                "name": "faraday-db-secret",
                "namespace": "demo",
                "resource_version": "41694",
                "uid": "d33a2a1f-2d23-4b7d-a959-b5008521927a"
              }
            ],
            "timeouts": null,
            "type": "Opaque",
            "wait_for_service_account_token": true
          },
          "sensitive_attributes": [
            [
              {
                "type": "get_attr",
                "value": "data"
              },
              {
                "type": "index",
                "value": {
                  "value": "POSTGRES_PASSWORD",
                  "type": "string"
                }
              }
            ]
          ],
          "private": "eyJlMmJmYjczMC1lY2FhLTExZTYtOGY4OC0zNDM2M2JjN2M0YzAiOnsiY3JlYXRlIjo2MDAwMDAwMDAwMH19",
          "dependencies": [
            "data.digitalocean_kubernetes_versions.available",
            "digitalocean_kubernetes_cluster.spm_cluster",
            "module.tenant.kubernetes_namespace.tenant_ns",
            "module.tenant.random_password.postgres_password"
          ]
        }
      ]
    },
    {
      "module": "module.tenant",
      "mode": "managed",
      "type": "kubernetes_secret",
      "name": "opensearch_admin_auth",
      "provider": "provider[\"registry.terraform.io/hashicorp/kubernetes\"]",
      "instances": [
        {
          "schema_version": 0,
          "attributes": {
            "binary_data": null,
            "binary_data_wo": null,
            "binary_data_wo_revision": null,
            "data": {
              "OPENSEARCH_INITIAL_ADMIN_PASSWORD": "d05YMUZyVj08ayp4Zz56RA=="
            },
            "data_wo": null,
            "data_wo_revision": null,
            "id": "demo/opensearch-admin-secret",
            "immutable": false,
            "metadata": [
              {
                "annotations": {},
                "generate_name": "",
                "generation": 0,
                "labels": {},
                "name": "opensearch-admin-secret",
                "namespace": "demo",
                "resource_version": "65262",
                "uid": "3f0db408-d240-4705-a0aa-30c424bf3072"
              }
            ],
            "timeouts": null,
            "type": "Opaque",
            "wait_for_service_account_token": true
          },
          "sensitive_attributes": [
            [
              {
                "type": "get_attr",
                "value": "data"
              },
              {
                "type": "index",
                "value": {
                  "value": "OPENSEARCH_INITIAL_ADMIN_PASSWORD",
                  "type": "string"
                }
              }
            ]
          ],
          "private": "eyJlMmJmYjczMC1lY2FhLTExZTYtOGY4OC0zNDM2M2JjN2M0YzAiOnsiY3JlYXRlIjo2MDAwMDAwMDAwMH19",
          "dependencies": [
            "data.digitalocean_kubernetes_versions.available",
            "digitalocean_kubernetes_cluster.spm_cluster",
            "module.tenant.kubernetes_namespace.tenant_ns",
            "module.tenant.random_password.opensearch_admin_pass"
          ]
        }
      ]
    },
    {
      "module": "module.tenant",
      "mode": "managed",
      "type": "kubernetes_secret",
      "name": "rabbitmq_auth",
      "provider": "provider[\"registry.terraform.io/hashicorp/kubernetes\"]",
      "instances": [
        {
          "schema_version": 0,
          "attributes": {
            "binary_data": null,
            "binary_data_wo": null,
            "binary_data_wo_revision": null,
            "data": {
              "RABBITMQ_DEFAULT_PASS": "OEQkZCtMUktybVIhJiRrRFlwS1o=",
              "RABBITMQ_DEFAULT_USER": "ZmFyYWRheQ=="
            },
            "data_wo": null,
            "data_wo_revision": null,
            "id": "demo/faraday-rabbitmq-secret",
            "immutable": false,
            "metadata": [
              {
                "annotations": {},
                "generate_name": "",
                "generation": 0,
                "labels": {},
                "name": "faraday-rabbitmq-secret",
                "namespace": "demo",
                "resource_version": "41695",
                "uid": "e458f9e4-ecf9-46ff-b459-8b5abc507773"
              }
            ],
            "timeouts": null,
            "type": "Opaque",
            "wait_for_service_account_token": true
          },
          "sensitive_attributes": [
            [
              {
                "type": "get_attr",
                "value": "data"
              },
              {
                "type": "index",
                "value": {
                  "value": "RABBITMQ_DEFAULT_PASS",
                  "type": "string"
                }
              }
            ]
          ],
          "private": "eyJlMmJmYjczMC1lY2FhLTExZTYtOGY4OC0zNDM2M2JjN2M0YzAiOnsiY3JlYXRlIjo2MDAwMDAwMDAwMH19",
          "dependencies": [
            "data.digitalocean_kubernetes_versions.available",
            "digitalocean_kubernetes_cluster.spm_cluster",
            "module.tenant.kubernetes_namespace.tenant_ns",
            "module.tenant.random_password.rabbitmq_password"
          ]
        }
      ]
    },
    {
      "module": "module.tenant",
      "mode": "managed",
      "type": "kubernetes_service",
      "name": "faraday",
      "provider": "provider[\"registry.terraform.io/hashicorp/kubernetes\"]",
      "instances": [
        {
          "schema_version": 1,
          "attributes": {
            "id": "demo/faraday",
            "metadata": [
              {
                "annotations": {},
                "generate_name": "",
                "generation": 0,
                "labels": {},
                "name": "faraday",
                "namespace": "demo",
                "resource_version": "41691",
                "uid": "232badc7-ee98-4c7c-81fd-8ea874882e4e"
              }
            ],
            "spec": [
              {
                "allocate_load_balancer_node_ports": true,
                "cluster_ip": "10.245.105.105",
                "cluster_ips": [
                  "10.245.105.105"
                ],
                "external_ips": [],
                "external_name": "",
                "external_traffic_policy": "",
                "health_check_node_port": 0,
                "internal_traffic_policy": "Cluster",
                "ip_families": [
                  "IPv4"
                ],
                "ip_family_policy": "SingleStack",
                "load_balancer_class": "",
                "load_balancer_ip": "",
                "load_balancer_source_ranges": [],
                "port": [
                  {
                    "app_protocol": "",
                    "name": "",
                    "node_port": 0,
                    "port": 5985,
                    "protocol": "TCP",
                    "target_port": "5985"
                  }
                ],
                "publish_not_ready_addresses": false,
                "selector": {
                  "app": "faraday"
                },
                "session_affinity": "None",
                "session_affinity_config": [],
                "type": "ClusterIP"
              }
            ],
            "status": [
              {
                "load_balancer": [
                  {
                    "ingress": []
                  }
                ]
              }
            ],
            "timeouts": null,
            "wait_for_load_balancer": true
          },
          "sensitive_attributes": [],
          "private": "eyJlMmJmYjczMC1lY2FhLTExZTYtOGY4OC0zNDM2M2JjN2M0YzAiOnsiY3JlYXRlIjo2MDAwMDAwMDAwMDB9LCJzY2hlbWFfdmVyc2lvbiI6IjEifQ==",
          "dependencies": [
            "data.digitalocean_kubernetes_versions.available",
            "digitalocean_kubernetes_cluster.spm_cluster",
            "module.tenant.kubernetes_namespace.tenant_ns"
          ]
        }
      ]
    },
    {
      "module": "module.tenant",
      "mode": "managed",
      "type": "kubernetes_service",
      "name": "opensearch",
      "provider": "provider[\"registry.terraform.io/hashicorp/kubernetes\"]",
      "instances": [
        {
          "schema_version": 1,
          "attributes": {
            "id": "demo/opensearch",
            "metadata": [
              {
                "annotations": {},
                "generate_name": "",
                "generation": 0,
                "labels": {},
                "name": "opensearch",
                "namespace": "demo",
                "resource_version": "41656",
                "uid": "1fc988ff-fe29-4eec-acaf-1e1736efeb29"
              }
            ],
            "spec": [
              {
                "allocate_load_balancer_node_ports": true,
                "cluster_ip": "10.245.241.71",
                "cluster_ips": [
                  "10.245.241.71"
                ],
                "external_ips": [],
                "external_name": "",
                "external_traffic_policy": "",
                "health_check_node_port": 0,
                "internal_traffic_policy": "Cluster",
                "ip_families": [
                  "IPv4"
                ],
                "ip_family_policy": "SingleStack",
                "load_balancer_class": "",
                "load_balancer_ip": "",
                "load_balancer_source_ranges": [],
                "port": [
                  {
                    "app_protocol": "",
                    "name": "http",
                    "node_port": 0,
                    "port": 9200,
                    "protocol": "TCP",
                    "target_port": "9200"
                  },
                  {
                    "app_protocol": "",
                    "name": "transport",
                    "node_port": 0,
                    "port": 9300,
                    "protocol": "TCP",
                    "target_port": "9300"
                  }
                ],
                "publish_not_ready_addresses": false,
                "selector": {
                  "app": "opensearch"
                },
                "session_affinity": "None",
                "session_affinity_config": [],
                "type": "ClusterIP"
              }
            ],
            "status": [
              {
                "load_balancer": [
                  {
                    "ingress": []
                  }
                ]
              }
            ],
            "timeouts": null,
            "wait_for_load_balancer": true
          },
          "sensitive_attributes": [],
          "private": "eyJlMmJmYjczMC1lY2FhLTExZTYtOGY4OC0zNDM2M2JjN2M0YzAiOnsiY3JlYXRlIjo2MDAwMDAwMDAwMDB9LCJzY2hlbWFfdmVyc2lvbiI6IjEifQ==",
          "dependencies": [
            "data.digitalocean_kubernetes_versions.available",
            "digitalocean_kubernetes_cluster.spm_cluster",
            "module.tenant.kubernetes_namespace.tenant_ns"
          ]
        }
      ]
    },
    {
      "module": "module.tenant",
      "mode": "managed",
      "type": "kubernetes_service",
      "name": "postgres",
      "provider": "provider[\"registry.terraform.io/hashicorp/kubernetes\"]",
      "instances": [
        {
          "schema_version": 1,
          "attributes": {
            "id": "demo/postgres",
            "metadata": [
              {
                "annotations": {},
                "generate_name": "",
                "generation": 0,
                "labels": {},
                "name": "postgres",
                "namespace": "demo",
                "resource_version": "41629",
                "uid": "4c7b0ed4-bd58-4d0b-9576-73d49b32aebf"
              }
            ],
            "spec": [
              {
                "allocate_load_balancer_node_ports": true,
                "cluster_ip": "None",
                "cluster_ips": [
                  "None"
                ],
                "external_ips": [],
                "external_name": "",
                "external_traffic_policy": "",
                "health_check_node_port": 0,
                "internal_traffic_policy": "Cluster",
                "ip_families": [
                  "IPv4"
                ],
                "ip_family_policy": "SingleStack",
                "load_balancer_class": "",
                "load_balancer_ip": "",
                "load_balancer_source_ranges": [],
                "port": [
                  {
                    "app_protocol": "",
                    "name": "",
                    "node_port": 0,
                    "port": 5432,
                    "protocol": "TCP",
                    "target_port": "5432"
                  }
                ],
                "publish_not_ready_addresses": false,
                "selector": {
                  "app": "postgres"
                },
                "session_affinity": "None",
                "session_affinity_config": [],
                "type": "ClusterIP"
              }
            ],
            "status": [
              {
                "load_balancer": [
                  {
                    "ingress": []
                  }
                ]
              }
            ],
            "timeouts": null,
            "wait_for_load_balancer": true
          },
          "sensitive_attributes": [],
          "private": "eyJlMmJmYjczMC1lY2FhLTExZTYtOGY4OC0zNDM2M2JjN2M0YzAiOnsiY3JlYXRlIjo2MDAwMDAwMDAwMDB9LCJzY2hlbWFfdmVyc2lvbiI6IjEifQ==",
          "dependencies": [
            "data.digitalocean_kubernetes_versions.available",
            "digitalocean_kubernetes_cluster.spm_cluster",
            "module.tenant.kubernetes_namespace.tenant_ns"
          ]
        }
      ]
    },
    {
      "module": "module.tenant",
      "mode": "managed",
      "type": "kubernetes_service",
      "name": "rabbitmq",
      "provider": "provider[\"registry.terraform.io/hashicorp/kubernetes\"]",
      "instances": [
        {
          "schema_version": 1,
          "attributes": {
            "id": "demo/rabbitmq",
            "metadata": [
              {
                "annotations": {},
                "generate_name": "",
                "generation": 0,
                "labels": {},
                "name": "rabbitmq",
                "namespace": "demo",
                "resource_version": "41640",
                "uid": "535bf034-2c10-4c08-b531-86e88a451021"
              }
            ],
            "spec": [
              {
                "allocate_load_balancer_node_ports": true,
                "cluster_ip": "10.245.88.183",
                "cluster_ips": [
                  "10.245.88.183"
                ],
                "external_ips": [],
                "external_name": "",
                "external_traffic_policy": "",
                "health_check_node_port": 0,
                "internal_traffic_policy": "Cluster",
                "ip_families": [
                  "IPv4"
                ],
                "ip_family_policy": "SingleStack",
                "load_balancer_class": "",
                "load_balancer_ip": "",
                "load_balancer_source_ranges": [],
                "port": [
                  {
                    "app_protocol": "",
                    "name": "",
                    "node_port": 0,
                    "port": 5672,
                    "protocol": "TCP",
                    "target_port": "5672"
                  }
                ],
                "publish_not_ready_addresses": false,
                "selector": {
                  "app": "rabbitmq"
                },
                "session_affinity": "None",
                "session_affinity_config": [],
                "type": "ClusterIP"
              }
            ],
            "status": [
              {
                "load_balancer": [
                  {
                    "ingress": []
                  }
                ]
              }
            ],
            "timeouts": null,
            "wait_for_load_balancer": true
          },
          "sensitive_attributes": [],
          "private": "eyJlMmJmYjczMC1lY2FhLTExZTYtOGY4OC0zNDM2M2JjN2M0YzAiOnsiY3JlYXRlIjo2MDAwMDAwMDAwMDB9LCJzY2hlbWFfdmVyc2lvbiI6IjEifQ==",
          "dependencies": [
            "data.digitalocean_kubernetes_versions.available",
            "digitalocean_kubernetes_cluster.spm_cluster",
            "module.tenant.kubernetes_namespace.tenant_ns"
          ]
        }
      ]
    },
    {
      "module": "module.tenant",
      "mode": "managed",
      "type": "kubernetes_stateful_set",
      "name": "opensearch",
      "provider": "provider[\"registry.terraform.io/hashicorp/kubernetes\"]",
      "instances": [
        {
          "status": "tainted",
          "schema_version": 1,
          "attributes": {
            "id": "demo/opensearch",
            "metadata": [
              {
                "annotations": null,
                "generate_name": "",
                "generation": 0,
                "labels": {
                  "app": "opensearch"
                },
                "name": "opensearch",
                "namespace": "demo",
                "resource_version": "",
                "uid": ""
              }
            ],
            "spec": [
              {
                "min_ready_seconds": 0,
                "persistent_volume_claim_retention_policy": [],
                "pod_management_policy": "",
                "replicas": "1",
                "revision_history_limit": 0,
                "selector": [
                  {
                    "match_expressions": [],
                    "match_labels": {
                      "app": "opensearch"
                    }
                  }
                ],
                "service_name": "opensearch",
                "template": [
                  {
                    "metadata": [
                      {
                        "annotations": null,
                        "generate_name": "",
                        "generation": 0,
                        "labels": {
                          "app": "opensearch"
                        },
                        "name": "",
                        "namespace": "",
                        "resource_version": "",
                        "uid": ""
                      }
                    ],
                    "spec": [
                      {
                        "active_deadline_seconds": 0,
                        "affinity": [],
                        "automount_service_account_token": true,
                        "container": [
                          {
                            "args": null,
                            "command": null,
                            "env": [
                              {
                                "name": "discovery.type",
                                "value": "single-node",
                                "value_from": []
                              },
                              {
                                "name": "plugins.security.disabled",
                                "value": "false",
                                "value_from": []
                              },
                              {
                                "name": "OPENSEARCH_JAVA_OPTS",
                                "value": "-Xms1g -Xmx1g",
                                "value_from": []
                              },
                              {
                                "name": "OPENSEARCH_INITIAL_ADMIN_PASSWORD",
                                "value": "",
                                "value_from": [
                                  {
                                    "config_map_key_ref": [],
                                    "field_ref": [],
                                    "resource_field_ref": [],
                                    "secret_key_ref": [
                                      {
                                        "key": "OPENSEARCH_INITIAL_ADMIN_PASSWORD",
                                        "name": "opensearch-admin-secret",
                                        "optional": false
                                      }
                                    ]
                                  }
                                ]
                              }
                            ],
                            "env_from": [],
                            "image": "opensearchproject/opensearch:2.13.0",
                            "image_pull_policy": "",
                            "lifecycle": [],
                            "liveness_probe": [
                              {
                                "exec": [],
                                "failure_threshold": 3,
                                "grpc": [],
                                "http_get": [
                                  {
                                    "host": "",
                                    "http_header": [],
                                    "path": "/",
                                    "port": "http",
                                    "scheme": "HTTP"
                                  }
                                ],
                                "initial_delay_seconds": 60,
                                "period_seconds": 10,
                                "success_threshold": 1,
                                "tcp_socket": [],
                                "timeout_seconds": 5
                              }
                            ],
                            "name": "opensearch",
                            "port": [
                              {
                                "container_port": 9200,
                                "host_ip": "",
                                "host_port": 0,
                                "name": "http",
                                "protocol": "TCP"
                              },
                              {
                                "container_port": 9300,
                                "host_ip": "",
                                "host_port": 0,
                                "name": "transport",
                                "protocol": "TCP"
                              }
                            ],
                            "readiness_probe": [
                              {
                                "exec": [],
                                "failure_threshold": 3,
                                "grpc": [],
                                "http_get": [
                                  {
                                    "host": "",
                                    "http_header": [],
                                    "path": "/",
                                    "port": "http",
                                    "scheme": "HTTP"
                                  }
                                ],
                                "initial_delay_seconds": 30,
                                "period_seconds": 10,
                                "success_threshold": 1,
                                "tcp_socket": [],
                                "timeout_seconds": 5
                              }
                            ],
                            "resources": [
                              {
                                "limits": {
                                  "cpu": "1",
                                  "memory": "2Gi"
                                },
                                "requests": {
                                  "cpu": "500m",
                                  "memory": "1Gi"
                                }
                              }
                            ],
                            "security_context": [],
                            "startup_probe": [],
                            "stdin": false,
                            "stdin_once": false,
                            "termination_message_path": "/dev/termination-log",
                            "termination_message_policy": "",
                            "tty": false,
                            "volume_device": [],
                            "volume_mount": [
                              {
                                "mount_path": "/usr/share/opensearch/data",
                                "mount_propagation": "None",
                                "name": "opensearch-data",
                                "read_only": false,
                                "sub_path": "",
                                "sub_path_expr": ""
                              }
                            ],
                            "working_dir": ""
                          }
                        ],
                        "dns_config": [],
                        "dns_policy": "ClusterFirst",
                        "enable_service_links": true,
                        "host_aliases": [],
                        "host_ipc": false,
                        "host_network": false,
                        "host_pid": false,
                        "hostname": "",
                        "image_pull_secrets": [],
                        "init_container": [
                          {
                            "args": null,
                            "command": [
                              "sh",
                              "-c",
                              "sysctl -w vm.max_map_count=262144 || true"
                            ],
                            "env": [],
                            "env_from": [],
                            "image": "busybox:1.36",
                            "image_pull_policy": "",
                            "lifecycle": [],
                            "liveness_probe": [],
                            "name": "init-sysctl",
                            "port": [],
                            "readiness_probe": [],
                            "resources": [],
                            "security_context": [
                              {
                                "allow_privilege_escalation": true,
                                "capabilities": [],
                                "privileged": true,
                                "read_only_root_filesystem": false,
                                "run_as_group": "",
                                "run_as_non_root": false,
                                "run_as_user": "",
                                "se_linux_options": [],
                                "seccomp_profile": []
                              }
                            ],
                            "startup_probe": [],
                            "stdin": false,
                            "stdin_once": false,
                            "termination_message_path": "/dev/termination-log",
                            "termination_message_policy": "",
                            "tty": false,
                            "volume_device": [],
                            "volume_mount": [],
                            "working_dir": ""
                          },
                          {
                            "args": null,
                            "command": [
                              "sh",
                              "-c",
                              "chown -R 1000:1000 /usr/share/opensearch/data || true"
                            ],
                            "env": [],
                            "env_from": [],
                            "image": "busybox:1.36",
                            "image_pull_policy": "",
                            "lifecycle": [],
                            "liveness_probe": [],
                            "name": "chown-data",
                            "port": [],
                            "readiness_probe": [],
                            "resources": [],
                            "security_context": [
                              {
                                "allow_privilege_escalation": true,
                                "capabilities": [],
                                "privileged": false,
                                "read_only_root_filesystem": false,
                                "run_as_group": "",
                                "run_as_non_root": false,
                                "run_as_user": "0",
                                "se_linux_options": [],
                                "seccomp_profile": []
                              }
                            ],
                            "startup_probe": [],
                            "stdin": false,
                            "stdin_once": false,
                            "termination_message_path": "/dev/termination-log",
                            "termination_message_policy": "",
                            "tty": false,
                            "volume_device": [],
                            "volume_mount": [
                              {
                                "mount_path": "/usr/share/opensearch/data",
                                "mount_propagation": "None",
                                "name": "opensearch-data",
                                "read_only": false,
                                "sub_path": "",
                                "sub_path_expr": ""
                              }
                            ],
                            "working_dir": ""
                          }
                        ],
                        "node_name": "",
                        "node_selector": null,
                        "os": [],
                        "priority_class_name": "",
                        "readiness_gate": [],
                        "restart_policy": "Always",
                        "runtime_class_name": "",
                        "scheduler_name": "",
                        "security_context": [
                          {
                            "fs_group": "1000",
                            "fs_group_change_policy": "",
                            "run_as_group": "",
                            "run_as_non_root": false,
                            "run_as_user": "1000",
                            "se_linux_options": [],
                            "seccomp_profile": [],
                            "supplemental_groups": null,
                            "sysctl": [],
                            "windows_options": []
                          }
                        ],
                        "service_account_name": "",
                        "share_process_namespace": false,
                        "subdomain": "",
                        "termination_grace_period_seconds": 30,
                        "toleration": [],
                        "topology_spread_constraint": [],
                        "volume": [
                          {
                            "aws_elastic_block_store": [],
                            "azure_disk": [],
                            "azure_file": [],
                            "ceph_fs": [],
                            "cinder": [],
                            "config_map": [],
                            "csi": [],
                            "downward_api": [],
                            "empty_dir": [],
                            "ephemeral": [],
                            "fc": [],
                            "flex_volume": [],
                            "flocker": [],
                            "gce_persistent_disk": [],
                            "git_repo": [],
                            "glusterfs": [],
                            "host_path": [],
                            "iscsi": [],
                            "local": [],
                            "name": "opensearch-data",
                            "nfs": [],
                            "persistent_volume_claim": [
                              {
                                "claim_name": "opensearch-data",
                                "read_only": false
                              }
                            ],
                            "photon_persistent_disk": [],
                            "projected": [],
                            "quobyte": [],
                            "rbd": [],
                            "secret": [],
                            "vsphere_volume": []
                          }
                        ]
                      }
                    ]
                  }
                ],
                "update_strategy": [],
                "volume_claim_template": []
              }
            ],
            "timeouts": null,
            "wait_for_rollout": true
          },
          "sensitive_attributes": [],
          "private": "eyJlMmJmYjczMC1lY2FhLTExZTYtOGY4OC0zNDM2M2JjN2M0YzAiOnsiY3JlYXRlIjo2MDAwMDAwMDAwMDAsImRlbGV0ZSI6NjAwMDAwMDAwMDAwLCJyZWFkIjo2MDAwMDAwMDAwMDAsInVwZGF0ZSI6NjAwMDAwMDAwMDAwfSwic2NoZW1hX3ZlcnNpb24iOiIxIn0=",
          "dependencies": [
            "digitalocean_kubernetes_cluster.spm_cluster",
            "module.tenant.kubernetes_namespace.tenant_ns",
            "module.tenant.kubernetes_persistent_volume_claim.opensearch_data",
            "module.tenant.kubernetes_secret.opensearch_admin_auth",
            "module.tenant.kubernetes_service.opensearch"
          ]
        }
      ]
    },
    {
      "module": "module.tenant",
      "mode": "managed",
      "type": "kubernetes_stateful_set",
      "name": "postgres",
      "provider": "provider[\"registry.terraform.io/hashicorp/kubernetes\"]",
      "instances": [
        {
          "schema_version": 1,
          "attributes": {
            "id": "demo/postgres",
            "metadata": [
              {
                "annotations": {},
                "generate_name": "",
                "generation": 1,
                "labels": {},
                "name": "postgres",
                "namespace": "demo",
                "resource_version": "65359",
                "uid": "c9d30836-1aff-4bcb-847e-d1c9f3e841fb"
              }
            ],
            "spec": [
              {
                "min_ready_seconds": 0,
                "persistent_volume_claim_retention_policy": [
                  {
                    "when_deleted": "Retain",
                    "when_scaled": "Retain"
                  }
                ],
                "pod_management_policy": "OrderedReady",
                "replicas": "1",
                "revision_history_limit": 0,
                "selector": [
                  {
                    "match_expressions": [],
                    "match_labels": {
                      "app": "postgres"
                    }
                  }
                ],
                "service_name": "postgres",
                "template": [
                  {
                    "metadata": [
                      {
                        "annotations": {},
                        "generate_name": "",
                        "generation": 0,
                        "labels": {
                          "app": "postgres"
                        },
                        "name": "",
                        "namespace": "",
                        "resource_version": "",
                        "uid": ""
                      }
                    ],
                    "spec": [
                      {
                        "active_deadline_seconds": 0,
                        "affinity": [],
                        "automount_service_account_token": true,
                        "container": [
                          {
                            "args": [],
                            "command": [],
                            "env": [
                              {
                                "name": "PGDATA",
                                "value": "/var/lib/postgresql/data/pgdata",
                                "value_from": []
                              },
                              {
                                "name": "POSTGRES_DB",
                                "value": "",
                                "value_from": [
                                  {
                                    "config_map_key_ref": [],
                                    "field_ref": [],
                                    "resource_field_ref": [],
                                    "secret_key_ref": [
                                      {
                                        "key": "POSTGRES_DB",
                                        "name": "faraday-db-secret",
                                        "optional": false
                                      }
                                    ]
                                  }
                                ]
                              },
                              {
                                "name": "POSTGRES_USER",
                                "value": "",
                                "value_from": [
                                  {
                                    "config_map_key_ref": [],
                                    "field_ref": [],
                                    "resource_field_ref": [],
                                    "secret_key_ref": [
                                      {
                                        "key": "POSTGRES_USER",
                                        "name": "faraday-db-secret",
                                        "optional": false
                                      }
                                    ]
                                  }
                                ]
                              },
                              {
                                "name": "POSTGRES_PASSWORD",
                                "value": "",
                                "value_from": [
                                  {
                                    "config_map_key_ref": [],
                                    "field_ref": [],
                                    "resource_field_ref": [],
                                    "secret_key_ref": [
                                      {
                                        "key": "POSTGRES_PASSWORD",
                                        "name": "faraday-db-secret",
                                        "optional": false
                                      }
                                    ]
                                  }
                                ]
                              }
                            ],
                            "env_from": [],
                            "image": "postgres:16-alpine",
                            "image_pull_policy": "IfNotPresent",
                            "lifecycle": [],
                            "liveness_probe": [],
                            "name": "postgres",
                            "port": [
                              {
                                "container_port": 5432,
                                "host_ip": "",
                                "host_port": 0,
                                "name": "",
                                "protocol": "TCP"
                              }
                            ],
                            "readiness_probe": [],
                            "resources": [
                              {
                                "limits": {},
                                "requests": {}
                              }
                            ],
                            "security_context": [],
                            "startup_probe": [],
                            "stdin": false,
                            "stdin_once": false,
                            "termination_message_path": "/dev/termination-log",
                            "termination_message_policy": "File",
                            "tty": false,
                            "volume_device": [],
                            "volume_mount": [
                              {
                                "mount_path": "/var/lib/postgresql/data",
                                "mount_propagation": "None",
                                "name": "postgres-data",
                                "read_only": false,
                                "sub_path": "",
                                "sub_path_expr": ""
                              }
                            ],
                            "working_dir": ""
                          }
                        ],
                        "dns_config": [],
                        "dns_policy": "ClusterFirst",
                        "enable_service_links": true,
                        "host_aliases": [],
                        "host_ipc": false,
                        "host_network": false,
                        "host_pid": false,
                        "hostname": "",
                        "image_pull_secrets": [],
                        "init_container": [
                          {
                            "args": [],
                            "command": [
                              "sh",
                              "-c",
                              "mkdir -p /var/lib/postgresql/data/pgdata \u0026\u0026 chown -R 70:70 /var/lib/postgresql/data || true"
                            ],
                            "env": [],
                            "env_from": [],
                            "image": "busybox:1.36",
                            "image_pull_policy": "IfNotPresent",
                            "lifecycle": [],
                            "liveness_probe": [],
                            "name": "init-pgdata",
                            "port": [],
                            "readiness_probe": [],
                            "resources": [
                              {
                                "limits": {},
                                "requests": {}
                              }
                            ],
                            "security_context": [
                              {
                                "allow_privilege_escalation": true,
                                "capabilities": [],
                                "privileged": false,
                                "read_only_root_filesystem": false,
                                "run_as_group": "",
                                "run_as_non_root": false,
                                "run_as_user": "0",
                                "se_linux_options": [],
                                "seccomp_profile": []
                              }
                            ],
                            "startup_probe": [],
                            "stdin": false,
                            "stdin_once": false,
                            "termination_message_path": "/dev/termination-log",
                            "termination_message_policy": "File",
                            "tty": false,
                            "volume_device": [],
                            "volume_mount": [
                              {
                                "mount_path": "/var/lib/postgresql/data",
                                "mount_propagation": "None",
                                "name": "postgres-data",
                                "read_only": false,
                                "sub_path": "",
                                "sub_path_expr": ""
                              }
                            ],
                            "working_dir": ""
                          }
                        ],
                        "node_name": "",
                        "node_selector": {},
                        "os": [],
                        "priority_class_name": "",
                        "readiness_gate": [],
                        "restart_policy": "Always",
                        "runtime_class_name": "",
                        "scheduler_name": "default-scheduler",
                        "security_context": [
                          {
                            "fs_group": "70",
                            "fs_group_change_policy": "",
                            "run_as_group": "",
                            "run_as_non_root": false,
                            "run_as_user": "70",
                            "se_linux_options": [],
                            "seccomp_profile": [],
                            "supplemental_groups": [],
                            "sysctl": [],
                            "windows_options": []
                          }
                        ],
                        "service_account_name": "",
                        "share_process_namespace": false,
                        "subdomain": "",
                        "termination_grace_period_seconds": 30,
                        "toleration": [],
                        "topology_spread_constraint": [],
                        "volume": [
                          {
                            "aws_elastic_block_store": [],
                            "azure_disk": [],
                            "azure_file": [],
                            "ceph_fs": [],
                            "cinder": [],
                            "config_map": [],
                            "csi": [],
                            "downward_api": [],
                            "empty_dir": [],
                            "ephemeral": [],
                            "fc": [],
                            "flex_volume": [],
                            "flocker": [],
                            "gce_persistent_disk": [],
                            "git_repo": [],
                            "glusterfs": [],
                            "host_path": [],
                            "iscsi": [],
                            "local": [],
                            "name": "postgres-data",
                            "nfs": [],
                            "persistent_volume_claim": [
                              {
                                "claim_name": "postgres-data",
                                "read_only": false
                              }
                            ],
                            "photon_persistent_disk": [],
                            "projected": [],
                            "quobyte": [],
                            "rbd": [],
                            "secret": [],
                            "vsphere_volume": []
                          }
                        ]
                      }
                    ]
                  }
                ],
                "update_strategy": [],
                "volume_claim_template": []
              }
            ],
            "timeouts": null,
            "wait_for_rollout": true
          },
          "sensitive_attributes": [],
          "private": "eyJlMmJmYjczMC1lY2FhLTExZTYtOGY4OC0zNDM2M2JjN2M0YzAiOnsiY3JlYXRlIjo2MDAwMDAwMDAwMDAsImRlbGV0ZSI6NjAwMDAwMDAwMDAwLCJyZWFkIjo2MDAwMDAwMDAwMDAsInVwZGF0ZSI6NjAwMDAwMDAwMDAwfSwic2NoZW1hX3ZlcnNpb24iOiIxIn0=",
          "dependencies": [
            "digitalocean_kubernetes_cluster.spm_cluster",
            "module.tenant.kubernetes_namespace.tenant_ns",
            "module.tenant.kubernetes_persistent_volume_claim.postgres",
            "module.tenant.kubernetes_secret.faraday_db_auth",
            "module.tenant.kubernetes_service.postgres"
          ]
        }
      ]
    },
    {
      "module": "module.tenant",
      "mode": "managed",
      "type": "random_password",
      "name": "opensearch_admin_pass",
      "provider": "provider[\"registry.terraform.io/hashicorp/random\"]",
      "instances": [
        {
          "schema_version": 3,
          "attributes": {
            "bcrypt_hash": "$2a$10$snWeWO9zA5rmKpZ7M6bJJ.rAMhKtAtyKucsZ9CvRI8WzS9aZdTY5y",
            "id": "none",
            "keepers": null,
            "length": 16,
            "lower": true,
            "min_lower": 0,
            "min_numeric": 0,
            "min_special": 0,
            "min_upper": 0,
            "number": true,
            "numeric": true,
            "override_special": null,
            "result": "wNX1FrV=\u003ck*xg\u003ezD",
            "special": true,
            "upper": true
          },
          "sensitive_attributes": []
        }
      ]
    },
    {
      "module": "module.tenant",
      "mode": "managed",
      "type": "random_password",
      "name": "postgres_password",
      "provider": "provider[\"registry.terraform.io/hashicorp/random\"]",
      "instances": [
        {
          "schema_version": 3,
          "attributes": {
            "bcrypt_hash": "$2a$10$D49nsUkR/9HM7fYBT30eHuCPNVtsqMmLqG9Zn/M3VSZCSWjwWiCiS",
            "id": "none",
            "keepers": null,
            "length": 20,
            "lower": true,
            "min_lower": 0,
            "min_numeric": 0,
            "min_special": 0,
            "min_upper": 0,
            "number": true,
            "numeric": true,
            "override_special": null,
            "result": "4]eGHR2vR8TK[Gv7?Pr+",
            "special": true,
            "upper": true
          },
          "sensitive_attributes": []
        }
      ]
    },
    {
      "module": "module.tenant",
      "mode": "managed",
      "type": "random_password",
      "name": "rabbitmq_password",
      "provider": "provider[\"registry.terraform.io/hashicorp/random\"]",
      "instances": [
        {
          "schema_version": 3,
          "attributes": {
            "bcrypt_hash": "$2a$10$HrUWDdlZMnQ4wOcmwUWxeuV2byjx5OL6s70jWChvHQxoT7bLw287C",
            "id": "none",
            "keepers": null,
            "length": 20,
            "lower": true,
            "min_lower": 0,
            "min_numeric": 0,
            "min_special": 0,
            "min_upper": 0,
            "number": true,
            "numeric": true,
            "override_special": null,
            "result": "8D$d+LRKrmR!\u0026$kDYpKZ",
            "special": true,
            "upper": true
          },
          "sensitive_attributes": []
        }
      ]
    }
  ],
  "check_results": null
}
