{
  "version": 4,
  "terraform_version": "1.5.0",
  "serial": 69,
  "lineage": "a09b4eb8-c139-f36a-8928-963aa53da954",
  "outputs": {
    "cluster_id": {
      "value": "aaef354e-faa9-4d6a-a3aa-136e0d8c9b77",
      "type": "string"
    },
    "cluster_name": {
      "value": "spm-cluster",
      "type": "string"
    }
  },
  "resources": [
    {
      "mode": "data",
      "type": "cloudflare_zone",
      "name": "openshield_zone",
      "provider": "provider[\"registry.terraform.io/cloudflare/cloudflare\"]",
      "instances": [
        {
          "schema_version": 0,
          "attributes": {
            "account": {
              "id": "bca3124de7c86d659a959f06cb35043d",
              "name": "Cloudflare@cyberdef.cc's Account"
            },
            "activated_on": "2025-04-21T11:29:39Z",
            "cname_suffix": null,
            "created_on": "2025-04-21T11:00:21Z",
            "development_mode": 0,
            "filter": {
              "account": null,
              "direction": null,
              "match": null,
              "name": "openshield.io",
              "order": null,
              "status": null
            },
            "id": null,
            "meta": {
              "cdn_only": null,
              "custom_certificate_quota": 0,
              "dns_only": null,
              "foundation_dns": null,
              "page_rule_quota": 3,
              "phishing_detected": false,
              "step": 2
            },
            "modified_on": "2025-04-21T11:29:39Z",
            "name": "openshield.io",
            "name_servers": [
              "kiki.ns.cloudflare.com",
              "lloyd.ns.cloudflare.com"
            ],
            "original_dnshost": null,
            "original_name_servers": [
              "dns1.registrar-servers.com",
              "dns2.registrar-servers.com"
            ],
            "original_registrar": "namecheap, inc. (id: 1068)",
            "owner": {
              "id": null,
              "name": null,
              "type": "user"
            },
            "paused": false,
            "permissions": [
              "#dns_records:edit",
              "#dns_records:read",
              "#zone:read"
            ],
            "plan": {
              "can_subscribe": false,
              "currency": "USD",
              "externally_managed": false,
              "frequency": "",
              "id": "0feeeeeeeeeeeeeeeeeeeeeeeeeeeeee",
              "is_subscribed": false,
              "legacy_discount": false,
              "legacy_id": "free",
              "name": "Free Website",
              "price": 0
            },
            "status": "active",
            "tenant": {
              "id": null,
              "name": null
            },
            "tenant_unit": {
              "id": null
            },
            "type": "full",
            "vanity_name_servers": [],
            "verification_key": null,
            "zone_id": "f92c4f6137dffe0e40aa658cc70e3fa8"
          },
          "sensitive_attributes": []
        }
      ]
    },
    {
      "mode": "data",
      "type": "digitalocean_kubernetes_versions",
      "name": "available",
      "provider": "provider[\"registry.terraform.io/digitalocean/digitalocean\"]",
      "instances": [
        {
          "schema_version": 0,
          "attributes": {
            "id": "terraform-20251009143349984900000001",
            "latest_version": "1.33.1-do.4",
            "valid_versions": [
              "1.33.1-do.4",
              "1.32.5-do.4",
              "1.31.9-do.4"
            ],
            "version_prefix": null
          },
          "sensitive_attributes": []
        }
      ]
    },
    {
      "mode": "managed",
      "type": "digitalocean_kubernetes_cluster",
      "name": "spm_cluster",
      "provider": "provider[\"registry.terraform.io/digitalocean/digitalocean\"]",
      "instances": [
        {
          "schema_version": 3,
          "attributes": {
            "amd_gpu_device_metrics_exporter_plugin": [
              {
                "enabled": false
              }
            ],
            "amd_gpu_device_plugin": [
              {
                "enabled": false
              }
            ],
            "auto_upgrade": true,
            "cluster_autoscaler_configuration": [],
            "cluster_subnet": "10.244.0.0/16",
            "control_plane_firewall": [],
            "created_at": "2025-10-09 10:10:14 +0000 UTC",
            "destroy_all_associated_resources": false,
            "endpoint": "https://aaef354e-faa9-4d6a-a3aa-136e0d8c9b77.k8s.ondigitalocean.com",
            "ha": false,
            "id": "aaef354e-faa9-4d6a-a3aa-136e0d8c9b77",
            "ipv4_address": "",
            "kube_config": [
              {
                "client_certificate": "",
                "client_key": "",
                "cluster_ca_certificate": "LS0tLS1CRUdJTiBDRVJUSUZJQ0FURS0tLS0tCk1JSURKekNDQWcrZ0F3SUJBZ0lDQm5Vd0RRWUpLb1pJaHZjTkFRRUxCUUF3TXpFVk1CTUdBMVVFQ2hNTVJHbG4KYVhSaGJFOWpaV0Z1TVJvd0dBWURWUVFERXhGck9ITmhZWE1nUTJ4MWMzUmxjaUJEUVRBZUZ3MHlOVEV3TURreApNREV3TWpCYUZ3MDBOVEV3TURreE1ERXdNakJhTURNeEZUQVRCZ05WQkFvVERFUnBaMmwwWVd4UFkyVmhiakVhCk1CZ0dBMVVFQXhNUmF6aHpZV0Z6SUVOc2RYTjBaWElnUTBFd2dnRWlNQTBHQ1NxR1NJYjNEUUVCQVFVQUE0SUIKRHdBd2dnRUtBb0lCQVFDb3RFQXlwSmxPaXZkQytqU05ZNkkvYTg1cXk0QVZZeHo2czdvUDJjVnVGZDlhWVRHOApqQmRGME8xYjJpVWFPOXdaWlVEeXNZaGZmaENQVjR0emszWXJ1QVpNYTFuNkVxVUtYaVZZZ3ROSVNYeUtBclpzClpNbFNJQVhrVWt3RklFMnk0VXJQZzVWTEMzVGREdS95V3A4MWpGbXM0bmxFcWdhNXpBZDVTVFdqOFBoTVZjVmYKYzdscXdUbEVPdlNoZ0JVenRUTVl2S1NUcHJORmJidGYwU0JUc3NZYnM3WktCemtxRGdUMEllZEcvNzM4TUdaawpzZE1WR2dpOHhHNTFidm4vSlVLRVQxelh1TndFYnFVa1N5SDlRdnFXdXl5c3JLK2xrYllIdExzV3ZmYmh0cTRYCnhEa00yM3U3akRRTituZURTekFvbTZ4RTMxWFV5S2xXMlFQOUFnTUJBQUdqUlRCRE1BNEdBMVVkRHdFQi93UUUKQXdJQmhqQVNCZ05WSFJNQkFmOEVDREFHQVFIL0FnRUFNQjBHQTFVZERnUVdCQlNtUkZrQ0dUejNEQktWZ0tGTgpmU1ZGaVBuM1ZEQU5CZ2txaGtpRzl3MEJBUXNGQUFPQ0FRRUFELzFEeHJwd3dYQ0dFQ3ZsbVhScUtTU05pUjdhCnlUcWEzVzdibFFGaFZXYjRKSVU5WUw0ZUlWOWlsdkxyVUlqU1dob3pOMTVCVEIweVU3SzluTDdXbzJBSzZPMVcKTEl2dnR4VnVRQlZNMlFzb2lDNGZGVmFGTDRNazJHRVBPZStnczJPanVRV2FHSjlDZ2x4endlZ3pvZnlhUVFkOApmSXU3M2dLNUxDWTlLdm9PVURhV0xDbDFxci9vck9vVGYzWXNMd2kycmlOalppNk9BUzkwQVBuTmlCSkJ5M1dPClJnMnRxd3VxaEFEQmgrNkU1cjBKU3RQSlduTy9xS0dCYjJ5QkkxUmxVbGxxUHN2NmRlRGNuOWFmRUhmSjdnSmoKTVFDd2RvN2VWZlNjVjNCMWQvSjh1WktoUFMyRHRyS1J2MEZOS05Ra20vUWZsVWFsRnFNUHRMMXppQT09Ci0tLS0tRU5EIENFUlRJRklDQVRFLS0tLS0K",
                "expires_at": "2025-10-16T10:14:25Z",
                "host": "https://aaef354e-faa9-4d6a-a3aa-136e0d8c9b77.k8s.ondigitalocean.com",
                "raw_config": "apiVersion: v1\nkind: Config\nclusters:\n- cluster:\n    certificate-authority-data: LS0tLS1CRUdJTiBDRVJUSUZJQ0FURS0tLS0tCk1JSURKekNDQWcrZ0F3SUJBZ0lDQm5Vd0RRWUpLb1pJaHZjTkFRRUxCUUF3TXpFVk1CTUdBMVVFQ2hNTVJHbG4KYVhSaGJFOWpaV0Z1TVJvd0dBWURWUVFERXhGck9ITmhZWE1nUTJ4MWMzUmxjaUJEUVRBZUZ3MHlOVEV3TURreApNREV3TWpCYUZ3MDBOVEV3TURreE1ERXdNakJhTURNeEZUQVRCZ05WQkFvVERFUnBaMmwwWVd4UFkyVmhiakVhCk1CZ0dBMVVFQXhNUmF6aHpZV0Z6SUVOc2RYTjBaWElnUTBFd2dnRWlNQTBHQ1NxR1NJYjNEUUVCQVFVQUE0SUIKRHdBd2dnRUtBb0lCQVFDb3RFQXlwSmxPaXZkQytqU05ZNkkvYTg1cXk0QVZZeHo2czdvUDJjVnVGZDlhWVRHOApqQmRGME8xYjJpVWFPOXdaWlVEeXNZaGZmaENQVjR0emszWXJ1QVpNYTFuNkVxVUtYaVZZZ3ROSVNYeUtBclpzClpNbFNJQVhrVWt3RklFMnk0VXJQZzVWTEMzVGREdS95V3A4MWpGbXM0bmxFcWdhNXpBZDVTVFdqOFBoTVZjVmYKYzdscXdUbEVPdlNoZ0JVenRUTVl2S1NUcHJORmJidGYwU0JUc3NZYnM3WktCemtxRGdUMEllZEcvNzM4TUdaawpzZE1WR2dpOHhHNTFidm4vSlVLRVQxelh1TndFYnFVa1N5SDlRdnFXdXl5c3JLK2xrYllIdExzV3ZmYmh0cTRYCnhEa00yM3U3akRRTituZURTekFvbTZ4RTMxWFV5S2xXMlFQOUFnTUJBQUdqUlRCRE1BNEdBMVVkRHdFQi93UUUKQXdJQmhqQVNCZ05WSFJNQkFmOEVDREFHQVFIL0FnRUFNQjBHQTFVZERnUVdCQlNtUkZrQ0dUejNEQktWZ0tGTgpmU1ZGaVBuM1ZEQU5CZ2txaGtpRzl3MEJBUXNGQUFPQ0FRRUFELzFEeHJwd3dYQ0dFQ3ZsbVhScUtTU05pUjdhCnlUcWEzVzdibFFGaFZXYjRKSVU5WUw0ZUlWOWlsdkxyVUlqU1dob3pOMTVCVEIweVU3SzluTDdXbzJBSzZPMVcKTEl2dnR4VnVRQlZNMlFzb2lDNGZGVmFGTDRNazJHRVBPZStnczJPanVRV2FHSjlDZ2x4endlZ3pvZnlhUVFkOApmSXU3M2dLNUxDWTlLdm9PVURhV0xDbDFxci9vck9vVGYzWXNMd2kycmlOalppNk9BUzkwQVBuTmlCSkJ5M1dPClJnMnRxd3VxaEFEQmgrNkU1cjBKU3RQSlduTy9xS0dCYjJ5QkkxUmxVbGxxUHN2NmRlRGNuOWFmRUhmSjdnSmoKTVFDd2RvN2VWZlNjVjNCMWQvSjh1WktoUFMyRHRyS1J2MEZOS05Ra20vUWZsVWFsRnFNUHRMMXppQT09Ci0tLS0tRU5EIENFUlRJRklDQVRFLS0tLS0K\n    server: https://aaef354e-faa9-4d6a-a3aa-136e0d8c9b77.k8s.ondigitalocean.com\n  name: do-nyc3-spm-cluster\ncontexts:\n- context:\n    cluster: do-nyc3-spm-cluster\n    user: do-nyc3-spm-cluster-admin\n  name: do-nyc3-spm-cluster\ncurrent-context: do-nyc3-spm-cluster\nusers:\n- name: do-nyc3-spm-cluster-admin\n  user:\n    token: dop_v1_1781f8923bf08dc99d11a7534a4e5d7bbfe044f98fd5c3fbc955903aceae1625\n",
                "token": "dop_v1_1781f8923bf08dc99d11a7534a4e5d7bbfe044f98fd5c3fbc955903aceae1625"
              }
            ],
            "kubeconfig_expire_seconds": null,
            "maintenance_policy": [
              {
                "day": "any",
                "duration": "4h0m0s",
                "start_time": "9:00"
              }
            ],
            "name": "spm-cluster",
            "node_pool": [
              {
                "actual_node_count": 1,
                "auto_scale": true,
                "id": "8c923868-d0de-41a1-8eac-d2d1fb64dcc7",
                "labels": {},
                "max_nodes": 5,
                "min_nodes": 1,
                "name": "spm-node-pool",
                "node_count": 1,
                "nodes": [
                  {
                    "created_at": "2025-10-09 10:10:14 +0000 UTC",
                    "droplet_id": "523408476",
                    "id": "dc043d21-b793-4e94-b4bd-1148372806c3",
                    "name": "spm-node-pool-pxda8",
                    "status": "running",
                    "updated_at": "2025-10-09 10:12:59 +0000 UTC"
                  }
                ],
                "size": "s-4vcpu-8gb",
                "tags": [],
                "taint": []
              }
            ],
            "region": "nyc3",
            "registry_integration": false,
            "routing_agent": [
              {
                "enabled": false
              }
            ],
            "service_subnet": "10.245.0.0/16",
            "status": "running",
            "surge_upgrade": true,
            "tags": [
              "spm"
            ],
            "timeouts": null,
            "updated_at": "2025-10-09 10:16:39 +0000 UTC",
            "urn": "do:kubernetes:aaef354e-faa9-4d6a-a3aa-136e0d8c9b77",
            "version": "1.33.1-do.4",
            "vpc_uuid": "0eca90d2-9e51-4e0b-b7e3-ba848068f215"
          },
          "sensitive_attributes": [],
          "private": "eyJlMmJmYjczMC1lY2FhLTExZTYtOGY4OC0zNDM2M2JjN2M0YzAiOnsiY3JlYXRlIjoxODAwMDAwMDAwMDAwfSwic2NoZW1hX3ZlcnNpb24iOiIzIn0=",
          "dependencies": [
            "data.digitalocean_kubernetes_versions.available"
          ]
        }
      ]
    }
  ],
  "check_results": null
}
