{
  "version": 4,
  "terraform_version": "1.5.0",
  "serial": 894,
  "lineage": "2bdfdec5-8c30-28c5-2bba-a5d893c95ad2",
  "outputs": {
    "tenant_faraday_credentials": {
      "value": {
        "password": "8@HrlTpQFfnHGJ2k",
        "url": "https://faraday.demo.spm.openshield.io",
        "username": "faraday"
      },
      "type": [
        "object",
        {
          "password": "string",
          "url": "string",
          "username": "string"
        }
      ],
      "sensitive": true
    },
    "tenant_host": {
      "value": "157.180.88.232",
      "type": "string"
    },
    "tenant_name": {
      "value": "demo",
      "type": "string"
    },
    "tenant_ssh_private_key": {
      "value": "-----BEGIN RSA PRIVATE KEY-----\nMIIJKAIBAAKCAgEAqLnVxZiP1j87SVHy/AwZ77TNckXSoWgWHqJUdNfpabDTmVzy\nGMlEnMZcQqz0ClAdGZasnDv6MvgbHZHZnDXaCYhH+s3Bq1S+YGA75/XrE3qP2RpW\neKU14cEX6QrKlE9Co4iAPw/e2P/EurFhjBSHZoEXiI44Y+643Cvet888NLgNYOlE\njrHW/bMTwWjYkjZcPAzZRVb47SZwApoJ8Gz/g2uzgK9qlTwmg5dlskUFkd3yKggN\njPyObhN0eKmJAPgm19L7FnCEtdyGu3rASAkan8rfBguXlOMoGzO0EoJYgyXmi6QY\n0+uMd+Q7HDkvUERSlgGn4hoZ37M2ZhXJBeW2JTO/yIo7+phe1bNF1z/S8o4GJ05n\nej/qB8a+h++ZqL3E2mkrYoOn2CL7LBpBZ/6w+IhJM5HTiYHVHfXA8v/oCpNIf9hU\nsuTJBtug9vanGxDM/gQv1C39dbHwL6/IJXCBvtANo7UJh0mI4s+PalSRyBx9h5uZ\nRn99I3nQp4NOleIUzOQIdoP7EmdEvZfEKW/oqkptsv/fpEaNlEsfmLY0xM4GG6Vj\n2gvSLqVkREmL+yUgL+timPYwazBFQzBpyq/ScfP0seM9/A3xPBWMWwsdyotwKppz\n/HqX4nCZXdXG7FXF6W+v6E+WjWM2KoRbXXmzrhMfmatubvW+Y10WykJ6fxcCAwEA\nAQKCAgA8UXs30auSNza1poNMUfMvu546vPVo2HIX74Zr4whBzYJH8G9oJwPNXCh9\neaEg0rUkgbYhgFuYvxPKhWqbKrFQ+RRqeAZFft00TRL9gO/SHd2xCnZhWQajN0mZ\n+U6kqJU1K0ZVxRGw1/b3mxQ5ZNlm7r2ABv/n0d7qbxCG+6IVYrr9q0bkEHXAarWk\nThwmYSKmIR3HaSlCdpxSgckN15mc3PLmDU/4G/HU11n22i/8jrDVD93wShWNCo13\n2XvuCcixHW6//eejsDvGaEK3PfHzsC381kYRZwfeeaRlfY2xDOqXf0mU8T9dWQ08\nsMDWXCZ+FAd1kEkxrLrE0gL0hcOQgo86xwNVa29AGzs/rldaXJdQmZn1MWODjTYu\nOiRUvtBfFioBx1+kxg5/CA5xUbJxbqprtZYuP0EZS9CQZRyhmi/NwQaLtQT3TZ3y\ni7U9Iwrmrs2RHkY2duo7m17T5mfAfhSPxYrRCzVgBuCDXP0fDLIKYUvP1EY5RLKg\nKX4K/Et0+40jokvx7u3lPDuv/kivYQlMTXDTVaqLtiSrSLof3FFfupWM3C03jVf1\nsvyZcB+rCVf/H2Sy1HATKm5WHvXWZGpZ7zUaC9KL9Ayp0LtFJmq3DnQBCYoNm80M\n1Oq40BwsOvGCyrZMqJ44NmGFVFpKztVhNY/MmpF7bpHKD7aOuQKCAQEA0EEZ1RSj\nNpiZuqc3F7tMbJtxN1c7ZY35KDZErt97aT7CFfMp3cXbkBOdU9P2frC+sI5IGChG\ndIPf5+lD3QRdbTfInakkgXyNFT1cmYn7VF/L6dOtRE393e4eH2obm3TD2q/5E4rX\n6smwMQs/uA5xvaHkxJhKYH663czaooudXv5nDhX90l0LFZUjvhu++xQz05y82RqN\nGYYH95iGN7DQFAOyf0rhtYW+3/nxmmyyrVs/cN1fqjBLG79I6sa1jIVGdSY9dk5B\nqNrwN1HI9UA2E4CqE4Dni7tXQpSsR4ZZg6jKhzglRBWcPklcMHm4Q0BMz4MzfYgg\n+kvAWzrB/jj0MwKCAQEAz2i6J/VkF5YNhxlX8m5rqaodznuRseP8KszjWKaFc6yi\nY1tzCSWFws3NfOhwuQH5CSGMr8ovpD48J15f2GQtOMGeVxZHjigTV6UbOajBzsLR\n3UyasXFEAHMyfX4HU9YQbl3lyVZ9kPYJMY+aoC3Y1iSaccyfgYpcpUgjEOFXcF2G\n8X3qQqxDcx+QeUktR0qPusL19/KoMx3uxIbTwpV50ayG5D1cn+veuZZNXQb0rK+Q\nrHzOIpn4ReFGIUzuVY2wE4gYKngnvQ0IdIddTjPK18N5NyQJ5CcEmRpgQwyTnsfV\nrTGVQopE7jd6+9OeZVdL93upmOShi4lMb10fn00FjQKCAQBp5UCqfkUEJRK+u/qi\nwaX58Azg9CWK3Wed0AKa3Z8WhEgS+0QFtm+QUrkEgFruTxeYFbGJPymcY9Z+Sbot\nb+PF/sCvkuuyQFBJRZuJo4U+gTviWbXYbsQxjryYgs8o/HX/BM5l5osmo4pJVgv/\nnrCtmd4HLd1cNfT1hg6C6vWJ8Vkb64jW6GMThXPYXql9aOd1qlTJHNw051ezykYt\nmWYlVz/zxHMDZ9AIekMloDI3PpgC3z6e/tGieWEtqP92Reru9RP5zY9LupC9wIOs\nWgtlXV6ebkTPY+LaQ1lbQXDRJwpdOeqRNV/uuET9jVdqMw8b0f5jzc3fGJfmi/lL\nOVDLAoIBABYK5kXa4YFUNCnYeq1MKOsGJlbMcSZ7uU//KGZChEpP3Y47qNUfBME4\nSA9vUJOI7yOWSjJghYGqD5CLihogQ2IVybMtrfsgrTWSWXteQQKtV8pyGrqi8/ws\nQgBuRW8Wf/aKyiIErCGc1EtNHLzLQpE3oKZZfdYxkzkJmphvqnBJsE63+A6P6jcw\n8pTBPyulc/MAR03Lny6XjsmaHqU+Z4zuDgPxtYdVdP06SQyK8bPskK6UMQAiZu1e\nTKq7V1UGUuEwhIj27ho8aVqhDDyEaplVr+s5TEfQEcAHupVFn+avDDl03I0OztaW\nVN6wldPlXDB4FwUlvzlqJRJszjCK6f0CggEBAIVmMdvCoVtkCVaAupVuZ7HZbrDl\nl6Erm7WnQbHP+CQPhmVZMSClQq4pWmNV2PGWyBspIJL0i9cubRRiFZ8Y+BpuM3JW\nPjyzQ2tCsovSWn42YejpSdy6xwbdJIqrZyGUqL2Sf6/eUWCu5dT5hEOnTXfHSlvP\nUToKc/b3iC5gNs1Q+EEZGjR+zWFZgbc/baFI6FICeGOZ/jFzTs8HFJRr54EgcV5r\n4D+8WhlJrV/K32O9SgAa7ZKAJZii9b/T/FbeZLRuRI5oPlgEcNADbkyVGLFX+2TV\nKvF/+gphDqeicQiTNbAdaIxppN7amwoj2vgdUwiqpe3KMxbGYJf7e1v4Rxo=\n-----END RSA PRIVATE KEY-----\n",
      "type": "string",
      "sensitive": true
    },
    "tenant_ssh_public_key": {
      "value": "ssh-rsa AAAAB3NzaC1yc2EAAAADAQABAAACAQCoudXFmI/WPztJUfL8DBnvtM1yRdKhaBYeolR01+lpsNOZXPIYyUScxlxCrPQKUB0ZlqycO/oy+BsdkdmcNdoJiEf6zcGrVL5gYDvn9esTeo/ZGlZ4pTXhwRfpCsqUT0KjiIA/D97Y/8S6sWGMFIdmgReIjjhj7rjcK963zzw0uA1g6USOsdb9sxPBaNiSNlw8DNlFVvjtJnACmgnwbP+Da7OAr2qVPCaDl2WyRQWR3fIqCA2M/I5uE3R4qYkA+CbX0vsWcIS13Ia7esBICRqfyt8GC5eU4ygbM7QSgliDJeaLpBjT64x35DscOS9QRFKWAafiGhnfszZmFckF5bYlM7/Iijv6mF7Vs0XXP9LyjgYnTmd6P+oHxr6H75movcTaaStig6fYIvssGkFn/rD4iEkzkdOJgdUd9cDy/+gKk0h/2FSy5MkG26D29qcbEMz+BC/ULf11sfAvr8glcIG+0A2jtQmHSYjiz49qVJHIHH2Hm5lGf30jedCng06V4hTM5Ah2g/sSZ0S9l8Qpb+iqSm2y/9+kRo2USx+YtjTEzgYbpWPaC9IupWRESYv7JSAv62KY9jBrMEVDMGnKr9Jx8/Sx4z38DfE8FYxbCx3Ki3AqmnP8epficJld1cbsVcXpb6/oT5aNYzYqhFtdebOuEx+Zq25u9b5jXRbKQnp/Fw==\n",
      "type": "string"
    }
  },
  "resources": [
    {
      "module": "module.tenant",
      "mode": "data",
      "type": "cloudflare_zone",
      "name": "openshield",
      "provider": "module.tenant.provider[\"registry.terraform.io/cloudflare/cloudflare\"]",
      "instances": [
        {
          "schema_version": 0,
          "attributes": {
            "account": {
              "id": "bca3124de7c86d659a959f06cb35043d",
              "name": "Cloudflare@cyberdef.cc's Account"
            },
            "activated_on": "2025-04-21T11:29:39Z",
            "cname_suffix": null,
            "created_on": "2025-04-21T11:00:21Z",
            "development_mode": 0,
            "filter": {
              "account": null,
              "direction": null,
              "match": null,
              "name": "openshield.io",
              "order": null,
              "status": null
            },
            "id": null,
            "meta": {
              "cdn_only": null,
              "custom_certificate_quota": 0,
              "dns_only": null,
              "foundation_dns": null,
              "page_rule_quota": 3,
              "phishing_detected": false,
              "step": 2
            },
            "modified_on": "2025-04-21T11:29:39Z",
            "name": "openshield.io",
            "name_servers": [
              "kiki.ns.cloudflare.com",
              "lloyd.ns.cloudflare.com"
            ],
            "original_dnshost": null,
            "original_name_servers": [
              "dns1.registrar-servers.com",
              "dns2.registrar-servers.com"
            ],
            "original_registrar": "namecheap, inc. (id: 1068)",
            "owner": {
              "id": null,
              "name": null,
              "type": "user"
            },
            "paused": false,
            "permissions": [
              "#dns_records:edit",
              "#dns_records:read",
              "#zone:read"
            ],
            "plan": {
              "can_subscribe": false,
              "currency": "USD",
              "externally_managed": false,
              "frequency": "",
              "id": "0feeeeeeeeeeeeeeeeeeeeeeeeeeeeee",
              "is_subscribed": false,
              "legacy_discount": false,
              "legacy_id": "free",
              "name": "Free Website",
              "price": 0
            },
            "status": "active",
            "tenant": {
              "id": null,
              "name": null
            },
            "tenant_unit": {
              "id": null
            },
            "type": "full",
            "vanity_name_servers": [],
            "verification_key": null,
            "zone_id": "f92c4f6137dffe0e40aa658cc70e3fa8"
          },
          "sensitive_attributes": []
        }
      ]
    },
    {
      "module": "module.tenant",
      "mode": "data",
      "type": "hcloud_server_type",
      "name": "selected",
      "provider": "module.tenant.provider[\"registry.terraform.io/hetznercloud/hcloud\"]",
      "instances": [
        {
          "index_key": "cpx21",
          "schema_version": 0,
          "attributes": {
            "architecture": "x86",
            "category": "regular_purpose",
            "cores": 3,
            "cpu_type": "shared",
            "deprecation_announced": "",
            "description": "CPX 21",
            "disk": 80,
            "id": 23,
            "included_traffic": 0,
            "is_deprecated": false,
            "locations": [
              {
                "deprecation_announced": "2025-10-16T06:00:00Z",
                "id": 1,
                "is_deprecated": true,
                "name": "fsn1",
                "unavailable_after": "2025-12-31T23:59:59Z"
              },
              {
                "deprecation_announced": "2025-10-16T06:00:00Z",
                "id": 2,
                "is_deprecated": true,
                "name": "nbg1",
                "unavailable_after": "2025-12-31T23:59:59Z"
              },
              {
                "deprecation_announced": "2025-10-16T06:00:00Z",
                "id": 3,
                "is_deprecated": true,
                "name": "hel1",
                "unavailable_after": "2025-12-31T23:59:59Z"
              },
              {
                "deprecation_announced": "",
                "id": 4,
                "is_deprecated": false,
                "name": "ash",
                "unavailable_after": ""
              },
              {
                "deprecation_announced": "",
                "id": 5,
                "is_deprecated": false,
                "name": "hil",
                "unavailable_after": ""
              },
              {
                "deprecation_announced": "2025-10-16T06:00:00Z",
                "id": 6,
                "is_deprecated": true,
                "name": "sin",
                "unavailable_after": "2025-12-31T23:59:59Z"
              }
            ],
            "memory": 4,
            "name": "cpx21",
            "storage_type": "local",
            "unavailable_after": ""
          },
          "sensitive_attributes": []
        },
        {
          "index_key": "cpx22",
          "schema_version": 0,
          "attributes": {
            "architecture": "x86",
            "category": "regular_purpose",
            "cores": 2,
            "cpu_type": "shared",
            "deprecation_announced": "",
            "description": "CPX 22",
            "disk": 80,
            "id": 109,
            "included_traffic": 0,
            "is_deprecated": false,
            "locations": [
              {
                "deprecation_announced": "",
                "id": 1,
                "is_deprecated": false,
                "name": "fsn1",
                "unavailable_after": ""
              },
              {
                "deprecation_announced": "",
                "id": 2,
                "is_deprecated": false,
                "name": "nbg1",
                "unavailable_after": ""
              },
              {
                "deprecation_announced": "",
                "id": 3,
                "is_deprecated": false,
                "name": "hel1",
                "unavailable_after": ""
              },
              {
                "deprecation_announced": "",
                "id": 6,
                "is_deprecated": false,
                "name": "sin",
                "unavailable_after": ""
              }
            ],
            "memory": 4,
            "name": "cpx22",
            "storage_type": "local",
            "unavailable_after": ""
          },
          "sensitive_attributes": []
        },
        {
          "index_key": "cpx31",
          "schema_version": 0,
          "attributes": {
            "architecture": "x86",
            "category": "regular_purpose",
            "cores": 4,
            "cpu_type": "shared",
            "deprecation_announced": "",
            "description": "CPX 31",
            "disk": 160,
            "id": 24,
            "included_traffic": 0,
            "is_deprecated": false,
            "locations": [
              {
                "deprecation_announced": "2025-10-16T06:00:00Z",
                "id": 1,
                "is_deprecated": true,
                "name": "fsn1",
                "unavailable_after": "2025-12-31T23:59:59Z"
              },
              {
                "deprecation_announced": "2025-10-16T06:00:00Z",
                "id": 2,
                "is_deprecated": true,
                "name": "nbg1",
                "unavailable_after": "2025-12-31T23:59:59Z"
              },
              {
                "deprecation_announced": "2025-10-16T06:00:00Z",
                "id": 3,
                "is_deprecated": true,
                "name": "hel1",
                "unavailable_after": "2025-12-31T23:59:59Z"
              },
              {
                "deprecation_announced": "",
                "id": 4,
                "is_deprecated": false,
                "name": "ash",
                "unavailable_after": ""
              },
              {
                "deprecation_announced": "",
                "id": 5,
                "is_deprecated": false,
                "name": "hil",
                "unavailable_after": ""
              },
              {
                "deprecation_announced": "2025-10-16T06:00:00Z",
                "id": 6,
                "is_deprecated": true,
                "name": "sin",
                "unavailable_after": "2025-12-31T23:59:59Z"
              }
            ],
            "memory": 8,
            "name": "cpx31",
            "storage_type": "local",
            "unavailable_after": ""
          },
          "sensitive_attributes": []
        },
        {
          "index_key": "cpx32",
          "schema_version": 0,
          "attributes": {
            "architecture": "x86",
            "category": "regular_purpose",
            "cores": 4,
            "cpu_type": "shared",
            "deprecation_announced": "",
            "description": "CPX 32",
            "disk": 160,
            "id": 110,
            "included_traffic": 0,
            "is_deprecated": false,
            "locations": [
              {
                "deprecation_announced": "",
                "id": 1,
                "is_deprecated": false,
                "name": "fsn1",
                "unavailable_after": ""
              },
              {
                "deprecation_announced": "",
                "id": 2,
                "is_deprecated": false,
                "name": "nbg1",
                "unavailable_after": ""
              },
              {
                "deprecation_announced": "",
                "id": 3,
                "is_deprecated": false,
                "name": "hel1",
                "unavailable_after": ""
              },
              {
                "deprecation_announced": "",
                "id": 6,
                "is_deprecated": false,
                "name": "sin",
                "unavailable_after": ""
              }
            ],
            "memory": 8,
            "name": "cpx32",
            "storage_type": "local",
            "unavailable_after": ""
          },
          "sensitive_attributes": []
        },
        {
          "index_key": "cpx41",
          "schema_version": 0,
          "attributes": {
            "architecture": "x86",
            "category": "regular_purpose",
            "cores": 8,
            "cpu_type": "shared",
            "deprecation_announced": "",
            "description": "CPX 41",
            "disk": 240,
            "id": 25,
            "included_traffic": 0,
            "is_deprecated": false,
            "locations": [
              {
                "deprecation_announced": "2025-10-16T06:00:00Z",
                "id": 1,
                "is_deprecated": true,
                "name": "fsn1",
                "unavailable_after": "2025-12-31T23:59:59Z"
              },
              {
                "deprecation_announced": "2025-10-16T06:00:00Z",
                "id": 2,
                "is_deprecated": true,
                "name": "nbg1",
                "unavailable_after": "2025-12-31T23:59:59Z"
              },
              {
                "deprecation_announced": "2025-10-16T06:00:00Z",
                "id": 3,
                "is_deprecated": true,
                "name": "hel1",
                "unavailable_after": "2025-12-31T23:59:59Z"
              },
              {
                "deprecation_announced": "",
                "id": 4,
                "is_deprecated": false,
                "name": "ash",
                "unavailable_after": ""
              },
              {
                "deprecation_announced": "",
                "id": 5,
                "is_deprecated": false,
                "name": "hil",
                "unavailable_after": ""
              },
              {
                "deprecation_announced": "2025-10-16T06:00:00Z",
                "id": 6,
                "is_deprecated": true,
                "name": "sin",
                "unavailable_after": "2025-12-31T23:59:59Z"
              }
            ],
            "memory": 16,
            "name": "cpx41",
            "storage_type": "local",
            "unavailable_after": ""
          },
          "sensitive_attributes": []
        },
        {
          "index_key": "cpx42",
          "schema_version": 0,
          "attributes": {
            "architecture": "x86",
            "category": "regular_purpose",
            "cores": 8,
            "cpu_type": "shared",
            "deprecation_announced": "",
            "description": "CPX 42",
            "disk": 320,
            "id": 111,
            "included_traffic": 0,
            "is_deprecated": false,
            "locations": [
              {
                "deprecation_announced": "",
                "id": 1,
                "is_deprecated": false,
                "name": "fsn1",
                "unavailable_after": ""
              },
              {
                "deprecation_announced": "",
                "id": 2,
                "is_deprecated": false,
                "name": "nbg1",
                "unavailable_after": ""
              },
              {
                "deprecation_announced": "",
                "id": 3,
                "is_deprecated": false,
                "name": "hel1",
                "unavailable_after": ""
              },
              {
                "deprecation_announced": "",
                "id": 6,
                "is_deprecated": false,
                "name": "sin",
                "unavailable_after": ""
              }
            ],
            "memory": 16,
            "name": "cpx42",
            "storage_type": "local",
            "unavailable_after": ""
          },
          "sensitive_attributes": []
        },
        {
          "index_key": "cpx51",
          "schema_version": 0,
          "attributes": {
            "architecture": "x86",
            "category": "regular_purpose",
            "cores": 16,
            "cpu_type": "shared",
            "deprecation_announced": "",
            "description": "CPX 51",
            "disk": 360,
            "id": 26,
            "included_traffic": 0,
            "is_deprecated": false,
            "locations": [
              {
                "deprecation_announced": "2025-10-16T06:00:00Z",
                "id": 1,
                "is_deprecated": true,
                "name": "fsn1",
                "unavailable_after": "2025-12-31T23:59:59Z"
              },
              {
                "deprecation_announced": "2025-10-16T06:00:00Z",
                "id": 2,
                "is_deprecated": true,
                "name": "nbg1",
                "unavailable_after": "2025-12-31T23:59:59Z"
              },
              {
                "deprecation_announced": "2025-10-16T06:00:00Z",
                "id": 3,
                "is_deprecated": true,
                "name": "hel1",
                "unavailable_after": "2025-12-31T23:59:59Z"
              },
              {
                "deprecation_announced": "",
                "id": 4,
                "is_deprecated": false,
                "name": "ash",
                "unavailable_after": ""
              },
              {
                "deprecation_announced": "",
                "id": 5,
                "is_deprecated": false,
                "name": "hil",
                "unavailable_after": ""
              },
              {
                "deprecation_announced": "2025-10-16T06:00:00Z",
                "id": 6,
                "is_deprecated": true,
                "name": "sin",
                "unavailable_after": "2025-12-31T23:59:59Z"
              }
            ],
            "memory": 32,
            "name": "cpx51",
            "storage_type": "local",
            "unavailable_after": ""
          },
          "sensitive_attributes": []
        },
        {
          "index_key": "cpx52",
          "schema_version": 0,
          "attributes": {
            "architecture": "x86",
            "category": "regular_purpose",
            "cores": 12,
            "cpu_type": "shared",
            "deprecation_announced": "",
            "description": "CPX 52",
            "disk": 480,
            "id": 112,
            "included_traffic": 0,
            "is_deprecated": false,
            "locations": [
              {
                "deprecation_announced": "",
                "id": 1,
                "is_deprecated": false,
                "name": "fsn1",
                "unavailable_after": ""
              },
              {
                "deprecation_announced": "",
                "id": 2,
                "is_deprecated": false,
                "name": "nbg1",
                "unavailable_after": ""
              },
              {
                "deprecation_announced": "",
                "id": 3,
                "is_deprecated": false,
                "name": "hel1",
                "unavailable_after": ""
              },
              {
                "deprecation_announced": "",
                "id": 6,
                "is_deprecated": false,
                "name": "sin",
                "unavailable_after": ""
              }
            ],
            "memory": 24,
            "name": "cpx52",
            "storage_type": "local",
            "unavailable_after": ""
          },
          "sensitive_attributes": []
        },
        {
          "index_key": "cpx62",
          "schema_version": 0,
          "attributes": {
            "architecture": "x86",
            "category": "regular_purpose",
            "cores": 16,
            "cpu_type": "shared",
            "deprecation_announced": "",
            "description": "CPX 62",
            "disk": 640,
            "id": 113,
            "included_traffic": 0,
            "is_deprecated": false,
            "locations": [
              {
                "deprecation_announced": "",
                "id": 1,
                "is_deprecated": false,
                "name": "fsn1",
                "unavailable_after": ""
              },
              {
                "deprecation_announced": "",
                "id": 2,
                "is_deprecated": false,
                "name": "nbg1",
                "unavailable_after": ""
              },
              {
                "deprecation_announced": "",
                "id": 3,
                "is_deprecated": false,
                "name": "hel1",
                "unavailable_after": ""
              },
              {
                "deprecation_announced": "",
                "id": 6,
                "is_deprecated": false,
                "name": "sin",
                "unavailable_after": ""
              }
            ],
            "memory": 32,
            "name": "cpx62",
            "storage_type": "local",
            "unavailable_after": ""
          },
          "sensitive_attributes": []
        },
        {
          "index_key": "cx22",
          "schema_version": 0,
          "attributes": {
            "architecture": "x86",
            "category": "cost_optimized",
            "cores": 2,
            "cpu_type": "shared",
            "deprecation_announced": "2025-10-16T06:00:00Z",
            "description": "CX22",
            "disk": 40,
            "id": 104,
            "included_traffic": 0,
            "is_deprecated": true,
            "locations": [
              {
                "deprecation_announced": "2025-10-16T06:00:00Z",
                "id": 1,
                "is_deprecated": true,
                "name": "fsn1",
                "unavailable_after": "2025-12-31T23:59:59Z"
              },
              {
                "deprecation_announced": "2025-10-16T06:00:00Z",
                "id": 2,
                "is_deprecated": true,
                "name": "nbg1",
                "unavailable_after": "2025-12-31T23:59:59Z"
              },
              {
                "deprecation_announced": "2025-10-16T06:00:00Z",
                "id": 3,
                "is_deprecated": true,
                "name": "hel1",
                "unavailable_after": "2025-12-31T23:59:59Z"
              }
            ],
            "memory": 4,
            "name": "cx22",
            "storage_type": "local",
            "unavailable_after": "2025-12-31T23:59:59Z"
          },
          "sensitive_attributes": []
        },
        {
          "index_key": "cx23",
          "schema_version": 0,
          "attributes": {
            "architecture": "x86",
            "category": "cost_optimized",
            "cores": 2,
            "cpu_type": "shared",
            "deprecation_announced": "",
            "description": "CX 23",
            "disk": 40,
            "id": 114,
            "included_traffic": 0,
            "is_deprecated": false,
            "locations": [
              {
                "deprecation_announced": "",
                "id": 1,
                "is_deprecated": false,
                "name": "fsn1",
                "unavailable_after": ""
              },
              {
                "deprecation_announced": "",
                "id": 2,
                "is_deprecated": false,
                "name": "nbg1",
                "unavailable_after": ""
              },
              {
                "deprecation_announced": "",
                "id": 3,
                "is_deprecated": false,
                "name": "hel1",
                "unavailable_after": ""
              }
            ],
            "memory": 4,
            "name": "cx23",
            "storage_type": "local",
            "unavailable_after": ""
          },
          "sensitive_attributes": []
        },
        {
          "index_key": "cx32",
          "schema_version": 0,
          "attributes": {
            "architecture": "x86",
            "category": "cost_optimized",
            "cores": 4,
            "cpu_type": "shared",
            "deprecation_announced": "2025-10-16T06:00:00Z",
            "description": "CX32",
            "disk": 80,
            "id": 105,
            "included_traffic": 0,
            "is_deprecated": true,
            "locations": [
              {
                "deprecation_announced": "2025-10-16T06:00:00Z",
                "id": 1,
                "is_deprecated": true,
                "name": "fsn1",
                "unavailable_after": "2025-12-31T23:59:59Z"
              },
              {
                "deprecation_announced": "2025-10-16T06:00:00Z",
                "id": 2,
                "is_deprecated": true,
                "name": "nbg1",
                "unavailable_after": "2025-12-31T23:59:59Z"
              },
              {
                "deprecation_announced": "2025-10-16T06:00:00Z",
                "id": 3,
                "is_deprecated": true,
                "name": "hel1",
                "unavailable_after": "2025-12-31T23:59:59Z"
              }
            ],
            "memory": 8,
            "name": "cx32",
            "storage_type": "local",
            "unavailable_after": "2025-12-31T23:59:59Z"
          },
          "sensitive_attributes": []
        },
        {
          "index_key": "cx33",
          "schema_version": 0,
          "attributes": {
            "architecture": "x86",
            "category": "cost_optimized",
            "cores": 4,
            "cpu_type": "shared",
            "deprecation_announced": "",
            "description": "CX 33",
            "disk": 80,
            "id": 115,
            "included_traffic": 0,
            "is_deprecated": false,
            "locations": [
              {
                "deprecation_announced": "",
                "id": 1,
                "is_deprecated": false,
                "name": "fsn1",
                "unavailable_after": ""
              },
              {
                "deprecation_announced": "",
                "id": 2,
                "is_deprecated": false,
                "name": "nbg1",
                "unavailable_after": ""
              },
              {
                "deprecation_announced": "",
                "id": 3,
                "is_deprecated": false,
                "name": "hel1",
                "unavailable_after": ""
              }
            ],
            "memory": 8,
            "name": "cx33",
            "storage_type": "local",
            "unavailable_after": ""
          },
          "sensitive_attributes": []
        },
        {
          "index_key": "cx42",
          "schema_version": 0,
          "attributes": {
            "architecture": "x86",
            "category": "cost_optimized",
            "cores": 8,
            "cpu_type": "shared",
            "deprecation_announced": "2025-10-16T06:00:00Z",
            "description": "CX42",
            "disk": 160,
            "id": 106,
            "included_traffic": 0,
            "is_deprecated": true,
            "locations": [
              {
                "deprecation_announced": "2025-10-16T06:00:00Z",
                "id": 1,
                "is_deprecated": true,
                "name": "fsn1",
                "unavailable_after": "2025-12-31T23:59:59Z"
              },
              {
                "deprecation_announced": "2025-10-16T06:00:00Z",
                "id": 2,
                "is_deprecated": true,
                "name": "nbg1",
                "unavailable_after": "2025-12-31T23:59:59Z"
              },
              {
                "deprecation_announced": "2025-10-16T06:00:00Z",
                "id": 3,
                "is_deprecated": true,
                "name": "hel1",
                "unavailable_after": "2025-12-31T23:59:59Z"
              }
            ],
            "memory": 16,
            "name": "cx42",
            "storage_type": "local",
            "unavailable_after": "2025-12-31T23:59:59Z"
          },
          "sensitive_attributes": []
        },
        {
          "index_key": "cx43",
          "schema_version": 0,
          "attributes": {
            "architecture": "x86",
            "category": "cost_optimized",
            "cores": 8,
            "cpu_type": "shared",
            "deprecation_announced": "",
            "description": "CX 43",
            "disk": 160,
            "id": 116,
            "included_traffic": 0,
            "is_deprecated": false,
            "locations": [
              {
                "deprecation_announced": "",
                "id": 1,
                "is_deprecated": false,
                "name": "fsn1",
                "unavailable_after": ""
              },
              {
                "deprecation_announced": "",
                "id": 2,
                "is_deprecated": false,
                "name": "nbg1",
                "unavailable_after": ""
              },
              {
                "deprecation_announced": "",
                "id": 3,
                "is_deprecated": false,
                "name": "hel1",
                "unavailable_after": ""
              }
            ],
            "memory": 16,
            "name": "cx43",
            "storage_type": "local",
            "unavailable_after": ""
          },
          "sensitive_attributes": []
        },
        {
          "index_key": "cx52",
          "schema_version": 0,
          "attributes": {
            "architecture": "x86",
            "category": "cost_optimized",
            "cores": 16,
            "cpu_type": "shared",
            "deprecation_announced": "2025-10-16T06:00:00Z",
            "description": "CX52",
            "disk": 320,
            "id": 107,
            "included_traffic": 0,
            "is_deprecated": true,
            "locations": [
              {
                "deprecation_announced": "2025-10-16T06:00:00Z",
                "id": 1,
                "is_deprecated": true,
                "name": "fsn1",
                "unavailable_after": "2025-12-31T23:59:59Z"
              },
              {
                "deprecation_announced": "2025-10-16T06:00:00Z",
                "id": 2,
                "is_deprecated": true,
                "name": "nbg1",
                "unavailable_after": "2025-12-31T23:59:59Z"
              },
              {
                "deprecation_announced": "2025-10-16T06:00:00Z",
                "id": 3,
                "is_deprecated": true,
                "name": "hel1",
                "unavailable_after": "2025-12-31T23:59:59Z"
              }
            ],
            "memory": 32,
            "name": "cx52",
            "storage_type": "local",
            "unavailable_after": "2025-12-31T23:59:59Z"
          },
          "sensitive_attributes": []
        },
        {
          "index_key": "cx53",
          "schema_version": 0,
          "attributes": {
            "architecture": "x86",
            "category": "cost_optimized",
            "cores": 16,
            "cpu_type": "shared",
            "deprecation_announced": "",
            "description": "CX 53",
            "disk": 320,
            "id": 117,
            "included_traffic": 0,
            "is_deprecated": false,
            "locations": [
              {
                "deprecation_announced": "",
                "id": 1,
                "is_deprecated": false,
                "name": "fsn1",
                "unavailable_after": ""
              },
              {
                "deprecation_announced": "",
                "id": 2,
                "is_deprecated": false,
                "name": "nbg1",
                "unavailable_after": ""
              },
              {
                "deprecation_announced": "",
                "id": 3,
                "is_deprecated": false,
                "name": "hel1",
                "unavailable_after": ""
              }
            ],
            "memory": 32,
            "name": "cx53",
            "storage_type": "local",
            "unavailable_after": ""
          },
          "sensitive_attributes": []
        }
      ]
    },
    {
      "module": "module.tenant",
      "mode": "data",
      "type": "hcloud_server_types",
      "name": "all",
      "provider": "module.tenant.provider[\"registry.terraform.io/hetznercloud/hcloud\"]",
      "instances": [
        {
          "schema_version": 0,
          "attributes": {
            "descriptions": [
              "CPX 11",
              "CPX 21",
              "CPX 31",
              "CPX 41",
              "CPX 51",
              "CAX11",
              "CAX21",
              "CAX31",
              "CAX41",
              "CCX13 Dedicated CPU",
              "CCX23 Dedicated CPU",
              "CCX33 Dedicated CPU",
              "CCX43 Dedicated CPU",
              "CCX53 Dedicated CPU",
              "CCX63 Dedicated CPU",
              "CX22",
              "CX32",
              "CX42",
              "CX52",
              "CPX 12",
              "CPX 22",
              "CPX 32",
              "CPX 42",
              "CPX 52",
              "CPX 62",
              "CX 23",
              "CX 33",
              "CX 43",
              "CX 53"
            ],
            "id": "166277662d9b7990b1711b6545d691c4fc52eb3f",
            "names": [
              "cpx11",
              "cpx21",
              "cpx31",
              "cpx41",
              "cpx51",
              "cax11",
              "cax21",
              "cax31",
              "cax41",
              "ccx13",
              "ccx23",
              "ccx33",
              "ccx43",
              "ccx53",
              "ccx63",
              "cx22",
              "cx32",
              "cx42",
              "cx52",
              "cpx12",
              "cpx22",
              "cpx32",
              "cpx42",
              "cpx52",
              "cpx62",
              "cx23",
              "cx33",
              "cx43",
              "cx53"
            ],
            "server_type_ids": [
              "22",
              "23",
              "24",
              "25",
              "26",
              "45",
              "93",
              "94",
              "95",
              "96",
              "97",
              "98",
              "99",
              "100",
              "101",
              "104",
              "105",
              "106",
              "107",
              "108",
              "109",
              "110",
              "111",
              "112",
              "113",
              "114",
              "115",
              "116",
              "117"
            ],
            "server_types": [
              {
                "architecture": "x86",
                "category": "regular_purpose",
                "cores": 2,
                "cpu_type": "shared",
                "deprecation_announced": "",
                "description": "CPX 11",
                "disk": 40,
                "id": 22,
                "included_traffic": 0,
                "is_deprecated": false,
                "locations": [
                  {
                    "deprecation_announced": "2025-10-16T06:00:00Z",
                    "id": 1,
                    "is_deprecated": true,
                    "name": "fsn1",
                    "unavailable_after": "2025-12-31T23:59:59Z"
                  },
                  {
                    "deprecation_announced": "2025-10-16T06:00:00Z",
                    "id": 2,
                    "is_deprecated": true,
                    "name": "nbg1",
                    "unavailable_after": "2025-12-31T23:59:59Z"
                  },
                  {
                    "deprecation_announced": "2025-10-16T06:00:00Z",
                    "id": 3,
                    "is_deprecated": true,
                    "name": "hel1",
                    "unavailable_after": "2025-12-31T23:59:59Z"
                  },
                  {
                    "deprecation_announced": "",
                    "id": 4,
                    "is_deprecated": false,
                    "name": "ash",
                    "unavailable_after": ""
                  },
                  {
                    "deprecation_announced": "",
                    "id": 5,
                    "is_deprecated": false,
                    "name": "hil",
                    "unavailable_after": ""
                  },
                  {
                    "deprecation_announced": "2025-10-16T06:00:00Z",
                    "id": 6,
                    "is_deprecated": true,
                    "name": "sin",
                    "unavailable_after": "2025-12-31T23:59:59Z"
                  }
                ],
                "memory": 2,
                "name": "cpx11",
                "storage_type": "local",
                "unavailable_after": ""
              },
              {
                "architecture": "x86",
                "category": "regular_purpose",
                "cores": 3,
                "cpu_type": "shared",
                "deprecation_announced": "",
                "description": "CPX 21",
                "disk": 80,
                "id": 23,
                "included_traffic": 0,
                "is_deprecated": false,
                "locations": [
                  {
                    "deprecation_announced": "2025-10-16T06:00:00Z",
                    "id": 1,
                    "is_deprecated": true,
                    "name": "fsn1",
                    "unavailable_after": "2025-12-31T23:59:59Z"
                  },
                  {
                    "deprecation_announced": "2025-10-16T06:00:00Z",
                    "id": 2,
                    "is_deprecated": true,
                    "name": "nbg1",
                    "unavailable_after": "2025-12-31T23:59:59Z"
                  },
                  {
                    "deprecation_announced": "2025-10-16T06:00:00Z",
                    "id": 3,
                    "is_deprecated": true,
                    "name": "hel1",
                    "unavailable_after": "2025-12-31T23:59:59Z"
                  },
                  {
                    "deprecation_announced": "",
                    "id": 4,
                    "is_deprecated": false,
                    "name": "ash",
                    "unavailable_after": ""
                  },
                  {
                    "deprecation_announced": "",
                    "id": 5,
                    "is_deprecated": false,
                    "name": "hil",
                    "unavailable_after": ""
                  },
                  {
                    "deprecation_announced": "2025-10-16T06:00:00Z",
                    "id": 6,
                    "is_deprecated": true,
                    "name": "sin",
                    "unavailable_after": "2025-12-31T23:59:59Z"
                  }
                ],
                "memory": 4,
                "name": "cpx21",
                "storage_type": "local",
                "unavailable_after": ""
              },
              {
                "architecture": "x86",
                "category": "regular_purpose",
                "cores": 4,
                "cpu_type": "shared",
                "deprecation_announced": "",
                "description": "CPX 31",
                "disk": 160,
                "id": 24,
                "included_traffic": 0,
                "is_deprecated": false,
                "locations": [
                  {
                    "deprecation_announced": "2025-10-16T06:00:00Z",
                    "id": 1,
                    "is_deprecated": true,
                    "name": "fsn1",
                    "unavailable_after": "2025-12-31T23:59:59Z"
                  },
                  {
                    "deprecation_announced": "2025-10-16T06:00:00Z",
                    "id": 2,
                    "is_deprecated": true,
                    "name": "nbg1",
                    "unavailable_after": "2025-12-31T23:59:59Z"
                  },
                  {
                    "deprecation_announced": "2025-10-16T06:00:00Z",
                    "id": 3,
                    "is_deprecated": true,
                    "name": "hel1",
                    "unavailable_after": "2025-12-31T23:59:59Z"
                  },
                  {
                    "deprecation_announced": "",
                    "id": 4,
                    "is_deprecated": false,
                    "name": "ash",
                    "unavailable_after": ""
                  },
                  {
                    "deprecation_announced": "",
                    "id": 5,
                    "is_deprecated": false,
                    "name": "hil",
                    "unavailable_after": ""
                  },
                  {
                    "deprecation_announced": "2025-10-16T06:00:00Z",
                    "id": 6,
                    "is_deprecated": true,
                    "name": "sin",
                    "unavailable_after": "2025-12-31T23:59:59Z"
                  }
                ],
                "memory": 8,
                "name": "cpx31",
                "storage_type": "local",
                "unavailable_after": ""
              },
              {
                "architecture": "x86",
                "category": "regular_purpose",
                "cores": 8,
                "cpu_type": "shared",
                "deprecation_announced": "",
                "description": "CPX 41",
                "disk": 240,
                "id": 25,
                "included_traffic": 0,
                "is_deprecated": false,
                "locations": [
                  {
                    "deprecation_announced": "2025-10-16T06:00:00Z",
                    "id": 1,
                    "is_deprecated": true,
                    "name": "fsn1",
                    "unavailable_after": "2025-12-31T23:59:59Z"
                  },
                  {
                    "deprecation_announced": "2025-10-16T06:00:00Z",
                    "id": 2,
                    "is_deprecated": true,
                    "name": "nbg1",
                    "unavailable_after": "2025-12-31T23:59:59Z"
                  },
                  {
                    "deprecation_announced": "2025-10-16T06:00:00Z",
                    "id": 3,
                    "is_deprecated": true,
                    "name": "hel1",
                    "unavailable_after": "2025-12-31T23:59:59Z"
                  },
                  {
                    "deprecation_announced": "",
                    "id": 4,
                    "is_deprecated": false,
                    "name": "ash",
                    "unavailable_after": ""
                  },
                  {
                    "deprecation_announced": "",
                    "id": 5,
                    "is_deprecated": false,
                    "name": "hil",
                    "unavailable_after": ""
                  },
                  {
                    "deprecation_announced": "2025-10-16T06:00:00Z",
                    "id": 6,
                    "is_deprecated": true,
                    "name": "sin",
                    "unavailable_after": "2025-12-31T23:59:59Z"
                  }
                ],
                "memory": 16,
                "name": "cpx41",
                "storage_type": "local",
                "unavailable_after": ""
              },
              {
                "architecture": "x86",
                "category": "regular_purpose",
                "cores": 16,
                "cpu_type": "shared",
                "deprecation_announced": "",
                "description": "CPX 51",
                "disk": 360,
                "id": 26,
                "included_traffic": 0,
                "is_deprecated": false,
                "locations": [
                  {
                    "deprecation_announced": "2025-10-16T06:00:00Z",
                    "id": 1,
                    "is_deprecated": true,
                    "name": "fsn1",
                    "unavailable_after": "2025-12-31T23:59:59Z"
                  },
                  {
                    "deprecation_announced": "2025-10-16T06:00:00Z",
                    "id": 2,
                    "is_deprecated": true,
                    "name": "nbg1",
                    "unavailable_after": "2025-12-31T23:59:59Z"
                  },
                  {
                    "deprecation_announced": "2025-10-16T06:00:00Z",
                    "id": 3,
                    "is_deprecated": true,
                    "name": "hel1",
                    "unavailable_after": "2025-12-31T23:59:59Z"
                  },
                  {
                    "deprecation_announced": "",
                    "id": 4,
                    "is_deprecated": false,
                    "name": "ash",
                    "unavailable_after": ""
                  },
                  {
                    "deprecation_announced": "",
                    "id": 5,
                    "is_deprecated": false,
                    "name": "hil",
                    "unavailable_after": ""
                  },
                  {
                    "deprecation_announced": "2025-10-16T06:00:00Z",
                    "id": 6,
                    "is_deprecated": true,
                    "name": "sin",
                    "unavailable_after": "2025-12-31T23:59:59Z"
                  }
                ],
                "memory": 32,
                "name": "cpx51",
                "storage_type": "local",
                "unavailable_after": ""
              },
              {
                "architecture": "arm",
                "category": "cost_optimized",
                "cores": 2,
                "cpu_type": "shared",
                "deprecation_announced": "",
                "description": "CAX11",
                "disk": 40,
                "id": 45,
                "included_traffic": 0,
                "is_deprecated": false,
                "locations": [
                  {
                    "deprecation_announced": "",
                    "id": 1,
                    "is_deprecated": false,
                    "name": "fsn1",
                    "unavailable_after": ""
                  },
                  {
                    "deprecation_announced": "",
                    "id": 2,
                    "is_deprecated": false,
                    "name": "nbg1",
                    "unavailable_after": ""
                  },
                  {
                    "deprecation_announced": "",
                    "id": 3,
                    "is_deprecated": false,
                    "name": "hel1",
                    "unavailable_after": ""
                  }
                ],
                "memory": 4,
                "name": "cax11",
                "storage_type": "local",
                "unavailable_after": ""
              },
              {
                "architecture": "arm",
                "category": "cost_optimized",
                "cores": 4,
                "cpu_type": "shared",
                "deprecation_announced": "",
                "description": "CAX21",
                "disk": 80,
                "id": 93,
                "included_traffic": 0,
                "is_deprecated": false,
                "locations": [
                  {
                    "deprecation_announced": "",
                    "id": 1,
                    "is_deprecated": false,
                    "name": "fsn1",
                    "unavailable_after": ""
                  },
                  {
                    "deprecation_announced": "",
                    "id": 2,
                    "is_deprecated": false,
                    "name": "nbg1",
                    "unavailable_after": ""
                  },
                  {
                    "deprecation_announced": "",
                    "id": 3,
                    "is_deprecated": false,
                    "name": "hel1",
                    "unavailable_after": ""
                  }
                ],
                "memory": 8,
                "name": "cax21",
                "storage_type": "local",
                "unavailable_after": ""
              },
              {
                "architecture": "arm",
                "category": "cost_optimized",
                "cores": 8,
                "cpu_type": "shared",
                "deprecation_announced": "",
                "description": "CAX31",
                "disk": 160,
                "id": 94,
                "included_traffic": 0,
                "is_deprecated": false,
                "locations": [
                  {
                    "deprecation_announced": "",
                    "id": 1,
                    "is_deprecated": false,
                    "name": "fsn1",
                    "unavailable_after": ""
                  },
                  {
                    "deprecation_announced": "",
                    "id": 2,
                    "is_deprecated": false,
                    "name": "nbg1",
                    "unavailable_after": ""
                  },
                  {
                    "deprecation_announced": "",
                    "id": 3,
                    "is_deprecated": false,
                    "name": "hel1",
                    "unavailable_after": ""
                  }
                ],
                "memory": 16,
                "name": "cax31",
                "storage_type": "local",
                "unavailable_after": ""
              },
              {
                "architecture": "arm",
                "category": "cost_optimized",
                "cores": 16,
                "cpu_type": "shared",
                "deprecation_announced": "",
                "description": "CAX41",
                "disk": 320,
                "id": 95,
                "included_traffic": 0,
                "is_deprecated": false,
                "locations": [
                  {
                    "deprecation_announced": "",
                    "id": 1,
                    "is_deprecated": false,
                    "name": "fsn1",
                    "unavailable_after": ""
                  },
                  {
                    "deprecation_announced": "",
                    "id": 2,
                    "is_deprecated": false,
                    "name": "nbg1",
                    "unavailable_after": ""
                  },
                  {
                    "deprecation_announced": "",
                    "id": 3,
                    "is_deprecated": false,
                    "name": "hel1",
                    "unavailable_after": ""
                  }
                ],
                "memory": 32,
                "name": "cax41",
                "storage_type": "local",
                "unavailable_after": ""
              },
              {
                "architecture": "x86",
                "category": "general_purpose",
                "cores": 2,
                "cpu_type": "dedicated",
                "deprecation_announced": "",
                "description": "CCX13 Dedicated CPU",
                "disk": 80,
                "id": 96,
                "included_traffic": 0,
                "is_deprecated": false,
                "locations": [
                  {
                    "deprecation_announced": "",
                    "id": 1,
                    "is_deprecated": false,
                    "name": "fsn1",
                    "unavailable_after": ""
                  },
                  {
                    "deprecation_announced": "",
                    "id": 2,
                    "is_deprecated": false,
                    "name": "nbg1",
                    "unavailable_after": ""
                  },
                  {
                    "deprecation_announced": "",
                    "id": 3,
                    "is_deprecated": false,
                    "name": "hel1",
                    "unavailable_after": ""
                  },
                  {
                    "deprecation_announced": "",
                    "id": 4,
                    "is_deprecated": false,
                    "name": "ash",
                    "unavailable_after": ""
                  },
                  {
                    "deprecation_announced": "",
                    "id": 5,
                    "is_deprecated": false,
                    "name": "hil",
                    "unavailable_after": ""
                  },
                  {
                    "deprecation_announced": "",
                    "id": 6,
                    "is_deprecated": false,
                    "name": "sin",
                    "unavailable_after": ""
                  }
                ],
                "memory": 8,
                "name": "ccx13",
                "storage_type": "local",
                "unavailable_after": ""
              },
              {
                "architecture": "x86",
                "category": "general_purpose",
                "cores": 4,
                "cpu_type": "dedicated",
                "deprecation_announced": "",
                "description": "CCX23 Dedicated CPU",
                "disk": 160,
                "id": 97,
                "included_traffic": 0,
                "is_deprecated": false,
                "locations": [
                  {
                    "deprecation_announced": "",
                    "id": 1,
                    "is_deprecated": false,
                    "name": "fsn1",
                    "unavailable_after": ""
                  },
                  {
                    "deprecation_announced": "",
                    "id": 2,
                    "is_deprecated": false,
                    "name": "nbg1",
                    "unavailable_after": ""
                  },
                  {
                    "deprecation_announced": "",
                    "id": 3,
                    "is_deprecated": false,
                    "name": "hel1",
                    "unavailable_after": ""
                  },
                  {
                    "deprecation_announced": "",
                    "id": 4,
                    "is_deprecated": false,
                    "name": "ash",
                    "unavailable_after": ""
                  },
                  {
                    "deprecation_announced": "",
                    "id": 5,
                    "is_deprecated": false,
                    "name": "hil",
                    "unavailable_after": ""
                  },
                  {
                    "deprecation_announced": "",
                    "id": 6,
                    "is_deprecated": false,
                    "name": "sin",
                    "unavailable_after": ""
                  }
                ],
                "memory": 16,
                "name": "ccx23",
                "storage_type": "local",
                "unavailable_after": ""
              },
              {
                "architecture": "x86",
                "category": "general_purpose",
                "cores": 8,
                "cpu_type": "dedicated",
                "deprecation_announced": "",
                "description": "CCX33 Dedicated CPU",
                "disk": 240,
                "id": 98,
                "included_traffic": 0,
                "is_deprecated": false,
                "locations": [
                  {
                    "deprecation_announced": "",
                    "id": 1,
                    "is_deprecated": false,
                    "name": "fsn1",
                    "unavailable_after": ""
                  },
                  {
                    "deprecation_announced": "",
                    "id": 2,
                    "is_deprecated": false,
                    "name": "nbg1",
                    "unavailable_after": ""
                  },
                  {
                    "deprecation_announced": "",
                    "id": 3,
                    "is_deprecated": false,
                    "name": "hel1",
                    "unavailable_after": ""
                  },
                  {
                    "deprecation_announced": "",
                    "id": 4,
                    "is_deprecated": false,
                    "name": "ash",
                    "unavailable_after": ""
                  },
                  {
                    "deprecation_announced": "",
                    "id": 5,
                    "is_deprecated": false,
                    "name": "hil",
                    "unavailable_after": ""
                  },
                  {
                    "deprecation_announced": "",
                    "id": 6,
                    "is_deprecated": false,
                    "name": "sin",
                    "unavailable_after": ""
                  }
                ],
                "memory": 32,
                "name": "ccx33",
                "storage_type": "local",
                "unavailable_after": ""
              },
              {
                "architecture": "x86",
                "category": "general_purpose",
                "cores": 16,
                "cpu_type": "dedicated",
                "deprecation_announced": "",
                "description": "CCX43 Dedicated CPU",
                "disk": 360,
                "id": 99,
                "included_traffic": 0,
                "is_deprecated": false,
                "locations": [
                  {
                    "deprecation_announced": "",
                    "id": 1,
                    "is_deprecated": false,
                    "name": "fsn1",
                    "unavailable_after": ""
                  },
                  {
                    "deprecation_announced": "",
                    "id": 2,
                    "is_deprecated": false,
                    "name": "nbg1",
                    "unavailable_after": ""
                  },
                  {
                    "deprecation_announced": "",
                    "id": 3,
                    "is_deprecated": false,
                    "name": "hel1",
                    "unavailable_after": ""
                  },
                  {
                    "deprecation_announced": "",
                    "id": 4,
                    "is_deprecated": false,
                    "name": "ash",
                    "unavailable_after": ""
                  },
                  {
                    "deprecation_announced": "",
                    "id": 5,
                    "is_deprecated": false,
                    "name": "hil",
                    "unavailable_after": ""
                  },
                  {
                    "deprecation_announced": "",
                    "id": 6,
                    "is_deprecated": false,
                    "name": "sin",
                    "unavailable_after": ""
                  }
                ],
                "memory": 64,
                "name": "ccx43",
                "storage_type": "local",
                "unavailable_after": ""
              },
              {
                "architecture": "x86",
                "category": "general_purpose",
                "cores": 32,
                "cpu_type": "dedicated",
                "deprecation_announced": "",
                "description": "CCX53 Dedicated CPU",
                "disk": 600,
                "id": 100,
                "included_traffic": 0,
                "is_deprecated": false,
                "locations": [
                  {
                    "deprecation_announced": "",
                    "id": 1,
                    "is_deprecated": false,
                    "name": "fsn1",
                    "unavailable_after": ""
                  },
                  {
                    "deprecation_announced": "",
                    "id": 2,
                    "is_deprecated": false,
                    "name": "nbg1",
                    "unavailable_after": ""
                  },
                  {
                    "deprecation_announced": "",
                    "id": 3,
                    "is_deprecated": false,
                    "name": "hel1",
                    "unavailable_after": ""
                  },
                  {
                    "deprecation_announced": "",
                    "id": 4,
                    "is_deprecated": false,
                    "name": "ash",
                    "unavailable_after": ""
                  },
                  {
                    "deprecation_announced": "",
                    "id": 5,
                    "is_deprecated": false,
                    "name": "hil",
                    "unavailable_after": ""
                  },
                  {
                    "deprecation_announced": "",
                    "id": 6,
                    "is_deprecated": false,
                    "name": "sin",
                    "unavailable_after": ""
                  }
                ],
                "memory": 128,
                "name": "ccx53",
                "storage_type": "local",
                "unavailable_after": ""
              },
              {
                "architecture": "x86",
                "category": "general_purpose",
                "cores": 48,
                "cpu_type": "dedicated",
                "deprecation_announced": "",
                "description": "CCX63 Dedicated CPU",
                "disk": 960,
                "id": 101,
                "included_traffic": 0,
                "is_deprecated": false,
                "locations": [
                  {
                    "deprecation_announced": "",
                    "id": 1,
                    "is_deprecated": false,
                    "name": "fsn1",
                    "unavailable_after": ""
                  },
                  {
                    "deprecation_announced": "",
                    "id": 2,
                    "is_deprecated": false,
                    "name": "nbg1",
                    "unavailable_after": ""
                  },
                  {
                    "deprecation_announced": "",
                    "id": 3,
                    "is_deprecated": false,
                    "name": "hel1",
                    "unavailable_after": ""
                  },
                  {
                    "deprecation_announced": "",
                    "id": 4,
                    "is_deprecated": false,
                    "name": "ash",
                    "unavailable_after": ""
                  },
                  {
                    "deprecation_announced": "",
                    "id": 5,
                    "is_deprecated": false,
                    "name": "hil",
                    "unavailable_after": ""
                  },
                  {
                    "deprecation_announced": "",
                    "id": 6,
                    "is_deprecated": false,
                    "name": "sin",
                    "unavailable_after": ""
                  }
                ],
                "memory": 192,
                "name": "ccx63",
                "storage_type": "local",
                "unavailable_after": ""
              },
              {
                "architecture": "x86",
                "category": "cost_optimized",
                "cores": 2,
                "cpu_type": "shared",
                "deprecation_announced": "2025-10-16T06:00:00Z",
                "description": "CX22",
                "disk": 40,
                "id": 104,
                "included_traffic": 0,
                "is_deprecated": true,
                "locations": [
                  {
                    "deprecation_announced": "2025-10-16T06:00:00Z",
                    "id": 1,
                    "is_deprecated": true,
                    "name": "fsn1",
                    "unavailable_after": "2025-12-31T23:59:59Z"
                  },
                  {
                    "deprecation_announced": "2025-10-16T06:00:00Z",
                    "id": 2,
                    "is_deprecated": true,
                    "name": "nbg1",
                    "unavailable_after": "2025-12-31T23:59:59Z"
                  },
                  {
                    "deprecation_announced": "2025-10-16T06:00:00Z",
                    "id": 3,
                    "is_deprecated": true,
                    "name": "hel1",
                    "unavailable_after": "2025-12-31T23:59:59Z"
                  }
                ],
                "memory": 4,
                "name": "cx22",
                "storage_type": "local",
                "unavailable_after": "2025-12-31T23:59:59Z"
              },
              {
                "architecture": "x86",
                "category": "cost_optimized",
                "cores": 4,
                "cpu_type": "shared",
                "deprecation_announced": "2025-10-16T06:00:00Z",
                "description": "CX32",
                "disk": 80,
                "id": 105,
                "included_traffic": 0,
                "is_deprecated": true,
                "locations": [
                  {
                    "deprecation_announced": "2025-10-16T06:00:00Z",
                    "id": 1,
                    "is_deprecated": true,
                    "name": "fsn1",
                    "unavailable_after": "2025-12-31T23:59:59Z"
                  },
                  {
                    "deprecation_announced": "2025-10-16T06:00:00Z",
                    "id": 2,
                    "is_deprecated": true,
                    "name": "nbg1",
                    "unavailable_after": "2025-12-31T23:59:59Z"
                  },
                  {
                    "deprecation_announced": "2025-10-16T06:00:00Z",
                    "id": 3,
                    "is_deprecated": true,
                    "name": "hel1",
                    "unavailable_after": "2025-12-31T23:59:59Z"
                  }
                ],
                "memory": 8,
                "name": "cx32",
                "storage_type": "local",
                "unavailable_after": "2025-12-31T23:59:59Z"
              },
              {
                "architecture": "x86",
                "category": "cost_optimized",
                "cores": 8,
                "cpu_type": "shared",
                "deprecation_announced": "2025-10-16T06:00:00Z",
                "description": "CX42",
                "disk": 160,
                "id": 106,
                "included_traffic": 0,
                "is_deprecated": true,
                "locations": [
                  {
                    "deprecation_announced": "2025-10-16T06:00:00Z",
                    "id": 1,
                    "is_deprecated": true,
                    "name": "fsn1",
                    "unavailable_after": "2025-12-31T23:59:59Z"
                  },
                  {
                    "deprecation_announced": "2025-10-16T06:00:00Z",
                    "id": 2,
                    "is_deprecated": true,
                    "name": "nbg1",
                    "unavailable_after": "2025-12-31T23:59:59Z"
                  },
                  {
                    "deprecation_announced": "2025-10-16T06:00:00Z",
                    "id": 3,
                    "is_deprecated": true,
                    "name": "hel1",
                    "unavailable_after": "2025-12-31T23:59:59Z"
                  }
                ],
                "memory": 16,
                "name": "cx42",
                "storage_type": "local",
                "unavailable_after": "2025-12-31T23:59:59Z"
              },
              {
                "architecture": "x86",
                "category": "cost_optimized",
                "cores": 16,
                "cpu_type": "shared",
                "deprecation_announced": "2025-10-16T06:00:00Z",
                "description": "CX52",
                "disk": 320,
                "id": 107,
                "included_traffic": 0,
                "is_deprecated": true,
                "locations": [
                  {
                    "deprecation_announced": "2025-10-16T06:00:00Z",
                    "id": 1,
                    "is_deprecated": true,
                    "name": "fsn1",
                    "unavailable_after": "2025-12-31T23:59:59Z"
                  },
                  {
                    "deprecation_announced": "2025-10-16T06:00:00Z",
                    "id": 2,
                    "is_deprecated": true,
                    "name": "nbg1",
                    "unavailable_after": "2025-12-31T23:59:59Z"
                  },
                  {
                    "deprecation_announced": "2025-10-16T06:00:00Z",
                    "id": 3,
                    "is_deprecated": true,
                    "name": "hel1",
                    "unavailable_after": "2025-12-31T23:59:59Z"
                  }
                ],
                "memory": 32,
                "name": "cx52",
                "storage_type": "local",
                "unavailable_after": "2025-12-31T23:59:59Z"
              },
              {
                "architecture": "x86",
                "category": "regular_purpose",
                "cores": 1,
                "cpu_type": "shared",
                "deprecation_announced": "",
                "description": "CPX 12",
                "disk": 40,
                "id": 108,
                "included_traffic": 0,
                "is_deprecated": false,
                "locations": [
                  {
                    "deprecation_announced": "",
                    "id": 6,
                    "is_deprecated": false,
                    "name": "sin",
                    "unavailable_after": ""
                  }
                ],
                "memory": 2,
                "name": "cpx12",
                "storage_type": "local",
                "unavailable_after": ""
              },
              {
                "architecture": "x86",
                "category": "regular_purpose",
                "cores": 2,
                "cpu_type": "shared",
                "deprecation_announced": "",
                "description": "CPX 22",
                "disk": 80,
                "id": 109,
                "included_traffic": 0,
                "is_deprecated": false,
                "locations": [
                  {
                    "deprecation_announced": "",
                    "id": 1,
                    "is_deprecated": false,
                    "name": "fsn1",
                    "unavailable_after": ""
                  },
                  {
                    "deprecation_announced": "",
                    "id": 2,
                    "is_deprecated": false,
                    "name": "nbg1",
                    "unavailable_after": ""
                  },
                  {
                    "deprecation_announced": "",
                    "id": 3,
                    "is_deprecated": false,
                    "name": "hel1",
                    "unavailable_after": ""
                  },
                  {
                    "deprecation_announced": "",
                    "id": 6,
                    "is_deprecated": false,
                    "name": "sin",
                    "unavailable_after": ""
                  }
                ],
                "memory": 4,
                "name": "cpx22",
                "storage_type": "local",
                "unavailable_after": ""
              },
              {
                "architecture": "x86",
                "category": "regular_purpose",
                "cores": 4,
                "cpu_type": "shared",
                "deprecation_announced": "",
                "description": "CPX 32",
                "disk": 160,
                "id": 110,
                "included_traffic": 0,
                "is_deprecated": false,
                "locations": [
                  {
                    "deprecation_announced": "",
                    "id": 1,
                    "is_deprecated": false,
                    "name": "fsn1",
                    "unavailable_after": ""
                  },
                  {
                    "deprecation_announced": "",
                    "id": 2,
                    "is_deprecated": false,
                    "name": "nbg1",
                    "unavailable_after": ""
                  },
                  {
                    "deprecation_announced": "",
                    "id": 3,
                    "is_deprecated": false,
                    "name": "hel1",
                    "unavailable_after": ""
                  },
                  {
                    "deprecation_announced": "",
                    "id": 6,
                    "is_deprecated": false,
                    "name": "sin",
                    "unavailable_after": ""
                  }
                ],
                "memory": 8,
                "name": "cpx32",
                "storage_type": "local",
                "unavailable_after": ""
              },
              {
                "architecture": "x86",
                "category": "regular_purpose",
                "cores": 8,
                "cpu_type": "shared",
                "deprecation_announced": "",
                "description": "CPX 42",
                "disk": 320,
                "id": 111,
                "included_traffic": 0,
                "is_deprecated": false,
                "locations": [
                  {
                    "deprecation_announced": "",
                    "id": 1,
                    "is_deprecated": false,
                    "name": "fsn1",
                    "unavailable_after": ""
                  },
                  {
                    "deprecation_announced": "",
                    "id": 2,
                    "is_deprecated": false,
                    "name": "nbg1",
                    "unavailable_after": ""
                  },
                  {
                    "deprecation_announced": "",
                    "id": 3,
                    "is_deprecated": false,
                    "name": "hel1",
                    "unavailable_after": ""
                  },
                  {
                    "deprecation_announced": "",
                    "id": 6,
                    "is_deprecated": false,
                    "name": "sin",
                    "unavailable_after": ""
                  }
                ],
                "memory": 16,
                "name": "cpx42",
                "storage_type": "local",
                "unavailable_after": ""
              },
              {
                "architecture": "x86",
                "category": "regular_purpose",
                "cores": 12,
                "cpu_type": "shared",
                "deprecation_announced": "",
                "description": "CPX 52",
                "disk": 480,
                "id": 112,
                "included_traffic": 0,
                "is_deprecated": false,
                "locations": [
                  {
                    "deprecation_announced": "",
                    "id": 1,
                    "is_deprecated": false,
                    "name": "fsn1",
                    "unavailable_after": ""
                  },
                  {
                    "deprecation_announced": "",
                    "id": 2,
                    "is_deprecated": false,
                    "name": "nbg1",
                    "unavailable_after": ""
                  },
                  {
                    "deprecation_announced": "",
                    "id": 3,
                    "is_deprecated": false,
                    "name": "hel1",
                    "unavailable_after": ""
                  },
                  {
                    "deprecation_announced": "",
                    "id": 6,
                    "is_deprecated": false,
                    "name": "sin",
                    "unavailable_after": ""
                  }
                ],
                "memory": 24,
                "name": "cpx52",
                "storage_type": "local",
                "unavailable_after": ""
              },
              {
                "architecture": "x86",
                "category": "regular_purpose",
                "cores": 16,
                "cpu_type": "shared",
                "deprecation_announced": "",
                "description": "CPX 62",
                "disk": 640,
                "id": 113,
                "included_traffic": 0,
                "is_deprecated": false,
                "locations": [
                  {
                    "deprecation_announced": "",
                    "id": 1,
                    "is_deprecated": false,
                    "name": "fsn1",
                    "unavailable_after": ""
                  },
                  {
                    "deprecation_announced": "",
                    "id": 2,
                    "is_deprecated": false,
                    "name": "nbg1",
                    "unavailable_after": ""
                  },
                  {
                    "deprecation_announced": "",
                    "id": 3,
                    "is_deprecated": false,
                    "name": "hel1",
                    "unavailable_after": ""
                  },
                  {
                    "deprecation_announced": "",
                    "id": 6,
                    "is_deprecated": false,
                    "name": "sin",
                    "unavailable_after": ""
                  }
                ],
                "memory": 32,
                "name": "cpx62",
                "storage_type": "local",
                "unavailable_after": ""
              },
              {
                "architecture": "x86",
                "category": "cost_optimized",
                "cores": 2,
                "cpu_type": "shared",
                "deprecation_announced": "",
                "description": "CX 23",
                "disk": 40,
                "id": 114,
                "included_traffic": 0,
                "is_deprecated": false,
                "locations": [
                  {
                    "deprecation_announced": "",
                    "id": 1,
                    "is_deprecated": false,
                    "name": "fsn1",
                    "unavailable_after": ""
                  },
                  {
                    "deprecation_announced": "",
                    "id": 2,
                    "is_deprecated": false,
                    "name": "nbg1",
                    "unavailable_after": ""
                  },
                  {
                    "deprecation_announced": "",
                    "id": 3,
                    "is_deprecated": false,
                    "name": "hel1",
                    "unavailable_after": ""
                  }
                ],
                "memory": 4,
                "name": "cx23",
                "storage_type": "local",
                "unavailable_after": ""
              },
              {
                "architecture": "x86",
                "category": "cost_optimized",
                "cores": 4,
                "cpu_type": "shared",
                "deprecation_announced": "",
                "description": "CX 33",
                "disk": 80,
                "id": 115,
                "included_traffic": 0,
                "is_deprecated": false,
                "locations": [
                  {
                    "deprecation_announced": "",
                    "id": 1,
                    "is_deprecated": false,
                    "name": "fsn1",
                    "unavailable_after": ""
                  },
                  {
                    "deprecation_announced": "",
                    "id": 2,
                    "is_deprecated": false,
                    "name": "nbg1",
                    "unavailable_after": ""
                  },
                  {
                    "deprecation_announced": "",
                    "id": 3,
                    "is_deprecated": false,
                    "name": "hel1",
                    "unavailable_after": ""
                  }
                ],
                "memory": 8,
                "name": "cx33",
                "storage_type": "local",
                "unavailable_after": ""
              },
              {
                "architecture": "x86",
                "category": "cost_optimized",
                "cores": 8,
                "cpu_type": "shared",
                "deprecation_announced": "",
                "description": "CX 43",
                "disk": 160,
                "id": 116,
                "included_traffic": 0,
                "is_deprecated": false,
                "locations": [
                  {
                    "deprecation_announced": "",
                    "id": 1,
                    "is_deprecated": false,
                    "name": "fsn1",
                    "unavailable_after": ""
                  },
                  {
                    "deprecation_announced": "",
                    "id": 2,
                    "is_deprecated": false,
                    "name": "nbg1",
                    "unavailable_after": ""
                  },
                  {
                    "deprecation_announced": "",
                    "id": 3,
                    "is_deprecated": false,
                    "name": "hel1",
                    "unavailable_after": ""
                  }
                ],
                "memory": 16,
                "name": "cx43",
                "storage_type": "local",
                "unavailable_after": ""
              },
              {
                "architecture": "x86",
                "category": "cost_optimized",
                "cores": 16,
                "cpu_type": "shared",
                "deprecation_announced": "",
                "description": "CX 53",
                "disk": 320,
                "id": 117,
                "included_traffic": 0,
                "is_deprecated": false,
                "locations": [
                  {
                    "deprecation_announced": "",
                    "id": 1,
                    "is_deprecated": false,
                    "name": "fsn1",
                    "unavailable_after": ""
                  },
                  {
                    "deprecation_announced": "",
                    "id": 2,
                    "is_deprecated": false,
                    "name": "nbg1",
                    "unavailable_after": ""
                  },
                  {
                    "deprecation_announced": "",
                    "id": 3,
                    "is_deprecated": false,
                    "name": "hel1",
                    "unavailable_after": ""
                  }
                ],
                "memory": 32,
                "name": "cx53",
                "storage_type": "local",
                "unavailable_after": ""
              }
            ]
          },
          "sensitive_attributes": []
        }
      ]
    },
    {
      "module": "module.tenant",
      "mode": "managed",
      "type": "cloudflare_dns_record",
      "name": "faraday",
      "provider": "module.tenant.provider[\"registry.terraform.io/cloudflare/cloudflare\"]",
      "instances": [
        {
          "schema_version": 0,
          "attributes": {
            "comment": null,
            "comment_modified_on": null,
            "content": "157.180.88.232",
            "created_on": "2025-10-21T07:56:02Z",
            "data": null,
            "id": "035ee599baa7422d30f4bd2617ee37f4",
            "meta": "{}",
            "modified_on": "2025-10-21T07:56:02Z",
            "name": "faraday.demo.spm.openshield.io",
            "priority": null,
            "proxiable": true,
            "proxied": false,
            "settings": {
              "flatten_cname": null,
              "ipv4_only": null,
              "ipv6_only": null
            },
            "tags": [],
            "tags_modified_on": null,
            "ttl": 3600,
            "type": "A",
            "zone_id": "f92c4f6137dffe0e40aa658cc70e3fa8"
          },
          "sensitive_attributes": [],
          "dependencies": [
            "module.tenant.data.cloudflare_zone.openshield",
            "module.tenant.data.hcloud_server_type.selected",
            "module.tenant.data.hcloud_server_types.all",
            "module.tenant.hcloud_server.tenant_server",
            "module.tenant.hcloud_ssh_key.ssh_key",
            "module.tenant.tls_private_key.ssh_key"
          ]
        }
      ]
    },
    {
      "module": "module.tenant",
      "mode": "managed",
      "type": "hcloud_server",
      "name": "tenant_server",
      "provider": "module.tenant.provider[\"registry.terraform.io/hetznercloud/hcloud\"]",
      "instances": [
        {
          "schema_version": 0,
          "attributes": {
            "allow_deprecated_images": false,
            "backup_window": "",
            "backups": false,
            "datacenter": "hel1-dc2",
            "delete_protection": false,
            "firewall_ids": [],
            "id": "111234519",
            "ignore_remote_firewall_ids": false,
            "image": "ubuntu-22.04",
            "ipv4_address": "157.180.88.232",
            "ipv6_address": "2a01:4f9:c013:feed::1",
            "ipv6_network": "2a01:4f9:c013:feed::/64",
            "iso": null,
            "keep_disk": false,
            "labels": {
              "solution": "spm",
              "tenant": "demo"
            },
            "location": "hel1",
            "name": "spm-tenant-demo",
            "network": [],
            "placement_group_id": 0,
            "primary_disk_size": 80,
            "public_net": [],
            "rebuild_protection": false,
            "rescue": null,
            "server_type": "cpx21",
            "shutdown_before_deletion": false,
            "ssh_keys": [
              "103319024"
            ],
            "status": "running",
            "timeouts": null,
            "user_data": "tAVbZvGiw2iSGvaaJwkkdSncK6o="
          },
          "sensitive_attributes": [],
          "private": "eyJlMmJmYjczMC1lY2FhLTExZTYtOGY4OC0zNDM2M2JjN2M0YzAiOnsiY3JlYXRlIjo1NDAwMDAwMDAwMDAwfX0=",
          "dependencies": [
            "module.tenant.data.hcloud_server_type.selected",
            "module.tenant.data.hcloud_server_types.all",
            "module.tenant.hcloud_ssh_key.ssh_key",
            "module.tenant.tls_private_key.ssh_key"
          ]
        }
      ]
    },
    {
      "module": "module.tenant",
      "mode": "managed",
      "type": "hcloud_ssh_key",
      "name": "ssh_key",
      "provider": "module.tenant.provider[\"registry.terraform.io/hetznercloud/hcloud\"]",
      "instances": [
        {
          "schema_version": 0,
          "attributes": {
            "fingerprint": "98:c1:07:43:66:a1:5c:0a:92:0b:08:94:45:32:ec:64",
            "id": "103319024",
            "labels": {
              "solution": "spm",
              "tenant": "demo"
            },
            "name": "demo-ssh-key",
            "public_key": "ssh-rsa AAAAB3NzaC1yc2EAAAADAQABAAACAQCoudXFmI/WPztJUfL8DBnvtM1yRdKhaBYeolR01+lpsNOZXPIYyUScxlxCrPQKUB0ZlqycO/oy+BsdkdmcNdoJiEf6zcGrVL5gYDvn9esTeo/ZGlZ4pTXhwRfpCsqUT0KjiIA/D97Y/8S6sWGMFIdmgReIjjhj7rjcK963zzw0uA1g6USOsdb9sxPBaNiSNlw8DNlFVvjtJnACmgnwbP+Da7OAr2qVPCaDl2WyRQWR3fIqCA2M/I5uE3R4qYkA+CbX0vsWcIS13Ia7esBICRqfyt8GC5eU4ygbM7QSgliDJeaLpBjT64x35DscOS9QRFKWAafiGhnfszZmFckF5bYlM7/Iijv6mF7Vs0XXP9LyjgYnTmd6P+oHxr6H75movcTaaStig6fYIvssGkFn/rD4iEkzkdOJgdUd9cDy/+gKk0h/2FSy5MkG26D29qcbEMz+BC/ULf11sfAvr8glcIG+0A2jtQmHSYjiz49qVJHIHH2Hm5lGf30jedCng06V4hTM5Ah2g/sSZ0S9l8Qpb+iqSm2y/9+kRo2USx+YtjTEzgYbpWPaC9IupWRESYv7JSAv62KY9jBrMEVDMGnKr9Jx8/Sx4z38DfE8FYxbCx3Ki3AqmnP8epficJld1cbsVcXpb6/oT5aNYzYqhFtdebOuEx+Zq25u9b5jXRbKQnp/Fw==\n"
          },
          "sensitive_attributes": [],
          "dependencies": [
            "module.tenant.tls_private_key.ssh_key"
          ]
        }
      ]
    },
    {
      "module": "module.tenant",
      "mode": "managed",
      "type": "hcloud_volume",
      "name": "tenant_volume",
      "provider": "module.tenant.provider[\"registry.terraform.io/hetznercloud/hcloud\"]",
      "instances": [
        {
          "schema_version": 0,
          "attributes": {
            "automount": true,
            "delete_protection": false,
            "format": "ext4",
            "id": "103780250",
            "labels": {
              "solution": "spm",
              "tenant": "demo"
            },
            "linux_device": "/dev/disk/by-id/scsi-0HC_Volume_103780250",
            "location": "hel1",
            "name": "spm-tenant-demo-volume",
            "server_id": 111234519,
            "size": 50
          },
          "sensitive_attributes": [],
          "private": "bnVsbA==",
          "dependencies": [
            "module.tenant.data.hcloud_server_type.selected",
            "module.tenant.data.hcloud_server_types.all",
            "module.tenant.hcloud_server.tenant_server",
            "module.tenant.hcloud_ssh_key.ssh_key",
            "module.tenant.tls_private_key.ssh_key"
          ]
        }
      ]
    },
    {
      "module": "module.tenant",
      "mode": "managed",
      "type": "local_file",
      "name": "configure_faraday_nginx_sh",
      "provider": "provider[\"registry.terraform.io/hashicorp/local\"]",
      "instances": [
        {
          "schema_version": 0,
          "attributes": {
            "content": "#!/usr/bin/env bash\n\necho \"Configuring Nginx for Faraday...\"\n\n# Request LetsEncrypt certificate for the domain\nsudo certbot certonly --nginx -d faraday.demo.spm.openshield.io --non-interactive --agree-tos -m certbot@cyberdef.cc --redirect | sudo tee /opt/faraday/certbot.log 2\u003e\u00261\n\n# Extract certificate and key paths\nCERT_PATH=$(grep -iE 'certificate is saved at:' /opt/faraday/certbot.log | awk '{print $5}')\nKEY_PATH=$(grep -iE 'key is saved at:' /opt/faraday/certbot.log | awk '{print $5}')\nif [ -z \"$CERT_PATH\" ] || [ -z \"$KEY_PATH\" ]; then\n    echo \"Failed to obtain SSL certificate. Check certbot log at /opt/faraday/certbot.log\"\n    exit 1\nfi\n\n# Generate Nginx configuration for Faraday\necho y | sudo faraday-manage generate-nginx-config --fqdn faraday.demo.spm.openshield.io --port 5985 --ws-port 9000 --ssl-certificate $CERT_PATH --ssl-key $KEY_PATH | awk 'BEGIN{p=0} /^.*NGINX Config$/{getline; getline; p=1} p{print}' | sudo tee /opt/faraday/faraday.conf 2\u003e\u00261\n\n# Move the generated config to Nginx sites-available\nsudo mv /opt/faraday/faraday.conf /etc/nginx/sites-available/faraday.conf\nsudo ln -sf /etc/nginx/sites-available/faraday.conf /etc/nginx/sites-enabled/faraday.conf\n\n# Test Nginx configuration\nsudo nginx -t\nif [ $? -ne 0 ]; then\n    echo \"Nginx configuration test failed. Please check the configuration file.\"\n    exit 1\nfi\n\n# Wait until no jobs for systemd-sysctl remain\nwhile systemctl list-jobs | grep -q systemd-sysctl; do sleep 1; done\n\n# Reload Nginx to apply the new configuration\nsudo systemctl reload nginx",
            "content_base64": null,
            "content_base64sha256": "zReJ6++nprJvqKbpcrbrCRqcb7Vt/Gg/WtZFkJdx9fE=",
            "content_base64sha512": "yNFmfuaYhcCKQ9WmKmz/1Jn4YaTjfLOAcJzTJPNMa1Elw5aOhndY8wA9ADn5y8BNCNcaxAOWoeL6GAzKWr87Vw==",
            "content_md5": "b534f353eb32e59fcb9678a99660004a",
            "content_sha1": "2a7258cf017d8aeb1db86048887cc12f02460efe",
            "content_sha256": "cd1789ebefa7a6b26fa8a6e972b6eb091a9c6fb56dfc683f5ad645909771f5f1",
            "content_sha512": "c8d1667ee69885c08a43d5a62a6cffd499f861a4e37cb380709cd324f34c6b5125c3968e867758f3003d0039f9cbc04d08d71ac40396a1e2fa180cca5abf3b57",
            "directory_permission": "0777",
            "file_permission": "0777",
            "filename": "modules/tenant/_rendered/configure-faraday-nginx.sh",
            "id": "2a7258cf017d8aeb1db86048887cc12f02460efe",
            "sensitive_content": null,
            "source": null
          },
          "sensitive_attributes": []
        }
      ]
    },
    {
      "module": "module.tenant",
      "mode": "managed",
      "type": "local_file",
      "name": "configure_faraday_sh",
      "provider": "provider[\"registry.terraform.io/hashicorp/local\"]",
      "instances": [
        {
          "schema_version": 0,
          "attributes": {
            "content": "# !/bin/bash\n\n# Install faraday-cli\nsudo pip3 install faraday-cli\n\n# Authenticate faraday-cli\nfaraday-cli auth -u faraday -p 8@HrlTpQFfnHGJ2k -f https://faraday.demo.spm.openshield.io\n\n# Create a default workspace\nfaraday-cli workspace create default",
            "content_base64": null,
            "content_base64sha256": "JnvOEvX3/XxVfNSL3wtuE/FZQrCOyR/i1TYnfJ7NDKw=",
            "content_base64sha512": "QfJNecTiSB7S0dwb8hZ+2qsbDkDzQ849qZaTUZviW3TyNEyETytU3z5YFT+g4oA3LOEauarDjmaSC+GQJukDCg==",
            "content_md5": "7b713b442ad29a47a19c7cedcf064d3b",
            "content_sha1": "a15fb45ae439d964d96e543b2f0432901a23027d",
            "content_sha256": "267bce12f5f7fd7c557cd48bdf0b6e13f15942b08ec91fe2d536277c9ecd0cac",
            "content_sha512": "41f24d79c4e2481ed2d1dc1bf2167edaab1b0e40f343ce3da99693519be25b74f2344c844f2b54df3e58153fa0e280372ce11ab9aac38e66920be19026e9030a",
            "directory_permission": "0777",
            "file_permission": "0777",
            "filename": "modules/tenant/_rendered/configure-faraday.sh",
            "id": "a15fb45ae439d964d96e543b2f0432901a23027d",
            "sensitive_content": null,
            "source": null
          },
          "sensitive_attributes": [
            [
              {
                "type": "get_attr",
                "value": "content"
              }
            ]
          ],
          "dependencies": [
            "module.tenant.random_password.faraday_password"
          ]
        }
      ]
    },
    {
      "module": "module.tenant",
      "mode": "managed",
      "type": "local_file",
      "name": "install_faraday_sh",
      "provider": "provider[\"registry.terraform.io/hashicorp/local\"]",
      "instances": [
        {
          "schema_version": 0,
          "attributes": {
            "content": "# !/bin/bash\n\n# A helper script to install Faraday on an Ubuntu server.\n# OS: Ubuntu 20.04 or later\n# Usage: ./install-faraday.sh \u003cVERSION|latest\u003e\n# Example: ./install-faraday.sh latest\n#\n# Author: YordanOpenShield\n\necho \"Starting Faraday installation...\"\n\n# Create necessary directories\nsudo mkdir -p /opt/faraday\ncd /opt/faraday\n\n# Get latest version tag\nVERSION=latest\nif [ -z \"$VERSION\" ] || [ \"$VERSION\" = \"latest\" ]; then\n  echo \"Fetching latest Faraday release from GitHub...\"\n  # prefer jq if available\n  if command -v jq \u003e/dev/null 2\u003e\u00261; then\n    VERSION=$(curl -s https://api.github.com/repos/infobyte/faraday/releases/latest | jq -r .tag_name)\n  else\n    VERSION=$(curl -s https://api.github.com/repos/infobyte/faraday/releases/latest | grep -oP '\"tag_name\":\\s*\"\\K(.*)(?=\")' || true)\n  fi\n\n  if [ -z \"$VERSION\" ]; then\n    echo \"Failed to determine latest Faraday version.\"\n    exit 1\n  fi\n  echo \"Latest version is $VERSION\"\nfi\n\n# Download Faraday\nsudo wget https://github.com/infobyte/faraday/releases/download/$VERSION/faraday-server_amd64.deb\n\n# Wait until no jobs for systemd-sysctl remain\nwhile systemctl list-jobs | grep -q systemd-sysctl; do sleep 1; done\n\n# Make sure dependencies are installed\nsudo apt-get install -y postgresql redis python3 python3-pip\n\n# Wait until no jobs for systemd-sysctl remain\nwhile systemctl list-jobs | grep -q systemd-sysctl; do sleep 1; done\n\n# Install Faraday\nsudo apt install -f /opt/faraday/faraday-server_amd64.deb -y\n\n# Add current user to faraday group\nsudo usermod -aG faraday $(whoami)\n\n# Initialize Faraday database\nsudo faraday-manage initdb\n\n# Change faraday's admin password\nsudo faraday-manage change-password --username faraday --password 8@HrlTpQFfnHGJ2k\n\n# Wait until no jobs for systemd-sysctl remain\nwhile systemctl list-jobs | grep -q systemd-sysctl; do sleep 1; done\n\n# Reload systemd to recognize Faraday services\nsudo systemctl daemon-reload\n\n# Start and enable Faraday services\nsudo systemctl start faraday-server\nsudo systemctl enable faraday-server\n\nsudo systemctl start faraday-worker\nsudo systemctl enable faraday-worker\n\n# Make sure Faraday is running\nif systemctl is-active --quiet faraday-server; then\n    echo \"Faraday server is running.\"\nelse\n    echo \"Faraday server failed to start.\"\n    exit 1\nfi",
            "content_base64": null,
            "content_base64sha256": "EkS77T3/lTsXcV3Sw5YKPUGzFiA7Z8NeVRiLnZfuZI4=",
            "content_base64sha512": "CCYIH5nQRjG1bCbtPWwaUIIcGPycP2hFuCTgmq3Psm8FFkxeSjOw4PEUopMa2Nm98NbbjxlYjjUzFW3q56zFIg==",
            "content_md5": "d11e8e136a99482f59367a7f64a16f2b",
            "content_sha1": "6f0428dd7a191211b70545d38bff2353582c59eb",
            "content_sha256": "1244bbed3dff953b17715dd2c3960a3d41b316203b67c35e55188b9d97ee648e",
            "content_sha512": "0826081f99d04631b56c26ed3d6c1a50821c18fc9c3f6845b824e09aadcfb26f05164c5e4a33b0e0f114a2931ad8d9bdf0d6db8f19588e3533156deae7acc522",
            "directory_permission": "0777",
            "file_permission": "0777",
            "filename": "modules/tenant/_rendered/install-faraday.sh",
            "id": "6f0428dd7a191211b70545d38bff2353582c59eb",
            "sensitive_content": null,
            "source": null
          },
          "sensitive_attributes": [
            [
              {
                "type": "get_attr",
                "value": "content"
              }
            ]
          ],
          "dependencies": [
            "module.tenant.random_password.faraday_password"
          ]
        }
      ]
    },
    {
      "module": "module.tenant",
      "mode": "managed",
      "type": "local_file",
      "name": "install_nginx_sh",
      "provider": "provider[\"registry.terraform.io/hashicorp/local\"]",
      "instances": [
        {
          "schema_version": 0,
          "attributes": {
            "content": "# !/bin/bash\n\necho \"Starting Nginx installation...\"\n\n# Wait until no jobs for systemd-sysctl remain\nwhile systemctl list-jobs | grep -q systemd-sysctl; do sleep 1; done\n\n# Install Nginx\nsudo apt install -y nginx\nsudo systemctl start nginx\nsudo systemctl enable nginx\n\n# Wait until no jobs for systemd-sysctl remain\nwhile systemctl list-jobs | grep -q systemd-sysctl; do sleep 1; done\n\n# Install certbot\nsudo apt install -y certbot python3-certbot-nginx",
            "content_base64": null,
            "content_base64sha256": "o6M6E7f0GIFj17QSTBRg6H8CxKUVKGDfnV/Zs8cw7vA=",
            "content_base64sha512": "Ry6u5/w2JzEtqDd7A+byWE8n+B5CjDjXXJq+DQjoDBqIe51NiOR0+cRpYIX+hiXD6rI9K+orE2osTPmlta54TA==",
            "content_md5": "749c7b5e3697f2eda1194d4b79b5c712",
            "content_sha1": "7ce42c69fb86bddc72d39016c03f879316ec15b2",
            "content_sha256": "a3a33a13b7f4188163d7b4124c1460e87f02c4a5152860df9d5fd9b3c730eef0",
            "content_sha512": "472eaee7fc3627312da8377b03e6f2584f27f81e428c38d75c9abe0d08e80c1a887b9d4d88e474f9c4696085fe8625c3eab23d2bea2b136a2c4cf9a5b5ae784c",
            "directory_permission": "0777",
            "file_permission": "0777",
            "filename": "modules/tenant/_rendered/install-nginx.sh",
            "id": "7ce42c69fb86bddc72d39016c03f879316ec15b2",
            "sensitive_content": null,
            "source": null
          },
          "sensitive_attributes": []
        }
      ]
    },
    {
      "module": "module.tenant",
      "mode": "managed",
      "type": "null_resource",
      "name": "provision_faraday_scripts",
      "provider": "provider[\"registry.terraform.io/hashicorp/null\"]",
      "instances": [
        {
          "status": "tainted",
          "schema_version": 0,
          "attributes": {
            "id": "5519606161481688342",
            "triggers": {
              "always_run": "2025-10-21T07:56:22Z"
            }
          },
          "sensitive_attributes": [],
          "dependencies": [
            "module.tenant.cloudflare_dns_record.faraday",
            "module.tenant.data.cloudflare_zone.openshield",
            "module.tenant.data.hcloud_server_type.selected",
            "module.tenant.data.hcloud_server_types.all",
            "module.tenant.hcloud_server.tenant_server",
            "module.tenant.hcloud_ssh_key.ssh_key",
            "module.tenant.hcloud_volume.tenant_volume",
            "module.tenant.local_file.configure_faraday_nginx_sh",
            "module.tenant.local_file.install_faraday_sh",
            "module.tenant.local_file.install_nginx_sh",
            "module.tenant.random_password.faraday_password",
            "module.tenant.tls_private_key.ssh_key"
          ]
        }
      ]
    },
    {
      "module": "module.tenant",
      "mode": "managed",
      "type": "random_password",
      "name": "faraday_password",
      "provider": "provider[\"registry.terraform.io/hashicorp/random\"]",
      "instances": [
        {
          "schema_version": 3,
          "attributes": {
            "bcrypt_hash": "$2a$10$I5jSvWJPGvh62Cr9DBiuje2vYGydvIHuB/KpRqsQ6VXYCHasBvOTi",
            "id": "none",
            "keepers": null,
            "length": 16,
            "lower": true,
            "min_lower": 0,
            "min_numeric": 0,
            "min_special": 0,
            "min_upper": 0,
            "number": true,
            "numeric": true,
            "override_special": "_%@",
            "result": "8@HrlTpQFfnHGJ2k",
            "special": true,
            "upper": true
          },
          "sensitive_attributes": []
        }
      ]
    },
    {
      "module": "module.tenant",
      "mode": "managed",
      "type": "tls_private_key",
      "name": "ssh_key",
      "provider": "provider[\"registry.terraform.io/hashicorp/tls\"]",
      "instances": [
        {
          "schema_version": 1,
          "attributes": {
            "algorithm": "RSA",
            "ecdsa_curve": "P224",
            "id": "0a050121a93399c610664a9cca8af4861a351ec6",
            "private_key_openssh": "-----BEGIN OPENSSH PRIVATE KEY-----\nb3BlbnNzaC1rZXktdjEAAAAABG5vbmUAAAAEbm9uZQAAAAAAAAABAAACFwAAAAdz\nc2gtcnNhAAAAAwEAAQAAAgEAqLnVxZiP1j87SVHy/AwZ77TNckXSoWgWHqJUdNfp\nabDTmVzyGMlEnMZcQqz0ClAdGZasnDv6MvgbHZHZnDXaCYhH+s3Bq1S+YGA75/Xr\nE3qP2RpWeKU14cEX6QrKlE9Co4iAPw/e2P/EurFhjBSHZoEXiI44Y+643Cvet888\nNLgNYOlEjrHW/bMTwWjYkjZcPAzZRVb47SZwApoJ8Gz/g2uzgK9qlTwmg5dlskUF\nkd3yKggNjPyObhN0eKmJAPgm19L7FnCEtdyGu3rASAkan8rfBguXlOMoGzO0EoJY\ngyXmi6QY0+uMd+Q7HDkvUERSlgGn4hoZ37M2ZhXJBeW2JTO/yIo7+phe1bNF1z/S\n8o4GJ05nej/qB8a+h++ZqL3E2mkrYoOn2CL7LBpBZ/6w+IhJM5HTiYHVHfXA8v/o\nCpNIf9hUsuTJBtug9vanGxDM/gQv1C39dbHwL6/IJXCBvtANo7UJh0mI4s+PalSR\nyBx9h5uZRn99I3nQp4NOleIUzOQIdoP7EmdEvZfEKW/oqkptsv/fpEaNlEsfmLY0\nxM4GG6Vj2gvSLqVkREmL+yUgL+timPYwazBFQzBpyq/ScfP0seM9/A3xPBWMWwsd\nyotwKppz/HqX4nCZXdXG7FXF6W+v6E+WjWM2KoRbXXmzrhMfmatubvW+Y10WykJ6\nfxcAAAc4LF2ZqyxdmasAAAAHc3NoLXJzYQAAAgEAqLnVxZiP1j87SVHy/AwZ77TN\nckXSoWgWHqJUdNfpabDTmVzyGMlEnMZcQqz0ClAdGZasnDv6MvgbHZHZnDXaCYhH\n+s3Bq1S+YGA75/XrE3qP2RpWeKU14cEX6QrKlE9Co4iAPw/e2P/EurFhjBSHZoEX\niI44Y+643Cvet888NLgNYOlEjrHW/bMTwWjYkjZcPAzZRVb47SZwApoJ8Gz/g2uz\ngK9qlTwmg5dlskUFkd3yKggNjPyObhN0eKmJAPgm19L7FnCEtdyGu3rASAkan8rf\nBguXlOMoGzO0EoJYgyXmi6QY0+uMd+Q7HDkvUERSlgGn4hoZ37M2ZhXJBeW2JTO/\nyIo7+phe1bNF1z/S8o4GJ05nej/qB8a+h++ZqL3E2mkrYoOn2CL7LBpBZ/6w+IhJ\nM5HTiYHVHfXA8v/oCpNIf9hUsuTJBtug9vanGxDM/gQv1C39dbHwL6/IJXCBvtAN\no7UJh0mI4s+PalSRyBx9h5uZRn99I3nQp4NOleIUzOQIdoP7EmdEvZfEKW/oqkpt\nsv/fpEaNlEsfmLY0xM4GG6Vj2gvSLqVkREmL+yUgL+timPYwazBFQzBpyq/ScfP0\nseM9/A3xPBWMWwsdyotwKppz/HqX4nCZXdXG7FXF6W+v6E+WjWM2KoRbXXmzrhMf\nmatubvW+Y10WykJ6fxcAAAADAQABAAACADxRezfRq5I3NrWmg0xR8y+7njq89WjY\nchfvhmvjCEHNgkfwb2gnA81cKH15oSDStSSBtiGAW5i/E8qFapsqsVD5FGp4BkV+\n3TRNEv2A79Id3bEKdmFZBqM3SZn5TqSolTUrRlXFEbDX9vebFDlk2WbuvYAG/+fR\n3upvEIb7ohViuv2rRuQQdcBqtaROHCZhIqYhHcdpKUJ2nFKByQ3XmZzc8uYNT/gb\n8dTXWfbaL/yOsNUP3fBKFY0KjXfZe+4JyLEdbr/956OwO8ZoQrc98fOwLfzWRhFn\nB955pGV9jbEM6pd/SZTxP11ZDTywwNZcJn4UB3WQSTGsusTSAvSFw5CCjzrHA1Vr\nb0AbOz+uV1pcl1CZmfUxY4ONNi46JFS+0F8WKgHHX6TGDn8IDnFRsnFuqmu1li4/\nQRlL0JBlHKGaL83BBou1BPdNnfKLtT0jCuauzZEeRjZ26jubXtPmZ8B+FI/FitEL\nNWAG4INc/R8MsgphS8/URjlEsqApfgr8S3T7jSOiS/Hu7eU8O6/+SK9hCUxNcNNV\nqou2JKtIuh/cUV+6lYzcLTeNV/Wy/JlwH6sJV/8fZLLUcBMqblYe9dZkalnvNRoL\n0ov0DKnQu0UmarcOdAEJig2bzQzU6rjQHCw68YLKtkyonjg2YYVUWkrO1WE1j8ya\nkXtukcoPto65AAABAQCFZjHbwqFbZAlWgLqVbmex2W6w5ZehK5u1p0Gxz/gkD4Zl\nWTEgpUKuKVpjVdjxlsgbKSCS9IvXLm0UYhWfGPgabjNyVj48s0NrQrKL0lp+NmHo\n6UncuscG3SSKq2chlKi9kn+v3lFgruXU+YRDp013x0pbz1E6CnP294guYDbNUPhB\nGRo0fs1hWYG3P22hSOhSAnhjmf4xc07PBxSUa+eBIHFea+A/vFoZSa1fyt9jvUoA\nGu2SgCWYovW/0/xW3mS0bkSOaD5YBHDQA25MlRixV/tk1Srxf/oKYQ6nonEIkzWw\nHWiMaaTe2psKI9r4HVMIqqXtyjMWxmCX+3tb+EcaAAABAQDQQRnVFKM2mJm6pzcX\nu0xsm3E3VztljfkoNkSu33tpPsIV8yndxduQE51T0/Z+sL6wjkgYKEZ0g9/n6UPd\nBF1tN8idqSSBfI0VPVyZiftUX8vp061ETf3d7h4fahubdMPar/kTitfqybAxCz+4\nDnG9oeTEmEpgfrrdzNqii51e/mcOFf3SXQsVlSO+G777FDPTnLzZGo0Zhgf3mIY3\nsNAUA7J/SuG1hb7f+fGabLKtWz9w3V+qMEsbv0jqxrWMhUZ1Jj12TkGo2vA3Ucj1\nQDYTgKoTgOeLu1dClKxHhlmDqMqHOCVEFZw+SVwwebhDQEzPgzN9iCD6S8BbOsH+\nOPQzAAABAQDPaLon9WQXlg2HGVfybmupqh3Oe5Gx4/wqzONYpoVzrKJjW3MJJYXC\nzc186HC5AfkJIYyvyi+kPjwnXl/YZC04wZ5XFkeOKBNXpRs5qMHOwtHdTJqxcUQA\nczJ9fgdT1hBuXeXJVn2Q9gkxj5qgLdjWJJpxzJ+BilylSCMQ4VdwXYbxfepCrENz\nH5B5SS1HSo+6wvX38qgzHe7EhtPClXnRrIbkPVyf6965lk1dBvSsr5CsfM4imfhF\n4UYhTO5VjbATiBgqeCe9DQh0h11OM8rXw3k3JAnkJwSZGmBDDJOex9WtMZVCikTu\nN3r7055lV0v3e6mY5KGLiUxvXR+fTQWNAAAAAAEC\n-----END OPENSSH PRIVATE KEY-----\n",
            "private_key_pem": "-----BEGIN RSA PRIVATE KEY-----\nMIIJKAIBAAKCAgEAqLnVxZiP1j87SVHy/AwZ77TNckXSoWgWHqJUdNfpabDTmVzy\nGMlEnMZcQqz0ClAdGZasnDv6MvgbHZHZnDXaCYhH+s3Bq1S+YGA75/XrE3qP2RpW\neKU14cEX6QrKlE9Co4iAPw/e2P/EurFhjBSHZoEXiI44Y+643Cvet888NLgNYOlE\njrHW/bMTwWjYkjZcPAzZRVb47SZwApoJ8Gz/g2uzgK9qlTwmg5dlskUFkd3yKggN\njPyObhN0eKmJAPgm19L7FnCEtdyGu3rASAkan8rfBguXlOMoGzO0EoJYgyXmi6QY\n0+uMd+Q7HDkvUERSlgGn4hoZ37M2ZhXJBeW2JTO/yIo7+phe1bNF1z/S8o4GJ05n\nej/qB8a+h++ZqL3E2mkrYoOn2CL7LBpBZ/6w+IhJM5HTiYHVHfXA8v/oCpNIf9hU\nsuTJBtug9vanGxDM/gQv1C39dbHwL6/IJXCBvtANo7UJh0mI4s+PalSRyBx9h5uZ\nRn99I3nQp4NOleIUzOQIdoP7EmdEvZfEKW/oqkptsv/fpEaNlEsfmLY0xM4GG6Vj\n2gvSLqVkREmL+yUgL+timPYwazBFQzBpyq/ScfP0seM9/A3xPBWMWwsdyotwKppz\n/HqX4nCZXdXG7FXF6W+v6E+WjWM2KoRbXXmzrhMfmatubvW+Y10WykJ6fxcCAwEA\nAQKCAgA8UXs30auSNza1poNMUfMvu546vPVo2HIX74Zr4whBzYJH8G9oJwPNXCh9\neaEg0rUkgbYhgFuYvxPKhWqbKrFQ+RRqeAZFft00TRL9gO/SHd2xCnZhWQajN0mZ\n+U6kqJU1K0ZVxRGw1/b3mxQ5ZNlm7r2ABv/n0d7qbxCG+6IVYrr9q0bkEHXAarWk\nThwmYSKmIR3HaSlCdpxSgckN15mc3PLmDU/4G/HU11n22i/8jrDVD93wShWNCo13\n2XvuCcixHW6//eejsDvGaEK3PfHzsC381kYRZwfeeaRlfY2xDOqXf0mU8T9dWQ08\nsMDWXCZ+FAd1kEkxrLrE0gL0hcOQgo86xwNVa29AGzs/rldaXJdQmZn1MWODjTYu\nOiRUvtBfFioBx1+kxg5/CA5xUbJxbqprtZYuP0EZS9CQZRyhmi/NwQaLtQT3TZ3y\ni7U9Iwrmrs2RHkY2duo7m17T5mfAfhSPxYrRCzVgBuCDXP0fDLIKYUvP1EY5RLKg\nKX4K/Et0+40jokvx7u3lPDuv/kivYQlMTXDTVaqLtiSrSLof3FFfupWM3C03jVf1\nsvyZcB+rCVf/H2Sy1HATKm5WHvXWZGpZ7zUaC9KL9Ayp0LtFJmq3DnQBCYoNm80M\n1Oq40BwsOvGCyrZMqJ44NmGFVFpKztVhNY/MmpF7bpHKD7aOuQKCAQEA0EEZ1RSj\nNpiZuqc3F7tMbJtxN1c7ZY35KDZErt97aT7CFfMp3cXbkBOdU9P2frC+sI5IGChG\ndIPf5+lD3QRdbTfInakkgXyNFT1cmYn7VF/L6dOtRE393e4eH2obm3TD2q/5E4rX\n6smwMQs/uA5xvaHkxJhKYH663czaooudXv5nDhX90l0LFZUjvhu++xQz05y82RqN\nGYYH95iGN7DQFAOyf0rhtYW+3/nxmmyyrVs/cN1fqjBLG79I6sa1jIVGdSY9dk5B\nqNrwN1HI9UA2E4CqE4Dni7tXQpSsR4ZZg6jKhzglRBWcPklcMHm4Q0BMz4MzfYgg\n+kvAWzrB/jj0MwKCAQEAz2i6J/VkF5YNhxlX8m5rqaodznuRseP8KszjWKaFc6yi\nY1tzCSWFws3NfOhwuQH5CSGMr8ovpD48J15f2GQtOMGeVxZHjigTV6UbOajBzsLR\n3UyasXFEAHMyfX4HU9YQbl3lyVZ9kPYJMY+aoC3Y1iSaccyfgYpcpUgjEOFXcF2G\n8X3qQqxDcx+QeUktR0qPusL19/KoMx3uxIbTwpV50ayG5D1cn+veuZZNXQb0rK+Q\nrHzOIpn4ReFGIUzuVY2wE4gYKngnvQ0IdIddTjPK18N5NyQJ5CcEmRpgQwyTnsfV\nrTGVQopE7jd6+9OeZVdL93upmOShi4lMb10fn00FjQKCAQBp5UCqfkUEJRK+u/qi\nwaX58Azg9CWK3Wed0AKa3Z8WhEgS+0QFtm+QUrkEgFruTxeYFbGJPymcY9Z+Sbot\nb+PF/sCvkuuyQFBJRZuJo4U+gTviWbXYbsQxjryYgs8o/HX/BM5l5osmo4pJVgv/\nnrCtmd4HLd1cNfT1hg6C6vWJ8Vkb64jW6GMThXPYXql9aOd1qlTJHNw051ezykYt\nmWYlVz/zxHMDZ9AIekMloDI3PpgC3z6e/tGieWEtqP92Reru9RP5zY9LupC9wIOs\nWgtlXV6ebkTPY+LaQ1lbQXDRJwpdOeqRNV/uuET9jVdqMw8b0f5jzc3fGJfmi/lL\nOVDLAoIBABYK5kXa4YFUNCnYeq1MKOsGJlbMcSZ7uU//KGZChEpP3Y47qNUfBME4\nSA9vUJOI7yOWSjJghYGqD5CLihogQ2IVybMtrfsgrTWSWXteQQKtV8pyGrqi8/ws\nQgBuRW8Wf/aKyiIErCGc1EtNHLzLQpE3oKZZfdYxkzkJmphvqnBJsE63+A6P6jcw\n8pTBPyulc/MAR03Lny6XjsmaHqU+Z4zuDgPxtYdVdP06SQyK8bPskK6UMQAiZu1e\nTKq7V1UGUuEwhIj27ho8aVqhDDyEaplVr+s5TEfQEcAHupVFn+avDDl03I0OztaW\nVN6wldPlXDB4FwUlvzlqJRJszjCK6f0CggEBAIVmMdvCoVtkCVaAupVuZ7HZbrDl\nl6Erm7WnQbHP+CQPhmVZMSClQq4pWmNV2PGWyBspIJL0i9cubRRiFZ8Y+BpuM3JW\nPjyzQ2tCsovSWn42YejpSdy6xwbdJIqrZyGUqL2Sf6/eUWCu5dT5hEOnTXfHSlvP\nUToKc/b3iC5gNs1Q+EEZGjR+zWFZgbc/baFI6FICeGOZ/jFzTs8HFJRr54EgcV5r\n4D+8WhlJrV/K32O9SgAa7ZKAJZii9b/T/FbeZLRuRI5oPlgEcNADbkyVGLFX+2TV\nKvF/+gphDqeicQiTNbAdaIxppN7amwoj2vgdUwiqpe3KMxbGYJf7e1v4Rxo=\n-----END RSA PRIVATE KEY-----\n",
            "private_key_pem_pkcs8": "-----BEGIN PRIVATE KEY-----\nMIIJQgIBADANBgkqhkiG9w0BAQEFAASCCSwwggkoAgEAAoICAQCoudXFmI/WPztJ\nUfL8DBnvtM1yRdKhaBYeolR01+lpsNOZXPIYyUScxlxCrPQKUB0ZlqycO/oy+Bsd\nkdmcNdoJiEf6zcGrVL5gYDvn9esTeo/ZGlZ4pTXhwRfpCsqUT0KjiIA/D97Y/8S6\nsWGMFIdmgReIjjhj7rjcK963zzw0uA1g6USOsdb9sxPBaNiSNlw8DNlFVvjtJnAC\nmgnwbP+Da7OAr2qVPCaDl2WyRQWR3fIqCA2M/I5uE3R4qYkA+CbX0vsWcIS13Ia7\nesBICRqfyt8GC5eU4ygbM7QSgliDJeaLpBjT64x35DscOS9QRFKWAafiGhnfszZm\nFckF5bYlM7/Iijv6mF7Vs0XXP9LyjgYnTmd6P+oHxr6H75movcTaaStig6fYIvss\nGkFn/rD4iEkzkdOJgdUd9cDy/+gKk0h/2FSy5MkG26D29qcbEMz+BC/ULf11sfAv\nr8glcIG+0A2jtQmHSYjiz49qVJHIHH2Hm5lGf30jedCng06V4hTM5Ah2g/sSZ0S9\nl8Qpb+iqSm2y/9+kRo2USx+YtjTEzgYbpWPaC9IupWRESYv7JSAv62KY9jBrMEVD\nMGnKr9Jx8/Sx4z38DfE8FYxbCx3Ki3AqmnP8epficJld1cbsVcXpb6/oT5aNYzYq\nhFtdebOuEx+Zq25u9b5jXRbKQnp/FwIDAQABAoICADxRezfRq5I3NrWmg0xR8y+7\nnjq89WjYchfvhmvjCEHNgkfwb2gnA81cKH15oSDStSSBtiGAW5i/E8qFapsqsVD5\nFGp4BkV+3TRNEv2A79Id3bEKdmFZBqM3SZn5TqSolTUrRlXFEbDX9vebFDlk2Wbu\nvYAG/+fR3upvEIb7ohViuv2rRuQQdcBqtaROHCZhIqYhHcdpKUJ2nFKByQ3XmZzc\n8uYNT/gb8dTXWfbaL/yOsNUP3fBKFY0KjXfZe+4JyLEdbr/956OwO8ZoQrc98fOw\nLfzWRhFnB955pGV9jbEM6pd/SZTxP11ZDTywwNZcJn4UB3WQSTGsusTSAvSFw5CC\njzrHA1Vrb0AbOz+uV1pcl1CZmfUxY4ONNi46JFS+0F8WKgHHX6TGDn8IDnFRsnFu\nqmu1li4/QRlL0JBlHKGaL83BBou1BPdNnfKLtT0jCuauzZEeRjZ26jubXtPmZ8B+\nFI/FitELNWAG4INc/R8MsgphS8/URjlEsqApfgr8S3T7jSOiS/Hu7eU8O6/+SK9h\nCUxNcNNVqou2JKtIuh/cUV+6lYzcLTeNV/Wy/JlwH6sJV/8fZLLUcBMqblYe9dZk\nalnvNRoL0ov0DKnQu0UmarcOdAEJig2bzQzU6rjQHCw68YLKtkyonjg2YYVUWkrO\n1WE1j8yakXtukcoPto65AoIBAQDQQRnVFKM2mJm6pzcXu0xsm3E3VztljfkoNkSu\n33tpPsIV8yndxduQE51T0/Z+sL6wjkgYKEZ0g9/n6UPdBF1tN8idqSSBfI0VPVyZ\niftUX8vp061ETf3d7h4fahubdMPar/kTitfqybAxCz+4DnG9oeTEmEpgfrrdzNqi\ni51e/mcOFf3SXQsVlSO+G777FDPTnLzZGo0Zhgf3mIY3sNAUA7J/SuG1hb7f+fGa\nbLKtWz9w3V+qMEsbv0jqxrWMhUZ1Jj12TkGo2vA3Ucj1QDYTgKoTgOeLu1dClKxH\nhlmDqMqHOCVEFZw+SVwwebhDQEzPgzN9iCD6S8BbOsH+OPQzAoIBAQDPaLon9WQX\nlg2HGVfybmupqh3Oe5Gx4/wqzONYpoVzrKJjW3MJJYXCzc186HC5AfkJIYyvyi+k\nPjwnXl/YZC04wZ5XFkeOKBNXpRs5qMHOwtHdTJqxcUQAczJ9fgdT1hBuXeXJVn2Q\n9gkxj5qgLdjWJJpxzJ+BilylSCMQ4VdwXYbxfepCrENzH5B5SS1HSo+6wvX38qgz\nHe7EhtPClXnRrIbkPVyf6965lk1dBvSsr5CsfM4imfhF4UYhTO5VjbATiBgqeCe9\nDQh0h11OM8rXw3k3JAnkJwSZGmBDDJOex9WtMZVCikTuN3r7055lV0v3e6mY5KGL\niUxvXR+fTQWNAoIBAGnlQKp+RQQlEr67+qLBpfnwDOD0JYrdZ53QAprdnxaESBL7\nRAW2b5BSuQSAWu5PF5gVsYk/KZxj1n5Jui1v48X+wK+S67JAUElFm4mjhT6BO+JZ\ntdhuxDGOvJiCzyj8df8EzmXmiyajiklWC/+esK2Z3gct3Vw19PWGDoLq9YnxWRvr\niNboYxOFc9heqX1o53WqVMkc3DTnV7PKRi2ZZiVXP/PEcwNn0Ah6QyWgMjc+mALf\nPp7+0aJ5YS2o/3ZF6u71E/nNj0u6kL3Ag6xaC2VdXp5uRM9j4tpDWVtBcNEnCl05\n6pE1X+64RP2NV2ozDxvR/mPNzd8Yl+aL+Us5UMsCggEAFgrmRdrhgVQ0Kdh6rUwo\n6wYmVsxxJnu5T/8oZkKESk/djjuo1R8EwThID29Qk4jvI5ZKMmCFgaoPkIuKGiBD\nYhXJsy2t+yCtNZJZe15BAq1XynIauqLz/CxCAG5FbxZ/9orKIgSsIZzUS00cvMtC\nkTegpll91jGTOQmamG+qcEmwTrf4Do/qNzDylME/K6Vz8wBHTcufLpeOyZoepT5n\njO4OA/G1h1V0/TpJDIrxs+yQrpQxACJm7V5MqrtXVQZS4TCEiPbuGjxpWqEMPIRq\nmVWv6zlMR9ARwAe6lUWf5q8MOXTcjQ7O1pZU3rCV0+VcMHgXBSW/OWolEmzOMIrp\n/QKCAQEAhWYx28KhW2QJVoC6lW5nsdlusOWXoSubtadBsc/4JA+GZVkxIKVCrila\nY1XY8ZbIGykgkvSL1y5tFGIVnxj4Gm4zclY+PLNDa0Kyi9JafjZh6OlJ3LrHBt0k\niqtnIZSovZJ/r95RYK7l1PmEQ6dNd8dKW89ROgpz9veILmA2zVD4QRkaNH7NYVmB\ntz9toUjoUgJ4Y5n+MXNOzwcUlGvngSBxXmvgP7xaGUmtX8rfY71KABrtkoAlmKL1\nv9P8Vt5ktG5Ejmg+WARw0ANuTJUYsVf7ZNUq8X/6CmEOp6JxCJM1sB1ojGmk3tqb\nCiPa+B1TCKql7cozFsZgl/t7W/hHGg==\n-----END PRIVATE KEY-----\n",
            "public_key_fingerprint_md5": "98:c1:07:43:66:a1:5c:0a:92:0b:08:94:45:32:ec:64",
            "public_key_fingerprint_sha256": "SHA256:KjRaleyAQvFb9lg/+YhgjXMsNvK7KdrtVhZdPr5Lxt8",
            "public_key_openssh": "ssh-rsa AAAAB3NzaC1yc2EAAAADAQABAAACAQCoudXFmI/WPztJUfL8DBnvtM1yRdKhaBYeolR01+lpsNOZXPIYyUScxlxCrPQKUB0ZlqycO/oy+BsdkdmcNdoJiEf6zcGrVL5gYDvn9esTeo/ZGlZ4pTXhwRfpCsqUT0KjiIA/D97Y/8S6sWGMFIdmgReIjjhj7rjcK963zzw0uA1g6USOsdb9sxPBaNiSNlw8DNlFVvjtJnACmgnwbP+Da7OAr2qVPCaDl2WyRQWR3fIqCA2M/I5uE3R4qYkA+CbX0vsWcIS13Ia7esBICRqfyt8GC5eU4ygbM7QSgliDJeaLpBjT64x35DscOS9QRFKWAafiGhnfszZmFckF5bYlM7/Iijv6mF7Vs0XXP9LyjgYnTmd6P+oHxr6H75movcTaaStig6fYIvssGkFn/rD4iEkzkdOJgdUd9cDy/+gKk0h/2FSy5MkG26D29qcbEMz+BC/ULf11sfAvr8glcIG+0A2jtQmHSYjiz49qVJHIHH2Hm5lGf30jedCng06V4hTM5Ah2g/sSZ0S9l8Qpb+iqSm2y/9+kRo2USx+YtjTEzgYbpWPaC9IupWRESYv7JSAv62KY9jBrMEVDMGnKr9Jx8/Sx4z38DfE8FYxbCx3Ki3AqmnP8epficJld1cbsVcXpb6/oT5aNYzYqhFtdebOuEx+Zq25u9b5jXRbKQnp/Fw==\n",
            "public_key_pem": "-----BEGIN PUBLIC KEY-----\nMIICIjANBgkqhkiG9w0BAQEFAAOCAg8AMIICCgKCAgEAqLnVxZiP1j87SVHy/AwZ\n77TNckXSoWgWHqJUdNfpabDTmVzyGMlEnMZcQqz0ClAdGZasnDv6MvgbHZHZnDXa\nCYhH+s3Bq1S+YGA75/XrE3qP2RpWeKU14cEX6QrKlE9Co4iAPw/e2P/EurFhjBSH\nZoEXiI44Y+643Cvet888NLgNYOlEjrHW/bMTwWjYkjZcPAzZRVb47SZwApoJ8Gz/\ng2uzgK9qlTwmg5dlskUFkd3yKggNjPyObhN0eKmJAPgm19L7FnCEtdyGu3rASAka\nn8rfBguXlOMoGzO0EoJYgyXmi6QY0+uMd+Q7HDkvUERSlgGn4hoZ37M2ZhXJBeW2\nJTO/yIo7+phe1bNF1z/S8o4GJ05nej/qB8a+h++ZqL3E2mkrYoOn2CL7LBpBZ/6w\n+IhJM5HTiYHVHfXA8v/oCpNIf9hUsuTJBtug9vanGxDM/gQv1C39dbHwL6/IJXCB\nvtANo7UJh0mI4s+PalSRyBx9h5uZRn99I3nQp4NOleIUzOQIdoP7EmdEvZfEKW/o\nqkptsv/fpEaNlEsfmLY0xM4GG6Vj2gvSLqVkREmL+yUgL+timPYwazBFQzBpyq/S\ncfP0seM9/A3xPBWMWwsdyotwKppz/HqX4nCZXdXG7FXF6W+v6E+WjWM2KoRbXXmz\nrhMfmatubvW+Y10WykJ6fxcCAwEAAQ==\n-----END PUBLIC KEY-----\n",
            "rsa_bits": 4096
          },
          "sensitive_attributes": []
        }
      ]
    }
  ],
  "check_results": null
}
