{
  "version": 4,
  "terraform_version": "1.5.0",
  "serial": 677,
  "lineage": "2bdfdec5-8c30-28c5-2bba-a5d893c95ad2",
  "outputs": {
    "tenant_host": {
      "value": "157.180.88.232",
      "type": "string"
    },
    "tenant_name": {
      "value": "demo",
      "type": "string"
    },
    "tenant_ssh_private_key": {
      "value": "-----BEGIN RSA PRIVATE KEY-----\nMIIJKAIBAAKCAgEAzSER0OCJv01LKxGlSYiwaVTxpUtU1v4HnUCbZsxnOcTeDgxE\nIyg2wmdEq3sNXJ8MdJY/qNyMP+mHMRf6B5+sSxavElCvUWYWvfXr7vdL4C8azjS/\njSM6wtng41isIvnUw31YJJB+1NJHxo0RsUJdMAA9JyRq2ZhbrCcr18S8jHxed2fZ\nTun3xGWSEr2cYKDWZc/sbGjG5BjOnXzVRAGKKDYchjCa9+FqCtWvoIus2L0QKaNI\nm+IQU/OCRd6kONaGqZV4jTGk1e45X//befwbfbRPTNhyOnD8ZnsVLgts441GEtrd\neWe/qKGnAfLAL232Wj12RgGhHs+5c8XzydR1e6GPmdKcgEPzyNaNS7OzFFD4MaUt\ng5diWFUFJs6SSKoEKYwdsKEDXIXeQr1Q3UlmvvWr/vePEgdh+SeylFJboJC+iBGt\nn+E/GkvTrd3jGuGjiyx/kDnAmsX5M0rHdcH5yFyUAXWAbkt1kq9pIyp1GpEhvFLe\n4y82Ai+YyyfX3sAzft/6XI79wtyjEjg8EDiVLoSMKkHfPXcjTum3vsNavJa0wajC\n77TO65szv1Hawr7cal6TVmkMHjkBIB1fyH6VSMC8nJHANy4EXm8EyvMwTnx58hKK\nRSxV+BAPoUb6GfJ8kwvQongI28scdmqwDYXZWEuLwiOE3iF68I84yWGc+DkCAwEA\nAQKCAgBiiBf+tVx1P7NzpK44fCgA8ISCWYUPIEaYCoibAGQ1I5NmPA4etRpYlzIt\nDJaGfv+EoQdDHW1g5dPCiTnYn6IrD2JY8djEyLzz0kTaLH+N2BKQKlY4fUukfPPB\nQL6urkK9BGBqb938bGV9whVViAMrI3I8cwnAK6cdMlOk+SN4d+UIhiGj/k69T+yy\ng9GxuJBDp3RxPoMK3b+hdm0alYK/ff6FlqNZnjVJrwsFmxITqf0xgvVFq3kcWkOh\nPCi2BJX6r4mQiOAcwqlcq5HJLogmAY514yI7YDpdH5I049gSFbIrLGZmAqfVYJDQ\nJsKaBb/n6M3/Ipk6K51xNwy7Tgp/0yHD/d4wNpiBRl5oFK/5C1bH+yl/93soSWlb\nTQ+RrrgF3jJd+rqlXWE2An9UAk3lF+bmkpxT196PgXpuqjPdlvM6KQlQlVdA1okf\nvl+BX4yqyp4nsUSYodCQF9+dhmysV36ZZ6/HABodiRdl9IV1nfuWm5B6xG9yngFI\nmv+vU+dwKK9oGwezmga26oaAl3erhhZntRRmij7fT1i/iLisSG4Cwjmxxk1VpkRF\nOvS9a63/Y/zdSqFI+IUj3sIi87zc8BFIhw6fIL+c6reQFcfc7qxEuQU7Rq5zlE4M\nqNa9eP3T8bbyKp1GmGIwKLFLOcry+Jcki6TB2HCipQNJkrKq4QKCAQEA+9QgjgGR\nou6mLEEQxNJgqgFsTIwMykOcLNLYy7F5psWt4ogb3TqZ2dOBUR0/lWOClcMCtT/M\nEXbuY7y0XeiIMPw0bDBdrLhbiTExGMqMPg80LjIDXZALz7HG87+sGP1gfOakvn+m\nm0AVsO51GzLbzwLNqhgVfH/TmiLSpos9Ta0LR8L196x5z3sL2GQdj91S5VWaYEjW\nmGHWxWyzuVxAYxqqVhdZLVwu1gb+vcXEXftK0CWmOPne1FMZ+0Nd/1cFo9WH89Mx\nHny50+ueV7WPU9FS9NX18zK60aAOk+E182o4sLQHrzvLggjXngvIF9rgIuqGl6R0\nUkKDN8MlggDYUwKCAQEA0IbqJSo0It5MHaWQ+oXFMNJP1k8kK7ATGe+EisJfQiP3\nrQfJnWU44XctpcyDNi0z3r023P324cvBL3v03ZgMpA/++O3sqnnxloKO7MlzIKKi\nI+X13fn1w+o+7S9McOOICwviB+ywI3svB4wO1TMzFcZJfGo9nxyGTTczrBrHJr5e\nH+3hNDysYTD+wKtsZcWw1SE9wC4FS54Qx8gG7bFJYgi6OWRRX5NMhG1kAiSKDYNq\nfHAmZpnMKY7kE56U3dZ9jyhT+tWeK2JzA2njLexx0VeZBc/9J348YC/wdL6rh2ea\nT5K3hucTn1YKDiR3kEtDXlmQGRrrjmc+QmXXvYzrwwKCAQEAmqWcEFjaTMptdcPH\nPndLMVuKXD+tIxD9+XDJ/dzRLh87N2AKbIMuM9x1D5D8mQrxCHMnWJMDCL6Wit05\njmncKOjYcJALFqRoYgm5ctX/5aSEkNHZyz1IY5Vy7gEI+JexB0LEbNALSk/CglMN\ny1QiNDAuiIQdvcTp9z/nSKs9TFQ2Fy2cyyo567ZOgeaJWO27mGZHVVWloxKCR98H\nR49lYvbfH9tawkZX5MuK6JNokaZePRDB0T9xHcair/Cg6stQBVp+ELfi9Cv4GjIZ\nnRc8G2byoLQ8Q8sletHl4d5tuTvD8I++IFiCEyrG7qGhkTSya/7GBJ3TaSi7WCUZ\nBYrrTQKCAQA9MvtRAPvgJ+Gq6caM3+mplG+98+gnsjtI51S87KLMZIXyEFEJkoWJ\nFlMdT9JKeiW4/0s0vIxSZFxENVr+FfvPwqoQILPOrI9MnvCXaeAR+ekgJANurEeG\nwh7JuZHzp7Nrmocx0DM5lpOM4XwQ8j/R6inzC7MeGV8JFmRh5FICeuhg8o2fqRbm\nR1zc6vKbQ9PMGT9oQZloQfGm0HvIErn4vZr58Qk4xaA1VW1+e37QzHraHogGoKic\nocUqROZn3OVouGs9OKh9Dx22KMN13OjiiZTtccdYaeIKUMd/W943lR5isCqQuwy1\nPKki0W0NuikBbcOuuonbd018aytQBCXFAoIBADIFP7cpZOv4IFltU65IMrXlVo+f\nPhwB2JrKKBSqwisEBksd/i40/bHUnClsklLCZTZXnfr1bM4rhT9zz2uvK6c7RP7z\nDJ58w/g1bXJmI2+f0TgN8hTRSlrB2WCezXmBcoWOeSwXStAXRRSWt8EZM9hXU3VN\nzjXPlDnQ8q+LJWzv/WYzjnKQdJYysEx+qvTA+QlgDHgmj2KHj7RDoyRd+PKD9LB1\n/cTabWEpum/t8GquVxOGiUh/kD3n2aNq/aJ2r2VPXWNo+Aby2eSKFwg/mc8BjG2r\nPy3kuSkUVnsDw8Y6shxMF1VYeeE0a2UxEFMldU/5peb8hrNn/T2pjfmRNFQ=\n-----END RSA PRIVATE KEY-----\n",
      "type": "string",
      "sensitive": true
    },
    "tenant_ssh_public_key": {
      "value": "ssh-rsa AAAAB3NzaC1yc2EAAAADAQABAAACAQDNIRHQ4Im/TUsrEaVJiLBpVPGlS1TW/gedQJtmzGc5xN4ODEQjKDbCZ0Srew1cnwx0lj+o3Iw/6YcxF/oHn6xLFq8SUK9RZha99evu90vgLxrONL+NIzrC2eDjWKwi+dTDfVgkkH7U0kfGjRGxQl0wAD0nJGrZmFusJyvXxLyMfF53Z9lO6ffEZZISvZxgoNZlz+xsaMbkGM6dfNVEAYooNhyGMJr34WoK1a+gi6zYvRApo0ib4hBT84JF3qQ41oaplXiNMaTV7jlf/9t5/Bt9tE9M2HI6cPxmexUuC2zjjUYS2t15Z7+ooacB8sAvbfZaPXZGAaEez7lzxfPJ1HV7oY+Z0pyAQ/PI1o1Ls7MUUPgxpS2Dl2JYVQUmzpJIqgQpjB2woQNchd5CvVDdSWa+9av+948SB2H5J7KUUlugkL6IEa2f4T8aS9Ot3eMa4aOLLH+QOcCaxfkzSsd1wfnIXJQBdYBuS3WSr2kjKnUakSG8Ut7jLzYCL5jLJ9fewDN+3/pcjv3C3KMSODwQOJUuhIwqQd89dyNO6be+w1q8lrTBqMLvtM7rmzO/UdrCvtxqXpNWaQweOQEgHV/IfpVIwLyckcA3LgRebwTK8zBOfHnyEopFLFX4EA+hRvoZ8nyTC9CieAjbyxx2arANhdlYS4vCI4TeIXrwjzjJYZz4OQ==\n",
      "type": "string"
    }
  },
  "resources": [
    {
      "module": "module.tenant",
      "mode": "data",
      "type": "cloudflare_zone",
      "name": "openshield",
      "provider": "module.tenant.provider[\"registry.terraform.io/cloudflare/cloudflare\"]",
      "instances": [
        {
          "schema_version": 0,
          "attributes": {
            "account": {
              "id": "bca3124de7c86d659a959f06cb35043d",
              "name": "Cloudflare@cyberdef.cc's Account"
            },
            "activated_on": "2025-04-21T11:29:39Z",
            "cname_suffix": null,
            "created_on": "2025-04-21T11:00:21Z",
            "development_mode": 0,
            "filter": {
              "account": null,
              "direction": null,
              "match": null,
              "name": "openshield.io",
              "order": null,
              "status": null
            },
            "id": null,
            "meta": {
              "cdn_only": null,
              "custom_certificate_quota": 0,
              "dns_only": null,
              "foundation_dns": null,
              "page_rule_quota": 3,
              "phishing_detected": false,
              "step": 2
            },
            "modified_on": "2025-04-21T11:29:39Z",
            "name": "openshield.io",
            "name_servers": [
              "kiki.ns.cloudflare.com",
              "lloyd.ns.cloudflare.com"
            ],
            "original_dnshost": null,
            "original_name_servers": [
              "dns1.registrar-servers.com",
              "dns2.registrar-servers.com"
            ],
            "original_registrar": "namecheap, inc. (id: 1068)",
            "owner": {
              "id": null,
              "name": null,
              "type": "user"
            },
            "paused": false,
            "permissions": [
              "#dns_records:edit",
              "#dns_records:read",
              "#zone:read"
            ],
            "plan": {
              "can_subscribe": false,
              "currency": "USD",
              "externally_managed": false,
              "frequency": "",
              "id": "0feeeeeeeeeeeeeeeeeeeeeeeeeeeeee",
              "is_subscribed": false,
              "legacy_discount": false,
              "legacy_id": "free",
              "name": "Free Website",
              "price": 0
            },
            "status": "active",
            "tenant": {
              "id": null,
              "name": null
            },
            "tenant_unit": {
              "id": null
            },
            "type": "full",
            "vanity_name_servers": [],
            "verification_key": null,
            "zone_id": "f92c4f6137dffe0e40aa658cc70e3fa8"
          },
          "sensitive_attributes": []
        }
      ]
    },
    {
      "module": "module.tenant",
      "mode": "data",
      "type": "hcloud_server_type",
      "name": "selected",
      "provider": "module.tenant.provider[\"registry.terraform.io/hetznercloud/hcloud\"]",
      "instances": [
        {
          "index_key": "cpx21",
          "schema_version": 0,
          "attributes": {
            "architecture": "x86",
            "category": "regular_purpose",
            "cores": 3,
            "cpu_type": "shared",
            "deprecation_announced": "",
            "description": "CPX 21",
            "disk": 80,
            "id": 23,
            "included_traffic": 0,
            "is_deprecated": false,
            "locations": [
              {
                "deprecation_announced": "2025-10-16T06:00:00Z",
                "id": 1,
                "is_deprecated": true,
                "name": "fsn1",
                "unavailable_after": "2025-12-31T23:59:59Z"
              },
              {
                "deprecation_announced": "2025-10-16T06:00:00Z",
                "id": 2,
                "is_deprecated": true,
                "name": "nbg1",
                "unavailable_after": "2025-12-31T23:59:59Z"
              },
              {
                "deprecation_announced": "2025-10-16T06:00:00Z",
                "id": 3,
                "is_deprecated": true,
                "name": "hel1",
                "unavailable_after": "2025-12-31T23:59:59Z"
              },
              {
                "deprecation_announced": "",
                "id": 4,
                "is_deprecated": false,
                "name": "ash",
                "unavailable_after": ""
              },
              {
                "deprecation_announced": "",
                "id": 5,
                "is_deprecated": false,
                "name": "hil",
                "unavailable_after": ""
              },
              {
                "deprecation_announced": "2025-10-16T06:00:00Z",
                "id": 6,
                "is_deprecated": true,
                "name": "sin",
                "unavailable_after": "2025-12-31T23:59:59Z"
              }
            ],
            "memory": 4,
            "name": "cpx21",
            "storage_type": "local",
            "unavailable_after": ""
          },
          "sensitive_attributes": []
        },
        {
          "index_key": "cpx22",
          "schema_version": 0,
          "attributes": {
            "architecture": "x86",
            "category": "regular_purpose",
            "cores": 2,
            "cpu_type": "shared",
            "deprecation_announced": "",
            "description": "CPX 22",
            "disk": 80,
            "id": 109,
            "included_traffic": 0,
            "is_deprecated": false,
            "locations": [
              {
                "deprecation_announced": "",
                "id": 1,
                "is_deprecated": false,
                "name": "fsn1",
                "unavailable_after": ""
              },
              {
                "deprecation_announced": "",
                "id": 2,
                "is_deprecated": false,
                "name": "nbg1",
                "unavailable_after": ""
              },
              {
                "deprecation_announced": "",
                "id": 3,
                "is_deprecated": false,
                "name": "hel1",
                "unavailable_after": ""
              },
              {
                "deprecation_announced": "",
                "id": 6,
                "is_deprecated": false,
                "name": "sin",
                "unavailable_after": ""
              }
            ],
            "memory": 4,
            "name": "cpx22",
            "storage_type": "local",
            "unavailable_after": ""
          },
          "sensitive_attributes": []
        },
        {
          "index_key": "cpx31",
          "schema_version": 0,
          "attributes": {
            "architecture": "x86",
            "category": "regular_purpose",
            "cores": 4,
            "cpu_type": "shared",
            "deprecation_announced": "",
            "description": "CPX 31",
            "disk": 160,
            "id": 24,
            "included_traffic": 0,
            "is_deprecated": false,
            "locations": [
              {
                "deprecation_announced": "2025-10-16T06:00:00Z",
                "id": 1,
                "is_deprecated": true,
                "name": "fsn1",
                "unavailable_after": "2025-12-31T23:59:59Z"
              },
              {
                "deprecation_announced": "2025-10-16T06:00:00Z",
                "id": 2,
                "is_deprecated": true,
                "name": "nbg1",
                "unavailable_after": "2025-12-31T23:59:59Z"
              },
              {
                "deprecation_announced": "2025-10-16T06:00:00Z",
                "id": 3,
                "is_deprecated": true,
                "name": "hel1",
                "unavailable_after": "2025-12-31T23:59:59Z"
              },
              {
                "deprecation_announced": "",
                "id": 4,
                "is_deprecated": false,
                "name": "ash",
                "unavailable_after": ""
              },
              {
                "deprecation_announced": "",
                "id": 5,
                "is_deprecated": false,
                "name": "hil",
                "unavailable_after": ""
              },
              {
                "deprecation_announced": "2025-10-16T06:00:00Z",
                "id": 6,
                "is_deprecated": true,
                "name": "sin",
                "unavailable_after": "2025-12-31T23:59:59Z"
              }
            ],
            "memory": 8,
            "name": "cpx31",
            "storage_type": "local",
            "unavailable_after": ""
          },
          "sensitive_attributes": []
        },
        {
          "index_key": "cpx32",
          "schema_version": 0,
          "attributes": {
            "architecture": "x86",
            "category": "regular_purpose",
            "cores": 4,
            "cpu_type": "shared",
            "deprecation_announced": "",
            "description": "CPX 32",
            "disk": 160,
            "id": 110,
            "included_traffic": 0,
            "is_deprecated": false,
            "locations": [
              {
                "deprecation_announced": "",
                "id": 1,
                "is_deprecated": false,
                "name": "fsn1",
                "unavailable_after": ""
              },
              {
                "deprecation_announced": "",
                "id": 2,
                "is_deprecated": false,
                "name": "nbg1",
                "unavailable_after": ""
              },
              {
                "deprecation_announced": "",
                "id": 3,
                "is_deprecated": false,
                "name": "hel1",
                "unavailable_after": ""
              },
              {
                "deprecation_announced": "",
                "id": 6,
                "is_deprecated": false,
                "name": "sin",
                "unavailable_after": ""
              }
            ],
            "memory": 8,
            "name": "cpx32",
            "storage_type": "local",
            "unavailable_after": ""
          },
          "sensitive_attributes": []
        },
        {
          "index_key": "cpx41",
          "schema_version": 0,
          "attributes": {
            "architecture": "x86",
            "category": "regular_purpose",
            "cores": 8,
            "cpu_type": "shared",
            "deprecation_announced": "",
            "description": "CPX 41",
            "disk": 240,
            "id": 25,
            "included_traffic": 0,
            "is_deprecated": false,
            "locations": [
              {
                "deprecation_announced": "2025-10-16T06:00:00Z",
                "id": 1,
                "is_deprecated": true,
                "name": "fsn1",
                "unavailable_after": "2025-12-31T23:59:59Z"
              },
              {
                "deprecation_announced": "2025-10-16T06:00:00Z",
                "id": 2,
                "is_deprecated": true,
                "name": "nbg1",
                "unavailable_after": "2025-12-31T23:59:59Z"
              },
              {
                "deprecation_announced": "2025-10-16T06:00:00Z",
                "id": 3,
                "is_deprecated": true,
                "name": "hel1",
                "unavailable_after": "2025-12-31T23:59:59Z"
              },
              {
                "deprecation_announced": "",
                "id": 4,
                "is_deprecated": false,
                "name": "ash",
                "unavailable_after": ""
              },
              {
                "deprecation_announced": "",
                "id": 5,
                "is_deprecated": false,
                "name": "hil",
                "unavailable_after": ""
              },
              {
                "deprecation_announced": "2025-10-16T06:00:00Z",
                "id": 6,
                "is_deprecated": true,
                "name": "sin",
                "unavailable_after": "2025-12-31T23:59:59Z"
              }
            ],
            "memory": 16,
            "name": "cpx41",
            "storage_type": "local",
            "unavailable_after": ""
          },
          "sensitive_attributes": []
        },
        {
          "index_key": "cpx42",
          "schema_version": 0,
          "attributes": {
            "architecture": "x86",
            "category": "regular_purpose",
            "cores": 8,
            "cpu_type": "shared",
            "deprecation_announced": "",
            "description": "CPX 42",
            "disk": 320,
            "id": 111,
            "included_traffic": 0,
            "is_deprecated": false,
            "locations": [
              {
                "deprecation_announced": "",
                "id": 1,
                "is_deprecated": false,
                "name": "fsn1",
                "unavailable_after": ""
              },
              {
                "deprecation_announced": "",
                "id": 2,
                "is_deprecated": false,
                "name": "nbg1",
                "unavailable_after": ""
              },
              {
                "deprecation_announced": "",
                "id": 3,
                "is_deprecated": false,
                "name": "hel1",
                "unavailable_after": ""
              },
              {
                "deprecation_announced": "",
                "id": 6,
                "is_deprecated": false,
                "name": "sin",
                "unavailable_after": ""
              }
            ],
            "memory": 16,
            "name": "cpx42",
            "storage_type": "local",
            "unavailable_after": ""
          },
          "sensitive_attributes": []
        },
        {
          "index_key": "cpx51",
          "schema_version": 0,
          "attributes": {
            "architecture": "x86",
            "category": "regular_purpose",
            "cores": 16,
            "cpu_type": "shared",
            "deprecation_announced": "",
            "description": "CPX 51",
            "disk": 360,
            "id": 26,
            "included_traffic": 0,
            "is_deprecated": false,
            "locations": [
              {
                "deprecation_announced": "2025-10-16T06:00:00Z",
                "id": 1,
                "is_deprecated": true,
                "name": "fsn1",
                "unavailable_after": "2025-12-31T23:59:59Z"
              },
              {
                "deprecation_announced": "2025-10-16T06:00:00Z",
                "id": 2,
                "is_deprecated": true,
                "name": "nbg1",
                "unavailable_after": "2025-12-31T23:59:59Z"
              },
              {
                "deprecation_announced": "2025-10-16T06:00:00Z",
                "id": 3,
                "is_deprecated": true,
                "name": "hel1",
                "unavailable_after": "2025-12-31T23:59:59Z"
              },
              {
                "deprecation_announced": "",
                "id": 4,
                "is_deprecated": false,
                "name": "ash",
                "unavailable_after": ""
              },
              {
                "deprecation_announced": "",
                "id": 5,
                "is_deprecated": false,
                "name": "hil",
                "unavailable_after": ""
              },
              {
                "deprecation_announced": "2025-10-16T06:00:00Z",
                "id": 6,
                "is_deprecated": true,
                "name": "sin",
                "unavailable_after": "2025-12-31T23:59:59Z"
              }
            ],
            "memory": 32,
            "name": "cpx51",
            "storage_type": "local",
            "unavailable_after": ""
          },
          "sensitive_attributes": []
        },
        {
          "index_key": "cpx52",
          "schema_version": 0,
          "attributes": {
            "architecture": "x86",
            "category": "regular_purpose",
            "cores": 12,
            "cpu_type": "shared",
            "deprecation_announced": "",
            "description": "CPX 52",
            "disk": 480,
            "id": 112,
            "included_traffic": 0,
            "is_deprecated": false,
            "locations": [
              {
                "deprecation_announced": "",
                "id": 1,
                "is_deprecated": false,
                "name": "fsn1",
                "unavailable_after": ""
              },
              {
                "deprecation_announced": "",
                "id": 2,
                "is_deprecated": false,
                "name": "nbg1",
                "unavailable_after": ""
              },
              {
                "deprecation_announced": "",
                "id": 3,
                "is_deprecated": false,
                "name": "hel1",
                "unavailable_after": ""
              },
              {
                "deprecation_announced": "",
                "id": 6,
                "is_deprecated": false,
                "name": "sin",
                "unavailable_after": ""
              }
            ],
            "memory": 24,
            "name": "cpx52",
            "storage_type": "local",
            "unavailable_after": ""
          },
          "sensitive_attributes": []
        },
        {
          "index_key": "cpx62",
          "schema_version": 0,
          "attributes": {
            "architecture": "x86",
            "category": "regular_purpose",
            "cores": 16,
            "cpu_type": "shared",
            "deprecation_announced": "",
            "description": "CPX 62",
            "disk": 640,
            "id": 113,
            "included_traffic": 0,
            "is_deprecated": false,
            "locations": [
              {
                "deprecation_announced": "",
                "id": 1,
                "is_deprecated": false,
                "name": "fsn1",
                "unavailable_after": ""
              },
              {
                "deprecation_announced": "",
                "id": 2,
                "is_deprecated": false,
                "name": "nbg1",
                "unavailable_after": ""
              },
              {
                "deprecation_announced": "",
                "id": 3,
                "is_deprecated": false,
                "name": "hel1",
                "unavailable_after": ""
              },
              {
                "deprecation_announced": "",
                "id": 6,
                "is_deprecated": false,
                "name": "sin",
                "unavailable_after": ""
              }
            ],
            "memory": 32,
            "name": "cpx62",
            "storage_type": "local",
            "unavailable_after": ""
          },
          "sensitive_attributes": []
        },
        {
          "index_key": "cx22",
          "schema_version": 0,
          "attributes": {
            "architecture": "x86",
            "category": "cost_optimized",
            "cores": 2,
            "cpu_type": "shared",
            "deprecation_announced": "2025-10-16T06:00:00Z",
            "description": "CX22",
            "disk": 40,
            "id": 104,
            "included_traffic": 0,
            "is_deprecated": true,
            "locations": [
              {
                "deprecation_announced": "2025-10-16T06:00:00Z",
                "id": 1,
                "is_deprecated": true,
                "name": "fsn1",
                "unavailable_after": "2025-12-31T23:59:59Z"
              },
              {
                "deprecation_announced": "2025-10-16T06:00:00Z",
                "id": 2,
                "is_deprecated": true,
                "name": "nbg1",
                "unavailable_after": "2025-12-31T23:59:59Z"
              },
              {
                "deprecation_announced": "2025-10-16T06:00:00Z",
                "id": 3,
                "is_deprecated": true,
                "name": "hel1",
                "unavailable_after": "2025-12-31T23:59:59Z"
              }
            ],
            "memory": 4,
            "name": "cx22",
            "storage_type": "local",
            "unavailable_after": "2025-12-31T23:59:59Z"
          },
          "sensitive_attributes": []
        },
        {
          "index_key": "cx23",
          "schema_version": 0,
          "attributes": {
            "architecture": "x86",
            "category": "cost_optimized",
            "cores": 2,
            "cpu_type": "shared",
            "deprecation_announced": "",
            "description": "CX 23",
            "disk": 40,
            "id": 114,
            "included_traffic": 0,
            "is_deprecated": false,
            "locations": [
              {
                "deprecation_announced": "",
                "id": 1,
                "is_deprecated": false,
                "name": "fsn1",
                "unavailable_after": ""
              },
              {
                "deprecation_announced": "",
                "id": 2,
                "is_deprecated": false,
                "name": "nbg1",
                "unavailable_after": ""
              },
              {
                "deprecation_announced": "",
                "id": 3,
                "is_deprecated": false,
                "name": "hel1",
                "unavailable_after": ""
              }
            ],
            "memory": 4,
            "name": "cx23",
            "storage_type": "local",
            "unavailable_after": ""
          },
          "sensitive_attributes": []
        },
        {
          "index_key": "cx32",
          "schema_version": 0,
          "attributes": {
            "architecture": "x86",
            "category": "cost_optimized",
            "cores": 4,
            "cpu_type": "shared",
            "deprecation_announced": "2025-10-16T06:00:00Z",
            "description": "CX32",
            "disk": 80,
            "id": 105,
            "included_traffic": 0,
            "is_deprecated": true,
            "locations": [
              {
                "deprecation_announced": "2025-10-16T06:00:00Z",
                "id": 1,
                "is_deprecated": true,
                "name": "fsn1",
                "unavailable_after": "2025-12-31T23:59:59Z"
              },
              {
                "deprecation_announced": "2025-10-16T06:00:00Z",
                "id": 2,
                "is_deprecated": true,
                "name": "nbg1",
                "unavailable_after": "2025-12-31T23:59:59Z"
              },
              {
                "deprecation_announced": "2025-10-16T06:00:00Z",
                "id": 3,
                "is_deprecated": true,
                "name": "hel1",
                "unavailable_after": "2025-12-31T23:59:59Z"
              }
            ],
            "memory": 8,
            "name": "cx32",
            "storage_type": "local",
            "unavailable_after": "2025-12-31T23:59:59Z"
          },
          "sensitive_attributes": []
        },
        {
          "index_key": "cx33",
          "schema_version": 0,
          "attributes": {
            "architecture": "x86",
            "category": "cost_optimized",
            "cores": 4,
            "cpu_type": "shared",
            "deprecation_announced": "",
            "description": "CX 33",
            "disk": 80,
            "id": 115,
            "included_traffic": 0,
            "is_deprecated": false,
            "locations": [
              {
                "deprecation_announced": "",
                "id": 1,
                "is_deprecated": false,
                "name": "fsn1",
                "unavailable_after": ""
              },
              {
                "deprecation_announced": "",
                "id": 2,
                "is_deprecated": false,
                "name": "nbg1",
                "unavailable_after": ""
              },
              {
                "deprecation_announced": "",
                "id": 3,
                "is_deprecated": false,
                "name": "hel1",
                "unavailable_after": ""
              }
            ],
            "memory": 8,
            "name": "cx33",
            "storage_type": "local",
            "unavailable_after": ""
          },
          "sensitive_attributes": []
        },
        {
          "index_key": "cx42",
          "schema_version": 0,
          "attributes": {
            "architecture": "x86",
            "category": "cost_optimized",
            "cores": 8,
            "cpu_type": "shared",
            "deprecation_announced": "2025-10-16T06:00:00Z",
            "description": "CX42",
            "disk": 160,
            "id": 106,
            "included_traffic": 0,
            "is_deprecated": true,
            "locations": [
              {
                "deprecation_announced": "2025-10-16T06:00:00Z",
                "id": 1,
                "is_deprecated": true,
                "name": "fsn1",
                "unavailable_after": "2025-12-31T23:59:59Z"
              },
              {
                "deprecation_announced": "2025-10-16T06:00:00Z",
                "id": 2,
                "is_deprecated": true,
                "name": "nbg1",
                "unavailable_after": "2025-12-31T23:59:59Z"
              },
              {
                "deprecation_announced": "2025-10-16T06:00:00Z",
                "id": 3,
                "is_deprecated": true,
                "name": "hel1",
                "unavailable_after": "2025-12-31T23:59:59Z"
              }
            ],
            "memory": 16,
            "name": "cx42",
            "storage_type": "local",
            "unavailable_after": "2025-12-31T23:59:59Z"
          },
          "sensitive_attributes": []
        },
        {
          "index_key": "cx43",
          "schema_version": 0,
          "attributes": {
            "architecture": "x86",
            "category": "cost_optimized",
            "cores": 8,
            "cpu_type": "shared",
            "deprecation_announced": "",
            "description": "CX 43",
            "disk": 160,
            "id": 116,
            "included_traffic": 0,
            "is_deprecated": false,
            "locations": [
              {
                "deprecation_announced": "",
                "id": 1,
                "is_deprecated": false,
                "name": "fsn1",
                "unavailable_after": ""
              },
              {
                "deprecation_announced": "",
                "id": 2,
                "is_deprecated": false,
                "name": "nbg1",
                "unavailable_after": ""
              },
              {
                "deprecation_announced": "",
                "id": 3,
                "is_deprecated": false,
                "name": "hel1",
                "unavailable_after": ""
              }
            ],
            "memory": 16,
            "name": "cx43",
            "storage_type": "local",
            "unavailable_after": ""
          },
          "sensitive_attributes": []
        },
        {
          "index_key": "cx52",
          "schema_version": 0,
          "attributes": {
            "architecture": "x86",
            "category": "cost_optimized",
            "cores": 16,
            "cpu_type": "shared",
            "deprecation_announced": "2025-10-16T06:00:00Z",
            "description": "CX52",
            "disk": 320,
            "id": 107,
            "included_traffic": 0,
            "is_deprecated": true,
            "locations": [
              {
                "deprecation_announced": "2025-10-16T06:00:00Z",
                "id": 1,
                "is_deprecated": true,
                "name": "fsn1",
                "unavailable_after": "2025-12-31T23:59:59Z"
              },
              {
                "deprecation_announced": "2025-10-16T06:00:00Z",
                "id": 2,
                "is_deprecated": true,
                "name": "nbg1",
                "unavailable_after": "2025-12-31T23:59:59Z"
              },
              {
                "deprecation_announced": "2025-10-16T06:00:00Z",
                "id": 3,
                "is_deprecated": true,
                "name": "hel1",
                "unavailable_after": "2025-12-31T23:59:59Z"
              }
            ],
            "memory": 32,
            "name": "cx52",
            "storage_type": "local",
            "unavailable_after": "2025-12-31T23:59:59Z"
          },
          "sensitive_attributes": []
        },
        {
          "index_key": "cx53",
          "schema_version": 0,
          "attributes": {
            "architecture": "x86",
            "category": "cost_optimized",
            "cores": 16,
            "cpu_type": "shared",
            "deprecation_announced": "",
            "description": "CX 53",
            "disk": 320,
            "id": 117,
            "included_traffic": 0,
            "is_deprecated": false,
            "locations": [
              {
                "deprecation_announced": "",
                "id": 1,
                "is_deprecated": false,
                "name": "fsn1",
                "unavailable_after": ""
              },
              {
                "deprecation_announced": "",
                "id": 2,
                "is_deprecated": false,
                "name": "nbg1",
                "unavailable_after": ""
              },
              {
                "deprecation_announced": "",
                "id": 3,
                "is_deprecated": false,
                "name": "hel1",
                "unavailable_after": ""
              }
            ],
            "memory": 32,
            "name": "cx53",
            "storage_type": "local",
            "unavailable_after": ""
          },
          "sensitive_attributes": []
        }
      ]
    },
    {
      "module": "module.tenant",
      "mode": "data",
      "type": "hcloud_server_types",
      "name": "all",
      "provider": "module.tenant.provider[\"registry.terraform.io/hetznercloud/hcloud\"]",
      "instances": [
        {
          "schema_version": 0,
          "attributes": {
            "descriptions": [
              "CPX 11",
              "CPX 21",
              "CPX 31",
              "CPX 41",
              "CPX 51",
              "CAX11",
              "CAX21",
              "CAX31",
              "CAX41",
              "CCX13 Dedicated CPU",
              "CCX23 Dedicated CPU",
              "CCX33 Dedicated CPU",
              "CCX43 Dedicated CPU",
              "CCX53 Dedicated CPU",
              "CCX63 Dedicated CPU",
              "CX22",
              "CX32",
              "CX42",
              "CX52",
              "CPX 12",
              "CPX 22",
              "CPX 32",
              "CPX 42",
              "CPX 52",
              "CPX 62",
              "CX 23",
              "CX 33",
              "CX 43",
              "CX 53"
            ],
            "id": "166277662d9b7990b1711b6545d691c4fc52eb3f",
            "names": [
              "cpx11",
              "cpx21",
              "cpx31",
              "cpx41",
              "cpx51",
              "cax11",
              "cax21",
              "cax31",
              "cax41",
              "ccx13",
              "ccx23",
              "ccx33",
              "ccx43",
              "ccx53",
              "ccx63",
              "cx22",
              "cx32",
              "cx42",
              "cx52",
              "cpx12",
              "cpx22",
              "cpx32",
              "cpx42",
              "cpx52",
              "cpx62",
              "cx23",
              "cx33",
              "cx43",
              "cx53"
            ],
            "server_type_ids": [
              "22",
              "23",
              "24",
              "25",
              "26",
              "45",
              "93",
              "94",
              "95",
              "96",
              "97",
              "98",
              "99",
              "100",
              "101",
              "104",
              "105",
              "106",
              "107",
              "108",
              "109",
              "110",
              "111",
              "112",
              "113",
              "114",
              "115",
              "116",
              "117"
            ],
            "server_types": [
              {
                "architecture": "x86",
                "category": "regular_purpose",
                "cores": 2,
                "cpu_type": "shared",
                "deprecation_announced": "",
                "description": "CPX 11",
                "disk": 40,
                "id": 22,
                "included_traffic": 0,
                "is_deprecated": false,
                "locations": [
                  {
                    "deprecation_announced": "2025-10-16T06:00:00Z",
                    "id": 1,
                    "is_deprecated": true,
                    "name": "fsn1",
                    "unavailable_after": "2025-12-31T23:59:59Z"
                  },
                  {
                    "deprecation_announced": "2025-10-16T06:00:00Z",
                    "id": 2,
                    "is_deprecated": true,
                    "name": "nbg1",
                    "unavailable_after": "2025-12-31T23:59:59Z"
                  },
                  {
                    "deprecation_announced": "2025-10-16T06:00:00Z",
                    "id": 3,
                    "is_deprecated": true,
                    "name": "hel1",
                    "unavailable_after": "2025-12-31T23:59:59Z"
                  },
                  {
                    "deprecation_announced": "",
                    "id": 4,
                    "is_deprecated": false,
                    "name": "ash",
                    "unavailable_after": ""
                  },
                  {
                    "deprecation_announced": "",
                    "id": 5,
                    "is_deprecated": false,
                    "name": "hil",
                    "unavailable_after": ""
                  },
                  {
                    "deprecation_announced": "2025-10-16T06:00:00Z",
                    "id": 6,
                    "is_deprecated": true,
                    "name": "sin",
                    "unavailable_after": "2025-12-31T23:59:59Z"
                  }
                ],
                "memory": 2,
                "name": "cpx11",
                "storage_type": "local",
                "unavailable_after": ""
              },
              {
                "architecture": "x86",
                "category": "regular_purpose",
                "cores": 3,
                "cpu_type": "shared",
                "deprecation_announced": "",
                "description": "CPX 21",
                "disk": 80,
                "id": 23,
                "included_traffic": 0,
                "is_deprecated": false,
                "locations": [
                  {
                    "deprecation_announced": "2025-10-16T06:00:00Z",
                    "id": 1,
                    "is_deprecated": true,
                    "name": "fsn1",
                    "unavailable_after": "2025-12-31T23:59:59Z"
                  },
                  {
                    "deprecation_announced": "2025-10-16T06:00:00Z",
                    "id": 2,
                    "is_deprecated": true,
                    "name": "nbg1",
                    "unavailable_after": "2025-12-31T23:59:59Z"
                  },
                  {
                    "deprecation_announced": "2025-10-16T06:00:00Z",
                    "id": 3,
                    "is_deprecated": true,
                    "name": "hel1",
                    "unavailable_after": "2025-12-31T23:59:59Z"
                  },
                  {
                    "deprecation_announced": "",
                    "id": 4,
                    "is_deprecated": false,
                    "name": "ash",
                    "unavailable_after": ""
                  },
                  {
                    "deprecation_announced": "",
                    "id": 5,
                    "is_deprecated": false,
                    "name": "hil",
                    "unavailable_after": ""
                  },
                  {
                    "deprecation_announced": "2025-10-16T06:00:00Z",
                    "id": 6,
                    "is_deprecated": true,
                    "name": "sin",
                    "unavailable_after": "2025-12-31T23:59:59Z"
                  }
                ],
                "memory": 4,
                "name": "cpx21",
                "storage_type": "local",
                "unavailable_after": ""
              },
              {
                "architecture": "x86",
                "category": "regular_purpose",
                "cores": 4,
                "cpu_type": "shared",
                "deprecation_announced": "",
                "description": "CPX 31",
                "disk": 160,
                "id": 24,
                "included_traffic": 0,
                "is_deprecated": false,
                "locations": [
                  {
                    "deprecation_announced": "2025-10-16T06:00:00Z",
                    "id": 1,
                    "is_deprecated": true,
                    "name": "fsn1",
                    "unavailable_after": "2025-12-31T23:59:59Z"
                  },
                  {
                    "deprecation_announced": "2025-10-16T06:00:00Z",
                    "id": 2,
                    "is_deprecated": true,
                    "name": "nbg1",
                    "unavailable_after": "2025-12-31T23:59:59Z"
                  },
                  {
                    "deprecation_announced": "2025-10-16T06:00:00Z",
                    "id": 3,
                    "is_deprecated": true,
                    "name": "hel1",
                    "unavailable_after": "2025-12-31T23:59:59Z"
                  },
                  {
                    "deprecation_announced": "",
                    "id": 4,
                    "is_deprecated": false,
                    "name": "ash",
                    "unavailable_after": ""
                  },
                  {
                    "deprecation_announced": "",
                    "id": 5,
                    "is_deprecated": false,
                    "name": "hil",
                    "unavailable_after": ""
                  },
                  {
                    "deprecation_announced": "2025-10-16T06:00:00Z",
                    "id": 6,
                    "is_deprecated": true,
                    "name": "sin",
                    "unavailable_after": "2025-12-31T23:59:59Z"
                  }
                ],
                "memory": 8,
                "name": "cpx31",
                "storage_type": "local",
                "unavailable_after": ""
              },
              {
                "architecture": "x86",
                "category": "regular_purpose",
                "cores": 8,
                "cpu_type": "shared",
                "deprecation_announced": "",
                "description": "CPX 41",
                "disk": 240,
                "id": 25,
                "included_traffic": 0,
                "is_deprecated": false,
                "locations": [
                  {
                    "deprecation_announced": "2025-10-16T06:00:00Z",
                    "id": 1,
                    "is_deprecated": true,
                    "name": "fsn1",
                    "unavailable_after": "2025-12-31T23:59:59Z"
                  },
                  {
                    "deprecation_announced": "2025-10-16T06:00:00Z",
                    "id": 2,
                    "is_deprecated": true,
                    "name": "nbg1",
                    "unavailable_after": "2025-12-31T23:59:59Z"
                  },
                  {
                    "deprecation_announced": "2025-10-16T06:00:00Z",
                    "id": 3,
                    "is_deprecated": true,
                    "name": "hel1",
                    "unavailable_after": "2025-12-31T23:59:59Z"
                  },
                  {
                    "deprecation_announced": "",
                    "id": 4,
                    "is_deprecated": false,
                    "name": "ash",
                    "unavailable_after": ""
                  },
                  {
                    "deprecation_announced": "",
                    "id": 5,
                    "is_deprecated": false,
                    "name": "hil",
                    "unavailable_after": ""
                  },
                  {
                    "deprecation_announced": "2025-10-16T06:00:00Z",
                    "id": 6,
                    "is_deprecated": true,
                    "name": "sin",
                    "unavailable_after": "2025-12-31T23:59:59Z"
                  }
                ],
                "memory": 16,
                "name": "cpx41",
                "storage_type": "local",
                "unavailable_after": ""
              },
              {
                "architecture": "x86",
                "category": "regular_purpose",
                "cores": 16,
                "cpu_type": "shared",
                "deprecation_announced": "",
                "description": "CPX 51",
                "disk": 360,
                "id": 26,
                "included_traffic": 0,
                "is_deprecated": false,
                "locations": [
                  {
                    "deprecation_announced": "2025-10-16T06:00:00Z",
                    "id": 1,
                    "is_deprecated": true,
                    "name": "fsn1",
                    "unavailable_after": "2025-12-31T23:59:59Z"
                  },
                  {
                    "deprecation_announced": "2025-10-16T06:00:00Z",
                    "id": 2,
                    "is_deprecated": true,
                    "name": "nbg1",
                    "unavailable_after": "2025-12-31T23:59:59Z"
                  },
                  {
                    "deprecation_announced": "2025-10-16T06:00:00Z",
                    "id": 3,
                    "is_deprecated": true,
                    "name": "hel1",
                    "unavailable_after": "2025-12-31T23:59:59Z"
                  },
                  {
                    "deprecation_announced": "",
                    "id": 4,
                    "is_deprecated": false,
                    "name": "ash",
                    "unavailable_after": ""
                  },
                  {
                    "deprecation_announced": "",
                    "id": 5,
                    "is_deprecated": false,
                    "name": "hil",
                    "unavailable_after": ""
                  },
                  {
                    "deprecation_announced": "2025-10-16T06:00:00Z",
                    "id": 6,
                    "is_deprecated": true,
                    "name": "sin",
                    "unavailable_after": "2025-12-31T23:59:59Z"
                  }
                ],
                "memory": 32,
                "name": "cpx51",
                "storage_type": "local",
                "unavailable_after": ""
              },
              {
                "architecture": "arm",
                "category": "cost_optimized",
                "cores": 2,
                "cpu_type": "shared",
                "deprecation_announced": "",
                "description": "CAX11",
                "disk": 40,
                "id": 45,
                "included_traffic": 0,
                "is_deprecated": false,
                "locations": [
                  {
                    "deprecation_announced": "",
                    "id": 1,
                    "is_deprecated": false,
                    "name": "fsn1",
                    "unavailable_after": ""
                  },
                  {
                    "deprecation_announced": "",
                    "id": 2,
                    "is_deprecated": false,
                    "name": "nbg1",
                    "unavailable_after": ""
                  },
                  {
                    "deprecation_announced": "",
                    "id": 3,
                    "is_deprecated": false,
                    "name": "hel1",
                    "unavailable_after": ""
                  }
                ],
                "memory": 4,
                "name": "cax11",
                "storage_type": "local",
                "unavailable_after": ""
              },
              {
                "architecture": "arm",
                "category": "cost_optimized",
                "cores": 4,
                "cpu_type": "shared",
                "deprecation_announced": "",
                "description": "CAX21",
                "disk": 80,
                "id": 93,
                "included_traffic": 0,
                "is_deprecated": false,
                "locations": [
                  {
                    "deprecation_announced": "",
                    "id": 1,
                    "is_deprecated": false,
                    "name": "fsn1",
                    "unavailable_after": ""
                  },
                  {
                    "deprecation_announced": "",
                    "id": 2,
                    "is_deprecated": false,
                    "name": "nbg1",
                    "unavailable_after": ""
                  },
                  {
                    "deprecation_announced": "",
                    "id": 3,
                    "is_deprecated": false,
                    "name": "hel1",
                    "unavailable_after": ""
                  }
                ],
                "memory": 8,
                "name": "cax21",
                "storage_type": "local",
                "unavailable_after": ""
              },
              {
                "architecture": "arm",
                "category": "cost_optimized",
                "cores": 8,
                "cpu_type": "shared",
                "deprecation_announced": "",
                "description": "CAX31",
                "disk": 160,
                "id": 94,
                "included_traffic": 0,
                "is_deprecated": false,
                "locations": [
                  {
                    "deprecation_announced": "",
                    "id": 1,
                    "is_deprecated": false,
                    "name": "fsn1",
                    "unavailable_after": ""
                  },
                  {
                    "deprecation_announced": "",
                    "id": 2,
                    "is_deprecated": false,
                    "name": "nbg1",
                    "unavailable_after": ""
                  },
                  {
                    "deprecation_announced": "",
                    "id": 3,
                    "is_deprecated": false,
                    "name": "hel1",
                    "unavailable_after": ""
                  }
                ],
                "memory": 16,
                "name": "cax31",
                "storage_type": "local",
                "unavailable_after": ""
              },
              {
                "architecture": "arm",
                "category": "cost_optimized",
                "cores": 16,
                "cpu_type": "shared",
                "deprecation_announced": "",
                "description": "CAX41",
                "disk": 320,
                "id": 95,
                "included_traffic": 0,
                "is_deprecated": false,
                "locations": [
                  {
                    "deprecation_announced": "",
                    "id": 1,
                    "is_deprecated": false,
                    "name": "fsn1",
                    "unavailable_after": ""
                  },
                  {
                    "deprecation_announced": "",
                    "id": 2,
                    "is_deprecated": false,
                    "name": "nbg1",
                    "unavailable_after": ""
                  },
                  {
                    "deprecation_announced": "",
                    "id": 3,
                    "is_deprecated": false,
                    "name": "hel1",
                    "unavailable_after": ""
                  }
                ],
                "memory": 32,
                "name": "cax41",
                "storage_type": "local",
                "unavailable_after": ""
              },
              {
                "architecture": "x86",
                "category": "general_purpose",
                "cores": 2,
                "cpu_type": "dedicated",
                "deprecation_announced": "",
                "description": "CCX13 Dedicated CPU",
                "disk": 80,
                "id": 96,
                "included_traffic": 0,
                "is_deprecated": false,
                "locations": [
                  {
                    "deprecation_announced": "",
                    "id": 1,
                    "is_deprecated": false,
                    "name": "fsn1",
                    "unavailable_after": ""
                  },
                  {
                    "deprecation_announced": "",
                    "id": 2,
                    "is_deprecated": false,
                    "name": "nbg1",
                    "unavailable_after": ""
                  },
                  {
                    "deprecation_announced": "",
                    "id": 3,
                    "is_deprecated": false,
                    "name": "hel1",
                    "unavailable_after": ""
                  },
                  {
                    "deprecation_announced": "",
                    "id": 4,
                    "is_deprecated": false,
                    "name": "ash",
                    "unavailable_after": ""
                  },
                  {
                    "deprecation_announced": "",
                    "id": 5,
                    "is_deprecated": false,
                    "name": "hil",
                    "unavailable_after": ""
                  },
                  {
                    "deprecation_announced": "",
                    "id": 6,
                    "is_deprecated": false,
                    "name": "sin",
                    "unavailable_after": ""
                  }
                ],
                "memory": 8,
                "name": "ccx13",
                "storage_type": "local",
                "unavailable_after": ""
              },
              {
                "architecture": "x86",
                "category": "general_purpose",
                "cores": 4,
                "cpu_type": "dedicated",
                "deprecation_announced": "",
                "description": "CCX23 Dedicated CPU",
                "disk": 160,
                "id": 97,
                "included_traffic": 0,
                "is_deprecated": false,
                "locations": [
                  {
                    "deprecation_announced": "",
                    "id": 1,
                    "is_deprecated": false,
                    "name": "fsn1",
                    "unavailable_after": ""
                  },
                  {
                    "deprecation_announced": "",
                    "id": 2,
                    "is_deprecated": false,
                    "name": "nbg1",
                    "unavailable_after": ""
                  },
                  {
                    "deprecation_announced": "",
                    "id": 3,
                    "is_deprecated": false,
                    "name": "hel1",
                    "unavailable_after": ""
                  },
                  {
                    "deprecation_announced": "",
                    "id": 4,
                    "is_deprecated": false,
                    "name": "ash",
                    "unavailable_after": ""
                  },
                  {
                    "deprecation_announced": "",
                    "id": 5,
                    "is_deprecated": false,
                    "name": "hil",
                    "unavailable_after": ""
                  },
                  {
                    "deprecation_announced": "",
                    "id": 6,
                    "is_deprecated": false,
                    "name": "sin",
                    "unavailable_after": ""
                  }
                ],
                "memory": 16,
                "name": "ccx23",
                "storage_type": "local",
                "unavailable_after": ""
              },
              {
                "architecture": "x86",
                "category": "general_purpose",
                "cores": 8,
                "cpu_type": "dedicated",
                "deprecation_announced": "",
                "description": "CCX33 Dedicated CPU",
                "disk": 240,
                "id": 98,
                "included_traffic": 0,
                "is_deprecated": false,
                "locations": [
                  {
                    "deprecation_announced": "",
                    "id": 1,
                    "is_deprecated": false,
                    "name": "fsn1",
                    "unavailable_after": ""
                  },
                  {
                    "deprecation_announced": "",
                    "id": 2,
                    "is_deprecated": false,
                    "name": "nbg1",
                    "unavailable_after": ""
                  },
                  {
                    "deprecation_announced": "",
                    "id": 3,
                    "is_deprecated": false,
                    "name": "hel1",
                    "unavailable_after": ""
                  },
                  {
                    "deprecation_announced": "",
                    "id": 4,
                    "is_deprecated": false,
                    "name": "ash",
                    "unavailable_after": ""
                  },
                  {
                    "deprecation_announced": "",
                    "id": 5,
                    "is_deprecated": false,
                    "name": "hil",
                    "unavailable_after": ""
                  },
                  {
                    "deprecation_announced": "",
                    "id": 6,
                    "is_deprecated": false,
                    "name": "sin",
                    "unavailable_after": ""
                  }
                ],
                "memory": 32,
                "name": "ccx33",
                "storage_type": "local",
                "unavailable_after": ""
              },
              {
                "architecture": "x86",
                "category": "general_purpose",
                "cores": 16,
                "cpu_type": "dedicated",
                "deprecation_announced": "",
                "description": "CCX43 Dedicated CPU",
                "disk": 360,
                "id": 99,
                "included_traffic": 0,
                "is_deprecated": false,
                "locations": [
                  {
                    "deprecation_announced": "",
                    "id": 1,
                    "is_deprecated": false,
                    "name": "fsn1",
                    "unavailable_after": ""
                  },
                  {
                    "deprecation_announced": "",
                    "id": 2,
                    "is_deprecated": false,
                    "name": "nbg1",
                    "unavailable_after": ""
                  },
                  {
                    "deprecation_announced": "",
                    "id": 3,
                    "is_deprecated": false,
                    "name": "hel1",
                    "unavailable_after": ""
                  },
                  {
                    "deprecation_announced": "",
                    "id": 4,
                    "is_deprecated": false,
                    "name": "ash",
                    "unavailable_after": ""
                  },
                  {
                    "deprecation_announced": "",
                    "id": 5,
                    "is_deprecated": false,
                    "name": "hil",
                    "unavailable_after": ""
                  },
                  {
                    "deprecation_announced": "",
                    "id": 6,
                    "is_deprecated": false,
                    "name": "sin",
                    "unavailable_after": ""
                  }
                ],
                "memory": 64,
                "name": "ccx43",
                "storage_type": "local",
                "unavailable_after": ""
              },
              {
                "architecture": "x86",
                "category": "general_purpose",
                "cores": 32,
                "cpu_type": "dedicated",
                "deprecation_announced": "",
                "description": "CCX53 Dedicated CPU",
                "disk": 600,
                "id": 100,
                "included_traffic": 0,
                "is_deprecated": false,
                "locations": [
                  {
                    "deprecation_announced": "",
                    "id": 1,
                    "is_deprecated": false,
                    "name": "fsn1",
                    "unavailable_after": ""
                  },
                  {
                    "deprecation_announced": "",
                    "id": 2,
                    "is_deprecated": false,
                    "name": "nbg1",
                    "unavailable_after": ""
                  },
                  {
                    "deprecation_announced": "",
                    "id": 3,
                    "is_deprecated": false,
                    "name": "hel1",
                    "unavailable_after": ""
                  },
                  {
                    "deprecation_announced": "",
                    "id": 4,
                    "is_deprecated": false,
                    "name": "ash",
                    "unavailable_after": ""
                  },
                  {
                    "deprecation_announced": "",
                    "id": 5,
                    "is_deprecated": false,
                    "name": "hil",
                    "unavailable_after": ""
                  },
                  {
                    "deprecation_announced": "",
                    "id": 6,
                    "is_deprecated": false,
                    "name": "sin",
                    "unavailable_after": ""
                  }
                ],
                "memory": 128,
                "name": "ccx53",
                "storage_type": "local",
                "unavailable_after": ""
              },
              {
                "architecture": "x86",
                "category": "general_purpose",
                "cores": 48,
                "cpu_type": "dedicated",
                "deprecation_announced": "",
                "description": "CCX63 Dedicated CPU",
                "disk": 960,
                "id": 101,
                "included_traffic": 0,
                "is_deprecated": false,
                "locations": [
                  {
                    "deprecation_announced": "",
                    "id": 1,
                    "is_deprecated": false,
                    "name": "fsn1",
                    "unavailable_after": ""
                  },
                  {
                    "deprecation_announced": "",
                    "id": 2,
                    "is_deprecated": false,
                    "name": "nbg1",
                    "unavailable_after": ""
                  },
                  {
                    "deprecation_announced": "",
                    "id": 3,
                    "is_deprecated": false,
                    "name": "hel1",
                    "unavailable_after": ""
                  },
                  {
                    "deprecation_announced": "",
                    "id": 4,
                    "is_deprecated": false,
                    "name": "ash",
                    "unavailable_after": ""
                  },
                  {
                    "deprecation_announced": "",
                    "id": 5,
                    "is_deprecated": false,
                    "name": "hil",
                    "unavailable_after": ""
                  },
                  {
                    "deprecation_announced": "",
                    "id": 6,
                    "is_deprecated": false,
                    "name": "sin",
                    "unavailable_after": ""
                  }
                ],
                "memory": 192,
                "name": "ccx63",
                "storage_type": "local",
                "unavailable_after": ""
              },
              {
                "architecture": "x86",
                "category": "cost_optimized",
                "cores": 2,
                "cpu_type": "shared",
                "deprecation_announced": "2025-10-16T06:00:00Z",
                "description": "CX22",
                "disk": 40,
                "id": 104,
                "included_traffic": 0,
                "is_deprecated": true,
                "locations": [
                  {
                    "deprecation_announced": "2025-10-16T06:00:00Z",
                    "id": 1,
                    "is_deprecated": true,
                    "name": "fsn1",
                    "unavailable_after": "2025-12-31T23:59:59Z"
                  },
                  {
                    "deprecation_announced": "2025-10-16T06:00:00Z",
                    "id": 2,
                    "is_deprecated": true,
                    "name": "nbg1",
                    "unavailable_after": "2025-12-31T23:59:59Z"
                  },
                  {
                    "deprecation_announced": "2025-10-16T06:00:00Z",
                    "id": 3,
                    "is_deprecated": true,
                    "name": "hel1",
                    "unavailable_after": "2025-12-31T23:59:59Z"
                  }
                ],
                "memory": 4,
                "name": "cx22",
                "storage_type": "local",
                "unavailable_after": "2025-12-31T23:59:59Z"
              },
              {
                "architecture": "x86",
                "category": "cost_optimized",
                "cores": 4,
                "cpu_type": "shared",
                "deprecation_announced": "2025-10-16T06:00:00Z",
                "description": "CX32",
                "disk": 80,
                "id": 105,
                "included_traffic": 0,
                "is_deprecated": true,
                "locations": [
                  {
                    "deprecation_announced": "2025-10-16T06:00:00Z",
                    "id": 1,
                    "is_deprecated": true,
                    "name": "fsn1",
                    "unavailable_after": "2025-12-31T23:59:59Z"
                  },
                  {
                    "deprecation_announced": "2025-10-16T06:00:00Z",
                    "id": 2,
                    "is_deprecated": true,
                    "name": "nbg1",
                    "unavailable_after": "2025-12-31T23:59:59Z"
                  },
                  {
                    "deprecation_announced": "2025-10-16T06:00:00Z",
                    "id": 3,
                    "is_deprecated": true,
                    "name": "hel1",
                    "unavailable_after": "2025-12-31T23:59:59Z"
                  }
                ],
                "memory": 8,
                "name": "cx32",
                "storage_type": "local",
                "unavailable_after": "2025-12-31T23:59:59Z"
              },
              {
                "architecture": "x86",
                "category": "cost_optimized",
                "cores": 8,
                "cpu_type": "shared",
                "deprecation_announced": "2025-10-16T06:00:00Z",
                "description": "CX42",
                "disk": 160,
                "id": 106,
                "included_traffic": 0,
                "is_deprecated": true,
                "locations": [
                  {
                    "deprecation_announced": "2025-10-16T06:00:00Z",
                    "id": 1,
                    "is_deprecated": true,
                    "name": "fsn1",
                    "unavailable_after": "2025-12-31T23:59:59Z"
                  },
                  {
                    "deprecation_announced": "2025-10-16T06:00:00Z",
                    "id": 2,
                    "is_deprecated": true,
                    "name": "nbg1",
                    "unavailable_after": "2025-12-31T23:59:59Z"
                  },
                  {
                    "deprecation_announced": "2025-10-16T06:00:00Z",
                    "id": 3,
                    "is_deprecated": true,
                    "name": "hel1",
                    "unavailable_after": "2025-12-31T23:59:59Z"
                  }
                ],
                "memory": 16,
                "name": "cx42",
                "storage_type": "local",
                "unavailable_after": "2025-12-31T23:59:59Z"
              },
              {
                "architecture": "x86",
                "category": "cost_optimized",
                "cores": 16,
                "cpu_type": "shared",
                "deprecation_announced": "2025-10-16T06:00:00Z",
                "description": "CX52",
                "disk": 320,
                "id": 107,
                "included_traffic": 0,
                "is_deprecated": true,
                "locations": [
                  {
                    "deprecation_announced": "2025-10-16T06:00:00Z",
                    "id": 1,
                    "is_deprecated": true,
                    "name": "fsn1",
                    "unavailable_after": "2025-12-31T23:59:59Z"
                  },
                  {
                    "deprecation_announced": "2025-10-16T06:00:00Z",
                    "id": 2,
                    "is_deprecated": true,
                    "name": "nbg1",
                    "unavailable_after": "2025-12-31T23:59:59Z"
                  },
                  {
                    "deprecation_announced": "2025-10-16T06:00:00Z",
                    "id": 3,
                    "is_deprecated": true,
                    "name": "hel1",
                    "unavailable_after": "2025-12-31T23:59:59Z"
                  }
                ],
                "memory": 32,
                "name": "cx52",
                "storage_type": "local",
                "unavailable_after": "2025-12-31T23:59:59Z"
              },
              {
                "architecture": "x86",
                "category": "regular_purpose",
                "cores": 1,
                "cpu_type": "shared",
                "deprecation_announced": "",
                "description": "CPX 12",
                "disk": 40,
                "id": 108,
                "included_traffic": 0,
                "is_deprecated": false,
                "locations": [
                  {
                    "deprecation_announced": "",
                    "id": 6,
                    "is_deprecated": false,
                    "name": "sin",
                    "unavailable_after": ""
                  }
                ],
                "memory": 2,
                "name": "cpx12",
                "storage_type": "local",
                "unavailable_after": ""
              },
              {
                "architecture": "x86",
                "category": "regular_purpose",
                "cores": 2,
                "cpu_type": "shared",
                "deprecation_announced": "",
                "description": "CPX 22",
                "disk": 80,
                "id": 109,
                "included_traffic": 0,
                "is_deprecated": false,
                "locations": [
                  {
                    "deprecation_announced": "",
                    "id": 1,
                    "is_deprecated": false,
                    "name": "fsn1",
                    "unavailable_after": ""
                  },
                  {
                    "deprecation_announced": "",
                    "id": 2,
                    "is_deprecated": false,
                    "name": "nbg1",
                    "unavailable_after": ""
                  },
                  {
                    "deprecation_announced": "",
                    "id": 3,
                    "is_deprecated": false,
                    "name": "hel1",
                    "unavailable_after": ""
                  },
                  {
                    "deprecation_announced": "",
                    "id": 6,
                    "is_deprecated": false,
                    "name": "sin",
                    "unavailable_after": ""
                  }
                ],
                "memory": 4,
                "name": "cpx22",
                "storage_type": "local",
                "unavailable_after": ""
              },
              {
                "architecture": "x86",
                "category": "regular_purpose",
                "cores": 4,
                "cpu_type": "shared",
                "deprecation_announced": "",
                "description": "CPX 32",
                "disk": 160,
                "id": 110,
                "included_traffic": 0,
                "is_deprecated": false,
                "locations": [
                  {
                    "deprecation_announced": "",
                    "id": 1,
                    "is_deprecated": false,
                    "name": "fsn1",
                    "unavailable_after": ""
                  },
                  {
                    "deprecation_announced": "",
                    "id": 2,
                    "is_deprecated": false,
                    "name": "nbg1",
                    "unavailable_after": ""
                  },
                  {
                    "deprecation_announced": "",
                    "id": 3,
                    "is_deprecated": false,
                    "name": "hel1",
                    "unavailable_after": ""
                  },
                  {
                    "deprecation_announced": "",
                    "id": 6,
                    "is_deprecated": false,
                    "name": "sin",
                    "unavailable_after": ""
                  }
                ],
                "memory": 8,
                "name": "cpx32",
                "storage_type": "local",
                "unavailable_after": ""
              },
              {
                "architecture": "x86",
                "category": "regular_purpose",
                "cores": 8,
                "cpu_type": "shared",
                "deprecation_announced": "",
                "description": "CPX 42",
                "disk": 320,
                "id": 111,
                "included_traffic": 0,
                "is_deprecated": false,
                "locations": [
                  {
                    "deprecation_announced": "",
                    "id": 1,
                    "is_deprecated": false,
                    "name": "fsn1",
                    "unavailable_after": ""
                  },
                  {
                    "deprecation_announced": "",
                    "id": 2,
                    "is_deprecated": false,
                    "name": "nbg1",
                    "unavailable_after": ""
                  },
                  {
                    "deprecation_announced": "",
                    "id": 3,
                    "is_deprecated": false,
                    "name": "hel1",
                    "unavailable_after": ""
                  },
                  {
                    "deprecation_announced": "",
                    "id": 6,
                    "is_deprecated": false,
                    "name": "sin",
                    "unavailable_after": ""
                  }
                ],
                "memory": 16,
                "name": "cpx42",
                "storage_type": "local",
                "unavailable_after": ""
              },
              {
                "architecture": "x86",
                "category": "regular_purpose",
                "cores": 12,
                "cpu_type": "shared",
                "deprecation_announced": "",
                "description": "CPX 52",
                "disk": 480,
                "id": 112,
                "included_traffic": 0,
                "is_deprecated": false,
                "locations": [
                  {
                    "deprecation_announced": "",
                    "id": 1,
                    "is_deprecated": false,
                    "name": "fsn1",
                    "unavailable_after": ""
                  },
                  {
                    "deprecation_announced": "",
                    "id": 2,
                    "is_deprecated": false,
                    "name": "nbg1",
                    "unavailable_after": ""
                  },
                  {
                    "deprecation_announced": "",
                    "id": 3,
                    "is_deprecated": false,
                    "name": "hel1",
                    "unavailable_after": ""
                  },
                  {
                    "deprecation_announced": "",
                    "id": 6,
                    "is_deprecated": false,
                    "name": "sin",
                    "unavailable_after": ""
                  }
                ],
                "memory": 24,
                "name": "cpx52",
                "storage_type": "local",
                "unavailable_after": ""
              },
              {
                "architecture": "x86",
                "category": "regular_purpose",
                "cores": 16,
                "cpu_type": "shared",
                "deprecation_announced": "",
                "description": "CPX 62",
                "disk": 640,
                "id": 113,
                "included_traffic": 0,
                "is_deprecated": false,
                "locations": [
                  {
                    "deprecation_announced": "",
                    "id": 1,
                    "is_deprecated": false,
                    "name": "fsn1",
                    "unavailable_after": ""
                  },
                  {
                    "deprecation_announced": "",
                    "id": 2,
                    "is_deprecated": false,
                    "name": "nbg1",
                    "unavailable_after": ""
                  },
                  {
                    "deprecation_announced": "",
                    "id": 3,
                    "is_deprecated": false,
                    "name": "hel1",
                    "unavailable_after": ""
                  },
                  {
                    "deprecation_announced": "",
                    "id": 6,
                    "is_deprecated": false,
                    "name": "sin",
                    "unavailable_after": ""
                  }
                ],
                "memory": 32,
                "name": "cpx62",
                "storage_type": "local",
                "unavailable_after": ""
              },
              {
                "architecture": "x86",
                "category": "cost_optimized",
                "cores": 2,
                "cpu_type": "shared",
                "deprecation_announced": "",
                "description": "CX 23",
                "disk": 40,
                "id": 114,
                "included_traffic": 0,
                "is_deprecated": false,
                "locations": [
                  {
                    "deprecation_announced": "",
                    "id": 1,
                    "is_deprecated": false,
                    "name": "fsn1",
                    "unavailable_after": ""
                  },
                  {
                    "deprecation_announced": "",
                    "id": 2,
                    "is_deprecated": false,
                    "name": "nbg1",
                    "unavailable_after": ""
                  },
                  {
                    "deprecation_announced": "",
                    "id": 3,
                    "is_deprecated": false,
                    "name": "hel1",
                    "unavailable_after": ""
                  }
                ],
                "memory": 4,
                "name": "cx23",
                "storage_type": "local",
                "unavailable_after": ""
              },
              {
                "architecture": "x86",
                "category": "cost_optimized",
                "cores": 4,
                "cpu_type": "shared",
                "deprecation_announced": "",
                "description": "CX 33",
                "disk": 80,
                "id": 115,
                "included_traffic": 0,
                "is_deprecated": false,
                "locations": [
                  {
                    "deprecation_announced": "",
                    "id": 1,
                    "is_deprecated": false,
                    "name": "fsn1",
                    "unavailable_after": ""
                  },
                  {
                    "deprecation_announced": "",
                    "id": 2,
                    "is_deprecated": false,
                    "name": "nbg1",
                    "unavailable_after": ""
                  },
                  {
                    "deprecation_announced": "",
                    "id": 3,
                    "is_deprecated": false,
                    "name": "hel1",
                    "unavailable_after": ""
                  }
                ],
                "memory": 8,
                "name": "cx33",
                "storage_type": "local",
                "unavailable_after": ""
              },
              {
                "architecture": "x86",
                "category": "cost_optimized",
                "cores": 8,
                "cpu_type": "shared",
                "deprecation_announced": "",
                "description": "CX 43",
                "disk": 160,
                "id": 116,
                "included_traffic": 0,
                "is_deprecated": false,
                "locations": [
                  {
                    "deprecation_announced": "",
                    "id": 1,
                    "is_deprecated": false,
                    "name": "fsn1",
                    "unavailable_after": ""
                  },
                  {
                    "deprecation_announced": "",
                    "id": 2,
                    "is_deprecated": false,
                    "name": "nbg1",
                    "unavailable_after": ""
                  },
                  {
                    "deprecation_announced": "",
                    "id": 3,
                    "is_deprecated": false,
                    "name": "hel1",
                    "unavailable_after": ""
                  }
                ],
                "memory": 16,
                "name": "cx43",
                "storage_type": "local",
                "unavailable_after": ""
              },
              {
                "architecture": "x86",
                "category": "cost_optimized",
                "cores": 16,
                "cpu_type": "shared",
                "deprecation_announced": "",
                "description": "CX 53",
                "disk": 320,
                "id": 117,
                "included_traffic": 0,
                "is_deprecated": false,
                "locations": [
                  {
                    "deprecation_announced": "",
                    "id": 1,
                    "is_deprecated": false,
                    "name": "fsn1",
                    "unavailable_after": ""
                  },
                  {
                    "deprecation_announced": "",
                    "id": 2,
                    "is_deprecated": false,
                    "name": "nbg1",
                    "unavailable_after": ""
                  },
                  {
                    "deprecation_announced": "",
                    "id": 3,
                    "is_deprecated": false,
                    "name": "hel1",
                    "unavailable_after": ""
                  }
                ],
                "memory": 32,
                "name": "cx53",
                "storage_type": "local",
                "unavailable_after": ""
              }
            ]
          },
          "sensitive_attributes": []
        }
      ]
    },
    {
      "module": "module.tenant",
      "mode": "managed",
      "type": "cloudflare_dns_record",
      "name": "faraday",
      "provider": "module.tenant.provider[\"registry.terraform.io/cloudflare/cloudflare\"]",
      "instances": [
        {
          "schema_version": 0,
          "attributes": {
            "comment": null,
            "comment_modified_on": null,
            "content": "157.180.88.232",
            "created_on": "2025-10-20T11:20:50Z",
            "data": null,
            "id": "83f25a45b068262028a9c8c4029b93c0",
            "meta": "{}",
            "modified_on": "2025-10-20T11:20:50Z",
            "name": "faraday.demo.spm.openshield.io",
            "priority": null,
            "proxiable": true,
            "proxied": false,
            "settings": {
              "flatten_cname": null,
              "ipv4_only": null,
              "ipv6_only": null
            },
            "tags": [],
            "tags_modified_on": null,
            "ttl": 3600,
            "type": "A",
            "zone_id": "f92c4f6137dffe0e40aa658cc70e3fa8"
          },
          "sensitive_attributes": [],
          "dependencies": [
            "module.tenant.data.cloudflare_zone.openshield",
            "module.tenant.data.hcloud_server_type.selected",
            "module.tenant.data.hcloud_server_types.all",
            "module.tenant.hcloud_server.tenant_server",
            "module.tenant.hcloud_ssh_key.ssh_key",
            "module.tenant.tls_private_key.ssh_key"
          ]
        }
      ]
    },
    {
      "module": "module.tenant",
      "mode": "managed",
      "type": "hcloud_server",
      "name": "tenant_server",
      "provider": "module.tenant.provider[\"registry.terraform.io/hetznercloud/hcloud\"]",
      "instances": [
        {
          "schema_version": 0,
          "attributes": {
            "allow_deprecated_images": false,
            "backup_window": "",
            "backups": false,
            "datacenter": "hel1-dc2",
            "delete_protection": false,
            "firewall_ids": [],
            "id": "111160975",
            "ignore_remote_firewall_ids": false,
            "image": "ubuntu-22.04",
            "ipv4_address": "157.180.88.232",
            "ipv6_address": "2a01:4f9:c013:feed::1",
            "ipv6_network": "2a01:4f9:c013:feed::/64",
            "iso": null,
            "keep_disk": false,
            "labels": {
              "solution": "spm",
              "tenant": "demo"
            },
            "location": "hel1",
            "name": "spm-tenant-demo",
            "network": [],
            "placement_group_id": 0,
            "primary_disk_size": 80,
            "public_net": [],
            "rebuild_protection": false,
            "rescue": null,
            "server_type": "cpx21",
            "shutdown_before_deletion": false,
            "ssh_keys": [
              "103297347"
            ],
            "status": "running",
            "timeouts": null,
            "user_data": "xRXK9cAUQbcbl0PsEfON8wyOOLA="
          },
          "sensitive_attributes": [],
          "private": "eyJlMmJmYjczMC1lY2FhLTExZTYtOGY4OC0zNDM2M2JjN2M0YzAiOnsiY3JlYXRlIjo1NDAwMDAwMDAwMDAwfX0=",
          "dependencies": [
            "module.tenant.data.hcloud_server_type.selected",
            "module.tenant.data.hcloud_server_types.all",
            "module.tenant.hcloud_ssh_key.ssh_key",
            "module.tenant.tls_private_key.ssh_key"
          ]
        }
      ]
    },
    {
      "module": "module.tenant",
      "mode": "managed",
      "type": "hcloud_ssh_key",
      "name": "ssh_key",
      "provider": "module.tenant.provider[\"registry.terraform.io/hetznercloud/hcloud\"]",
      "instances": [
        {
          "schema_version": 0,
          "attributes": {
            "fingerprint": "83:64:cc:0a:07:64:68:8c:8c:04:0d:8e:f7:51:2e:1c",
            "id": "103297347",
            "labels": {
              "solution": "spm",
              "tenant": "demo"
            },
            "name": "demo-ssh-key",
            "public_key": "ssh-rsa AAAAB3NzaC1yc2EAAAADAQABAAACAQDNIRHQ4Im/TUsrEaVJiLBpVPGlS1TW/gedQJtmzGc5xN4ODEQjKDbCZ0Srew1cnwx0lj+o3Iw/6YcxF/oHn6xLFq8SUK9RZha99evu90vgLxrONL+NIzrC2eDjWKwi+dTDfVgkkH7U0kfGjRGxQl0wAD0nJGrZmFusJyvXxLyMfF53Z9lO6ffEZZISvZxgoNZlz+xsaMbkGM6dfNVEAYooNhyGMJr34WoK1a+gi6zYvRApo0ib4hBT84JF3qQ41oaplXiNMaTV7jlf/9t5/Bt9tE9M2HI6cPxmexUuC2zjjUYS2t15Z7+ooacB8sAvbfZaPXZGAaEez7lzxfPJ1HV7oY+Z0pyAQ/PI1o1Ls7MUUPgxpS2Dl2JYVQUmzpJIqgQpjB2woQNchd5CvVDdSWa+9av+948SB2H5J7KUUlugkL6IEa2f4T8aS9Ot3eMa4aOLLH+QOcCaxfkzSsd1wfnIXJQBdYBuS3WSr2kjKnUakSG8Ut7jLzYCL5jLJ9fewDN+3/pcjv3C3KMSODwQOJUuhIwqQd89dyNO6be+w1q8lrTBqMLvtM7rmzO/UdrCvtxqXpNWaQweOQEgHV/IfpVIwLyckcA3LgRebwTK8zBOfHnyEopFLFX4EA+hRvoZ8nyTC9CieAjbyxx2arANhdlYS4vCI4TeIXrwjzjJYZz4OQ==\n"
          },
          "sensitive_attributes": [],
          "dependencies": [
            "module.tenant.tls_private_key.ssh_key"
          ]
        }
      ]
    },
    {
      "module": "module.tenant",
      "mode": "managed",
      "type": "hcloud_volume",
      "name": "tenant_volume",
      "provider": "module.tenant.provider[\"registry.terraform.io/hetznercloud/hcloud\"]",
      "instances": [
        {
          "schema_version": 0,
          "attributes": {
            "automount": true,
            "delete_protection": false,
            "format": "ext4",
            "id": "103775437",
            "labels": {
              "solution": "spm",
              "tenant": "demo"
            },
            "linux_device": "/dev/disk/by-id/scsi-0HC_Volume_103775437",
            "location": "hel1",
            "name": "spm-tenant-demo-volume",
            "server_id": 111160975,
            "size": 50
          },
          "sensitive_attributes": [],
          "private": "bnVsbA==",
          "dependencies": [
            "module.tenant.data.hcloud_server_type.selected",
            "module.tenant.data.hcloud_server_types.all",
            "module.tenant.hcloud_server.tenant_server",
            "module.tenant.hcloud_ssh_key.ssh_key",
            "module.tenant.tls_private_key.ssh_key"
          ]
        }
      ]
    },
    {
      "module": "module.tenant",
      "mode": "managed",
      "type": "local_file",
      "name": "configure_faraday_nginx_sh",
      "provider": "provider[\"registry.terraform.io/hashicorp/local\"]",
      "instances": [
        {
          "schema_version": 0,
          "attributes": {
            "content": "#!/usr/bin/env bash\n\necho \"Configuring Nginx for Faraday...\"\n\n# Request LetsEncrypt certificate for the domain\nsudo certbot certonly --nginx -d faraday.demo.spm.openshield.io --non-interactive --agree-tos -m certbot@cyberdef.cc --redirect | sudo tee /opt/faraday/certbot.log 2\u003e\u00261\n\n# Extract certificate and key paths\nCERT_PATH=$(grep -iE 'certificate is saved at:' /opt/faraday/certbot.log | awk '{print $5}')\nKEY_PATH=$(grep -iE 'key is saved at:' /opt/faraday/certbot.log | awk '{print $5}')\nif [ -z \"$CERT_PATH\" ] || [ -z \"$KEY_PATH\" ]; then\n    echo \"Failed to obtain SSL certificate. Check certbot log at /opt/faraday/certbot.log\"\n    exit 1\nfi\n\n# Generate Nginx configuration for Faraday\necho y | sudo faraday-manage generate-nginx-config --fqdn faraday.demo.spm.openshield.io --port 5985 --ws-port 9000 --ssl-certificate $CERT_PATH --ssl-key $KEY_PATH | awk 'BEGIN{p=0} /^.*NGINX Config$/{getline; getline; p=1} p{print}' | sudo tee /opt/faraday/faraday.conf 2\u003e\u00261\n\n# Move the generated config to Nginx sites-available\nsudo mv /opt/faraday/faraday.conf /etc/nginx/sites-available/faraday.conf\nsudo ln -sf /etc/nginx/sites-available/faraday.conf /etc/nginx/sites-enabled/faraday.conf\n\n# Test Nginx configuration\nsudo nginx -t\nif [ $? -ne 0 ]; then\n    echo \"Nginx configuration test failed. Please check the configuration file.\"\n    exit 1\nfi\n\n# Wait until no jobs for systemd-sysctl remain\nwhile systemctl list-jobs | grep -q systemd-sysctl; do sleep 1; done\n\n# Reload Nginx to apply the new configuration\nsudo systemctl reload nginx",
            "content_base64": null,
            "content_base64sha256": "zReJ6++nprJvqKbpcrbrCRqcb7Vt/Gg/WtZFkJdx9fE=",
            "content_base64sha512": "yNFmfuaYhcCKQ9WmKmz/1Jn4YaTjfLOAcJzTJPNMa1Elw5aOhndY8wA9ADn5y8BNCNcaxAOWoeL6GAzKWr87Vw==",
            "content_md5": "b534f353eb32e59fcb9678a99660004a",
            "content_sha1": "2a7258cf017d8aeb1db86048887cc12f02460efe",
            "content_sha256": "cd1789ebefa7a6b26fa8a6e972b6eb091a9c6fb56dfc683f5ad645909771f5f1",
            "content_sha512": "c8d1667ee69885c08a43d5a62a6cffd499f861a4e37cb380709cd324f34c6b5125c3968e867758f3003d0039f9cbc04d08d71ac40396a1e2fa180cca5abf3b57",
            "directory_permission": "0777",
            "file_permission": "0777",
            "filename": "modules/tenant/_rendered/configure-faraday-nginx.sh",
            "id": "2a7258cf017d8aeb1db86048887cc12f02460efe",
            "sensitive_content": null,
            "source": null
          },
          "sensitive_attributes": []
        }
      ]
    },
    {
      "module": "module.tenant",
      "mode": "managed",
      "type": "local_file",
      "name": "install_faraday_sh",
      "provider": "provider[\"registry.terraform.io/hashicorp/local\"]",
      "instances": [
        {
          "schema_version": 0,
          "attributes": {
            "content": "# !/bin/bash\n\n# A helper script to install Faraday on an Ubuntu server.\n# OS: Ubuntu 20.04 or later\n# Usage: ./install-faraday.sh \u003cVERSION|latest\u003e\n# Example: ./install-faraday.sh latest\n#\n# Author: YordanOpenShield\n\necho \"Starting Faraday installation...\"\n\n# Create necessary directories\nsudo mkdir -p /opt/faraday\ncd /opt/faraday\n\n# Get latest version tag\nVERSION=latest\nif [ -z \"$VERSION\" ] || [ \"$VERSION\" = \"latest\" ]; then\n  echo \"Fetching latest Faraday release from GitHub...\"\n  # prefer jq if available\n  if command -v jq \u003e/dev/null 2\u003e\u00261; then\n    VERSION=$(curl -s https://api.github.com/repos/infobyte/faraday/releases/latest | jq -r .tag_name)\n  else\n    VERSION=$(curl -s https://api.github.com/repos/infobyte/faraday/releases/latest | grep -oP '\"tag_name\":\\s*\"\\K(.*)(?=\")' || true)\n  fi\n\n  if [ -z \"$VERSION\" ]; then\n    echo \"Failed to determine latest Faraday version.\"\n    exit 1\n  fi\n  echo \"Latest version is $VERSION\"\nfi\n\n# Download Faraday\nsudo wget https://github.com/infobyte/faraday/releases/download/$VERSION/faraday-server_amd64.deb\n\n# Wait until no jobs for systemd-sysctl remain\nwhile systemctl list-jobs | grep -q systemd-sysctl; do sleep 1; done\n\n# Make sure dependencies are installed\nsudo apt-get install -y postgresql redis python3 python3-pip\n\n# Wait until no jobs for systemd-sysctl remain\nwhile systemctl list-jobs | grep -q systemd-sysctl; do sleep 1; done\n\n# Install Faraday\nsudo apt install -f /opt/faraday/faraday-server_amd64.deb -y\n\n# Add current user to faraday group\nsudo usermod -aG faraday $(whoami)\n\n# Initialize Faraday database\nsudo faraday-manage initdb\n\n# Change faraday's admin password\nsudo faraday-manage change-password --username faraday --password 4PYI1BvjXoSY_doD\n\n# Wait until no jobs for systemd-sysctl remain\nwhile systemctl list-jobs | grep -q systemd-sysctl; do sleep 1; done\n\n# Reload systemd to recognize Faraday services\nsudo systemctl daemon-reload\n\n# Start and enable Faraday services\nsudo systemctl start faraday-server\nsudo systemctl enable faraday-server\n\nsudo systemctl start faraday-worker\nsudo systemctl enable faraday-worker\n\n# Make sure Faraday is running\nif systemctl is-active --quiet faraday-server; then\n    echo \"Faraday server is running.\"\nelse\n    echo \"Faraday server failed to start.\"\n    exit 1\nfi",
            "content_base64": null,
            "content_base64sha256": "ARV7xPAz/WrBHKebptTnlyS+4/aaRPMsajPp/SHyCJA=",
            "content_base64sha512": "4XKJxAO1PSwdP3PRJ5bej/NsCnEAtEMMWA3LsYRO7OAXDW0IgJxU2J8gJ2+PDFbi1ji1rNvjNC9DgLLk/03BFQ==",
            "content_md5": "b77bd2459e236b0815c50a427dfaa511",
            "content_sha1": "02a13e3f0ac82b3557e5a37180b0ca736d17a52c",
            "content_sha256": "01157bc4f033fd6ac11ca79ba6d4e79724bee3f69a44f32c6a33e9fd21f20890",
            "content_sha512": "e17289c403b53d2c1d3f73d12796de8ff36c0a7100b4430c580dcbb1844eece0170d6d08809c54d89f20276f8f0c56e2d638b5acdbe3342f4380b2e4ff4dc115",
            "directory_permission": "0777",
            "file_permission": "0777",
            "filename": "modules/tenant/_rendered/install-faraday.sh",
            "id": "02a13e3f0ac82b3557e5a37180b0ca736d17a52c",
            "sensitive_content": null,
            "source": null
          },
          "sensitive_attributes": [
            [
              {
                "type": "get_attr",
                "value": "content"
              }
            ]
          ],
          "dependencies": [
            "module.tenant.random_password.faraday_password"
          ]
        }
      ]
    },
    {
      "module": "module.tenant",
      "mode": "managed",
      "type": "local_file",
      "name": "install_nginx_sh",
      "provider": "provider[\"registry.terraform.io/hashicorp/local\"]",
      "instances": [
        {
          "schema_version": 0,
          "attributes": {
            "content": "# !/bin/bash\n\necho \"Starting Nginx installation...\"\n\n# Wait until no jobs for systemd-sysctl remain\nwhile systemctl list-jobs | grep -q systemd-sysctl; do sleep 1; done\n\n# Install Nginx\nsudo apt install -y nginx\nsudo systemctl start nginx\nsudo systemctl enable nginx\n\n# Wait until no jobs for systemd-sysctl remain\nwhile systemctl list-jobs | grep -q systemd-sysctl; do sleep 1; done\n\n# Install certbot\nsudo apt install -y certbot python3-certbot-nginx\n\n# Adjust firewall to allow HTTP and HTTPS traffic\nsudo ufw allow http\nsudo ufw allow https",
            "content_base64": null,
            "content_base64sha256": "o4919IRfA5pOJeO7QoJD7ZxvTpydXFrk0+oPt/Lmwho=",
            "content_base64sha512": "rCkMXeyJ5UkcPvYhmyJPdJkexRED4JFQ4QNVYDaSR+BMGLsfYSIOZSAFCIPFUh19FirQUAxUhQd9LKItW0GQsA==",
            "content_md5": "e0c94e4b2e8b33c6f7489a8a6582c76f",
            "content_sha1": "5682968225ad55134c8c4bd36eda4b6e67362f53",
            "content_sha256": "a38f75f4845f039a4e25e3bb428243ed9c6f4e9c9d5c5ae4d3ea0fb7f2e6c21a",
            "content_sha512": "ac290c5dec89e5491c3ef6219b224f74991ec51103e09150e1035560369247e04c18bb1f61220e6520050883c5521d7d162ad0500c5485077d2ca22d5b4190b0",
            "directory_permission": "0777",
            "file_permission": "0777",
            "filename": "modules/tenant/_rendered/install-nginx.sh",
            "id": "5682968225ad55134c8c4bd36eda4b6e67362f53",
            "sensitive_content": null,
            "source": null
          },
          "sensitive_attributes": []
        }
      ]
    },
    {
      "module": "module.tenant",
      "mode": "managed",
      "type": "null_resource",
      "name": "provision_faraday_scripts",
      "provider": "provider[\"registry.terraform.io/hashicorp/null\"]",
      "instances": [
        {
          "status": "tainted",
          "schema_version": 0,
          "attributes": {
            "id": "1627972715288905706",
            "triggers": {
              "always_run": "2025-10-20T11:21:26Z"
            }
          },
          "sensitive_attributes": [],
          "dependencies": [
            "module.tenant.cloudflare_dns_record.faraday",
            "module.tenant.data.cloudflare_zone.openshield",
            "module.tenant.data.hcloud_server_type.selected",
            "module.tenant.data.hcloud_server_types.all",
            "module.tenant.hcloud_server.tenant_server",
            "module.tenant.hcloud_ssh_key.ssh_key",
            "module.tenant.hcloud_volume.tenant_volume",
            "module.tenant.local_file.configure_faraday_nginx_sh",
            "module.tenant.local_file.install_faraday_sh",
            "module.tenant.local_file.install_nginx_sh",
            "module.tenant.random_password.faraday_password",
            "module.tenant.tls_private_key.ssh_key"
          ]
        }
      ]
    },
    {
      "module": "module.tenant",
      "mode": "managed",
      "type": "random_password",
      "name": "faraday_password",
      "provider": "provider[\"registry.terraform.io/hashicorp/random\"]",
      "instances": [
        {
          "schema_version": 3,
          "attributes": {
            "bcrypt_hash": "$2a$10$cAfSm0X79T83ovieDdBuU.cXazAFKb22foe6z6RsmCUpqsrCyxNB6",
            "id": "none",
            "keepers": null,
            "length": 16,
            "lower": true,
            "min_lower": 0,
            "min_numeric": 0,
            "min_special": 0,
            "min_upper": 0,
            "number": true,
            "numeric": true,
            "override_special": "_%@",
            "result": "4PYI1BvjXoSY_doD",
            "special": true,
            "upper": true
          },
          "sensitive_attributes": []
        }
      ]
    },
    {
      "module": "module.tenant",
      "mode": "managed",
      "type": "tls_private_key",
      "name": "ssh_key",
      "provider": "provider[\"registry.terraform.io/hashicorp/tls\"]",
      "instances": [
        {
          "schema_version": 1,
          "attributes": {
            "algorithm": "RSA",
            "ecdsa_curve": "P224",
            "id": "a61ff6867963a868c6c2847d273aa9f68f8cc33a",
            "private_key_openssh": "-----BEGIN OPENSSH PRIVATE KEY-----\nb3BlbnNzaC1rZXktdjEAAAAABG5vbmUAAAAEbm9uZQAAAAAAAAABAAACFwAAAAdz\nc2gtcnNhAAAAAwEAAQAAAgEAzSER0OCJv01LKxGlSYiwaVTxpUtU1v4HnUCbZsxn\nOcTeDgxEIyg2wmdEq3sNXJ8MdJY/qNyMP+mHMRf6B5+sSxavElCvUWYWvfXr7vdL\n4C8azjS/jSM6wtng41isIvnUw31YJJB+1NJHxo0RsUJdMAA9JyRq2ZhbrCcr18S8\njHxed2fZTun3xGWSEr2cYKDWZc/sbGjG5BjOnXzVRAGKKDYchjCa9+FqCtWvoIus\n2L0QKaNIm+IQU/OCRd6kONaGqZV4jTGk1e45X//befwbfbRPTNhyOnD8ZnsVLgts\n441GEtrdeWe/qKGnAfLAL232Wj12RgGhHs+5c8XzydR1e6GPmdKcgEPzyNaNS7Oz\nFFD4MaUtg5diWFUFJs6SSKoEKYwdsKEDXIXeQr1Q3UlmvvWr/vePEgdh+SeylFJb\noJC+iBGtn+E/GkvTrd3jGuGjiyx/kDnAmsX5M0rHdcH5yFyUAXWAbkt1kq9pIyp1\nGpEhvFLe4y82Ai+YyyfX3sAzft/6XI79wtyjEjg8EDiVLoSMKkHfPXcjTum3vsNa\nvJa0wajC77TO65szv1Hawr7cal6TVmkMHjkBIB1fyH6VSMC8nJHANy4EXm8EyvMw\nTnx58hKKRSxV+BAPoUb6GfJ8kwvQongI28scdmqwDYXZWEuLwiOE3iF68I84yWGc\n+DkAAAc4Iemy4CHpsuAAAAAHc3NoLXJzYQAAAgEAzSER0OCJv01LKxGlSYiwaVTx\npUtU1v4HnUCbZsxnOcTeDgxEIyg2wmdEq3sNXJ8MdJY/qNyMP+mHMRf6B5+sSxav\nElCvUWYWvfXr7vdL4C8azjS/jSM6wtng41isIvnUw31YJJB+1NJHxo0RsUJdMAA9\nJyRq2ZhbrCcr18S8jHxed2fZTun3xGWSEr2cYKDWZc/sbGjG5BjOnXzVRAGKKDYc\nhjCa9+FqCtWvoIus2L0QKaNIm+IQU/OCRd6kONaGqZV4jTGk1e45X//befwbfbRP\nTNhyOnD8ZnsVLgts441GEtrdeWe/qKGnAfLAL232Wj12RgGhHs+5c8XzydR1e6GP\nmdKcgEPzyNaNS7OzFFD4MaUtg5diWFUFJs6SSKoEKYwdsKEDXIXeQr1Q3UlmvvWr\n/vePEgdh+SeylFJboJC+iBGtn+E/GkvTrd3jGuGjiyx/kDnAmsX5M0rHdcH5yFyU\nAXWAbkt1kq9pIyp1GpEhvFLe4y82Ai+YyyfX3sAzft/6XI79wtyjEjg8EDiVLoSM\nKkHfPXcjTum3vsNavJa0wajC77TO65szv1Hawr7cal6TVmkMHjkBIB1fyH6VSMC8\nnJHANy4EXm8EyvMwTnx58hKKRSxV+BAPoUb6GfJ8kwvQongI28scdmqwDYXZWEuL\nwiOE3iF68I84yWGc+DkAAAADAQABAAACAGKIF/61XHU/s3Okrjh8KADwhIJZhQ8g\nRpgKiJsAZDUjk2Y8Dh61GliXMi0MloZ+/4ShB0MdbWDl08KJOdifoisPYljx2MTI\nvPPSRNosf43YEpAqVjh9S6R888FAvq6uQr0EYGpv3fxsZX3CFVWIAysjcjxzCcAr\npx0yU6T5I3h35QiGIaP+Tr1P7LKD0bG4kEOndHE+gwrdv6F2bRqVgr99/oWWo1me\nNUmvCwWbEhOp/TGC9UWreRxaQ6E8KLYElfqviZCI4BzCqVyrkckuiCYBjnXjIjtg\nOl0fkjTj2BIVsissZmYCp9VgkNAmwpoFv+fozf8imTornXE3DLtOCn/TIcP93jA2\nmIFGXmgUr/kLVsf7KX/3eyhJaVtND5GuuAXeMl36uqVdYTYCf1QCTeUX5uaSnFPX\n3o+Bem6qM92W8zopCVCVV0DWiR++X4FfjKrKniexRJih0JAX352GbKxXfplnr8cA\nGh2JF2X0hXWd+5abkHrEb3KeAUia/69T53Aor2gbB7OaBrbqhoCXd6uGFme1FGaK\nPt9PWL+IuKxIbgLCObHGTVWmREU69L1rrf9j/N1KoUj4hSPewiLzvNzwEUiHDp8g\nv5zqt5AVx9zurES5BTtGrnOUTgyo1r14/dPxtvIqnUaYYjAosUs5yvL4lySLpMHY\ncKKlA0mSsqrhAAABADIFP7cpZOv4IFltU65IMrXlVo+fPhwB2JrKKBSqwisEBksd\n/i40/bHUnClsklLCZTZXnfr1bM4rhT9zz2uvK6c7RP7zDJ58w/g1bXJmI2+f0TgN\n8hTRSlrB2WCezXmBcoWOeSwXStAXRRSWt8EZM9hXU3VNzjXPlDnQ8q+LJWzv/WYz\njnKQdJYysEx+qvTA+QlgDHgmj2KHj7RDoyRd+PKD9LB1/cTabWEpum/t8GquVxOG\niUh/kD3n2aNq/aJ2r2VPXWNo+Aby2eSKFwg/mc8BjG2rPy3kuSkUVnsDw8Y6shxM\nF1VYeeE0a2UxEFMldU/5peb8hrNn/T2pjfmRNFQAAAEBAPvUII4BkaLupixBEMTS\nYKoBbEyMDMpDnCzS2MuxeabFreKIG906mdnTgVEdP5VjgpXDArU/zBF27mO8tF3o\niDD8NGwwXay4W4kxMRjKjD4PNC4yA12QC8+xxvO/rBj9YHzmpL5/pptAFbDudRsy\n288CzaoYFXx/05oi0qaLPU2tC0fC9fesec97C9hkHY/dUuVVmmBI1phh1sVss7lc\nQGMaqlYXWS1cLtYG/r3FxF37StAlpjj53tRTGftDXf9XBaPVh/PTMR58udPrnle1\nj1PRUvTV9fMyutGgDpPhNfNqOLC0B687y4II154LyBfa4CLqhpekdFJCgzfDJYIA\n2FMAAAEBANCG6iUqNCLeTB2lkPqFxTDST9ZPJCuwExnvhIrCX0Ij960HyZ1lOOF3\nLaXMgzYtM969Ntz99uHLwS979N2YDKQP/vjt7Kp58ZaCjuzJcyCioiPl9d359cPq\nPu0vTHDjiAsL4gfssCN7LweMDtUzMxXGSXxqPZ8chk03M6waxya+Xh/t4TQ8rGEw\n/sCrbGXFsNUhPcAuBUueEMfIBu2xSWIIujlkUV+TTIRtZAIkig2DanxwJmaZzCmO\n5BOelN3WfY8oU/rVniticwNp4y3scdFXmQXP/Sd+PGAv8HS+q4dnmk+St4bnE59W\nCg4kd5BLQ15ZkBka645nPkJl172M68MAAAAAAQID\n-----END OPENSSH PRIVATE KEY-----\n",
            "private_key_pem": "-----BEGIN RSA PRIVATE KEY-----\nMIIJKAIBAAKCAgEAzSER0OCJv01LKxGlSYiwaVTxpUtU1v4HnUCbZsxnOcTeDgxE\nIyg2wmdEq3sNXJ8MdJY/qNyMP+mHMRf6B5+sSxavElCvUWYWvfXr7vdL4C8azjS/\njSM6wtng41isIvnUw31YJJB+1NJHxo0RsUJdMAA9JyRq2ZhbrCcr18S8jHxed2fZ\nTun3xGWSEr2cYKDWZc/sbGjG5BjOnXzVRAGKKDYchjCa9+FqCtWvoIus2L0QKaNI\nm+IQU/OCRd6kONaGqZV4jTGk1e45X//befwbfbRPTNhyOnD8ZnsVLgts441GEtrd\neWe/qKGnAfLAL232Wj12RgGhHs+5c8XzydR1e6GPmdKcgEPzyNaNS7OzFFD4MaUt\ng5diWFUFJs6SSKoEKYwdsKEDXIXeQr1Q3UlmvvWr/vePEgdh+SeylFJboJC+iBGt\nn+E/GkvTrd3jGuGjiyx/kDnAmsX5M0rHdcH5yFyUAXWAbkt1kq9pIyp1GpEhvFLe\n4y82Ai+YyyfX3sAzft/6XI79wtyjEjg8EDiVLoSMKkHfPXcjTum3vsNavJa0wajC\n77TO65szv1Hawr7cal6TVmkMHjkBIB1fyH6VSMC8nJHANy4EXm8EyvMwTnx58hKK\nRSxV+BAPoUb6GfJ8kwvQongI28scdmqwDYXZWEuLwiOE3iF68I84yWGc+DkCAwEA\nAQKCAgBiiBf+tVx1P7NzpK44fCgA8ISCWYUPIEaYCoibAGQ1I5NmPA4etRpYlzIt\nDJaGfv+EoQdDHW1g5dPCiTnYn6IrD2JY8djEyLzz0kTaLH+N2BKQKlY4fUukfPPB\nQL6urkK9BGBqb938bGV9whVViAMrI3I8cwnAK6cdMlOk+SN4d+UIhiGj/k69T+yy\ng9GxuJBDp3RxPoMK3b+hdm0alYK/ff6FlqNZnjVJrwsFmxITqf0xgvVFq3kcWkOh\nPCi2BJX6r4mQiOAcwqlcq5HJLogmAY514yI7YDpdH5I049gSFbIrLGZmAqfVYJDQ\nJsKaBb/n6M3/Ipk6K51xNwy7Tgp/0yHD/d4wNpiBRl5oFK/5C1bH+yl/93soSWlb\nTQ+RrrgF3jJd+rqlXWE2An9UAk3lF+bmkpxT196PgXpuqjPdlvM6KQlQlVdA1okf\nvl+BX4yqyp4nsUSYodCQF9+dhmysV36ZZ6/HABodiRdl9IV1nfuWm5B6xG9yngFI\nmv+vU+dwKK9oGwezmga26oaAl3erhhZntRRmij7fT1i/iLisSG4Cwjmxxk1VpkRF\nOvS9a63/Y/zdSqFI+IUj3sIi87zc8BFIhw6fIL+c6reQFcfc7qxEuQU7Rq5zlE4M\nqNa9eP3T8bbyKp1GmGIwKLFLOcry+Jcki6TB2HCipQNJkrKq4QKCAQEA+9QgjgGR\nou6mLEEQxNJgqgFsTIwMykOcLNLYy7F5psWt4ogb3TqZ2dOBUR0/lWOClcMCtT/M\nEXbuY7y0XeiIMPw0bDBdrLhbiTExGMqMPg80LjIDXZALz7HG87+sGP1gfOakvn+m\nm0AVsO51GzLbzwLNqhgVfH/TmiLSpos9Ta0LR8L196x5z3sL2GQdj91S5VWaYEjW\nmGHWxWyzuVxAYxqqVhdZLVwu1gb+vcXEXftK0CWmOPne1FMZ+0Nd/1cFo9WH89Mx\nHny50+ueV7WPU9FS9NX18zK60aAOk+E182o4sLQHrzvLggjXngvIF9rgIuqGl6R0\nUkKDN8MlggDYUwKCAQEA0IbqJSo0It5MHaWQ+oXFMNJP1k8kK7ATGe+EisJfQiP3\nrQfJnWU44XctpcyDNi0z3r023P324cvBL3v03ZgMpA/++O3sqnnxloKO7MlzIKKi\nI+X13fn1w+o+7S9McOOICwviB+ywI3svB4wO1TMzFcZJfGo9nxyGTTczrBrHJr5e\nH+3hNDysYTD+wKtsZcWw1SE9wC4FS54Qx8gG7bFJYgi6OWRRX5NMhG1kAiSKDYNq\nfHAmZpnMKY7kE56U3dZ9jyhT+tWeK2JzA2njLexx0VeZBc/9J348YC/wdL6rh2ea\nT5K3hucTn1YKDiR3kEtDXlmQGRrrjmc+QmXXvYzrwwKCAQEAmqWcEFjaTMptdcPH\nPndLMVuKXD+tIxD9+XDJ/dzRLh87N2AKbIMuM9x1D5D8mQrxCHMnWJMDCL6Wit05\njmncKOjYcJALFqRoYgm5ctX/5aSEkNHZyz1IY5Vy7gEI+JexB0LEbNALSk/CglMN\ny1QiNDAuiIQdvcTp9z/nSKs9TFQ2Fy2cyyo567ZOgeaJWO27mGZHVVWloxKCR98H\nR49lYvbfH9tawkZX5MuK6JNokaZePRDB0T9xHcair/Cg6stQBVp+ELfi9Cv4GjIZ\nnRc8G2byoLQ8Q8sletHl4d5tuTvD8I++IFiCEyrG7qGhkTSya/7GBJ3TaSi7WCUZ\nBYrrTQKCAQA9MvtRAPvgJ+Gq6caM3+mplG+98+gnsjtI51S87KLMZIXyEFEJkoWJ\nFlMdT9JKeiW4/0s0vIxSZFxENVr+FfvPwqoQILPOrI9MnvCXaeAR+ekgJANurEeG\nwh7JuZHzp7Nrmocx0DM5lpOM4XwQ8j/R6inzC7MeGV8JFmRh5FICeuhg8o2fqRbm\nR1zc6vKbQ9PMGT9oQZloQfGm0HvIErn4vZr58Qk4xaA1VW1+e37QzHraHogGoKic\nocUqROZn3OVouGs9OKh9Dx22KMN13OjiiZTtccdYaeIKUMd/W943lR5isCqQuwy1\nPKki0W0NuikBbcOuuonbd018aytQBCXFAoIBADIFP7cpZOv4IFltU65IMrXlVo+f\nPhwB2JrKKBSqwisEBksd/i40/bHUnClsklLCZTZXnfr1bM4rhT9zz2uvK6c7RP7z\nDJ58w/g1bXJmI2+f0TgN8hTRSlrB2WCezXmBcoWOeSwXStAXRRSWt8EZM9hXU3VN\nzjXPlDnQ8q+LJWzv/WYzjnKQdJYysEx+qvTA+QlgDHgmj2KHj7RDoyRd+PKD9LB1\n/cTabWEpum/t8GquVxOGiUh/kD3n2aNq/aJ2r2VPXWNo+Aby2eSKFwg/mc8BjG2r\nPy3kuSkUVnsDw8Y6shxMF1VYeeE0a2UxEFMldU/5peb8hrNn/T2pjfmRNFQ=\n-----END RSA PRIVATE KEY-----\n",
            "private_key_pem_pkcs8": "-----BEGIN PRIVATE KEY-----\nMIIJQgIBADANBgkqhkiG9w0BAQEFAASCCSwwggkoAgEAAoICAQDNIRHQ4Im/TUsr\nEaVJiLBpVPGlS1TW/gedQJtmzGc5xN4ODEQjKDbCZ0Srew1cnwx0lj+o3Iw/6Ycx\nF/oHn6xLFq8SUK9RZha99evu90vgLxrONL+NIzrC2eDjWKwi+dTDfVgkkH7U0kfG\njRGxQl0wAD0nJGrZmFusJyvXxLyMfF53Z9lO6ffEZZISvZxgoNZlz+xsaMbkGM6d\nfNVEAYooNhyGMJr34WoK1a+gi6zYvRApo0ib4hBT84JF3qQ41oaplXiNMaTV7jlf\n/9t5/Bt9tE9M2HI6cPxmexUuC2zjjUYS2t15Z7+ooacB8sAvbfZaPXZGAaEez7lz\nxfPJ1HV7oY+Z0pyAQ/PI1o1Ls7MUUPgxpS2Dl2JYVQUmzpJIqgQpjB2woQNchd5C\nvVDdSWa+9av+948SB2H5J7KUUlugkL6IEa2f4T8aS9Ot3eMa4aOLLH+QOcCaxfkz\nSsd1wfnIXJQBdYBuS3WSr2kjKnUakSG8Ut7jLzYCL5jLJ9fewDN+3/pcjv3C3KMS\nODwQOJUuhIwqQd89dyNO6be+w1q8lrTBqMLvtM7rmzO/UdrCvtxqXpNWaQweOQEg\nHV/IfpVIwLyckcA3LgRebwTK8zBOfHnyEopFLFX4EA+hRvoZ8nyTC9CieAjbyxx2\narANhdlYS4vCI4TeIXrwjzjJYZz4OQIDAQABAoICAGKIF/61XHU/s3Okrjh8KADw\nhIJZhQ8gRpgKiJsAZDUjk2Y8Dh61GliXMi0MloZ+/4ShB0MdbWDl08KJOdifoisP\nYljx2MTIvPPSRNosf43YEpAqVjh9S6R888FAvq6uQr0EYGpv3fxsZX3CFVWIAysj\ncjxzCcArpx0yU6T5I3h35QiGIaP+Tr1P7LKD0bG4kEOndHE+gwrdv6F2bRqVgr99\n/oWWo1meNUmvCwWbEhOp/TGC9UWreRxaQ6E8KLYElfqviZCI4BzCqVyrkckuiCYB\njnXjIjtgOl0fkjTj2BIVsissZmYCp9VgkNAmwpoFv+fozf8imTornXE3DLtOCn/T\nIcP93jA2mIFGXmgUr/kLVsf7KX/3eyhJaVtND5GuuAXeMl36uqVdYTYCf1QCTeUX\n5uaSnFPX3o+Bem6qM92W8zopCVCVV0DWiR++X4FfjKrKniexRJih0JAX352GbKxX\nfplnr8cAGh2JF2X0hXWd+5abkHrEb3KeAUia/69T53Aor2gbB7OaBrbqhoCXd6uG\nFme1FGaKPt9PWL+IuKxIbgLCObHGTVWmREU69L1rrf9j/N1KoUj4hSPewiLzvNzw\nEUiHDp8gv5zqt5AVx9zurES5BTtGrnOUTgyo1r14/dPxtvIqnUaYYjAosUs5yvL4\nlySLpMHYcKKlA0mSsqrhAoIBAQD71CCOAZGi7qYsQRDE0mCqAWxMjAzKQ5ws0tjL\nsXmmxa3iiBvdOpnZ04FRHT+VY4KVwwK1P8wRdu5jvLRd6Igw/DRsMF2suFuJMTEY\nyow+DzQuMgNdkAvPscbzv6wY/WB85qS+f6abQBWw7nUbMtvPAs2qGBV8f9OaItKm\niz1NrQtHwvX3rHnPewvYZB2P3VLlVZpgSNaYYdbFbLO5XEBjGqpWF1ktXC7WBv69\nxcRd+0rQJaY4+d7UUxn7Q13/VwWj1Yfz0zEefLnT655XtY9T0VL01fXzMrrRoA6T\n4TXzajiwtAevO8uCCNeeC8gX2uAi6oaXpHRSQoM3wyWCANhTAoIBAQDQhuolKjQi\n3kwdpZD6hcUw0k/WTyQrsBMZ74SKwl9CI/etB8mdZTjhdy2lzIM2LTPevTbc/fbh\ny8Eve/TdmAykD/747eyqefGWgo7syXMgoqIj5fXd+fXD6j7tL0xw44gLC+IH7LAj\ney8HjA7VMzMVxkl8aj2fHIZNNzOsGscmvl4f7eE0PKxhMP7Aq2xlxbDVIT3ALgVL\nnhDHyAbtsUliCLo5ZFFfk0yEbWQCJIoNg2p8cCZmmcwpjuQTnpTd1n2PKFP61Z4r\nYnMDaeMt7HHRV5kFz/0nfjxgL/B0vquHZ5pPkreG5xOfVgoOJHeQS0NeWZAZGuuO\nZz5CZde9jOvDAoIBAQCapZwQWNpMym11w8c+d0sxW4pcP60jEP35cMn93NEuHzs3\nYApsgy4z3HUPkPyZCvEIcydYkwMIvpaK3TmOadwo6NhwkAsWpGhiCbly1f/lpISQ\n0dnLPUhjlXLuAQj4l7EHQsRs0AtKT8KCUw3LVCI0MC6IhB29xOn3P+dIqz1MVDYX\nLZzLKjnrtk6B5olY7buYZkdVVaWjEoJH3wdHj2Vi9t8f21rCRlfky4rok2iRpl49\nEMHRP3EdxqKv8KDqy1AFWn4Qt+L0K/gaMhmdFzwbZvKgtDxDyyV60eXh3m25O8Pw\nj74gWIITKsbuoaGRNLJr/sYEndNpKLtYJRkFiutNAoIBAD0y+1EA++An4arpxozf\n6amUb73z6CeyO0jnVLzsosxkhfIQUQmShYkWUx1P0kp6Jbj/SzS8jFJkXEQ1Wv4V\n+8/CqhAgs86sj0ye8Jdp4BH56SAkA26sR4bCHsm5kfOns2uahzHQMzmWk4zhfBDy\nP9HqKfMLsx4ZXwkWZGHkUgJ66GDyjZ+pFuZHXNzq8ptD08wZP2hBmWhB8abQe8gS\nufi9mvnxCTjFoDVVbX57ftDMetoeiAagqJyhxSpE5mfc5Wi4az04qH0PHbYow3Xc\n6OKJlO1xx1hp4gpQx39b3jeVHmKwKpC7DLU8qSLRbQ26KQFtw666idt3TXxrK1AE\nJcUCggEAMgU/tylk6/ggWW1TrkgyteVWj58+HAHYmsooFKrCKwQGSx3+LjT9sdSc\nKWySUsJlNled+vVsziuFP3PPa68rpztE/vMMnnzD+DVtcmYjb5/ROA3yFNFKWsHZ\nYJ7NeYFyhY55LBdK0BdFFJa3wRkz2FdTdU3ONc+UOdDyr4slbO/9ZjOOcpB0ljKw\nTH6q9MD5CWAMeCaPYoePtEOjJF348oP0sHX9xNptYSm6b+3waq5XE4aJSH+QPefZ\no2r9onavZU9dY2j4BvLZ5IoXCD+ZzwGMbas/LeS5KRRWewPDxjqyHEwXVVh54TRr\nZTEQUyV1T/ml5vyGs2f9PamN+ZE0VA==\n-----END PRIVATE KEY-----\n",
            "public_key_fingerprint_md5": "83:64:cc:0a:07:64:68:8c:8c:04:0d:8e:f7:51:2e:1c",
            "public_key_fingerprint_sha256": "SHA256:yd106KyCzWX9hrFDzjw8NcRqpf1zCaMbcr9swyXaXXI",
            "public_key_openssh": "ssh-rsa AAAAB3NzaC1yc2EAAAADAQABAAACAQDNIRHQ4Im/TUsrEaVJiLBpVPGlS1TW/gedQJtmzGc5xN4ODEQjKDbCZ0Srew1cnwx0lj+o3Iw/6YcxF/oHn6xLFq8SUK9RZha99evu90vgLxrONL+NIzrC2eDjWKwi+dTDfVgkkH7U0kfGjRGxQl0wAD0nJGrZmFusJyvXxLyMfF53Z9lO6ffEZZISvZxgoNZlz+xsaMbkGM6dfNVEAYooNhyGMJr34WoK1a+gi6zYvRApo0ib4hBT84JF3qQ41oaplXiNMaTV7jlf/9t5/Bt9tE9M2HI6cPxmexUuC2zjjUYS2t15Z7+ooacB8sAvbfZaPXZGAaEez7lzxfPJ1HV7oY+Z0pyAQ/PI1o1Ls7MUUPgxpS2Dl2JYVQUmzpJIqgQpjB2woQNchd5CvVDdSWa+9av+948SB2H5J7KUUlugkL6IEa2f4T8aS9Ot3eMa4aOLLH+QOcCaxfkzSsd1wfnIXJQBdYBuS3WSr2kjKnUakSG8Ut7jLzYCL5jLJ9fewDN+3/pcjv3C3KMSODwQOJUuhIwqQd89dyNO6be+w1q8lrTBqMLvtM7rmzO/UdrCvtxqXpNWaQweOQEgHV/IfpVIwLyckcA3LgRebwTK8zBOfHnyEopFLFX4EA+hRvoZ8nyTC9CieAjbyxx2arANhdlYS4vCI4TeIXrwjzjJYZz4OQ==\n",
            "public_key_pem": "-----BEGIN PUBLIC KEY-----\nMIICIjANBgkqhkiG9w0BAQEFAAOCAg8AMIICCgKCAgEAzSER0OCJv01LKxGlSYiw\naVTxpUtU1v4HnUCbZsxnOcTeDgxEIyg2wmdEq3sNXJ8MdJY/qNyMP+mHMRf6B5+s\nSxavElCvUWYWvfXr7vdL4C8azjS/jSM6wtng41isIvnUw31YJJB+1NJHxo0RsUJd\nMAA9JyRq2ZhbrCcr18S8jHxed2fZTun3xGWSEr2cYKDWZc/sbGjG5BjOnXzVRAGK\nKDYchjCa9+FqCtWvoIus2L0QKaNIm+IQU/OCRd6kONaGqZV4jTGk1e45X//befwb\nfbRPTNhyOnD8ZnsVLgts441GEtrdeWe/qKGnAfLAL232Wj12RgGhHs+5c8XzydR1\ne6GPmdKcgEPzyNaNS7OzFFD4MaUtg5diWFUFJs6SSKoEKYwdsKEDXIXeQr1Q3Ulm\nvvWr/vePEgdh+SeylFJboJC+iBGtn+E/GkvTrd3jGuGjiyx/kDnAmsX5M0rHdcH5\nyFyUAXWAbkt1kq9pIyp1GpEhvFLe4y82Ai+YyyfX3sAzft/6XI79wtyjEjg8EDiV\nLoSMKkHfPXcjTum3vsNavJa0wajC77TO65szv1Hawr7cal6TVmkMHjkBIB1fyH6V\nSMC8nJHANy4EXm8EyvMwTnx58hKKRSxV+BAPoUb6GfJ8kwvQongI28scdmqwDYXZ\nWEuLwiOE3iF68I84yWGc+DkCAwEAAQ==\n-----END PUBLIC KEY-----\n",
            "rsa_bits": 4096
          },
          "sensitive_attributes": []
        }
      ]
    }
  ],
  "check_results": null
}
