{
  "version": 4,
  "terraform_version": "1.5.0",
  "serial": 13,
  "lineage": "f16c640d-8cd3-93e9-1db2-84b0cefc8e1d",
  "outputs": {
    "cluster_id": {
      "value": "1236636f-60b5-46a7-9ffa-d74bfbac8898",
      "type": "string"
    },
    "cluster_name": {
      "value": "spm-cluster",
      "type": "string"
    }
  },
  "resources": [
    {
      "mode": "data",
      "type": "digitalocean_kubernetes_versions",
      "name": "available",
      "provider": "provider[\"registry.terraform.io/digitalocean/digitalocean\"]",
      "instances": [
        {
          "schema_version": 0,
          "attributes": {
            "id": "terraform-20251008071131645400000001",
            "latest_version": "1.33.1-do.4",
            "valid_versions": [
              "1.33.1-do.4",
              "1.32.5-do.4",
              "1.31.9-do.4"
            ],
            "version_prefix": null
          },
          "sensitive_attributes": []
        }
      ]
    },
    {
      "mode": "managed",
      "type": "digitalocean_kubernetes_cluster",
      "name": "spm_cluster",
      "provider": "provider[\"registry.terraform.io/digitalocean/digitalocean\"]",
      "instances": [
        {
          "schema_version": 3,
          "attributes": {
            "amd_gpu_device_metrics_exporter_plugin": [
              {
                "enabled": false
              }
            ],
            "amd_gpu_device_plugin": [
              {
                "enabled": false
              }
            ],
            "auto_upgrade": true,
            "cluster_autoscaler_configuration": [],
            "cluster_subnet": "10.244.0.0/16",
            "control_plane_firewall": [],
            "created_at": "2025-10-08 07:11:33 +0000 UTC",
            "destroy_all_associated_resources": false,
            "endpoint": "https://1236636f-60b5-46a7-9ffa-d74bfbac8898.k8s.ondigitalocean.com",
            "ha": false,
            "id": "1236636f-60b5-46a7-9ffa-d74bfbac8898",
            "ipv4_address": "",
            "kube_config": [
              {
                "client_certificate": "",
                "client_key": "",
                "cluster_ca_certificate": "LS0tLS1CRUdJTiBDRVJUSUZJQ0FURS0tLS0tCk1JSURKekNDQWcrZ0F3SUJBZ0lDQm5Vd0RRWUpLb1pJaHZjTkFRRUxCUUF3TXpFVk1CTUdBMVVFQ2hNTVJHbG4KYVhSaGJFOWpaV0Z1TVJvd0dBWURWUVFERXhGck9ITmhZWE1nUTJ4MWMzUmxjaUJEUVRBZUZ3MHlOVEV3TURndwpOekV4TXpoYUZ3MDBOVEV3TURnd056RXhNemhhTURNeEZUQVRCZ05WQkFvVERFUnBaMmwwWVd4UFkyVmhiakVhCk1CZ0dBMVVFQXhNUmF6aHpZV0Z6SUVOc2RYTjBaWElnUTBFd2dnRWlNQTBHQ1NxR1NJYjNEUUVCQVFVQUE0SUIKRHdBd2dnRUtBb0lCQVFEQXBBeU1UMFdZbkFPRndQWlV4N3MvQnk1b1VGblRzSFNjbWdzRU81U3BMVG9rcmFMRQpuSEhiR1dIeC95d2xMS3FFMmZRN1BlT0VVMnc1VHNvT2FBczlPbEpWWmZSbUNMQTMrNDlJcFFvc1d6d2U3cW5RClg0WmErK3NrZUxpSVVSOFJjZmtNSWFTR0QyQXAvRkN4b0F6eUZzTGFsK2RGV0p6dnVSSHJQcTJXMTBrcm9EVVcKVWpqazNQU2RITjk0YWtoUG1GUTRGS1BuVGFjaFVnZFVSMVdYNHlUbkk3eHdodnFlVEVkK3pDSGdiVXhKUzVmbQpFZDZCZjZGT0E3cWRGNDlzeE5QVkJhV01od3lvYXNkS3d0Sy9XVGpUMlNrb2ZqVWl2MFlNc2x3KzduQU9tUE8wClVOakxBaFRjWDBYdzR5ZW4rajdGRXYzSDB2c2hLd1FhYUlWREFnTUJBQUdqUlRCRE1BNEdBMVVkRHdFQi93UUUKQXdJQmhqQVNCZ05WSFJNQkFmOEVDREFHQVFIL0FnRUFNQjBHQTFVZERnUVdCQlNSVDVsWXlOTW9ZcVA0emxpYwplSUdwd1NhWE1EQU5CZ2txaGtpRzl3MEJBUXNGQUFPQ0FRRUFrTzZqTXJVOW1vMFJrVjJqMzBUKzBqSEJPREh0CkNLS0VMd2VFNnlzSHE5ZWIxOEh6R0F5VTBOL2tEd1l4WHBQMHVxc2ZiYjhGdVVxSjluR2kwQmRYOGE0TmdxTWcKV2tEa1Q5ckRybGdlT3hCQmo4M3p0QW92N3BTazlQUGt1MUZ4dmNYdjJHSzlwTnBSMU9uUmhSUzhoWmtkRm92eQpYZTkzTVFXUEpoUG42dUVvSWVHaTJIQ2VsQTNCQ21ndVF5SFlsZ3krcSs2RWNzWERUeStxNHVVNHpEQ0kyaWhVCkRiNHFDdzdpbnpUTjhvMld3UnJLeGw3enVuWEI5T3BnRS8rV0cvTTFmQ3ZQWVlManpWd204U1pGamdJb2M1VEsKMnZnaU9qbTJKREFNRjRlTWdSU1F6dnhISUdyYmNVTnMzMVByRytHU1ZJWjVQRnlHMHFXR0Y4bi92QT09Ci0tLS0tRU5EIENFUlRJRklDQVRFLS0tLS0K",
                "expires_at": "2025-10-15T07:15:44Z",
                "host": "https://1236636f-60b5-46a7-9ffa-d74bfbac8898.k8s.ondigitalocean.com",
                "raw_config": "apiVersion: v1\nkind: Config\nclusters:\n- cluster:\n    certificate-authority-data: LS0tLS1CRUdJTiBDRVJUSUZJQ0FURS0tLS0tCk1JSURKekNDQWcrZ0F3SUJBZ0lDQm5Vd0RRWUpLb1pJaHZjTkFRRUxCUUF3TXpFVk1CTUdBMVVFQ2hNTVJHbG4KYVhSaGJFOWpaV0Z1TVJvd0dBWURWUVFERXhGck9ITmhZWE1nUTJ4MWMzUmxjaUJEUVRBZUZ3MHlOVEV3TURndwpOekV4TXpoYUZ3MDBOVEV3TURnd056RXhNemhhTURNeEZUQVRCZ05WQkFvVERFUnBaMmwwWVd4UFkyVmhiakVhCk1CZ0dBMVVFQXhNUmF6aHpZV0Z6SUVOc2RYTjBaWElnUTBFd2dnRWlNQTBHQ1NxR1NJYjNEUUVCQVFVQUE0SUIKRHdBd2dnRUtBb0lCQVFEQXBBeU1UMFdZbkFPRndQWlV4N3MvQnk1b1VGblRzSFNjbWdzRU81U3BMVG9rcmFMRQpuSEhiR1dIeC95d2xMS3FFMmZRN1BlT0VVMnc1VHNvT2FBczlPbEpWWmZSbUNMQTMrNDlJcFFvc1d6d2U3cW5RClg0WmErK3NrZUxpSVVSOFJjZmtNSWFTR0QyQXAvRkN4b0F6eUZzTGFsK2RGV0p6dnVSSHJQcTJXMTBrcm9EVVcKVWpqazNQU2RITjk0YWtoUG1GUTRGS1BuVGFjaFVnZFVSMVdYNHlUbkk3eHdodnFlVEVkK3pDSGdiVXhKUzVmbQpFZDZCZjZGT0E3cWRGNDlzeE5QVkJhV01od3lvYXNkS3d0Sy9XVGpUMlNrb2ZqVWl2MFlNc2x3KzduQU9tUE8wClVOakxBaFRjWDBYdzR5ZW4rajdGRXYzSDB2c2hLd1FhYUlWREFnTUJBQUdqUlRCRE1BNEdBMVVkRHdFQi93UUUKQXdJQmhqQVNCZ05WSFJNQkFmOEVDREFHQVFIL0FnRUFNQjBHQTFVZERnUVdCQlNSVDVsWXlOTW9ZcVA0emxpYwplSUdwd1NhWE1EQU5CZ2txaGtpRzl3MEJBUXNGQUFPQ0FRRUFrTzZqTXJVOW1vMFJrVjJqMzBUKzBqSEJPREh0CkNLS0VMd2VFNnlzSHE5ZWIxOEh6R0F5VTBOL2tEd1l4WHBQMHVxc2ZiYjhGdVVxSjluR2kwQmRYOGE0TmdxTWcKV2tEa1Q5ckRybGdlT3hCQmo4M3p0QW92N3BTazlQUGt1MUZ4dmNYdjJHSzlwTnBSMU9uUmhSUzhoWmtkRm92eQpYZTkzTVFXUEpoUG42dUVvSWVHaTJIQ2VsQTNCQ21ndVF5SFlsZ3krcSs2RWNzWERUeStxNHVVNHpEQ0kyaWhVCkRiNHFDdzdpbnpUTjhvMld3UnJLeGw3enVuWEI5T3BnRS8rV0cvTTFmQ3ZQWVlManpWd204U1pGamdJb2M1VEsKMnZnaU9qbTJKREFNRjRlTWdSU1F6dnhISUdyYmNVTnMzMVByRytHU1ZJWjVQRnlHMHFXR0Y4bi92QT09Ci0tLS0tRU5EIENFUlRJRklDQVRFLS0tLS0K\n    server: https://1236636f-60b5-46a7-9ffa-d74bfbac8898.k8s.ondigitalocean.com\n  name: do-nyc3-spm-cluster\ncontexts:\n- context:\n    cluster: do-nyc3-spm-cluster\n    user: do-nyc3-spm-cluster-admin\n  name: do-nyc3-spm-cluster\ncurrent-context: do-nyc3-spm-cluster\nusers:\n- name: do-nyc3-spm-cluster-admin\n  user:\n    token: dop_v1_256a7719b163cbd79f62b7f4098c105c8ff1b77b2936ab03f56a13150201c916\n",
                "token": "dop_v1_256a7719b163cbd79f62b7f4098c105c8ff1b77b2936ab03f56a13150201c916"
              }
            ],
            "kubeconfig_expire_seconds": null,
            "maintenance_policy": [
              {
                "day": "any",
                "duration": "4h0m0s",
                "start_time": "11:00"
              }
            ],
            "name": "spm-cluster",
            "node_pool": [
              {
                "actual_node_count": 1,
                "auto_scale": true,
                "id": "309804d7-667c-4881-9a3d-598a50fb5e2e",
                "labels": null,
                "max_nodes": 5,
                "min_nodes": 1,
                "name": "spm-node-pool",
                "node_count": 1,
                "nodes": [
                  {
                    "created_at": "2025-10-08 07:11:33 +0000 UTC",
                    "droplet_id": "523184410",
                    "id": "96f9874c-5615-401d-9a1b-2dbc184d62dc",
                    "name": "spm-node-pool-py0lz",
                    "status": "running",
                    "updated_at": "2025-10-08 07:14:19 +0000 UTC"
                  }
                ],
                "size": "s-2vcpu-4gb",
                "tags": null,
                "taint": []
              }
            ],
            "region": "nyc3",
            "registry_integration": false,
            "routing_agent": [
              {
                "enabled": false
              }
            ],
            "service_subnet": "10.245.0.0/16",
            "status": "running",
            "surge_upgrade": true,
            "tags": [
              "spm"
            ],
            "timeouts": null,
            "updated_at": "2025-10-08 07:15:39 +0000 UTC",
            "urn": "do:kubernetes:1236636f-60b5-46a7-9ffa-d74bfbac8898",
            "version": "1.33.1-do.4",
            "vpc_uuid": "0eca90d2-9e51-4e0b-b7e3-ba848068f215"
          },
          "sensitive_attributes": [],
          "private": "eyJlMmJmYjczMC1lY2FhLTExZTYtOGY4OC0zNDM2M2JjN2M0YzAiOnsiY3JlYXRlIjoxODAwMDAwMDAwMDAwfSwic2NoZW1hX3ZlcnNpb24iOiIzIn0=",
          "dependencies": [
            "data.digitalocean_kubernetes_versions.available"
          ]
        }
      ]
    },
    {
      "module": "module.tenant",
      "mode": "managed",
      "type": "kubernetes_deployment",
      "name": "faraday",
      "provider": "provider[\"registry.terraform.io/hashicorp/kubernetes\"]",
      "instances": [
        {
          "status": "tainted",
          "schema_version": 1,
          "attributes": {
            "id": "demo/faraday-demo",
            "metadata": [
              {
                "annotations": null,
                "generate_name": "",
                "generation": 0,
                "labels": {
                  "app": "faraday"
                },
                "name": "faraday-demo",
                "namespace": "demo",
                "resource_version": "",
                "uid": ""
              }
            ],
            "spec": [
              {
                "min_ready_seconds": 0,
                "paused": false,
                "progress_deadline_seconds": 600,
                "replicas": "1",
                "revision_history_limit": 10,
                "selector": [
                  {
                    "match_expressions": [],
                    "match_labels": {
                      "app": "faraday"
                    }
                  }
                ],
                "strategy": [],
                "template": [
                  {
                    "metadata": [
                      {
                        "annotations": null,
                        "generate_name": "",
                        "generation": 0,
                        "labels": {
                          "app": "faraday"
                        },
                        "name": "",
                        "namespace": "",
                        "resource_version": "",
                        "uid": ""
                      }
                    ],
                    "spec": [
                      {
                        "active_deadline_seconds": 0,
                        "affinity": [],
                        "automount_service_account_token": true,
                        "container": [
                          {
                            "args": null,
                            "command": null,
                            "env": [],
                            "env_from": [],
                            "image": "faradaysec/faraday:latest",
                            "image_pull_policy": "IfNotPresent",
                            "lifecycle": [],
                            "liveness_probe": [],
                            "name": "faraday",
                            "port": [
                              {
                                "container_port": 5985,
                                "host_ip": "",
                                "host_port": 0,
                                "name": "",
                                "protocol": "TCP"
                              }
                            ],
                            "readiness_probe": [],
                            "resources": [
                              {
                                "limits": {
                                  "cpu": "1",
                                  "memory": "1Gi"
                                },
                                "requests": {
                                  "cpu": "100m",
                                  "memory": "128Mi"
                                }
                              }
                            ],
                            "security_context": [],
                            "startup_probe": [],
                            "stdin": false,
                            "stdin_once": false,
                            "termination_message_path": "/dev/termination-log",
                            "termination_message_policy": "",
                            "tty": false,
                            "volume_device": [],
                            "volume_mount": [],
                            "working_dir": ""
                          }
                        ],
                        "dns_config": [],
                        "dns_policy": "ClusterFirst",
                        "enable_service_links": true,
                        "host_aliases": [],
                        "host_ipc": false,
                        "host_network": false,
                        "host_pid": false,
                        "hostname": "",
                        "image_pull_secrets": [],
                        "init_container": [],
                        "node_name": "",
                        "node_selector": null,
                        "os": [],
                        "priority_class_name": "",
                        "readiness_gate": [],
                        "restart_policy": "Always",
                        "runtime_class_name": "",
                        "scheduler_name": "",
                        "security_context": [],
                        "service_account_name": "",
                        "share_process_namespace": false,
                        "subdomain": "",
                        "termination_grace_period_seconds": 30,
                        "toleration": [],
                        "topology_spread_constraint": [],
                        "volume": []
                      }
                    ]
                  }
                ]
              }
            ],
            "timeouts": null,
            "wait_for_rollout": true
          },
          "sensitive_attributes": [],
          "private": "eyJlMmJmYjczMC1lY2FhLTExZTYtOGY4OC0zNDM2M2JjN2M0YzAiOnsiY3JlYXRlIjo2MDAwMDAwMDAwMDAsImRlbGV0ZSI6NjAwMDAwMDAwMDAwLCJ1cGRhdGUiOjYwMDAwMDAwMDAwMH0sInNjaGVtYV92ZXJzaW9uIjoiMSJ9",
          "dependencies": [
            "data.digitalocean_kubernetes_versions.available",
            "digitalocean_kubernetes_cluster.spm_cluster",
            "module.tenant.kubernetes_namespace.tenant_ns"
          ]
        }
      ]
    },
    {
      "module": "module.tenant",
      "mode": "managed",
      "type": "kubernetes_deployment",
      "name": "opa",
      "provider": "provider[\"registry.terraform.io/hashicorp/kubernetes\"]",
      "instances": [
        {
          "schema_version": 1,
          "attributes": {
            "id": "demo/opa-demo",
            "metadata": [
              {
                "annotations": null,
                "generate_name": "",
                "generation": 1,
                "labels": {
                  "app": "opa"
                },
                "name": "opa-demo",
                "namespace": "demo",
                "resource_version": "1495",
                "uid": "0d9cfd4d-1912-4a93-81d0-fef4e91929bb"
              }
            ],
            "spec": [
              {
                "min_ready_seconds": 0,
                "paused": false,
                "progress_deadline_seconds": 600,
                "replicas": "1",
                "revision_history_limit": 10,
                "selector": [
                  {
                    "match_expressions": [],
                    "match_labels": {
                      "app": "opa"
                    }
                  }
                ],
                "strategy": [
                  {
                    "rolling_update": [
                      {
                        "max_surge": "25%",
                        "max_unavailable": "25%"
                      }
                    ],
                    "type": "RollingUpdate"
                  }
                ],
                "template": [
                  {
                    "metadata": [
                      {
                        "annotations": null,
                        "generate_name": "",
                        "generation": 0,
                        "labels": {
                          "app": "opa"
                        },
                        "name": "",
                        "namespace": "",
                        "resource_version": "",
                        "uid": ""
                      }
                    ],
                    "spec": [
                      {
                        "active_deadline_seconds": 0,
                        "affinity": [],
                        "automount_service_account_token": true,
                        "container": [
                          {
                            "args": [
                              "run",
                              "--server",
                              "--addr=0.0.0.0:8181"
                            ],
                            "command": null,
                            "env": [],
                            "env_from": [],
                            "image": "openpolicyagent/opa:0.54.0",
                            "image_pull_policy": "IfNotPresent",
                            "lifecycle": [],
                            "liveness_probe": [],
                            "name": "opa",
                            "port": [
                              {
                                "container_port": 8181,
                                "host_ip": "",
                                "host_port": 0,
                                "name": "",
                                "protocol": "TCP"
                              }
                            ],
                            "readiness_probe": [],
                            "resources": [
                              {
                                "limits": {
                                  "cpu": "250m",
                                  "memory": "256Mi"
                                },
                                "requests": {
                                  "cpu": "50m",
                                  "memory": "64Mi"
                                }
                              }
                            ],
                            "security_context": [],
                            "startup_probe": [],
                            "stdin": false,
                            "stdin_once": false,
                            "termination_message_path": "/dev/termination-log",
                            "termination_message_policy": "File",
                            "tty": false,
                            "volume_device": [],
                            "volume_mount": [],
                            "working_dir": ""
                          }
                        ],
                        "dns_config": [],
                        "dns_policy": "ClusterFirst",
                        "enable_service_links": true,
                        "host_aliases": [],
                        "host_ipc": false,
                        "host_network": false,
                        "host_pid": false,
                        "hostname": "",
                        "image_pull_secrets": [],
                        "init_container": [],
                        "node_name": "",
                        "node_selector": null,
                        "os": [],
                        "priority_class_name": "",
                        "readiness_gate": [],
                        "restart_policy": "Always",
                        "runtime_class_name": "",
                        "scheduler_name": "default-scheduler",
                        "security_context": [],
                        "service_account_name": "",
                        "share_process_namespace": false,
                        "subdomain": "",
                        "termination_grace_period_seconds": 30,
                        "toleration": [],
                        "topology_spread_constraint": [],
                        "volume": []
                      }
                    ]
                  }
                ]
              }
            ],
            "timeouts": null,
            "wait_for_rollout": true
          },
          "sensitive_attributes": [],
          "private": "eyJlMmJmYjczMC1lY2FhLTExZTYtOGY4OC0zNDM2M2JjN2M0YzAiOnsiY3JlYXRlIjo2MDAwMDAwMDAwMDAsImRlbGV0ZSI6NjAwMDAwMDAwMDAwLCJ1cGRhdGUiOjYwMDAwMDAwMDAwMH0sInNjaGVtYV92ZXJzaW9uIjoiMSJ9",
          "dependencies": [
            "data.digitalocean_kubernetes_versions.available",
            "digitalocean_kubernetes_cluster.spm_cluster",
            "module.tenant.kubernetes_namespace.tenant_ns"
          ]
        }
      ]
    },
    {
      "module": "module.tenant",
      "mode": "managed",
      "type": "kubernetes_deployment",
      "name": "opensearch",
      "provider": "provider[\"registry.terraform.io/hashicorp/kubernetes\"]",
      "instances": [
        {
          "schema_version": 1,
          "attributes": {
            "id": "demo/opensearch-demo",
            "metadata": [
              {
                "annotations": null,
                "generate_name": "",
                "generation": 1,
                "labels": {
                  "app": "opensearch",
                  "tenant": "demo"
                },
                "name": "opensearch-demo",
                "namespace": "demo",
                "resource_version": "1664",
                "uid": "e86e0086-67c8-4d39-aaaa-e40bc37fd155"
              }
            ],
            "spec": [
              {
                "min_ready_seconds": 0,
                "paused": false,
                "progress_deadline_seconds": 600,
                "replicas": "1",
                "revision_history_limit": 10,
                "selector": [
                  {
                    "match_expressions": [],
                    "match_labels": {
                      "app": "opensearch"
                    }
                  }
                ],
                "strategy": [
                  {
                    "rolling_update": [
                      {
                        "max_surge": "25%",
                        "max_unavailable": "25%"
                      }
                    ],
                    "type": "RollingUpdate"
                  }
                ],
                "template": [
                  {
                    "metadata": [
                      {
                        "annotations": null,
                        "generate_name": "",
                        "generation": 0,
                        "labels": {
                          "app": "opensearch"
                        },
                        "name": "",
                        "namespace": "",
                        "resource_version": "",
                        "uid": ""
                      }
                    ],
                    "spec": [
                      {
                        "active_deadline_seconds": 0,
                        "affinity": [],
                        "automount_service_account_token": true,
                        "container": [
                          {
                            "args": null,
                            "command": null,
                            "env": [
                              {
                                "name": "discovery.type",
                                "value": "single-node",
                                "value_from": []
                              },
                              {
                                "name": "OPENSEARCH_JAVA_OPTS",
                                "value": "-Xms512m -Xmx512m",
                                "value_from": []
                              }
                            ],
                            "env_from": [],
                            "image": "opensearchproject/opensearch:2.9.0",
                            "image_pull_policy": "IfNotPresent",
                            "lifecycle": [],
                            "liveness_probe": [],
                            "name": "opensearch",
                            "port": [
                              {
                                "container_port": 9200,
                                "host_ip": "",
                                "host_port": 0,
                                "name": "",
                                "protocol": "TCP"
                              }
                            ],
                            "readiness_probe": [],
                            "resources": [
                              {
                                "limits": {
                                  "cpu": "1",
                                  "memory": "2Gi"
                                },
                                "requests": {
                                  "cpu": "500m",
                                  "memory": "1Gi"
                                }
                              }
                            ],
                            "security_context": [],
                            "startup_probe": [],
                            "stdin": false,
                            "stdin_once": false,
                            "termination_message_path": "/dev/termination-log",
                            "termination_message_policy": "File",
                            "tty": false,
                            "volume_device": [],
                            "volume_mount": [
                              {
                                "mount_path": "/usr/share/opensearch/data",
                                "mount_propagation": "None",
                                "name": "opensearch-data",
                                "read_only": false,
                                "sub_path": "",
                                "sub_path_expr": ""
                              }
                            ],
                            "working_dir": ""
                          }
                        ],
                        "dns_config": [],
                        "dns_policy": "ClusterFirst",
                        "enable_service_links": true,
                        "host_aliases": [],
                        "host_ipc": false,
                        "host_network": false,
                        "host_pid": false,
                        "hostname": "",
                        "image_pull_secrets": [],
                        "init_container": [],
                        "node_name": "",
                        "node_selector": null,
                        "os": [],
                        "priority_class_name": "",
                        "readiness_gate": [],
                        "restart_policy": "Always",
                        "runtime_class_name": "",
                        "scheduler_name": "default-scheduler",
                        "security_context": [],
                        "service_account_name": "",
                        "share_process_namespace": false,
                        "subdomain": "",
                        "termination_grace_period_seconds": 30,
                        "toleration": [],
                        "topology_spread_constraint": [],
                        "volume": [
                          {
                            "aws_elastic_block_store": [],
                            "azure_disk": [],
                            "azure_file": [],
                            "ceph_fs": [],
                            "cinder": [],
                            "config_map": [],
                            "csi": [],
                            "downward_api": [],
                            "empty_dir": [],
                            "ephemeral": [],
                            "fc": [],
                            "flex_volume": [],
                            "flocker": [],
                            "gce_persistent_disk": [],
                            "git_repo": [],
                            "glusterfs": [],
                            "host_path": [],
                            "iscsi": [],
                            "local": [],
                            "name": "opensearch-data",
                            "nfs": [],
                            "persistent_volume_claim": [
                              {
                                "claim_name": "opensearch-data-demo",
                                "read_only": false
                              }
                            ],
                            "photon_persistent_disk": [],
                            "projected": [],
                            "quobyte": [],
                            "rbd": [],
                            "secret": [],
                            "vsphere_volume": []
                          }
                        ]
                      }
                    ]
                  }
                ]
              }
            ],
            "timeouts": null,
            "wait_for_rollout": true
          },
          "sensitive_attributes": [],
          "private": "eyJlMmJmYjczMC1lY2FhLTExZTYtOGY4OC0zNDM2M2JjN2M0YzAiOnsiY3JlYXRlIjo2MDAwMDAwMDAwMDAsImRlbGV0ZSI6NjAwMDAwMDAwMDAwLCJ1cGRhdGUiOjYwMDAwMDAwMDAwMH0sInNjaGVtYV92ZXJzaW9uIjoiMSJ9",
          "dependencies": [
            "data.digitalocean_kubernetes_versions.available",
            "digitalocean_kubernetes_cluster.spm_cluster",
            "module.tenant.kubernetes_namespace.tenant_ns",
            "module.tenant.kubernetes_persistent_volume_claim.opensearch_pvc"
          ]
        }
      ]
    },
    {
      "module": "module.tenant",
      "mode": "managed",
      "type": "kubernetes_ingress_v1",
      "name": "tenant_ingress",
      "provider": "provider[\"registry.terraform.io/hashicorp/kubernetes\"]",
      "instances": [
        {
          "index_key": 0,
          "schema_version": 0,
          "attributes": {
            "id": "demo/demo-ingress",
            "metadata": [
              {
                "annotations": {
                  "cert-manager.io/cluster-issuer": "letsencrypt-staging",
                  "kubernetes.io/ingress.class": "nginx"
                },
                "generate_name": "",
                "generation": 1,
                "labels": null,
                "name": "demo-ingress",
                "namespace": "demo",
                "resource_version": "1431",
                "uid": "fbdd97d2-b8f3-44bf-9f19-7f075d8022c3"
              }
            ],
            "spec": [
              {
                "default_backend": [],
                "ingress_class_name": "",
                "rule": [
                  {
                    "host": "demo.spm.openshield.io",
                    "http": [
                      {
                        "path": [
                          {
                            "backend": [
                              {
                                "resource": [],
                                "service": [
                                  {
                                    "name": "faraday",
                                    "port": [
                                      {
                                        "name": "",
                                        "number": 5985
                                      }
                                    ]
                                  }
                                ]
                              }
                            ],
                            "path": "/",
                            "path_type": "Prefix"
                          }
                        ]
                      }
                    ]
                  }
                ],
                "tls": [
                  {
                    "hosts": [
                      "demo.spm.openshield.io"
                    ],
                    "secret_name": "verystrongsecret"
                  }
                ]
              }
            ],
            "status": [
              {
                "load_balancer": [
                  {
                    "ingress": []
                  }
                ]
              }
            ],
            "timeouts": null,
            "wait_for_load_balancer": null
          },
          "sensitive_attributes": [],
          "private": "eyJlMmJmYjczMC1lY2FhLTExZTYtOGY4OC0zNDM2M2JjN2M0YzAiOnsiY3JlYXRlIjoxMjAwMDAwMDAwMDAwLCJkZWxldGUiOjEyMDAwMDAwMDAwMDB9fQ==",
          "dependencies": [
            "data.digitalocean_kubernetes_versions.available",
            "digitalocean_kubernetes_cluster.spm_cluster",
            "module.tenant.kubernetes_namespace.tenant_ns",
            "module.tenant.kubernetes_service.faraday_svc"
          ]
        }
      ]
    },
    {
      "module": "module.tenant",
      "mode": "managed",
      "type": "kubernetes_limit_range",
      "name": "tenant_limits",
      "provider": "provider[\"registry.terraform.io/hashicorp/kubernetes\"]",
      "instances": [
        {
          "schema_version": 0,
          "attributes": {
            "id": "demo/demo-limits",
            "metadata": [
              {
                "annotations": null,
                "generate_name": "",
                "generation": 0,
                "labels": null,
                "name": "demo-limits",
                "namespace": "demo",
                "resource_version": "1412",
                "uid": "520e9766-32f9-4939-82db-f3e9657bd86e"
              }
            ],
            "spec": [
              {
                "limit": [
                  {
                    "default": {
                      "cpu": "250m",
                      "memory": "256Mi"
                    },
                    "default_request": {
                      "cpu": "100m",
                      "memory": "128Mi"
                    },
                    "max": {
                      "cpu": "2",
                      "memory": "4Gi"
                    },
                    "max_limit_request_ratio": null,
                    "min": {
                      "cpu": "50m",
                      "memory": "64Mi"
                    },
                    "type": "Container"
                  }
                ]
              }
            ]
          },
          "sensitive_attributes": [],
          "private": "bnVsbA==",
          "dependencies": [
            "data.digitalocean_kubernetes_versions.available",
            "digitalocean_kubernetes_cluster.spm_cluster",
            "module.tenant.kubernetes_namespace.tenant_ns"
          ]
        }
      ]
    },
    {
      "module": "module.tenant",
      "mode": "managed",
      "type": "kubernetes_namespace",
      "name": "tenant_ns",
      "provider": "provider[\"registry.terraform.io/hashicorp/kubernetes\"]",
      "instances": [
        {
          "schema_version": 0,
          "attributes": {
            "id": "demo",
            "metadata": [
              {
                "annotations": null,
                "generate_name": "",
                "generation": 0,
                "labels": {
                  "tenant": "demo"
                },
                "name": "demo",
                "resource_version": "1375",
                "uid": "416f7a10-12ba-49ee-aef1-a0fa1b962c9d"
              }
            ],
            "timeouts": null,
            "wait_for_default_service_account": false
          },
          "sensitive_attributes": [],
          "private": "eyJlMmJmYjczMC1lY2FhLTExZTYtOGY4OC0zNDM2M2JjN2M0YzAiOnsiZGVsZXRlIjozMDAwMDAwMDAwMDB9fQ==",
          "dependencies": [
            "data.digitalocean_kubernetes_versions.available",
            "digitalocean_kubernetes_cluster.spm_cluster"
          ]
        }
      ]
    },
    {
      "module": "module.tenant",
      "mode": "managed",
      "type": "kubernetes_persistent_volume_claim",
      "name": "opensearch_pvc",
      "provider": "provider[\"registry.terraform.io/hashicorp/kubernetes\"]",
      "instances": [
        {
          "schema_version": 0,
          "attributes": {
            "id": "demo/opensearch-data-demo",
            "metadata": [
              {
                "annotations": null,
                "generate_name": "",
                "generation": 0,
                "labels": null,
                "name": "opensearch-data-demo",
                "namespace": "demo",
                "resource_version": "1443",
                "uid": "26c5aedd-4602-4f3e-9835-7298bedb647f"
              }
            ],
            "spec": [
              {
                "access_modes": [
                  "ReadWriteOnce"
                ],
                "resources": [
                  {
                    "limits": null,
                    "requests": {
                      "storage": "10Gi"
                    }
                  }
                ],
                "selector": [],
                "storage_class_name": "do-block-storage",
                "volume_mode": "Filesystem",
                "volume_name": "pvc-26c5aedd-4602-4f3e-9835-7298bedb647f"
              }
            ],
            "timeouts": null,
            "wait_until_bound": true
          },
          "sensitive_attributes": [],
          "private": "eyJlMmJmYjczMC1lY2FhLTExZTYtOGY4OC0zNDM2M2JjN2M0YzAiOnsiY3JlYXRlIjozMDAwMDAwMDAwMDB9fQ==",
          "dependencies": [
            "data.digitalocean_kubernetes_versions.available",
            "digitalocean_kubernetes_cluster.spm_cluster",
            "module.tenant.kubernetes_namespace.tenant_ns"
          ]
        }
      ]
    },
    {
      "module": "module.tenant",
      "mode": "managed",
      "type": "kubernetes_resource_quota",
      "name": "tenant_quota",
      "provider": "provider[\"registry.terraform.io/hashicorp/kubernetes\"]",
      "instances": [
        {
          "schema_version": 0,
          "attributes": {
            "id": "demo/demo-quota",
            "metadata": [
              {
                "annotations": null,
                "generate_name": "",
                "generation": 0,
                "labels": null,
                "name": "demo-quota",
                "namespace": "demo",
                "resource_version": "1417",
                "uid": "bbf2f4c1-5602-4c24-9f2e-03f924b5fe0c"
              }
            ],
            "spec": [
              {
                "hard": {
                  "limits.cpu": "4",
                  "limits.memory": "8Gi",
                  "persistentvolumeclaims": "5",
                  "pods": "10",
                  "requests.cpu": "2",
                  "requests.memory": "4Gi"
                },
                "scope_selector": [],
                "scopes": null
              }
            ],
            "timeouts": null
          },
          "sensitive_attributes": [],
          "private": "eyJlMmJmYjczMC1lY2FhLTExZTYtOGY4OC0zNDM2M2JjN2M0YzAiOnsiY3JlYXRlIjo2MDAwMDAwMDAwMCwidXBkYXRlIjo2MDAwMDAwMDAwMH19",
          "dependencies": [
            "data.digitalocean_kubernetes_versions.available",
            "digitalocean_kubernetes_cluster.spm_cluster",
            "module.tenant.kubernetes_namespace.tenant_ns"
          ]
        }
      ]
    },
    {
      "module": "module.tenant",
      "mode": "managed",
      "type": "kubernetes_service",
      "name": "faraday_svc",
      "provider": "provider[\"registry.terraform.io/hashicorp/kubernetes\"]",
      "instances": [
        {
          "schema_version": 1,
          "attributes": {
            "id": "demo/faraday",
            "metadata": [
              {
                "annotations": null,
                "generate_name": "",
                "generation": 0,
                "labels": null,
                "name": "faraday",
                "namespace": "demo",
                "resource_version": "1419",
                "uid": "4209bd66-cadf-457f-b273-4f3ef60153db"
              }
            ],
            "spec": [
              {
                "allocate_load_balancer_node_ports": true,
                "cluster_ip": "10.245.124.62",
                "cluster_ips": [
                  "10.245.124.62"
                ],
                "external_ips": null,
                "external_name": "",
                "external_traffic_policy": "",
                "health_check_node_port": 0,
                "internal_traffic_policy": "Cluster",
                "ip_families": [
                  "IPv4"
                ],
                "ip_family_policy": "SingleStack",
                "load_balancer_class": "",
                "load_balancer_ip": "",
                "load_balancer_source_ranges": null,
                "port": [
                  {
                    "app_protocol": "",
                    "name": "",
                    "node_port": 0,
                    "port": 5985,
                    "protocol": "TCP",
                    "target_port": "5985"
                  }
                ],
                "publish_not_ready_addresses": false,
                "selector": {
                  "app": "faraday"
                },
                "session_affinity": "None",
                "session_affinity_config": [],
                "type": "ClusterIP"
              }
            ],
            "status": [
              {
                "load_balancer": [
                  {
                    "ingress": []
                  }
                ]
              }
            ],
            "timeouts": null,
            "wait_for_load_balancer": true
          },
          "sensitive_attributes": [],
          "private": "eyJlMmJmYjczMC1lY2FhLTExZTYtOGY4OC0zNDM2M2JjN2M0YzAiOnsiY3JlYXRlIjo2MDAwMDAwMDAwMDB9LCJzY2hlbWFfdmVyc2lvbiI6IjEifQ==",
          "dependencies": [
            "data.digitalocean_kubernetes_versions.available",
            "digitalocean_kubernetes_cluster.spm_cluster",
            "module.tenant.kubernetes_namespace.tenant_ns"
          ]
        }
      ]
    },
    {
      "module": "module.tenant",
      "mode": "managed",
      "type": "kubernetes_service",
      "name": "opa_svc",
      "provider": "provider[\"registry.terraform.io/hashicorp/kubernetes\"]",
      "instances": [
        {
          "schema_version": 1,
          "attributes": {
            "id": "demo/opa",
            "metadata": [
              {
                "annotations": null,
                "generate_name": "",
                "generation": 0,
                "labels": null,
                "name": "opa",
                "namespace": "demo",
                "resource_version": "1382",
                "uid": "851c5c96-6572-4ff2-9ed7-0fb0a55f18e0"
              }
            ],
            "spec": [
              {
                "allocate_load_balancer_node_ports": true,
                "cluster_ip": "10.245.197.245",
                "cluster_ips": [
                  "10.245.197.245"
                ],
                "external_ips": null,
                "external_name": "",
                "external_traffic_policy": "",
                "health_check_node_port": 0,
                "internal_traffic_policy": "Cluster",
                "ip_families": [
                  "IPv4"
                ],
                "ip_family_policy": "SingleStack",
                "load_balancer_class": "",
                "load_balancer_ip": "",
                "load_balancer_source_ranges": null,
                "port": [
                  {
                    "app_protocol": "",
                    "name": "",
                    "node_port": 0,
                    "port": 8181,
                    "protocol": "TCP",
                    "target_port": "8181"
                  }
                ],
                "publish_not_ready_addresses": false,
                "selector": {
                  "app": "opa"
                },
                "session_affinity": "None",
                "session_affinity_config": [],
                "type": "ClusterIP"
              }
            ],
            "status": [
              {
                "load_balancer": [
                  {
                    "ingress": []
                  }
                ]
              }
            ],
            "timeouts": null,
            "wait_for_load_balancer": true
          },
          "sensitive_attributes": [],
          "private": "eyJlMmJmYjczMC1lY2FhLTExZTYtOGY4OC0zNDM2M2JjN2M0YzAiOnsiY3JlYXRlIjo2MDAwMDAwMDAwMDB9LCJzY2hlbWFfdmVyc2lvbiI6IjEifQ==",
          "dependencies": [
            "data.digitalocean_kubernetes_versions.available",
            "digitalocean_kubernetes_cluster.spm_cluster",
            "module.tenant.kubernetes_namespace.tenant_ns"
          ]
        }
      ]
    },
    {
      "module": "module.tenant",
      "mode": "managed",
      "type": "kubernetes_service",
      "name": "opensearch_svc",
      "provider": "provider[\"registry.terraform.io/hashicorp/kubernetes\"]",
      "instances": [
        {
          "schema_version": 1,
          "attributes": {
            "id": "demo/opensearch",
            "metadata": [
              {
                "annotations": null,
                "generate_name": "",
                "generation": 0,
                "labels": null,
                "name": "opensearch",
                "namespace": "demo",
                "resource_version": "1392",
                "uid": "5b46e34e-b2bd-45b9-a2d8-3dbc81cdf2ec"
              }
            ],
            "spec": [
              {
                "allocate_load_balancer_node_ports": true,
                "cluster_ip": "10.245.130.120",
                "cluster_ips": [
                  "10.245.130.120"
                ],
                "external_ips": null,
                "external_name": "",
                "external_traffic_policy": "",
                "health_check_node_port": 0,
                "internal_traffic_policy": "Cluster",
                "ip_families": [
                  "IPv4"
                ],
                "ip_family_policy": "SingleStack",
                "load_balancer_class": "",
                "load_balancer_ip": "",
                "load_balancer_source_ranges": null,
                "port": [
                  {
                    "app_protocol": "",
                    "name": "",
                    "node_port": 0,
                    "port": 9200,
                    "protocol": "TCP",
                    "target_port": "9200"
                  }
                ],
                "publish_not_ready_addresses": false,
                "selector": {
                  "app": "opensearch"
                },
                "session_affinity": "None",
                "session_affinity_config": [],
                "type": "ClusterIP"
              }
            ],
            "status": [
              {
                "load_balancer": [
                  {
                    "ingress": []
                  }
                ]
              }
            ],
            "timeouts": null,
            "wait_for_load_balancer": true
          },
          "sensitive_attributes": [],
          "private": "eyJlMmJmYjczMC1lY2FhLTExZTYtOGY4OC0zNDM2M2JjN2M0YzAiOnsiY3JlYXRlIjo2MDAwMDAwMDAwMDB9LCJzY2hlbWFfdmVyc2lvbiI6IjEifQ==",
          "dependencies": [
            "data.digitalocean_kubernetes_versions.available",
            "digitalocean_kubernetes_cluster.spm_cluster",
            "module.tenant.kubernetes_namespace.tenant_ns"
          ]
        }
      ]
    }
  ],
  "check_results": null
}
