{
  "version": 4,
  "terraform_version": "1.5.0",
  "serial": 335,
  "lineage": "2bdfdec5-8c30-28c5-2bba-a5d893c95ad2",
  "outputs": {
    "tenant_host": {
      "value": "157.180.88.232",
      "type": "string"
    },
    "tenant_name": {
      "value": "demo",
      "type": "string"
    },
    "tenant_ssh_private_key": {
      "value": "-----BEGIN RSA PRIVATE KEY-----\nMIIJKAIBAAKCAgEAuyMHpOOJNE6UJ6LEOHU5CwNOQc5k+1X8RFTDZmn3xbIkzX4I\neah6IACBFhQt0gY0gWOGQSZxebyHC1IeO/JxK8g4CM8XKSJxUQlu+DCznYfxfK/q\nFa+V/U1CmvxYdU7ESVD1uceSfbRO6lL/sUPx6t3kRZ7uJJ2RtxpTjFe9bOeHOPmY\np+u/qBH/xLotGdH4MwqXTAh/iR7o4TdzjQL21C5jj8AgepYSI6VRPQbBVyyQuwjR\nl1FKVIZ+KcFxBf54jChlsatqYc2coITq+tlFX7REUm1MfWwa1k5I2zmX7QIMGtJ3\nJOxXAfO+xh/Njyr/BmedqHBo7YxNwfADLJZsNw41S5bHJaqj/9ggi3qqZxZ7KLdw\ndyXXYZz8vW8Qd2HchDRr4JwCr1YZmaY8Yun5RofK6nCZ+SIZ7Bedf9d3Il2u5MzC\negq6C6N3wHRrnG//iUbQERUFwEU/Q5dLAwGW9lBZoUNNH6oxF3dRkF8Xx3DJgxHv\nNhdlZZfPFaCJCySZiDz+slzsSK9Vji6KN+xHPwh59Sp1hYuk3hdYqpBQDyriGZus\nt9xbMXiDzZNyw22UMBTO6jGpTyQaIcEe/Q2vMJDPWx8yD6OKfweUfVZEfvxqw6SE\n5s84yrqBcfLj8bAZ4Hy4MAYS6nFt+9LQ2bXzzScCV+5rTjRNvGpLLe1iKgMCAwEA\nAQKCAgAac+kwtbk/W5w1vhxenrNhiyYUx0ge/xiZ0CGO6IvNtlDde2NXTyl0PJ4C\nsPeJKLdjUt43d2ey/aNZRlJfxvWYasUA+cUcW3IJMnwtOTUqn3zTU0qTpi5dj/5K\nSkF205uLgZY6nKtoeYRuOy1JsYEQ4izSapTfOCbQ6zfELuLn8hJ7S0z476o359Nv\ny6F0dOnQzT510P22NFhW/a+nzzN06tnICDCPI4eM4mGJbtsFp5cN2UFHUoZfTGOp\nI18GqeIAbfVyF/kBuj7ZsfBFZVEZJjJCNJELaayhfo9t7cY8Cn4LjJSq832ZGQtu\nljBIfJtwHFV86ebrLVoQgAzy0JCbOVl4zK1fy0A2ckmWkvVtBaM4TZrMc/wmalQM\nXfm4k6duuEZL44okkZfTaHG+ogUjmYfwPZjyZAgtYDB0KNLQmjwSZvXa5CLFvOPk\nfX2HDVaz3Mko9ZDUGLDft7Rpap1JwBrH1SF9HrpJnP5iK+Y0Wl+CHy7/p86GCv8u\nQZDWi5hxFepgUl3rs06hS1LB9rsI/C4Mp8Q/xIbHpXthGoy/j6VmqUzAj0O5w4tv\nKCEdpK7c5n0YhsHRruieqNCSuxl3daV0JqYYDRifwOYJ68ZQxwwIaGXrhwigofKd\nBhmBxg5V2AU6vFitt8POQW15ipR3KyBmCRx8T5hWqYXfhLE5gQKCAQEA+A/fjfNg\nmzdNkCj21wR5j8pyRCdkeNNS8h90lCij4M6V5DcUrkRU3h323zouH9P6s5Ixagqu\nx4hPQR5DnrZIWVDdzrYuiZgnGdR8HaEXXt6X7nHzKquy/vPYNNdaQNlYyhI2gzwH\nwbQ8rTAxVMVlLbz/zrW5vzUiqsJuYPkvrI6a6qudTEIihCLe9T2CzRXVdqVmMbtg\nRvCP1LYLOpdDILOw2D4Da5pRNU7JA/nMUFUHY4S2RuHFaCME5QRSgPls4aQRqQFk\nyZ69DDmnwDzJdN41J6f5aehJi3ceo8wxQCghKQ0rRSOi8mh/8us5rnOhGny2jFcC\nspCqlihPlOmmPwKCAQEAwSAOkprUvS+iS4DXf4DJ2V00cBrP8jHAq+bTobN48Age\nEpwkhwACKH9Bf65yJK40bqb89mOEzMqcKh8rmyh+k0VcPe4tmtdXD8heYx2EUxHg\ncolJuQDqFRRcjo1FvXXeJjWDEgwq6g00V9Y68VSWay1T/VXQmwCRzmW10X5jv0Fm\n9LdGrMoJZUZ0JNliLd3bACvbvlblzLP4JV7K8WpCMPPfSxNZ6Vb0Zm9OTLOcUKG2\neNyUMpAJfjkPHR7EwW4RFWOcP/c5kyjcP0jZg+VRPHkeD7NB7dJITCHJj+g5mJ5L\nwJIutqvLryw52dMxtqTSTjEmNHgRsc2yt34kWqkzPQKCAQAC2aPW7LHydps0idP0\nOn/vEANqFw3HeZ4dXBEp1qGzZoxAWAWrzusutids/y0ifnwF7isVLdQ+RKmsdN2Q\nCEYiiJRT2LIGMLJaUJ+wc3ZiR6p1OefyWJCw7zpPuR23WwfzImxv65OnPRvpXYFj\nmPUFpoNF676bnM+uKJe+E37hu625/ojLJINjA0eOh8tl8ddHCrV24tFDX2Y3qnPM\nk4pY6NeiVGwTo21FcIdMvWUEk0WHdjHl9JghDy3yN69+/d6rZQgy6eovitxfNJZh\n1hD2f8sajoqGFf4qVQ8MEL+MHinrX9RccgFgSaUWtG8wOvHh7Qbn6+QDCzh6izIG\n4vxfAoIBAQCWxUwbMD09pV5yy5dxtz3eMGGr04LcdfMRQRefednEqtGvfa8Wpe8J\nZq/f2nTKJiZQ7JU4VeFrcBIS4FrOuwJ2PwQQZU29QLh7XdYyUuznXWF4ia3AfPJC\nmq7Xq3ryun5AHi7BfDZUmxJuMJW7qmn0KmMTuFcva3ZpSAZ2EtIUkh6qlhra8q/7\nHNG3ou5/GGDM9XCMXJLzCN2Fb0fIyUf7p6h/mA/tlzEed28Nentih51JJgucnc6L\neEhQV6EL0b4MkMN/PKb6OEAaN+l4iyKsr3HEmBG0dSJ0LTyK2KV+fLZvFLDbc6uE\nimZvo+1/xZVZ7g0BkWtfAFOx5QzEqquRAoIBAGcmLiGAhgX+kT52i8wNpIj6ZJ/z\nXOHX0b40PFl+6LLlE1iHaicW6cyD02fuHzA+xToaBPXPpasdwGAEpJDegQYmAa5Q\nnhkTcM5eJSJGu9jces0OpzRKZ4//3Be4kmPbztaMq/9c+SFVGIokuk/pDcaLnncs\nmp6U3XlgnyHYqZU6+DQ3ZkmTUa/NWvahmiVh1EqIY/oyd3mHpi2GQmvyeloiH92s\nF4VuUu/OIegEA1fAJurCU2jWICzHf0EIs9Wsm61vii3eWg/zD8UkohBCyUn+aLO4\ntwB7O2WHqXnpMhpW2qqRz4HiyrykP3QOM+sCtyV4LYZ1GXVh9uC7TSRBha4=\n-----END RSA PRIVATE KEY-----\n",
      "type": "string",
      "sensitive": true
    },
    "tenant_ssh_public_key": {
      "value": "ssh-rsa AAAAB3NzaC1yc2EAAAADAQABAAACAQC7Iwek44k0TpQnosQ4dTkLA05BzmT7VfxEVMNmaffFsiTNfgh5qHogAIEWFC3SBjSBY4ZBJnF5vIcLUh478nEryDgIzxcpInFRCW74MLOdh/F8r+oVr5X9TUKa/Fh1TsRJUPW5x5J9tE7qUv+xQ/Hq3eRFnu4knZG3GlOMV71s54c4+Zin67+oEf/Eui0Z0fgzCpdMCH+JHujhN3ONAvbULmOPwCB6lhIjpVE9BsFXLJC7CNGXUUpUhn4pwXEF/niMKGWxq2phzZyghOr62UVftERSbUx9bBrWTkjbOZftAgwa0nck7FcB877GH82PKv8GZ52ocGjtjE3B8AMslmw3DjVLlsclqqP/2CCLeqpnFnsot3B3JddhnPy9bxB3YdyENGvgnAKvVhmZpjxi6flGh8rqcJn5IhnsF51/13ciXa7kzMJ6CroLo3fAdGucb/+JRtARFQXART9Dl0sDAZb2UFmhQ00fqjEXd1GQXxfHcMmDEe82F2Vll88VoIkLJJmIPP6yXOxIr1WOLoo37Ec/CHn1KnWFi6TeF1iqkFAPKuIZm6y33FsxeIPNk3LDbZQwFM7qMalPJBohwR79Da8wkM9bHzIPo4p/B5R9VkR+/GrDpITmzzjKuoFx8uPxsBngfLgwBhLqcW370tDZtfPNJwJX7mtONE28akst7WIqAw==\n",
      "type": "string"
    }
  },
  "resources": [
    {
      "module": "module.tenant",
      "mode": "data",
      "type": "cloudflare_zone",
      "name": "openshield",
      "provider": "module.tenant.provider[\"registry.terraform.io/cloudflare/cloudflare\"]",
      "instances": [
        {
          "schema_version": 0,
          "attributes": {
            "account": {
              "id": "bca3124de7c86d659a959f06cb35043d",
              "name": "Cloudflare@cyberdef.cc's Account"
            },
            "activated_on": "2025-04-21T11:29:39Z",
            "cname_suffix": null,
            "created_on": "2025-04-21T11:00:21Z",
            "development_mode": 0,
            "filter": {
              "account": null,
              "direction": null,
              "match": null,
              "name": "openshield.io",
              "order": null,
              "status": null
            },
            "id": null,
            "meta": {
              "cdn_only": null,
              "custom_certificate_quota": 0,
              "dns_only": null,
              "foundation_dns": null,
              "page_rule_quota": 3,
              "phishing_detected": false,
              "step": 2
            },
            "modified_on": "2025-04-21T11:29:39Z",
            "name": "openshield.io",
            "name_servers": [
              "kiki.ns.cloudflare.com",
              "lloyd.ns.cloudflare.com"
            ],
            "original_dnshost": null,
            "original_name_servers": [
              "dns1.registrar-servers.com",
              "dns2.registrar-servers.com"
            ],
            "original_registrar": "namecheap, inc. (id: 1068)",
            "owner": {
              "id": null,
              "name": null,
              "type": "user"
            },
            "paused": false,
            "permissions": [
              "#dns_records:edit",
              "#dns_records:read",
              "#zone:read"
            ],
            "plan": {
              "can_subscribe": false,
              "currency": "USD",
              "externally_managed": false,
              "frequency": "",
              "id": "0feeeeeeeeeeeeeeeeeeeeeeeeeeeeee",
              "is_subscribed": false,
              "legacy_discount": false,
              "legacy_id": "free",
              "name": "Free Website",
              "price": 0
            },
            "status": "active",
            "tenant": {
              "id": null,
              "name": null
            },
            "tenant_unit": {
              "id": null
            },
            "type": "full",
            "vanity_name_servers": [],
            "verification_key": null,
            "zone_id": "f92c4f6137dffe0e40aa658cc70e3fa8"
          },
          "sensitive_attributes": []
        }
      ]
    },
    {
      "module": "module.tenant",
      "mode": "data",
      "type": "hcloud_server_type",
      "name": "selected",
      "provider": "module.tenant.provider[\"registry.terraform.io/hetznercloud/hcloud\"]",
      "instances": [
        {
          "index_key": "cpx21",
          "schema_version": 0,
          "attributes": {
            "architecture": "x86",
            "category": "regular_purpose",
            "cores": 3,
            "cpu_type": "shared",
            "deprecation_announced": "",
            "description": "CPX 21",
            "disk": 80,
            "id": 23,
            "included_traffic": 0,
            "is_deprecated": false,
            "locations": [
              {
                "deprecation_announced": "2025-10-16T06:00:00Z",
                "id": 1,
                "is_deprecated": true,
                "name": "fsn1",
                "unavailable_after": "2025-12-31T23:59:59Z"
              },
              {
                "deprecation_announced": "2025-10-16T06:00:00Z",
                "id": 2,
                "is_deprecated": true,
                "name": "nbg1",
                "unavailable_after": "2025-12-31T23:59:59Z"
              },
              {
                "deprecation_announced": "2025-10-16T06:00:00Z",
                "id": 3,
                "is_deprecated": true,
                "name": "hel1",
                "unavailable_after": "2025-12-31T23:59:59Z"
              },
              {
                "deprecation_announced": "",
                "id": 4,
                "is_deprecated": false,
                "name": "ash",
                "unavailable_after": ""
              },
              {
                "deprecation_announced": "",
                "id": 5,
                "is_deprecated": false,
                "name": "hil",
                "unavailable_after": ""
              },
              {
                "deprecation_announced": "2025-10-16T06:00:00Z",
                "id": 6,
                "is_deprecated": true,
                "name": "sin",
                "unavailable_after": "2025-12-31T23:59:59Z"
              }
            ],
            "memory": 4,
            "name": "cpx21",
            "storage_type": "local",
            "unavailable_after": ""
          },
          "sensitive_attributes": []
        },
        {
          "index_key": "cpx22",
          "schema_version": 0,
          "attributes": {
            "architecture": "x86",
            "category": "regular_purpose",
            "cores": 2,
            "cpu_type": "shared",
            "deprecation_announced": "",
            "description": "CPX 22",
            "disk": 80,
            "id": 109,
            "included_traffic": 0,
            "is_deprecated": false,
            "locations": [
              {
                "deprecation_announced": "",
                "id": 1,
                "is_deprecated": false,
                "name": "fsn1",
                "unavailable_after": ""
              },
              {
                "deprecation_announced": "",
                "id": 2,
                "is_deprecated": false,
                "name": "nbg1",
                "unavailable_after": ""
              },
              {
                "deprecation_announced": "",
                "id": 3,
                "is_deprecated": false,
                "name": "hel1",
                "unavailable_after": ""
              },
              {
                "deprecation_announced": "",
                "id": 6,
                "is_deprecated": false,
                "name": "sin",
                "unavailable_after": ""
              }
            ],
            "memory": 4,
            "name": "cpx22",
            "storage_type": "local",
            "unavailable_after": ""
          },
          "sensitive_attributes": []
        },
        {
          "index_key": "cpx31",
          "schema_version": 0,
          "attributes": {
            "architecture": "x86",
            "category": "regular_purpose",
            "cores": 4,
            "cpu_type": "shared",
            "deprecation_announced": "",
            "description": "CPX 31",
            "disk": 160,
            "id": 24,
            "included_traffic": 0,
            "is_deprecated": false,
            "locations": [
              {
                "deprecation_announced": "2025-10-16T06:00:00Z",
                "id": 1,
                "is_deprecated": true,
                "name": "fsn1",
                "unavailable_after": "2025-12-31T23:59:59Z"
              },
              {
                "deprecation_announced": "2025-10-16T06:00:00Z",
                "id": 2,
                "is_deprecated": true,
                "name": "nbg1",
                "unavailable_after": "2025-12-31T23:59:59Z"
              },
              {
                "deprecation_announced": "2025-10-16T06:00:00Z",
                "id": 3,
                "is_deprecated": true,
                "name": "hel1",
                "unavailable_after": "2025-12-31T23:59:59Z"
              },
              {
                "deprecation_announced": "",
                "id": 4,
                "is_deprecated": false,
                "name": "ash",
                "unavailable_after": ""
              },
              {
                "deprecation_announced": "",
                "id": 5,
                "is_deprecated": false,
                "name": "hil",
                "unavailable_after": ""
              },
              {
                "deprecation_announced": "2025-10-16T06:00:00Z",
                "id": 6,
                "is_deprecated": true,
                "name": "sin",
                "unavailable_after": "2025-12-31T23:59:59Z"
              }
            ],
            "memory": 8,
            "name": "cpx31",
            "storage_type": "local",
            "unavailable_after": ""
          },
          "sensitive_attributes": []
        },
        {
          "index_key": "cpx32",
          "schema_version": 0,
          "attributes": {
            "architecture": "x86",
            "category": "regular_purpose",
            "cores": 4,
            "cpu_type": "shared",
            "deprecation_announced": "",
            "description": "CPX 32",
            "disk": 160,
            "id": 110,
            "included_traffic": 0,
            "is_deprecated": false,
            "locations": [
              {
                "deprecation_announced": "",
                "id": 1,
                "is_deprecated": false,
                "name": "fsn1",
                "unavailable_after": ""
              },
              {
                "deprecation_announced": "",
                "id": 2,
                "is_deprecated": false,
                "name": "nbg1",
                "unavailable_after": ""
              },
              {
                "deprecation_announced": "",
                "id": 3,
                "is_deprecated": false,
                "name": "hel1",
                "unavailable_after": ""
              },
              {
                "deprecation_announced": "",
                "id": 6,
                "is_deprecated": false,
                "name": "sin",
                "unavailable_after": ""
              }
            ],
            "memory": 8,
            "name": "cpx32",
            "storage_type": "local",
            "unavailable_after": ""
          },
          "sensitive_attributes": []
        },
        {
          "index_key": "cpx41",
          "schema_version": 0,
          "attributes": {
            "architecture": "x86",
            "category": "regular_purpose",
            "cores": 8,
            "cpu_type": "shared",
            "deprecation_announced": "",
            "description": "CPX 41",
            "disk": 240,
            "id": 25,
            "included_traffic": 0,
            "is_deprecated": false,
            "locations": [
              {
                "deprecation_announced": "2025-10-16T06:00:00Z",
                "id": 1,
                "is_deprecated": true,
                "name": "fsn1",
                "unavailable_after": "2025-12-31T23:59:59Z"
              },
              {
                "deprecation_announced": "2025-10-16T06:00:00Z",
                "id": 2,
                "is_deprecated": true,
                "name": "nbg1",
                "unavailable_after": "2025-12-31T23:59:59Z"
              },
              {
                "deprecation_announced": "2025-10-16T06:00:00Z",
                "id": 3,
                "is_deprecated": true,
                "name": "hel1",
                "unavailable_after": "2025-12-31T23:59:59Z"
              },
              {
                "deprecation_announced": "",
                "id": 4,
                "is_deprecated": false,
                "name": "ash",
                "unavailable_after": ""
              },
              {
                "deprecation_announced": "",
                "id": 5,
                "is_deprecated": false,
                "name": "hil",
                "unavailable_after": ""
              },
              {
                "deprecation_announced": "2025-10-16T06:00:00Z",
                "id": 6,
                "is_deprecated": true,
                "name": "sin",
                "unavailable_after": "2025-12-31T23:59:59Z"
              }
            ],
            "memory": 16,
            "name": "cpx41",
            "storage_type": "local",
            "unavailable_after": ""
          },
          "sensitive_attributes": []
        },
        {
          "index_key": "cpx42",
          "schema_version": 0,
          "attributes": {
            "architecture": "x86",
            "category": "regular_purpose",
            "cores": 8,
            "cpu_type": "shared",
            "deprecation_announced": "",
            "description": "CPX 42",
            "disk": 320,
            "id": 111,
            "included_traffic": 0,
            "is_deprecated": false,
            "locations": [
              {
                "deprecation_announced": "",
                "id": 1,
                "is_deprecated": false,
                "name": "fsn1",
                "unavailable_after": ""
              },
              {
                "deprecation_announced": "",
                "id": 2,
                "is_deprecated": false,
                "name": "nbg1",
                "unavailable_after": ""
              },
              {
                "deprecation_announced": "",
                "id": 3,
                "is_deprecated": false,
                "name": "hel1",
                "unavailable_after": ""
              },
              {
                "deprecation_announced": "",
                "id": 6,
                "is_deprecated": false,
                "name": "sin",
                "unavailable_after": ""
              }
            ],
            "memory": 16,
            "name": "cpx42",
            "storage_type": "local",
            "unavailable_after": ""
          },
          "sensitive_attributes": []
        },
        {
          "index_key": "cpx51",
          "schema_version": 0,
          "attributes": {
            "architecture": "x86",
            "category": "regular_purpose",
            "cores": 16,
            "cpu_type": "shared",
            "deprecation_announced": "",
            "description": "CPX 51",
            "disk": 360,
            "id": 26,
            "included_traffic": 0,
            "is_deprecated": false,
            "locations": [
              {
                "deprecation_announced": "2025-10-16T06:00:00Z",
                "id": 1,
                "is_deprecated": true,
                "name": "fsn1",
                "unavailable_after": "2025-12-31T23:59:59Z"
              },
              {
                "deprecation_announced": "2025-10-16T06:00:00Z",
                "id": 2,
                "is_deprecated": true,
                "name": "nbg1",
                "unavailable_after": "2025-12-31T23:59:59Z"
              },
              {
                "deprecation_announced": "2025-10-16T06:00:00Z",
                "id": 3,
                "is_deprecated": true,
                "name": "hel1",
                "unavailable_after": "2025-12-31T23:59:59Z"
              },
              {
                "deprecation_announced": "",
                "id": 4,
                "is_deprecated": false,
                "name": "ash",
                "unavailable_after": ""
              },
              {
                "deprecation_announced": "",
                "id": 5,
                "is_deprecated": false,
                "name": "hil",
                "unavailable_after": ""
              },
              {
                "deprecation_announced": "2025-10-16T06:00:00Z",
                "id": 6,
                "is_deprecated": true,
                "name": "sin",
                "unavailable_after": "2025-12-31T23:59:59Z"
              }
            ],
            "memory": 32,
            "name": "cpx51",
            "storage_type": "local",
            "unavailable_after": ""
          },
          "sensitive_attributes": []
        },
        {
          "index_key": "cpx52",
          "schema_version": 0,
          "attributes": {
            "architecture": "x86",
            "category": "regular_purpose",
            "cores": 12,
            "cpu_type": "shared",
            "deprecation_announced": "",
            "description": "CPX 52",
            "disk": 480,
            "id": 112,
            "included_traffic": 0,
            "is_deprecated": false,
            "locations": [
              {
                "deprecation_announced": "",
                "id": 1,
                "is_deprecated": false,
                "name": "fsn1",
                "unavailable_after": ""
              },
              {
                "deprecation_announced": "",
                "id": 2,
                "is_deprecated": false,
                "name": "nbg1",
                "unavailable_after": ""
              },
              {
                "deprecation_announced": "",
                "id": 3,
                "is_deprecated": false,
                "name": "hel1",
                "unavailable_after": ""
              },
              {
                "deprecation_announced": "",
                "id": 6,
                "is_deprecated": false,
                "name": "sin",
                "unavailable_after": ""
              }
            ],
            "memory": 24,
            "name": "cpx52",
            "storage_type": "local",
            "unavailable_after": ""
          },
          "sensitive_attributes": []
        },
        {
          "index_key": "cpx62",
          "schema_version": 0,
          "attributes": {
            "architecture": "x86",
            "category": "regular_purpose",
            "cores": 16,
            "cpu_type": "shared",
            "deprecation_announced": "",
            "description": "CPX 62",
            "disk": 640,
            "id": 113,
            "included_traffic": 0,
            "is_deprecated": false,
            "locations": [
              {
                "deprecation_announced": "",
                "id": 1,
                "is_deprecated": false,
                "name": "fsn1",
                "unavailable_after": ""
              },
              {
                "deprecation_announced": "",
                "id": 2,
                "is_deprecated": false,
                "name": "nbg1",
                "unavailable_after": ""
              },
              {
                "deprecation_announced": "",
                "id": 3,
                "is_deprecated": false,
                "name": "hel1",
                "unavailable_after": ""
              },
              {
                "deprecation_announced": "",
                "id": 6,
                "is_deprecated": false,
                "name": "sin",
                "unavailable_after": ""
              }
            ],
            "memory": 32,
            "name": "cpx62",
            "storage_type": "local",
            "unavailable_after": ""
          },
          "sensitive_attributes": []
        },
        {
          "index_key": "cx22",
          "schema_version": 0,
          "attributes": {
            "architecture": "x86",
            "category": "cost_optimized",
            "cores": 2,
            "cpu_type": "shared",
            "deprecation_announced": "2025-10-16T06:00:00Z",
            "description": "CX22",
            "disk": 40,
            "id": 104,
            "included_traffic": 0,
            "is_deprecated": true,
            "locations": [
              {
                "deprecation_announced": "2025-10-16T06:00:00Z",
                "id": 1,
                "is_deprecated": true,
                "name": "fsn1",
                "unavailable_after": "2025-12-31T23:59:59Z"
              },
              {
                "deprecation_announced": "2025-10-16T06:00:00Z",
                "id": 2,
                "is_deprecated": true,
                "name": "nbg1",
                "unavailable_after": "2025-12-31T23:59:59Z"
              },
              {
                "deprecation_announced": "2025-10-16T06:00:00Z",
                "id": 3,
                "is_deprecated": true,
                "name": "hel1",
                "unavailable_after": "2025-12-31T23:59:59Z"
              }
            ],
            "memory": 4,
            "name": "cx22",
            "storage_type": "local",
            "unavailable_after": "2025-12-31T23:59:59Z"
          },
          "sensitive_attributes": []
        },
        {
          "index_key": "cx23",
          "schema_version": 0,
          "attributes": {
            "architecture": "x86",
            "category": "cost_optimized",
            "cores": 2,
            "cpu_type": "shared",
            "deprecation_announced": "",
            "description": "CX 23",
            "disk": 40,
            "id": 114,
            "included_traffic": 0,
            "is_deprecated": false,
            "locations": [
              {
                "deprecation_announced": "",
                "id": 1,
                "is_deprecated": false,
                "name": "fsn1",
                "unavailable_after": ""
              },
              {
                "deprecation_announced": "",
                "id": 2,
                "is_deprecated": false,
                "name": "nbg1",
                "unavailable_after": ""
              },
              {
                "deprecation_announced": "",
                "id": 3,
                "is_deprecated": false,
                "name": "hel1",
                "unavailable_after": ""
              }
            ],
            "memory": 4,
            "name": "cx23",
            "storage_type": "local",
            "unavailable_after": ""
          },
          "sensitive_attributes": []
        },
        {
          "index_key": "cx32",
          "schema_version": 0,
          "attributes": {
            "architecture": "x86",
            "category": "cost_optimized",
            "cores": 4,
            "cpu_type": "shared",
            "deprecation_announced": "2025-10-16T06:00:00Z",
            "description": "CX32",
            "disk": 80,
            "id": 105,
            "included_traffic": 0,
            "is_deprecated": true,
            "locations": [
              {
                "deprecation_announced": "2025-10-16T06:00:00Z",
                "id": 1,
                "is_deprecated": true,
                "name": "fsn1",
                "unavailable_after": "2025-12-31T23:59:59Z"
              },
              {
                "deprecation_announced": "2025-10-16T06:00:00Z",
                "id": 2,
                "is_deprecated": true,
                "name": "nbg1",
                "unavailable_after": "2025-12-31T23:59:59Z"
              },
              {
                "deprecation_announced": "2025-10-16T06:00:00Z",
                "id": 3,
                "is_deprecated": true,
                "name": "hel1",
                "unavailable_after": "2025-12-31T23:59:59Z"
              }
            ],
            "memory": 8,
            "name": "cx32",
            "storage_type": "local",
            "unavailable_after": "2025-12-31T23:59:59Z"
          },
          "sensitive_attributes": []
        },
        {
          "index_key": "cx33",
          "schema_version": 0,
          "attributes": {
            "architecture": "x86",
            "category": "cost_optimized",
            "cores": 4,
            "cpu_type": "shared",
            "deprecation_announced": "",
            "description": "CX 33",
            "disk": 80,
            "id": 115,
            "included_traffic": 0,
            "is_deprecated": false,
            "locations": [
              {
                "deprecation_announced": "",
                "id": 1,
                "is_deprecated": false,
                "name": "fsn1",
                "unavailable_after": ""
              },
              {
                "deprecation_announced": "",
                "id": 2,
                "is_deprecated": false,
                "name": "nbg1",
                "unavailable_after": ""
              },
              {
                "deprecation_announced": "",
                "id": 3,
                "is_deprecated": false,
                "name": "hel1",
                "unavailable_after": ""
              }
            ],
            "memory": 8,
            "name": "cx33",
            "storage_type": "local",
            "unavailable_after": ""
          },
          "sensitive_attributes": []
        },
        {
          "index_key": "cx42",
          "schema_version": 0,
          "attributes": {
            "architecture": "x86",
            "category": "cost_optimized",
            "cores": 8,
            "cpu_type": "shared",
            "deprecation_announced": "2025-10-16T06:00:00Z",
            "description": "CX42",
            "disk": 160,
            "id": 106,
            "included_traffic": 0,
            "is_deprecated": true,
            "locations": [
              {
                "deprecation_announced": "2025-10-16T06:00:00Z",
                "id": 1,
                "is_deprecated": true,
                "name": "fsn1",
                "unavailable_after": "2025-12-31T23:59:59Z"
              },
              {
                "deprecation_announced": "2025-10-16T06:00:00Z",
                "id": 2,
                "is_deprecated": true,
                "name": "nbg1",
                "unavailable_after": "2025-12-31T23:59:59Z"
              },
              {
                "deprecation_announced": "2025-10-16T06:00:00Z",
                "id": 3,
                "is_deprecated": true,
                "name": "hel1",
                "unavailable_after": "2025-12-31T23:59:59Z"
              }
            ],
            "memory": 16,
            "name": "cx42",
            "storage_type": "local",
            "unavailable_after": "2025-12-31T23:59:59Z"
          },
          "sensitive_attributes": []
        },
        {
          "index_key": "cx43",
          "schema_version": 0,
          "attributes": {
            "architecture": "x86",
            "category": "cost_optimized",
            "cores": 8,
            "cpu_type": "shared",
            "deprecation_announced": "",
            "description": "CX 43",
            "disk": 160,
            "id": 116,
            "included_traffic": 0,
            "is_deprecated": false,
            "locations": [
              {
                "deprecation_announced": "",
                "id": 1,
                "is_deprecated": false,
                "name": "fsn1",
                "unavailable_after": ""
              },
              {
                "deprecation_announced": "",
                "id": 2,
                "is_deprecated": false,
                "name": "nbg1",
                "unavailable_after": ""
              },
              {
                "deprecation_announced": "",
                "id": 3,
                "is_deprecated": false,
                "name": "hel1",
                "unavailable_after": ""
              }
            ],
            "memory": 16,
            "name": "cx43",
            "storage_type": "local",
            "unavailable_after": ""
          },
          "sensitive_attributes": []
        },
        {
          "index_key": "cx52",
          "schema_version": 0,
          "attributes": {
            "architecture": "x86",
            "category": "cost_optimized",
            "cores": 16,
            "cpu_type": "shared",
            "deprecation_announced": "2025-10-16T06:00:00Z",
            "description": "CX52",
            "disk": 320,
            "id": 107,
            "included_traffic": 0,
            "is_deprecated": true,
            "locations": [
              {
                "deprecation_announced": "2025-10-16T06:00:00Z",
                "id": 1,
                "is_deprecated": true,
                "name": "fsn1",
                "unavailable_after": "2025-12-31T23:59:59Z"
              },
              {
                "deprecation_announced": "2025-10-16T06:00:00Z",
                "id": 2,
                "is_deprecated": true,
                "name": "nbg1",
                "unavailable_after": "2025-12-31T23:59:59Z"
              },
              {
                "deprecation_announced": "2025-10-16T06:00:00Z",
                "id": 3,
                "is_deprecated": true,
                "name": "hel1",
                "unavailable_after": "2025-12-31T23:59:59Z"
              }
            ],
            "memory": 32,
            "name": "cx52",
            "storage_type": "local",
            "unavailable_after": "2025-12-31T23:59:59Z"
          },
          "sensitive_attributes": []
        },
        {
          "index_key": "cx53",
          "schema_version": 0,
          "attributes": {
            "architecture": "x86",
            "category": "cost_optimized",
            "cores": 16,
            "cpu_type": "shared",
            "deprecation_announced": "",
            "description": "CX 53",
            "disk": 320,
            "id": 117,
            "included_traffic": 0,
            "is_deprecated": false,
            "locations": [
              {
                "deprecation_announced": "",
                "id": 1,
                "is_deprecated": false,
                "name": "fsn1",
                "unavailable_after": ""
              },
              {
                "deprecation_announced": "",
                "id": 2,
                "is_deprecated": false,
                "name": "nbg1",
                "unavailable_after": ""
              },
              {
                "deprecation_announced": "",
                "id": 3,
                "is_deprecated": false,
                "name": "hel1",
                "unavailable_after": ""
              }
            ],
            "memory": 32,
            "name": "cx53",
            "storage_type": "local",
            "unavailable_after": ""
          },
          "sensitive_attributes": []
        }
      ]
    },
    {
      "module": "module.tenant",
      "mode": "data",
      "type": "hcloud_server_types",
      "name": "all",
      "provider": "module.tenant.provider[\"registry.terraform.io/hetznercloud/hcloud\"]",
      "instances": [
        {
          "schema_version": 0,
          "attributes": {
            "descriptions": [
              "CPX 11",
              "CPX 21",
              "CPX 31",
              "CPX 41",
              "CPX 51",
              "CAX11",
              "CAX21",
              "CAX31",
              "CAX41",
              "CCX13 Dedicated CPU",
              "CCX23 Dedicated CPU",
              "CCX33 Dedicated CPU",
              "CCX43 Dedicated CPU",
              "CCX53 Dedicated CPU",
              "CCX63 Dedicated CPU",
              "CX22",
              "CX32",
              "CX42",
              "CX52",
              "CPX 12",
              "CPX 22",
              "CPX 32",
              "CPX 42",
              "CPX 52",
              "CPX 62",
              "CX 23",
              "CX 33",
              "CX 43",
              "CX 53"
            ],
            "id": "166277662d9b7990b1711b6545d691c4fc52eb3f",
            "names": [
              "cpx11",
              "cpx21",
              "cpx31",
              "cpx41",
              "cpx51",
              "cax11",
              "cax21",
              "cax31",
              "cax41",
              "ccx13",
              "ccx23",
              "ccx33",
              "ccx43",
              "ccx53",
              "ccx63",
              "cx22",
              "cx32",
              "cx42",
              "cx52",
              "cpx12",
              "cpx22",
              "cpx32",
              "cpx42",
              "cpx52",
              "cpx62",
              "cx23",
              "cx33",
              "cx43",
              "cx53"
            ],
            "server_type_ids": [
              "22",
              "23",
              "24",
              "25",
              "26",
              "45",
              "93",
              "94",
              "95",
              "96",
              "97",
              "98",
              "99",
              "100",
              "101",
              "104",
              "105",
              "106",
              "107",
              "108",
              "109",
              "110",
              "111",
              "112",
              "113",
              "114",
              "115",
              "116",
              "117"
            ],
            "server_types": [
              {
                "architecture": "x86",
                "category": "regular_purpose",
                "cores": 2,
                "cpu_type": "shared",
                "deprecation_announced": "",
                "description": "CPX 11",
                "disk": 40,
                "id": 22,
                "included_traffic": 0,
                "is_deprecated": false,
                "locations": [
                  {
                    "deprecation_announced": "2025-10-16T06:00:00Z",
                    "id": 1,
                    "is_deprecated": true,
                    "name": "fsn1",
                    "unavailable_after": "2025-12-31T23:59:59Z"
                  },
                  {
                    "deprecation_announced": "2025-10-16T06:00:00Z",
                    "id": 2,
                    "is_deprecated": true,
                    "name": "nbg1",
                    "unavailable_after": "2025-12-31T23:59:59Z"
                  },
                  {
                    "deprecation_announced": "2025-10-16T06:00:00Z",
                    "id": 3,
                    "is_deprecated": true,
                    "name": "hel1",
                    "unavailable_after": "2025-12-31T23:59:59Z"
                  },
                  {
                    "deprecation_announced": "",
                    "id": 4,
                    "is_deprecated": false,
                    "name": "ash",
                    "unavailable_after": ""
                  },
                  {
                    "deprecation_announced": "",
                    "id": 5,
                    "is_deprecated": false,
                    "name": "hil",
                    "unavailable_after": ""
                  },
                  {
                    "deprecation_announced": "2025-10-16T06:00:00Z",
                    "id": 6,
                    "is_deprecated": true,
                    "name": "sin",
                    "unavailable_after": "2025-12-31T23:59:59Z"
                  }
                ],
                "memory": 2,
                "name": "cpx11",
                "storage_type": "local",
                "unavailable_after": ""
              },
              {
                "architecture": "x86",
                "category": "regular_purpose",
                "cores": 3,
                "cpu_type": "shared",
                "deprecation_announced": "",
                "description": "CPX 21",
                "disk": 80,
                "id": 23,
                "included_traffic": 0,
                "is_deprecated": false,
                "locations": [
                  {
                    "deprecation_announced": "2025-10-16T06:00:00Z",
                    "id": 1,
                    "is_deprecated": true,
                    "name": "fsn1",
                    "unavailable_after": "2025-12-31T23:59:59Z"
                  },
                  {
                    "deprecation_announced": "2025-10-16T06:00:00Z",
                    "id": 2,
                    "is_deprecated": true,
                    "name": "nbg1",
                    "unavailable_after": "2025-12-31T23:59:59Z"
                  },
                  {
                    "deprecation_announced": "2025-10-16T06:00:00Z",
                    "id": 3,
                    "is_deprecated": true,
                    "name": "hel1",
                    "unavailable_after": "2025-12-31T23:59:59Z"
                  },
                  {
                    "deprecation_announced": "",
                    "id": 4,
                    "is_deprecated": false,
                    "name": "ash",
                    "unavailable_after": ""
                  },
                  {
                    "deprecation_announced": "",
                    "id": 5,
                    "is_deprecated": false,
                    "name": "hil",
                    "unavailable_after": ""
                  },
                  {
                    "deprecation_announced": "2025-10-16T06:00:00Z",
                    "id": 6,
                    "is_deprecated": true,
                    "name": "sin",
                    "unavailable_after": "2025-12-31T23:59:59Z"
                  }
                ],
                "memory": 4,
                "name": "cpx21",
                "storage_type": "local",
                "unavailable_after": ""
              },
              {
                "architecture": "x86",
                "category": "regular_purpose",
                "cores": 4,
                "cpu_type": "shared",
                "deprecation_announced": "",
                "description": "CPX 31",
                "disk": 160,
                "id": 24,
                "included_traffic": 0,
                "is_deprecated": false,
                "locations": [
                  {
                    "deprecation_announced": "2025-10-16T06:00:00Z",
                    "id": 1,
                    "is_deprecated": true,
                    "name": "fsn1",
                    "unavailable_after": "2025-12-31T23:59:59Z"
                  },
                  {
                    "deprecation_announced": "2025-10-16T06:00:00Z",
                    "id": 2,
                    "is_deprecated": true,
                    "name": "nbg1",
                    "unavailable_after": "2025-12-31T23:59:59Z"
                  },
                  {
                    "deprecation_announced": "2025-10-16T06:00:00Z",
                    "id": 3,
                    "is_deprecated": true,
                    "name": "hel1",
                    "unavailable_after": "2025-12-31T23:59:59Z"
                  },
                  {
                    "deprecation_announced": "",
                    "id": 4,
                    "is_deprecated": false,
                    "name": "ash",
                    "unavailable_after": ""
                  },
                  {
                    "deprecation_announced": "",
                    "id": 5,
                    "is_deprecated": false,
                    "name": "hil",
                    "unavailable_after": ""
                  },
                  {
                    "deprecation_announced": "2025-10-16T06:00:00Z",
                    "id": 6,
                    "is_deprecated": true,
                    "name": "sin",
                    "unavailable_after": "2025-12-31T23:59:59Z"
                  }
                ],
                "memory": 8,
                "name": "cpx31",
                "storage_type": "local",
                "unavailable_after": ""
              },
              {
                "architecture": "x86",
                "category": "regular_purpose",
                "cores": 8,
                "cpu_type": "shared",
                "deprecation_announced": "",
                "description": "CPX 41",
                "disk": 240,
                "id": 25,
                "included_traffic": 0,
                "is_deprecated": false,
                "locations": [
                  {
                    "deprecation_announced": "2025-10-16T06:00:00Z",
                    "id": 1,
                    "is_deprecated": true,
                    "name": "fsn1",
                    "unavailable_after": "2025-12-31T23:59:59Z"
                  },
                  {
                    "deprecation_announced": "2025-10-16T06:00:00Z",
                    "id": 2,
                    "is_deprecated": true,
                    "name": "nbg1",
                    "unavailable_after": "2025-12-31T23:59:59Z"
                  },
                  {
                    "deprecation_announced": "2025-10-16T06:00:00Z",
                    "id": 3,
                    "is_deprecated": true,
                    "name": "hel1",
                    "unavailable_after": "2025-12-31T23:59:59Z"
                  },
                  {
                    "deprecation_announced": "",
                    "id": 4,
                    "is_deprecated": false,
                    "name": "ash",
                    "unavailable_after": ""
                  },
                  {
                    "deprecation_announced": "",
                    "id": 5,
                    "is_deprecated": false,
                    "name": "hil",
                    "unavailable_after": ""
                  },
                  {
                    "deprecation_announced": "2025-10-16T06:00:00Z",
                    "id": 6,
                    "is_deprecated": true,
                    "name": "sin",
                    "unavailable_after": "2025-12-31T23:59:59Z"
                  }
                ],
                "memory": 16,
                "name": "cpx41",
                "storage_type": "local",
                "unavailable_after": ""
              },
              {
                "architecture": "x86",
                "category": "regular_purpose",
                "cores": 16,
                "cpu_type": "shared",
                "deprecation_announced": "",
                "description": "CPX 51",
                "disk": 360,
                "id": 26,
                "included_traffic": 0,
                "is_deprecated": false,
                "locations": [
                  {
                    "deprecation_announced": "2025-10-16T06:00:00Z",
                    "id": 1,
                    "is_deprecated": true,
                    "name": "fsn1",
                    "unavailable_after": "2025-12-31T23:59:59Z"
                  },
                  {
                    "deprecation_announced": "2025-10-16T06:00:00Z",
                    "id": 2,
                    "is_deprecated": true,
                    "name": "nbg1",
                    "unavailable_after": "2025-12-31T23:59:59Z"
                  },
                  {
                    "deprecation_announced": "2025-10-16T06:00:00Z",
                    "id": 3,
                    "is_deprecated": true,
                    "name": "hel1",
                    "unavailable_after": "2025-12-31T23:59:59Z"
                  },
                  {
                    "deprecation_announced": "",
                    "id": 4,
                    "is_deprecated": false,
                    "name": "ash",
                    "unavailable_after": ""
                  },
                  {
                    "deprecation_announced": "",
                    "id": 5,
                    "is_deprecated": false,
                    "name": "hil",
                    "unavailable_after": ""
                  },
                  {
                    "deprecation_announced": "2025-10-16T06:00:00Z",
                    "id": 6,
                    "is_deprecated": true,
                    "name": "sin",
                    "unavailable_after": "2025-12-31T23:59:59Z"
                  }
                ],
                "memory": 32,
                "name": "cpx51",
                "storage_type": "local",
                "unavailable_after": ""
              },
              {
                "architecture": "arm",
                "category": "cost_optimized",
                "cores": 2,
                "cpu_type": "shared",
                "deprecation_announced": "",
                "description": "CAX11",
                "disk": 40,
                "id": 45,
                "included_traffic": 0,
                "is_deprecated": false,
                "locations": [
                  {
                    "deprecation_announced": "",
                    "id": 1,
                    "is_deprecated": false,
                    "name": "fsn1",
                    "unavailable_after": ""
                  },
                  {
                    "deprecation_announced": "",
                    "id": 2,
                    "is_deprecated": false,
                    "name": "nbg1",
                    "unavailable_after": ""
                  },
                  {
                    "deprecation_announced": "",
                    "id": 3,
                    "is_deprecated": false,
                    "name": "hel1",
                    "unavailable_after": ""
                  }
                ],
                "memory": 4,
                "name": "cax11",
                "storage_type": "local",
                "unavailable_after": ""
              },
              {
                "architecture": "arm",
                "category": "cost_optimized",
                "cores": 4,
                "cpu_type": "shared",
                "deprecation_announced": "",
                "description": "CAX21",
                "disk": 80,
                "id": 93,
                "included_traffic": 0,
                "is_deprecated": false,
                "locations": [
                  {
                    "deprecation_announced": "",
                    "id": 1,
                    "is_deprecated": false,
                    "name": "fsn1",
                    "unavailable_after": ""
                  },
                  {
                    "deprecation_announced": "",
                    "id": 2,
                    "is_deprecated": false,
                    "name": "nbg1",
                    "unavailable_after": ""
                  },
                  {
                    "deprecation_announced": "",
                    "id": 3,
                    "is_deprecated": false,
                    "name": "hel1",
                    "unavailable_after": ""
                  }
                ],
                "memory": 8,
                "name": "cax21",
                "storage_type": "local",
                "unavailable_after": ""
              },
              {
                "architecture": "arm",
                "category": "cost_optimized",
                "cores": 8,
                "cpu_type": "shared",
                "deprecation_announced": "",
                "description": "CAX31",
                "disk": 160,
                "id": 94,
                "included_traffic": 0,
                "is_deprecated": false,
                "locations": [
                  {
                    "deprecation_announced": "",
                    "id": 1,
                    "is_deprecated": false,
                    "name": "fsn1",
                    "unavailable_after": ""
                  },
                  {
                    "deprecation_announced": "",
                    "id": 2,
                    "is_deprecated": false,
                    "name": "nbg1",
                    "unavailable_after": ""
                  },
                  {
                    "deprecation_announced": "",
                    "id": 3,
                    "is_deprecated": false,
                    "name": "hel1",
                    "unavailable_after": ""
                  }
                ],
                "memory": 16,
                "name": "cax31",
                "storage_type": "local",
                "unavailable_after": ""
              },
              {
                "architecture": "arm",
                "category": "cost_optimized",
                "cores": 16,
                "cpu_type": "shared",
                "deprecation_announced": "",
                "description": "CAX41",
                "disk": 320,
                "id": 95,
                "included_traffic": 0,
                "is_deprecated": false,
                "locations": [
                  {
                    "deprecation_announced": "",
                    "id": 1,
                    "is_deprecated": false,
                    "name": "fsn1",
                    "unavailable_after": ""
                  },
                  {
                    "deprecation_announced": "",
                    "id": 2,
                    "is_deprecated": false,
                    "name": "nbg1",
                    "unavailable_after": ""
                  },
                  {
                    "deprecation_announced": "",
                    "id": 3,
                    "is_deprecated": false,
                    "name": "hel1",
                    "unavailable_after": ""
                  }
                ],
                "memory": 32,
                "name": "cax41",
                "storage_type": "local",
                "unavailable_after": ""
              },
              {
                "architecture": "x86",
                "category": "general_purpose",
                "cores": 2,
                "cpu_type": "dedicated",
                "deprecation_announced": "",
                "description": "CCX13 Dedicated CPU",
                "disk": 80,
                "id": 96,
                "included_traffic": 0,
                "is_deprecated": false,
                "locations": [
                  {
                    "deprecation_announced": "",
                    "id": 1,
                    "is_deprecated": false,
                    "name": "fsn1",
                    "unavailable_after": ""
                  },
                  {
                    "deprecation_announced": "",
                    "id": 2,
                    "is_deprecated": false,
                    "name": "nbg1",
                    "unavailable_after": ""
                  },
                  {
                    "deprecation_announced": "",
                    "id": 3,
                    "is_deprecated": false,
                    "name": "hel1",
                    "unavailable_after": ""
                  },
                  {
                    "deprecation_announced": "",
                    "id": 4,
                    "is_deprecated": false,
                    "name": "ash",
                    "unavailable_after": ""
                  },
                  {
                    "deprecation_announced": "",
                    "id": 5,
                    "is_deprecated": false,
                    "name": "hil",
                    "unavailable_after": ""
                  },
                  {
                    "deprecation_announced": "",
                    "id": 6,
                    "is_deprecated": false,
                    "name": "sin",
                    "unavailable_after": ""
                  }
                ],
                "memory": 8,
                "name": "ccx13",
                "storage_type": "local",
                "unavailable_after": ""
              },
              {
                "architecture": "x86",
                "category": "general_purpose",
                "cores": 4,
                "cpu_type": "dedicated",
                "deprecation_announced": "",
                "description": "CCX23 Dedicated CPU",
                "disk": 160,
                "id": 97,
                "included_traffic": 0,
                "is_deprecated": false,
                "locations": [
                  {
                    "deprecation_announced": "",
                    "id": 1,
                    "is_deprecated": false,
                    "name": "fsn1",
                    "unavailable_after": ""
                  },
                  {
                    "deprecation_announced": "",
                    "id": 2,
                    "is_deprecated": false,
                    "name": "nbg1",
                    "unavailable_after": ""
                  },
                  {
                    "deprecation_announced": "",
                    "id": 3,
                    "is_deprecated": false,
                    "name": "hel1",
                    "unavailable_after": ""
                  },
                  {
                    "deprecation_announced": "",
                    "id": 4,
                    "is_deprecated": false,
                    "name": "ash",
                    "unavailable_after": ""
                  },
                  {
                    "deprecation_announced": "",
                    "id": 5,
                    "is_deprecated": false,
                    "name": "hil",
                    "unavailable_after": ""
                  },
                  {
                    "deprecation_announced": "",
                    "id": 6,
                    "is_deprecated": false,
                    "name": "sin",
                    "unavailable_after": ""
                  }
                ],
                "memory": 16,
                "name": "ccx23",
                "storage_type": "local",
                "unavailable_after": ""
              },
              {
                "architecture": "x86",
                "category": "general_purpose",
                "cores": 8,
                "cpu_type": "dedicated",
                "deprecation_announced": "",
                "description": "CCX33 Dedicated CPU",
                "disk": 240,
                "id": 98,
                "included_traffic": 0,
                "is_deprecated": false,
                "locations": [
                  {
                    "deprecation_announced": "",
                    "id": 1,
                    "is_deprecated": false,
                    "name": "fsn1",
                    "unavailable_after": ""
                  },
                  {
                    "deprecation_announced": "",
                    "id": 2,
                    "is_deprecated": false,
                    "name": "nbg1",
                    "unavailable_after": ""
                  },
                  {
                    "deprecation_announced": "",
                    "id": 3,
                    "is_deprecated": false,
                    "name": "hel1",
                    "unavailable_after": ""
                  },
                  {
                    "deprecation_announced": "",
                    "id": 4,
                    "is_deprecated": false,
                    "name": "ash",
                    "unavailable_after": ""
                  },
                  {
                    "deprecation_announced": "",
                    "id": 5,
                    "is_deprecated": false,
                    "name": "hil",
                    "unavailable_after": ""
                  },
                  {
                    "deprecation_announced": "",
                    "id": 6,
                    "is_deprecated": false,
                    "name": "sin",
                    "unavailable_after": ""
                  }
                ],
                "memory": 32,
                "name": "ccx33",
                "storage_type": "local",
                "unavailable_after": ""
              },
              {
                "architecture": "x86",
                "category": "general_purpose",
                "cores": 16,
                "cpu_type": "dedicated",
                "deprecation_announced": "",
                "description": "CCX43 Dedicated CPU",
                "disk": 360,
                "id": 99,
                "included_traffic": 0,
                "is_deprecated": false,
                "locations": [
                  {
                    "deprecation_announced": "",
                    "id": 1,
                    "is_deprecated": false,
                    "name": "fsn1",
                    "unavailable_after": ""
                  },
                  {
                    "deprecation_announced": "",
                    "id": 2,
                    "is_deprecated": false,
                    "name": "nbg1",
                    "unavailable_after": ""
                  },
                  {
                    "deprecation_announced": "",
                    "id": 3,
                    "is_deprecated": false,
                    "name": "hel1",
                    "unavailable_after": ""
                  },
                  {
                    "deprecation_announced": "",
                    "id": 4,
                    "is_deprecated": false,
                    "name": "ash",
                    "unavailable_after": ""
                  },
                  {
                    "deprecation_announced": "",
                    "id": 5,
                    "is_deprecated": false,
                    "name": "hil",
                    "unavailable_after": ""
                  },
                  {
                    "deprecation_announced": "",
                    "id": 6,
                    "is_deprecated": false,
                    "name": "sin",
                    "unavailable_after": ""
                  }
                ],
                "memory": 64,
                "name": "ccx43",
                "storage_type": "local",
                "unavailable_after": ""
              },
              {
                "architecture": "x86",
                "category": "general_purpose",
                "cores": 32,
                "cpu_type": "dedicated",
                "deprecation_announced": "",
                "description": "CCX53 Dedicated CPU",
                "disk": 600,
                "id": 100,
                "included_traffic": 0,
                "is_deprecated": false,
                "locations": [
                  {
                    "deprecation_announced": "",
                    "id": 1,
                    "is_deprecated": false,
                    "name": "fsn1",
                    "unavailable_after": ""
                  },
                  {
                    "deprecation_announced": "",
                    "id": 2,
                    "is_deprecated": false,
                    "name": "nbg1",
                    "unavailable_after": ""
                  },
                  {
                    "deprecation_announced": "",
                    "id": 3,
                    "is_deprecated": false,
                    "name": "hel1",
                    "unavailable_after": ""
                  },
                  {
                    "deprecation_announced": "",
                    "id": 4,
                    "is_deprecated": false,
                    "name": "ash",
                    "unavailable_after": ""
                  },
                  {
                    "deprecation_announced": "",
                    "id": 5,
                    "is_deprecated": false,
                    "name": "hil",
                    "unavailable_after": ""
                  },
                  {
                    "deprecation_announced": "",
                    "id": 6,
                    "is_deprecated": false,
                    "name": "sin",
                    "unavailable_after": ""
                  }
                ],
                "memory": 128,
                "name": "ccx53",
                "storage_type": "local",
                "unavailable_after": ""
              },
              {
                "architecture": "x86",
                "category": "general_purpose",
                "cores": 48,
                "cpu_type": "dedicated",
                "deprecation_announced": "",
                "description": "CCX63 Dedicated CPU",
                "disk": 960,
                "id": 101,
                "included_traffic": 0,
                "is_deprecated": false,
                "locations": [
                  {
                    "deprecation_announced": "",
                    "id": 1,
                    "is_deprecated": false,
                    "name": "fsn1",
                    "unavailable_after": ""
                  },
                  {
                    "deprecation_announced": "",
                    "id": 2,
                    "is_deprecated": false,
                    "name": "nbg1",
                    "unavailable_after": ""
                  },
                  {
                    "deprecation_announced": "",
                    "id": 3,
                    "is_deprecated": false,
                    "name": "hel1",
                    "unavailable_after": ""
                  },
                  {
                    "deprecation_announced": "",
                    "id": 4,
                    "is_deprecated": false,
                    "name": "ash",
                    "unavailable_after": ""
                  },
                  {
                    "deprecation_announced": "",
                    "id": 5,
                    "is_deprecated": false,
                    "name": "hil",
                    "unavailable_after": ""
                  },
                  {
                    "deprecation_announced": "",
                    "id": 6,
                    "is_deprecated": false,
                    "name": "sin",
                    "unavailable_after": ""
                  }
                ],
                "memory": 192,
                "name": "ccx63",
                "storage_type": "local",
                "unavailable_after": ""
              },
              {
                "architecture": "x86",
                "category": "cost_optimized",
                "cores": 2,
                "cpu_type": "shared",
                "deprecation_announced": "2025-10-16T06:00:00Z",
                "description": "CX22",
                "disk": 40,
                "id": 104,
                "included_traffic": 0,
                "is_deprecated": true,
                "locations": [
                  {
                    "deprecation_announced": "2025-10-16T06:00:00Z",
                    "id": 1,
                    "is_deprecated": true,
                    "name": "fsn1",
                    "unavailable_after": "2025-12-31T23:59:59Z"
                  },
                  {
                    "deprecation_announced": "2025-10-16T06:00:00Z",
                    "id": 2,
                    "is_deprecated": true,
                    "name": "nbg1",
                    "unavailable_after": "2025-12-31T23:59:59Z"
                  },
                  {
                    "deprecation_announced": "2025-10-16T06:00:00Z",
                    "id": 3,
                    "is_deprecated": true,
                    "name": "hel1",
                    "unavailable_after": "2025-12-31T23:59:59Z"
                  }
                ],
                "memory": 4,
                "name": "cx22",
                "storage_type": "local",
                "unavailable_after": "2025-12-31T23:59:59Z"
              },
              {
                "architecture": "x86",
                "category": "cost_optimized",
                "cores": 4,
                "cpu_type": "shared",
                "deprecation_announced": "2025-10-16T06:00:00Z",
                "description": "CX32",
                "disk": 80,
                "id": 105,
                "included_traffic": 0,
                "is_deprecated": true,
                "locations": [
                  {
                    "deprecation_announced": "2025-10-16T06:00:00Z",
                    "id": 1,
                    "is_deprecated": true,
                    "name": "fsn1",
                    "unavailable_after": "2025-12-31T23:59:59Z"
                  },
                  {
                    "deprecation_announced": "2025-10-16T06:00:00Z",
                    "id": 2,
                    "is_deprecated": true,
                    "name": "nbg1",
                    "unavailable_after": "2025-12-31T23:59:59Z"
                  },
                  {
                    "deprecation_announced": "2025-10-16T06:00:00Z",
                    "id": 3,
                    "is_deprecated": true,
                    "name": "hel1",
                    "unavailable_after": "2025-12-31T23:59:59Z"
                  }
                ],
                "memory": 8,
                "name": "cx32",
                "storage_type": "local",
                "unavailable_after": "2025-12-31T23:59:59Z"
              },
              {
                "architecture": "x86",
                "category": "cost_optimized",
                "cores": 8,
                "cpu_type": "shared",
                "deprecation_announced": "2025-10-16T06:00:00Z",
                "description": "CX42",
                "disk": 160,
                "id": 106,
                "included_traffic": 0,
                "is_deprecated": true,
                "locations": [
                  {
                    "deprecation_announced": "2025-10-16T06:00:00Z",
                    "id": 1,
                    "is_deprecated": true,
                    "name": "fsn1",
                    "unavailable_after": "2025-12-31T23:59:59Z"
                  },
                  {
                    "deprecation_announced": "2025-10-16T06:00:00Z",
                    "id": 2,
                    "is_deprecated": true,
                    "name": "nbg1",
                    "unavailable_after": "2025-12-31T23:59:59Z"
                  },
                  {
                    "deprecation_announced": "2025-10-16T06:00:00Z",
                    "id": 3,
                    "is_deprecated": true,
                    "name": "hel1",
                    "unavailable_after": "2025-12-31T23:59:59Z"
                  }
                ],
                "memory": 16,
                "name": "cx42",
                "storage_type": "local",
                "unavailable_after": "2025-12-31T23:59:59Z"
              },
              {
                "architecture": "x86",
                "category": "cost_optimized",
                "cores": 16,
                "cpu_type": "shared",
                "deprecation_announced": "2025-10-16T06:00:00Z",
                "description": "CX52",
                "disk": 320,
                "id": 107,
                "included_traffic": 0,
                "is_deprecated": true,
                "locations": [
                  {
                    "deprecation_announced": "2025-10-16T06:00:00Z",
                    "id": 1,
                    "is_deprecated": true,
                    "name": "fsn1",
                    "unavailable_after": "2025-12-31T23:59:59Z"
                  },
                  {
                    "deprecation_announced": "2025-10-16T06:00:00Z",
                    "id": 2,
                    "is_deprecated": true,
                    "name": "nbg1",
                    "unavailable_after": "2025-12-31T23:59:59Z"
                  },
                  {
                    "deprecation_announced": "2025-10-16T06:00:00Z",
                    "id": 3,
                    "is_deprecated": true,
                    "name": "hel1",
                    "unavailable_after": "2025-12-31T23:59:59Z"
                  }
                ],
                "memory": 32,
                "name": "cx52",
                "storage_type": "local",
                "unavailable_after": "2025-12-31T23:59:59Z"
              },
              {
                "architecture": "x86",
                "category": "regular_purpose",
                "cores": 1,
                "cpu_type": "shared",
                "deprecation_announced": "",
                "description": "CPX 12",
                "disk": 40,
                "id": 108,
                "included_traffic": 0,
                "is_deprecated": false,
                "locations": [
                  {
                    "deprecation_announced": "",
                    "id": 6,
                    "is_deprecated": false,
                    "name": "sin",
                    "unavailable_after": ""
                  }
                ],
                "memory": 2,
                "name": "cpx12",
                "storage_type": "local",
                "unavailable_after": ""
              },
              {
                "architecture": "x86",
                "category": "regular_purpose",
                "cores": 2,
                "cpu_type": "shared",
                "deprecation_announced": "",
                "description": "CPX 22",
                "disk": 80,
                "id": 109,
                "included_traffic": 0,
                "is_deprecated": false,
                "locations": [
                  {
                    "deprecation_announced": "",
                    "id": 1,
                    "is_deprecated": false,
                    "name": "fsn1",
                    "unavailable_after": ""
                  },
                  {
                    "deprecation_announced": "",
                    "id": 2,
                    "is_deprecated": false,
                    "name": "nbg1",
                    "unavailable_after": ""
                  },
                  {
                    "deprecation_announced": "",
                    "id": 3,
                    "is_deprecated": false,
                    "name": "hel1",
                    "unavailable_after": ""
                  },
                  {
                    "deprecation_announced": "",
                    "id": 6,
                    "is_deprecated": false,
                    "name": "sin",
                    "unavailable_after": ""
                  }
                ],
                "memory": 4,
                "name": "cpx22",
                "storage_type": "local",
                "unavailable_after": ""
              },
              {
                "architecture": "x86",
                "category": "regular_purpose",
                "cores": 4,
                "cpu_type": "shared",
                "deprecation_announced": "",
                "description": "CPX 32",
                "disk": 160,
                "id": 110,
                "included_traffic": 0,
                "is_deprecated": false,
                "locations": [
                  {
                    "deprecation_announced": "",
                    "id": 1,
                    "is_deprecated": false,
                    "name": "fsn1",
                    "unavailable_after": ""
                  },
                  {
                    "deprecation_announced": "",
                    "id": 2,
                    "is_deprecated": false,
                    "name": "nbg1",
                    "unavailable_after": ""
                  },
                  {
                    "deprecation_announced": "",
                    "id": 3,
                    "is_deprecated": false,
                    "name": "hel1",
                    "unavailable_after": ""
                  },
                  {
                    "deprecation_announced": "",
                    "id": 6,
                    "is_deprecated": false,
                    "name": "sin",
                    "unavailable_after": ""
                  }
                ],
                "memory": 8,
                "name": "cpx32",
                "storage_type": "local",
                "unavailable_after": ""
              },
              {
                "architecture": "x86",
                "category": "regular_purpose",
                "cores": 8,
                "cpu_type": "shared",
                "deprecation_announced": "",
                "description": "CPX 42",
                "disk": 320,
                "id": 111,
                "included_traffic": 0,
                "is_deprecated": false,
                "locations": [
                  {
                    "deprecation_announced": "",
                    "id": 1,
                    "is_deprecated": false,
                    "name": "fsn1",
                    "unavailable_after": ""
                  },
                  {
                    "deprecation_announced": "",
                    "id": 2,
                    "is_deprecated": false,
                    "name": "nbg1",
                    "unavailable_after": ""
                  },
                  {
                    "deprecation_announced": "",
                    "id": 3,
                    "is_deprecated": false,
                    "name": "hel1",
                    "unavailable_after": ""
                  },
                  {
                    "deprecation_announced": "",
                    "id": 6,
                    "is_deprecated": false,
                    "name": "sin",
                    "unavailable_after": ""
                  }
                ],
                "memory": 16,
                "name": "cpx42",
                "storage_type": "local",
                "unavailable_after": ""
              },
              {
                "architecture": "x86",
                "category": "regular_purpose",
                "cores": 12,
                "cpu_type": "shared",
                "deprecation_announced": "",
                "description": "CPX 52",
                "disk": 480,
                "id": 112,
                "included_traffic": 0,
                "is_deprecated": false,
                "locations": [
                  {
                    "deprecation_announced": "",
                    "id": 1,
                    "is_deprecated": false,
                    "name": "fsn1",
                    "unavailable_after": ""
                  },
                  {
                    "deprecation_announced": "",
                    "id": 2,
                    "is_deprecated": false,
                    "name": "nbg1",
                    "unavailable_after": ""
                  },
                  {
                    "deprecation_announced": "",
                    "id": 3,
                    "is_deprecated": false,
                    "name": "hel1",
                    "unavailable_after": ""
                  },
                  {
                    "deprecation_announced": "",
                    "id": 6,
                    "is_deprecated": false,
                    "name": "sin",
                    "unavailable_after": ""
                  }
                ],
                "memory": 24,
                "name": "cpx52",
                "storage_type": "local",
                "unavailable_after": ""
              },
              {
                "architecture": "x86",
                "category": "regular_purpose",
                "cores": 16,
                "cpu_type": "shared",
                "deprecation_announced": "",
                "description": "CPX 62",
                "disk": 640,
                "id": 113,
                "included_traffic": 0,
                "is_deprecated": false,
                "locations": [
                  {
                    "deprecation_announced": "",
                    "id": 1,
                    "is_deprecated": false,
                    "name": "fsn1",
                    "unavailable_after": ""
                  },
                  {
                    "deprecation_announced": "",
                    "id": 2,
                    "is_deprecated": false,
                    "name": "nbg1",
                    "unavailable_after": ""
                  },
                  {
                    "deprecation_announced": "",
                    "id": 3,
                    "is_deprecated": false,
                    "name": "hel1",
                    "unavailable_after": ""
                  },
                  {
                    "deprecation_announced": "",
                    "id": 6,
                    "is_deprecated": false,
                    "name": "sin",
                    "unavailable_after": ""
                  }
                ],
                "memory": 32,
                "name": "cpx62",
                "storage_type": "local",
                "unavailable_after": ""
              },
              {
                "architecture": "x86",
                "category": "cost_optimized",
                "cores": 2,
                "cpu_type": "shared",
                "deprecation_announced": "",
                "description": "CX 23",
                "disk": 40,
                "id": 114,
                "included_traffic": 0,
                "is_deprecated": false,
                "locations": [
                  {
                    "deprecation_announced": "",
                    "id": 1,
                    "is_deprecated": false,
                    "name": "fsn1",
                    "unavailable_after": ""
                  },
                  {
                    "deprecation_announced": "",
                    "id": 2,
                    "is_deprecated": false,
                    "name": "nbg1",
                    "unavailable_after": ""
                  },
                  {
                    "deprecation_announced": "",
                    "id": 3,
                    "is_deprecated": false,
                    "name": "hel1",
                    "unavailable_after": ""
                  }
                ],
                "memory": 4,
                "name": "cx23",
                "storage_type": "local",
                "unavailable_after": ""
              },
              {
                "architecture": "x86",
                "category": "cost_optimized",
                "cores": 4,
                "cpu_type": "shared",
                "deprecation_announced": "",
                "description": "CX 33",
                "disk": 80,
                "id": 115,
                "included_traffic": 0,
                "is_deprecated": false,
                "locations": [
                  {
                    "deprecation_announced": "",
                    "id": 1,
                    "is_deprecated": false,
                    "name": "fsn1",
                    "unavailable_after": ""
                  },
                  {
                    "deprecation_announced": "",
                    "id": 2,
                    "is_deprecated": false,
                    "name": "nbg1",
                    "unavailable_after": ""
                  },
                  {
                    "deprecation_announced": "",
                    "id": 3,
                    "is_deprecated": false,
                    "name": "hel1",
                    "unavailable_after": ""
                  }
                ],
                "memory": 8,
                "name": "cx33",
                "storage_type": "local",
                "unavailable_after": ""
              },
              {
                "architecture": "x86",
                "category": "cost_optimized",
                "cores": 8,
                "cpu_type": "shared",
                "deprecation_announced": "",
                "description": "CX 43",
                "disk": 160,
                "id": 116,
                "included_traffic": 0,
                "is_deprecated": false,
                "locations": [
                  {
                    "deprecation_announced": "",
                    "id": 1,
                    "is_deprecated": false,
                    "name": "fsn1",
                    "unavailable_after": ""
                  },
                  {
                    "deprecation_announced": "",
                    "id": 2,
                    "is_deprecated": false,
                    "name": "nbg1",
                    "unavailable_after": ""
                  },
                  {
                    "deprecation_announced": "",
                    "id": 3,
                    "is_deprecated": false,
                    "name": "hel1",
                    "unavailable_after": ""
                  }
                ],
                "memory": 16,
                "name": "cx43",
                "storage_type": "local",
                "unavailable_after": ""
              },
              {
                "architecture": "x86",
                "category": "cost_optimized",
                "cores": 16,
                "cpu_type": "shared",
                "deprecation_announced": "",
                "description": "CX 53",
                "disk": 320,
                "id": 117,
                "included_traffic": 0,
                "is_deprecated": false,
                "locations": [
                  {
                    "deprecation_announced": "",
                    "id": 1,
                    "is_deprecated": false,
                    "name": "fsn1",
                    "unavailable_after": ""
                  },
                  {
                    "deprecation_announced": "",
                    "id": 2,
                    "is_deprecated": false,
                    "name": "nbg1",
                    "unavailable_after": ""
                  },
                  {
                    "deprecation_announced": "",
                    "id": 3,
                    "is_deprecated": false,
                    "name": "hel1",
                    "unavailable_after": ""
                  }
                ],
                "memory": 32,
                "name": "cx53",
                "storage_type": "local",
                "unavailable_after": ""
              }
            ]
          },
          "sensitive_attributes": []
        }
      ]
    },
    {
      "module": "module.tenant",
      "mode": "managed",
      "type": "cloudflare_dns_record",
      "name": "faraday",
      "provider": "module.tenant.provider[\"registry.terraform.io/cloudflare/cloudflare\"]",
      "instances": [
        {
          "schema_version": 0,
          "attributes": {
            "comment": null,
            "comment_modified_on": null,
            "content": "157.180.88.232",
            "created_on": "2025-10-17T13:17:51Z",
            "data": null,
            "id": "a51e9ec1e016a542eeb7b8fd79c6de86",
            "meta": "{}",
            "modified_on": "2025-10-17T13:17:51Z",
            "name": "faraday.demo.spm.openshield.io",
            "priority": null,
            "proxiable": true,
            "proxied": false,
            "settings": {
              "flatten_cname": null,
              "ipv4_only": null,
              "ipv6_only": null
            },
            "tags": [],
            "tags_modified_on": null,
            "ttl": 3600,
            "type": "A",
            "zone_id": "f92c4f6137dffe0e40aa658cc70e3fa8"
          },
          "sensitive_attributes": [],
          "dependencies": [
            "module.tenant.data.cloudflare_zone.openshield",
            "module.tenant.data.hcloud_server_type.selected",
            "module.tenant.data.hcloud_server_types.all",
            "module.tenant.hcloud_server.tenant_server",
            "module.tenant.hcloud_ssh_key.ssh_key",
            "module.tenant.tls_private_key.ssh_key"
          ]
        }
      ]
    },
    {
      "module": "module.tenant",
      "mode": "managed",
      "type": "hcloud_server",
      "name": "tenant_server",
      "provider": "module.tenant.provider[\"registry.terraform.io/hetznercloud/hcloud\"]",
      "instances": [
        {
          "schema_version": 0,
          "attributes": {
            "allow_deprecated_images": false,
            "backup_window": "",
            "backups": false,
            "datacenter": "hel1-dc2",
            "delete_protection": false,
            "firewall_ids": [],
            "id": "110989108",
            "ignore_remote_firewall_ids": false,
            "image": "ubuntu-22.04",
            "ipv4_address": "157.180.88.232",
            "ipv6_address": "2a01:4f9:c013:feed::1",
            "ipv6_network": "2a01:4f9:c013:feed::/64",
            "iso": null,
            "keep_disk": false,
            "labels": {
              "solution": "spm",
              "tenant": "demo"
            },
            "location": "hel1",
            "name": "spm-tenant-demo",
            "network": [],
            "placement_group_id": 0,
            "primary_disk_size": 80,
            "public_net": [],
            "rebuild_protection": false,
            "rescue": null,
            "server_type": "cpx21",
            "shutdown_before_deletion": false,
            "ssh_keys": [
              "103240477"
            ],
            "status": "running",
            "timeouts": null,
            "user_data": "0m2jeXewKvLjZjqSycSpi8yo3x0="
          },
          "sensitive_attributes": [],
          "private": "eyJlMmJmYjczMC1lY2FhLTExZTYtOGY4OC0zNDM2M2JjN2M0YzAiOnsiY3JlYXRlIjo1NDAwMDAwMDAwMDAwfX0=",
          "dependencies": [
            "module.tenant.data.hcloud_server_type.selected",
            "module.tenant.data.hcloud_server_types.all",
            "module.tenant.hcloud_ssh_key.ssh_key",
            "module.tenant.tls_private_key.ssh_key"
          ]
        }
      ]
    },
    {
      "module": "module.tenant",
      "mode": "managed",
      "type": "hcloud_ssh_key",
      "name": "ssh_key",
      "provider": "module.tenant.provider[\"registry.terraform.io/hetznercloud/hcloud\"]",
      "instances": [
        {
          "schema_version": 0,
          "attributes": {
            "fingerprint": "d6:37:74:9d:11:ab:5f:dd:47:6d:cc:d2:a0:43:28:82",
            "id": "103240477",
            "labels": {
              "solution": "spm",
              "tenant": "demo"
            },
            "name": "demo-ssh-key",
            "public_key": "ssh-rsa AAAAB3NzaC1yc2EAAAADAQABAAACAQC7Iwek44k0TpQnosQ4dTkLA05BzmT7VfxEVMNmaffFsiTNfgh5qHogAIEWFC3SBjSBY4ZBJnF5vIcLUh478nEryDgIzxcpInFRCW74MLOdh/F8r+oVr5X9TUKa/Fh1TsRJUPW5x5J9tE7qUv+xQ/Hq3eRFnu4knZG3GlOMV71s54c4+Zin67+oEf/Eui0Z0fgzCpdMCH+JHujhN3ONAvbULmOPwCB6lhIjpVE9BsFXLJC7CNGXUUpUhn4pwXEF/niMKGWxq2phzZyghOr62UVftERSbUx9bBrWTkjbOZftAgwa0nck7FcB877GH82PKv8GZ52ocGjtjE3B8AMslmw3DjVLlsclqqP/2CCLeqpnFnsot3B3JddhnPy9bxB3YdyENGvgnAKvVhmZpjxi6flGh8rqcJn5IhnsF51/13ciXa7kzMJ6CroLo3fAdGucb/+JRtARFQXART9Dl0sDAZb2UFmhQ00fqjEXd1GQXxfHcMmDEe82F2Vll88VoIkLJJmIPP6yXOxIr1WOLoo37Ec/CHn1KnWFi6TeF1iqkFAPKuIZm6y33FsxeIPNk3LDbZQwFM7qMalPJBohwR79Da8wkM9bHzIPo4p/B5R9VkR+/GrDpITmzzjKuoFx8uPxsBngfLgwBhLqcW370tDZtfPNJwJX7mtONE28akst7WIqAw==\n"
          },
          "sensitive_attributes": [],
          "dependencies": [
            "module.tenant.tls_private_key.ssh_key"
          ]
        }
      ]
    },
    {
      "module": "module.tenant",
      "mode": "managed",
      "type": "hcloud_volume",
      "name": "tenant_volume",
      "provider": "module.tenant.provider[\"registry.terraform.io/hetznercloud/hcloud\"]",
      "instances": [
        {
          "schema_version": 0,
          "attributes": {
            "automount": true,
            "delete_protection": false,
            "format": "ext4",
            "id": "103760889",
            "labels": {
              "solution": "spm",
              "tenant": "demo"
            },
            "linux_device": "/dev/disk/by-id/scsi-0HC_Volume_103760889",
            "location": "hel1",
            "name": "spm-tenant-demo-volume",
            "server_id": 110989108,
            "size": 50
          },
          "sensitive_attributes": [],
          "private": "bnVsbA==",
          "dependencies": [
            "module.tenant.data.hcloud_server_type.selected",
            "module.tenant.data.hcloud_server_types.all",
            "module.tenant.hcloud_server.tenant_server",
            "module.tenant.hcloud_ssh_key.ssh_key",
            "module.tenant.tls_private_key.ssh_key"
          ]
        }
      ]
    },
    {
      "module": "module.tenant",
      "mode": "managed",
      "type": "local_file",
      "name": "configure_faraday_nginx_sh",
      "provider": "provider[\"registry.terraform.io/hashicorp/local\"]",
      "instances": [
        {
          "schema_version": 0,
          "attributes": {
            "content": "#!/usr/bin/env bash\n\n# Request LetsEncrypt certificate for the domain\nsudo certbot certonly --nginx -d faraday.demo.spm.openshield.io --non-interactive --agree-tos -m certbot@cyberdef.cc --redirect \u003e /opt/faraday/certbot.log 2\u003e\u00261\n\n# Extract certificate and key paths\nCERT_PATH=$(grep -iE 'certificate is saved at:' /opt/faraday/certbot.log | awk '{print $5}')\nKEY_PATH=$(grep -iE 'key is saved at:' /opt/faraday/certbot.log | awk '{print $5}')\nif [ -z \"$CERT_PATH\" ] || [ -z \"$KEY_PATH\" ]; then\n    echo \"Failed to obtain SSL certificate. Check certbot log at /opt/faraday/certbot.log\"\n    exit 1\nfi\n\n# Generate Nginx configuration for Faraday\necho y | faraday-manage generate-nginx-config --fqdn faraday.demo.spm.openshield.io --port 5985 --ws-port 9000 --ssl-certificate $CERT_PATH --ssl-key $KEY_PATH | awk 'BEGIN{p=0} /^NGINX Config$/{getline; getline; p=1} p{print}' \u003e /opt/faraday/faraday.conf 2\u003e\u00261\n\n# Move the generated config to Nginx sites-available\nsudo mv /opt/faraday/faraday.conf /etc/nginx/sites-available/faraday.conf\nsudo ln -sf /etc/nginx/sites-available/faraday.conf /etc/nginx/sites-enabled/faraday.conf\n\n# Test Nginx configuration\nsudo nginx -t\nif [ $? -ne 0 ]; then\n    echo \"Nginx configuration test failed. Please check the configuration file.\"\n    exit 1\nfi\n\n# Reload Nginx to apply the new configuration\nsudo systemctl reload nginx",
            "content_base64": null,
            "content_base64sha256": "0kOlDDa5OCZvTiRykNQyDqjzX/HVTo9ElZv7ztly7+Y=",
            "content_base64sha512": "vpSpXfO7O0hvKvAD93G5p67p29MxXZdkPfPc1Ua5TMq/gqj3lJHdeMt3peCac4uJA4N7L0CkjE3PcCiP072Ppw==",
            "content_md5": "0c8f542b912564b0a3b0ce1587e4017b",
            "content_sha1": "6039f3cff3f6fa8289e5a4c4179d989aa6c09217",
            "content_sha256": "d243a50c36b938266f4e247290d4320ea8f35ff1d54e8f44959bfbced972efe6",
            "content_sha512": "be94a95df3bb3b486f2af003f771b9a7aee9dbd3315d97643df3dcd546b94ccabf82a8f79491dd78cb77a5e09a738b8903837b2f40a48c4dcf70288fd3bd8fa7",
            "directory_permission": "0777",
            "file_permission": "0777",
            "filename": "modules/tenant/_rendered/configure-faraday-nginx.sh",
            "id": "6039f3cff3f6fa8289e5a4c4179d989aa6c09217",
            "sensitive_content": null,
            "source": null
          },
          "sensitive_attributes": []
        }
      ]
    },
    {
      "module": "module.tenant",
      "mode": "managed",
      "type": "local_file",
      "name": "install_faraday_sh",
      "provider": "provider[\"registry.terraform.io/hashicorp/local\"]",
      "instances": [
        {
          "schema_version": 0,
          "attributes": {
            "content": "# !/bin/bash\n\n# A helper script to install Faraday on an Ubuntu server.\n# OS: Ubuntu 20.04 or later\n# Usage: ./install-faraday.sh \u003cVERSION|latest\u003e\n# Example: ./install-faraday.sh latest\n#\n# Author: YordanOpenShield\n\n# Update package lists\nsudo apt-get update\n\n# Create necessary directories\nsudo mkdir -p /opt/faraday\ncd /opt/faraday\n\n# Get latest version tag\nVERSION=latest\nif [ -z \"$VERSION\" ] || [ \"$VERSION\" = \"latest\" ]; then\n  echo \"Fetching latest Faraday release from GitHub...\"\n  # prefer jq if available\n  if command -v jq \u003e/dev/null 2\u003e\u00261; then\n    VERSION=$(curl -s https://api.github.com/repos/infobyte/faraday/releases/latest | jq -r .tag_name)\n  else\n    VERSION=$(curl -s https://api.github.com/repos/infobyte/faraday/releases/latest | grep -oP '\"tag_name\":\\s*\"\\K(.*)(?=\")' || true)\n  fi\n\n  if [ -z \"$VERSION\" ]; then\n    echo \"Failed to determine latest Faraday version.\"\n    exit 1\n  fi\n  echo \"Latest version is $VERSION\"\nfi\n\n# Download Faraday\nsudo wget https://github.com/infobyte/faraday/releases/download/$VERSION/faraday-server_amd64.deb\n\n# Make sure dependencies are installed\nsudo apt-get install -y postgresql redis python3 python3-pip\n\n# Install Faraday\nsudo dpkg -i /opt/faraday/faraday-server_amd64.deb || sudo apt install -f /opt/faraday/faraday-server_amd64.deb\n\n# Add current user to faraday group\nsudo usermod -aG faraday $(whoami)\n\n# Initialize Faraday database\nfaraday-manage initdb\n\n# Change faraday's admin password\nfaraday-manage change-password --username faraday --password iEFzO7Chee8n6pVP\n\n# Wait until no jobs for systemd-sysctl remain\nwhile systemctl list-jobs | grep -q systemd-sysctl; do sleep 1; done\n\n# Reload systemd to recognize Faraday services\nsudo systemctl daemon-reload\n\n# Start and enable Faraday services\nsudo systemctl start faraday-server\nsudo systemctl enable faraday-server\n\nsudo systemctl start faraday-worker\nsudo systemctl enable faraday-worker\n\nsudo systemctl start faraday-worker-reports\nsudo systemctl enable faraday-worker-reports\n\n# Make sure Faraday is running\nif systemctl is-active --quiet faraday-server; then\n    echo \"Faraday server is running.\"\nelse\n    echo \"Faraday server failed to start.\"\n    exit 1\nfi",
            "content_base64": null,
            "content_base64sha256": "cOC6TZV4+OYSo2UPM+YF5gKq31hoF0VaTP/8bDY5QFo=",
            "content_base64sha512": "CCo6wVTt4CI79KQHeavWLjipVwzrcDt3yrU48FDdz/bGOZPN5BxeruRQg2p7fhBqq4zaOn/YNpBlLusZrN0ixg==",
            "content_md5": "66938b1932b0ac37537b4908ecacc7bc",
            "content_sha1": "a0b6aff6baf72041200cf06fc5046676ae229443",
            "content_sha256": "70e0ba4d9578f8e612a3650f33e605e602aadf586817455a4cfffc6c3639405a",
            "content_sha512": "082a3ac154ede0223bf4a40779abd62e38a9570ceb703b77cab538f050ddcff6c63993cde41c5eaee450836a7b7e106aab8cda3a7fd83690652eeb19acdd22c6",
            "directory_permission": "0777",
            "file_permission": "0777",
            "filename": "modules/tenant/_rendered/install-faraday.sh",
            "id": "a0b6aff6baf72041200cf06fc5046676ae229443",
            "sensitive_content": null,
            "source": null
          },
          "sensitive_attributes": [
            [
              {
                "type": "get_attr",
                "value": "content"
              }
            ]
          ],
          "dependencies": [
            "module.tenant.random_password.faraday_password"
          ]
        }
      ]
    },
    {
      "module": "module.tenant",
      "mode": "managed",
      "type": "local_file",
      "name": "install_nginx_sh",
      "provider": "provider[\"registry.terraform.io/hashicorp/local\"]",
      "instances": [
        {
          "schema_version": 0,
          "attributes": {
            "content": "# !/bin/bash\n\n# Install Nginx\nsudo apt-get update\nsudo apt-get install -y nginx\nsudo systemctl start nginx\nsudo systemctl enable nginx\n\n# Install certbot\nsudo apt-get install -y certbot python3-certbot-nginx\n\n# Adjust firewall to allow HTTP and HTTPS traffic\nsudo ufw allow http\nsudo ufw allow https",
            "content_base64": null,
            "content_base64sha256": "fcUzYhwwezsI4U6aQmTi17TJwy1tHNWIsrY/fr48Iks=",
            "content_base64sha512": "psoCa0OYzxL7gE+l5ZTXPiYmv/9daIe86AsxfC6RzprjapYrUpTnVz3+MJHwpaiDPkZLMmqcAMgc42g8KzcnQA==",
            "content_md5": "1f1c8cc2862ad50f915cf7313e27441d",
            "content_sha1": "18439fd5d884a92015585d9b759b1c051c14d837",
            "content_sha256": "7dc533621c307b3b08e14e9a4264e2d7b4c9c32d6d1cd588b2b63f7ebe3c224b",
            "content_sha512": "a6ca026b4398cf12fb804fa5e594d73e2626bfff5d6887bce80b317c2e91ce9ae36a962b5294e7573dfe3091f0a5a8833e464b326a9c00c81ce3683c2b372740",
            "directory_permission": "0777",
            "file_permission": "0777",
            "filename": "modules/tenant/_rendered/install-nginx.sh",
            "id": "18439fd5d884a92015585d9b759b1c051c14d837",
            "sensitive_content": null,
            "source": null
          },
          "sensitive_attributes": []
        }
      ]
    },
    {
      "module": "module.tenant",
      "mode": "managed",
      "type": "null_resource",
      "name": "provision_faraday_scripts",
      "provider": "provider[\"registry.terraform.io/hashicorp/null\"]",
      "instances": [
        {
          "status": "tainted",
          "schema_version": 0,
          "attributes": {
            "id": "1555199311706429006",
            "triggers": {
              "always_run": "2025-10-17T13:17:51Z"
            }
          },
          "sensitive_attributes": [],
          "dependencies": [
            "module.tenant.cloudflare_dns_record.faraday",
            "module.tenant.data.cloudflare_zone.openshield",
            "module.tenant.data.hcloud_server_type.selected",
            "module.tenant.data.hcloud_server_types.all",
            "module.tenant.hcloud_server.tenant_server",
            "module.tenant.hcloud_ssh_key.ssh_key",
            "module.tenant.local_file.configure_faraday_nginx_sh",
            "module.tenant.local_file.install_faraday_sh",
            "module.tenant.local_file.install_nginx_sh",
            "module.tenant.random_password.faraday_password",
            "module.tenant.tls_private_key.ssh_key"
          ]
        }
      ]
    },
    {
      "module": "module.tenant",
      "mode": "managed",
      "type": "random_password",
      "name": "faraday_password",
      "provider": "provider[\"registry.terraform.io/hashicorp/random\"]",
      "instances": [
        {
          "schema_version": 3,
          "attributes": {
            "bcrypt_hash": "$2a$10$gW8ICwkCgKzuNE.djdliJuVl6rLQ.n4vdb7v0l.XmfCV/pmH16OSC",
            "id": "none",
            "keepers": null,
            "length": 16,
            "lower": true,
            "min_lower": 0,
            "min_numeric": 0,
            "min_special": 0,
            "min_upper": 0,
            "number": true,
            "numeric": true,
            "override_special": "_%@",
            "result": "iEFzO7Chee8n6pVP",
            "special": true,
            "upper": true
          },
          "sensitive_attributes": []
        }
      ]
    },
    {
      "module": "module.tenant",
      "mode": "managed",
      "type": "tls_private_key",
      "name": "ssh_key",
      "provider": "provider[\"registry.terraform.io/hashicorp/tls\"]",
      "instances": [
        {
          "schema_version": 1,
          "attributes": {
            "algorithm": "RSA",
            "ecdsa_curve": "P224",
            "id": "67112bf8513288bd9899e480f9d4570c3dc7e15d",
            "private_key_openssh": "-----BEGIN OPENSSH PRIVATE KEY-----\nb3BlbnNzaC1rZXktdjEAAAAABG5vbmUAAAAEbm9uZQAAAAAAAAABAAACFwAAAAdz\nc2gtcnNhAAAAAwEAAQAAAgEAuyMHpOOJNE6UJ6LEOHU5CwNOQc5k+1X8RFTDZmn3\nxbIkzX4Ieah6IACBFhQt0gY0gWOGQSZxebyHC1IeO/JxK8g4CM8XKSJxUQlu+DCz\nnYfxfK/qFa+V/U1CmvxYdU7ESVD1uceSfbRO6lL/sUPx6t3kRZ7uJJ2RtxpTjFe9\nbOeHOPmYp+u/qBH/xLotGdH4MwqXTAh/iR7o4TdzjQL21C5jj8AgepYSI6VRPQbB\nVyyQuwjRl1FKVIZ+KcFxBf54jChlsatqYc2coITq+tlFX7REUm1MfWwa1k5I2zmX\n7QIMGtJ3JOxXAfO+xh/Njyr/BmedqHBo7YxNwfADLJZsNw41S5bHJaqj/9ggi3qq\nZxZ7KLdwdyXXYZz8vW8Qd2HchDRr4JwCr1YZmaY8Yun5RofK6nCZ+SIZ7Bedf9d3\nIl2u5MzCegq6C6N3wHRrnG//iUbQERUFwEU/Q5dLAwGW9lBZoUNNH6oxF3dRkF8X\nx3DJgxHvNhdlZZfPFaCJCySZiDz+slzsSK9Vji6KN+xHPwh59Sp1hYuk3hdYqpBQ\nDyriGZust9xbMXiDzZNyw22UMBTO6jGpTyQaIcEe/Q2vMJDPWx8yD6OKfweUfVZE\nfvxqw6SE5s84yrqBcfLj8bAZ4Hy4MAYS6nFt+9LQ2bXzzScCV+5rTjRNvGpLLe1i\nKgMAAAc4c+mGonPphqIAAAAHc3NoLXJzYQAAAgEAuyMHpOOJNE6UJ6LEOHU5CwNO\nQc5k+1X8RFTDZmn3xbIkzX4Ieah6IACBFhQt0gY0gWOGQSZxebyHC1IeO/JxK8g4\nCM8XKSJxUQlu+DCznYfxfK/qFa+V/U1CmvxYdU7ESVD1uceSfbRO6lL/sUPx6t3k\nRZ7uJJ2RtxpTjFe9bOeHOPmYp+u/qBH/xLotGdH4MwqXTAh/iR7o4TdzjQL21C5j\nj8AgepYSI6VRPQbBVyyQuwjRl1FKVIZ+KcFxBf54jChlsatqYc2coITq+tlFX7RE\nUm1MfWwa1k5I2zmX7QIMGtJ3JOxXAfO+xh/Njyr/BmedqHBo7YxNwfADLJZsNw41\nS5bHJaqj/9ggi3qqZxZ7KLdwdyXXYZz8vW8Qd2HchDRr4JwCr1YZmaY8Yun5RofK\n6nCZ+SIZ7Bedf9d3Il2u5MzCegq6C6N3wHRrnG//iUbQERUFwEU/Q5dLAwGW9lBZ\noUNNH6oxF3dRkF8Xx3DJgxHvNhdlZZfPFaCJCySZiDz+slzsSK9Vji6KN+xHPwh5\n9Sp1hYuk3hdYqpBQDyriGZust9xbMXiDzZNyw22UMBTO6jGpTyQaIcEe/Q2vMJDP\nWx8yD6OKfweUfVZEfvxqw6SE5s84yrqBcfLj8bAZ4Hy4MAYS6nFt+9LQ2bXzzScC\nV+5rTjRNvGpLLe1iKgMAAAADAQABAAACABpz6TC1uT9bnDW+HF6es2GLJhTHSB7/\nGJnQIY7oi822UN17Y1dPKXQ8ngKw94kot2NS3jd3Z7L9o1lGUl/G9ZhqxQD5xRxb\ncgkyfC05NSqffNNTSpOmLl2P/kpKQXbTm4uBljqcq2h5hG47LUmxgRDiLNJqlN84\nJtDrN8Qu4ufyEntLTPjvqjfn02/LoXR06dDNPnXQ/bY0WFb9r6fPM3Tq2cgIMI8j\nh4ziYYlu2wWnlw3ZQUdShl9MY6kjXwap4gBt9XIX+QG6Ptmx8EVlURkmMkI0kQtp\nrKF+j23txjwKfguMlKrzfZkZC26WMEh8m3AcVXzp5ustWhCADPLQkJs5WXjMrV/L\nQDZySZaS9W0FozhNmsxz/CZqVAxd+biTp264RkvjiiSRl9Nocb6iBSOZh/A9mPJk\nCC1gMHQo0tCaPBJm9drkIsW84+R9fYcNVrPcySj1kNQYsN+3tGlqnUnAGsfVIX0e\nukmc/mIr5jRaX4IfLv+nzoYK/y5BkNaLmHEV6mBSXeuzTqFLUsH2uwj8LgynxD/E\nhsele2EajL+PpWapTMCPQ7nDi28oIR2krtzmfRiGwdGu6J6o0JK7GXd1pXQmphgN\nGJ/A5gnrxlDHDAhoZeuHCKCh8p0GGYHGDlXYBTq8WK23w85BbXmKlHcrIGYJHHxP\nmFaphd+EsTmBAAABAGcmLiGAhgX+kT52i8wNpIj6ZJ/zXOHX0b40PFl+6LLlE1iH\naicW6cyD02fuHzA+xToaBPXPpasdwGAEpJDegQYmAa5QnhkTcM5eJSJGu9jces0O\npzRKZ4//3Be4kmPbztaMq/9c+SFVGIokuk/pDcaLnncsmp6U3XlgnyHYqZU6+DQ3\nZkmTUa/NWvahmiVh1EqIY/oyd3mHpi2GQmvyeloiH92sF4VuUu/OIegEA1fAJurC\nU2jWICzHf0EIs9Wsm61vii3eWg/zD8UkohBCyUn+aLO4twB7O2WHqXnpMhpW2qqR\nz4HiyrykP3QOM+sCtyV4LYZ1GXVh9uC7TSRBha4AAAEBAPgP343zYJs3TZAo9tcE\neY/KckQnZHjTUvIfdJQoo+DOleQ3FK5EVN4d9t86Lh/T+rOSMWoKrseIT0EeQ562\nSFlQ3c62LomYJxnUfB2hF17el+5x8yqrsv7z2DTXWkDZWMoSNoM8B8G0PK0wMVTF\nZS28/861ub81IqrCbmD5L6yOmuqrnUxCIoQi3vU9gs0V1XalZjG7YEbwj9S2CzqX\nQyCzsNg+A2uaUTVOyQP5zFBVB2OEtkbhxWgjBOUEUoD5bOGkEakBZMmevQw5p8A8\nyXTeNSen+WnoSYt3HqPMMUAoISkNK0UjovJof/LrOa5zoRp8toxXArKQqpYoT5Tp\npj8AAAEBAMEgDpKa1L0vokuA13+AydldNHAaz/IxwKvm06GzePAIHhKcJIcAAih/\nQX+uciSuNG6m/PZjhMzKnCofK5sofpNFXD3uLZrXVw/IXmMdhFMR4HKJSbkA6hUU\nXI6NRb113iY1gxIMKuoNNFfWOvFUlmstU/1V0JsAkc5ltdF+Y79BZvS3RqzKCWVG\ndCTZYi3d2wAr275W5cyz+CVeyvFqQjDz30sTWelW9GZvTkyznFChtnjclDKQCX45\nDx0exMFuERVjnD/3OZMo3D9I2YPlUTx5Hg+zQe3SSEwhyY/oOZieS8CSLrary68s\nOdnTMbak0k4xJjR4EbHNsrd+JFqpMz0AAAAAAQID\n-----END OPENSSH PRIVATE KEY-----\n",
            "private_key_pem": "-----BEGIN RSA PRIVATE KEY-----\nMIIJKAIBAAKCAgEAuyMHpOOJNE6UJ6LEOHU5CwNOQc5k+1X8RFTDZmn3xbIkzX4I\neah6IACBFhQt0gY0gWOGQSZxebyHC1IeO/JxK8g4CM8XKSJxUQlu+DCznYfxfK/q\nFa+V/U1CmvxYdU7ESVD1uceSfbRO6lL/sUPx6t3kRZ7uJJ2RtxpTjFe9bOeHOPmY\np+u/qBH/xLotGdH4MwqXTAh/iR7o4TdzjQL21C5jj8AgepYSI6VRPQbBVyyQuwjR\nl1FKVIZ+KcFxBf54jChlsatqYc2coITq+tlFX7REUm1MfWwa1k5I2zmX7QIMGtJ3\nJOxXAfO+xh/Njyr/BmedqHBo7YxNwfADLJZsNw41S5bHJaqj/9ggi3qqZxZ7KLdw\ndyXXYZz8vW8Qd2HchDRr4JwCr1YZmaY8Yun5RofK6nCZ+SIZ7Bedf9d3Il2u5MzC\negq6C6N3wHRrnG//iUbQERUFwEU/Q5dLAwGW9lBZoUNNH6oxF3dRkF8Xx3DJgxHv\nNhdlZZfPFaCJCySZiDz+slzsSK9Vji6KN+xHPwh59Sp1hYuk3hdYqpBQDyriGZus\nt9xbMXiDzZNyw22UMBTO6jGpTyQaIcEe/Q2vMJDPWx8yD6OKfweUfVZEfvxqw6SE\n5s84yrqBcfLj8bAZ4Hy4MAYS6nFt+9LQ2bXzzScCV+5rTjRNvGpLLe1iKgMCAwEA\nAQKCAgAac+kwtbk/W5w1vhxenrNhiyYUx0ge/xiZ0CGO6IvNtlDde2NXTyl0PJ4C\nsPeJKLdjUt43d2ey/aNZRlJfxvWYasUA+cUcW3IJMnwtOTUqn3zTU0qTpi5dj/5K\nSkF205uLgZY6nKtoeYRuOy1JsYEQ4izSapTfOCbQ6zfELuLn8hJ7S0z476o359Nv\ny6F0dOnQzT510P22NFhW/a+nzzN06tnICDCPI4eM4mGJbtsFp5cN2UFHUoZfTGOp\nI18GqeIAbfVyF/kBuj7ZsfBFZVEZJjJCNJELaayhfo9t7cY8Cn4LjJSq832ZGQtu\nljBIfJtwHFV86ebrLVoQgAzy0JCbOVl4zK1fy0A2ckmWkvVtBaM4TZrMc/wmalQM\nXfm4k6duuEZL44okkZfTaHG+ogUjmYfwPZjyZAgtYDB0KNLQmjwSZvXa5CLFvOPk\nfX2HDVaz3Mko9ZDUGLDft7Rpap1JwBrH1SF9HrpJnP5iK+Y0Wl+CHy7/p86GCv8u\nQZDWi5hxFepgUl3rs06hS1LB9rsI/C4Mp8Q/xIbHpXthGoy/j6VmqUzAj0O5w4tv\nKCEdpK7c5n0YhsHRruieqNCSuxl3daV0JqYYDRifwOYJ68ZQxwwIaGXrhwigofKd\nBhmBxg5V2AU6vFitt8POQW15ipR3KyBmCRx8T5hWqYXfhLE5gQKCAQEA+A/fjfNg\nmzdNkCj21wR5j8pyRCdkeNNS8h90lCij4M6V5DcUrkRU3h323zouH9P6s5Ixagqu\nx4hPQR5DnrZIWVDdzrYuiZgnGdR8HaEXXt6X7nHzKquy/vPYNNdaQNlYyhI2gzwH\nwbQ8rTAxVMVlLbz/zrW5vzUiqsJuYPkvrI6a6qudTEIihCLe9T2CzRXVdqVmMbtg\nRvCP1LYLOpdDILOw2D4Da5pRNU7JA/nMUFUHY4S2RuHFaCME5QRSgPls4aQRqQFk\nyZ69DDmnwDzJdN41J6f5aehJi3ceo8wxQCghKQ0rRSOi8mh/8us5rnOhGny2jFcC\nspCqlihPlOmmPwKCAQEAwSAOkprUvS+iS4DXf4DJ2V00cBrP8jHAq+bTobN48Age\nEpwkhwACKH9Bf65yJK40bqb89mOEzMqcKh8rmyh+k0VcPe4tmtdXD8heYx2EUxHg\ncolJuQDqFRRcjo1FvXXeJjWDEgwq6g00V9Y68VSWay1T/VXQmwCRzmW10X5jv0Fm\n9LdGrMoJZUZ0JNliLd3bACvbvlblzLP4JV7K8WpCMPPfSxNZ6Vb0Zm9OTLOcUKG2\neNyUMpAJfjkPHR7EwW4RFWOcP/c5kyjcP0jZg+VRPHkeD7NB7dJITCHJj+g5mJ5L\nwJIutqvLryw52dMxtqTSTjEmNHgRsc2yt34kWqkzPQKCAQAC2aPW7LHydps0idP0\nOn/vEANqFw3HeZ4dXBEp1qGzZoxAWAWrzusutids/y0ifnwF7isVLdQ+RKmsdN2Q\nCEYiiJRT2LIGMLJaUJ+wc3ZiR6p1OefyWJCw7zpPuR23WwfzImxv65OnPRvpXYFj\nmPUFpoNF676bnM+uKJe+E37hu625/ojLJINjA0eOh8tl8ddHCrV24tFDX2Y3qnPM\nk4pY6NeiVGwTo21FcIdMvWUEk0WHdjHl9JghDy3yN69+/d6rZQgy6eovitxfNJZh\n1hD2f8sajoqGFf4qVQ8MEL+MHinrX9RccgFgSaUWtG8wOvHh7Qbn6+QDCzh6izIG\n4vxfAoIBAQCWxUwbMD09pV5yy5dxtz3eMGGr04LcdfMRQRefednEqtGvfa8Wpe8J\nZq/f2nTKJiZQ7JU4VeFrcBIS4FrOuwJ2PwQQZU29QLh7XdYyUuznXWF4ia3AfPJC\nmq7Xq3ryun5AHi7BfDZUmxJuMJW7qmn0KmMTuFcva3ZpSAZ2EtIUkh6qlhra8q/7\nHNG3ou5/GGDM9XCMXJLzCN2Fb0fIyUf7p6h/mA/tlzEed28Nentih51JJgucnc6L\neEhQV6EL0b4MkMN/PKb6OEAaN+l4iyKsr3HEmBG0dSJ0LTyK2KV+fLZvFLDbc6uE\nimZvo+1/xZVZ7g0BkWtfAFOx5QzEqquRAoIBAGcmLiGAhgX+kT52i8wNpIj6ZJ/z\nXOHX0b40PFl+6LLlE1iHaicW6cyD02fuHzA+xToaBPXPpasdwGAEpJDegQYmAa5Q\nnhkTcM5eJSJGu9jces0OpzRKZ4//3Be4kmPbztaMq/9c+SFVGIokuk/pDcaLnncs\nmp6U3XlgnyHYqZU6+DQ3ZkmTUa/NWvahmiVh1EqIY/oyd3mHpi2GQmvyeloiH92s\nF4VuUu/OIegEA1fAJurCU2jWICzHf0EIs9Wsm61vii3eWg/zD8UkohBCyUn+aLO4\ntwB7O2WHqXnpMhpW2qqRz4HiyrykP3QOM+sCtyV4LYZ1GXVh9uC7TSRBha4=\n-----END RSA PRIVATE KEY-----\n",
            "private_key_pem_pkcs8": "-----BEGIN PRIVATE KEY-----\nMIIJQgIBADANBgkqhkiG9w0BAQEFAASCCSwwggkoAgEAAoICAQC7Iwek44k0TpQn\nosQ4dTkLA05BzmT7VfxEVMNmaffFsiTNfgh5qHogAIEWFC3SBjSBY4ZBJnF5vIcL\nUh478nEryDgIzxcpInFRCW74MLOdh/F8r+oVr5X9TUKa/Fh1TsRJUPW5x5J9tE7q\nUv+xQ/Hq3eRFnu4knZG3GlOMV71s54c4+Zin67+oEf/Eui0Z0fgzCpdMCH+JHujh\nN3ONAvbULmOPwCB6lhIjpVE9BsFXLJC7CNGXUUpUhn4pwXEF/niMKGWxq2phzZyg\nhOr62UVftERSbUx9bBrWTkjbOZftAgwa0nck7FcB877GH82PKv8GZ52ocGjtjE3B\n8AMslmw3DjVLlsclqqP/2CCLeqpnFnsot3B3JddhnPy9bxB3YdyENGvgnAKvVhmZ\npjxi6flGh8rqcJn5IhnsF51/13ciXa7kzMJ6CroLo3fAdGucb/+JRtARFQXART9D\nl0sDAZb2UFmhQ00fqjEXd1GQXxfHcMmDEe82F2Vll88VoIkLJJmIPP6yXOxIr1WO\nLoo37Ec/CHn1KnWFi6TeF1iqkFAPKuIZm6y33FsxeIPNk3LDbZQwFM7qMalPJBoh\nwR79Da8wkM9bHzIPo4p/B5R9VkR+/GrDpITmzzjKuoFx8uPxsBngfLgwBhLqcW37\n0tDZtfPNJwJX7mtONE28akst7WIqAwIDAQABAoICABpz6TC1uT9bnDW+HF6es2GL\nJhTHSB7/GJnQIY7oi822UN17Y1dPKXQ8ngKw94kot2NS3jd3Z7L9o1lGUl/G9Zhq\nxQD5xRxbcgkyfC05NSqffNNTSpOmLl2P/kpKQXbTm4uBljqcq2h5hG47LUmxgRDi\nLNJqlN84JtDrN8Qu4ufyEntLTPjvqjfn02/LoXR06dDNPnXQ/bY0WFb9r6fPM3Tq\n2cgIMI8jh4ziYYlu2wWnlw3ZQUdShl9MY6kjXwap4gBt9XIX+QG6Ptmx8EVlURkm\nMkI0kQtprKF+j23txjwKfguMlKrzfZkZC26WMEh8m3AcVXzp5ustWhCADPLQkJs5\nWXjMrV/LQDZySZaS9W0FozhNmsxz/CZqVAxd+biTp264RkvjiiSRl9Nocb6iBSOZ\nh/A9mPJkCC1gMHQo0tCaPBJm9drkIsW84+R9fYcNVrPcySj1kNQYsN+3tGlqnUnA\nGsfVIX0eukmc/mIr5jRaX4IfLv+nzoYK/y5BkNaLmHEV6mBSXeuzTqFLUsH2uwj8\nLgynxD/Ehsele2EajL+PpWapTMCPQ7nDi28oIR2krtzmfRiGwdGu6J6o0JK7GXd1\npXQmphgNGJ/A5gnrxlDHDAhoZeuHCKCh8p0GGYHGDlXYBTq8WK23w85BbXmKlHcr\nIGYJHHxPmFaphd+EsTmBAoIBAQD4D9+N82CbN02QKPbXBHmPynJEJ2R401LyH3SU\nKKPgzpXkNxSuRFTeHfbfOi4f0/qzkjFqCq7HiE9BHkOetkhZUN3Oti6JmCcZ1Hwd\noRde3pfucfMqq7L+89g011pA2VjKEjaDPAfBtDytMDFUxWUtvP/Otbm/NSKqwm5g\n+S+sjprqq51MQiKEIt71PYLNFdV2pWYxu2BG8I/Utgs6l0Mgs7DYPgNrmlE1TskD\n+cxQVQdjhLZG4cVoIwTlBFKA+WzhpBGpAWTJnr0MOafAPMl03jUnp/lp6EmLdx6j\nzDFAKCEpDStFI6LyaH/y6zmuc6EafLaMVwKykKqWKE+U6aY/AoIBAQDBIA6SmtS9\nL6JLgNd/gMnZXTRwGs/yMcCr5tOhs3jwCB4SnCSHAAIof0F/rnIkrjRupvz2Y4TM\nypwqHyubKH6TRVw97i2a11cPyF5jHYRTEeByiUm5AOoVFFyOjUW9dd4mNYMSDCrq\nDTRX1jrxVJZrLVP9VdCbAJHOZbXRfmO/QWb0t0asygllRnQk2WIt3dsAK9u+VuXM\ns/glXsrxakIw899LE1npVvRmb05Ms5xQobZ43JQykAl+OQ8dHsTBbhEVY5w/9zmT\nKNw/SNmD5VE8eR4Ps0Ht0khMIcmP6DmYnkvAki62q8uvLDnZ0zG2pNJOMSY0eBGx\nzbK3fiRaqTM9AoIBAALZo9bssfJ2mzSJ0/Q6f+8QA2oXDcd5nh1cESnWobNmjEBY\nBavO6y62J2z/LSJ+fAXuKxUt1D5Eqax03ZAIRiKIlFPYsgYwslpQn7BzdmJHqnU5\n5/JYkLDvOk+5HbdbB/MibG/rk6c9G+ldgWOY9QWmg0Xrvpucz64ol74TfuG7rbn+\niMskg2MDR46Hy2Xx10cKtXbi0UNfZjeqc8yTiljo16JUbBOjbUVwh0y9ZQSTRYd2\nMeX0mCEPLfI3r3793qtlCDLp6i+K3F80lmHWEPZ/yxqOioYV/ipVDwwQv4weKetf\n1FxyAWBJpRa0bzA68eHtBufr5AMLOHqLMgbi/F8CggEBAJbFTBswPT2lXnLLl3G3\nPd4wYavTgtx18xFBF5952cSq0a99rxal7wlmr9/adMomJlDslThV4WtwEhLgWs67\nAnY/BBBlTb1AuHtd1jJS7OddYXiJrcB88kKarterevK6fkAeLsF8NlSbEm4wlbuq\nafQqYxO4Vy9rdmlIBnYS0hSSHqqWGtryr/sc0bei7n8YYMz1cIxckvMI3YVvR8jJ\nR/unqH+YD+2XMR53bw16e2KHnUkmC5ydzot4SFBXoQvRvgyQw388pvo4QBo36XiL\nIqyvccSYEbR1InQtPIrYpX58tm8UsNtzq4SKZm+j7X/FlVnuDQGRa18AU7HlDMSq\nq5ECggEAZyYuIYCGBf6RPnaLzA2kiPpkn/Nc4dfRvjQ8WX7osuUTWIdqJxbpzIPT\nZ+4fMD7FOhoE9c+lqx3AYASkkN6BBiYBrlCeGRNwzl4lIka72Nx6zQ6nNEpnj//c\nF7iSY9vO1oyr/1z5IVUYiiS6T+kNxouedyyanpTdeWCfIdiplTr4NDdmSZNRr81a\n9qGaJWHUSohj+jJ3eYemLYZCa/J6WiIf3awXhW5S784h6AQDV8Am6sJTaNYgLMd/\nQQiz1aybrW+KLd5aD/MPxSSiEELJSf5os7i3AHs7ZYepeekyGlbaqpHPgeLKvKQ/\ndA4z6wK3JXgthnUZdWH24LtNJEGFrg==\n-----END PRIVATE KEY-----\n",
            "public_key_fingerprint_md5": "d6:37:74:9d:11:ab:5f:dd:47:6d:cc:d2:a0:43:28:82",
            "public_key_fingerprint_sha256": "SHA256:XLI5gf5M8N0wZw0k8+K3MxpPqYZokxOn2cYqZjJC6Ag",
            "public_key_openssh": "ssh-rsa AAAAB3NzaC1yc2EAAAADAQABAAACAQC7Iwek44k0TpQnosQ4dTkLA05BzmT7VfxEVMNmaffFsiTNfgh5qHogAIEWFC3SBjSBY4ZBJnF5vIcLUh478nEryDgIzxcpInFRCW74MLOdh/F8r+oVr5X9TUKa/Fh1TsRJUPW5x5J9tE7qUv+xQ/Hq3eRFnu4knZG3GlOMV71s54c4+Zin67+oEf/Eui0Z0fgzCpdMCH+JHujhN3ONAvbULmOPwCB6lhIjpVE9BsFXLJC7CNGXUUpUhn4pwXEF/niMKGWxq2phzZyghOr62UVftERSbUx9bBrWTkjbOZftAgwa0nck7FcB877GH82PKv8GZ52ocGjtjE3B8AMslmw3DjVLlsclqqP/2CCLeqpnFnsot3B3JddhnPy9bxB3YdyENGvgnAKvVhmZpjxi6flGh8rqcJn5IhnsF51/13ciXa7kzMJ6CroLo3fAdGucb/+JRtARFQXART9Dl0sDAZb2UFmhQ00fqjEXd1GQXxfHcMmDEe82F2Vll88VoIkLJJmIPP6yXOxIr1WOLoo37Ec/CHn1KnWFi6TeF1iqkFAPKuIZm6y33FsxeIPNk3LDbZQwFM7qMalPJBohwR79Da8wkM9bHzIPo4p/B5R9VkR+/GrDpITmzzjKuoFx8uPxsBngfLgwBhLqcW370tDZtfPNJwJX7mtONE28akst7WIqAw==\n",
            "public_key_pem": "-----BEGIN PUBLIC KEY-----\nMIICIjANBgkqhkiG9w0BAQEFAAOCAg8AMIICCgKCAgEAuyMHpOOJNE6UJ6LEOHU5\nCwNOQc5k+1X8RFTDZmn3xbIkzX4Ieah6IACBFhQt0gY0gWOGQSZxebyHC1IeO/Jx\nK8g4CM8XKSJxUQlu+DCznYfxfK/qFa+V/U1CmvxYdU7ESVD1uceSfbRO6lL/sUPx\n6t3kRZ7uJJ2RtxpTjFe9bOeHOPmYp+u/qBH/xLotGdH4MwqXTAh/iR7o4TdzjQL2\n1C5jj8AgepYSI6VRPQbBVyyQuwjRl1FKVIZ+KcFxBf54jChlsatqYc2coITq+tlF\nX7REUm1MfWwa1k5I2zmX7QIMGtJ3JOxXAfO+xh/Njyr/BmedqHBo7YxNwfADLJZs\nNw41S5bHJaqj/9ggi3qqZxZ7KLdwdyXXYZz8vW8Qd2HchDRr4JwCr1YZmaY8Yun5\nRofK6nCZ+SIZ7Bedf9d3Il2u5MzCegq6C6N3wHRrnG//iUbQERUFwEU/Q5dLAwGW\n9lBZoUNNH6oxF3dRkF8Xx3DJgxHvNhdlZZfPFaCJCySZiDz+slzsSK9Vji6KN+xH\nPwh59Sp1hYuk3hdYqpBQDyriGZust9xbMXiDzZNyw22UMBTO6jGpTyQaIcEe/Q2v\nMJDPWx8yD6OKfweUfVZEfvxqw6SE5s84yrqBcfLj8bAZ4Hy4MAYS6nFt+9LQ2bXz\nzScCV+5rTjRNvGpLLe1iKgMCAwEAAQ==\n-----END PUBLIC KEY-----\n",
            "rsa_bits": 4096
          },
          "sensitive_attributes": []
        }
      ]
    }
  ],
  "check_results": null
}
