{
  "version": 4,
  "terraform_version": "1.5.0",
  "serial": 1025,
  "lineage": "2bdfdec5-8c30-28c5-2bba-a5d893c95ad2",
  "outputs": {
    "tenant_faraday_credentials": {
      "value": {
        "password": "0sYX7ruA2rauNYfo",
        "url": "faraday.demo.spm.openshield.io",
        "username": "faraday"
      },
      "type": [
        "object",
        {
          "password": "string",
          "url": "string",
          "username": "string"
        }
      ],
      "sensitive": true
    },
    "tenant_host": {
      "value": "157.180.88.232",
      "type": "string"
    },
    "tenant_name": {
      "value": "demo",
      "type": "string"
    },
    "tenant_ssh_private_key": {
      "value": "-----BEGIN RSA PRIVATE KEY-----\nMIIJKAIBAAKCAgEAyjEGhqsYUR2gF2OKU/P3ZPB+eVRDWiZ47L0a7Oljzle5GcNT\nOEJrQAVl3XJ7Wq1IcjEaMjkjx447Tsq4+mzEI2PPrreihxa3Vwo+sZgteW5JytSj\nAjG4PQmv6NGZTI47SKQaf8jcIFr7Cx5AyLxTblstAO0Nf1mytexj0JF9p8tKSBK5\nxm4tYBFDKzmE5gH1Nbv8Uekn5WLua4MNy/h4Ijm4BpqKDVucskSZNbRlGzLV1jZI\nzs1Z4h/hlyzPcPhYq1tkg7/+9ryZ+3ucxCqfuC8/afHb4BDpAoifKLlbzu1z2MiF\nIl++tljY69FPjlfOHcjrKjfCNgMYe1OOcsffzY9T+NS2MF38CkjHC98e9YKMKSta\nV3gS4YPa4iblSZZinzh6JG5CQ1x7cDzyAi4C4ezCUb9hBbk7C0cpJj8jC0Jwm4Hh\nZqvh1zaZZlciwGOvNg2HsiqoNgeK4W7zw5WGeocTOzVsLFNGpeUW6jw4AkXduypU\nX67cjyCMWJCosBV4qcGFKsttx0XZYWRzScS8FKo1LXXhFbaadB8FSj4ElvN5GIFT\nXOc6lcWwHW+/Ntklku91Fu6Oz7cSdc5g3sOCw8tEUw5oIlsS6BTHYIJTlEuaTflb\npsoK8zjP9415Czgy2kPwGxWTJrA8dBoYvONRF7I0UJcdUdZi8U1RNuFOU+kCAwEA\nAQKCAgAB8JX4MUiGsLLSPp97XjYTpxYDinop8YAL/2V0e+m79038kAnqmoKGZvba\n+MfzrwForQ1sCW3NMpFhmGLNbkE0eLbrnXHm+2IPaPcAg63+Af+dvUwCD6GNnlvs\nbyRaHmw1rnNdofrwqYbKjMQA2QOw5ZmJLn0IaX8kLSwo+lhbBYGFLv7Ox0xSpV/A\nWKksfrzQQukxDPxXwEr6x5NYj13xsB2SnKVx6tzWPf+9SumEaQixqSwqJcC0wWsL\n5P9pfUx2emY8uFkVG2qbxcwTerg1D2j7lnkuTWM65b4nKR4XHmKT5BqY4ZPGEpSk\nMIojmraMxRpyeX34wC9aMYtGkSHVxedcjUQuLopqMz+DuDGltKQ8Ami+apAlSqBq\nkNy4gqPJ2anv09kYlgOs+nXMHsAkxczF7QTwqxUnrV1GENUDO49z7Trg1wfZW1cZ\n+LhXMhbqwL92hu25Ys5fsaInc5tbu62BPoCsFMaQUb+MbDB8OEaYpK0rCOwlJXEn\nku/RXQ9QW8xVttAe2iIO0MFG0IbegX7FFT0TY2ai8VJb+GjUGufeQp7Gqr/DJ7G+\nREigLz4JIaRS6DmZXL3ZQ1UpokqoaeXDIGfiLiQEP57NqTSuaH976gwPtIWUO3M/\npafsWBCwyR1pD7zje5YGY3MtQ/+tAbfEYySP3u6HN3VTeC9VIQKCAQEA0zvXuQQg\nFksGmJ0CQ5RYOydAqOvR3CtmwEb//8OFS73B45qRgZwLFV0eDSSKGW7EW5j/pWgL\niAVmLyUngLtXM36O50+++8Y+7Gqiq/wzzBm04YmM16fCfzCMoszxa9FdSbSdFW2g\nsVrHAxPHBll9x45hmLvcA7PLg3saFjQyOLznM4RWsamAoQH+6Q68xNnhx9p3dQFE\nugxw2OAoTVUPysrGtrJV2AWI0LhjdpkglJGgUqiQ+9DSFpeIPpF8T7c2EaIiB848\nxcPwTCSO4pOCWqsvlIcg+o8qo+VbP3GpxkH6gS28cSr+nj18ZijHzMzzlamFVeFM\nNn6NATc7Yk/QkQKCAQEA9QqcBH6uXtwtQOxDvwSzWfG5Hnkt1+9GVVtp7Zsmx1Dk\neejXG+kfS2OKa777eIewEJU6KegBALpfxHdz3DKLAfFXjEvMkp0d3KynCWHTKRjG\nbFZjDXqshbPN0mw05N+gIENEpi/G/zQAJIjRrqD41YQ2IwcSv1ePKBc+PNCXJ+Iq\n8eGtDiDWRGG8vlUm/CT1j3zHTd04T+j5at6tYkM33xkhckLbe75NNB5SCRJaURwx\ncircpxw2SV1OMA6B7IALT39eqSeNbIM7HMtrhpId4RlLk1uYm46c5vdleq+JWeeR\n+KC1GkyVZvyjBkIdh1KRRdvgkMCl1+rYi83fmfJ52QKCAQA/yEkaP8mkkaD7QiWl\n3ExMCE049IQY1C4hjw7L3vEH7tN1831OQp0CJWzmkQr2JQE7m1ZOTr10pBS31aM4\n9tic3vEtnWHQyorDfmuCPRQy4+w/UfZqQ+ix2SoOGo4nfT+K+vOXvdOQ2hVPs5Ac\nNbeKI08K/Gax439nQyucWsRzZ270mlhHKySA+YZMPzv2wMexPiFl/i0PdKQ6iG0C\n9NVg6ZvZHL5ZDUrDo3m9HP2+fr6HVwj4UJSvZ7AnHG0J8QtthaR68OZe3QxZIYzX\nk6z/zcL/OVJW9hXtCVtlK+AU0mVezj2helcJ1w0SF+xExfojTd3KEc6egdX38QKI\nbAtRAoIBAQCRHBlMaCCmuEhsO/3abtQvHYB81VIan+3Mune+Z7TNL9A9iW9pbeJE\naMweBlkxBVl0WIq7KlL9tWDlHcAU1DGRkvQ/dtvMrxJyDiRU4AOGQM+wdG/wGYd1\nHgdy5vVj3DIdKPjMWVrE4mx7NjLF8TmqZ8MPdy7Y9Ocn3KvUo8n/qmW4G+a5iSSa\nFi8Jn6+YfeKVeFUmfSzN1a9uZDPVDu1VRrKR0Znca9OYW6RFDwNBKSr26v8ETyau\nx3x35P93qFQKXekWzv9nFUe6Q5SHepwLI0moGAQFiqzL8hG8V5tFDGdbDwBwdI29\nETsRh7Go43J4Jj+UOSF8/ewCzoXtyrPxAoIBAB9/PPzLnWlq2aNH1aqdjpdPC3FN\nqorHZMcBQmi90WM2pxjdcTKyeWfQc1YuqiqlHlr9SdVrnMXo9bgc/FFLK4KCDjJ7\nT1Uv3Yv82Ic5e0pWXiyLV8ri1xHgU5Dpoaizpmnzc/Mq8RiqMKpxIyLmzneU2m1A\nVLzjLAHB1Zrr8MFkiCrlc6vEhTF9LTB1Oz552S0Hj4AqkRDqW7lK+o7d5RUbvnFe\nIGUrkbRRi040EbM6J0L3++Bo2jTClN2IYs1qIWhiSaT8Wj6gxmvEFQuAUibzfRCa\n3UUkH7GWLFI8L6m2dpGYLNhwjnPT5OHhETYCXbpnf/aYGVXDhuXpOHKsWl4=\n-----END RSA PRIVATE KEY-----\n",
      "type": "string",
      "sensitive": true
    },
    "tenant_ssh_public_key": {
      "value": "ssh-rsa AAAAB3NzaC1yc2EAAAADAQABAAACAQDKMQaGqxhRHaAXY4pT8/dk8H55VENaJnjsvRrs6WPOV7kZw1M4QmtABWXdcntarUhyMRoyOSPHjjtOyrj6bMQjY8+ut6KHFrdXCj6xmC15bknK1KMCMbg9Ca/o0ZlMjjtIpBp/yNwgWvsLHkDIvFNuWy0A7Q1/WbK17GPQkX2ny0pIErnGbi1gEUMrOYTmAfU1u/xR6SflYu5rgw3L+HgiObgGmooNW5yyRJk1tGUbMtXWNkjOzVniH+GXLM9w+FirW2SDv/72vJn7e5zEKp+4Lz9p8dvgEOkCiJ8ouVvO7XPYyIUiX762WNjr0U+OV84dyOsqN8I2Axh7U45yx9/Nj1P41LYwXfwKSMcL3x71gowpK1pXeBLhg9riJuVJlmKfOHokbkJDXHtwPPICLgLh7MJRv2EFuTsLRykmPyMLQnCbgeFmq+HXNplmVyLAY682DYeyKqg2B4rhbvPDlYZ6hxM7NWwsU0al5RbqPDgCRd27KlRfrtyPIIxYkKiwFXipwYUqy23HRdlhZHNJxLwUqjUtdeEVtpp0HwVKPgSW83kYgVNc5zqVxbAdb7822SWS73UW7o7PtxJ1zmDew4LDy0RTDmgiWxLoFMdgglOUS5pN+VumygrzOM/3jXkLODLaQ/AbFZMmsDx0Ghi841EXsjRQlx1R1mLxTVE24U5T6Q==\n",
      "type": "string"
    }
  },
  "resources": [
    {
      "module": "module.dns",
      "mode": "data",
      "type": "cloudflare_zone",
      "name": "openshield",
      "provider": "module.dns.provider[\"registry.terraform.io/cloudflare/cloudflare\"]",
      "instances": [
        {
          "schema_version": 0,
          "attributes": {
            "account": {
              "id": "bca3124de7c86d659a959f06cb35043d",
              "name": "Cloudflare@cyberdef.cc's Account"
            },
            "activated_on": "2025-04-21T11:29:39Z",
            "cname_suffix": null,
            "created_on": "2025-04-21T11:00:21Z",
            "development_mode": 0,
            "filter": {
              "account": null,
              "direction": null,
              "match": null,
              "name": "openshield.io",
              "order": null,
              "status": null
            },
            "id": null,
            "meta": {
              "cdn_only": null,
              "custom_certificate_quota": 0,
              "dns_only": null,
              "foundation_dns": null,
              "page_rule_quota": 3,
              "phishing_detected": false,
              "step": 2
            },
            "modified_on": "2025-04-21T11:29:39Z",
            "name": "openshield.io",
            "name_servers": [
              "kiki.ns.cloudflare.com",
              "lloyd.ns.cloudflare.com"
            ],
            "original_dnshost": null,
            "original_name_servers": [
              "dns1.registrar-servers.com",
              "dns2.registrar-servers.com"
            ],
            "original_registrar": "namecheap, inc. (id: 1068)",
            "owner": {
              "id": null,
              "name": null,
              "type": "user"
            },
            "paused": false,
            "permissions": [
              "#dns_records:edit",
              "#dns_records:read",
              "#zone:read"
            ],
            "plan": {
              "can_subscribe": false,
              "currency": "USD",
              "externally_managed": false,
              "frequency": "",
              "id": "0feeeeeeeeeeeeeeeeeeeeeeeeeeeeee",
              "is_subscribed": false,
              "legacy_discount": false,
              "legacy_id": "free",
              "name": "Free Website",
              "price": 0
            },
            "status": "active",
            "tenant": {
              "id": null,
              "name": null
            },
            "tenant_unit": {
              "id": null
            },
            "type": "full",
            "vanity_name_servers": [],
            "verification_key": null,
            "zone_id": "f92c4f6137dffe0e40aa658cc70e3fa8"
          },
          "sensitive_attributes": []
        }
      ]
    },
    {
      "module": "module.dns",
      "mode": "managed",
      "type": "cloudflare_dns_record",
      "name": "faraday",
      "provider": "module.dns.provider[\"registry.terraform.io/cloudflare/cloudflare\"]",
      "instances": [
        {
          "schema_version": 0,
          "attributes": {
            "comment": null,
            "comment_modified_on": null,
            "content": "157.180.88.232",
            "created_on": "2025-10-21T15:03:35Z",
            "data": null,
            "id": "0e369be21c2b3cd4b89b1c0a0e92d130",
            "meta": "{}",
            "modified_on": "2025-10-21T15:03:35Z",
            "name": "faraday.demo.spm.openshield.io",
            "priority": null,
            "proxiable": true,
            "proxied": false,
            "settings": {
              "flatten_cname": null,
              "ipv4_only": null,
              "ipv6_only": null
            },
            "tags": [],
            "tags_modified_on": null,
            "ttl": 3600,
            "type": "A",
            "zone_id": "f92c4f6137dffe0e40aa658cc70e3fa8"
          },
          "sensitive_attributes": [],
          "dependencies": [
            "module.dns.data.cloudflare_zone.openshield",
            "module.infrastructure.data.hcloud_server_type.selected",
            "module.infrastructure.data.hcloud_server_types.all",
            "module.infrastructure.hcloud_server.tenant_server",
            "module.infrastructure.hcloud_ssh_key.ssh_key",
            "module.infrastructure.tls_private_key.ssh_key"
          ]
        }
      ]
    },
    {
      "module": "module.faraday",
      "mode": "managed",
      "type": "local_file",
      "name": "configure_faraday_nginx_sh",
      "provider": "provider[\"registry.terraform.io/hashicorp/local\"]",
      "instances": [
        {
          "schema_version": 0,
          "attributes": {
            "content": "#!/usr/bin/env bash\n\necho \"Configuring Nginx for Faraday...\"\n\n# Request LetsEncrypt certificate for the domain\nsudo certbot certonly --nginx -d faraday.demo.spm.openshield.io --non-interactive --agree-tos -m certbot@cyberdef.cc --redirect | sudo tee /tmp/faraday/certbot.log 2\u003e\u00261\n\n# Extract certificate and key paths\nCERT_PATH=$(grep -iE 'certificate is saved at:' /tmp/faraday/certbot.log | awk '{print $5}')\nKEY_PATH=$(grep -iE 'key is saved at:' /tmp/faraday/certbot.log | awk '{print $5}')\nif [ -z \"$CERT_PATH\" ] || [ -z \"$KEY_PATH\" ]; then\n    echo \"Failed to obtain SSL certificate. Check certbot log at /tmp/faraday/certbot.log\"\n    exit 1\nfi\n\n# Generate Nginx configuration for Faraday\necho y | sudo faraday-manage generate-nginx-config --fqdn faraday.demo.spm.openshield.io --port 5985 --ws-port 9000 --ssl-certificate $CERT_PATH --ssl-key $KEY_PATH | awk 'BEGIN{p=0} /^.*NGINX Config$/{getline; getline; p=1} p{print}' | sudo tee /tmp/faraday/faraday.conf 2\u003e\u00261\n\n# Move the generated config to Nginx sites-available\nsudo mv /tmp/faraday/faraday.conf /etc/nginx/sites-available/faraday.conf\nsudo ln -sf /etc/nginx/sites-available/faraday.conf /etc/nginx/sites-enabled/faraday.conf\n\n# Test Nginx configuration\nsudo nginx -t\nif [ $? -ne 0 ]; then\n    echo \"Nginx configuration test failed. Please check the configuration file.\"\n    exit 1\nfi\n\n# Wait until no jobs for systemd-sysctl remain\nwhile systemctl list-jobs | grep -q systemd-sysctl; do sleep 1; done\n\n# Reload Nginx to apply the new configuration\nsudo systemctl reload nginx",
            "content_base64": null,
            "content_base64sha256": "hjGdmIUS0GSN29r3oaQWq7QrxkL6CFai3pCZiI3ssBA=",
            "content_base64sha512": "RNaxqn8ehsXuo4XaUU94tR/tXSk1aW6iufDU95Mw12r7LF6H0+n6cLUTAVXObARgguU2zLt+XD1QlDofuairGA==",
            "content_md5": "cdf11946869aaec973ca766ebc41dee1",
            "content_sha1": "fde9cfb40c89ca4340d3e08bf2ae284a679710ae",
            "content_sha256": "86319d988512d0648ddbdaf7a1a416abb42bc642fa0856a2de9099888decb010",
            "content_sha512": "44d6b1aa7f1e86c5eea385da514f78b51fed5d2935696ea2b9f0d4f79330d76afb2c5e87d3e9fa70b5130155ce6c046082e536ccbb7e5c3d50943a1fb9a8ab18",
            "directory_permission": "0777",
            "file_permission": "0777",
            "filename": "modules/faraday/_rendered/configure-faraday-nginx.sh",
            "id": "fde9cfb40c89ca4340d3e08bf2ae284a679710ae",
            "sensitive_content": null,
            "source": null
          },
          "sensitive_attributes": [],
          "dependencies": [
            "module.dns.cloudflare_dns_record.faraday",
            "module.dns.data.cloudflare_zone.openshield",
            "module.infrastructure.data.hcloud_server_type.selected",
            "module.infrastructure.data.hcloud_server_types.all",
            "module.infrastructure.hcloud_server.tenant_server",
            "module.infrastructure.hcloud_ssh_key.ssh_key",
            "module.infrastructure.tls_private_key.ssh_key"
          ]
        }
      ]
    },
    {
      "module": "module.faraday",
      "mode": "managed",
      "type": "local_file",
      "name": "configure_faraday_sh",
      "provider": "provider[\"registry.terraform.io/hashicorp/local\"]",
      "instances": [
        {
          "schema_version": 0,
          "attributes": {
            "content": "# !/bin/bash\n\n# Install faraday-cli\nsudo pip3 install faraday-cli\n\n# Authenticate faraday-cli\nfaraday-cli auth -u faraday -p 0sYX7ruA2rauNYfo -f https://faraday.demo.spm.openshield.io\n\n# Create a default workspace\nfaraday-cli workspace create default",
            "content_base64": null,
            "content_base64sha256": "8kkt7fQsnLPfgq0ks12OLISq8CE3WopCf/ulVwVClWw=",
            "content_base64sha512": "L97EXtRxBBhuI9PQ+MxerpagWs6RbwNrGOctVFL70IACs7/3kfi05qrdCoufsZR+paXwCl63+1+dR4mW0iQHUg==",
            "content_md5": "e99a5409f39ea4cca39fe58b5408855b",
            "content_sha1": "1f33b6d05b5e84e2ed360f1afa2498bf29147665",
            "content_sha256": "f2492dedf42c9cb3df82ad24b35d8e2c84aaf021375a8a427ffba5570542956c",
            "content_sha512": "2fdec45ed47104186e23d3d0f8cc5eae96a05ace916f036b18e72d5452fbd08002b3bff791f8b4e6aadd0a8b9fb1947ea5a5f00a5eb7fb5f9d478996d2240752",
            "directory_permission": "0777",
            "file_permission": "0777",
            "filename": "modules/faraday/_rendered/configure-faraday.sh",
            "id": "1f33b6d05b5e84e2ed360f1afa2498bf29147665",
            "sensitive_content": null,
            "source": null
          },
          "sensitive_attributes": [
            [
              {
                "type": "get_attr",
                "value": "content"
              }
            ]
          ],
          "dependencies": [
            "module.dns.cloudflare_dns_record.faraday",
            "module.dns.data.cloudflare_zone.openshield",
            "module.faraday.random_password.faraday_password",
            "module.infrastructure.data.hcloud_server_type.selected",
            "module.infrastructure.data.hcloud_server_types.all",
            "module.infrastructure.hcloud_server.tenant_server",
            "module.infrastructure.hcloud_ssh_key.ssh_key",
            "module.infrastructure.tls_private_key.ssh_key"
          ]
        }
      ]
    },
    {
      "module": "module.faraday",
      "mode": "managed",
      "type": "local_file",
      "name": "install_faraday_sh",
      "provider": "provider[\"registry.terraform.io/hashicorp/local\"]",
      "instances": [
        {
          "schema_version": 0,
          "attributes": {
            "content": "# !/bin/bash\n\n# A helper script to install Faraday on an Ubuntu server.\n# OS: Ubuntu 20.04 or later\n# Usage: ./install-faraday.sh \u003cVERSION|latest\u003e\n# Example: ./install-faraday.sh latest\n#\n# Author: YordanOpenShield\n\necho \"Starting Faraday installation...\"\n\n# Create necessary directories\nsudo mkdir -p /tmp/faraday\ncd /tmp/faraday\n\n# Get latest version tag\nVERSION=latest\nif [ -z \"$VERSION\" ] || [ \"$VERSION\" = \"latest\" ]; then\n  echo \"Fetching latest Faraday release from GitHub...\"\n  # prefer jq if available\n  if command -v jq \u003e/dev/null 2\u003e\u00261; then\n    VERSION=$(curl -s https://api.github.com/repos/infobyte/faraday/releases/latest | jq -r .tag_name)\n  else\n    VERSION=$(curl -s https://api.github.com/repos/infobyte/faraday/releases/latest | grep -oP '\"tag_name\":\\s*\"\\K(.*)(?=\")' || true)\n  fi\n\n  if [ -z \"$VERSION\" ]; then\n    echo \"Failed to determine latest Faraday version.\"\n    exit 1\n  fi\n  echo \"Latest version is $VERSION\"\nfi\n\n# Download Faraday\nsudo wget https://github.com/infobyte/faraday/releases/download/$VERSION/faraday-server_amd64.deb\n\n# Wait until no jobs for systemd-sysctl remain\nwhile systemctl list-jobs | grep -q systemd-sysctl; do sleep 1; done\n\n# Make sure dependencies are installed\nsudo apt-get install -y postgresql redis python3 python3-pip\n\n# Wait until no jobs for systemd-sysctl remain\nwhile systemctl list-jobs | grep -q systemd-sysctl; do sleep 1; done\n\n# Install Faraday\nsudo apt install -f /tmp/faraday/faraday-server_amd64.deb -y\n\n# Add current user to faraday group\nsudo usermod -aG faraday $(whoami)\n\n# Initialize Faraday database\nsudo faraday-manage initdb\n\n# Change faraday's admin password\nsudo faraday-manage change-password --username faraday --password 0sYX7ruA2rauNYfo\n\n# Wait until no jobs for systemd-sysctl remain\nwhile systemctl list-jobs | grep -q systemd-sysctl; do sleep 1; done\n\n# Reload systemd to recognize Faraday services\nsudo systemctl daemon-reload\n\n# Start and enable Faraday services\nsudo systemctl start faraday-server\nsudo systemctl enable faraday-server\n\nsudo systemctl start faraday-worker\nsudo systemctl enable faraday-worker\n\n# Make sure Faraday is running\nif systemctl is-active --quiet faraday-server; then\n    echo \"Faraday server is running.\"\nelse\n    echo \"Faraday server failed to start.\"\n    exit 1\nfi",
            "content_base64": null,
            "content_base64sha256": "fLdmj1DRHPL5eYFYhk3Z1EcyYfqOeDx4q/a8ngyG1YQ=",
            "content_base64sha512": "dFCVwkeNo20EBoDSV8dyWzv59swxalmMEcuwbfUw2VR4zDXY/wUXshp0cgr+zxQ4QvW/KHCcIYEKkrfKX1wfIw==",
            "content_md5": "f4afd94d138464c292b75fba25358cb6",
            "content_sha1": "176eb96f90b91f31f9e39dec1befed164e85a692",
            "content_sha256": "7cb7668f50d11cf2f9798158864dd9d4473261fa8e783c78abf6bc9e0c86d584",
            "content_sha512": "745095c2478da36d040680d257c7725b3bf9f6cc316a598c11cbb06df530d95478cc35d8ff0517b21a74720afecf143842f5bf28709c21810a92b7ca5f5c1f23",
            "directory_permission": "0777",
            "file_permission": "0777",
            "filename": "modules/faraday/_rendered/install-faraday.sh",
            "id": "176eb96f90b91f31f9e39dec1befed164e85a692",
            "sensitive_content": null,
            "source": null
          },
          "sensitive_attributes": [
            [
              {
                "type": "get_attr",
                "value": "content"
              }
            ]
          ],
          "dependencies": [
            "module.faraday.random_password.faraday_password"
          ]
        }
      ]
    },
    {
      "module": "module.faraday",
      "mode": "managed",
      "type": "local_file",
      "name": "install_nginx_sh",
      "provider": "provider[\"registry.terraform.io/hashicorp/local\"]",
      "instances": [
        {
          "schema_version": 0,
          "attributes": {
            "content": "# !/bin/bash\n\necho \"Starting Nginx installation...\"\n\n# Wait until no jobs for systemd-sysctl remain\nwhile systemctl list-jobs | grep -q systemd-sysctl; do sleep 1; done\n\n# Install Nginx\nsudo apt install -y nginx\nsudo systemctl start nginx\nsudo systemctl enable nginx\n\n# Wait until no jobs for systemd-sysctl remain\nwhile systemctl list-jobs | grep -q systemd-sysctl; do sleep 1; done\n\n# Install certbot\nsudo apt install -y certbot python3-certbot-nginx",
            "content_base64": null,
            "content_base64sha256": "o6M6E7f0GIFj17QSTBRg6H8CxKUVKGDfnV/Zs8cw7vA=",
            "content_base64sha512": "Ry6u5/w2JzEtqDd7A+byWE8n+B5CjDjXXJq+DQjoDBqIe51NiOR0+cRpYIX+hiXD6rI9K+orE2osTPmlta54TA==",
            "content_md5": "749c7b5e3697f2eda1194d4b79b5c712",
            "content_sha1": "7ce42c69fb86bddc72d39016c03f879316ec15b2",
            "content_sha256": "a3a33a13b7f4188163d7b4124c1460e87f02c4a5152860df9d5fd9b3c730eef0",
            "content_sha512": "472eaee7fc3627312da8377b03e6f2584f27f81e428c38d75c9abe0d08e80c1a887b9d4d88e474f9c4696085fe8625c3eab23d2bea2b136a2c4cf9a5b5ae784c",
            "directory_permission": "0777",
            "file_permission": "0777",
            "filename": "modules/faraday/_rendered/install-nginx.sh",
            "id": "7ce42c69fb86bddc72d39016c03f879316ec15b2",
            "sensitive_content": null,
            "source": null
          },
          "sensitive_attributes": []
        }
      ]
    },
    {
      "module": "module.faraday",
      "mode": "managed",
      "type": "null_resource",
      "name": "provision_faraday_scripts",
      "provider": "provider[\"registry.terraform.io/hashicorp/null\"]",
      "instances": [
        {
          "status": "tainted",
          "schema_version": 0,
          "attributes": {
            "id": "2208524553897136187",
            "triggers": {
              "always_run": "2025-10-21T15:03:35Z"
            }
          },
          "sensitive_attributes": [],
          "dependencies": [
            "module.dns.cloudflare_dns_record.faraday",
            "module.dns.data.cloudflare_zone.openshield",
            "module.faraday.local_file.configure_faraday_nginx_sh",
            "module.faraday.local_file.install_faraday_sh",
            "module.faraday.local_file.install_nginx_sh",
            "module.faraday.random_password.faraday_password",
            "module.infrastructure.data.hcloud_server_type.selected",
            "module.infrastructure.data.hcloud_server_types.all",
            "module.infrastructure.hcloud_server.tenant_server",
            "module.infrastructure.hcloud_ssh_key.ssh_key",
            "module.infrastructure.tls_private_key.ssh_key"
          ]
        }
      ]
    },
    {
      "module": "module.faraday",
      "mode": "managed",
      "type": "random_password",
      "name": "faraday_password",
      "provider": "provider[\"registry.terraform.io/hashicorp/random\"]",
      "instances": [
        {
          "schema_version": 3,
          "attributes": {
            "bcrypt_hash": "$2a$10$vYx2vtzUPZtuyi2cyYnGReDvF9xTVs9MMPyrw0ZP0PxyZfJ.uI7r2",
            "id": "none",
            "keepers": null,
            "length": 16,
            "lower": true,
            "min_lower": 0,
            "min_numeric": 0,
            "min_special": 0,
            "min_upper": 0,
            "number": true,
            "numeric": true,
            "override_special": "_%@",
            "result": "0sYX7ruA2rauNYfo",
            "special": true,
            "upper": true
          },
          "sensitive_attributes": []
        }
      ]
    },
    {
      "module": "module.infrastructure",
      "mode": "data",
      "type": "hcloud_server_type",
      "name": "selected",
      "provider": "module.infrastructure.provider[\"registry.terraform.io/hetznercloud/hcloud\"]",
      "instances": [
        {
          "index_key": "cpx21",
          "schema_version": 0,
          "attributes": {
            "architecture": "x86",
            "category": "regular_purpose",
            "cores": 3,
            "cpu_type": "shared",
            "deprecation_announced": "",
            "description": "CPX 21",
            "disk": 80,
            "id": 23,
            "included_traffic": 0,
            "is_deprecated": false,
            "locations": [
              {
                "deprecation_announced": "2025-10-16T06:00:00Z",
                "id": 1,
                "is_deprecated": true,
                "name": "fsn1",
                "unavailable_after": "2025-12-31T23:59:59Z"
              },
              {
                "deprecation_announced": "2025-10-16T06:00:00Z",
                "id": 2,
                "is_deprecated": true,
                "name": "nbg1",
                "unavailable_after": "2025-12-31T23:59:59Z"
              },
              {
                "deprecation_announced": "2025-10-16T06:00:00Z",
                "id": 3,
                "is_deprecated": true,
                "name": "hel1",
                "unavailable_after": "2025-12-31T23:59:59Z"
              },
              {
                "deprecation_announced": "",
                "id": 4,
                "is_deprecated": false,
                "name": "ash",
                "unavailable_after": ""
              },
              {
                "deprecation_announced": "",
                "id": 5,
                "is_deprecated": false,
                "name": "hil",
                "unavailable_after": ""
              },
              {
                "deprecation_announced": "2025-10-16T06:00:00Z",
                "id": 6,
                "is_deprecated": true,
                "name": "sin",
                "unavailable_after": "2025-12-31T23:59:59Z"
              }
            ],
            "memory": 4,
            "name": "cpx21",
            "storage_type": "local",
            "unavailable_after": ""
          },
          "sensitive_attributes": []
        },
        {
          "index_key": "cpx22",
          "schema_version": 0,
          "attributes": {
            "architecture": "x86",
            "category": "regular_purpose",
            "cores": 2,
            "cpu_type": "shared",
            "deprecation_announced": "",
            "description": "CPX 22",
            "disk": 80,
            "id": 109,
            "included_traffic": 0,
            "is_deprecated": false,
            "locations": [
              {
                "deprecation_announced": "",
                "id": 1,
                "is_deprecated": false,
                "name": "fsn1",
                "unavailable_after": ""
              },
              {
                "deprecation_announced": "",
                "id": 2,
                "is_deprecated": false,
                "name": "nbg1",
                "unavailable_after": ""
              },
              {
                "deprecation_announced": "",
                "id": 3,
                "is_deprecated": false,
                "name": "hel1",
                "unavailable_after": ""
              },
              {
                "deprecation_announced": "",
                "id": 6,
                "is_deprecated": false,
                "name": "sin",
                "unavailable_after": ""
              }
            ],
            "memory": 4,
            "name": "cpx22",
            "storage_type": "local",
            "unavailable_after": ""
          },
          "sensitive_attributes": []
        },
        {
          "index_key": "cpx31",
          "schema_version": 0,
          "attributes": {
            "architecture": "x86",
            "category": "regular_purpose",
            "cores": 4,
            "cpu_type": "shared",
            "deprecation_announced": "",
            "description": "CPX 31",
            "disk": 160,
            "id": 24,
            "included_traffic": 0,
            "is_deprecated": false,
            "locations": [
              {
                "deprecation_announced": "2025-10-16T06:00:00Z",
                "id": 1,
                "is_deprecated": true,
                "name": "fsn1",
                "unavailable_after": "2025-12-31T23:59:59Z"
              },
              {
                "deprecation_announced": "2025-10-16T06:00:00Z",
                "id": 2,
                "is_deprecated": true,
                "name": "nbg1",
                "unavailable_after": "2025-12-31T23:59:59Z"
              },
              {
                "deprecation_announced": "2025-10-16T06:00:00Z",
                "id": 3,
                "is_deprecated": true,
                "name": "hel1",
                "unavailable_after": "2025-12-31T23:59:59Z"
              },
              {
                "deprecation_announced": "",
                "id": 4,
                "is_deprecated": false,
                "name": "ash",
                "unavailable_after": ""
              },
              {
                "deprecation_announced": "",
                "id": 5,
                "is_deprecated": false,
                "name": "hil",
                "unavailable_after": ""
              },
              {
                "deprecation_announced": "2025-10-16T06:00:00Z",
                "id": 6,
                "is_deprecated": true,
                "name": "sin",
                "unavailable_after": "2025-12-31T23:59:59Z"
              }
            ],
            "memory": 8,
            "name": "cpx31",
            "storage_type": "local",
            "unavailable_after": ""
          },
          "sensitive_attributes": []
        },
        {
          "index_key": "cpx32",
          "schema_version": 0,
          "attributes": {
            "architecture": "x86",
            "category": "regular_purpose",
            "cores": 4,
            "cpu_type": "shared",
            "deprecation_announced": "",
            "description": "CPX 32",
            "disk": 160,
            "id": 110,
            "included_traffic": 0,
            "is_deprecated": false,
            "locations": [
              {
                "deprecation_announced": "",
                "id": 1,
                "is_deprecated": false,
                "name": "fsn1",
                "unavailable_after": ""
              },
              {
                "deprecation_announced": "",
                "id": 2,
                "is_deprecated": false,
                "name": "nbg1",
                "unavailable_after": ""
              },
              {
                "deprecation_announced": "",
                "id": 3,
                "is_deprecated": false,
                "name": "hel1",
                "unavailable_after": ""
              },
              {
                "deprecation_announced": "",
                "id": 6,
                "is_deprecated": false,
                "name": "sin",
                "unavailable_after": ""
              }
            ],
            "memory": 8,
            "name": "cpx32",
            "storage_type": "local",
            "unavailable_after": ""
          },
          "sensitive_attributes": []
        },
        {
          "index_key": "cpx41",
          "schema_version": 0,
          "attributes": {
            "architecture": "x86",
            "category": "regular_purpose",
            "cores": 8,
            "cpu_type": "shared",
            "deprecation_announced": "",
            "description": "CPX 41",
            "disk": 240,
            "id": 25,
            "included_traffic": 0,
            "is_deprecated": false,
            "locations": [
              {
                "deprecation_announced": "2025-10-16T06:00:00Z",
                "id": 1,
                "is_deprecated": true,
                "name": "fsn1",
                "unavailable_after": "2025-12-31T23:59:59Z"
              },
              {
                "deprecation_announced": "2025-10-16T06:00:00Z",
                "id": 2,
                "is_deprecated": true,
                "name": "nbg1",
                "unavailable_after": "2025-12-31T23:59:59Z"
              },
              {
                "deprecation_announced": "2025-10-16T06:00:00Z",
                "id": 3,
                "is_deprecated": true,
                "name": "hel1",
                "unavailable_after": "2025-12-31T23:59:59Z"
              },
              {
                "deprecation_announced": "",
                "id": 4,
                "is_deprecated": false,
                "name": "ash",
                "unavailable_after": ""
              },
              {
                "deprecation_announced": "",
                "id": 5,
                "is_deprecated": false,
                "name": "hil",
                "unavailable_after": ""
              },
              {
                "deprecation_announced": "2025-10-16T06:00:00Z",
                "id": 6,
                "is_deprecated": true,
                "name": "sin",
                "unavailable_after": "2025-12-31T23:59:59Z"
              }
            ],
            "memory": 16,
            "name": "cpx41",
            "storage_type": "local",
            "unavailable_after": ""
          },
          "sensitive_attributes": []
        },
        {
          "index_key": "cpx42",
          "schema_version": 0,
          "attributes": {
            "architecture": "x86",
            "category": "regular_purpose",
            "cores": 8,
            "cpu_type": "shared",
            "deprecation_announced": "",
            "description": "CPX 42",
            "disk": 320,
            "id": 111,
            "included_traffic": 0,
            "is_deprecated": false,
            "locations": [
              {
                "deprecation_announced": "",
                "id": 1,
                "is_deprecated": false,
                "name": "fsn1",
                "unavailable_after": ""
              },
              {
                "deprecation_announced": "",
                "id": 2,
                "is_deprecated": false,
                "name": "nbg1",
                "unavailable_after": ""
              },
              {
                "deprecation_announced": "",
                "id": 3,
                "is_deprecated": false,
                "name": "hel1",
                "unavailable_after": ""
              },
              {
                "deprecation_announced": "",
                "id": 6,
                "is_deprecated": false,
                "name": "sin",
                "unavailable_after": ""
              }
            ],
            "memory": 16,
            "name": "cpx42",
            "storage_type": "local",
            "unavailable_after": ""
          },
          "sensitive_attributes": []
        },
        {
          "index_key": "cpx51",
          "schema_version": 0,
          "attributes": {
            "architecture": "x86",
            "category": "regular_purpose",
            "cores": 16,
            "cpu_type": "shared",
            "deprecation_announced": "",
            "description": "CPX 51",
            "disk": 360,
            "id": 26,
            "included_traffic": 0,
            "is_deprecated": false,
            "locations": [
              {
                "deprecation_announced": "2025-10-16T06:00:00Z",
                "id": 1,
                "is_deprecated": true,
                "name": "fsn1",
                "unavailable_after": "2025-12-31T23:59:59Z"
              },
              {
                "deprecation_announced": "2025-10-16T06:00:00Z",
                "id": 2,
                "is_deprecated": true,
                "name": "nbg1",
                "unavailable_after": "2025-12-31T23:59:59Z"
              },
              {
                "deprecation_announced": "2025-10-16T06:00:00Z",
                "id": 3,
                "is_deprecated": true,
                "name": "hel1",
                "unavailable_after": "2025-12-31T23:59:59Z"
              },
              {
                "deprecation_announced": "",
                "id": 4,
                "is_deprecated": false,
                "name": "ash",
                "unavailable_after": ""
              },
              {
                "deprecation_announced": "",
                "id": 5,
                "is_deprecated": false,
                "name": "hil",
                "unavailable_after": ""
              },
              {
                "deprecation_announced": "2025-10-16T06:00:00Z",
                "id": 6,
                "is_deprecated": true,
                "name": "sin",
                "unavailable_after": "2025-12-31T23:59:59Z"
              }
            ],
            "memory": 32,
            "name": "cpx51",
            "storage_type": "local",
            "unavailable_after": ""
          },
          "sensitive_attributes": []
        },
        {
          "index_key": "cpx52",
          "schema_version": 0,
          "attributes": {
            "architecture": "x86",
            "category": "regular_purpose",
            "cores": 12,
            "cpu_type": "shared",
            "deprecation_announced": "",
            "description": "CPX 52",
            "disk": 480,
            "id": 112,
            "included_traffic": 0,
            "is_deprecated": false,
            "locations": [
              {
                "deprecation_announced": "",
                "id": 1,
                "is_deprecated": false,
                "name": "fsn1",
                "unavailable_after": ""
              },
              {
                "deprecation_announced": "",
                "id": 2,
                "is_deprecated": false,
                "name": "nbg1",
                "unavailable_after": ""
              },
              {
                "deprecation_announced": "",
                "id": 3,
                "is_deprecated": false,
                "name": "hel1",
                "unavailable_after": ""
              },
              {
                "deprecation_announced": "",
                "id": 6,
                "is_deprecated": false,
                "name": "sin",
                "unavailable_after": ""
              }
            ],
            "memory": 24,
            "name": "cpx52",
            "storage_type": "local",
            "unavailable_after": ""
          },
          "sensitive_attributes": []
        },
        {
          "index_key": "cpx62",
          "schema_version": 0,
          "attributes": {
            "architecture": "x86",
            "category": "regular_purpose",
            "cores": 16,
            "cpu_type": "shared",
            "deprecation_announced": "",
            "description": "CPX 62",
            "disk": 640,
            "id": 113,
            "included_traffic": 0,
            "is_deprecated": false,
            "locations": [
              {
                "deprecation_announced": "",
                "id": 1,
                "is_deprecated": false,
                "name": "fsn1",
                "unavailable_after": ""
              },
              {
                "deprecation_announced": "",
                "id": 2,
                "is_deprecated": false,
                "name": "nbg1",
                "unavailable_after": ""
              },
              {
                "deprecation_announced": "",
                "id": 3,
                "is_deprecated": false,
                "name": "hel1",
                "unavailable_after": ""
              },
              {
                "deprecation_announced": "",
                "id": 6,
                "is_deprecated": false,
                "name": "sin",
                "unavailable_after": ""
              }
            ],
            "memory": 32,
            "name": "cpx62",
            "storage_type": "local",
            "unavailable_after": ""
          },
          "sensitive_attributes": []
        },
        {
          "index_key": "cx22",
          "schema_version": 0,
          "attributes": {
            "architecture": "x86",
            "category": "cost_optimized",
            "cores": 2,
            "cpu_type": "shared",
            "deprecation_announced": "2025-10-16T06:00:00Z",
            "description": "CX22",
            "disk": 40,
            "id": 104,
            "included_traffic": 0,
            "is_deprecated": true,
            "locations": [
              {
                "deprecation_announced": "2025-10-16T06:00:00Z",
                "id": 1,
                "is_deprecated": true,
                "name": "fsn1",
                "unavailable_after": "2025-12-31T23:59:59Z"
              },
              {
                "deprecation_announced": "2025-10-16T06:00:00Z",
                "id": 2,
                "is_deprecated": true,
                "name": "nbg1",
                "unavailable_after": "2025-12-31T23:59:59Z"
              },
              {
                "deprecation_announced": "2025-10-16T06:00:00Z",
                "id": 3,
                "is_deprecated": true,
                "name": "hel1",
                "unavailable_after": "2025-12-31T23:59:59Z"
              }
            ],
            "memory": 4,
            "name": "cx22",
            "storage_type": "local",
            "unavailable_after": "2025-12-31T23:59:59Z"
          },
          "sensitive_attributes": []
        },
        {
          "index_key": "cx23",
          "schema_version": 0,
          "attributes": {
            "architecture": "x86",
            "category": "cost_optimized",
            "cores": 2,
            "cpu_type": "shared",
            "deprecation_announced": "",
            "description": "CX 23",
            "disk": 40,
            "id": 114,
            "included_traffic": 0,
            "is_deprecated": false,
            "locations": [
              {
                "deprecation_announced": "",
                "id": 1,
                "is_deprecated": false,
                "name": "fsn1",
                "unavailable_after": ""
              },
              {
                "deprecation_announced": "",
                "id": 2,
                "is_deprecated": false,
                "name": "nbg1",
                "unavailable_after": ""
              },
              {
                "deprecation_announced": "",
                "id": 3,
                "is_deprecated": false,
                "name": "hel1",
                "unavailable_after": ""
              }
            ],
            "memory": 4,
            "name": "cx23",
            "storage_type": "local",
            "unavailable_after": ""
          },
          "sensitive_attributes": []
        },
        {
          "index_key": "cx32",
          "schema_version": 0,
          "attributes": {
            "architecture": "x86",
            "category": "cost_optimized",
            "cores": 4,
            "cpu_type": "shared",
            "deprecation_announced": "2025-10-16T06:00:00Z",
            "description": "CX32",
            "disk": 80,
            "id": 105,
            "included_traffic": 0,
            "is_deprecated": true,
            "locations": [
              {
                "deprecation_announced": "2025-10-16T06:00:00Z",
                "id": 1,
                "is_deprecated": true,
                "name": "fsn1",
                "unavailable_after": "2025-12-31T23:59:59Z"
              },
              {
                "deprecation_announced": "2025-10-16T06:00:00Z",
                "id": 2,
                "is_deprecated": true,
                "name": "nbg1",
                "unavailable_after": "2025-12-31T23:59:59Z"
              },
              {
                "deprecation_announced": "2025-10-16T06:00:00Z",
                "id": 3,
                "is_deprecated": true,
                "name": "hel1",
                "unavailable_after": "2025-12-31T23:59:59Z"
              }
            ],
            "memory": 8,
            "name": "cx32",
            "storage_type": "local",
            "unavailable_after": "2025-12-31T23:59:59Z"
          },
          "sensitive_attributes": []
        },
        {
          "index_key": "cx33",
          "schema_version": 0,
          "attributes": {
            "architecture": "x86",
            "category": "cost_optimized",
            "cores": 4,
            "cpu_type": "shared",
            "deprecation_announced": "",
            "description": "CX 33",
            "disk": 80,
            "id": 115,
            "included_traffic": 0,
            "is_deprecated": false,
            "locations": [
              {
                "deprecation_announced": "",
                "id": 1,
                "is_deprecated": false,
                "name": "fsn1",
                "unavailable_after": ""
              },
              {
                "deprecation_announced": "",
                "id": 2,
                "is_deprecated": false,
                "name": "nbg1",
                "unavailable_after": ""
              },
              {
                "deprecation_announced": "",
                "id": 3,
                "is_deprecated": false,
                "name": "hel1",
                "unavailable_after": ""
              }
            ],
            "memory": 8,
            "name": "cx33",
            "storage_type": "local",
            "unavailable_after": ""
          },
          "sensitive_attributes": []
        },
        {
          "index_key": "cx42",
          "schema_version": 0,
          "attributes": {
            "architecture": "x86",
            "category": "cost_optimized",
            "cores": 8,
            "cpu_type": "shared",
            "deprecation_announced": "2025-10-16T06:00:00Z",
            "description": "CX42",
            "disk": 160,
            "id": 106,
            "included_traffic": 0,
            "is_deprecated": true,
            "locations": [
              {
                "deprecation_announced": "2025-10-16T06:00:00Z",
                "id": 1,
                "is_deprecated": true,
                "name": "fsn1",
                "unavailable_after": "2025-12-31T23:59:59Z"
              },
              {
                "deprecation_announced": "2025-10-16T06:00:00Z",
                "id": 2,
                "is_deprecated": true,
                "name": "nbg1",
                "unavailable_after": "2025-12-31T23:59:59Z"
              },
              {
                "deprecation_announced": "2025-10-16T06:00:00Z",
                "id": 3,
                "is_deprecated": true,
                "name": "hel1",
                "unavailable_after": "2025-12-31T23:59:59Z"
              }
            ],
            "memory": 16,
            "name": "cx42",
            "storage_type": "local",
            "unavailable_after": "2025-12-31T23:59:59Z"
          },
          "sensitive_attributes": []
        },
        {
          "index_key": "cx43",
          "schema_version": 0,
          "attributes": {
            "architecture": "x86",
            "category": "cost_optimized",
            "cores": 8,
            "cpu_type": "shared",
            "deprecation_announced": "",
            "description": "CX 43",
            "disk": 160,
            "id": 116,
            "included_traffic": 0,
            "is_deprecated": false,
            "locations": [
              {
                "deprecation_announced": "",
                "id": 1,
                "is_deprecated": false,
                "name": "fsn1",
                "unavailable_after": ""
              },
              {
                "deprecation_announced": "",
                "id": 2,
                "is_deprecated": false,
                "name": "nbg1",
                "unavailable_after": ""
              },
              {
                "deprecation_announced": "",
                "id": 3,
                "is_deprecated": false,
                "name": "hel1",
                "unavailable_after": ""
              }
            ],
            "memory": 16,
            "name": "cx43",
            "storage_type": "local",
            "unavailable_after": ""
          },
          "sensitive_attributes": []
        },
        {
          "index_key": "cx52",
          "schema_version": 0,
          "attributes": {
            "architecture": "x86",
            "category": "cost_optimized",
            "cores": 16,
            "cpu_type": "shared",
            "deprecation_announced": "2025-10-16T06:00:00Z",
            "description": "CX52",
            "disk": 320,
            "id": 107,
            "included_traffic": 0,
            "is_deprecated": true,
            "locations": [
              {
                "deprecation_announced": "2025-10-16T06:00:00Z",
                "id": 1,
                "is_deprecated": true,
                "name": "fsn1",
                "unavailable_after": "2025-12-31T23:59:59Z"
              },
              {
                "deprecation_announced": "2025-10-16T06:00:00Z",
                "id": 2,
                "is_deprecated": true,
                "name": "nbg1",
                "unavailable_after": "2025-12-31T23:59:59Z"
              },
              {
                "deprecation_announced": "2025-10-16T06:00:00Z",
                "id": 3,
                "is_deprecated": true,
                "name": "hel1",
                "unavailable_after": "2025-12-31T23:59:59Z"
              }
            ],
            "memory": 32,
            "name": "cx52",
            "storage_type": "local",
            "unavailable_after": "2025-12-31T23:59:59Z"
          },
          "sensitive_attributes": []
        },
        {
          "index_key": "cx53",
          "schema_version": 0,
          "attributes": {
            "architecture": "x86",
            "category": "cost_optimized",
            "cores": 16,
            "cpu_type": "shared",
            "deprecation_announced": "",
            "description": "CX 53",
            "disk": 320,
            "id": 117,
            "included_traffic": 0,
            "is_deprecated": false,
            "locations": [
              {
                "deprecation_announced": "",
                "id": 1,
                "is_deprecated": false,
                "name": "fsn1",
                "unavailable_after": ""
              },
              {
                "deprecation_announced": "",
                "id": 2,
                "is_deprecated": false,
                "name": "nbg1",
                "unavailable_after": ""
              },
              {
                "deprecation_announced": "",
                "id": 3,
                "is_deprecated": false,
                "name": "hel1",
                "unavailable_after": ""
              }
            ],
            "memory": 32,
            "name": "cx53",
            "storage_type": "local",
            "unavailable_after": ""
          },
          "sensitive_attributes": []
        }
      ]
    },
    {
      "module": "module.infrastructure",
      "mode": "data",
      "type": "hcloud_server_types",
      "name": "all",
      "provider": "module.infrastructure.provider[\"registry.terraform.io/hetznercloud/hcloud\"]",
      "instances": [
        {
          "schema_version": 0,
          "attributes": {
            "descriptions": [
              "CPX 11",
              "CPX 21",
              "CPX 31",
              "CPX 41",
              "CPX 51",
              "CAX11",
              "CAX21",
              "CAX31",
              "CAX41",
              "CCX13 Dedicated CPU",
              "CCX23 Dedicated CPU",
              "CCX33 Dedicated CPU",
              "CCX43 Dedicated CPU",
              "CCX53 Dedicated CPU",
              "CCX63 Dedicated CPU",
              "CX22",
              "CX32",
              "CX42",
              "CX52",
              "CPX 12",
              "CPX 22",
              "CPX 32",
              "CPX 42",
              "CPX 52",
              "CPX 62",
              "CX 23",
              "CX 33",
              "CX 43",
              "CX 53"
            ],
            "id": "166277662d9b7990b1711b6545d691c4fc52eb3f",
            "names": [
              "cpx11",
              "cpx21",
              "cpx31",
              "cpx41",
              "cpx51",
              "cax11",
              "cax21",
              "cax31",
              "cax41",
              "ccx13",
              "ccx23",
              "ccx33",
              "ccx43",
              "ccx53",
              "ccx63",
              "cx22",
              "cx32",
              "cx42",
              "cx52",
              "cpx12",
              "cpx22",
              "cpx32",
              "cpx42",
              "cpx52",
              "cpx62",
              "cx23",
              "cx33",
              "cx43",
              "cx53"
            ],
            "server_type_ids": [
              "22",
              "23",
              "24",
              "25",
              "26",
              "45",
              "93",
              "94",
              "95",
              "96",
              "97",
              "98",
              "99",
              "100",
              "101",
              "104",
              "105",
              "106",
              "107",
              "108",
              "109",
              "110",
              "111",
              "112",
              "113",
              "114",
              "115",
              "116",
              "117"
            ],
            "server_types": [
              {
                "architecture": "x86",
                "category": "regular_purpose",
                "cores": 2,
                "cpu_type": "shared",
                "deprecation_announced": "",
                "description": "CPX 11",
                "disk": 40,
                "id": 22,
                "included_traffic": 0,
                "is_deprecated": false,
                "locations": [
                  {
                    "deprecation_announced": "2025-10-16T06:00:00Z",
                    "id": 1,
                    "is_deprecated": true,
                    "name": "fsn1",
                    "unavailable_after": "2025-12-31T23:59:59Z"
                  },
                  {
                    "deprecation_announced": "2025-10-16T06:00:00Z",
                    "id": 2,
                    "is_deprecated": true,
                    "name": "nbg1",
                    "unavailable_after": "2025-12-31T23:59:59Z"
                  },
                  {
                    "deprecation_announced": "2025-10-16T06:00:00Z",
                    "id": 3,
                    "is_deprecated": true,
                    "name": "hel1",
                    "unavailable_after": "2025-12-31T23:59:59Z"
                  },
                  {
                    "deprecation_announced": "",
                    "id": 4,
                    "is_deprecated": false,
                    "name": "ash",
                    "unavailable_after": ""
                  },
                  {
                    "deprecation_announced": "",
                    "id": 5,
                    "is_deprecated": false,
                    "name": "hil",
                    "unavailable_after": ""
                  },
                  {
                    "deprecation_announced": "2025-10-16T06:00:00Z",
                    "id": 6,
                    "is_deprecated": true,
                    "name": "sin",
                    "unavailable_after": "2025-12-31T23:59:59Z"
                  }
                ],
                "memory": 2,
                "name": "cpx11",
                "storage_type": "local",
                "unavailable_after": ""
              },
              {
                "architecture": "x86",
                "category": "regular_purpose",
                "cores": 3,
                "cpu_type": "shared",
                "deprecation_announced": "",
                "description": "CPX 21",
                "disk": 80,
                "id": 23,
                "included_traffic": 0,
                "is_deprecated": false,
                "locations": [
                  {
                    "deprecation_announced": "2025-10-16T06:00:00Z",
                    "id": 1,
                    "is_deprecated": true,
                    "name": "fsn1",
                    "unavailable_after": "2025-12-31T23:59:59Z"
                  },
                  {
                    "deprecation_announced": "2025-10-16T06:00:00Z",
                    "id": 2,
                    "is_deprecated": true,
                    "name": "nbg1",
                    "unavailable_after": "2025-12-31T23:59:59Z"
                  },
                  {
                    "deprecation_announced": "2025-10-16T06:00:00Z",
                    "id": 3,
                    "is_deprecated": true,
                    "name": "hel1",
                    "unavailable_after": "2025-12-31T23:59:59Z"
                  },
                  {
                    "deprecation_announced": "",
                    "id": 4,
                    "is_deprecated": false,
                    "name": "ash",
                    "unavailable_after": ""
                  },
                  {
                    "deprecation_announced": "",
                    "id": 5,
                    "is_deprecated": false,
                    "name": "hil",
                    "unavailable_after": ""
                  },
                  {
                    "deprecation_announced": "2025-10-16T06:00:00Z",
                    "id": 6,
                    "is_deprecated": true,
                    "name": "sin",
                    "unavailable_after": "2025-12-31T23:59:59Z"
                  }
                ],
                "memory": 4,
                "name": "cpx21",
                "storage_type": "local",
                "unavailable_after": ""
              },
              {
                "architecture": "x86",
                "category": "regular_purpose",
                "cores": 4,
                "cpu_type": "shared",
                "deprecation_announced": "",
                "description": "CPX 31",
                "disk": 160,
                "id": 24,
                "included_traffic": 0,
                "is_deprecated": false,
                "locations": [
                  {
                    "deprecation_announced": "2025-10-16T06:00:00Z",
                    "id": 1,
                    "is_deprecated": true,
                    "name": "fsn1",
                    "unavailable_after": "2025-12-31T23:59:59Z"
                  },
                  {
                    "deprecation_announced": "2025-10-16T06:00:00Z",
                    "id": 2,
                    "is_deprecated": true,
                    "name": "nbg1",
                    "unavailable_after": "2025-12-31T23:59:59Z"
                  },
                  {
                    "deprecation_announced": "2025-10-16T06:00:00Z",
                    "id": 3,
                    "is_deprecated": true,
                    "name": "hel1",
                    "unavailable_after": "2025-12-31T23:59:59Z"
                  },
                  {
                    "deprecation_announced": "",
                    "id": 4,
                    "is_deprecated": false,
                    "name": "ash",
                    "unavailable_after": ""
                  },
                  {
                    "deprecation_announced": "",
                    "id": 5,
                    "is_deprecated": false,
                    "name": "hil",
                    "unavailable_after": ""
                  },
                  {
                    "deprecation_announced": "2025-10-16T06:00:00Z",
                    "id": 6,
                    "is_deprecated": true,
                    "name": "sin",
                    "unavailable_after": "2025-12-31T23:59:59Z"
                  }
                ],
                "memory": 8,
                "name": "cpx31",
                "storage_type": "local",
                "unavailable_after": ""
              },
              {
                "architecture": "x86",
                "category": "regular_purpose",
                "cores": 8,
                "cpu_type": "shared",
                "deprecation_announced": "",
                "description": "CPX 41",
                "disk": 240,
                "id": 25,
                "included_traffic": 0,
                "is_deprecated": false,
                "locations": [
                  {
                    "deprecation_announced": "2025-10-16T06:00:00Z",
                    "id": 1,
                    "is_deprecated": true,
                    "name": "fsn1",
                    "unavailable_after": "2025-12-31T23:59:59Z"
                  },
                  {
                    "deprecation_announced": "2025-10-16T06:00:00Z",
                    "id": 2,
                    "is_deprecated": true,
                    "name": "nbg1",
                    "unavailable_after": "2025-12-31T23:59:59Z"
                  },
                  {
                    "deprecation_announced": "2025-10-16T06:00:00Z",
                    "id": 3,
                    "is_deprecated": true,
                    "name": "hel1",
                    "unavailable_after": "2025-12-31T23:59:59Z"
                  },
                  {
                    "deprecation_announced": "",
                    "id": 4,
                    "is_deprecated": false,
                    "name": "ash",
                    "unavailable_after": ""
                  },
                  {
                    "deprecation_announced": "",
                    "id": 5,
                    "is_deprecated": false,
                    "name": "hil",
                    "unavailable_after": ""
                  },
                  {
                    "deprecation_announced": "2025-10-16T06:00:00Z",
                    "id": 6,
                    "is_deprecated": true,
                    "name": "sin",
                    "unavailable_after": "2025-12-31T23:59:59Z"
                  }
                ],
                "memory": 16,
                "name": "cpx41",
                "storage_type": "local",
                "unavailable_after": ""
              },
              {
                "architecture": "x86",
                "category": "regular_purpose",
                "cores": 16,
                "cpu_type": "shared",
                "deprecation_announced": "",
                "description": "CPX 51",
                "disk": 360,
                "id": 26,
                "included_traffic": 0,
                "is_deprecated": false,
                "locations": [
                  {
                    "deprecation_announced": "2025-10-16T06:00:00Z",
                    "id": 1,
                    "is_deprecated": true,
                    "name": "fsn1",
                    "unavailable_after": "2025-12-31T23:59:59Z"
                  },
                  {
                    "deprecation_announced": "2025-10-16T06:00:00Z",
                    "id": 2,
                    "is_deprecated": true,
                    "name": "nbg1",
                    "unavailable_after": "2025-12-31T23:59:59Z"
                  },
                  {
                    "deprecation_announced": "2025-10-16T06:00:00Z",
                    "id": 3,
                    "is_deprecated": true,
                    "name": "hel1",
                    "unavailable_after": "2025-12-31T23:59:59Z"
                  },
                  {
                    "deprecation_announced": "",
                    "id": 4,
                    "is_deprecated": false,
                    "name": "ash",
                    "unavailable_after": ""
                  },
                  {
                    "deprecation_announced": "",
                    "id": 5,
                    "is_deprecated": false,
                    "name": "hil",
                    "unavailable_after": ""
                  },
                  {
                    "deprecation_announced": "2025-10-16T06:00:00Z",
                    "id": 6,
                    "is_deprecated": true,
                    "name": "sin",
                    "unavailable_after": "2025-12-31T23:59:59Z"
                  }
                ],
                "memory": 32,
                "name": "cpx51",
                "storage_type": "local",
                "unavailable_after": ""
              },
              {
                "architecture": "arm",
                "category": "cost_optimized",
                "cores": 2,
                "cpu_type": "shared",
                "deprecation_announced": "",
                "description": "CAX11",
                "disk": 40,
                "id": 45,
                "included_traffic": 0,
                "is_deprecated": false,
                "locations": [
                  {
                    "deprecation_announced": "",
                    "id": 1,
                    "is_deprecated": false,
                    "name": "fsn1",
                    "unavailable_after": ""
                  },
                  {
                    "deprecation_announced": "",
                    "id": 2,
                    "is_deprecated": false,
                    "name": "nbg1",
                    "unavailable_after": ""
                  },
                  {
                    "deprecation_announced": "",
                    "id": 3,
                    "is_deprecated": false,
                    "name": "hel1",
                    "unavailable_after": ""
                  }
                ],
                "memory": 4,
                "name": "cax11",
                "storage_type": "local",
                "unavailable_after": ""
              },
              {
                "architecture": "arm",
                "category": "cost_optimized",
                "cores": 4,
                "cpu_type": "shared",
                "deprecation_announced": "",
                "description": "CAX21",
                "disk": 80,
                "id": 93,
                "included_traffic": 0,
                "is_deprecated": false,
                "locations": [
                  {
                    "deprecation_announced": "",
                    "id": 1,
                    "is_deprecated": false,
                    "name": "fsn1",
                    "unavailable_after": ""
                  },
                  {
                    "deprecation_announced": "",
                    "id": 2,
                    "is_deprecated": false,
                    "name": "nbg1",
                    "unavailable_after": ""
                  },
                  {
                    "deprecation_announced": "",
                    "id": 3,
                    "is_deprecated": false,
                    "name": "hel1",
                    "unavailable_after": ""
                  }
                ],
                "memory": 8,
                "name": "cax21",
                "storage_type": "local",
                "unavailable_after": ""
              },
              {
                "architecture": "arm",
                "category": "cost_optimized",
                "cores": 8,
                "cpu_type": "shared",
                "deprecation_announced": "",
                "description": "CAX31",
                "disk": 160,
                "id": 94,
                "included_traffic": 0,
                "is_deprecated": false,
                "locations": [
                  {
                    "deprecation_announced": "",
                    "id": 1,
                    "is_deprecated": false,
                    "name": "fsn1",
                    "unavailable_after": ""
                  },
                  {
                    "deprecation_announced": "",
                    "id": 2,
                    "is_deprecated": false,
                    "name": "nbg1",
                    "unavailable_after": ""
                  },
                  {
                    "deprecation_announced": "",
                    "id": 3,
                    "is_deprecated": false,
                    "name": "hel1",
                    "unavailable_after": ""
                  }
                ],
                "memory": 16,
                "name": "cax31",
                "storage_type": "local",
                "unavailable_after": ""
              },
              {
                "architecture": "arm",
                "category": "cost_optimized",
                "cores": 16,
                "cpu_type": "shared",
                "deprecation_announced": "",
                "description": "CAX41",
                "disk": 320,
                "id": 95,
                "included_traffic": 0,
                "is_deprecated": false,
                "locations": [
                  {
                    "deprecation_announced": "",
                    "id": 1,
                    "is_deprecated": false,
                    "name": "fsn1",
                    "unavailable_after": ""
                  },
                  {
                    "deprecation_announced": "",
                    "id": 2,
                    "is_deprecated": false,
                    "name": "nbg1",
                    "unavailable_after": ""
                  },
                  {
                    "deprecation_announced": "",
                    "id": 3,
                    "is_deprecated": false,
                    "name": "hel1",
                    "unavailable_after": ""
                  }
                ],
                "memory": 32,
                "name": "cax41",
                "storage_type": "local",
                "unavailable_after": ""
              },
              {
                "architecture": "x86",
                "category": "general_purpose",
                "cores": 2,
                "cpu_type": "dedicated",
                "deprecation_announced": "",
                "description": "CCX13 Dedicated CPU",
                "disk": 80,
                "id": 96,
                "included_traffic": 0,
                "is_deprecated": false,
                "locations": [
                  {
                    "deprecation_announced": "",
                    "id": 1,
                    "is_deprecated": false,
                    "name": "fsn1",
                    "unavailable_after": ""
                  },
                  {
                    "deprecation_announced": "",
                    "id": 2,
                    "is_deprecated": false,
                    "name": "nbg1",
                    "unavailable_after": ""
                  },
                  {
                    "deprecation_announced": "",
                    "id": 3,
                    "is_deprecated": false,
                    "name": "hel1",
                    "unavailable_after": ""
                  },
                  {
                    "deprecation_announced": "",
                    "id": 4,
                    "is_deprecated": false,
                    "name": "ash",
                    "unavailable_after": ""
                  },
                  {
                    "deprecation_announced": "",
                    "id": 5,
                    "is_deprecated": false,
                    "name": "hil",
                    "unavailable_after": ""
                  },
                  {
                    "deprecation_announced": "",
                    "id": 6,
                    "is_deprecated": false,
                    "name": "sin",
                    "unavailable_after": ""
                  }
                ],
                "memory": 8,
                "name": "ccx13",
                "storage_type": "local",
                "unavailable_after": ""
              },
              {
                "architecture": "x86",
                "category": "general_purpose",
                "cores": 4,
                "cpu_type": "dedicated",
                "deprecation_announced": "",
                "description": "CCX23 Dedicated CPU",
                "disk": 160,
                "id": 97,
                "included_traffic": 0,
                "is_deprecated": false,
                "locations": [
                  {
                    "deprecation_announced": "",
                    "id": 1,
                    "is_deprecated": false,
                    "name": "fsn1",
                    "unavailable_after": ""
                  },
                  {
                    "deprecation_announced": "",
                    "id": 2,
                    "is_deprecated": false,
                    "name": "nbg1",
                    "unavailable_after": ""
                  },
                  {
                    "deprecation_announced": "",
                    "id": 3,
                    "is_deprecated": false,
                    "name": "hel1",
                    "unavailable_after": ""
                  },
                  {
                    "deprecation_announced": "",
                    "id": 4,
                    "is_deprecated": false,
                    "name": "ash",
                    "unavailable_after": ""
                  },
                  {
                    "deprecation_announced": "",
                    "id": 5,
                    "is_deprecated": false,
                    "name": "hil",
                    "unavailable_after": ""
                  },
                  {
                    "deprecation_announced": "",
                    "id": 6,
                    "is_deprecated": false,
                    "name": "sin",
                    "unavailable_after": ""
                  }
                ],
                "memory": 16,
                "name": "ccx23",
                "storage_type": "local",
                "unavailable_after": ""
              },
              {
                "architecture": "x86",
                "category": "general_purpose",
                "cores": 8,
                "cpu_type": "dedicated",
                "deprecation_announced": "",
                "description": "CCX33 Dedicated CPU",
                "disk": 240,
                "id": 98,
                "included_traffic": 0,
                "is_deprecated": false,
                "locations": [
                  {
                    "deprecation_announced": "",
                    "id": 1,
                    "is_deprecated": false,
                    "name": "fsn1",
                    "unavailable_after": ""
                  },
                  {
                    "deprecation_announced": "",
                    "id": 2,
                    "is_deprecated": false,
                    "name": "nbg1",
                    "unavailable_after": ""
                  },
                  {
                    "deprecation_announced": "",
                    "id": 3,
                    "is_deprecated": false,
                    "name": "hel1",
                    "unavailable_after": ""
                  },
                  {
                    "deprecation_announced": "",
                    "id": 4,
                    "is_deprecated": false,
                    "name": "ash",
                    "unavailable_after": ""
                  },
                  {
                    "deprecation_announced": "",
                    "id": 5,
                    "is_deprecated": false,
                    "name": "hil",
                    "unavailable_after": ""
                  },
                  {
                    "deprecation_announced": "",
                    "id": 6,
                    "is_deprecated": false,
                    "name": "sin",
                    "unavailable_after": ""
                  }
                ],
                "memory": 32,
                "name": "ccx33",
                "storage_type": "local",
                "unavailable_after": ""
              },
              {
                "architecture": "x86",
                "category": "general_purpose",
                "cores": 16,
                "cpu_type": "dedicated",
                "deprecation_announced": "",
                "description": "CCX43 Dedicated CPU",
                "disk": 360,
                "id": 99,
                "included_traffic": 0,
                "is_deprecated": false,
                "locations": [
                  {
                    "deprecation_announced": "",
                    "id": 1,
                    "is_deprecated": false,
                    "name": "fsn1",
                    "unavailable_after": ""
                  },
                  {
                    "deprecation_announced": "",
                    "id": 2,
                    "is_deprecated": false,
                    "name": "nbg1",
                    "unavailable_after": ""
                  },
                  {
                    "deprecation_announced": "",
                    "id": 3,
                    "is_deprecated": false,
                    "name": "hel1",
                    "unavailable_after": ""
                  },
                  {
                    "deprecation_announced": "",
                    "id": 4,
                    "is_deprecated": false,
                    "name": "ash",
                    "unavailable_after": ""
                  },
                  {
                    "deprecation_announced": "",
                    "id": 5,
                    "is_deprecated": false,
                    "name": "hil",
                    "unavailable_after": ""
                  },
                  {
                    "deprecation_announced": "",
                    "id": 6,
                    "is_deprecated": false,
                    "name": "sin",
                    "unavailable_after": ""
                  }
                ],
                "memory": 64,
                "name": "ccx43",
                "storage_type": "local",
                "unavailable_after": ""
              },
              {
                "architecture": "x86",
                "category": "general_purpose",
                "cores": 32,
                "cpu_type": "dedicated",
                "deprecation_announced": "",
                "description": "CCX53 Dedicated CPU",
                "disk": 600,
                "id": 100,
                "included_traffic": 0,
                "is_deprecated": false,
                "locations": [
                  {
                    "deprecation_announced": "",
                    "id": 1,
                    "is_deprecated": false,
                    "name": "fsn1",
                    "unavailable_after": ""
                  },
                  {
                    "deprecation_announced": "",
                    "id": 2,
                    "is_deprecated": false,
                    "name": "nbg1",
                    "unavailable_after": ""
                  },
                  {
                    "deprecation_announced": "",
                    "id": 3,
                    "is_deprecated": false,
                    "name": "hel1",
                    "unavailable_after": ""
                  },
                  {
                    "deprecation_announced": "",
                    "id": 4,
                    "is_deprecated": false,
                    "name": "ash",
                    "unavailable_after": ""
                  },
                  {
                    "deprecation_announced": "",
                    "id": 5,
                    "is_deprecated": false,
                    "name": "hil",
                    "unavailable_after": ""
                  },
                  {
                    "deprecation_announced": "",
                    "id": 6,
                    "is_deprecated": false,
                    "name": "sin",
                    "unavailable_after": ""
                  }
                ],
                "memory": 128,
                "name": "ccx53",
                "storage_type": "local",
                "unavailable_after": ""
              },
              {
                "architecture": "x86",
                "category": "general_purpose",
                "cores": 48,
                "cpu_type": "dedicated",
                "deprecation_announced": "",
                "description": "CCX63 Dedicated CPU",
                "disk": 960,
                "id": 101,
                "included_traffic": 0,
                "is_deprecated": false,
                "locations": [
                  {
                    "deprecation_announced": "",
                    "id": 1,
                    "is_deprecated": false,
                    "name": "fsn1",
                    "unavailable_after": ""
                  },
                  {
                    "deprecation_announced": "",
                    "id": 2,
                    "is_deprecated": false,
                    "name": "nbg1",
                    "unavailable_after": ""
                  },
                  {
                    "deprecation_announced": "",
                    "id": 3,
                    "is_deprecated": false,
                    "name": "hel1",
                    "unavailable_after": ""
                  },
                  {
                    "deprecation_announced": "",
                    "id": 4,
                    "is_deprecated": false,
                    "name": "ash",
                    "unavailable_after": ""
                  },
                  {
                    "deprecation_announced": "",
                    "id": 5,
                    "is_deprecated": false,
                    "name": "hil",
                    "unavailable_after": ""
                  },
                  {
                    "deprecation_announced": "",
                    "id": 6,
                    "is_deprecated": false,
                    "name": "sin",
                    "unavailable_after": ""
                  }
                ],
                "memory": 192,
                "name": "ccx63",
                "storage_type": "local",
                "unavailable_after": ""
              },
              {
                "architecture": "x86",
                "category": "cost_optimized",
                "cores": 2,
                "cpu_type": "shared",
                "deprecation_announced": "2025-10-16T06:00:00Z",
                "description": "CX22",
                "disk": 40,
                "id": 104,
                "included_traffic": 0,
                "is_deprecated": true,
                "locations": [
                  {
                    "deprecation_announced": "2025-10-16T06:00:00Z",
                    "id": 1,
                    "is_deprecated": true,
                    "name": "fsn1",
                    "unavailable_after": "2025-12-31T23:59:59Z"
                  },
                  {
                    "deprecation_announced": "2025-10-16T06:00:00Z",
                    "id": 2,
                    "is_deprecated": true,
                    "name": "nbg1",
                    "unavailable_after": "2025-12-31T23:59:59Z"
                  },
                  {
                    "deprecation_announced": "2025-10-16T06:00:00Z",
                    "id": 3,
                    "is_deprecated": true,
                    "name": "hel1",
                    "unavailable_after": "2025-12-31T23:59:59Z"
                  }
                ],
                "memory": 4,
                "name": "cx22",
                "storage_type": "local",
                "unavailable_after": "2025-12-31T23:59:59Z"
              },
              {
                "architecture": "x86",
                "category": "cost_optimized",
                "cores": 4,
                "cpu_type": "shared",
                "deprecation_announced": "2025-10-16T06:00:00Z",
                "description": "CX32",
                "disk": 80,
                "id": 105,
                "included_traffic": 0,
                "is_deprecated": true,
                "locations": [
                  {
                    "deprecation_announced": "2025-10-16T06:00:00Z",
                    "id": 1,
                    "is_deprecated": true,
                    "name": "fsn1",
                    "unavailable_after": "2025-12-31T23:59:59Z"
                  },
                  {
                    "deprecation_announced": "2025-10-16T06:00:00Z",
                    "id": 2,
                    "is_deprecated": true,
                    "name": "nbg1",
                    "unavailable_after": "2025-12-31T23:59:59Z"
                  },
                  {
                    "deprecation_announced": "2025-10-16T06:00:00Z",
                    "id": 3,
                    "is_deprecated": true,
                    "name": "hel1",
                    "unavailable_after": "2025-12-31T23:59:59Z"
                  }
                ],
                "memory": 8,
                "name": "cx32",
                "storage_type": "local",
                "unavailable_after": "2025-12-31T23:59:59Z"
              },
              {
                "architecture": "x86",
                "category": "cost_optimized",
                "cores": 8,
                "cpu_type": "shared",
                "deprecation_announced": "2025-10-16T06:00:00Z",
                "description": "CX42",
                "disk": 160,
                "id": 106,
                "included_traffic": 0,
                "is_deprecated": true,
                "locations": [
                  {
                    "deprecation_announced": "2025-10-16T06:00:00Z",
                    "id": 1,
                    "is_deprecated": true,
                    "name": "fsn1",
                    "unavailable_after": "2025-12-31T23:59:59Z"
                  },
                  {
                    "deprecation_announced": "2025-10-16T06:00:00Z",
                    "id": 2,
                    "is_deprecated": true,
                    "name": "nbg1",
                    "unavailable_after": "2025-12-31T23:59:59Z"
                  },
                  {
                    "deprecation_announced": "2025-10-16T06:00:00Z",
                    "id": 3,
                    "is_deprecated": true,
                    "name": "hel1",
                    "unavailable_after": "2025-12-31T23:59:59Z"
                  }
                ],
                "memory": 16,
                "name": "cx42",
                "storage_type": "local",
                "unavailable_after": "2025-12-31T23:59:59Z"
              },
              {
                "architecture": "x86",
                "category": "cost_optimized",
                "cores": 16,
                "cpu_type": "shared",
                "deprecation_announced": "2025-10-16T06:00:00Z",
                "description": "CX52",
                "disk": 320,
                "id": 107,
                "included_traffic": 0,
                "is_deprecated": true,
                "locations": [
                  {
                    "deprecation_announced": "2025-10-16T06:00:00Z",
                    "id": 1,
                    "is_deprecated": true,
                    "name": "fsn1",
                    "unavailable_after": "2025-12-31T23:59:59Z"
                  },
                  {
                    "deprecation_announced": "2025-10-16T06:00:00Z",
                    "id": 2,
                    "is_deprecated": true,
                    "name": "nbg1",
                    "unavailable_after": "2025-12-31T23:59:59Z"
                  },
                  {
                    "deprecation_announced": "2025-10-16T06:00:00Z",
                    "id": 3,
                    "is_deprecated": true,
                    "name": "hel1",
                    "unavailable_after": "2025-12-31T23:59:59Z"
                  }
                ],
                "memory": 32,
                "name": "cx52",
                "storage_type": "local",
                "unavailable_after": "2025-12-31T23:59:59Z"
              },
              {
                "architecture": "x86",
                "category": "regular_purpose",
                "cores": 1,
                "cpu_type": "shared",
                "deprecation_announced": "",
                "description": "CPX 12",
                "disk": 40,
                "id": 108,
                "included_traffic": 0,
                "is_deprecated": false,
                "locations": [
                  {
                    "deprecation_announced": "",
                    "id": 6,
                    "is_deprecated": false,
                    "name": "sin",
                    "unavailable_after": ""
                  }
                ],
                "memory": 2,
                "name": "cpx12",
                "storage_type": "local",
                "unavailable_after": ""
              },
              {
                "architecture": "x86",
                "category": "regular_purpose",
                "cores": 2,
                "cpu_type": "shared",
                "deprecation_announced": "",
                "description": "CPX 22",
                "disk": 80,
                "id": 109,
                "included_traffic": 0,
                "is_deprecated": false,
                "locations": [
                  {
                    "deprecation_announced": "",
                    "id": 1,
                    "is_deprecated": false,
                    "name": "fsn1",
                    "unavailable_after": ""
                  },
                  {
                    "deprecation_announced": "",
                    "id": 2,
                    "is_deprecated": false,
                    "name": "nbg1",
                    "unavailable_after": ""
                  },
                  {
                    "deprecation_announced": "",
                    "id": 3,
                    "is_deprecated": false,
                    "name": "hel1",
                    "unavailable_after": ""
                  },
                  {
                    "deprecation_announced": "",
                    "id": 6,
                    "is_deprecated": false,
                    "name": "sin",
                    "unavailable_after": ""
                  }
                ],
                "memory": 4,
                "name": "cpx22",
                "storage_type": "local",
                "unavailable_after": ""
              },
              {
                "architecture": "x86",
                "category": "regular_purpose",
                "cores": 4,
                "cpu_type": "shared",
                "deprecation_announced": "",
                "description": "CPX 32",
                "disk": 160,
                "id": 110,
                "included_traffic": 0,
                "is_deprecated": false,
                "locations": [
                  {
                    "deprecation_announced": "",
                    "id": 1,
                    "is_deprecated": false,
                    "name": "fsn1",
                    "unavailable_after": ""
                  },
                  {
                    "deprecation_announced": "",
                    "id": 2,
                    "is_deprecated": false,
                    "name": "nbg1",
                    "unavailable_after": ""
                  },
                  {
                    "deprecation_announced": "",
                    "id": 3,
                    "is_deprecated": false,
                    "name": "hel1",
                    "unavailable_after": ""
                  },
                  {
                    "deprecation_announced": "",
                    "id": 6,
                    "is_deprecated": false,
                    "name": "sin",
                    "unavailable_after": ""
                  }
                ],
                "memory": 8,
                "name": "cpx32",
                "storage_type": "local",
                "unavailable_after": ""
              },
              {
                "architecture": "x86",
                "category": "regular_purpose",
                "cores": 8,
                "cpu_type": "shared",
                "deprecation_announced": "",
                "description": "CPX 42",
                "disk": 320,
                "id": 111,
                "included_traffic": 0,
                "is_deprecated": false,
                "locations": [
                  {
                    "deprecation_announced": "",
                    "id": 1,
                    "is_deprecated": false,
                    "name": "fsn1",
                    "unavailable_after": ""
                  },
                  {
                    "deprecation_announced": "",
                    "id": 2,
                    "is_deprecated": false,
                    "name": "nbg1",
                    "unavailable_after": ""
                  },
                  {
                    "deprecation_announced": "",
                    "id": 3,
                    "is_deprecated": false,
                    "name": "hel1",
                    "unavailable_after": ""
                  },
                  {
                    "deprecation_announced": "",
                    "id": 6,
                    "is_deprecated": false,
                    "name": "sin",
                    "unavailable_after": ""
                  }
                ],
                "memory": 16,
                "name": "cpx42",
                "storage_type": "local",
                "unavailable_after": ""
              },
              {
                "architecture": "x86",
                "category": "regular_purpose",
                "cores": 12,
                "cpu_type": "shared",
                "deprecation_announced": "",
                "description": "CPX 52",
                "disk": 480,
                "id": 112,
                "included_traffic": 0,
                "is_deprecated": false,
                "locations": [
                  {
                    "deprecation_announced": "",
                    "id": 1,
                    "is_deprecated": false,
                    "name": "fsn1",
                    "unavailable_after": ""
                  },
                  {
                    "deprecation_announced": "",
                    "id": 2,
                    "is_deprecated": false,
                    "name": "nbg1",
                    "unavailable_after": ""
                  },
                  {
                    "deprecation_announced": "",
                    "id": 3,
                    "is_deprecated": false,
                    "name": "hel1",
                    "unavailable_after": ""
                  },
                  {
                    "deprecation_announced": "",
                    "id": 6,
                    "is_deprecated": false,
                    "name": "sin",
                    "unavailable_after": ""
                  }
                ],
                "memory": 24,
                "name": "cpx52",
                "storage_type": "local",
                "unavailable_after": ""
              },
              {
                "architecture": "x86",
                "category": "regular_purpose",
                "cores": 16,
                "cpu_type": "shared",
                "deprecation_announced": "",
                "description": "CPX 62",
                "disk": 640,
                "id": 113,
                "included_traffic": 0,
                "is_deprecated": false,
                "locations": [
                  {
                    "deprecation_announced": "",
                    "id": 1,
                    "is_deprecated": false,
                    "name": "fsn1",
                    "unavailable_after": ""
                  },
                  {
                    "deprecation_announced": "",
                    "id": 2,
                    "is_deprecated": false,
                    "name": "nbg1",
                    "unavailable_after": ""
                  },
                  {
                    "deprecation_announced": "",
                    "id": 3,
                    "is_deprecated": false,
                    "name": "hel1",
                    "unavailable_after": ""
                  },
                  {
                    "deprecation_announced": "",
                    "id": 6,
                    "is_deprecated": false,
                    "name": "sin",
                    "unavailable_after": ""
                  }
                ],
                "memory": 32,
                "name": "cpx62",
                "storage_type": "local",
                "unavailable_after": ""
              },
              {
                "architecture": "x86",
                "category": "cost_optimized",
                "cores": 2,
                "cpu_type": "shared",
                "deprecation_announced": "",
                "description": "CX 23",
                "disk": 40,
                "id": 114,
                "included_traffic": 0,
                "is_deprecated": false,
                "locations": [
                  {
                    "deprecation_announced": "",
                    "id": 1,
                    "is_deprecated": false,
                    "name": "fsn1",
                    "unavailable_after": ""
                  },
                  {
                    "deprecation_announced": "",
                    "id": 2,
                    "is_deprecated": false,
                    "name": "nbg1",
                    "unavailable_after": ""
                  },
                  {
                    "deprecation_announced": "",
                    "id": 3,
                    "is_deprecated": false,
                    "name": "hel1",
                    "unavailable_after": ""
                  }
                ],
                "memory": 4,
                "name": "cx23",
                "storage_type": "local",
                "unavailable_after": ""
              },
              {
                "architecture": "x86",
                "category": "cost_optimized",
                "cores": 4,
                "cpu_type": "shared",
                "deprecation_announced": "",
                "description": "CX 33",
                "disk": 80,
                "id": 115,
                "included_traffic": 0,
                "is_deprecated": false,
                "locations": [
                  {
                    "deprecation_announced": "",
                    "id": 1,
                    "is_deprecated": false,
                    "name": "fsn1",
                    "unavailable_after": ""
                  },
                  {
                    "deprecation_announced": "",
                    "id": 2,
                    "is_deprecated": false,
                    "name": "nbg1",
                    "unavailable_after": ""
                  },
                  {
                    "deprecation_announced": "",
                    "id": 3,
                    "is_deprecated": false,
                    "name": "hel1",
                    "unavailable_after": ""
                  }
                ],
                "memory": 8,
                "name": "cx33",
                "storage_type": "local",
                "unavailable_after": ""
              },
              {
                "architecture": "x86",
                "category": "cost_optimized",
                "cores": 8,
                "cpu_type": "shared",
                "deprecation_announced": "",
                "description": "CX 43",
                "disk": 160,
                "id": 116,
                "included_traffic": 0,
                "is_deprecated": false,
                "locations": [
                  {
                    "deprecation_announced": "",
                    "id": 1,
                    "is_deprecated": false,
                    "name": "fsn1",
                    "unavailable_after": ""
                  },
                  {
                    "deprecation_announced": "",
                    "id": 2,
                    "is_deprecated": false,
                    "name": "nbg1",
                    "unavailable_after": ""
                  },
                  {
                    "deprecation_announced": "",
                    "id": 3,
                    "is_deprecated": false,
                    "name": "hel1",
                    "unavailable_after": ""
                  }
                ],
                "memory": 16,
                "name": "cx43",
                "storage_type": "local",
                "unavailable_after": ""
              },
              {
                "architecture": "x86",
                "category": "cost_optimized",
                "cores": 16,
                "cpu_type": "shared",
                "deprecation_announced": "",
                "description": "CX 53",
                "disk": 320,
                "id": 117,
                "included_traffic": 0,
                "is_deprecated": false,
                "locations": [
                  {
                    "deprecation_announced": "",
                    "id": 1,
                    "is_deprecated": false,
                    "name": "fsn1",
                    "unavailable_after": ""
                  },
                  {
                    "deprecation_announced": "",
                    "id": 2,
                    "is_deprecated": false,
                    "name": "nbg1",
                    "unavailable_after": ""
                  },
                  {
                    "deprecation_announced": "",
                    "id": 3,
                    "is_deprecated": false,
                    "name": "hel1",
                    "unavailable_after": ""
                  }
                ],
                "memory": 32,
                "name": "cx53",
                "storage_type": "local",
                "unavailable_after": ""
              }
            ]
          },
          "sensitive_attributes": []
        }
      ]
    },
    {
      "module": "module.infrastructure",
      "mode": "managed",
      "type": "hcloud_server",
      "name": "tenant_server",
      "provider": "module.infrastructure.provider[\"registry.terraform.io/hetznercloud/hcloud\"]",
      "instances": [
        {
          "schema_version": 0,
          "attributes": {
            "allow_deprecated_images": false,
            "backup_window": "",
            "backups": false,
            "datacenter": "hel1-dc2",
            "delete_protection": false,
            "firewall_ids": [],
            "id": "111272156",
            "ignore_remote_firewall_ids": false,
            "image": "ubuntu-22.04",
            "ipv4_address": "157.180.88.232",
            "ipv6_address": "2a01:4f9:c013:feed::1",
            "ipv6_network": "2a01:4f9:c013:feed::/64",
            "iso": null,
            "keep_disk": false,
            "labels": {
              "solution": "spm",
              "tenant": "demo"
            },
            "location": "hel1",
            "name": "spm-tenant-demo",
            "network": [],
            "placement_group_id": 0,
            "primary_disk_size": 80,
            "public_net": [],
            "rebuild_protection": false,
            "rescue": null,
            "server_type": "cpx21",
            "shutdown_before_deletion": false,
            "ssh_keys": [
              "103329353"
            ],
            "status": "running",
            "timeouts": null,
            "user_data": "7qm6RExs6XMTKQK4qZyRECa9AJs="
          },
          "sensitive_attributes": [],
          "private": "eyJlMmJmYjczMC1lY2FhLTExZTYtOGY4OC0zNDM2M2JjN2M0YzAiOnsiY3JlYXRlIjo1NDAwMDAwMDAwMDAwfX0=",
          "dependencies": [
            "module.infrastructure.data.hcloud_server_type.selected",
            "module.infrastructure.data.hcloud_server_types.all",
            "module.infrastructure.hcloud_ssh_key.ssh_key",
            "module.infrastructure.tls_private_key.ssh_key"
          ]
        }
      ]
    },
    {
      "module": "module.infrastructure",
      "mode": "managed",
      "type": "hcloud_ssh_key",
      "name": "ssh_key",
      "provider": "module.infrastructure.provider[\"registry.terraform.io/hetznercloud/hcloud\"]",
      "instances": [
        {
          "schema_version": 0,
          "attributes": {
            "fingerprint": "3c:db:6d:ae:ba:a2:74:48:61:ee:fc:e5:59:7d:42:fd",
            "id": "103329353",
            "labels": {
              "solution": "spm",
              "tenant": "demo"
            },
            "name": "demo-ssh-key",
            "public_key": "ssh-rsa AAAAB3NzaC1yc2EAAAADAQABAAACAQDKMQaGqxhRHaAXY4pT8/dk8H55VENaJnjsvRrs6WPOV7kZw1M4QmtABWXdcntarUhyMRoyOSPHjjtOyrj6bMQjY8+ut6KHFrdXCj6xmC15bknK1KMCMbg9Ca/o0ZlMjjtIpBp/yNwgWvsLHkDIvFNuWy0A7Q1/WbK17GPQkX2ny0pIErnGbi1gEUMrOYTmAfU1u/xR6SflYu5rgw3L+HgiObgGmooNW5yyRJk1tGUbMtXWNkjOzVniH+GXLM9w+FirW2SDv/72vJn7e5zEKp+4Lz9p8dvgEOkCiJ8ouVvO7XPYyIUiX762WNjr0U+OV84dyOsqN8I2Axh7U45yx9/Nj1P41LYwXfwKSMcL3x71gowpK1pXeBLhg9riJuVJlmKfOHokbkJDXHtwPPICLgLh7MJRv2EFuTsLRykmPyMLQnCbgeFmq+HXNplmVyLAY682DYeyKqg2B4rhbvPDlYZ6hxM7NWwsU0al5RbqPDgCRd27KlRfrtyPIIxYkKiwFXipwYUqy23HRdlhZHNJxLwUqjUtdeEVtpp0HwVKPgSW83kYgVNc5zqVxbAdb7822SWS73UW7o7PtxJ1zmDew4LDy0RTDmgiWxLoFMdgglOUS5pN+VumygrzOM/3jXkLODLaQ/AbFZMmsDx0Ghi841EXsjRQlx1R1mLxTVE24U5T6Q==\n"
          },
          "sensitive_attributes": [],
          "dependencies": [
            "module.infrastructure.tls_private_key.ssh_key"
          ]
        }
      ]
    },
    {
      "module": "module.infrastructure",
      "mode": "managed",
      "type": "hcloud_volume",
      "name": "tenant_volume",
      "provider": "module.infrastructure.provider[\"registry.terraform.io/hetznercloud/hcloud\"]",
      "instances": [
        {
          "schema_version": 0,
          "attributes": {
            "automount": true,
            "delete_protection": false,
            "format": "ext4",
            "id": "103782812",
            "labels": {
              "solution": "spm",
              "tenant": "demo"
            },
            "linux_device": "/dev/disk/by-id/scsi-0HC_Volume_103782812",
            "location": "hel1",
            "name": "spm-tenant-demo-volume",
            "server_id": 111272156,
            "size": 50
          },
          "sensitive_attributes": [],
          "private": "bnVsbA==",
          "dependencies": [
            "module.infrastructure.data.hcloud_server_type.selected",
            "module.infrastructure.data.hcloud_server_types.all",
            "module.infrastructure.hcloud_server.tenant_server",
            "module.infrastructure.hcloud_ssh_key.ssh_key",
            "module.infrastructure.tls_private_key.ssh_key"
          ]
        }
      ]
    },
    {
      "module": "module.infrastructure",
      "mode": "managed",
      "type": "tls_private_key",
      "name": "ssh_key",
      "provider": "provider[\"registry.terraform.io/hashicorp/tls\"]",
      "instances": [
        {
          "schema_version": 1,
          "attributes": {
            "algorithm": "RSA",
            "ecdsa_curve": "P224",
            "id": "4776715998784ccd6ade271c4cc1d53e618c7cb1",
            "private_key_openssh": "-----BEGIN OPENSSH PRIVATE KEY-----\nb3BlbnNzaC1rZXktdjEAAAAABG5vbmUAAAAEbm9uZQAAAAAAAAABAAACFwAAAAdz\nc2gtcnNhAAAAAwEAAQAAAgEAyjEGhqsYUR2gF2OKU/P3ZPB+eVRDWiZ47L0a7Olj\nzle5GcNTOEJrQAVl3XJ7Wq1IcjEaMjkjx447Tsq4+mzEI2PPrreihxa3Vwo+sZgt\neW5JytSjAjG4PQmv6NGZTI47SKQaf8jcIFr7Cx5AyLxTblstAO0Nf1mytexj0JF9\np8tKSBK5xm4tYBFDKzmE5gH1Nbv8Uekn5WLua4MNy/h4Ijm4BpqKDVucskSZNbRl\nGzLV1jZIzs1Z4h/hlyzPcPhYq1tkg7/+9ryZ+3ucxCqfuC8/afHb4BDpAoifKLlb\nzu1z2MiFIl++tljY69FPjlfOHcjrKjfCNgMYe1OOcsffzY9T+NS2MF38CkjHC98e\n9YKMKStaV3gS4YPa4iblSZZinzh6JG5CQ1x7cDzyAi4C4ezCUb9hBbk7C0cpJj8j\nC0Jwm4HhZqvh1zaZZlciwGOvNg2HsiqoNgeK4W7zw5WGeocTOzVsLFNGpeUW6jw4\nAkXduypUX67cjyCMWJCosBV4qcGFKsttx0XZYWRzScS8FKo1LXXhFbaadB8FSj4E\nlvN5GIFTXOc6lcWwHW+/Ntklku91Fu6Oz7cSdc5g3sOCw8tEUw5oIlsS6BTHYIJT\nlEuaTflbpsoK8zjP9415Czgy2kPwGxWTJrA8dBoYvONRF7I0UJcdUdZi8U1RNuFO\nU+kAAAc4id+KYYnfimEAAAAHc3NoLXJzYQAAAgEAyjEGhqsYUR2gF2OKU/P3ZPB+\neVRDWiZ47L0a7Oljzle5GcNTOEJrQAVl3XJ7Wq1IcjEaMjkjx447Tsq4+mzEI2PP\nrreihxa3Vwo+sZgteW5JytSjAjG4PQmv6NGZTI47SKQaf8jcIFr7Cx5AyLxTblst\nAO0Nf1mytexj0JF9p8tKSBK5xm4tYBFDKzmE5gH1Nbv8Uekn5WLua4MNy/h4Ijm4\nBpqKDVucskSZNbRlGzLV1jZIzs1Z4h/hlyzPcPhYq1tkg7/+9ryZ+3ucxCqfuC8/\nafHb4BDpAoifKLlbzu1z2MiFIl++tljY69FPjlfOHcjrKjfCNgMYe1OOcsffzY9T\n+NS2MF38CkjHC98e9YKMKStaV3gS4YPa4iblSZZinzh6JG5CQ1x7cDzyAi4C4ezC\nUb9hBbk7C0cpJj8jC0Jwm4HhZqvh1zaZZlciwGOvNg2HsiqoNgeK4W7zw5WGeocT\nOzVsLFNGpeUW6jw4AkXduypUX67cjyCMWJCosBV4qcGFKsttx0XZYWRzScS8FKo1\nLXXhFbaadB8FSj4ElvN5GIFTXOc6lcWwHW+/Ntklku91Fu6Oz7cSdc5g3sOCw8tE\nUw5oIlsS6BTHYIJTlEuaTflbpsoK8zjP9415Czgy2kPwGxWTJrA8dBoYvONRF7I0\nUJcdUdZi8U1RNuFOU+kAAAADAQABAAACAAHwlfgxSIawstI+n3teNhOnFgOKeinx\ngAv/ZXR76bv3TfyQCeqagoZm9tr4x/OvAWitDWwJbc0ykWGYYs1uQTR4tuudceb7\nYg9o9wCDrf4B/529TAIPoY2eW+xvJFoebDWuc12h+vCphsqMxADZA7DlmYkufQhp\nfyQtLCj6WFsFgYUu/s7HTFKlX8BYqSx+vNBC6TEM/FfASvrHk1iPXfGwHZKcpXHq\n3NY9/71K6YRpCLGpLColwLTBawvk/2l9THZ6Zjy4WRUbapvFzBN6uDUPaPuWeS5N\nYzrlvicpHhceYpPkGpjhk8YSlKQwiiOatozFGnJ5ffjAL1oxi0aRIdXF51yNRC4u\nimozP4O4MaW0pDwCaL5qkCVKoGqQ3LiCo8nZqe/T2RiWA6z6dcwewCTFzMXtBPCr\nFSetXUYQ1QM7j3PtOuDXB9lbVxn4uFcyFurAv3aG7blizl+xoidzm1u7rYE+gKwU\nxpBRv4xsMHw4RpikrSsI7CUlcSeS79FdD1BbzFW20B7aIg7QwUbQht6BfsUVPRNj\nZqLxUlv4aNQa595Cnsaqv8Mnsb5ESKAvPgkhpFLoOZlcvdlDVSmiSqhp5cMgZ+Iu\nJAQ/ns2pNK5of3vqDA+0hZQ7cz+lp+xYELDJHWkPvON7lgZjcy1D/60Bt8RjJI/e\n7oc3dVN4L1UhAAABAB9/PPzLnWlq2aNH1aqdjpdPC3FNqorHZMcBQmi90WM2pxjd\ncTKyeWfQc1YuqiqlHlr9SdVrnMXo9bgc/FFLK4KCDjJ7T1Uv3Yv82Ic5e0pWXiyL\nV8ri1xHgU5Dpoaizpmnzc/Mq8RiqMKpxIyLmzneU2m1AVLzjLAHB1Zrr8MFkiCrl\nc6vEhTF9LTB1Oz552S0Hj4AqkRDqW7lK+o7d5RUbvnFeIGUrkbRRi040EbM6J0L3\n++Bo2jTClN2IYs1qIWhiSaT8Wj6gxmvEFQuAUibzfRCa3UUkH7GWLFI8L6m2dpGY\nLNhwjnPT5OHhETYCXbpnf/aYGVXDhuXpOHKsWl4AAAEBANM717kEIBZLBpidAkOU\nWDsnQKjr0dwrZsBG///DhUu9weOakYGcCxVdHg0kihluxFuY/6VoC4gFZi8lJ4C7\nVzN+judPvvvGPuxqoqv8M8wZtOGJjNenwn8wjKLM8WvRXUm0nRVtoLFaxwMTxwZZ\nfceOYZi73AOzy4N7GhY0Mji85zOEVrGpgKEB/ukOvMTZ4cfad3UBRLoMcNjgKE1V\nD8rKxrayVdgFiNC4Y3aZIJSRoFKokPvQ0haXiD6RfE+3NhGiIgfOPMXD8EwkjuKT\nglqrL5SHIPqPKqPlWz9xqcZB+oEtvHEq/p49fGYox8zM85WphVXhTDZ+jQE3O2JP\n0JEAAAEBAPUKnAR+rl7cLUDsQ78Es1nxuR55LdfvRlVbae2bJsdQ5Hno1xvpH0tj\nimu++3iHsBCVOinoAQC6X8R3c9wyiwHxV4xLzJKdHdyspwlh0ykYxmxWYw16rIWz\nzdJsNOTfoCBDRKYvxv80ACSI0a6g+NWENiMHEr9XjygXPjzQlyfiKvHhrQ4g1kRh\nvL5VJvwk9Y98x03dOE/o+WrerWJDN98ZIXJC23u+TTQeUgkSWlEcMXIq3KccNkld\nTjAOgeyAC09/XqknjWyDOxzLa4aSHeEZS5NbmJuOnOb3ZXqviVnnkfigtRpMlWb8\nowZCHYdSkUXb4JDApdfq2IvN35nyedkAAAAAAQID\n-----END OPENSSH PRIVATE KEY-----\n",
            "private_key_pem": "-----BEGIN RSA PRIVATE KEY-----\nMIIJKAIBAAKCAgEAyjEGhqsYUR2gF2OKU/P3ZPB+eVRDWiZ47L0a7Oljzle5GcNT\nOEJrQAVl3XJ7Wq1IcjEaMjkjx447Tsq4+mzEI2PPrreihxa3Vwo+sZgteW5JytSj\nAjG4PQmv6NGZTI47SKQaf8jcIFr7Cx5AyLxTblstAO0Nf1mytexj0JF9p8tKSBK5\nxm4tYBFDKzmE5gH1Nbv8Uekn5WLua4MNy/h4Ijm4BpqKDVucskSZNbRlGzLV1jZI\nzs1Z4h/hlyzPcPhYq1tkg7/+9ryZ+3ucxCqfuC8/afHb4BDpAoifKLlbzu1z2MiF\nIl++tljY69FPjlfOHcjrKjfCNgMYe1OOcsffzY9T+NS2MF38CkjHC98e9YKMKSta\nV3gS4YPa4iblSZZinzh6JG5CQ1x7cDzyAi4C4ezCUb9hBbk7C0cpJj8jC0Jwm4Hh\nZqvh1zaZZlciwGOvNg2HsiqoNgeK4W7zw5WGeocTOzVsLFNGpeUW6jw4AkXduypU\nX67cjyCMWJCosBV4qcGFKsttx0XZYWRzScS8FKo1LXXhFbaadB8FSj4ElvN5GIFT\nXOc6lcWwHW+/Ntklku91Fu6Oz7cSdc5g3sOCw8tEUw5oIlsS6BTHYIJTlEuaTflb\npsoK8zjP9415Czgy2kPwGxWTJrA8dBoYvONRF7I0UJcdUdZi8U1RNuFOU+kCAwEA\nAQKCAgAB8JX4MUiGsLLSPp97XjYTpxYDinop8YAL/2V0e+m79038kAnqmoKGZvba\n+MfzrwForQ1sCW3NMpFhmGLNbkE0eLbrnXHm+2IPaPcAg63+Af+dvUwCD6GNnlvs\nbyRaHmw1rnNdofrwqYbKjMQA2QOw5ZmJLn0IaX8kLSwo+lhbBYGFLv7Ox0xSpV/A\nWKksfrzQQukxDPxXwEr6x5NYj13xsB2SnKVx6tzWPf+9SumEaQixqSwqJcC0wWsL\n5P9pfUx2emY8uFkVG2qbxcwTerg1D2j7lnkuTWM65b4nKR4XHmKT5BqY4ZPGEpSk\nMIojmraMxRpyeX34wC9aMYtGkSHVxedcjUQuLopqMz+DuDGltKQ8Ami+apAlSqBq\nkNy4gqPJ2anv09kYlgOs+nXMHsAkxczF7QTwqxUnrV1GENUDO49z7Trg1wfZW1cZ\n+LhXMhbqwL92hu25Ys5fsaInc5tbu62BPoCsFMaQUb+MbDB8OEaYpK0rCOwlJXEn\nku/RXQ9QW8xVttAe2iIO0MFG0IbegX7FFT0TY2ai8VJb+GjUGufeQp7Gqr/DJ7G+\nREigLz4JIaRS6DmZXL3ZQ1UpokqoaeXDIGfiLiQEP57NqTSuaH976gwPtIWUO3M/\npafsWBCwyR1pD7zje5YGY3MtQ/+tAbfEYySP3u6HN3VTeC9VIQKCAQEA0zvXuQQg\nFksGmJ0CQ5RYOydAqOvR3CtmwEb//8OFS73B45qRgZwLFV0eDSSKGW7EW5j/pWgL\niAVmLyUngLtXM36O50+++8Y+7Gqiq/wzzBm04YmM16fCfzCMoszxa9FdSbSdFW2g\nsVrHAxPHBll9x45hmLvcA7PLg3saFjQyOLznM4RWsamAoQH+6Q68xNnhx9p3dQFE\nugxw2OAoTVUPysrGtrJV2AWI0LhjdpkglJGgUqiQ+9DSFpeIPpF8T7c2EaIiB848\nxcPwTCSO4pOCWqsvlIcg+o8qo+VbP3GpxkH6gS28cSr+nj18ZijHzMzzlamFVeFM\nNn6NATc7Yk/QkQKCAQEA9QqcBH6uXtwtQOxDvwSzWfG5Hnkt1+9GVVtp7Zsmx1Dk\neejXG+kfS2OKa777eIewEJU6KegBALpfxHdz3DKLAfFXjEvMkp0d3KynCWHTKRjG\nbFZjDXqshbPN0mw05N+gIENEpi/G/zQAJIjRrqD41YQ2IwcSv1ePKBc+PNCXJ+Iq\n8eGtDiDWRGG8vlUm/CT1j3zHTd04T+j5at6tYkM33xkhckLbe75NNB5SCRJaURwx\ncircpxw2SV1OMA6B7IALT39eqSeNbIM7HMtrhpId4RlLk1uYm46c5vdleq+JWeeR\n+KC1GkyVZvyjBkIdh1KRRdvgkMCl1+rYi83fmfJ52QKCAQA/yEkaP8mkkaD7QiWl\n3ExMCE049IQY1C4hjw7L3vEH7tN1831OQp0CJWzmkQr2JQE7m1ZOTr10pBS31aM4\n9tic3vEtnWHQyorDfmuCPRQy4+w/UfZqQ+ix2SoOGo4nfT+K+vOXvdOQ2hVPs5Ac\nNbeKI08K/Gax439nQyucWsRzZ270mlhHKySA+YZMPzv2wMexPiFl/i0PdKQ6iG0C\n9NVg6ZvZHL5ZDUrDo3m9HP2+fr6HVwj4UJSvZ7AnHG0J8QtthaR68OZe3QxZIYzX\nk6z/zcL/OVJW9hXtCVtlK+AU0mVezj2helcJ1w0SF+xExfojTd3KEc6egdX38QKI\nbAtRAoIBAQCRHBlMaCCmuEhsO/3abtQvHYB81VIan+3Mune+Z7TNL9A9iW9pbeJE\naMweBlkxBVl0WIq7KlL9tWDlHcAU1DGRkvQ/dtvMrxJyDiRU4AOGQM+wdG/wGYd1\nHgdy5vVj3DIdKPjMWVrE4mx7NjLF8TmqZ8MPdy7Y9Ocn3KvUo8n/qmW4G+a5iSSa\nFi8Jn6+YfeKVeFUmfSzN1a9uZDPVDu1VRrKR0Znca9OYW6RFDwNBKSr26v8ETyau\nx3x35P93qFQKXekWzv9nFUe6Q5SHepwLI0moGAQFiqzL8hG8V5tFDGdbDwBwdI29\nETsRh7Go43J4Jj+UOSF8/ewCzoXtyrPxAoIBAB9/PPzLnWlq2aNH1aqdjpdPC3FN\nqorHZMcBQmi90WM2pxjdcTKyeWfQc1YuqiqlHlr9SdVrnMXo9bgc/FFLK4KCDjJ7\nT1Uv3Yv82Ic5e0pWXiyLV8ri1xHgU5Dpoaizpmnzc/Mq8RiqMKpxIyLmzneU2m1A\nVLzjLAHB1Zrr8MFkiCrlc6vEhTF9LTB1Oz552S0Hj4AqkRDqW7lK+o7d5RUbvnFe\nIGUrkbRRi040EbM6J0L3++Bo2jTClN2IYs1qIWhiSaT8Wj6gxmvEFQuAUibzfRCa\n3UUkH7GWLFI8L6m2dpGYLNhwjnPT5OHhETYCXbpnf/aYGVXDhuXpOHKsWl4=\n-----END RSA PRIVATE KEY-----\n",
            "private_key_pem_pkcs8": "-----BEGIN PRIVATE KEY-----\nMIIJQgIBADANBgkqhkiG9w0BAQEFAASCCSwwggkoAgEAAoICAQDKMQaGqxhRHaAX\nY4pT8/dk8H55VENaJnjsvRrs6WPOV7kZw1M4QmtABWXdcntarUhyMRoyOSPHjjtO\nyrj6bMQjY8+ut6KHFrdXCj6xmC15bknK1KMCMbg9Ca/o0ZlMjjtIpBp/yNwgWvsL\nHkDIvFNuWy0A7Q1/WbK17GPQkX2ny0pIErnGbi1gEUMrOYTmAfU1u/xR6SflYu5r\ngw3L+HgiObgGmooNW5yyRJk1tGUbMtXWNkjOzVniH+GXLM9w+FirW2SDv/72vJn7\ne5zEKp+4Lz9p8dvgEOkCiJ8ouVvO7XPYyIUiX762WNjr0U+OV84dyOsqN8I2Axh7\nU45yx9/Nj1P41LYwXfwKSMcL3x71gowpK1pXeBLhg9riJuVJlmKfOHokbkJDXHtw\nPPICLgLh7MJRv2EFuTsLRykmPyMLQnCbgeFmq+HXNplmVyLAY682DYeyKqg2B4rh\nbvPDlYZ6hxM7NWwsU0al5RbqPDgCRd27KlRfrtyPIIxYkKiwFXipwYUqy23HRdlh\nZHNJxLwUqjUtdeEVtpp0HwVKPgSW83kYgVNc5zqVxbAdb7822SWS73UW7o7PtxJ1\nzmDew4LDy0RTDmgiWxLoFMdgglOUS5pN+VumygrzOM/3jXkLODLaQ/AbFZMmsDx0\nGhi841EXsjRQlx1R1mLxTVE24U5T6QIDAQABAoICAAHwlfgxSIawstI+n3teNhOn\nFgOKeinxgAv/ZXR76bv3TfyQCeqagoZm9tr4x/OvAWitDWwJbc0ykWGYYs1uQTR4\ntuudceb7Yg9o9wCDrf4B/529TAIPoY2eW+xvJFoebDWuc12h+vCphsqMxADZA7Dl\nmYkufQhpfyQtLCj6WFsFgYUu/s7HTFKlX8BYqSx+vNBC6TEM/FfASvrHk1iPXfGw\nHZKcpXHq3NY9/71K6YRpCLGpLColwLTBawvk/2l9THZ6Zjy4WRUbapvFzBN6uDUP\naPuWeS5NYzrlvicpHhceYpPkGpjhk8YSlKQwiiOatozFGnJ5ffjAL1oxi0aRIdXF\n51yNRC4uimozP4O4MaW0pDwCaL5qkCVKoGqQ3LiCo8nZqe/T2RiWA6z6dcwewCTF\nzMXtBPCrFSetXUYQ1QM7j3PtOuDXB9lbVxn4uFcyFurAv3aG7blizl+xoidzm1u7\nrYE+gKwUxpBRv4xsMHw4RpikrSsI7CUlcSeS79FdD1BbzFW20B7aIg7QwUbQht6B\nfsUVPRNjZqLxUlv4aNQa595Cnsaqv8Mnsb5ESKAvPgkhpFLoOZlcvdlDVSmiSqhp\n5cMgZ+IuJAQ/ns2pNK5of3vqDA+0hZQ7cz+lp+xYELDJHWkPvON7lgZjcy1D/60B\nt8RjJI/e7oc3dVN4L1UhAoIBAQDTO9e5BCAWSwaYnQJDlFg7J0Co69HcK2bARv//\nw4VLvcHjmpGBnAsVXR4NJIoZbsRbmP+laAuIBWYvJSeAu1czfo7nT777xj7saqKr\n/DPMGbThiYzXp8J/MIyizPFr0V1JtJ0VbaCxWscDE8cGWX3HjmGYu9wDs8uDexoW\nNDI4vOczhFaxqYChAf7pDrzE2eHH2nd1AUS6DHDY4ChNVQ/Kysa2slXYBYjQuGN2\nmSCUkaBSqJD70NIWl4g+kXxPtzYRoiIHzjzFw/BMJI7ik4Jaqy+UhyD6jyqj5Vs/\ncanGQfqBLbxxKv6ePXxmKMfMzPOVqYVV4Uw2fo0BNztiT9CRAoIBAQD1CpwEfq5e\n3C1A7EO/BLNZ8bkeeS3X70ZVW2ntmybHUOR56Ncb6R9LY4prvvt4h7AQlTop6AEA\nul/Ed3PcMosB8VeMS8ySnR3crKcJYdMpGMZsVmMNeqyFs83SbDTk36AgQ0SmL8b/\nNAAkiNGuoPjVhDYjBxK/V48oFz480Jcn4irx4a0OINZEYby+VSb8JPWPfMdN3ThP\n6Plq3q1iQzffGSFyQtt7vk00HlIJElpRHDFyKtynHDZJXU4wDoHsgAtPf16pJ41s\ngzscy2uGkh3hGUuTW5ibjpzm92V6r4lZ55H4oLUaTJVm/KMGQh2HUpFF2+CQwKXX\n6tiLzd+Z8nnZAoIBAD/ISRo/yaSRoPtCJaXcTEwITTj0hBjULiGPDsve8Qfu03Xz\nfU5CnQIlbOaRCvYlATubVk5OvXSkFLfVozj22Jze8S2dYdDKisN+a4I9FDLj7D9R\n9mpD6LHZKg4ajid9P4r685e905DaFU+zkBw1t4ojTwr8ZrHjf2dDK5xaxHNnbvSa\nWEcrJID5hkw/O/bAx7E+IWX+LQ90pDqIbQL01WDpm9kcvlkNSsOjeb0c/b5+vodX\nCPhQlK9nsCccbQnxC22FpHrw5l7dDFkhjNeTrP/Nwv85Ulb2Fe0JW2Ur4BTSZV7O\nPaF6VwnXDRIX7ETF+iNN3coRzp6B1ffxAohsC1ECggEBAJEcGUxoIKa4SGw7/dpu\n1C8dgHzVUhqf7cy6d75ntM0v0D2Jb2lt4kRozB4GWTEFWXRYirsqUv21YOUdwBTU\nMZGS9D9228yvEnIOJFTgA4ZAz7B0b/AZh3UeB3Lm9WPcMh0o+MxZWsTibHs2MsXx\nOapnww93Ltj05yfcq9Sjyf+qZbgb5rmJJJoWLwmfr5h94pV4VSZ9LM3Vr25kM9UO\n7VVGspHRmdxr05hbpEUPA0EpKvbq/wRPJq7HfHfk/3eoVApd6RbO/2cVR7pDlId6\nnAsjSagYBAWKrMvyEbxXm0UMZ1sPAHB0jb0ROxGHsajjcngmP5Q5IXz97ALOhe3K\ns/ECggEAH388/MudaWrZo0fVqp2Ol08LcU2qisdkxwFCaL3RYzanGN1xMrJ5Z9Bz\nVi6qKqUeWv1J1Wucxej1uBz8UUsrgoIOMntPVS/di/zYhzl7SlZeLItXyuLXEeBT\nkOmhqLOmafNz8yrxGKowqnEjIubOd5TabUBUvOMsAcHVmuvwwWSIKuVzq8SFMX0t\nMHU7PnnZLQePgCqREOpbuUr6jt3lFRu+cV4gZSuRtFGLTjQRszonQvf74GjaNMKU\n3YhizWohaGJJpPxaPqDGa8QVC4BSJvN9EJrdRSQfsZYsUjwvqbZ2kZgs2HCOc9Pk\n4eERNgJdumd/9pgZVcOG5ek4cqxaXg==\n-----END PRIVATE KEY-----\n",
            "public_key_fingerprint_md5": "3c:db:6d:ae:ba:a2:74:48:61:ee:fc:e5:59:7d:42:fd",
            "public_key_fingerprint_sha256": "SHA256:zARKuF4DNd70wm+hqqZSa9Mm7RIxutnVIALZ9ACPGsE",
            "public_key_openssh": "ssh-rsa AAAAB3NzaC1yc2EAAAADAQABAAACAQDKMQaGqxhRHaAXY4pT8/dk8H55VENaJnjsvRrs6WPOV7kZw1M4QmtABWXdcntarUhyMRoyOSPHjjtOyrj6bMQjY8+ut6KHFrdXCj6xmC15bknK1KMCMbg9Ca/o0ZlMjjtIpBp/yNwgWvsLHkDIvFNuWy0A7Q1/WbK17GPQkX2ny0pIErnGbi1gEUMrOYTmAfU1u/xR6SflYu5rgw3L+HgiObgGmooNW5yyRJk1tGUbMtXWNkjOzVniH+GXLM9w+FirW2SDv/72vJn7e5zEKp+4Lz9p8dvgEOkCiJ8ouVvO7XPYyIUiX762WNjr0U+OV84dyOsqN8I2Axh7U45yx9/Nj1P41LYwXfwKSMcL3x71gowpK1pXeBLhg9riJuVJlmKfOHokbkJDXHtwPPICLgLh7MJRv2EFuTsLRykmPyMLQnCbgeFmq+HXNplmVyLAY682DYeyKqg2B4rhbvPDlYZ6hxM7NWwsU0al5RbqPDgCRd27KlRfrtyPIIxYkKiwFXipwYUqy23HRdlhZHNJxLwUqjUtdeEVtpp0HwVKPgSW83kYgVNc5zqVxbAdb7822SWS73UW7o7PtxJ1zmDew4LDy0RTDmgiWxLoFMdgglOUS5pN+VumygrzOM/3jXkLODLaQ/AbFZMmsDx0Ghi841EXsjRQlx1R1mLxTVE24U5T6Q==\n",
            "public_key_pem": "-----BEGIN PUBLIC KEY-----\nMIICIjANBgkqhkiG9w0BAQEFAAOCAg8AMIICCgKCAgEAyjEGhqsYUR2gF2OKU/P3\nZPB+eVRDWiZ47L0a7Oljzle5GcNTOEJrQAVl3XJ7Wq1IcjEaMjkjx447Tsq4+mzE\nI2PPrreihxa3Vwo+sZgteW5JytSjAjG4PQmv6NGZTI47SKQaf8jcIFr7Cx5AyLxT\nblstAO0Nf1mytexj0JF9p8tKSBK5xm4tYBFDKzmE5gH1Nbv8Uekn5WLua4MNy/h4\nIjm4BpqKDVucskSZNbRlGzLV1jZIzs1Z4h/hlyzPcPhYq1tkg7/+9ryZ+3ucxCqf\nuC8/afHb4BDpAoifKLlbzu1z2MiFIl++tljY69FPjlfOHcjrKjfCNgMYe1OOcsff\nzY9T+NS2MF38CkjHC98e9YKMKStaV3gS4YPa4iblSZZinzh6JG5CQ1x7cDzyAi4C\n4ezCUb9hBbk7C0cpJj8jC0Jwm4HhZqvh1zaZZlciwGOvNg2HsiqoNgeK4W7zw5WG\neocTOzVsLFNGpeUW6jw4AkXduypUX67cjyCMWJCosBV4qcGFKsttx0XZYWRzScS8\nFKo1LXXhFbaadB8FSj4ElvN5GIFTXOc6lcWwHW+/Ntklku91Fu6Oz7cSdc5g3sOC\nw8tEUw5oIlsS6BTHYIJTlEuaTflbpsoK8zjP9415Czgy2kPwGxWTJrA8dBoYvONR\nF7I0UJcdUdZi8U1RNuFOU+kCAwEAAQ==\n-----END PUBLIC KEY-----\n",
            "rsa_bits": 4096
          },
          "sensitive_attributes": []
        }
      ]
    }
  ],
  "check_results": null
}
