{
  "version": 4,
  "terraform_version": "1.5.0",
  "serial": 940,
  "lineage": "2bdfdec5-8c30-28c5-2bba-a5d893c95ad2",
  "outputs": {
    "tenant_faraday_credentials": {
      "value": {
        "password": "XkDN0RZxwYVMloDJ",
        "url": "faraday.demo.spm.openshield.io",
        "username": "faraday"
      },
      "type": [
        "object",
        {
          "password": "string",
          "url": "string",
          "username": "string"
        }
      ],
      "sensitive": true
    },
    "tenant_host": {
      "value": "157.180.88.232",
      "type": "string"
    },
    "tenant_name": {
      "value": "demo",
      "type": "string"
    },
    "tenant_ssh_private_key": {
      "value": "-----BEGIN RSA PRIVATE KEY-----\nMIIJKAIBAAKCAgEApw1YNcsGA1wedkKHarT9ll2AIgZTIFbasM2+zKmd/09OniNw\n39kscBjVjXP5JjeFuaSssdx7BeNDDsMiY1w7QpGpSps7/6yFl2wt8WboTQHCeHBs\nFcbZf5PXhIRS/T2le4UG7riKrvJqyeu1VYJfZvyOBfOCJSE6+dYnPE5GdrsXGxhU\nTEW01Q4ljc67tcADaIJhLJ14oEXzIEl7BrPmwuNgnmymfUwG57yAG+RJo6Ny2WKj\nZ9cFUU9Wxaa9bDG8r8vQQyKrcMiRjCy4nifcq414+vnAUMD+TpYdIEAIM0OgmSyh\nSjBeGrwJzWRyv63M8zaPy1B21JeBb65tsW2HmNUh8W47bxze9VTx3Lsacw3sxUED\n40jqGrdrpbz7nZ7DPre0jwpWvuefxtRFaw6i+IHY4KJAHKBVbnnac/Y+FFj5/bsl\nFLEPNx9j1TE46+fsx68omJYrAkaZjGXKUZbPt2mktLJTnWxlM9frDYRVU+Qh+kEe\ne2xVSQO8IIvYTFsKZqdhkynv7jbygpzRC5drGts5EH+TQCNvuCw98Ru99vOCjdha\nerDR9iHSfN3/OoqhLFeyGz1AUMUYzjtkgpyzYH6y5obzpYn8Vam2O5CknUms2ETA\ntWq3VRIWbKA2xHSl53ykYDIL6TbnKRcgxTNtPFS2eoL9tVDUN1Aa49cYJiECAwEA\nAQKCAgAC1DG1xv5vAwHHzUZ9aMtYzxRo9xgUJo5hYzmPfhGVMczONiHOo58KVqxS\nnve1lUf+Id8UC7yYV93yR30LB1RAU0bFcvmmEbAJNXl1cqF9UNngB+DXsVBsdfam\nyYYdgFxPmjwI4b6E+glTiiqd5CVdEUqvKH2QJwb4dT9AuN9d+jr44C2IxV8rorfB\ndhJVEIdqPxd5zcCdv7N/XOkwvs4KB7dSlXrQCUAeb2Fwv3ndA9sBegdz/ibalrQs\nqI9BgFnedP5Nzb3vHPFkiRsXAAwvSkf1wZIXd/4yet2rRrRQ2GzFPUWNs+IbFCs7\nE3/zNaRwa7CNkAs0HEzyhQbZ4+XBenmOXGWe48aWSXJVl0i8RdG9mIcDkNUnfhTK\n6sPZu9EQMX3kSTK7qwEtqPuKSoHjTrUALz/7Z6fEScElhdiu1IkeuO7RyW/QUKdz\nVE1Ar/tBpYN9bVQP3v0ltq/rUxq9QKPhufVbaSqvuGBL1PLH7aKvIYqHaNNMNZ1A\n1KnEo53kxhkt2LxJAGY2jbFSXRcl39+tTbtDOeeeA42/rWMo09bjgayvVuG3QcS8\nO19qJ700jCScVr60zqGYZb2IWq51Xp170fEpbqyK0Vj9Z4yxcm0NFnGOJrVlg/iN\nmm/SsU/C1oiegAhVuN7dB0e+9x3BR/E9hJ3z7I6SY3LPtTaHAQKCAQEAwms/RC3I\nFJZx1mw//W03N0TDpvVQkCQVA9yKKLoIBYntBGReIirMnxI5wbw6jaDbPxMjjGTb\nLYCoJDApE3mu2igJeFg+qQDPo/BxZ1wX36TYD6YXcjyS0m4svw8SM7IEiKkHrRcq\noRNjih6U8LLr57zNPuxfFdauWhkdHawMLHn7sv1lzw3DNLBmwrcnUGjDRJqxwu5g\nYy+H1L8EUo66pByUCIfjVTtRdSR2R7A8VPKN1FaXqoBAZZ7WFyOJMmzMWkP7J0Im\nwxfWod6QrgrkZfBgFu3nRTORmBJhQaQgDPIYxK7zw0lFnxwenCaV5XFpDFO3qXDf\nZ6TBzzgzTP0TgQKCAQEA2/cEwTuPyZb4WXUCgs8639Yz+Fi9ogQn7it5KPZBsnit\nzAhulx2h7T5DfrPbnvfrygST7NS3yyq2U7g2gIMa5TwIDreBj8vpzbWuq0tdXvQh\nU+e5c4PR7G44mvraHiU+MBYTNxIBrJMpmhMQyoH7eaMmaU+4Sinh+WnvdBb8+5Bt\nuXsDAOu3BqYsMY2/N65uBBab4qzBYRtX/e93nhnzM9sEvVbc1OS8d0gVhuRYWgQS\n6BDh0hZk+swYccZhYiFQUqihbrhJJA9jY93Hn43UQQ6R/IOBUOJNA95Is3Y5vzzc\n4UmJwBhRObBkn+haJ4pyMooSExDP+AkjHvLx0DfioQKCAQEAkyHQvksbWSFFw20m\nvCa0G7qJiseqEXuM/+AeGpY2zeJEogdHCfpz4opLdWd6tIYghkp4o54MFRKBrOlZ\nnKiBAA4+pHm76fB4M2walosmchTxgl5C7iwTPPcuG+VO9BprvfSVn5OhqkbfFL7y\nHnp5d2X1ugHuL7vJNNw+oZ77k4k5R4rnSlvy9+Pr0L4FHaA67qdXkdsOzOFCnWl1\n3vivHNWX3iDglTcP/WP7s2MXNX5egWyK2Pi4Q2+CO/6jrKqTuFgsMNiqNwjKYLPr\nsBsEIHVact/WHxPYwkpemeuYadOplOeGCKth6fjA3ZGB7SL3yeFtY+jM2UXhem3g\nvQnlgQKCAQBU0JyevY6l1naQV9POCIXVBU0ot173d87FwTGIn9uZK3soLyAlWKG1\nTsrLsiI+262pSbaYHTV5O1DuWxt41hSqy0j4E737ak8OqL1fA0JPeKbZKYKSjgOF\nvMJKz+sGsKmX9QsXsvO+TUg/Rpa03wXOUyBefwS6ZAfkGfrgsnR9s6T7Xfk8g6ch\nAzYLLXLLz5BQNz+IWcB+5wI4wftHlQ33sr3THAkudbxN6heS2b1PiD6aCNhqH4R0\nR/os9KdcJShJlwgYHyrkoqJaQYvVc+Sh6TJVQYe9XmT/1tgFitKdcKRioe5hiX7Y\nVbGXDwqkMHf0ENUDUPo/05YdOuQOu13BAoIBAGdNd5qsT7qn5S+kTvI2aucaVEkj\noSPoWl5+WVhUH5U2uKVo5EjBAxtGlwO57xrz68k3uoSfzWampdxw2URhETDChFki\n+/z1E2VPV4qaEw3upiE7QSHCp5I1HRADKKxLQUwNAtI1F+HaKGvGoHhH2P/ZVPuX\nXvoYXft2YjW9rz17hto8v74prPPVWCdQH1QSut/UymLb2zm7ihGKhfwfcMsIucyj\n08HLTKjOUyiGvSELPUQtk9e8nRm/QIXaNY0f6R0Dhe3mwgv2BTTyr/mNTjt2ebSR\nV2Z0cazBQF5gf/lEq7ZSP4qWPQdGI5K0L2FX/8WxcKvMKKwcRCvZyP4qljQ=\n-----END RSA PRIVATE KEY-----\n",
      "type": "string",
      "sensitive": true
    },
    "tenant_ssh_public_key": {
      "value": "ssh-rsa AAAAB3NzaC1yc2EAAAADAQABAAACAQCnDVg1ywYDXB52QodqtP2WXYAiBlMgVtqwzb7MqZ3/T06eI3Df2SxwGNWNc/kmN4W5pKyx3HsF40MOwyJjXDtCkalKmzv/rIWXbC3xZuhNAcJ4cGwVxtl/k9eEhFL9PaV7hQbuuIqu8mrJ67VVgl9m/I4F84IlITr51ic8TkZ2uxcbGFRMRbTVDiWNzru1wANogmEsnXigRfMgSXsGs+bC42CebKZ9TAbnvIAb5Emjo3LZYqNn1wVRT1bFpr1sMbyvy9BDIqtwyJGMLLieJ9yrjXj6+cBQwP5Olh0gQAgzQ6CZLKFKMF4avAnNZHK/rczzNo/LUHbUl4Fvrm2xbYeY1SHxbjtvHN71VPHcuxpzDezFQQPjSOoat2ulvPudnsM+t7SPCla+55/G1EVrDqL4gdjgokAcoFVuedpz9j4UWPn9uyUUsQ83H2PVMTjr5+zHryiYlisCRpmMZcpRls+3aaS0slOdbGUz1+sNhFVT5CH6QR57bFVJA7wgi9hMWwpmp2GTKe/uNvKCnNELl2sa2zkQf5NAI2+4LD3xG73284KN2Fp6sNH2IdJ83f86iqEsV7IbPUBQxRjOO2SCnLNgfrLmhvOlifxVqbY7kKSdSazYRMC1ardVEhZsoDbEdKXnfKRgMgvpNucpFyDFM208VLZ6gv21UNQ3UBrj1xgmIQ==\n",
      "type": "string"
    }
  },
  "resources": [
    {
      "module": "module.dns",
      "mode": "data",
      "type": "cloudflare_zone",
      "name": "openshield",
      "provider": "module.dns.provider[\"registry.terraform.io/cloudflare/cloudflare\"]",
      "instances": [
        {
          "schema_version": 0,
          "attributes": {
            "account": {
              "id": "bca3124de7c86d659a959f06cb35043d",
              "name": "Cloudflare@cyberdef.cc's Account"
            },
            "activated_on": "2025-04-21T11:29:39Z",
            "cname_suffix": null,
            "created_on": "2025-04-21T11:00:21Z",
            "development_mode": 0,
            "filter": {
              "account": null,
              "direction": null,
              "match": null,
              "name": "openshield.io",
              "order": null,
              "status": null
            },
            "id": null,
            "meta": {
              "cdn_only": null,
              "custom_certificate_quota": 0,
              "dns_only": null,
              "foundation_dns": null,
              "page_rule_quota": 3,
              "phishing_detected": false,
              "step": 2
            },
            "modified_on": "2025-04-21T11:29:39Z",
            "name": "openshield.io",
            "name_servers": [
              "kiki.ns.cloudflare.com",
              "lloyd.ns.cloudflare.com"
            ],
            "original_dnshost": null,
            "original_name_servers": [
              "dns1.registrar-servers.com",
              "dns2.registrar-servers.com"
            ],
            "original_registrar": "namecheap, inc. (id: 1068)",
            "owner": {
              "id": null,
              "name": null,
              "type": "user"
            },
            "paused": false,
            "permissions": [
              "#dns_records:edit",
              "#dns_records:read",
              "#zone:read"
            ],
            "plan": {
              "can_subscribe": false,
              "currency": "USD",
              "externally_managed": false,
              "frequency": "",
              "id": "0feeeeeeeeeeeeeeeeeeeeeeeeeeeeee",
              "is_subscribed": false,
              "legacy_discount": false,
              "legacy_id": "free",
              "name": "Free Website",
              "price": 0
            },
            "status": "active",
            "tenant": {
              "id": null,
              "name": null
            },
            "tenant_unit": {
              "id": null
            },
            "type": "full",
            "vanity_name_servers": [],
            "verification_key": null,
            "zone_id": "f92c4f6137dffe0e40aa658cc70e3fa8"
          },
          "sensitive_attributes": []
        }
      ]
    },
    {
      "module": "module.dns",
      "mode": "managed",
      "type": "cloudflare_dns_record",
      "name": "faraday",
      "provider": "module.dns.provider[\"registry.terraform.io/cloudflare/cloudflare\"]",
      "instances": [
        {
          "schema_version": 0,
          "attributes": {
            "comment": null,
            "comment_modified_on": null,
            "content": "157.180.88.232",
            "created_on": "2025-10-21T12:49:24Z",
            "data": null,
            "id": "d1a890f8cd52262b72eb34f8d8a4b8ce",
            "meta": "{}",
            "modified_on": "2025-10-21T12:49:24Z",
            "name": "faraday.demo.spm.openshield.io",
            "priority": null,
            "proxiable": true,
            "proxied": false,
            "settings": {
              "flatten_cname": null,
              "ipv4_only": null,
              "ipv6_only": null
            },
            "tags": [],
            "tags_modified_on": null,
            "ttl": 3600,
            "type": "A",
            "zone_id": "f92c4f6137dffe0e40aa658cc70e3fa8"
          },
          "sensitive_attributes": [],
          "dependencies": [
            "module.dns.data.cloudflare_zone.openshield",
            "module.infrastructure.data.hcloud_server_type.selected",
            "module.infrastructure.data.hcloud_server_types.all",
            "module.infrastructure.hcloud_server.tenant_server",
            "module.infrastructure.hcloud_ssh_key.ssh_key",
            "module.infrastructure.tls_private_key.ssh_key"
          ]
        }
      ]
    },
    {
      "module": "module.faraday",
      "mode": "managed",
      "type": "local_file",
      "name": "configure_faraday_nginx_sh",
      "provider": "provider[\"registry.terraform.io/hashicorp/local\"]",
      "instances": [
        {
          "schema_version": 0,
          "attributes": {
            "content": "#!/usr/bin/env bash\n\necho \"Configuring Nginx for Faraday...\"\n\n# Request LetsEncrypt certificate for the domain\nsudo certbot certonly --nginx -d faraday.demo.spm.openshield.io --non-interactive --agree-tos -m certbot@cyberdef.cc --redirect | sudo tee /tmp/faraday/certbot.log 2\u003e\u00261\n\n# Extract certificate and key paths\nCERT_PATH=$(grep -iE 'certificate is saved at:' /tmp/faraday/certbot.log | awk '{print $5}')\nKEY_PATH=$(grep -iE 'key is saved at:' /tmp/faraday/certbot.log | awk '{print $5}')\nif [ -z \"$CERT_PATH\" ] || [ -z \"$KEY_PATH\" ]; then\n    echo \"Failed to obtain SSL certificate. Check certbot log at /tmp/faraday/certbot.log\"\n    exit 1\nfi\n\n# Generate Nginx configuration for Faraday\necho y | sudo faraday-manage generate-nginx-config --fqdn faraday.demo.spm.openshield.io --port 5985 --ws-port 9000 --ssl-certificate $CERT_PATH --ssl-key $KEY_PATH | awk 'BEGIN{p=0} /^.*NGINX Config$/{getline; getline; p=1} p{print}' | sudo tee /tmp/faraday/faraday.conf 2\u003e\u00261\n\n# Move the generated config to Nginx sites-available\nsudo mv /tmp/faraday/faraday.conf /etc/nginx/sites-available/faraday.conf\nsudo ln -sf /etc/nginx/sites-available/faraday.conf /etc/nginx/sites-enabled/faraday.conf\n\n# Test Nginx configuration\nsudo nginx -t\nif [ $? -ne 0 ]; then\n    echo \"Nginx configuration test failed. Please check the configuration file.\"\n    exit 1\nfi\n\n# Wait until no jobs for systemd-sysctl remain\nwhile systemctl list-jobs | grep -q systemd-sysctl; do sleep 1; done\n\n# Reload Nginx to apply the new configuration\nsudo systemctl reload nginx",
            "content_base64": null,
            "content_base64sha256": "hjGdmIUS0GSN29r3oaQWq7QrxkL6CFai3pCZiI3ssBA=",
            "content_base64sha512": "RNaxqn8ehsXuo4XaUU94tR/tXSk1aW6iufDU95Mw12r7LF6H0+n6cLUTAVXObARgguU2zLt+XD1QlDofuairGA==",
            "content_md5": "cdf11946869aaec973ca766ebc41dee1",
            "content_sha1": "fde9cfb40c89ca4340d3e08bf2ae284a679710ae",
            "content_sha256": "86319d988512d0648ddbdaf7a1a416abb42bc642fa0856a2de9099888decb010",
            "content_sha512": "44d6b1aa7f1e86c5eea385da514f78b51fed5d2935696ea2b9f0d4f79330d76afb2c5e87d3e9fa70b5130155ce6c046082e536ccbb7e5c3d50943a1fb9a8ab18",
            "directory_permission": "0777",
            "file_permission": "0777",
            "filename": "modules/faraday/_rendered/configure-faraday-nginx.sh",
            "id": "fde9cfb40c89ca4340d3e08bf2ae284a679710ae",
            "sensitive_content": null,
            "source": null
          },
          "sensitive_attributes": [],
          "dependencies": [
            "module.dns.cloudflare_dns_record.faraday"
          ]
        }
      ]
    },
    {
      "module": "module.faraday",
      "mode": "managed",
      "type": "local_file",
      "name": "configure_faraday_sh",
      "provider": "provider[\"registry.terraform.io/hashicorp/local\"]",
      "instances": [
        {
          "schema_version": 0,
          "attributes": {
            "content": "# !/bin/bash\n\n# Install faraday-cli\nsudo pip3 install faraday-cli\n\n# Authenticate faraday-cli\nfaraday-cli auth -u faraday -p XkDN0RZxwYVMloDJ -f https://faraday.demo.spm.openshield.io\n\n# Create a default workspace\nfaraday-cli workspace create default",
            "content_base64": null,
            "content_base64sha256": "uTopwvcTKckFteuvRlxKerxHqRcHFE/Zu6Jt42S7aok=",
            "content_base64sha512": "K9iwnxzUKvFaUkShuynbRVqwpiW9ZV5StLiuicHL30gvAaljQQ9hGZTYn/HF9o6QX6c0E0QXqCcbdqHsl14CCQ==",
            "content_md5": "222412b385dcab3caf5be7f55669c875",
            "content_sha1": "13fd7b4f4c898a34b1571020dac4b5016fdc161d",
            "content_sha256": "b93a29c2f71329c905b5ebaf465c4a7abc47a91707144fd9bba26de364bb6a89",
            "content_sha512": "2bd8b09f1cd42af15a5244a1bb29db455ab0a625bd655e52b4b8ae89c1cbdf482f01a963410f611994d89ff1c5f68e905fa734134417a8271b76a1ec975e0209",
            "directory_permission": "0777",
            "file_permission": "0777",
            "filename": "modules/faraday/_rendered/configure-faraday.sh",
            "id": "13fd7b4f4c898a34b1571020dac4b5016fdc161d",
            "sensitive_content": null,
            "source": null
          },
          "sensitive_attributes": [
            [
              {
                "type": "get_attr",
                "value": "content"
              }
            ]
          ],
          "dependencies": [
            "module.dns.cloudflare_dns_record.faraday",
            "module.faraday.random_password.faraday_password"
          ]
        }
      ]
    },
    {
      "module": "module.faraday",
      "mode": "managed",
      "type": "local_file",
      "name": "install_faraday_sh",
      "provider": "provider[\"registry.terraform.io/hashicorp/local\"]",
      "instances": [
        {
          "schema_version": 0,
          "attributes": {
            "content": "# !/bin/bash\n\n# A helper script to install Faraday on an Ubuntu server.\n# OS: Ubuntu 20.04 or later\n# Usage: ./install-faraday.sh \u003cVERSION|latest\u003e\n# Example: ./install-faraday.sh latest\n#\n# Author: YordanOpenShield\n\necho \"Starting Faraday installation...\"\n\n# Create necessary directories\nsudo mkdir -p /tmp/faraday\ncd /tmp/faraday\n\n# Get latest version tag\nVERSION=latest\nif [ -z \"$VERSION\" ] || [ \"$VERSION\" = \"latest\" ]; then\n  echo \"Fetching latest Faraday release from GitHub...\"\n  # prefer jq if available\n  if command -v jq \u003e/dev/null 2\u003e\u00261; then\n    VERSION=$(curl -s https://api.github.com/repos/infobyte/faraday/releases/latest | jq -r .tag_name)\n  else\n    VERSION=$(curl -s https://api.github.com/repos/infobyte/faraday/releases/latest | grep -oP '\"tag_name\":\\s*\"\\K(.*)(?=\")' || true)\n  fi\n\n  if [ -z \"$VERSION\" ]; then\n    echo \"Failed to determine latest Faraday version.\"\n    exit 1\n  fi\n  echo \"Latest version is $VERSION\"\nfi\n\n# Download Faraday\nsudo wget https://github.com/infobyte/faraday/releases/download/$VERSION/faraday-server_amd64.deb\n\n# Wait until no jobs for systemd-sysctl remain\nwhile systemctl list-jobs | grep -q systemd-sysctl; do sleep 1; done\n\n# Make sure dependencies are installed\nsudo apt-get install -y postgresql redis python3 python3-pip\n\n# Wait until no jobs for systemd-sysctl remain\nwhile systemctl list-jobs | grep -q systemd-sysctl; do sleep 1; done\n\n# Install Faraday\nsudo apt install -f /tmp/faraday/faraday-server_amd64.deb -y\n\n# Add current user to faraday group\nsudo usermod -aG faraday $(whoami)\n\n# Initialize Faraday database\nsudo faraday-manage initdb\n\n# Change faraday's admin password\nsudo faraday-manage change-password --username faraday --password XkDN0RZxwYVMloDJ\n\n# Wait until no jobs for systemd-sysctl remain\nwhile systemctl list-jobs | grep -q systemd-sysctl; do sleep 1; done\n\n# Reload systemd to recognize Faraday services\nsudo systemctl daemon-reload\n\n# Start and enable Faraday services\nsudo systemctl start faraday-server\nsudo systemctl enable faraday-server\n\nsudo systemctl start faraday-worker\nsudo systemctl enable faraday-worker\n\n# Make sure Faraday is running\nif systemctl is-active --quiet faraday-server; then\n    echo \"Faraday server is running.\"\nelse\n    echo \"Faraday server failed to start.\"\n    exit 1\nfi",
            "content_base64": null,
            "content_base64sha256": "2jpebtDHKvEcjtxZqlCeExXvwSvqPfjoGhFYNSuYCK4=",
            "content_base64sha512": "cRleLTTF/KL+6R4w3ULm1/m0ZcDqLf6kLmrgpkiuPJsAiKh0do+ypqTRCcAglTdLQsREefpsPmi08Yh7z+gjcA==",
            "content_md5": "8ebf04f4d68164c16360e76da22300fd",
            "content_sha1": "fdc7f16f4c23dca3c41ee3b8193ec2d5c229a1e2",
            "content_sha256": "da3a5e6ed0c72af11c8edc59aa509e1315efc12bea3df8e81a1158352b9808ae",
            "content_sha512": "71195e2d34c5fca2fee91e30dd42e6d7f9b465c0ea2dfea42e6ae0a648ae3c9b0088a874768fb2a6a4d109c02095374b42c44479fa6c3e68b4f1887bcfe82370",
            "directory_permission": "0777",
            "file_permission": "0777",
            "filename": "modules/faraday/_rendered/install-faraday.sh",
            "id": "fdc7f16f4c23dca3c41ee3b8193ec2d5c229a1e2",
            "sensitive_content": null,
            "source": null
          },
          "sensitive_attributes": [
            [
              {
                "type": "get_attr",
                "value": "content"
              }
            ]
          ],
          "dependencies": [
            "module.faraday.random_password.faraday_password"
          ]
        }
      ]
    },
    {
      "module": "module.faraday",
      "mode": "managed",
      "type": "local_file",
      "name": "install_nginx_sh",
      "provider": "provider[\"registry.terraform.io/hashicorp/local\"]",
      "instances": [
        {
          "schema_version": 0,
          "attributes": {
            "content": "# !/bin/bash\n\necho \"Starting Nginx installation...\"\n\n# Wait until no jobs for systemd-sysctl remain\nwhile systemctl list-jobs | grep -q systemd-sysctl; do sleep 1; done\n\n# Install Nginx\nsudo apt install -y nginx\nsudo systemctl start nginx\nsudo systemctl enable nginx\n\n# Wait until no jobs for systemd-sysctl remain\nwhile systemctl list-jobs | grep -q systemd-sysctl; do sleep 1; done\n\n# Install certbot\nsudo apt install -y certbot python3-certbot-nginx",
            "content_base64": null,
            "content_base64sha256": "o6M6E7f0GIFj17QSTBRg6H8CxKUVKGDfnV/Zs8cw7vA=",
            "content_base64sha512": "Ry6u5/w2JzEtqDd7A+byWE8n+B5CjDjXXJq+DQjoDBqIe51NiOR0+cRpYIX+hiXD6rI9K+orE2osTPmlta54TA==",
            "content_md5": "749c7b5e3697f2eda1194d4b79b5c712",
            "content_sha1": "7ce42c69fb86bddc72d39016c03f879316ec15b2",
            "content_sha256": "a3a33a13b7f4188163d7b4124c1460e87f02c4a5152860df9d5fd9b3c730eef0",
            "content_sha512": "472eaee7fc3627312da8377b03e6f2584f27f81e428c38d75c9abe0d08e80c1a887b9d4d88e474f9c4696085fe8625c3eab23d2bea2b136a2c4cf9a5b5ae784c",
            "directory_permission": "0777",
            "file_permission": "0777",
            "filename": "modules/faraday/_rendered/install-nginx.sh",
            "id": "7ce42c69fb86bddc72d39016c03f879316ec15b2",
            "sensitive_content": null,
            "source": null
          },
          "sensitive_attributes": []
        }
      ]
    },
    {
      "module": "module.faraday",
      "mode": "managed",
      "type": "null_resource",
      "name": "provision_faraday_scripts",
      "provider": "provider[\"registry.terraform.io/hashicorp/null\"]",
      "instances": [
        {
          "status": "tainted",
          "schema_version": 0,
          "attributes": {
            "id": "1315201547039917597",
            "triggers": {
              "always_run": "2025-10-21T13:02:52Z"
            }
          },
          "sensitive_attributes": [],
          "dependencies": [
            "module.dns.cloudflare_dns_record.faraday",
            "module.faraday.local_file.configure_faraday_nginx_sh",
            "module.faraday.local_file.install_faraday_sh",
            "module.faraday.local_file.install_nginx_sh",
            "module.faraday.random_password.faraday_password",
            "module.infrastructure.tls_private_key.ssh_key"
          ]
        }
      ]
    },
    {
      "module": "module.faraday",
      "mode": "managed",
      "type": "random_password",
      "name": "faraday_password",
      "provider": "provider[\"registry.terraform.io/hashicorp/random\"]",
      "instances": [
        {
          "schema_version": 3,
          "attributes": {
            "bcrypt_hash": "$2a$10$AmK8PfJuPH5xjuXinZojhe1GWEMQEfbT7T53zTwBzzC2.WnmvA3xW",
            "id": "none",
            "keepers": null,
            "length": 16,
            "lower": true,
            "min_lower": 0,
            "min_numeric": 0,
            "min_special": 0,
            "min_upper": 0,
            "number": true,
            "numeric": true,
            "override_special": "_%@",
            "result": "XkDN0RZxwYVMloDJ",
            "special": true,
            "upper": true
          },
          "sensitive_attributes": []
        }
      ]
    },
    {
      "module": "module.infrastructure",
      "mode": "data",
      "type": "hcloud_server_type",
      "name": "selected",
      "provider": "module.infrastructure.provider[\"registry.terraform.io/hetznercloud/hcloud\"]",
      "instances": [
        {
          "index_key": "cpx21",
          "schema_version": 0,
          "attributes": {
            "architecture": "x86",
            "category": "regular_purpose",
            "cores": 3,
            "cpu_type": "shared",
            "deprecation_announced": "",
            "description": "CPX 21",
            "disk": 80,
            "id": 23,
            "included_traffic": 0,
            "is_deprecated": false,
            "locations": [
              {
                "deprecation_announced": "2025-10-16T06:00:00Z",
                "id": 1,
                "is_deprecated": true,
                "name": "fsn1",
                "unavailable_after": "2025-12-31T23:59:59Z"
              },
              {
                "deprecation_announced": "2025-10-16T06:00:00Z",
                "id": 2,
                "is_deprecated": true,
                "name": "nbg1",
                "unavailable_after": "2025-12-31T23:59:59Z"
              },
              {
                "deprecation_announced": "2025-10-16T06:00:00Z",
                "id": 3,
                "is_deprecated": true,
                "name": "hel1",
                "unavailable_after": "2025-12-31T23:59:59Z"
              },
              {
                "deprecation_announced": "",
                "id": 4,
                "is_deprecated": false,
                "name": "ash",
                "unavailable_after": ""
              },
              {
                "deprecation_announced": "",
                "id": 5,
                "is_deprecated": false,
                "name": "hil",
                "unavailable_after": ""
              },
              {
                "deprecation_announced": "2025-10-16T06:00:00Z",
                "id": 6,
                "is_deprecated": true,
                "name": "sin",
                "unavailable_after": "2025-12-31T23:59:59Z"
              }
            ],
            "memory": 4,
            "name": "cpx21",
            "storage_type": "local",
            "unavailable_after": ""
          },
          "sensitive_attributes": []
        },
        {
          "index_key": "cpx22",
          "schema_version": 0,
          "attributes": {
            "architecture": "x86",
            "category": "regular_purpose",
            "cores": 2,
            "cpu_type": "shared",
            "deprecation_announced": "",
            "description": "CPX 22",
            "disk": 80,
            "id": 109,
            "included_traffic": 0,
            "is_deprecated": false,
            "locations": [
              {
                "deprecation_announced": "",
                "id": 1,
                "is_deprecated": false,
                "name": "fsn1",
                "unavailable_after": ""
              },
              {
                "deprecation_announced": "",
                "id": 2,
                "is_deprecated": false,
                "name": "nbg1",
                "unavailable_after": ""
              },
              {
                "deprecation_announced": "",
                "id": 3,
                "is_deprecated": false,
                "name": "hel1",
                "unavailable_after": ""
              },
              {
                "deprecation_announced": "",
                "id": 6,
                "is_deprecated": false,
                "name": "sin",
                "unavailable_after": ""
              }
            ],
            "memory": 4,
            "name": "cpx22",
            "storage_type": "local",
            "unavailable_after": ""
          },
          "sensitive_attributes": []
        },
        {
          "index_key": "cpx31",
          "schema_version": 0,
          "attributes": {
            "architecture": "x86",
            "category": "regular_purpose",
            "cores": 4,
            "cpu_type": "shared",
            "deprecation_announced": "",
            "description": "CPX 31",
            "disk": 160,
            "id": 24,
            "included_traffic": 0,
            "is_deprecated": false,
            "locations": [
              {
                "deprecation_announced": "2025-10-16T06:00:00Z",
                "id": 1,
                "is_deprecated": true,
                "name": "fsn1",
                "unavailable_after": "2025-12-31T23:59:59Z"
              },
              {
                "deprecation_announced": "2025-10-16T06:00:00Z",
                "id": 2,
                "is_deprecated": true,
                "name": "nbg1",
                "unavailable_after": "2025-12-31T23:59:59Z"
              },
              {
                "deprecation_announced": "2025-10-16T06:00:00Z",
                "id": 3,
                "is_deprecated": true,
                "name": "hel1",
                "unavailable_after": "2025-12-31T23:59:59Z"
              },
              {
                "deprecation_announced": "",
                "id": 4,
                "is_deprecated": false,
                "name": "ash",
                "unavailable_after": ""
              },
              {
                "deprecation_announced": "",
                "id": 5,
                "is_deprecated": false,
                "name": "hil",
                "unavailable_after": ""
              },
              {
                "deprecation_announced": "2025-10-16T06:00:00Z",
                "id": 6,
                "is_deprecated": true,
                "name": "sin",
                "unavailable_after": "2025-12-31T23:59:59Z"
              }
            ],
            "memory": 8,
            "name": "cpx31",
            "storage_type": "local",
            "unavailable_after": ""
          },
          "sensitive_attributes": []
        },
        {
          "index_key": "cpx32",
          "schema_version": 0,
          "attributes": {
            "architecture": "x86",
            "category": "regular_purpose",
            "cores": 4,
            "cpu_type": "shared",
            "deprecation_announced": "",
            "description": "CPX 32",
            "disk": 160,
            "id": 110,
            "included_traffic": 0,
            "is_deprecated": false,
            "locations": [
              {
                "deprecation_announced": "",
                "id": 1,
                "is_deprecated": false,
                "name": "fsn1",
                "unavailable_after": ""
              },
              {
                "deprecation_announced": "",
                "id": 2,
                "is_deprecated": false,
                "name": "nbg1",
                "unavailable_after": ""
              },
              {
                "deprecation_announced": "",
                "id": 3,
                "is_deprecated": false,
                "name": "hel1",
                "unavailable_after": ""
              },
              {
                "deprecation_announced": "",
                "id": 6,
                "is_deprecated": false,
                "name": "sin",
                "unavailable_after": ""
              }
            ],
            "memory": 8,
            "name": "cpx32",
            "storage_type": "local",
            "unavailable_after": ""
          },
          "sensitive_attributes": []
        },
        {
          "index_key": "cpx41",
          "schema_version": 0,
          "attributes": {
            "architecture": "x86",
            "category": "regular_purpose",
            "cores": 8,
            "cpu_type": "shared",
            "deprecation_announced": "",
            "description": "CPX 41",
            "disk": 240,
            "id": 25,
            "included_traffic": 0,
            "is_deprecated": false,
            "locations": [
              {
                "deprecation_announced": "2025-10-16T06:00:00Z",
                "id": 1,
                "is_deprecated": true,
                "name": "fsn1",
                "unavailable_after": "2025-12-31T23:59:59Z"
              },
              {
                "deprecation_announced": "2025-10-16T06:00:00Z",
                "id": 2,
                "is_deprecated": true,
                "name": "nbg1",
                "unavailable_after": "2025-12-31T23:59:59Z"
              },
              {
                "deprecation_announced": "2025-10-16T06:00:00Z",
                "id": 3,
                "is_deprecated": true,
                "name": "hel1",
                "unavailable_after": "2025-12-31T23:59:59Z"
              },
              {
                "deprecation_announced": "",
                "id": 4,
                "is_deprecated": false,
                "name": "ash",
                "unavailable_after": ""
              },
              {
                "deprecation_announced": "",
                "id": 5,
                "is_deprecated": false,
                "name": "hil",
                "unavailable_after": ""
              },
              {
                "deprecation_announced": "2025-10-16T06:00:00Z",
                "id": 6,
                "is_deprecated": true,
                "name": "sin",
                "unavailable_after": "2025-12-31T23:59:59Z"
              }
            ],
            "memory": 16,
            "name": "cpx41",
            "storage_type": "local",
            "unavailable_after": ""
          },
          "sensitive_attributes": []
        },
        {
          "index_key": "cpx42",
          "schema_version": 0,
          "attributes": {
            "architecture": "x86",
            "category": "regular_purpose",
            "cores": 8,
            "cpu_type": "shared",
            "deprecation_announced": "",
            "description": "CPX 42",
            "disk": 320,
            "id": 111,
            "included_traffic": 0,
            "is_deprecated": false,
            "locations": [
              {
                "deprecation_announced": "",
                "id": 1,
                "is_deprecated": false,
                "name": "fsn1",
                "unavailable_after": ""
              },
              {
                "deprecation_announced": "",
                "id": 2,
                "is_deprecated": false,
                "name": "nbg1",
                "unavailable_after": ""
              },
              {
                "deprecation_announced": "",
                "id": 3,
                "is_deprecated": false,
                "name": "hel1",
                "unavailable_after": ""
              },
              {
                "deprecation_announced": "",
                "id": 6,
                "is_deprecated": false,
                "name": "sin",
                "unavailable_after": ""
              }
            ],
            "memory": 16,
            "name": "cpx42",
            "storage_type": "local",
            "unavailable_after": ""
          },
          "sensitive_attributes": []
        },
        {
          "index_key": "cpx51",
          "schema_version": 0,
          "attributes": {
            "architecture": "x86",
            "category": "regular_purpose",
            "cores": 16,
            "cpu_type": "shared",
            "deprecation_announced": "",
            "description": "CPX 51",
            "disk": 360,
            "id": 26,
            "included_traffic": 0,
            "is_deprecated": false,
            "locations": [
              {
                "deprecation_announced": "2025-10-16T06:00:00Z",
                "id": 1,
                "is_deprecated": true,
                "name": "fsn1",
                "unavailable_after": "2025-12-31T23:59:59Z"
              },
              {
                "deprecation_announced": "2025-10-16T06:00:00Z",
                "id": 2,
                "is_deprecated": true,
                "name": "nbg1",
                "unavailable_after": "2025-12-31T23:59:59Z"
              },
              {
                "deprecation_announced": "2025-10-16T06:00:00Z",
                "id": 3,
                "is_deprecated": true,
                "name": "hel1",
                "unavailable_after": "2025-12-31T23:59:59Z"
              },
              {
                "deprecation_announced": "",
                "id": 4,
                "is_deprecated": false,
                "name": "ash",
                "unavailable_after": ""
              },
              {
                "deprecation_announced": "",
                "id": 5,
                "is_deprecated": false,
                "name": "hil",
                "unavailable_after": ""
              },
              {
                "deprecation_announced": "2025-10-16T06:00:00Z",
                "id": 6,
                "is_deprecated": true,
                "name": "sin",
                "unavailable_after": "2025-12-31T23:59:59Z"
              }
            ],
            "memory": 32,
            "name": "cpx51",
            "storage_type": "local",
            "unavailable_after": ""
          },
          "sensitive_attributes": []
        },
        {
          "index_key": "cpx52",
          "schema_version": 0,
          "attributes": {
            "architecture": "x86",
            "category": "regular_purpose",
            "cores": 12,
            "cpu_type": "shared",
            "deprecation_announced": "",
            "description": "CPX 52",
            "disk": 480,
            "id": 112,
            "included_traffic": 0,
            "is_deprecated": false,
            "locations": [
              {
                "deprecation_announced": "",
                "id": 1,
                "is_deprecated": false,
                "name": "fsn1",
                "unavailable_after": ""
              },
              {
                "deprecation_announced": "",
                "id": 2,
                "is_deprecated": false,
                "name": "nbg1",
                "unavailable_after": ""
              },
              {
                "deprecation_announced": "",
                "id": 3,
                "is_deprecated": false,
                "name": "hel1",
                "unavailable_after": ""
              },
              {
                "deprecation_announced": "",
                "id": 6,
                "is_deprecated": false,
                "name": "sin",
                "unavailable_after": ""
              }
            ],
            "memory": 24,
            "name": "cpx52",
            "storage_type": "local",
            "unavailable_after": ""
          },
          "sensitive_attributes": []
        },
        {
          "index_key": "cpx62",
          "schema_version": 0,
          "attributes": {
            "architecture": "x86",
            "category": "regular_purpose",
            "cores": 16,
            "cpu_type": "shared",
            "deprecation_announced": "",
            "description": "CPX 62",
            "disk": 640,
            "id": 113,
            "included_traffic": 0,
            "is_deprecated": false,
            "locations": [
              {
                "deprecation_announced": "",
                "id": 1,
                "is_deprecated": false,
                "name": "fsn1",
                "unavailable_after": ""
              },
              {
                "deprecation_announced": "",
                "id": 2,
                "is_deprecated": false,
                "name": "nbg1",
                "unavailable_after": ""
              },
              {
                "deprecation_announced": "",
                "id": 3,
                "is_deprecated": false,
                "name": "hel1",
                "unavailable_after": ""
              },
              {
                "deprecation_announced": "",
                "id": 6,
                "is_deprecated": false,
                "name": "sin",
                "unavailable_after": ""
              }
            ],
            "memory": 32,
            "name": "cpx62",
            "storage_type": "local",
            "unavailable_after": ""
          },
          "sensitive_attributes": []
        },
        {
          "index_key": "cx22",
          "schema_version": 0,
          "attributes": {
            "architecture": "x86",
            "category": "cost_optimized",
            "cores": 2,
            "cpu_type": "shared",
            "deprecation_announced": "2025-10-16T06:00:00Z",
            "description": "CX22",
            "disk": 40,
            "id": 104,
            "included_traffic": 0,
            "is_deprecated": true,
            "locations": [
              {
                "deprecation_announced": "2025-10-16T06:00:00Z",
                "id": 1,
                "is_deprecated": true,
                "name": "fsn1",
                "unavailable_after": "2025-12-31T23:59:59Z"
              },
              {
                "deprecation_announced": "2025-10-16T06:00:00Z",
                "id": 2,
                "is_deprecated": true,
                "name": "nbg1",
                "unavailable_after": "2025-12-31T23:59:59Z"
              },
              {
                "deprecation_announced": "2025-10-16T06:00:00Z",
                "id": 3,
                "is_deprecated": true,
                "name": "hel1",
                "unavailable_after": "2025-12-31T23:59:59Z"
              }
            ],
            "memory": 4,
            "name": "cx22",
            "storage_type": "local",
            "unavailable_after": "2025-12-31T23:59:59Z"
          },
          "sensitive_attributes": []
        },
        {
          "index_key": "cx23",
          "schema_version": 0,
          "attributes": {
            "architecture": "x86",
            "category": "cost_optimized",
            "cores": 2,
            "cpu_type": "shared",
            "deprecation_announced": "",
            "description": "CX 23",
            "disk": 40,
            "id": 114,
            "included_traffic": 0,
            "is_deprecated": false,
            "locations": [
              {
                "deprecation_announced": "",
                "id": 1,
                "is_deprecated": false,
                "name": "fsn1",
                "unavailable_after": ""
              },
              {
                "deprecation_announced": "",
                "id": 2,
                "is_deprecated": false,
                "name": "nbg1",
                "unavailable_after": ""
              },
              {
                "deprecation_announced": "",
                "id": 3,
                "is_deprecated": false,
                "name": "hel1",
                "unavailable_after": ""
              }
            ],
            "memory": 4,
            "name": "cx23",
            "storage_type": "local",
            "unavailable_after": ""
          },
          "sensitive_attributes": []
        },
        {
          "index_key": "cx32",
          "schema_version": 0,
          "attributes": {
            "architecture": "x86",
            "category": "cost_optimized",
            "cores": 4,
            "cpu_type": "shared",
            "deprecation_announced": "2025-10-16T06:00:00Z",
            "description": "CX32",
            "disk": 80,
            "id": 105,
            "included_traffic": 0,
            "is_deprecated": true,
            "locations": [
              {
                "deprecation_announced": "2025-10-16T06:00:00Z",
                "id": 1,
                "is_deprecated": true,
                "name": "fsn1",
                "unavailable_after": "2025-12-31T23:59:59Z"
              },
              {
                "deprecation_announced": "2025-10-16T06:00:00Z",
                "id": 2,
                "is_deprecated": true,
                "name": "nbg1",
                "unavailable_after": "2025-12-31T23:59:59Z"
              },
              {
                "deprecation_announced": "2025-10-16T06:00:00Z",
                "id": 3,
                "is_deprecated": true,
                "name": "hel1",
                "unavailable_after": "2025-12-31T23:59:59Z"
              }
            ],
            "memory": 8,
            "name": "cx32",
            "storage_type": "local",
            "unavailable_after": "2025-12-31T23:59:59Z"
          },
          "sensitive_attributes": []
        },
        {
          "index_key": "cx33",
          "schema_version": 0,
          "attributes": {
            "architecture": "x86",
            "category": "cost_optimized",
            "cores": 4,
            "cpu_type": "shared",
            "deprecation_announced": "",
            "description": "CX 33",
            "disk": 80,
            "id": 115,
            "included_traffic": 0,
            "is_deprecated": false,
            "locations": [
              {
                "deprecation_announced": "",
                "id": 1,
                "is_deprecated": false,
                "name": "fsn1",
                "unavailable_after": ""
              },
              {
                "deprecation_announced": "",
                "id": 2,
                "is_deprecated": false,
                "name": "nbg1",
                "unavailable_after": ""
              },
              {
                "deprecation_announced": "",
                "id": 3,
                "is_deprecated": false,
                "name": "hel1",
                "unavailable_after": ""
              }
            ],
            "memory": 8,
            "name": "cx33",
            "storage_type": "local",
            "unavailable_after": ""
          },
          "sensitive_attributes": []
        },
        {
          "index_key": "cx42",
          "schema_version": 0,
          "attributes": {
            "architecture": "x86",
            "category": "cost_optimized",
            "cores": 8,
            "cpu_type": "shared",
            "deprecation_announced": "2025-10-16T06:00:00Z",
            "description": "CX42",
            "disk": 160,
            "id": 106,
            "included_traffic": 0,
            "is_deprecated": true,
            "locations": [
              {
                "deprecation_announced": "2025-10-16T06:00:00Z",
                "id": 1,
                "is_deprecated": true,
                "name": "fsn1",
                "unavailable_after": "2025-12-31T23:59:59Z"
              },
              {
                "deprecation_announced": "2025-10-16T06:00:00Z",
                "id": 2,
                "is_deprecated": true,
                "name": "nbg1",
                "unavailable_after": "2025-12-31T23:59:59Z"
              },
              {
                "deprecation_announced": "2025-10-16T06:00:00Z",
                "id": 3,
                "is_deprecated": true,
                "name": "hel1",
                "unavailable_after": "2025-12-31T23:59:59Z"
              }
            ],
            "memory": 16,
            "name": "cx42",
            "storage_type": "local",
            "unavailable_after": "2025-12-31T23:59:59Z"
          },
          "sensitive_attributes": []
        },
        {
          "index_key": "cx43",
          "schema_version": 0,
          "attributes": {
            "architecture": "x86",
            "category": "cost_optimized",
            "cores": 8,
            "cpu_type": "shared",
            "deprecation_announced": "",
            "description": "CX 43",
            "disk": 160,
            "id": 116,
            "included_traffic": 0,
            "is_deprecated": false,
            "locations": [
              {
                "deprecation_announced": "",
                "id": 1,
                "is_deprecated": false,
                "name": "fsn1",
                "unavailable_after": ""
              },
              {
                "deprecation_announced": "",
                "id": 2,
                "is_deprecated": false,
                "name": "nbg1",
                "unavailable_after": ""
              },
              {
                "deprecation_announced": "",
                "id": 3,
                "is_deprecated": false,
                "name": "hel1",
                "unavailable_after": ""
              }
            ],
            "memory": 16,
            "name": "cx43",
            "storage_type": "local",
            "unavailable_after": ""
          },
          "sensitive_attributes": []
        },
        {
          "index_key": "cx52",
          "schema_version": 0,
          "attributes": {
            "architecture": "x86",
            "category": "cost_optimized",
            "cores": 16,
            "cpu_type": "shared",
            "deprecation_announced": "2025-10-16T06:00:00Z",
            "description": "CX52",
            "disk": 320,
            "id": 107,
            "included_traffic": 0,
            "is_deprecated": true,
            "locations": [
              {
                "deprecation_announced": "2025-10-16T06:00:00Z",
                "id": 1,
                "is_deprecated": true,
                "name": "fsn1",
                "unavailable_after": "2025-12-31T23:59:59Z"
              },
              {
                "deprecation_announced": "2025-10-16T06:00:00Z",
                "id": 2,
                "is_deprecated": true,
                "name": "nbg1",
                "unavailable_after": "2025-12-31T23:59:59Z"
              },
              {
                "deprecation_announced": "2025-10-16T06:00:00Z",
                "id": 3,
                "is_deprecated": true,
                "name": "hel1",
                "unavailable_after": "2025-12-31T23:59:59Z"
              }
            ],
            "memory": 32,
            "name": "cx52",
            "storage_type": "local",
            "unavailable_after": "2025-12-31T23:59:59Z"
          },
          "sensitive_attributes": []
        },
        {
          "index_key": "cx53",
          "schema_version": 0,
          "attributes": {
            "architecture": "x86",
            "category": "cost_optimized",
            "cores": 16,
            "cpu_type": "shared",
            "deprecation_announced": "",
            "description": "CX 53",
            "disk": 320,
            "id": 117,
            "included_traffic": 0,
            "is_deprecated": false,
            "locations": [
              {
                "deprecation_announced": "",
                "id": 1,
                "is_deprecated": false,
                "name": "fsn1",
                "unavailable_after": ""
              },
              {
                "deprecation_announced": "",
                "id": 2,
                "is_deprecated": false,
                "name": "nbg1",
                "unavailable_after": ""
              },
              {
                "deprecation_announced": "",
                "id": 3,
                "is_deprecated": false,
                "name": "hel1",
                "unavailable_after": ""
              }
            ],
            "memory": 32,
            "name": "cx53",
            "storage_type": "local",
            "unavailable_after": ""
          },
          "sensitive_attributes": []
        }
      ]
    },
    {
      "module": "module.infrastructure",
      "mode": "data",
      "type": "hcloud_server_types",
      "name": "all",
      "provider": "module.infrastructure.provider[\"registry.terraform.io/hetznercloud/hcloud\"]",
      "instances": [
        {
          "schema_version": 0,
          "attributes": {
            "descriptions": [
              "CPX 11",
              "CPX 21",
              "CPX 31",
              "CPX 41",
              "CPX 51",
              "CAX11",
              "CAX21",
              "CAX31",
              "CAX41",
              "CCX13 Dedicated CPU",
              "CCX23 Dedicated CPU",
              "CCX33 Dedicated CPU",
              "CCX43 Dedicated CPU",
              "CCX53 Dedicated CPU",
              "CCX63 Dedicated CPU",
              "CX22",
              "CX32",
              "CX42",
              "CX52",
              "CPX 12",
              "CPX 22",
              "CPX 32",
              "CPX 42",
              "CPX 52",
              "CPX 62",
              "CX 23",
              "CX 33",
              "CX 43",
              "CX 53"
            ],
            "id": "166277662d9b7990b1711b6545d691c4fc52eb3f",
            "names": [
              "cpx11",
              "cpx21",
              "cpx31",
              "cpx41",
              "cpx51",
              "cax11",
              "cax21",
              "cax31",
              "cax41",
              "ccx13",
              "ccx23",
              "ccx33",
              "ccx43",
              "ccx53",
              "ccx63",
              "cx22",
              "cx32",
              "cx42",
              "cx52",
              "cpx12",
              "cpx22",
              "cpx32",
              "cpx42",
              "cpx52",
              "cpx62",
              "cx23",
              "cx33",
              "cx43",
              "cx53"
            ],
            "server_type_ids": [
              "22",
              "23",
              "24",
              "25",
              "26",
              "45",
              "93",
              "94",
              "95",
              "96",
              "97",
              "98",
              "99",
              "100",
              "101",
              "104",
              "105",
              "106",
              "107",
              "108",
              "109",
              "110",
              "111",
              "112",
              "113",
              "114",
              "115",
              "116",
              "117"
            ],
            "server_types": [
              {
                "architecture": "x86",
                "category": "regular_purpose",
                "cores": 2,
                "cpu_type": "shared",
                "deprecation_announced": "",
                "description": "CPX 11",
                "disk": 40,
                "id": 22,
                "included_traffic": 0,
                "is_deprecated": false,
                "locations": [
                  {
                    "deprecation_announced": "2025-10-16T06:00:00Z",
                    "id": 1,
                    "is_deprecated": true,
                    "name": "fsn1",
                    "unavailable_after": "2025-12-31T23:59:59Z"
                  },
                  {
                    "deprecation_announced": "2025-10-16T06:00:00Z",
                    "id": 2,
                    "is_deprecated": true,
                    "name": "nbg1",
                    "unavailable_after": "2025-12-31T23:59:59Z"
                  },
                  {
                    "deprecation_announced": "2025-10-16T06:00:00Z",
                    "id": 3,
                    "is_deprecated": true,
                    "name": "hel1",
                    "unavailable_after": "2025-12-31T23:59:59Z"
                  },
                  {
                    "deprecation_announced": "",
                    "id": 4,
                    "is_deprecated": false,
                    "name": "ash",
                    "unavailable_after": ""
                  },
                  {
                    "deprecation_announced": "",
                    "id": 5,
                    "is_deprecated": false,
                    "name": "hil",
                    "unavailable_after": ""
                  },
                  {
                    "deprecation_announced": "2025-10-16T06:00:00Z",
                    "id": 6,
                    "is_deprecated": true,
                    "name": "sin",
                    "unavailable_after": "2025-12-31T23:59:59Z"
                  }
                ],
                "memory": 2,
                "name": "cpx11",
                "storage_type": "local",
                "unavailable_after": ""
              },
              {
                "architecture": "x86",
                "category": "regular_purpose",
                "cores": 3,
                "cpu_type": "shared",
                "deprecation_announced": "",
                "description": "CPX 21",
                "disk": 80,
                "id": 23,
                "included_traffic": 0,
                "is_deprecated": false,
                "locations": [
                  {
                    "deprecation_announced": "2025-10-16T06:00:00Z",
                    "id": 1,
                    "is_deprecated": true,
                    "name": "fsn1",
                    "unavailable_after": "2025-12-31T23:59:59Z"
                  },
                  {
                    "deprecation_announced": "2025-10-16T06:00:00Z",
                    "id": 2,
                    "is_deprecated": true,
                    "name": "nbg1",
                    "unavailable_after": "2025-12-31T23:59:59Z"
                  },
                  {
                    "deprecation_announced": "2025-10-16T06:00:00Z",
                    "id": 3,
                    "is_deprecated": true,
                    "name": "hel1",
                    "unavailable_after": "2025-12-31T23:59:59Z"
                  },
                  {
                    "deprecation_announced": "",
                    "id": 4,
                    "is_deprecated": false,
                    "name": "ash",
                    "unavailable_after": ""
                  },
                  {
                    "deprecation_announced": "",
                    "id": 5,
                    "is_deprecated": false,
                    "name": "hil",
                    "unavailable_after": ""
                  },
                  {
                    "deprecation_announced": "2025-10-16T06:00:00Z",
                    "id": 6,
                    "is_deprecated": true,
                    "name": "sin",
                    "unavailable_after": "2025-12-31T23:59:59Z"
                  }
                ],
                "memory": 4,
                "name": "cpx21",
                "storage_type": "local",
                "unavailable_after": ""
              },
              {
                "architecture": "x86",
                "category": "regular_purpose",
                "cores": 4,
                "cpu_type": "shared",
                "deprecation_announced": "",
                "description": "CPX 31",
                "disk": 160,
                "id": 24,
                "included_traffic": 0,
                "is_deprecated": false,
                "locations": [
                  {
                    "deprecation_announced": "2025-10-16T06:00:00Z",
                    "id": 1,
                    "is_deprecated": true,
                    "name": "fsn1",
                    "unavailable_after": "2025-12-31T23:59:59Z"
                  },
                  {
                    "deprecation_announced": "2025-10-16T06:00:00Z",
                    "id": 2,
                    "is_deprecated": true,
                    "name": "nbg1",
                    "unavailable_after": "2025-12-31T23:59:59Z"
                  },
                  {
                    "deprecation_announced": "2025-10-16T06:00:00Z",
                    "id": 3,
                    "is_deprecated": true,
                    "name": "hel1",
                    "unavailable_after": "2025-12-31T23:59:59Z"
                  },
                  {
                    "deprecation_announced": "",
                    "id": 4,
                    "is_deprecated": false,
                    "name": "ash",
                    "unavailable_after": ""
                  },
                  {
                    "deprecation_announced": "",
                    "id": 5,
                    "is_deprecated": false,
                    "name": "hil",
                    "unavailable_after": ""
                  },
                  {
                    "deprecation_announced": "2025-10-16T06:00:00Z",
                    "id": 6,
                    "is_deprecated": true,
                    "name": "sin",
                    "unavailable_after": "2025-12-31T23:59:59Z"
                  }
                ],
                "memory": 8,
                "name": "cpx31",
                "storage_type": "local",
                "unavailable_after": ""
              },
              {
                "architecture": "x86",
                "category": "regular_purpose",
                "cores": 8,
                "cpu_type": "shared",
                "deprecation_announced": "",
                "description": "CPX 41",
                "disk": 240,
                "id": 25,
                "included_traffic": 0,
                "is_deprecated": false,
                "locations": [
                  {
                    "deprecation_announced": "2025-10-16T06:00:00Z",
                    "id": 1,
                    "is_deprecated": true,
                    "name": "fsn1",
                    "unavailable_after": "2025-12-31T23:59:59Z"
                  },
                  {
                    "deprecation_announced": "2025-10-16T06:00:00Z",
                    "id": 2,
                    "is_deprecated": true,
                    "name": "nbg1",
                    "unavailable_after": "2025-12-31T23:59:59Z"
                  },
                  {
                    "deprecation_announced": "2025-10-16T06:00:00Z",
                    "id": 3,
                    "is_deprecated": true,
                    "name": "hel1",
                    "unavailable_after": "2025-12-31T23:59:59Z"
                  },
                  {
                    "deprecation_announced": "",
                    "id": 4,
                    "is_deprecated": false,
                    "name": "ash",
                    "unavailable_after": ""
                  },
                  {
                    "deprecation_announced": "",
                    "id": 5,
                    "is_deprecated": false,
                    "name": "hil",
                    "unavailable_after": ""
                  },
                  {
                    "deprecation_announced": "2025-10-16T06:00:00Z",
                    "id": 6,
                    "is_deprecated": true,
                    "name": "sin",
                    "unavailable_after": "2025-12-31T23:59:59Z"
                  }
                ],
                "memory": 16,
                "name": "cpx41",
                "storage_type": "local",
                "unavailable_after": ""
              },
              {
                "architecture": "x86",
                "category": "regular_purpose",
                "cores": 16,
                "cpu_type": "shared",
                "deprecation_announced": "",
                "description": "CPX 51",
                "disk": 360,
                "id": 26,
                "included_traffic": 0,
                "is_deprecated": false,
                "locations": [
                  {
                    "deprecation_announced": "2025-10-16T06:00:00Z",
                    "id": 1,
                    "is_deprecated": true,
                    "name": "fsn1",
                    "unavailable_after": "2025-12-31T23:59:59Z"
                  },
                  {
                    "deprecation_announced": "2025-10-16T06:00:00Z",
                    "id": 2,
                    "is_deprecated": true,
                    "name": "nbg1",
                    "unavailable_after": "2025-12-31T23:59:59Z"
                  },
                  {
                    "deprecation_announced": "2025-10-16T06:00:00Z",
                    "id": 3,
                    "is_deprecated": true,
                    "name": "hel1",
                    "unavailable_after": "2025-12-31T23:59:59Z"
                  },
                  {
                    "deprecation_announced": "",
                    "id": 4,
                    "is_deprecated": false,
                    "name": "ash",
                    "unavailable_after": ""
                  },
                  {
                    "deprecation_announced": "",
                    "id": 5,
                    "is_deprecated": false,
                    "name": "hil",
                    "unavailable_after": ""
                  },
                  {
                    "deprecation_announced": "2025-10-16T06:00:00Z",
                    "id": 6,
                    "is_deprecated": true,
                    "name": "sin",
                    "unavailable_after": "2025-12-31T23:59:59Z"
                  }
                ],
                "memory": 32,
                "name": "cpx51",
                "storage_type": "local",
                "unavailable_after": ""
              },
              {
                "architecture": "arm",
                "category": "cost_optimized",
                "cores": 2,
                "cpu_type": "shared",
                "deprecation_announced": "",
                "description": "CAX11",
                "disk": 40,
                "id": 45,
                "included_traffic": 0,
                "is_deprecated": false,
                "locations": [
                  {
                    "deprecation_announced": "",
                    "id": 1,
                    "is_deprecated": false,
                    "name": "fsn1",
                    "unavailable_after": ""
                  },
                  {
                    "deprecation_announced": "",
                    "id": 2,
                    "is_deprecated": false,
                    "name": "nbg1",
                    "unavailable_after": ""
                  },
                  {
                    "deprecation_announced": "",
                    "id": 3,
                    "is_deprecated": false,
                    "name": "hel1",
                    "unavailable_after": ""
                  }
                ],
                "memory": 4,
                "name": "cax11",
                "storage_type": "local",
                "unavailable_after": ""
              },
              {
                "architecture": "arm",
                "category": "cost_optimized",
                "cores": 4,
                "cpu_type": "shared",
                "deprecation_announced": "",
                "description": "CAX21",
                "disk": 80,
                "id": 93,
                "included_traffic": 0,
                "is_deprecated": false,
                "locations": [
                  {
                    "deprecation_announced": "",
                    "id": 1,
                    "is_deprecated": false,
                    "name": "fsn1",
                    "unavailable_after": ""
                  },
                  {
                    "deprecation_announced": "",
                    "id": 2,
                    "is_deprecated": false,
                    "name": "nbg1",
                    "unavailable_after": ""
                  },
                  {
                    "deprecation_announced": "",
                    "id": 3,
                    "is_deprecated": false,
                    "name": "hel1",
                    "unavailable_after": ""
                  }
                ],
                "memory": 8,
                "name": "cax21",
                "storage_type": "local",
                "unavailable_after": ""
              },
              {
                "architecture": "arm",
                "category": "cost_optimized",
                "cores": 8,
                "cpu_type": "shared",
                "deprecation_announced": "",
                "description": "CAX31",
                "disk": 160,
                "id": 94,
                "included_traffic": 0,
                "is_deprecated": false,
                "locations": [
                  {
                    "deprecation_announced": "",
                    "id": 1,
                    "is_deprecated": false,
                    "name": "fsn1",
                    "unavailable_after": ""
                  },
                  {
                    "deprecation_announced": "",
                    "id": 2,
                    "is_deprecated": false,
                    "name": "nbg1",
                    "unavailable_after": ""
                  },
                  {
                    "deprecation_announced": "",
                    "id": 3,
                    "is_deprecated": false,
                    "name": "hel1",
                    "unavailable_after": ""
                  }
                ],
                "memory": 16,
                "name": "cax31",
                "storage_type": "local",
                "unavailable_after": ""
              },
              {
                "architecture": "arm",
                "category": "cost_optimized",
                "cores": 16,
                "cpu_type": "shared",
                "deprecation_announced": "",
                "description": "CAX41",
                "disk": 320,
                "id": 95,
                "included_traffic": 0,
                "is_deprecated": false,
                "locations": [
                  {
                    "deprecation_announced": "",
                    "id": 1,
                    "is_deprecated": false,
                    "name": "fsn1",
                    "unavailable_after": ""
                  },
                  {
                    "deprecation_announced": "",
                    "id": 2,
                    "is_deprecated": false,
                    "name": "nbg1",
                    "unavailable_after": ""
                  },
                  {
                    "deprecation_announced": "",
                    "id": 3,
                    "is_deprecated": false,
                    "name": "hel1",
                    "unavailable_after": ""
                  }
                ],
                "memory": 32,
                "name": "cax41",
                "storage_type": "local",
                "unavailable_after": ""
              },
              {
                "architecture": "x86",
                "category": "general_purpose",
                "cores": 2,
                "cpu_type": "dedicated",
                "deprecation_announced": "",
                "description": "CCX13 Dedicated CPU",
                "disk": 80,
                "id": 96,
                "included_traffic": 0,
                "is_deprecated": false,
                "locations": [
                  {
                    "deprecation_announced": "",
                    "id": 1,
                    "is_deprecated": false,
                    "name": "fsn1",
                    "unavailable_after": ""
                  },
                  {
                    "deprecation_announced": "",
                    "id": 2,
                    "is_deprecated": false,
                    "name": "nbg1",
                    "unavailable_after": ""
                  },
                  {
                    "deprecation_announced": "",
                    "id": 3,
                    "is_deprecated": false,
                    "name": "hel1",
                    "unavailable_after": ""
                  },
                  {
                    "deprecation_announced": "",
                    "id": 4,
                    "is_deprecated": false,
                    "name": "ash",
                    "unavailable_after": ""
                  },
                  {
                    "deprecation_announced": "",
                    "id": 5,
                    "is_deprecated": false,
                    "name": "hil",
                    "unavailable_after": ""
                  },
                  {
                    "deprecation_announced": "",
                    "id": 6,
                    "is_deprecated": false,
                    "name": "sin",
                    "unavailable_after": ""
                  }
                ],
                "memory": 8,
                "name": "ccx13",
                "storage_type": "local",
                "unavailable_after": ""
              },
              {
                "architecture": "x86",
                "category": "general_purpose",
                "cores": 4,
                "cpu_type": "dedicated",
                "deprecation_announced": "",
                "description": "CCX23 Dedicated CPU",
                "disk": 160,
                "id": 97,
                "included_traffic": 0,
                "is_deprecated": false,
                "locations": [
                  {
                    "deprecation_announced": "",
                    "id": 1,
                    "is_deprecated": false,
                    "name": "fsn1",
                    "unavailable_after": ""
                  },
                  {
                    "deprecation_announced": "",
                    "id": 2,
                    "is_deprecated": false,
                    "name": "nbg1",
                    "unavailable_after": ""
                  },
                  {
                    "deprecation_announced": "",
                    "id": 3,
                    "is_deprecated": false,
                    "name": "hel1",
                    "unavailable_after": ""
                  },
                  {
                    "deprecation_announced": "",
                    "id": 4,
                    "is_deprecated": false,
                    "name": "ash",
                    "unavailable_after": ""
                  },
                  {
                    "deprecation_announced": "",
                    "id": 5,
                    "is_deprecated": false,
                    "name": "hil",
                    "unavailable_after": ""
                  },
                  {
                    "deprecation_announced": "",
                    "id": 6,
                    "is_deprecated": false,
                    "name": "sin",
                    "unavailable_after": ""
                  }
                ],
                "memory": 16,
                "name": "ccx23",
                "storage_type": "local",
                "unavailable_after": ""
              },
              {
                "architecture": "x86",
                "category": "general_purpose",
                "cores": 8,
                "cpu_type": "dedicated",
                "deprecation_announced": "",
                "description": "CCX33 Dedicated CPU",
                "disk": 240,
                "id": 98,
                "included_traffic": 0,
                "is_deprecated": false,
                "locations": [
                  {
                    "deprecation_announced": "",
                    "id": 1,
                    "is_deprecated": false,
                    "name": "fsn1",
                    "unavailable_after": ""
                  },
                  {
                    "deprecation_announced": "",
                    "id": 2,
                    "is_deprecated": false,
                    "name": "nbg1",
                    "unavailable_after": ""
                  },
                  {
                    "deprecation_announced": "",
                    "id": 3,
                    "is_deprecated": false,
                    "name": "hel1",
                    "unavailable_after": ""
                  },
                  {
                    "deprecation_announced": "",
                    "id": 4,
                    "is_deprecated": false,
                    "name": "ash",
                    "unavailable_after": ""
                  },
                  {
                    "deprecation_announced": "",
                    "id": 5,
                    "is_deprecated": false,
                    "name": "hil",
                    "unavailable_after": ""
                  },
                  {
                    "deprecation_announced": "",
                    "id": 6,
                    "is_deprecated": false,
                    "name": "sin",
                    "unavailable_after": ""
                  }
                ],
                "memory": 32,
                "name": "ccx33",
                "storage_type": "local",
                "unavailable_after": ""
              },
              {
                "architecture": "x86",
                "category": "general_purpose",
                "cores": 16,
                "cpu_type": "dedicated",
                "deprecation_announced": "",
                "description": "CCX43 Dedicated CPU",
                "disk": 360,
                "id": 99,
                "included_traffic": 0,
                "is_deprecated": false,
                "locations": [
                  {
                    "deprecation_announced": "",
                    "id": 1,
                    "is_deprecated": false,
                    "name": "fsn1",
                    "unavailable_after": ""
                  },
                  {
                    "deprecation_announced": "",
                    "id": 2,
                    "is_deprecated": false,
                    "name": "nbg1",
                    "unavailable_after": ""
                  },
                  {
                    "deprecation_announced": "",
                    "id": 3,
                    "is_deprecated": false,
                    "name": "hel1",
                    "unavailable_after": ""
                  },
                  {
                    "deprecation_announced": "",
                    "id": 4,
                    "is_deprecated": false,
                    "name": "ash",
                    "unavailable_after": ""
                  },
                  {
                    "deprecation_announced": "",
                    "id": 5,
                    "is_deprecated": false,
                    "name": "hil",
                    "unavailable_after": ""
                  },
                  {
                    "deprecation_announced": "",
                    "id": 6,
                    "is_deprecated": false,
                    "name": "sin",
                    "unavailable_after": ""
                  }
                ],
                "memory": 64,
                "name": "ccx43",
                "storage_type": "local",
                "unavailable_after": ""
              },
              {
                "architecture": "x86",
                "category": "general_purpose",
                "cores": 32,
                "cpu_type": "dedicated",
                "deprecation_announced": "",
                "description": "CCX53 Dedicated CPU",
                "disk": 600,
                "id": 100,
                "included_traffic": 0,
                "is_deprecated": false,
                "locations": [
                  {
                    "deprecation_announced": "",
                    "id": 1,
                    "is_deprecated": false,
                    "name": "fsn1",
                    "unavailable_after": ""
                  },
                  {
                    "deprecation_announced": "",
                    "id": 2,
                    "is_deprecated": false,
                    "name": "nbg1",
                    "unavailable_after": ""
                  },
                  {
                    "deprecation_announced": "",
                    "id": 3,
                    "is_deprecated": false,
                    "name": "hel1",
                    "unavailable_after": ""
                  },
                  {
                    "deprecation_announced": "",
                    "id": 4,
                    "is_deprecated": false,
                    "name": "ash",
                    "unavailable_after": ""
                  },
                  {
                    "deprecation_announced": "",
                    "id": 5,
                    "is_deprecated": false,
                    "name": "hil",
                    "unavailable_after": ""
                  },
                  {
                    "deprecation_announced": "",
                    "id": 6,
                    "is_deprecated": false,
                    "name": "sin",
                    "unavailable_after": ""
                  }
                ],
                "memory": 128,
                "name": "ccx53",
                "storage_type": "local",
                "unavailable_after": ""
              },
              {
                "architecture": "x86",
                "category": "general_purpose",
                "cores": 48,
                "cpu_type": "dedicated",
                "deprecation_announced": "",
                "description": "CCX63 Dedicated CPU",
                "disk": 960,
                "id": 101,
                "included_traffic": 0,
                "is_deprecated": false,
                "locations": [
                  {
                    "deprecation_announced": "",
                    "id": 1,
                    "is_deprecated": false,
                    "name": "fsn1",
                    "unavailable_after": ""
                  },
                  {
                    "deprecation_announced": "",
                    "id": 2,
                    "is_deprecated": false,
                    "name": "nbg1",
                    "unavailable_after": ""
                  },
                  {
                    "deprecation_announced": "",
                    "id": 3,
                    "is_deprecated": false,
                    "name": "hel1",
                    "unavailable_after": ""
                  },
                  {
                    "deprecation_announced": "",
                    "id": 4,
                    "is_deprecated": false,
                    "name": "ash",
                    "unavailable_after": ""
                  },
                  {
                    "deprecation_announced": "",
                    "id": 5,
                    "is_deprecated": false,
                    "name": "hil",
                    "unavailable_after": ""
                  },
                  {
                    "deprecation_announced": "",
                    "id": 6,
                    "is_deprecated": false,
                    "name": "sin",
                    "unavailable_after": ""
                  }
                ],
                "memory": 192,
                "name": "ccx63",
                "storage_type": "local",
                "unavailable_after": ""
              },
              {
                "architecture": "x86",
                "category": "cost_optimized",
                "cores": 2,
                "cpu_type": "shared",
                "deprecation_announced": "2025-10-16T06:00:00Z",
                "description": "CX22",
                "disk": 40,
                "id": 104,
                "included_traffic": 0,
                "is_deprecated": true,
                "locations": [
                  {
                    "deprecation_announced": "2025-10-16T06:00:00Z",
                    "id": 1,
                    "is_deprecated": true,
                    "name": "fsn1",
                    "unavailable_after": "2025-12-31T23:59:59Z"
                  },
                  {
                    "deprecation_announced": "2025-10-16T06:00:00Z",
                    "id": 2,
                    "is_deprecated": true,
                    "name": "nbg1",
                    "unavailable_after": "2025-12-31T23:59:59Z"
                  },
                  {
                    "deprecation_announced": "2025-10-16T06:00:00Z",
                    "id": 3,
                    "is_deprecated": true,
                    "name": "hel1",
                    "unavailable_after": "2025-12-31T23:59:59Z"
                  }
                ],
                "memory": 4,
                "name": "cx22",
                "storage_type": "local",
                "unavailable_after": "2025-12-31T23:59:59Z"
              },
              {
                "architecture": "x86",
                "category": "cost_optimized",
                "cores": 4,
                "cpu_type": "shared",
                "deprecation_announced": "2025-10-16T06:00:00Z",
                "description": "CX32",
                "disk": 80,
                "id": 105,
                "included_traffic": 0,
                "is_deprecated": true,
                "locations": [
                  {
                    "deprecation_announced": "2025-10-16T06:00:00Z",
                    "id": 1,
                    "is_deprecated": true,
                    "name": "fsn1",
                    "unavailable_after": "2025-12-31T23:59:59Z"
                  },
                  {
                    "deprecation_announced": "2025-10-16T06:00:00Z",
                    "id": 2,
                    "is_deprecated": true,
                    "name": "nbg1",
                    "unavailable_after": "2025-12-31T23:59:59Z"
                  },
                  {
                    "deprecation_announced": "2025-10-16T06:00:00Z",
                    "id": 3,
                    "is_deprecated": true,
                    "name": "hel1",
                    "unavailable_after": "2025-12-31T23:59:59Z"
                  }
                ],
                "memory": 8,
                "name": "cx32",
                "storage_type": "local",
                "unavailable_after": "2025-12-31T23:59:59Z"
              },
              {
                "architecture": "x86",
                "category": "cost_optimized",
                "cores": 8,
                "cpu_type": "shared",
                "deprecation_announced": "2025-10-16T06:00:00Z",
                "description": "CX42",
                "disk": 160,
                "id": 106,
                "included_traffic": 0,
                "is_deprecated": true,
                "locations": [
                  {
                    "deprecation_announced": "2025-10-16T06:00:00Z",
                    "id": 1,
                    "is_deprecated": true,
                    "name": "fsn1",
                    "unavailable_after": "2025-12-31T23:59:59Z"
                  },
                  {
                    "deprecation_announced": "2025-10-16T06:00:00Z",
                    "id": 2,
                    "is_deprecated": true,
                    "name": "nbg1",
                    "unavailable_after": "2025-12-31T23:59:59Z"
                  },
                  {
                    "deprecation_announced": "2025-10-16T06:00:00Z",
                    "id": 3,
                    "is_deprecated": true,
                    "name": "hel1",
                    "unavailable_after": "2025-12-31T23:59:59Z"
                  }
                ],
                "memory": 16,
                "name": "cx42",
                "storage_type": "local",
                "unavailable_after": "2025-12-31T23:59:59Z"
              },
              {
                "architecture": "x86",
                "category": "cost_optimized",
                "cores": 16,
                "cpu_type": "shared",
                "deprecation_announced": "2025-10-16T06:00:00Z",
                "description": "CX52",
                "disk": 320,
                "id": 107,
                "included_traffic": 0,
                "is_deprecated": true,
                "locations": [
                  {
                    "deprecation_announced": "2025-10-16T06:00:00Z",
                    "id": 1,
                    "is_deprecated": true,
                    "name": "fsn1",
                    "unavailable_after": "2025-12-31T23:59:59Z"
                  },
                  {
                    "deprecation_announced": "2025-10-16T06:00:00Z",
                    "id": 2,
                    "is_deprecated": true,
                    "name": "nbg1",
                    "unavailable_after": "2025-12-31T23:59:59Z"
                  },
                  {
                    "deprecation_announced": "2025-10-16T06:00:00Z",
                    "id": 3,
                    "is_deprecated": true,
                    "name": "hel1",
                    "unavailable_after": "2025-12-31T23:59:59Z"
                  }
                ],
                "memory": 32,
                "name": "cx52",
                "storage_type": "local",
                "unavailable_after": "2025-12-31T23:59:59Z"
              },
              {
                "architecture": "x86",
                "category": "regular_purpose",
                "cores": 1,
                "cpu_type": "shared",
                "deprecation_announced": "",
                "description": "CPX 12",
                "disk": 40,
                "id": 108,
                "included_traffic": 0,
                "is_deprecated": false,
                "locations": [
                  {
                    "deprecation_announced": "",
                    "id": 6,
                    "is_deprecated": false,
                    "name": "sin",
                    "unavailable_after": ""
                  }
                ],
                "memory": 2,
                "name": "cpx12",
                "storage_type": "local",
                "unavailable_after": ""
              },
              {
                "architecture": "x86",
                "category": "regular_purpose",
                "cores": 2,
                "cpu_type": "shared",
                "deprecation_announced": "",
                "description": "CPX 22",
                "disk": 80,
                "id": 109,
                "included_traffic": 0,
                "is_deprecated": false,
                "locations": [
                  {
                    "deprecation_announced": "",
                    "id": 1,
                    "is_deprecated": false,
                    "name": "fsn1",
                    "unavailable_after": ""
                  },
                  {
                    "deprecation_announced": "",
                    "id": 2,
                    "is_deprecated": false,
                    "name": "nbg1",
                    "unavailable_after": ""
                  },
                  {
                    "deprecation_announced": "",
                    "id": 3,
                    "is_deprecated": false,
                    "name": "hel1",
                    "unavailable_after": ""
                  },
                  {
                    "deprecation_announced": "",
                    "id": 6,
                    "is_deprecated": false,
                    "name": "sin",
                    "unavailable_after": ""
                  }
                ],
                "memory": 4,
                "name": "cpx22",
                "storage_type": "local",
                "unavailable_after": ""
              },
              {
                "architecture": "x86",
                "category": "regular_purpose",
                "cores": 4,
                "cpu_type": "shared",
                "deprecation_announced": "",
                "description": "CPX 32",
                "disk": 160,
                "id": 110,
                "included_traffic": 0,
                "is_deprecated": false,
                "locations": [
                  {
                    "deprecation_announced": "",
                    "id": 1,
                    "is_deprecated": false,
                    "name": "fsn1",
                    "unavailable_after": ""
                  },
                  {
                    "deprecation_announced": "",
                    "id": 2,
                    "is_deprecated": false,
                    "name": "nbg1",
                    "unavailable_after": ""
                  },
                  {
                    "deprecation_announced": "",
                    "id": 3,
                    "is_deprecated": false,
                    "name": "hel1",
                    "unavailable_after": ""
                  },
                  {
                    "deprecation_announced": "",
                    "id": 6,
                    "is_deprecated": false,
                    "name": "sin",
                    "unavailable_after": ""
                  }
                ],
                "memory": 8,
                "name": "cpx32",
                "storage_type": "local",
                "unavailable_after": ""
              },
              {
                "architecture": "x86",
                "category": "regular_purpose",
                "cores": 8,
                "cpu_type": "shared",
                "deprecation_announced": "",
                "description": "CPX 42",
                "disk": 320,
                "id": 111,
                "included_traffic": 0,
                "is_deprecated": false,
                "locations": [
                  {
                    "deprecation_announced": "",
                    "id": 1,
                    "is_deprecated": false,
                    "name": "fsn1",
                    "unavailable_after": ""
                  },
                  {
                    "deprecation_announced": "",
                    "id": 2,
                    "is_deprecated": false,
                    "name": "nbg1",
                    "unavailable_after": ""
                  },
                  {
                    "deprecation_announced": "",
                    "id": 3,
                    "is_deprecated": false,
                    "name": "hel1",
                    "unavailable_after": ""
                  },
                  {
                    "deprecation_announced": "",
                    "id": 6,
                    "is_deprecated": false,
                    "name": "sin",
                    "unavailable_after": ""
                  }
                ],
                "memory": 16,
                "name": "cpx42",
                "storage_type": "local",
                "unavailable_after": ""
              },
              {
                "architecture": "x86",
                "category": "regular_purpose",
                "cores": 12,
                "cpu_type": "shared",
                "deprecation_announced": "",
                "description": "CPX 52",
                "disk": 480,
                "id": 112,
                "included_traffic": 0,
                "is_deprecated": false,
                "locations": [
                  {
                    "deprecation_announced": "",
                    "id": 1,
                    "is_deprecated": false,
                    "name": "fsn1",
                    "unavailable_after": ""
                  },
                  {
                    "deprecation_announced": "",
                    "id": 2,
                    "is_deprecated": false,
                    "name": "nbg1",
                    "unavailable_after": ""
                  },
                  {
                    "deprecation_announced": "",
                    "id": 3,
                    "is_deprecated": false,
                    "name": "hel1",
                    "unavailable_after": ""
                  },
                  {
                    "deprecation_announced": "",
                    "id": 6,
                    "is_deprecated": false,
                    "name": "sin",
                    "unavailable_after": ""
                  }
                ],
                "memory": 24,
                "name": "cpx52",
                "storage_type": "local",
                "unavailable_after": ""
              },
              {
                "architecture": "x86",
                "category": "regular_purpose",
                "cores": 16,
                "cpu_type": "shared",
                "deprecation_announced": "",
                "description": "CPX 62",
                "disk": 640,
                "id": 113,
                "included_traffic": 0,
                "is_deprecated": false,
                "locations": [
                  {
                    "deprecation_announced": "",
                    "id": 1,
                    "is_deprecated": false,
                    "name": "fsn1",
                    "unavailable_after": ""
                  },
                  {
                    "deprecation_announced": "",
                    "id": 2,
                    "is_deprecated": false,
                    "name": "nbg1",
                    "unavailable_after": ""
                  },
                  {
                    "deprecation_announced": "",
                    "id": 3,
                    "is_deprecated": false,
                    "name": "hel1",
                    "unavailable_after": ""
                  },
                  {
                    "deprecation_announced": "",
                    "id": 6,
                    "is_deprecated": false,
                    "name": "sin",
                    "unavailable_after": ""
                  }
                ],
                "memory": 32,
                "name": "cpx62",
                "storage_type": "local",
                "unavailable_after": ""
              },
              {
                "architecture": "x86",
                "category": "cost_optimized",
                "cores": 2,
                "cpu_type": "shared",
                "deprecation_announced": "",
                "description": "CX 23",
                "disk": 40,
                "id": 114,
                "included_traffic": 0,
                "is_deprecated": false,
                "locations": [
                  {
                    "deprecation_announced": "",
                    "id": 1,
                    "is_deprecated": false,
                    "name": "fsn1",
                    "unavailable_after": ""
                  },
                  {
                    "deprecation_announced": "",
                    "id": 2,
                    "is_deprecated": false,
                    "name": "nbg1",
                    "unavailable_after": ""
                  },
                  {
                    "deprecation_announced": "",
                    "id": 3,
                    "is_deprecated": false,
                    "name": "hel1",
                    "unavailable_after": ""
                  }
                ],
                "memory": 4,
                "name": "cx23",
                "storage_type": "local",
                "unavailable_after": ""
              },
              {
                "architecture": "x86",
                "category": "cost_optimized",
                "cores": 4,
                "cpu_type": "shared",
                "deprecation_announced": "",
                "description": "CX 33",
                "disk": 80,
                "id": 115,
                "included_traffic": 0,
                "is_deprecated": false,
                "locations": [
                  {
                    "deprecation_announced": "",
                    "id": 1,
                    "is_deprecated": false,
                    "name": "fsn1",
                    "unavailable_after": ""
                  },
                  {
                    "deprecation_announced": "",
                    "id": 2,
                    "is_deprecated": false,
                    "name": "nbg1",
                    "unavailable_after": ""
                  },
                  {
                    "deprecation_announced": "",
                    "id": 3,
                    "is_deprecated": false,
                    "name": "hel1",
                    "unavailable_after": ""
                  }
                ],
                "memory": 8,
                "name": "cx33",
                "storage_type": "local",
                "unavailable_after": ""
              },
              {
                "architecture": "x86",
                "category": "cost_optimized",
                "cores": 8,
                "cpu_type": "shared",
                "deprecation_announced": "",
                "description": "CX 43",
                "disk": 160,
                "id": 116,
                "included_traffic": 0,
                "is_deprecated": false,
                "locations": [
                  {
                    "deprecation_announced": "",
                    "id": 1,
                    "is_deprecated": false,
                    "name": "fsn1",
                    "unavailable_after": ""
                  },
                  {
                    "deprecation_announced": "",
                    "id": 2,
                    "is_deprecated": false,
                    "name": "nbg1",
                    "unavailable_after": ""
                  },
                  {
                    "deprecation_announced": "",
                    "id": 3,
                    "is_deprecated": false,
                    "name": "hel1",
                    "unavailable_after": ""
                  }
                ],
                "memory": 16,
                "name": "cx43",
                "storage_type": "local",
                "unavailable_after": ""
              },
              {
                "architecture": "x86",
                "category": "cost_optimized",
                "cores": 16,
                "cpu_type": "shared",
                "deprecation_announced": "",
                "description": "CX 53",
                "disk": 320,
                "id": 117,
                "included_traffic": 0,
                "is_deprecated": false,
                "locations": [
                  {
                    "deprecation_announced": "",
                    "id": 1,
                    "is_deprecated": false,
                    "name": "fsn1",
                    "unavailable_after": ""
                  },
                  {
                    "deprecation_announced": "",
                    "id": 2,
                    "is_deprecated": false,
                    "name": "nbg1",
                    "unavailable_after": ""
                  },
                  {
                    "deprecation_announced": "",
                    "id": 3,
                    "is_deprecated": false,
                    "name": "hel1",
                    "unavailable_after": ""
                  }
                ],
                "memory": 32,
                "name": "cx53",
                "storage_type": "local",
                "unavailable_after": ""
              }
            ]
          },
          "sensitive_attributes": []
        }
      ]
    },
    {
      "module": "module.infrastructure",
      "mode": "managed",
      "type": "hcloud_server",
      "name": "tenant_server",
      "provider": "module.infrastructure.provider[\"registry.terraform.io/hetznercloud/hcloud\"]",
      "instances": [
        {
          "schema_version": 0,
          "attributes": {
            "allow_deprecated_images": false,
            "backup_window": "",
            "backups": false,
            "datacenter": "hel1-dc2",
            "delete_protection": false,
            "firewall_ids": [],
            "id": "111260248",
            "ignore_remote_firewall_ids": false,
            "image": "ubuntu-22.04",
            "ipv4_address": "157.180.88.232",
            "ipv6_address": "2a01:4f9:c013:feed::1",
            "ipv6_network": "2a01:4f9:c013:feed::/64",
            "iso": null,
            "keep_disk": false,
            "labels": {
              "solution": "spm",
              "tenant": "demo"
            },
            "location": "hel1",
            "name": "spm-tenant-demo",
            "network": [],
            "placement_group_id": 0,
            "primary_disk_size": 80,
            "public_net": [],
            "rebuild_protection": false,
            "rescue": null,
            "server_type": "cpx21",
            "shutdown_before_deletion": false,
            "ssh_keys": [
              "103326059"
            ],
            "status": "running",
            "timeouts": null,
            "user_data": "kmTjAFd67W5pHUnp/X1qwKwpY7o="
          },
          "sensitive_attributes": [],
          "private": "eyJlMmJmYjczMC1lY2FhLTExZTYtOGY4OC0zNDM2M2JjN2M0YzAiOnsiY3JlYXRlIjo1NDAwMDAwMDAwMDAwfX0=",
          "dependencies": [
            "module.infrastructure.data.hcloud_server_type.selected",
            "module.infrastructure.data.hcloud_server_types.all",
            "module.infrastructure.hcloud_ssh_key.ssh_key",
            "module.infrastructure.tls_private_key.ssh_key"
          ]
        }
      ]
    },
    {
      "module": "module.infrastructure",
      "mode": "managed",
      "type": "hcloud_ssh_key",
      "name": "ssh_key",
      "provider": "module.infrastructure.provider[\"registry.terraform.io/hetznercloud/hcloud\"]",
      "instances": [
        {
          "schema_version": 0,
          "attributes": {
            "fingerprint": "84:c0:02:1e:b6:b0:91:00:5f:bc:f5:a6:84:ba:5f:78",
            "id": "103326059",
            "labels": {
              "solution": "spm",
              "tenant": "demo"
            },
            "name": "demo-ssh-key",
            "public_key": "ssh-rsa AAAAB3NzaC1yc2EAAAADAQABAAACAQCnDVg1ywYDXB52QodqtP2WXYAiBlMgVtqwzb7MqZ3/T06eI3Df2SxwGNWNc/kmN4W5pKyx3HsF40MOwyJjXDtCkalKmzv/rIWXbC3xZuhNAcJ4cGwVxtl/k9eEhFL9PaV7hQbuuIqu8mrJ67VVgl9m/I4F84IlITr51ic8TkZ2uxcbGFRMRbTVDiWNzru1wANogmEsnXigRfMgSXsGs+bC42CebKZ9TAbnvIAb5Emjo3LZYqNn1wVRT1bFpr1sMbyvy9BDIqtwyJGMLLieJ9yrjXj6+cBQwP5Olh0gQAgzQ6CZLKFKMF4avAnNZHK/rczzNo/LUHbUl4Fvrm2xbYeY1SHxbjtvHN71VPHcuxpzDezFQQPjSOoat2ulvPudnsM+t7SPCla+55/G1EVrDqL4gdjgokAcoFVuedpz9j4UWPn9uyUUsQ83H2PVMTjr5+zHryiYlisCRpmMZcpRls+3aaS0slOdbGUz1+sNhFVT5CH6QR57bFVJA7wgi9hMWwpmp2GTKe/uNvKCnNELl2sa2zkQf5NAI2+4LD3xG73284KN2Fp6sNH2IdJ83f86iqEsV7IbPUBQxRjOO2SCnLNgfrLmhvOlifxVqbY7kKSdSazYRMC1ardVEhZsoDbEdKXnfKRgMgvpNucpFyDFM208VLZ6gv21UNQ3UBrj1xgmIQ==\n"
          },
          "sensitive_attributes": [],
          "dependencies": [
            "module.infrastructure.tls_private_key.ssh_key"
          ]
        }
      ]
    },
    {
      "module": "module.infrastructure",
      "mode": "managed",
      "type": "hcloud_volume",
      "name": "tenant_volume",
      "provider": "module.infrastructure.provider[\"registry.terraform.io/hetznercloud/hcloud\"]",
      "instances": [
        {
          "schema_version": 0,
          "attributes": {
            "automount": true,
            "delete_protection": false,
            "format": "ext4",
            "id": "103781785",
            "labels": {
              "solution": "spm",
              "tenant": "demo"
            },
            "linux_device": "/dev/disk/by-id/scsi-0HC_Volume_103781785",
            "location": "hel1",
            "name": "spm-tenant-demo-volume",
            "server_id": 111260248,
            "size": 50
          },
          "sensitive_attributes": [],
          "private": "bnVsbA==",
          "dependencies": [
            "module.infrastructure.data.hcloud_server_type.selected",
            "module.infrastructure.data.hcloud_server_types.all",
            "module.infrastructure.hcloud_server.tenant_server",
            "module.infrastructure.hcloud_ssh_key.ssh_key",
            "module.infrastructure.tls_private_key.ssh_key"
          ]
        }
      ]
    },
    {
      "module": "module.infrastructure",
      "mode": "managed",
      "type": "tls_private_key",
      "name": "ssh_key",
      "provider": "provider[\"registry.terraform.io/hashicorp/tls\"]",
      "instances": [
        {
          "schema_version": 1,
          "attributes": {
            "algorithm": "RSA",
            "ecdsa_curve": "P224",
            "id": "ccfc9555a0daced3011621cb28ddb1d9b7c602ac",
            "private_key_openssh": "-----BEGIN OPENSSH PRIVATE KEY-----\nb3BlbnNzaC1rZXktdjEAAAAABG5vbmUAAAAEbm9uZQAAAAAAAAABAAACFwAAAAdz\nc2gtcnNhAAAAAwEAAQAAAgEApw1YNcsGA1wedkKHarT9ll2AIgZTIFbasM2+zKmd\n/09OniNw39kscBjVjXP5JjeFuaSssdx7BeNDDsMiY1w7QpGpSps7/6yFl2wt8Wbo\nTQHCeHBsFcbZf5PXhIRS/T2le4UG7riKrvJqyeu1VYJfZvyOBfOCJSE6+dYnPE5G\ndrsXGxhUTEW01Q4ljc67tcADaIJhLJ14oEXzIEl7BrPmwuNgnmymfUwG57yAG+RJ\no6Ny2WKjZ9cFUU9Wxaa9bDG8r8vQQyKrcMiRjCy4nifcq414+vnAUMD+TpYdIEAI\nM0OgmSyhSjBeGrwJzWRyv63M8zaPy1B21JeBb65tsW2HmNUh8W47bxze9VTx3Lsa\ncw3sxUED40jqGrdrpbz7nZ7DPre0jwpWvuefxtRFaw6i+IHY4KJAHKBVbnnac/Y+\nFFj5/bslFLEPNx9j1TE46+fsx68omJYrAkaZjGXKUZbPt2mktLJTnWxlM9frDYRV\nU+Qh+kEee2xVSQO8IIvYTFsKZqdhkynv7jbygpzRC5drGts5EH+TQCNvuCw98Ru9\n9vOCjdhaerDR9iHSfN3/OoqhLFeyGz1AUMUYzjtkgpyzYH6y5obzpYn8Vam2O5Ck\nnUms2ETAtWq3VRIWbKA2xHSl53ykYDIL6TbnKRcgxTNtPFS2eoL9tVDUN1Aa49cY\nJiEAAAc4MDXohDA16IQAAAAHc3NoLXJzYQAAAgEApw1YNcsGA1wedkKHarT9ll2A\nIgZTIFbasM2+zKmd/09OniNw39kscBjVjXP5JjeFuaSssdx7BeNDDsMiY1w7QpGp\nSps7/6yFl2wt8WboTQHCeHBsFcbZf5PXhIRS/T2le4UG7riKrvJqyeu1VYJfZvyO\nBfOCJSE6+dYnPE5GdrsXGxhUTEW01Q4ljc67tcADaIJhLJ14oEXzIEl7BrPmwuNg\nnmymfUwG57yAG+RJo6Ny2WKjZ9cFUU9Wxaa9bDG8r8vQQyKrcMiRjCy4nifcq414\n+vnAUMD+TpYdIEAIM0OgmSyhSjBeGrwJzWRyv63M8zaPy1B21JeBb65tsW2HmNUh\n8W47bxze9VTx3Lsacw3sxUED40jqGrdrpbz7nZ7DPre0jwpWvuefxtRFaw6i+IHY\n4KJAHKBVbnnac/Y+FFj5/bslFLEPNx9j1TE46+fsx68omJYrAkaZjGXKUZbPt2mk\ntLJTnWxlM9frDYRVU+Qh+kEee2xVSQO8IIvYTFsKZqdhkynv7jbygpzRC5drGts5\nEH+TQCNvuCw98Ru99vOCjdhaerDR9iHSfN3/OoqhLFeyGz1AUMUYzjtkgpyzYH6y\n5obzpYn8Vam2O5CknUms2ETAtWq3VRIWbKA2xHSl53ykYDIL6TbnKRcgxTNtPFS2\neoL9tVDUN1Aa49cYJiEAAAADAQABAAACAALUMbXG/m8DAcfNRn1oy1jPFGj3GBQm\njmFjOY9+EZUxzM42Ic6jnwpWrFKe97WVR/4h3xQLvJhX3fJHfQsHVEBTRsVy+aYR\nsAk1eXVyoX1Q2eAH4NexUGx19qbJhh2AXE+aPAjhvoT6CVOKKp3kJV0RSq8ofZAn\nBvh1P0C43136OvjgLYjFXyuit8F2ElUQh2o/F3nNwJ2/s39c6TC+zgoHt1KVetAJ\nQB5vYXC/ed0D2wF6B3P+JtqWtCyoj0GAWd50/k3Nve8c8WSJGxcADC9KR/XBkhd3\n/jJ63atGtFDYbMU9RY2z4hsUKzsTf/M1pHBrsI2QCzQcTPKFBtnj5cF6eY5cZZ7j\nxpZJclWXSLxF0b2YhwOQ1Sd+FMrqw9m70RAxfeRJMrurAS2o+4pKgeNOtQAvP/tn\np8RJwSWF2K7UiR647tHJb9BQp3NUTUCv+0Glg31tVA/e/SW2r+tTGr1Ao+G59Vtp\nKq+4YEvU8sftoq8hiodo00w1nUDUqcSjneTGGS3YvEkAZjaNsVJdFyXf361Nu0M5\n554Djb+tYyjT1uOBrK9W4bdBxLw7X2onvTSMJJxWvrTOoZhlvYharnVenXvR8Slu\nrIrRWP1njLFybQ0WcY4mtWWD+I2ab9KxT8LWiJ6ACFW43t0HR773HcFH8T2EnfPs\njpJjcs+1NocBAAABAGdNd5qsT7qn5S+kTvI2aucaVEkjoSPoWl5+WVhUH5U2uKVo\n5EjBAxtGlwO57xrz68k3uoSfzWampdxw2URhETDChFki+/z1E2VPV4qaEw3upiE7\nQSHCp5I1HRADKKxLQUwNAtI1F+HaKGvGoHhH2P/ZVPuXXvoYXft2YjW9rz17hto8\nv74prPPVWCdQH1QSut/UymLb2zm7ihGKhfwfcMsIucyj08HLTKjOUyiGvSELPUQt\nk9e8nRm/QIXaNY0f6R0Dhe3mwgv2BTTyr/mNTjt2ebSRV2Z0cazBQF5gf/lEq7ZS\nP4qWPQdGI5K0L2FX/8WxcKvMKKwcRCvZyP4qljQAAAEBAMJrP0QtyBSWcdZsP/1t\nNzdEw6b1UJAkFQPciii6CAWJ7QRkXiIqzJ8SOcG8Oo2g2z8TI4xk2y2AqCQwKRN5\nrtooCXhYPqkAz6PwcWdcF9+k2A+mF3I8ktJuLL8PEjOyBIipB60XKqETY4oelPCy\n6+e8zT7sXxXWrloZHR2sDCx5+7L9Zc8NwzSwZsK3J1Bow0SascLuYGMvh9S/BFKO\nuqQclAiH41U7UXUkdkewPFTyjdRWl6qAQGWe1hcjiTJszFpD+ydCJsMX1qHekK4K\n5GXwYBbt50UzkZgSYUGkIAzyGMSu88NJRZ8cHpwmleVxaQxTt6lw32ekwc84M0z9\nE4EAAAEBANv3BME7j8mW+Fl1AoLPOt/WM/hYvaIEJ+4reSj2QbJ4rcwIbpcdoe0+\nQ36z257368oEk+zUt8sqtlO4NoCDGuU8CA63gY/L6c21rqtLXV70IVPnuXOD0exu\nOJr62h4lPjAWEzcSAayTKZoTEMqB+3mjJmlPuEop4flp73QW/PuQbbl7AwDrtwam\nLDGNvzeubgQWm+KswWEbV/3vd54Z8zPbBL1W3NTkvHdIFYbkWFoEEugQ4dIWZPrM\nGHHGYWIhUFKooW64SSQPY2Pdx5+N1EEOkfyDgVDiTQPeSLN2Ob883OFJicAYUTmw\nZJ/oWieKcjKKEhMQz/gJIx7y8dA34qEAAAAAAQID\n-----END OPENSSH PRIVATE KEY-----\n",
            "private_key_pem": "-----BEGIN RSA PRIVATE KEY-----\nMIIJKAIBAAKCAgEApw1YNcsGA1wedkKHarT9ll2AIgZTIFbasM2+zKmd/09OniNw\n39kscBjVjXP5JjeFuaSssdx7BeNDDsMiY1w7QpGpSps7/6yFl2wt8WboTQHCeHBs\nFcbZf5PXhIRS/T2le4UG7riKrvJqyeu1VYJfZvyOBfOCJSE6+dYnPE5GdrsXGxhU\nTEW01Q4ljc67tcADaIJhLJ14oEXzIEl7BrPmwuNgnmymfUwG57yAG+RJo6Ny2WKj\nZ9cFUU9Wxaa9bDG8r8vQQyKrcMiRjCy4nifcq414+vnAUMD+TpYdIEAIM0OgmSyh\nSjBeGrwJzWRyv63M8zaPy1B21JeBb65tsW2HmNUh8W47bxze9VTx3Lsacw3sxUED\n40jqGrdrpbz7nZ7DPre0jwpWvuefxtRFaw6i+IHY4KJAHKBVbnnac/Y+FFj5/bsl\nFLEPNx9j1TE46+fsx68omJYrAkaZjGXKUZbPt2mktLJTnWxlM9frDYRVU+Qh+kEe\ne2xVSQO8IIvYTFsKZqdhkynv7jbygpzRC5drGts5EH+TQCNvuCw98Ru99vOCjdha\nerDR9iHSfN3/OoqhLFeyGz1AUMUYzjtkgpyzYH6y5obzpYn8Vam2O5CknUms2ETA\ntWq3VRIWbKA2xHSl53ykYDIL6TbnKRcgxTNtPFS2eoL9tVDUN1Aa49cYJiECAwEA\nAQKCAgAC1DG1xv5vAwHHzUZ9aMtYzxRo9xgUJo5hYzmPfhGVMczONiHOo58KVqxS\nnve1lUf+Id8UC7yYV93yR30LB1RAU0bFcvmmEbAJNXl1cqF9UNngB+DXsVBsdfam\nyYYdgFxPmjwI4b6E+glTiiqd5CVdEUqvKH2QJwb4dT9AuN9d+jr44C2IxV8rorfB\ndhJVEIdqPxd5zcCdv7N/XOkwvs4KB7dSlXrQCUAeb2Fwv3ndA9sBegdz/ibalrQs\nqI9BgFnedP5Nzb3vHPFkiRsXAAwvSkf1wZIXd/4yet2rRrRQ2GzFPUWNs+IbFCs7\nE3/zNaRwa7CNkAs0HEzyhQbZ4+XBenmOXGWe48aWSXJVl0i8RdG9mIcDkNUnfhTK\n6sPZu9EQMX3kSTK7qwEtqPuKSoHjTrUALz/7Z6fEScElhdiu1IkeuO7RyW/QUKdz\nVE1Ar/tBpYN9bVQP3v0ltq/rUxq9QKPhufVbaSqvuGBL1PLH7aKvIYqHaNNMNZ1A\n1KnEo53kxhkt2LxJAGY2jbFSXRcl39+tTbtDOeeeA42/rWMo09bjgayvVuG3QcS8\nO19qJ700jCScVr60zqGYZb2IWq51Xp170fEpbqyK0Vj9Z4yxcm0NFnGOJrVlg/iN\nmm/SsU/C1oiegAhVuN7dB0e+9x3BR/E9hJ3z7I6SY3LPtTaHAQKCAQEAwms/RC3I\nFJZx1mw//W03N0TDpvVQkCQVA9yKKLoIBYntBGReIirMnxI5wbw6jaDbPxMjjGTb\nLYCoJDApE3mu2igJeFg+qQDPo/BxZ1wX36TYD6YXcjyS0m4svw8SM7IEiKkHrRcq\noRNjih6U8LLr57zNPuxfFdauWhkdHawMLHn7sv1lzw3DNLBmwrcnUGjDRJqxwu5g\nYy+H1L8EUo66pByUCIfjVTtRdSR2R7A8VPKN1FaXqoBAZZ7WFyOJMmzMWkP7J0Im\nwxfWod6QrgrkZfBgFu3nRTORmBJhQaQgDPIYxK7zw0lFnxwenCaV5XFpDFO3qXDf\nZ6TBzzgzTP0TgQKCAQEA2/cEwTuPyZb4WXUCgs8639Yz+Fi9ogQn7it5KPZBsnit\nzAhulx2h7T5DfrPbnvfrygST7NS3yyq2U7g2gIMa5TwIDreBj8vpzbWuq0tdXvQh\nU+e5c4PR7G44mvraHiU+MBYTNxIBrJMpmhMQyoH7eaMmaU+4Sinh+WnvdBb8+5Bt\nuXsDAOu3BqYsMY2/N65uBBab4qzBYRtX/e93nhnzM9sEvVbc1OS8d0gVhuRYWgQS\n6BDh0hZk+swYccZhYiFQUqihbrhJJA9jY93Hn43UQQ6R/IOBUOJNA95Is3Y5vzzc\n4UmJwBhRObBkn+haJ4pyMooSExDP+AkjHvLx0DfioQKCAQEAkyHQvksbWSFFw20m\nvCa0G7qJiseqEXuM/+AeGpY2zeJEogdHCfpz4opLdWd6tIYghkp4o54MFRKBrOlZ\nnKiBAA4+pHm76fB4M2walosmchTxgl5C7iwTPPcuG+VO9BprvfSVn5OhqkbfFL7y\nHnp5d2X1ugHuL7vJNNw+oZ77k4k5R4rnSlvy9+Pr0L4FHaA67qdXkdsOzOFCnWl1\n3vivHNWX3iDglTcP/WP7s2MXNX5egWyK2Pi4Q2+CO/6jrKqTuFgsMNiqNwjKYLPr\nsBsEIHVact/WHxPYwkpemeuYadOplOeGCKth6fjA3ZGB7SL3yeFtY+jM2UXhem3g\nvQnlgQKCAQBU0JyevY6l1naQV9POCIXVBU0ot173d87FwTGIn9uZK3soLyAlWKG1\nTsrLsiI+262pSbaYHTV5O1DuWxt41hSqy0j4E737ak8OqL1fA0JPeKbZKYKSjgOF\nvMJKz+sGsKmX9QsXsvO+TUg/Rpa03wXOUyBefwS6ZAfkGfrgsnR9s6T7Xfk8g6ch\nAzYLLXLLz5BQNz+IWcB+5wI4wftHlQ33sr3THAkudbxN6heS2b1PiD6aCNhqH4R0\nR/os9KdcJShJlwgYHyrkoqJaQYvVc+Sh6TJVQYe9XmT/1tgFitKdcKRioe5hiX7Y\nVbGXDwqkMHf0ENUDUPo/05YdOuQOu13BAoIBAGdNd5qsT7qn5S+kTvI2aucaVEkj\noSPoWl5+WVhUH5U2uKVo5EjBAxtGlwO57xrz68k3uoSfzWampdxw2URhETDChFki\n+/z1E2VPV4qaEw3upiE7QSHCp5I1HRADKKxLQUwNAtI1F+HaKGvGoHhH2P/ZVPuX\nXvoYXft2YjW9rz17hto8v74prPPVWCdQH1QSut/UymLb2zm7ihGKhfwfcMsIucyj\n08HLTKjOUyiGvSELPUQtk9e8nRm/QIXaNY0f6R0Dhe3mwgv2BTTyr/mNTjt2ebSR\nV2Z0cazBQF5gf/lEq7ZSP4qWPQdGI5K0L2FX/8WxcKvMKKwcRCvZyP4qljQ=\n-----END RSA PRIVATE KEY-----\n",
            "private_key_pem_pkcs8": "-----BEGIN PRIVATE KEY-----\nMIIJQgIBADANBgkqhkiG9w0BAQEFAASCCSwwggkoAgEAAoICAQCnDVg1ywYDXB52\nQodqtP2WXYAiBlMgVtqwzb7MqZ3/T06eI3Df2SxwGNWNc/kmN4W5pKyx3HsF40MO\nwyJjXDtCkalKmzv/rIWXbC3xZuhNAcJ4cGwVxtl/k9eEhFL9PaV7hQbuuIqu8mrJ\n67VVgl9m/I4F84IlITr51ic8TkZ2uxcbGFRMRbTVDiWNzru1wANogmEsnXigRfMg\nSXsGs+bC42CebKZ9TAbnvIAb5Emjo3LZYqNn1wVRT1bFpr1sMbyvy9BDIqtwyJGM\nLLieJ9yrjXj6+cBQwP5Olh0gQAgzQ6CZLKFKMF4avAnNZHK/rczzNo/LUHbUl4Fv\nrm2xbYeY1SHxbjtvHN71VPHcuxpzDezFQQPjSOoat2ulvPudnsM+t7SPCla+55/G\n1EVrDqL4gdjgokAcoFVuedpz9j4UWPn9uyUUsQ83H2PVMTjr5+zHryiYlisCRpmM\nZcpRls+3aaS0slOdbGUz1+sNhFVT5CH6QR57bFVJA7wgi9hMWwpmp2GTKe/uNvKC\nnNELl2sa2zkQf5NAI2+4LD3xG73284KN2Fp6sNH2IdJ83f86iqEsV7IbPUBQxRjO\nO2SCnLNgfrLmhvOlifxVqbY7kKSdSazYRMC1ardVEhZsoDbEdKXnfKRgMgvpNucp\nFyDFM208VLZ6gv21UNQ3UBrj1xgmIQIDAQABAoICAALUMbXG/m8DAcfNRn1oy1jP\nFGj3GBQmjmFjOY9+EZUxzM42Ic6jnwpWrFKe97WVR/4h3xQLvJhX3fJHfQsHVEBT\nRsVy+aYRsAk1eXVyoX1Q2eAH4NexUGx19qbJhh2AXE+aPAjhvoT6CVOKKp3kJV0R\nSq8ofZAnBvh1P0C43136OvjgLYjFXyuit8F2ElUQh2o/F3nNwJ2/s39c6TC+zgoH\nt1KVetAJQB5vYXC/ed0D2wF6B3P+JtqWtCyoj0GAWd50/k3Nve8c8WSJGxcADC9K\nR/XBkhd3/jJ63atGtFDYbMU9RY2z4hsUKzsTf/M1pHBrsI2QCzQcTPKFBtnj5cF6\neY5cZZ7jxpZJclWXSLxF0b2YhwOQ1Sd+FMrqw9m70RAxfeRJMrurAS2o+4pKgeNO\ntQAvP/tnp8RJwSWF2K7UiR647tHJb9BQp3NUTUCv+0Glg31tVA/e/SW2r+tTGr1A\no+G59VtpKq+4YEvU8sftoq8hiodo00w1nUDUqcSjneTGGS3YvEkAZjaNsVJdFyXf\n361Nu0M5554Djb+tYyjT1uOBrK9W4bdBxLw7X2onvTSMJJxWvrTOoZhlvYharnVe\nnXvR8SlurIrRWP1njLFybQ0WcY4mtWWD+I2ab9KxT8LWiJ6ACFW43t0HR773HcFH\n8T2EnfPsjpJjcs+1NocBAoIBAQDCaz9ELcgUlnHWbD/9bTc3RMOm9VCQJBUD3Ioo\nuggFie0EZF4iKsyfEjnBvDqNoNs/EyOMZNstgKgkMCkTea7aKAl4WD6pAM+j8HFn\nXBffpNgPphdyPJLSbiy/DxIzsgSIqQetFyqhE2OKHpTwsuvnvM0+7F8V1q5aGR0d\nrAwsefuy/WXPDcM0sGbCtydQaMNEmrHC7mBjL4fUvwRSjrqkHJQIh+NVO1F1JHZH\nsDxU8o3UVpeqgEBlntYXI4kybMxaQ/snQibDF9ah3pCuCuRl8GAW7edFM5GYEmFB\npCAM8hjErvPDSUWfHB6cJpXlcWkMU7epcN9npMHPODNM/ROBAoIBAQDb9wTBO4/J\nlvhZdQKCzzrf1jP4WL2iBCfuK3ko9kGyeK3MCG6XHaHtPkN+s9ue9+vKBJPs1LfL\nKrZTuDaAgxrlPAgOt4GPy+nNta6rS11e9CFT57lzg9Hsbjia+toeJT4wFhM3EgGs\nkymaExDKgft5oyZpT7hKKeH5ae90Fvz7kG25ewMA67cGpiwxjb83rm4EFpvirMFh\nG1f973eeGfMz2wS9VtzU5Lx3SBWG5FhaBBLoEOHSFmT6zBhxxmFiIVBSqKFuuEkk\nD2Nj3cefjdRBDpH8g4FQ4k0D3kizdjm/PNzhSYnAGFE5sGSf6FoninIyihITEM/4\nCSMe8vHQN+KhAoIBAQCTIdC+SxtZIUXDbSa8JrQbuomKx6oRe4z/4B4aljbN4kSi\nB0cJ+nPiikt1Z3q0hiCGSnijngwVEoGs6VmcqIEADj6kebvp8HgzbBqWiyZyFPGC\nXkLuLBM89y4b5U70Gmu99JWfk6GqRt8UvvIeenl3ZfW6Ae4vu8k03D6hnvuTiTlH\niudKW/L34+vQvgUdoDrup1eR2w7M4UKdaXXe+K8c1ZfeIOCVNw/9Y/uzYxc1fl6B\nbIrY+LhDb4I7/qOsqpO4WCww2Ko3CMpgs+uwGwQgdVpy39YfE9jCSl6Z65hp06mU\n54YIq2Hp+MDdkYHtIvfJ4W1j6MzZReF6beC9CeWBAoIBAFTQnJ69jqXWdpBX084I\nhdUFTSi3Xvd3zsXBMYif25kreygvICVYobVOysuyIj7bralJtpgdNXk7UO5bG3jW\nFKrLSPgTvftqTw6ovV8DQk94ptkpgpKOA4W8wkrP6wawqZf1Cxey875NSD9GlrTf\nBc5TIF5/BLpkB+QZ+uCydH2zpPtd+TyDpyEDNgstcsvPkFA3P4hZwH7nAjjB+0eV\nDfeyvdMcCS51vE3qF5LZvU+IPpoI2GofhHRH+iz0p1wlKEmXCBgfKuSiolpBi9Vz\n5KHpMlVBh71eZP/W2AWK0p1wpGKh7mGJfthVsZcPCqQwd/QQ1QNQ+j/Tlh065A67\nXcECggEAZ013mqxPuqflL6RO8jZq5xpUSSOhI+haXn5ZWFQflTa4pWjkSMEDG0aX\nA7nvGvPryTe6hJ/NZqal3HDZRGERMMKEWSL7/PUTZU9XipoTDe6mITtBIcKnkjUd\nEAMorEtBTA0C0jUX4dooa8ageEfY/9lU+5de+hhd+3ZiNb2vPXuG2jy/vims89VY\nJ1AfVBK639TKYtvbObuKEYqF/B9wywi5zKPTwctMqM5TKIa9IQs9RC2T17ydGb9A\nhdo1jR/pHQOF7ebCC/YFNPKv+Y1OO3Z5tJFXZnRxrMFAXmB/+USrtlI/ipY9B0Yj\nkrQvYVf/xbFwq8worBxEK9nI/iqWNA==\n-----END PRIVATE KEY-----\n",
            "public_key_fingerprint_md5": "84:c0:02:1e:b6:b0:91:00:5f:bc:f5:a6:84:ba:5f:78",
            "public_key_fingerprint_sha256": "SHA256:/TIYWQCQHRDNJ4CykcN/bHIAbUzv2udfr8Nnkah1Mwg",
            "public_key_openssh": "ssh-rsa AAAAB3NzaC1yc2EAAAADAQABAAACAQCnDVg1ywYDXB52QodqtP2WXYAiBlMgVtqwzb7MqZ3/T06eI3Df2SxwGNWNc/kmN4W5pKyx3HsF40MOwyJjXDtCkalKmzv/rIWXbC3xZuhNAcJ4cGwVxtl/k9eEhFL9PaV7hQbuuIqu8mrJ67VVgl9m/I4F84IlITr51ic8TkZ2uxcbGFRMRbTVDiWNzru1wANogmEsnXigRfMgSXsGs+bC42CebKZ9TAbnvIAb5Emjo3LZYqNn1wVRT1bFpr1sMbyvy9BDIqtwyJGMLLieJ9yrjXj6+cBQwP5Olh0gQAgzQ6CZLKFKMF4avAnNZHK/rczzNo/LUHbUl4Fvrm2xbYeY1SHxbjtvHN71VPHcuxpzDezFQQPjSOoat2ulvPudnsM+t7SPCla+55/G1EVrDqL4gdjgokAcoFVuedpz9j4UWPn9uyUUsQ83H2PVMTjr5+zHryiYlisCRpmMZcpRls+3aaS0slOdbGUz1+sNhFVT5CH6QR57bFVJA7wgi9hMWwpmp2GTKe/uNvKCnNELl2sa2zkQf5NAI2+4LD3xG73284KN2Fp6sNH2IdJ83f86iqEsV7IbPUBQxRjOO2SCnLNgfrLmhvOlifxVqbY7kKSdSazYRMC1ardVEhZsoDbEdKXnfKRgMgvpNucpFyDFM208VLZ6gv21UNQ3UBrj1xgmIQ==\n",
            "public_key_pem": "-----BEGIN PUBLIC KEY-----\nMIICIjANBgkqhkiG9w0BAQEFAAOCAg8AMIICCgKCAgEApw1YNcsGA1wedkKHarT9\nll2AIgZTIFbasM2+zKmd/09OniNw39kscBjVjXP5JjeFuaSssdx7BeNDDsMiY1w7\nQpGpSps7/6yFl2wt8WboTQHCeHBsFcbZf5PXhIRS/T2le4UG7riKrvJqyeu1VYJf\nZvyOBfOCJSE6+dYnPE5GdrsXGxhUTEW01Q4ljc67tcADaIJhLJ14oEXzIEl7BrPm\nwuNgnmymfUwG57yAG+RJo6Ny2WKjZ9cFUU9Wxaa9bDG8r8vQQyKrcMiRjCy4nifc\nq414+vnAUMD+TpYdIEAIM0OgmSyhSjBeGrwJzWRyv63M8zaPy1B21JeBb65tsW2H\nmNUh8W47bxze9VTx3Lsacw3sxUED40jqGrdrpbz7nZ7DPre0jwpWvuefxtRFaw6i\n+IHY4KJAHKBVbnnac/Y+FFj5/bslFLEPNx9j1TE46+fsx68omJYrAkaZjGXKUZbP\nt2mktLJTnWxlM9frDYRVU+Qh+kEee2xVSQO8IIvYTFsKZqdhkynv7jbygpzRC5dr\nGts5EH+TQCNvuCw98Ru99vOCjdhaerDR9iHSfN3/OoqhLFeyGz1AUMUYzjtkgpyz\nYH6y5obzpYn8Vam2O5CknUms2ETAtWq3VRIWbKA2xHSl53ykYDIL6TbnKRcgxTNt\nPFS2eoL9tVDUN1Aa49cYJiECAwEAAQ==\n-----END PUBLIC KEY-----\n",
            "rsa_bits": 4096
          },
          "sensitive_attributes": []
        }
      ]
    }
  ],
  "check_results": null
}
