{
  "version": 4,
  "terraform_version": "1.5.0",
  "serial": 487,
  "lineage": "2bdfdec5-8c30-28c5-2bba-a5d893c95ad2",
  "outputs": {
    "tenant_host": {
      "value": "157.180.88.232",
      "type": "string"
    },
    "tenant_name": {
      "value": "demo",
      "type": "string"
    },
    "tenant_ssh_private_key": {
      "value": "-----BEGIN RSA PRIVATE KEY-----\nMIIJJgIBAAKCAgEA1V2y1divLtWBwhKdF8ph34fKVuSBfULMMdfJc0pwSDXNYIid\nLDAzRlsAbb+Za7YVnMV7wSTTIEC/guCOcCAQZtFVCKd72ZpBiBkl/Kwd/QSbPU9F\nIajvB0UHmRn5Nkyhi4JYG4VQdhloTGcjqtFYRzTZxa8dTM2wSZ9LkmRtQwS5L/iy\nroesVmZGR0Em+cPhu+3TLPjCo463uFX1IfZlUpqxykcUsPDAyeZioQULbo3jHgKv\n3m1nxZW+LA9c6lyUj26BpzawNW+3kVSMSpL/A1ct+aW7R8HmyvofMFwSPV7WWKI4\nxZnVBCeShQwiOS8l8O6/trU49CI/L/+kM3RUWEiL0xdLf17Q8KetOBQgIpkNBs20\nU/9FM25xiFp3YwhcaDJhe8/grDRRq5Z7VvTn/GYzTcmMaUVoQe/rhWCuRTZqdSTI\n7wZBbgT9pjmq9m7yfAwTReWF2btb9gvhCZg1/6LZcTT3uFIKtl4YT5EKTyLia7bL\nsqM3DDwoBgJkDnRwnY19K5EZYNqmbG1FgczEtYIqdJVI8Pn7PBakn0D47zL8Sh7Z\nVqDRbHSL2WXVfoLF7EsSKQhQ1mxv2o0Ppc3EFRibnSVKxFEmOtM2eCN1DpfFeG0B\nM1n0Buxn8Tj3xpyb3kOG9Kc5crxmWPN0qMCBVkOxWRBHeoBlnRT10TODKOkCAwEA\nAQKCAgA1WUzGaHwA71SW9HWABdPsArVmfZMdAU8yJTzTDWk+vOkhunbmHhUsAcP9\nLPuM8YW84an8VJtPhLD95eznfzTqqGulEs+GTKoXAAa+A0EqSvUP4tqrvGQrwqhQ\nMSzdVVLNIaWrF+3S4a5w8Bb8doSmpUHQSmU+l219Mw2/yEmDiNJO+tWeiwDdx4vJ\n9DHtIHu4NBJpu7dbEuu/9QoqWEPkYBaVN6mmRkRGF0tQ7IR7u5FupwhXSq64OiVH\nOf4nAUgKBvz3FNcBPXI+LdA4M0H9EVbHBZfqrMJqvRiATH0pCCX7GnCsg7a957Ec\ngDisaKwJboDUC8L2U/vNohNp5CvUREtx/eTEGpkmlFtGkwjw9JoeXfggCsdPTkjP\nRx+cgDDnb6FAXOy2/2ACSvGeV0pkMoQxwFquDCfxtA232FMr2xEDvRogGAjP8ukb\nx32mriVYdZihZGQ8f3sgry0KPvETKqoEnFPvdD9D0Xe9Is7Ud6EvHBTJIE/7vgxy\nEacis+m+l0gs4yKMPphM1vk1C6JeegKLyQQpmwx6p4NMUq0dXWZiaNCLbyrEGKtG\nboRhsHFDi3KOY9Rr1/gVQECnQidrNZ56MtkIGfGv7XA4MeHl8+En8/7HjQjpMiAV\ngAWzAZamVsVwVU48Wr5viSEIKccUV8PTmpAqd4a3hXgi+RJvUwKCAQEA6P4t47cC\nYoAPKtvzBTMbSLWLPC6ARIXfIqAxdWOuzJtJxPf+NonRdo4/qmNgbBj/OIG4ye7G\nTMiNNWBfQm0JYvAMsjsMGiaeXyDGTJnmhMcrCsV3C6jHzAMd1y2vFGr3NWKCL5Yn\nTcQVSD5luG1dINhPEzvf9K0PvTdl7wCZkHSL0U35DG3Swt7G/6yjxVKXorF3CW9X\nOuoNr+S9TwFG44twN5004DEygBprxC0p7KwYIctrg4MfKdIH3cTLfNPnbLqKQFeR\ntpJIQHCf/pWPcZCp9G1krxiPki7wxy51KITiQqk4JDigHbjlOtH/jviI81c2S8ED\nawoy5cBDw9Y7hwKCAQEA6m9fPPUXONV/mJzDYr+xH4kXwRIANWUhe20EkI9y5xjO\nfmYTwsTswLNH4bC5bY8fuLaVu2STl+GEuG2Lrh2Mf2A2QAxnMkxxxqNdacR4OOgj\nNVNqrbBIIFxtZ6h3QL5efSWVGYKYmT/vFd+vNLd73tDh6st1hckjz0a8PeT6aJMZ\n0cNKDoJuLnSU7yWedJAyQSkVfKpnGjNIQcWEYbmKkos7op7+5SP/wPnz5T5v5bzn\n16mGT2qOcKZReP9bOKxq3VZlCnDP5ofTj3tihQ9d8GR5R0zNQae6c3TlmmjvGsfZ\nYojPaUmNI3kapdsf0amTjTsUgYYA+zOzi5lPxT/0DwKCAQEAuulGKRrkt95hzJE8\nqRwxtCentjTbw5zdv6phYvn//bZJ/NCxyFDRj9lX67njXXTEMjGm66A4xtpQpdRV\nNzW/xPYsSUMjV0tJ26iwTD1ed4BL4E0/TkQtXFXXt4q3nJqfDN2k8MX1a+Z06Ere\nUZCymCnPbe+nn2LCcJojlROXHhLRI6z4sWbdIGWVoQB/NUonyWWyyAfhI6smJchL\nsjilBOAUuxjLlVsCV1BaybstmecJSPsmmg8zjdonY1p/n/li+4++XxWhGKTLf56a\nS6LxuzpBjYvArNL4Ql6T3EZByKqp1K5qEmy2zoFIq+JRsQFi5Ew/i5AgzNsWr8eI\n1W9kuwKCAQBjuTiED6XvMTJz0styaCSKS6DlKikYjYpunHNCoyK3l1/PeNCTG32y\ngxDiunBGYImX42NSMXhvNSll4oN2b29ih6TMHfqP9OC5JKkJ4t9ZJbZEatWISOKF\nkYugepMv4UsEZUZFcb5EAmRLo7k97YctwyE25ZF6dZNcCrTsh0jVzy0+g5ovDeCc\ntk7cY95Bq00VVsqjG0F8bbAg+kpT379Ikx2tEYFQK74RcsIDFEo5KeBdZumRQryQ\nws8Jb2Z4dy+GM8gLZu2pHMIr2MqR23WUWskUQWFWumif0GwTAOwlMjoQpi3EldsJ\n6ewh/VJNt5riiu0wI7arJNUNXwwF1iyVAoH/R+3hkcmIqyGK/9xma4E+xsztjDKO\njn+gp8fqUPVkMFxZARcTNArhPlIQquMkshO0o56UUnmd8OmeMHXFlR5rIi4fMIMS\nMtueGaJwQ5HEz4ropvKHzm27W+mp8XbxcK3rUIxYh3LZ/lBrN/P3PK7QmHpFKPOM\nE7P301f4DVuBUfc5dy1k67mvaxULG4/3i+g9P41Myitr6VGa7grsYlSGcfiKachr\npLRjxkX30KoIp37pJPAuM5hCyjk/Ws0RXhdRkc962QWEpXC7xJjbAkSjR/0oOMEP\ngW0qRd+WaQYRFF1ZWP7yQhy8QSCNMSgpanw0yYspRnFoeMajnyCO6Enz\n-----END RSA PRIVATE KEY-----\n",
      "type": "string",
      "sensitive": true
    },
    "tenant_ssh_public_key": {
      "value": "ssh-rsa AAAAB3NzaC1yc2EAAAADAQABAAACAQDVXbLV2K8u1YHCEp0XymHfh8pW5IF9Qswx18lzSnBINc1giJ0sMDNGWwBtv5lrthWcxXvBJNMgQL+C4I5wIBBm0VUIp3vZmkGIGSX8rB39BJs9T0UhqO8HRQeZGfk2TKGLglgbhVB2GWhMZyOq0VhHNNnFrx1MzbBJn0uSZG1DBLkv+LKuh6xWZkZHQSb5w+G77dMs+MKjjre4VfUh9mVSmrHKRxSw8MDJ5mKhBQtujeMeAq/ebWfFlb4sD1zqXJSPboGnNrA1b7eRVIxKkv8DVy35pbtHwebK+h8wXBI9XtZYojjFmdUEJ5KFDCI5LyXw7r+2tTj0Ij8v/6QzdFRYSIvTF0t/XtDwp604FCAimQ0GzbRT/0UzbnGIWndjCFxoMmF7z+CsNFGrlntW9Of8ZjNNyYxpRWhB7+uFYK5FNmp1JMjvBkFuBP2mOar2bvJ8DBNF5YXZu1v2C+EJmDX/otlxNPe4Ugq2XhhPkQpPIuJrtsuyozcMPCgGAmQOdHCdjX0rkRlg2qZsbUWBzMS1gip0lUjw+fs8FqSfQPjvMvxKHtlWoNFsdIvZZdV+gsXsSxIpCFDWbG/ajQ+lzcQVGJudJUrEUSY60zZ4I3UOl8V4bQEzWfQG7GfxOPfGnJveQ4b0pzlyvGZY83SowIFWQ7FZEEd6gGWdFPXRM4Mo6Q==\n",
      "type": "string"
    }
  },
  "resources": [
    {
      "module": "module.tenant",
      "mode": "data",
      "type": "cloudflare_zone",
      "name": "openshield",
      "provider": "module.tenant.provider[\"registry.terraform.io/cloudflare/cloudflare\"]",
      "instances": [
        {
          "schema_version": 0,
          "attributes": {
            "account": {
              "id": "bca3124de7c86d659a959f06cb35043d",
              "name": "Cloudflare@cyberdef.cc's Account"
            },
            "activated_on": "2025-04-21T11:29:39Z",
            "cname_suffix": null,
            "created_on": "2025-04-21T11:00:21Z",
            "development_mode": 0,
            "filter": {
              "account": null,
              "direction": null,
              "match": null,
              "name": "openshield.io",
              "order": null,
              "status": null
            },
            "id": null,
            "meta": {
              "cdn_only": null,
              "custom_certificate_quota": 0,
              "dns_only": null,
              "foundation_dns": null,
              "page_rule_quota": 3,
              "phishing_detected": false,
              "step": 2
            },
            "modified_on": "2025-04-21T11:29:39Z",
            "name": "openshield.io",
            "name_servers": [
              "kiki.ns.cloudflare.com",
              "lloyd.ns.cloudflare.com"
            ],
            "original_dnshost": null,
            "original_name_servers": [
              "dns1.registrar-servers.com",
              "dns2.registrar-servers.com"
            ],
            "original_registrar": "namecheap, inc. (id: 1068)",
            "owner": {
              "id": null,
              "name": null,
              "type": "user"
            },
            "paused": false,
            "permissions": [
              "#dns_records:edit",
              "#dns_records:read",
              "#zone:read"
            ],
            "plan": {
              "can_subscribe": false,
              "currency": "USD",
              "externally_managed": false,
              "frequency": "",
              "id": "0feeeeeeeeeeeeeeeeeeeeeeeeeeeeee",
              "is_subscribed": false,
              "legacy_discount": false,
              "legacy_id": "free",
              "name": "Free Website",
              "price": 0
            },
            "status": "active",
            "tenant": {
              "id": null,
              "name": null
            },
            "tenant_unit": {
              "id": null
            },
            "type": "full",
            "vanity_name_servers": [],
            "verification_key": null,
            "zone_id": "f92c4f6137dffe0e40aa658cc70e3fa8"
          },
          "sensitive_attributes": []
        }
      ]
    },
    {
      "module": "module.tenant",
      "mode": "data",
      "type": "hcloud_server_type",
      "name": "selected",
      "provider": "module.tenant.provider[\"registry.terraform.io/hetznercloud/hcloud\"]",
      "instances": [
        {
          "index_key": "cpx21",
          "schema_version": 0,
          "attributes": {
            "architecture": "x86",
            "category": "regular_purpose",
            "cores": 3,
            "cpu_type": "shared",
            "deprecation_announced": "",
            "description": "CPX 21",
            "disk": 80,
            "id": 23,
            "included_traffic": 0,
            "is_deprecated": false,
            "locations": [
              {
                "deprecation_announced": "2025-10-16T06:00:00Z",
                "id": 1,
                "is_deprecated": true,
                "name": "fsn1",
                "unavailable_after": "2025-12-31T23:59:59Z"
              },
              {
                "deprecation_announced": "2025-10-16T06:00:00Z",
                "id": 2,
                "is_deprecated": true,
                "name": "nbg1",
                "unavailable_after": "2025-12-31T23:59:59Z"
              },
              {
                "deprecation_announced": "2025-10-16T06:00:00Z",
                "id": 3,
                "is_deprecated": true,
                "name": "hel1",
                "unavailable_after": "2025-12-31T23:59:59Z"
              },
              {
                "deprecation_announced": "",
                "id": 4,
                "is_deprecated": false,
                "name": "ash",
                "unavailable_after": ""
              },
              {
                "deprecation_announced": "",
                "id": 5,
                "is_deprecated": false,
                "name": "hil",
                "unavailable_after": ""
              },
              {
                "deprecation_announced": "2025-10-16T06:00:00Z",
                "id": 6,
                "is_deprecated": true,
                "name": "sin",
                "unavailable_after": "2025-12-31T23:59:59Z"
              }
            ],
            "memory": 4,
            "name": "cpx21",
            "storage_type": "local",
            "unavailable_after": ""
          },
          "sensitive_attributes": []
        },
        {
          "index_key": "cpx22",
          "schema_version": 0,
          "attributes": {
            "architecture": "x86",
            "category": "regular_purpose",
            "cores": 2,
            "cpu_type": "shared",
            "deprecation_announced": "",
            "description": "CPX 22",
            "disk": 80,
            "id": 109,
            "included_traffic": 0,
            "is_deprecated": false,
            "locations": [
              {
                "deprecation_announced": "",
                "id": 1,
                "is_deprecated": false,
                "name": "fsn1",
                "unavailable_after": ""
              },
              {
                "deprecation_announced": "",
                "id": 2,
                "is_deprecated": false,
                "name": "nbg1",
                "unavailable_after": ""
              },
              {
                "deprecation_announced": "",
                "id": 3,
                "is_deprecated": false,
                "name": "hel1",
                "unavailable_after": ""
              },
              {
                "deprecation_announced": "",
                "id": 6,
                "is_deprecated": false,
                "name": "sin",
                "unavailable_after": ""
              }
            ],
            "memory": 4,
            "name": "cpx22",
            "storage_type": "local",
            "unavailable_after": ""
          },
          "sensitive_attributes": []
        },
        {
          "index_key": "cpx31",
          "schema_version": 0,
          "attributes": {
            "architecture": "x86",
            "category": "regular_purpose",
            "cores": 4,
            "cpu_type": "shared",
            "deprecation_announced": "",
            "description": "CPX 31",
            "disk": 160,
            "id": 24,
            "included_traffic": 0,
            "is_deprecated": false,
            "locations": [
              {
                "deprecation_announced": "2025-10-16T06:00:00Z",
                "id": 1,
                "is_deprecated": true,
                "name": "fsn1",
                "unavailable_after": "2025-12-31T23:59:59Z"
              },
              {
                "deprecation_announced": "2025-10-16T06:00:00Z",
                "id": 2,
                "is_deprecated": true,
                "name": "nbg1",
                "unavailable_after": "2025-12-31T23:59:59Z"
              },
              {
                "deprecation_announced": "2025-10-16T06:00:00Z",
                "id": 3,
                "is_deprecated": true,
                "name": "hel1",
                "unavailable_after": "2025-12-31T23:59:59Z"
              },
              {
                "deprecation_announced": "",
                "id": 4,
                "is_deprecated": false,
                "name": "ash",
                "unavailable_after": ""
              },
              {
                "deprecation_announced": "",
                "id": 5,
                "is_deprecated": false,
                "name": "hil",
                "unavailable_after": ""
              },
              {
                "deprecation_announced": "2025-10-16T06:00:00Z",
                "id": 6,
                "is_deprecated": true,
                "name": "sin",
                "unavailable_after": "2025-12-31T23:59:59Z"
              }
            ],
            "memory": 8,
            "name": "cpx31",
            "storage_type": "local",
            "unavailable_after": ""
          },
          "sensitive_attributes": []
        },
        {
          "index_key": "cpx32",
          "schema_version": 0,
          "attributes": {
            "architecture": "x86",
            "category": "regular_purpose",
            "cores": 4,
            "cpu_type": "shared",
            "deprecation_announced": "",
            "description": "CPX 32",
            "disk": 160,
            "id": 110,
            "included_traffic": 0,
            "is_deprecated": false,
            "locations": [
              {
                "deprecation_announced": "",
                "id": 1,
                "is_deprecated": false,
                "name": "fsn1",
                "unavailable_after": ""
              },
              {
                "deprecation_announced": "",
                "id": 2,
                "is_deprecated": false,
                "name": "nbg1",
                "unavailable_after": ""
              },
              {
                "deprecation_announced": "",
                "id": 3,
                "is_deprecated": false,
                "name": "hel1",
                "unavailable_after": ""
              },
              {
                "deprecation_announced": "",
                "id": 6,
                "is_deprecated": false,
                "name": "sin",
                "unavailable_after": ""
              }
            ],
            "memory": 8,
            "name": "cpx32",
            "storage_type": "local",
            "unavailable_after": ""
          },
          "sensitive_attributes": []
        },
        {
          "index_key": "cpx41",
          "schema_version": 0,
          "attributes": {
            "architecture": "x86",
            "category": "regular_purpose",
            "cores": 8,
            "cpu_type": "shared",
            "deprecation_announced": "",
            "description": "CPX 41",
            "disk": 240,
            "id": 25,
            "included_traffic": 0,
            "is_deprecated": false,
            "locations": [
              {
                "deprecation_announced": "2025-10-16T06:00:00Z",
                "id": 1,
                "is_deprecated": true,
                "name": "fsn1",
                "unavailable_after": "2025-12-31T23:59:59Z"
              },
              {
                "deprecation_announced": "2025-10-16T06:00:00Z",
                "id": 2,
                "is_deprecated": true,
                "name": "nbg1",
                "unavailable_after": "2025-12-31T23:59:59Z"
              },
              {
                "deprecation_announced": "2025-10-16T06:00:00Z",
                "id": 3,
                "is_deprecated": true,
                "name": "hel1",
                "unavailable_after": "2025-12-31T23:59:59Z"
              },
              {
                "deprecation_announced": "",
                "id": 4,
                "is_deprecated": false,
                "name": "ash",
                "unavailable_after": ""
              },
              {
                "deprecation_announced": "",
                "id": 5,
                "is_deprecated": false,
                "name": "hil",
                "unavailable_after": ""
              },
              {
                "deprecation_announced": "2025-10-16T06:00:00Z",
                "id": 6,
                "is_deprecated": true,
                "name": "sin",
                "unavailable_after": "2025-12-31T23:59:59Z"
              }
            ],
            "memory": 16,
            "name": "cpx41",
            "storage_type": "local",
            "unavailable_after": ""
          },
          "sensitive_attributes": []
        },
        {
          "index_key": "cpx42",
          "schema_version": 0,
          "attributes": {
            "architecture": "x86",
            "category": "regular_purpose",
            "cores": 8,
            "cpu_type": "shared",
            "deprecation_announced": "",
            "description": "CPX 42",
            "disk": 320,
            "id": 111,
            "included_traffic": 0,
            "is_deprecated": false,
            "locations": [
              {
                "deprecation_announced": "",
                "id": 1,
                "is_deprecated": false,
                "name": "fsn1",
                "unavailable_after": ""
              },
              {
                "deprecation_announced": "",
                "id": 2,
                "is_deprecated": false,
                "name": "nbg1",
                "unavailable_after": ""
              },
              {
                "deprecation_announced": "",
                "id": 3,
                "is_deprecated": false,
                "name": "hel1",
                "unavailable_after": ""
              },
              {
                "deprecation_announced": "",
                "id": 6,
                "is_deprecated": false,
                "name": "sin",
                "unavailable_after": ""
              }
            ],
            "memory": 16,
            "name": "cpx42",
            "storage_type": "local",
            "unavailable_after": ""
          },
          "sensitive_attributes": []
        },
        {
          "index_key": "cpx51",
          "schema_version": 0,
          "attributes": {
            "architecture": "x86",
            "category": "regular_purpose",
            "cores": 16,
            "cpu_type": "shared",
            "deprecation_announced": "",
            "description": "CPX 51",
            "disk": 360,
            "id": 26,
            "included_traffic": 0,
            "is_deprecated": false,
            "locations": [
              {
                "deprecation_announced": "2025-10-16T06:00:00Z",
                "id": 1,
                "is_deprecated": true,
                "name": "fsn1",
                "unavailable_after": "2025-12-31T23:59:59Z"
              },
              {
                "deprecation_announced": "2025-10-16T06:00:00Z",
                "id": 2,
                "is_deprecated": true,
                "name": "nbg1",
                "unavailable_after": "2025-12-31T23:59:59Z"
              },
              {
                "deprecation_announced": "2025-10-16T06:00:00Z",
                "id": 3,
                "is_deprecated": true,
                "name": "hel1",
                "unavailable_after": "2025-12-31T23:59:59Z"
              },
              {
                "deprecation_announced": "",
                "id": 4,
                "is_deprecated": false,
                "name": "ash",
                "unavailable_after": ""
              },
              {
                "deprecation_announced": "",
                "id": 5,
                "is_deprecated": false,
                "name": "hil",
                "unavailable_after": ""
              },
              {
                "deprecation_announced": "2025-10-16T06:00:00Z",
                "id": 6,
                "is_deprecated": true,
                "name": "sin",
                "unavailable_after": "2025-12-31T23:59:59Z"
              }
            ],
            "memory": 32,
            "name": "cpx51",
            "storage_type": "local",
            "unavailable_after": ""
          },
          "sensitive_attributes": []
        },
        {
          "index_key": "cpx52",
          "schema_version": 0,
          "attributes": {
            "architecture": "x86",
            "category": "regular_purpose",
            "cores": 12,
            "cpu_type": "shared",
            "deprecation_announced": "",
            "description": "CPX 52",
            "disk": 480,
            "id": 112,
            "included_traffic": 0,
            "is_deprecated": false,
            "locations": [
              {
                "deprecation_announced": "",
                "id": 1,
                "is_deprecated": false,
                "name": "fsn1",
                "unavailable_after": ""
              },
              {
                "deprecation_announced": "",
                "id": 2,
                "is_deprecated": false,
                "name": "nbg1",
                "unavailable_after": ""
              },
              {
                "deprecation_announced": "",
                "id": 3,
                "is_deprecated": false,
                "name": "hel1",
                "unavailable_after": ""
              },
              {
                "deprecation_announced": "",
                "id": 6,
                "is_deprecated": false,
                "name": "sin",
                "unavailable_after": ""
              }
            ],
            "memory": 24,
            "name": "cpx52",
            "storage_type": "local",
            "unavailable_after": ""
          },
          "sensitive_attributes": []
        },
        {
          "index_key": "cpx62",
          "schema_version": 0,
          "attributes": {
            "architecture": "x86",
            "category": "regular_purpose",
            "cores": 16,
            "cpu_type": "shared",
            "deprecation_announced": "",
            "description": "CPX 62",
            "disk": 640,
            "id": 113,
            "included_traffic": 0,
            "is_deprecated": false,
            "locations": [
              {
                "deprecation_announced": "",
                "id": 1,
                "is_deprecated": false,
                "name": "fsn1",
                "unavailable_after": ""
              },
              {
                "deprecation_announced": "",
                "id": 2,
                "is_deprecated": false,
                "name": "nbg1",
                "unavailable_after": ""
              },
              {
                "deprecation_announced": "",
                "id": 3,
                "is_deprecated": false,
                "name": "hel1",
                "unavailable_after": ""
              },
              {
                "deprecation_announced": "",
                "id": 6,
                "is_deprecated": false,
                "name": "sin",
                "unavailable_after": ""
              }
            ],
            "memory": 32,
            "name": "cpx62",
            "storage_type": "local",
            "unavailable_after": ""
          },
          "sensitive_attributes": []
        },
        {
          "index_key": "cx22",
          "schema_version": 0,
          "attributes": {
            "architecture": "x86",
            "category": "cost_optimized",
            "cores": 2,
            "cpu_type": "shared",
            "deprecation_announced": "2025-10-16T06:00:00Z",
            "description": "CX22",
            "disk": 40,
            "id": 104,
            "included_traffic": 0,
            "is_deprecated": true,
            "locations": [
              {
                "deprecation_announced": "2025-10-16T06:00:00Z",
                "id": 1,
                "is_deprecated": true,
                "name": "fsn1",
                "unavailable_after": "2025-12-31T23:59:59Z"
              },
              {
                "deprecation_announced": "2025-10-16T06:00:00Z",
                "id": 2,
                "is_deprecated": true,
                "name": "nbg1",
                "unavailable_after": "2025-12-31T23:59:59Z"
              },
              {
                "deprecation_announced": "2025-10-16T06:00:00Z",
                "id": 3,
                "is_deprecated": true,
                "name": "hel1",
                "unavailable_after": "2025-12-31T23:59:59Z"
              }
            ],
            "memory": 4,
            "name": "cx22",
            "storage_type": "local",
            "unavailable_after": "2025-12-31T23:59:59Z"
          },
          "sensitive_attributes": []
        },
        {
          "index_key": "cx23",
          "schema_version": 0,
          "attributes": {
            "architecture": "x86",
            "category": "cost_optimized",
            "cores": 2,
            "cpu_type": "shared",
            "deprecation_announced": "",
            "description": "CX 23",
            "disk": 40,
            "id": 114,
            "included_traffic": 0,
            "is_deprecated": false,
            "locations": [
              {
                "deprecation_announced": "",
                "id": 1,
                "is_deprecated": false,
                "name": "fsn1",
                "unavailable_after": ""
              },
              {
                "deprecation_announced": "",
                "id": 2,
                "is_deprecated": false,
                "name": "nbg1",
                "unavailable_after": ""
              },
              {
                "deprecation_announced": "",
                "id": 3,
                "is_deprecated": false,
                "name": "hel1",
                "unavailable_after": ""
              }
            ],
            "memory": 4,
            "name": "cx23",
            "storage_type": "local",
            "unavailable_after": ""
          },
          "sensitive_attributes": []
        },
        {
          "index_key": "cx32",
          "schema_version": 0,
          "attributes": {
            "architecture": "x86",
            "category": "cost_optimized",
            "cores": 4,
            "cpu_type": "shared",
            "deprecation_announced": "2025-10-16T06:00:00Z",
            "description": "CX32",
            "disk": 80,
            "id": 105,
            "included_traffic": 0,
            "is_deprecated": true,
            "locations": [
              {
                "deprecation_announced": "2025-10-16T06:00:00Z",
                "id": 1,
                "is_deprecated": true,
                "name": "fsn1",
                "unavailable_after": "2025-12-31T23:59:59Z"
              },
              {
                "deprecation_announced": "2025-10-16T06:00:00Z",
                "id": 2,
                "is_deprecated": true,
                "name": "nbg1",
                "unavailable_after": "2025-12-31T23:59:59Z"
              },
              {
                "deprecation_announced": "2025-10-16T06:00:00Z",
                "id": 3,
                "is_deprecated": true,
                "name": "hel1",
                "unavailable_after": "2025-12-31T23:59:59Z"
              }
            ],
            "memory": 8,
            "name": "cx32",
            "storage_type": "local",
            "unavailable_after": "2025-12-31T23:59:59Z"
          },
          "sensitive_attributes": []
        },
        {
          "index_key": "cx33",
          "schema_version": 0,
          "attributes": {
            "architecture": "x86",
            "category": "cost_optimized",
            "cores": 4,
            "cpu_type": "shared",
            "deprecation_announced": "",
            "description": "CX 33",
            "disk": 80,
            "id": 115,
            "included_traffic": 0,
            "is_deprecated": false,
            "locations": [
              {
                "deprecation_announced": "",
                "id": 1,
                "is_deprecated": false,
                "name": "fsn1",
                "unavailable_after": ""
              },
              {
                "deprecation_announced": "",
                "id": 2,
                "is_deprecated": false,
                "name": "nbg1",
                "unavailable_after": ""
              },
              {
                "deprecation_announced": "",
                "id": 3,
                "is_deprecated": false,
                "name": "hel1",
                "unavailable_after": ""
              }
            ],
            "memory": 8,
            "name": "cx33",
            "storage_type": "local",
            "unavailable_after": ""
          },
          "sensitive_attributes": []
        },
        {
          "index_key": "cx42",
          "schema_version": 0,
          "attributes": {
            "architecture": "x86",
            "category": "cost_optimized",
            "cores": 8,
            "cpu_type": "shared",
            "deprecation_announced": "2025-10-16T06:00:00Z",
            "description": "CX42",
            "disk": 160,
            "id": 106,
            "included_traffic": 0,
            "is_deprecated": true,
            "locations": [
              {
                "deprecation_announced": "2025-10-16T06:00:00Z",
                "id": 1,
                "is_deprecated": true,
                "name": "fsn1",
                "unavailable_after": "2025-12-31T23:59:59Z"
              },
              {
                "deprecation_announced": "2025-10-16T06:00:00Z",
                "id": 2,
                "is_deprecated": true,
                "name": "nbg1",
                "unavailable_after": "2025-12-31T23:59:59Z"
              },
              {
                "deprecation_announced": "2025-10-16T06:00:00Z",
                "id": 3,
                "is_deprecated": true,
                "name": "hel1",
                "unavailable_after": "2025-12-31T23:59:59Z"
              }
            ],
            "memory": 16,
            "name": "cx42",
            "storage_type": "local",
            "unavailable_after": "2025-12-31T23:59:59Z"
          },
          "sensitive_attributes": []
        },
        {
          "index_key": "cx43",
          "schema_version": 0,
          "attributes": {
            "architecture": "x86",
            "category": "cost_optimized",
            "cores": 8,
            "cpu_type": "shared",
            "deprecation_announced": "",
            "description": "CX 43",
            "disk": 160,
            "id": 116,
            "included_traffic": 0,
            "is_deprecated": false,
            "locations": [
              {
                "deprecation_announced": "",
                "id": 1,
                "is_deprecated": false,
                "name": "fsn1",
                "unavailable_after": ""
              },
              {
                "deprecation_announced": "",
                "id": 2,
                "is_deprecated": false,
                "name": "nbg1",
                "unavailable_after": ""
              },
              {
                "deprecation_announced": "",
                "id": 3,
                "is_deprecated": false,
                "name": "hel1",
                "unavailable_after": ""
              }
            ],
            "memory": 16,
            "name": "cx43",
            "storage_type": "local",
            "unavailable_after": ""
          },
          "sensitive_attributes": []
        },
        {
          "index_key": "cx52",
          "schema_version": 0,
          "attributes": {
            "architecture": "x86",
            "category": "cost_optimized",
            "cores": 16,
            "cpu_type": "shared",
            "deprecation_announced": "2025-10-16T06:00:00Z",
            "description": "CX52",
            "disk": 320,
            "id": 107,
            "included_traffic": 0,
            "is_deprecated": true,
            "locations": [
              {
                "deprecation_announced": "2025-10-16T06:00:00Z",
                "id": 1,
                "is_deprecated": true,
                "name": "fsn1",
                "unavailable_after": "2025-12-31T23:59:59Z"
              },
              {
                "deprecation_announced": "2025-10-16T06:00:00Z",
                "id": 2,
                "is_deprecated": true,
                "name": "nbg1",
                "unavailable_after": "2025-12-31T23:59:59Z"
              },
              {
                "deprecation_announced": "2025-10-16T06:00:00Z",
                "id": 3,
                "is_deprecated": true,
                "name": "hel1",
                "unavailable_after": "2025-12-31T23:59:59Z"
              }
            ],
            "memory": 32,
            "name": "cx52",
            "storage_type": "local",
            "unavailable_after": "2025-12-31T23:59:59Z"
          },
          "sensitive_attributes": []
        },
        {
          "index_key": "cx53",
          "schema_version": 0,
          "attributes": {
            "architecture": "x86",
            "category": "cost_optimized",
            "cores": 16,
            "cpu_type": "shared",
            "deprecation_announced": "",
            "description": "CX 53",
            "disk": 320,
            "id": 117,
            "included_traffic": 0,
            "is_deprecated": false,
            "locations": [
              {
                "deprecation_announced": "",
                "id": 1,
                "is_deprecated": false,
                "name": "fsn1",
                "unavailable_after": ""
              },
              {
                "deprecation_announced": "",
                "id": 2,
                "is_deprecated": false,
                "name": "nbg1",
                "unavailable_after": ""
              },
              {
                "deprecation_announced": "",
                "id": 3,
                "is_deprecated": false,
                "name": "hel1",
                "unavailable_after": ""
              }
            ],
            "memory": 32,
            "name": "cx53",
            "storage_type": "local",
            "unavailable_after": ""
          },
          "sensitive_attributes": []
        }
      ]
    },
    {
      "module": "module.tenant",
      "mode": "data",
      "type": "hcloud_server_types",
      "name": "all",
      "provider": "module.tenant.provider[\"registry.terraform.io/hetznercloud/hcloud\"]",
      "instances": [
        {
          "schema_version": 0,
          "attributes": {
            "descriptions": [
              "CPX 11",
              "CPX 21",
              "CPX 31",
              "CPX 41",
              "CPX 51",
              "CAX11",
              "CAX21",
              "CAX31",
              "CAX41",
              "CCX13 Dedicated CPU",
              "CCX23 Dedicated CPU",
              "CCX33 Dedicated CPU",
              "CCX43 Dedicated CPU",
              "CCX53 Dedicated CPU",
              "CCX63 Dedicated CPU",
              "CX22",
              "CX32",
              "CX42",
              "CX52",
              "CPX 12",
              "CPX 22",
              "CPX 32",
              "CPX 42",
              "CPX 52",
              "CPX 62",
              "CX 23",
              "CX 33",
              "CX 43",
              "CX 53"
            ],
            "id": "166277662d9b7990b1711b6545d691c4fc52eb3f",
            "names": [
              "cpx11",
              "cpx21",
              "cpx31",
              "cpx41",
              "cpx51",
              "cax11",
              "cax21",
              "cax31",
              "cax41",
              "ccx13",
              "ccx23",
              "ccx33",
              "ccx43",
              "ccx53",
              "ccx63",
              "cx22",
              "cx32",
              "cx42",
              "cx52",
              "cpx12",
              "cpx22",
              "cpx32",
              "cpx42",
              "cpx52",
              "cpx62",
              "cx23",
              "cx33",
              "cx43",
              "cx53"
            ],
            "server_type_ids": [
              "22",
              "23",
              "24",
              "25",
              "26",
              "45",
              "93",
              "94",
              "95",
              "96",
              "97",
              "98",
              "99",
              "100",
              "101",
              "104",
              "105",
              "106",
              "107",
              "108",
              "109",
              "110",
              "111",
              "112",
              "113",
              "114",
              "115",
              "116",
              "117"
            ],
            "server_types": [
              {
                "architecture": "x86",
                "category": "regular_purpose",
                "cores": 2,
                "cpu_type": "shared",
                "deprecation_announced": "",
                "description": "CPX 11",
                "disk": 40,
                "id": 22,
                "included_traffic": 0,
                "is_deprecated": false,
                "locations": [
                  {
                    "deprecation_announced": "2025-10-16T06:00:00Z",
                    "id": 1,
                    "is_deprecated": true,
                    "name": "fsn1",
                    "unavailable_after": "2025-12-31T23:59:59Z"
                  },
                  {
                    "deprecation_announced": "2025-10-16T06:00:00Z",
                    "id": 2,
                    "is_deprecated": true,
                    "name": "nbg1",
                    "unavailable_after": "2025-12-31T23:59:59Z"
                  },
                  {
                    "deprecation_announced": "2025-10-16T06:00:00Z",
                    "id": 3,
                    "is_deprecated": true,
                    "name": "hel1",
                    "unavailable_after": "2025-12-31T23:59:59Z"
                  },
                  {
                    "deprecation_announced": "",
                    "id": 4,
                    "is_deprecated": false,
                    "name": "ash",
                    "unavailable_after": ""
                  },
                  {
                    "deprecation_announced": "",
                    "id": 5,
                    "is_deprecated": false,
                    "name": "hil",
                    "unavailable_after": ""
                  },
                  {
                    "deprecation_announced": "2025-10-16T06:00:00Z",
                    "id": 6,
                    "is_deprecated": true,
                    "name": "sin",
                    "unavailable_after": "2025-12-31T23:59:59Z"
                  }
                ],
                "memory": 2,
                "name": "cpx11",
                "storage_type": "local",
                "unavailable_after": ""
              },
              {
                "architecture": "x86",
                "category": "regular_purpose",
                "cores": 3,
                "cpu_type": "shared",
                "deprecation_announced": "",
                "description": "CPX 21",
                "disk": 80,
                "id": 23,
                "included_traffic": 0,
                "is_deprecated": false,
                "locations": [
                  {
                    "deprecation_announced": "2025-10-16T06:00:00Z",
                    "id": 1,
                    "is_deprecated": true,
                    "name": "fsn1",
                    "unavailable_after": "2025-12-31T23:59:59Z"
                  },
                  {
                    "deprecation_announced": "2025-10-16T06:00:00Z",
                    "id": 2,
                    "is_deprecated": true,
                    "name": "nbg1",
                    "unavailable_after": "2025-12-31T23:59:59Z"
                  },
                  {
                    "deprecation_announced": "2025-10-16T06:00:00Z",
                    "id": 3,
                    "is_deprecated": true,
                    "name": "hel1",
                    "unavailable_after": "2025-12-31T23:59:59Z"
                  },
                  {
                    "deprecation_announced": "",
                    "id": 4,
                    "is_deprecated": false,
                    "name": "ash",
                    "unavailable_after": ""
                  },
                  {
                    "deprecation_announced": "",
                    "id": 5,
                    "is_deprecated": false,
                    "name": "hil",
                    "unavailable_after": ""
                  },
                  {
                    "deprecation_announced": "2025-10-16T06:00:00Z",
                    "id": 6,
                    "is_deprecated": true,
                    "name": "sin",
                    "unavailable_after": "2025-12-31T23:59:59Z"
                  }
                ],
                "memory": 4,
                "name": "cpx21",
                "storage_type": "local",
                "unavailable_after": ""
              },
              {
                "architecture": "x86",
                "category": "regular_purpose",
                "cores": 4,
                "cpu_type": "shared",
                "deprecation_announced": "",
                "description": "CPX 31",
                "disk": 160,
                "id": 24,
                "included_traffic": 0,
                "is_deprecated": false,
                "locations": [
                  {
                    "deprecation_announced": "2025-10-16T06:00:00Z",
                    "id": 1,
                    "is_deprecated": true,
                    "name": "fsn1",
                    "unavailable_after": "2025-12-31T23:59:59Z"
                  },
                  {
                    "deprecation_announced": "2025-10-16T06:00:00Z",
                    "id": 2,
                    "is_deprecated": true,
                    "name": "nbg1",
                    "unavailable_after": "2025-12-31T23:59:59Z"
                  },
                  {
                    "deprecation_announced": "2025-10-16T06:00:00Z",
                    "id": 3,
                    "is_deprecated": true,
                    "name": "hel1",
                    "unavailable_after": "2025-12-31T23:59:59Z"
                  },
                  {
                    "deprecation_announced": "",
                    "id": 4,
                    "is_deprecated": false,
                    "name": "ash",
                    "unavailable_after": ""
                  },
                  {
                    "deprecation_announced": "",
                    "id": 5,
                    "is_deprecated": false,
                    "name": "hil",
                    "unavailable_after": ""
                  },
                  {
                    "deprecation_announced": "2025-10-16T06:00:00Z",
                    "id": 6,
                    "is_deprecated": true,
                    "name": "sin",
                    "unavailable_after": "2025-12-31T23:59:59Z"
                  }
                ],
                "memory": 8,
                "name": "cpx31",
                "storage_type": "local",
                "unavailable_after": ""
              },
              {
                "architecture": "x86",
                "category": "regular_purpose",
                "cores": 8,
                "cpu_type": "shared",
                "deprecation_announced": "",
                "description": "CPX 41",
                "disk": 240,
                "id": 25,
                "included_traffic": 0,
                "is_deprecated": false,
                "locations": [
                  {
                    "deprecation_announced": "2025-10-16T06:00:00Z",
                    "id": 1,
                    "is_deprecated": true,
                    "name": "fsn1",
                    "unavailable_after": "2025-12-31T23:59:59Z"
                  },
                  {
                    "deprecation_announced": "2025-10-16T06:00:00Z",
                    "id": 2,
                    "is_deprecated": true,
                    "name": "nbg1",
                    "unavailable_after": "2025-12-31T23:59:59Z"
                  },
                  {
                    "deprecation_announced": "2025-10-16T06:00:00Z",
                    "id": 3,
                    "is_deprecated": true,
                    "name": "hel1",
                    "unavailable_after": "2025-12-31T23:59:59Z"
                  },
                  {
                    "deprecation_announced": "",
                    "id": 4,
                    "is_deprecated": false,
                    "name": "ash",
                    "unavailable_after": ""
                  },
                  {
                    "deprecation_announced": "",
                    "id": 5,
                    "is_deprecated": false,
                    "name": "hil",
                    "unavailable_after": ""
                  },
                  {
                    "deprecation_announced": "2025-10-16T06:00:00Z",
                    "id": 6,
                    "is_deprecated": true,
                    "name": "sin",
                    "unavailable_after": "2025-12-31T23:59:59Z"
                  }
                ],
                "memory": 16,
                "name": "cpx41",
                "storage_type": "local",
                "unavailable_after": ""
              },
              {
                "architecture": "x86",
                "category": "regular_purpose",
                "cores": 16,
                "cpu_type": "shared",
                "deprecation_announced": "",
                "description": "CPX 51",
                "disk": 360,
                "id": 26,
                "included_traffic": 0,
                "is_deprecated": false,
                "locations": [
                  {
                    "deprecation_announced": "2025-10-16T06:00:00Z",
                    "id": 1,
                    "is_deprecated": true,
                    "name": "fsn1",
                    "unavailable_after": "2025-12-31T23:59:59Z"
                  },
                  {
                    "deprecation_announced": "2025-10-16T06:00:00Z",
                    "id": 2,
                    "is_deprecated": true,
                    "name": "nbg1",
                    "unavailable_after": "2025-12-31T23:59:59Z"
                  },
                  {
                    "deprecation_announced": "2025-10-16T06:00:00Z",
                    "id": 3,
                    "is_deprecated": true,
                    "name": "hel1",
                    "unavailable_after": "2025-12-31T23:59:59Z"
                  },
                  {
                    "deprecation_announced": "",
                    "id": 4,
                    "is_deprecated": false,
                    "name": "ash",
                    "unavailable_after": ""
                  },
                  {
                    "deprecation_announced": "",
                    "id": 5,
                    "is_deprecated": false,
                    "name": "hil",
                    "unavailable_after": ""
                  },
                  {
                    "deprecation_announced": "2025-10-16T06:00:00Z",
                    "id": 6,
                    "is_deprecated": true,
                    "name": "sin",
                    "unavailable_after": "2025-12-31T23:59:59Z"
                  }
                ],
                "memory": 32,
                "name": "cpx51",
                "storage_type": "local",
                "unavailable_after": ""
              },
              {
                "architecture": "arm",
                "category": "cost_optimized",
                "cores": 2,
                "cpu_type": "shared",
                "deprecation_announced": "",
                "description": "CAX11",
                "disk": 40,
                "id": 45,
                "included_traffic": 0,
                "is_deprecated": false,
                "locations": [
                  {
                    "deprecation_announced": "",
                    "id": 1,
                    "is_deprecated": false,
                    "name": "fsn1",
                    "unavailable_after": ""
                  },
                  {
                    "deprecation_announced": "",
                    "id": 2,
                    "is_deprecated": false,
                    "name": "nbg1",
                    "unavailable_after": ""
                  },
                  {
                    "deprecation_announced": "",
                    "id": 3,
                    "is_deprecated": false,
                    "name": "hel1",
                    "unavailable_after": ""
                  }
                ],
                "memory": 4,
                "name": "cax11",
                "storage_type": "local",
                "unavailable_after": ""
              },
              {
                "architecture": "arm",
                "category": "cost_optimized",
                "cores": 4,
                "cpu_type": "shared",
                "deprecation_announced": "",
                "description": "CAX21",
                "disk": 80,
                "id": 93,
                "included_traffic": 0,
                "is_deprecated": false,
                "locations": [
                  {
                    "deprecation_announced": "",
                    "id": 1,
                    "is_deprecated": false,
                    "name": "fsn1",
                    "unavailable_after": ""
                  },
                  {
                    "deprecation_announced": "",
                    "id": 2,
                    "is_deprecated": false,
                    "name": "nbg1",
                    "unavailable_after": ""
                  },
                  {
                    "deprecation_announced": "",
                    "id": 3,
                    "is_deprecated": false,
                    "name": "hel1",
                    "unavailable_after": ""
                  }
                ],
                "memory": 8,
                "name": "cax21",
                "storage_type": "local",
                "unavailable_after": ""
              },
              {
                "architecture": "arm",
                "category": "cost_optimized",
                "cores": 8,
                "cpu_type": "shared",
                "deprecation_announced": "",
                "description": "CAX31",
                "disk": 160,
                "id": 94,
                "included_traffic": 0,
                "is_deprecated": false,
                "locations": [
                  {
                    "deprecation_announced": "",
                    "id": 1,
                    "is_deprecated": false,
                    "name": "fsn1",
                    "unavailable_after": ""
                  },
                  {
                    "deprecation_announced": "",
                    "id": 2,
                    "is_deprecated": false,
                    "name": "nbg1",
                    "unavailable_after": ""
                  },
                  {
                    "deprecation_announced": "",
                    "id": 3,
                    "is_deprecated": false,
                    "name": "hel1",
                    "unavailable_after": ""
                  }
                ],
                "memory": 16,
                "name": "cax31",
                "storage_type": "local",
                "unavailable_after": ""
              },
              {
                "architecture": "arm",
                "category": "cost_optimized",
                "cores": 16,
                "cpu_type": "shared",
                "deprecation_announced": "",
                "description": "CAX41",
                "disk": 320,
                "id": 95,
                "included_traffic": 0,
                "is_deprecated": false,
                "locations": [
                  {
                    "deprecation_announced": "",
                    "id": 1,
                    "is_deprecated": false,
                    "name": "fsn1",
                    "unavailable_after": ""
                  },
                  {
                    "deprecation_announced": "",
                    "id": 2,
                    "is_deprecated": false,
                    "name": "nbg1",
                    "unavailable_after": ""
                  },
                  {
                    "deprecation_announced": "",
                    "id": 3,
                    "is_deprecated": false,
                    "name": "hel1",
                    "unavailable_after": ""
                  }
                ],
                "memory": 32,
                "name": "cax41",
                "storage_type": "local",
                "unavailable_after": ""
              },
              {
                "architecture": "x86",
                "category": "general_purpose",
                "cores": 2,
                "cpu_type": "dedicated",
                "deprecation_announced": "",
                "description": "CCX13 Dedicated CPU",
                "disk": 80,
                "id": 96,
                "included_traffic": 0,
                "is_deprecated": false,
                "locations": [
                  {
                    "deprecation_announced": "",
                    "id": 1,
                    "is_deprecated": false,
                    "name": "fsn1",
                    "unavailable_after": ""
                  },
                  {
                    "deprecation_announced": "",
                    "id": 2,
                    "is_deprecated": false,
                    "name": "nbg1",
                    "unavailable_after": ""
                  },
                  {
                    "deprecation_announced": "",
                    "id": 3,
                    "is_deprecated": false,
                    "name": "hel1",
                    "unavailable_after": ""
                  },
                  {
                    "deprecation_announced": "",
                    "id": 4,
                    "is_deprecated": false,
                    "name": "ash",
                    "unavailable_after": ""
                  },
                  {
                    "deprecation_announced": "",
                    "id": 5,
                    "is_deprecated": false,
                    "name": "hil",
                    "unavailable_after": ""
                  },
                  {
                    "deprecation_announced": "",
                    "id": 6,
                    "is_deprecated": false,
                    "name": "sin",
                    "unavailable_after": ""
                  }
                ],
                "memory": 8,
                "name": "ccx13",
                "storage_type": "local",
                "unavailable_after": ""
              },
              {
                "architecture": "x86",
                "category": "general_purpose",
                "cores": 4,
                "cpu_type": "dedicated",
                "deprecation_announced": "",
                "description": "CCX23 Dedicated CPU",
                "disk": 160,
                "id": 97,
                "included_traffic": 0,
                "is_deprecated": false,
                "locations": [
                  {
                    "deprecation_announced": "",
                    "id": 1,
                    "is_deprecated": false,
                    "name": "fsn1",
                    "unavailable_after": ""
                  },
                  {
                    "deprecation_announced": "",
                    "id": 2,
                    "is_deprecated": false,
                    "name": "nbg1",
                    "unavailable_after": ""
                  },
                  {
                    "deprecation_announced": "",
                    "id": 3,
                    "is_deprecated": false,
                    "name": "hel1",
                    "unavailable_after": ""
                  },
                  {
                    "deprecation_announced": "",
                    "id": 4,
                    "is_deprecated": false,
                    "name": "ash",
                    "unavailable_after": ""
                  },
                  {
                    "deprecation_announced": "",
                    "id": 5,
                    "is_deprecated": false,
                    "name": "hil",
                    "unavailable_after": ""
                  },
                  {
                    "deprecation_announced": "",
                    "id": 6,
                    "is_deprecated": false,
                    "name": "sin",
                    "unavailable_after": ""
                  }
                ],
                "memory": 16,
                "name": "ccx23",
                "storage_type": "local",
                "unavailable_after": ""
              },
              {
                "architecture": "x86",
                "category": "general_purpose",
                "cores": 8,
                "cpu_type": "dedicated",
                "deprecation_announced": "",
                "description": "CCX33 Dedicated CPU",
                "disk": 240,
                "id": 98,
                "included_traffic": 0,
                "is_deprecated": false,
                "locations": [
                  {
                    "deprecation_announced": "",
                    "id": 1,
                    "is_deprecated": false,
                    "name": "fsn1",
                    "unavailable_after": ""
                  },
                  {
                    "deprecation_announced": "",
                    "id": 2,
                    "is_deprecated": false,
                    "name": "nbg1",
                    "unavailable_after": ""
                  },
                  {
                    "deprecation_announced": "",
                    "id": 3,
                    "is_deprecated": false,
                    "name": "hel1",
                    "unavailable_after": ""
                  },
                  {
                    "deprecation_announced": "",
                    "id": 4,
                    "is_deprecated": false,
                    "name": "ash",
                    "unavailable_after": ""
                  },
                  {
                    "deprecation_announced": "",
                    "id": 5,
                    "is_deprecated": false,
                    "name": "hil",
                    "unavailable_after": ""
                  },
                  {
                    "deprecation_announced": "",
                    "id": 6,
                    "is_deprecated": false,
                    "name": "sin",
                    "unavailable_after": ""
                  }
                ],
                "memory": 32,
                "name": "ccx33",
                "storage_type": "local",
                "unavailable_after": ""
              },
              {
                "architecture": "x86",
                "category": "general_purpose",
                "cores": 16,
                "cpu_type": "dedicated",
                "deprecation_announced": "",
                "description": "CCX43 Dedicated CPU",
                "disk": 360,
                "id": 99,
                "included_traffic": 0,
                "is_deprecated": false,
                "locations": [
                  {
                    "deprecation_announced": "",
                    "id": 1,
                    "is_deprecated": false,
                    "name": "fsn1",
                    "unavailable_after": ""
                  },
                  {
                    "deprecation_announced": "",
                    "id": 2,
                    "is_deprecated": false,
                    "name": "nbg1",
                    "unavailable_after": ""
                  },
                  {
                    "deprecation_announced": "",
                    "id": 3,
                    "is_deprecated": false,
                    "name": "hel1",
                    "unavailable_after": ""
                  },
                  {
                    "deprecation_announced": "",
                    "id": 4,
                    "is_deprecated": false,
                    "name": "ash",
                    "unavailable_after": ""
                  },
                  {
                    "deprecation_announced": "",
                    "id": 5,
                    "is_deprecated": false,
                    "name": "hil",
                    "unavailable_after": ""
                  },
                  {
                    "deprecation_announced": "",
                    "id": 6,
                    "is_deprecated": false,
                    "name": "sin",
                    "unavailable_after": ""
                  }
                ],
                "memory": 64,
                "name": "ccx43",
                "storage_type": "local",
                "unavailable_after": ""
              },
              {
                "architecture": "x86",
                "category": "general_purpose",
                "cores": 32,
                "cpu_type": "dedicated",
                "deprecation_announced": "",
                "description": "CCX53 Dedicated CPU",
                "disk": 600,
                "id": 100,
                "included_traffic": 0,
                "is_deprecated": false,
                "locations": [
                  {
                    "deprecation_announced": "",
                    "id": 1,
                    "is_deprecated": false,
                    "name": "fsn1",
                    "unavailable_after": ""
                  },
                  {
                    "deprecation_announced": "",
                    "id": 2,
                    "is_deprecated": false,
                    "name": "nbg1",
                    "unavailable_after": ""
                  },
                  {
                    "deprecation_announced": "",
                    "id": 3,
                    "is_deprecated": false,
                    "name": "hel1",
                    "unavailable_after": ""
                  },
                  {
                    "deprecation_announced": "",
                    "id": 4,
                    "is_deprecated": false,
                    "name": "ash",
                    "unavailable_after": ""
                  },
                  {
                    "deprecation_announced": "",
                    "id": 5,
                    "is_deprecated": false,
                    "name": "hil",
                    "unavailable_after": ""
                  },
                  {
                    "deprecation_announced": "",
                    "id": 6,
                    "is_deprecated": false,
                    "name": "sin",
                    "unavailable_after": ""
                  }
                ],
                "memory": 128,
                "name": "ccx53",
                "storage_type": "local",
                "unavailable_after": ""
              },
              {
                "architecture": "x86",
                "category": "general_purpose",
                "cores": 48,
                "cpu_type": "dedicated",
                "deprecation_announced": "",
                "description": "CCX63 Dedicated CPU",
                "disk": 960,
                "id": 101,
                "included_traffic": 0,
                "is_deprecated": false,
                "locations": [
                  {
                    "deprecation_announced": "",
                    "id": 1,
                    "is_deprecated": false,
                    "name": "fsn1",
                    "unavailable_after": ""
                  },
                  {
                    "deprecation_announced": "",
                    "id": 2,
                    "is_deprecated": false,
                    "name": "nbg1",
                    "unavailable_after": ""
                  },
                  {
                    "deprecation_announced": "",
                    "id": 3,
                    "is_deprecated": false,
                    "name": "hel1",
                    "unavailable_after": ""
                  },
                  {
                    "deprecation_announced": "",
                    "id": 4,
                    "is_deprecated": false,
                    "name": "ash",
                    "unavailable_after": ""
                  },
                  {
                    "deprecation_announced": "",
                    "id": 5,
                    "is_deprecated": false,
                    "name": "hil",
                    "unavailable_after": ""
                  },
                  {
                    "deprecation_announced": "",
                    "id": 6,
                    "is_deprecated": false,
                    "name": "sin",
                    "unavailable_after": ""
                  }
                ],
                "memory": 192,
                "name": "ccx63",
                "storage_type": "local",
                "unavailable_after": ""
              },
              {
                "architecture": "x86",
                "category": "cost_optimized",
                "cores": 2,
                "cpu_type": "shared",
                "deprecation_announced": "2025-10-16T06:00:00Z",
                "description": "CX22",
                "disk": 40,
                "id": 104,
                "included_traffic": 0,
                "is_deprecated": true,
                "locations": [
                  {
                    "deprecation_announced": "2025-10-16T06:00:00Z",
                    "id": 1,
                    "is_deprecated": true,
                    "name": "fsn1",
                    "unavailable_after": "2025-12-31T23:59:59Z"
                  },
                  {
                    "deprecation_announced": "2025-10-16T06:00:00Z",
                    "id": 2,
                    "is_deprecated": true,
                    "name": "nbg1",
                    "unavailable_after": "2025-12-31T23:59:59Z"
                  },
                  {
                    "deprecation_announced": "2025-10-16T06:00:00Z",
                    "id": 3,
                    "is_deprecated": true,
                    "name": "hel1",
                    "unavailable_after": "2025-12-31T23:59:59Z"
                  }
                ],
                "memory": 4,
                "name": "cx22",
                "storage_type": "local",
                "unavailable_after": "2025-12-31T23:59:59Z"
              },
              {
                "architecture": "x86",
                "category": "cost_optimized",
                "cores": 4,
                "cpu_type": "shared",
                "deprecation_announced": "2025-10-16T06:00:00Z",
                "description": "CX32",
                "disk": 80,
                "id": 105,
                "included_traffic": 0,
                "is_deprecated": true,
                "locations": [
                  {
                    "deprecation_announced": "2025-10-16T06:00:00Z",
                    "id": 1,
                    "is_deprecated": true,
                    "name": "fsn1",
                    "unavailable_after": "2025-12-31T23:59:59Z"
                  },
                  {
                    "deprecation_announced": "2025-10-16T06:00:00Z",
                    "id": 2,
                    "is_deprecated": true,
                    "name": "nbg1",
                    "unavailable_after": "2025-12-31T23:59:59Z"
                  },
                  {
                    "deprecation_announced": "2025-10-16T06:00:00Z",
                    "id": 3,
                    "is_deprecated": true,
                    "name": "hel1",
                    "unavailable_after": "2025-12-31T23:59:59Z"
                  }
                ],
                "memory": 8,
                "name": "cx32",
                "storage_type": "local",
                "unavailable_after": "2025-12-31T23:59:59Z"
              },
              {
                "architecture": "x86",
                "category": "cost_optimized",
                "cores": 8,
                "cpu_type": "shared",
                "deprecation_announced": "2025-10-16T06:00:00Z",
                "description": "CX42",
                "disk": 160,
                "id": 106,
                "included_traffic": 0,
                "is_deprecated": true,
                "locations": [
                  {
                    "deprecation_announced": "2025-10-16T06:00:00Z",
                    "id": 1,
                    "is_deprecated": true,
                    "name": "fsn1",
                    "unavailable_after": "2025-12-31T23:59:59Z"
                  },
                  {
                    "deprecation_announced": "2025-10-16T06:00:00Z",
                    "id": 2,
                    "is_deprecated": true,
                    "name": "nbg1",
                    "unavailable_after": "2025-12-31T23:59:59Z"
                  },
                  {
                    "deprecation_announced": "2025-10-16T06:00:00Z",
                    "id": 3,
                    "is_deprecated": true,
                    "name": "hel1",
                    "unavailable_after": "2025-12-31T23:59:59Z"
                  }
                ],
                "memory": 16,
                "name": "cx42",
                "storage_type": "local",
                "unavailable_after": "2025-12-31T23:59:59Z"
              },
              {
                "architecture": "x86",
                "category": "cost_optimized",
                "cores": 16,
                "cpu_type": "shared",
                "deprecation_announced": "2025-10-16T06:00:00Z",
                "description": "CX52",
                "disk": 320,
                "id": 107,
                "included_traffic": 0,
                "is_deprecated": true,
                "locations": [
                  {
                    "deprecation_announced": "2025-10-16T06:00:00Z",
                    "id": 1,
                    "is_deprecated": true,
                    "name": "fsn1",
                    "unavailable_after": "2025-12-31T23:59:59Z"
                  },
                  {
                    "deprecation_announced": "2025-10-16T06:00:00Z",
                    "id": 2,
                    "is_deprecated": true,
                    "name": "nbg1",
                    "unavailable_after": "2025-12-31T23:59:59Z"
                  },
                  {
                    "deprecation_announced": "2025-10-16T06:00:00Z",
                    "id": 3,
                    "is_deprecated": true,
                    "name": "hel1",
                    "unavailable_after": "2025-12-31T23:59:59Z"
                  }
                ],
                "memory": 32,
                "name": "cx52",
                "storage_type": "local",
                "unavailable_after": "2025-12-31T23:59:59Z"
              },
              {
                "architecture": "x86",
                "category": "regular_purpose",
                "cores": 1,
                "cpu_type": "shared",
                "deprecation_announced": "",
                "description": "CPX 12",
                "disk": 40,
                "id": 108,
                "included_traffic": 0,
                "is_deprecated": false,
                "locations": [
                  {
                    "deprecation_announced": "",
                    "id": 6,
                    "is_deprecated": false,
                    "name": "sin",
                    "unavailable_after": ""
                  }
                ],
                "memory": 2,
                "name": "cpx12",
                "storage_type": "local",
                "unavailable_after": ""
              },
              {
                "architecture": "x86",
                "category": "regular_purpose",
                "cores": 2,
                "cpu_type": "shared",
                "deprecation_announced": "",
                "description": "CPX 22",
                "disk": 80,
                "id": 109,
                "included_traffic": 0,
                "is_deprecated": false,
                "locations": [
                  {
                    "deprecation_announced": "",
                    "id": 1,
                    "is_deprecated": false,
                    "name": "fsn1",
                    "unavailable_after": ""
                  },
                  {
                    "deprecation_announced": "",
                    "id": 2,
                    "is_deprecated": false,
                    "name": "nbg1",
                    "unavailable_after": ""
                  },
                  {
                    "deprecation_announced": "",
                    "id": 3,
                    "is_deprecated": false,
                    "name": "hel1",
                    "unavailable_after": ""
                  },
                  {
                    "deprecation_announced": "",
                    "id": 6,
                    "is_deprecated": false,
                    "name": "sin",
                    "unavailable_after": ""
                  }
                ],
                "memory": 4,
                "name": "cpx22",
                "storage_type": "local",
                "unavailable_after": ""
              },
              {
                "architecture": "x86",
                "category": "regular_purpose",
                "cores": 4,
                "cpu_type": "shared",
                "deprecation_announced": "",
                "description": "CPX 32",
                "disk": 160,
                "id": 110,
                "included_traffic": 0,
                "is_deprecated": false,
                "locations": [
                  {
                    "deprecation_announced": "",
                    "id": 1,
                    "is_deprecated": false,
                    "name": "fsn1",
                    "unavailable_after": ""
                  },
                  {
                    "deprecation_announced": "",
                    "id": 2,
                    "is_deprecated": false,
                    "name": "nbg1",
                    "unavailable_after": ""
                  },
                  {
                    "deprecation_announced": "",
                    "id": 3,
                    "is_deprecated": false,
                    "name": "hel1",
                    "unavailable_after": ""
                  },
                  {
                    "deprecation_announced": "",
                    "id": 6,
                    "is_deprecated": false,
                    "name": "sin",
                    "unavailable_after": ""
                  }
                ],
                "memory": 8,
                "name": "cpx32",
                "storage_type": "local",
                "unavailable_after": ""
              },
              {
                "architecture": "x86",
                "category": "regular_purpose",
                "cores": 8,
                "cpu_type": "shared",
                "deprecation_announced": "",
                "description": "CPX 42",
                "disk": 320,
                "id": 111,
                "included_traffic": 0,
                "is_deprecated": false,
                "locations": [
                  {
                    "deprecation_announced": "",
                    "id": 1,
                    "is_deprecated": false,
                    "name": "fsn1",
                    "unavailable_after": ""
                  },
                  {
                    "deprecation_announced": "",
                    "id": 2,
                    "is_deprecated": false,
                    "name": "nbg1",
                    "unavailable_after": ""
                  },
                  {
                    "deprecation_announced": "",
                    "id": 3,
                    "is_deprecated": false,
                    "name": "hel1",
                    "unavailable_after": ""
                  },
                  {
                    "deprecation_announced": "",
                    "id": 6,
                    "is_deprecated": false,
                    "name": "sin",
                    "unavailable_after": ""
                  }
                ],
                "memory": 16,
                "name": "cpx42",
                "storage_type": "local",
                "unavailable_after": ""
              },
              {
                "architecture": "x86",
                "category": "regular_purpose",
                "cores": 12,
                "cpu_type": "shared",
                "deprecation_announced": "",
                "description": "CPX 52",
                "disk": 480,
                "id": 112,
                "included_traffic": 0,
                "is_deprecated": false,
                "locations": [
                  {
                    "deprecation_announced": "",
                    "id": 1,
                    "is_deprecated": false,
                    "name": "fsn1",
                    "unavailable_after": ""
                  },
                  {
                    "deprecation_announced": "",
                    "id": 2,
                    "is_deprecated": false,
                    "name": "nbg1",
                    "unavailable_after": ""
                  },
                  {
                    "deprecation_announced": "",
                    "id": 3,
                    "is_deprecated": false,
                    "name": "hel1",
                    "unavailable_after": ""
                  },
                  {
                    "deprecation_announced": "",
                    "id": 6,
                    "is_deprecated": false,
                    "name": "sin",
                    "unavailable_after": ""
                  }
                ],
                "memory": 24,
                "name": "cpx52",
                "storage_type": "local",
                "unavailable_after": ""
              },
              {
                "architecture": "x86",
                "category": "regular_purpose",
                "cores": 16,
                "cpu_type": "shared",
                "deprecation_announced": "",
                "description": "CPX 62",
                "disk": 640,
                "id": 113,
                "included_traffic": 0,
                "is_deprecated": false,
                "locations": [
                  {
                    "deprecation_announced": "",
                    "id": 1,
                    "is_deprecated": false,
                    "name": "fsn1",
                    "unavailable_after": ""
                  },
                  {
                    "deprecation_announced": "",
                    "id": 2,
                    "is_deprecated": false,
                    "name": "nbg1",
                    "unavailable_after": ""
                  },
                  {
                    "deprecation_announced": "",
                    "id": 3,
                    "is_deprecated": false,
                    "name": "hel1",
                    "unavailable_after": ""
                  },
                  {
                    "deprecation_announced": "",
                    "id": 6,
                    "is_deprecated": false,
                    "name": "sin",
                    "unavailable_after": ""
                  }
                ],
                "memory": 32,
                "name": "cpx62",
                "storage_type": "local",
                "unavailable_after": ""
              },
              {
                "architecture": "x86",
                "category": "cost_optimized",
                "cores": 2,
                "cpu_type": "shared",
                "deprecation_announced": "",
                "description": "CX 23",
                "disk": 40,
                "id": 114,
                "included_traffic": 0,
                "is_deprecated": false,
                "locations": [
                  {
                    "deprecation_announced": "",
                    "id": 1,
                    "is_deprecated": false,
                    "name": "fsn1",
                    "unavailable_after": ""
                  },
                  {
                    "deprecation_announced": "",
                    "id": 2,
                    "is_deprecated": false,
                    "name": "nbg1",
                    "unavailable_after": ""
                  },
                  {
                    "deprecation_announced": "",
                    "id": 3,
                    "is_deprecated": false,
                    "name": "hel1",
                    "unavailable_after": ""
                  }
                ],
                "memory": 4,
                "name": "cx23",
                "storage_type": "local",
                "unavailable_after": ""
              },
              {
                "architecture": "x86",
                "category": "cost_optimized",
                "cores": 4,
                "cpu_type": "shared",
                "deprecation_announced": "",
                "description": "CX 33",
                "disk": 80,
                "id": 115,
                "included_traffic": 0,
                "is_deprecated": false,
                "locations": [
                  {
                    "deprecation_announced": "",
                    "id": 1,
                    "is_deprecated": false,
                    "name": "fsn1",
                    "unavailable_after": ""
                  },
                  {
                    "deprecation_announced": "",
                    "id": 2,
                    "is_deprecated": false,
                    "name": "nbg1",
                    "unavailable_after": ""
                  },
                  {
                    "deprecation_announced": "",
                    "id": 3,
                    "is_deprecated": false,
                    "name": "hel1",
                    "unavailable_after": ""
                  }
                ],
                "memory": 8,
                "name": "cx33",
                "storage_type": "local",
                "unavailable_after": ""
              },
              {
                "architecture": "x86",
                "category": "cost_optimized",
                "cores": 8,
                "cpu_type": "shared",
                "deprecation_announced": "",
                "description": "CX 43",
                "disk": 160,
                "id": 116,
                "included_traffic": 0,
                "is_deprecated": false,
                "locations": [
                  {
                    "deprecation_announced": "",
                    "id": 1,
                    "is_deprecated": false,
                    "name": "fsn1",
                    "unavailable_after": ""
                  },
                  {
                    "deprecation_announced": "",
                    "id": 2,
                    "is_deprecated": false,
                    "name": "nbg1",
                    "unavailable_after": ""
                  },
                  {
                    "deprecation_announced": "",
                    "id": 3,
                    "is_deprecated": false,
                    "name": "hel1",
                    "unavailable_after": ""
                  }
                ],
                "memory": 16,
                "name": "cx43",
                "storage_type": "local",
                "unavailable_after": ""
              },
              {
                "architecture": "x86",
                "category": "cost_optimized",
                "cores": 16,
                "cpu_type": "shared",
                "deprecation_announced": "",
                "description": "CX 53",
                "disk": 320,
                "id": 117,
                "included_traffic": 0,
                "is_deprecated": false,
                "locations": [
                  {
                    "deprecation_announced": "",
                    "id": 1,
                    "is_deprecated": false,
                    "name": "fsn1",
                    "unavailable_after": ""
                  },
                  {
                    "deprecation_announced": "",
                    "id": 2,
                    "is_deprecated": false,
                    "name": "nbg1",
                    "unavailable_after": ""
                  },
                  {
                    "deprecation_announced": "",
                    "id": 3,
                    "is_deprecated": false,
                    "name": "hel1",
                    "unavailable_after": ""
                  }
                ],
                "memory": 32,
                "name": "cx53",
                "storage_type": "local",
                "unavailable_after": ""
              }
            ]
          },
          "sensitive_attributes": []
        }
      ]
    },
    {
      "module": "module.tenant",
      "mode": "managed",
      "type": "cloudflare_dns_record",
      "name": "faraday",
      "provider": "module.tenant.provider[\"registry.terraform.io/cloudflare/cloudflare\"]",
      "instances": [
        {
          "schema_version": 0,
          "attributes": {
            "comment": null,
            "comment_modified_on": null,
            "content": "157.180.88.232",
            "created_on": "2025-10-18T11:54:08Z",
            "data": null,
            "id": "35c95a49703a9f7dbf93c7fd6e50b28e",
            "meta": "{}",
            "modified_on": "2025-10-18T11:54:08Z",
            "name": "faraday.demo.spm.openshield.io",
            "priority": null,
            "proxiable": true,
            "proxied": false,
            "settings": {
              "flatten_cname": null,
              "ipv4_only": null,
              "ipv6_only": null
            },
            "tags": [],
            "tags_modified_on": null,
            "ttl": 3600,
            "type": "A",
            "zone_id": "f92c4f6137dffe0e40aa658cc70e3fa8"
          },
          "sensitive_attributes": [],
          "dependencies": [
            "module.tenant.data.cloudflare_zone.openshield",
            "module.tenant.data.hcloud_server_type.selected",
            "module.tenant.data.hcloud_server_types.all",
            "module.tenant.hcloud_server.tenant_server",
            "module.tenant.hcloud_ssh_key.ssh_key",
            "module.tenant.tls_private_key.ssh_key"
          ]
        }
      ]
    },
    {
      "module": "module.tenant",
      "mode": "managed",
      "type": "hcloud_server",
      "name": "tenant_server",
      "provider": "module.tenant.provider[\"registry.terraform.io/hetznercloud/hcloud\"]",
      "instances": [
        {
          "schema_version": 0,
          "attributes": {
            "allow_deprecated_images": false,
            "backup_window": "",
            "backups": false,
            "datacenter": "hel1-dc2",
            "delete_protection": false,
            "firewall_ids": [],
            "id": "111046131",
            "ignore_remote_firewall_ids": false,
            "image": "ubuntu-22.04",
            "ipv4_address": "157.180.88.232",
            "ipv6_address": "2a01:4f9:c013:feed::1",
            "ipv6_network": "2a01:4f9:c013:feed::/64",
            "iso": null,
            "keep_disk": false,
            "labels": {
              "solution": "spm",
              "tenant": "demo"
            },
            "location": "hel1",
            "name": "spm-tenant-demo",
            "network": [],
            "placement_group_id": 0,
            "primary_disk_size": 80,
            "public_net": [],
            "rebuild_protection": false,
            "rescue": null,
            "server_type": "cpx21",
            "shutdown_before_deletion": false,
            "ssh_keys": [
              "103259973"
            ],
            "status": "running",
            "timeouts": null,
            "user_data": "I3OtpHupyecPOc93oEOqebclEtg="
          },
          "sensitive_attributes": [],
          "private": "eyJlMmJmYjczMC1lY2FhLTExZTYtOGY4OC0zNDM2M2JjN2M0YzAiOnsiY3JlYXRlIjo1NDAwMDAwMDAwMDAwfX0=",
          "dependencies": [
            "module.tenant.data.hcloud_server_type.selected",
            "module.tenant.data.hcloud_server_types.all",
            "module.tenant.hcloud_ssh_key.ssh_key",
            "module.tenant.tls_private_key.ssh_key"
          ]
        }
      ]
    },
    {
      "module": "module.tenant",
      "mode": "managed",
      "type": "hcloud_ssh_key",
      "name": "ssh_key",
      "provider": "module.tenant.provider[\"registry.terraform.io/hetznercloud/hcloud\"]",
      "instances": [
        {
          "schema_version": 0,
          "attributes": {
            "fingerprint": "3f:35:7e:93:69:41:92:95:fb:b8:d5:6a:ea:ab:51:f0",
            "id": "103259973",
            "labels": {
              "solution": "spm",
              "tenant": "demo"
            },
            "name": "demo-ssh-key",
            "public_key": "ssh-rsa AAAAB3NzaC1yc2EAAAADAQABAAACAQDVXbLV2K8u1YHCEp0XymHfh8pW5IF9Qswx18lzSnBINc1giJ0sMDNGWwBtv5lrthWcxXvBJNMgQL+C4I5wIBBm0VUIp3vZmkGIGSX8rB39BJs9T0UhqO8HRQeZGfk2TKGLglgbhVB2GWhMZyOq0VhHNNnFrx1MzbBJn0uSZG1DBLkv+LKuh6xWZkZHQSb5w+G77dMs+MKjjre4VfUh9mVSmrHKRxSw8MDJ5mKhBQtujeMeAq/ebWfFlb4sD1zqXJSPboGnNrA1b7eRVIxKkv8DVy35pbtHwebK+h8wXBI9XtZYojjFmdUEJ5KFDCI5LyXw7r+2tTj0Ij8v/6QzdFRYSIvTF0t/XtDwp604FCAimQ0GzbRT/0UzbnGIWndjCFxoMmF7z+CsNFGrlntW9Of8ZjNNyYxpRWhB7+uFYK5FNmp1JMjvBkFuBP2mOar2bvJ8DBNF5YXZu1v2C+EJmDX/otlxNPe4Ugq2XhhPkQpPIuJrtsuyozcMPCgGAmQOdHCdjX0rkRlg2qZsbUWBzMS1gip0lUjw+fs8FqSfQPjvMvxKHtlWoNFsdIvZZdV+gsXsSxIpCFDWbG/ajQ+lzcQVGJudJUrEUSY60zZ4I3UOl8V4bQEzWfQG7GfxOPfGnJveQ4b0pzlyvGZY83SowIFWQ7FZEEd6gGWdFPXRM4Mo6Q==\n"
          },
          "sensitive_attributes": [],
          "dependencies": [
            "module.tenant.tls_private_key.ssh_key"
          ]
        }
      ]
    },
    {
      "module": "module.tenant",
      "mode": "managed",
      "type": "hcloud_volume",
      "name": "tenant_volume",
      "provider": "module.tenant.provider[\"registry.terraform.io/hetznercloud/hcloud\"]",
      "instances": [
        {
          "schema_version": 0,
          "attributes": {
            "automount": true,
            "delete_protection": false,
            "format": "ext4",
            "id": "103765964",
            "labels": {
              "solution": "spm",
              "tenant": "demo"
            },
            "linux_device": "/dev/disk/by-id/scsi-0HC_Volume_103765964",
            "location": "hel1",
            "name": "spm-tenant-demo-volume",
            "server_id": 111046131,
            "size": 50
          },
          "sensitive_attributes": [],
          "private": "bnVsbA==",
          "dependencies": [
            "module.tenant.data.hcloud_server_type.selected",
            "module.tenant.data.hcloud_server_types.all",
            "module.tenant.hcloud_server.tenant_server",
            "module.tenant.hcloud_ssh_key.ssh_key",
            "module.tenant.tls_private_key.ssh_key"
          ]
        }
      ]
    },
    {
      "module": "module.tenant",
      "mode": "managed",
      "type": "local_file",
      "name": "configure_faraday_nginx_sh",
      "provider": "provider[\"registry.terraform.io/hashicorp/local\"]",
      "instances": [
        {
          "schema_version": 0,
          "attributes": {
            "content": "#!/usr/bin/env bash\n\necho \"Configuring Nginx for Faraday...\"\n\n# Request LetsEncrypt certificate for the domain\nsudo certbot certonly --nginx -d faraday.demo.spm.openshield.io --non-interactive --agree-tos -m certbot@cyberdef.cc --redirect \u003e /opt/faraday/certbot.log 2\u003e\u00261\n\n# Extract certificate and key paths\nCERT_PATH=$(grep -iE 'certificate is saved at:' /opt/faraday/certbot.log | awk '{print $5}')\nKEY_PATH=$(grep -iE 'key is saved at:' /opt/faraday/certbot.log | awk '{print $5}')\nif [ -z \"$CERT_PATH\" ] || [ -z \"$KEY_PATH\" ]; then\n    echo \"Failed to obtain SSL certificate. Check certbot log at /opt/faraday/certbot.log\"\n    exit 1\nfi\n\n# Generate Nginx configuration for Faraday\necho y | faraday-manage generate-nginx-config --fqdn faraday.demo.spm.openshield.io --port 5985 --ws-port 9000 --ssl-certificate $CERT_PATH --ssl-key $KEY_PATH | awk 'BEGIN{p=0} /^NGINX Config$/{getline; getline; p=1} p{print}' \u003e /opt/faraday/faraday.conf 2\u003e\u00261\n\n# Move the generated config to Nginx sites-available\nsudo mv /opt/faraday/faraday.conf /etc/nginx/sites-available/faraday.conf\nsudo ln -sf /etc/nginx/sites-available/faraday.conf /etc/nginx/sites-enabled/faraday.conf\n\n# Test Nginx configuration\nsudo nginx -t\nif [ $? -ne 0 ]; then\n    echo \"Nginx configuration test failed. Please check the configuration file.\"\n    exit 1\nfi\n\n# Wait until no jobs for systemd-sysctl remain\nwhile systemctl list-jobs | grep -q systemd-sysctl; do sleep 1; done\n\n# Reload Nginx to apply the new configuration\nsudo systemctl reload nginx",
            "content_base64": null,
            "content_base64sha256": "Mhepi1pl6Akf6fZ6ZfEINC/0nGgVEzMLlNI9iWQSElU=",
            "content_base64sha512": "8qaR5kT05Kc05obhJOicmBmiqw/yx6Q1IBrG8NP25mWFtMR4912U93F/tJIgLSPfCWDUp481Ow6LU2CZ4YwCIQ==",
            "content_md5": "da1835e3acfe943604d83a3ee7b6e819",
            "content_sha1": "57a1e5531e76efc19207ac4ae0221509c700c169",
            "content_sha256": "3217a98b5a65e8091fe9f67a65f108342ff49c681513330b94d23d8964121255",
            "content_sha512": "f2a691e644f4e4a734e686e124e89c9819a2ab0ff2c7a435201ac6f0d3f6e66585b4c478f75d94f7717fb492202d23df0960d4a78f353b0e8b536099e18c0221",
            "directory_permission": "0777",
            "file_permission": "0777",
            "filename": "modules/tenant/_rendered/configure-faraday-nginx.sh",
            "id": "57a1e5531e76efc19207ac4ae0221509c700c169",
            "sensitive_content": null,
            "source": null
          },
          "sensitive_attributes": []
        }
      ]
    },
    {
      "module": "module.tenant",
      "mode": "managed",
      "type": "local_file",
      "name": "install_faraday_sh",
      "provider": "provider[\"registry.terraform.io/hashicorp/local\"]",
      "instances": [
        {
          "schema_version": 0,
          "attributes": {
            "content": "# !/bin/bash\n\n# A helper script to install Faraday on an Ubuntu server.\n# OS: Ubuntu 20.04 or later\n# Usage: ./install-faraday.sh \u003cVERSION|latest\u003e\n# Example: ./install-faraday.sh latest\n#\n# Author: YordanOpenShield\n\necho \"Starting Faraday installation...\"\n\n# Create necessary directories\nsudo mkdir -p /opt/faraday\ncd /opt/faraday\n\n# Get latest version tag\nVERSION=latest\nif [ -z \"$VERSION\" ] || [ \"$VERSION\" = \"latest\" ]; then\n  echo \"Fetching latest Faraday release from GitHub...\"\n  # prefer jq if available\n  if command -v jq \u003e/dev/null 2\u003e\u00261; then\n    VERSION=$(curl -s https://api.github.com/repos/infobyte/faraday/releases/latest | jq -r .tag_name)\n  else\n    VERSION=$(curl -s https://api.github.com/repos/infobyte/faraday/releases/latest | grep -oP '\"tag_name\":\\s*\"\\K(.*)(?=\")' || true)\n  fi\n\n  if [ -z \"$VERSION\" ]; then\n    echo \"Failed to determine latest Faraday version.\"\n    exit 1\n  fi\n  echo \"Latest version is $VERSION\"\nfi\n\n# Download Faraday\nsudo wget https://github.com/infobyte/faraday/releases/download/$VERSION/faraday-server_amd64.deb\n\n# Wait until no jobs for systemd-sysctl remain\nwhile systemctl list-jobs | grep -q systemd-sysctl; do sleep 1; done\n\n# Make sure dependencies are installed\nsudo apt-get install -y postgresql redis python3 python3-pip\n\n# Wait until no jobs for systemd-sysctl remain\nwhile systemctl list-jobs | grep -q systemd-sysctl; do sleep 1; done\n\n# Install Faraday\necho y | sudo dpkg -i /opt/faraday/faraday-server_amd64.deb || echo y | sudo apt install -f /opt/faraday/faraday-server_amd64.deb\n\n# Add current user to faraday group\nsudo usermod -aG faraday $(whoami)\n\n# Initialize Faraday database\nfaraday-manage initdb\n\n# Change faraday's admin password\nfaraday-manage change-password --username faraday --password vamy%z6kdqZDGepC\n\n# Wait until no jobs for systemd-sysctl remain\nwhile systemctl list-jobs | grep -q systemd-sysctl; do sleep 1; done\n\n# Reload systemd to recognize Faraday services\nsudo systemctl daemon-reload\n\n# Start and enable Faraday services\nsudo systemctl start faraday-server\nsudo systemctl enable faraday-server\n\nsudo systemctl start faraday-worker\nsudo systemctl enable faraday-worker\n\n# Make sure Faraday is running\nif systemctl is-active --quiet faraday-server; then\n    echo \"Faraday server is running.\"\nelse\n    echo \"Faraday server failed to start.\"\n    exit 1\nfi",
            "content_base64": null,
            "content_base64sha256": "0caDedNRP4ae5VlEPpWdUHQlr3q1W1t5aD3J9Qudlsc=",
            "content_base64sha512": "WiiQcRPEpN7p3XlMv2Zo2+HO34miUWSAJT6YcpsdAXufL+rUkomRo6c8PRUyS35kXERUeB25i9UR726pUuEdCg==",
            "content_md5": "2691282958fd9f2b126142d2df027288",
            "content_sha1": "2d9a377564157b344e37c621634026e176fd2e98",
            "content_sha256": "d1c68379d3513f869ee559443e959d507425af7ab55b5b79683dc9f50b9d96c7",
            "content_sha512": "5a28907113c4a4dee9dd794cbf6668dbe1cedf89a2516480253e98729b1d017b9f2fead4928991a3a73c3d15324b7e645c4454781db98bd511ef6ea952e11d0a",
            "directory_permission": "0777",
            "file_permission": "0777",
            "filename": "modules/tenant/_rendered/install-faraday.sh",
            "id": "2d9a377564157b344e37c621634026e176fd2e98",
            "sensitive_content": null,
            "source": null
          },
          "sensitive_attributes": [
            [
              {
                "type": "get_attr",
                "value": "content"
              }
            ]
          ],
          "dependencies": [
            "module.tenant.random_password.faraday_password"
          ]
        }
      ]
    },
    {
      "module": "module.tenant",
      "mode": "managed",
      "type": "local_file",
      "name": "install_nginx_sh",
      "provider": "provider[\"registry.terraform.io/hashicorp/local\"]",
      "instances": [
        {
          "schema_version": 0,
          "attributes": {
            "content": "# !/bin/bash\n\necho \"Starting Nginx installation...\"\n\n# Wait until no jobs for systemd-sysctl remain\nwhile systemctl list-jobs | grep -q systemd-sysctl; do sleep 1; done\n\n# Install Nginx\nsudo apt install -y nginx\nsudo systemctl start nginx\nsudo systemctl enable nginx\n\n# Wait until no jobs for systemd-sysctl remain\nwhile systemctl list-jobs | grep -q systemd-sysctl; do sleep 1; done\n\n# Install certbot\nsudo apt install -y certbot python3-certbot-nginx\n\n# Adjust firewall to allow HTTP and HTTPS traffic\nsudo ufw allow http\nsudo ufw allow https",
            "content_base64": null,
            "content_base64sha256": "o4919IRfA5pOJeO7QoJD7ZxvTpydXFrk0+oPt/Lmwho=",
            "content_base64sha512": "rCkMXeyJ5UkcPvYhmyJPdJkexRED4JFQ4QNVYDaSR+BMGLsfYSIOZSAFCIPFUh19FirQUAxUhQd9LKItW0GQsA==",
            "content_md5": "e0c94e4b2e8b33c6f7489a8a6582c76f",
            "content_sha1": "5682968225ad55134c8c4bd36eda4b6e67362f53",
            "content_sha256": "a38f75f4845f039a4e25e3bb428243ed9c6f4e9c9d5c5ae4d3ea0fb7f2e6c21a",
            "content_sha512": "ac290c5dec89e5491c3ef6219b224f74991ec51103e09150e1035560369247e04c18bb1f61220e6520050883c5521d7d162ad0500c5485077d2ca22d5b4190b0",
            "directory_permission": "0777",
            "file_permission": "0777",
            "filename": "modules/tenant/_rendered/install-nginx.sh",
            "id": "5682968225ad55134c8c4bd36eda4b6e67362f53",
            "sensitive_content": null,
            "source": null
          },
          "sensitive_attributes": []
        }
      ]
    },
    {
      "module": "module.tenant",
      "mode": "managed",
      "type": "null_resource",
      "name": "provision_faraday_scripts",
      "provider": "provider[\"registry.terraform.io/hashicorp/null\"]",
      "instances": [
        {
          "status": "tainted",
          "schema_version": 0,
          "attributes": {
            "id": "4877388403821206399",
            "triggers": {
              "always_run": "2025-10-18T11:54:08Z"
            }
          },
          "sensitive_attributes": [],
          "dependencies": [
            "module.tenant.cloudflare_dns_record.faraday",
            "module.tenant.data.cloudflare_zone.openshield",
            "module.tenant.data.hcloud_server_type.selected",
            "module.tenant.data.hcloud_server_types.all",
            "module.tenant.hcloud_server.tenant_server",
            "module.tenant.hcloud_ssh_key.ssh_key",
            "module.tenant.local_file.configure_faraday_nginx_sh",
            "module.tenant.local_file.install_faraday_sh",
            "module.tenant.local_file.install_nginx_sh",
            "module.tenant.random_password.faraday_password",
            "module.tenant.tls_private_key.ssh_key"
          ]
        }
      ]
    },
    {
      "module": "module.tenant",
      "mode": "managed",
      "type": "random_password",
      "name": "faraday_password",
      "provider": "provider[\"registry.terraform.io/hashicorp/random\"]",
      "instances": [
        {
          "schema_version": 3,
          "attributes": {
            "bcrypt_hash": "$2a$10$dMr0bDGMLe4cQgZ.Qsu1yue9Dl9/1/xBekuGPzn3yQBnMAajuglDK",
            "id": "none",
            "keepers": null,
            "length": 16,
            "lower": true,
            "min_lower": 0,
            "min_numeric": 0,
            "min_special": 0,
            "min_upper": 0,
            "number": true,
            "numeric": true,
            "override_special": "_%@",
            "result": "vamy%z6kdqZDGepC",
            "special": true,
            "upper": true
          },
          "sensitive_attributes": []
        }
      ]
    },
    {
      "module": "module.tenant",
      "mode": "managed",
      "type": "tls_private_key",
      "name": "ssh_key",
      "provider": "provider[\"registry.terraform.io/hashicorp/tls\"]",
      "instances": [
        {
          "schema_version": 1,
          "attributes": {
            "algorithm": "RSA",
            "ecdsa_curve": "P224",
            "id": "a1019911742b2e1a19e9fb5b98eede174e1a9505",
            "private_key_openssh": "-----BEGIN OPENSSH PRIVATE KEY-----\nb3BlbnNzaC1rZXktdjEAAAAABG5vbmUAAAAEbm9uZQAAAAAAAAABAAACFwAAAAdz\nc2gtcnNhAAAAAwEAAQAAAgEA1V2y1divLtWBwhKdF8ph34fKVuSBfULMMdfJc0pw\nSDXNYIidLDAzRlsAbb+Za7YVnMV7wSTTIEC/guCOcCAQZtFVCKd72ZpBiBkl/Kwd\n/QSbPU9FIajvB0UHmRn5Nkyhi4JYG4VQdhloTGcjqtFYRzTZxa8dTM2wSZ9LkmRt\nQwS5L/iyroesVmZGR0Em+cPhu+3TLPjCo463uFX1IfZlUpqxykcUsPDAyeZioQUL\nbo3jHgKv3m1nxZW+LA9c6lyUj26BpzawNW+3kVSMSpL/A1ct+aW7R8HmyvofMFwS\nPV7WWKI4xZnVBCeShQwiOS8l8O6/trU49CI/L/+kM3RUWEiL0xdLf17Q8KetOBQg\nIpkNBs20U/9FM25xiFp3YwhcaDJhe8/grDRRq5Z7VvTn/GYzTcmMaUVoQe/rhWCu\nRTZqdSTI7wZBbgT9pjmq9m7yfAwTReWF2btb9gvhCZg1/6LZcTT3uFIKtl4YT5EK\nTyLia7bLsqM3DDwoBgJkDnRwnY19K5EZYNqmbG1FgczEtYIqdJVI8Pn7PBakn0D4\n7zL8Sh7ZVqDRbHSL2WXVfoLF7EsSKQhQ1mxv2o0Ppc3EFRibnSVKxFEmOtM2eCN1\nDpfFeG0BM1n0Buxn8Tj3xpyb3kOG9Kc5crxmWPN0qMCBVkOxWRBHeoBlnRT10TOD\nKOkAAAc4GCZ9HxgmfR8AAAAHc3NoLXJzYQAAAgEA1V2y1divLtWBwhKdF8ph34fK\nVuSBfULMMdfJc0pwSDXNYIidLDAzRlsAbb+Za7YVnMV7wSTTIEC/guCOcCAQZtFV\nCKd72ZpBiBkl/Kwd/QSbPU9FIajvB0UHmRn5Nkyhi4JYG4VQdhloTGcjqtFYRzTZ\nxa8dTM2wSZ9LkmRtQwS5L/iyroesVmZGR0Em+cPhu+3TLPjCo463uFX1IfZlUpqx\nykcUsPDAyeZioQULbo3jHgKv3m1nxZW+LA9c6lyUj26BpzawNW+3kVSMSpL/A1ct\n+aW7R8HmyvofMFwSPV7WWKI4xZnVBCeShQwiOS8l8O6/trU49CI/L/+kM3RUWEiL\n0xdLf17Q8KetOBQgIpkNBs20U/9FM25xiFp3YwhcaDJhe8/grDRRq5Z7VvTn/GYz\nTcmMaUVoQe/rhWCuRTZqdSTI7wZBbgT9pjmq9m7yfAwTReWF2btb9gvhCZg1/6LZ\ncTT3uFIKtl4YT5EKTyLia7bLsqM3DDwoBgJkDnRwnY19K5EZYNqmbG1FgczEtYIq\ndJVI8Pn7PBakn0D47zL8Sh7ZVqDRbHSL2WXVfoLF7EsSKQhQ1mxv2o0Ppc3EFRib\nnSVKxFEmOtM2eCN1DpfFeG0BM1n0Buxn8Tj3xpyb3kOG9Kc5crxmWPN0qMCBVkOx\nWRBHeoBlnRT10TODKOkAAAADAQABAAACADVZTMZofADvVJb0dYAF0+wCtWZ9kx0B\nTzIlPNMNaT686SG6duYeFSwBw/0s+4zxhbzhqfxUm0+EsP3l7Od/NOqoa6USz4ZM\nqhcABr4DQSpK9Q/i2qu8ZCvCqFAxLN1VUs0hpasX7dLhrnDwFvx2hKalQdBKZT6X\nbX0zDb/ISYOI0k761Z6LAN3Hi8n0Me0ge7g0Emm7t1sS67/1CipYQ+RgFpU3qaZG\nREYXS1DshHu7kW6nCFdKrrg6JUc5/icBSAoG/PcU1wE9cj4t0DgzQf0RVscFl+qs\nwmq9GIBMfSkIJfsacKyDtr3nsRyAOKxorAlugNQLwvZT+82iE2nkK9RES3H95MQa\nmSaUW0aTCPD0mh5d+CAKx09OSM9HH5yAMOdvoUBc7Lb/YAJK8Z5XSmQyhDHAWq4M\nJ/G0DbfYUyvbEQO9GiAYCM/y6RvHfaauJVh1mKFkZDx/eyCvLQo+8RMqqgScU+90\nP0PRd70iztR3oS8cFMkgT/u+DHIRpyKz6b6XSCzjIow+mEzW+TULol56AovJBCmb\nDHqng0xSrR1dZmJo0ItvKsQYq0ZuhGGwcUOLco5j1GvX+BVAQKdCJ2s1nnoy2QgZ\n8a/tcDgx4eXz4Sfz/seNCOkyIBWABbMBlqZWxXBVTjxavm+JIQgpxxRXw9OakCp3\nhreFeCL5Em9TAAAA/0ft4ZHJiKshiv/cZmuBPsbM7Ywyjo5/oKfH6lD1ZDBcWQEX\nEzQK4T5SEKrjJLITtKOelFJ5nfDpnjB1xZUeayIuHzCDEjLbnhmicEORxM+K6Kby\nh85tu1vpqfF28XCt61CMWIdy2f5Qazfz9zyu0Jh6RSjzjBOz99NX+A1bgVH3OXct\nZOu5r2sVCxuP94voPT+NTMora+lRmu4K7GJUhnH4imnIa6S0Y8ZF99CqCKd+6STw\nLjOYQso5P1rNEV4XUZHPetkFhKVwu8SY2wJEo0f9KDjBD4FtKkXflmkGERRdWVj+\n8kIcvEEgjTEoKWp8NMmLKUZxaHjGo58gjuhJ8wAAAQEA6P4t47cCYoAPKtvzBTMb\nSLWLPC6ARIXfIqAxdWOuzJtJxPf+NonRdo4/qmNgbBj/OIG4ye7GTMiNNWBfQm0J\nYvAMsjsMGiaeXyDGTJnmhMcrCsV3C6jHzAMd1y2vFGr3NWKCL5YnTcQVSD5luG1d\nINhPEzvf9K0PvTdl7wCZkHSL0U35DG3Swt7G/6yjxVKXorF3CW9XOuoNr+S9TwFG\n44twN5004DEygBprxC0p7KwYIctrg4MfKdIH3cTLfNPnbLqKQFeRtpJIQHCf/pWP\ncZCp9G1krxiPki7wxy51KITiQqk4JDigHbjlOtH/jviI81c2S8EDawoy5cBDw9Y7\nhwAAAQEA6m9fPPUXONV/mJzDYr+xH4kXwRIANWUhe20EkI9y5xjOfmYTwsTswLNH\n4bC5bY8fuLaVu2STl+GEuG2Lrh2Mf2A2QAxnMkxxxqNdacR4OOgjNVNqrbBIIFxt\nZ6h3QL5efSWVGYKYmT/vFd+vNLd73tDh6st1hckjz0a8PeT6aJMZ0cNKDoJuLnSU\n7yWedJAyQSkVfKpnGjNIQcWEYbmKkos7op7+5SP/wPnz5T5v5bzn16mGT2qOcKZR\neP9bOKxq3VZlCnDP5ofTj3tihQ9d8GR5R0zNQae6c3TlmmjvGsfZYojPaUmNI3ka\npdsf0amTjTsUgYYA+zOzi5lPxT/0DwAAAAABAgME\n-----END OPENSSH PRIVATE KEY-----\n",
            "private_key_pem": "-----BEGIN RSA PRIVATE KEY-----\nMIIJJgIBAAKCAgEA1V2y1divLtWBwhKdF8ph34fKVuSBfULMMdfJc0pwSDXNYIid\nLDAzRlsAbb+Za7YVnMV7wSTTIEC/guCOcCAQZtFVCKd72ZpBiBkl/Kwd/QSbPU9F\nIajvB0UHmRn5Nkyhi4JYG4VQdhloTGcjqtFYRzTZxa8dTM2wSZ9LkmRtQwS5L/iy\nroesVmZGR0Em+cPhu+3TLPjCo463uFX1IfZlUpqxykcUsPDAyeZioQULbo3jHgKv\n3m1nxZW+LA9c6lyUj26BpzawNW+3kVSMSpL/A1ct+aW7R8HmyvofMFwSPV7WWKI4\nxZnVBCeShQwiOS8l8O6/trU49CI/L/+kM3RUWEiL0xdLf17Q8KetOBQgIpkNBs20\nU/9FM25xiFp3YwhcaDJhe8/grDRRq5Z7VvTn/GYzTcmMaUVoQe/rhWCuRTZqdSTI\n7wZBbgT9pjmq9m7yfAwTReWF2btb9gvhCZg1/6LZcTT3uFIKtl4YT5EKTyLia7bL\nsqM3DDwoBgJkDnRwnY19K5EZYNqmbG1FgczEtYIqdJVI8Pn7PBakn0D47zL8Sh7Z\nVqDRbHSL2WXVfoLF7EsSKQhQ1mxv2o0Ppc3EFRibnSVKxFEmOtM2eCN1DpfFeG0B\nM1n0Buxn8Tj3xpyb3kOG9Kc5crxmWPN0qMCBVkOxWRBHeoBlnRT10TODKOkCAwEA\nAQKCAgA1WUzGaHwA71SW9HWABdPsArVmfZMdAU8yJTzTDWk+vOkhunbmHhUsAcP9\nLPuM8YW84an8VJtPhLD95eznfzTqqGulEs+GTKoXAAa+A0EqSvUP4tqrvGQrwqhQ\nMSzdVVLNIaWrF+3S4a5w8Bb8doSmpUHQSmU+l219Mw2/yEmDiNJO+tWeiwDdx4vJ\n9DHtIHu4NBJpu7dbEuu/9QoqWEPkYBaVN6mmRkRGF0tQ7IR7u5FupwhXSq64OiVH\nOf4nAUgKBvz3FNcBPXI+LdA4M0H9EVbHBZfqrMJqvRiATH0pCCX7GnCsg7a957Ec\ngDisaKwJboDUC8L2U/vNohNp5CvUREtx/eTEGpkmlFtGkwjw9JoeXfggCsdPTkjP\nRx+cgDDnb6FAXOy2/2ACSvGeV0pkMoQxwFquDCfxtA232FMr2xEDvRogGAjP8ukb\nx32mriVYdZihZGQ8f3sgry0KPvETKqoEnFPvdD9D0Xe9Is7Ud6EvHBTJIE/7vgxy\nEacis+m+l0gs4yKMPphM1vk1C6JeegKLyQQpmwx6p4NMUq0dXWZiaNCLbyrEGKtG\nboRhsHFDi3KOY9Rr1/gVQECnQidrNZ56MtkIGfGv7XA4MeHl8+En8/7HjQjpMiAV\ngAWzAZamVsVwVU48Wr5viSEIKccUV8PTmpAqd4a3hXgi+RJvUwKCAQEA6P4t47cC\nYoAPKtvzBTMbSLWLPC6ARIXfIqAxdWOuzJtJxPf+NonRdo4/qmNgbBj/OIG4ye7G\nTMiNNWBfQm0JYvAMsjsMGiaeXyDGTJnmhMcrCsV3C6jHzAMd1y2vFGr3NWKCL5Yn\nTcQVSD5luG1dINhPEzvf9K0PvTdl7wCZkHSL0U35DG3Swt7G/6yjxVKXorF3CW9X\nOuoNr+S9TwFG44twN5004DEygBprxC0p7KwYIctrg4MfKdIH3cTLfNPnbLqKQFeR\ntpJIQHCf/pWPcZCp9G1krxiPki7wxy51KITiQqk4JDigHbjlOtH/jviI81c2S8ED\nawoy5cBDw9Y7hwKCAQEA6m9fPPUXONV/mJzDYr+xH4kXwRIANWUhe20EkI9y5xjO\nfmYTwsTswLNH4bC5bY8fuLaVu2STl+GEuG2Lrh2Mf2A2QAxnMkxxxqNdacR4OOgj\nNVNqrbBIIFxtZ6h3QL5efSWVGYKYmT/vFd+vNLd73tDh6st1hckjz0a8PeT6aJMZ\n0cNKDoJuLnSU7yWedJAyQSkVfKpnGjNIQcWEYbmKkos7op7+5SP/wPnz5T5v5bzn\n16mGT2qOcKZReP9bOKxq3VZlCnDP5ofTj3tihQ9d8GR5R0zNQae6c3TlmmjvGsfZ\nYojPaUmNI3kapdsf0amTjTsUgYYA+zOzi5lPxT/0DwKCAQEAuulGKRrkt95hzJE8\nqRwxtCentjTbw5zdv6phYvn//bZJ/NCxyFDRj9lX67njXXTEMjGm66A4xtpQpdRV\nNzW/xPYsSUMjV0tJ26iwTD1ed4BL4E0/TkQtXFXXt4q3nJqfDN2k8MX1a+Z06Ere\nUZCymCnPbe+nn2LCcJojlROXHhLRI6z4sWbdIGWVoQB/NUonyWWyyAfhI6smJchL\nsjilBOAUuxjLlVsCV1BaybstmecJSPsmmg8zjdonY1p/n/li+4++XxWhGKTLf56a\nS6LxuzpBjYvArNL4Ql6T3EZByKqp1K5qEmy2zoFIq+JRsQFi5Ew/i5AgzNsWr8eI\n1W9kuwKCAQBjuTiED6XvMTJz0styaCSKS6DlKikYjYpunHNCoyK3l1/PeNCTG32y\ngxDiunBGYImX42NSMXhvNSll4oN2b29ih6TMHfqP9OC5JKkJ4t9ZJbZEatWISOKF\nkYugepMv4UsEZUZFcb5EAmRLo7k97YctwyE25ZF6dZNcCrTsh0jVzy0+g5ovDeCc\ntk7cY95Bq00VVsqjG0F8bbAg+kpT379Ikx2tEYFQK74RcsIDFEo5KeBdZumRQryQ\nws8Jb2Z4dy+GM8gLZu2pHMIr2MqR23WUWskUQWFWumif0GwTAOwlMjoQpi3EldsJ\n6ewh/VJNt5riiu0wI7arJNUNXwwF1iyVAoH/R+3hkcmIqyGK/9xma4E+xsztjDKO\njn+gp8fqUPVkMFxZARcTNArhPlIQquMkshO0o56UUnmd8OmeMHXFlR5rIi4fMIMS\nMtueGaJwQ5HEz4ropvKHzm27W+mp8XbxcK3rUIxYh3LZ/lBrN/P3PK7QmHpFKPOM\nE7P301f4DVuBUfc5dy1k67mvaxULG4/3i+g9P41Myitr6VGa7grsYlSGcfiKachr\npLRjxkX30KoIp37pJPAuM5hCyjk/Ws0RXhdRkc962QWEpXC7xJjbAkSjR/0oOMEP\ngW0qRd+WaQYRFF1ZWP7yQhy8QSCNMSgpanw0yYspRnFoeMajnyCO6Enz\n-----END RSA PRIVATE KEY-----\n",
            "private_key_pem_pkcs8": "-----BEGIN PRIVATE KEY-----\nMIIJQAIBADANBgkqhkiG9w0BAQEFAASCCSowggkmAgEAAoICAQDVXbLV2K8u1YHC\nEp0XymHfh8pW5IF9Qswx18lzSnBINc1giJ0sMDNGWwBtv5lrthWcxXvBJNMgQL+C\n4I5wIBBm0VUIp3vZmkGIGSX8rB39BJs9T0UhqO8HRQeZGfk2TKGLglgbhVB2GWhM\nZyOq0VhHNNnFrx1MzbBJn0uSZG1DBLkv+LKuh6xWZkZHQSb5w+G77dMs+MKjjre4\nVfUh9mVSmrHKRxSw8MDJ5mKhBQtujeMeAq/ebWfFlb4sD1zqXJSPboGnNrA1b7eR\nVIxKkv8DVy35pbtHwebK+h8wXBI9XtZYojjFmdUEJ5KFDCI5LyXw7r+2tTj0Ij8v\n/6QzdFRYSIvTF0t/XtDwp604FCAimQ0GzbRT/0UzbnGIWndjCFxoMmF7z+CsNFGr\nlntW9Of8ZjNNyYxpRWhB7+uFYK5FNmp1JMjvBkFuBP2mOar2bvJ8DBNF5YXZu1v2\nC+EJmDX/otlxNPe4Ugq2XhhPkQpPIuJrtsuyozcMPCgGAmQOdHCdjX0rkRlg2qZs\nbUWBzMS1gip0lUjw+fs8FqSfQPjvMvxKHtlWoNFsdIvZZdV+gsXsSxIpCFDWbG/a\njQ+lzcQVGJudJUrEUSY60zZ4I3UOl8V4bQEzWfQG7GfxOPfGnJveQ4b0pzlyvGZY\n83SowIFWQ7FZEEd6gGWdFPXRM4Mo6QIDAQABAoICADVZTMZofADvVJb0dYAF0+wC\ntWZ9kx0BTzIlPNMNaT686SG6duYeFSwBw/0s+4zxhbzhqfxUm0+EsP3l7Od/NOqo\na6USz4ZMqhcABr4DQSpK9Q/i2qu8ZCvCqFAxLN1VUs0hpasX7dLhrnDwFvx2hKal\nQdBKZT6XbX0zDb/ISYOI0k761Z6LAN3Hi8n0Me0ge7g0Emm7t1sS67/1CipYQ+Rg\nFpU3qaZGREYXS1DshHu7kW6nCFdKrrg6JUc5/icBSAoG/PcU1wE9cj4t0DgzQf0R\nVscFl+qswmq9GIBMfSkIJfsacKyDtr3nsRyAOKxorAlugNQLwvZT+82iE2nkK9RE\nS3H95MQamSaUW0aTCPD0mh5d+CAKx09OSM9HH5yAMOdvoUBc7Lb/YAJK8Z5XSmQy\nhDHAWq4MJ/G0DbfYUyvbEQO9GiAYCM/y6RvHfaauJVh1mKFkZDx/eyCvLQo+8RMq\nqgScU+90P0PRd70iztR3oS8cFMkgT/u+DHIRpyKz6b6XSCzjIow+mEzW+TULol56\nAovJBCmbDHqng0xSrR1dZmJo0ItvKsQYq0ZuhGGwcUOLco5j1GvX+BVAQKdCJ2s1\nnnoy2QgZ8a/tcDgx4eXz4Sfz/seNCOkyIBWABbMBlqZWxXBVTjxavm+JIQgpxxRX\nw9OakCp3hreFeCL5Em9TAoIBAQDo/i3jtwJigA8q2/MFMxtItYs8LoBEhd8ioDF1\nY67Mm0nE9/42idF2jj+qY2BsGP84gbjJ7sZMyI01YF9CbQli8AyyOwwaJp5fIMZM\nmeaExysKxXcLqMfMAx3XLa8Uavc1YoIvlidNxBVIPmW4bV0g2E8TO9/0rQ+9N2Xv\nAJmQdIvRTfkMbdLC3sb/rKPFUpeisXcJb1c66g2v5L1PAUbji3A3nTTgMTKAGmvE\nLSnsrBghy2uDgx8p0gfdxMt80+dsuopAV5G2kkhAcJ/+lY9xkKn0bWSvGI+SLvDH\nLnUohOJCqTgkOKAduOU60f+O+IjzVzZLwQNrCjLlwEPD1juHAoIBAQDqb1889Rc4\n1X+YnMNiv7EfiRfBEgA1ZSF7bQSQj3LnGM5+ZhPCxOzAs0fhsLltjx+4tpW7ZJOX\n4YS4bYuuHYx/YDZADGcyTHHGo11pxHg46CM1U2qtsEggXG1nqHdAvl59JZUZgpiZ\nP+8V3680t3ve0OHqy3WFySPPRrw95PpokxnRw0oOgm4udJTvJZ50kDJBKRV8qmca\nM0hBxYRhuYqSizuinv7lI//A+fPlPm/lvOfXqYZPao5wplF4/1s4rGrdVmUKcM/m\nh9OPe2KFD13wZHlHTM1Bp7pzdOWaaO8ax9liiM9pSY0jeRql2x/RqZONOxSBhgD7\nM7OLmU/FP/QPAoIBAQC66UYpGuS33mHMkTypHDG0J6e2NNvDnN2/qmFi+f/9tkn8\n0LHIUNGP2VfrueNddMQyMabroDjG2lCl1FU3Nb/E9ixJQyNXS0nbqLBMPV53gEvg\nTT9ORC1cVde3irecmp8M3aTwxfVr5nToSt5RkLKYKc9t76efYsJwmiOVE5ceEtEj\nrPixZt0gZZWhAH81SifJZbLIB+EjqyYlyEuyOKUE4BS7GMuVWwJXUFrJuy2Z5wlI\n+yaaDzON2idjWn+f+WL7j75fFaEYpMt/nppLovG7OkGNi8Cs0vhCXpPcRkHIqqnU\nrmoSbLbOgUir4lGxAWLkTD+LkCDM2xavx4jVb2S7AoIBAGO5OIQPpe8xMnPSy3Jo\nJIpLoOUqKRiNim6cc0KjIreXX8940JMbfbKDEOK6cEZgiZfjY1IxeG81KWXig3Zv\nb2KHpMwd+o/04LkkqQni31kltkRq1YhI4oWRi6B6ky/hSwRlRkVxvkQCZEujuT3t\nhy3DITblkXp1k1wKtOyHSNXPLT6Dmi8N4Jy2Ttxj3kGrTRVWyqMbQXxtsCD6SlPf\nv0iTHa0RgVArvhFywgMUSjkp4F1m6ZFCvJDCzwlvZnh3L4YzyAtm7akcwivYypHb\ndZRayRRBYVa6aJ/QbBMA7CUyOhCmLcSV2wnp7CH9Uk23muKK7TAjtqsk1Q1fDAXW\nLJUCgf9H7eGRyYirIYr/3GZrgT7GzO2MMo6Of6Cnx+pQ9WQwXFkBFxM0CuE+UhCq\n4ySyE7SjnpRSeZ3w6Z4wdcWVHmsiLh8wgxIy254ZonBDkcTPiuim8ofObbtb6anx\ndvFwretQjFiHctn+UGs38/c8rtCYekUo84wTs/fTV/gNW4FR9zl3LWTrua9rFQsb\nj/eL6D0/jUzKK2vpUZruCuxiVIZx+IppyGuktGPGRffQqginfukk8C4zmELKOT9a\nzRFeF1GRz3rZBYSlcLvEmNsCRKNH/Sg4wQ+BbSpF35ZpBhEUXVlY/vJCHLxBII0x\nKClqfDTJiylGcWh4xqOfII7oSfM=\n-----END PRIVATE KEY-----\n",
            "public_key_fingerprint_md5": "3f:35:7e:93:69:41:92:95:fb:b8:d5:6a:ea:ab:51:f0",
            "public_key_fingerprint_sha256": "SHA256:likjLR/IPD9dwbGNDig6rzzI0Ldq67A4Miuvwn24Xk8",
            "public_key_openssh": "ssh-rsa AAAAB3NzaC1yc2EAAAADAQABAAACAQDVXbLV2K8u1YHCEp0XymHfh8pW5IF9Qswx18lzSnBINc1giJ0sMDNGWwBtv5lrthWcxXvBJNMgQL+C4I5wIBBm0VUIp3vZmkGIGSX8rB39BJs9T0UhqO8HRQeZGfk2TKGLglgbhVB2GWhMZyOq0VhHNNnFrx1MzbBJn0uSZG1DBLkv+LKuh6xWZkZHQSb5w+G77dMs+MKjjre4VfUh9mVSmrHKRxSw8MDJ5mKhBQtujeMeAq/ebWfFlb4sD1zqXJSPboGnNrA1b7eRVIxKkv8DVy35pbtHwebK+h8wXBI9XtZYojjFmdUEJ5KFDCI5LyXw7r+2tTj0Ij8v/6QzdFRYSIvTF0t/XtDwp604FCAimQ0GzbRT/0UzbnGIWndjCFxoMmF7z+CsNFGrlntW9Of8ZjNNyYxpRWhB7+uFYK5FNmp1JMjvBkFuBP2mOar2bvJ8DBNF5YXZu1v2C+EJmDX/otlxNPe4Ugq2XhhPkQpPIuJrtsuyozcMPCgGAmQOdHCdjX0rkRlg2qZsbUWBzMS1gip0lUjw+fs8FqSfQPjvMvxKHtlWoNFsdIvZZdV+gsXsSxIpCFDWbG/ajQ+lzcQVGJudJUrEUSY60zZ4I3UOl8V4bQEzWfQG7GfxOPfGnJveQ4b0pzlyvGZY83SowIFWQ7FZEEd6gGWdFPXRM4Mo6Q==\n",
            "public_key_pem": "-----BEGIN PUBLIC KEY-----\nMIICIjANBgkqhkiG9w0BAQEFAAOCAg8AMIICCgKCAgEA1V2y1divLtWBwhKdF8ph\n34fKVuSBfULMMdfJc0pwSDXNYIidLDAzRlsAbb+Za7YVnMV7wSTTIEC/guCOcCAQ\nZtFVCKd72ZpBiBkl/Kwd/QSbPU9FIajvB0UHmRn5Nkyhi4JYG4VQdhloTGcjqtFY\nRzTZxa8dTM2wSZ9LkmRtQwS5L/iyroesVmZGR0Em+cPhu+3TLPjCo463uFX1IfZl\nUpqxykcUsPDAyeZioQULbo3jHgKv3m1nxZW+LA9c6lyUj26BpzawNW+3kVSMSpL/\nA1ct+aW7R8HmyvofMFwSPV7WWKI4xZnVBCeShQwiOS8l8O6/trU49CI/L/+kM3RU\nWEiL0xdLf17Q8KetOBQgIpkNBs20U/9FM25xiFp3YwhcaDJhe8/grDRRq5Z7VvTn\n/GYzTcmMaUVoQe/rhWCuRTZqdSTI7wZBbgT9pjmq9m7yfAwTReWF2btb9gvhCZg1\n/6LZcTT3uFIKtl4YT5EKTyLia7bLsqM3DDwoBgJkDnRwnY19K5EZYNqmbG1FgczE\ntYIqdJVI8Pn7PBakn0D47zL8Sh7ZVqDRbHSL2WXVfoLF7EsSKQhQ1mxv2o0Ppc3E\nFRibnSVKxFEmOtM2eCN1DpfFeG0BM1n0Buxn8Tj3xpyb3kOG9Kc5crxmWPN0qMCB\nVkOxWRBHeoBlnRT10TODKOkCAwEAAQ==\n-----END PUBLIC KEY-----\n",
            "rsa_bits": 4096
          },
          "sensitive_attributes": []
        }
      ]
    }
  ],
  "check_results": null
}
