{
  "version": 4,
  "terraform_version": "1.5.0",
  "serial": 764,
  "lineage": "2bdfdec5-8c30-28c5-2bba-a5d893c95ad2",
  "outputs": {
    "tenant_host": {
      "value": "157.180.88.232",
      "type": "string"
    },
    "tenant_name": {
      "value": "demo",
      "type": "string"
    },
    "tenant_ssh_private_key": {
      "value": "-----BEGIN RSA PRIVATE KEY-----\nMIIJKgIBAAKCAgEA0gUpXD9zbz7QkLjWRSrE3HVb3Pfcbp9WqfFvlDaCND/3p8IX\n73spnheQBcTGcoLGSg2EJzLmu7KbhNXUA9VbCoK6ZO7MOWzlZCE3L8kOUUdli4Az\n/zKWquyLdSF4eirC4Aas9X+Uk3d1WlGpLnWNOv7VDsTgEXZd/IkQDnnB46gPyr2y\neAH+UUikczv+pxxqtxYOLicoIw7k38IyKp0oVloU8Io0+8ZazAgDA3hULFMDUY9W\n2u/GXCUxOsCzcce1+G0LZqe9gzTc0HKiF0tPorzvTXqXxoFSob4gzXGs7PGkkf5B\nJYXfSocY0YM3/203pmiCTOICOjuyfTycfYbf+SyeUsDm1xLbDkMWkVbwcrSfQlnU\npfhSE1mSk3vb4V3aZGu5hui4WB9fFcucTaNq/T1ISEOPdyD6ndBiAH+mFkP5d3jo\nfPkUlr3Zgn9YntAJOlPMcoXImjAvrzLJuPFUKq84INuq8qOlrQYKoqPKU+gHW+9b\nbtzps+OEQIGwakBTwpXJvOHlx4+KjraOONtGXY5m15FHjh9eu6ObScvTvhpvF/Y4\ns5AvqBi4HqegWE01GexznsLFfwqWxHMJhB/+BhISz9neLVcSg5XN573NoYK+9+4o\nAZrcuYApVje/K12fmwdlxfHCxIZaT9s2mtaSnzRNl0UUf8D8bxB4t2AQ+1MCAwEA\nAQKCAgBIUeWxsdnGs3svcq66J6Wdgr4s458g6rZ1k8GH6JNCecqGlpQWb7NfkJ6U\nFfP+B6FPa8MXmnQQq0rZXaaB4WzVvDmCOybRGXoOVk/CITpQa8UAWhfNp3Zxij3l\nii6J5wKvES1q5lFbzHV5MgiPioQlDg6A5POBn+BybyI70dqd0cgKWPNFVu5jwB98\n3OpuUh8/R5V/eBVeqSjQEnei6/Yxchim0fi3wFCQ1Ktw/PUDRFyur6zJfGqyXU5L\n/IJuSkaTsr0LzvQ347KsBuVhHxpfoC7JX8822F6Desyh4iSZfQZeDY8SZDyFVesK\nbmSQjOPuZiuEXQlGUzs92+rJYPHrpJszZJqbx7bGC4Brjo66APhHsSCu/gmTHoyC\n3XpOs2+PqZMUsGZgJDVZoySYSvU9pP+WDZCzROCc4cSSvK4MdVWC/eoXveOIJDZP\nN/a2l+3jp/rkelKkNe1n+VBBK3V6T3vMQanDM77858DDkHYqB/rucps67t+XsRlX\nRdygPoFgGITtKBNj21GVtNantjoNZIoCvdeih7Q1I++PD45LrH9SSkml+Ih4BT+S\nug4Ul/LPgf/DiHXq+ecQP+TjraPPG8HM/qvgspsBIQhBUmH7RrzqpklswK/RxILi\nU3KUGFCCgdC2Alvu2Kl8NkqPHpu7W7rFHMFazGgoouc/F3tFmQKCAQEA7ppoN6ql\nQhTgGH1XrTHZo6N48TtEjo1QJdXHeeTCKT9Vd2vIDNKlUo3hNjUdeuWSjAB+8/NU\nCm7rzroTiqleFvrK5UC6F9r6LtLmO8z21iQh5H5cC22tEIvrfuNe/TP6uLQhlK16\nK2WAzOpHw8Zynw80n+jkx6OVH58wzjI0nFBppQ1rQ017P2x+zAHm7rNIPU3do64O\nff3bRzgaSuCNpSAvC24FIoI7fCAmYgMg9MIIgq2wiv1FgnYdy2MALPdt5AC0cKNY\nmReyxa/6tI7cidfOs9C9xQ8pKpGxZlMrMQIPFuRbSfhe6kZdVqUNszfXGdvM0GcW\nCgqqG8Z9s/EAewKCAQEA4VU+wosxmh0awoI7FkLh37tAFoGAJYM0iTvb85FyJH0q\noarbkfmZvxdkEwPytWeJQt0Kh7aUyo4l+CImFMq0CtPqdS9fvFOPXmsd5ad0D1RA\neVlwDSivNt1dC4WhDcWzboaKhyT7fWpkd+gL9D0MAnZ0pVoCEgYMyfOzrx2PQq08\nY60GhKme6m7Is3bnBxT2TsAg/fKFIkk7bUapaHGELWxH/OQwxY1tugHEffAhshVL\noaY9zZaUXPhFbZjlfPoqILtEkQT6YvMWgi5WGDuF93RXRojZGcBPJM0aYvUifvm6\nWrnUwLDXwUsBcW23qfYRC0VRyVA/A4g+YOwrUHO1CQKCAQEAyjIdGPdKHgq0sOwf\nDY0OAub4CW0RNsA36CgWZ4xcoTmjgpTarUsggCntbNNsDQZYvr141+AfGsxOlhwH\njVzjeBPFNqs4SBjwJBfitVCG6IcsFYajF6g0na4Evb2OdIHE+RrkziqIOhhFIuFy\nOUyFO5dWICDrJubP60EqycGv5bsbG5yYhis1w1R8ywLdoPBaymCe7yMD8u7aEKtR\nVJygTAtO8p+kSE8We6R/AlXmaqO3NI5d6hqg+eKAcyeNMY3oGOwj/MPfw7Racb4k\ndTgPWdyAtM6y0jh7yTA3ph/anShCg0K2vaN1Q5CnblJmnrY2WRpzoTOKcK4C45C8\nW21i2wKCAQEAtehmiRFr0rmKP9p4rukBheeZvlF/TUlVoTA0ybXySqjNQMQ5C+hP\niSft/zfhuTbDZboiZRstlTQaTO3shj56CH+5uC6tf9CJXjTlZt+/XxyqDAz623Sr\ntoQQOFwBf6fJygFNVfqyGDZKs04eUGb0Cgzs8AvwvfIqYuKdfVJEtBQ8O0+UgoaY\npzMWTWNA8MOocDzEpZ4igmJSWk6ANrPle/H9T5g8E0+wdEg3A2BXI3fznaUiIZVd\nYox/KBIVucYPOmtT2CsHo9gQpLmZgWiUJwfB6UxSz2ojulbl5Vt2JMGgAtwgeAqL\nsxzFJnfnnIrsiYfFldp1dHmJuh8OfJ1cWQKCAQEA5Gt/nLYirSQSv4DcJgC+3GCd\nAyuWuWrByyuKQZW4cpIKCrYgH9b6ir+aQaadO3Nr2Jh84HNAd3Kqev7ZVPG9S17M\nlBe3pW0XaNCakLMnpgNenys8xLE3zIfwLz5MM6/Ssuwoky9ZTMytY5MFc8tWNYzL\n8gfISYUEYywDgu3icaYJrjtdV+aUUkFZTZI520+XieEAIJHSG17dFbBUgjoQ2JBr\nrG+wl/89TjaPqkvOyzNNh+5oF55td4scSRQXPMKjRXFWsWFH6EsbRNcMgZve9UNP\n+q/2I4mFb4kTNwjk5dTQ5bS2t81Q/wiMNMLNx/QjTsJ4TIi0berZw7BgrWvCdw==\n-----END RSA PRIVATE KEY-----\n",
      "type": "string",
      "sensitive": true
    },
    "tenant_ssh_public_key": {
      "value": "ssh-rsa AAAAB3NzaC1yc2EAAAADAQABAAACAQDSBSlcP3NvPtCQuNZFKsTcdVvc99xun1ap8W+UNoI0P/enwhfveymeF5AFxMZygsZKDYQnMua7spuE1dQD1VsKgrpk7sw5bOVkITcvyQ5RR2WLgDP/Mpaq7It1IXh6KsLgBqz1f5STd3VaUakudY06/tUOxOARdl38iRAOecHjqA/KvbJ4Af5RSKRzO/6nHGq3Fg4uJygjDuTfwjIqnShWWhTwijT7xlrMCAMDeFQsUwNRj1ba78ZcJTE6wLNxx7X4bQtmp72DNNzQcqIXS0+ivO9NepfGgVKhviDNcazs8aSR/kElhd9KhxjRgzf/bTemaIJM4gI6O7J9PJx9ht/5LJ5SwObXEtsOQxaRVvBytJ9CWdSl+FITWZKTe9vhXdpka7mG6LhYH18Vy5xNo2r9PUhIQ493IPqd0GIAf6YWQ/l3eOh8+RSWvdmCf1ie0Ak6U8xyhciaMC+vMsm48VQqrzgg26ryo6WtBgqio8pT6Adb71tu3Omz44RAgbBqQFPClcm84eXHj4qOto4420ZdjmbXkUeOH167o5tJy9O+Gm8X9jizkC+oGLgep6BYTTUZ7HOewsV/CpbEcwmEH/4GEhLP2d4tVxKDlc3nvc2hgr737igBmty5gClWN78rXZ+bB2XF8cLEhlpP2zaa1pKfNE2XRRR/wPxvEHi3YBD7Uw==\n",
      "type": "string"
    }
  },
  "resources": [
    {
      "module": "module.tenant",
      "mode": "data",
      "type": "cloudflare_zone",
      "name": "openshield",
      "provider": "module.tenant.provider[\"registry.terraform.io/cloudflare/cloudflare\"]",
      "instances": [
        {
          "schema_version": 0,
          "attributes": {
            "account": {
              "id": "bca3124de7c86d659a959f06cb35043d",
              "name": "Cloudflare@cyberdef.cc's Account"
            },
            "activated_on": "2025-04-21T11:29:39Z",
            "cname_suffix": null,
            "created_on": "2025-04-21T11:00:21Z",
            "development_mode": 0,
            "filter": {
              "account": null,
              "direction": null,
              "match": null,
              "name": "openshield.io",
              "order": null,
              "status": null
            },
            "id": null,
            "meta": {
              "cdn_only": null,
              "custom_certificate_quota": 0,
              "dns_only": null,
              "foundation_dns": null,
              "page_rule_quota": 3,
              "phishing_detected": false,
              "step": 2
            },
            "modified_on": "2025-04-21T11:29:39Z",
            "name": "openshield.io",
            "name_servers": [
              "kiki.ns.cloudflare.com",
              "lloyd.ns.cloudflare.com"
            ],
            "original_dnshost": null,
            "original_name_servers": [
              "dns1.registrar-servers.com",
              "dns2.registrar-servers.com"
            ],
            "original_registrar": "namecheap, inc. (id: 1068)",
            "owner": {
              "id": null,
              "name": null,
              "type": "user"
            },
            "paused": false,
            "permissions": [
              "#dns_records:edit",
              "#dns_records:read",
              "#zone:read"
            ],
            "plan": {
              "can_subscribe": false,
              "currency": "USD",
              "externally_managed": false,
              "frequency": "",
              "id": "0feeeeeeeeeeeeeeeeeeeeeeeeeeeeee",
              "is_subscribed": false,
              "legacy_discount": false,
              "legacy_id": "free",
              "name": "Free Website",
              "price": 0
            },
            "status": "active",
            "tenant": {
              "id": null,
              "name": null
            },
            "tenant_unit": {
              "id": null
            },
            "type": "full",
            "vanity_name_servers": [],
            "verification_key": null,
            "zone_id": "f92c4f6137dffe0e40aa658cc70e3fa8"
          },
          "sensitive_attributes": []
        }
      ]
    },
    {
      "module": "module.tenant",
      "mode": "data",
      "type": "hcloud_server_type",
      "name": "selected",
      "provider": "module.tenant.provider[\"registry.terraform.io/hetznercloud/hcloud\"]",
      "instances": [
        {
          "index_key": "cpx21",
          "schema_version": 0,
          "attributes": {
            "architecture": "x86",
            "category": "regular_purpose",
            "cores": 3,
            "cpu_type": "shared",
            "deprecation_announced": "",
            "description": "CPX 21",
            "disk": 80,
            "id": 23,
            "included_traffic": 0,
            "is_deprecated": false,
            "locations": [
              {
                "deprecation_announced": "2025-10-16T06:00:00Z",
                "id": 1,
                "is_deprecated": true,
                "name": "fsn1",
                "unavailable_after": "2025-12-31T23:59:59Z"
              },
              {
                "deprecation_announced": "2025-10-16T06:00:00Z",
                "id": 2,
                "is_deprecated": true,
                "name": "nbg1",
                "unavailable_after": "2025-12-31T23:59:59Z"
              },
              {
                "deprecation_announced": "2025-10-16T06:00:00Z",
                "id": 3,
                "is_deprecated": true,
                "name": "hel1",
                "unavailable_after": "2025-12-31T23:59:59Z"
              },
              {
                "deprecation_announced": "",
                "id": 4,
                "is_deprecated": false,
                "name": "ash",
                "unavailable_after": ""
              },
              {
                "deprecation_announced": "",
                "id": 5,
                "is_deprecated": false,
                "name": "hil",
                "unavailable_after": ""
              },
              {
                "deprecation_announced": "2025-10-16T06:00:00Z",
                "id": 6,
                "is_deprecated": true,
                "name": "sin",
                "unavailable_after": "2025-12-31T23:59:59Z"
              }
            ],
            "memory": 4,
            "name": "cpx21",
            "storage_type": "local",
            "unavailable_after": ""
          },
          "sensitive_attributes": []
        },
        {
          "index_key": "cpx22",
          "schema_version": 0,
          "attributes": {
            "architecture": "x86",
            "category": "regular_purpose",
            "cores": 2,
            "cpu_type": "shared",
            "deprecation_announced": "",
            "description": "CPX 22",
            "disk": 80,
            "id": 109,
            "included_traffic": 0,
            "is_deprecated": false,
            "locations": [
              {
                "deprecation_announced": "",
                "id": 1,
                "is_deprecated": false,
                "name": "fsn1",
                "unavailable_after": ""
              },
              {
                "deprecation_announced": "",
                "id": 2,
                "is_deprecated": false,
                "name": "nbg1",
                "unavailable_after": ""
              },
              {
                "deprecation_announced": "",
                "id": 3,
                "is_deprecated": false,
                "name": "hel1",
                "unavailable_after": ""
              },
              {
                "deprecation_announced": "",
                "id": 6,
                "is_deprecated": false,
                "name": "sin",
                "unavailable_after": ""
              }
            ],
            "memory": 4,
            "name": "cpx22",
            "storage_type": "local",
            "unavailable_after": ""
          },
          "sensitive_attributes": []
        },
        {
          "index_key": "cpx31",
          "schema_version": 0,
          "attributes": {
            "architecture": "x86",
            "category": "regular_purpose",
            "cores": 4,
            "cpu_type": "shared",
            "deprecation_announced": "",
            "description": "CPX 31",
            "disk": 160,
            "id": 24,
            "included_traffic": 0,
            "is_deprecated": false,
            "locations": [
              {
                "deprecation_announced": "2025-10-16T06:00:00Z",
                "id": 1,
                "is_deprecated": true,
                "name": "fsn1",
                "unavailable_after": "2025-12-31T23:59:59Z"
              },
              {
                "deprecation_announced": "2025-10-16T06:00:00Z",
                "id": 2,
                "is_deprecated": true,
                "name": "nbg1",
                "unavailable_after": "2025-12-31T23:59:59Z"
              },
              {
                "deprecation_announced": "2025-10-16T06:00:00Z",
                "id": 3,
                "is_deprecated": true,
                "name": "hel1",
                "unavailable_after": "2025-12-31T23:59:59Z"
              },
              {
                "deprecation_announced": "",
                "id": 4,
                "is_deprecated": false,
                "name": "ash",
                "unavailable_after": ""
              },
              {
                "deprecation_announced": "",
                "id": 5,
                "is_deprecated": false,
                "name": "hil",
                "unavailable_after": ""
              },
              {
                "deprecation_announced": "2025-10-16T06:00:00Z",
                "id": 6,
                "is_deprecated": true,
                "name": "sin",
                "unavailable_after": "2025-12-31T23:59:59Z"
              }
            ],
            "memory": 8,
            "name": "cpx31",
            "storage_type": "local",
            "unavailable_after": ""
          },
          "sensitive_attributes": []
        },
        {
          "index_key": "cpx32",
          "schema_version": 0,
          "attributes": {
            "architecture": "x86",
            "category": "regular_purpose",
            "cores": 4,
            "cpu_type": "shared",
            "deprecation_announced": "",
            "description": "CPX 32",
            "disk": 160,
            "id": 110,
            "included_traffic": 0,
            "is_deprecated": false,
            "locations": [
              {
                "deprecation_announced": "",
                "id": 1,
                "is_deprecated": false,
                "name": "fsn1",
                "unavailable_after": ""
              },
              {
                "deprecation_announced": "",
                "id": 2,
                "is_deprecated": false,
                "name": "nbg1",
                "unavailable_after": ""
              },
              {
                "deprecation_announced": "",
                "id": 3,
                "is_deprecated": false,
                "name": "hel1",
                "unavailable_after": ""
              },
              {
                "deprecation_announced": "",
                "id": 6,
                "is_deprecated": false,
                "name": "sin",
                "unavailable_after": ""
              }
            ],
            "memory": 8,
            "name": "cpx32",
            "storage_type": "local",
            "unavailable_after": ""
          },
          "sensitive_attributes": []
        },
        {
          "index_key": "cpx41",
          "schema_version": 0,
          "attributes": {
            "architecture": "x86",
            "category": "regular_purpose",
            "cores": 8,
            "cpu_type": "shared",
            "deprecation_announced": "",
            "description": "CPX 41",
            "disk": 240,
            "id": 25,
            "included_traffic": 0,
            "is_deprecated": false,
            "locations": [
              {
                "deprecation_announced": "2025-10-16T06:00:00Z",
                "id": 1,
                "is_deprecated": true,
                "name": "fsn1",
                "unavailable_after": "2025-12-31T23:59:59Z"
              },
              {
                "deprecation_announced": "2025-10-16T06:00:00Z",
                "id": 2,
                "is_deprecated": true,
                "name": "nbg1",
                "unavailable_after": "2025-12-31T23:59:59Z"
              },
              {
                "deprecation_announced": "2025-10-16T06:00:00Z",
                "id": 3,
                "is_deprecated": true,
                "name": "hel1",
                "unavailable_after": "2025-12-31T23:59:59Z"
              },
              {
                "deprecation_announced": "",
                "id": 4,
                "is_deprecated": false,
                "name": "ash",
                "unavailable_after": ""
              },
              {
                "deprecation_announced": "",
                "id": 5,
                "is_deprecated": false,
                "name": "hil",
                "unavailable_after": ""
              },
              {
                "deprecation_announced": "2025-10-16T06:00:00Z",
                "id": 6,
                "is_deprecated": true,
                "name": "sin",
                "unavailable_after": "2025-12-31T23:59:59Z"
              }
            ],
            "memory": 16,
            "name": "cpx41",
            "storage_type": "local",
            "unavailable_after": ""
          },
          "sensitive_attributes": []
        },
        {
          "index_key": "cpx42",
          "schema_version": 0,
          "attributes": {
            "architecture": "x86",
            "category": "regular_purpose",
            "cores": 8,
            "cpu_type": "shared",
            "deprecation_announced": "",
            "description": "CPX 42",
            "disk": 320,
            "id": 111,
            "included_traffic": 0,
            "is_deprecated": false,
            "locations": [
              {
                "deprecation_announced": "",
                "id": 1,
                "is_deprecated": false,
                "name": "fsn1",
                "unavailable_after": ""
              },
              {
                "deprecation_announced": "",
                "id": 2,
                "is_deprecated": false,
                "name": "nbg1",
                "unavailable_after": ""
              },
              {
                "deprecation_announced": "",
                "id": 3,
                "is_deprecated": false,
                "name": "hel1",
                "unavailable_after": ""
              },
              {
                "deprecation_announced": "",
                "id": 6,
                "is_deprecated": false,
                "name": "sin",
                "unavailable_after": ""
              }
            ],
            "memory": 16,
            "name": "cpx42",
            "storage_type": "local",
            "unavailable_after": ""
          },
          "sensitive_attributes": []
        },
        {
          "index_key": "cpx51",
          "schema_version": 0,
          "attributes": {
            "architecture": "x86",
            "category": "regular_purpose",
            "cores": 16,
            "cpu_type": "shared",
            "deprecation_announced": "",
            "description": "CPX 51",
            "disk": 360,
            "id": 26,
            "included_traffic": 0,
            "is_deprecated": false,
            "locations": [
              {
                "deprecation_announced": "2025-10-16T06:00:00Z",
                "id": 1,
                "is_deprecated": true,
                "name": "fsn1",
                "unavailable_after": "2025-12-31T23:59:59Z"
              },
              {
                "deprecation_announced": "2025-10-16T06:00:00Z",
                "id": 2,
                "is_deprecated": true,
                "name": "nbg1",
                "unavailable_after": "2025-12-31T23:59:59Z"
              },
              {
                "deprecation_announced": "2025-10-16T06:00:00Z",
                "id": 3,
                "is_deprecated": true,
                "name": "hel1",
                "unavailable_after": "2025-12-31T23:59:59Z"
              },
              {
                "deprecation_announced": "",
                "id": 4,
                "is_deprecated": false,
                "name": "ash",
                "unavailable_after": ""
              },
              {
                "deprecation_announced": "",
                "id": 5,
                "is_deprecated": false,
                "name": "hil",
                "unavailable_after": ""
              },
              {
                "deprecation_announced": "2025-10-16T06:00:00Z",
                "id": 6,
                "is_deprecated": true,
                "name": "sin",
                "unavailable_after": "2025-12-31T23:59:59Z"
              }
            ],
            "memory": 32,
            "name": "cpx51",
            "storage_type": "local",
            "unavailable_after": ""
          },
          "sensitive_attributes": []
        },
        {
          "index_key": "cpx52",
          "schema_version": 0,
          "attributes": {
            "architecture": "x86",
            "category": "regular_purpose",
            "cores": 12,
            "cpu_type": "shared",
            "deprecation_announced": "",
            "description": "CPX 52",
            "disk": 480,
            "id": 112,
            "included_traffic": 0,
            "is_deprecated": false,
            "locations": [
              {
                "deprecation_announced": "",
                "id": 1,
                "is_deprecated": false,
                "name": "fsn1",
                "unavailable_after": ""
              },
              {
                "deprecation_announced": "",
                "id": 2,
                "is_deprecated": false,
                "name": "nbg1",
                "unavailable_after": ""
              },
              {
                "deprecation_announced": "",
                "id": 3,
                "is_deprecated": false,
                "name": "hel1",
                "unavailable_after": ""
              },
              {
                "deprecation_announced": "",
                "id": 6,
                "is_deprecated": false,
                "name": "sin",
                "unavailable_after": ""
              }
            ],
            "memory": 24,
            "name": "cpx52",
            "storage_type": "local",
            "unavailable_after": ""
          },
          "sensitive_attributes": []
        },
        {
          "index_key": "cpx62",
          "schema_version": 0,
          "attributes": {
            "architecture": "x86",
            "category": "regular_purpose",
            "cores": 16,
            "cpu_type": "shared",
            "deprecation_announced": "",
            "description": "CPX 62",
            "disk": 640,
            "id": 113,
            "included_traffic": 0,
            "is_deprecated": false,
            "locations": [
              {
                "deprecation_announced": "",
                "id": 1,
                "is_deprecated": false,
                "name": "fsn1",
                "unavailable_after": ""
              },
              {
                "deprecation_announced": "",
                "id": 2,
                "is_deprecated": false,
                "name": "nbg1",
                "unavailable_after": ""
              },
              {
                "deprecation_announced": "",
                "id": 3,
                "is_deprecated": false,
                "name": "hel1",
                "unavailable_after": ""
              },
              {
                "deprecation_announced": "",
                "id": 6,
                "is_deprecated": false,
                "name": "sin",
                "unavailable_after": ""
              }
            ],
            "memory": 32,
            "name": "cpx62",
            "storage_type": "local",
            "unavailable_after": ""
          },
          "sensitive_attributes": []
        },
        {
          "index_key": "cx22",
          "schema_version": 0,
          "attributes": {
            "architecture": "x86",
            "category": "cost_optimized",
            "cores": 2,
            "cpu_type": "shared",
            "deprecation_announced": "2025-10-16T06:00:00Z",
            "description": "CX22",
            "disk": 40,
            "id": 104,
            "included_traffic": 0,
            "is_deprecated": true,
            "locations": [
              {
                "deprecation_announced": "2025-10-16T06:00:00Z",
                "id": 1,
                "is_deprecated": true,
                "name": "fsn1",
                "unavailable_after": "2025-12-31T23:59:59Z"
              },
              {
                "deprecation_announced": "2025-10-16T06:00:00Z",
                "id": 2,
                "is_deprecated": true,
                "name": "nbg1",
                "unavailable_after": "2025-12-31T23:59:59Z"
              },
              {
                "deprecation_announced": "2025-10-16T06:00:00Z",
                "id": 3,
                "is_deprecated": true,
                "name": "hel1",
                "unavailable_after": "2025-12-31T23:59:59Z"
              }
            ],
            "memory": 4,
            "name": "cx22",
            "storage_type": "local",
            "unavailable_after": "2025-12-31T23:59:59Z"
          },
          "sensitive_attributes": []
        },
        {
          "index_key": "cx23",
          "schema_version": 0,
          "attributes": {
            "architecture": "x86",
            "category": "cost_optimized",
            "cores": 2,
            "cpu_type": "shared",
            "deprecation_announced": "",
            "description": "CX 23",
            "disk": 40,
            "id": 114,
            "included_traffic": 0,
            "is_deprecated": false,
            "locations": [
              {
                "deprecation_announced": "",
                "id": 1,
                "is_deprecated": false,
                "name": "fsn1",
                "unavailable_after": ""
              },
              {
                "deprecation_announced": "",
                "id": 2,
                "is_deprecated": false,
                "name": "nbg1",
                "unavailable_after": ""
              },
              {
                "deprecation_announced": "",
                "id": 3,
                "is_deprecated": false,
                "name": "hel1",
                "unavailable_after": ""
              }
            ],
            "memory": 4,
            "name": "cx23",
            "storage_type": "local",
            "unavailable_after": ""
          },
          "sensitive_attributes": []
        },
        {
          "index_key": "cx32",
          "schema_version": 0,
          "attributes": {
            "architecture": "x86",
            "category": "cost_optimized",
            "cores": 4,
            "cpu_type": "shared",
            "deprecation_announced": "2025-10-16T06:00:00Z",
            "description": "CX32",
            "disk": 80,
            "id": 105,
            "included_traffic": 0,
            "is_deprecated": true,
            "locations": [
              {
                "deprecation_announced": "2025-10-16T06:00:00Z",
                "id": 1,
                "is_deprecated": true,
                "name": "fsn1",
                "unavailable_after": "2025-12-31T23:59:59Z"
              },
              {
                "deprecation_announced": "2025-10-16T06:00:00Z",
                "id": 2,
                "is_deprecated": true,
                "name": "nbg1",
                "unavailable_after": "2025-12-31T23:59:59Z"
              },
              {
                "deprecation_announced": "2025-10-16T06:00:00Z",
                "id": 3,
                "is_deprecated": true,
                "name": "hel1",
                "unavailable_after": "2025-12-31T23:59:59Z"
              }
            ],
            "memory": 8,
            "name": "cx32",
            "storage_type": "local",
            "unavailable_after": "2025-12-31T23:59:59Z"
          },
          "sensitive_attributes": []
        },
        {
          "index_key": "cx33",
          "schema_version": 0,
          "attributes": {
            "architecture": "x86",
            "category": "cost_optimized",
            "cores": 4,
            "cpu_type": "shared",
            "deprecation_announced": "",
            "description": "CX 33",
            "disk": 80,
            "id": 115,
            "included_traffic": 0,
            "is_deprecated": false,
            "locations": [
              {
                "deprecation_announced": "",
                "id": 1,
                "is_deprecated": false,
                "name": "fsn1",
                "unavailable_after": ""
              },
              {
                "deprecation_announced": "",
                "id": 2,
                "is_deprecated": false,
                "name": "nbg1",
                "unavailable_after": ""
              },
              {
                "deprecation_announced": "",
                "id": 3,
                "is_deprecated": false,
                "name": "hel1",
                "unavailable_after": ""
              }
            ],
            "memory": 8,
            "name": "cx33",
            "storage_type": "local",
            "unavailable_after": ""
          },
          "sensitive_attributes": []
        },
        {
          "index_key": "cx42",
          "schema_version": 0,
          "attributes": {
            "architecture": "x86",
            "category": "cost_optimized",
            "cores": 8,
            "cpu_type": "shared",
            "deprecation_announced": "2025-10-16T06:00:00Z",
            "description": "CX42",
            "disk": 160,
            "id": 106,
            "included_traffic": 0,
            "is_deprecated": true,
            "locations": [
              {
                "deprecation_announced": "2025-10-16T06:00:00Z",
                "id": 1,
                "is_deprecated": true,
                "name": "fsn1",
                "unavailable_after": "2025-12-31T23:59:59Z"
              },
              {
                "deprecation_announced": "2025-10-16T06:00:00Z",
                "id": 2,
                "is_deprecated": true,
                "name": "nbg1",
                "unavailable_after": "2025-12-31T23:59:59Z"
              },
              {
                "deprecation_announced": "2025-10-16T06:00:00Z",
                "id": 3,
                "is_deprecated": true,
                "name": "hel1",
                "unavailable_after": "2025-12-31T23:59:59Z"
              }
            ],
            "memory": 16,
            "name": "cx42",
            "storage_type": "local",
            "unavailable_after": "2025-12-31T23:59:59Z"
          },
          "sensitive_attributes": []
        },
        {
          "index_key": "cx43",
          "schema_version": 0,
          "attributes": {
            "architecture": "x86",
            "category": "cost_optimized",
            "cores": 8,
            "cpu_type": "shared",
            "deprecation_announced": "",
            "description": "CX 43",
            "disk": 160,
            "id": 116,
            "included_traffic": 0,
            "is_deprecated": false,
            "locations": [
              {
                "deprecation_announced": "",
                "id": 1,
                "is_deprecated": false,
                "name": "fsn1",
                "unavailable_after": ""
              },
              {
                "deprecation_announced": "",
                "id": 2,
                "is_deprecated": false,
                "name": "nbg1",
                "unavailable_after": ""
              },
              {
                "deprecation_announced": "",
                "id": 3,
                "is_deprecated": false,
                "name": "hel1",
                "unavailable_after": ""
              }
            ],
            "memory": 16,
            "name": "cx43",
            "storage_type": "local",
            "unavailable_after": ""
          },
          "sensitive_attributes": []
        },
        {
          "index_key": "cx52",
          "schema_version": 0,
          "attributes": {
            "architecture": "x86",
            "category": "cost_optimized",
            "cores": 16,
            "cpu_type": "shared",
            "deprecation_announced": "2025-10-16T06:00:00Z",
            "description": "CX52",
            "disk": 320,
            "id": 107,
            "included_traffic": 0,
            "is_deprecated": true,
            "locations": [
              {
                "deprecation_announced": "2025-10-16T06:00:00Z",
                "id": 1,
                "is_deprecated": true,
                "name": "fsn1",
                "unavailable_after": "2025-12-31T23:59:59Z"
              },
              {
                "deprecation_announced": "2025-10-16T06:00:00Z",
                "id": 2,
                "is_deprecated": true,
                "name": "nbg1",
                "unavailable_after": "2025-12-31T23:59:59Z"
              },
              {
                "deprecation_announced": "2025-10-16T06:00:00Z",
                "id": 3,
                "is_deprecated": true,
                "name": "hel1",
                "unavailable_after": "2025-12-31T23:59:59Z"
              }
            ],
            "memory": 32,
            "name": "cx52",
            "storage_type": "local",
            "unavailable_after": "2025-12-31T23:59:59Z"
          },
          "sensitive_attributes": []
        },
        {
          "index_key": "cx53",
          "schema_version": 0,
          "attributes": {
            "architecture": "x86",
            "category": "cost_optimized",
            "cores": 16,
            "cpu_type": "shared",
            "deprecation_announced": "",
            "description": "CX 53",
            "disk": 320,
            "id": 117,
            "included_traffic": 0,
            "is_deprecated": false,
            "locations": [
              {
                "deprecation_announced": "",
                "id": 1,
                "is_deprecated": false,
                "name": "fsn1",
                "unavailable_after": ""
              },
              {
                "deprecation_announced": "",
                "id": 2,
                "is_deprecated": false,
                "name": "nbg1",
                "unavailable_after": ""
              },
              {
                "deprecation_announced": "",
                "id": 3,
                "is_deprecated": false,
                "name": "hel1",
                "unavailable_after": ""
              }
            ],
            "memory": 32,
            "name": "cx53",
            "storage_type": "local",
            "unavailable_after": ""
          },
          "sensitive_attributes": []
        }
      ]
    },
    {
      "module": "module.tenant",
      "mode": "data",
      "type": "hcloud_server_types",
      "name": "all",
      "provider": "module.tenant.provider[\"registry.terraform.io/hetznercloud/hcloud\"]",
      "instances": [
        {
          "schema_version": 0,
          "attributes": {
            "descriptions": [
              "CPX 11",
              "CPX 21",
              "CPX 31",
              "CPX 41",
              "CPX 51",
              "CAX11",
              "CAX21",
              "CAX31",
              "CAX41",
              "CCX13 Dedicated CPU",
              "CCX23 Dedicated CPU",
              "CCX33 Dedicated CPU",
              "CCX43 Dedicated CPU",
              "CCX53 Dedicated CPU",
              "CCX63 Dedicated CPU",
              "CX22",
              "CX32",
              "CX42",
              "CX52",
              "CPX 12",
              "CPX 22",
              "CPX 32",
              "CPX 42",
              "CPX 52",
              "CPX 62",
              "CX 23",
              "CX 33",
              "CX 43",
              "CX 53"
            ],
            "id": "166277662d9b7990b1711b6545d691c4fc52eb3f",
            "names": [
              "cpx11",
              "cpx21",
              "cpx31",
              "cpx41",
              "cpx51",
              "cax11",
              "cax21",
              "cax31",
              "cax41",
              "ccx13",
              "ccx23",
              "ccx33",
              "ccx43",
              "ccx53",
              "ccx63",
              "cx22",
              "cx32",
              "cx42",
              "cx52",
              "cpx12",
              "cpx22",
              "cpx32",
              "cpx42",
              "cpx52",
              "cpx62",
              "cx23",
              "cx33",
              "cx43",
              "cx53"
            ],
            "server_type_ids": [
              "22",
              "23",
              "24",
              "25",
              "26",
              "45",
              "93",
              "94",
              "95",
              "96",
              "97",
              "98",
              "99",
              "100",
              "101",
              "104",
              "105",
              "106",
              "107",
              "108",
              "109",
              "110",
              "111",
              "112",
              "113",
              "114",
              "115",
              "116",
              "117"
            ],
            "server_types": [
              {
                "architecture": "x86",
                "category": "regular_purpose",
                "cores": 2,
                "cpu_type": "shared",
                "deprecation_announced": "",
                "description": "CPX 11",
                "disk": 40,
                "id": 22,
                "included_traffic": 0,
                "is_deprecated": false,
                "locations": [
                  {
                    "deprecation_announced": "2025-10-16T06:00:00Z",
                    "id": 1,
                    "is_deprecated": true,
                    "name": "fsn1",
                    "unavailable_after": "2025-12-31T23:59:59Z"
                  },
                  {
                    "deprecation_announced": "2025-10-16T06:00:00Z",
                    "id": 2,
                    "is_deprecated": true,
                    "name": "nbg1",
                    "unavailable_after": "2025-12-31T23:59:59Z"
                  },
                  {
                    "deprecation_announced": "2025-10-16T06:00:00Z",
                    "id": 3,
                    "is_deprecated": true,
                    "name": "hel1",
                    "unavailable_after": "2025-12-31T23:59:59Z"
                  },
                  {
                    "deprecation_announced": "",
                    "id": 4,
                    "is_deprecated": false,
                    "name": "ash",
                    "unavailable_after": ""
                  },
                  {
                    "deprecation_announced": "",
                    "id": 5,
                    "is_deprecated": false,
                    "name": "hil",
                    "unavailable_after": ""
                  },
                  {
                    "deprecation_announced": "2025-10-16T06:00:00Z",
                    "id": 6,
                    "is_deprecated": true,
                    "name": "sin",
                    "unavailable_after": "2025-12-31T23:59:59Z"
                  }
                ],
                "memory": 2,
                "name": "cpx11",
                "storage_type": "local",
                "unavailable_after": ""
              },
              {
                "architecture": "x86",
                "category": "regular_purpose",
                "cores": 3,
                "cpu_type": "shared",
                "deprecation_announced": "",
                "description": "CPX 21",
                "disk": 80,
                "id": 23,
                "included_traffic": 0,
                "is_deprecated": false,
                "locations": [
                  {
                    "deprecation_announced": "2025-10-16T06:00:00Z",
                    "id": 1,
                    "is_deprecated": true,
                    "name": "fsn1",
                    "unavailable_after": "2025-12-31T23:59:59Z"
                  },
                  {
                    "deprecation_announced": "2025-10-16T06:00:00Z",
                    "id": 2,
                    "is_deprecated": true,
                    "name": "nbg1",
                    "unavailable_after": "2025-12-31T23:59:59Z"
                  },
                  {
                    "deprecation_announced": "2025-10-16T06:00:00Z",
                    "id": 3,
                    "is_deprecated": true,
                    "name": "hel1",
                    "unavailable_after": "2025-12-31T23:59:59Z"
                  },
                  {
                    "deprecation_announced": "",
                    "id": 4,
                    "is_deprecated": false,
                    "name": "ash",
                    "unavailable_after": ""
                  },
                  {
                    "deprecation_announced": "",
                    "id": 5,
                    "is_deprecated": false,
                    "name": "hil",
                    "unavailable_after": ""
                  },
                  {
                    "deprecation_announced": "2025-10-16T06:00:00Z",
                    "id": 6,
                    "is_deprecated": true,
                    "name": "sin",
                    "unavailable_after": "2025-12-31T23:59:59Z"
                  }
                ],
                "memory": 4,
                "name": "cpx21",
                "storage_type": "local",
                "unavailable_after": ""
              },
              {
                "architecture": "x86",
                "category": "regular_purpose",
                "cores": 4,
                "cpu_type": "shared",
                "deprecation_announced": "",
                "description": "CPX 31",
                "disk": 160,
                "id": 24,
                "included_traffic": 0,
                "is_deprecated": false,
                "locations": [
                  {
                    "deprecation_announced": "2025-10-16T06:00:00Z",
                    "id": 1,
                    "is_deprecated": true,
                    "name": "fsn1",
                    "unavailable_after": "2025-12-31T23:59:59Z"
                  },
                  {
                    "deprecation_announced": "2025-10-16T06:00:00Z",
                    "id": 2,
                    "is_deprecated": true,
                    "name": "nbg1",
                    "unavailable_after": "2025-12-31T23:59:59Z"
                  },
                  {
                    "deprecation_announced": "2025-10-16T06:00:00Z",
                    "id": 3,
                    "is_deprecated": true,
                    "name": "hel1",
                    "unavailable_after": "2025-12-31T23:59:59Z"
                  },
                  {
                    "deprecation_announced": "",
                    "id": 4,
                    "is_deprecated": false,
                    "name": "ash",
                    "unavailable_after": ""
                  },
                  {
                    "deprecation_announced": "",
                    "id": 5,
                    "is_deprecated": false,
                    "name": "hil",
                    "unavailable_after": ""
                  },
                  {
                    "deprecation_announced": "2025-10-16T06:00:00Z",
                    "id": 6,
                    "is_deprecated": true,
                    "name": "sin",
                    "unavailable_after": "2025-12-31T23:59:59Z"
                  }
                ],
                "memory": 8,
                "name": "cpx31",
                "storage_type": "local",
                "unavailable_after": ""
              },
              {
                "architecture": "x86",
                "category": "regular_purpose",
                "cores": 8,
                "cpu_type": "shared",
                "deprecation_announced": "",
                "description": "CPX 41",
                "disk": 240,
                "id": 25,
                "included_traffic": 0,
                "is_deprecated": false,
                "locations": [
                  {
                    "deprecation_announced": "2025-10-16T06:00:00Z",
                    "id": 1,
                    "is_deprecated": true,
                    "name": "fsn1",
                    "unavailable_after": "2025-12-31T23:59:59Z"
                  },
                  {
                    "deprecation_announced": "2025-10-16T06:00:00Z",
                    "id": 2,
                    "is_deprecated": true,
                    "name": "nbg1",
                    "unavailable_after": "2025-12-31T23:59:59Z"
                  },
                  {
                    "deprecation_announced": "2025-10-16T06:00:00Z",
                    "id": 3,
                    "is_deprecated": true,
                    "name": "hel1",
                    "unavailable_after": "2025-12-31T23:59:59Z"
                  },
                  {
                    "deprecation_announced": "",
                    "id": 4,
                    "is_deprecated": false,
                    "name": "ash",
                    "unavailable_after": ""
                  },
                  {
                    "deprecation_announced": "",
                    "id": 5,
                    "is_deprecated": false,
                    "name": "hil",
                    "unavailable_after": ""
                  },
                  {
                    "deprecation_announced": "2025-10-16T06:00:00Z",
                    "id": 6,
                    "is_deprecated": true,
                    "name": "sin",
                    "unavailable_after": "2025-12-31T23:59:59Z"
                  }
                ],
                "memory": 16,
                "name": "cpx41",
                "storage_type": "local",
                "unavailable_after": ""
              },
              {
                "architecture": "x86",
                "category": "regular_purpose",
                "cores": 16,
                "cpu_type": "shared",
                "deprecation_announced": "",
                "description": "CPX 51",
                "disk": 360,
                "id": 26,
                "included_traffic": 0,
                "is_deprecated": false,
                "locations": [
                  {
                    "deprecation_announced": "2025-10-16T06:00:00Z",
                    "id": 1,
                    "is_deprecated": true,
                    "name": "fsn1",
                    "unavailable_after": "2025-12-31T23:59:59Z"
                  },
                  {
                    "deprecation_announced": "2025-10-16T06:00:00Z",
                    "id": 2,
                    "is_deprecated": true,
                    "name": "nbg1",
                    "unavailable_after": "2025-12-31T23:59:59Z"
                  },
                  {
                    "deprecation_announced": "2025-10-16T06:00:00Z",
                    "id": 3,
                    "is_deprecated": true,
                    "name": "hel1",
                    "unavailable_after": "2025-12-31T23:59:59Z"
                  },
                  {
                    "deprecation_announced": "",
                    "id": 4,
                    "is_deprecated": false,
                    "name": "ash",
                    "unavailable_after": ""
                  },
                  {
                    "deprecation_announced": "",
                    "id": 5,
                    "is_deprecated": false,
                    "name": "hil",
                    "unavailable_after": ""
                  },
                  {
                    "deprecation_announced": "2025-10-16T06:00:00Z",
                    "id": 6,
                    "is_deprecated": true,
                    "name": "sin",
                    "unavailable_after": "2025-12-31T23:59:59Z"
                  }
                ],
                "memory": 32,
                "name": "cpx51",
                "storage_type": "local",
                "unavailable_after": ""
              },
              {
                "architecture": "arm",
                "category": "cost_optimized",
                "cores": 2,
                "cpu_type": "shared",
                "deprecation_announced": "",
                "description": "CAX11",
                "disk": 40,
                "id": 45,
                "included_traffic": 0,
                "is_deprecated": false,
                "locations": [
                  {
                    "deprecation_announced": "",
                    "id": 1,
                    "is_deprecated": false,
                    "name": "fsn1",
                    "unavailable_after": ""
                  },
                  {
                    "deprecation_announced": "",
                    "id": 2,
                    "is_deprecated": false,
                    "name": "nbg1",
                    "unavailable_after": ""
                  },
                  {
                    "deprecation_announced": "",
                    "id": 3,
                    "is_deprecated": false,
                    "name": "hel1",
                    "unavailable_after": ""
                  }
                ],
                "memory": 4,
                "name": "cax11",
                "storage_type": "local",
                "unavailable_after": ""
              },
              {
                "architecture": "arm",
                "category": "cost_optimized",
                "cores": 4,
                "cpu_type": "shared",
                "deprecation_announced": "",
                "description": "CAX21",
                "disk": 80,
                "id": 93,
                "included_traffic": 0,
                "is_deprecated": false,
                "locations": [
                  {
                    "deprecation_announced": "",
                    "id": 1,
                    "is_deprecated": false,
                    "name": "fsn1",
                    "unavailable_after": ""
                  },
                  {
                    "deprecation_announced": "",
                    "id": 2,
                    "is_deprecated": false,
                    "name": "nbg1",
                    "unavailable_after": ""
                  },
                  {
                    "deprecation_announced": "",
                    "id": 3,
                    "is_deprecated": false,
                    "name": "hel1",
                    "unavailable_after": ""
                  }
                ],
                "memory": 8,
                "name": "cax21",
                "storage_type": "local",
                "unavailable_after": ""
              },
              {
                "architecture": "arm",
                "category": "cost_optimized",
                "cores": 8,
                "cpu_type": "shared",
                "deprecation_announced": "",
                "description": "CAX31",
                "disk": 160,
                "id": 94,
                "included_traffic": 0,
                "is_deprecated": false,
                "locations": [
                  {
                    "deprecation_announced": "",
                    "id": 1,
                    "is_deprecated": false,
                    "name": "fsn1",
                    "unavailable_after": ""
                  },
                  {
                    "deprecation_announced": "",
                    "id": 2,
                    "is_deprecated": false,
                    "name": "nbg1",
                    "unavailable_after": ""
                  },
                  {
                    "deprecation_announced": "",
                    "id": 3,
                    "is_deprecated": false,
                    "name": "hel1",
                    "unavailable_after": ""
                  }
                ],
                "memory": 16,
                "name": "cax31",
                "storage_type": "local",
                "unavailable_after": ""
              },
              {
                "architecture": "arm",
                "category": "cost_optimized",
                "cores": 16,
                "cpu_type": "shared",
                "deprecation_announced": "",
                "description": "CAX41",
                "disk": 320,
                "id": 95,
                "included_traffic": 0,
                "is_deprecated": false,
                "locations": [
                  {
                    "deprecation_announced": "",
                    "id": 1,
                    "is_deprecated": false,
                    "name": "fsn1",
                    "unavailable_after": ""
                  },
                  {
                    "deprecation_announced": "",
                    "id": 2,
                    "is_deprecated": false,
                    "name": "nbg1",
                    "unavailable_after": ""
                  },
                  {
                    "deprecation_announced": "",
                    "id": 3,
                    "is_deprecated": false,
                    "name": "hel1",
                    "unavailable_after": ""
                  }
                ],
                "memory": 32,
                "name": "cax41",
                "storage_type": "local",
                "unavailable_after": ""
              },
              {
                "architecture": "x86",
                "category": "general_purpose",
                "cores": 2,
                "cpu_type": "dedicated",
                "deprecation_announced": "",
                "description": "CCX13 Dedicated CPU",
                "disk": 80,
                "id": 96,
                "included_traffic": 0,
                "is_deprecated": false,
                "locations": [
                  {
                    "deprecation_announced": "",
                    "id": 1,
                    "is_deprecated": false,
                    "name": "fsn1",
                    "unavailable_after": ""
                  },
                  {
                    "deprecation_announced": "",
                    "id": 2,
                    "is_deprecated": false,
                    "name": "nbg1",
                    "unavailable_after": ""
                  },
                  {
                    "deprecation_announced": "",
                    "id": 3,
                    "is_deprecated": false,
                    "name": "hel1",
                    "unavailable_after": ""
                  },
                  {
                    "deprecation_announced": "",
                    "id": 4,
                    "is_deprecated": false,
                    "name": "ash",
                    "unavailable_after": ""
                  },
                  {
                    "deprecation_announced": "",
                    "id": 5,
                    "is_deprecated": false,
                    "name": "hil",
                    "unavailable_after": ""
                  },
                  {
                    "deprecation_announced": "",
                    "id": 6,
                    "is_deprecated": false,
                    "name": "sin",
                    "unavailable_after": ""
                  }
                ],
                "memory": 8,
                "name": "ccx13",
                "storage_type": "local",
                "unavailable_after": ""
              },
              {
                "architecture": "x86",
                "category": "general_purpose",
                "cores": 4,
                "cpu_type": "dedicated",
                "deprecation_announced": "",
                "description": "CCX23 Dedicated CPU",
                "disk": 160,
                "id": 97,
                "included_traffic": 0,
                "is_deprecated": false,
                "locations": [
                  {
                    "deprecation_announced": "",
                    "id": 1,
                    "is_deprecated": false,
                    "name": "fsn1",
                    "unavailable_after": ""
                  },
                  {
                    "deprecation_announced": "",
                    "id": 2,
                    "is_deprecated": false,
                    "name": "nbg1",
                    "unavailable_after": ""
                  },
                  {
                    "deprecation_announced": "",
                    "id": 3,
                    "is_deprecated": false,
                    "name": "hel1",
                    "unavailable_after": ""
                  },
                  {
                    "deprecation_announced": "",
                    "id": 4,
                    "is_deprecated": false,
                    "name": "ash",
                    "unavailable_after": ""
                  },
                  {
                    "deprecation_announced": "",
                    "id": 5,
                    "is_deprecated": false,
                    "name": "hil",
                    "unavailable_after": ""
                  },
                  {
                    "deprecation_announced": "",
                    "id": 6,
                    "is_deprecated": false,
                    "name": "sin",
                    "unavailable_after": ""
                  }
                ],
                "memory": 16,
                "name": "ccx23",
                "storage_type": "local",
                "unavailable_after": ""
              },
              {
                "architecture": "x86",
                "category": "general_purpose",
                "cores": 8,
                "cpu_type": "dedicated",
                "deprecation_announced": "",
                "description": "CCX33 Dedicated CPU",
                "disk": 240,
                "id": 98,
                "included_traffic": 0,
                "is_deprecated": false,
                "locations": [
                  {
                    "deprecation_announced": "",
                    "id": 1,
                    "is_deprecated": false,
                    "name": "fsn1",
                    "unavailable_after": ""
                  },
                  {
                    "deprecation_announced": "",
                    "id": 2,
                    "is_deprecated": false,
                    "name": "nbg1",
                    "unavailable_after": ""
                  },
                  {
                    "deprecation_announced": "",
                    "id": 3,
                    "is_deprecated": false,
                    "name": "hel1",
                    "unavailable_after": ""
                  },
                  {
                    "deprecation_announced": "",
                    "id": 4,
                    "is_deprecated": false,
                    "name": "ash",
                    "unavailable_after": ""
                  },
                  {
                    "deprecation_announced": "",
                    "id": 5,
                    "is_deprecated": false,
                    "name": "hil",
                    "unavailable_after": ""
                  },
                  {
                    "deprecation_announced": "",
                    "id": 6,
                    "is_deprecated": false,
                    "name": "sin",
                    "unavailable_after": ""
                  }
                ],
                "memory": 32,
                "name": "ccx33",
                "storage_type": "local",
                "unavailable_after": ""
              },
              {
                "architecture": "x86",
                "category": "general_purpose",
                "cores": 16,
                "cpu_type": "dedicated",
                "deprecation_announced": "",
                "description": "CCX43 Dedicated CPU",
                "disk": 360,
                "id": 99,
                "included_traffic": 0,
                "is_deprecated": false,
                "locations": [
                  {
                    "deprecation_announced": "",
                    "id": 1,
                    "is_deprecated": false,
                    "name": "fsn1",
                    "unavailable_after": ""
                  },
                  {
                    "deprecation_announced": "",
                    "id": 2,
                    "is_deprecated": false,
                    "name": "nbg1",
                    "unavailable_after": ""
                  },
                  {
                    "deprecation_announced": "",
                    "id": 3,
                    "is_deprecated": false,
                    "name": "hel1",
                    "unavailable_after": ""
                  },
                  {
                    "deprecation_announced": "",
                    "id": 4,
                    "is_deprecated": false,
                    "name": "ash",
                    "unavailable_after": ""
                  },
                  {
                    "deprecation_announced": "",
                    "id": 5,
                    "is_deprecated": false,
                    "name": "hil",
                    "unavailable_after": ""
                  },
                  {
                    "deprecation_announced": "",
                    "id": 6,
                    "is_deprecated": false,
                    "name": "sin",
                    "unavailable_after": ""
                  }
                ],
                "memory": 64,
                "name": "ccx43",
                "storage_type": "local",
                "unavailable_after": ""
              },
              {
                "architecture": "x86",
                "category": "general_purpose",
                "cores": 32,
                "cpu_type": "dedicated",
                "deprecation_announced": "",
                "description": "CCX53 Dedicated CPU",
                "disk": 600,
                "id": 100,
                "included_traffic": 0,
                "is_deprecated": false,
                "locations": [
                  {
                    "deprecation_announced": "",
                    "id": 1,
                    "is_deprecated": false,
                    "name": "fsn1",
                    "unavailable_after": ""
                  },
                  {
                    "deprecation_announced": "",
                    "id": 2,
                    "is_deprecated": false,
                    "name": "nbg1",
                    "unavailable_after": ""
                  },
                  {
                    "deprecation_announced": "",
                    "id": 3,
                    "is_deprecated": false,
                    "name": "hel1",
                    "unavailable_after": ""
                  },
                  {
                    "deprecation_announced": "",
                    "id": 4,
                    "is_deprecated": false,
                    "name": "ash",
                    "unavailable_after": ""
                  },
                  {
                    "deprecation_announced": "",
                    "id": 5,
                    "is_deprecated": false,
                    "name": "hil",
                    "unavailable_after": ""
                  },
                  {
                    "deprecation_announced": "",
                    "id": 6,
                    "is_deprecated": false,
                    "name": "sin",
                    "unavailable_after": ""
                  }
                ],
                "memory": 128,
                "name": "ccx53",
                "storage_type": "local",
                "unavailable_after": ""
              },
              {
                "architecture": "x86",
                "category": "general_purpose",
                "cores": 48,
                "cpu_type": "dedicated",
                "deprecation_announced": "",
                "description": "CCX63 Dedicated CPU",
                "disk": 960,
                "id": 101,
                "included_traffic": 0,
                "is_deprecated": false,
                "locations": [
                  {
                    "deprecation_announced": "",
                    "id": 1,
                    "is_deprecated": false,
                    "name": "fsn1",
                    "unavailable_after": ""
                  },
                  {
                    "deprecation_announced": "",
                    "id": 2,
                    "is_deprecated": false,
                    "name": "nbg1",
                    "unavailable_after": ""
                  },
                  {
                    "deprecation_announced": "",
                    "id": 3,
                    "is_deprecated": false,
                    "name": "hel1",
                    "unavailable_after": ""
                  },
                  {
                    "deprecation_announced": "",
                    "id": 4,
                    "is_deprecated": false,
                    "name": "ash",
                    "unavailable_after": ""
                  },
                  {
                    "deprecation_announced": "",
                    "id": 5,
                    "is_deprecated": false,
                    "name": "hil",
                    "unavailable_after": ""
                  },
                  {
                    "deprecation_announced": "",
                    "id": 6,
                    "is_deprecated": false,
                    "name": "sin",
                    "unavailable_after": ""
                  }
                ],
                "memory": 192,
                "name": "ccx63",
                "storage_type": "local",
                "unavailable_after": ""
              },
              {
                "architecture": "x86",
                "category": "cost_optimized",
                "cores": 2,
                "cpu_type": "shared",
                "deprecation_announced": "2025-10-16T06:00:00Z",
                "description": "CX22",
                "disk": 40,
                "id": 104,
                "included_traffic": 0,
                "is_deprecated": true,
                "locations": [
                  {
                    "deprecation_announced": "2025-10-16T06:00:00Z",
                    "id": 1,
                    "is_deprecated": true,
                    "name": "fsn1",
                    "unavailable_after": "2025-12-31T23:59:59Z"
                  },
                  {
                    "deprecation_announced": "2025-10-16T06:00:00Z",
                    "id": 2,
                    "is_deprecated": true,
                    "name": "nbg1",
                    "unavailable_after": "2025-12-31T23:59:59Z"
                  },
                  {
                    "deprecation_announced": "2025-10-16T06:00:00Z",
                    "id": 3,
                    "is_deprecated": true,
                    "name": "hel1",
                    "unavailable_after": "2025-12-31T23:59:59Z"
                  }
                ],
                "memory": 4,
                "name": "cx22",
                "storage_type": "local",
                "unavailable_after": "2025-12-31T23:59:59Z"
              },
              {
                "architecture": "x86",
                "category": "cost_optimized",
                "cores": 4,
                "cpu_type": "shared",
                "deprecation_announced": "2025-10-16T06:00:00Z",
                "description": "CX32",
                "disk": 80,
                "id": 105,
                "included_traffic": 0,
                "is_deprecated": true,
                "locations": [
                  {
                    "deprecation_announced": "2025-10-16T06:00:00Z",
                    "id": 1,
                    "is_deprecated": true,
                    "name": "fsn1",
                    "unavailable_after": "2025-12-31T23:59:59Z"
                  },
                  {
                    "deprecation_announced": "2025-10-16T06:00:00Z",
                    "id": 2,
                    "is_deprecated": true,
                    "name": "nbg1",
                    "unavailable_after": "2025-12-31T23:59:59Z"
                  },
                  {
                    "deprecation_announced": "2025-10-16T06:00:00Z",
                    "id": 3,
                    "is_deprecated": true,
                    "name": "hel1",
                    "unavailable_after": "2025-12-31T23:59:59Z"
                  }
                ],
                "memory": 8,
                "name": "cx32",
                "storage_type": "local",
                "unavailable_after": "2025-12-31T23:59:59Z"
              },
              {
                "architecture": "x86",
                "category": "cost_optimized",
                "cores": 8,
                "cpu_type": "shared",
                "deprecation_announced": "2025-10-16T06:00:00Z",
                "description": "CX42",
                "disk": 160,
                "id": 106,
                "included_traffic": 0,
                "is_deprecated": true,
                "locations": [
                  {
                    "deprecation_announced": "2025-10-16T06:00:00Z",
                    "id": 1,
                    "is_deprecated": true,
                    "name": "fsn1",
                    "unavailable_after": "2025-12-31T23:59:59Z"
                  },
                  {
                    "deprecation_announced": "2025-10-16T06:00:00Z",
                    "id": 2,
                    "is_deprecated": true,
                    "name": "nbg1",
                    "unavailable_after": "2025-12-31T23:59:59Z"
                  },
                  {
                    "deprecation_announced": "2025-10-16T06:00:00Z",
                    "id": 3,
                    "is_deprecated": true,
                    "name": "hel1",
                    "unavailable_after": "2025-12-31T23:59:59Z"
                  }
                ],
                "memory": 16,
                "name": "cx42",
                "storage_type": "local",
                "unavailable_after": "2025-12-31T23:59:59Z"
              },
              {
                "architecture": "x86",
                "category": "cost_optimized",
                "cores": 16,
                "cpu_type": "shared",
                "deprecation_announced": "2025-10-16T06:00:00Z",
                "description": "CX52",
                "disk": 320,
                "id": 107,
                "included_traffic": 0,
                "is_deprecated": true,
                "locations": [
                  {
                    "deprecation_announced": "2025-10-16T06:00:00Z",
                    "id": 1,
                    "is_deprecated": true,
                    "name": "fsn1",
                    "unavailable_after": "2025-12-31T23:59:59Z"
                  },
                  {
                    "deprecation_announced": "2025-10-16T06:00:00Z",
                    "id": 2,
                    "is_deprecated": true,
                    "name": "nbg1",
                    "unavailable_after": "2025-12-31T23:59:59Z"
                  },
                  {
                    "deprecation_announced": "2025-10-16T06:00:00Z",
                    "id": 3,
                    "is_deprecated": true,
                    "name": "hel1",
                    "unavailable_after": "2025-12-31T23:59:59Z"
                  }
                ],
                "memory": 32,
                "name": "cx52",
                "storage_type": "local",
                "unavailable_after": "2025-12-31T23:59:59Z"
              },
              {
                "architecture": "x86",
                "category": "regular_purpose",
                "cores": 1,
                "cpu_type": "shared",
                "deprecation_announced": "",
                "description": "CPX 12",
                "disk": 40,
                "id": 108,
                "included_traffic": 0,
                "is_deprecated": false,
                "locations": [
                  {
                    "deprecation_announced": "",
                    "id": 6,
                    "is_deprecated": false,
                    "name": "sin",
                    "unavailable_after": ""
                  }
                ],
                "memory": 2,
                "name": "cpx12",
                "storage_type": "local",
                "unavailable_after": ""
              },
              {
                "architecture": "x86",
                "category": "regular_purpose",
                "cores": 2,
                "cpu_type": "shared",
                "deprecation_announced": "",
                "description": "CPX 22",
                "disk": 80,
                "id": 109,
                "included_traffic": 0,
                "is_deprecated": false,
                "locations": [
                  {
                    "deprecation_announced": "",
                    "id": 1,
                    "is_deprecated": false,
                    "name": "fsn1",
                    "unavailable_after": ""
                  },
                  {
                    "deprecation_announced": "",
                    "id": 2,
                    "is_deprecated": false,
                    "name": "nbg1",
                    "unavailable_after": ""
                  },
                  {
                    "deprecation_announced": "",
                    "id": 3,
                    "is_deprecated": false,
                    "name": "hel1",
                    "unavailable_after": ""
                  },
                  {
                    "deprecation_announced": "",
                    "id": 6,
                    "is_deprecated": false,
                    "name": "sin",
                    "unavailable_after": ""
                  }
                ],
                "memory": 4,
                "name": "cpx22",
                "storage_type": "local",
                "unavailable_after": ""
              },
              {
                "architecture": "x86",
                "category": "regular_purpose",
                "cores": 4,
                "cpu_type": "shared",
                "deprecation_announced": "",
                "description": "CPX 32",
                "disk": 160,
                "id": 110,
                "included_traffic": 0,
                "is_deprecated": false,
                "locations": [
                  {
                    "deprecation_announced": "",
                    "id": 1,
                    "is_deprecated": false,
                    "name": "fsn1",
                    "unavailable_after": ""
                  },
                  {
                    "deprecation_announced": "",
                    "id": 2,
                    "is_deprecated": false,
                    "name": "nbg1",
                    "unavailable_after": ""
                  },
                  {
                    "deprecation_announced": "",
                    "id": 3,
                    "is_deprecated": false,
                    "name": "hel1",
                    "unavailable_after": ""
                  },
                  {
                    "deprecation_announced": "",
                    "id": 6,
                    "is_deprecated": false,
                    "name": "sin",
                    "unavailable_after": ""
                  }
                ],
                "memory": 8,
                "name": "cpx32",
                "storage_type": "local",
                "unavailable_after": ""
              },
              {
                "architecture": "x86",
                "category": "regular_purpose",
                "cores": 8,
                "cpu_type": "shared",
                "deprecation_announced": "",
                "description": "CPX 42",
                "disk": 320,
                "id": 111,
                "included_traffic": 0,
                "is_deprecated": false,
                "locations": [
                  {
                    "deprecation_announced": "",
                    "id": 1,
                    "is_deprecated": false,
                    "name": "fsn1",
                    "unavailable_after": ""
                  },
                  {
                    "deprecation_announced": "",
                    "id": 2,
                    "is_deprecated": false,
                    "name": "nbg1",
                    "unavailable_after": ""
                  },
                  {
                    "deprecation_announced": "",
                    "id": 3,
                    "is_deprecated": false,
                    "name": "hel1",
                    "unavailable_after": ""
                  },
                  {
                    "deprecation_announced": "",
                    "id": 6,
                    "is_deprecated": false,
                    "name": "sin",
                    "unavailable_after": ""
                  }
                ],
                "memory": 16,
                "name": "cpx42",
                "storage_type": "local",
                "unavailable_after": ""
              },
              {
                "architecture": "x86",
                "category": "regular_purpose",
                "cores": 12,
                "cpu_type": "shared",
                "deprecation_announced": "",
                "description": "CPX 52",
                "disk": 480,
                "id": 112,
                "included_traffic": 0,
                "is_deprecated": false,
                "locations": [
                  {
                    "deprecation_announced": "",
                    "id": 1,
                    "is_deprecated": false,
                    "name": "fsn1",
                    "unavailable_after": ""
                  },
                  {
                    "deprecation_announced": "",
                    "id": 2,
                    "is_deprecated": false,
                    "name": "nbg1",
                    "unavailable_after": ""
                  },
                  {
                    "deprecation_announced": "",
                    "id": 3,
                    "is_deprecated": false,
                    "name": "hel1",
                    "unavailable_after": ""
                  },
                  {
                    "deprecation_announced": "",
                    "id": 6,
                    "is_deprecated": false,
                    "name": "sin",
                    "unavailable_after": ""
                  }
                ],
                "memory": 24,
                "name": "cpx52",
                "storage_type": "local",
                "unavailable_after": ""
              },
              {
                "architecture": "x86",
                "category": "regular_purpose",
                "cores": 16,
                "cpu_type": "shared",
                "deprecation_announced": "",
                "description": "CPX 62",
                "disk": 640,
                "id": 113,
                "included_traffic": 0,
                "is_deprecated": false,
                "locations": [
                  {
                    "deprecation_announced": "",
                    "id": 1,
                    "is_deprecated": false,
                    "name": "fsn1",
                    "unavailable_after": ""
                  },
                  {
                    "deprecation_announced": "",
                    "id": 2,
                    "is_deprecated": false,
                    "name": "nbg1",
                    "unavailable_after": ""
                  },
                  {
                    "deprecation_announced": "",
                    "id": 3,
                    "is_deprecated": false,
                    "name": "hel1",
                    "unavailable_after": ""
                  },
                  {
                    "deprecation_announced": "",
                    "id": 6,
                    "is_deprecated": false,
                    "name": "sin",
                    "unavailable_after": ""
                  }
                ],
                "memory": 32,
                "name": "cpx62",
                "storage_type": "local",
                "unavailable_after": ""
              },
              {
                "architecture": "x86",
                "category": "cost_optimized",
                "cores": 2,
                "cpu_type": "shared",
                "deprecation_announced": "",
                "description": "CX 23",
                "disk": 40,
                "id": 114,
                "included_traffic": 0,
                "is_deprecated": false,
                "locations": [
                  {
                    "deprecation_announced": "",
                    "id": 1,
                    "is_deprecated": false,
                    "name": "fsn1",
                    "unavailable_after": ""
                  },
                  {
                    "deprecation_announced": "",
                    "id": 2,
                    "is_deprecated": false,
                    "name": "nbg1",
                    "unavailable_after": ""
                  },
                  {
                    "deprecation_announced": "",
                    "id": 3,
                    "is_deprecated": false,
                    "name": "hel1",
                    "unavailable_after": ""
                  }
                ],
                "memory": 4,
                "name": "cx23",
                "storage_type": "local",
                "unavailable_after": ""
              },
              {
                "architecture": "x86",
                "category": "cost_optimized",
                "cores": 4,
                "cpu_type": "shared",
                "deprecation_announced": "",
                "description": "CX 33",
                "disk": 80,
                "id": 115,
                "included_traffic": 0,
                "is_deprecated": false,
                "locations": [
                  {
                    "deprecation_announced": "",
                    "id": 1,
                    "is_deprecated": false,
                    "name": "fsn1",
                    "unavailable_after": ""
                  },
                  {
                    "deprecation_announced": "",
                    "id": 2,
                    "is_deprecated": false,
                    "name": "nbg1",
                    "unavailable_after": ""
                  },
                  {
                    "deprecation_announced": "",
                    "id": 3,
                    "is_deprecated": false,
                    "name": "hel1",
                    "unavailable_after": ""
                  }
                ],
                "memory": 8,
                "name": "cx33",
                "storage_type": "local",
                "unavailable_after": ""
              },
              {
                "architecture": "x86",
                "category": "cost_optimized",
                "cores": 8,
                "cpu_type": "shared",
                "deprecation_announced": "",
                "description": "CX 43",
                "disk": 160,
                "id": 116,
                "included_traffic": 0,
                "is_deprecated": false,
                "locations": [
                  {
                    "deprecation_announced": "",
                    "id": 1,
                    "is_deprecated": false,
                    "name": "fsn1",
                    "unavailable_after": ""
                  },
                  {
                    "deprecation_announced": "",
                    "id": 2,
                    "is_deprecated": false,
                    "name": "nbg1",
                    "unavailable_after": ""
                  },
                  {
                    "deprecation_announced": "",
                    "id": 3,
                    "is_deprecated": false,
                    "name": "hel1",
                    "unavailable_after": ""
                  }
                ],
                "memory": 16,
                "name": "cx43",
                "storage_type": "local",
                "unavailable_after": ""
              },
              {
                "architecture": "x86",
                "category": "cost_optimized",
                "cores": 16,
                "cpu_type": "shared",
                "deprecation_announced": "",
                "description": "CX 53",
                "disk": 320,
                "id": 117,
                "included_traffic": 0,
                "is_deprecated": false,
                "locations": [
                  {
                    "deprecation_announced": "",
                    "id": 1,
                    "is_deprecated": false,
                    "name": "fsn1",
                    "unavailable_after": ""
                  },
                  {
                    "deprecation_announced": "",
                    "id": 2,
                    "is_deprecated": false,
                    "name": "nbg1",
                    "unavailable_after": ""
                  },
                  {
                    "deprecation_announced": "",
                    "id": 3,
                    "is_deprecated": false,
                    "name": "hel1",
                    "unavailable_after": ""
                  }
                ],
                "memory": 32,
                "name": "cx53",
                "storage_type": "local",
                "unavailable_after": ""
              }
            ]
          },
          "sensitive_attributes": []
        }
      ]
    },
    {
      "module": "module.tenant",
      "mode": "managed",
      "type": "cloudflare_dns_record",
      "name": "faraday",
      "provider": "module.tenant.provider[\"registry.terraform.io/cloudflare/cloudflare\"]",
      "instances": [
        {
          "schema_version": 0,
          "attributes": {
            "comment": null,
            "comment_modified_on": null,
            "content": "157.180.88.232",
            "created_on": "2025-10-20T12:32:43Z",
            "data": null,
            "id": "e10c2b10b0d01afaa114054d96bd8976",
            "meta": "{}",
            "modified_on": "2025-10-20T12:32:43Z",
            "name": "faraday.demo.spm.openshield.io",
            "priority": null,
            "proxiable": true,
            "proxied": false,
            "settings": {
              "flatten_cname": null,
              "ipv4_only": null,
              "ipv6_only": null
            },
            "tags": [],
            "tags_modified_on": null,
            "ttl": 3600,
            "type": "A",
            "zone_id": "f92c4f6137dffe0e40aa658cc70e3fa8"
          },
          "sensitive_attributes": [],
          "dependencies": [
            "module.tenant.data.cloudflare_zone.openshield",
            "module.tenant.data.hcloud_server_type.selected",
            "module.tenant.data.hcloud_server_types.all",
            "module.tenant.hcloud_server.tenant_server",
            "module.tenant.hcloud_ssh_key.ssh_key",
            "module.tenant.tls_private_key.ssh_key"
          ]
        }
      ]
    },
    {
      "module": "module.tenant",
      "mode": "managed",
      "type": "hcloud_server",
      "name": "tenant_server",
      "provider": "module.tenant.provider[\"registry.terraform.io/hetznercloud/hcloud\"]",
      "instances": [
        {
          "schema_version": 0,
          "attributes": {
            "allow_deprecated_images": false,
            "backup_window": "",
            "backups": false,
            "datacenter": "hel1-dc2",
            "delete_protection": false,
            "firewall_ids": [],
            "id": "111167236",
            "ignore_remote_firewall_ids": false,
            "image": "ubuntu-22.04",
            "ipv4_address": "157.180.88.232",
            "ipv6_address": "2a01:4f9:c013:feed::1",
            "ipv6_network": "2a01:4f9:c013:feed::/64",
            "iso": null,
            "keep_disk": false,
            "labels": {
              "solution": "spm",
              "tenant": "demo"
            },
            "location": "hel1",
            "name": "spm-tenant-demo",
            "network": [],
            "placement_group_id": 0,
            "primary_disk_size": 80,
            "public_net": [],
            "rebuild_protection": false,
            "rescue": null,
            "server_type": "cpx21",
            "shutdown_before_deletion": false,
            "ssh_keys": [
              "103298795"
            ],
            "status": "running",
            "timeouts": null,
            "user_data": "WG8IJ8SWIi1RajK5Gf1qpA/Sgrk="
          },
          "sensitive_attributes": [],
          "private": "eyJlMmJmYjczMC1lY2FhLTExZTYtOGY4OC0zNDM2M2JjN2M0YzAiOnsiY3JlYXRlIjo1NDAwMDAwMDAwMDAwfX0=",
          "dependencies": [
            "module.tenant.data.hcloud_server_type.selected",
            "module.tenant.data.hcloud_server_types.all",
            "module.tenant.hcloud_ssh_key.ssh_key",
            "module.tenant.tls_private_key.ssh_key"
          ]
        }
      ]
    },
    {
      "module": "module.tenant",
      "mode": "managed",
      "type": "hcloud_ssh_key",
      "name": "ssh_key",
      "provider": "module.tenant.provider[\"registry.terraform.io/hetznercloud/hcloud\"]",
      "instances": [
        {
          "schema_version": 0,
          "attributes": {
            "fingerprint": "dc:4d:97:8a:6e:4f:bb:c2:b0:4b:c5:c3:74:c8:ac:9d",
            "id": "103298795",
            "labels": {
              "solution": "spm",
              "tenant": "demo"
            },
            "name": "demo-ssh-key",
            "public_key": "ssh-rsa AAAAB3NzaC1yc2EAAAADAQABAAACAQDSBSlcP3NvPtCQuNZFKsTcdVvc99xun1ap8W+UNoI0P/enwhfveymeF5AFxMZygsZKDYQnMua7spuE1dQD1VsKgrpk7sw5bOVkITcvyQ5RR2WLgDP/Mpaq7It1IXh6KsLgBqz1f5STd3VaUakudY06/tUOxOARdl38iRAOecHjqA/KvbJ4Af5RSKRzO/6nHGq3Fg4uJygjDuTfwjIqnShWWhTwijT7xlrMCAMDeFQsUwNRj1ba78ZcJTE6wLNxx7X4bQtmp72DNNzQcqIXS0+ivO9NepfGgVKhviDNcazs8aSR/kElhd9KhxjRgzf/bTemaIJM4gI6O7J9PJx9ht/5LJ5SwObXEtsOQxaRVvBytJ9CWdSl+FITWZKTe9vhXdpka7mG6LhYH18Vy5xNo2r9PUhIQ493IPqd0GIAf6YWQ/l3eOh8+RSWvdmCf1ie0Ak6U8xyhciaMC+vMsm48VQqrzgg26ryo6WtBgqio8pT6Adb71tu3Omz44RAgbBqQFPClcm84eXHj4qOto4420ZdjmbXkUeOH167o5tJy9O+Gm8X9jizkC+oGLgep6BYTTUZ7HOewsV/CpbEcwmEH/4GEhLP2d4tVxKDlc3nvc2hgr737igBmty5gClWN78rXZ+bB2XF8cLEhlpP2zaa1pKfNE2XRRR/wPxvEHi3YBD7Uw==\n"
          },
          "sensitive_attributes": [],
          "dependencies": [
            "module.tenant.tls_private_key.ssh_key"
          ]
        }
      ]
    },
    {
      "module": "module.tenant",
      "mode": "managed",
      "type": "hcloud_volume",
      "name": "tenant_volume",
      "provider": "module.tenant.provider[\"registry.terraform.io/hetznercloud/hcloud\"]",
      "instances": [
        {
          "schema_version": 0,
          "attributes": {
            "automount": true,
            "delete_protection": false,
            "format": "ext4",
            "id": "103775874",
            "labels": {
              "solution": "spm",
              "tenant": "demo"
            },
            "linux_device": "/dev/disk/by-id/scsi-0HC_Volume_103775874",
            "location": "hel1",
            "name": "spm-tenant-demo-volume",
            "server_id": 111167236,
            "size": 50
          },
          "sensitive_attributes": [],
          "private": "bnVsbA==",
          "dependencies": [
            "module.tenant.data.hcloud_server_type.selected",
            "module.tenant.data.hcloud_server_types.all",
            "module.tenant.hcloud_server.tenant_server",
            "module.tenant.hcloud_ssh_key.ssh_key",
            "module.tenant.tls_private_key.ssh_key"
          ]
        }
      ]
    },
    {
      "module": "module.tenant",
      "mode": "managed",
      "type": "local_file",
      "name": "configure_faraday_nginx_sh",
      "provider": "provider[\"registry.terraform.io/hashicorp/local\"]",
      "instances": [
        {
          "schema_version": 0,
          "attributes": {
            "content": "#!/usr/bin/env bash\n\necho \"Configuring Nginx for Faraday...\"\n\n# Request LetsEncrypt certificate for the domain\nsudo certbot certonly --nginx -d faraday.demo.spm.openshield.io --non-interactive --agree-tos -m certbot@cyberdef.cc --redirect | sudo tee /opt/faraday/certbot.log 2\u003e\u00261\n\n# Extract certificate and key paths\nCERT_PATH=$(grep -iE 'certificate is saved at:' /opt/faraday/certbot.log | awk '{print $5}')\nKEY_PATH=$(grep -iE 'key is saved at:' /opt/faraday/certbot.log | awk '{print $5}')\nif [ -z \"$CERT_PATH\" ] || [ -z \"$KEY_PATH\" ]; then\n    echo \"Failed to obtain SSL certificate. Check certbot log at /opt/faraday/certbot.log\"\n    exit 1\nfi\n\n# Generate Nginx configuration for Faraday\necho y | sudo faraday-manage generate-nginx-config --fqdn faraday.demo.spm.openshield.io --port 5985 --ws-port 9000 --ssl-certificate $CERT_PATH --ssl-key $KEY_PATH | awk 'BEGIN{p=0} /^.*NGINX Config$/{getline; getline; p=1} p{print}' | sudo tee /opt/faraday/faraday.conf 2\u003e\u00261\n\n# Move the generated config to Nginx sites-available\nsudo mv /opt/faraday/faraday.conf /etc/nginx/sites-available/faraday.conf\nsudo ln -sf /etc/nginx/sites-available/faraday.conf /etc/nginx/sites-enabled/faraday.conf\n\n# Test Nginx configuration\nsudo nginx -t\nif [ $? -ne 0 ]; then\n    echo \"Nginx configuration test failed. Please check the configuration file.\"\n    exit 1\nfi\n\n# Wait until no jobs for systemd-sysctl remain\nwhile systemctl list-jobs | grep -q systemd-sysctl; do sleep 1; done\n\n# Reload Nginx to apply the new configuration\nsudo systemctl reload nginx",
            "content_base64": null,
            "content_base64sha256": "zReJ6++nprJvqKbpcrbrCRqcb7Vt/Gg/WtZFkJdx9fE=",
            "content_base64sha512": "yNFmfuaYhcCKQ9WmKmz/1Jn4YaTjfLOAcJzTJPNMa1Elw5aOhndY8wA9ADn5y8BNCNcaxAOWoeL6GAzKWr87Vw==",
            "content_md5": "b534f353eb32e59fcb9678a99660004a",
            "content_sha1": "2a7258cf017d8aeb1db86048887cc12f02460efe",
            "content_sha256": "cd1789ebefa7a6b26fa8a6e972b6eb091a9c6fb56dfc683f5ad645909771f5f1",
            "content_sha512": "c8d1667ee69885c08a43d5a62a6cffd499f861a4e37cb380709cd324f34c6b5125c3968e867758f3003d0039f9cbc04d08d71ac40396a1e2fa180cca5abf3b57",
            "directory_permission": "0777",
            "file_permission": "0777",
            "filename": "modules/tenant/_rendered/configure-faraday-nginx.sh",
            "id": "2a7258cf017d8aeb1db86048887cc12f02460efe",
            "sensitive_content": null,
            "source": null
          },
          "sensitive_attributes": []
        }
      ]
    },
    {
      "module": "module.tenant",
      "mode": "managed",
      "type": "local_file",
      "name": "install_faraday_sh",
      "provider": "provider[\"registry.terraform.io/hashicorp/local\"]",
      "instances": [
        {
          "schema_version": 0,
          "attributes": {
            "content": "# !/bin/bash\n\n# A helper script to install Faraday on an Ubuntu server.\n# OS: Ubuntu 20.04 or later\n# Usage: ./install-faraday.sh \u003cVERSION|latest\u003e\n# Example: ./install-faraday.sh latest\n#\n# Author: YordanOpenShield\n\necho \"Starting Faraday installation...\"\n\n# Create necessary directories\nsudo mkdir -p /opt/faraday\ncd /opt/faraday\n\n# Get latest version tag\nVERSION=latest\nif [ -z \"$VERSION\" ] || [ \"$VERSION\" = \"latest\" ]; then\n  echo \"Fetching latest Faraday release from GitHub...\"\n  # prefer jq if available\n  if command -v jq \u003e/dev/null 2\u003e\u00261; then\n    VERSION=$(curl -s https://api.github.com/repos/infobyte/faraday/releases/latest | jq -r .tag_name)\n  else\n    VERSION=$(curl -s https://api.github.com/repos/infobyte/faraday/releases/latest | grep -oP '\"tag_name\":\\s*\"\\K(.*)(?=\")' || true)\n  fi\n\n  if [ -z \"$VERSION\" ]; then\n    echo \"Failed to determine latest Faraday version.\"\n    exit 1\n  fi\n  echo \"Latest version is $VERSION\"\nfi\n\n# Download Faraday\nsudo wget https://github.com/infobyte/faraday/releases/download/$VERSION/faraday-server_amd64.deb\n\n# Wait until no jobs for systemd-sysctl remain\nwhile systemctl list-jobs | grep -q systemd-sysctl; do sleep 1; done\n\n# Make sure dependencies are installed\nsudo apt-get install -y postgresql redis python3 python3-pip\n\n# Wait until no jobs for systemd-sysctl remain\nwhile systemctl list-jobs | grep -q systemd-sysctl; do sleep 1; done\n\n# Install Faraday\nsudo apt install -f /opt/faraday/faraday-server_amd64.deb -y\n\n# Add current user to faraday group\nsudo usermod -aG faraday $(whoami)\n\n# Initialize Faraday database\nsudo faraday-manage initdb\n\n# Change faraday's admin password\nsudo faraday-manage change-password --username faraday --password MwW3UDZ9zALaIX2@\n\n# Wait until no jobs for systemd-sysctl remain\nwhile systemctl list-jobs | grep -q systemd-sysctl; do sleep 1; done\n\n# Reload systemd to recognize Faraday services\nsudo systemctl daemon-reload\n\n# Start and enable Faraday services\nsudo systemctl start faraday-server\nsudo systemctl enable faraday-server\n\nsudo systemctl start faraday-worker\nsudo systemctl enable faraday-worker\n\n# Make sure Faraday is running\nif systemctl is-active --quiet faraday-server; then\n    echo \"Faraday server is running.\"\nelse\n    echo \"Faraday server failed to start.\"\n    exit 1\nfi",
            "content_base64": null,
            "content_base64sha256": "1RtptWj6lAGkuLUfsOTc5ejRJ8uHG3xf9RlShjgEPBA=",
            "content_base64sha512": "xIKInJZNiKitds5B+RfR0uQ7VfHevjFO6W3vhGAymcW4fwJdLNsC+P0Jcn0pAXzR0ZSqtJCDcQRxTe2TY2khCQ==",
            "content_md5": "e181f9a260e55bf2943c63d94296d175",
            "content_sha1": "74c8f39d700a90d01f957dfad7f9f7dcc29705a6",
            "content_sha256": "d51b69b568fa9401a4b8b51fb0e4dce5e8d127cb871b7c5ff519528638043c10",
            "content_sha512": "c482889c964d88a8ad76ce41f917d1d2e43b55f1debe314ee96def84603299c5b87f025d2cdb02f8fd09727d29017cd1d194aab490837104714ded9363692109",
            "directory_permission": "0777",
            "file_permission": "0777",
            "filename": "modules/tenant/_rendered/install-faraday.sh",
            "id": "74c8f39d700a90d01f957dfad7f9f7dcc29705a6",
            "sensitive_content": null,
            "source": null
          },
          "sensitive_attributes": [
            [
              {
                "type": "get_attr",
                "value": "content"
              }
            ]
          ],
          "dependencies": [
            "module.tenant.random_password.faraday_password"
          ]
        }
      ]
    },
    {
      "module": "module.tenant",
      "mode": "managed",
      "type": "local_file",
      "name": "install_nginx_sh",
      "provider": "provider[\"registry.terraform.io/hashicorp/local\"]",
      "instances": [
        {
          "schema_version": 0,
          "attributes": {
            "content": "# !/bin/bash\n\necho \"Starting Nginx installation...\"\n\n# Wait until no jobs for systemd-sysctl remain\nwhile systemctl list-jobs | grep -q systemd-sysctl; do sleep 1; done\n\n# Install Nginx\nsudo apt install -y nginx\nsudo systemctl start nginx\nsudo systemctl enable nginx\n\n# Wait until no jobs for systemd-sysctl remain\nwhile systemctl list-jobs | grep -q systemd-sysctl; do sleep 1; done\n\n# Install certbot\nsudo apt install -y certbot python3-certbot-nginx\n\n# Adjust firewall to allow HTTP and HTTPS traffic\nsudo ufw allow http\nsudo ufw allow https",
            "content_base64": null,
            "content_base64sha256": "o4919IRfA5pOJeO7QoJD7ZxvTpydXFrk0+oPt/Lmwho=",
            "content_base64sha512": "rCkMXeyJ5UkcPvYhmyJPdJkexRED4JFQ4QNVYDaSR+BMGLsfYSIOZSAFCIPFUh19FirQUAxUhQd9LKItW0GQsA==",
            "content_md5": "e0c94e4b2e8b33c6f7489a8a6582c76f",
            "content_sha1": "5682968225ad55134c8c4bd36eda4b6e67362f53",
            "content_sha256": "a38f75f4845f039a4e25e3bb428243ed9c6f4e9c9d5c5ae4d3ea0fb7f2e6c21a",
            "content_sha512": "ac290c5dec89e5491c3ef6219b224f74991ec51103e09150e1035560369247e04c18bb1f61220e6520050883c5521d7d162ad0500c5485077d2ca22d5b4190b0",
            "directory_permission": "0777",
            "file_permission": "0777",
            "filename": "modules/tenant/_rendered/install-nginx.sh",
            "id": "5682968225ad55134c8c4bd36eda4b6e67362f53",
            "sensitive_content": null,
            "source": null
          },
          "sensitive_attributes": []
        }
      ]
    },
    {
      "module": "module.tenant",
      "mode": "managed",
      "type": "null_resource",
      "name": "provision_faraday_scripts",
      "provider": "provider[\"registry.terraform.io/hashicorp/null\"]",
      "instances": [
        {
          "status": "tainted",
          "schema_version": 0,
          "attributes": {
            "id": "2718025849553855440",
            "triggers": {
              "always_run": "2025-10-20T12:33:04Z"
            }
          },
          "sensitive_attributes": [],
          "dependencies": [
            "module.tenant.cloudflare_dns_record.faraday",
            "module.tenant.data.cloudflare_zone.openshield",
            "module.tenant.data.hcloud_server_type.selected",
            "module.tenant.data.hcloud_server_types.all",
            "module.tenant.hcloud_server.tenant_server",
            "module.tenant.hcloud_ssh_key.ssh_key",
            "module.tenant.hcloud_volume.tenant_volume",
            "module.tenant.local_file.configure_faraday_nginx_sh",
            "module.tenant.local_file.install_faraday_sh",
            "module.tenant.local_file.install_nginx_sh",
            "module.tenant.random_password.faraday_password",
            "module.tenant.tls_private_key.ssh_key"
          ]
        }
      ]
    },
    {
      "module": "module.tenant",
      "mode": "managed",
      "type": "random_password",
      "name": "faraday_password",
      "provider": "provider[\"registry.terraform.io/hashicorp/random\"]",
      "instances": [
        {
          "schema_version": 3,
          "attributes": {
            "bcrypt_hash": "$2a$10$56vwyABeAREnfApD9gFf7OHSMb2HsOdshu.q2U6FXA0b4GzkpXAma",
            "id": "none",
            "keepers": null,
            "length": 16,
            "lower": true,
            "min_lower": 0,
            "min_numeric": 0,
            "min_special": 0,
            "min_upper": 0,
            "number": true,
            "numeric": true,
            "override_special": "_%@",
            "result": "MwW3UDZ9zALaIX2@",
            "special": true,
            "upper": true
          },
          "sensitive_attributes": []
        }
      ]
    },
    {
      "module": "module.tenant",
      "mode": "managed",
      "type": "tls_private_key",
      "name": "ssh_key",
      "provider": "provider[\"registry.terraform.io/hashicorp/tls\"]",
      "instances": [
        {
          "schema_version": 1,
          "attributes": {
            "algorithm": "RSA",
            "ecdsa_curve": "P224",
            "id": "afa2bf0e859e8f8b60d1ae872366750de93fd9e6",
            "private_key_openssh": "-----BEGIN OPENSSH PRIVATE KEY-----\nb3BlbnNzaC1rZXktdjEAAAAABG5vbmUAAAAEbm9uZQAAAAAAAAABAAACFwAAAAdz\nc2gtcnNhAAAAAwEAAQAAAgEA0gUpXD9zbz7QkLjWRSrE3HVb3Pfcbp9WqfFvlDaC\nND/3p8IX73spnheQBcTGcoLGSg2EJzLmu7KbhNXUA9VbCoK6ZO7MOWzlZCE3L8kO\nUUdli4Az/zKWquyLdSF4eirC4Aas9X+Uk3d1WlGpLnWNOv7VDsTgEXZd/IkQDnnB\n46gPyr2yeAH+UUikczv+pxxqtxYOLicoIw7k38IyKp0oVloU8Io0+8ZazAgDA3hU\nLFMDUY9W2u/GXCUxOsCzcce1+G0LZqe9gzTc0HKiF0tPorzvTXqXxoFSob4gzXGs\n7PGkkf5BJYXfSocY0YM3/203pmiCTOICOjuyfTycfYbf+SyeUsDm1xLbDkMWkVbw\ncrSfQlnUpfhSE1mSk3vb4V3aZGu5hui4WB9fFcucTaNq/T1ISEOPdyD6ndBiAH+m\nFkP5d3jofPkUlr3Zgn9YntAJOlPMcoXImjAvrzLJuPFUKq84INuq8qOlrQYKoqPK\nU+gHW+9bbtzps+OEQIGwakBTwpXJvOHlx4+KjraOONtGXY5m15FHjh9eu6ObScvT\nvhpvF/Y4s5AvqBi4HqegWE01GexznsLFfwqWxHMJhB/+BhISz9neLVcSg5XN573N\noYK+9+4oAZrcuYApVje/K12fmwdlxfHCxIZaT9s2mtaSnzRNl0UUf8D8bxB4t2AQ\n+1MAAAc4/Uue0f1LntEAAAAHc3NoLXJzYQAAAgEA0gUpXD9zbz7QkLjWRSrE3HVb\n3Pfcbp9WqfFvlDaCND/3p8IX73spnheQBcTGcoLGSg2EJzLmu7KbhNXUA9VbCoK6\nZO7MOWzlZCE3L8kOUUdli4Az/zKWquyLdSF4eirC4Aas9X+Uk3d1WlGpLnWNOv7V\nDsTgEXZd/IkQDnnB46gPyr2yeAH+UUikczv+pxxqtxYOLicoIw7k38IyKp0oVloU\n8Io0+8ZazAgDA3hULFMDUY9W2u/GXCUxOsCzcce1+G0LZqe9gzTc0HKiF0tPorzv\nTXqXxoFSob4gzXGs7PGkkf5BJYXfSocY0YM3/203pmiCTOICOjuyfTycfYbf+Sye\nUsDm1xLbDkMWkVbwcrSfQlnUpfhSE1mSk3vb4V3aZGu5hui4WB9fFcucTaNq/T1I\nSEOPdyD6ndBiAH+mFkP5d3jofPkUlr3Zgn9YntAJOlPMcoXImjAvrzLJuPFUKq84\nINuq8qOlrQYKoqPKU+gHW+9bbtzps+OEQIGwakBTwpXJvOHlx4+KjraOONtGXY5m\n15FHjh9eu6ObScvTvhpvF/Y4s5AvqBi4HqegWE01GexznsLFfwqWxHMJhB/+BhIS\nz9neLVcSg5XN573NoYK+9+4oAZrcuYApVje/K12fmwdlxfHCxIZaT9s2mtaSnzRN\nl0UUf8D8bxB4t2AQ+1MAAAADAQABAAACAEhR5bGx2cazey9yrronpZ2CvizjnyDq\ntnWTwYfok0J5yoaWlBZvs1+QnpQV8/4HoU9rwxeadBCrStldpoHhbNW8OYI7JtEZ\neg5WT8IhOlBrxQBaF82ndnGKPeWKLonnAq8RLWrmUVvMdXkyCI+KhCUODoDk84Gf\n4HJvIjvR2p3RyApY80VW7mPAH3zc6m5SHz9HlX94FV6pKNASd6Lr9jFyGKbR+LfA\nUJDUq3D89QNEXK6vrMl8arJdTkv8gm5KRpOyvQvO9DfjsqwG5WEfGl+gLslfzzbY\nXoN6zKHiJJl9Bl4NjxJkPIVV6wpuZJCM4+5mK4RdCUZTOz3b6slg8eukmzNkmpvH\ntsYLgGuOjroA+EexIK7+CZMejILdek6zb4+pkxSwZmAkNVmjJJhK9T2k/5YNkLNE\n4JzhxJK8rgx1VYL96he944gkNk839raX7eOn+uR6UqQ17Wf5UEErdXpPe8xBqcMz\nvvznwMOQdioH+u5ymzru35exGVdF3KA+gWAYhO0oE2PbUZW01qe2Og1kigK916KH\ntDUj748Pjkusf1JKSaX4iHgFP5K6DhSX8s+B/8OIder55xA/5OOto88bwcz+q+Cy\nmwEhCEFSYftGvOqmSWzAr9HEguJTcpQYUIKB0LYCW+7YqXw2So8em7tbusUcwVrM\naCii5z8Xe0WZAAABAQDka3+ctiKtJBK/gNwmAL7cYJ0DK5a5asHLK4pBlbhykgoK\ntiAf1vqKv5pBpp07c2vYmHzgc0B3cqp6/tlU8b1LXsyUF7elbRdo0JqQsyemA16f\nKzzEsTfMh/AvPkwzr9Ky7CiTL1lMzK1jkwVzy1Y1jMvyB8hJhQRjLAOC7eJxpgmu\nO11X5pRSQVlNkjnbT5eJ4QAgkdIbXt0VsFSCOhDYkGusb7CX/z1ONo+qS87LM02H\n7mgXnm13ixxJFBc8wqNFcVaxYUfoSxtE1wyBm971Q0/6r/YjiYVviRM3COTl1NDl\ntLa3zVD/CIw0ws3H9CNOwnhMiLRt6tnDsGCta8J3AAABAQDummg3qqVCFOAYfVet\nMdmjo3jxO0SOjVAl1cd55MIpP1V3a8gM0qVSjeE2NR165ZKMAH7z81QKbuvOuhOK\nqV4W+srlQLoX2vou0uY7zPbWJCHkflwLba0Qi+t+4179M/q4tCGUrXorZYDM6kfD\nxnKfDzSf6OTHo5UfnzDOMjScUGmlDWtDTXs/bH7MAebus0g9Td2jrg59/dtHOBpK\n4I2lIC8LbgUigjt8ICZiAyD0wgiCrbCK/UWCdh3LYwAs923kALRwo1iZF7LFr/q0\njtyJ186z0L3FDykqkbFmUysxAg8W5FtJ+F7qRl1WpQ2zN9cZ28zQZxYKCqobxn2z\n8QB7AAABAQDhVT7CizGaHRrCgjsWQuHfu0AWgYAlgzSJO9vzkXIkfSqhqtuR+Zm/\nF2QTA/K1Z4lC3QqHtpTKjiX4IiYUyrQK0+p1L1+8U49eax3lp3QPVEB5WXANKK82\n3V0LhaENxbNuhoqHJPt9amR36Av0PQwCdnSlWgISBgzJ87OvHY9CrTxjrQaEqZ7q\nbsizducHFPZOwCD98oUiSTttRqlocYQtbEf85DDFjW26AcR98CGyFUuhpj3NlpRc\n+EVtmOV8+iogu0SRBPpi8xaCLlYYO4X3dFdGiNkZwE8kzRpi9SJ++bpaudTAsNfB\nSwFxbbep9hELRVHJUD8DiD5g7CtQc7UJAAAAAAEC\n-----END OPENSSH PRIVATE KEY-----\n",
            "private_key_pem": "-----BEGIN RSA PRIVATE KEY-----\nMIIJKgIBAAKCAgEA0gUpXD9zbz7QkLjWRSrE3HVb3Pfcbp9WqfFvlDaCND/3p8IX\n73spnheQBcTGcoLGSg2EJzLmu7KbhNXUA9VbCoK6ZO7MOWzlZCE3L8kOUUdli4Az\n/zKWquyLdSF4eirC4Aas9X+Uk3d1WlGpLnWNOv7VDsTgEXZd/IkQDnnB46gPyr2y\neAH+UUikczv+pxxqtxYOLicoIw7k38IyKp0oVloU8Io0+8ZazAgDA3hULFMDUY9W\n2u/GXCUxOsCzcce1+G0LZqe9gzTc0HKiF0tPorzvTXqXxoFSob4gzXGs7PGkkf5B\nJYXfSocY0YM3/203pmiCTOICOjuyfTycfYbf+SyeUsDm1xLbDkMWkVbwcrSfQlnU\npfhSE1mSk3vb4V3aZGu5hui4WB9fFcucTaNq/T1ISEOPdyD6ndBiAH+mFkP5d3jo\nfPkUlr3Zgn9YntAJOlPMcoXImjAvrzLJuPFUKq84INuq8qOlrQYKoqPKU+gHW+9b\nbtzps+OEQIGwakBTwpXJvOHlx4+KjraOONtGXY5m15FHjh9eu6ObScvTvhpvF/Y4\ns5AvqBi4HqegWE01GexznsLFfwqWxHMJhB/+BhISz9neLVcSg5XN573NoYK+9+4o\nAZrcuYApVje/K12fmwdlxfHCxIZaT9s2mtaSnzRNl0UUf8D8bxB4t2AQ+1MCAwEA\nAQKCAgBIUeWxsdnGs3svcq66J6Wdgr4s458g6rZ1k8GH6JNCecqGlpQWb7NfkJ6U\nFfP+B6FPa8MXmnQQq0rZXaaB4WzVvDmCOybRGXoOVk/CITpQa8UAWhfNp3Zxij3l\nii6J5wKvES1q5lFbzHV5MgiPioQlDg6A5POBn+BybyI70dqd0cgKWPNFVu5jwB98\n3OpuUh8/R5V/eBVeqSjQEnei6/Yxchim0fi3wFCQ1Ktw/PUDRFyur6zJfGqyXU5L\n/IJuSkaTsr0LzvQ347KsBuVhHxpfoC7JX8822F6Desyh4iSZfQZeDY8SZDyFVesK\nbmSQjOPuZiuEXQlGUzs92+rJYPHrpJszZJqbx7bGC4Brjo66APhHsSCu/gmTHoyC\n3XpOs2+PqZMUsGZgJDVZoySYSvU9pP+WDZCzROCc4cSSvK4MdVWC/eoXveOIJDZP\nN/a2l+3jp/rkelKkNe1n+VBBK3V6T3vMQanDM77858DDkHYqB/rucps67t+XsRlX\nRdygPoFgGITtKBNj21GVtNantjoNZIoCvdeih7Q1I++PD45LrH9SSkml+Ih4BT+S\nug4Ul/LPgf/DiHXq+ecQP+TjraPPG8HM/qvgspsBIQhBUmH7RrzqpklswK/RxILi\nU3KUGFCCgdC2Alvu2Kl8NkqPHpu7W7rFHMFazGgoouc/F3tFmQKCAQEA7ppoN6ql\nQhTgGH1XrTHZo6N48TtEjo1QJdXHeeTCKT9Vd2vIDNKlUo3hNjUdeuWSjAB+8/NU\nCm7rzroTiqleFvrK5UC6F9r6LtLmO8z21iQh5H5cC22tEIvrfuNe/TP6uLQhlK16\nK2WAzOpHw8Zynw80n+jkx6OVH58wzjI0nFBppQ1rQ017P2x+zAHm7rNIPU3do64O\nff3bRzgaSuCNpSAvC24FIoI7fCAmYgMg9MIIgq2wiv1FgnYdy2MALPdt5AC0cKNY\nmReyxa/6tI7cidfOs9C9xQ8pKpGxZlMrMQIPFuRbSfhe6kZdVqUNszfXGdvM0GcW\nCgqqG8Z9s/EAewKCAQEA4VU+wosxmh0awoI7FkLh37tAFoGAJYM0iTvb85FyJH0q\noarbkfmZvxdkEwPytWeJQt0Kh7aUyo4l+CImFMq0CtPqdS9fvFOPXmsd5ad0D1RA\neVlwDSivNt1dC4WhDcWzboaKhyT7fWpkd+gL9D0MAnZ0pVoCEgYMyfOzrx2PQq08\nY60GhKme6m7Is3bnBxT2TsAg/fKFIkk7bUapaHGELWxH/OQwxY1tugHEffAhshVL\noaY9zZaUXPhFbZjlfPoqILtEkQT6YvMWgi5WGDuF93RXRojZGcBPJM0aYvUifvm6\nWrnUwLDXwUsBcW23qfYRC0VRyVA/A4g+YOwrUHO1CQKCAQEAyjIdGPdKHgq0sOwf\nDY0OAub4CW0RNsA36CgWZ4xcoTmjgpTarUsggCntbNNsDQZYvr141+AfGsxOlhwH\njVzjeBPFNqs4SBjwJBfitVCG6IcsFYajF6g0na4Evb2OdIHE+RrkziqIOhhFIuFy\nOUyFO5dWICDrJubP60EqycGv5bsbG5yYhis1w1R8ywLdoPBaymCe7yMD8u7aEKtR\nVJygTAtO8p+kSE8We6R/AlXmaqO3NI5d6hqg+eKAcyeNMY3oGOwj/MPfw7Racb4k\ndTgPWdyAtM6y0jh7yTA3ph/anShCg0K2vaN1Q5CnblJmnrY2WRpzoTOKcK4C45C8\nW21i2wKCAQEAtehmiRFr0rmKP9p4rukBheeZvlF/TUlVoTA0ybXySqjNQMQ5C+hP\niSft/zfhuTbDZboiZRstlTQaTO3shj56CH+5uC6tf9CJXjTlZt+/XxyqDAz623Sr\ntoQQOFwBf6fJygFNVfqyGDZKs04eUGb0Cgzs8AvwvfIqYuKdfVJEtBQ8O0+UgoaY\npzMWTWNA8MOocDzEpZ4igmJSWk6ANrPle/H9T5g8E0+wdEg3A2BXI3fznaUiIZVd\nYox/KBIVucYPOmtT2CsHo9gQpLmZgWiUJwfB6UxSz2ojulbl5Vt2JMGgAtwgeAqL\nsxzFJnfnnIrsiYfFldp1dHmJuh8OfJ1cWQKCAQEA5Gt/nLYirSQSv4DcJgC+3GCd\nAyuWuWrByyuKQZW4cpIKCrYgH9b6ir+aQaadO3Nr2Jh84HNAd3Kqev7ZVPG9S17M\nlBe3pW0XaNCakLMnpgNenys8xLE3zIfwLz5MM6/Ssuwoky9ZTMytY5MFc8tWNYzL\n8gfISYUEYywDgu3icaYJrjtdV+aUUkFZTZI520+XieEAIJHSG17dFbBUgjoQ2JBr\nrG+wl/89TjaPqkvOyzNNh+5oF55td4scSRQXPMKjRXFWsWFH6EsbRNcMgZve9UNP\n+q/2I4mFb4kTNwjk5dTQ5bS2t81Q/wiMNMLNx/QjTsJ4TIi0berZw7BgrWvCdw==\n-----END RSA PRIVATE KEY-----\n",
            "private_key_pem_pkcs8": "-----BEGIN PRIVATE KEY-----\nMIIJRAIBADANBgkqhkiG9w0BAQEFAASCCS4wggkqAgEAAoICAQDSBSlcP3NvPtCQ\nuNZFKsTcdVvc99xun1ap8W+UNoI0P/enwhfveymeF5AFxMZygsZKDYQnMua7spuE\n1dQD1VsKgrpk7sw5bOVkITcvyQ5RR2WLgDP/Mpaq7It1IXh6KsLgBqz1f5STd3Va\nUakudY06/tUOxOARdl38iRAOecHjqA/KvbJ4Af5RSKRzO/6nHGq3Fg4uJygjDuTf\nwjIqnShWWhTwijT7xlrMCAMDeFQsUwNRj1ba78ZcJTE6wLNxx7X4bQtmp72DNNzQ\ncqIXS0+ivO9NepfGgVKhviDNcazs8aSR/kElhd9KhxjRgzf/bTemaIJM4gI6O7J9\nPJx9ht/5LJ5SwObXEtsOQxaRVvBytJ9CWdSl+FITWZKTe9vhXdpka7mG6LhYH18V\ny5xNo2r9PUhIQ493IPqd0GIAf6YWQ/l3eOh8+RSWvdmCf1ie0Ak6U8xyhciaMC+v\nMsm48VQqrzgg26ryo6WtBgqio8pT6Adb71tu3Omz44RAgbBqQFPClcm84eXHj4qO\nto4420ZdjmbXkUeOH167o5tJy9O+Gm8X9jizkC+oGLgep6BYTTUZ7HOewsV/CpbE\ncwmEH/4GEhLP2d4tVxKDlc3nvc2hgr737igBmty5gClWN78rXZ+bB2XF8cLEhlpP\n2zaa1pKfNE2XRRR/wPxvEHi3YBD7UwIDAQABAoICAEhR5bGx2cazey9yrronpZ2C\nvizjnyDqtnWTwYfok0J5yoaWlBZvs1+QnpQV8/4HoU9rwxeadBCrStldpoHhbNW8\nOYI7JtEZeg5WT8IhOlBrxQBaF82ndnGKPeWKLonnAq8RLWrmUVvMdXkyCI+KhCUO\nDoDk84Gf4HJvIjvR2p3RyApY80VW7mPAH3zc6m5SHz9HlX94FV6pKNASd6Lr9jFy\nGKbR+LfAUJDUq3D89QNEXK6vrMl8arJdTkv8gm5KRpOyvQvO9DfjsqwG5WEfGl+g\nLslfzzbYXoN6zKHiJJl9Bl4NjxJkPIVV6wpuZJCM4+5mK4RdCUZTOz3b6slg8euk\nmzNkmpvHtsYLgGuOjroA+EexIK7+CZMejILdek6zb4+pkxSwZmAkNVmjJJhK9T2k\n/5YNkLNE4JzhxJK8rgx1VYL96he944gkNk839raX7eOn+uR6UqQ17Wf5UEErdXpP\ne8xBqcMzvvznwMOQdioH+u5ymzru35exGVdF3KA+gWAYhO0oE2PbUZW01qe2Og1k\nigK916KHtDUj748Pjkusf1JKSaX4iHgFP5K6DhSX8s+B/8OIder55xA/5OOto88b\nwcz+q+CymwEhCEFSYftGvOqmSWzAr9HEguJTcpQYUIKB0LYCW+7YqXw2So8em7tb\nusUcwVrMaCii5z8Xe0WZAoIBAQDummg3qqVCFOAYfVetMdmjo3jxO0SOjVAl1cd5\n5MIpP1V3a8gM0qVSjeE2NR165ZKMAH7z81QKbuvOuhOKqV4W+srlQLoX2vou0uY7\nzPbWJCHkflwLba0Qi+t+4179M/q4tCGUrXorZYDM6kfDxnKfDzSf6OTHo5UfnzDO\nMjScUGmlDWtDTXs/bH7MAebus0g9Td2jrg59/dtHOBpK4I2lIC8LbgUigjt8ICZi\nAyD0wgiCrbCK/UWCdh3LYwAs923kALRwo1iZF7LFr/q0jtyJ186z0L3FDykqkbFm\nUysxAg8W5FtJ+F7qRl1WpQ2zN9cZ28zQZxYKCqobxn2z8QB7AoIBAQDhVT7CizGa\nHRrCgjsWQuHfu0AWgYAlgzSJO9vzkXIkfSqhqtuR+Zm/F2QTA/K1Z4lC3QqHtpTK\njiX4IiYUyrQK0+p1L1+8U49eax3lp3QPVEB5WXANKK823V0LhaENxbNuhoqHJPt9\namR36Av0PQwCdnSlWgISBgzJ87OvHY9CrTxjrQaEqZ7qbsizducHFPZOwCD98oUi\nSTttRqlocYQtbEf85DDFjW26AcR98CGyFUuhpj3NlpRc+EVtmOV8+iogu0SRBPpi\n8xaCLlYYO4X3dFdGiNkZwE8kzRpi9SJ++bpaudTAsNfBSwFxbbep9hELRVHJUD8D\niD5g7CtQc7UJAoIBAQDKMh0Y90oeCrSw7B8NjQ4C5vgJbRE2wDfoKBZnjFyhOaOC\nlNqtSyCAKe1s02wNBli+vXjX4B8azE6WHAeNXON4E8U2qzhIGPAkF+K1UIbohywV\nhqMXqDSdrgS9vY50gcT5GuTOKog6GEUi4XI5TIU7l1YgIOsm5s/rQSrJwa/luxsb\nnJiGKzXDVHzLAt2g8FrKYJ7vIwPy7toQq1FUnKBMC07yn6RITxZ7pH8CVeZqo7c0\njl3qGqD54oBzJ40xjegY7CP8w9/DtFpxviR1OA9Z3IC0zrLSOHvJMDemH9qdKEKD\nQra9o3VDkKduUmaetjZZGnOhM4pwrgLjkLxbbWLbAoIBAQC16GaJEWvSuYo/2niu\n6QGF55m+UX9NSVWhMDTJtfJKqM1AxDkL6E+JJ+3/N+G5NsNluiJlGy2VNBpM7eyG\nPnoIf7m4Lq1/0IleNOVm379fHKoMDPrbdKu2hBA4XAF/p8nKAU1V+rIYNkqzTh5Q\nZvQKDOzwC/C98ipi4p19UkS0FDw7T5SChpinMxZNY0Dww6hwPMSlniKCYlJaToA2\ns+V78f1PmDwTT7B0SDcDYFcjd/OdpSIhlV1ijH8oEhW5xg86a1PYKwej2BCkuZmB\naJQnB8HpTFLPaiO6VuXlW3YkwaAC3CB4CouzHMUmd+eciuyJh8WV2nV0eYm6Hw58\nnVxZAoIBAQDka3+ctiKtJBK/gNwmAL7cYJ0DK5a5asHLK4pBlbhykgoKtiAf1vqK\nv5pBpp07c2vYmHzgc0B3cqp6/tlU8b1LXsyUF7elbRdo0JqQsyemA16fKzzEsTfM\nh/AvPkwzr9Ky7CiTL1lMzK1jkwVzy1Y1jMvyB8hJhQRjLAOC7eJxpgmuO11X5pRS\nQVlNkjnbT5eJ4QAgkdIbXt0VsFSCOhDYkGusb7CX/z1ONo+qS87LM02H7mgXnm13\nixxJFBc8wqNFcVaxYUfoSxtE1wyBm971Q0/6r/YjiYVviRM3COTl1NDltLa3zVD/\nCIw0ws3H9CNOwnhMiLRt6tnDsGCta8J3\n-----END PRIVATE KEY-----\n",
            "public_key_fingerprint_md5": "dc:4d:97:8a:6e:4f:bb:c2:b0:4b:c5:c3:74:c8:ac:9d",
            "public_key_fingerprint_sha256": "SHA256:nuEYUsVaPQtsk61tPG7KYzdgm1k/c51T2KnpTV1AKDw",
            "public_key_openssh": "ssh-rsa AAAAB3NzaC1yc2EAAAADAQABAAACAQDSBSlcP3NvPtCQuNZFKsTcdVvc99xun1ap8W+UNoI0P/enwhfveymeF5AFxMZygsZKDYQnMua7spuE1dQD1VsKgrpk7sw5bOVkITcvyQ5RR2WLgDP/Mpaq7It1IXh6KsLgBqz1f5STd3VaUakudY06/tUOxOARdl38iRAOecHjqA/KvbJ4Af5RSKRzO/6nHGq3Fg4uJygjDuTfwjIqnShWWhTwijT7xlrMCAMDeFQsUwNRj1ba78ZcJTE6wLNxx7X4bQtmp72DNNzQcqIXS0+ivO9NepfGgVKhviDNcazs8aSR/kElhd9KhxjRgzf/bTemaIJM4gI6O7J9PJx9ht/5LJ5SwObXEtsOQxaRVvBytJ9CWdSl+FITWZKTe9vhXdpka7mG6LhYH18Vy5xNo2r9PUhIQ493IPqd0GIAf6YWQ/l3eOh8+RSWvdmCf1ie0Ak6U8xyhciaMC+vMsm48VQqrzgg26ryo6WtBgqio8pT6Adb71tu3Omz44RAgbBqQFPClcm84eXHj4qOto4420ZdjmbXkUeOH167o5tJy9O+Gm8X9jizkC+oGLgep6BYTTUZ7HOewsV/CpbEcwmEH/4GEhLP2d4tVxKDlc3nvc2hgr737igBmty5gClWN78rXZ+bB2XF8cLEhlpP2zaa1pKfNE2XRRR/wPxvEHi3YBD7Uw==\n",
            "public_key_pem": "-----BEGIN PUBLIC KEY-----\nMIICIjANBgkqhkiG9w0BAQEFAAOCAg8AMIICCgKCAgEA0gUpXD9zbz7QkLjWRSrE\n3HVb3Pfcbp9WqfFvlDaCND/3p8IX73spnheQBcTGcoLGSg2EJzLmu7KbhNXUA9Vb\nCoK6ZO7MOWzlZCE3L8kOUUdli4Az/zKWquyLdSF4eirC4Aas9X+Uk3d1WlGpLnWN\nOv7VDsTgEXZd/IkQDnnB46gPyr2yeAH+UUikczv+pxxqtxYOLicoIw7k38IyKp0o\nVloU8Io0+8ZazAgDA3hULFMDUY9W2u/GXCUxOsCzcce1+G0LZqe9gzTc0HKiF0tP\norzvTXqXxoFSob4gzXGs7PGkkf5BJYXfSocY0YM3/203pmiCTOICOjuyfTycfYbf\n+SyeUsDm1xLbDkMWkVbwcrSfQlnUpfhSE1mSk3vb4V3aZGu5hui4WB9fFcucTaNq\n/T1ISEOPdyD6ndBiAH+mFkP5d3jofPkUlr3Zgn9YntAJOlPMcoXImjAvrzLJuPFU\nKq84INuq8qOlrQYKoqPKU+gHW+9bbtzps+OEQIGwakBTwpXJvOHlx4+KjraOONtG\nXY5m15FHjh9eu6ObScvTvhpvF/Y4s5AvqBi4HqegWE01GexznsLFfwqWxHMJhB/+\nBhISz9neLVcSg5XN573NoYK+9+4oAZrcuYApVje/K12fmwdlxfHCxIZaT9s2mtaS\nnzRNl0UUf8D8bxB4t2AQ+1MCAwEAAQ==\n-----END PUBLIC KEY-----\n",
            "rsa_bits": 4096
          },
          "sensitive_attributes": []
        }
      ]
    }
  ],
  "check_results": null
}
