{
  "version": 4,
  "terraform_version": "1.5.0",
  "serial": 373,
  "lineage": "2bdfdec5-8c30-28c5-2bba-a5d893c95ad2",
  "outputs": {
    "tenant_host": {
      "value": "157.180.88.232",
      "type": "string"
    },
    "tenant_name": {
      "value": "demo",
      "type": "string"
    },
    "tenant_ssh_private_key": {
      "value": "-----BEGIN RSA PRIVATE KEY-----\nMIIJKAIBAAKCAgEA0tLapvw4OPmuT6QKH82ZACE+utWJnfmwtN9k0QsOa3SnjU1Q\nyS9npWb2HXRp4StU6Km2DM4Mz8XwwAuUio+GRMbVIW9QE6ivoRl5VbwOVe/bqQLS\nuwY3ga3NmHSIX5ZLEksXb3QMTcNoKbISqmX7ZGKPyA3gWMKyMzNJPWjZ9/Kuo2zS\nskpzXb1D1zFbwQ7Znpyku1qgTlmY/l11YUd+EsbGPSDK3Fvo9gVQTThVMo/C1Kzu\nqtRjgtwxlNZp+8C3fDLs2nr+Pa2rmwO/3Ts3W0PYZ5myX5mylk5L9mlklLrn5hnS\nLash/ldTnM1mSLq/Zd/ZqcAN0rj4hCT2sncOn5WpSUXOd2Y4e9M0osiqJOyAXCnN\nlwDzKPs5cJxK+0oGOGWTGWaQETcW+4Sf+rdQtQskePIjZwvDKdWc1CXt8dAMsoWo\npGvAv22WWVT4jZoiRZeS5Mp4rePuNDo/R+3SEfC6nwsbOV/4ImVWuHUDDvSwOGh3\nQ8CPOuB6FEo3Q1LKbsbg6ieg8H36q+rebOEjSavmUScofSywpysYlYK6GRncIUyC\nfab9rWuysIMPwU4Yu4l0knZGOSuKpP+1p5bBp6nsG7zkyeAtS1AS154OFBU3UWWI\nGM12D8OF7c+FQTq+P+29g31bU7I4ZFg9/ZIr1jN0F2NF2c8s5yAGH41FINkCAwEA\nAQKCAgBYgJu5rfgMMwSx+jMl1rF8FHi5BhuXbdJ4m68+8l1DTt1nvCVFz9i63tZC\n1zP7iq1CXrxF89n8/yNp+3KIGGhNRwsB1jDPj+jqwD7nduKtwNt9v+mnCZ0Tm1rL\nvV/igL1TGKLl7tmba4S2vEKJtfYq1hV17h1YJaOZStZcKUAXjpExmeV5Yze7ClEI\nbXgPO6SvqSKeZBUXzxUi8yjrhY+vYjKmRrXie9L4NJLZV+SsLR2lGlO28yIzNSy7\nRqeHQAfG47n6nddNHTMFCDXrMYizj2+xThxLdcI6xvOspeHLbgsb1YseENFcbFx1\nXuSpc3wV0DsXv8ANzgjFsJ6/nKtOH2tc0dgIyM1HXGjNFljh0cItw/9XR610b7UR\nnWcWsC+7hIuTQ/aPpxt9sHFCIJJZkGnEHrTk1mUYTW07pz9DBm1QRbNlg3u46VZo\nbBg6Jhe+V7cJsssHkqmSKIOndPHRle5Xg4tw5CNMZNVgVtlaZrhp8pasmw+9YqjC\nXqTckK5aNjCpzTa4NqTU2prVobzDRZGHcxRbOfUl4QZI1mLiP6Dg5lhKRPuAuyKz\nF0hI74TsokEjaslU7jcEhqLgTQt8YGlQO6zMgisgUryEndvSs0gI2jf747ujjDMx\niMtY0RgTooVDkDcsf/b3yUbpiuAdXVgxNMI5gSdtvA49y38o4QKCAQEA+vddFQsS\nAQNXasiI5N0XeRXa5mMiMV8V6cQ/jl6bY4QcdP+YZEf1IwCmjfUXiWi2DPAgmcDz\nS4b3ZPU+ZCP/5oQIjXZTlxmyqZomOFK8jDFQRS10WOYsjZtHvB+q2/mEXqma1iEI\n31HVwTXmQB9hk+a3iWrj+LDuQPgghsQe/YgTSqMtLiHJRvf9fwoPBlwzBdfw8WPR\nazSciqSEGsy+WUYQQSslcaG9nbqVzINSc+C9XX3zSSJM8h0RKvY+UP5VEknn8/bb\nub9cR+1KfHdjckObQuhCPwDcNM2yaQQEKgi7DgVrNfgEFSIXlKSCASZIWF9fp60l\nZpyX4+WFnKMIWwKCAQEA1w1ex67TfBQp5pjTZyHpseicc3Tr/7J7dbb8B6nvk6vC\n3pHxROOB3CdCdzxR2t0boHQGFZosx10JjISpl0GfrWIKo6w4DXBerVyVWYinAugP\nAj+cRZvJyf5QmGvXM7RQdRwhvf6KSAk5u2laK2tx00ABjO9ZlgcDkyr1jjtuRmsf\nquNxNtSicCI2IYqFCsT1IPycwvIrb77j71JBOkK7RyUixK+zDQiCsBYx2HY/b5DV\n+0zYYmU1oGqmFzp4iJM4k4+WEvNc2jS9jIfkk410Rhl9F9Kfu97pyelPKhagB4tq\nkoQnQ8oRr/ZxFq/c6u4abDAM/si8HmmcZaDFLG/h2wKCAQEAt3BdgkcgNstZdzzz\nCs4sHR6DbUjislG9M6x1hDvUuq3TGxXELvCF1rrgAv014gM+pkBSo+/sJbWWWR4F\nJ69EmhrCIZxuxxBKjjuVWi/nj1VwRdBOrbg4spzglzpSag182rB/86ob0RgA9QPP\ns+j8Kt5GI1SVI683xxdWtwrdWBXBfBm/qWuaspwLl3MjvlNgHBJWFCsQ5JqFHbXY\ntboYHCrhMLE34lIFxiee3OjUOMz5vT+Vt0wyD/p9FPj+Xbc5OW/58lHrE18zNYPV\noRqm/ts5vnMEEQcw7gu4L5h27r6I81u0nLMXUNclg0mnmO2Bjc7QnUArCVDGmRao\nTfDA5wKCAQAfWNqU/t3i+0l0TJicMuxOu5p6lfOErS6j5Q1tzI6YlvPr35gss4EN\nZ0ef+9HutkY9qEvuwC+AzAYFTp0t6Cnvaxgj7YmqI9QZLyKyD2JQ4SS27jDIUMIk\nSIbVAPs4lTMZLwWYHU9o2rdoox26sInCAlV3hrgnT1RtElkC55TWfOz7yvWIyYv4\nDnSXhQqJnFYi/c+X9xbvzgKJsxLA/FMyNq6PvxC5eKEcK9AOPoZWq+UVIYl1Jk2f\n2YvmXOaO+e7IS6jTkFfbks6CepiODZOCWFrMqy4Pg5nOjcy1VOD02JSrUMosbnsP\njDvF09K/CAAf/w0V4orRYBGlGr9DD/f7AoIBADZTN7vwQep4N/Vq8+TjtXdqrLmK\nIYhME7SroG3KX5yQWgmA+UYZt8zBeMCiPdMTRiIgzLCFkXhGinZF7VdH2/KAEtI0\nfWrAshnIEbN5Bezd5nDaVCaSm/vvBF7I6nferltNq6rGMZFrNhpz95vMWu3WBbo9\nhgtL5ZVkKaAWpH0xV5KItI4K8WX478i//zxbUmhJzMpfiKORTuUS00gAlCy9Agx3\nIaghMTm80YbCyV7C7RbCHpOFx21vyBsaVe3UEPDBkFPeiQ6/4G0jjlezQlrJcDyx\nBbwoIWEGRQecZ8YzPu4Z10aEczCmfnXlJF+0dGH/bpMBIpCZOeyOs7RkFco=\n-----END RSA PRIVATE KEY-----\n",
      "type": "string",
      "sensitive": true
    },
    "tenant_ssh_public_key": {
      "value": "ssh-rsa AAAAB3NzaC1yc2EAAAADAQABAAACAQDS0tqm/Dg4+a5PpAofzZkAIT661Ymd+bC032TRCw5rdKeNTVDJL2elZvYddGnhK1ToqbYMzgzPxfDAC5SKj4ZExtUhb1ATqK+hGXlVvA5V79upAtK7BjeBrc2YdIhflksSSxdvdAxNw2gpshKqZftkYo/IDeBYwrIzM0k9aNn38q6jbNKySnNdvUPXMVvBDtmenKS7WqBOWZj+XXVhR34SxsY9IMrcW+j2BVBNOFUyj8LUrO6q1GOC3DGU1mn7wLd8Muzaev49raubA7/dOzdbQ9hnmbJfmbKWTkv2aWSUuufmGdItqyH+V1OczWZIur9l39mpwA3SuPiEJPaydw6flalJRc53Zjh70zSiyKok7IBcKc2XAPMo+zlwnEr7SgY4ZZMZZpARNxb7hJ/6t1C1CyR48iNnC8Mp1ZzUJe3x0Ayyhaika8C/bZZZVPiNmiJFl5Lkynit4+40Oj9H7dIR8LqfCxs5X/giZVa4dQMO9LA4aHdDwI864HoUSjdDUspuxuDqJ6Dwffqr6t5s4SNJq+ZRJyh9LLCnKxiVgroZGdwhTIJ9pv2ta7Kwgw/BThi7iXSSdkY5K4qk/7WnlsGnqewbvOTJ4C1LUBLXng4UFTdRZYgYzXYPw4Xtz4VBOr4/7b2DfVtTsjhkWD39kivWM3QXY0XZzyznIAYfjUUg2Q==\n",
      "type": "string"
    }
  },
  "resources": [
    {
      "module": "module.tenant",
      "mode": "data",
      "type": "cloudflare_zone",
      "name": "openshield",
      "provider": "module.tenant.provider[\"registry.terraform.io/cloudflare/cloudflare\"]",
      "instances": [
        {
          "schema_version": 0,
          "attributes": {
            "account": {
              "id": "bca3124de7c86d659a959f06cb35043d",
              "name": "Cloudflare@cyberdef.cc's Account"
            },
            "activated_on": "2025-04-21T11:29:39Z",
            "cname_suffix": null,
            "created_on": "2025-04-21T11:00:21Z",
            "development_mode": 0,
            "filter": {
              "account": null,
              "direction": null,
              "match": null,
              "name": "openshield.io",
              "order": null,
              "status": null
            },
            "id": null,
            "meta": {
              "cdn_only": null,
              "custom_certificate_quota": 0,
              "dns_only": null,
              "foundation_dns": null,
              "page_rule_quota": 3,
              "phishing_detected": false,
              "step": 2
            },
            "modified_on": "2025-04-21T11:29:39Z",
            "name": "openshield.io",
            "name_servers": [
              "kiki.ns.cloudflare.com",
              "lloyd.ns.cloudflare.com"
            ],
            "original_dnshost": null,
            "original_name_servers": [
              "dns1.registrar-servers.com",
              "dns2.registrar-servers.com"
            ],
            "original_registrar": "namecheap, inc. (id: 1068)",
            "owner": {
              "id": null,
              "name": null,
              "type": "user"
            },
            "paused": false,
            "permissions": [
              "#dns_records:edit",
              "#dns_records:read",
              "#zone:read"
            ],
            "plan": {
              "can_subscribe": false,
              "currency": "USD",
              "externally_managed": false,
              "frequency": "",
              "id": "0feeeeeeeeeeeeeeeeeeeeeeeeeeeeee",
              "is_subscribed": false,
              "legacy_discount": false,
              "legacy_id": "free",
              "name": "Free Website",
              "price": 0
            },
            "status": "active",
            "tenant": {
              "id": null,
              "name": null
            },
            "tenant_unit": {
              "id": null
            },
            "type": "full",
            "vanity_name_servers": [],
            "verification_key": null,
            "zone_id": "f92c4f6137dffe0e40aa658cc70e3fa8"
          },
          "sensitive_attributes": []
        }
      ]
    },
    {
      "module": "module.tenant",
      "mode": "data",
      "type": "hcloud_server_type",
      "name": "selected",
      "provider": "module.tenant.provider[\"registry.terraform.io/hetznercloud/hcloud\"]",
      "instances": [
        {
          "index_key": "cpx21",
          "schema_version": 0,
          "attributes": {
            "architecture": "x86",
            "category": "regular_purpose",
            "cores": 3,
            "cpu_type": "shared",
            "deprecation_announced": "",
            "description": "CPX 21",
            "disk": 80,
            "id": 23,
            "included_traffic": 0,
            "is_deprecated": false,
            "locations": [
              {
                "deprecation_announced": "2025-10-16T06:00:00Z",
                "id": 1,
                "is_deprecated": true,
                "name": "fsn1",
                "unavailable_after": "2025-12-31T23:59:59Z"
              },
              {
                "deprecation_announced": "2025-10-16T06:00:00Z",
                "id": 2,
                "is_deprecated": true,
                "name": "nbg1",
                "unavailable_after": "2025-12-31T23:59:59Z"
              },
              {
                "deprecation_announced": "2025-10-16T06:00:00Z",
                "id": 3,
                "is_deprecated": true,
                "name": "hel1",
                "unavailable_after": "2025-12-31T23:59:59Z"
              },
              {
                "deprecation_announced": "",
                "id": 4,
                "is_deprecated": false,
                "name": "ash",
                "unavailable_after": ""
              },
              {
                "deprecation_announced": "",
                "id": 5,
                "is_deprecated": false,
                "name": "hil",
                "unavailable_after": ""
              },
              {
                "deprecation_announced": "2025-10-16T06:00:00Z",
                "id": 6,
                "is_deprecated": true,
                "name": "sin",
                "unavailable_after": "2025-12-31T23:59:59Z"
              }
            ],
            "memory": 4,
            "name": "cpx21",
            "storage_type": "local",
            "unavailable_after": ""
          },
          "sensitive_attributes": []
        },
        {
          "index_key": "cpx22",
          "schema_version": 0,
          "attributes": {
            "architecture": "x86",
            "category": "regular_purpose",
            "cores": 2,
            "cpu_type": "shared",
            "deprecation_announced": "",
            "description": "CPX 22",
            "disk": 80,
            "id": 109,
            "included_traffic": 0,
            "is_deprecated": false,
            "locations": [
              {
                "deprecation_announced": "",
                "id": 1,
                "is_deprecated": false,
                "name": "fsn1",
                "unavailable_after": ""
              },
              {
                "deprecation_announced": "",
                "id": 2,
                "is_deprecated": false,
                "name": "nbg1",
                "unavailable_after": ""
              },
              {
                "deprecation_announced": "",
                "id": 3,
                "is_deprecated": false,
                "name": "hel1",
                "unavailable_after": ""
              },
              {
                "deprecation_announced": "",
                "id": 6,
                "is_deprecated": false,
                "name": "sin",
                "unavailable_after": ""
              }
            ],
            "memory": 4,
            "name": "cpx22",
            "storage_type": "local",
            "unavailable_after": ""
          },
          "sensitive_attributes": []
        },
        {
          "index_key": "cpx31",
          "schema_version": 0,
          "attributes": {
            "architecture": "x86",
            "category": "regular_purpose",
            "cores": 4,
            "cpu_type": "shared",
            "deprecation_announced": "",
            "description": "CPX 31",
            "disk": 160,
            "id": 24,
            "included_traffic": 0,
            "is_deprecated": false,
            "locations": [
              {
                "deprecation_announced": "2025-10-16T06:00:00Z",
                "id": 1,
                "is_deprecated": true,
                "name": "fsn1",
                "unavailable_after": "2025-12-31T23:59:59Z"
              },
              {
                "deprecation_announced": "2025-10-16T06:00:00Z",
                "id": 2,
                "is_deprecated": true,
                "name": "nbg1",
                "unavailable_after": "2025-12-31T23:59:59Z"
              },
              {
                "deprecation_announced": "2025-10-16T06:00:00Z",
                "id": 3,
                "is_deprecated": true,
                "name": "hel1",
                "unavailable_after": "2025-12-31T23:59:59Z"
              },
              {
                "deprecation_announced": "",
                "id": 4,
                "is_deprecated": false,
                "name": "ash",
                "unavailable_after": ""
              },
              {
                "deprecation_announced": "",
                "id": 5,
                "is_deprecated": false,
                "name": "hil",
                "unavailable_after": ""
              },
              {
                "deprecation_announced": "2025-10-16T06:00:00Z",
                "id": 6,
                "is_deprecated": true,
                "name": "sin",
                "unavailable_after": "2025-12-31T23:59:59Z"
              }
            ],
            "memory": 8,
            "name": "cpx31",
            "storage_type": "local",
            "unavailable_after": ""
          },
          "sensitive_attributes": []
        },
        {
          "index_key": "cpx32",
          "schema_version": 0,
          "attributes": {
            "architecture": "x86",
            "category": "regular_purpose",
            "cores": 4,
            "cpu_type": "shared",
            "deprecation_announced": "",
            "description": "CPX 32",
            "disk": 160,
            "id": 110,
            "included_traffic": 0,
            "is_deprecated": false,
            "locations": [
              {
                "deprecation_announced": "",
                "id": 1,
                "is_deprecated": false,
                "name": "fsn1",
                "unavailable_after": ""
              },
              {
                "deprecation_announced": "",
                "id": 2,
                "is_deprecated": false,
                "name": "nbg1",
                "unavailable_after": ""
              },
              {
                "deprecation_announced": "",
                "id": 3,
                "is_deprecated": false,
                "name": "hel1",
                "unavailable_after": ""
              },
              {
                "deprecation_announced": "",
                "id": 6,
                "is_deprecated": false,
                "name": "sin",
                "unavailable_after": ""
              }
            ],
            "memory": 8,
            "name": "cpx32",
            "storage_type": "local",
            "unavailable_after": ""
          },
          "sensitive_attributes": []
        },
        {
          "index_key": "cpx41",
          "schema_version": 0,
          "attributes": {
            "architecture": "x86",
            "category": "regular_purpose",
            "cores": 8,
            "cpu_type": "shared",
            "deprecation_announced": "",
            "description": "CPX 41",
            "disk": 240,
            "id": 25,
            "included_traffic": 0,
            "is_deprecated": false,
            "locations": [
              {
                "deprecation_announced": "2025-10-16T06:00:00Z",
                "id": 1,
                "is_deprecated": true,
                "name": "fsn1",
                "unavailable_after": "2025-12-31T23:59:59Z"
              },
              {
                "deprecation_announced": "2025-10-16T06:00:00Z",
                "id": 2,
                "is_deprecated": true,
                "name": "nbg1",
                "unavailable_after": "2025-12-31T23:59:59Z"
              },
              {
                "deprecation_announced": "2025-10-16T06:00:00Z",
                "id": 3,
                "is_deprecated": true,
                "name": "hel1",
                "unavailable_after": "2025-12-31T23:59:59Z"
              },
              {
                "deprecation_announced": "",
                "id": 4,
                "is_deprecated": false,
                "name": "ash",
                "unavailable_after": ""
              },
              {
                "deprecation_announced": "",
                "id": 5,
                "is_deprecated": false,
                "name": "hil",
                "unavailable_after": ""
              },
              {
                "deprecation_announced": "2025-10-16T06:00:00Z",
                "id": 6,
                "is_deprecated": true,
                "name": "sin",
                "unavailable_after": "2025-12-31T23:59:59Z"
              }
            ],
            "memory": 16,
            "name": "cpx41",
            "storage_type": "local",
            "unavailable_after": ""
          },
          "sensitive_attributes": []
        },
        {
          "index_key": "cpx42",
          "schema_version": 0,
          "attributes": {
            "architecture": "x86",
            "category": "regular_purpose",
            "cores": 8,
            "cpu_type": "shared",
            "deprecation_announced": "",
            "description": "CPX 42",
            "disk": 320,
            "id": 111,
            "included_traffic": 0,
            "is_deprecated": false,
            "locations": [
              {
                "deprecation_announced": "",
                "id": 1,
                "is_deprecated": false,
                "name": "fsn1",
                "unavailable_after": ""
              },
              {
                "deprecation_announced": "",
                "id": 2,
                "is_deprecated": false,
                "name": "nbg1",
                "unavailable_after": ""
              },
              {
                "deprecation_announced": "",
                "id": 3,
                "is_deprecated": false,
                "name": "hel1",
                "unavailable_after": ""
              },
              {
                "deprecation_announced": "",
                "id": 6,
                "is_deprecated": false,
                "name": "sin",
                "unavailable_after": ""
              }
            ],
            "memory": 16,
            "name": "cpx42",
            "storage_type": "local",
            "unavailable_after": ""
          },
          "sensitive_attributes": []
        },
        {
          "index_key": "cpx51",
          "schema_version": 0,
          "attributes": {
            "architecture": "x86",
            "category": "regular_purpose",
            "cores": 16,
            "cpu_type": "shared",
            "deprecation_announced": "",
            "description": "CPX 51",
            "disk": 360,
            "id": 26,
            "included_traffic": 0,
            "is_deprecated": false,
            "locations": [
              {
                "deprecation_announced": "2025-10-16T06:00:00Z",
                "id": 1,
                "is_deprecated": true,
                "name": "fsn1",
                "unavailable_after": "2025-12-31T23:59:59Z"
              },
              {
                "deprecation_announced": "2025-10-16T06:00:00Z",
                "id": 2,
                "is_deprecated": true,
                "name": "nbg1",
                "unavailable_after": "2025-12-31T23:59:59Z"
              },
              {
                "deprecation_announced": "2025-10-16T06:00:00Z",
                "id": 3,
                "is_deprecated": true,
                "name": "hel1",
                "unavailable_after": "2025-12-31T23:59:59Z"
              },
              {
                "deprecation_announced": "",
                "id": 4,
                "is_deprecated": false,
                "name": "ash",
                "unavailable_after": ""
              },
              {
                "deprecation_announced": "",
                "id": 5,
                "is_deprecated": false,
                "name": "hil",
                "unavailable_after": ""
              },
              {
                "deprecation_announced": "2025-10-16T06:00:00Z",
                "id": 6,
                "is_deprecated": true,
                "name": "sin",
                "unavailable_after": "2025-12-31T23:59:59Z"
              }
            ],
            "memory": 32,
            "name": "cpx51",
            "storage_type": "local",
            "unavailable_after": ""
          },
          "sensitive_attributes": []
        },
        {
          "index_key": "cpx52",
          "schema_version": 0,
          "attributes": {
            "architecture": "x86",
            "category": "regular_purpose",
            "cores": 12,
            "cpu_type": "shared",
            "deprecation_announced": "",
            "description": "CPX 52",
            "disk": 480,
            "id": 112,
            "included_traffic": 0,
            "is_deprecated": false,
            "locations": [
              {
                "deprecation_announced": "",
                "id": 1,
                "is_deprecated": false,
                "name": "fsn1",
                "unavailable_after": ""
              },
              {
                "deprecation_announced": "",
                "id": 2,
                "is_deprecated": false,
                "name": "nbg1",
                "unavailable_after": ""
              },
              {
                "deprecation_announced": "",
                "id": 3,
                "is_deprecated": false,
                "name": "hel1",
                "unavailable_after": ""
              },
              {
                "deprecation_announced": "",
                "id": 6,
                "is_deprecated": false,
                "name": "sin",
                "unavailable_after": ""
              }
            ],
            "memory": 24,
            "name": "cpx52",
            "storage_type": "local",
            "unavailable_after": ""
          },
          "sensitive_attributes": []
        },
        {
          "index_key": "cpx62",
          "schema_version": 0,
          "attributes": {
            "architecture": "x86",
            "category": "regular_purpose",
            "cores": 16,
            "cpu_type": "shared",
            "deprecation_announced": "",
            "description": "CPX 62",
            "disk": 640,
            "id": 113,
            "included_traffic": 0,
            "is_deprecated": false,
            "locations": [
              {
                "deprecation_announced": "",
                "id": 1,
                "is_deprecated": false,
                "name": "fsn1",
                "unavailable_after": ""
              },
              {
                "deprecation_announced": "",
                "id": 2,
                "is_deprecated": false,
                "name": "nbg1",
                "unavailable_after": ""
              },
              {
                "deprecation_announced": "",
                "id": 3,
                "is_deprecated": false,
                "name": "hel1",
                "unavailable_after": ""
              },
              {
                "deprecation_announced": "",
                "id": 6,
                "is_deprecated": false,
                "name": "sin",
                "unavailable_after": ""
              }
            ],
            "memory": 32,
            "name": "cpx62",
            "storage_type": "local",
            "unavailable_after": ""
          },
          "sensitive_attributes": []
        },
        {
          "index_key": "cx22",
          "schema_version": 0,
          "attributes": {
            "architecture": "x86",
            "category": "cost_optimized",
            "cores": 2,
            "cpu_type": "shared",
            "deprecation_announced": "2025-10-16T06:00:00Z",
            "description": "CX22",
            "disk": 40,
            "id": 104,
            "included_traffic": 0,
            "is_deprecated": true,
            "locations": [
              {
                "deprecation_announced": "2025-10-16T06:00:00Z",
                "id": 1,
                "is_deprecated": true,
                "name": "fsn1",
                "unavailable_after": "2025-12-31T23:59:59Z"
              },
              {
                "deprecation_announced": "2025-10-16T06:00:00Z",
                "id": 2,
                "is_deprecated": true,
                "name": "nbg1",
                "unavailable_after": "2025-12-31T23:59:59Z"
              },
              {
                "deprecation_announced": "2025-10-16T06:00:00Z",
                "id": 3,
                "is_deprecated": true,
                "name": "hel1",
                "unavailable_after": "2025-12-31T23:59:59Z"
              }
            ],
            "memory": 4,
            "name": "cx22",
            "storage_type": "local",
            "unavailable_after": "2025-12-31T23:59:59Z"
          },
          "sensitive_attributes": []
        },
        {
          "index_key": "cx23",
          "schema_version": 0,
          "attributes": {
            "architecture": "x86",
            "category": "cost_optimized",
            "cores": 2,
            "cpu_type": "shared",
            "deprecation_announced": "",
            "description": "CX 23",
            "disk": 40,
            "id": 114,
            "included_traffic": 0,
            "is_deprecated": false,
            "locations": [
              {
                "deprecation_announced": "",
                "id": 1,
                "is_deprecated": false,
                "name": "fsn1",
                "unavailable_after": ""
              },
              {
                "deprecation_announced": "",
                "id": 2,
                "is_deprecated": false,
                "name": "nbg1",
                "unavailable_after": ""
              },
              {
                "deprecation_announced": "",
                "id": 3,
                "is_deprecated": false,
                "name": "hel1",
                "unavailable_after": ""
              }
            ],
            "memory": 4,
            "name": "cx23",
            "storage_type": "local",
            "unavailable_after": ""
          },
          "sensitive_attributes": []
        },
        {
          "index_key": "cx32",
          "schema_version": 0,
          "attributes": {
            "architecture": "x86",
            "category": "cost_optimized",
            "cores": 4,
            "cpu_type": "shared",
            "deprecation_announced": "2025-10-16T06:00:00Z",
            "description": "CX32",
            "disk": 80,
            "id": 105,
            "included_traffic": 0,
            "is_deprecated": true,
            "locations": [
              {
                "deprecation_announced": "2025-10-16T06:00:00Z",
                "id": 1,
                "is_deprecated": true,
                "name": "fsn1",
                "unavailable_after": "2025-12-31T23:59:59Z"
              },
              {
                "deprecation_announced": "2025-10-16T06:00:00Z",
                "id": 2,
                "is_deprecated": true,
                "name": "nbg1",
                "unavailable_after": "2025-12-31T23:59:59Z"
              },
              {
                "deprecation_announced": "2025-10-16T06:00:00Z",
                "id": 3,
                "is_deprecated": true,
                "name": "hel1",
                "unavailable_after": "2025-12-31T23:59:59Z"
              }
            ],
            "memory": 8,
            "name": "cx32",
            "storage_type": "local",
            "unavailable_after": "2025-12-31T23:59:59Z"
          },
          "sensitive_attributes": []
        },
        {
          "index_key": "cx33",
          "schema_version": 0,
          "attributes": {
            "architecture": "x86",
            "category": "cost_optimized",
            "cores": 4,
            "cpu_type": "shared",
            "deprecation_announced": "",
            "description": "CX 33",
            "disk": 80,
            "id": 115,
            "included_traffic": 0,
            "is_deprecated": false,
            "locations": [
              {
                "deprecation_announced": "",
                "id": 1,
                "is_deprecated": false,
                "name": "fsn1",
                "unavailable_after": ""
              },
              {
                "deprecation_announced": "",
                "id": 2,
                "is_deprecated": false,
                "name": "nbg1",
                "unavailable_after": ""
              },
              {
                "deprecation_announced": "",
                "id": 3,
                "is_deprecated": false,
                "name": "hel1",
                "unavailable_after": ""
              }
            ],
            "memory": 8,
            "name": "cx33",
            "storage_type": "local",
            "unavailable_after": ""
          },
          "sensitive_attributes": []
        },
        {
          "index_key": "cx42",
          "schema_version": 0,
          "attributes": {
            "architecture": "x86",
            "category": "cost_optimized",
            "cores": 8,
            "cpu_type": "shared",
            "deprecation_announced": "2025-10-16T06:00:00Z",
            "description": "CX42",
            "disk": 160,
            "id": 106,
            "included_traffic": 0,
            "is_deprecated": true,
            "locations": [
              {
                "deprecation_announced": "2025-10-16T06:00:00Z",
                "id": 1,
                "is_deprecated": true,
                "name": "fsn1",
                "unavailable_after": "2025-12-31T23:59:59Z"
              },
              {
                "deprecation_announced": "2025-10-16T06:00:00Z",
                "id": 2,
                "is_deprecated": true,
                "name": "nbg1",
                "unavailable_after": "2025-12-31T23:59:59Z"
              },
              {
                "deprecation_announced": "2025-10-16T06:00:00Z",
                "id": 3,
                "is_deprecated": true,
                "name": "hel1",
                "unavailable_after": "2025-12-31T23:59:59Z"
              }
            ],
            "memory": 16,
            "name": "cx42",
            "storage_type": "local",
            "unavailable_after": "2025-12-31T23:59:59Z"
          },
          "sensitive_attributes": []
        },
        {
          "index_key": "cx43",
          "schema_version": 0,
          "attributes": {
            "architecture": "x86",
            "category": "cost_optimized",
            "cores": 8,
            "cpu_type": "shared",
            "deprecation_announced": "",
            "description": "CX 43",
            "disk": 160,
            "id": 116,
            "included_traffic": 0,
            "is_deprecated": false,
            "locations": [
              {
                "deprecation_announced": "",
                "id": 1,
                "is_deprecated": false,
                "name": "fsn1",
                "unavailable_after": ""
              },
              {
                "deprecation_announced": "",
                "id": 2,
                "is_deprecated": false,
                "name": "nbg1",
                "unavailable_after": ""
              },
              {
                "deprecation_announced": "",
                "id": 3,
                "is_deprecated": false,
                "name": "hel1",
                "unavailable_after": ""
              }
            ],
            "memory": 16,
            "name": "cx43",
            "storage_type": "local",
            "unavailable_after": ""
          },
          "sensitive_attributes": []
        },
        {
          "index_key": "cx52",
          "schema_version": 0,
          "attributes": {
            "architecture": "x86",
            "category": "cost_optimized",
            "cores": 16,
            "cpu_type": "shared",
            "deprecation_announced": "2025-10-16T06:00:00Z",
            "description": "CX52",
            "disk": 320,
            "id": 107,
            "included_traffic": 0,
            "is_deprecated": true,
            "locations": [
              {
                "deprecation_announced": "2025-10-16T06:00:00Z",
                "id": 1,
                "is_deprecated": true,
                "name": "fsn1",
                "unavailable_after": "2025-12-31T23:59:59Z"
              },
              {
                "deprecation_announced": "2025-10-16T06:00:00Z",
                "id": 2,
                "is_deprecated": true,
                "name": "nbg1",
                "unavailable_after": "2025-12-31T23:59:59Z"
              },
              {
                "deprecation_announced": "2025-10-16T06:00:00Z",
                "id": 3,
                "is_deprecated": true,
                "name": "hel1",
                "unavailable_after": "2025-12-31T23:59:59Z"
              }
            ],
            "memory": 32,
            "name": "cx52",
            "storage_type": "local",
            "unavailable_after": "2025-12-31T23:59:59Z"
          },
          "sensitive_attributes": []
        },
        {
          "index_key": "cx53",
          "schema_version": 0,
          "attributes": {
            "architecture": "x86",
            "category": "cost_optimized",
            "cores": 16,
            "cpu_type": "shared",
            "deprecation_announced": "",
            "description": "CX 53",
            "disk": 320,
            "id": 117,
            "included_traffic": 0,
            "is_deprecated": false,
            "locations": [
              {
                "deprecation_announced": "",
                "id": 1,
                "is_deprecated": false,
                "name": "fsn1",
                "unavailable_after": ""
              },
              {
                "deprecation_announced": "",
                "id": 2,
                "is_deprecated": false,
                "name": "nbg1",
                "unavailable_after": ""
              },
              {
                "deprecation_announced": "",
                "id": 3,
                "is_deprecated": false,
                "name": "hel1",
                "unavailable_after": ""
              }
            ],
            "memory": 32,
            "name": "cx53",
            "storage_type": "local",
            "unavailable_after": ""
          },
          "sensitive_attributes": []
        }
      ]
    },
    {
      "module": "module.tenant",
      "mode": "data",
      "type": "hcloud_server_types",
      "name": "all",
      "provider": "module.tenant.provider[\"registry.terraform.io/hetznercloud/hcloud\"]",
      "instances": [
        {
          "schema_version": 0,
          "attributes": {
            "descriptions": [
              "CPX 11",
              "CPX 21",
              "CPX 31",
              "CPX 41",
              "CPX 51",
              "CAX11",
              "CAX21",
              "CAX31",
              "CAX41",
              "CCX13 Dedicated CPU",
              "CCX23 Dedicated CPU",
              "CCX33 Dedicated CPU",
              "CCX43 Dedicated CPU",
              "CCX53 Dedicated CPU",
              "CCX63 Dedicated CPU",
              "CX22",
              "CX32",
              "CX42",
              "CX52",
              "CPX 12",
              "CPX 22",
              "CPX 32",
              "CPX 42",
              "CPX 52",
              "CPX 62",
              "CX 23",
              "CX 33",
              "CX 43",
              "CX 53"
            ],
            "id": "166277662d9b7990b1711b6545d691c4fc52eb3f",
            "names": [
              "cpx11",
              "cpx21",
              "cpx31",
              "cpx41",
              "cpx51",
              "cax11",
              "cax21",
              "cax31",
              "cax41",
              "ccx13",
              "ccx23",
              "ccx33",
              "ccx43",
              "ccx53",
              "ccx63",
              "cx22",
              "cx32",
              "cx42",
              "cx52",
              "cpx12",
              "cpx22",
              "cpx32",
              "cpx42",
              "cpx52",
              "cpx62",
              "cx23",
              "cx33",
              "cx43",
              "cx53"
            ],
            "server_type_ids": [
              "22",
              "23",
              "24",
              "25",
              "26",
              "45",
              "93",
              "94",
              "95",
              "96",
              "97",
              "98",
              "99",
              "100",
              "101",
              "104",
              "105",
              "106",
              "107",
              "108",
              "109",
              "110",
              "111",
              "112",
              "113",
              "114",
              "115",
              "116",
              "117"
            ],
            "server_types": [
              {
                "architecture": "x86",
                "category": "regular_purpose",
                "cores": 2,
                "cpu_type": "shared",
                "deprecation_announced": "",
                "description": "CPX 11",
                "disk": 40,
                "id": 22,
                "included_traffic": 0,
                "is_deprecated": false,
                "locations": [
                  {
                    "deprecation_announced": "2025-10-16T06:00:00Z",
                    "id": 1,
                    "is_deprecated": true,
                    "name": "fsn1",
                    "unavailable_after": "2025-12-31T23:59:59Z"
                  },
                  {
                    "deprecation_announced": "2025-10-16T06:00:00Z",
                    "id": 2,
                    "is_deprecated": true,
                    "name": "nbg1",
                    "unavailable_after": "2025-12-31T23:59:59Z"
                  },
                  {
                    "deprecation_announced": "2025-10-16T06:00:00Z",
                    "id": 3,
                    "is_deprecated": true,
                    "name": "hel1",
                    "unavailable_after": "2025-12-31T23:59:59Z"
                  },
                  {
                    "deprecation_announced": "",
                    "id": 4,
                    "is_deprecated": false,
                    "name": "ash",
                    "unavailable_after": ""
                  },
                  {
                    "deprecation_announced": "",
                    "id": 5,
                    "is_deprecated": false,
                    "name": "hil",
                    "unavailable_after": ""
                  },
                  {
                    "deprecation_announced": "2025-10-16T06:00:00Z",
                    "id": 6,
                    "is_deprecated": true,
                    "name": "sin",
                    "unavailable_after": "2025-12-31T23:59:59Z"
                  }
                ],
                "memory": 2,
                "name": "cpx11",
                "storage_type": "local",
                "unavailable_after": ""
              },
              {
                "architecture": "x86",
                "category": "regular_purpose",
                "cores": 3,
                "cpu_type": "shared",
                "deprecation_announced": "",
                "description": "CPX 21",
                "disk": 80,
                "id": 23,
                "included_traffic": 0,
                "is_deprecated": false,
                "locations": [
                  {
                    "deprecation_announced": "2025-10-16T06:00:00Z",
                    "id": 1,
                    "is_deprecated": true,
                    "name": "fsn1",
                    "unavailable_after": "2025-12-31T23:59:59Z"
                  },
                  {
                    "deprecation_announced": "2025-10-16T06:00:00Z",
                    "id": 2,
                    "is_deprecated": true,
                    "name": "nbg1",
                    "unavailable_after": "2025-12-31T23:59:59Z"
                  },
                  {
                    "deprecation_announced": "2025-10-16T06:00:00Z",
                    "id": 3,
                    "is_deprecated": true,
                    "name": "hel1",
                    "unavailable_after": "2025-12-31T23:59:59Z"
                  },
                  {
                    "deprecation_announced": "",
                    "id": 4,
                    "is_deprecated": false,
                    "name": "ash",
                    "unavailable_after": ""
                  },
                  {
                    "deprecation_announced": "",
                    "id": 5,
                    "is_deprecated": false,
                    "name": "hil",
                    "unavailable_after": ""
                  },
                  {
                    "deprecation_announced": "2025-10-16T06:00:00Z",
                    "id": 6,
                    "is_deprecated": true,
                    "name": "sin",
                    "unavailable_after": "2025-12-31T23:59:59Z"
                  }
                ],
                "memory": 4,
                "name": "cpx21",
                "storage_type": "local",
                "unavailable_after": ""
              },
              {
                "architecture": "x86",
                "category": "regular_purpose",
                "cores": 4,
                "cpu_type": "shared",
                "deprecation_announced": "",
                "description": "CPX 31",
                "disk": 160,
                "id": 24,
                "included_traffic": 0,
                "is_deprecated": false,
                "locations": [
                  {
                    "deprecation_announced": "2025-10-16T06:00:00Z",
                    "id": 1,
                    "is_deprecated": true,
                    "name": "fsn1",
                    "unavailable_after": "2025-12-31T23:59:59Z"
                  },
                  {
                    "deprecation_announced": "2025-10-16T06:00:00Z",
                    "id": 2,
                    "is_deprecated": true,
                    "name": "nbg1",
                    "unavailable_after": "2025-12-31T23:59:59Z"
                  },
                  {
                    "deprecation_announced": "2025-10-16T06:00:00Z",
                    "id": 3,
                    "is_deprecated": true,
                    "name": "hel1",
                    "unavailable_after": "2025-12-31T23:59:59Z"
                  },
                  {
                    "deprecation_announced": "",
                    "id": 4,
                    "is_deprecated": false,
                    "name": "ash",
                    "unavailable_after": ""
                  },
                  {
                    "deprecation_announced": "",
                    "id": 5,
                    "is_deprecated": false,
                    "name": "hil",
                    "unavailable_after": ""
                  },
                  {
                    "deprecation_announced": "2025-10-16T06:00:00Z",
                    "id": 6,
                    "is_deprecated": true,
                    "name": "sin",
                    "unavailable_after": "2025-12-31T23:59:59Z"
                  }
                ],
                "memory": 8,
                "name": "cpx31",
                "storage_type": "local",
                "unavailable_after": ""
              },
              {
                "architecture": "x86",
                "category": "regular_purpose",
                "cores": 8,
                "cpu_type": "shared",
                "deprecation_announced": "",
                "description": "CPX 41",
                "disk": 240,
                "id": 25,
                "included_traffic": 0,
                "is_deprecated": false,
                "locations": [
                  {
                    "deprecation_announced": "2025-10-16T06:00:00Z",
                    "id": 1,
                    "is_deprecated": true,
                    "name": "fsn1",
                    "unavailable_after": "2025-12-31T23:59:59Z"
                  },
                  {
                    "deprecation_announced": "2025-10-16T06:00:00Z",
                    "id": 2,
                    "is_deprecated": true,
                    "name": "nbg1",
                    "unavailable_after": "2025-12-31T23:59:59Z"
                  },
                  {
                    "deprecation_announced": "2025-10-16T06:00:00Z",
                    "id": 3,
                    "is_deprecated": true,
                    "name": "hel1",
                    "unavailable_after": "2025-12-31T23:59:59Z"
                  },
                  {
                    "deprecation_announced": "",
                    "id": 4,
                    "is_deprecated": false,
                    "name": "ash",
                    "unavailable_after": ""
                  },
                  {
                    "deprecation_announced": "",
                    "id": 5,
                    "is_deprecated": false,
                    "name": "hil",
                    "unavailable_after": ""
                  },
                  {
                    "deprecation_announced": "2025-10-16T06:00:00Z",
                    "id": 6,
                    "is_deprecated": true,
                    "name": "sin",
                    "unavailable_after": "2025-12-31T23:59:59Z"
                  }
                ],
                "memory": 16,
                "name": "cpx41",
                "storage_type": "local",
                "unavailable_after": ""
              },
              {
                "architecture": "x86",
                "category": "regular_purpose",
                "cores": 16,
                "cpu_type": "shared",
                "deprecation_announced": "",
                "description": "CPX 51",
                "disk": 360,
                "id": 26,
                "included_traffic": 0,
                "is_deprecated": false,
                "locations": [
                  {
                    "deprecation_announced": "2025-10-16T06:00:00Z",
                    "id": 1,
                    "is_deprecated": true,
                    "name": "fsn1",
                    "unavailable_after": "2025-12-31T23:59:59Z"
                  },
                  {
                    "deprecation_announced": "2025-10-16T06:00:00Z",
                    "id": 2,
                    "is_deprecated": true,
                    "name": "nbg1",
                    "unavailable_after": "2025-12-31T23:59:59Z"
                  },
                  {
                    "deprecation_announced": "2025-10-16T06:00:00Z",
                    "id": 3,
                    "is_deprecated": true,
                    "name": "hel1",
                    "unavailable_after": "2025-12-31T23:59:59Z"
                  },
                  {
                    "deprecation_announced": "",
                    "id": 4,
                    "is_deprecated": false,
                    "name": "ash",
                    "unavailable_after": ""
                  },
                  {
                    "deprecation_announced": "",
                    "id": 5,
                    "is_deprecated": false,
                    "name": "hil",
                    "unavailable_after": ""
                  },
                  {
                    "deprecation_announced": "2025-10-16T06:00:00Z",
                    "id": 6,
                    "is_deprecated": true,
                    "name": "sin",
                    "unavailable_after": "2025-12-31T23:59:59Z"
                  }
                ],
                "memory": 32,
                "name": "cpx51",
                "storage_type": "local",
                "unavailable_after": ""
              },
              {
                "architecture": "arm",
                "category": "cost_optimized",
                "cores": 2,
                "cpu_type": "shared",
                "deprecation_announced": "",
                "description": "CAX11",
                "disk": 40,
                "id": 45,
                "included_traffic": 0,
                "is_deprecated": false,
                "locations": [
                  {
                    "deprecation_announced": "",
                    "id": 1,
                    "is_deprecated": false,
                    "name": "fsn1",
                    "unavailable_after": ""
                  },
                  {
                    "deprecation_announced": "",
                    "id": 2,
                    "is_deprecated": false,
                    "name": "nbg1",
                    "unavailable_after": ""
                  },
                  {
                    "deprecation_announced": "",
                    "id": 3,
                    "is_deprecated": false,
                    "name": "hel1",
                    "unavailable_after": ""
                  }
                ],
                "memory": 4,
                "name": "cax11",
                "storage_type": "local",
                "unavailable_after": ""
              },
              {
                "architecture": "arm",
                "category": "cost_optimized",
                "cores": 4,
                "cpu_type": "shared",
                "deprecation_announced": "",
                "description": "CAX21",
                "disk": 80,
                "id": 93,
                "included_traffic": 0,
                "is_deprecated": false,
                "locations": [
                  {
                    "deprecation_announced": "",
                    "id": 1,
                    "is_deprecated": false,
                    "name": "fsn1",
                    "unavailable_after": ""
                  },
                  {
                    "deprecation_announced": "",
                    "id": 2,
                    "is_deprecated": false,
                    "name": "nbg1",
                    "unavailable_after": ""
                  },
                  {
                    "deprecation_announced": "",
                    "id": 3,
                    "is_deprecated": false,
                    "name": "hel1",
                    "unavailable_after": ""
                  }
                ],
                "memory": 8,
                "name": "cax21",
                "storage_type": "local",
                "unavailable_after": ""
              },
              {
                "architecture": "arm",
                "category": "cost_optimized",
                "cores": 8,
                "cpu_type": "shared",
                "deprecation_announced": "",
                "description": "CAX31",
                "disk": 160,
                "id": 94,
                "included_traffic": 0,
                "is_deprecated": false,
                "locations": [
                  {
                    "deprecation_announced": "",
                    "id": 1,
                    "is_deprecated": false,
                    "name": "fsn1",
                    "unavailable_after": ""
                  },
                  {
                    "deprecation_announced": "",
                    "id": 2,
                    "is_deprecated": false,
                    "name": "nbg1",
                    "unavailable_after": ""
                  },
                  {
                    "deprecation_announced": "",
                    "id": 3,
                    "is_deprecated": false,
                    "name": "hel1",
                    "unavailable_after": ""
                  }
                ],
                "memory": 16,
                "name": "cax31",
                "storage_type": "local",
                "unavailable_after": ""
              },
              {
                "architecture": "arm",
                "category": "cost_optimized",
                "cores": 16,
                "cpu_type": "shared",
                "deprecation_announced": "",
                "description": "CAX41",
                "disk": 320,
                "id": 95,
                "included_traffic": 0,
                "is_deprecated": false,
                "locations": [
                  {
                    "deprecation_announced": "",
                    "id": 1,
                    "is_deprecated": false,
                    "name": "fsn1",
                    "unavailable_after": ""
                  },
                  {
                    "deprecation_announced": "",
                    "id": 2,
                    "is_deprecated": false,
                    "name": "nbg1",
                    "unavailable_after": ""
                  },
                  {
                    "deprecation_announced": "",
                    "id": 3,
                    "is_deprecated": false,
                    "name": "hel1",
                    "unavailable_after": ""
                  }
                ],
                "memory": 32,
                "name": "cax41",
                "storage_type": "local",
                "unavailable_after": ""
              },
              {
                "architecture": "x86",
                "category": "general_purpose",
                "cores": 2,
                "cpu_type": "dedicated",
                "deprecation_announced": "",
                "description": "CCX13 Dedicated CPU",
                "disk": 80,
                "id": 96,
                "included_traffic": 0,
                "is_deprecated": false,
                "locations": [
                  {
                    "deprecation_announced": "",
                    "id": 1,
                    "is_deprecated": false,
                    "name": "fsn1",
                    "unavailable_after": ""
                  },
                  {
                    "deprecation_announced": "",
                    "id": 2,
                    "is_deprecated": false,
                    "name": "nbg1",
                    "unavailable_after": ""
                  },
                  {
                    "deprecation_announced": "",
                    "id": 3,
                    "is_deprecated": false,
                    "name": "hel1",
                    "unavailable_after": ""
                  },
                  {
                    "deprecation_announced": "",
                    "id": 4,
                    "is_deprecated": false,
                    "name": "ash",
                    "unavailable_after": ""
                  },
                  {
                    "deprecation_announced": "",
                    "id": 5,
                    "is_deprecated": false,
                    "name": "hil",
                    "unavailable_after": ""
                  },
                  {
                    "deprecation_announced": "",
                    "id": 6,
                    "is_deprecated": false,
                    "name": "sin",
                    "unavailable_after": ""
                  }
                ],
                "memory": 8,
                "name": "ccx13",
                "storage_type": "local",
                "unavailable_after": ""
              },
              {
                "architecture": "x86",
                "category": "general_purpose",
                "cores": 4,
                "cpu_type": "dedicated",
                "deprecation_announced": "",
                "description": "CCX23 Dedicated CPU",
                "disk": 160,
                "id": 97,
                "included_traffic": 0,
                "is_deprecated": false,
                "locations": [
                  {
                    "deprecation_announced": "",
                    "id": 1,
                    "is_deprecated": false,
                    "name": "fsn1",
                    "unavailable_after": ""
                  },
                  {
                    "deprecation_announced": "",
                    "id": 2,
                    "is_deprecated": false,
                    "name": "nbg1",
                    "unavailable_after": ""
                  },
                  {
                    "deprecation_announced": "",
                    "id": 3,
                    "is_deprecated": false,
                    "name": "hel1",
                    "unavailable_after": ""
                  },
                  {
                    "deprecation_announced": "",
                    "id": 4,
                    "is_deprecated": false,
                    "name": "ash",
                    "unavailable_after": ""
                  },
                  {
                    "deprecation_announced": "",
                    "id": 5,
                    "is_deprecated": false,
                    "name": "hil",
                    "unavailable_after": ""
                  },
                  {
                    "deprecation_announced": "",
                    "id": 6,
                    "is_deprecated": false,
                    "name": "sin",
                    "unavailable_after": ""
                  }
                ],
                "memory": 16,
                "name": "ccx23",
                "storage_type": "local",
                "unavailable_after": ""
              },
              {
                "architecture": "x86",
                "category": "general_purpose",
                "cores": 8,
                "cpu_type": "dedicated",
                "deprecation_announced": "",
                "description": "CCX33 Dedicated CPU",
                "disk": 240,
                "id": 98,
                "included_traffic": 0,
                "is_deprecated": false,
                "locations": [
                  {
                    "deprecation_announced": "",
                    "id": 1,
                    "is_deprecated": false,
                    "name": "fsn1",
                    "unavailable_after": ""
                  },
                  {
                    "deprecation_announced": "",
                    "id": 2,
                    "is_deprecated": false,
                    "name": "nbg1",
                    "unavailable_after": ""
                  },
                  {
                    "deprecation_announced": "",
                    "id": 3,
                    "is_deprecated": false,
                    "name": "hel1",
                    "unavailable_after": ""
                  },
                  {
                    "deprecation_announced": "",
                    "id": 4,
                    "is_deprecated": false,
                    "name": "ash",
                    "unavailable_after": ""
                  },
                  {
                    "deprecation_announced": "",
                    "id": 5,
                    "is_deprecated": false,
                    "name": "hil",
                    "unavailable_after": ""
                  },
                  {
                    "deprecation_announced": "",
                    "id": 6,
                    "is_deprecated": false,
                    "name": "sin",
                    "unavailable_after": ""
                  }
                ],
                "memory": 32,
                "name": "ccx33",
                "storage_type": "local",
                "unavailable_after": ""
              },
              {
                "architecture": "x86",
                "category": "general_purpose",
                "cores": 16,
                "cpu_type": "dedicated",
                "deprecation_announced": "",
                "description": "CCX43 Dedicated CPU",
                "disk": 360,
                "id": 99,
                "included_traffic": 0,
                "is_deprecated": false,
                "locations": [
                  {
                    "deprecation_announced": "",
                    "id": 1,
                    "is_deprecated": false,
                    "name": "fsn1",
                    "unavailable_after": ""
                  },
                  {
                    "deprecation_announced": "",
                    "id": 2,
                    "is_deprecated": false,
                    "name": "nbg1",
                    "unavailable_after": ""
                  },
                  {
                    "deprecation_announced": "",
                    "id": 3,
                    "is_deprecated": false,
                    "name": "hel1",
                    "unavailable_after": ""
                  },
                  {
                    "deprecation_announced": "",
                    "id": 4,
                    "is_deprecated": false,
                    "name": "ash",
                    "unavailable_after": ""
                  },
                  {
                    "deprecation_announced": "",
                    "id": 5,
                    "is_deprecated": false,
                    "name": "hil",
                    "unavailable_after": ""
                  },
                  {
                    "deprecation_announced": "",
                    "id": 6,
                    "is_deprecated": false,
                    "name": "sin",
                    "unavailable_after": ""
                  }
                ],
                "memory": 64,
                "name": "ccx43",
                "storage_type": "local",
                "unavailable_after": ""
              },
              {
                "architecture": "x86",
                "category": "general_purpose",
                "cores": 32,
                "cpu_type": "dedicated",
                "deprecation_announced": "",
                "description": "CCX53 Dedicated CPU",
                "disk": 600,
                "id": 100,
                "included_traffic": 0,
                "is_deprecated": false,
                "locations": [
                  {
                    "deprecation_announced": "",
                    "id": 1,
                    "is_deprecated": false,
                    "name": "fsn1",
                    "unavailable_after": ""
                  },
                  {
                    "deprecation_announced": "",
                    "id": 2,
                    "is_deprecated": false,
                    "name": "nbg1",
                    "unavailable_after": ""
                  },
                  {
                    "deprecation_announced": "",
                    "id": 3,
                    "is_deprecated": false,
                    "name": "hel1",
                    "unavailable_after": ""
                  },
                  {
                    "deprecation_announced": "",
                    "id": 4,
                    "is_deprecated": false,
                    "name": "ash",
                    "unavailable_after": ""
                  },
                  {
                    "deprecation_announced": "",
                    "id": 5,
                    "is_deprecated": false,
                    "name": "hil",
                    "unavailable_after": ""
                  },
                  {
                    "deprecation_announced": "",
                    "id": 6,
                    "is_deprecated": false,
                    "name": "sin",
                    "unavailable_after": ""
                  }
                ],
                "memory": 128,
                "name": "ccx53",
                "storage_type": "local",
                "unavailable_after": ""
              },
              {
                "architecture": "x86",
                "category": "general_purpose",
                "cores": 48,
                "cpu_type": "dedicated",
                "deprecation_announced": "",
                "description": "CCX63 Dedicated CPU",
                "disk": 960,
                "id": 101,
                "included_traffic": 0,
                "is_deprecated": false,
                "locations": [
                  {
                    "deprecation_announced": "",
                    "id": 1,
                    "is_deprecated": false,
                    "name": "fsn1",
                    "unavailable_after": ""
                  },
                  {
                    "deprecation_announced": "",
                    "id": 2,
                    "is_deprecated": false,
                    "name": "nbg1",
                    "unavailable_after": ""
                  },
                  {
                    "deprecation_announced": "",
                    "id": 3,
                    "is_deprecated": false,
                    "name": "hel1",
                    "unavailable_after": ""
                  },
                  {
                    "deprecation_announced": "",
                    "id": 4,
                    "is_deprecated": false,
                    "name": "ash",
                    "unavailable_after": ""
                  },
                  {
                    "deprecation_announced": "",
                    "id": 5,
                    "is_deprecated": false,
                    "name": "hil",
                    "unavailable_after": ""
                  },
                  {
                    "deprecation_announced": "",
                    "id": 6,
                    "is_deprecated": false,
                    "name": "sin",
                    "unavailable_after": ""
                  }
                ],
                "memory": 192,
                "name": "ccx63",
                "storage_type": "local",
                "unavailable_after": ""
              },
              {
                "architecture": "x86",
                "category": "cost_optimized",
                "cores": 2,
                "cpu_type": "shared",
                "deprecation_announced": "2025-10-16T06:00:00Z",
                "description": "CX22",
                "disk": 40,
                "id": 104,
                "included_traffic": 0,
                "is_deprecated": true,
                "locations": [
                  {
                    "deprecation_announced": "2025-10-16T06:00:00Z",
                    "id": 1,
                    "is_deprecated": true,
                    "name": "fsn1",
                    "unavailable_after": "2025-12-31T23:59:59Z"
                  },
                  {
                    "deprecation_announced": "2025-10-16T06:00:00Z",
                    "id": 2,
                    "is_deprecated": true,
                    "name": "nbg1",
                    "unavailable_after": "2025-12-31T23:59:59Z"
                  },
                  {
                    "deprecation_announced": "2025-10-16T06:00:00Z",
                    "id": 3,
                    "is_deprecated": true,
                    "name": "hel1",
                    "unavailable_after": "2025-12-31T23:59:59Z"
                  }
                ],
                "memory": 4,
                "name": "cx22",
                "storage_type": "local",
                "unavailable_after": "2025-12-31T23:59:59Z"
              },
              {
                "architecture": "x86",
                "category": "cost_optimized",
                "cores": 4,
                "cpu_type": "shared",
                "deprecation_announced": "2025-10-16T06:00:00Z",
                "description": "CX32",
                "disk": 80,
                "id": 105,
                "included_traffic": 0,
                "is_deprecated": true,
                "locations": [
                  {
                    "deprecation_announced": "2025-10-16T06:00:00Z",
                    "id": 1,
                    "is_deprecated": true,
                    "name": "fsn1",
                    "unavailable_after": "2025-12-31T23:59:59Z"
                  },
                  {
                    "deprecation_announced": "2025-10-16T06:00:00Z",
                    "id": 2,
                    "is_deprecated": true,
                    "name": "nbg1",
                    "unavailable_after": "2025-12-31T23:59:59Z"
                  },
                  {
                    "deprecation_announced": "2025-10-16T06:00:00Z",
                    "id": 3,
                    "is_deprecated": true,
                    "name": "hel1",
                    "unavailable_after": "2025-12-31T23:59:59Z"
                  }
                ],
                "memory": 8,
                "name": "cx32",
                "storage_type": "local",
                "unavailable_after": "2025-12-31T23:59:59Z"
              },
              {
                "architecture": "x86",
                "category": "cost_optimized",
                "cores": 8,
                "cpu_type": "shared",
                "deprecation_announced": "2025-10-16T06:00:00Z",
                "description": "CX42",
                "disk": 160,
                "id": 106,
                "included_traffic": 0,
                "is_deprecated": true,
                "locations": [
                  {
                    "deprecation_announced": "2025-10-16T06:00:00Z",
                    "id": 1,
                    "is_deprecated": true,
                    "name": "fsn1",
                    "unavailable_after": "2025-12-31T23:59:59Z"
                  },
                  {
                    "deprecation_announced": "2025-10-16T06:00:00Z",
                    "id": 2,
                    "is_deprecated": true,
                    "name": "nbg1",
                    "unavailable_after": "2025-12-31T23:59:59Z"
                  },
                  {
                    "deprecation_announced": "2025-10-16T06:00:00Z",
                    "id": 3,
                    "is_deprecated": true,
                    "name": "hel1",
                    "unavailable_after": "2025-12-31T23:59:59Z"
                  }
                ],
                "memory": 16,
                "name": "cx42",
                "storage_type": "local",
                "unavailable_after": "2025-12-31T23:59:59Z"
              },
              {
                "architecture": "x86",
                "category": "cost_optimized",
                "cores": 16,
                "cpu_type": "shared",
                "deprecation_announced": "2025-10-16T06:00:00Z",
                "description": "CX52",
                "disk": 320,
                "id": 107,
                "included_traffic": 0,
                "is_deprecated": true,
                "locations": [
                  {
                    "deprecation_announced": "2025-10-16T06:00:00Z",
                    "id": 1,
                    "is_deprecated": true,
                    "name": "fsn1",
                    "unavailable_after": "2025-12-31T23:59:59Z"
                  },
                  {
                    "deprecation_announced": "2025-10-16T06:00:00Z",
                    "id": 2,
                    "is_deprecated": true,
                    "name": "nbg1",
                    "unavailable_after": "2025-12-31T23:59:59Z"
                  },
                  {
                    "deprecation_announced": "2025-10-16T06:00:00Z",
                    "id": 3,
                    "is_deprecated": true,
                    "name": "hel1",
                    "unavailable_after": "2025-12-31T23:59:59Z"
                  }
                ],
                "memory": 32,
                "name": "cx52",
                "storage_type": "local",
                "unavailable_after": "2025-12-31T23:59:59Z"
              },
              {
                "architecture": "x86",
                "category": "regular_purpose",
                "cores": 1,
                "cpu_type": "shared",
                "deprecation_announced": "",
                "description": "CPX 12",
                "disk": 40,
                "id": 108,
                "included_traffic": 0,
                "is_deprecated": false,
                "locations": [
                  {
                    "deprecation_announced": "",
                    "id": 6,
                    "is_deprecated": false,
                    "name": "sin",
                    "unavailable_after": ""
                  }
                ],
                "memory": 2,
                "name": "cpx12",
                "storage_type": "local",
                "unavailable_after": ""
              },
              {
                "architecture": "x86",
                "category": "regular_purpose",
                "cores": 2,
                "cpu_type": "shared",
                "deprecation_announced": "",
                "description": "CPX 22",
                "disk": 80,
                "id": 109,
                "included_traffic": 0,
                "is_deprecated": false,
                "locations": [
                  {
                    "deprecation_announced": "",
                    "id": 1,
                    "is_deprecated": false,
                    "name": "fsn1",
                    "unavailable_after": ""
                  },
                  {
                    "deprecation_announced": "",
                    "id": 2,
                    "is_deprecated": false,
                    "name": "nbg1",
                    "unavailable_after": ""
                  },
                  {
                    "deprecation_announced": "",
                    "id": 3,
                    "is_deprecated": false,
                    "name": "hel1",
                    "unavailable_after": ""
                  },
                  {
                    "deprecation_announced": "",
                    "id": 6,
                    "is_deprecated": false,
                    "name": "sin",
                    "unavailable_after": ""
                  }
                ],
                "memory": 4,
                "name": "cpx22",
                "storage_type": "local",
                "unavailable_after": ""
              },
              {
                "architecture": "x86",
                "category": "regular_purpose",
                "cores": 4,
                "cpu_type": "shared",
                "deprecation_announced": "",
                "description": "CPX 32",
                "disk": 160,
                "id": 110,
                "included_traffic": 0,
                "is_deprecated": false,
                "locations": [
                  {
                    "deprecation_announced": "",
                    "id": 1,
                    "is_deprecated": false,
                    "name": "fsn1",
                    "unavailable_after": ""
                  },
                  {
                    "deprecation_announced": "",
                    "id": 2,
                    "is_deprecated": false,
                    "name": "nbg1",
                    "unavailable_after": ""
                  },
                  {
                    "deprecation_announced": "",
                    "id": 3,
                    "is_deprecated": false,
                    "name": "hel1",
                    "unavailable_after": ""
                  },
                  {
                    "deprecation_announced": "",
                    "id": 6,
                    "is_deprecated": false,
                    "name": "sin",
                    "unavailable_after": ""
                  }
                ],
                "memory": 8,
                "name": "cpx32",
                "storage_type": "local",
                "unavailable_after": ""
              },
              {
                "architecture": "x86",
                "category": "regular_purpose",
                "cores": 8,
                "cpu_type": "shared",
                "deprecation_announced": "",
                "description": "CPX 42",
                "disk": 320,
                "id": 111,
                "included_traffic": 0,
                "is_deprecated": false,
                "locations": [
                  {
                    "deprecation_announced": "",
                    "id": 1,
                    "is_deprecated": false,
                    "name": "fsn1",
                    "unavailable_after": ""
                  },
                  {
                    "deprecation_announced": "",
                    "id": 2,
                    "is_deprecated": false,
                    "name": "nbg1",
                    "unavailable_after": ""
                  },
                  {
                    "deprecation_announced": "",
                    "id": 3,
                    "is_deprecated": false,
                    "name": "hel1",
                    "unavailable_after": ""
                  },
                  {
                    "deprecation_announced": "",
                    "id": 6,
                    "is_deprecated": false,
                    "name": "sin",
                    "unavailable_after": ""
                  }
                ],
                "memory": 16,
                "name": "cpx42",
                "storage_type": "local",
                "unavailable_after": ""
              },
              {
                "architecture": "x86",
                "category": "regular_purpose",
                "cores": 12,
                "cpu_type": "shared",
                "deprecation_announced": "",
                "description": "CPX 52",
                "disk": 480,
                "id": 112,
                "included_traffic": 0,
                "is_deprecated": false,
                "locations": [
                  {
                    "deprecation_announced": "",
                    "id": 1,
                    "is_deprecated": false,
                    "name": "fsn1",
                    "unavailable_after": ""
                  },
                  {
                    "deprecation_announced": "",
                    "id": 2,
                    "is_deprecated": false,
                    "name": "nbg1",
                    "unavailable_after": ""
                  },
                  {
                    "deprecation_announced": "",
                    "id": 3,
                    "is_deprecated": false,
                    "name": "hel1",
                    "unavailable_after": ""
                  },
                  {
                    "deprecation_announced": "",
                    "id": 6,
                    "is_deprecated": false,
                    "name": "sin",
                    "unavailable_after": ""
                  }
                ],
                "memory": 24,
                "name": "cpx52",
                "storage_type": "local",
                "unavailable_after": ""
              },
              {
                "architecture": "x86",
                "category": "regular_purpose",
                "cores": 16,
                "cpu_type": "shared",
                "deprecation_announced": "",
                "description": "CPX 62",
                "disk": 640,
                "id": 113,
                "included_traffic": 0,
                "is_deprecated": false,
                "locations": [
                  {
                    "deprecation_announced": "",
                    "id": 1,
                    "is_deprecated": false,
                    "name": "fsn1",
                    "unavailable_after": ""
                  },
                  {
                    "deprecation_announced": "",
                    "id": 2,
                    "is_deprecated": false,
                    "name": "nbg1",
                    "unavailable_after": ""
                  },
                  {
                    "deprecation_announced": "",
                    "id": 3,
                    "is_deprecated": false,
                    "name": "hel1",
                    "unavailable_after": ""
                  },
                  {
                    "deprecation_announced": "",
                    "id": 6,
                    "is_deprecated": false,
                    "name": "sin",
                    "unavailable_after": ""
                  }
                ],
                "memory": 32,
                "name": "cpx62",
                "storage_type": "local",
                "unavailable_after": ""
              },
              {
                "architecture": "x86",
                "category": "cost_optimized",
                "cores": 2,
                "cpu_type": "shared",
                "deprecation_announced": "",
                "description": "CX 23",
                "disk": 40,
                "id": 114,
                "included_traffic": 0,
                "is_deprecated": false,
                "locations": [
                  {
                    "deprecation_announced": "",
                    "id": 1,
                    "is_deprecated": false,
                    "name": "fsn1",
                    "unavailable_after": ""
                  },
                  {
                    "deprecation_announced": "",
                    "id": 2,
                    "is_deprecated": false,
                    "name": "nbg1",
                    "unavailable_after": ""
                  },
                  {
                    "deprecation_announced": "",
                    "id": 3,
                    "is_deprecated": false,
                    "name": "hel1",
                    "unavailable_after": ""
                  }
                ],
                "memory": 4,
                "name": "cx23",
                "storage_type": "local",
                "unavailable_after": ""
              },
              {
                "architecture": "x86",
                "category": "cost_optimized",
                "cores": 4,
                "cpu_type": "shared",
                "deprecation_announced": "",
                "description": "CX 33",
                "disk": 80,
                "id": 115,
                "included_traffic": 0,
                "is_deprecated": false,
                "locations": [
                  {
                    "deprecation_announced": "",
                    "id": 1,
                    "is_deprecated": false,
                    "name": "fsn1",
                    "unavailable_after": ""
                  },
                  {
                    "deprecation_announced": "",
                    "id": 2,
                    "is_deprecated": false,
                    "name": "nbg1",
                    "unavailable_after": ""
                  },
                  {
                    "deprecation_announced": "",
                    "id": 3,
                    "is_deprecated": false,
                    "name": "hel1",
                    "unavailable_after": ""
                  }
                ],
                "memory": 8,
                "name": "cx33",
                "storage_type": "local",
                "unavailable_after": ""
              },
              {
                "architecture": "x86",
                "category": "cost_optimized",
                "cores": 8,
                "cpu_type": "shared",
                "deprecation_announced": "",
                "description": "CX 43",
                "disk": 160,
                "id": 116,
                "included_traffic": 0,
                "is_deprecated": false,
                "locations": [
                  {
                    "deprecation_announced": "",
                    "id": 1,
                    "is_deprecated": false,
                    "name": "fsn1",
                    "unavailable_after": ""
                  },
                  {
                    "deprecation_announced": "",
                    "id": 2,
                    "is_deprecated": false,
                    "name": "nbg1",
                    "unavailable_after": ""
                  },
                  {
                    "deprecation_announced": "",
                    "id": 3,
                    "is_deprecated": false,
                    "name": "hel1",
                    "unavailable_after": ""
                  }
                ],
                "memory": 16,
                "name": "cx43",
                "storage_type": "local",
                "unavailable_after": ""
              },
              {
                "architecture": "x86",
                "category": "cost_optimized",
                "cores": 16,
                "cpu_type": "shared",
                "deprecation_announced": "",
                "description": "CX 53",
                "disk": 320,
                "id": 117,
                "included_traffic": 0,
                "is_deprecated": false,
                "locations": [
                  {
                    "deprecation_announced": "",
                    "id": 1,
                    "is_deprecated": false,
                    "name": "fsn1",
                    "unavailable_after": ""
                  },
                  {
                    "deprecation_announced": "",
                    "id": 2,
                    "is_deprecated": false,
                    "name": "nbg1",
                    "unavailable_after": ""
                  },
                  {
                    "deprecation_announced": "",
                    "id": 3,
                    "is_deprecated": false,
                    "name": "hel1",
                    "unavailable_after": ""
                  }
                ],
                "memory": 32,
                "name": "cx53",
                "storage_type": "local",
                "unavailable_after": ""
              }
            ]
          },
          "sensitive_attributes": []
        }
      ]
    },
    {
      "module": "module.tenant",
      "mode": "managed",
      "type": "cloudflare_dns_record",
      "name": "faraday",
      "provider": "module.tenant.provider[\"registry.terraform.io/cloudflare/cloudflare\"]",
      "instances": [
        {
          "schema_version": 0,
          "attributes": {
            "comment": null,
            "comment_modified_on": null,
            "content": "157.180.88.232",
            "created_on": "2025-10-17T13:32:21Z",
            "data": null,
            "id": "00cf138c266b46d41e7ba3b409a706e5",
            "meta": "{}",
            "modified_on": "2025-10-17T13:32:21Z",
            "name": "faraday.demo.spm.openshield.io",
            "priority": null,
            "proxiable": true,
            "proxied": false,
            "settings": {
              "flatten_cname": null,
              "ipv4_only": null,
              "ipv6_only": null
            },
            "tags": [],
            "tags_modified_on": null,
            "ttl": 3600,
            "type": "A",
            "zone_id": "f92c4f6137dffe0e40aa658cc70e3fa8"
          },
          "sensitive_attributes": [],
          "dependencies": [
            "module.tenant.data.cloudflare_zone.openshield",
            "module.tenant.data.hcloud_server_type.selected",
            "module.tenant.data.hcloud_server_types.all",
            "module.tenant.hcloud_server.tenant_server",
            "module.tenant.hcloud_ssh_key.ssh_key",
            "module.tenant.tls_private_key.ssh_key"
          ]
        }
      ]
    },
    {
      "module": "module.tenant",
      "mode": "managed",
      "type": "hcloud_server",
      "name": "tenant_server",
      "provider": "module.tenant.provider[\"registry.terraform.io/hetznercloud/hcloud\"]",
      "instances": [
        {
          "schema_version": 0,
          "attributes": {
            "allow_deprecated_images": false,
            "backup_window": "",
            "backups": false,
            "datacenter": "hel1-dc2",
            "delete_protection": false,
            "firewall_ids": [],
            "id": "110990643",
            "ignore_remote_firewall_ids": false,
            "image": "ubuntu-22.04",
            "ipv4_address": "157.180.88.232",
            "ipv6_address": "2a01:4f9:c013:feed::1",
            "ipv6_network": "2a01:4f9:c013:feed::/64",
            "iso": null,
            "keep_disk": false,
            "labels": {
              "solution": "spm",
              "tenant": "demo"
            },
            "location": "hel1",
            "name": "spm-tenant-demo",
            "network": [],
            "placement_group_id": 0,
            "primary_disk_size": 80,
            "public_net": [],
            "rebuild_protection": false,
            "rescue": null,
            "server_type": "cpx21",
            "shutdown_before_deletion": false,
            "ssh_keys": [
              "103240823"
            ],
            "status": "running",
            "timeouts": null,
            "user_data": "jLT+bbz2rvSDipNIsriJvT5R548="
          },
          "sensitive_attributes": [],
          "private": "eyJlMmJmYjczMC1lY2FhLTExZTYtOGY4OC0zNDM2M2JjN2M0YzAiOnsiY3JlYXRlIjo1NDAwMDAwMDAwMDAwfX0=",
          "dependencies": [
            "module.tenant.data.hcloud_server_type.selected",
            "module.tenant.data.hcloud_server_types.all",
            "module.tenant.hcloud_ssh_key.ssh_key",
            "module.tenant.tls_private_key.ssh_key"
          ]
        }
      ]
    },
    {
      "module": "module.tenant",
      "mode": "managed",
      "type": "hcloud_ssh_key",
      "name": "ssh_key",
      "provider": "module.tenant.provider[\"registry.terraform.io/hetznercloud/hcloud\"]",
      "instances": [
        {
          "schema_version": 0,
          "attributes": {
            "fingerprint": "23:f5:cc:9f:44:85:16:3a:96:cf:32:f0:6e:b3:3d:0c",
            "id": "103240823",
            "labels": {
              "solution": "spm",
              "tenant": "demo"
            },
            "name": "demo-ssh-key",
            "public_key": "ssh-rsa AAAAB3NzaC1yc2EAAAADAQABAAACAQDS0tqm/Dg4+a5PpAofzZkAIT661Ymd+bC032TRCw5rdKeNTVDJL2elZvYddGnhK1ToqbYMzgzPxfDAC5SKj4ZExtUhb1ATqK+hGXlVvA5V79upAtK7BjeBrc2YdIhflksSSxdvdAxNw2gpshKqZftkYo/IDeBYwrIzM0k9aNn38q6jbNKySnNdvUPXMVvBDtmenKS7WqBOWZj+XXVhR34SxsY9IMrcW+j2BVBNOFUyj8LUrO6q1GOC3DGU1mn7wLd8Muzaev49raubA7/dOzdbQ9hnmbJfmbKWTkv2aWSUuufmGdItqyH+V1OczWZIur9l39mpwA3SuPiEJPaydw6flalJRc53Zjh70zSiyKok7IBcKc2XAPMo+zlwnEr7SgY4ZZMZZpARNxb7hJ/6t1C1CyR48iNnC8Mp1ZzUJe3x0Ayyhaika8C/bZZZVPiNmiJFl5Lkynit4+40Oj9H7dIR8LqfCxs5X/giZVa4dQMO9LA4aHdDwI864HoUSjdDUspuxuDqJ6Dwffqr6t5s4SNJq+ZRJyh9LLCnKxiVgroZGdwhTIJ9pv2ta7Kwgw/BThi7iXSSdkY5K4qk/7WnlsGnqewbvOTJ4C1LUBLXng4UFTdRZYgYzXYPw4Xtz4VBOr4/7b2DfVtTsjhkWD39kivWM3QXY0XZzyznIAYfjUUg2Q==\n"
          },
          "sensitive_attributes": [],
          "dependencies": [
            "module.tenant.tls_private_key.ssh_key"
          ]
        }
      ]
    },
    {
      "module": "module.tenant",
      "mode": "managed",
      "type": "hcloud_volume",
      "name": "tenant_volume",
      "provider": "module.tenant.provider[\"registry.terraform.io/hetznercloud/hcloud\"]",
      "instances": [
        {
          "schema_version": 0,
          "attributes": {
            "automount": true,
            "delete_protection": false,
            "format": "ext4",
            "id": "103760970",
            "labels": {
              "solution": "spm",
              "tenant": "demo"
            },
            "linux_device": "/dev/disk/by-id/scsi-0HC_Volume_103760970",
            "location": "hel1",
            "name": "spm-tenant-demo-volume",
            "server_id": 110990643,
            "size": 50
          },
          "sensitive_attributes": [],
          "private": "bnVsbA==",
          "dependencies": [
            "module.tenant.data.hcloud_server_type.selected",
            "module.tenant.data.hcloud_server_types.all",
            "module.tenant.hcloud_server.tenant_server",
            "module.tenant.hcloud_ssh_key.ssh_key",
            "module.tenant.tls_private_key.ssh_key"
          ]
        }
      ]
    },
    {
      "module": "module.tenant",
      "mode": "managed",
      "type": "local_file",
      "name": "configure_faraday_nginx_sh",
      "provider": "provider[\"registry.terraform.io/hashicorp/local\"]",
      "instances": [
        {
          "schema_version": 0,
          "attributes": {
            "content": "#!/usr/bin/env bash\n\n# Request LetsEncrypt certificate for the domain\nsudo certbot certonly --nginx -d faraday.demo.spm.openshield.io --non-interactive --agree-tos -m certbot@cyberdef.cc --redirect \u003e /opt/faraday/certbot.log 2\u003e\u00261\n\n# Extract certificate and key paths\nCERT_PATH=$(grep -iE 'certificate is saved at:' /opt/faraday/certbot.log | awk '{print $5}')\nKEY_PATH=$(grep -iE 'key is saved at:' /opt/faraday/certbot.log | awk '{print $5}')\nif [ -z \"$CERT_PATH\" ] || [ -z \"$KEY_PATH\" ]; then\n    echo \"Failed to obtain SSL certificate. Check certbot log at /opt/faraday/certbot.log\"\n    exit 1\nfi\n\n# Generate Nginx configuration for Faraday\necho y | faraday-manage generate-nginx-config --fqdn faraday.demo.spm.openshield.io --port 5985 --ws-port 9000 --ssl-certificate $CERT_PATH --ssl-key $KEY_PATH | awk 'BEGIN{p=0} /^NGINX Config$/{getline; getline; p=1} p{print}' \u003e /opt/faraday/faraday.conf 2\u003e\u00261\n\n# Move the generated config to Nginx sites-available\nsudo mv /opt/faraday/faraday.conf /etc/nginx/sites-available/faraday.conf\nsudo ln -sf /etc/nginx/sites-available/faraday.conf /etc/nginx/sites-enabled/faraday.conf\n\n# Test Nginx configuration\nsudo nginx -t\nif [ $? -ne 0 ]; then\n    echo \"Nginx configuration test failed. Please check the configuration file.\"\n    exit 1\nfi\n\n# Reload Nginx to apply the new configuration\nsudo systemctl reload nginx",
            "content_base64": null,
            "content_base64sha256": "0kOlDDa5OCZvTiRykNQyDqjzX/HVTo9ElZv7ztly7+Y=",
            "content_base64sha512": "vpSpXfO7O0hvKvAD93G5p67p29MxXZdkPfPc1Ua5TMq/gqj3lJHdeMt3peCac4uJA4N7L0CkjE3PcCiP072Ppw==",
            "content_md5": "0c8f542b912564b0a3b0ce1587e4017b",
            "content_sha1": "6039f3cff3f6fa8289e5a4c4179d989aa6c09217",
            "content_sha256": "d243a50c36b938266f4e247290d4320ea8f35ff1d54e8f44959bfbced972efe6",
            "content_sha512": "be94a95df3bb3b486f2af003f771b9a7aee9dbd3315d97643df3dcd546b94ccabf82a8f79491dd78cb77a5e09a738b8903837b2f40a48c4dcf70288fd3bd8fa7",
            "directory_permission": "0777",
            "file_permission": "0777",
            "filename": "modules/tenant/_rendered/configure-faraday-nginx.sh",
            "id": "6039f3cff3f6fa8289e5a4c4179d989aa6c09217",
            "sensitive_content": null,
            "source": null
          },
          "sensitive_attributes": []
        }
      ]
    },
    {
      "module": "module.tenant",
      "mode": "managed",
      "type": "local_file",
      "name": "install_faraday_sh",
      "provider": "provider[\"registry.terraform.io/hashicorp/local\"]",
      "instances": [
        {
          "schema_version": 0,
          "attributes": {
            "content": "# !/bin/bash\n\n# A helper script to install Faraday on an Ubuntu server.\n# OS: Ubuntu 20.04 or later\n# Usage: ./install-faraday.sh \u003cVERSION|latest\u003e\n# Example: ./install-faraday.sh latest\n#\n# Author: YordanOpenShield\n\n# Update package lists\nsudo apt-get update\n\n# Create necessary directories\nsudo mkdir -p /opt/faraday\ncd /opt/faraday\n\n# Get latest version tag\nVERSION=latest\nif [ -z \"$VERSION\" ] || [ \"$VERSION\" = \"latest\" ]; then\n  echo \"Fetching latest Faraday release from GitHub...\"\n  # prefer jq if available\n  if command -v jq \u003e/dev/null 2\u003e\u00261; then\n    VERSION=$(curl -s https://api.github.com/repos/infobyte/faraday/releases/latest | jq -r .tag_name)\n  else\n    VERSION=$(curl -s https://api.github.com/repos/infobyte/faraday/releases/latest | grep -oP '\"tag_name\":\\s*\"\\K(.*)(?=\")' || true)\n  fi\n\n  if [ -z \"$VERSION\" ]; then\n    echo \"Failed to determine latest Faraday version.\"\n    exit 1\n  fi\n  echo \"Latest version is $VERSION\"\nfi\n\n# Download Faraday\nsudo wget https://github.com/infobyte/faraday/releases/download/$VERSION/faraday-server_amd64.deb\n\n# Make sure dependencies are installed\nsudo apt-get install -y postgresql redis python3 python3-pip\n\n# Install Faraday\necho y | sudo dpkg -i /opt/faraday/faraday-server_amd64.deb || echo y | sudo apt install -f /opt/faraday/faraday-server_amd64.deb\n\n# Add current user to faraday group\nsudo usermod -aG faraday $(whoami)\n\n# Initialize Faraday database\nfaraday-manage initdb\n\n# Change faraday's admin password\nfaraday-manage change-password --username faraday --password cmZXClX8jskHPcck\n\n# Wait until no jobs for systemd-sysctl remain\nwhile systemctl list-jobs | grep -q systemd-sysctl; do sleep 1; done\n\n# Reload systemd to recognize Faraday services\nsudo systemctl daemon-reload\n\n# Start and enable Faraday services\nsudo systemctl start faraday-server\nsudo systemctl enable faraday-server\n\nsudo systemctl start faraday-worker\nsudo systemctl enable faraday-worker\n\nsudo systemctl start faraday-worker-reports\nsudo systemctl enable faraday-worker-reports\n\n# Make sure Faraday is running\nif systemctl is-active --quiet faraday-server; then\n    echo \"Faraday server is running.\"\nelse\n    echo \"Faraday server failed to start.\"\n    exit 1\nfi",
            "content_base64": null,
            "content_base64sha256": "14vOJHCT3urEHu8WhyUWdyG8XPsOVTTdu3dlpvqt4Rc=",
            "content_base64sha512": "2znC83REo0YX8j/nbSs8ZhaLLwcVIeYRvh52FQuKOG/9JCybChaMrjgkop+ufyY3l2GmHURHqw+NZ380TA1pyg==",
            "content_md5": "6acce12deec52f50b7c6a57aba30c645",
            "content_sha1": "a375aebfc76b8ff4c0c6938fc7c79e87c92d7d2b",
            "content_sha256": "d78bce247093deeac41eef168725167721bc5cfb0e5534ddbb7765a6faade117",
            "content_sha512": "db39c2f37444a34617f23fe76d2b3c66168b2f071521e611be1e76150b8a386ffd242c9b0a168cae3824a29fae7f26379761a61d4447ab0f8d677f344c0d69ca",
            "directory_permission": "0777",
            "file_permission": "0777",
            "filename": "modules/tenant/_rendered/install-faraday.sh",
            "id": "a375aebfc76b8ff4c0c6938fc7c79e87c92d7d2b",
            "sensitive_content": null,
            "source": null
          },
          "sensitive_attributes": [
            [
              {
                "type": "get_attr",
                "value": "content"
              }
            ]
          ],
          "dependencies": [
            "module.tenant.random_password.faraday_password"
          ]
        }
      ]
    },
    {
      "module": "module.tenant",
      "mode": "managed",
      "type": "local_file",
      "name": "install_nginx_sh",
      "provider": "provider[\"registry.terraform.io/hashicorp/local\"]",
      "instances": [
        {
          "schema_version": 0,
          "attributes": {
            "content": "# !/bin/bash\n\n# Install Nginx\nsudo apt-get update\nsudo apt-get install -y nginx\nsudo systemctl start nginx\nsudo systemctl enable nginx\n\n# Install certbot\nsudo apt-get install -y certbot python3-certbot-nginx\n\n# Adjust firewall to allow HTTP and HTTPS traffic\nsudo ufw allow http\nsudo ufw allow https",
            "content_base64": null,
            "content_base64sha256": "fcUzYhwwezsI4U6aQmTi17TJwy1tHNWIsrY/fr48Iks=",
            "content_base64sha512": "psoCa0OYzxL7gE+l5ZTXPiYmv/9daIe86AsxfC6RzprjapYrUpTnVz3+MJHwpaiDPkZLMmqcAMgc42g8KzcnQA==",
            "content_md5": "1f1c8cc2862ad50f915cf7313e27441d",
            "content_sha1": "18439fd5d884a92015585d9b759b1c051c14d837",
            "content_sha256": "7dc533621c307b3b08e14e9a4264e2d7b4c9c32d6d1cd588b2b63f7ebe3c224b",
            "content_sha512": "a6ca026b4398cf12fb804fa5e594d73e2626bfff5d6887bce80b317c2e91ce9ae36a962b5294e7573dfe3091f0a5a8833e464b326a9c00c81ce3683c2b372740",
            "directory_permission": "0777",
            "file_permission": "0777",
            "filename": "modules/tenant/_rendered/install-nginx.sh",
            "id": "18439fd5d884a92015585d9b759b1c051c14d837",
            "sensitive_content": null,
            "source": null
          },
          "sensitive_attributes": []
        }
      ]
    },
    {
      "module": "module.tenant",
      "mode": "managed",
      "type": "null_resource",
      "name": "provision_faraday_scripts",
      "provider": "provider[\"registry.terraform.io/hashicorp/null\"]",
      "instances": [
        {
          "schema_version": 0,
          "attributes": {
            "id": "6920463720967212989",
            "triggers": {
              "always_run": "2025-10-17T13:32:21Z"
            }
          },
          "sensitive_attributes": [],
          "dependencies": [
            "module.tenant.cloudflare_dns_record.faraday",
            "module.tenant.data.cloudflare_zone.openshield",
            "module.tenant.data.hcloud_server_type.selected",
            "module.tenant.data.hcloud_server_types.all",
            "module.tenant.hcloud_server.tenant_server",
            "module.tenant.hcloud_ssh_key.ssh_key",
            "module.tenant.local_file.configure_faraday_nginx_sh",
            "module.tenant.local_file.install_faraday_sh",
            "module.tenant.local_file.install_nginx_sh",
            "module.tenant.random_password.faraday_password",
            "module.tenant.tls_private_key.ssh_key"
          ]
        }
      ]
    },
    {
      "module": "module.tenant",
      "mode": "managed",
      "type": "random_password",
      "name": "faraday_password",
      "provider": "provider[\"registry.terraform.io/hashicorp/random\"]",
      "instances": [
        {
          "schema_version": 3,
          "attributes": {
            "bcrypt_hash": "$2a$10$E7SP2ccCjeETVTSNziGAo.sHiXugGF.xCiVUIb7nFwqNnkokWuDXy",
            "id": "none",
            "keepers": null,
            "length": 16,
            "lower": true,
            "min_lower": 0,
            "min_numeric": 0,
            "min_special": 0,
            "min_upper": 0,
            "number": true,
            "numeric": true,
            "override_special": "_%@",
            "result": "cmZXClX8jskHPcck",
            "special": true,
            "upper": true
          },
          "sensitive_attributes": []
        }
      ]
    },
    {
      "module": "module.tenant",
      "mode": "managed",
      "type": "tls_private_key",
      "name": "ssh_key",
      "provider": "provider[\"registry.terraform.io/hashicorp/tls\"]",
      "instances": [
        {
          "schema_version": 1,
          "attributes": {
            "algorithm": "RSA",
            "ecdsa_curve": "P224",
            "id": "5c67e137dec3fe23d221cb8a1dc2976573d8e89c",
            "private_key_openssh": "-----BEGIN OPENSSH PRIVATE KEY-----\nb3BlbnNzaC1rZXktdjEAAAAABG5vbmUAAAAEbm9uZQAAAAAAAAABAAACFwAAAAdz\nc2gtcnNhAAAAAwEAAQAAAgEA0tLapvw4OPmuT6QKH82ZACE+utWJnfmwtN9k0QsO\na3SnjU1QyS9npWb2HXRp4StU6Km2DM4Mz8XwwAuUio+GRMbVIW9QE6ivoRl5VbwO\nVe/bqQLSuwY3ga3NmHSIX5ZLEksXb3QMTcNoKbISqmX7ZGKPyA3gWMKyMzNJPWjZ\n9/Kuo2zSskpzXb1D1zFbwQ7Znpyku1qgTlmY/l11YUd+EsbGPSDK3Fvo9gVQTThV\nMo/C1KzuqtRjgtwxlNZp+8C3fDLs2nr+Pa2rmwO/3Ts3W0PYZ5myX5mylk5L9mlk\nlLrn5hnSLash/ldTnM1mSLq/Zd/ZqcAN0rj4hCT2sncOn5WpSUXOd2Y4e9M0osiq\nJOyAXCnNlwDzKPs5cJxK+0oGOGWTGWaQETcW+4Sf+rdQtQskePIjZwvDKdWc1CXt\n8dAMsoWopGvAv22WWVT4jZoiRZeS5Mp4rePuNDo/R+3SEfC6nwsbOV/4ImVWuHUD\nDvSwOGh3Q8CPOuB6FEo3Q1LKbsbg6ieg8H36q+rebOEjSavmUScofSywpysYlYK6\nGRncIUyCfab9rWuysIMPwU4Yu4l0knZGOSuKpP+1p5bBp6nsG7zkyeAtS1AS154O\nFBU3UWWIGM12D8OF7c+FQTq+P+29g31bU7I4ZFg9/ZIr1jN0F2NF2c8s5yAGH41F\nINkAAAc4ZiUwSmYlMEoAAAAHc3NoLXJzYQAAAgEA0tLapvw4OPmuT6QKH82ZACE+\nutWJnfmwtN9k0QsOa3SnjU1QyS9npWb2HXRp4StU6Km2DM4Mz8XwwAuUio+GRMbV\nIW9QE6ivoRl5VbwOVe/bqQLSuwY3ga3NmHSIX5ZLEksXb3QMTcNoKbISqmX7ZGKP\nyA3gWMKyMzNJPWjZ9/Kuo2zSskpzXb1D1zFbwQ7Znpyku1qgTlmY/l11YUd+EsbG\nPSDK3Fvo9gVQTThVMo/C1KzuqtRjgtwxlNZp+8C3fDLs2nr+Pa2rmwO/3Ts3W0PY\nZ5myX5mylk5L9mlklLrn5hnSLash/ldTnM1mSLq/Zd/ZqcAN0rj4hCT2sncOn5Wp\nSUXOd2Y4e9M0osiqJOyAXCnNlwDzKPs5cJxK+0oGOGWTGWaQETcW+4Sf+rdQtQsk\nePIjZwvDKdWc1CXt8dAMsoWopGvAv22WWVT4jZoiRZeS5Mp4rePuNDo/R+3SEfC6\nnwsbOV/4ImVWuHUDDvSwOGh3Q8CPOuB6FEo3Q1LKbsbg6ieg8H36q+rebOEjSavm\nUScofSywpysYlYK6GRncIUyCfab9rWuysIMPwU4Yu4l0knZGOSuKpP+1p5bBp6ns\nG7zkyeAtS1AS154OFBU3UWWIGM12D8OF7c+FQTq+P+29g31bU7I4ZFg9/ZIr1jN0\nF2NF2c8s5yAGH41FINkAAAADAQABAAACAFiAm7mt+AwzBLH6MyXWsXwUeLkGG5dt\n0nibrz7yXUNO3We8JUXP2Lre1kLXM/uKrUJevEXz2fz/I2n7cogYaE1HCwHWMM+P\n6OrAPud24q3A232/6acJnRObWsu9X+KAvVMYouXu2ZtrhLa8Qom19irWFXXuHVgl\no5lK1lwpQBeOkTGZ5XljN7sKUQhteA87pK+pIp5kFRfPFSLzKOuFj69iMqZGteJ7\n0vg0ktlX5KwtHaUaU7bzIjM1LLtGp4dAB8bjufqd100dMwUINesxiLOPb7FOHEt1\nwjrG86yl4ctuCxvVix4Q0VxsXHVe5KlzfBXQOxe/wA3OCMWwnr+cq04fa1zR2AjI\nzUdcaM0WWOHRwi3D/1dHrXRvtRGdZxawL7uEi5ND9o+nG32wcUIgklmQacQetOTW\nZRhNbTunP0MGbVBFs2WDe7jpVmhsGDomF75XtwmyyweSqZIog6d08dGV7leDi3Dk\nI0xk1WBW2VpmuGnylqybD71iqMJepNyQrlo2MKnNNrg2pNTamtWhvMNFkYdzFFs5\n9SXhBkjWYuI/oODmWEpE+4C7IrMXSEjvhOyiQSNqyVTuNwSGouBNC3xgaVA7rMyC\nKyBSvISd29KzSAjaN/vju6OMMzGIy1jRGBOihUOQNyx/9vfJRumK4B1dWDE0wjmB\nJ228Dj3LfyjhAAABADZTN7vwQep4N/Vq8+TjtXdqrLmKIYhME7SroG3KX5yQWgmA\n+UYZt8zBeMCiPdMTRiIgzLCFkXhGinZF7VdH2/KAEtI0fWrAshnIEbN5Bezd5nDa\nVCaSm/vvBF7I6nferltNq6rGMZFrNhpz95vMWu3WBbo9hgtL5ZVkKaAWpH0xV5KI\ntI4K8WX478i//zxbUmhJzMpfiKORTuUS00gAlCy9Agx3IaghMTm80YbCyV7C7RbC\nHpOFx21vyBsaVe3UEPDBkFPeiQ6/4G0jjlezQlrJcDyxBbwoIWEGRQecZ8YzPu4Z\n10aEczCmfnXlJF+0dGH/bpMBIpCZOeyOs7RkFcoAAAEBAPr3XRULEgEDV2rIiOTd\nF3kV2uZjIjFfFenEP45em2OEHHT/mGRH9SMApo31F4lotgzwIJnA80uG92T1PmQj\n/+aECI12U5cZsqmaJjhSvIwxUEUtdFjmLI2bR7wfqtv5hF6pmtYhCN9R1cE15kAf\nYZPmt4lq4/iw7kD4IIbEHv2IE0qjLS4hyUb3/X8KDwZcMwXX8PFj0Ws0nIqkhBrM\nvllGEEErJXGhvZ26lcyDUnPgvV1980kiTPIdESr2PlD+VRJJ5/P227m/XEftSnx3\nY3JDm0LoQj8A3DTNsmkEBCoIuw4FazX4BBUiF5SkggEmSFhfX6etJWacl+PlhZyj\nCFsAAAEBANcNXseu03wUKeaY02ch6bHonHN06/+ye3W2/Aep75Orwt6R8UTjgdwn\nQnc8UdrdG6B0BhWaLMddCYyEqZdBn61iCqOsOA1wXq1clVmIpwLoDwI/nEWbycn+\nUJhr1zO0UHUcIb3+ikgJObtpWitrcdNAAYzvWZYHA5Mq9Y47bkZrH6rjcTbUonAi\nNiGKhQrE9SD8nMLyK2++4+9SQTpCu0clIsSvsw0IgrAWMdh2P2+Q1ftM2GJlNaBq\nphc6eIiTOJOPlhLzXNo0vYyH5JONdEYZfRfSn7ve6cnpTyoWoAeLapKEJ0PKEa/2\ncRav3OruGmwwDP7IvB5pnGWgxSxv4dsAAAAAAQID\n-----END OPENSSH PRIVATE KEY-----\n",
            "private_key_pem": "-----BEGIN RSA PRIVATE KEY-----\nMIIJKAIBAAKCAgEA0tLapvw4OPmuT6QKH82ZACE+utWJnfmwtN9k0QsOa3SnjU1Q\nyS9npWb2HXRp4StU6Km2DM4Mz8XwwAuUio+GRMbVIW9QE6ivoRl5VbwOVe/bqQLS\nuwY3ga3NmHSIX5ZLEksXb3QMTcNoKbISqmX7ZGKPyA3gWMKyMzNJPWjZ9/Kuo2zS\nskpzXb1D1zFbwQ7Znpyku1qgTlmY/l11YUd+EsbGPSDK3Fvo9gVQTThVMo/C1Kzu\nqtRjgtwxlNZp+8C3fDLs2nr+Pa2rmwO/3Ts3W0PYZ5myX5mylk5L9mlklLrn5hnS\nLash/ldTnM1mSLq/Zd/ZqcAN0rj4hCT2sncOn5WpSUXOd2Y4e9M0osiqJOyAXCnN\nlwDzKPs5cJxK+0oGOGWTGWaQETcW+4Sf+rdQtQskePIjZwvDKdWc1CXt8dAMsoWo\npGvAv22WWVT4jZoiRZeS5Mp4rePuNDo/R+3SEfC6nwsbOV/4ImVWuHUDDvSwOGh3\nQ8CPOuB6FEo3Q1LKbsbg6ieg8H36q+rebOEjSavmUScofSywpysYlYK6GRncIUyC\nfab9rWuysIMPwU4Yu4l0knZGOSuKpP+1p5bBp6nsG7zkyeAtS1AS154OFBU3UWWI\nGM12D8OF7c+FQTq+P+29g31bU7I4ZFg9/ZIr1jN0F2NF2c8s5yAGH41FINkCAwEA\nAQKCAgBYgJu5rfgMMwSx+jMl1rF8FHi5BhuXbdJ4m68+8l1DTt1nvCVFz9i63tZC\n1zP7iq1CXrxF89n8/yNp+3KIGGhNRwsB1jDPj+jqwD7nduKtwNt9v+mnCZ0Tm1rL\nvV/igL1TGKLl7tmba4S2vEKJtfYq1hV17h1YJaOZStZcKUAXjpExmeV5Yze7ClEI\nbXgPO6SvqSKeZBUXzxUi8yjrhY+vYjKmRrXie9L4NJLZV+SsLR2lGlO28yIzNSy7\nRqeHQAfG47n6nddNHTMFCDXrMYizj2+xThxLdcI6xvOspeHLbgsb1YseENFcbFx1\nXuSpc3wV0DsXv8ANzgjFsJ6/nKtOH2tc0dgIyM1HXGjNFljh0cItw/9XR610b7UR\nnWcWsC+7hIuTQ/aPpxt9sHFCIJJZkGnEHrTk1mUYTW07pz9DBm1QRbNlg3u46VZo\nbBg6Jhe+V7cJsssHkqmSKIOndPHRle5Xg4tw5CNMZNVgVtlaZrhp8pasmw+9YqjC\nXqTckK5aNjCpzTa4NqTU2prVobzDRZGHcxRbOfUl4QZI1mLiP6Dg5lhKRPuAuyKz\nF0hI74TsokEjaslU7jcEhqLgTQt8YGlQO6zMgisgUryEndvSs0gI2jf747ujjDMx\niMtY0RgTooVDkDcsf/b3yUbpiuAdXVgxNMI5gSdtvA49y38o4QKCAQEA+vddFQsS\nAQNXasiI5N0XeRXa5mMiMV8V6cQ/jl6bY4QcdP+YZEf1IwCmjfUXiWi2DPAgmcDz\nS4b3ZPU+ZCP/5oQIjXZTlxmyqZomOFK8jDFQRS10WOYsjZtHvB+q2/mEXqma1iEI\n31HVwTXmQB9hk+a3iWrj+LDuQPgghsQe/YgTSqMtLiHJRvf9fwoPBlwzBdfw8WPR\nazSciqSEGsy+WUYQQSslcaG9nbqVzINSc+C9XX3zSSJM8h0RKvY+UP5VEknn8/bb\nub9cR+1KfHdjckObQuhCPwDcNM2yaQQEKgi7DgVrNfgEFSIXlKSCASZIWF9fp60l\nZpyX4+WFnKMIWwKCAQEA1w1ex67TfBQp5pjTZyHpseicc3Tr/7J7dbb8B6nvk6vC\n3pHxROOB3CdCdzxR2t0boHQGFZosx10JjISpl0GfrWIKo6w4DXBerVyVWYinAugP\nAj+cRZvJyf5QmGvXM7RQdRwhvf6KSAk5u2laK2tx00ABjO9ZlgcDkyr1jjtuRmsf\nquNxNtSicCI2IYqFCsT1IPycwvIrb77j71JBOkK7RyUixK+zDQiCsBYx2HY/b5DV\n+0zYYmU1oGqmFzp4iJM4k4+WEvNc2jS9jIfkk410Rhl9F9Kfu97pyelPKhagB4tq\nkoQnQ8oRr/ZxFq/c6u4abDAM/si8HmmcZaDFLG/h2wKCAQEAt3BdgkcgNstZdzzz\nCs4sHR6DbUjislG9M6x1hDvUuq3TGxXELvCF1rrgAv014gM+pkBSo+/sJbWWWR4F\nJ69EmhrCIZxuxxBKjjuVWi/nj1VwRdBOrbg4spzglzpSag182rB/86ob0RgA9QPP\ns+j8Kt5GI1SVI683xxdWtwrdWBXBfBm/qWuaspwLl3MjvlNgHBJWFCsQ5JqFHbXY\ntboYHCrhMLE34lIFxiee3OjUOMz5vT+Vt0wyD/p9FPj+Xbc5OW/58lHrE18zNYPV\noRqm/ts5vnMEEQcw7gu4L5h27r6I81u0nLMXUNclg0mnmO2Bjc7QnUArCVDGmRao\nTfDA5wKCAQAfWNqU/t3i+0l0TJicMuxOu5p6lfOErS6j5Q1tzI6YlvPr35gss4EN\nZ0ef+9HutkY9qEvuwC+AzAYFTp0t6Cnvaxgj7YmqI9QZLyKyD2JQ4SS27jDIUMIk\nSIbVAPs4lTMZLwWYHU9o2rdoox26sInCAlV3hrgnT1RtElkC55TWfOz7yvWIyYv4\nDnSXhQqJnFYi/c+X9xbvzgKJsxLA/FMyNq6PvxC5eKEcK9AOPoZWq+UVIYl1Jk2f\n2YvmXOaO+e7IS6jTkFfbks6CepiODZOCWFrMqy4Pg5nOjcy1VOD02JSrUMosbnsP\njDvF09K/CAAf/w0V4orRYBGlGr9DD/f7AoIBADZTN7vwQep4N/Vq8+TjtXdqrLmK\nIYhME7SroG3KX5yQWgmA+UYZt8zBeMCiPdMTRiIgzLCFkXhGinZF7VdH2/KAEtI0\nfWrAshnIEbN5Bezd5nDaVCaSm/vvBF7I6nferltNq6rGMZFrNhpz95vMWu3WBbo9\nhgtL5ZVkKaAWpH0xV5KItI4K8WX478i//zxbUmhJzMpfiKORTuUS00gAlCy9Agx3\nIaghMTm80YbCyV7C7RbCHpOFx21vyBsaVe3UEPDBkFPeiQ6/4G0jjlezQlrJcDyx\nBbwoIWEGRQecZ8YzPu4Z10aEczCmfnXlJF+0dGH/bpMBIpCZOeyOs7RkFco=\n-----END RSA PRIVATE KEY-----\n",
            "private_key_pem_pkcs8": "-----BEGIN PRIVATE KEY-----\nMIIJQgIBADANBgkqhkiG9w0BAQEFAASCCSwwggkoAgEAAoICAQDS0tqm/Dg4+a5P\npAofzZkAIT661Ymd+bC032TRCw5rdKeNTVDJL2elZvYddGnhK1ToqbYMzgzPxfDA\nC5SKj4ZExtUhb1ATqK+hGXlVvA5V79upAtK7BjeBrc2YdIhflksSSxdvdAxNw2gp\nshKqZftkYo/IDeBYwrIzM0k9aNn38q6jbNKySnNdvUPXMVvBDtmenKS7WqBOWZj+\nXXVhR34SxsY9IMrcW+j2BVBNOFUyj8LUrO6q1GOC3DGU1mn7wLd8Muzaev49raub\nA7/dOzdbQ9hnmbJfmbKWTkv2aWSUuufmGdItqyH+V1OczWZIur9l39mpwA3SuPiE\nJPaydw6flalJRc53Zjh70zSiyKok7IBcKc2XAPMo+zlwnEr7SgY4ZZMZZpARNxb7\nhJ/6t1C1CyR48iNnC8Mp1ZzUJe3x0Ayyhaika8C/bZZZVPiNmiJFl5Lkynit4+40\nOj9H7dIR8LqfCxs5X/giZVa4dQMO9LA4aHdDwI864HoUSjdDUspuxuDqJ6Dwffqr\n6t5s4SNJq+ZRJyh9LLCnKxiVgroZGdwhTIJ9pv2ta7Kwgw/BThi7iXSSdkY5K4qk\n/7WnlsGnqewbvOTJ4C1LUBLXng4UFTdRZYgYzXYPw4Xtz4VBOr4/7b2DfVtTsjhk\nWD39kivWM3QXY0XZzyznIAYfjUUg2QIDAQABAoICAFiAm7mt+AwzBLH6MyXWsXwU\neLkGG5dt0nibrz7yXUNO3We8JUXP2Lre1kLXM/uKrUJevEXz2fz/I2n7cogYaE1H\nCwHWMM+P6OrAPud24q3A232/6acJnRObWsu9X+KAvVMYouXu2ZtrhLa8Qom19irW\nFXXuHVglo5lK1lwpQBeOkTGZ5XljN7sKUQhteA87pK+pIp5kFRfPFSLzKOuFj69i\nMqZGteJ70vg0ktlX5KwtHaUaU7bzIjM1LLtGp4dAB8bjufqd100dMwUINesxiLOP\nb7FOHEt1wjrG86yl4ctuCxvVix4Q0VxsXHVe5KlzfBXQOxe/wA3OCMWwnr+cq04f\na1zR2AjIzUdcaM0WWOHRwi3D/1dHrXRvtRGdZxawL7uEi5ND9o+nG32wcUIgklmQ\nacQetOTWZRhNbTunP0MGbVBFs2WDe7jpVmhsGDomF75XtwmyyweSqZIog6d08dGV\n7leDi3DkI0xk1WBW2VpmuGnylqybD71iqMJepNyQrlo2MKnNNrg2pNTamtWhvMNF\nkYdzFFs59SXhBkjWYuI/oODmWEpE+4C7IrMXSEjvhOyiQSNqyVTuNwSGouBNC3xg\naVA7rMyCKyBSvISd29KzSAjaN/vju6OMMzGIy1jRGBOihUOQNyx/9vfJRumK4B1d\nWDE0wjmBJ228Dj3LfyjhAoIBAQD6910VCxIBA1dqyIjk3Rd5FdrmYyIxXxXpxD+O\nXptjhBx0/5hkR/UjAKaN9ReJaLYM8CCZwPNLhvdk9T5kI//mhAiNdlOXGbKpmiY4\nUryMMVBFLXRY5iyNm0e8H6rb+YReqZrWIQjfUdXBNeZAH2GT5reJauP4sO5A+CCG\nxB79iBNKoy0uIclG9/1/Cg8GXDMF1/DxY9FrNJyKpIQazL5ZRhBBKyVxob2dupXM\ng1Jz4L1dffNJIkzyHREq9j5Q/lUSSefz9tu5v1xH7Up8d2NyQ5tC6EI/ANw0zbJp\nBAQqCLsOBWs1+AQVIheUpIIBJkhYX1+nrSVmnJfj5YWcowhbAoIBAQDXDV7HrtN8\nFCnmmNNnIemx6JxzdOv/snt1tvwHqe+Tq8LekfFE44HcJ0J3PFHa3RugdAYVmizH\nXQmMhKmXQZ+tYgqjrDgNcF6tXJVZiKcC6A8CP5xFm8nJ/lCYa9cztFB1HCG9/opI\nCTm7aVora3HTQAGM71mWBwOTKvWOO25Gax+q43E21KJwIjYhioUKxPUg/JzC8itv\nvuPvUkE6QrtHJSLEr7MNCIKwFjHYdj9vkNX7TNhiZTWgaqYXOniIkziTj5YS81za\nNL2Mh+STjXRGGX0X0p+73unJ6U8qFqAHi2qShCdDyhGv9nEWr9zq7hpsMAz+yLwe\naZxloMUsb+HbAoIBAQC3cF2CRyA2y1l3PPMKziwdHoNtSOKyUb0zrHWEO9S6rdMb\nFcQu8IXWuuAC/TXiAz6mQFKj7+wltZZZHgUnr0SaGsIhnG7HEEqOO5VaL+ePVXBF\n0E6tuDiynOCXOlJqDXzasH/zqhvRGAD1A8+z6Pwq3kYjVJUjrzfHF1a3Ct1YFcF8\nGb+pa5qynAuXcyO+U2AcElYUKxDkmoUdtdi1uhgcKuEwsTfiUgXGJ57c6NQ4zPm9\nP5W3TDIP+n0U+P5dtzk5b/nyUesTXzM1g9WhGqb+2zm+cwQRBzDuC7gvmHbuvojz\nW7ScsxdQ1yWDSaeY7YGNztCdQCsJUMaZFqhN8MDnAoIBAB9Y2pT+3eL7SXRMmJwy\n7E67mnqV84StLqPlDW3MjpiW8+vfmCyzgQ1nR5/70e62Rj2oS+7AL4DMBgVOnS3o\nKe9rGCPtiaoj1BkvIrIPYlDhJLbuMMhQwiRIhtUA+ziVMxkvBZgdT2jat2ijHbqw\nicICVXeGuCdPVG0SWQLnlNZ87PvK9YjJi/gOdJeFComcViL9z5f3Fu/OAomzEsD8\nUzI2ro+/ELl4oRwr0A4+hlar5RUhiXUmTZ/Zi+Zc5o757shLqNOQV9uSzoJ6mI4N\nk4JYWsyrLg+Dmc6NzLVU4PTYlKtQyixuew+MO8XT0r8IAB//DRXiitFgEaUav0MP\n9/sCggEANlM3u/BB6ng39Wrz5OO1d2qsuYohiEwTtKugbcpfnJBaCYD5Rhm3zMF4\nwKI90xNGIiDMsIWReEaKdkXtV0fb8oAS0jR9asCyGcgRs3kF7N3mcNpUJpKb++8E\nXsjqd96uW02rqsYxkWs2GnP3m8xa7dYFuj2GC0vllWQpoBakfTFXkoi0jgrxZfjv\nyL//PFtSaEnMyl+Io5FO5RLTSACULL0CDHchqCExObzRhsLJXsLtFsIek4XHbW/I\nGxpV7dQQ8MGQU96JDr/gbSOOV7NCWslwPLEFvCghYQZFB5xnxjM+7hnXRoRzMKZ+\ndeUkX7R0Yf9ukwEikJk57I6ztGQVyg==\n-----END PRIVATE KEY-----\n",
            "public_key_fingerprint_md5": "23:f5:cc:9f:44:85:16:3a:96:cf:32:f0:6e:b3:3d:0c",
            "public_key_fingerprint_sha256": "SHA256:AGd1TNCccuXHy5fpuSKtkv/wHTys7PvwTPcIjXR7MXs",
            "public_key_openssh": "ssh-rsa AAAAB3NzaC1yc2EAAAADAQABAAACAQDS0tqm/Dg4+a5PpAofzZkAIT661Ymd+bC032TRCw5rdKeNTVDJL2elZvYddGnhK1ToqbYMzgzPxfDAC5SKj4ZExtUhb1ATqK+hGXlVvA5V79upAtK7BjeBrc2YdIhflksSSxdvdAxNw2gpshKqZftkYo/IDeBYwrIzM0k9aNn38q6jbNKySnNdvUPXMVvBDtmenKS7WqBOWZj+XXVhR34SxsY9IMrcW+j2BVBNOFUyj8LUrO6q1GOC3DGU1mn7wLd8Muzaev49raubA7/dOzdbQ9hnmbJfmbKWTkv2aWSUuufmGdItqyH+V1OczWZIur9l39mpwA3SuPiEJPaydw6flalJRc53Zjh70zSiyKok7IBcKc2XAPMo+zlwnEr7SgY4ZZMZZpARNxb7hJ/6t1C1CyR48iNnC8Mp1ZzUJe3x0Ayyhaika8C/bZZZVPiNmiJFl5Lkynit4+40Oj9H7dIR8LqfCxs5X/giZVa4dQMO9LA4aHdDwI864HoUSjdDUspuxuDqJ6Dwffqr6t5s4SNJq+ZRJyh9LLCnKxiVgroZGdwhTIJ9pv2ta7Kwgw/BThi7iXSSdkY5K4qk/7WnlsGnqewbvOTJ4C1LUBLXng4UFTdRZYgYzXYPw4Xtz4VBOr4/7b2DfVtTsjhkWD39kivWM3QXY0XZzyznIAYfjUUg2Q==\n",
            "public_key_pem": "-----BEGIN PUBLIC KEY-----\nMIICIjANBgkqhkiG9w0BAQEFAAOCAg8AMIICCgKCAgEA0tLapvw4OPmuT6QKH82Z\nACE+utWJnfmwtN9k0QsOa3SnjU1QyS9npWb2HXRp4StU6Km2DM4Mz8XwwAuUio+G\nRMbVIW9QE6ivoRl5VbwOVe/bqQLSuwY3ga3NmHSIX5ZLEksXb3QMTcNoKbISqmX7\nZGKPyA3gWMKyMzNJPWjZ9/Kuo2zSskpzXb1D1zFbwQ7Znpyku1qgTlmY/l11YUd+\nEsbGPSDK3Fvo9gVQTThVMo/C1KzuqtRjgtwxlNZp+8C3fDLs2nr+Pa2rmwO/3Ts3\nW0PYZ5myX5mylk5L9mlklLrn5hnSLash/ldTnM1mSLq/Zd/ZqcAN0rj4hCT2sncO\nn5WpSUXOd2Y4e9M0osiqJOyAXCnNlwDzKPs5cJxK+0oGOGWTGWaQETcW+4Sf+rdQ\ntQskePIjZwvDKdWc1CXt8dAMsoWopGvAv22WWVT4jZoiRZeS5Mp4rePuNDo/R+3S\nEfC6nwsbOV/4ImVWuHUDDvSwOGh3Q8CPOuB6FEo3Q1LKbsbg6ieg8H36q+rebOEj\nSavmUScofSywpysYlYK6GRncIUyCfab9rWuysIMPwU4Yu4l0knZGOSuKpP+1p5bB\np6nsG7zkyeAtS1AS154OFBU3UWWIGM12D8OF7c+FQTq+P+29g31bU7I4ZFg9/ZIr\n1jN0F2NF2c8s5yAGH41FINkCAwEAAQ==\n-----END PUBLIC KEY-----\n",
            "rsa_bits": 4096
          },
          "sensitive_attributes": []
        }
      ]
    }
  ],
  "check_results": null
}
