{
  "version": 4,
  "terraform_version": "1.5.0",
  "serial": 411,
  "lineage": "2bdfdec5-8c30-28c5-2bba-a5d893c95ad2",
  "outputs": {
    "tenant_host": {
      "value": "157.180.88.232",
      "type": "string"
    },
    "tenant_name": {
      "value": "demo",
      "type": "string"
    },
    "tenant_ssh_private_key": {
      "value": "-----BEGIN RSA PRIVATE KEY-----\nMIIJKAIBAAKCAgEA58lPxgCayaI9D5bJB8pco9uFxx7Nvrc2lUcCnAt8Xz7i4VsZ\nh7W4nRfyK3MSu0tPCAXLmoBAK7u7qev2u4M//jNy/S9OPbRhzOFnAfSvozxRJQKH\nMjU0FprpUT10a7oVpr6ogw4BsVZF/RfngfnM3/+rOlaBd5idp3EiCmQCwVM4aozs\noTXGupCbJJQFLeqDo3N3bU1tfLP1SN9EtXZphuD4bHO9bSb0eoTshRW/G5kpRob8\n/Ug+tW4232rbppQhqodZVtrL5IjXbYoBAszcAG3yitWMQxK+JMQbQKTyhv3jei9c\nEfp4K6x+TiJGikjxQzH+KSxTq6eeuXS/bAprhC8iP4eyeKcQn5zN5bp9AxwL5soX\n3v/6Ejuo0nlq6ZKfSYZylEk9dNlVJ8+wr+HimZ1duILgtHF2Y56B8Ln3LF8TJdHc\nKTUHzdmGc++48id3zt+fQ1M5zMqMvAzaJG4vBrDe/n9TnmiPPhn97mrGgwY/EjbD\n1+79fwaXXiiuQEZxE+uKVi4pkpGsVXNR26Ys6hV3HHJJqkAGKOF9XXX0W4O3OfEU\nhzKyL62BWQ3LYBRrzh5WiYseTnjyknqvyscxJo49Zeb0b0Z8TDRepjtmgYzlVT7/\n3oHM1QCwieks0TTDBbudjJXeLLI82QSs8BSZoTakoeffjUIa9XgNxzZOEWMCAwEA\nAQKCAgAkTCNA96FFyDFVuqA6pxcA1gTKHOnNXvWeROOEuku8wqVW8yQ5W1zQxQo4\nganCSNXUhMvQoxrpflmyD3CxBqnDzhzIx1qyUQgrxHSUGtRSdMSkThQL6ccBbzrw\nbPZJVHfFh//tngjn04HcU5z+frb1sR0IYrmdl/nAWfghtm20BqtEDFOWH0zCtJiH\nDuMMwLfipddi94gYyjm0MrqYzDVUWPCuUyWr7TjF4wEDClfGI6MSF1uQ8npXgS34\nqMxC9tma0d1Mu7DIViGeVsk3vgsJyi38TdrMOigqq8c0xV/xgdrYrIf3jMi61iVl\naPqw9yFJC5AotHdZ30L8+epsKemSGlPvBWtdR7T3rIpfRgA39Io3mrkdPonJ3Lfw\nFnQOcIUzmpUVXCuIJIbfdOrVLxVsQE2TfNOle27GQXVjw2fEt/nXYysQEPnwZH6l\n0eMQwxWFHhEh5R4NlFvHbj33vtInFz1CixTGOjYc8g7rbitgWsD5F8z2LnsebHBo\nsdmeZPf+uju+czf6xt1QtCDXHvFX2j65LWB3cvr0dskldkLlg/deCmIzpNlFwU4c\nLS+CReDoSnMfWSYm1+Nu1d2iXAxlRFPpLbqfRe502TF5RBGgT4pEF3Oc15bgwsLU\nRIQwkDKhv8Si86f5m4iGepvOLgcXVPYTZXLqirDyON+5RGUt+QKCAQEA/GuxTpz5\nsml8t4CsNcarXOQC5UNsiqYhVozf19HDJgc6YLI3GTRcw4p5PiFffWiaD/JHV3ul\nhKBjT4N/yU5L4Ltweow7nvIRNM+ZG2d39y8m0nfQQQJ8ras5ly0DPrR3qypEdTUS\nnFSMQNYOUJgnkBx0qlW0+dcAm9Hjk6SYJgJsMhzTZXAoUREG/p71d/OsIVbAPYt2\nwBuBSpsrsPQkv4f/uzwIwIRFYT9KzIYXyqbGID9+eQ0hrQrV5cmuIL31SkKsgeO9\nBSmXZfyciVrK4lXwkf36lw9AeD8nlrj7trKNIWvi8WkIEFVHLlL2k1BI1VPxhAuw\nvasfrEROfjKA/wKCAQEA6xK2/2ECQkwbM0Z+lDcUZ2xuwiouK54dSFdegRFVNGd3\nGCotg20JaqaWoKsshm9jgn+ggMyxW7r+oarGB3H43sMVRn0e5keXN3VrPdvs0885\nYqGAVcpj4hQ52OS65T9+WZVz0FDzPaQaojUiJtUenq+aQvgG/AChmV70rSz4p/fU\nZK5sSRmmJZCqibaI5UA7PrgvAUrdVQC+cc012aU/syAvnYgfrr7THEtMQiBnW9MY\na/U5aOJ0gmnTjC6ExjWym2DulZYSWbmbDDxpMUNBGeVI2GrSgEL/LW69QloqJIK3\nQGk4SimIBYCmiZd94wkBeVncB2Ce1za3Mbv/kDYLnQKCAQEA2QNddNDQe+rlJn6h\nj7o2Ka5+Ls1AzBL4JokHCW118YPVVLzjUfAKsLKkeh4HErKTgZIyc6wCKXwa5YmQ\nm2mNIrEDith1ibljwZuZbk4OfZ00K06G5N1Wg5jp8mbom0hcefPk1z/BuFWYH0Xp\nGLE3klZklu0IoqOOCmjw10Zy6Hq8uni95j/+6XNSKCZRs8by/davgDoe5hq/lXzC\nm2fLED/ERRzgCWOuomTf0eaXHcs0GxV7jmcTxMnEC8LQyaWG9UlNNn6tS3ruhugf\nTJeaRezM3zcT8jtSmg7x4ks3XWM0or82ZYZ/QEuQ3urEwvILLBz3Tycd1HMC0AAJ\n28Vf0QKCAQA/Aro4xCkV2k6kNO4zDnySqHcb5rCPkodo37p+QEYlkOJUgOHIS87t\nXpAbqyZ5Npxm240LWVLlMr+UWDFSx5MdKw+l4F4K/f+jpv7DCxN1RyOrs3yyAlk5\nvZAv+ke6sYVNwAjWOwyoZjeZaUKpRBE8GffwoYlFvWmTsedGEDrq0zyEbFisU4q8\noQWFen9BbDE1Q6ud3hJr+ZIS8R3RJEFp42PABz/u2EnAWNKtGwB5laEDNy1XVvRC\nDNnexo1ij/w7OAVb5Wkv0dektQDBarSlm1cmY6PfK5Y4+GkUwxRuyvcR9eJXxsAm\nMXDyir/8vmo9u/+FnrmVGJ6MX0dGwaXlAoIBAFGp8Do46KjPChL+fztBTk0B7N2K\nTdqPlKe9YfAIvBS7NCxTtmtx8J2BHsKV7TO7tM/jvq1BRqT1yILp74QxC9ahpKsF\nTjv0TGGjwgOfTLBv7ppbaOzCR1C5McXkVJwloLWlbyRiEsWBhr49RTRviinpDN/U\nqoy+x6dvZZ3egwjiq3+ZXcCUvY2SYVSTIhAM2jUBnGC9qGQQfh31hDigiOhdJCOP\n8o8NWnESYBnU1LtiNjhudHRpGidyqxWvoDMeamZI5uTf1cE4DWZjMTF0ykezPpNt\nrDxRq6tu+J37M4rTWBCFLbReQMe2xutMRtqEO7Lve4pvbB7METS4fv6/QTo=\n-----END RSA PRIVATE KEY-----\n",
      "type": "string",
      "sensitive": true
    },
    "tenant_ssh_public_key": {
      "value": "ssh-rsa AAAAB3NzaC1yc2EAAAADAQABAAACAQDnyU/GAJrJoj0PlskHylyj24XHHs2+tzaVRwKcC3xfPuLhWxmHtbidF/IrcxK7S08IBcuagEAru7up6/a7gz/+M3L9L049tGHM4WcB9K+jPFElAocyNTQWmulRPXRruhWmvqiDDgGxVkX9F+eB+czf/6s6VoF3mJ2ncSIKZALBUzhqjOyhNca6kJsklAUt6oOjc3dtTW18s/VI30S1dmmG4Phsc71tJvR6hOyFFb8bmSlGhvz9SD61bjbfatumlCGqh1lW2svkiNdtigECzNwAbfKK1YxDEr4kxBtApPKG/eN6L1wR+ngrrH5OIkaKSPFDMf4pLFOrp565dL9sCmuELyI/h7J4pxCfnM3lun0DHAvmyhfe//oSO6jSeWrpkp9JhnKUST102VUnz7Cv4eKZnV24guC0cXZjnoHwufcsXxMl0dwpNQfN2YZz77jyJ3fO359DUznMyoy8DNokbi8GsN7+f1OeaI8+Gf3uasaDBj8SNsPX7v1/BpdeKK5ARnET64pWLimSkaxVc1HbpizqFXccckmqQAYo4X1ddfRbg7c58RSHMrIvrYFZDctgFGvOHlaJix5OePKSeq/KxzEmjj1l5vRvRnxMNF6mO2aBjOVVPv/egczVALCJ6SzRNMMFu52Mld4ssjzZBKzwFJmhNqSh59+NQhr1eA3HNk4RYw==\n",
      "type": "string"
    }
  },
  "resources": [
    {
      "module": "module.tenant",
      "mode": "data",
      "type": "cloudflare_zone",
      "name": "openshield",
      "provider": "module.tenant.provider[\"registry.terraform.io/cloudflare/cloudflare\"]",
      "instances": [
        {
          "schema_version": 0,
          "attributes": {
            "account": {
              "id": "bca3124de7c86d659a959f06cb35043d",
              "name": "Cloudflare@cyberdef.cc's Account"
            },
            "activated_on": "2025-04-21T11:29:39Z",
            "cname_suffix": null,
            "created_on": "2025-04-21T11:00:21Z",
            "development_mode": 0,
            "filter": {
              "account": null,
              "direction": null,
              "match": null,
              "name": "openshield.io",
              "order": null,
              "status": null
            },
            "id": null,
            "meta": {
              "cdn_only": null,
              "custom_certificate_quota": 0,
              "dns_only": null,
              "foundation_dns": null,
              "page_rule_quota": 3,
              "phishing_detected": false,
              "step": 2
            },
            "modified_on": "2025-04-21T11:29:39Z",
            "name": "openshield.io",
            "name_servers": [
              "kiki.ns.cloudflare.com",
              "lloyd.ns.cloudflare.com"
            ],
            "original_dnshost": null,
            "original_name_servers": [
              "dns1.registrar-servers.com",
              "dns2.registrar-servers.com"
            ],
            "original_registrar": "namecheap, inc. (id: 1068)",
            "owner": {
              "id": null,
              "name": null,
              "type": "user"
            },
            "paused": false,
            "permissions": [
              "#dns_records:edit",
              "#dns_records:read",
              "#zone:read"
            ],
            "plan": {
              "can_subscribe": false,
              "currency": "USD",
              "externally_managed": false,
              "frequency": "",
              "id": "0feeeeeeeeeeeeeeeeeeeeeeeeeeeeee",
              "is_subscribed": false,
              "legacy_discount": false,
              "legacy_id": "free",
              "name": "Free Website",
              "price": 0
            },
            "status": "active",
            "tenant": {
              "id": null,
              "name": null
            },
            "tenant_unit": {
              "id": null
            },
            "type": "full",
            "vanity_name_servers": [],
            "verification_key": null,
            "zone_id": "f92c4f6137dffe0e40aa658cc70e3fa8"
          },
          "sensitive_attributes": []
        }
      ]
    },
    {
      "module": "module.tenant",
      "mode": "data",
      "type": "hcloud_server_type",
      "name": "selected",
      "provider": "module.tenant.provider[\"registry.terraform.io/hetznercloud/hcloud\"]",
      "instances": [
        {
          "index_key": "cpx21",
          "schema_version": 0,
          "attributes": {
            "architecture": "x86",
            "category": "regular_purpose",
            "cores": 3,
            "cpu_type": "shared",
            "deprecation_announced": "",
            "description": "CPX 21",
            "disk": 80,
            "id": 23,
            "included_traffic": 0,
            "is_deprecated": false,
            "locations": [
              {
                "deprecation_announced": "2025-10-16T06:00:00Z",
                "id": 1,
                "is_deprecated": true,
                "name": "fsn1",
                "unavailable_after": "2025-12-31T23:59:59Z"
              },
              {
                "deprecation_announced": "2025-10-16T06:00:00Z",
                "id": 2,
                "is_deprecated": true,
                "name": "nbg1",
                "unavailable_after": "2025-12-31T23:59:59Z"
              },
              {
                "deprecation_announced": "2025-10-16T06:00:00Z",
                "id": 3,
                "is_deprecated": true,
                "name": "hel1",
                "unavailable_after": "2025-12-31T23:59:59Z"
              },
              {
                "deprecation_announced": "",
                "id": 4,
                "is_deprecated": false,
                "name": "ash",
                "unavailable_after": ""
              },
              {
                "deprecation_announced": "",
                "id": 5,
                "is_deprecated": false,
                "name": "hil",
                "unavailable_after": ""
              },
              {
                "deprecation_announced": "2025-10-16T06:00:00Z",
                "id": 6,
                "is_deprecated": true,
                "name": "sin",
                "unavailable_after": "2025-12-31T23:59:59Z"
              }
            ],
            "memory": 4,
            "name": "cpx21",
            "storage_type": "local",
            "unavailable_after": ""
          },
          "sensitive_attributes": []
        },
        {
          "index_key": "cpx22",
          "schema_version": 0,
          "attributes": {
            "architecture": "x86",
            "category": "regular_purpose",
            "cores": 2,
            "cpu_type": "shared",
            "deprecation_announced": "",
            "description": "CPX 22",
            "disk": 80,
            "id": 109,
            "included_traffic": 0,
            "is_deprecated": false,
            "locations": [
              {
                "deprecation_announced": "",
                "id": 1,
                "is_deprecated": false,
                "name": "fsn1",
                "unavailable_after": ""
              },
              {
                "deprecation_announced": "",
                "id": 2,
                "is_deprecated": false,
                "name": "nbg1",
                "unavailable_after": ""
              },
              {
                "deprecation_announced": "",
                "id": 3,
                "is_deprecated": false,
                "name": "hel1",
                "unavailable_after": ""
              },
              {
                "deprecation_announced": "",
                "id": 6,
                "is_deprecated": false,
                "name": "sin",
                "unavailable_after": ""
              }
            ],
            "memory": 4,
            "name": "cpx22",
            "storage_type": "local",
            "unavailable_after": ""
          },
          "sensitive_attributes": []
        },
        {
          "index_key": "cpx31",
          "schema_version": 0,
          "attributes": {
            "architecture": "x86",
            "category": "regular_purpose",
            "cores": 4,
            "cpu_type": "shared",
            "deprecation_announced": "",
            "description": "CPX 31",
            "disk": 160,
            "id": 24,
            "included_traffic": 0,
            "is_deprecated": false,
            "locations": [
              {
                "deprecation_announced": "2025-10-16T06:00:00Z",
                "id": 1,
                "is_deprecated": true,
                "name": "fsn1",
                "unavailable_after": "2025-12-31T23:59:59Z"
              },
              {
                "deprecation_announced": "2025-10-16T06:00:00Z",
                "id": 2,
                "is_deprecated": true,
                "name": "nbg1",
                "unavailable_after": "2025-12-31T23:59:59Z"
              },
              {
                "deprecation_announced": "2025-10-16T06:00:00Z",
                "id": 3,
                "is_deprecated": true,
                "name": "hel1",
                "unavailable_after": "2025-12-31T23:59:59Z"
              },
              {
                "deprecation_announced": "",
                "id": 4,
                "is_deprecated": false,
                "name": "ash",
                "unavailable_after": ""
              },
              {
                "deprecation_announced": "",
                "id": 5,
                "is_deprecated": false,
                "name": "hil",
                "unavailable_after": ""
              },
              {
                "deprecation_announced": "2025-10-16T06:00:00Z",
                "id": 6,
                "is_deprecated": true,
                "name": "sin",
                "unavailable_after": "2025-12-31T23:59:59Z"
              }
            ],
            "memory": 8,
            "name": "cpx31",
            "storage_type": "local",
            "unavailable_after": ""
          },
          "sensitive_attributes": []
        },
        {
          "index_key": "cpx32",
          "schema_version": 0,
          "attributes": {
            "architecture": "x86",
            "category": "regular_purpose",
            "cores": 4,
            "cpu_type": "shared",
            "deprecation_announced": "",
            "description": "CPX 32",
            "disk": 160,
            "id": 110,
            "included_traffic": 0,
            "is_deprecated": false,
            "locations": [
              {
                "deprecation_announced": "",
                "id": 1,
                "is_deprecated": false,
                "name": "fsn1",
                "unavailable_after": ""
              },
              {
                "deprecation_announced": "",
                "id": 2,
                "is_deprecated": false,
                "name": "nbg1",
                "unavailable_after": ""
              },
              {
                "deprecation_announced": "",
                "id": 3,
                "is_deprecated": false,
                "name": "hel1",
                "unavailable_after": ""
              },
              {
                "deprecation_announced": "",
                "id": 6,
                "is_deprecated": false,
                "name": "sin",
                "unavailable_after": ""
              }
            ],
            "memory": 8,
            "name": "cpx32",
            "storage_type": "local",
            "unavailable_after": ""
          },
          "sensitive_attributes": []
        },
        {
          "index_key": "cpx41",
          "schema_version": 0,
          "attributes": {
            "architecture": "x86",
            "category": "regular_purpose",
            "cores": 8,
            "cpu_type": "shared",
            "deprecation_announced": "",
            "description": "CPX 41",
            "disk": 240,
            "id": 25,
            "included_traffic": 0,
            "is_deprecated": false,
            "locations": [
              {
                "deprecation_announced": "2025-10-16T06:00:00Z",
                "id": 1,
                "is_deprecated": true,
                "name": "fsn1",
                "unavailable_after": "2025-12-31T23:59:59Z"
              },
              {
                "deprecation_announced": "2025-10-16T06:00:00Z",
                "id": 2,
                "is_deprecated": true,
                "name": "nbg1",
                "unavailable_after": "2025-12-31T23:59:59Z"
              },
              {
                "deprecation_announced": "2025-10-16T06:00:00Z",
                "id": 3,
                "is_deprecated": true,
                "name": "hel1",
                "unavailable_after": "2025-12-31T23:59:59Z"
              },
              {
                "deprecation_announced": "",
                "id": 4,
                "is_deprecated": false,
                "name": "ash",
                "unavailable_after": ""
              },
              {
                "deprecation_announced": "",
                "id": 5,
                "is_deprecated": false,
                "name": "hil",
                "unavailable_after": ""
              },
              {
                "deprecation_announced": "2025-10-16T06:00:00Z",
                "id": 6,
                "is_deprecated": true,
                "name": "sin",
                "unavailable_after": "2025-12-31T23:59:59Z"
              }
            ],
            "memory": 16,
            "name": "cpx41",
            "storage_type": "local",
            "unavailable_after": ""
          },
          "sensitive_attributes": []
        },
        {
          "index_key": "cpx42",
          "schema_version": 0,
          "attributes": {
            "architecture": "x86",
            "category": "regular_purpose",
            "cores": 8,
            "cpu_type": "shared",
            "deprecation_announced": "",
            "description": "CPX 42",
            "disk": 320,
            "id": 111,
            "included_traffic": 0,
            "is_deprecated": false,
            "locations": [
              {
                "deprecation_announced": "",
                "id": 1,
                "is_deprecated": false,
                "name": "fsn1",
                "unavailable_after": ""
              },
              {
                "deprecation_announced": "",
                "id": 2,
                "is_deprecated": false,
                "name": "nbg1",
                "unavailable_after": ""
              },
              {
                "deprecation_announced": "",
                "id": 3,
                "is_deprecated": false,
                "name": "hel1",
                "unavailable_after": ""
              },
              {
                "deprecation_announced": "",
                "id": 6,
                "is_deprecated": false,
                "name": "sin",
                "unavailable_after": ""
              }
            ],
            "memory": 16,
            "name": "cpx42",
            "storage_type": "local",
            "unavailable_after": ""
          },
          "sensitive_attributes": []
        },
        {
          "index_key": "cpx51",
          "schema_version": 0,
          "attributes": {
            "architecture": "x86",
            "category": "regular_purpose",
            "cores": 16,
            "cpu_type": "shared",
            "deprecation_announced": "",
            "description": "CPX 51",
            "disk": 360,
            "id": 26,
            "included_traffic": 0,
            "is_deprecated": false,
            "locations": [
              {
                "deprecation_announced": "2025-10-16T06:00:00Z",
                "id": 1,
                "is_deprecated": true,
                "name": "fsn1",
                "unavailable_after": "2025-12-31T23:59:59Z"
              },
              {
                "deprecation_announced": "2025-10-16T06:00:00Z",
                "id": 2,
                "is_deprecated": true,
                "name": "nbg1",
                "unavailable_after": "2025-12-31T23:59:59Z"
              },
              {
                "deprecation_announced": "2025-10-16T06:00:00Z",
                "id": 3,
                "is_deprecated": true,
                "name": "hel1",
                "unavailable_after": "2025-12-31T23:59:59Z"
              },
              {
                "deprecation_announced": "",
                "id": 4,
                "is_deprecated": false,
                "name": "ash",
                "unavailable_after": ""
              },
              {
                "deprecation_announced": "",
                "id": 5,
                "is_deprecated": false,
                "name": "hil",
                "unavailable_after": ""
              },
              {
                "deprecation_announced": "2025-10-16T06:00:00Z",
                "id": 6,
                "is_deprecated": true,
                "name": "sin",
                "unavailable_after": "2025-12-31T23:59:59Z"
              }
            ],
            "memory": 32,
            "name": "cpx51",
            "storage_type": "local",
            "unavailable_after": ""
          },
          "sensitive_attributes": []
        },
        {
          "index_key": "cpx52",
          "schema_version": 0,
          "attributes": {
            "architecture": "x86",
            "category": "regular_purpose",
            "cores": 12,
            "cpu_type": "shared",
            "deprecation_announced": "",
            "description": "CPX 52",
            "disk": 480,
            "id": 112,
            "included_traffic": 0,
            "is_deprecated": false,
            "locations": [
              {
                "deprecation_announced": "",
                "id": 1,
                "is_deprecated": false,
                "name": "fsn1",
                "unavailable_after": ""
              },
              {
                "deprecation_announced": "",
                "id": 2,
                "is_deprecated": false,
                "name": "nbg1",
                "unavailable_after": ""
              },
              {
                "deprecation_announced": "",
                "id": 3,
                "is_deprecated": false,
                "name": "hel1",
                "unavailable_after": ""
              },
              {
                "deprecation_announced": "",
                "id": 6,
                "is_deprecated": false,
                "name": "sin",
                "unavailable_after": ""
              }
            ],
            "memory": 24,
            "name": "cpx52",
            "storage_type": "local",
            "unavailable_after": ""
          },
          "sensitive_attributes": []
        },
        {
          "index_key": "cpx62",
          "schema_version": 0,
          "attributes": {
            "architecture": "x86",
            "category": "regular_purpose",
            "cores": 16,
            "cpu_type": "shared",
            "deprecation_announced": "",
            "description": "CPX 62",
            "disk": 640,
            "id": 113,
            "included_traffic": 0,
            "is_deprecated": false,
            "locations": [
              {
                "deprecation_announced": "",
                "id": 1,
                "is_deprecated": false,
                "name": "fsn1",
                "unavailable_after": ""
              },
              {
                "deprecation_announced": "",
                "id": 2,
                "is_deprecated": false,
                "name": "nbg1",
                "unavailable_after": ""
              },
              {
                "deprecation_announced": "",
                "id": 3,
                "is_deprecated": false,
                "name": "hel1",
                "unavailable_after": ""
              },
              {
                "deprecation_announced": "",
                "id": 6,
                "is_deprecated": false,
                "name": "sin",
                "unavailable_after": ""
              }
            ],
            "memory": 32,
            "name": "cpx62",
            "storage_type": "local",
            "unavailable_after": ""
          },
          "sensitive_attributes": []
        },
        {
          "index_key": "cx22",
          "schema_version": 0,
          "attributes": {
            "architecture": "x86",
            "category": "cost_optimized",
            "cores": 2,
            "cpu_type": "shared",
            "deprecation_announced": "2025-10-16T06:00:00Z",
            "description": "CX22",
            "disk": 40,
            "id": 104,
            "included_traffic": 0,
            "is_deprecated": true,
            "locations": [
              {
                "deprecation_announced": "2025-10-16T06:00:00Z",
                "id": 1,
                "is_deprecated": true,
                "name": "fsn1",
                "unavailable_after": "2025-12-31T23:59:59Z"
              },
              {
                "deprecation_announced": "2025-10-16T06:00:00Z",
                "id": 2,
                "is_deprecated": true,
                "name": "nbg1",
                "unavailable_after": "2025-12-31T23:59:59Z"
              },
              {
                "deprecation_announced": "2025-10-16T06:00:00Z",
                "id": 3,
                "is_deprecated": true,
                "name": "hel1",
                "unavailable_after": "2025-12-31T23:59:59Z"
              }
            ],
            "memory": 4,
            "name": "cx22",
            "storage_type": "local",
            "unavailable_after": "2025-12-31T23:59:59Z"
          },
          "sensitive_attributes": []
        },
        {
          "index_key": "cx23",
          "schema_version": 0,
          "attributes": {
            "architecture": "x86",
            "category": "cost_optimized",
            "cores": 2,
            "cpu_type": "shared",
            "deprecation_announced": "",
            "description": "CX 23",
            "disk": 40,
            "id": 114,
            "included_traffic": 0,
            "is_deprecated": false,
            "locations": [
              {
                "deprecation_announced": "",
                "id": 1,
                "is_deprecated": false,
                "name": "fsn1",
                "unavailable_after": ""
              },
              {
                "deprecation_announced": "",
                "id": 2,
                "is_deprecated": false,
                "name": "nbg1",
                "unavailable_after": ""
              },
              {
                "deprecation_announced": "",
                "id": 3,
                "is_deprecated": false,
                "name": "hel1",
                "unavailable_after": ""
              }
            ],
            "memory": 4,
            "name": "cx23",
            "storage_type": "local",
            "unavailable_after": ""
          },
          "sensitive_attributes": []
        },
        {
          "index_key": "cx32",
          "schema_version": 0,
          "attributes": {
            "architecture": "x86",
            "category": "cost_optimized",
            "cores": 4,
            "cpu_type": "shared",
            "deprecation_announced": "2025-10-16T06:00:00Z",
            "description": "CX32",
            "disk": 80,
            "id": 105,
            "included_traffic": 0,
            "is_deprecated": true,
            "locations": [
              {
                "deprecation_announced": "2025-10-16T06:00:00Z",
                "id": 1,
                "is_deprecated": true,
                "name": "fsn1",
                "unavailable_after": "2025-12-31T23:59:59Z"
              },
              {
                "deprecation_announced": "2025-10-16T06:00:00Z",
                "id": 2,
                "is_deprecated": true,
                "name": "nbg1",
                "unavailable_after": "2025-12-31T23:59:59Z"
              },
              {
                "deprecation_announced": "2025-10-16T06:00:00Z",
                "id": 3,
                "is_deprecated": true,
                "name": "hel1",
                "unavailable_after": "2025-12-31T23:59:59Z"
              }
            ],
            "memory": 8,
            "name": "cx32",
            "storage_type": "local",
            "unavailable_after": "2025-12-31T23:59:59Z"
          },
          "sensitive_attributes": []
        },
        {
          "index_key": "cx33",
          "schema_version": 0,
          "attributes": {
            "architecture": "x86",
            "category": "cost_optimized",
            "cores": 4,
            "cpu_type": "shared",
            "deprecation_announced": "",
            "description": "CX 33",
            "disk": 80,
            "id": 115,
            "included_traffic": 0,
            "is_deprecated": false,
            "locations": [
              {
                "deprecation_announced": "",
                "id": 1,
                "is_deprecated": false,
                "name": "fsn1",
                "unavailable_after": ""
              },
              {
                "deprecation_announced": "",
                "id": 2,
                "is_deprecated": false,
                "name": "nbg1",
                "unavailable_after": ""
              },
              {
                "deprecation_announced": "",
                "id": 3,
                "is_deprecated": false,
                "name": "hel1",
                "unavailable_after": ""
              }
            ],
            "memory": 8,
            "name": "cx33",
            "storage_type": "local",
            "unavailable_after": ""
          },
          "sensitive_attributes": []
        },
        {
          "index_key": "cx42",
          "schema_version": 0,
          "attributes": {
            "architecture": "x86",
            "category": "cost_optimized",
            "cores": 8,
            "cpu_type": "shared",
            "deprecation_announced": "2025-10-16T06:00:00Z",
            "description": "CX42",
            "disk": 160,
            "id": 106,
            "included_traffic": 0,
            "is_deprecated": true,
            "locations": [
              {
                "deprecation_announced": "2025-10-16T06:00:00Z",
                "id": 1,
                "is_deprecated": true,
                "name": "fsn1",
                "unavailable_after": "2025-12-31T23:59:59Z"
              },
              {
                "deprecation_announced": "2025-10-16T06:00:00Z",
                "id": 2,
                "is_deprecated": true,
                "name": "nbg1",
                "unavailable_after": "2025-12-31T23:59:59Z"
              },
              {
                "deprecation_announced": "2025-10-16T06:00:00Z",
                "id": 3,
                "is_deprecated": true,
                "name": "hel1",
                "unavailable_after": "2025-12-31T23:59:59Z"
              }
            ],
            "memory": 16,
            "name": "cx42",
            "storage_type": "local",
            "unavailable_after": "2025-12-31T23:59:59Z"
          },
          "sensitive_attributes": []
        },
        {
          "index_key": "cx43",
          "schema_version": 0,
          "attributes": {
            "architecture": "x86",
            "category": "cost_optimized",
            "cores": 8,
            "cpu_type": "shared",
            "deprecation_announced": "",
            "description": "CX 43",
            "disk": 160,
            "id": 116,
            "included_traffic": 0,
            "is_deprecated": false,
            "locations": [
              {
                "deprecation_announced": "",
                "id": 1,
                "is_deprecated": false,
                "name": "fsn1",
                "unavailable_after": ""
              },
              {
                "deprecation_announced": "",
                "id": 2,
                "is_deprecated": false,
                "name": "nbg1",
                "unavailable_after": ""
              },
              {
                "deprecation_announced": "",
                "id": 3,
                "is_deprecated": false,
                "name": "hel1",
                "unavailable_after": ""
              }
            ],
            "memory": 16,
            "name": "cx43",
            "storage_type": "local",
            "unavailable_after": ""
          },
          "sensitive_attributes": []
        },
        {
          "index_key": "cx52",
          "schema_version": 0,
          "attributes": {
            "architecture": "x86",
            "category": "cost_optimized",
            "cores": 16,
            "cpu_type": "shared",
            "deprecation_announced": "2025-10-16T06:00:00Z",
            "description": "CX52",
            "disk": 320,
            "id": 107,
            "included_traffic": 0,
            "is_deprecated": true,
            "locations": [
              {
                "deprecation_announced": "2025-10-16T06:00:00Z",
                "id": 1,
                "is_deprecated": true,
                "name": "fsn1",
                "unavailable_after": "2025-12-31T23:59:59Z"
              },
              {
                "deprecation_announced": "2025-10-16T06:00:00Z",
                "id": 2,
                "is_deprecated": true,
                "name": "nbg1",
                "unavailable_after": "2025-12-31T23:59:59Z"
              },
              {
                "deprecation_announced": "2025-10-16T06:00:00Z",
                "id": 3,
                "is_deprecated": true,
                "name": "hel1",
                "unavailable_after": "2025-12-31T23:59:59Z"
              }
            ],
            "memory": 32,
            "name": "cx52",
            "storage_type": "local",
            "unavailable_after": "2025-12-31T23:59:59Z"
          },
          "sensitive_attributes": []
        },
        {
          "index_key": "cx53",
          "schema_version": 0,
          "attributes": {
            "architecture": "x86",
            "category": "cost_optimized",
            "cores": 16,
            "cpu_type": "shared",
            "deprecation_announced": "",
            "description": "CX 53",
            "disk": 320,
            "id": 117,
            "included_traffic": 0,
            "is_deprecated": false,
            "locations": [
              {
                "deprecation_announced": "",
                "id": 1,
                "is_deprecated": false,
                "name": "fsn1",
                "unavailable_after": ""
              },
              {
                "deprecation_announced": "",
                "id": 2,
                "is_deprecated": false,
                "name": "nbg1",
                "unavailable_after": ""
              },
              {
                "deprecation_announced": "",
                "id": 3,
                "is_deprecated": false,
                "name": "hel1",
                "unavailable_after": ""
              }
            ],
            "memory": 32,
            "name": "cx53",
            "storage_type": "local",
            "unavailable_after": ""
          },
          "sensitive_attributes": []
        }
      ]
    },
    {
      "module": "module.tenant",
      "mode": "data",
      "type": "hcloud_server_types",
      "name": "all",
      "provider": "module.tenant.provider[\"registry.terraform.io/hetznercloud/hcloud\"]",
      "instances": [
        {
          "schema_version": 0,
          "attributes": {
            "descriptions": [
              "CPX 11",
              "CPX 21",
              "CPX 31",
              "CPX 41",
              "CPX 51",
              "CAX11",
              "CAX21",
              "CAX31",
              "CAX41",
              "CCX13 Dedicated CPU",
              "CCX23 Dedicated CPU",
              "CCX33 Dedicated CPU",
              "CCX43 Dedicated CPU",
              "CCX53 Dedicated CPU",
              "CCX63 Dedicated CPU",
              "CX22",
              "CX32",
              "CX42",
              "CX52",
              "CPX 12",
              "CPX 22",
              "CPX 32",
              "CPX 42",
              "CPX 52",
              "CPX 62",
              "CX 23",
              "CX 33",
              "CX 43",
              "CX 53"
            ],
            "id": "166277662d9b7990b1711b6545d691c4fc52eb3f",
            "names": [
              "cpx11",
              "cpx21",
              "cpx31",
              "cpx41",
              "cpx51",
              "cax11",
              "cax21",
              "cax31",
              "cax41",
              "ccx13",
              "ccx23",
              "ccx33",
              "ccx43",
              "ccx53",
              "ccx63",
              "cx22",
              "cx32",
              "cx42",
              "cx52",
              "cpx12",
              "cpx22",
              "cpx32",
              "cpx42",
              "cpx52",
              "cpx62",
              "cx23",
              "cx33",
              "cx43",
              "cx53"
            ],
            "server_type_ids": [
              "22",
              "23",
              "24",
              "25",
              "26",
              "45",
              "93",
              "94",
              "95",
              "96",
              "97",
              "98",
              "99",
              "100",
              "101",
              "104",
              "105",
              "106",
              "107",
              "108",
              "109",
              "110",
              "111",
              "112",
              "113",
              "114",
              "115",
              "116",
              "117"
            ],
            "server_types": [
              {
                "architecture": "x86",
                "category": "regular_purpose",
                "cores": 2,
                "cpu_type": "shared",
                "deprecation_announced": "",
                "description": "CPX 11",
                "disk": 40,
                "id": 22,
                "included_traffic": 0,
                "is_deprecated": false,
                "locations": [
                  {
                    "deprecation_announced": "2025-10-16T06:00:00Z",
                    "id": 1,
                    "is_deprecated": true,
                    "name": "fsn1",
                    "unavailable_after": "2025-12-31T23:59:59Z"
                  },
                  {
                    "deprecation_announced": "2025-10-16T06:00:00Z",
                    "id": 2,
                    "is_deprecated": true,
                    "name": "nbg1",
                    "unavailable_after": "2025-12-31T23:59:59Z"
                  },
                  {
                    "deprecation_announced": "2025-10-16T06:00:00Z",
                    "id": 3,
                    "is_deprecated": true,
                    "name": "hel1",
                    "unavailable_after": "2025-12-31T23:59:59Z"
                  },
                  {
                    "deprecation_announced": "",
                    "id": 4,
                    "is_deprecated": false,
                    "name": "ash",
                    "unavailable_after": ""
                  },
                  {
                    "deprecation_announced": "",
                    "id": 5,
                    "is_deprecated": false,
                    "name": "hil",
                    "unavailable_after": ""
                  },
                  {
                    "deprecation_announced": "2025-10-16T06:00:00Z",
                    "id": 6,
                    "is_deprecated": true,
                    "name": "sin",
                    "unavailable_after": "2025-12-31T23:59:59Z"
                  }
                ],
                "memory": 2,
                "name": "cpx11",
                "storage_type": "local",
                "unavailable_after": ""
              },
              {
                "architecture": "x86",
                "category": "regular_purpose",
                "cores": 3,
                "cpu_type": "shared",
                "deprecation_announced": "",
                "description": "CPX 21",
                "disk": 80,
                "id": 23,
                "included_traffic": 0,
                "is_deprecated": false,
                "locations": [
                  {
                    "deprecation_announced": "2025-10-16T06:00:00Z",
                    "id": 1,
                    "is_deprecated": true,
                    "name": "fsn1",
                    "unavailable_after": "2025-12-31T23:59:59Z"
                  },
                  {
                    "deprecation_announced": "2025-10-16T06:00:00Z",
                    "id": 2,
                    "is_deprecated": true,
                    "name": "nbg1",
                    "unavailable_after": "2025-12-31T23:59:59Z"
                  },
                  {
                    "deprecation_announced": "2025-10-16T06:00:00Z",
                    "id": 3,
                    "is_deprecated": true,
                    "name": "hel1",
                    "unavailable_after": "2025-12-31T23:59:59Z"
                  },
                  {
                    "deprecation_announced": "",
                    "id": 4,
                    "is_deprecated": false,
                    "name": "ash",
                    "unavailable_after": ""
                  },
                  {
                    "deprecation_announced": "",
                    "id": 5,
                    "is_deprecated": false,
                    "name": "hil",
                    "unavailable_after": ""
                  },
                  {
                    "deprecation_announced": "2025-10-16T06:00:00Z",
                    "id": 6,
                    "is_deprecated": true,
                    "name": "sin",
                    "unavailable_after": "2025-12-31T23:59:59Z"
                  }
                ],
                "memory": 4,
                "name": "cpx21",
                "storage_type": "local",
                "unavailable_after": ""
              },
              {
                "architecture": "x86",
                "category": "regular_purpose",
                "cores": 4,
                "cpu_type": "shared",
                "deprecation_announced": "",
                "description": "CPX 31",
                "disk": 160,
                "id": 24,
                "included_traffic": 0,
                "is_deprecated": false,
                "locations": [
                  {
                    "deprecation_announced": "2025-10-16T06:00:00Z",
                    "id": 1,
                    "is_deprecated": true,
                    "name": "fsn1",
                    "unavailable_after": "2025-12-31T23:59:59Z"
                  },
                  {
                    "deprecation_announced": "2025-10-16T06:00:00Z",
                    "id": 2,
                    "is_deprecated": true,
                    "name": "nbg1",
                    "unavailable_after": "2025-12-31T23:59:59Z"
                  },
                  {
                    "deprecation_announced": "2025-10-16T06:00:00Z",
                    "id": 3,
                    "is_deprecated": true,
                    "name": "hel1",
                    "unavailable_after": "2025-12-31T23:59:59Z"
                  },
                  {
                    "deprecation_announced": "",
                    "id": 4,
                    "is_deprecated": false,
                    "name": "ash",
                    "unavailable_after": ""
                  },
                  {
                    "deprecation_announced": "",
                    "id": 5,
                    "is_deprecated": false,
                    "name": "hil",
                    "unavailable_after": ""
                  },
                  {
                    "deprecation_announced": "2025-10-16T06:00:00Z",
                    "id": 6,
                    "is_deprecated": true,
                    "name": "sin",
                    "unavailable_after": "2025-12-31T23:59:59Z"
                  }
                ],
                "memory": 8,
                "name": "cpx31",
                "storage_type": "local",
                "unavailable_after": ""
              },
              {
                "architecture": "x86",
                "category": "regular_purpose",
                "cores": 8,
                "cpu_type": "shared",
                "deprecation_announced": "",
                "description": "CPX 41",
                "disk": 240,
                "id": 25,
                "included_traffic": 0,
                "is_deprecated": false,
                "locations": [
                  {
                    "deprecation_announced": "2025-10-16T06:00:00Z",
                    "id": 1,
                    "is_deprecated": true,
                    "name": "fsn1",
                    "unavailable_after": "2025-12-31T23:59:59Z"
                  },
                  {
                    "deprecation_announced": "2025-10-16T06:00:00Z",
                    "id": 2,
                    "is_deprecated": true,
                    "name": "nbg1",
                    "unavailable_after": "2025-12-31T23:59:59Z"
                  },
                  {
                    "deprecation_announced": "2025-10-16T06:00:00Z",
                    "id": 3,
                    "is_deprecated": true,
                    "name": "hel1",
                    "unavailable_after": "2025-12-31T23:59:59Z"
                  },
                  {
                    "deprecation_announced": "",
                    "id": 4,
                    "is_deprecated": false,
                    "name": "ash",
                    "unavailable_after": ""
                  },
                  {
                    "deprecation_announced": "",
                    "id": 5,
                    "is_deprecated": false,
                    "name": "hil",
                    "unavailable_after": ""
                  },
                  {
                    "deprecation_announced": "2025-10-16T06:00:00Z",
                    "id": 6,
                    "is_deprecated": true,
                    "name": "sin",
                    "unavailable_after": "2025-12-31T23:59:59Z"
                  }
                ],
                "memory": 16,
                "name": "cpx41",
                "storage_type": "local",
                "unavailable_after": ""
              },
              {
                "architecture": "x86",
                "category": "regular_purpose",
                "cores": 16,
                "cpu_type": "shared",
                "deprecation_announced": "",
                "description": "CPX 51",
                "disk": 360,
                "id": 26,
                "included_traffic": 0,
                "is_deprecated": false,
                "locations": [
                  {
                    "deprecation_announced": "2025-10-16T06:00:00Z",
                    "id": 1,
                    "is_deprecated": true,
                    "name": "fsn1",
                    "unavailable_after": "2025-12-31T23:59:59Z"
                  },
                  {
                    "deprecation_announced": "2025-10-16T06:00:00Z",
                    "id": 2,
                    "is_deprecated": true,
                    "name": "nbg1",
                    "unavailable_after": "2025-12-31T23:59:59Z"
                  },
                  {
                    "deprecation_announced": "2025-10-16T06:00:00Z",
                    "id": 3,
                    "is_deprecated": true,
                    "name": "hel1",
                    "unavailable_after": "2025-12-31T23:59:59Z"
                  },
                  {
                    "deprecation_announced": "",
                    "id": 4,
                    "is_deprecated": false,
                    "name": "ash",
                    "unavailable_after": ""
                  },
                  {
                    "deprecation_announced": "",
                    "id": 5,
                    "is_deprecated": false,
                    "name": "hil",
                    "unavailable_after": ""
                  },
                  {
                    "deprecation_announced": "2025-10-16T06:00:00Z",
                    "id": 6,
                    "is_deprecated": true,
                    "name": "sin",
                    "unavailable_after": "2025-12-31T23:59:59Z"
                  }
                ],
                "memory": 32,
                "name": "cpx51",
                "storage_type": "local",
                "unavailable_after": ""
              },
              {
                "architecture": "arm",
                "category": "cost_optimized",
                "cores": 2,
                "cpu_type": "shared",
                "deprecation_announced": "",
                "description": "CAX11",
                "disk": 40,
                "id": 45,
                "included_traffic": 0,
                "is_deprecated": false,
                "locations": [
                  {
                    "deprecation_announced": "",
                    "id": 1,
                    "is_deprecated": false,
                    "name": "fsn1",
                    "unavailable_after": ""
                  },
                  {
                    "deprecation_announced": "",
                    "id": 2,
                    "is_deprecated": false,
                    "name": "nbg1",
                    "unavailable_after": ""
                  },
                  {
                    "deprecation_announced": "",
                    "id": 3,
                    "is_deprecated": false,
                    "name": "hel1",
                    "unavailable_after": ""
                  }
                ],
                "memory": 4,
                "name": "cax11",
                "storage_type": "local",
                "unavailable_after": ""
              },
              {
                "architecture": "arm",
                "category": "cost_optimized",
                "cores": 4,
                "cpu_type": "shared",
                "deprecation_announced": "",
                "description": "CAX21",
                "disk": 80,
                "id": 93,
                "included_traffic": 0,
                "is_deprecated": false,
                "locations": [
                  {
                    "deprecation_announced": "",
                    "id": 1,
                    "is_deprecated": false,
                    "name": "fsn1",
                    "unavailable_after": ""
                  },
                  {
                    "deprecation_announced": "",
                    "id": 2,
                    "is_deprecated": false,
                    "name": "nbg1",
                    "unavailable_after": ""
                  },
                  {
                    "deprecation_announced": "",
                    "id": 3,
                    "is_deprecated": false,
                    "name": "hel1",
                    "unavailable_after": ""
                  }
                ],
                "memory": 8,
                "name": "cax21",
                "storage_type": "local",
                "unavailable_after": ""
              },
              {
                "architecture": "arm",
                "category": "cost_optimized",
                "cores": 8,
                "cpu_type": "shared",
                "deprecation_announced": "",
                "description": "CAX31",
                "disk": 160,
                "id": 94,
                "included_traffic": 0,
                "is_deprecated": false,
                "locations": [
                  {
                    "deprecation_announced": "",
                    "id": 1,
                    "is_deprecated": false,
                    "name": "fsn1",
                    "unavailable_after": ""
                  },
                  {
                    "deprecation_announced": "",
                    "id": 2,
                    "is_deprecated": false,
                    "name": "nbg1",
                    "unavailable_after": ""
                  },
                  {
                    "deprecation_announced": "",
                    "id": 3,
                    "is_deprecated": false,
                    "name": "hel1",
                    "unavailable_after": ""
                  }
                ],
                "memory": 16,
                "name": "cax31",
                "storage_type": "local",
                "unavailable_after": ""
              },
              {
                "architecture": "arm",
                "category": "cost_optimized",
                "cores": 16,
                "cpu_type": "shared",
                "deprecation_announced": "",
                "description": "CAX41",
                "disk": 320,
                "id": 95,
                "included_traffic": 0,
                "is_deprecated": false,
                "locations": [
                  {
                    "deprecation_announced": "",
                    "id": 1,
                    "is_deprecated": false,
                    "name": "fsn1",
                    "unavailable_after": ""
                  },
                  {
                    "deprecation_announced": "",
                    "id": 2,
                    "is_deprecated": false,
                    "name": "nbg1",
                    "unavailable_after": ""
                  },
                  {
                    "deprecation_announced": "",
                    "id": 3,
                    "is_deprecated": false,
                    "name": "hel1",
                    "unavailable_after": ""
                  }
                ],
                "memory": 32,
                "name": "cax41",
                "storage_type": "local",
                "unavailable_after": ""
              },
              {
                "architecture": "x86",
                "category": "general_purpose",
                "cores": 2,
                "cpu_type": "dedicated",
                "deprecation_announced": "",
                "description": "CCX13 Dedicated CPU",
                "disk": 80,
                "id": 96,
                "included_traffic": 0,
                "is_deprecated": false,
                "locations": [
                  {
                    "deprecation_announced": "",
                    "id": 1,
                    "is_deprecated": false,
                    "name": "fsn1",
                    "unavailable_after": ""
                  },
                  {
                    "deprecation_announced": "",
                    "id": 2,
                    "is_deprecated": false,
                    "name": "nbg1",
                    "unavailable_after": ""
                  },
                  {
                    "deprecation_announced": "",
                    "id": 3,
                    "is_deprecated": false,
                    "name": "hel1",
                    "unavailable_after": ""
                  },
                  {
                    "deprecation_announced": "",
                    "id": 4,
                    "is_deprecated": false,
                    "name": "ash",
                    "unavailable_after": ""
                  },
                  {
                    "deprecation_announced": "",
                    "id": 5,
                    "is_deprecated": false,
                    "name": "hil",
                    "unavailable_after": ""
                  },
                  {
                    "deprecation_announced": "",
                    "id": 6,
                    "is_deprecated": false,
                    "name": "sin",
                    "unavailable_after": ""
                  }
                ],
                "memory": 8,
                "name": "ccx13",
                "storage_type": "local",
                "unavailable_after": ""
              },
              {
                "architecture": "x86",
                "category": "general_purpose",
                "cores": 4,
                "cpu_type": "dedicated",
                "deprecation_announced": "",
                "description": "CCX23 Dedicated CPU",
                "disk": 160,
                "id": 97,
                "included_traffic": 0,
                "is_deprecated": false,
                "locations": [
                  {
                    "deprecation_announced": "",
                    "id": 1,
                    "is_deprecated": false,
                    "name": "fsn1",
                    "unavailable_after": ""
                  },
                  {
                    "deprecation_announced": "",
                    "id": 2,
                    "is_deprecated": false,
                    "name": "nbg1",
                    "unavailable_after": ""
                  },
                  {
                    "deprecation_announced": "",
                    "id": 3,
                    "is_deprecated": false,
                    "name": "hel1",
                    "unavailable_after": ""
                  },
                  {
                    "deprecation_announced": "",
                    "id": 4,
                    "is_deprecated": false,
                    "name": "ash",
                    "unavailable_after": ""
                  },
                  {
                    "deprecation_announced": "",
                    "id": 5,
                    "is_deprecated": false,
                    "name": "hil",
                    "unavailable_after": ""
                  },
                  {
                    "deprecation_announced": "",
                    "id": 6,
                    "is_deprecated": false,
                    "name": "sin",
                    "unavailable_after": ""
                  }
                ],
                "memory": 16,
                "name": "ccx23",
                "storage_type": "local",
                "unavailable_after": ""
              },
              {
                "architecture": "x86",
                "category": "general_purpose",
                "cores": 8,
                "cpu_type": "dedicated",
                "deprecation_announced": "",
                "description": "CCX33 Dedicated CPU",
                "disk": 240,
                "id": 98,
                "included_traffic": 0,
                "is_deprecated": false,
                "locations": [
                  {
                    "deprecation_announced": "",
                    "id": 1,
                    "is_deprecated": false,
                    "name": "fsn1",
                    "unavailable_after": ""
                  },
                  {
                    "deprecation_announced": "",
                    "id": 2,
                    "is_deprecated": false,
                    "name": "nbg1",
                    "unavailable_after": ""
                  },
                  {
                    "deprecation_announced": "",
                    "id": 3,
                    "is_deprecated": false,
                    "name": "hel1",
                    "unavailable_after": ""
                  },
                  {
                    "deprecation_announced": "",
                    "id": 4,
                    "is_deprecated": false,
                    "name": "ash",
                    "unavailable_after": ""
                  },
                  {
                    "deprecation_announced": "",
                    "id": 5,
                    "is_deprecated": false,
                    "name": "hil",
                    "unavailable_after": ""
                  },
                  {
                    "deprecation_announced": "",
                    "id": 6,
                    "is_deprecated": false,
                    "name": "sin",
                    "unavailable_after": ""
                  }
                ],
                "memory": 32,
                "name": "ccx33",
                "storage_type": "local",
                "unavailable_after": ""
              },
              {
                "architecture": "x86",
                "category": "general_purpose",
                "cores": 16,
                "cpu_type": "dedicated",
                "deprecation_announced": "",
                "description": "CCX43 Dedicated CPU",
                "disk": 360,
                "id": 99,
                "included_traffic": 0,
                "is_deprecated": false,
                "locations": [
                  {
                    "deprecation_announced": "",
                    "id": 1,
                    "is_deprecated": false,
                    "name": "fsn1",
                    "unavailable_after": ""
                  },
                  {
                    "deprecation_announced": "",
                    "id": 2,
                    "is_deprecated": false,
                    "name": "nbg1",
                    "unavailable_after": ""
                  },
                  {
                    "deprecation_announced": "",
                    "id": 3,
                    "is_deprecated": false,
                    "name": "hel1",
                    "unavailable_after": ""
                  },
                  {
                    "deprecation_announced": "",
                    "id": 4,
                    "is_deprecated": false,
                    "name": "ash",
                    "unavailable_after": ""
                  },
                  {
                    "deprecation_announced": "",
                    "id": 5,
                    "is_deprecated": false,
                    "name": "hil",
                    "unavailable_after": ""
                  },
                  {
                    "deprecation_announced": "",
                    "id": 6,
                    "is_deprecated": false,
                    "name": "sin",
                    "unavailable_after": ""
                  }
                ],
                "memory": 64,
                "name": "ccx43",
                "storage_type": "local",
                "unavailable_after": ""
              },
              {
                "architecture": "x86",
                "category": "general_purpose",
                "cores": 32,
                "cpu_type": "dedicated",
                "deprecation_announced": "",
                "description": "CCX53 Dedicated CPU",
                "disk": 600,
                "id": 100,
                "included_traffic": 0,
                "is_deprecated": false,
                "locations": [
                  {
                    "deprecation_announced": "",
                    "id": 1,
                    "is_deprecated": false,
                    "name": "fsn1",
                    "unavailable_after": ""
                  },
                  {
                    "deprecation_announced": "",
                    "id": 2,
                    "is_deprecated": false,
                    "name": "nbg1",
                    "unavailable_after": ""
                  },
                  {
                    "deprecation_announced": "",
                    "id": 3,
                    "is_deprecated": false,
                    "name": "hel1",
                    "unavailable_after": ""
                  },
                  {
                    "deprecation_announced": "",
                    "id": 4,
                    "is_deprecated": false,
                    "name": "ash",
                    "unavailable_after": ""
                  },
                  {
                    "deprecation_announced": "",
                    "id": 5,
                    "is_deprecated": false,
                    "name": "hil",
                    "unavailable_after": ""
                  },
                  {
                    "deprecation_announced": "",
                    "id": 6,
                    "is_deprecated": false,
                    "name": "sin",
                    "unavailable_after": ""
                  }
                ],
                "memory": 128,
                "name": "ccx53",
                "storage_type": "local",
                "unavailable_after": ""
              },
              {
                "architecture": "x86",
                "category": "general_purpose",
                "cores": 48,
                "cpu_type": "dedicated",
                "deprecation_announced": "",
                "description": "CCX63 Dedicated CPU",
                "disk": 960,
                "id": 101,
                "included_traffic": 0,
                "is_deprecated": false,
                "locations": [
                  {
                    "deprecation_announced": "",
                    "id": 1,
                    "is_deprecated": false,
                    "name": "fsn1",
                    "unavailable_after": ""
                  },
                  {
                    "deprecation_announced": "",
                    "id": 2,
                    "is_deprecated": false,
                    "name": "nbg1",
                    "unavailable_after": ""
                  },
                  {
                    "deprecation_announced": "",
                    "id": 3,
                    "is_deprecated": false,
                    "name": "hel1",
                    "unavailable_after": ""
                  },
                  {
                    "deprecation_announced": "",
                    "id": 4,
                    "is_deprecated": false,
                    "name": "ash",
                    "unavailable_after": ""
                  },
                  {
                    "deprecation_announced": "",
                    "id": 5,
                    "is_deprecated": false,
                    "name": "hil",
                    "unavailable_after": ""
                  },
                  {
                    "deprecation_announced": "",
                    "id": 6,
                    "is_deprecated": false,
                    "name": "sin",
                    "unavailable_after": ""
                  }
                ],
                "memory": 192,
                "name": "ccx63",
                "storage_type": "local",
                "unavailable_after": ""
              },
              {
                "architecture": "x86",
                "category": "cost_optimized",
                "cores": 2,
                "cpu_type": "shared",
                "deprecation_announced": "2025-10-16T06:00:00Z",
                "description": "CX22",
                "disk": 40,
                "id": 104,
                "included_traffic": 0,
                "is_deprecated": true,
                "locations": [
                  {
                    "deprecation_announced": "2025-10-16T06:00:00Z",
                    "id": 1,
                    "is_deprecated": true,
                    "name": "fsn1",
                    "unavailable_after": "2025-12-31T23:59:59Z"
                  },
                  {
                    "deprecation_announced": "2025-10-16T06:00:00Z",
                    "id": 2,
                    "is_deprecated": true,
                    "name": "nbg1",
                    "unavailable_after": "2025-12-31T23:59:59Z"
                  },
                  {
                    "deprecation_announced": "2025-10-16T06:00:00Z",
                    "id": 3,
                    "is_deprecated": true,
                    "name": "hel1",
                    "unavailable_after": "2025-12-31T23:59:59Z"
                  }
                ],
                "memory": 4,
                "name": "cx22",
                "storage_type": "local",
                "unavailable_after": "2025-12-31T23:59:59Z"
              },
              {
                "architecture": "x86",
                "category": "cost_optimized",
                "cores": 4,
                "cpu_type": "shared",
                "deprecation_announced": "2025-10-16T06:00:00Z",
                "description": "CX32",
                "disk": 80,
                "id": 105,
                "included_traffic": 0,
                "is_deprecated": true,
                "locations": [
                  {
                    "deprecation_announced": "2025-10-16T06:00:00Z",
                    "id": 1,
                    "is_deprecated": true,
                    "name": "fsn1",
                    "unavailable_after": "2025-12-31T23:59:59Z"
                  },
                  {
                    "deprecation_announced": "2025-10-16T06:00:00Z",
                    "id": 2,
                    "is_deprecated": true,
                    "name": "nbg1",
                    "unavailable_after": "2025-12-31T23:59:59Z"
                  },
                  {
                    "deprecation_announced": "2025-10-16T06:00:00Z",
                    "id": 3,
                    "is_deprecated": true,
                    "name": "hel1",
                    "unavailable_after": "2025-12-31T23:59:59Z"
                  }
                ],
                "memory": 8,
                "name": "cx32",
                "storage_type": "local",
                "unavailable_after": "2025-12-31T23:59:59Z"
              },
              {
                "architecture": "x86",
                "category": "cost_optimized",
                "cores": 8,
                "cpu_type": "shared",
                "deprecation_announced": "2025-10-16T06:00:00Z",
                "description": "CX42",
                "disk": 160,
                "id": 106,
                "included_traffic": 0,
                "is_deprecated": true,
                "locations": [
                  {
                    "deprecation_announced": "2025-10-16T06:00:00Z",
                    "id": 1,
                    "is_deprecated": true,
                    "name": "fsn1",
                    "unavailable_after": "2025-12-31T23:59:59Z"
                  },
                  {
                    "deprecation_announced": "2025-10-16T06:00:00Z",
                    "id": 2,
                    "is_deprecated": true,
                    "name": "nbg1",
                    "unavailable_after": "2025-12-31T23:59:59Z"
                  },
                  {
                    "deprecation_announced": "2025-10-16T06:00:00Z",
                    "id": 3,
                    "is_deprecated": true,
                    "name": "hel1",
                    "unavailable_after": "2025-12-31T23:59:59Z"
                  }
                ],
                "memory": 16,
                "name": "cx42",
                "storage_type": "local",
                "unavailable_after": "2025-12-31T23:59:59Z"
              },
              {
                "architecture": "x86",
                "category": "cost_optimized",
                "cores": 16,
                "cpu_type": "shared",
                "deprecation_announced": "2025-10-16T06:00:00Z",
                "description": "CX52",
                "disk": 320,
                "id": 107,
                "included_traffic": 0,
                "is_deprecated": true,
                "locations": [
                  {
                    "deprecation_announced": "2025-10-16T06:00:00Z",
                    "id": 1,
                    "is_deprecated": true,
                    "name": "fsn1",
                    "unavailable_after": "2025-12-31T23:59:59Z"
                  },
                  {
                    "deprecation_announced": "2025-10-16T06:00:00Z",
                    "id": 2,
                    "is_deprecated": true,
                    "name": "nbg1",
                    "unavailable_after": "2025-12-31T23:59:59Z"
                  },
                  {
                    "deprecation_announced": "2025-10-16T06:00:00Z",
                    "id": 3,
                    "is_deprecated": true,
                    "name": "hel1",
                    "unavailable_after": "2025-12-31T23:59:59Z"
                  }
                ],
                "memory": 32,
                "name": "cx52",
                "storage_type": "local",
                "unavailable_after": "2025-12-31T23:59:59Z"
              },
              {
                "architecture": "x86",
                "category": "regular_purpose",
                "cores": 1,
                "cpu_type": "shared",
                "deprecation_announced": "",
                "description": "CPX 12",
                "disk": 40,
                "id": 108,
                "included_traffic": 0,
                "is_deprecated": false,
                "locations": [
                  {
                    "deprecation_announced": "",
                    "id": 6,
                    "is_deprecated": false,
                    "name": "sin",
                    "unavailable_after": ""
                  }
                ],
                "memory": 2,
                "name": "cpx12",
                "storage_type": "local",
                "unavailable_after": ""
              },
              {
                "architecture": "x86",
                "category": "regular_purpose",
                "cores": 2,
                "cpu_type": "shared",
                "deprecation_announced": "",
                "description": "CPX 22",
                "disk": 80,
                "id": 109,
                "included_traffic": 0,
                "is_deprecated": false,
                "locations": [
                  {
                    "deprecation_announced": "",
                    "id": 1,
                    "is_deprecated": false,
                    "name": "fsn1",
                    "unavailable_after": ""
                  },
                  {
                    "deprecation_announced": "",
                    "id": 2,
                    "is_deprecated": false,
                    "name": "nbg1",
                    "unavailable_after": ""
                  },
                  {
                    "deprecation_announced": "",
                    "id": 3,
                    "is_deprecated": false,
                    "name": "hel1",
                    "unavailable_after": ""
                  },
                  {
                    "deprecation_announced": "",
                    "id": 6,
                    "is_deprecated": false,
                    "name": "sin",
                    "unavailable_after": ""
                  }
                ],
                "memory": 4,
                "name": "cpx22",
                "storage_type": "local",
                "unavailable_after": ""
              },
              {
                "architecture": "x86",
                "category": "regular_purpose",
                "cores": 4,
                "cpu_type": "shared",
                "deprecation_announced": "",
                "description": "CPX 32",
                "disk": 160,
                "id": 110,
                "included_traffic": 0,
                "is_deprecated": false,
                "locations": [
                  {
                    "deprecation_announced": "",
                    "id": 1,
                    "is_deprecated": false,
                    "name": "fsn1",
                    "unavailable_after": ""
                  },
                  {
                    "deprecation_announced": "",
                    "id": 2,
                    "is_deprecated": false,
                    "name": "nbg1",
                    "unavailable_after": ""
                  },
                  {
                    "deprecation_announced": "",
                    "id": 3,
                    "is_deprecated": false,
                    "name": "hel1",
                    "unavailable_after": ""
                  },
                  {
                    "deprecation_announced": "",
                    "id": 6,
                    "is_deprecated": false,
                    "name": "sin",
                    "unavailable_after": ""
                  }
                ],
                "memory": 8,
                "name": "cpx32",
                "storage_type": "local",
                "unavailable_after": ""
              },
              {
                "architecture": "x86",
                "category": "regular_purpose",
                "cores": 8,
                "cpu_type": "shared",
                "deprecation_announced": "",
                "description": "CPX 42",
                "disk": 320,
                "id": 111,
                "included_traffic": 0,
                "is_deprecated": false,
                "locations": [
                  {
                    "deprecation_announced": "",
                    "id": 1,
                    "is_deprecated": false,
                    "name": "fsn1",
                    "unavailable_after": ""
                  },
                  {
                    "deprecation_announced": "",
                    "id": 2,
                    "is_deprecated": false,
                    "name": "nbg1",
                    "unavailable_after": ""
                  },
                  {
                    "deprecation_announced": "",
                    "id": 3,
                    "is_deprecated": false,
                    "name": "hel1",
                    "unavailable_after": ""
                  },
                  {
                    "deprecation_announced": "",
                    "id": 6,
                    "is_deprecated": false,
                    "name": "sin",
                    "unavailable_after": ""
                  }
                ],
                "memory": 16,
                "name": "cpx42",
                "storage_type": "local",
                "unavailable_after": ""
              },
              {
                "architecture": "x86",
                "category": "regular_purpose",
                "cores": 12,
                "cpu_type": "shared",
                "deprecation_announced": "",
                "description": "CPX 52",
                "disk": 480,
                "id": 112,
                "included_traffic": 0,
                "is_deprecated": false,
                "locations": [
                  {
                    "deprecation_announced": "",
                    "id": 1,
                    "is_deprecated": false,
                    "name": "fsn1",
                    "unavailable_after": ""
                  },
                  {
                    "deprecation_announced": "",
                    "id": 2,
                    "is_deprecated": false,
                    "name": "nbg1",
                    "unavailable_after": ""
                  },
                  {
                    "deprecation_announced": "",
                    "id": 3,
                    "is_deprecated": false,
                    "name": "hel1",
                    "unavailable_after": ""
                  },
                  {
                    "deprecation_announced": "",
                    "id": 6,
                    "is_deprecated": false,
                    "name": "sin",
                    "unavailable_after": ""
                  }
                ],
                "memory": 24,
                "name": "cpx52",
                "storage_type": "local",
                "unavailable_after": ""
              },
              {
                "architecture": "x86",
                "category": "regular_purpose",
                "cores": 16,
                "cpu_type": "shared",
                "deprecation_announced": "",
                "description": "CPX 62",
                "disk": 640,
                "id": 113,
                "included_traffic": 0,
                "is_deprecated": false,
                "locations": [
                  {
                    "deprecation_announced": "",
                    "id": 1,
                    "is_deprecated": false,
                    "name": "fsn1",
                    "unavailable_after": ""
                  },
                  {
                    "deprecation_announced": "",
                    "id": 2,
                    "is_deprecated": false,
                    "name": "nbg1",
                    "unavailable_after": ""
                  },
                  {
                    "deprecation_announced": "",
                    "id": 3,
                    "is_deprecated": false,
                    "name": "hel1",
                    "unavailable_after": ""
                  },
                  {
                    "deprecation_announced": "",
                    "id": 6,
                    "is_deprecated": false,
                    "name": "sin",
                    "unavailable_after": ""
                  }
                ],
                "memory": 32,
                "name": "cpx62",
                "storage_type": "local",
                "unavailable_after": ""
              },
              {
                "architecture": "x86",
                "category": "cost_optimized",
                "cores": 2,
                "cpu_type": "shared",
                "deprecation_announced": "",
                "description": "CX 23",
                "disk": 40,
                "id": 114,
                "included_traffic": 0,
                "is_deprecated": false,
                "locations": [
                  {
                    "deprecation_announced": "",
                    "id": 1,
                    "is_deprecated": false,
                    "name": "fsn1",
                    "unavailable_after": ""
                  },
                  {
                    "deprecation_announced": "",
                    "id": 2,
                    "is_deprecated": false,
                    "name": "nbg1",
                    "unavailable_after": ""
                  },
                  {
                    "deprecation_announced": "",
                    "id": 3,
                    "is_deprecated": false,
                    "name": "hel1",
                    "unavailable_after": ""
                  }
                ],
                "memory": 4,
                "name": "cx23",
                "storage_type": "local",
                "unavailable_after": ""
              },
              {
                "architecture": "x86",
                "category": "cost_optimized",
                "cores": 4,
                "cpu_type": "shared",
                "deprecation_announced": "",
                "description": "CX 33",
                "disk": 80,
                "id": 115,
                "included_traffic": 0,
                "is_deprecated": false,
                "locations": [
                  {
                    "deprecation_announced": "",
                    "id": 1,
                    "is_deprecated": false,
                    "name": "fsn1",
                    "unavailable_after": ""
                  },
                  {
                    "deprecation_announced": "",
                    "id": 2,
                    "is_deprecated": false,
                    "name": "nbg1",
                    "unavailable_after": ""
                  },
                  {
                    "deprecation_announced": "",
                    "id": 3,
                    "is_deprecated": false,
                    "name": "hel1",
                    "unavailable_after": ""
                  }
                ],
                "memory": 8,
                "name": "cx33",
                "storage_type": "local",
                "unavailable_after": ""
              },
              {
                "architecture": "x86",
                "category": "cost_optimized",
                "cores": 8,
                "cpu_type": "shared",
                "deprecation_announced": "",
                "description": "CX 43",
                "disk": 160,
                "id": 116,
                "included_traffic": 0,
                "is_deprecated": false,
                "locations": [
                  {
                    "deprecation_announced": "",
                    "id": 1,
                    "is_deprecated": false,
                    "name": "fsn1",
                    "unavailable_after": ""
                  },
                  {
                    "deprecation_announced": "",
                    "id": 2,
                    "is_deprecated": false,
                    "name": "nbg1",
                    "unavailable_after": ""
                  },
                  {
                    "deprecation_announced": "",
                    "id": 3,
                    "is_deprecated": false,
                    "name": "hel1",
                    "unavailable_after": ""
                  }
                ],
                "memory": 16,
                "name": "cx43",
                "storage_type": "local",
                "unavailable_after": ""
              },
              {
                "architecture": "x86",
                "category": "cost_optimized",
                "cores": 16,
                "cpu_type": "shared",
                "deprecation_announced": "",
                "description": "CX 53",
                "disk": 320,
                "id": 117,
                "included_traffic": 0,
                "is_deprecated": false,
                "locations": [
                  {
                    "deprecation_announced": "",
                    "id": 1,
                    "is_deprecated": false,
                    "name": "fsn1",
                    "unavailable_after": ""
                  },
                  {
                    "deprecation_announced": "",
                    "id": 2,
                    "is_deprecated": false,
                    "name": "nbg1",
                    "unavailable_after": ""
                  },
                  {
                    "deprecation_announced": "",
                    "id": 3,
                    "is_deprecated": false,
                    "name": "hel1",
                    "unavailable_after": ""
                  }
                ],
                "memory": 32,
                "name": "cx53",
                "storage_type": "local",
                "unavailable_after": ""
              }
            ]
          },
          "sensitive_attributes": []
        }
      ]
    },
    {
      "module": "module.tenant",
      "mode": "managed",
      "type": "cloudflare_dns_record",
      "name": "faraday",
      "provider": "module.tenant.provider[\"registry.terraform.io/cloudflare/cloudflare\"]",
      "instances": [
        {
          "schema_version": 0,
          "attributes": {
            "comment": null,
            "comment_modified_on": null,
            "content": "157.180.88.232",
            "created_on": "2025-10-17T13:58:33Z",
            "data": null,
            "id": "28295f65a05572c38487eb7d73e36105",
            "meta": "{}",
            "modified_on": "2025-10-17T13:58:33Z",
            "name": "faraday.demo.spm.openshield.io",
            "priority": null,
            "proxiable": true,
            "proxied": false,
            "settings": {
              "flatten_cname": null,
              "ipv4_only": null,
              "ipv6_only": null
            },
            "tags": [],
            "tags_modified_on": null,
            "ttl": 3600,
            "type": "A",
            "zone_id": "f92c4f6137dffe0e40aa658cc70e3fa8"
          },
          "sensitive_attributes": [],
          "dependencies": [
            "module.tenant.data.cloudflare_zone.openshield",
            "module.tenant.data.hcloud_server_type.selected",
            "module.tenant.data.hcloud_server_types.all",
            "module.tenant.hcloud_server.tenant_server",
            "module.tenant.hcloud_ssh_key.ssh_key",
            "module.tenant.tls_private_key.ssh_key"
          ]
        }
      ]
    },
    {
      "module": "module.tenant",
      "mode": "managed",
      "type": "hcloud_server",
      "name": "tenant_server",
      "provider": "module.tenant.provider[\"registry.terraform.io/hetznercloud/hcloud\"]",
      "instances": [
        {
          "schema_version": 0,
          "attributes": {
            "allow_deprecated_images": false,
            "backup_window": "",
            "backups": false,
            "datacenter": "hel1-dc2",
            "delete_protection": false,
            "firewall_ids": [],
            "id": "110994716",
            "ignore_remote_firewall_ids": false,
            "image": "ubuntu-22.04",
            "ipv4_address": "157.180.88.232",
            "ipv6_address": "2a01:4f9:c013:feed::1",
            "ipv6_network": "2a01:4f9:c013:feed::/64",
            "iso": null,
            "keep_disk": false,
            "labels": {
              "solution": "spm",
              "tenant": "demo"
            },
            "location": "hel1",
            "name": "spm-tenant-demo",
            "network": [],
            "placement_group_id": 0,
            "primary_disk_size": 80,
            "public_net": [],
            "rebuild_protection": false,
            "rescue": null,
            "server_type": "cpx21",
            "shutdown_before_deletion": false,
            "ssh_keys": [
              "103241427"
            ],
            "status": "running",
            "timeouts": null,
            "user_data": "vWmuF1rhK1Zd4SHJtrxnxmeNaz8="
          },
          "sensitive_attributes": [],
          "private": "eyJlMmJmYjczMC1lY2FhLTExZTYtOGY4OC0zNDM2M2JjN2M0YzAiOnsiY3JlYXRlIjo1NDAwMDAwMDAwMDAwfX0=",
          "dependencies": [
            "module.tenant.data.hcloud_server_type.selected",
            "module.tenant.data.hcloud_server_types.all",
            "module.tenant.hcloud_ssh_key.ssh_key",
            "module.tenant.tls_private_key.ssh_key"
          ]
        }
      ]
    },
    {
      "module": "module.tenant",
      "mode": "managed",
      "type": "hcloud_ssh_key",
      "name": "ssh_key",
      "provider": "module.tenant.provider[\"registry.terraform.io/hetznercloud/hcloud\"]",
      "instances": [
        {
          "schema_version": 0,
          "attributes": {
            "fingerprint": "49:d4:7d:aa:b2:03:5d:26:56:0f:c7:d8:12:28:25:59",
            "id": "103241427",
            "labels": {
              "solution": "spm",
              "tenant": "demo"
            },
            "name": "demo-ssh-key",
            "public_key": "ssh-rsa AAAAB3NzaC1yc2EAAAADAQABAAACAQDnyU/GAJrJoj0PlskHylyj24XHHs2+tzaVRwKcC3xfPuLhWxmHtbidF/IrcxK7S08IBcuagEAru7up6/a7gz/+M3L9L049tGHM4WcB9K+jPFElAocyNTQWmulRPXRruhWmvqiDDgGxVkX9F+eB+czf/6s6VoF3mJ2ncSIKZALBUzhqjOyhNca6kJsklAUt6oOjc3dtTW18s/VI30S1dmmG4Phsc71tJvR6hOyFFb8bmSlGhvz9SD61bjbfatumlCGqh1lW2svkiNdtigECzNwAbfKK1YxDEr4kxBtApPKG/eN6L1wR+ngrrH5OIkaKSPFDMf4pLFOrp565dL9sCmuELyI/h7J4pxCfnM3lun0DHAvmyhfe//oSO6jSeWrpkp9JhnKUST102VUnz7Cv4eKZnV24guC0cXZjnoHwufcsXxMl0dwpNQfN2YZz77jyJ3fO359DUznMyoy8DNokbi8GsN7+f1OeaI8+Gf3uasaDBj8SNsPX7v1/BpdeKK5ARnET64pWLimSkaxVc1HbpizqFXccckmqQAYo4X1ddfRbg7c58RSHMrIvrYFZDctgFGvOHlaJix5OePKSeq/KxzEmjj1l5vRvRnxMNF6mO2aBjOVVPv/egczVALCJ6SzRNMMFu52Mld4ssjzZBKzwFJmhNqSh59+NQhr1eA3HNk4RYw==\n"
          },
          "sensitive_attributes": [],
          "dependencies": [
            "module.tenant.tls_private_key.ssh_key"
          ]
        }
      ]
    },
    {
      "module": "module.tenant",
      "mode": "managed",
      "type": "hcloud_volume",
      "name": "tenant_volume",
      "provider": "module.tenant.provider[\"registry.terraform.io/hetznercloud/hcloud\"]",
      "instances": [
        {
          "schema_version": 0,
          "attributes": {
            "automount": true,
            "delete_protection": false,
            "format": "ext4",
            "id": "103761113",
            "labels": {
              "solution": "spm",
              "tenant": "demo"
            },
            "linux_device": "/dev/disk/by-id/scsi-0HC_Volume_103761113",
            "location": "hel1",
            "name": "spm-tenant-demo-volume",
            "server_id": 110994716,
            "size": 50
          },
          "sensitive_attributes": [],
          "private": "bnVsbA==",
          "dependencies": [
            "module.tenant.data.hcloud_server_type.selected",
            "module.tenant.data.hcloud_server_types.all",
            "module.tenant.hcloud_server.tenant_server",
            "module.tenant.hcloud_ssh_key.ssh_key",
            "module.tenant.tls_private_key.ssh_key"
          ]
        }
      ]
    },
    {
      "module": "module.tenant",
      "mode": "managed",
      "type": "local_file",
      "name": "configure_faraday_nginx_sh",
      "provider": "provider[\"registry.terraform.io/hashicorp/local\"]",
      "instances": [
        {
          "schema_version": 0,
          "attributes": {
            "content": "#!/usr/bin/env bash\n\n# Request LetsEncrypt certificate for the domain\nsudo certbot certonly --nginx -d faraday.demo.spm.openshield.io --non-interactive --agree-tos -m certbot@cyberdef.cc --redirect \u003e /opt/faraday/certbot.log 2\u003e\u00261\n\n# Extract certificate and key paths\nCERT_PATH=$(grep -iE 'certificate is saved at:' /opt/faraday/certbot.log | awk '{print $5}')\nKEY_PATH=$(grep -iE 'key is saved at:' /opt/faraday/certbot.log | awk '{print $5}')\nif [ -z \"$CERT_PATH\" ] || [ -z \"$KEY_PATH\" ]; then\n    echo \"Failed to obtain SSL certificate. Check certbot log at /opt/faraday/certbot.log\"\n    exit 1\nfi\n\n# Generate Nginx configuration for Faraday\necho y | faraday-manage generate-nginx-config --fqdn faraday.demo.spm.openshield.io --port 5985 --ws-port 9000 --ssl-certificate $CERT_PATH --ssl-key $KEY_PATH | awk 'BEGIN{p=0} /^NGINX Config$/{getline; getline; p=1} p{print}' \u003e /opt/faraday/faraday.conf 2\u003e\u00261\n\n# Move the generated config to Nginx sites-available\nsudo mv /opt/faraday/faraday.conf /etc/nginx/sites-available/faraday.conf\nsudo ln -sf /etc/nginx/sites-available/faraday.conf /etc/nginx/sites-enabled/faraday.conf\n\n# Test Nginx configuration\nsudo nginx -t\nif [ $? -ne 0 ]; then\n    echo \"Nginx configuration test failed. Please check the configuration file.\"\n    exit 1\nfi\n\n# Wait until no jobs for systemd-sysctl remain\nwhile systemctl list-jobs | grep -q systemd-sysctl; do sleep 1; done\n\n# Reload Nginx to apply the new configuration\nsudo systemctl reload nginx",
            "content_base64": null,
            "content_base64sha256": "210fSCHxeGt0pwZqTS/0k5LBkTq41xRtYc9RdFQqD88=",
            "content_base64sha512": "o44x7nZOMVjMDsqmqNn6ktq/W0sZ+hygVnnOWU/xJ9B72mRuM5nXrwBjGG3szdpN4ImdAsPlzU36lIT4h3IFBw==",
            "content_md5": "de54c36cf988581b1d393b992e6e6aea",
            "content_sha1": "c1559e78376e862624306a435d4c168647546ffc",
            "content_sha256": "db5d1f4821f1786b74a7066a4d2ff49392c1913ab8d7146d61cf5174542a0fcf",
            "content_sha512": "a38e31ee764e3158cc0ecaa6a8d9fa92dabf5b4b19fa1ca05679ce594ff127d07bda646e3399d7af0063186deccdda4de0899d02c3e5cd4dfa9484f887720507",
            "directory_permission": "0777",
            "file_permission": "0777",
            "filename": "modules/tenant/_rendered/configure-faraday-nginx.sh",
            "id": "c1559e78376e862624306a435d4c168647546ffc",
            "sensitive_content": null,
            "source": null
          },
          "sensitive_attributes": []
        }
      ]
    },
    {
      "module": "module.tenant",
      "mode": "managed",
      "type": "local_file",
      "name": "install_faraday_sh",
      "provider": "provider[\"registry.terraform.io/hashicorp/local\"]",
      "instances": [
        {
          "schema_version": 0,
          "attributes": {
            "content": "# !/bin/bash\n\n# A helper script to install Faraday on an Ubuntu server.\n# OS: Ubuntu 20.04 or later\n# Usage: ./install-faraday.sh \u003cVERSION|latest\u003e\n# Example: ./install-faraday.sh latest\n#\n# Author: YordanOpenShield\n\n# Update package lists\nsudo apt-get update\n\n# Create necessary directories\nsudo mkdir -p /opt/faraday\ncd /opt/faraday\n\n# Get latest version tag\nVERSION=latest\nif [ -z \"$VERSION\" ] || [ \"$VERSION\" = \"latest\" ]; then\n  echo \"Fetching latest Faraday release from GitHub...\"\n  # prefer jq if available\n  if command -v jq \u003e/dev/null 2\u003e\u00261; then\n    VERSION=$(curl -s https://api.github.com/repos/infobyte/faraday/releases/latest | jq -r .tag_name)\n  else\n    VERSION=$(curl -s https://api.github.com/repos/infobyte/faraday/releases/latest | grep -oP '\"tag_name\":\\s*\"\\K(.*)(?=\")' || true)\n  fi\n\n  if [ -z \"$VERSION\" ]; then\n    echo \"Failed to determine latest Faraday version.\"\n    exit 1\n  fi\n  echo \"Latest version is $VERSION\"\nfi\n\n# Download Faraday\nsudo wget https://github.com/infobyte/faraday/releases/download/$VERSION/faraday-server_amd64.deb\n\n# Make sure dependencies are installed\nsudo apt-get install -y postgresql redis python3 python3-pip\n\n# Install Faraday\necho y | sudo dpkg -i /opt/faraday/faraday-server_amd64.deb || echo y | sudo apt install -f /opt/faraday/faraday-server_amd64.deb\n\n# Add current user to faraday group\nsudo usermod -aG faraday $(whoami)\n\n# Initialize Faraday database\nfaraday-manage initdb\n\n# Change faraday's admin password\nfaraday-manage change-password --username faraday --password D6nxy6jolx6wI63C\n\n# Wait until no jobs for systemd-sysctl remain\nwhile systemctl list-jobs | grep -q systemd-sysctl; do sleep 1; done\n\n# Reload systemd to recognize Faraday services\nsudo systemctl daemon-reload\n\n# Start and enable Faraday services\nsudo systemctl start faraday-server\nsudo systemctl enable faraday-server\n\nsudo systemctl start faraday-worker\nsudo systemctl enable faraday-worker\n\nsudo systemctl start faraday-worker-reports\nsudo systemctl enable faraday-worker-reports\n\n# Make sure Faraday is running\nif systemctl is-active --quiet faraday-server; then\n    echo \"Faraday server is running.\"\nelse\n    echo \"Faraday server failed to start.\"\n    exit 1\nfi",
            "content_base64": null,
            "content_base64sha256": "2LbSHwklGIJZDm6TOXCx9mT/YAuqtN+se0vHg24gmEM=",
            "content_base64sha512": "9dAlN//YRc0GtvMlMjKAQGjAsoxZSQhgmSEopaQgfQgnJz0ZoJ2BVBuRSGhSKbHu7fL4os05VOBUYu1oEdU9Dg==",
            "content_md5": "c166df5b8e7730aaeb985d977da4ec25",
            "content_sha1": "1244273713a0d1899294e489f1e0abbf87d2832c",
            "content_sha256": "d8b6d21f09251882590e6e933970b1f664ff600baab4dfac7b4bc7836e209843",
            "content_sha512": "f5d02537ffd845cd06b6f3253232804068c0b28c59490860992128a5a4207d0827273d19a09d81541b9148685229b1eeedf2f8a2cd3954e05462ed6811d53d0e",
            "directory_permission": "0777",
            "file_permission": "0777",
            "filename": "modules/tenant/_rendered/install-faraday.sh",
            "id": "1244273713a0d1899294e489f1e0abbf87d2832c",
            "sensitive_content": null,
            "source": null
          },
          "sensitive_attributes": [
            [
              {
                "type": "get_attr",
                "value": "content"
              }
            ]
          ],
          "dependencies": [
            "module.tenant.random_password.faraday_password"
          ]
        }
      ]
    },
    {
      "module": "module.tenant",
      "mode": "managed",
      "type": "local_file",
      "name": "install_nginx_sh",
      "provider": "provider[\"registry.terraform.io/hashicorp/local\"]",
      "instances": [
        {
          "schema_version": 0,
          "attributes": {
            "content": "# !/bin/bash\n\n# Install Nginx\nsudo apt-get update\nsudo apt-get install -y nginx\nsudo systemctl start nginx\nsudo systemctl enable nginx\n\n# Install certbot\nsudo apt-get install -y certbot python3-certbot-nginx\n\n# Adjust firewall to allow HTTP and HTTPS traffic\nsudo ufw allow http\nsudo ufw allow https",
            "content_base64": null,
            "content_base64sha256": "fcUzYhwwezsI4U6aQmTi17TJwy1tHNWIsrY/fr48Iks=",
            "content_base64sha512": "psoCa0OYzxL7gE+l5ZTXPiYmv/9daIe86AsxfC6RzprjapYrUpTnVz3+MJHwpaiDPkZLMmqcAMgc42g8KzcnQA==",
            "content_md5": "1f1c8cc2862ad50f915cf7313e27441d",
            "content_sha1": "18439fd5d884a92015585d9b759b1c051c14d837",
            "content_sha256": "7dc533621c307b3b08e14e9a4264e2d7b4c9c32d6d1cd588b2b63f7ebe3c224b",
            "content_sha512": "a6ca026b4398cf12fb804fa5e594d73e2626bfff5d6887bce80b317c2e91ce9ae36a962b5294e7573dfe3091f0a5a8833e464b326a9c00c81ce3683c2b372740",
            "directory_permission": "0777",
            "file_permission": "0777",
            "filename": "modules/tenant/_rendered/install-nginx.sh",
            "id": "18439fd5d884a92015585d9b759b1c051c14d837",
            "sensitive_content": null,
            "source": null
          },
          "sensitive_attributes": []
        }
      ]
    },
    {
      "module": "module.tenant",
      "mode": "managed",
      "type": "null_resource",
      "name": "provision_faraday_scripts",
      "provider": "provider[\"registry.terraform.io/hashicorp/null\"]",
      "instances": [
        {
          "status": "tainted",
          "schema_version": 0,
          "attributes": {
            "id": "4545692828990566693",
            "triggers": {
              "always_run": "2025-10-17T13:58:34Z"
            }
          },
          "sensitive_attributes": [],
          "dependencies": [
            "module.tenant.cloudflare_dns_record.faraday",
            "module.tenant.data.cloudflare_zone.openshield",
            "module.tenant.data.hcloud_server_type.selected",
            "module.tenant.data.hcloud_server_types.all",
            "module.tenant.hcloud_server.tenant_server",
            "module.tenant.hcloud_ssh_key.ssh_key",
            "module.tenant.local_file.configure_faraday_nginx_sh",
            "module.tenant.local_file.install_faraday_sh",
            "module.tenant.local_file.install_nginx_sh",
            "module.tenant.random_password.faraday_password",
            "module.tenant.tls_private_key.ssh_key"
          ]
        }
      ]
    },
    {
      "module": "module.tenant",
      "mode": "managed",
      "type": "random_password",
      "name": "faraday_password",
      "provider": "provider[\"registry.terraform.io/hashicorp/random\"]",
      "instances": [
        {
          "schema_version": 3,
          "attributes": {
            "bcrypt_hash": "$2a$10$OTTcv4sE4zbGtQiRKnsXGebGJ38G6zhmixg3PxHvqSueMLpRjUm1S",
            "id": "none",
            "keepers": null,
            "length": 16,
            "lower": true,
            "min_lower": 0,
            "min_numeric": 0,
            "min_special": 0,
            "min_upper": 0,
            "number": true,
            "numeric": true,
            "override_special": "_%@",
            "result": "D6nxy6jolx6wI63C",
            "special": true,
            "upper": true
          },
          "sensitive_attributes": []
        }
      ]
    },
    {
      "module": "module.tenant",
      "mode": "managed",
      "type": "tls_private_key",
      "name": "ssh_key",
      "provider": "provider[\"registry.terraform.io/hashicorp/tls\"]",
      "instances": [
        {
          "schema_version": 1,
          "attributes": {
            "algorithm": "RSA",
            "ecdsa_curve": "P224",
            "id": "8359f2d4cb55e19618908687917f78f106920059",
            "private_key_openssh": "-----BEGIN OPENSSH PRIVATE KEY-----\nb3BlbnNzaC1rZXktdjEAAAAABG5vbmUAAAAEbm9uZQAAAAAAAAABAAACFwAAAAdz\nc2gtcnNhAAAAAwEAAQAAAgEA58lPxgCayaI9D5bJB8pco9uFxx7Nvrc2lUcCnAt8\nXz7i4VsZh7W4nRfyK3MSu0tPCAXLmoBAK7u7qev2u4M//jNy/S9OPbRhzOFnAfSv\nozxRJQKHMjU0FprpUT10a7oVpr6ogw4BsVZF/RfngfnM3/+rOlaBd5idp3EiCmQC\nwVM4aozsoTXGupCbJJQFLeqDo3N3bU1tfLP1SN9EtXZphuD4bHO9bSb0eoTshRW/\nG5kpRob8/Ug+tW4232rbppQhqodZVtrL5IjXbYoBAszcAG3yitWMQxK+JMQbQKTy\nhv3jei9cEfp4K6x+TiJGikjxQzH+KSxTq6eeuXS/bAprhC8iP4eyeKcQn5zN5bp9\nAxwL5soX3v/6Ejuo0nlq6ZKfSYZylEk9dNlVJ8+wr+HimZ1duILgtHF2Y56B8Ln3\nLF8TJdHcKTUHzdmGc++48id3zt+fQ1M5zMqMvAzaJG4vBrDe/n9TnmiPPhn97mrG\ngwY/EjbD1+79fwaXXiiuQEZxE+uKVi4pkpGsVXNR26Ys6hV3HHJJqkAGKOF9XXX0\nW4O3OfEUhzKyL62BWQ3LYBRrzh5WiYseTnjyknqvyscxJo49Zeb0b0Z8TDRepjtm\ngYzlVT7/3oHM1QCwieks0TTDBbudjJXeLLI82QSs8BSZoTakoeffjUIa9XgNxzZO\nEWMAAAc4upMgcrqTIHIAAAAHc3NoLXJzYQAAAgEA58lPxgCayaI9D5bJB8pco9uF\nxx7Nvrc2lUcCnAt8Xz7i4VsZh7W4nRfyK3MSu0tPCAXLmoBAK7u7qev2u4M//jNy\n/S9OPbRhzOFnAfSvozxRJQKHMjU0FprpUT10a7oVpr6ogw4BsVZF/RfngfnM3/+r\nOlaBd5idp3EiCmQCwVM4aozsoTXGupCbJJQFLeqDo3N3bU1tfLP1SN9EtXZphuD4\nbHO9bSb0eoTshRW/G5kpRob8/Ug+tW4232rbppQhqodZVtrL5IjXbYoBAszcAG3y\nitWMQxK+JMQbQKTyhv3jei9cEfp4K6x+TiJGikjxQzH+KSxTq6eeuXS/bAprhC8i\nP4eyeKcQn5zN5bp9AxwL5soX3v/6Ejuo0nlq6ZKfSYZylEk9dNlVJ8+wr+HimZ1d\nuILgtHF2Y56B8Ln3LF8TJdHcKTUHzdmGc++48id3zt+fQ1M5zMqMvAzaJG4vBrDe\n/n9TnmiPPhn97mrGgwY/EjbD1+79fwaXXiiuQEZxE+uKVi4pkpGsVXNR26Ys6hV3\nHHJJqkAGKOF9XXX0W4O3OfEUhzKyL62BWQ3LYBRrzh5WiYseTnjyknqvyscxJo49\nZeb0b0Z8TDRepjtmgYzlVT7/3oHM1QCwieks0TTDBbudjJXeLLI82QSs8BSZoTak\noeffjUIa9XgNxzZOEWMAAAADAQABAAACACRMI0D3oUXIMVW6oDqnFwDWBMoc6c1e\n9Z5E44S6S7zCpVbzJDlbXNDFCjiBqcJI1dSEy9CjGul+WbIPcLEGqcPOHMjHWrJR\nCCvEdJQa1FJ0xKROFAvpxwFvOvBs9klUd8WH/+2eCOfTgdxTnP5+tvWxHQhiuZ2X\n+cBZ+CG2bbQGq0QMU5YfTMK0mIcO4wzAt+Kl12L3iBjKObQyupjMNVRY8K5TJavt\nOMXjAQMKV8YjoxIXW5DyeleBLfiozEL22ZrR3Uy7sMhWIZ5WyTe+CwnKLfxN2sw6\nKCqrxzTFX/GB2tish/eMyLrWJWVo+rD3IUkLkCi0d1nfQvz56mwp6ZIaU+8Fa11H\ntPesil9GADf0ijeauR0+icnct/AWdA5whTOalRVcK4gkht906tUvFWxATZN806V7\nbsZBdWPDZ8S3+ddjKxAQ+fBkfqXR4xDDFYUeESHlHg2UW8duPfe+0icXPUKLFMY6\nNhzyDutuK2BawPkXzPYuex5scGix2Z5k9/66O75zN/rG3VC0INce8VfaPrktYHdy\n+vR2ySV2QuWD914KYjOk2UXBThwtL4JF4OhKcx9ZJibX427V3aJcDGVEU+ktup9F\n7nTZMXlEEaBPikQXc5zXluDCwtREhDCQMqG/xKLzp/mbiIZ6m84uBxdU9hNlcuqK\nsPI437lEZS35AAABAFGp8Do46KjPChL+fztBTk0B7N2KTdqPlKe9YfAIvBS7NCxT\ntmtx8J2BHsKV7TO7tM/jvq1BRqT1yILp74QxC9ahpKsFTjv0TGGjwgOfTLBv7ppb\naOzCR1C5McXkVJwloLWlbyRiEsWBhr49RTRviinpDN/Uqoy+x6dvZZ3egwjiq3+Z\nXcCUvY2SYVSTIhAM2jUBnGC9qGQQfh31hDigiOhdJCOP8o8NWnESYBnU1LtiNjhu\ndHRpGidyqxWvoDMeamZI5uTf1cE4DWZjMTF0ykezPpNtrDxRq6tu+J37M4rTWBCF\nLbReQMe2xutMRtqEO7Lve4pvbB7METS4fv6/QToAAAEBAPxrsU6c+bJpfLeArDXG\nq1zkAuVDbIqmIVaM39fRwyYHOmCyNxk0XMOKeT4hX31omg/yR1d7pYSgY0+Df8lO\nS+C7cHqMO57yETTPmRtnd/cvJtJ30EECfK2rOZctAz60d6sqRHU1EpxUjEDWDlCY\nJ5AcdKpVtPnXAJvR45OkmCYCbDIc02VwKFERBv6e9XfzrCFWwD2LdsAbgUqbK7D0\nJL+H/7s8CMCERWE/SsyGF8qmxiA/fnkNIa0K1eXJriC99UpCrIHjvQUpl2X8nIla\nyuJV8JH9+pcPQHg/J5a4+7ayjSFr4vFpCBBVRy5S9pNQSNVT8YQLsL2rH6xETn4y\ngP8AAAEBAOsStv9hAkJMGzNGfpQ3FGdsbsIqLiueHUhXXoERVTRndxgqLYNtCWqm\nlqCrLIZvY4J/oIDMsVu6/qGqxgdx+N7DFUZ9HuZHlzd1az3b7NPPOWKhgFXKY+IU\nOdjkuuU/flmVc9BQ8z2kGqI1IibVHp6vmkL4BvwAoZle9K0s+Kf31GSubEkZpiWQ\nqom2iOVAOz64LwFK3VUAvnHNNdmlP7MgL52IH66+0xxLTEIgZ1vTGGv1OWjidIJp\n04wuhMY1sptg7pWWElm5mww8aTFDQRnlSNhq0oBC/y1uvUJaKiSCt0BpOEopiAWA\npomXfeMJAXlZ3Adgntc2tzG7/5A2C50AAAAAAQID\n-----END OPENSSH PRIVATE KEY-----\n",
            "private_key_pem": "-----BEGIN RSA PRIVATE KEY-----\nMIIJKAIBAAKCAgEA58lPxgCayaI9D5bJB8pco9uFxx7Nvrc2lUcCnAt8Xz7i4VsZ\nh7W4nRfyK3MSu0tPCAXLmoBAK7u7qev2u4M//jNy/S9OPbRhzOFnAfSvozxRJQKH\nMjU0FprpUT10a7oVpr6ogw4BsVZF/RfngfnM3/+rOlaBd5idp3EiCmQCwVM4aozs\noTXGupCbJJQFLeqDo3N3bU1tfLP1SN9EtXZphuD4bHO9bSb0eoTshRW/G5kpRob8\n/Ug+tW4232rbppQhqodZVtrL5IjXbYoBAszcAG3yitWMQxK+JMQbQKTyhv3jei9c\nEfp4K6x+TiJGikjxQzH+KSxTq6eeuXS/bAprhC8iP4eyeKcQn5zN5bp9AxwL5soX\n3v/6Ejuo0nlq6ZKfSYZylEk9dNlVJ8+wr+HimZ1duILgtHF2Y56B8Ln3LF8TJdHc\nKTUHzdmGc++48id3zt+fQ1M5zMqMvAzaJG4vBrDe/n9TnmiPPhn97mrGgwY/EjbD\n1+79fwaXXiiuQEZxE+uKVi4pkpGsVXNR26Ys6hV3HHJJqkAGKOF9XXX0W4O3OfEU\nhzKyL62BWQ3LYBRrzh5WiYseTnjyknqvyscxJo49Zeb0b0Z8TDRepjtmgYzlVT7/\n3oHM1QCwieks0TTDBbudjJXeLLI82QSs8BSZoTakoeffjUIa9XgNxzZOEWMCAwEA\nAQKCAgAkTCNA96FFyDFVuqA6pxcA1gTKHOnNXvWeROOEuku8wqVW8yQ5W1zQxQo4\nganCSNXUhMvQoxrpflmyD3CxBqnDzhzIx1qyUQgrxHSUGtRSdMSkThQL6ccBbzrw\nbPZJVHfFh//tngjn04HcU5z+frb1sR0IYrmdl/nAWfghtm20BqtEDFOWH0zCtJiH\nDuMMwLfipddi94gYyjm0MrqYzDVUWPCuUyWr7TjF4wEDClfGI6MSF1uQ8npXgS34\nqMxC9tma0d1Mu7DIViGeVsk3vgsJyi38TdrMOigqq8c0xV/xgdrYrIf3jMi61iVl\naPqw9yFJC5AotHdZ30L8+epsKemSGlPvBWtdR7T3rIpfRgA39Io3mrkdPonJ3Lfw\nFnQOcIUzmpUVXCuIJIbfdOrVLxVsQE2TfNOle27GQXVjw2fEt/nXYysQEPnwZH6l\n0eMQwxWFHhEh5R4NlFvHbj33vtInFz1CixTGOjYc8g7rbitgWsD5F8z2LnsebHBo\nsdmeZPf+uju+czf6xt1QtCDXHvFX2j65LWB3cvr0dskldkLlg/deCmIzpNlFwU4c\nLS+CReDoSnMfWSYm1+Nu1d2iXAxlRFPpLbqfRe502TF5RBGgT4pEF3Oc15bgwsLU\nRIQwkDKhv8Si86f5m4iGepvOLgcXVPYTZXLqirDyON+5RGUt+QKCAQEA/GuxTpz5\nsml8t4CsNcarXOQC5UNsiqYhVozf19HDJgc6YLI3GTRcw4p5PiFffWiaD/JHV3ul\nhKBjT4N/yU5L4Ltweow7nvIRNM+ZG2d39y8m0nfQQQJ8ras5ly0DPrR3qypEdTUS\nnFSMQNYOUJgnkBx0qlW0+dcAm9Hjk6SYJgJsMhzTZXAoUREG/p71d/OsIVbAPYt2\nwBuBSpsrsPQkv4f/uzwIwIRFYT9KzIYXyqbGID9+eQ0hrQrV5cmuIL31SkKsgeO9\nBSmXZfyciVrK4lXwkf36lw9AeD8nlrj7trKNIWvi8WkIEFVHLlL2k1BI1VPxhAuw\nvasfrEROfjKA/wKCAQEA6xK2/2ECQkwbM0Z+lDcUZ2xuwiouK54dSFdegRFVNGd3\nGCotg20JaqaWoKsshm9jgn+ggMyxW7r+oarGB3H43sMVRn0e5keXN3VrPdvs0885\nYqGAVcpj4hQ52OS65T9+WZVz0FDzPaQaojUiJtUenq+aQvgG/AChmV70rSz4p/fU\nZK5sSRmmJZCqibaI5UA7PrgvAUrdVQC+cc012aU/syAvnYgfrr7THEtMQiBnW9MY\na/U5aOJ0gmnTjC6ExjWym2DulZYSWbmbDDxpMUNBGeVI2GrSgEL/LW69QloqJIK3\nQGk4SimIBYCmiZd94wkBeVncB2Ce1za3Mbv/kDYLnQKCAQEA2QNddNDQe+rlJn6h\nj7o2Ka5+Ls1AzBL4JokHCW118YPVVLzjUfAKsLKkeh4HErKTgZIyc6wCKXwa5YmQ\nm2mNIrEDith1ibljwZuZbk4OfZ00K06G5N1Wg5jp8mbom0hcefPk1z/BuFWYH0Xp\nGLE3klZklu0IoqOOCmjw10Zy6Hq8uni95j/+6XNSKCZRs8by/davgDoe5hq/lXzC\nm2fLED/ERRzgCWOuomTf0eaXHcs0GxV7jmcTxMnEC8LQyaWG9UlNNn6tS3ruhugf\nTJeaRezM3zcT8jtSmg7x4ks3XWM0or82ZYZ/QEuQ3urEwvILLBz3Tycd1HMC0AAJ\n28Vf0QKCAQA/Aro4xCkV2k6kNO4zDnySqHcb5rCPkodo37p+QEYlkOJUgOHIS87t\nXpAbqyZ5Npxm240LWVLlMr+UWDFSx5MdKw+l4F4K/f+jpv7DCxN1RyOrs3yyAlk5\nvZAv+ke6sYVNwAjWOwyoZjeZaUKpRBE8GffwoYlFvWmTsedGEDrq0zyEbFisU4q8\noQWFen9BbDE1Q6ud3hJr+ZIS8R3RJEFp42PABz/u2EnAWNKtGwB5laEDNy1XVvRC\nDNnexo1ij/w7OAVb5Wkv0dektQDBarSlm1cmY6PfK5Y4+GkUwxRuyvcR9eJXxsAm\nMXDyir/8vmo9u/+FnrmVGJ6MX0dGwaXlAoIBAFGp8Do46KjPChL+fztBTk0B7N2K\nTdqPlKe9YfAIvBS7NCxTtmtx8J2BHsKV7TO7tM/jvq1BRqT1yILp74QxC9ahpKsF\nTjv0TGGjwgOfTLBv7ppbaOzCR1C5McXkVJwloLWlbyRiEsWBhr49RTRviinpDN/U\nqoy+x6dvZZ3egwjiq3+ZXcCUvY2SYVSTIhAM2jUBnGC9qGQQfh31hDigiOhdJCOP\n8o8NWnESYBnU1LtiNjhudHRpGidyqxWvoDMeamZI5uTf1cE4DWZjMTF0ykezPpNt\nrDxRq6tu+J37M4rTWBCFLbReQMe2xutMRtqEO7Lve4pvbB7METS4fv6/QTo=\n-----END RSA PRIVATE KEY-----\n",
            "private_key_pem_pkcs8": "-----BEGIN PRIVATE KEY-----\nMIIJQgIBADANBgkqhkiG9w0BAQEFAASCCSwwggkoAgEAAoICAQDnyU/GAJrJoj0P\nlskHylyj24XHHs2+tzaVRwKcC3xfPuLhWxmHtbidF/IrcxK7S08IBcuagEAru7up\n6/a7gz/+M3L9L049tGHM4WcB9K+jPFElAocyNTQWmulRPXRruhWmvqiDDgGxVkX9\nF+eB+czf/6s6VoF3mJ2ncSIKZALBUzhqjOyhNca6kJsklAUt6oOjc3dtTW18s/VI\n30S1dmmG4Phsc71tJvR6hOyFFb8bmSlGhvz9SD61bjbfatumlCGqh1lW2svkiNdt\nigECzNwAbfKK1YxDEr4kxBtApPKG/eN6L1wR+ngrrH5OIkaKSPFDMf4pLFOrp565\ndL9sCmuELyI/h7J4pxCfnM3lun0DHAvmyhfe//oSO6jSeWrpkp9JhnKUST102VUn\nz7Cv4eKZnV24guC0cXZjnoHwufcsXxMl0dwpNQfN2YZz77jyJ3fO359DUznMyoy8\nDNokbi8GsN7+f1OeaI8+Gf3uasaDBj8SNsPX7v1/BpdeKK5ARnET64pWLimSkaxV\nc1HbpizqFXccckmqQAYo4X1ddfRbg7c58RSHMrIvrYFZDctgFGvOHlaJix5OePKS\neq/KxzEmjj1l5vRvRnxMNF6mO2aBjOVVPv/egczVALCJ6SzRNMMFu52Mld4ssjzZ\nBKzwFJmhNqSh59+NQhr1eA3HNk4RYwIDAQABAoICACRMI0D3oUXIMVW6oDqnFwDW\nBMoc6c1e9Z5E44S6S7zCpVbzJDlbXNDFCjiBqcJI1dSEy9CjGul+WbIPcLEGqcPO\nHMjHWrJRCCvEdJQa1FJ0xKROFAvpxwFvOvBs9klUd8WH/+2eCOfTgdxTnP5+tvWx\nHQhiuZ2X+cBZ+CG2bbQGq0QMU5YfTMK0mIcO4wzAt+Kl12L3iBjKObQyupjMNVRY\n8K5TJavtOMXjAQMKV8YjoxIXW5DyeleBLfiozEL22ZrR3Uy7sMhWIZ5WyTe+CwnK\nLfxN2sw6KCqrxzTFX/GB2tish/eMyLrWJWVo+rD3IUkLkCi0d1nfQvz56mwp6ZIa\nU+8Fa11HtPesil9GADf0ijeauR0+icnct/AWdA5whTOalRVcK4gkht906tUvFWxA\nTZN806V7bsZBdWPDZ8S3+ddjKxAQ+fBkfqXR4xDDFYUeESHlHg2UW8duPfe+0icX\nPUKLFMY6NhzyDutuK2BawPkXzPYuex5scGix2Z5k9/66O75zN/rG3VC0INce8Vfa\nPrktYHdy+vR2ySV2QuWD914KYjOk2UXBThwtL4JF4OhKcx9ZJibX427V3aJcDGVE\nU+ktup9F7nTZMXlEEaBPikQXc5zXluDCwtREhDCQMqG/xKLzp/mbiIZ6m84uBxdU\n9hNlcuqKsPI437lEZS35AoIBAQD8a7FOnPmyaXy3gKw1xqtc5ALlQ2yKpiFWjN/X\n0cMmBzpgsjcZNFzDink+IV99aJoP8kdXe6WEoGNPg3/JTkvgu3B6jDue8hE0z5kb\nZ3f3LybSd9BBAnytqzmXLQM+tHerKkR1NRKcVIxA1g5QmCeQHHSqVbT51wCb0eOT\npJgmAmwyHNNlcChREQb+nvV386whVsA9i3bAG4FKmyuw9CS/h/+7PAjAhEVhP0rM\nhhfKpsYgP355DSGtCtXlya4gvfVKQqyB470FKZdl/JyJWsriVfCR/fqXD0B4PyeW\nuPu2so0ha+LxaQgQVUcuUvaTUEjVU/GEC7C9qx+sRE5+MoD/AoIBAQDrErb/YQJC\nTBszRn6UNxRnbG7CKi4rnh1IV16BEVU0Z3cYKi2DbQlqppagqyyGb2OCf6CAzLFb\nuv6hqsYHcfjewxVGfR7mR5c3dWs92+zTzzlioYBVymPiFDnY5LrlP35ZlXPQUPM9\npBqiNSIm1R6er5pC+Ab8AKGZXvStLPin99RkrmxJGaYlkKqJtojlQDs+uC8BSt1V\nAL5xzTXZpT+zIC+diB+uvtMcS0xCIGdb0xhr9Tlo4nSCadOMLoTGNbKbYO6VlhJZ\nuZsMPGkxQ0EZ5UjYatKAQv8tbr1CWiokgrdAaThKKYgFgKaJl33jCQF5WdwHYJ7X\nNrcxu/+QNgudAoIBAQDZA1100NB76uUmfqGPujYprn4uzUDMEvgmiQcJbXXxg9VU\nvONR8AqwsqR6HgcSspOBkjJzrAIpfBrliZCbaY0isQOK2HWJuWPBm5luTg59nTQr\nTobk3VaDmOnyZuibSFx58+TXP8G4VZgfRekYsTeSVmSW7Qiio44KaPDXRnLoery6\neL3mP/7pc1IoJlGzxvL91q+AOh7mGr+VfMKbZ8sQP8RFHOAJY66iZN/R5pcdyzQb\nFXuOZxPEycQLwtDJpYb1SU02fq1Leu6G6B9Ml5pF7MzfNxPyO1KaDvHiSzddYzSi\nvzZlhn9AS5De6sTC8gssHPdPJx3UcwLQAAnbxV/RAoIBAD8CujjEKRXaTqQ07jMO\nfJKodxvmsI+Sh2jfun5ARiWQ4lSA4chLzu1ekBurJnk2nGbbjQtZUuUyv5RYMVLH\nkx0rD6XgXgr9/6Om/sMLE3VHI6uzfLICWTm9kC/6R7qxhU3ACNY7DKhmN5lpQqlE\nETwZ9/ChiUW9aZOx50YQOurTPIRsWKxTiryhBYV6f0FsMTVDq53eEmv5khLxHdEk\nQWnjY8AHP+7YScBY0q0bAHmVoQM3LVdW9EIM2d7GjWKP/Ds4BVvlaS/R16S1AMFq\ntKWbVyZjo98rljj4aRTDFG7K9xH14lfGwCYxcPKKv/y+aj27/4WeuZUYnoxfR0bB\npeUCggEAUanwOjjoqM8KEv5/O0FOTQHs3YpN2o+Up71h8Ai8FLs0LFO2a3HwnYEe\nwpXtM7u0z+O+rUFGpPXIgunvhDEL1qGkqwVOO/RMYaPCA59MsG/umlto7MJHULkx\nxeRUnCWgtaVvJGISxYGGvj1FNG+KKekM39SqjL7Hp29lnd6DCOKrf5ldwJS9jZJh\nVJMiEAzaNQGcYL2oZBB+HfWEOKCI6F0kI4/yjw1acRJgGdTUu2I2OG50dGkaJ3Kr\nFa+gMx5qZkjm5N/VwTgNZmMxMXTKR7M+k22sPFGrq274nfszitNYEIUttF5Ax7bG\n60xG2oQ7su97im9sHswRNLh+/r9BOg==\n-----END PRIVATE KEY-----\n",
            "public_key_fingerprint_md5": "49:d4:7d:aa:b2:03:5d:26:56:0f:c7:d8:12:28:25:59",
            "public_key_fingerprint_sha256": "SHA256:L7AU+JPBLpKy8gxup14JtfkwJlvIf5cNGlrdrDHz4vc",
            "public_key_openssh": "ssh-rsa AAAAB3NzaC1yc2EAAAADAQABAAACAQDnyU/GAJrJoj0PlskHylyj24XHHs2+tzaVRwKcC3xfPuLhWxmHtbidF/IrcxK7S08IBcuagEAru7up6/a7gz/+M3L9L049tGHM4WcB9K+jPFElAocyNTQWmulRPXRruhWmvqiDDgGxVkX9F+eB+czf/6s6VoF3mJ2ncSIKZALBUzhqjOyhNca6kJsklAUt6oOjc3dtTW18s/VI30S1dmmG4Phsc71tJvR6hOyFFb8bmSlGhvz9SD61bjbfatumlCGqh1lW2svkiNdtigECzNwAbfKK1YxDEr4kxBtApPKG/eN6L1wR+ngrrH5OIkaKSPFDMf4pLFOrp565dL9sCmuELyI/h7J4pxCfnM3lun0DHAvmyhfe//oSO6jSeWrpkp9JhnKUST102VUnz7Cv4eKZnV24guC0cXZjnoHwufcsXxMl0dwpNQfN2YZz77jyJ3fO359DUznMyoy8DNokbi8GsN7+f1OeaI8+Gf3uasaDBj8SNsPX7v1/BpdeKK5ARnET64pWLimSkaxVc1HbpizqFXccckmqQAYo4X1ddfRbg7c58RSHMrIvrYFZDctgFGvOHlaJix5OePKSeq/KxzEmjj1l5vRvRnxMNF6mO2aBjOVVPv/egczVALCJ6SzRNMMFu52Mld4ssjzZBKzwFJmhNqSh59+NQhr1eA3HNk4RYw==\n",
            "public_key_pem": "-----BEGIN PUBLIC KEY-----\nMIICIjANBgkqhkiG9w0BAQEFAAOCAg8AMIICCgKCAgEA58lPxgCayaI9D5bJB8pc\no9uFxx7Nvrc2lUcCnAt8Xz7i4VsZh7W4nRfyK3MSu0tPCAXLmoBAK7u7qev2u4M/\n/jNy/S9OPbRhzOFnAfSvozxRJQKHMjU0FprpUT10a7oVpr6ogw4BsVZF/RfngfnM\n3/+rOlaBd5idp3EiCmQCwVM4aozsoTXGupCbJJQFLeqDo3N3bU1tfLP1SN9EtXZp\nhuD4bHO9bSb0eoTshRW/G5kpRob8/Ug+tW4232rbppQhqodZVtrL5IjXbYoBAszc\nAG3yitWMQxK+JMQbQKTyhv3jei9cEfp4K6x+TiJGikjxQzH+KSxTq6eeuXS/bApr\nhC8iP4eyeKcQn5zN5bp9AxwL5soX3v/6Ejuo0nlq6ZKfSYZylEk9dNlVJ8+wr+Hi\nmZ1duILgtHF2Y56B8Ln3LF8TJdHcKTUHzdmGc++48id3zt+fQ1M5zMqMvAzaJG4v\nBrDe/n9TnmiPPhn97mrGgwY/EjbD1+79fwaXXiiuQEZxE+uKVi4pkpGsVXNR26Ys\n6hV3HHJJqkAGKOF9XXX0W4O3OfEUhzKyL62BWQ3LYBRrzh5WiYseTnjyknqvyscx\nJo49Zeb0b0Z8TDRepjtmgYzlVT7/3oHM1QCwieks0TTDBbudjJXeLLI82QSs8BSZ\noTakoeffjUIa9XgNxzZOEWMCAwEAAQ==\n-----END PUBLIC KEY-----\n",
            "rsa_bits": 4096
          },
          "sensitive_attributes": []
        }
      ]
    }
  ],
  "check_results": null
}
