{
  "version": 4,
  "terraform_version": "1.5.0",
  "serial": 174,
  "lineage": "2bdfdec5-8c30-28c5-2bba-a5d893c95ad2",
  "outputs": {
    "tenant_host": {
      "value": "157.180.88.232",
      "type": "string"
    },
    "tenant_name": {
      "value": "demo",
      "type": "string"
    },
    "tenant_ssh_private_key": {
      "value": "-----BEGIN RSA PRIVATE KEY-----\nMIIJKQIBAAKCAgEAwirh/dAUI9CUfAoxtOvuvYMVZbugAYxrC4eos4YqoAq3jKIF\nDrceMGkVhnvmuqX4GLpCPRxlAOUZ02FM2BVnW15GeyFq1DqKsK7Gvn9t+bJ4sar3\nFb/gj/2zJSdrsPJ4P1G0y8F99blt/accTvk0QKA7Gzp1nl5noDfKcJgK6jW5Dzy/\nmftCcqQw9rYxEgbtjgvP+WvkgSxn6udevqVJ2sN9RmNaBJ5wGmeNlNePJ9Mt/cuk\ngmsgR6afQQH4fazXSyx4dbZJqbTYIxAcEVXUO8gdQe2u3keceS9c3rnWj+A8bphG\n+240WnkhBs0pj0ztRaOzcndZcTIwSJrxKLLgigBKBdRiJ7RS4krkjz6zhSH794D5\nRP14N7JhD4EUyhF5T1Uocb9LkdGUFrpoSVWc3AAZqEx8zJ0XLAOpmdL88ZTT7Ecy\nKL5O0DJV7JR75iODyH37tiRUvU1AB7tocG//pW8zdNjUzetb2CYOBQtVTRQanVNY\nst/h0ZlmlZB5Ef1SFofx8z1APMIkTuSPwOcxgHJknCDxDAq6T4BoccJZgq2A+q4K\njp4e4srUS7iI05AZ6oLZhmM7i9Bil8Qmg7zXTjlnMampkVx1GzTiM3HWjJ/e5YGa\n0BTkCFOHhBIExk2ZqinXr7UxUSo9ibFlTrdgmYp9ofoq7P7J5Ppds7x7Ww8CAwEA\nAQKCAgAE4MvtswEWh0J7vUvTZkwIsdbjR+v0rgDweLeJzxiaDbrfyyBCZuJYyAMU\n7l71GH9bq65HV8PH2nmkIGEsWplOp9cwd7312ASs/K8ckRoDuHKk0A1GHBx5sZ+D\nEvL3LphLyvM2XUWbW03CniStbUBdUUk63WSgFnIXCd/JpWA80x2znsyXg0L/m1Vp\nlVk1QTxNoclXVFkYz7NKqQZt1rw8xUWL86oKzKo3V5usfh/oGbuhkTCwYB2e/zYo\nDXMfQSzlhBgAqRQ/sb3uX5S88MGUwOnPQrfueLEbME/ufo+/7JvIEYZTAclJ7pog\nUB43rfCWG89B1HLIT8D7yfy+D4Rpl+a6rd2fAPD8cgGxYGiuAilkLJ9q3ttRHFA4\nk/h7HnLWeesCko/DMBGYT7GXtRT8Uc3VgfAY0O3wJ4caBLdEWCAbARDqnRPxgNug\nXXZPXqNyBe9L6GiNuHf/45IEmrCzi9jw5xRFH7litt9x3CzZSiWDTJCMup2KJ2b1\nJJEWjXCSqdrBrmHjFfzeQocXL3EdXajX+RBSp7rUyjlKzYw1icIfMH9Qe7V9y7t7\nQ8Upy9uQ8P2zAp94Y0K+RdSplGhB1JPKvIA1MEBpNpasoQjMBxtylduYSeIQH7aJ\nQecX/BI5vekTOtlaNOAkPdbYgxAeMLaO/4Izmrxi2mvvvzu/5QKCAQEAyYQZ8vKJ\n3dloiEUFhOgxgKdt5KJHtyV58xMdYuUhmPK96jSaMwvP1tVrHXqGJZR3yPiSjfjI\nCOrMEq3eMKGNKveiUs7zty2OO/T499Q3pY3S3Ne8pDBiq77RMs6S8s2zNHDaH3Rw\nppVOPOMwwIXF3ufp4x6e1YWBqj5hCKaycSHz4sezZotPZs59szFTfIW8AxTa8VXn\neJAsn/ES+44OfB8rVxMMQ6J6e+WeasWIwGYamQtMDP8i4kn4yyvppcT5nSeZW/o4\nlQOlvML7M6sIRDznUQEeGK5Tmpwz4wprq/hne6xmVcM0pdYp2hRd2izl3OPoReKc\nbl3bnQYFcx0+EwKCAQEA9qonzcx1jvRmtwSyXkjkBO59U1O5rOloXiei8rhP72XZ\n1RIVpsjGl6jEIli/vWm88zzeHgrvqZcZg3wTWqK/sqIyS3grT6cxM4paSyfTCcRp\n3tEgpmV7C5YluxG20c6idcRuaKee9d4GpPbI2H/ZdUl8xk8tl2sKhVWtLiagJVFQ\nhgDiwvMzzy0K5IGwRMO9yMIrFUigP4dEOBE2/4smJXZ/P5D454Lv2m8G+jPtmNa/\nu/6VFn3dqR6t9wukG5sd/AGCVcdW14Uh+c+UVUU9UV/2Dq1rKrjGj02U/lXfTx1J\nMH2rfkfGz8IUW54BSBM+oIBZX4Oc/jF76BCFmhAelQKCAQAO5pO8oS6MlvzhxqjH\n0RuH9dlsZIuFAWJpFOrBW0wGsTxVyxnz2FW//vvyrBKrSLUqySadFN5Fuobogq7B\nTdDQcoswMFlZHCc+S7j1Kl4LAderuNAcG+/P30Y8yYWYKpmrsQSP+t4xkyy719jN\nA5dECkYDI0p/Y2XZHs+yAhGDyAzuofGkDX0Ljw1AaM9Rj9n9KFegLMf25EJIeVz7\n+N8dUniz8Zagka0Y6Du0jXK1N1eUJX+0HlGIBgw9ibu3JD+I3Vq7sF7qteBVet10\nTptH4HECTmDZVlqcPhygFy8rAi00ueS/RrXn5VQm6gaekV9V3AxazozepFYO4Fka\nz/i9AoIBAQCaWuJrq12JZrF8J+lCjRR7bY5pfYQ8ixcvjFgw0VvcMH0/E4EPDKcR\nsp+B6s2Zxzhhch6A6FEPbCmgGR23Yw7Yxxz4EyvvPW3RletpCnPKsemacH2hAvIb\nzwqvZKdl5YvObGy2+uXDb/vycShAKsk21xTIuDWMgoRj6bhkn/EpSRg9swI0AqLS\nK5qcYfefIGp73d2+BOOavZfYChXDlhz55ow8iAjqPwq/Qyk3mxU8xm3XQ7miCIOU\nWEl+xf8c81WxJHSeHw7d8UbQn7BwJ9L2QDmm96iPZG+Er4TkH3KNfIMXYBzX+iyU\nSBwbNOYSZ1CSeZ7z4VV10Bt8nhIs1Zd9AoIBAQCKRjUeGwBb10I/pwC5HJhTl14P\nYuahNf4jcE6deRPGFT2HW0KtKdisW9572wlhxlozYI6Pyyz1+ZreYShJdZGyrlfR\nOkfh2NHWZJM1JgNZ14CZvj3kCXFQ97g15DIkuI/JPiuCOWzvFh+PXvbob+NTgdfC\niT/uC79clZQEWAUkqE0wEZpXmo+ewm35aqM/2pslAKKpP1xKb4a1veAWnsngvJyg\n54+DIkKcIAcJt74CFFJHcF0qukhBsb3obbqhKnRrMeU/zxXHjiKBgZOEV4XGNnTv\nS+4L6WVlVTFVZ5hKjeX8yCbUj0+UhM4gBO1UfvsqFynWMqsMpqbiwUcFWC91\n-----END RSA PRIVATE KEY-----\n",
      "type": "string",
      "sensitive": true
    },
    "tenant_ssh_public_key": {
      "value": "ssh-rsa AAAAB3NzaC1yc2EAAAADAQABAAACAQDCKuH90BQj0JR8CjG06+69gxVlu6ABjGsLh6izhiqgCreMogUOtx4waRWGe+a6pfgYukI9HGUA5RnTYUzYFWdbXkZ7IWrUOoqwrsa+f235snixqvcVv+CP/bMlJ2uw8ng/UbTLwX31uW39pxxO+TRAoDsbOnWeXmegN8pwmArqNbkPPL+Z+0JypDD2tjESBu2OC8/5a+SBLGfq516+pUnaw31GY1oEnnAaZ42U148n0y39y6SCayBHpp9BAfh9rNdLLHh1tkmptNgjEBwRVdQ7yB1B7a7eR5x5L1zeudaP4DxumEb7bjRaeSEGzSmPTO1Fo7Nyd1lxMjBImvEosuCKAEoF1GIntFLiSuSPPrOFIfv3gPlE/Xg3smEPgRTKEXlPVShxv0uR0ZQWumhJVZzcABmoTHzMnRcsA6mZ0vzxlNPsRzIovk7QMlXslHvmI4PIffu2JFS9TUAHu2hwb/+lbzN02NTN61vYJg4FC1VNFBqdU1iy3+HRmWaVkHkR/VIWh/HzPUA8wiRO5I/A5zGAcmScIPEMCrpPgGhxwlmCrYD6rgqOnh7iytRLuIjTkBnqgtmGYzuL0GKXxCaDvNdOOWcxqamRXHUbNOIzcdaMn97lgZrQFOQIU4eEEgTGTZmqKdevtTFRKj2JsWVOt2CZin2h+irs/snk+l2zvHtbDw==\n",
      "type": "string"
    }
  },
  "resources": [
    {
      "module": "module.tenant",
      "mode": "data",
      "type": "cloudflare_zone",
      "name": "openshield",
      "provider": "module.tenant.provider[\"registry.terraform.io/cloudflare/cloudflare\"]",
      "instances": [
        {
          "schema_version": 0,
          "attributes": {
            "account": {
              "id": "bca3124de7c86d659a959f06cb35043d",
              "name": "Cloudflare@cyberdef.cc's Account"
            },
            "activated_on": "2025-04-21T11:29:39Z",
            "cname_suffix": null,
            "created_on": "2025-04-21T11:00:21Z",
            "development_mode": 0,
            "filter": {
              "account": null,
              "direction": null,
              "match": null,
              "name": "openshield.io",
              "order": null,
              "status": null
            },
            "id": null,
            "meta": {
              "cdn_only": null,
              "custom_certificate_quota": 0,
              "dns_only": null,
              "foundation_dns": null,
              "page_rule_quota": 3,
              "phishing_detected": false,
              "step": 2
            },
            "modified_on": "2025-04-21T11:29:39Z",
            "name": "openshield.io",
            "name_servers": [
              "kiki.ns.cloudflare.com",
              "lloyd.ns.cloudflare.com"
            ],
            "original_dnshost": null,
            "original_name_servers": [
              "dns1.registrar-servers.com",
              "dns2.registrar-servers.com"
            ],
            "original_registrar": "namecheap, inc. (id: 1068)",
            "owner": {
              "id": null,
              "name": null,
              "type": "user"
            },
            "paused": false,
            "permissions": [
              "#dns_records:edit",
              "#dns_records:read",
              "#zone:read"
            ],
            "plan": {
              "can_subscribe": false,
              "currency": "USD",
              "externally_managed": false,
              "frequency": "",
              "id": "0feeeeeeeeeeeeeeeeeeeeeeeeeeeeee",
              "is_subscribed": false,
              "legacy_discount": false,
              "legacy_id": "free",
              "name": "Free Website",
              "price": 0
            },
            "status": "active",
            "tenant": {
              "id": null,
              "name": null
            },
            "tenant_unit": {
              "id": null
            },
            "type": "full",
            "vanity_name_servers": [],
            "verification_key": null,
            "zone_id": "f92c4f6137dffe0e40aa658cc70e3fa8"
          },
          "sensitive_attributes": []
        }
      ]
    },
    {
      "module": "module.tenant",
      "mode": "data",
      "type": "hcloud_server_type",
      "name": "selected",
      "provider": "module.tenant.provider[\"registry.terraform.io/hetznercloud/hcloud\"]",
      "instances": [
        {
          "index_key": "cpx21",
          "schema_version": 0,
          "attributes": {
            "architecture": "x86",
            "category": "regular_purpose",
            "cores": 3,
            "cpu_type": "shared",
            "deprecation_announced": "",
            "description": "CPX 21",
            "disk": 80,
            "id": 23,
            "included_traffic": 0,
            "is_deprecated": false,
            "locations": [
              {
                "deprecation_announced": "2025-10-16T06:00:00Z",
                "id": 1,
                "is_deprecated": true,
                "name": "fsn1",
                "unavailable_after": "2025-12-31T23:59:59Z"
              },
              {
                "deprecation_announced": "2025-10-16T06:00:00Z",
                "id": 2,
                "is_deprecated": true,
                "name": "nbg1",
                "unavailable_after": "2025-12-31T23:59:59Z"
              },
              {
                "deprecation_announced": "2025-10-16T06:00:00Z",
                "id": 3,
                "is_deprecated": true,
                "name": "hel1",
                "unavailable_after": "2025-12-31T23:59:59Z"
              },
              {
                "deprecation_announced": "",
                "id": 4,
                "is_deprecated": false,
                "name": "ash",
                "unavailable_after": ""
              },
              {
                "deprecation_announced": "",
                "id": 5,
                "is_deprecated": false,
                "name": "hil",
                "unavailable_after": ""
              },
              {
                "deprecation_announced": "2025-10-16T06:00:00Z",
                "id": 6,
                "is_deprecated": true,
                "name": "sin",
                "unavailable_after": "2025-12-31T23:59:59Z"
              }
            ],
            "memory": 4,
            "name": "cpx21",
            "storage_type": "local",
            "unavailable_after": ""
          },
          "sensitive_attributes": []
        },
        {
          "index_key": "cpx22",
          "schema_version": 0,
          "attributes": {
            "architecture": "x86",
            "category": "regular_purpose",
            "cores": 2,
            "cpu_type": "shared",
            "deprecation_announced": "",
            "description": "CPX 22",
            "disk": 80,
            "id": 109,
            "included_traffic": 0,
            "is_deprecated": false,
            "locations": [
              {
                "deprecation_announced": "",
                "id": 1,
                "is_deprecated": false,
                "name": "fsn1",
                "unavailable_after": ""
              },
              {
                "deprecation_announced": "",
                "id": 2,
                "is_deprecated": false,
                "name": "nbg1",
                "unavailable_after": ""
              },
              {
                "deprecation_announced": "",
                "id": 3,
                "is_deprecated": false,
                "name": "hel1",
                "unavailable_after": ""
              },
              {
                "deprecation_announced": "",
                "id": 6,
                "is_deprecated": false,
                "name": "sin",
                "unavailable_after": ""
              }
            ],
            "memory": 4,
            "name": "cpx22",
            "storage_type": "local",
            "unavailable_after": ""
          },
          "sensitive_attributes": []
        },
        {
          "index_key": "cpx31",
          "schema_version": 0,
          "attributes": {
            "architecture": "x86",
            "category": "regular_purpose",
            "cores": 4,
            "cpu_type": "shared",
            "deprecation_announced": "",
            "description": "CPX 31",
            "disk": 160,
            "id": 24,
            "included_traffic": 0,
            "is_deprecated": false,
            "locations": [
              {
                "deprecation_announced": "2025-10-16T06:00:00Z",
                "id": 1,
                "is_deprecated": true,
                "name": "fsn1",
                "unavailable_after": "2025-12-31T23:59:59Z"
              },
              {
                "deprecation_announced": "2025-10-16T06:00:00Z",
                "id": 2,
                "is_deprecated": true,
                "name": "nbg1",
                "unavailable_after": "2025-12-31T23:59:59Z"
              },
              {
                "deprecation_announced": "2025-10-16T06:00:00Z",
                "id": 3,
                "is_deprecated": true,
                "name": "hel1",
                "unavailable_after": "2025-12-31T23:59:59Z"
              },
              {
                "deprecation_announced": "",
                "id": 4,
                "is_deprecated": false,
                "name": "ash",
                "unavailable_after": ""
              },
              {
                "deprecation_announced": "",
                "id": 5,
                "is_deprecated": false,
                "name": "hil",
                "unavailable_after": ""
              },
              {
                "deprecation_announced": "2025-10-16T06:00:00Z",
                "id": 6,
                "is_deprecated": true,
                "name": "sin",
                "unavailable_after": "2025-12-31T23:59:59Z"
              }
            ],
            "memory": 8,
            "name": "cpx31",
            "storage_type": "local",
            "unavailable_after": ""
          },
          "sensitive_attributes": []
        },
        {
          "index_key": "cpx32",
          "schema_version": 0,
          "attributes": {
            "architecture": "x86",
            "category": "regular_purpose",
            "cores": 4,
            "cpu_type": "shared",
            "deprecation_announced": "",
            "description": "CPX 32",
            "disk": 160,
            "id": 110,
            "included_traffic": 0,
            "is_deprecated": false,
            "locations": [
              {
                "deprecation_announced": "",
                "id": 1,
                "is_deprecated": false,
                "name": "fsn1",
                "unavailable_after": ""
              },
              {
                "deprecation_announced": "",
                "id": 2,
                "is_deprecated": false,
                "name": "nbg1",
                "unavailable_after": ""
              },
              {
                "deprecation_announced": "",
                "id": 3,
                "is_deprecated": false,
                "name": "hel1",
                "unavailable_after": ""
              },
              {
                "deprecation_announced": "",
                "id": 6,
                "is_deprecated": false,
                "name": "sin",
                "unavailable_after": ""
              }
            ],
            "memory": 8,
            "name": "cpx32",
            "storage_type": "local",
            "unavailable_after": ""
          },
          "sensitive_attributes": []
        },
        {
          "index_key": "cpx41",
          "schema_version": 0,
          "attributes": {
            "architecture": "x86",
            "category": "regular_purpose",
            "cores": 8,
            "cpu_type": "shared",
            "deprecation_announced": "",
            "description": "CPX 41",
            "disk": 240,
            "id": 25,
            "included_traffic": 0,
            "is_deprecated": false,
            "locations": [
              {
                "deprecation_announced": "2025-10-16T06:00:00Z",
                "id": 1,
                "is_deprecated": true,
                "name": "fsn1",
                "unavailable_after": "2025-12-31T23:59:59Z"
              },
              {
                "deprecation_announced": "2025-10-16T06:00:00Z",
                "id": 2,
                "is_deprecated": true,
                "name": "nbg1",
                "unavailable_after": "2025-12-31T23:59:59Z"
              },
              {
                "deprecation_announced": "2025-10-16T06:00:00Z",
                "id": 3,
                "is_deprecated": true,
                "name": "hel1",
                "unavailable_after": "2025-12-31T23:59:59Z"
              },
              {
                "deprecation_announced": "",
                "id": 4,
                "is_deprecated": false,
                "name": "ash",
                "unavailable_after": ""
              },
              {
                "deprecation_announced": "",
                "id": 5,
                "is_deprecated": false,
                "name": "hil",
                "unavailable_after": ""
              },
              {
                "deprecation_announced": "2025-10-16T06:00:00Z",
                "id": 6,
                "is_deprecated": true,
                "name": "sin",
                "unavailable_after": "2025-12-31T23:59:59Z"
              }
            ],
            "memory": 16,
            "name": "cpx41",
            "storage_type": "local",
            "unavailable_after": ""
          },
          "sensitive_attributes": []
        },
        {
          "index_key": "cpx42",
          "schema_version": 0,
          "attributes": {
            "architecture": "x86",
            "category": "regular_purpose",
            "cores": 8,
            "cpu_type": "shared",
            "deprecation_announced": "",
            "description": "CPX 42",
            "disk": 320,
            "id": 111,
            "included_traffic": 0,
            "is_deprecated": false,
            "locations": [
              {
                "deprecation_announced": "",
                "id": 1,
                "is_deprecated": false,
                "name": "fsn1",
                "unavailable_after": ""
              },
              {
                "deprecation_announced": "",
                "id": 2,
                "is_deprecated": false,
                "name": "nbg1",
                "unavailable_after": ""
              },
              {
                "deprecation_announced": "",
                "id": 3,
                "is_deprecated": false,
                "name": "hel1",
                "unavailable_after": ""
              },
              {
                "deprecation_announced": "",
                "id": 6,
                "is_deprecated": false,
                "name": "sin",
                "unavailable_after": ""
              }
            ],
            "memory": 16,
            "name": "cpx42",
            "storage_type": "local",
            "unavailable_after": ""
          },
          "sensitive_attributes": []
        },
        {
          "index_key": "cpx51",
          "schema_version": 0,
          "attributes": {
            "architecture": "x86",
            "category": "regular_purpose",
            "cores": 16,
            "cpu_type": "shared",
            "deprecation_announced": "",
            "description": "CPX 51",
            "disk": 360,
            "id": 26,
            "included_traffic": 0,
            "is_deprecated": false,
            "locations": [
              {
                "deprecation_announced": "2025-10-16T06:00:00Z",
                "id": 1,
                "is_deprecated": true,
                "name": "fsn1",
                "unavailable_after": "2025-12-31T23:59:59Z"
              },
              {
                "deprecation_announced": "2025-10-16T06:00:00Z",
                "id": 2,
                "is_deprecated": true,
                "name": "nbg1",
                "unavailable_after": "2025-12-31T23:59:59Z"
              },
              {
                "deprecation_announced": "2025-10-16T06:00:00Z",
                "id": 3,
                "is_deprecated": true,
                "name": "hel1",
                "unavailable_after": "2025-12-31T23:59:59Z"
              },
              {
                "deprecation_announced": "",
                "id": 4,
                "is_deprecated": false,
                "name": "ash",
                "unavailable_after": ""
              },
              {
                "deprecation_announced": "",
                "id": 5,
                "is_deprecated": false,
                "name": "hil",
                "unavailable_after": ""
              },
              {
                "deprecation_announced": "2025-10-16T06:00:00Z",
                "id": 6,
                "is_deprecated": true,
                "name": "sin",
                "unavailable_after": "2025-12-31T23:59:59Z"
              }
            ],
            "memory": 32,
            "name": "cpx51",
            "storage_type": "local",
            "unavailable_after": ""
          },
          "sensitive_attributes": []
        },
        {
          "index_key": "cpx52",
          "schema_version": 0,
          "attributes": {
            "architecture": "x86",
            "category": "regular_purpose",
            "cores": 12,
            "cpu_type": "shared",
            "deprecation_announced": "",
            "description": "CPX 52",
            "disk": 480,
            "id": 112,
            "included_traffic": 0,
            "is_deprecated": false,
            "locations": [
              {
                "deprecation_announced": "",
                "id": 1,
                "is_deprecated": false,
                "name": "fsn1",
                "unavailable_after": ""
              },
              {
                "deprecation_announced": "",
                "id": 2,
                "is_deprecated": false,
                "name": "nbg1",
                "unavailable_after": ""
              },
              {
                "deprecation_announced": "",
                "id": 3,
                "is_deprecated": false,
                "name": "hel1",
                "unavailable_after": ""
              },
              {
                "deprecation_announced": "",
                "id": 6,
                "is_deprecated": false,
                "name": "sin",
                "unavailable_after": ""
              }
            ],
            "memory": 24,
            "name": "cpx52",
            "storage_type": "local",
            "unavailable_after": ""
          },
          "sensitive_attributes": []
        },
        {
          "index_key": "cpx62",
          "schema_version": 0,
          "attributes": {
            "architecture": "x86",
            "category": "regular_purpose",
            "cores": 16,
            "cpu_type": "shared",
            "deprecation_announced": "",
            "description": "CPX 62",
            "disk": 640,
            "id": 113,
            "included_traffic": 0,
            "is_deprecated": false,
            "locations": [
              {
                "deprecation_announced": "",
                "id": 1,
                "is_deprecated": false,
                "name": "fsn1",
                "unavailable_after": ""
              },
              {
                "deprecation_announced": "",
                "id": 2,
                "is_deprecated": false,
                "name": "nbg1",
                "unavailable_after": ""
              },
              {
                "deprecation_announced": "",
                "id": 3,
                "is_deprecated": false,
                "name": "hel1",
                "unavailable_after": ""
              },
              {
                "deprecation_announced": "",
                "id": 6,
                "is_deprecated": false,
                "name": "sin",
                "unavailable_after": ""
              }
            ],
            "memory": 32,
            "name": "cpx62",
            "storage_type": "local",
            "unavailable_after": ""
          },
          "sensitive_attributes": []
        },
        {
          "index_key": "cx22",
          "schema_version": 0,
          "attributes": {
            "architecture": "x86",
            "category": "cost_optimized",
            "cores": 2,
            "cpu_type": "shared",
            "deprecation_announced": "2025-10-16T06:00:00Z",
            "description": "CX22",
            "disk": 40,
            "id": 104,
            "included_traffic": 0,
            "is_deprecated": true,
            "locations": [
              {
                "deprecation_announced": "2025-10-16T06:00:00Z",
                "id": 1,
                "is_deprecated": true,
                "name": "fsn1",
                "unavailable_after": "2025-12-31T23:59:59Z"
              },
              {
                "deprecation_announced": "2025-10-16T06:00:00Z",
                "id": 2,
                "is_deprecated": true,
                "name": "nbg1",
                "unavailable_after": "2025-12-31T23:59:59Z"
              },
              {
                "deprecation_announced": "2025-10-16T06:00:00Z",
                "id": 3,
                "is_deprecated": true,
                "name": "hel1",
                "unavailable_after": "2025-12-31T23:59:59Z"
              }
            ],
            "memory": 4,
            "name": "cx22",
            "storage_type": "local",
            "unavailable_after": "2025-12-31T23:59:59Z"
          },
          "sensitive_attributes": []
        },
        {
          "index_key": "cx23",
          "schema_version": 0,
          "attributes": {
            "architecture": "x86",
            "category": "cost_optimized",
            "cores": 2,
            "cpu_type": "shared",
            "deprecation_announced": "",
            "description": "CX 23",
            "disk": 40,
            "id": 114,
            "included_traffic": 0,
            "is_deprecated": false,
            "locations": [
              {
                "deprecation_announced": "",
                "id": 1,
                "is_deprecated": false,
                "name": "fsn1",
                "unavailable_after": ""
              },
              {
                "deprecation_announced": "",
                "id": 2,
                "is_deprecated": false,
                "name": "nbg1",
                "unavailable_after": ""
              },
              {
                "deprecation_announced": "",
                "id": 3,
                "is_deprecated": false,
                "name": "hel1",
                "unavailable_after": ""
              }
            ],
            "memory": 4,
            "name": "cx23",
            "storage_type": "local",
            "unavailable_after": ""
          },
          "sensitive_attributes": []
        },
        {
          "index_key": "cx32",
          "schema_version": 0,
          "attributes": {
            "architecture": "x86",
            "category": "cost_optimized",
            "cores": 4,
            "cpu_type": "shared",
            "deprecation_announced": "2025-10-16T06:00:00Z",
            "description": "CX32",
            "disk": 80,
            "id": 105,
            "included_traffic": 0,
            "is_deprecated": true,
            "locations": [
              {
                "deprecation_announced": "2025-10-16T06:00:00Z",
                "id": 1,
                "is_deprecated": true,
                "name": "fsn1",
                "unavailable_after": "2025-12-31T23:59:59Z"
              },
              {
                "deprecation_announced": "2025-10-16T06:00:00Z",
                "id": 2,
                "is_deprecated": true,
                "name": "nbg1",
                "unavailable_after": "2025-12-31T23:59:59Z"
              },
              {
                "deprecation_announced": "2025-10-16T06:00:00Z",
                "id": 3,
                "is_deprecated": true,
                "name": "hel1",
                "unavailable_after": "2025-12-31T23:59:59Z"
              }
            ],
            "memory": 8,
            "name": "cx32",
            "storage_type": "local",
            "unavailable_after": "2025-12-31T23:59:59Z"
          },
          "sensitive_attributes": []
        },
        {
          "index_key": "cx33",
          "schema_version": 0,
          "attributes": {
            "architecture": "x86",
            "category": "cost_optimized",
            "cores": 4,
            "cpu_type": "shared",
            "deprecation_announced": "",
            "description": "CX 33",
            "disk": 80,
            "id": 115,
            "included_traffic": 0,
            "is_deprecated": false,
            "locations": [
              {
                "deprecation_announced": "",
                "id": 1,
                "is_deprecated": false,
                "name": "fsn1",
                "unavailable_after": ""
              },
              {
                "deprecation_announced": "",
                "id": 2,
                "is_deprecated": false,
                "name": "nbg1",
                "unavailable_after": ""
              },
              {
                "deprecation_announced": "",
                "id": 3,
                "is_deprecated": false,
                "name": "hel1",
                "unavailable_after": ""
              }
            ],
            "memory": 8,
            "name": "cx33",
            "storage_type": "local",
            "unavailable_after": ""
          },
          "sensitive_attributes": []
        },
        {
          "index_key": "cx42",
          "schema_version": 0,
          "attributes": {
            "architecture": "x86",
            "category": "cost_optimized",
            "cores": 8,
            "cpu_type": "shared",
            "deprecation_announced": "2025-10-16T06:00:00Z",
            "description": "CX42",
            "disk": 160,
            "id": 106,
            "included_traffic": 0,
            "is_deprecated": true,
            "locations": [
              {
                "deprecation_announced": "2025-10-16T06:00:00Z",
                "id": 1,
                "is_deprecated": true,
                "name": "fsn1",
                "unavailable_after": "2025-12-31T23:59:59Z"
              },
              {
                "deprecation_announced": "2025-10-16T06:00:00Z",
                "id": 2,
                "is_deprecated": true,
                "name": "nbg1",
                "unavailable_after": "2025-12-31T23:59:59Z"
              },
              {
                "deprecation_announced": "2025-10-16T06:00:00Z",
                "id": 3,
                "is_deprecated": true,
                "name": "hel1",
                "unavailable_after": "2025-12-31T23:59:59Z"
              }
            ],
            "memory": 16,
            "name": "cx42",
            "storage_type": "local",
            "unavailable_after": "2025-12-31T23:59:59Z"
          },
          "sensitive_attributes": []
        },
        {
          "index_key": "cx43",
          "schema_version": 0,
          "attributes": {
            "architecture": "x86",
            "category": "cost_optimized",
            "cores": 8,
            "cpu_type": "shared",
            "deprecation_announced": "",
            "description": "CX 43",
            "disk": 160,
            "id": 116,
            "included_traffic": 0,
            "is_deprecated": false,
            "locations": [
              {
                "deprecation_announced": "",
                "id": 1,
                "is_deprecated": false,
                "name": "fsn1",
                "unavailable_after": ""
              },
              {
                "deprecation_announced": "",
                "id": 2,
                "is_deprecated": false,
                "name": "nbg1",
                "unavailable_after": ""
              },
              {
                "deprecation_announced": "",
                "id": 3,
                "is_deprecated": false,
                "name": "hel1",
                "unavailable_after": ""
              }
            ],
            "memory": 16,
            "name": "cx43",
            "storage_type": "local",
            "unavailable_after": ""
          },
          "sensitive_attributes": []
        },
        {
          "index_key": "cx52",
          "schema_version": 0,
          "attributes": {
            "architecture": "x86",
            "category": "cost_optimized",
            "cores": 16,
            "cpu_type": "shared",
            "deprecation_announced": "2025-10-16T06:00:00Z",
            "description": "CX52",
            "disk": 320,
            "id": 107,
            "included_traffic": 0,
            "is_deprecated": true,
            "locations": [
              {
                "deprecation_announced": "2025-10-16T06:00:00Z",
                "id": 1,
                "is_deprecated": true,
                "name": "fsn1",
                "unavailable_after": "2025-12-31T23:59:59Z"
              },
              {
                "deprecation_announced": "2025-10-16T06:00:00Z",
                "id": 2,
                "is_deprecated": true,
                "name": "nbg1",
                "unavailable_after": "2025-12-31T23:59:59Z"
              },
              {
                "deprecation_announced": "2025-10-16T06:00:00Z",
                "id": 3,
                "is_deprecated": true,
                "name": "hel1",
                "unavailable_after": "2025-12-31T23:59:59Z"
              }
            ],
            "memory": 32,
            "name": "cx52",
            "storage_type": "local",
            "unavailable_after": "2025-12-31T23:59:59Z"
          },
          "sensitive_attributes": []
        },
        {
          "index_key": "cx53",
          "schema_version": 0,
          "attributes": {
            "architecture": "x86",
            "category": "cost_optimized",
            "cores": 16,
            "cpu_type": "shared",
            "deprecation_announced": "",
            "description": "CX 53",
            "disk": 320,
            "id": 117,
            "included_traffic": 0,
            "is_deprecated": false,
            "locations": [
              {
                "deprecation_announced": "",
                "id": 1,
                "is_deprecated": false,
                "name": "fsn1",
                "unavailable_after": ""
              },
              {
                "deprecation_announced": "",
                "id": 2,
                "is_deprecated": false,
                "name": "nbg1",
                "unavailable_after": ""
              },
              {
                "deprecation_announced": "",
                "id": 3,
                "is_deprecated": false,
                "name": "hel1",
                "unavailable_after": ""
              }
            ],
            "memory": 32,
            "name": "cx53",
            "storage_type": "local",
            "unavailable_after": ""
          },
          "sensitive_attributes": []
        }
      ]
    },
    {
      "module": "module.tenant",
      "mode": "data",
      "type": "hcloud_server_types",
      "name": "all",
      "provider": "module.tenant.provider[\"registry.terraform.io/hetznercloud/hcloud\"]",
      "instances": [
        {
          "schema_version": 0,
          "attributes": {
            "descriptions": [
              "CPX 11",
              "CPX 21",
              "CPX 31",
              "CPX 41",
              "CPX 51",
              "CAX11",
              "CAX21",
              "CAX31",
              "CAX41",
              "CCX13 Dedicated CPU",
              "CCX23 Dedicated CPU",
              "CCX33 Dedicated CPU",
              "CCX43 Dedicated CPU",
              "CCX53 Dedicated CPU",
              "CCX63 Dedicated CPU",
              "CX22",
              "CX32",
              "CX42",
              "CX52",
              "CPX 12",
              "CPX 22",
              "CPX 32",
              "CPX 42",
              "CPX 52",
              "CPX 62",
              "CX 23",
              "CX 33",
              "CX 43",
              "CX 53"
            ],
            "id": "166277662d9b7990b1711b6545d691c4fc52eb3f",
            "names": [
              "cpx11",
              "cpx21",
              "cpx31",
              "cpx41",
              "cpx51",
              "cax11",
              "cax21",
              "cax31",
              "cax41",
              "ccx13",
              "ccx23",
              "ccx33",
              "ccx43",
              "ccx53",
              "ccx63",
              "cx22",
              "cx32",
              "cx42",
              "cx52",
              "cpx12",
              "cpx22",
              "cpx32",
              "cpx42",
              "cpx52",
              "cpx62",
              "cx23",
              "cx33",
              "cx43",
              "cx53"
            ],
            "server_type_ids": [
              "22",
              "23",
              "24",
              "25",
              "26",
              "45",
              "93",
              "94",
              "95",
              "96",
              "97",
              "98",
              "99",
              "100",
              "101",
              "104",
              "105",
              "106",
              "107",
              "108",
              "109",
              "110",
              "111",
              "112",
              "113",
              "114",
              "115",
              "116",
              "117"
            ],
            "server_types": [
              {
                "architecture": "x86",
                "category": "regular_purpose",
                "cores": 2,
                "cpu_type": "shared",
                "deprecation_announced": "",
                "description": "CPX 11",
                "disk": 40,
                "id": 22,
                "included_traffic": 0,
                "is_deprecated": false,
                "locations": [
                  {
                    "deprecation_announced": "2025-10-16T06:00:00Z",
                    "id": 1,
                    "is_deprecated": true,
                    "name": "fsn1",
                    "unavailable_after": "2025-12-31T23:59:59Z"
                  },
                  {
                    "deprecation_announced": "2025-10-16T06:00:00Z",
                    "id": 2,
                    "is_deprecated": true,
                    "name": "nbg1",
                    "unavailable_after": "2025-12-31T23:59:59Z"
                  },
                  {
                    "deprecation_announced": "2025-10-16T06:00:00Z",
                    "id": 3,
                    "is_deprecated": true,
                    "name": "hel1",
                    "unavailable_after": "2025-12-31T23:59:59Z"
                  },
                  {
                    "deprecation_announced": "",
                    "id": 4,
                    "is_deprecated": false,
                    "name": "ash",
                    "unavailable_after": ""
                  },
                  {
                    "deprecation_announced": "",
                    "id": 5,
                    "is_deprecated": false,
                    "name": "hil",
                    "unavailable_after": ""
                  },
                  {
                    "deprecation_announced": "2025-10-16T06:00:00Z",
                    "id": 6,
                    "is_deprecated": true,
                    "name": "sin",
                    "unavailable_after": "2025-12-31T23:59:59Z"
                  }
                ],
                "memory": 2,
                "name": "cpx11",
                "storage_type": "local",
                "unavailable_after": ""
              },
              {
                "architecture": "x86",
                "category": "regular_purpose",
                "cores": 3,
                "cpu_type": "shared",
                "deprecation_announced": "",
                "description": "CPX 21",
                "disk": 80,
                "id": 23,
                "included_traffic": 0,
                "is_deprecated": false,
                "locations": [
                  {
                    "deprecation_announced": "2025-10-16T06:00:00Z",
                    "id": 1,
                    "is_deprecated": true,
                    "name": "fsn1",
                    "unavailable_after": "2025-12-31T23:59:59Z"
                  },
                  {
                    "deprecation_announced": "2025-10-16T06:00:00Z",
                    "id": 2,
                    "is_deprecated": true,
                    "name": "nbg1",
                    "unavailable_after": "2025-12-31T23:59:59Z"
                  },
                  {
                    "deprecation_announced": "2025-10-16T06:00:00Z",
                    "id": 3,
                    "is_deprecated": true,
                    "name": "hel1",
                    "unavailable_after": "2025-12-31T23:59:59Z"
                  },
                  {
                    "deprecation_announced": "",
                    "id": 4,
                    "is_deprecated": false,
                    "name": "ash",
                    "unavailable_after": ""
                  },
                  {
                    "deprecation_announced": "",
                    "id": 5,
                    "is_deprecated": false,
                    "name": "hil",
                    "unavailable_after": ""
                  },
                  {
                    "deprecation_announced": "2025-10-16T06:00:00Z",
                    "id": 6,
                    "is_deprecated": true,
                    "name": "sin",
                    "unavailable_after": "2025-12-31T23:59:59Z"
                  }
                ],
                "memory": 4,
                "name": "cpx21",
                "storage_type": "local",
                "unavailable_after": ""
              },
              {
                "architecture": "x86",
                "category": "regular_purpose",
                "cores": 4,
                "cpu_type": "shared",
                "deprecation_announced": "",
                "description": "CPX 31",
                "disk": 160,
                "id": 24,
                "included_traffic": 0,
                "is_deprecated": false,
                "locations": [
                  {
                    "deprecation_announced": "2025-10-16T06:00:00Z",
                    "id": 1,
                    "is_deprecated": true,
                    "name": "fsn1",
                    "unavailable_after": "2025-12-31T23:59:59Z"
                  },
                  {
                    "deprecation_announced": "2025-10-16T06:00:00Z",
                    "id": 2,
                    "is_deprecated": true,
                    "name": "nbg1",
                    "unavailable_after": "2025-12-31T23:59:59Z"
                  },
                  {
                    "deprecation_announced": "2025-10-16T06:00:00Z",
                    "id": 3,
                    "is_deprecated": true,
                    "name": "hel1",
                    "unavailable_after": "2025-12-31T23:59:59Z"
                  },
                  {
                    "deprecation_announced": "",
                    "id": 4,
                    "is_deprecated": false,
                    "name": "ash",
                    "unavailable_after": ""
                  },
                  {
                    "deprecation_announced": "",
                    "id": 5,
                    "is_deprecated": false,
                    "name": "hil",
                    "unavailable_after": ""
                  },
                  {
                    "deprecation_announced": "2025-10-16T06:00:00Z",
                    "id": 6,
                    "is_deprecated": true,
                    "name": "sin",
                    "unavailable_after": "2025-12-31T23:59:59Z"
                  }
                ],
                "memory": 8,
                "name": "cpx31",
                "storage_type": "local",
                "unavailable_after": ""
              },
              {
                "architecture": "x86",
                "category": "regular_purpose",
                "cores": 8,
                "cpu_type": "shared",
                "deprecation_announced": "",
                "description": "CPX 41",
                "disk": 240,
                "id": 25,
                "included_traffic": 0,
                "is_deprecated": false,
                "locations": [
                  {
                    "deprecation_announced": "2025-10-16T06:00:00Z",
                    "id": 1,
                    "is_deprecated": true,
                    "name": "fsn1",
                    "unavailable_after": "2025-12-31T23:59:59Z"
                  },
                  {
                    "deprecation_announced": "2025-10-16T06:00:00Z",
                    "id": 2,
                    "is_deprecated": true,
                    "name": "nbg1",
                    "unavailable_after": "2025-12-31T23:59:59Z"
                  },
                  {
                    "deprecation_announced": "2025-10-16T06:00:00Z",
                    "id": 3,
                    "is_deprecated": true,
                    "name": "hel1",
                    "unavailable_after": "2025-12-31T23:59:59Z"
                  },
                  {
                    "deprecation_announced": "",
                    "id": 4,
                    "is_deprecated": false,
                    "name": "ash",
                    "unavailable_after": ""
                  },
                  {
                    "deprecation_announced": "",
                    "id": 5,
                    "is_deprecated": false,
                    "name": "hil",
                    "unavailable_after": ""
                  },
                  {
                    "deprecation_announced": "2025-10-16T06:00:00Z",
                    "id": 6,
                    "is_deprecated": true,
                    "name": "sin",
                    "unavailable_after": "2025-12-31T23:59:59Z"
                  }
                ],
                "memory": 16,
                "name": "cpx41",
                "storage_type": "local",
                "unavailable_after": ""
              },
              {
                "architecture": "x86",
                "category": "regular_purpose",
                "cores": 16,
                "cpu_type": "shared",
                "deprecation_announced": "",
                "description": "CPX 51",
                "disk": 360,
                "id": 26,
                "included_traffic": 0,
                "is_deprecated": false,
                "locations": [
                  {
                    "deprecation_announced": "2025-10-16T06:00:00Z",
                    "id": 1,
                    "is_deprecated": true,
                    "name": "fsn1",
                    "unavailable_after": "2025-12-31T23:59:59Z"
                  },
                  {
                    "deprecation_announced": "2025-10-16T06:00:00Z",
                    "id": 2,
                    "is_deprecated": true,
                    "name": "nbg1",
                    "unavailable_after": "2025-12-31T23:59:59Z"
                  },
                  {
                    "deprecation_announced": "2025-10-16T06:00:00Z",
                    "id": 3,
                    "is_deprecated": true,
                    "name": "hel1",
                    "unavailable_after": "2025-12-31T23:59:59Z"
                  },
                  {
                    "deprecation_announced": "",
                    "id": 4,
                    "is_deprecated": false,
                    "name": "ash",
                    "unavailable_after": ""
                  },
                  {
                    "deprecation_announced": "",
                    "id": 5,
                    "is_deprecated": false,
                    "name": "hil",
                    "unavailable_after": ""
                  },
                  {
                    "deprecation_announced": "2025-10-16T06:00:00Z",
                    "id": 6,
                    "is_deprecated": true,
                    "name": "sin",
                    "unavailable_after": "2025-12-31T23:59:59Z"
                  }
                ],
                "memory": 32,
                "name": "cpx51",
                "storage_type": "local",
                "unavailable_after": ""
              },
              {
                "architecture": "arm",
                "category": "cost_optimized",
                "cores": 2,
                "cpu_type": "shared",
                "deprecation_announced": "",
                "description": "CAX11",
                "disk": 40,
                "id": 45,
                "included_traffic": 0,
                "is_deprecated": false,
                "locations": [
                  {
                    "deprecation_announced": "",
                    "id": 1,
                    "is_deprecated": false,
                    "name": "fsn1",
                    "unavailable_after": ""
                  },
                  {
                    "deprecation_announced": "",
                    "id": 2,
                    "is_deprecated": false,
                    "name": "nbg1",
                    "unavailable_after": ""
                  },
                  {
                    "deprecation_announced": "",
                    "id": 3,
                    "is_deprecated": false,
                    "name": "hel1",
                    "unavailable_after": ""
                  }
                ],
                "memory": 4,
                "name": "cax11",
                "storage_type": "local",
                "unavailable_after": ""
              },
              {
                "architecture": "arm",
                "category": "cost_optimized",
                "cores": 4,
                "cpu_type": "shared",
                "deprecation_announced": "",
                "description": "CAX21",
                "disk": 80,
                "id": 93,
                "included_traffic": 0,
                "is_deprecated": false,
                "locations": [
                  {
                    "deprecation_announced": "",
                    "id": 1,
                    "is_deprecated": false,
                    "name": "fsn1",
                    "unavailable_after": ""
                  },
                  {
                    "deprecation_announced": "",
                    "id": 2,
                    "is_deprecated": false,
                    "name": "nbg1",
                    "unavailable_after": ""
                  },
                  {
                    "deprecation_announced": "",
                    "id": 3,
                    "is_deprecated": false,
                    "name": "hel1",
                    "unavailable_after": ""
                  }
                ],
                "memory": 8,
                "name": "cax21",
                "storage_type": "local",
                "unavailable_after": ""
              },
              {
                "architecture": "arm",
                "category": "cost_optimized",
                "cores": 8,
                "cpu_type": "shared",
                "deprecation_announced": "",
                "description": "CAX31",
                "disk": 160,
                "id": 94,
                "included_traffic": 0,
                "is_deprecated": false,
                "locations": [
                  {
                    "deprecation_announced": "",
                    "id": 1,
                    "is_deprecated": false,
                    "name": "fsn1",
                    "unavailable_after": ""
                  },
                  {
                    "deprecation_announced": "",
                    "id": 2,
                    "is_deprecated": false,
                    "name": "nbg1",
                    "unavailable_after": ""
                  },
                  {
                    "deprecation_announced": "",
                    "id": 3,
                    "is_deprecated": false,
                    "name": "hel1",
                    "unavailable_after": ""
                  }
                ],
                "memory": 16,
                "name": "cax31",
                "storage_type": "local",
                "unavailable_after": ""
              },
              {
                "architecture": "arm",
                "category": "cost_optimized",
                "cores": 16,
                "cpu_type": "shared",
                "deprecation_announced": "",
                "description": "CAX41",
                "disk": 320,
                "id": 95,
                "included_traffic": 0,
                "is_deprecated": false,
                "locations": [
                  {
                    "deprecation_announced": "",
                    "id": 1,
                    "is_deprecated": false,
                    "name": "fsn1",
                    "unavailable_after": ""
                  },
                  {
                    "deprecation_announced": "",
                    "id": 2,
                    "is_deprecated": false,
                    "name": "nbg1",
                    "unavailable_after": ""
                  },
                  {
                    "deprecation_announced": "",
                    "id": 3,
                    "is_deprecated": false,
                    "name": "hel1",
                    "unavailable_after": ""
                  }
                ],
                "memory": 32,
                "name": "cax41",
                "storage_type": "local",
                "unavailable_after": ""
              },
              {
                "architecture": "x86",
                "category": "general_purpose",
                "cores": 2,
                "cpu_type": "dedicated",
                "deprecation_announced": "",
                "description": "CCX13 Dedicated CPU",
                "disk": 80,
                "id": 96,
                "included_traffic": 0,
                "is_deprecated": false,
                "locations": [
                  {
                    "deprecation_announced": "",
                    "id": 1,
                    "is_deprecated": false,
                    "name": "fsn1",
                    "unavailable_after": ""
                  },
                  {
                    "deprecation_announced": "",
                    "id": 2,
                    "is_deprecated": false,
                    "name": "nbg1",
                    "unavailable_after": ""
                  },
                  {
                    "deprecation_announced": "",
                    "id": 3,
                    "is_deprecated": false,
                    "name": "hel1",
                    "unavailable_after": ""
                  },
                  {
                    "deprecation_announced": "",
                    "id": 4,
                    "is_deprecated": false,
                    "name": "ash",
                    "unavailable_after": ""
                  },
                  {
                    "deprecation_announced": "",
                    "id": 5,
                    "is_deprecated": false,
                    "name": "hil",
                    "unavailable_after": ""
                  },
                  {
                    "deprecation_announced": "",
                    "id": 6,
                    "is_deprecated": false,
                    "name": "sin",
                    "unavailable_after": ""
                  }
                ],
                "memory": 8,
                "name": "ccx13",
                "storage_type": "local",
                "unavailable_after": ""
              },
              {
                "architecture": "x86",
                "category": "general_purpose",
                "cores": 4,
                "cpu_type": "dedicated",
                "deprecation_announced": "",
                "description": "CCX23 Dedicated CPU",
                "disk": 160,
                "id": 97,
                "included_traffic": 0,
                "is_deprecated": false,
                "locations": [
                  {
                    "deprecation_announced": "",
                    "id": 1,
                    "is_deprecated": false,
                    "name": "fsn1",
                    "unavailable_after": ""
                  },
                  {
                    "deprecation_announced": "",
                    "id": 2,
                    "is_deprecated": false,
                    "name": "nbg1",
                    "unavailable_after": ""
                  },
                  {
                    "deprecation_announced": "",
                    "id": 3,
                    "is_deprecated": false,
                    "name": "hel1",
                    "unavailable_after": ""
                  },
                  {
                    "deprecation_announced": "",
                    "id": 4,
                    "is_deprecated": false,
                    "name": "ash",
                    "unavailable_after": ""
                  },
                  {
                    "deprecation_announced": "",
                    "id": 5,
                    "is_deprecated": false,
                    "name": "hil",
                    "unavailable_after": ""
                  },
                  {
                    "deprecation_announced": "",
                    "id": 6,
                    "is_deprecated": false,
                    "name": "sin",
                    "unavailable_after": ""
                  }
                ],
                "memory": 16,
                "name": "ccx23",
                "storage_type": "local",
                "unavailable_after": ""
              },
              {
                "architecture": "x86",
                "category": "general_purpose",
                "cores": 8,
                "cpu_type": "dedicated",
                "deprecation_announced": "",
                "description": "CCX33 Dedicated CPU",
                "disk": 240,
                "id": 98,
                "included_traffic": 0,
                "is_deprecated": false,
                "locations": [
                  {
                    "deprecation_announced": "",
                    "id": 1,
                    "is_deprecated": false,
                    "name": "fsn1",
                    "unavailable_after": ""
                  },
                  {
                    "deprecation_announced": "",
                    "id": 2,
                    "is_deprecated": false,
                    "name": "nbg1",
                    "unavailable_after": ""
                  },
                  {
                    "deprecation_announced": "",
                    "id": 3,
                    "is_deprecated": false,
                    "name": "hel1",
                    "unavailable_after": ""
                  },
                  {
                    "deprecation_announced": "",
                    "id": 4,
                    "is_deprecated": false,
                    "name": "ash",
                    "unavailable_after": ""
                  },
                  {
                    "deprecation_announced": "",
                    "id": 5,
                    "is_deprecated": false,
                    "name": "hil",
                    "unavailable_after": ""
                  },
                  {
                    "deprecation_announced": "",
                    "id": 6,
                    "is_deprecated": false,
                    "name": "sin",
                    "unavailable_after": ""
                  }
                ],
                "memory": 32,
                "name": "ccx33",
                "storage_type": "local",
                "unavailable_after": ""
              },
              {
                "architecture": "x86",
                "category": "general_purpose",
                "cores": 16,
                "cpu_type": "dedicated",
                "deprecation_announced": "",
                "description": "CCX43 Dedicated CPU",
                "disk": 360,
                "id": 99,
                "included_traffic": 0,
                "is_deprecated": false,
                "locations": [
                  {
                    "deprecation_announced": "",
                    "id": 1,
                    "is_deprecated": false,
                    "name": "fsn1",
                    "unavailable_after": ""
                  },
                  {
                    "deprecation_announced": "",
                    "id": 2,
                    "is_deprecated": false,
                    "name": "nbg1",
                    "unavailable_after": ""
                  },
                  {
                    "deprecation_announced": "",
                    "id": 3,
                    "is_deprecated": false,
                    "name": "hel1",
                    "unavailable_after": ""
                  },
                  {
                    "deprecation_announced": "",
                    "id": 4,
                    "is_deprecated": false,
                    "name": "ash",
                    "unavailable_after": ""
                  },
                  {
                    "deprecation_announced": "",
                    "id": 5,
                    "is_deprecated": false,
                    "name": "hil",
                    "unavailable_after": ""
                  },
                  {
                    "deprecation_announced": "",
                    "id": 6,
                    "is_deprecated": false,
                    "name": "sin",
                    "unavailable_after": ""
                  }
                ],
                "memory": 64,
                "name": "ccx43",
                "storage_type": "local",
                "unavailable_after": ""
              },
              {
                "architecture": "x86",
                "category": "general_purpose",
                "cores": 32,
                "cpu_type": "dedicated",
                "deprecation_announced": "",
                "description": "CCX53 Dedicated CPU",
                "disk": 600,
                "id": 100,
                "included_traffic": 0,
                "is_deprecated": false,
                "locations": [
                  {
                    "deprecation_announced": "",
                    "id": 1,
                    "is_deprecated": false,
                    "name": "fsn1",
                    "unavailable_after": ""
                  },
                  {
                    "deprecation_announced": "",
                    "id": 2,
                    "is_deprecated": false,
                    "name": "nbg1",
                    "unavailable_after": ""
                  },
                  {
                    "deprecation_announced": "",
                    "id": 3,
                    "is_deprecated": false,
                    "name": "hel1",
                    "unavailable_after": ""
                  },
                  {
                    "deprecation_announced": "",
                    "id": 4,
                    "is_deprecated": false,
                    "name": "ash",
                    "unavailable_after": ""
                  },
                  {
                    "deprecation_announced": "",
                    "id": 5,
                    "is_deprecated": false,
                    "name": "hil",
                    "unavailable_after": ""
                  },
                  {
                    "deprecation_announced": "",
                    "id": 6,
                    "is_deprecated": false,
                    "name": "sin",
                    "unavailable_after": ""
                  }
                ],
                "memory": 128,
                "name": "ccx53",
                "storage_type": "local",
                "unavailable_after": ""
              },
              {
                "architecture": "x86",
                "category": "general_purpose",
                "cores": 48,
                "cpu_type": "dedicated",
                "deprecation_announced": "",
                "description": "CCX63 Dedicated CPU",
                "disk": 960,
                "id": 101,
                "included_traffic": 0,
                "is_deprecated": false,
                "locations": [
                  {
                    "deprecation_announced": "",
                    "id": 1,
                    "is_deprecated": false,
                    "name": "fsn1",
                    "unavailable_after": ""
                  },
                  {
                    "deprecation_announced": "",
                    "id": 2,
                    "is_deprecated": false,
                    "name": "nbg1",
                    "unavailable_after": ""
                  },
                  {
                    "deprecation_announced": "",
                    "id": 3,
                    "is_deprecated": false,
                    "name": "hel1",
                    "unavailable_after": ""
                  },
                  {
                    "deprecation_announced": "",
                    "id": 4,
                    "is_deprecated": false,
                    "name": "ash",
                    "unavailable_after": ""
                  },
                  {
                    "deprecation_announced": "",
                    "id": 5,
                    "is_deprecated": false,
                    "name": "hil",
                    "unavailable_after": ""
                  },
                  {
                    "deprecation_announced": "",
                    "id": 6,
                    "is_deprecated": false,
                    "name": "sin",
                    "unavailable_after": ""
                  }
                ],
                "memory": 192,
                "name": "ccx63",
                "storage_type": "local",
                "unavailable_after": ""
              },
              {
                "architecture": "x86",
                "category": "cost_optimized",
                "cores": 2,
                "cpu_type": "shared",
                "deprecation_announced": "2025-10-16T06:00:00Z",
                "description": "CX22",
                "disk": 40,
                "id": 104,
                "included_traffic": 0,
                "is_deprecated": true,
                "locations": [
                  {
                    "deprecation_announced": "2025-10-16T06:00:00Z",
                    "id": 1,
                    "is_deprecated": true,
                    "name": "fsn1",
                    "unavailable_after": "2025-12-31T23:59:59Z"
                  },
                  {
                    "deprecation_announced": "2025-10-16T06:00:00Z",
                    "id": 2,
                    "is_deprecated": true,
                    "name": "nbg1",
                    "unavailable_after": "2025-12-31T23:59:59Z"
                  },
                  {
                    "deprecation_announced": "2025-10-16T06:00:00Z",
                    "id": 3,
                    "is_deprecated": true,
                    "name": "hel1",
                    "unavailable_after": "2025-12-31T23:59:59Z"
                  }
                ],
                "memory": 4,
                "name": "cx22",
                "storage_type": "local",
                "unavailable_after": "2025-12-31T23:59:59Z"
              },
              {
                "architecture": "x86",
                "category": "cost_optimized",
                "cores": 4,
                "cpu_type": "shared",
                "deprecation_announced": "2025-10-16T06:00:00Z",
                "description": "CX32",
                "disk": 80,
                "id": 105,
                "included_traffic": 0,
                "is_deprecated": true,
                "locations": [
                  {
                    "deprecation_announced": "2025-10-16T06:00:00Z",
                    "id": 1,
                    "is_deprecated": true,
                    "name": "fsn1",
                    "unavailable_after": "2025-12-31T23:59:59Z"
                  },
                  {
                    "deprecation_announced": "2025-10-16T06:00:00Z",
                    "id": 2,
                    "is_deprecated": true,
                    "name": "nbg1",
                    "unavailable_after": "2025-12-31T23:59:59Z"
                  },
                  {
                    "deprecation_announced": "2025-10-16T06:00:00Z",
                    "id": 3,
                    "is_deprecated": true,
                    "name": "hel1",
                    "unavailable_after": "2025-12-31T23:59:59Z"
                  }
                ],
                "memory": 8,
                "name": "cx32",
                "storage_type": "local",
                "unavailable_after": "2025-12-31T23:59:59Z"
              },
              {
                "architecture": "x86",
                "category": "cost_optimized",
                "cores": 8,
                "cpu_type": "shared",
                "deprecation_announced": "2025-10-16T06:00:00Z",
                "description": "CX42",
                "disk": 160,
                "id": 106,
                "included_traffic": 0,
                "is_deprecated": true,
                "locations": [
                  {
                    "deprecation_announced": "2025-10-16T06:00:00Z",
                    "id": 1,
                    "is_deprecated": true,
                    "name": "fsn1",
                    "unavailable_after": "2025-12-31T23:59:59Z"
                  },
                  {
                    "deprecation_announced": "2025-10-16T06:00:00Z",
                    "id": 2,
                    "is_deprecated": true,
                    "name": "nbg1",
                    "unavailable_after": "2025-12-31T23:59:59Z"
                  },
                  {
                    "deprecation_announced": "2025-10-16T06:00:00Z",
                    "id": 3,
                    "is_deprecated": true,
                    "name": "hel1",
                    "unavailable_after": "2025-12-31T23:59:59Z"
                  }
                ],
                "memory": 16,
                "name": "cx42",
                "storage_type": "local",
                "unavailable_after": "2025-12-31T23:59:59Z"
              },
              {
                "architecture": "x86",
                "category": "cost_optimized",
                "cores": 16,
                "cpu_type": "shared",
                "deprecation_announced": "2025-10-16T06:00:00Z",
                "description": "CX52",
                "disk": 320,
                "id": 107,
                "included_traffic": 0,
                "is_deprecated": true,
                "locations": [
                  {
                    "deprecation_announced": "2025-10-16T06:00:00Z",
                    "id": 1,
                    "is_deprecated": true,
                    "name": "fsn1",
                    "unavailable_after": "2025-12-31T23:59:59Z"
                  },
                  {
                    "deprecation_announced": "2025-10-16T06:00:00Z",
                    "id": 2,
                    "is_deprecated": true,
                    "name": "nbg1",
                    "unavailable_after": "2025-12-31T23:59:59Z"
                  },
                  {
                    "deprecation_announced": "2025-10-16T06:00:00Z",
                    "id": 3,
                    "is_deprecated": true,
                    "name": "hel1",
                    "unavailable_after": "2025-12-31T23:59:59Z"
                  }
                ],
                "memory": 32,
                "name": "cx52",
                "storage_type": "local",
                "unavailable_after": "2025-12-31T23:59:59Z"
              },
              {
                "architecture": "x86",
                "category": "regular_purpose",
                "cores": 1,
                "cpu_type": "shared",
                "deprecation_announced": "",
                "description": "CPX 12",
                "disk": 40,
                "id": 108,
                "included_traffic": 0,
                "is_deprecated": false,
                "locations": [
                  {
                    "deprecation_announced": "",
                    "id": 6,
                    "is_deprecated": false,
                    "name": "sin",
                    "unavailable_after": ""
                  }
                ],
                "memory": 2,
                "name": "cpx12",
                "storage_type": "local",
                "unavailable_after": ""
              },
              {
                "architecture": "x86",
                "category": "regular_purpose",
                "cores": 2,
                "cpu_type": "shared",
                "deprecation_announced": "",
                "description": "CPX 22",
                "disk": 80,
                "id": 109,
                "included_traffic": 0,
                "is_deprecated": false,
                "locations": [
                  {
                    "deprecation_announced": "",
                    "id": 1,
                    "is_deprecated": false,
                    "name": "fsn1",
                    "unavailable_after": ""
                  },
                  {
                    "deprecation_announced": "",
                    "id": 2,
                    "is_deprecated": false,
                    "name": "nbg1",
                    "unavailable_after": ""
                  },
                  {
                    "deprecation_announced": "",
                    "id": 3,
                    "is_deprecated": false,
                    "name": "hel1",
                    "unavailable_after": ""
                  },
                  {
                    "deprecation_announced": "",
                    "id": 6,
                    "is_deprecated": false,
                    "name": "sin",
                    "unavailable_after": ""
                  }
                ],
                "memory": 4,
                "name": "cpx22",
                "storage_type": "local",
                "unavailable_after": ""
              },
              {
                "architecture": "x86",
                "category": "regular_purpose",
                "cores": 4,
                "cpu_type": "shared",
                "deprecation_announced": "",
                "description": "CPX 32",
                "disk": 160,
                "id": 110,
                "included_traffic": 0,
                "is_deprecated": false,
                "locations": [
                  {
                    "deprecation_announced": "",
                    "id": 1,
                    "is_deprecated": false,
                    "name": "fsn1",
                    "unavailable_after": ""
                  },
                  {
                    "deprecation_announced": "",
                    "id": 2,
                    "is_deprecated": false,
                    "name": "nbg1",
                    "unavailable_after": ""
                  },
                  {
                    "deprecation_announced": "",
                    "id": 3,
                    "is_deprecated": false,
                    "name": "hel1",
                    "unavailable_after": ""
                  },
                  {
                    "deprecation_announced": "",
                    "id": 6,
                    "is_deprecated": false,
                    "name": "sin",
                    "unavailable_after": ""
                  }
                ],
                "memory": 8,
                "name": "cpx32",
                "storage_type": "local",
                "unavailable_after": ""
              },
              {
                "architecture": "x86",
                "category": "regular_purpose",
                "cores": 8,
                "cpu_type": "shared",
                "deprecation_announced": "",
                "description": "CPX 42",
                "disk": 320,
                "id": 111,
                "included_traffic": 0,
                "is_deprecated": false,
                "locations": [
                  {
                    "deprecation_announced": "",
                    "id": 1,
                    "is_deprecated": false,
                    "name": "fsn1",
                    "unavailable_after": ""
                  },
                  {
                    "deprecation_announced": "",
                    "id": 2,
                    "is_deprecated": false,
                    "name": "nbg1",
                    "unavailable_after": ""
                  },
                  {
                    "deprecation_announced": "",
                    "id": 3,
                    "is_deprecated": false,
                    "name": "hel1",
                    "unavailable_after": ""
                  },
                  {
                    "deprecation_announced": "",
                    "id": 6,
                    "is_deprecated": false,
                    "name": "sin",
                    "unavailable_after": ""
                  }
                ],
                "memory": 16,
                "name": "cpx42",
                "storage_type": "local",
                "unavailable_after": ""
              },
              {
                "architecture": "x86",
                "category": "regular_purpose",
                "cores": 12,
                "cpu_type": "shared",
                "deprecation_announced": "",
                "description": "CPX 52",
                "disk": 480,
                "id": 112,
                "included_traffic": 0,
                "is_deprecated": false,
                "locations": [
                  {
                    "deprecation_announced": "",
                    "id": 1,
                    "is_deprecated": false,
                    "name": "fsn1",
                    "unavailable_after": ""
                  },
                  {
                    "deprecation_announced": "",
                    "id": 2,
                    "is_deprecated": false,
                    "name": "nbg1",
                    "unavailable_after": ""
                  },
                  {
                    "deprecation_announced": "",
                    "id": 3,
                    "is_deprecated": false,
                    "name": "hel1",
                    "unavailable_after": ""
                  },
                  {
                    "deprecation_announced": "",
                    "id": 6,
                    "is_deprecated": false,
                    "name": "sin",
                    "unavailable_after": ""
                  }
                ],
                "memory": 24,
                "name": "cpx52",
                "storage_type": "local",
                "unavailable_after": ""
              },
              {
                "architecture": "x86",
                "category": "regular_purpose",
                "cores": 16,
                "cpu_type": "shared",
                "deprecation_announced": "",
                "description": "CPX 62",
                "disk": 640,
                "id": 113,
                "included_traffic": 0,
                "is_deprecated": false,
                "locations": [
                  {
                    "deprecation_announced": "",
                    "id": 1,
                    "is_deprecated": false,
                    "name": "fsn1",
                    "unavailable_after": ""
                  },
                  {
                    "deprecation_announced": "",
                    "id": 2,
                    "is_deprecated": false,
                    "name": "nbg1",
                    "unavailable_after": ""
                  },
                  {
                    "deprecation_announced": "",
                    "id": 3,
                    "is_deprecated": false,
                    "name": "hel1",
                    "unavailable_after": ""
                  },
                  {
                    "deprecation_announced": "",
                    "id": 6,
                    "is_deprecated": false,
                    "name": "sin",
                    "unavailable_after": ""
                  }
                ],
                "memory": 32,
                "name": "cpx62",
                "storage_type": "local",
                "unavailable_after": ""
              },
              {
                "architecture": "x86",
                "category": "cost_optimized",
                "cores": 2,
                "cpu_type": "shared",
                "deprecation_announced": "",
                "description": "CX 23",
                "disk": 40,
                "id": 114,
                "included_traffic": 0,
                "is_deprecated": false,
                "locations": [
                  {
                    "deprecation_announced": "",
                    "id": 1,
                    "is_deprecated": false,
                    "name": "fsn1",
                    "unavailable_after": ""
                  },
                  {
                    "deprecation_announced": "",
                    "id": 2,
                    "is_deprecated": false,
                    "name": "nbg1",
                    "unavailable_after": ""
                  },
                  {
                    "deprecation_announced": "",
                    "id": 3,
                    "is_deprecated": false,
                    "name": "hel1",
                    "unavailable_after": ""
                  }
                ],
                "memory": 4,
                "name": "cx23",
                "storage_type": "local",
                "unavailable_after": ""
              },
              {
                "architecture": "x86",
                "category": "cost_optimized",
                "cores": 4,
                "cpu_type": "shared",
                "deprecation_announced": "",
                "description": "CX 33",
                "disk": 80,
                "id": 115,
                "included_traffic": 0,
                "is_deprecated": false,
                "locations": [
                  {
                    "deprecation_announced": "",
                    "id": 1,
                    "is_deprecated": false,
                    "name": "fsn1",
                    "unavailable_after": ""
                  },
                  {
                    "deprecation_announced": "",
                    "id": 2,
                    "is_deprecated": false,
                    "name": "nbg1",
                    "unavailable_after": ""
                  },
                  {
                    "deprecation_announced": "",
                    "id": 3,
                    "is_deprecated": false,
                    "name": "hel1",
                    "unavailable_after": ""
                  }
                ],
                "memory": 8,
                "name": "cx33",
                "storage_type": "local",
                "unavailable_after": ""
              },
              {
                "architecture": "x86",
                "category": "cost_optimized",
                "cores": 8,
                "cpu_type": "shared",
                "deprecation_announced": "",
                "description": "CX 43",
                "disk": 160,
                "id": 116,
                "included_traffic": 0,
                "is_deprecated": false,
                "locations": [
                  {
                    "deprecation_announced": "",
                    "id": 1,
                    "is_deprecated": false,
                    "name": "fsn1",
                    "unavailable_after": ""
                  },
                  {
                    "deprecation_announced": "",
                    "id": 2,
                    "is_deprecated": false,
                    "name": "nbg1",
                    "unavailable_after": ""
                  },
                  {
                    "deprecation_announced": "",
                    "id": 3,
                    "is_deprecated": false,
                    "name": "hel1",
                    "unavailable_after": ""
                  }
                ],
                "memory": 16,
                "name": "cx43",
                "storage_type": "local",
                "unavailable_after": ""
              },
              {
                "architecture": "x86",
                "category": "cost_optimized",
                "cores": 16,
                "cpu_type": "shared",
                "deprecation_announced": "",
                "description": "CX 53",
                "disk": 320,
                "id": 117,
                "included_traffic": 0,
                "is_deprecated": false,
                "locations": [
                  {
                    "deprecation_announced": "",
                    "id": 1,
                    "is_deprecated": false,
                    "name": "fsn1",
                    "unavailable_after": ""
                  },
                  {
                    "deprecation_announced": "",
                    "id": 2,
                    "is_deprecated": false,
                    "name": "nbg1",
                    "unavailable_after": ""
                  },
                  {
                    "deprecation_announced": "",
                    "id": 3,
                    "is_deprecated": false,
                    "name": "hel1",
                    "unavailable_after": ""
                  }
                ],
                "memory": 32,
                "name": "cx53",
                "storage_type": "local",
                "unavailable_after": ""
              }
            ]
          },
          "sensitive_attributes": []
        }
      ]
    },
    {
      "module": "module.tenant",
      "mode": "managed",
      "type": "cloudflare_dns_record",
      "name": "faraday",
      "provider": "module.tenant.provider[\"registry.terraform.io/cloudflare/cloudflare\"]",
      "instances": [
        {
          "schema_version": 0,
          "attributes": {
            "comment": null,
            "comment_modified_on": null,
            "content": "157.180.88.232",
            "created_on": "2025-10-17T11:01:09Z",
            "data": null,
            "id": "355d6d665fe80a13f8a18612dbb29b7d",
            "meta": "{}",
            "modified_on": "2025-10-17T11:01:09Z",
            "name": "faraday.demo.spm.openshield.io",
            "priority": null,
            "proxiable": true,
            "proxied": false,
            "settings": {
              "flatten_cname": null,
              "ipv4_only": null,
              "ipv6_only": null
            },
            "tags": [],
            "tags_modified_on": null,
            "ttl": 3600,
            "type": "A",
            "zone_id": "f92c4f6137dffe0e40aa658cc70e3fa8"
          },
          "sensitive_attributes": [],
          "dependencies": [
            "module.tenant.data.cloudflare_zone.openshield",
            "module.tenant.data.hcloud_server_type.selected",
            "module.tenant.data.hcloud_server_types.all",
            "module.tenant.hcloud_server.tenant_server",
            "module.tenant.hcloud_ssh_key.ssh_key",
            "module.tenant.tls_private_key.ssh_key"
          ]
        }
      ]
    },
    {
      "module": "module.tenant",
      "mode": "managed",
      "type": "hcloud_server",
      "name": "tenant_server",
      "provider": "module.tenant.provider[\"registry.terraform.io/hetznercloud/hcloud\"]",
      "instances": [
        {
          "schema_version": 0,
          "attributes": {
            "allow_deprecated_images": false,
            "backup_window": "",
            "backups": false,
            "datacenter": "hel1-dc2",
            "delete_protection": false,
            "firewall_ids": [],
            "id": "110976996",
            "ignore_remote_firewall_ids": false,
            "image": "ubuntu-22.04",
            "ipv4_address": "157.180.88.232",
            "ipv6_address": "2a01:4f9:c013:feed::1",
            "ipv6_network": "2a01:4f9:c013:feed::/64",
            "iso": null,
            "keep_disk": false,
            "labels": {
              "solution": "spm",
              "tenant": "demo"
            },
            "location": "hel1",
            "name": "spm-tenant-demo",
            "network": [],
            "placement_group_id": 0,
            "primary_disk_size": 80,
            "public_net": [],
            "rebuild_protection": false,
            "rescue": null,
            "server_type": "cpx21",
            "shutdown_before_deletion": false,
            "ssh_keys": [
              "103237771"
            ],
            "status": "running",
            "timeouts": null,
            "user_data": "wIBrQH2vJRiT51n59RTJ5A2X6Vo="
          },
          "sensitive_attributes": [],
          "private": "eyJlMmJmYjczMC1lY2FhLTExZTYtOGY4OC0zNDM2M2JjN2M0YzAiOnsiY3JlYXRlIjo1NDAwMDAwMDAwMDAwfX0=",
          "dependencies": [
            "module.tenant.data.hcloud_server_type.selected",
            "module.tenant.data.hcloud_server_types.all",
            "module.tenant.hcloud_ssh_key.ssh_key",
            "module.tenant.tls_private_key.ssh_key"
          ]
        }
      ]
    },
    {
      "module": "module.tenant",
      "mode": "managed",
      "type": "hcloud_ssh_key",
      "name": "ssh_key",
      "provider": "module.tenant.provider[\"registry.terraform.io/hetznercloud/hcloud\"]",
      "instances": [
        {
          "schema_version": 0,
          "attributes": {
            "fingerprint": "3b:b2:57:f1:89:50:67:3f:fc:8d:33:fd:b0:5d:29:6e",
            "id": "103237771",
            "labels": {
              "solution": "spm",
              "tenant": "demo"
            },
            "name": "demo-ssh-key",
            "public_key": "ssh-rsa AAAAB3NzaC1yc2EAAAADAQABAAACAQDCKuH90BQj0JR8CjG06+69gxVlu6ABjGsLh6izhiqgCreMogUOtx4waRWGe+a6pfgYukI9HGUA5RnTYUzYFWdbXkZ7IWrUOoqwrsa+f235snixqvcVv+CP/bMlJ2uw8ng/UbTLwX31uW39pxxO+TRAoDsbOnWeXmegN8pwmArqNbkPPL+Z+0JypDD2tjESBu2OC8/5a+SBLGfq516+pUnaw31GY1oEnnAaZ42U148n0y39y6SCayBHpp9BAfh9rNdLLHh1tkmptNgjEBwRVdQ7yB1B7a7eR5x5L1zeudaP4DxumEb7bjRaeSEGzSmPTO1Fo7Nyd1lxMjBImvEosuCKAEoF1GIntFLiSuSPPrOFIfv3gPlE/Xg3smEPgRTKEXlPVShxv0uR0ZQWumhJVZzcABmoTHzMnRcsA6mZ0vzxlNPsRzIovk7QMlXslHvmI4PIffu2JFS9TUAHu2hwb/+lbzN02NTN61vYJg4FC1VNFBqdU1iy3+HRmWaVkHkR/VIWh/HzPUA8wiRO5I/A5zGAcmScIPEMCrpPgGhxwlmCrYD6rgqOnh7iytRLuIjTkBnqgtmGYzuL0GKXxCaDvNdOOWcxqamRXHUbNOIzcdaMn97lgZrQFOQIU4eEEgTGTZmqKdevtTFRKj2JsWVOt2CZin2h+irs/snk+l2zvHtbDw==\n"
          },
          "sensitive_attributes": [],
          "dependencies": [
            "module.tenant.tls_private_key.ssh_key"
          ]
        }
      ]
    },
    {
      "module": "module.tenant",
      "mode": "managed",
      "type": "hcloud_volume",
      "name": "tenant_volume",
      "provider": "module.tenant.provider[\"registry.terraform.io/hetznercloud/hcloud\"]",
      "instances": [
        {
          "schema_version": 0,
          "attributes": {
            "automount": true,
            "delete_protection": false,
            "format": "ext4",
            "id": "103760147",
            "labels": {
              "solution": "spm",
              "tenant": "demo"
            },
            "linux_device": "/dev/disk/by-id/scsi-0HC_Volume_103760147",
            "location": "hel1",
            "name": "spm-tenant-demo-volume",
            "server_id": 110976996,
            "size": 50
          },
          "sensitive_attributes": [],
          "private": "bnVsbA==",
          "dependencies": [
            "module.tenant.data.hcloud_server_type.selected",
            "module.tenant.data.hcloud_server_types.all",
            "module.tenant.hcloud_server.tenant_server",
            "module.tenant.hcloud_ssh_key.ssh_key",
            "module.tenant.tls_private_key.ssh_key"
          ]
        }
      ]
    },
    {
      "module": "module.tenant",
      "mode": "managed",
      "type": "local_file",
      "name": "configure_faraday_nginx_sh",
      "provider": "provider[\"registry.terraform.io/hashicorp/local\"]",
      "instances": [
        {
          "schema_version": 0,
          "attributes": {
            "content": "# !/bin/bash\n\n# Request LetsEncrypt certificate for the domain\nsudo certbot certonly --nginx -d faraday.demo.spm.openshield.io --non-interactive --agree-tos -m certbot@cyberdef.cc --redirect \u003e /opt/faraday/certbot.log 2\u003e\u00261\n\n# Extract certificate and key paths\nCERT_PATH=$(grep -iE 'certificate is saved at:' /opt/faraday/certbot.log | awk '{print $5}')\nKEY_PATH=$(grep -iE 'key is saved at:' /opt/faraday/certbot.log | awk '{print $5}')\nif [[ -z \"$CERT_PATH\" || -z \"$KEY_PATH\" ]]; then\n    echo \"Failed to obtain SSL certificate. Check certbot log at /opt/faraday/certbot.log\"\n    exit 1\nfi\n\n# Generate Nginx configuration for Faraday\necho y | faraday-manage generate-nginx-config --fqdn faraday.demo.spm.openshield.io --port 5985 --ws-port 9000 --ssl-certificate $CERT_PATH --ssl-key $KEY_PATH | awk 'BEGIN{p=0} /^NGINX Config$/{getline; getline; p=1} p{print}' \u003e /opt/faraday/faraday.conf 2\u003e\u00261\n\n# Move the generated config to Nginx sites-available\nsudo mv /opt/faraday/faraday.conf /etc/nginx/sites-available/faraday.conf\nsudo ln -sf /etc/nginx/sites-available/faraday.conf /etc/nginx/sites-enabled/faraday.conf\n\n# Test Nginx configuration\nsudo nginx -t\nif [[ $? -ne 0 ]]; then\n    echo \"Nginx configuration test failed. Please check the configuration file.\"\n    exit 1\nfi\n\n# Reload Nginx to apply the new configuration\nsudo systemctl reload nginx",
            "content_base64": null,
            "content_base64sha256": "o724qGfA9x2CaHcV1gvz8bnJFztZl/dnQp1McqG09Ek=",
            "content_base64sha512": "kqgp4miu6/vYVd0Aj4yH4dDJKn2ovslxEt2JfYtVCbVkhG75YEIp/VN8SEqICveWuTG56+ffBvSYZ4KIfbg+Fg==",
            "content_md5": "d804b690c7fb65f0f199709805fa8f05",
            "content_sha1": "ba83dea6fa82d9bd87fdc134334950563350667b",
            "content_sha256": "a3bdb8a867c0f71d82687715d60bf3f1b9c9173b5997f767429d4c72a1b4f449",
            "content_sha512": "92a829e268aeebfbd855dd008f8c87e1d0c92a7da8bec97112dd897d8b5509b564846ef9604229fd537c484a880af796b931b9ebe7df06f4986782887db83e16",
            "directory_permission": "0777",
            "file_permission": "0777",
            "filename": "modules/tenant/_rendered/configure-faraday-nginx.sh",
            "id": "ba83dea6fa82d9bd87fdc134334950563350667b",
            "sensitive_content": null,
            "source": null
          },
          "sensitive_attributes": []
        }
      ]
    },
    {
      "module": "module.tenant",
      "mode": "managed",
      "type": "local_file",
      "name": "install_faraday_sh",
      "provider": "provider[\"registry.terraform.io/hashicorp/local\"]",
      "instances": [
        {
          "schema_version": 0,
          "attributes": {
            "content": "# !/bin/bash\n\n# A helper script to install Faraday on an Ubuntu server.\n# OS: Ubuntu 20.04 or later\n# Usage: ./install-faraday.sh \u003cVERSION|latest\u003e\n# Example: ./install-faraday.sh latest\n#\n# Author: YordanOpenShield\n\n# Update package lists\nsudo apt-get update\n\n# Create necessary directories\nsudo mkdir -p /opt/faraday\ncd /opt/faraday\n\n# Get latest version tag\nVERSION=latest\nif [ -z \"$VERSION\" ] || [ \"$VERSION\" = \"latest\" ]; then\n  echo \"Fetching latest Faraday release from GitHub...\"\n  # prefer jq if available\n  if command -v jq \u003e/dev/null 2\u003e\u00261; then\n    VERSION=$(curl -s https://api.github.com/repos/infobyte/faraday/releases/latest | jq -r .tag_name)\n  else\n    VERSION=$(curl -s https://api.github.com/repos/infobyte/faraday/releases/latest | grep -oP '\"tag_name\":\\s*\"\\K(.*)(?=\")' || true)\n  fi\n\n  if [ -z \"$VERSION\" ]; then\n    echo \"Failed to determine latest Faraday version.\"\n    exit 1\n  fi\n  echo \"Latest version is $VERSION\"\nfi\n\n# Download Faraday\nsudo wget https://github.com/infobyte/faraday/releases/download/$VERSION/faraday-server_amd64.deb\n\n# Make sure dependencies are installed\nsudo apt-get install -y postgresql redis python3 python3-pip\n\n# Install Faraday\nsudo dpkg -i /opt/faraday/faraday-server_amd64.deb || sudo apt install -f /opt/faraday/faraday-server_amd64.deb\n\n# Add current user to faraday group\nsudo usermod -aG faraday $(whoami)\n\n# Initialize Faraday database\nfaraday-manage initdb\n\n# Change faraday's admin password\nfaraday-manage change-password --username faraday --password KGCQdnFw9ygESA@b\n\n# Start and enable Faraday services\nsystemctl start faraday-server\nsystemctl enable faraday-server\n\nsystemctl start faraday-worker\nsystemctl enable faraday-worker\n\nsystemctl start faraday-worker-reports\nsystemctl enable faraday-worker-reports\n\n# Make sure Faraday is running\nif systemctl is-active --quiet faraday-server; then\n    echo \"Faraday server is running.\"\nelse\n    echo \"Faraday server failed to start.\"\n    exit 1\nfi",
            "content_base64": null,
            "content_base64sha256": "SOihjKgym7bwY4Qb/ymYpe1qck60NGI4oluzxZzZtoo=",
            "content_base64sha512": "5ZRNOk3RiDmOHjStV/jt5ytQS8Bq3nRCxtaGLECXI9ALhC5SPARmNSU5c8wtRVpVCA8FiXrA4VywkcURWd5pwA==",
            "content_md5": "f9772a8e6b2108bf9c3abdfcc620b555",
            "content_sha1": "165c5b6adea7cfc59a4a79326300fa36edaad906",
            "content_sha256": "48e8a18ca8329bb6f063841bff2998a5ed6a724eb4346238a25bb3c59cd9b68a",
            "content_sha512": "e5944d3a4dd188398e1e34ad57f8ede72b504bc06ade7442c6d6862c409723d00b842e523c046635253973cc2d455a55080f05897ac0e15cb091c51159de69c0",
            "directory_permission": "0777",
            "file_permission": "0777",
            "filename": "modules/tenant/_rendered/install-faraday.sh",
            "id": "165c5b6adea7cfc59a4a79326300fa36edaad906",
            "sensitive_content": null,
            "source": null
          },
          "sensitive_attributes": [
            [
              {
                "type": "get_attr",
                "value": "content"
              }
            ]
          ],
          "dependencies": [
            "module.tenant.random_password.faraday_password"
          ]
        }
      ]
    },
    {
      "module": "module.tenant",
      "mode": "managed",
      "type": "local_file",
      "name": "install_nginx_sh",
      "provider": "provider[\"registry.terraform.io/hashicorp/local\"]",
      "instances": [
        {
          "schema_version": 0,
          "attributes": {
            "content": "# !/bin/bash\n\n# Install Nginx\nsudo apt-get update\nsudo apt-get install -y nginx\nsudo systemctl start nginx\nsudo systemctl enable nginx\n\n# Install certbot\nsudo apt-get install -y certbot python3-certbot-nginx\n\n# Adjust firewall to allow HTTP and HTTPS traffic\nsudo ufw allow http\nsudo ufw allow https",
            "content_base64": null,
            "content_base64sha256": "fcUzYhwwezsI4U6aQmTi17TJwy1tHNWIsrY/fr48Iks=",
            "content_base64sha512": "psoCa0OYzxL7gE+l5ZTXPiYmv/9daIe86AsxfC6RzprjapYrUpTnVz3+MJHwpaiDPkZLMmqcAMgc42g8KzcnQA==",
            "content_md5": "1f1c8cc2862ad50f915cf7313e27441d",
            "content_sha1": "18439fd5d884a92015585d9b759b1c051c14d837",
            "content_sha256": "7dc533621c307b3b08e14e9a4264e2d7b4c9c32d6d1cd588b2b63f7ebe3c224b",
            "content_sha512": "a6ca026b4398cf12fb804fa5e594d73e2626bfff5d6887bce80b317c2e91ce9ae36a962b5294e7573dfe3091f0a5a8833e464b326a9c00c81ce3683c2b372740",
            "directory_permission": "0777",
            "file_permission": "0777",
            "filename": "modules/tenant/_rendered/install-nginx.sh",
            "id": "18439fd5d884a92015585d9b759b1c051c14d837",
            "sensitive_content": null,
            "source": null
          },
          "sensitive_attributes": []
        }
      ]
    },
    {
      "module": "module.tenant",
      "mode": "managed",
      "type": "null_resource",
      "name": "provision_faraday_scripts",
      "provider": "provider[\"registry.terraform.io/hashicorp/null\"]",
      "instances": [
        {
          "status": "tainted",
          "schema_version": 0,
          "attributes": {
            "id": "3803568605736713266",
            "triggers": null
          },
          "sensitive_attributes": [],
          "dependencies": [
            "module.tenant.cloudflare_dns_record.faraday",
            "module.tenant.data.cloudflare_zone.openshield",
            "module.tenant.data.hcloud_server_type.selected",
            "module.tenant.data.hcloud_server_types.all",
            "module.tenant.hcloud_server.tenant_server",
            "module.tenant.hcloud_ssh_key.ssh_key",
            "module.tenant.local_file.configure_faraday_nginx_sh",
            "module.tenant.local_file.install_faraday_sh",
            "module.tenant.local_file.install_nginx_sh",
            "module.tenant.random_password.faraday_password",
            "module.tenant.tls_private_key.ssh_key"
          ]
        }
      ]
    },
    {
      "module": "module.tenant",
      "mode": "managed",
      "type": "random_password",
      "name": "faraday_password",
      "provider": "provider[\"registry.terraform.io/hashicorp/random\"]",
      "instances": [
        {
          "schema_version": 3,
          "attributes": {
            "bcrypt_hash": "$2a$10$o4IVhwvAiO7blZWbduAh/OBreskaBq2J/2Pw.edOyjUgdz4bZ5Aqa",
            "id": "none",
            "keepers": null,
            "length": 16,
            "lower": true,
            "min_lower": 0,
            "min_numeric": 0,
            "min_special": 0,
            "min_upper": 0,
            "number": true,
            "numeric": true,
            "override_special": "_%@",
            "result": "KGCQdnFw9ygESA@b",
            "special": true,
            "upper": true
          },
          "sensitive_attributes": []
        }
      ]
    },
    {
      "module": "module.tenant",
      "mode": "managed",
      "type": "tls_private_key",
      "name": "ssh_key",
      "provider": "provider[\"registry.terraform.io/hashicorp/tls\"]",
      "instances": [
        {
          "schema_version": 1,
          "attributes": {
            "algorithm": "RSA",
            "ecdsa_curve": "P224",
            "id": "27ea78ece96dda804c7f5f9834f9d30af3596995",
            "private_key_openssh": "-----BEGIN OPENSSH PRIVATE KEY-----\nb3BlbnNzaC1rZXktdjEAAAAABG5vbmUAAAAEbm9uZQAAAAAAAAABAAACFwAAAAdz\nc2gtcnNhAAAAAwEAAQAAAgEAwirh/dAUI9CUfAoxtOvuvYMVZbugAYxrC4eos4Yq\noAq3jKIFDrceMGkVhnvmuqX4GLpCPRxlAOUZ02FM2BVnW15GeyFq1DqKsK7Gvn9t\n+bJ4sar3Fb/gj/2zJSdrsPJ4P1G0y8F99blt/accTvk0QKA7Gzp1nl5noDfKcJgK\n6jW5Dzy/mftCcqQw9rYxEgbtjgvP+WvkgSxn6udevqVJ2sN9RmNaBJ5wGmeNlNeP\nJ9Mt/cukgmsgR6afQQH4fazXSyx4dbZJqbTYIxAcEVXUO8gdQe2u3keceS9c3rnW\nj+A8bphG+240WnkhBs0pj0ztRaOzcndZcTIwSJrxKLLgigBKBdRiJ7RS4krkjz6z\nhSH794D5RP14N7JhD4EUyhF5T1Uocb9LkdGUFrpoSVWc3AAZqEx8zJ0XLAOpmdL8\n8ZTT7EcyKL5O0DJV7JR75iODyH37tiRUvU1AB7tocG//pW8zdNjUzetb2CYOBQtV\nTRQanVNYst/h0ZlmlZB5Ef1SFofx8z1APMIkTuSPwOcxgHJknCDxDAq6T4BoccJZ\ngq2A+q4Kjp4e4srUS7iI05AZ6oLZhmM7i9Bil8Qmg7zXTjlnMampkVx1GzTiM3HW\njJ/e5YGa0BTkCFOHhBIExk2ZqinXr7UxUSo9ibFlTrdgmYp9ofoq7P7J5Ppds7x7\nWw8AAAc4iqkkEIqpJBAAAAAHc3NoLXJzYQAAAgEAwirh/dAUI9CUfAoxtOvuvYMV\nZbugAYxrC4eos4YqoAq3jKIFDrceMGkVhnvmuqX4GLpCPRxlAOUZ02FM2BVnW15G\neyFq1DqKsK7Gvn9t+bJ4sar3Fb/gj/2zJSdrsPJ4P1G0y8F99blt/accTvk0QKA7\nGzp1nl5noDfKcJgK6jW5Dzy/mftCcqQw9rYxEgbtjgvP+WvkgSxn6udevqVJ2sN9\nRmNaBJ5wGmeNlNePJ9Mt/cukgmsgR6afQQH4fazXSyx4dbZJqbTYIxAcEVXUO8gd\nQe2u3keceS9c3rnWj+A8bphG+240WnkhBs0pj0ztRaOzcndZcTIwSJrxKLLgigBK\nBdRiJ7RS4krkjz6zhSH794D5RP14N7JhD4EUyhF5T1Uocb9LkdGUFrpoSVWc3AAZ\nqEx8zJ0XLAOpmdL88ZTT7EcyKL5O0DJV7JR75iODyH37tiRUvU1AB7tocG//pW8z\ndNjUzetb2CYOBQtVTRQanVNYst/h0ZlmlZB5Ef1SFofx8z1APMIkTuSPwOcxgHJk\nnCDxDAq6T4BoccJZgq2A+q4Kjp4e4srUS7iI05AZ6oLZhmM7i9Bil8Qmg7zXTjln\nMampkVx1GzTiM3HWjJ/e5YGa0BTkCFOHhBIExk2ZqinXr7UxUSo9ibFlTrdgmYp9\nofoq7P7J5Ppds7x7Ww8AAAADAQABAAACAATgy+2zARaHQnu9S9NmTAix1uNH6/Su\nAPB4t4nPGJoNut/LIEJm4ljIAxTuXvUYf1urrkdXw8faeaQgYSxamU6n1zB3vfXY\nBKz8rxyRGgO4cqTQDUYcHHmxn4MS8vcumEvK8zZdRZtbTcKeJK1tQF1RSTrdZKAW\nchcJ38mlYDzTHbOezJeDQv+bVWmVWTVBPE2hyVdUWRjPs0qpBm3WvDzFRYvzqgrM\nqjdXm6x+H+gZu6GRMLBgHZ7/NigNcx9BLOWEGACpFD+xve5flLzwwZTA6c9Ct+54\nsRswT+5+j7/sm8gRhlMByUnumiBQHjet8JYbz0HUcshPwPvJ/L4PhGmX5rqt3Z8A\n8PxyAbFgaK4CKWQsn2re21EcUDiT+HsectZ56wKSj8MwEZhPsZe1FPxRzdWB8BjQ\n7fAnhxoEt0RYIBsBEOqdE/GA26Bddk9eo3IF70voaI24d//jkgSasLOL2PDnFEUf\nuWK233HcLNlKJYNMkIy6nYonZvUkkRaNcJKp2sGuYeMV/N5ChxcvcR1dqNf5EFKn\nutTKOUrNjDWJwh8wf1B7tX3Lu3tDxSnL25Dw/bMCn3hjQr5F1KmUaEHUk8q8gDUw\nQGk2lqyhCMwHG3KV25hJ4hAftolB5xf8Ejm96RM62Vo04CQ91tiDEB4wto7/gjOa\nvGLaa++/O7/lAAABAQCKRjUeGwBb10I/pwC5HJhTl14PYuahNf4jcE6deRPGFT2H\nW0KtKdisW9572wlhxlozYI6Pyyz1+ZreYShJdZGyrlfROkfh2NHWZJM1JgNZ14CZ\nvj3kCXFQ97g15DIkuI/JPiuCOWzvFh+PXvbob+NTgdfCiT/uC79clZQEWAUkqE0w\nEZpXmo+ewm35aqM/2pslAKKpP1xKb4a1veAWnsngvJyg54+DIkKcIAcJt74CFFJH\ncF0qukhBsb3obbqhKnRrMeU/zxXHjiKBgZOEV4XGNnTvS+4L6WVlVTFVZ5hKjeX8\nyCbUj0+UhM4gBO1UfvsqFynWMqsMpqbiwUcFWC91AAABAQDJhBny8ond2WiIRQWE\n6DGAp23koke3JXnzEx1i5SGY8r3qNJozC8/W1WsdeoYllHfI+JKN+MgI6swSrd4w\noY0q96JSzvO3LY479Pj31DeljdLc17ykMGKrvtEyzpLyzbM0cNofdHCmlU484zDA\nhcXe5+njHp7VhYGqPmEIprJxIfPix7Nmi09mzn2zMVN8hbwDFNrxVed4kCyf8RL7\njg58HytXEwxDonp75Z5qxYjAZhqZC0wM/yLiSfjLK+mlxPmdJ5lb+jiVA6W8wvsz\nqwhEPOdRAR4YrlOanDPjCmur+Gd7rGZVwzSl1inaFF3aLOXc4+hF4pxuXdudBgVz\nHT4TAAABAQD2qifNzHWO9Ga3BLJeSOQE7n1TU7ms6WheJ6LyuE/vZdnVEhWmyMaX\nqMQiWL+9abzzPN4eCu+plxmDfBNaor+yojJLeCtPpzEzilpLJ9MJxGne0SCmZXsL\nliW7EbbRzqJ1xG5op5713gak9sjYf9l1SXzGTy2XawqFVa0uJqAlUVCGAOLC8zPP\nLQrkgbBEw73IwisVSKA/h0Q4ETb/iyYldn8/kPjngu/abwb6M+2Y1r+7/pUWfd2p\nHq33C6Qbmx38AYJVx1bXhSH5z5RVRT1RX/YOrWsquMaPTZT+Vd9PHUkwfat+R8bP\nwhRbngFIEz6ggFlfg5z+MXvoEIWaEB6VAAAAAAEC\n-----END OPENSSH PRIVATE KEY-----\n",
            "private_key_pem": "-----BEGIN RSA PRIVATE KEY-----\nMIIJKQIBAAKCAgEAwirh/dAUI9CUfAoxtOvuvYMVZbugAYxrC4eos4YqoAq3jKIF\nDrceMGkVhnvmuqX4GLpCPRxlAOUZ02FM2BVnW15GeyFq1DqKsK7Gvn9t+bJ4sar3\nFb/gj/2zJSdrsPJ4P1G0y8F99blt/accTvk0QKA7Gzp1nl5noDfKcJgK6jW5Dzy/\nmftCcqQw9rYxEgbtjgvP+WvkgSxn6udevqVJ2sN9RmNaBJ5wGmeNlNePJ9Mt/cuk\ngmsgR6afQQH4fazXSyx4dbZJqbTYIxAcEVXUO8gdQe2u3keceS9c3rnWj+A8bphG\n+240WnkhBs0pj0ztRaOzcndZcTIwSJrxKLLgigBKBdRiJ7RS4krkjz6zhSH794D5\nRP14N7JhD4EUyhF5T1Uocb9LkdGUFrpoSVWc3AAZqEx8zJ0XLAOpmdL88ZTT7Ecy\nKL5O0DJV7JR75iODyH37tiRUvU1AB7tocG//pW8zdNjUzetb2CYOBQtVTRQanVNY\nst/h0ZlmlZB5Ef1SFofx8z1APMIkTuSPwOcxgHJknCDxDAq6T4BoccJZgq2A+q4K\njp4e4srUS7iI05AZ6oLZhmM7i9Bil8Qmg7zXTjlnMampkVx1GzTiM3HWjJ/e5YGa\n0BTkCFOHhBIExk2ZqinXr7UxUSo9ibFlTrdgmYp9ofoq7P7J5Ppds7x7Ww8CAwEA\nAQKCAgAE4MvtswEWh0J7vUvTZkwIsdbjR+v0rgDweLeJzxiaDbrfyyBCZuJYyAMU\n7l71GH9bq65HV8PH2nmkIGEsWplOp9cwd7312ASs/K8ckRoDuHKk0A1GHBx5sZ+D\nEvL3LphLyvM2XUWbW03CniStbUBdUUk63WSgFnIXCd/JpWA80x2znsyXg0L/m1Vp\nlVk1QTxNoclXVFkYz7NKqQZt1rw8xUWL86oKzKo3V5usfh/oGbuhkTCwYB2e/zYo\nDXMfQSzlhBgAqRQ/sb3uX5S88MGUwOnPQrfueLEbME/ufo+/7JvIEYZTAclJ7pog\nUB43rfCWG89B1HLIT8D7yfy+D4Rpl+a6rd2fAPD8cgGxYGiuAilkLJ9q3ttRHFA4\nk/h7HnLWeesCko/DMBGYT7GXtRT8Uc3VgfAY0O3wJ4caBLdEWCAbARDqnRPxgNug\nXXZPXqNyBe9L6GiNuHf/45IEmrCzi9jw5xRFH7litt9x3CzZSiWDTJCMup2KJ2b1\nJJEWjXCSqdrBrmHjFfzeQocXL3EdXajX+RBSp7rUyjlKzYw1icIfMH9Qe7V9y7t7\nQ8Upy9uQ8P2zAp94Y0K+RdSplGhB1JPKvIA1MEBpNpasoQjMBxtylduYSeIQH7aJ\nQecX/BI5vekTOtlaNOAkPdbYgxAeMLaO/4Izmrxi2mvvvzu/5QKCAQEAyYQZ8vKJ\n3dloiEUFhOgxgKdt5KJHtyV58xMdYuUhmPK96jSaMwvP1tVrHXqGJZR3yPiSjfjI\nCOrMEq3eMKGNKveiUs7zty2OO/T499Q3pY3S3Ne8pDBiq77RMs6S8s2zNHDaH3Rw\nppVOPOMwwIXF3ufp4x6e1YWBqj5hCKaycSHz4sezZotPZs59szFTfIW8AxTa8VXn\neJAsn/ES+44OfB8rVxMMQ6J6e+WeasWIwGYamQtMDP8i4kn4yyvppcT5nSeZW/o4\nlQOlvML7M6sIRDznUQEeGK5Tmpwz4wprq/hne6xmVcM0pdYp2hRd2izl3OPoReKc\nbl3bnQYFcx0+EwKCAQEA9qonzcx1jvRmtwSyXkjkBO59U1O5rOloXiei8rhP72XZ\n1RIVpsjGl6jEIli/vWm88zzeHgrvqZcZg3wTWqK/sqIyS3grT6cxM4paSyfTCcRp\n3tEgpmV7C5YluxG20c6idcRuaKee9d4GpPbI2H/ZdUl8xk8tl2sKhVWtLiagJVFQ\nhgDiwvMzzy0K5IGwRMO9yMIrFUigP4dEOBE2/4smJXZ/P5D454Lv2m8G+jPtmNa/\nu/6VFn3dqR6t9wukG5sd/AGCVcdW14Uh+c+UVUU9UV/2Dq1rKrjGj02U/lXfTx1J\nMH2rfkfGz8IUW54BSBM+oIBZX4Oc/jF76BCFmhAelQKCAQAO5pO8oS6MlvzhxqjH\n0RuH9dlsZIuFAWJpFOrBW0wGsTxVyxnz2FW//vvyrBKrSLUqySadFN5Fuobogq7B\nTdDQcoswMFlZHCc+S7j1Kl4LAderuNAcG+/P30Y8yYWYKpmrsQSP+t4xkyy719jN\nA5dECkYDI0p/Y2XZHs+yAhGDyAzuofGkDX0Ljw1AaM9Rj9n9KFegLMf25EJIeVz7\n+N8dUniz8Zagka0Y6Du0jXK1N1eUJX+0HlGIBgw9ibu3JD+I3Vq7sF7qteBVet10\nTptH4HECTmDZVlqcPhygFy8rAi00ueS/RrXn5VQm6gaekV9V3AxazozepFYO4Fka\nz/i9AoIBAQCaWuJrq12JZrF8J+lCjRR7bY5pfYQ8ixcvjFgw0VvcMH0/E4EPDKcR\nsp+B6s2Zxzhhch6A6FEPbCmgGR23Yw7Yxxz4EyvvPW3RletpCnPKsemacH2hAvIb\nzwqvZKdl5YvObGy2+uXDb/vycShAKsk21xTIuDWMgoRj6bhkn/EpSRg9swI0AqLS\nK5qcYfefIGp73d2+BOOavZfYChXDlhz55ow8iAjqPwq/Qyk3mxU8xm3XQ7miCIOU\nWEl+xf8c81WxJHSeHw7d8UbQn7BwJ9L2QDmm96iPZG+Er4TkH3KNfIMXYBzX+iyU\nSBwbNOYSZ1CSeZ7z4VV10Bt8nhIs1Zd9AoIBAQCKRjUeGwBb10I/pwC5HJhTl14P\nYuahNf4jcE6deRPGFT2HW0KtKdisW9572wlhxlozYI6Pyyz1+ZreYShJdZGyrlfR\nOkfh2NHWZJM1JgNZ14CZvj3kCXFQ97g15DIkuI/JPiuCOWzvFh+PXvbob+NTgdfC\niT/uC79clZQEWAUkqE0wEZpXmo+ewm35aqM/2pslAKKpP1xKb4a1veAWnsngvJyg\n54+DIkKcIAcJt74CFFJHcF0qukhBsb3obbqhKnRrMeU/zxXHjiKBgZOEV4XGNnTv\nS+4L6WVlVTFVZ5hKjeX8yCbUj0+UhM4gBO1UfvsqFynWMqsMpqbiwUcFWC91\n-----END RSA PRIVATE KEY-----\n",
            "private_key_pem_pkcs8": "-----BEGIN PRIVATE KEY-----\nMIIJQwIBADANBgkqhkiG9w0BAQEFAASCCS0wggkpAgEAAoICAQDCKuH90BQj0JR8\nCjG06+69gxVlu6ABjGsLh6izhiqgCreMogUOtx4waRWGe+a6pfgYukI9HGUA5RnT\nYUzYFWdbXkZ7IWrUOoqwrsa+f235snixqvcVv+CP/bMlJ2uw8ng/UbTLwX31uW39\npxxO+TRAoDsbOnWeXmegN8pwmArqNbkPPL+Z+0JypDD2tjESBu2OC8/5a+SBLGfq\n516+pUnaw31GY1oEnnAaZ42U148n0y39y6SCayBHpp9BAfh9rNdLLHh1tkmptNgj\nEBwRVdQ7yB1B7a7eR5x5L1zeudaP4DxumEb7bjRaeSEGzSmPTO1Fo7Nyd1lxMjBI\nmvEosuCKAEoF1GIntFLiSuSPPrOFIfv3gPlE/Xg3smEPgRTKEXlPVShxv0uR0ZQW\numhJVZzcABmoTHzMnRcsA6mZ0vzxlNPsRzIovk7QMlXslHvmI4PIffu2JFS9TUAH\nu2hwb/+lbzN02NTN61vYJg4FC1VNFBqdU1iy3+HRmWaVkHkR/VIWh/HzPUA8wiRO\n5I/A5zGAcmScIPEMCrpPgGhxwlmCrYD6rgqOnh7iytRLuIjTkBnqgtmGYzuL0GKX\nxCaDvNdOOWcxqamRXHUbNOIzcdaMn97lgZrQFOQIU4eEEgTGTZmqKdevtTFRKj2J\nsWVOt2CZin2h+irs/snk+l2zvHtbDwIDAQABAoICAATgy+2zARaHQnu9S9NmTAix\n1uNH6/SuAPB4t4nPGJoNut/LIEJm4ljIAxTuXvUYf1urrkdXw8faeaQgYSxamU6n\n1zB3vfXYBKz8rxyRGgO4cqTQDUYcHHmxn4MS8vcumEvK8zZdRZtbTcKeJK1tQF1R\nSTrdZKAWchcJ38mlYDzTHbOezJeDQv+bVWmVWTVBPE2hyVdUWRjPs0qpBm3WvDzF\nRYvzqgrMqjdXm6x+H+gZu6GRMLBgHZ7/NigNcx9BLOWEGACpFD+xve5flLzwwZTA\n6c9Ct+54sRswT+5+j7/sm8gRhlMByUnumiBQHjet8JYbz0HUcshPwPvJ/L4PhGmX\n5rqt3Z8A8PxyAbFgaK4CKWQsn2re21EcUDiT+HsectZ56wKSj8MwEZhPsZe1FPxR\nzdWB8BjQ7fAnhxoEt0RYIBsBEOqdE/GA26Bddk9eo3IF70voaI24d//jkgSasLOL\n2PDnFEUfuWK233HcLNlKJYNMkIy6nYonZvUkkRaNcJKp2sGuYeMV/N5ChxcvcR1d\nqNf5EFKnutTKOUrNjDWJwh8wf1B7tX3Lu3tDxSnL25Dw/bMCn3hjQr5F1KmUaEHU\nk8q8gDUwQGk2lqyhCMwHG3KV25hJ4hAftolB5xf8Ejm96RM62Vo04CQ91tiDEB4w\nto7/gjOavGLaa++/O7/lAoIBAQDJhBny8ond2WiIRQWE6DGAp23koke3JXnzEx1i\n5SGY8r3qNJozC8/W1WsdeoYllHfI+JKN+MgI6swSrd4woY0q96JSzvO3LY479Pj3\n1DeljdLc17ykMGKrvtEyzpLyzbM0cNofdHCmlU484zDAhcXe5+njHp7VhYGqPmEI\nprJxIfPix7Nmi09mzn2zMVN8hbwDFNrxVed4kCyf8RL7jg58HytXEwxDonp75Z5q\nxYjAZhqZC0wM/yLiSfjLK+mlxPmdJ5lb+jiVA6W8wvszqwhEPOdRAR4YrlOanDPj\nCmur+Gd7rGZVwzSl1inaFF3aLOXc4+hF4pxuXdudBgVzHT4TAoIBAQD2qifNzHWO\n9Ga3BLJeSOQE7n1TU7ms6WheJ6LyuE/vZdnVEhWmyMaXqMQiWL+9abzzPN4eCu+p\nlxmDfBNaor+yojJLeCtPpzEzilpLJ9MJxGne0SCmZXsLliW7EbbRzqJ1xG5op571\n3gak9sjYf9l1SXzGTy2XawqFVa0uJqAlUVCGAOLC8zPPLQrkgbBEw73IwisVSKA/\nh0Q4ETb/iyYldn8/kPjngu/abwb6M+2Y1r+7/pUWfd2pHq33C6Qbmx38AYJVx1bX\nhSH5z5RVRT1RX/YOrWsquMaPTZT+Vd9PHUkwfat+R8bPwhRbngFIEz6ggFlfg5z+\nMXvoEIWaEB6VAoIBAA7mk7yhLoyW/OHGqMfRG4f12Wxki4UBYmkU6sFbTAaxPFXL\nGfPYVb/++/KsEqtItSrJJp0U3kW6huiCrsFN0NByizAwWVkcJz5LuPUqXgsB16u4\n0Bwb78/fRjzJhZgqmauxBI/63jGTLLvX2M0Dl0QKRgMjSn9jZdkez7ICEYPIDO6h\n8aQNfQuPDUBoz1GP2f0oV6Asx/bkQkh5XPv43x1SeLPxlqCRrRjoO7SNcrU3V5Ql\nf7QeUYgGDD2Ju7ckP4jdWruwXuq14FV63XROm0fgcQJOYNlWWpw+HKAXLysCLTS5\n5L9GteflVCbqBp6RX1XcDFrOjN6kVg7gWRrP+L0CggEBAJpa4murXYlmsXwn6UKN\nFHttjml9hDyLFy+MWDDRW9wwfT8TgQ8MpxGyn4HqzZnHOGFyHoDoUQ9sKaAZHbdj\nDtjHHPgTK+89bdGV62kKc8qx6ZpwfaEC8hvPCq9kp2Xli85sbLb65cNv+/JxKEAq\nyTbXFMi4NYyChGPpuGSf8SlJGD2zAjQCotIrmpxh958ganvd3b4E45q9l9gKFcOW\nHPnmjDyICOo/Cr9DKTebFTzGbddDuaIIg5RYSX7F/xzzVbEkdJ4fDt3xRtCfsHAn\n0vZAOab3qI9kb4SvhOQfco18gxdgHNf6LJRIHBs05hJnUJJ5nvPhVXXQG3yeEizV\nl30CggEBAIpGNR4bAFvXQj+nALkcmFOXXg9i5qE1/iNwTp15E8YVPYdbQq0p2Kxb\n3nvbCWHGWjNgjo/LLPX5mt5hKEl1kbKuV9E6R+HY0dZkkzUmA1nXgJm+PeQJcVD3\nuDXkMiS4j8k+K4I5bO8WH49e9uhv41OB18KJP+4Lv1yVlARYBSSoTTARmleaj57C\nbflqoz/amyUAoqk/XEpvhrW94BaeyeC8nKDnj4MiQpwgBwm3vgIUUkdwXSq6SEGx\nvehtuqEqdGsx5T/PFceOIoGBk4RXhcY2dO9L7gvpZWVVMVVnmEqN5fzIJtSPT5SE\nziAE7VR++yoXKdYyqwympuLBRwVYL3U=\n-----END PRIVATE KEY-----\n",
            "public_key_fingerprint_md5": "3b:b2:57:f1:89:50:67:3f:fc:8d:33:fd:b0:5d:29:6e",
            "public_key_fingerprint_sha256": "SHA256:pLZNqemzIF7+i8xyZpSp8hdWOWB3T3BLHbYHPJ0U0D0",
            "public_key_openssh": "ssh-rsa AAAAB3NzaC1yc2EAAAADAQABAAACAQDCKuH90BQj0JR8CjG06+69gxVlu6ABjGsLh6izhiqgCreMogUOtx4waRWGe+a6pfgYukI9HGUA5RnTYUzYFWdbXkZ7IWrUOoqwrsa+f235snixqvcVv+CP/bMlJ2uw8ng/UbTLwX31uW39pxxO+TRAoDsbOnWeXmegN8pwmArqNbkPPL+Z+0JypDD2tjESBu2OC8/5a+SBLGfq516+pUnaw31GY1oEnnAaZ42U148n0y39y6SCayBHpp9BAfh9rNdLLHh1tkmptNgjEBwRVdQ7yB1B7a7eR5x5L1zeudaP4DxumEb7bjRaeSEGzSmPTO1Fo7Nyd1lxMjBImvEosuCKAEoF1GIntFLiSuSPPrOFIfv3gPlE/Xg3smEPgRTKEXlPVShxv0uR0ZQWumhJVZzcABmoTHzMnRcsA6mZ0vzxlNPsRzIovk7QMlXslHvmI4PIffu2JFS9TUAHu2hwb/+lbzN02NTN61vYJg4FC1VNFBqdU1iy3+HRmWaVkHkR/VIWh/HzPUA8wiRO5I/A5zGAcmScIPEMCrpPgGhxwlmCrYD6rgqOnh7iytRLuIjTkBnqgtmGYzuL0GKXxCaDvNdOOWcxqamRXHUbNOIzcdaMn97lgZrQFOQIU4eEEgTGTZmqKdevtTFRKj2JsWVOt2CZin2h+irs/snk+l2zvHtbDw==\n",
            "public_key_pem": "-----BEGIN PUBLIC KEY-----\nMIICIjANBgkqhkiG9w0BAQEFAAOCAg8AMIICCgKCAgEAwirh/dAUI9CUfAoxtOvu\nvYMVZbugAYxrC4eos4YqoAq3jKIFDrceMGkVhnvmuqX4GLpCPRxlAOUZ02FM2BVn\nW15GeyFq1DqKsK7Gvn9t+bJ4sar3Fb/gj/2zJSdrsPJ4P1G0y8F99blt/accTvk0\nQKA7Gzp1nl5noDfKcJgK6jW5Dzy/mftCcqQw9rYxEgbtjgvP+WvkgSxn6udevqVJ\n2sN9RmNaBJ5wGmeNlNePJ9Mt/cukgmsgR6afQQH4fazXSyx4dbZJqbTYIxAcEVXU\nO8gdQe2u3keceS9c3rnWj+A8bphG+240WnkhBs0pj0ztRaOzcndZcTIwSJrxKLLg\nigBKBdRiJ7RS4krkjz6zhSH794D5RP14N7JhD4EUyhF5T1Uocb9LkdGUFrpoSVWc\n3AAZqEx8zJ0XLAOpmdL88ZTT7EcyKL5O0DJV7JR75iODyH37tiRUvU1AB7tocG//\npW8zdNjUzetb2CYOBQtVTRQanVNYst/h0ZlmlZB5Ef1SFofx8z1APMIkTuSPwOcx\ngHJknCDxDAq6T4BoccJZgq2A+q4Kjp4e4srUS7iI05AZ6oLZhmM7i9Bil8Qmg7zX\nTjlnMampkVx1GzTiM3HWjJ/e5YGa0BTkCFOHhBIExk2ZqinXr7UxUSo9ibFlTrdg\nmYp9ofoq7P7J5Ppds7x7Ww8CAwEAAQ==\n-----END PUBLIC KEY-----\n",
            "rsa_bits": 4096
          },
          "sensitive_attributes": []
        }
      ]
    }
  ],
  "check_results": null
}
