{
  "version": 4,
  "terraform_version": "1.5.0",
  "serial": 816,
  "lineage": "2bdfdec5-8c30-28c5-2bba-a5d893c95ad2",
  "outputs": {
    "tenant_faraday_credentials": {
      "value": {
        "password": "p6wYBKuuWLceLhU4",
        "url": "https://faraday.demo.spm.openshield.io",
        "username": "faraday"
      },
      "type": [
        "object",
        {
          "password": "string",
          "url": "string",
          "username": "string"
        }
      ],
      "sensitive": true
    },
    "tenant_host": {
      "value": "157.180.88.232",
      "type": "string"
    },
    "tenant_name": {
      "value": "demo",
      "type": "string"
    },
    "tenant_ssh_private_key": {
      "value": "-----BEGIN RSA PRIVATE KEY-----\nMIIJKAIBAAKCAgEA41AfY7O6mufz5SpLQXzr4gNQZdQ7mBC8OCjHL3GrW9H0pKCy\nAUNdZdSBBfCeUsGRstY5da54FJ8s1/WRMjoDUUC52Lvi5N11IWmh0DDHEdPPm7Bc\nAnWEZI5Wk4/1AKGnW4C8yCCoJrGxv1/jBx3qad+4woaoZ64OW93jn1gKbzLrYUvA\nrZH6Lb+Zc/VZiR8G6WzOepDkB7QrVpopb/hrfOdqUONenhDsp9UiFc+aTpIsNcZI\nuy4eUIfgPM7+4yHcY2sbJ4h0pqQm5t8CLew0EKr/nFRw/Ud6lHcgAC6GEgl5xiVV\nQ0OJoToRyFBYfam/8d0Vjf916yq5oWmiEF/7LBVjZPTA4CkNkB7i71ggLo13bdoL\nRooNWfY47qA/TZiQluA7Og82dLmZrSSiwSaINZoCIDvr0Ty48zulsFQkM/OlufVI\nh1zi/sGsfVUe1bA5XGJUQN9m/Ali4RdBLTkoQ2sqOLIfHDqqMigjPyHwDCwbVqoU\nxsWEBEy+QQNsZkY/OZUxosOWecIJDXKBqaDLpKgmjuuXnQaa/OxmCApZCp++iqCC\np/adx+b9U6JQbQ+sh7LasZiSs4dBUyDuA6IRqPt2gaUbeFwwbjRSgig0cXK4GbIg\nhq/x9dI4ivbQVsT/msn6cIWdlNHWCqs31zG/R6YLd8IWeqdOUnmIcDxcGtECAwEA\nAQKCAgAL3b+4Z4ZQa4G2uar9C7A6olv854PcOn9rhRbEz2/CbCbpEynHrsRo5PDT\n+7ggGie+Hg3DgBdCUv7hyoQeYEXnuh5u2ya14NOqVLEpmj+XcCcFzxfhLvukI4QP\nJvQuE2zroMBPctj5pXa3G/fQ2XXGZMiTKw65KYO+tZ9veYaYlcq7eltgFDSVqnYF\nxiM66RTmHukhH9WE4MRkZx7OUA8NvFI3T8SS3CT71pX1bTAhIDimQ/1sUV+Bal5r\n043IaJjwfa5eCshgIfCVRm3+3LY+aoF2dTgCw3ZO2sXKYfiwvLA6hkdkVVm8F2PH\nQQkljN95bkZKR9wtfxOlV/YprwEAYRvcUQmn7yCM0Eb/ZcjUROlc5RUnIe7G+OYz\n4RFX8Vt4ywwQqYZanRGAwLYn8y6USZ73FOXJ4GDM0GAHZWxOwDE62E4IHHu06Nta\nMJihZqH7y8A5Y8wYREl6knI5JMRuhKx60oDBKTEsxW/BK7myfOMFXVUpIcq5VGub\n+kPwMrH6Zf1xX1bbmjZtvqLAtzCH9LJg+ZgRVYyw7Svvo8LX44pcIOb1Y2neyP5l\nddS9MNVg0/Lm0x6nxYQw2JERYOVP3X7RuUyZrMH/9jGcKBmo6L6KfbO6Du5nCP+j\nQBFNRA9b1iAETCqvTEscg6qNitzMwbDgsHJKCwVKRVt9J+8mQwKCAQEA8cia2LEB\nKGfIQlYRMFIH/3qSv1O35V6aBniD0+7A+M6hpxIGRDCMGSnqJY1IxG3GNvpGMHRr\nJ2K70qPzH4ozB0CDOZVsEhMHAMr69FBvunObjiMWC5FeCIdvWXYOq2muPtRifovh\n0/pJH5qjJJKIW2X5rkPxzXPvXC0B5Ub24aVtd14GLts1mkGl4TjtZoicgB0vCEV2\n7CxuqWcfW8UtXPzFctif4srGPKMh0akvAJy+d9YDlJVUtmyHYv9qxh4FIYYY5+VY\nvQMawgmfLGCagzfP2zvvhlTjAPL1Xq5NxAasl38E1eowMzvGxwZyfdsLwUvowBew\nC6/8fs9UsAqHIwKCAQEA8K2zoZ67nM2LPRSUql0X8fLLIfJkvtq0vIskwEaL5e2S\nT7UT/y1bl/wXL+dWyPPZ1wuj7eTdT0phE5CNsW/zF7jubxwSb7qTLfLNuLr+N0Sx\nONwKI22NHQyRL/WT4pgWTnHV1CA60RFdSH9Vxv/9EXWNpTzPzzRzovZo2AnWtVb7\nLGSAf8/viCSYCfhH8uHU3peyk0OQDSKuf34BoogRUAICl8Bu8D+99++Hw2TORb5V\n+6WArjaMHIXZkN3tTjzXCSq4q/oGoJXxxMCpFprVDA1FsXZmGc2DzZegnbda4FNR\ne6mlNy29atpoTKxSE6iZcSp8FuLuYKdhd4rJtEdvewKCAQBN1R8LzIcr46TSvfQQ\nkweiFWoyDxguzTJWDOubCMu0DIh7SNEdmGcxHo4SgpW/LftV7WE07fUkm6MM3tw/\n9fQRTJIxskk01E030x/QECi3Y8naiq7pEGWt5zNQIDH+uilubl46kHslCvgJJXWJ\nK2abzYr/rz2ivsR57r8ieKK25tMDTxA8ezKZMrLcer/pduayUzK1ve7XfkItZFXy\n69l7ip9hJhzqHA6OrJERdh38W3jxCMLkTOIVS4CVvNU5a6aJMSrJU8oqJlqxxfko\nhvyWaxwNXhDwNFlTD+MvFHtSNDfRGQGMfzP++io2HXwzyZTSJ8aIN9fjG0bz53hC\np1DzAoIBAQDLB20SOOpBU29THmpu8MtDUjKjt2vfSHXQ23wsKxbW5rtXPATbbXLn\n2kPhKEEgkfzBGNO32ioLOk58B6RP+4VRDLMuzbqLwBNqXnnGjQ/opazur0hqLH8u\n8ywDDiIrs2qV0Be2s12KgiB0CN7eWZItSUItEwim3bNy1HULUflqzi5ie4Ge0FVb\nPqt3NZfUP0eoYsXEzujU+93CNRTB/BDGsntncnDjgJILdmfLn90WHoNAHpRX4jH9\n2bf4Kg6GwnIQDJbulKNEklj6RiAdro1sdkHFe4CT4bd/FprqkQM7W23QaQKzcoVo\nf0ge7frrFH4kZdd6IwM+S9S/2DdhOiXDAoIBAGQ8h6qmiwHvHh4B2CK2COzkUVhg\nAF7kNBG5DnwG5Ib1b5ZAF6AOB3P1iustKHU+9kTQaYOypXAM2O3ZC8IDKEdDLgh+\ns6IyNJjPVQdamgBdO1G/NHwxG3UbwMA188oJsC2w+nuADbNik7SXVozB2PlYHk9P\n0N+e50trNgyFYZJQYSZQxtvw/WGQhhRid+aUHCM159W8HDyV4c32Ny2jdtU543bg\n0QQ8Oo9SSDIbjw+vM7pYt6fjgqYO0DE4iE25/jcpWbPQUvnXmOBwb7jDTl6/OHgI\nMzAJGJDx++oB9ojFh7ZM1OjklMPkRMjCT2B/sfJO3DRXhIm9OXlMP/LQBMo=\n-----END RSA PRIVATE KEY-----\n",
      "type": "string",
      "sensitive": true
    },
    "tenant_ssh_public_key": {
      "value": "ssh-rsa AAAAB3NzaC1yc2EAAAADAQABAAACAQDjUB9js7qa5/PlKktBfOviA1Bl1DuYELw4KMcvcatb0fSkoLIBQ11l1IEF8J5SwZGy1jl1rngUnyzX9ZEyOgNRQLnYu+Lk3XUhaaHQMMcR08+bsFwCdYRkjlaTj/UAoadbgLzIIKgmsbG/X+MHHepp37jChqhnrg5b3eOfWApvMuthS8Ctkfotv5lz9VmJHwbpbM56kOQHtCtWmilv+Gt852pQ416eEOyn1SIVz5pOkiw1xki7Lh5Qh+A8zv7jIdxjaxsniHSmpCbm3wIt7DQQqv+cVHD9R3qUdyAALoYSCXnGJVVDQ4mhOhHIUFh9qb/x3RWN/3XrKrmhaaIQX/ssFWNk9MDgKQ2QHuLvWCAujXdt2gtGig1Z9jjuoD9NmJCW4Ds6DzZ0uZmtJKLBJog1mgIgO+vRPLjzO6WwVCQz86W59UiHXOL+wax9VR7VsDlcYlRA32b8CWLhF0EtOShDayo4sh8cOqoyKCM/IfAMLBtWqhTGxYQETL5BA2xmRj85lTGiw5Z5wgkNcoGpoMukqCaO65edBpr87GYIClkKn76KoIKn9p3H5v1TolBtD6yHstqxmJKzh0FTIO4DohGo+3aBpRt4XDBuNFKCKDRxcrgZsiCGr/H10jiK9tBWxP+ayfpwhZ2U0dYKqzfXMb9Hpgt3whZ6p05SeYhwPFwa0Q==\n",
      "type": "string"
    }
  },
  "resources": [
    {
      "module": "module.tenant",
      "mode": "data",
      "type": "cloudflare_zone",
      "name": "openshield",
      "provider": "module.tenant.provider[\"registry.terraform.io/cloudflare/cloudflare\"]",
      "instances": [
        {
          "schema_version": 0,
          "attributes": {
            "account": {
              "id": "bca3124de7c86d659a959f06cb35043d",
              "name": "Cloudflare@cyberdef.cc's Account"
            },
            "activated_on": "2025-04-21T11:29:39Z",
            "cname_suffix": null,
            "created_on": "2025-04-21T11:00:21Z",
            "development_mode": 0,
            "filter": {
              "account": null,
              "direction": null,
              "match": null,
              "name": "openshield.io",
              "order": null,
              "status": null
            },
            "id": null,
            "meta": {
              "cdn_only": null,
              "custom_certificate_quota": 0,
              "dns_only": null,
              "foundation_dns": null,
              "page_rule_quota": 3,
              "phishing_detected": false,
              "step": 2
            },
            "modified_on": "2025-04-21T11:29:39Z",
            "name": "openshield.io",
            "name_servers": [
              "kiki.ns.cloudflare.com",
              "lloyd.ns.cloudflare.com"
            ],
            "original_dnshost": null,
            "original_name_servers": [
              "dns1.registrar-servers.com",
              "dns2.registrar-servers.com"
            ],
            "original_registrar": "namecheap, inc. (id: 1068)",
            "owner": {
              "id": null,
              "name": null,
              "type": "user"
            },
            "paused": false,
            "permissions": [
              "#dns_records:edit",
              "#dns_records:read",
              "#zone:read"
            ],
            "plan": {
              "can_subscribe": false,
              "currency": "USD",
              "externally_managed": false,
              "frequency": "",
              "id": "0feeeeeeeeeeeeeeeeeeeeeeeeeeeeee",
              "is_subscribed": false,
              "legacy_discount": false,
              "legacy_id": "free",
              "name": "Free Website",
              "price": 0
            },
            "status": "active",
            "tenant": {
              "id": null,
              "name": null
            },
            "tenant_unit": {
              "id": null
            },
            "type": "full",
            "vanity_name_servers": [],
            "verification_key": null,
            "zone_id": "f92c4f6137dffe0e40aa658cc70e3fa8"
          },
          "sensitive_attributes": []
        }
      ]
    },
    {
      "module": "module.tenant",
      "mode": "data",
      "type": "hcloud_server_type",
      "name": "selected",
      "provider": "module.tenant.provider[\"registry.terraform.io/hetznercloud/hcloud\"]",
      "instances": [
        {
          "index_key": "cpx21",
          "schema_version": 0,
          "attributes": {
            "architecture": "x86",
            "category": "regular_purpose",
            "cores": 3,
            "cpu_type": "shared",
            "deprecation_announced": "",
            "description": "CPX 21",
            "disk": 80,
            "id": 23,
            "included_traffic": 0,
            "is_deprecated": false,
            "locations": [
              {
                "deprecation_announced": "2025-10-16T06:00:00Z",
                "id": 1,
                "is_deprecated": true,
                "name": "fsn1",
                "unavailable_after": "2025-12-31T23:59:59Z"
              },
              {
                "deprecation_announced": "2025-10-16T06:00:00Z",
                "id": 2,
                "is_deprecated": true,
                "name": "nbg1",
                "unavailable_after": "2025-12-31T23:59:59Z"
              },
              {
                "deprecation_announced": "2025-10-16T06:00:00Z",
                "id": 3,
                "is_deprecated": true,
                "name": "hel1",
                "unavailable_after": "2025-12-31T23:59:59Z"
              },
              {
                "deprecation_announced": "",
                "id": 4,
                "is_deprecated": false,
                "name": "ash",
                "unavailable_after": ""
              },
              {
                "deprecation_announced": "",
                "id": 5,
                "is_deprecated": false,
                "name": "hil",
                "unavailable_after": ""
              },
              {
                "deprecation_announced": "2025-10-16T06:00:00Z",
                "id": 6,
                "is_deprecated": true,
                "name": "sin",
                "unavailable_after": "2025-12-31T23:59:59Z"
              }
            ],
            "memory": 4,
            "name": "cpx21",
            "storage_type": "local",
            "unavailable_after": ""
          },
          "sensitive_attributes": []
        },
        {
          "index_key": "cpx22",
          "schema_version": 0,
          "attributes": {
            "architecture": "x86",
            "category": "regular_purpose",
            "cores": 2,
            "cpu_type": "shared",
            "deprecation_announced": "",
            "description": "CPX 22",
            "disk": 80,
            "id": 109,
            "included_traffic": 0,
            "is_deprecated": false,
            "locations": [
              {
                "deprecation_announced": "",
                "id": 1,
                "is_deprecated": false,
                "name": "fsn1",
                "unavailable_after": ""
              },
              {
                "deprecation_announced": "",
                "id": 2,
                "is_deprecated": false,
                "name": "nbg1",
                "unavailable_after": ""
              },
              {
                "deprecation_announced": "",
                "id": 3,
                "is_deprecated": false,
                "name": "hel1",
                "unavailable_after": ""
              },
              {
                "deprecation_announced": "",
                "id": 6,
                "is_deprecated": false,
                "name": "sin",
                "unavailable_after": ""
              }
            ],
            "memory": 4,
            "name": "cpx22",
            "storage_type": "local",
            "unavailable_after": ""
          },
          "sensitive_attributes": []
        },
        {
          "index_key": "cpx31",
          "schema_version": 0,
          "attributes": {
            "architecture": "x86",
            "category": "regular_purpose",
            "cores": 4,
            "cpu_type": "shared",
            "deprecation_announced": "",
            "description": "CPX 31",
            "disk": 160,
            "id": 24,
            "included_traffic": 0,
            "is_deprecated": false,
            "locations": [
              {
                "deprecation_announced": "2025-10-16T06:00:00Z",
                "id": 1,
                "is_deprecated": true,
                "name": "fsn1",
                "unavailable_after": "2025-12-31T23:59:59Z"
              },
              {
                "deprecation_announced": "2025-10-16T06:00:00Z",
                "id": 2,
                "is_deprecated": true,
                "name": "nbg1",
                "unavailable_after": "2025-12-31T23:59:59Z"
              },
              {
                "deprecation_announced": "2025-10-16T06:00:00Z",
                "id": 3,
                "is_deprecated": true,
                "name": "hel1",
                "unavailable_after": "2025-12-31T23:59:59Z"
              },
              {
                "deprecation_announced": "",
                "id": 4,
                "is_deprecated": false,
                "name": "ash",
                "unavailable_after": ""
              },
              {
                "deprecation_announced": "",
                "id": 5,
                "is_deprecated": false,
                "name": "hil",
                "unavailable_after": ""
              },
              {
                "deprecation_announced": "2025-10-16T06:00:00Z",
                "id": 6,
                "is_deprecated": true,
                "name": "sin",
                "unavailable_after": "2025-12-31T23:59:59Z"
              }
            ],
            "memory": 8,
            "name": "cpx31",
            "storage_type": "local",
            "unavailable_after": ""
          },
          "sensitive_attributes": []
        },
        {
          "index_key": "cpx32",
          "schema_version": 0,
          "attributes": {
            "architecture": "x86",
            "category": "regular_purpose",
            "cores": 4,
            "cpu_type": "shared",
            "deprecation_announced": "",
            "description": "CPX 32",
            "disk": 160,
            "id": 110,
            "included_traffic": 0,
            "is_deprecated": false,
            "locations": [
              {
                "deprecation_announced": "",
                "id": 1,
                "is_deprecated": false,
                "name": "fsn1",
                "unavailable_after": ""
              },
              {
                "deprecation_announced": "",
                "id": 2,
                "is_deprecated": false,
                "name": "nbg1",
                "unavailable_after": ""
              },
              {
                "deprecation_announced": "",
                "id": 3,
                "is_deprecated": false,
                "name": "hel1",
                "unavailable_after": ""
              },
              {
                "deprecation_announced": "",
                "id": 6,
                "is_deprecated": false,
                "name": "sin",
                "unavailable_after": ""
              }
            ],
            "memory": 8,
            "name": "cpx32",
            "storage_type": "local",
            "unavailable_after": ""
          },
          "sensitive_attributes": []
        },
        {
          "index_key": "cpx41",
          "schema_version": 0,
          "attributes": {
            "architecture": "x86",
            "category": "regular_purpose",
            "cores": 8,
            "cpu_type": "shared",
            "deprecation_announced": "",
            "description": "CPX 41",
            "disk": 240,
            "id": 25,
            "included_traffic": 0,
            "is_deprecated": false,
            "locations": [
              {
                "deprecation_announced": "2025-10-16T06:00:00Z",
                "id": 1,
                "is_deprecated": true,
                "name": "fsn1",
                "unavailable_after": "2025-12-31T23:59:59Z"
              },
              {
                "deprecation_announced": "2025-10-16T06:00:00Z",
                "id": 2,
                "is_deprecated": true,
                "name": "nbg1",
                "unavailable_after": "2025-12-31T23:59:59Z"
              },
              {
                "deprecation_announced": "2025-10-16T06:00:00Z",
                "id": 3,
                "is_deprecated": true,
                "name": "hel1",
                "unavailable_after": "2025-12-31T23:59:59Z"
              },
              {
                "deprecation_announced": "",
                "id": 4,
                "is_deprecated": false,
                "name": "ash",
                "unavailable_after": ""
              },
              {
                "deprecation_announced": "",
                "id": 5,
                "is_deprecated": false,
                "name": "hil",
                "unavailable_after": ""
              },
              {
                "deprecation_announced": "2025-10-16T06:00:00Z",
                "id": 6,
                "is_deprecated": true,
                "name": "sin",
                "unavailable_after": "2025-12-31T23:59:59Z"
              }
            ],
            "memory": 16,
            "name": "cpx41",
            "storage_type": "local",
            "unavailable_after": ""
          },
          "sensitive_attributes": []
        },
        {
          "index_key": "cpx42",
          "schema_version": 0,
          "attributes": {
            "architecture": "x86",
            "category": "regular_purpose",
            "cores": 8,
            "cpu_type": "shared",
            "deprecation_announced": "",
            "description": "CPX 42",
            "disk": 320,
            "id": 111,
            "included_traffic": 0,
            "is_deprecated": false,
            "locations": [
              {
                "deprecation_announced": "",
                "id": 1,
                "is_deprecated": false,
                "name": "fsn1",
                "unavailable_after": ""
              },
              {
                "deprecation_announced": "",
                "id": 2,
                "is_deprecated": false,
                "name": "nbg1",
                "unavailable_after": ""
              },
              {
                "deprecation_announced": "",
                "id": 3,
                "is_deprecated": false,
                "name": "hel1",
                "unavailable_after": ""
              },
              {
                "deprecation_announced": "",
                "id": 6,
                "is_deprecated": false,
                "name": "sin",
                "unavailable_after": ""
              }
            ],
            "memory": 16,
            "name": "cpx42",
            "storage_type": "local",
            "unavailable_after": ""
          },
          "sensitive_attributes": []
        },
        {
          "index_key": "cpx51",
          "schema_version": 0,
          "attributes": {
            "architecture": "x86",
            "category": "regular_purpose",
            "cores": 16,
            "cpu_type": "shared",
            "deprecation_announced": "",
            "description": "CPX 51",
            "disk": 360,
            "id": 26,
            "included_traffic": 0,
            "is_deprecated": false,
            "locations": [
              {
                "deprecation_announced": "2025-10-16T06:00:00Z",
                "id": 1,
                "is_deprecated": true,
                "name": "fsn1",
                "unavailable_after": "2025-12-31T23:59:59Z"
              },
              {
                "deprecation_announced": "2025-10-16T06:00:00Z",
                "id": 2,
                "is_deprecated": true,
                "name": "nbg1",
                "unavailable_after": "2025-12-31T23:59:59Z"
              },
              {
                "deprecation_announced": "2025-10-16T06:00:00Z",
                "id": 3,
                "is_deprecated": true,
                "name": "hel1",
                "unavailable_after": "2025-12-31T23:59:59Z"
              },
              {
                "deprecation_announced": "",
                "id": 4,
                "is_deprecated": false,
                "name": "ash",
                "unavailable_after": ""
              },
              {
                "deprecation_announced": "",
                "id": 5,
                "is_deprecated": false,
                "name": "hil",
                "unavailable_after": ""
              },
              {
                "deprecation_announced": "2025-10-16T06:00:00Z",
                "id": 6,
                "is_deprecated": true,
                "name": "sin",
                "unavailable_after": "2025-12-31T23:59:59Z"
              }
            ],
            "memory": 32,
            "name": "cpx51",
            "storage_type": "local",
            "unavailable_after": ""
          },
          "sensitive_attributes": []
        },
        {
          "index_key": "cpx52",
          "schema_version": 0,
          "attributes": {
            "architecture": "x86",
            "category": "regular_purpose",
            "cores": 12,
            "cpu_type": "shared",
            "deprecation_announced": "",
            "description": "CPX 52",
            "disk": 480,
            "id": 112,
            "included_traffic": 0,
            "is_deprecated": false,
            "locations": [
              {
                "deprecation_announced": "",
                "id": 1,
                "is_deprecated": false,
                "name": "fsn1",
                "unavailable_after": ""
              },
              {
                "deprecation_announced": "",
                "id": 2,
                "is_deprecated": false,
                "name": "nbg1",
                "unavailable_after": ""
              },
              {
                "deprecation_announced": "",
                "id": 3,
                "is_deprecated": false,
                "name": "hel1",
                "unavailable_after": ""
              },
              {
                "deprecation_announced": "",
                "id": 6,
                "is_deprecated": false,
                "name": "sin",
                "unavailable_after": ""
              }
            ],
            "memory": 24,
            "name": "cpx52",
            "storage_type": "local",
            "unavailable_after": ""
          },
          "sensitive_attributes": []
        },
        {
          "index_key": "cpx62",
          "schema_version": 0,
          "attributes": {
            "architecture": "x86",
            "category": "regular_purpose",
            "cores": 16,
            "cpu_type": "shared",
            "deprecation_announced": "",
            "description": "CPX 62",
            "disk": 640,
            "id": 113,
            "included_traffic": 0,
            "is_deprecated": false,
            "locations": [
              {
                "deprecation_announced": "",
                "id": 1,
                "is_deprecated": false,
                "name": "fsn1",
                "unavailable_after": ""
              },
              {
                "deprecation_announced": "",
                "id": 2,
                "is_deprecated": false,
                "name": "nbg1",
                "unavailable_after": ""
              },
              {
                "deprecation_announced": "",
                "id": 3,
                "is_deprecated": false,
                "name": "hel1",
                "unavailable_after": ""
              },
              {
                "deprecation_announced": "",
                "id": 6,
                "is_deprecated": false,
                "name": "sin",
                "unavailable_after": ""
              }
            ],
            "memory": 32,
            "name": "cpx62",
            "storage_type": "local",
            "unavailable_after": ""
          },
          "sensitive_attributes": []
        },
        {
          "index_key": "cx22",
          "schema_version": 0,
          "attributes": {
            "architecture": "x86",
            "category": "cost_optimized",
            "cores": 2,
            "cpu_type": "shared",
            "deprecation_announced": "2025-10-16T06:00:00Z",
            "description": "CX22",
            "disk": 40,
            "id": 104,
            "included_traffic": 0,
            "is_deprecated": true,
            "locations": [
              {
                "deprecation_announced": "2025-10-16T06:00:00Z",
                "id": 1,
                "is_deprecated": true,
                "name": "fsn1",
                "unavailable_after": "2025-12-31T23:59:59Z"
              },
              {
                "deprecation_announced": "2025-10-16T06:00:00Z",
                "id": 2,
                "is_deprecated": true,
                "name": "nbg1",
                "unavailable_after": "2025-12-31T23:59:59Z"
              },
              {
                "deprecation_announced": "2025-10-16T06:00:00Z",
                "id": 3,
                "is_deprecated": true,
                "name": "hel1",
                "unavailable_after": "2025-12-31T23:59:59Z"
              }
            ],
            "memory": 4,
            "name": "cx22",
            "storage_type": "local",
            "unavailable_after": "2025-12-31T23:59:59Z"
          },
          "sensitive_attributes": []
        },
        {
          "index_key": "cx23",
          "schema_version": 0,
          "attributes": {
            "architecture": "x86",
            "category": "cost_optimized",
            "cores": 2,
            "cpu_type": "shared",
            "deprecation_announced": "",
            "description": "CX 23",
            "disk": 40,
            "id": 114,
            "included_traffic": 0,
            "is_deprecated": false,
            "locations": [
              {
                "deprecation_announced": "",
                "id": 1,
                "is_deprecated": false,
                "name": "fsn1",
                "unavailable_after": ""
              },
              {
                "deprecation_announced": "",
                "id": 2,
                "is_deprecated": false,
                "name": "nbg1",
                "unavailable_after": ""
              },
              {
                "deprecation_announced": "",
                "id": 3,
                "is_deprecated": false,
                "name": "hel1",
                "unavailable_after": ""
              }
            ],
            "memory": 4,
            "name": "cx23",
            "storage_type": "local",
            "unavailable_after": ""
          },
          "sensitive_attributes": []
        },
        {
          "index_key": "cx32",
          "schema_version": 0,
          "attributes": {
            "architecture": "x86",
            "category": "cost_optimized",
            "cores": 4,
            "cpu_type": "shared",
            "deprecation_announced": "2025-10-16T06:00:00Z",
            "description": "CX32",
            "disk": 80,
            "id": 105,
            "included_traffic": 0,
            "is_deprecated": true,
            "locations": [
              {
                "deprecation_announced": "2025-10-16T06:00:00Z",
                "id": 1,
                "is_deprecated": true,
                "name": "fsn1",
                "unavailable_after": "2025-12-31T23:59:59Z"
              },
              {
                "deprecation_announced": "2025-10-16T06:00:00Z",
                "id": 2,
                "is_deprecated": true,
                "name": "nbg1",
                "unavailable_after": "2025-12-31T23:59:59Z"
              },
              {
                "deprecation_announced": "2025-10-16T06:00:00Z",
                "id": 3,
                "is_deprecated": true,
                "name": "hel1",
                "unavailable_after": "2025-12-31T23:59:59Z"
              }
            ],
            "memory": 8,
            "name": "cx32",
            "storage_type": "local",
            "unavailable_after": "2025-12-31T23:59:59Z"
          },
          "sensitive_attributes": []
        },
        {
          "index_key": "cx33",
          "schema_version": 0,
          "attributes": {
            "architecture": "x86",
            "category": "cost_optimized",
            "cores": 4,
            "cpu_type": "shared",
            "deprecation_announced": "",
            "description": "CX 33",
            "disk": 80,
            "id": 115,
            "included_traffic": 0,
            "is_deprecated": false,
            "locations": [
              {
                "deprecation_announced": "",
                "id": 1,
                "is_deprecated": false,
                "name": "fsn1",
                "unavailable_after": ""
              },
              {
                "deprecation_announced": "",
                "id": 2,
                "is_deprecated": false,
                "name": "nbg1",
                "unavailable_after": ""
              },
              {
                "deprecation_announced": "",
                "id": 3,
                "is_deprecated": false,
                "name": "hel1",
                "unavailable_after": ""
              }
            ],
            "memory": 8,
            "name": "cx33",
            "storage_type": "local",
            "unavailable_after": ""
          },
          "sensitive_attributes": []
        },
        {
          "index_key": "cx42",
          "schema_version": 0,
          "attributes": {
            "architecture": "x86",
            "category": "cost_optimized",
            "cores": 8,
            "cpu_type": "shared",
            "deprecation_announced": "2025-10-16T06:00:00Z",
            "description": "CX42",
            "disk": 160,
            "id": 106,
            "included_traffic": 0,
            "is_deprecated": true,
            "locations": [
              {
                "deprecation_announced": "2025-10-16T06:00:00Z",
                "id": 1,
                "is_deprecated": true,
                "name": "fsn1",
                "unavailable_after": "2025-12-31T23:59:59Z"
              },
              {
                "deprecation_announced": "2025-10-16T06:00:00Z",
                "id": 2,
                "is_deprecated": true,
                "name": "nbg1",
                "unavailable_after": "2025-12-31T23:59:59Z"
              },
              {
                "deprecation_announced": "2025-10-16T06:00:00Z",
                "id": 3,
                "is_deprecated": true,
                "name": "hel1",
                "unavailable_after": "2025-12-31T23:59:59Z"
              }
            ],
            "memory": 16,
            "name": "cx42",
            "storage_type": "local",
            "unavailable_after": "2025-12-31T23:59:59Z"
          },
          "sensitive_attributes": []
        },
        {
          "index_key": "cx43",
          "schema_version": 0,
          "attributes": {
            "architecture": "x86",
            "category": "cost_optimized",
            "cores": 8,
            "cpu_type": "shared",
            "deprecation_announced": "",
            "description": "CX 43",
            "disk": 160,
            "id": 116,
            "included_traffic": 0,
            "is_deprecated": false,
            "locations": [
              {
                "deprecation_announced": "",
                "id": 1,
                "is_deprecated": false,
                "name": "fsn1",
                "unavailable_after": ""
              },
              {
                "deprecation_announced": "",
                "id": 2,
                "is_deprecated": false,
                "name": "nbg1",
                "unavailable_after": ""
              },
              {
                "deprecation_announced": "",
                "id": 3,
                "is_deprecated": false,
                "name": "hel1",
                "unavailable_after": ""
              }
            ],
            "memory": 16,
            "name": "cx43",
            "storage_type": "local",
            "unavailable_after": ""
          },
          "sensitive_attributes": []
        },
        {
          "index_key": "cx52",
          "schema_version": 0,
          "attributes": {
            "architecture": "x86",
            "category": "cost_optimized",
            "cores": 16,
            "cpu_type": "shared",
            "deprecation_announced": "2025-10-16T06:00:00Z",
            "description": "CX52",
            "disk": 320,
            "id": 107,
            "included_traffic": 0,
            "is_deprecated": true,
            "locations": [
              {
                "deprecation_announced": "2025-10-16T06:00:00Z",
                "id": 1,
                "is_deprecated": true,
                "name": "fsn1",
                "unavailable_after": "2025-12-31T23:59:59Z"
              },
              {
                "deprecation_announced": "2025-10-16T06:00:00Z",
                "id": 2,
                "is_deprecated": true,
                "name": "nbg1",
                "unavailable_after": "2025-12-31T23:59:59Z"
              },
              {
                "deprecation_announced": "2025-10-16T06:00:00Z",
                "id": 3,
                "is_deprecated": true,
                "name": "hel1",
                "unavailable_after": "2025-12-31T23:59:59Z"
              }
            ],
            "memory": 32,
            "name": "cx52",
            "storage_type": "local",
            "unavailable_after": "2025-12-31T23:59:59Z"
          },
          "sensitive_attributes": []
        },
        {
          "index_key": "cx53",
          "schema_version": 0,
          "attributes": {
            "architecture": "x86",
            "category": "cost_optimized",
            "cores": 16,
            "cpu_type": "shared",
            "deprecation_announced": "",
            "description": "CX 53",
            "disk": 320,
            "id": 117,
            "included_traffic": 0,
            "is_deprecated": false,
            "locations": [
              {
                "deprecation_announced": "",
                "id": 1,
                "is_deprecated": false,
                "name": "fsn1",
                "unavailable_after": ""
              },
              {
                "deprecation_announced": "",
                "id": 2,
                "is_deprecated": false,
                "name": "nbg1",
                "unavailable_after": ""
              },
              {
                "deprecation_announced": "",
                "id": 3,
                "is_deprecated": false,
                "name": "hel1",
                "unavailable_after": ""
              }
            ],
            "memory": 32,
            "name": "cx53",
            "storage_type": "local",
            "unavailable_after": ""
          },
          "sensitive_attributes": []
        }
      ]
    },
    {
      "module": "module.tenant",
      "mode": "data",
      "type": "hcloud_server_types",
      "name": "all",
      "provider": "module.tenant.provider[\"registry.terraform.io/hetznercloud/hcloud\"]",
      "instances": [
        {
          "schema_version": 0,
          "attributes": {
            "descriptions": [
              "CPX 11",
              "CPX 21",
              "CPX 31",
              "CPX 41",
              "CPX 51",
              "CAX11",
              "CAX21",
              "CAX31",
              "CAX41",
              "CCX13 Dedicated CPU",
              "CCX23 Dedicated CPU",
              "CCX33 Dedicated CPU",
              "CCX43 Dedicated CPU",
              "CCX53 Dedicated CPU",
              "CCX63 Dedicated CPU",
              "CX22",
              "CX32",
              "CX42",
              "CX52",
              "CPX 12",
              "CPX 22",
              "CPX 32",
              "CPX 42",
              "CPX 52",
              "CPX 62",
              "CX 23",
              "CX 33",
              "CX 43",
              "CX 53"
            ],
            "id": "166277662d9b7990b1711b6545d691c4fc52eb3f",
            "names": [
              "cpx11",
              "cpx21",
              "cpx31",
              "cpx41",
              "cpx51",
              "cax11",
              "cax21",
              "cax31",
              "cax41",
              "ccx13",
              "ccx23",
              "ccx33",
              "ccx43",
              "ccx53",
              "ccx63",
              "cx22",
              "cx32",
              "cx42",
              "cx52",
              "cpx12",
              "cpx22",
              "cpx32",
              "cpx42",
              "cpx52",
              "cpx62",
              "cx23",
              "cx33",
              "cx43",
              "cx53"
            ],
            "server_type_ids": [
              "22",
              "23",
              "24",
              "25",
              "26",
              "45",
              "93",
              "94",
              "95",
              "96",
              "97",
              "98",
              "99",
              "100",
              "101",
              "104",
              "105",
              "106",
              "107",
              "108",
              "109",
              "110",
              "111",
              "112",
              "113",
              "114",
              "115",
              "116",
              "117"
            ],
            "server_types": [
              {
                "architecture": "x86",
                "category": "regular_purpose",
                "cores": 2,
                "cpu_type": "shared",
                "deprecation_announced": "",
                "description": "CPX 11",
                "disk": 40,
                "id": 22,
                "included_traffic": 0,
                "is_deprecated": false,
                "locations": [
                  {
                    "deprecation_announced": "2025-10-16T06:00:00Z",
                    "id": 1,
                    "is_deprecated": true,
                    "name": "fsn1",
                    "unavailable_after": "2025-12-31T23:59:59Z"
                  },
                  {
                    "deprecation_announced": "2025-10-16T06:00:00Z",
                    "id": 2,
                    "is_deprecated": true,
                    "name": "nbg1",
                    "unavailable_after": "2025-12-31T23:59:59Z"
                  },
                  {
                    "deprecation_announced": "2025-10-16T06:00:00Z",
                    "id": 3,
                    "is_deprecated": true,
                    "name": "hel1",
                    "unavailable_after": "2025-12-31T23:59:59Z"
                  },
                  {
                    "deprecation_announced": "",
                    "id": 4,
                    "is_deprecated": false,
                    "name": "ash",
                    "unavailable_after": ""
                  },
                  {
                    "deprecation_announced": "",
                    "id": 5,
                    "is_deprecated": false,
                    "name": "hil",
                    "unavailable_after": ""
                  },
                  {
                    "deprecation_announced": "2025-10-16T06:00:00Z",
                    "id": 6,
                    "is_deprecated": true,
                    "name": "sin",
                    "unavailable_after": "2025-12-31T23:59:59Z"
                  }
                ],
                "memory": 2,
                "name": "cpx11",
                "storage_type": "local",
                "unavailable_after": ""
              },
              {
                "architecture": "x86",
                "category": "regular_purpose",
                "cores": 3,
                "cpu_type": "shared",
                "deprecation_announced": "",
                "description": "CPX 21",
                "disk": 80,
                "id": 23,
                "included_traffic": 0,
                "is_deprecated": false,
                "locations": [
                  {
                    "deprecation_announced": "2025-10-16T06:00:00Z",
                    "id": 1,
                    "is_deprecated": true,
                    "name": "fsn1",
                    "unavailable_after": "2025-12-31T23:59:59Z"
                  },
                  {
                    "deprecation_announced": "2025-10-16T06:00:00Z",
                    "id": 2,
                    "is_deprecated": true,
                    "name": "nbg1",
                    "unavailable_after": "2025-12-31T23:59:59Z"
                  },
                  {
                    "deprecation_announced": "2025-10-16T06:00:00Z",
                    "id": 3,
                    "is_deprecated": true,
                    "name": "hel1",
                    "unavailable_after": "2025-12-31T23:59:59Z"
                  },
                  {
                    "deprecation_announced": "",
                    "id": 4,
                    "is_deprecated": false,
                    "name": "ash",
                    "unavailable_after": ""
                  },
                  {
                    "deprecation_announced": "",
                    "id": 5,
                    "is_deprecated": false,
                    "name": "hil",
                    "unavailable_after": ""
                  },
                  {
                    "deprecation_announced": "2025-10-16T06:00:00Z",
                    "id": 6,
                    "is_deprecated": true,
                    "name": "sin",
                    "unavailable_after": "2025-12-31T23:59:59Z"
                  }
                ],
                "memory": 4,
                "name": "cpx21",
                "storage_type": "local",
                "unavailable_after": ""
              },
              {
                "architecture": "x86",
                "category": "regular_purpose",
                "cores": 4,
                "cpu_type": "shared",
                "deprecation_announced": "",
                "description": "CPX 31",
                "disk": 160,
                "id": 24,
                "included_traffic": 0,
                "is_deprecated": false,
                "locations": [
                  {
                    "deprecation_announced": "2025-10-16T06:00:00Z",
                    "id": 1,
                    "is_deprecated": true,
                    "name": "fsn1",
                    "unavailable_after": "2025-12-31T23:59:59Z"
                  },
                  {
                    "deprecation_announced": "2025-10-16T06:00:00Z",
                    "id": 2,
                    "is_deprecated": true,
                    "name": "nbg1",
                    "unavailable_after": "2025-12-31T23:59:59Z"
                  },
                  {
                    "deprecation_announced": "2025-10-16T06:00:00Z",
                    "id": 3,
                    "is_deprecated": true,
                    "name": "hel1",
                    "unavailable_after": "2025-12-31T23:59:59Z"
                  },
                  {
                    "deprecation_announced": "",
                    "id": 4,
                    "is_deprecated": false,
                    "name": "ash",
                    "unavailable_after": ""
                  },
                  {
                    "deprecation_announced": "",
                    "id": 5,
                    "is_deprecated": false,
                    "name": "hil",
                    "unavailable_after": ""
                  },
                  {
                    "deprecation_announced": "2025-10-16T06:00:00Z",
                    "id": 6,
                    "is_deprecated": true,
                    "name": "sin",
                    "unavailable_after": "2025-12-31T23:59:59Z"
                  }
                ],
                "memory": 8,
                "name": "cpx31",
                "storage_type": "local",
                "unavailable_after": ""
              },
              {
                "architecture": "x86",
                "category": "regular_purpose",
                "cores": 8,
                "cpu_type": "shared",
                "deprecation_announced": "",
                "description": "CPX 41",
                "disk": 240,
                "id": 25,
                "included_traffic": 0,
                "is_deprecated": false,
                "locations": [
                  {
                    "deprecation_announced": "2025-10-16T06:00:00Z",
                    "id": 1,
                    "is_deprecated": true,
                    "name": "fsn1",
                    "unavailable_after": "2025-12-31T23:59:59Z"
                  },
                  {
                    "deprecation_announced": "2025-10-16T06:00:00Z",
                    "id": 2,
                    "is_deprecated": true,
                    "name": "nbg1",
                    "unavailable_after": "2025-12-31T23:59:59Z"
                  },
                  {
                    "deprecation_announced": "2025-10-16T06:00:00Z",
                    "id": 3,
                    "is_deprecated": true,
                    "name": "hel1",
                    "unavailable_after": "2025-12-31T23:59:59Z"
                  },
                  {
                    "deprecation_announced": "",
                    "id": 4,
                    "is_deprecated": false,
                    "name": "ash",
                    "unavailable_after": ""
                  },
                  {
                    "deprecation_announced": "",
                    "id": 5,
                    "is_deprecated": false,
                    "name": "hil",
                    "unavailable_after": ""
                  },
                  {
                    "deprecation_announced": "2025-10-16T06:00:00Z",
                    "id": 6,
                    "is_deprecated": true,
                    "name": "sin",
                    "unavailable_after": "2025-12-31T23:59:59Z"
                  }
                ],
                "memory": 16,
                "name": "cpx41",
                "storage_type": "local",
                "unavailable_after": ""
              },
              {
                "architecture": "x86",
                "category": "regular_purpose",
                "cores": 16,
                "cpu_type": "shared",
                "deprecation_announced": "",
                "description": "CPX 51",
                "disk": 360,
                "id": 26,
                "included_traffic": 0,
                "is_deprecated": false,
                "locations": [
                  {
                    "deprecation_announced": "2025-10-16T06:00:00Z",
                    "id": 1,
                    "is_deprecated": true,
                    "name": "fsn1",
                    "unavailable_after": "2025-12-31T23:59:59Z"
                  },
                  {
                    "deprecation_announced": "2025-10-16T06:00:00Z",
                    "id": 2,
                    "is_deprecated": true,
                    "name": "nbg1",
                    "unavailable_after": "2025-12-31T23:59:59Z"
                  },
                  {
                    "deprecation_announced": "2025-10-16T06:00:00Z",
                    "id": 3,
                    "is_deprecated": true,
                    "name": "hel1",
                    "unavailable_after": "2025-12-31T23:59:59Z"
                  },
                  {
                    "deprecation_announced": "",
                    "id": 4,
                    "is_deprecated": false,
                    "name": "ash",
                    "unavailable_after": ""
                  },
                  {
                    "deprecation_announced": "",
                    "id": 5,
                    "is_deprecated": false,
                    "name": "hil",
                    "unavailable_after": ""
                  },
                  {
                    "deprecation_announced": "2025-10-16T06:00:00Z",
                    "id": 6,
                    "is_deprecated": true,
                    "name": "sin",
                    "unavailable_after": "2025-12-31T23:59:59Z"
                  }
                ],
                "memory": 32,
                "name": "cpx51",
                "storage_type": "local",
                "unavailable_after": ""
              },
              {
                "architecture": "arm",
                "category": "cost_optimized",
                "cores": 2,
                "cpu_type": "shared",
                "deprecation_announced": "",
                "description": "CAX11",
                "disk": 40,
                "id": 45,
                "included_traffic": 0,
                "is_deprecated": false,
                "locations": [
                  {
                    "deprecation_announced": "",
                    "id": 1,
                    "is_deprecated": false,
                    "name": "fsn1",
                    "unavailable_after": ""
                  },
                  {
                    "deprecation_announced": "",
                    "id": 2,
                    "is_deprecated": false,
                    "name": "nbg1",
                    "unavailable_after": ""
                  },
                  {
                    "deprecation_announced": "",
                    "id": 3,
                    "is_deprecated": false,
                    "name": "hel1",
                    "unavailable_after": ""
                  }
                ],
                "memory": 4,
                "name": "cax11",
                "storage_type": "local",
                "unavailable_after": ""
              },
              {
                "architecture": "arm",
                "category": "cost_optimized",
                "cores": 4,
                "cpu_type": "shared",
                "deprecation_announced": "",
                "description": "CAX21",
                "disk": 80,
                "id": 93,
                "included_traffic": 0,
                "is_deprecated": false,
                "locations": [
                  {
                    "deprecation_announced": "",
                    "id": 1,
                    "is_deprecated": false,
                    "name": "fsn1",
                    "unavailable_after": ""
                  },
                  {
                    "deprecation_announced": "",
                    "id": 2,
                    "is_deprecated": false,
                    "name": "nbg1",
                    "unavailable_after": ""
                  },
                  {
                    "deprecation_announced": "",
                    "id": 3,
                    "is_deprecated": false,
                    "name": "hel1",
                    "unavailable_after": ""
                  }
                ],
                "memory": 8,
                "name": "cax21",
                "storage_type": "local",
                "unavailable_after": ""
              },
              {
                "architecture": "arm",
                "category": "cost_optimized",
                "cores": 8,
                "cpu_type": "shared",
                "deprecation_announced": "",
                "description": "CAX31",
                "disk": 160,
                "id": 94,
                "included_traffic": 0,
                "is_deprecated": false,
                "locations": [
                  {
                    "deprecation_announced": "",
                    "id": 1,
                    "is_deprecated": false,
                    "name": "fsn1",
                    "unavailable_after": ""
                  },
                  {
                    "deprecation_announced": "",
                    "id": 2,
                    "is_deprecated": false,
                    "name": "nbg1",
                    "unavailable_after": ""
                  },
                  {
                    "deprecation_announced": "",
                    "id": 3,
                    "is_deprecated": false,
                    "name": "hel1",
                    "unavailable_after": ""
                  }
                ],
                "memory": 16,
                "name": "cax31",
                "storage_type": "local",
                "unavailable_after": ""
              },
              {
                "architecture": "arm",
                "category": "cost_optimized",
                "cores": 16,
                "cpu_type": "shared",
                "deprecation_announced": "",
                "description": "CAX41",
                "disk": 320,
                "id": 95,
                "included_traffic": 0,
                "is_deprecated": false,
                "locations": [
                  {
                    "deprecation_announced": "",
                    "id": 1,
                    "is_deprecated": false,
                    "name": "fsn1",
                    "unavailable_after": ""
                  },
                  {
                    "deprecation_announced": "",
                    "id": 2,
                    "is_deprecated": false,
                    "name": "nbg1",
                    "unavailable_after": ""
                  },
                  {
                    "deprecation_announced": "",
                    "id": 3,
                    "is_deprecated": false,
                    "name": "hel1",
                    "unavailable_after": ""
                  }
                ],
                "memory": 32,
                "name": "cax41",
                "storage_type": "local",
                "unavailable_after": ""
              },
              {
                "architecture": "x86",
                "category": "general_purpose",
                "cores": 2,
                "cpu_type": "dedicated",
                "deprecation_announced": "",
                "description": "CCX13 Dedicated CPU",
                "disk": 80,
                "id": 96,
                "included_traffic": 0,
                "is_deprecated": false,
                "locations": [
                  {
                    "deprecation_announced": "",
                    "id": 1,
                    "is_deprecated": false,
                    "name": "fsn1",
                    "unavailable_after": ""
                  },
                  {
                    "deprecation_announced": "",
                    "id": 2,
                    "is_deprecated": false,
                    "name": "nbg1",
                    "unavailable_after": ""
                  },
                  {
                    "deprecation_announced": "",
                    "id": 3,
                    "is_deprecated": false,
                    "name": "hel1",
                    "unavailable_after": ""
                  },
                  {
                    "deprecation_announced": "",
                    "id": 4,
                    "is_deprecated": false,
                    "name": "ash",
                    "unavailable_after": ""
                  },
                  {
                    "deprecation_announced": "",
                    "id": 5,
                    "is_deprecated": false,
                    "name": "hil",
                    "unavailable_after": ""
                  },
                  {
                    "deprecation_announced": "",
                    "id": 6,
                    "is_deprecated": false,
                    "name": "sin",
                    "unavailable_after": ""
                  }
                ],
                "memory": 8,
                "name": "ccx13",
                "storage_type": "local",
                "unavailable_after": ""
              },
              {
                "architecture": "x86",
                "category": "general_purpose",
                "cores": 4,
                "cpu_type": "dedicated",
                "deprecation_announced": "",
                "description": "CCX23 Dedicated CPU",
                "disk": 160,
                "id": 97,
                "included_traffic": 0,
                "is_deprecated": false,
                "locations": [
                  {
                    "deprecation_announced": "",
                    "id": 1,
                    "is_deprecated": false,
                    "name": "fsn1",
                    "unavailable_after": ""
                  },
                  {
                    "deprecation_announced": "",
                    "id": 2,
                    "is_deprecated": false,
                    "name": "nbg1",
                    "unavailable_after": ""
                  },
                  {
                    "deprecation_announced": "",
                    "id": 3,
                    "is_deprecated": false,
                    "name": "hel1",
                    "unavailable_after": ""
                  },
                  {
                    "deprecation_announced": "",
                    "id": 4,
                    "is_deprecated": false,
                    "name": "ash",
                    "unavailable_after": ""
                  },
                  {
                    "deprecation_announced": "",
                    "id": 5,
                    "is_deprecated": false,
                    "name": "hil",
                    "unavailable_after": ""
                  },
                  {
                    "deprecation_announced": "",
                    "id": 6,
                    "is_deprecated": false,
                    "name": "sin",
                    "unavailable_after": ""
                  }
                ],
                "memory": 16,
                "name": "ccx23",
                "storage_type": "local",
                "unavailable_after": ""
              },
              {
                "architecture": "x86",
                "category": "general_purpose",
                "cores": 8,
                "cpu_type": "dedicated",
                "deprecation_announced": "",
                "description": "CCX33 Dedicated CPU",
                "disk": 240,
                "id": 98,
                "included_traffic": 0,
                "is_deprecated": false,
                "locations": [
                  {
                    "deprecation_announced": "",
                    "id": 1,
                    "is_deprecated": false,
                    "name": "fsn1",
                    "unavailable_after": ""
                  },
                  {
                    "deprecation_announced": "",
                    "id": 2,
                    "is_deprecated": false,
                    "name": "nbg1",
                    "unavailable_after": ""
                  },
                  {
                    "deprecation_announced": "",
                    "id": 3,
                    "is_deprecated": false,
                    "name": "hel1",
                    "unavailable_after": ""
                  },
                  {
                    "deprecation_announced": "",
                    "id": 4,
                    "is_deprecated": false,
                    "name": "ash",
                    "unavailable_after": ""
                  },
                  {
                    "deprecation_announced": "",
                    "id": 5,
                    "is_deprecated": false,
                    "name": "hil",
                    "unavailable_after": ""
                  },
                  {
                    "deprecation_announced": "",
                    "id": 6,
                    "is_deprecated": false,
                    "name": "sin",
                    "unavailable_after": ""
                  }
                ],
                "memory": 32,
                "name": "ccx33",
                "storage_type": "local",
                "unavailable_after": ""
              },
              {
                "architecture": "x86",
                "category": "general_purpose",
                "cores": 16,
                "cpu_type": "dedicated",
                "deprecation_announced": "",
                "description": "CCX43 Dedicated CPU",
                "disk": 360,
                "id": 99,
                "included_traffic": 0,
                "is_deprecated": false,
                "locations": [
                  {
                    "deprecation_announced": "",
                    "id": 1,
                    "is_deprecated": false,
                    "name": "fsn1",
                    "unavailable_after": ""
                  },
                  {
                    "deprecation_announced": "",
                    "id": 2,
                    "is_deprecated": false,
                    "name": "nbg1",
                    "unavailable_after": ""
                  },
                  {
                    "deprecation_announced": "",
                    "id": 3,
                    "is_deprecated": false,
                    "name": "hel1",
                    "unavailable_after": ""
                  },
                  {
                    "deprecation_announced": "",
                    "id": 4,
                    "is_deprecated": false,
                    "name": "ash",
                    "unavailable_after": ""
                  },
                  {
                    "deprecation_announced": "",
                    "id": 5,
                    "is_deprecated": false,
                    "name": "hil",
                    "unavailable_after": ""
                  },
                  {
                    "deprecation_announced": "",
                    "id": 6,
                    "is_deprecated": false,
                    "name": "sin",
                    "unavailable_after": ""
                  }
                ],
                "memory": 64,
                "name": "ccx43",
                "storage_type": "local",
                "unavailable_after": ""
              },
              {
                "architecture": "x86",
                "category": "general_purpose",
                "cores": 32,
                "cpu_type": "dedicated",
                "deprecation_announced": "",
                "description": "CCX53 Dedicated CPU",
                "disk": 600,
                "id": 100,
                "included_traffic": 0,
                "is_deprecated": false,
                "locations": [
                  {
                    "deprecation_announced": "",
                    "id": 1,
                    "is_deprecated": false,
                    "name": "fsn1",
                    "unavailable_after": ""
                  },
                  {
                    "deprecation_announced": "",
                    "id": 2,
                    "is_deprecated": false,
                    "name": "nbg1",
                    "unavailable_after": ""
                  },
                  {
                    "deprecation_announced": "",
                    "id": 3,
                    "is_deprecated": false,
                    "name": "hel1",
                    "unavailable_after": ""
                  },
                  {
                    "deprecation_announced": "",
                    "id": 4,
                    "is_deprecated": false,
                    "name": "ash",
                    "unavailable_after": ""
                  },
                  {
                    "deprecation_announced": "",
                    "id": 5,
                    "is_deprecated": false,
                    "name": "hil",
                    "unavailable_after": ""
                  },
                  {
                    "deprecation_announced": "",
                    "id": 6,
                    "is_deprecated": false,
                    "name": "sin",
                    "unavailable_after": ""
                  }
                ],
                "memory": 128,
                "name": "ccx53",
                "storage_type": "local",
                "unavailable_after": ""
              },
              {
                "architecture": "x86",
                "category": "general_purpose",
                "cores": 48,
                "cpu_type": "dedicated",
                "deprecation_announced": "",
                "description": "CCX63 Dedicated CPU",
                "disk": 960,
                "id": 101,
                "included_traffic": 0,
                "is_deprecated": false,
                "locations": [
                  {
                    "deprecation_announced": "",
                    "id": 1,
                    "is_deprecated": false,
                    "name": "fsn1",
                    "unavailable_after": ""
                  },
                  {
                    "deprecation_announced": "",
                    "id": 2,
                    "is_deprecated": false,
                    "name": "nbg1",
                    "unavailable_after": ""
                  },
                  {
                    "deprecation_announced": "",
                    "id": 3,
                    "is_deprecated": false,
                    "name": "hel1",
                    "unavailable_after": ""
                  },
                  {
                    "deprecation_announced": "",
                    "id": 4,
                    "is_deprecated": false,
                    "name": "ash",
                    "unavailable_after": ""
                  },
                  {
                    "deprecation_announced": "",
                    "id": 5,
                    "is_deprecated": false,
                    "name": "hil",
                    "unavailable_after": ""
                  },
                  {
                    "deprecation_announced": "",
                    "id": 6,
                    "is_deprecated": false,
                    "name": "sin",
                    "unavailable_after": ""
                  }
                ],
                "memory": 192,
                "name": "ccx63",
                "storage_type": "local",
                "unavailable_after": ""
              },
              {
                "architecture": "x86",
                "category": "cost_optimized",
                "cores": 2,
                "cpu_type": "shared",
                "deprecation_announced": "2025-10-16T06:00:00Z",
                "description": "CX22",
                "disk": 40,
                "id": 104,
                "included_traffic": 0,
                "is_deprecated": true,
                "locations": [
                  {
                    "deprecation_announced": "2025-10-16T06:00:00Z",
                    "id": 1,
                    "is_deprecated": true,
                    "name": "fsn1",
                    "unavailable_after": "2025-12-31T23:59:59Z"
                  },
                  {
                    "deprecation_announced": "2025-10-16T06:00:00Z",
                    "id": 2,
                    "is_deprecated": true,
                    "name": "nbg1",
                    "unavailable_after": "2025-12-31T23:59:59Z"
                  },
                  {
                    "deprecation_announced": "2025-10-16T06:00:00Z",
                    "id": 3,
                    "is_deprecated": true,
                    "name": "hel1",
                    "unavailable_after": "2025-12-31T23:59:59Z"
                  }
                ],
                "memory": 4,
                "name": "cx22",
                "storage_type": "local",
                "unavailable_after": "2025-12-31T23:59:59Z"
              },
              {
                "architecture": "x86",
                "category": "cost_optimized",
                "cores": 4,
                "cpu_type": "shared",
                "deprecation_announced": "2025-10-16T06:00:00Z",
                "description": "CX32",
                "disk": 80,
                "id": 105,
                "included_traffic": 0,
                "is_deprecated": true,
                "locations": [
                  {
                    "deprecation_announced": "2025-10-16T06:00:00Z",
                    "id": 1,
                    "is_deprecated": true,
                    "name": "fsn1",
                    "unavailable_after": "2025-12-31T23:59:59Z"
                  },
                  {
                    "deprecation_announced": "2025-10-16T06:00:00Z",
                    "id": 2,
                    "is_deprecated": true,
                    "name": "nbg1",
                    "unavailable_after": "2025-12-31T23:59:59Z"
                  },
                  {
                    "deprecation_announced": "2025-10-16T06:00:00Z",
                    "id": 3,
                    "is_deprecated": true,
                    "name": "hel1",
                    "unavailable_after": "2025-12-31T23:59:59Z"
                  }
                ],
                "memory": 8,
                "name": "cx32",
                "storage_type": "local",
                "unavailable_after": "2025-12-31T23:59:59Z"
              },
              {
                "architecture": "x86",
                "category": "cost_optimized",
                "cores": 8,
                "cpu_type": "shared",
                "deprecation_announced": "2025-10-16T06:00:00Z",
                "description": "CX42",
                "disk": 160,
                "id": 106,
                "included_traffic": 0,
                "is_deprecated": true,
                "locations": [
                  {
                    "deprecation_announced": "2025-10-16T06:00:00Z",
                    "id": 1,
                    "is_deprecated": true,
                    "name": "fsn1",
                    "unavailable_after": "2025-12-31T23:59:59Z"
                  },
                  {
                    "deprecation_announced": "2025-10-16T06:00:00Z",
                    "id": 2,
                    "is_deprecated": true,
                    "name": "nbg1",
                    "unavailable_after": "2025-12-31T23:59:59Z"
                  },
                  {
                    "deprecation_announced": "2025-10-16T06:00:00Z",
                    "id": 3,
                    "is_deprecated": true,
                    "name": "hel1",
                    "unavailable_after": "2025-12-31T23:59:59Z"
                  }
                ],
                "memory": 16,
                "name": "cx42",
                "storage_type": "local",
                "unavailable_after": "2025-12-31T23:59:59Z"
              },
              {
                "architecture": "x86",
                "category": "cost_optimized",
                "cores": 16,
                "cpu_type": "shared",
                "deprecation_announced": "2025-10-16T06:00:00Z",
                "description": "CX52",
                "disk": 320,
                "id": 107,
                "included_traffic": 0,
                "is_deprecated": true,
                "locations": [
                  {
                    "deprecation_announced": "2025-10-16T06:00:00Z",
                    "id": 1,
                    "is_deprecated": true,
                    "name": "fsn1",
                    "unavailable_after": "2025-12-31T23:59:59Z"
                  },
                  {
                    "deprecation_announced": "2025-10-16T06:00:00Z",
                    "id": 2,
                    "is_deprecated": true,
                    "name": "nbg1",
                    "unavailable_after": "2025-12-31T23:59:59Z"
                  },
                  {
                    "deprecation_announced": "2025-10-16T06:00:00Z",
                    "id": 3,
                    "is_deprecated": true,
                    "name": "hel1",
                    "unavailable_after": "2025-12-31T23:59:59Z"
                  }
                ],
                "memory": 32,
                "name": "cx52",
                "storage_type": "local",
                "unavailable_after": "2025-12-31T23:59:59Z"
              },
              {
                "architecture": "x86",
                "category": "regular_purpose",
                "cores": 1,
                "cpu_type": "shared",
                "deprecation_announced": "",
                "description": "CPX 12",
                "disk": 40,
                "id": 108,
                "included_traffic": 0,
                "is_deprecated": false,
                "locations": [
                  {
                    "deprecation_announced": "",
                    "id": 6,
                    "is_deprecated": false,
                    "name": "sin",
                    "unavailable_after": ""
                  }
                ],
                "memory": 2,
                "name": "cpx12",
                "storage_type": "local",
                "unavailable_after": ""
              },
              {
                "architecture": "x86",
                "category": "regular_purpose",
                "cores": 2,
                "cpu_type": "shared",
                "deprecation_announced": "",
                "description": "CPX 22",
                "disk": 80,
                "id": 109,
                "included_traffic": 0,
                "is_deprecated": false,
                "locations": [
                  {
                    "deprecation_announced": "",
                    "id": 1,
                    "is_deprecated": false,
                    "name": "fsn1",
                    "unavailable_after": ""
                  },
                  {
                    "deprecation_announced": "",
                    "id": 2,
                    "is_deprecated": false,
                    "name": "nbg1",
                    "unavailable_after": ""
                  },
                  {
                    "deprecation_announced": "",
                    "id": 3,
                    "is_deprecated": false,
                    "name": "hel1",
                    "unavailable_after": ""
                  },
                  {
                    "deprecation_announced": "",
                    "id": 6,
                    "is_deprecated": false,
                    "name": "sin",
                    "unavailable_after": ""
                  }
                ],
                "memory": 4,
                "name": "cpx22",
                "storage_type": "local",
                "unavailable_after": ""
              },
              {
                "architecture": "x86",
                "category": "regular_purpose",
                "cores": 4,
                "cpu_type": "shared",
                "deprecation_announced": "",
                "description": "CPX 32",
                "disk": 160,
                "id": 110,
                "included_traffic": 0,
                "is_deprecated": false,
                "locations": [
                  {
                    "deprecation_announced": "",
                    "id": 1,
                    "is_deprecated": false,
                    "name": "fsn1",
                    "unavailable_after": ""
                  },
                  {
                    "deprecation_announced": "",
                    "id": 2,
                    "is_deprecated": false,
                    "name": "nbg1",
                    "unavailable_after": ""
                  },
                  {
                    "deprecation_announced": "",
                    "id": 3,
                    "is_deprecated": false,
                    "name": "hel1",
                    "unavailable_after": ""
                  },
                  {
                    "deprecation_announced": "",
                    "id": 6,
                    "is_deprecated": false,
                    "name": "sin",
                    "unavailable_after": ""
                  }
                ],
                "memory": 8,
                "name": "cpx32",
                "storage_type": "local",
                "unavailable_after": ""
              },
              {
                "architecture": "x86",
                "category": "regular_purpose",
                "cores": 8,
                "cpu_type": "shared",
                "deprecation_announced": "",
                "description": "CPX 42",
                "disk": 320,
                "id": 111,
                "included_traffic": 0,
                "is_deprecated": false,
                "locations": [
                  {
                    "deprecation_announced": "",
                    "id": 1,
                    "is_deprecated": false,
                    "name": "fsn1",
                    "unavailable_after": ""
                  },
                  {
                    "deprecation_announced": "",
                    "id": 2,
                    "is_deprecated": false,
                    "name": "nbg1",
                    "unavailable_after": ""
                  },
                  {
                    "deprecation_announced": "",
                    "id": 3,
                    "is_deprecated": false,
                    "name": "hel1",
                    "unavailable_after": ""
                  },
                  {
                    "deprecation_announced": "",
                    "id": 6,
                    "is_deprecated": false,
                    "name": "sin",
                    "unavailable_after": ""
                  }
                ],
                "memory": 16,
                "name": "cpx42",
                "storage_type": "local",
                "unavailable_after": ""
              },
              {
                "architecture": "x86",
                "category": "regular_purpose",
                "cores": 12,
                "cpu_type": "shared",
                "deprecation_announced": "",
                "description": "CPX 52",
                "disk": 480,
                "id": 112,
                "included_traffic": 0,
                "is_deprecated": false,
                "locations": [
                  {
                    "deprecation_announced": "",
                    "id": 1,
                    "is_deprecated": false,
                    "name": "fsn1",
                    "unavailable_after": ""
                  },
                  {
                    "deprecation_announced": "",
                    "id": 2,
                    "is_deprecated": false,
                    "name": "nbg1",
                    "unavailable_after": ""
                  },
                  {
                    "deprecation_announced": "",
                    "id": 3,
                    "is_deprecated": false,
                    "name": "hel1",
                    "unavailable_after": ""
                  },
                  {
                    "deprecation_announced": "",
                    "id": 6,
                    "is_deprecated": false,
                    "name": "sin",
                    "unavailable_after": ""
                  }
                ],
                "memory": 24,
                "name": "cpx52",
                "storage_type": "local",
                "unavailable_after": ""
              },
              {
                "architecture": "x86",
                "category": "regular_purpose",
                "cores": 16,
                "cpu_type": "shared",
                "deprecation_announced": "",
                "description": "CPX 62",
                "disk": 640,
                "id": 113,
                "included_traffic": 0,
                "is_deprecated": false,
                "locations": [
                  {
                    "deprecation_announced": "",
                    "id": 1,
                    "is_deprecated": false,
                    "name": "fsn1",
                    "unavailable_after": ""
                  },
                  {
                    "deprecation_announced": "",
                    "id": 2,
                    "is_deprecated": false,
                    "name": "nbg1",
                    "unavailable_after": ""
                  },
                  {
                    "deprecation_announced": "",
                    "id": 3,
                    "is_deprecated": false,
                    "name": "hel1",
                    "unavailable_after": ""
                  },
                  {
                    "deprecation_announced": "",
                    "id": 6,
                    "is_deprecated": false,
                    "name": "sin",
                    "unavailable_after": ""
                  }
                ],
                "memory": 32,
                "name": "cpx62",
                "storage_type": "local",
                "unavailable_after": ""
              },
              {
                "architecture": "x86",
                "category": "cost_optimized",
                "cores": 2,
                "cpu_type": "shared",
                "deprecation_announced": "",
                "description": "CX 23",
                "disk": 40,
                "id": 114,
                "included_traffic": 0,
                "is_deprecated": false,
                "locations": [
                  {
                    "deprecation_announced": "",
                    "id": 1,
                    "is_deprecated": false,
                    "name": "fsn1",
                    "unavailable_after": ""
                  },
                  {
                    "deprecation_announced": "",
                    "id": 2,
                    "is_deprecated": false,
                    "name": "nbg1",
                    "unavailable_after": ""
                  },
                  {
                    "deprecation_announced": "",
                    "id": 3,
                    "is_deprecated": false,
                    "name": "hel1",
                    "unavailable_after": ""
                  }
                ],
                "memory": 4,
                "name": "cx23",
                "storage_type": "local",
                "unavailable_after": ""
              },
              {
                "architecture": "x86",
                "category": "cost_optimized",
                "cores": 4,
                "cpu_type": "shared",
                "deprecation_announced": "",
                "description": "CX 33",
                "disk": 80,
                "id": 115,
                "included_traffic": 0,
                "is_deprecated": false,
                "locations": [
                  {
                    "deprecation_announced": "",
                    "id": 1,
                    "is_deprecated": false,
                    "name": "fsn1",
                    "unavailable_after": ""
                  },
                  {
                    "deprecation_announced": "",
                    "id": 2,
                    "is_deprecated": false,
                    "name": "nbg1",
                    "unavailable_after": ""
                  },
                  {
                    "deprecation_announced": "",
                    "id": 3,
                    "is_deprecated": false,
                    "name": "hel1",
                    "unavailable_after": ""
                  }
                ],
                "memory": 8,
                "name": "cx33",
                "storage_type": "local",
                "unavailable_after": ""
              },
              {
                "architecture": "x86",
                "category": "cost_optimized",
                "cores": 8,
                "cpu_type": "shared",
                "deprecation_announced": "",
                "description": "CX 43",
                "disk": 160,
                "id": 116,
                "included_traffic": 0,
                "is_deprecated": false,
                "locations": [
                  {
                    "deprecation_announced": "",
                    "id": 1,
                    "is_deprecated": false,
                    "name": "fsn1",
                    "unavailable_after": ""
                  },
                  {
                    "deprecation_announced": "",
                    "id": 2,
                    "is_deprecated": false,
                    "name": "nbg1",
                    "unavailable_after": ""
                  },
                  {
                    "deprecation_announced": "",
                    "id": 3,
                    "is_deprecated": false,
                    "name": "hel1",
                    "unavailable_after": ""
                  }
                ],
                "memory": 16,
                "name": "cx43",
                "storage_type": "local",
                "unavailable_after": ""
              },
              {
                "architecture": "x86",
                "category": "cost_optimized",
                "cores": 16,
                "cpu_type": "shared",
                "deprecation_announced": "",
                "description": "CX 53",
                "disk": 320,
                "id": 117,
                "included_traffic": 0,
                "is_deprecated": false,
                "locations": [
                  {
                    "deprecation_announced": "",
                    "id": 1,
                    "is_deprecated": false,
                    "name": "fsn1",
                    "unavailable_after": ""
                  },
                  {
                    "deprecation_announced": "",
                    "id": 2,
                    "is_deprecated": false,
                    "name": "nbg1",
                    "unavailable_after": ""
                  },
                  {
                    "deprecation_announced": "",
                    "id": 3,
                    "is_deprecated": false,
                    "name": "hel1",
                    "unavailable_after": ""
                  }
                ],
                "memory": 32,
                "name": "cx53",
                "storage_type": "local",
                "unavailable_after": ""
              }
            ]
          },
          "sensitive_attributes": []
        }
      ]
    },
    {
      "module": "module.tenant",
      "mode": "managed",
      "type": "cloudflare_dns_record",
      "name": "faraday",
      "provider": "module.tenant.provider[\"registry.terraform.io/cloudflare/cloudflare\"]",
      "instances": [
        {
          "schema_version": 0,
          "attributes": {
            "comment": null,
            "comment_modified_on": null,
            "content": "157.180.88.232",
            "created_on": "2025-10-20T15:34:45Z",
            "data": null,
            "id": "c02200b4ae7611e9d9ba0882c7988888",
            "meta": "{}",
            "modified_on": "2025-10-20T15:34:45Z",
            "name": "faraday.demo.spm.openshield.io",
            "priority": null,
            "proxiable": true,
            "proxied": false,
            "settings": {
              "flatten_cname": null,
              "ipv4_only": null,
              "ipv6_only": null
            },
            "tags": [],
            "tags_modified_on": null,
            "ttl": 3600,
            "type": "A",
            "zone_id": "f92c4f6137dffe0e40aa658cc70e3fa8"
          },
          "sensitive_attributes": [],
          "dependencies": [
            "module.tenant.data.cloudflare_zone.openshield",
            "module.tenant.data.hcloud_server_type.selected",
            "module.tenant.data.hcloud_server_types.all",
            "module.tenant.hcloud_server.tenant_server",
            "module.tenant.hcloud_ssh_key.ssh_key",
            "module.tenant.tls_private_key.ssh_key"
          ]
        }
      ]
    },
    {
      "module": "module.tenant",
      "mode": "managed",
      "type": "hcloud_server",
      "name": "tenant_server",
      "provider": "module.tenant.provider[\"registry.terraform.io/hetznercloud/hcloud\"]",
      "instances": [
        {
          "schema_version": 0,
          "attributes": {
            "allow_deprecated_images": false,
            "backup_window": "",
            "backups": false,
            "datacenter": "hel1-dc2",
            "delete_protection": false,
            "firewall_ids": [],
            "id": "111181266",
            "ignore_remote_firewall_ids": false,
            "image": "ubuntu-22.04",
            "ipv4_address": "157.180.88.232",
            "ipv6_address": "2a01:4f9:c013:feed::1",
            "ipv6_network": "2a01:4f9:c013:feed::/64",
            "iso": null,
            "keep_disk": false,
            "labels": {
              "solution": "spm",
              "tenant": "demo"
            },
            "location": "hel1",
            "name": "spm-tenant-demo",
            "network": [],
            "placement_group_id": 0,
            "primary_disk_size": 80,
            "public_net": [],
            "rebuild_protection": false,
            "rescue": null,
            "server_type": "cpx21",
            "shutdown_before_deletion": false,
            "ssh_keys": [
              "103302708"
            ],
            "status": "running",
            "timeouts": null,
            "user_data": "bi1ev8Eire7hOLbO0pBokIbPl1Y="
          },
          "sensitive_attributes": [],
          "private": "eyJlMmJmYjczMC1lY2FhLTExZTYtOGY4OC0zNDM2M2JjN2M0YzAiOnsiY3JlYXRlIjo1NDAwMDAwMDAwMDAwfX0=",
          "dependencies": [
            "module.tenant.data.hcloud_server_type.selected",
            "module.tenant.data.hcloud_server_types.all",
            "module.tenant.hcloud_ssh_key.ssh_key",
            "module.tenant.tls_private_key.ssh_key"
          ]
        }
      ]
    },
    {
      "module": "module.tenant",
      "mode": "managed",
      "type": "hcloud_ssh_key",
      "name": "ssh_key",
      "provider": "module.tenant.provider[\"registry.terraform.io/hetznercloud/hcloud\"]",
      "instances": [
        {
          "schema_version": 0,
          "attributes": {
            "fingerprint": "73:06:a4:1e:27:d5:47:64:d8:b4:6e:10:05:62:bc:39",
            "id": "103302708",
            "labels": {
              "solution": "spm",
              "tenant": "demo"
            },
            "name": "demo-ssh-key",
            "public_key": "ssh-rsa AAAAB3NzaC1yc2EAAAADAQABAAACAQDjUB9js7qa5/PlKktBfOviA1Bl1DuYELw4KMcvcatb0fSkoLIBQ11l1IEF8J5SwZGy1jl1rngUnyzX9ZEyOgNRQLnYu+Lk3XUhaaHQMMcR08+bsFwCdYRkjlaTj/UAoadbgLzIIKgmsbG/X+MHHepp37jChqhnrg5b3eOfWApvMuthS8Ctkfotv5lz9VmJHwbpbM56kOQHtCtWmilv+Gt852pQ416eEOyn1SIVz5pOkiw1xki7Lh5Qh+A8zv7jIdxjaxsniHSmpCbm3wIt7DQQqv+cVHD9R3qUdyAALoYSCXnGJVVDQ4mhOhHIUFh9qb/x3RWN/3XrKrmhaaIQX/ssFWNk9MDgKQ2QHuLvWCAujXdt2gtGig1Z9jjuoD9NmJCW4Ds6DzZ0uZmtJKLBJog1mgIgO+vRPLjzO6WwVCQz86W59UiHXOL+wax9VR7VsDlcYlRA32b8CWLhF0EtOShDayo4sh8cOqoyKCM/IfAMLBtWqhTGxYQETL5BA2xmRj85lTGiw5Z5wgkNcoGpoMukqCaO65edBpr87GYIClkKn76KoIKn9p3H5v1TolBtD6yHstqxmJKzh0FTIO4DohGo+3aBpRt4XDBuNFKCKDRxcrgZsiCGr/H10jiK9tBWxP+ayfpwhZ2U0dYKqzfXMb9Hpgt3whZ6p05SeYhwPFwa0Q==\n"
          },
          "sensitive_attributes": [],
          "dependencies": [
            "module.tenant.tls_private_key.ssh_key"
          ]
        }
      ]
    },
    {
      "module": "module.tenant",
      "mode": "managed",
      "type": "hcloud_volume",
      "name": "tenant_volume",
      "provider": "module.tenant.provider[\"registry.terraform.io/hetznercloud/hcloud\"]",
      "instances": [
        {
          "schema_version": 0,
          "attributes": {
            "automount": true,
            "delete_protection": false,
            "format": "ext4",
            "id": "103776710",
            "labels": {
              "solution": "spm",
              "tenant": "demo"
            },
            "linux_device": "/dev/disk/by-id/scsi-0HC_Volume_103776710",
            "location": "hel1",
            "name": "spm-tenant-demo-volume",
            "server_id": 111181266,
            "size": 50
          },
          "sensitive_attributes": [],
          "private": "bnVsbA==",
          "dependencies": [
            "module.tenant.data.hcloud_server_type.selected",
            "module.tenant.data.hcloud_server_types.all",
            "module.tenant.hcloud_server.tenant_server",
            "module.tenant.hcloud_ssh_key.ssh_key",
            "module.tenant.tls_private_key.ssh_key"
          ]
        }
      ]
    },
    {
      "module": "module.tenant",
      "mode": "managed",
      "type": "local_file",
      "name": "configure_faraday_nginx_sh",
      "provider": "provider[\"registry.terraform.io/hashicorp/local\"]",
      "instances": [
        {
          "schema_version": 0,
          "attributes": {
            "content": "#!/usr/bin/env bash\n\necho \"Configuring Nginx for Faraday...\"\n\n# Request LetsEncrypt certificate for the domain\nsudo certbot certonly --nginx -d faraday.demo.spm.openshield.io --non-interactive --agree-tos -m certbot@cyberdef.cc --redirect | sudo tee /opt/faraday/certbot.log 2\u003e\u00261\n\n# Extract certificate and key paths\nCERT_PATH=$(grep -iE 'certificate is saved at:' /opt/faraday/certbot.log | awk '{print $5}')\nKEY_PATH=$(grep -iE 'key is saved at:' /opt/faraday/certbot.log | awk '{print $5}')\nif [ -z \"$CERT_PATH\" ] || [ -z \"$KEY_PATH\" ]; then\n    echo \"Failed to obtain SSL certificate. Check certbot log at /opt/faraday/certbot.log\"\n    exit 1\nfi\n\n# Generate Nginx configuration for Faraday\necho y | sudo faraday-manage generate-nginx-config --fqdn faraday.demo.spm.openshield.io --port 5985 --ws-port 9000 --ssl-certificate $CERT_PATH --ssl-key $KEY_PATH | awk 'BEGIN{p=0} /^.*NGINX Config$/{getline; getline; p=1} p{print}' | sudo tee /opt/faraday/faraday.conf 2\u003e\u00261\n\n# Move the generated config to Nginx sites-available\nsudo mv /opt/faraday/faraday.conf /etc/nginx/sites-available/faraday.conf\nsudo ln -sf /etc/nginx/sites-available/faraday.conf /etc/nginx/sites-enabled/faraday.conf\n\n# Test Nginx configuration\nsudo nginx -t\nif [ $? -ne 0 ]; then\n    echo \"Nginx configuration test failed. Please check the configuration file.\"\n    exit 1\nfi\n\n# Wait until no jobs for systemd-sysctl remain\nwhile systemctl list-jobs | grep -q systemd-sysctl; do sleep 1; done\n\n# Reload Nginx to apply the new configuration\nsudo systemctl reload nginx",
            "content_base64": null,
            "content_base64sha256": "zReJ6++nprJvqKbpcrbrCRqcb7Vt/Gg/WtZFkJdx9fE=",
            "content_base64sha512": "yNFmfuaYhcCKQ9WmKmz/1Jn4YaTjfLOAcJzTJPNMa1Elw5aOhndY8wA9ADn5y8BNCNcaxAOWoeL6GAzKWr87Vw==",
            "content_md5": "b534f353eb32e59fcb9678a99660004a",
            "content_sha1": "2a7258cf017d8aeb1db86048887cc12f02460efe",
            "content_sha256": "cd1789ebefa7a6b26fa8a6e972b6eb091a9c6fb56dfc683f5ad645909771f5f1",
            "content_sha512": "c8d1667ee69885c08a43d5a62a6cffd499f861a4e37cb380709cd324f34c6b5125c3968e867758f3003d0039f9cbc04d08d71ac40396a1e2fa180cca5abf3b57",
            "directory_permission": "0777",
            "file_permission": "0777",
            "filename": "modules/tenant/_rendered/configure-faraday-nginx.sh",
            "id": "2a7258cf017d8aeb1db86048887cc12f02460efe",
            "sensitive_content": null,
            "source": null
          },
          "sensitive_attributes": []
        }
      ]
    },
    {
      "module": "module.tenant",
      "mode": "managed",
      "type": "local_file",
      "name": "configure_faraday_sh",
      "provider": "provider[\"registry.terraform.io/hashicorp/local\"]",
      "instances": [
        {
          "schema_version": 0,
          "attributes": {
            "content": "# !/bin/bash\n\n# Install faraday-cli\nsudo pip3 install faraday-cli\n\n# Authenticate faraday-cli\nfaraday-cli auth -u faraday -p p6wYBKuuWLceLhU4 -f https://faraday.demo.spm.openshield.io\n\n# Create a default workspace\nfaraday-cli workspace create default",
            "content_base64": null,
            "content_base64sha256": "aa0o/a8bj5c9/om9nH13tSnSGHkPFH/bwd198DbPGpA=",
            "content_base64sha512": "dxE7dotFNXDNz3lMVmg9CFOxpl/UnL1qfqlwXPk0GLgjuWt8X+i9nUUdA4jSK/so/G5I6mGUThutHHjswvyQ7w==",
            "content_md5": "005b35a5a7da441d52d92b842cfdbd54",
            "content_sha1": "53b34269b1c28f1a460b3f7f1d4513139c5b591c",
            "content_sha256": "69ad28fdaf1b8f973dfe89bd9c7d77b529d218790f147fdbc1dd7df036cf1a90",
            "content_sha512": "77113b768b453570cdcf794c56683d0853b1a65fd49cbd6a7ea9705cf93418b823b96b7c5fe8bd9d451d0388d22bfb28fc6e48ea61944e1bad1c78ecc2fc90ef",
            "directory_permission": "0777",
            "file_permission": "0777",
            "filename": "modules/tenant/_rendered/configure-faraday.sh",
            "id": "53b34269b1c28f1a460b3f7f1d4513139c5b591c",
            "sensitive_content": null,
            "source": null
          },
          "sensitive_attributes": [
            [
              {
                "type": "get_attr",
                "value": "content"
              }
            ]
          ],
          "dependencies": [
            "module.tenant.random_password.faraday_password"
          ]
        }
      ]
    },
    {
      "module": "module.tenant",
      "mode": "managed",
      "type": "local_file",
      "name": "install_faraday_sh",
      "provider": "provider[\"registry.terraform.io/hashicorp/local\"]",
      "instances": [
        {
          "schema_version": 0,
          "attributes": {
            "content": "# !/bin/bash\n\n# A helper script to install Faraday on an Ubuntu server.\n# OS: Ubuntu 20.04 or later\n# Usage: ./install-faraday.sh \u003cVERSION|latest\u003e\n# Example: ./install-faraday.sh latest\n#\n# Author: YordanOpenShield\n\necho \"Starting Faraday installation...\"\n\n# Create necessary directories\nsudo mkdir -p /opt/faraday\ncd /opt/faraday\n\n# Get latest version tag\nVERSION=latest\nif [ -z \"$VERSION\" ] || [ \"$VERSION\" = \"latest\" ]; then\n  echo \"Fetching latest Faraday release from GitHub...\"\n  # prefer jq if available\n  if command -v jq \u003e/dev/null 2\u003e\u00261; then\n    VERSION=$(curl -s https://api.github.com/repos/infobyte/faraday/releases/latest | jq -r .tag_name)\n  else\n    VERSION=$(curl -s https://api.github.com/repos/infobyte/faraday/releases/latest | grep -oP '\"tag_name\":\\s*\"\\K(.*)(?=\")' || true)\n  fi\n\n  if [ -z \"$VERSION\" ]; then\n    echo \"Failed to determine latest Faraday version.\"\n    exit 1\n  fi\n  echo \"Latest version is $VERSION\"\nfi\n\n# Download Faraday\nsudo wget https://github.com/infobyte/faraday/releases/download/$VERSION/faraday-server_amd64.deb\n\n# Wait until no jobs for systemd-sysctl remain\nwhile systemctl list-jobs | grep -q systemd-sysctl; do sleep 1; done\n\n# Make sure dependencies are installed\nsudo apt-get install -y postgresql redis python3 python3-pip\n\n# Wait until no jobs for systemd-sysctl remain\nwhile systemctl list-jobs | grep -q systemd-sysctl; do sleep 1; done\n\n# Install Faraday\nsudo apt install -f /opt/faraday/faraday-server_amd64.deb -y\n\n# Add current user to faraday group\nsudo usermod -aG faraday $(whoami)\n\n# Initialize Faraday database\nsudo faraday-manage initdb\n\n# Change faraday's admin password\nsudo faraday-manage change-password --username faraday --password p6wYBKuuWLceLhU4\n\n# Wait until no jobs for systemd-sysctl remain\nwhile systemctl list-jobs | grep -q systemd-sysctl; do sleep 1; done\n\n# Reload systemd to recognize Faraday services\nsudo systemctl daemon-reload\n\n# Start and enable Faraday services\nsudo systemctl start faraday-server\nsudo systemctl enable faraday-server\n\nsudo systemctl start faraday-worker\nsudo systemctl enable faraday-worker\n\n# Make sure Faraday is running\nif systemctl is-active --quiet faraday-server; then\n    echo \"Faraday server is running.\"\nelse\n    echo \"Faraday server failed to start.\"\n    exit 1\nfi",
            "content_base64": null,
            "content_base64sha256": "L9gLRYT7Xdq1upn8HULFTtk03FCxp6/yC5uyiVOjSac=",
            "content_base64sha512": "EkPN85b+ZfdTuSpDMxBpOrtb5/YuOIvOkdnKs9OHaLBESyZdxeHsM13+qMybUppg+teLebFyb03simsBD4d66A==",
            "content_md5": "78cd821150ea03b447e27f458911fe39",
            "content_sha1": "e075eb48a689c08524ae93f780ac3a1735e682eb",
            "content_sha256": "2fd80b4584fb5ddab5ba99fc1d42c54ed934dc50b1a7aff20b9bb28953a349a7",
            "content_sha512": "1243cdf396fe65f753b92a433310693abb5be7f62e388bce91d9cab3d38768b0444b265dc5e1ec335dfea8cc9b529a60fad78b79b1726f4dec8a6b010f877ae8",
            "directory_permission": "0777",
            "file_permission": "0777",
            "filename": "modules/tenant/_rendered/install-faraday.sh",
            "id": "e075eb48a689c08524ae93f780ac3a1735e682eb",
            "sensitive_content": null,
            "source": null
          },
          "sensitive_attributes": [
            [
              {
                "type": "get_attr",
                "value": "content"
              }
            ]
          ],
          "dependencies": [
            "module.tenant.random_password.faraday_password"
          ]
        }
      ]
    },
    {
      "module": "module.tenant",
      "mode": "managed",
      "type": "local_file",
      "name": "install_nginx_sh",
      "provider": "provider[\"registry.terraform.io/hashicorp/local\"]",
      "instances": [
        {
          "schema_version": 0,
          "attributes": {
            "content": "# !/bin/bash\n\necho \"Starting Nginx installation...\"\n\n# Wait until no jobs for systemd-sysctl remain\nwhile systemctl list-jobs | grep -q systemd-sysctl; do sleep 1; done\n\n# Install Nginx\nsudo apt install -y nginx\nsudo systemctl start nginx\nsudo systemctl enable nginx\n\n# Wait until no jobs for systemd-sysctl remain\nwhile systemctl list-jobs | grep -q systemd-sysctl; do sleep 1; done\n\n# Install certbot\nsudo apt install -y certbot python3-certbot-nginx\n\n# Adjust firewall to allow HTTP and HTTPS traffic\nsudo ufw allow http\nsudo ufw allow https",
            "content_base64": null,
            "content_base64sha256": "o4919IRfA5pOJeO7QoJD7ZxvTpydXFrk0+oPt/Lmwho=",
            "content_base64sha512": "rCkMXeyJ5UkcPvYhmyJPdJkexRED4JFQ4QNVYDaSR+BMGLsfYSIOZSAFCIPFUh19FirQUAxUhQd9LKItW0GQsA==",
            "content_md5": "e0c94e4b2e8b33c6f7489a8a6582c76f",
            "content_sha1": "5682968225ad55134c8c4bd36eda4b6e67362f53",
            "content_sha256": "a38f75f4845f039a4e25e3bb428243ed9c6f4e9c9d5c5ae4d3ea0fb7f2e6c21a",
            "content_sha512": "ac290c5dec89e5491c3ef6219b224f74991ec51103e09150e1035560369247e04c18bb1f61220e6520050883c5521d7d162ad0500c5485077d2ca22d5b4190b0",
            "directory_permission": "0777",
            "file_permission": "0777",
            "filename": "modules/tenant/_rendered/install-nginx.sh",
            "id": "5682968225ad55134c8c4bd36eda4b6e67362f53",
            "sensitive_content": null,
            "source": null
          },
          "sensitive_attributes": []
        }
      ]
    },
    {
      "module": "module.tenant",
      "mode": "managed",
      "type": "null_resource",
      "name": "provision_faraday_scripts",
      "provider": "provider[\"registry.terraform.io/hashicorp/null\"]",
      "instances": [
        {
          "schema_version": 0,
          "attributes": {
            "id": "7526085452719324423",
            "triggers": {
              "always_run": "2025-10-20T15:36:15Z"
            }
          },
          "sensitive_attributes": [],
          "dependencies": [
            "module.tenant.cloudflare_dns_record.faraday",
            "module.tenant.hcloud_server.tenant_server",
            "module.tenant.hcloud_volume.tenant_volume",
            "module.tenant.local_file.configure_faraday_nginx_sh",
            "module.tenant.local_file.install_faraday_sh",
            "module.tenant.local_file.install_nginx_sh",
            "module.tenant.random_password.faraday_password",
            "module.tenant.tls_private_key.ssh_key"
          ]
        }
      ]
    },
    {
      "module": "module.tenant",
      "mode": "managed",
      "type": "random_password",
      "name": "faraday_password",
      "provider": "provider[\"registry.terraform.io/hashicorp/random\"]",
      "instances": [
        {
          "schema_version": 3,
          "attributes": {
            "bcrypt_hash": "$2a$10$nwVjC6n9DVKyi1Q9k6KQ3uyon1X0Yvagau0BeegkCIeGYM9MG77nW",
            "id": "none",
            "keepers": null,
            "length": 16,
            "lower": true,
            "min_lower": 0,
            "min_numeric": 0,
            "min_special": 0,
            "min_upper": 0,
            "number": true,
            "numeric": true,
            "override_special": "_%@",
            "result": "p6wYBKuuWLceLhU4",
            "special": true,
            "upper": true
          },
          "sensitive_attributes": []
        }
      ]
    },
    {
      "module": "module.tenant",
      "mode": "managed",
      "type": "tls_private_key",
      "name": "ssh_key",
      "provider": "provider[\"registry.terraform.io/hashicorp/tls\"]",
      "instances": [
        {
          "schema_version": 1,
          "attributes": {
            "algorithm": "RSA",
            "ecdsa_curve": "P224",
            "id": "ec27972ede8f2a18ed6c449e96fc6ec3d5162181",
            "private_key_openssh": "-----BEGIN OPENSSH PRIVATE KEY-----\nb3BlbnNzaC1rZXktdjEAAAAABG5vbmUAAAAEbm9uZQAAAAAAAAABAAACFwAAAAdz\nc2gtcnNhAAAAAwEAAQAAAgEA41AfY7O6mufz5SpLQXzr4gNQZdQ7mBC8OCjHL3Gr\nW9H0pKCyAUNdZdSBBfCeUsGRstY5da54FJ8s1/WRMjoDUUC52Lvi5N11IWmh0DDH\nEdPPm7BcAnWEZI5Wk4/1AKGnW4C8yCCoJrGxv1/jBx3qad+4woaoZ64OW93jn1gK\nbzLrYUvArZH6Lb+Zc/VZiR8G6WzOepDkB7QrVpopb/hrfOdqUONenhDsp9UiFc+a\nTpIsNcZIuy4eUIfgPM7+4yHcY2sbJ4h0pqQm5t8CLew0EKr/nFRw/Ud6lHcgAC6G\nEgl5xiVVQ0OJoToRyFBYfam/8d0Vjf916yq5oWmiEF/7LBVjZPTA4CkNkB7i71gg\nLo13bdoLRooNWfY47qA/TZiQluA7Og82dLmZrSSiwSaINZoCIDvr0Ty48zulsFQk\nM/OlufVIh1zi/sGsfVUe1bA5XGJUQN9m/Ali4RdBLTkoQ2sqOLIfHDqqMigjPyHw\nDCwbVqoUxsWEBEy+QQNsZkY/OZUxosOWecIJDXKBqaDLpKgmjuuXnQaa/OxmCApZ\nCp++iqCCp/adx+b9U6JQbQ+sh7LasZiSs4dBUyDuA6IRqPt2gaUbeFwwbjRSgig0\ncXK4GbIghq/x9dI4ivbQVsT/msn6cIWdlNHWCqs31zG/R6YLd8IWeqdOUnmIcDxc\nGtEAAAc487OMJfOzjCUAAAAHc3NoLXJzYQAAAgEA41AfY7O6mufz5SpLQXzr4gNQ\nZdQ7mBC8OCjHL3GrW9H0pKCyAUNdZdSBBfCeUsGRstY5da54FJ8s1/WRMjoDUUC5\n2Lvi5N11IWmh0DDHEdPPm7BcAnWEZI5Wk4/1AKGnW4C8yCCoJrGxv1/jBx3qad+4\nwoaoZ64OW93jn1gKbzLrYUvArZH6Lb+Zc/VZiR8G6WzOepDkB7QrVpopb/hrfOdq\nUONenhDsp9UiFc+aTpIsNcZIuy4eUIfgPM7+4yHcY2sbJ4h0pqQm5t8CLew0EKr/\nnFRw/Ud6lHcgAC6GEgl5xiVVQ0OJoToRyFBYfam/8d0Vjf916yq5oWmiEF/7LBVj\nZPTA4CkNkB7i71ggLo13bdoLRooNWfY47qA/TZiQluA7Og82dLmZrSSiwSaINZoC\nIDvr0Ty48zulsFQkM/OlufVIh1zi/sGsfVUe1bA5XGJUQN9m/Ali4RdBLTkoQ2sq\nOLIfHDqqMigjPyHwDCwbVqoUxsWEBEy+QQNsZkY/OZUxosOWecIJDXKBqaDLpKgm\njuuXnQaa/OxmCApZCp++iqCCp/adx+b9U6JQbQ+sh7LasZiSs4dBUyDuA6IRqPt2\ngaUbeFwwbjRSgig0cXK4GbIghq/x9dI4ivbQVsT/msn6cIWdlNHWCqs31zG/R6YL\nd8IWeqdOUnmIcDxcGtEAAAADAQABAAACAAvdv7hnhlBrgba5qv0LsDqiW/zng9w6\nf2uFFsTPb8JsJukTKceuxGjk8NP7uCAaJ74eDcOAF0JS/uHKhB5gRee6Hm7bJrXg\n06pUsSmaP5dwJwXPF+Eu+6QjhA8m9C4TbOugwE9y2Pmldrcb99DZdcZkyJMrDrkp\ng761n295hpiVyrt6W2AUNJWqdgXGIzrpFOYe6SEf1YTgxGRnHs5QDw28UjdPxJLc\nJPvWlfVtMCEgOKZD/WxRX4FqXmvTjchomPB9rl4KyGAh8JVGbf7ctj5qgXZ1OALD\ndk7axcph+LC8sDqGR2RVWbwXY8dBCSWM33luRkpH3C1/E6VX9imvAQBhG9xRCafv\nIIzQRv9lyNRE6VzlFSch7sb45jPhEVfxW3jLDBCphlqdEYDAtifzLpRJnvcU5cng\nYMzQYAdlbE7AMTrYTggce7To21owmKFmofvLwDljzBhESXqScjkkxG6ErHrSgMEp\nMSzFb8ErubJ84wVdVSkhyrlUa5v6Q/Aysfpl/XFfVtuaNm2+osC3MIf0smD5mBFV\njLDtK++jwtfjilwg5vVjad7I/mV11L0w1WDT8ubTHqfFhDDYkRFg5U/dftG5TJms\nwf/2MZwoGajovop9s7oO7mcI/6NAEU1ED1vWIARMKq9MSxyDqo2K3MzBsOCwckoL\nBUpFW30n7yZDAAABAGQ8h6qmiwHvHh4B2CK2COzkUVhgAF7kNBG5DnwG5Ib1b5ZA\nF6AOB3P1iustKHU+9kTQaYOypXAM2O3ZC8IDKEdDLgh+s6IyNJjPVQdamgBdO1G/\nNHwxG3UbwMA188oJsC2w+nuADbNik7SXVozB2PlYHk9P0N+e50trNgyFYZJQYSZQ\nxtvw/WGQhhRid+aUHCM159W8HDyV4c32Ny2jdtU543bg0QQ8Oo9SSDIbjw+vM7pY\nt6fjgqYO0DE4iE25/jcpWbPQUvnXmOBwb7jDTl6/OHgIMzAJGJDx++oB9ojFh7ZM\n1OjklMPkRMjCT2B/sfJO3DRXhIm9OXlMP/LQBMoAAAEBAPHImtixAShnyEJWETBS\nB/96kr9Tt+VemgZ4g9PuwPjOoacSBkQwjBkp6iWNSMRtxjb6RjB0aydiu9Kj8x+K\nMwdAgzmVbBITBwDK+vRQb7pzm44jFguRXgiHb1l2Dqtprj7UYn6L4dP6SR+aoySS\niFtl+a5D8c1z71wtAeVG9uGlbXdeBi7bNZpBpeE47WaInIAdLwhFduwsbqlnH1vF\nLVz8xXLYn+LKxjyjIdGpLwCcvnfWA5SVVLZsh2L/asYeBSGGGOflWL0DGsIJnyxg\nmoM3z9s774ZU4wDy9V6uTcQGrJd/BNXqMDM7xscGcn3bC8FL6MAXsAuv/H7PVLAK\nhyMAAAEBAPCts6Geu5zNiz0UlKpdF/HyyyHyZL7atLyLJMBGi+Xtkk+1E/8tW5f8\nFy/nVsjz2dcLo+3k3U9KYROQjbFv8xe47m8cEm+6ky3yzbi6/jdEsTjcCiNtjR0M\nkS/1k+KYFk5x1dQgOtERXUh/Vcb//RF1jaU8z880c6L2aNgJ1rVW+yxkgH/P74gk\nmAn4R/Lh1N6XspNDkA0irn9+AaKIEVACApfAbvA/vffvh8NkzkW+VfulgK42jByF\n2ZDd7U481wkquKv6BqCV8cTAqRaa1QwNRbF2ZhnNg82XoJ23WuBTUXuppTctvWra\naEysUhOomXEqfBbi7mCnYXeKybRHb3sAAAAAAQID\n-----END OPENSSH PRIVATE KEY-----\n",
            "private_key_pem": "-----BEGIN RSA PRIVATE KEY-----\nMIIJKAIBAAKCAgEA41AfY7O6mufz5SpLQXzr4gNQZdQ7mBC8OCjHL3GrW9H0pKCy\nAUNdZdSBBfCeUsGRstY5da54FJ8s1/WRMjoDUUC52Lvi5N11IWmh0DDHEdPPm7Bc\nAnWEZI5Wk4/1AKGnW4C8yCCoJrGxv1/jBx3qad+4woaoZ64OW93jn1gKbzLrYUvA\nrZH6Lb+Zc/VZiR8G6WzOepDkB7QrVpopb/hrfOdqUONenhDsp9UiFc+aTpIsNcZI\nuy4eUIfgPM7+4yHcY2sbJ4h0pqQm5t8CLew0EKr/nFRw/Ud6lHcgAC6GEgl5xiVV\nQ0OJoToRyFBYfam/8d0Vjf916yq5oWmiEF/7LBVjZPTA4CkNkB7i71ggLo13bdoL\nRooNWfY47qA/TZiQluA7Og82dLmZrSSiwSaINZoCIDvr0Ty48zulsFQkM/OlufVI\nh1zi/sGsfVUe1bA5XGJUQN9m/Ali4RdBLTkoQ2sqOLIfHDqqMigjPyHwDCwbVqoU\nxsWEBEy+QQNsZkY/OZUxosOWecIJDXKBqaDLpKgmjuuXnQaa/OxmCApZCp++iqCC\np/adx+b9U6JQbQ+sh7LasZiSs4dBUyDuA6IRqPt2gaUbeFwwbjRSgig0cXK4GbIg\nhq/x9dI4ivbQVsT/msn6cIWdlNHWCqs31zG/R6YLd8IWeqdOUnmIcDxcGtECAwEA\nAQKCAgAL3b+4Z4ZQa4G2uar9C7A6olv854PcOn9rhRbEz2/CbCbpEynHrsRo5PDT\n+7ggGie+Hg3DgBdCUv7hyoQeYEXnuh5u2ya14NOqVLEpmj+XcCcFzxfhLvukI4QP\nJvQuE2zroMBPctj5pXa3G/fQ2XXGZMiTKw65KYO+tZ9veYaYlcq7eltgFDSVqnYF\nxiM66RTmHukhH9WE4MRkZx7OUA8NvFI3T8SS3CT71pX1bTAhIDimQ/1sUV+Bal5r\n043IaJjwfa5eCshgIfCVRm3+3LY+aoF2dTgCw3ZO2sXKYfiwvLA6hkdkVVm8F2PH\nQQkljN95bkZKR9wtfxOlV/YprwEAYRvcUQmn7yCM0Eb/ZcjUROlc5RUnIe7G+OYz\n4RFX8Vt4ywwQqYZanRGAwLYn8y6USZ73FOXJ4GDM0GAHZWxOwDE62E4IHHu06Nta\nMJihZqH7y8A5Y8wYREl6knI5JMRuhKx60oDBKTEsxW/BK7myfOMFXVUpIcq5VGub\n+kPwMrH6Zf1xX1bbmjZtvqLAtzCH9LJg+ZgRVYyw7Svvo8LX44pcIOb1Y2neyP5l\nddS9MNVg0/Lm0x6nxYQw2JERYOVP3X7RuUyZrMH/9jGcKBmo6L6KfbO6Du5nCP+j\nQBFNRA9b1iAETCqvTEscg6qNitzMwbDgsHJKCwVKRVt9J+8mQwKCAQEA8cia2LEB\nKGfIQlYRMFIH/3qSv1O35V6aBniD0+7A+M6hpxIGRDCMGSnqJY1IxG3GNvpGMHRr\nJ2K70qPzH4ozB0CDOZVsEhMHAMr69FBvunObjiMWC5FeCIdvWXYOq2muPtRifovh\n0/pJH5qjJJKIW2X5rkPxzXPvXC0B5Ub24aVtd14GLts1mkGl4TjtZoicgB0vCEV2\n7CxuqWcfW8UtXPzFctif4srGPKMh0akvAJy+d9YDlJVUtmyHYv9qxh4FIYYY5+VY\nvQMawgmfLGCagzfP2zvvhlTjAPL1Xq5NxAasl38E1eowMzvGxwZyfdsLwUvowBew\nC6/8fs9UsAqHIwKCAQEA8K2zoZ67nM2LPRSUql0X8fLLIfJkvtq0vIskwEaL5e2S\nT7UT/y1bl/wXL+dWyPPZ1wuj7eTdT0phE5CNsW/zF7jubxwSb7qTLfLNuLr+N0Sx\nONwKI22NHQyRL/WT4pgWTnHV1CA60RFdSH9Vxv/9EXWNpTzPzzRzovZo2AnWtVb7\nLGSAf8/viCSYCfhH8uHU3peyk0OQDSKuf34BoogRUAICl8Bu8D+99++Hw2TORb5V\n+6WArjaMHIXZkN3tTjzXCSq4q/oGoJXxxMCpFprVDA1FsXZmGc2DzZegnbda4FNR\ne6mlNy29atpoTKxSE6iZcSp8FuLuYKdhd4rJtEdvewKCAQBN1R8LzIcr46TSvfQQ\nkweiFWoyDxguzTJWDOubCMu0DIh7SNEdmGcxHo4SgpW/LftV7WE07fUkm6MM3tw/\n9fQRTJIxskk01E030x/QECi3Y8naiq7pEGWt5zNQIDH+uilubl46kHslCvgJJXWJ\nK2abzYr/rz2ivsR57r8ieKK25tMDTxA8ezKZMrLcer/pduayUzK1ve7XfkItZFXy\n69l7ip9hJhzqHA6OrJERdh38W3jxCMLkTOIVS4CVvNU5a6aJMSrJU8oqJlqxxfko\nhvyWaxwNXhDwNFlTD+MvFHtSNDfRGQGMfzP++io2HXwzyZTSJ8aIN9fjG0bz53hC\np1DzAoIBAQDLB20SOOpBU29THmpu8MtDUjKjt2vfSHXQ23wsKxbW5rtXPATbbXLn\n2kPhKEEgkfzBGNO32ioLOk58B6RP+4VRDLMuzbqLwBNqXnnGjQ/opazur0hqLH8u\n8ywDDiIrs2qV0Be2s12KgiB0CN7eWZItSUItEwim3bNy1HULUflqzi5ie4Ge0FVb\nPqt3NZfUP0eoYsXEzujU+93CNRTB/BDGsntncnDjgJILdmfLn90WHoNAHpRX4jH9\n2bf4Kg6GwnIQDJbulKNEklj6RiAdro1sdkHFe4CT4bd/FprqkQM7W23QaQKzcoVo\nf0ge7frrFH4kZdd6IwM+S9S/2DdhOiXDAoIBAGQ8h6qmiwHvHh4B2CK2COzkUVhg\nAF7kNBG5DnwG5Ib1b5ZAF6AOB3P1iustKHU+9kTQaYOypXAM2O3ZC8IDKEdDLgh+\ns6IyNJjPVQdamgBdO1G/NHwxG3UbwMA188oJsC2w+nuADbNik7SXVozB2PlYHk9P\n0N+e50trNgyFYZJQYSZQxtvw/WGQhhRid+aUHCM159W8HDyV4c32Ny2jdtU543bg\n0QQ8Oo9SSDIbjw+vM7pYt6fjgqYO0DE4iE25/jcpWbPQUvnXmOBwb7jDTl6/OHgI\nMzAJGJDx++oB9ojFh7ZM1OjklMPkRMjCT2B/sfJO3DRXhIm9OXlMP/LQBMo=\n-----END RSA PRIVATE KEY-----\n",
            "private_key_pem_pkcs8": "-----BEGIN PRIVATE KEY-----\nMIIJQgIBADANBgkqhkiG9w0BAQEFAASCCSwwggkoAgEAAoICAQDjUB9js7qa5/Pl\nKktBfOviA1Bl1DuYELw4KMcvcatb0fSkoLIBQ11l1IEF8J5SwZGy1jl1rngUnyzX\n9ZEyOgNRQLnYu+Lk3XUhaaHQMMcR08+bsFwCdYRkjlaTj/UAoadbgLzIIKgmsbG/\nX+MHHepp37jChqhnrg5b3eOfWApvMuthS8Ctkfotv5lz9VmJHwbpbM56kOQHtCtW\nmilv+Gt852pQ416eEOyn1SIVz5pOkiw1xki7Lh5Qh+A8zv7jIdxjaxsniHSmpCbm\n3wIt7DQQqv+cVHD9R3qUdyAALoYSCXnGJVVDQ4mhOhHIUFh9qb/x3RWN/3XrKrmh\naaIQX/ssFWNk9MDgKQ2QHuLvWCAujXdt2gtGig1Z9jjuoD9NmJCW4Ds6DzZ0uZmt\nJKLBJog1mgIgO+vRPLjzO6WwVCQz86W59UiHXOL+wax9VR7VsDlcYlRA32b8CWLh\nF0EtOShDayo4sh8cOqoyKCM/IfAMLBtWqhTGxYQETL5BA2xmRj85lTGiw5Z5wgkN\ncoGpoMukqCaO65edBpr87GYIClkKn76KoIKn9p3H5v1TolBtD6yHstqxmJKzh0FT\nIO4DohGo+3aBpRt4XDBuNFKCKDRxcrgZsiCGr/H10jiK9tBWxP+ayfpwhZ2U0dYK\nqzfXMb9Hpgt3whZ6p05SeYhwPFwa0QIDAQABAoICAAvdv7hnhlBrgba5qv0LsDqi\nW/zng9w6f2uFFsTPb8JsJukTKceuxGjk8NP7uCAaJ74eDcOAF0JS/uHKhB5gRee6\nHm7bJrXg06pUsSmaP5dwJwXPF+Eu+6QjhA8m9C4TbOugwE9y2Pmldrcb99DZdcZk\nyJMrDrkpg761n295hpiVyrt6W2AUNJWqdgXGIzrpFOYe6SEf1YTgxGRnHs5QDw28\nUjdPxJLcJPvWlfVtMCEgOKZD/WxRX4FqXmvTjchomPB9rl4KyGAh8JVGbf7ctj5q\ngXZ1OALDdk7axcph+LC8sDqGR2RVWbwXY8dBCSWM33luRkpH3C1/E6VX9imvAQBh\nG9xRCafvIIzQRv9lyNRE6VzlFSch7sb45jPhEVfxW3jLDBCphlqdEYDAtifzLpRJ\nnvcU5cngYMzQYAdlbE7AMTrYTggce7To21owmKFmofvLwDljzBhESXqScjkkxG6E\nrHrSgMEpMSzFb8ErubJ84wVdVSkhyrlUa5v6Q/Aysfpl/XFfVtuaNm2+osC3MIf0\nsmD5mBFVjLDtK++jwtfjilwg5vVjad7I/mV11L0w1WDT8ubTHqfFhDDYkRFg5U/d\nftG5TJmswf/2MZwoGajovop9s7oO7mcI/6NAEU1ED1vWIARMKq9MSxyDqo2K3MzB\nsOCwckoLBUpFW30n7yZDAoIBAQDxyJrYsQEoZ8hCVhEwUgf/epK/U7flXpoGeIPT\n7sD4zqGnEgZEMIwZKeoljUjEbcY2+kYwdGsnYrvSo/MfijMHQIM5lWwSEwcAyvr0\nUG+6c5uOIxYLkV4Ih29Zdg6raa4+1GJ+i+HT+kkfmqMkkohbZfmuQ/HNc+9cLQHl\nRvbhpW13XgYu2zWaQaXhOO1miJyAHS8IRXbsLG6pZx9bxS1c/MVy2J/iysY8oyHR\nqS8AnL531gOUlVS2bIdi/2rGHgUhhhjn5Vi9AxrCCZ8sYJqDN8/bO++GVOMA8vVe\nrk3EBqyXfwTV6jAzO8bHBnJ92wvBS+jAF7ALr/x+z1SwCocjAoIBAQDwrbOhnruc\nzYs9FJSqXRfx8ssh8mS+2rS8iyTARovl7ZJPtRP/LVuX/Bcv51bI89nXC6Pt5N1P\nSmETkI2xb/MXuO5vHBJvupMt8s24uv43RLE43AojbY0dDJEv9ZPimBZOcdXUIDrR\nEV1If1XG//0RdY2lPM/PNHOi9mjYCda1VvssZIB/z++IJJgJ+Efy4dTel7KTQ5AN\nIq5/fgGiiBFQAgKXwG7wP73374fDZM5FvlX7pYCuNowchdmQ3e1OPNcJKrir+gag\nlfHEwKkWmtUMDUWxdmYZzYPNl6Cdt1rgU1F7qaU3Lb1q2mhMrFITqJlxKnwW4u5g\np2F3ism0R297AoIBAE3VHwvMhyvjpNK99BCTB6IVajIPGC7NMlYM65sIy7QMiHtI\n0R2YZzEejhKClb8t+1XtYTTt9SSbowze3D/19BFMkjGySTTUTTfTH9AQKLdjydqK\nrukQZa3nM1AgMf66KW5uXjqQeyUK+AkldYkrZpvNiv+vPaK+xHnuvyJ4orbm0wNP\nEDx7Mpkystx6v+l25rJTMrW97td+Qi1kVfLr2XuKn2EmHOocDo6skRF2HfxbePEI\nwuRM4hVLgJW81TlrpokxKslTyiomWrHF+SiG/JZrHA1eEPA0WVMP4y8Ue1I0N9EZ\nAYx/M/76KjYdfDPJlNInxog31+MbRvPneEKnUPMCggEBAMsHbRI46kFTb1Meam7w\ny0NSMqO3a99IddDbfCwrFtbmu1c8BNttcufaQ+EoQSCR/MEY07faKgs6TnwHpE/7\nhVEMsy7NuovAE2peecaND+ilrO6vSGosfy7zLAMOIiuzapXQF7azXYqCIHQI3t5Z\nki1JQi0TCKbds3LUdQtR+WrOLmJ7gZ7QVVs+q3c1l9Q/R6hixcTO6NT73cI1FMH8\nEMaye2dycOOAkgt2Z8uf3RYeg0AelFfiMf3Zt/gqDobCchAMlu6Uo0SSWPpGIB2u\njWx2QcV7gJPht38WmuqRAztbbdBpArNyhWh/SB7t+usUfiRl13ojAz5L1L/YN2E6\nJcMCggEAZDyHqqaLAe8eHgHYIrYI7ORRWGAAXuQ0EbkOfAbkhvVvlkAXoA4Hc/WK\n6y0odT72RNBpg7KlcAzY7dkLwgMoR0MuCH6zojI0mM9VB1qaAF07Ub80fDEbdRvA\nwDXzygmwLbD6e4ANs2KTtJdWjMHY+VgeT0/Q357nS2s2DIVhklBhJlDG2/D9YZCG\nFGJ35pQcIzXn1bwcPJXhzfY3LaN21TnjduDRBDw6j1JIMhuPD68zuli3p+OCpg7Q\nMTiITbn+NylZs9BS+deY4HBvuMNOXr84eAgzMAkYkPH76gH2iMWHtkzU6OSUw+RE\nyMJPYH+x8k7cNFeEib05eUw/8tAEyg==\n-----END PRIVATE KEY-----\n",
            "public_key_fingerprint_md5": "73:06:a4:1e:27:d5:47:64:d8:b4:6e:10:05:62:bc:39",
            "public_key_fingerprint_sha256": "SHA256:zhvGRa+dqF8inTeESNyBvdVpHpb4kI7uxLFcDilCI/s",
            "public_key_openssh": "ssh-rsa AAAAB3NzaC1yc2EAAAADAQABAAACAQDjUB9js7qa5/PlKktBfOviA1Bl1DuYELw4KMcvcatb0fSkoLIBQ11l1IEF8J5SwZGy1jl1rngUnyzX9ZEyOgNRQLnYu+Lk3XUhaaHQMMcR08+bsFwCdYRkjlaTj/UAoadbgLzIIKgmsbG/X+MHHepp37jChqhnrg5b3eOfWApvMuthS8Ctkfotv5lz9VmJHwbpbM56kOQHtCtWmilv+Gt852pQ416eEOyn1SIVz5pOkiw1xki7Lh5Qh+A8zv7jIdxjaxsniHSmpCbm3wIt7DQQqv+cVHD9R3qUdyAALoYSCXnGJVVDQ4mhOhHIUFh9qb/x3RWN/3XrKrmhaaIQX/ssFWNk9MDgKQ2QHuLvWCAujXdt2gtGig1Z9jjuoD9NmJCW4Ds6DzZ0uZmtJKLBJog1mgIgO+vRPLjzO6WwVCQz86W59UiHXOL+wax9VR7VsDlcYlRA32b8CWLhF0EtOShDayo4sh8cOqoyKCM/IfAMLBtWqhTGxYQETL5BA2xmRj85lTGiw5Z5wgkNcoGpoMukqCaO65edBpr87GYIClkKn76KoIKn9p3H5v1TolBtD6yHstqxmJKzh0FTIO4DohGo+3aBpRt4XDBuNFKCKDRxcrgZsiCGr/H10jiK9tBWxP+ayfpwhZ2U0dYKqzfXMb9Hpgt3whZ6p05SeYhwPFwa0Q==\n",
            "public_key_pem": "-----BEGIN PUBLIC KEY-----\nMIICIjANBgkqhkiG9w0BAQEFAAOCAg8AMIICCgKCAgEA41AfY7O6mufz5SpLQXzr\n4gNQZdQ7mBC8OCjHL3GrW9H0pKCyAUNdZdSBBfCeUsGRstY5da54FJ8s1/WRMjoD\nUUC52Lvi5N11IWmh0DDHEdPPm7BcAnWEZI5Wk4/1AKGnW4C8yCCoJrGxv1/jBx3q\nad+4woaoZ64OW93jn1gKbzLrYUvArZH6Lb+Zc/VZiR8G6WzOepDkB7QrVpopb/hr\nfOdqUONenhDsp9UiFc+aTpIsNcZIuy4eUIfgPM7+4yHcY2sbJ4h0pqQm5t8CLew0\nEKr/nFRw/Ud6lHcgAC6GEgl5xiVVQ0OJoToRyFBYfam/8d0Vjf916yq5oWmiEF/7\nLBVjZPTA4CkNkB7i71ggLo13bdoLRooNWfY47qA/TZiQluA7Og82dLmZrSSiwSaI\nNZoCIDvr0Ty48zulsFQkM/OlufVIh1zi/sGsfVUe1bA5XGJUQN9m/Ali4RdBLTko\nQ2sqOLIfHDqqMigjPyHwDCwbVqoUxsWEBEy+QQNsZkY/OZUxosOWecIJDXKBqaDL\npKgmjuuXnQaa/OxmCApZCp++iqCCp/adx+b9U6JQbQ+sh7LasZiSs4dBUyDuA6IR\nqPt2gaUbeFwwbjRSgig0cXK4GbIghq/x9dI4ivbQVsT/msn6cIWdlNHWCqs31zG/\nR6YLd8IWeqdOUnmIcDxcGtECAwEAAQ==\n-----END PUBLIC KEY-----\n",
            "rsa_bits": 4096
          },
          "sensitive_attributes": []
        }
      ]
    }
  ],
  "check_results": null
}
