{
  "version": 4,
  "terraform_version": "1.5.0",
  "serial": 449,
  "lineage": "2bdfdec5-8c30-28c5-2bba-a5d893c95ad2",
  "outputs": {
    "tenant_host": {
      "value": "157.180.88.232",
      "type": "string"
    },
    "tenant_name": {
      "value": "demo",
      "type": "string"
    },
    "tenant_ssh_private_key": {
      "value": "-----BEGIN RSA PRIVATE KEY-----\nMIIJKAIBAAKCAgEA0wJ2dUr/632HaV84jmsocu9Zeu6OVpuYUfRiGZ3/NJaMet18\n0IHPzPrqaOfbrq2s723KmmZSVgs1NEL+4sPZc6dIHo44w8Gl5oO62hPZFAUXl7Vw\nJalawmltpVFcgTR5G10FRvGCj25mfp1SAs64oxQcutuv1AEzQ4ryUIXP1pJI45Xg\noMbq2JKTG5rOdmdK2nSjVDTbzPl44dDdn/J6VPlZgtizsw/Y4ZmPg498zwxw8rPZ\nlA8r2TkTng0WohnagV1adoJl/WYVnMrowOooM2K9OQzHtYl60wY69ZpQkDsrjpOy\nJMyDkStDfqtVZztQU70lPws5xc43g3vUFYVZ1QRL5JXKm/YVuiVGdCNv5J8zUoUR\nl2k1sPAMgV6p8DtpYIS8H34bUp/HOCzNx37PRs42EAlUTk5nI8zDvIVDpOTh/8Cn\npWkW3cf6pPDtktE09MxJxblOq2c2jF8ZmDmeUVkLJrrETcfGR4YeMpVWP96bm2Ur\n/+Tc9zs1+w0BpMT9tA6zgQuk0JjAiWz8ySE0VF9e+fkde08UilMUWZy/OxZ64nnp\nfbGmAvONVPSEGkf0N6pZNUrBRZpkurJkC+kuLSMp5sEUUjlFUMjjYLHdJYSHW3W6\nKiEIxdW9YA+06txFDNp70RTeeDfbUQTaZoVSQqXvdP5Fuac3UrVdhf4lXhsCAwEA\nAQKCAgAFO87nWtxdIWht5yQ2eBbxPtmH0InsQQC2q6qROxd83O0QERVK8KVQTrro\nrjOHMhyTdbQsPzR0mOORb8X1pujqUvBZfaqPxGpSfNryFMLyGaw7oY7uCDTNlKLZ\nElsKg1wrnxOF7nCQEStuoYVKt4jh1ppd0hwa1IrKdpRLBf6hMlCngGypYDWr+Hq4\nmQ7c5fP31iPE72iyPU/Pvgf5MyDwoZykP665Vr/I3K+wEiuE0SiuBGL1pqiuQxmm\n9mkkzSJbyg532QUhk1oe4POD8Wrc12qdEyGS8Z1/xWxJ8jFkWmtapnQpMH9k5t9O\nMX61SEXWRd86IJOmwdYjpzsb64pOUDiFK3R/p6Wwoxn3RsOsRdlthuSTD4dTFeZE\nKW0hA3I0WdWeCHtiPnzUkE9GLcc1xDfyZ9HiVirMZgT2uaZOjJJVljvpOHyVa/da\nRUe7TNHbpNHsRAUUxx1xBM2cZAZ3MEB7evSo6K7ONyjOoNkXlIrhlhUdBeWXPxjA\nyiBIzZdFhvu1zy3GtqD1IvJAHRYDh+p2ireISP31Ewk021OpQ5bktZaBYHgrofvE\nsfqqdtKPfJXTLL9M8ey/OVITxm7ZefP8VT/n5O2Pv6NSJEinC91tMTixZXCCmIiK\n2QBxzUrngNUPT017N5+v3uEg/AuPKW9NW9eQDvaJNbG8pAGfuQKCAQEA9XpASio8\njUP2B0+MwKE9Te0uV4T+Kz/jPc9xGbFPV4QnEvk2htzqETHsq8fgwOx8uSsRR618\npn82CRoQS5FXdTz7Km4wPT+bZbolmnsWi+KcH2+ZYBwYwhW86Y0DDDqULLj4Hx1x\ntWrTg4BCSG1rI16HxpAyveoxHNFre7g3yY4IMFGbCafJgGGLFprn6ZIbDp0A6Lz0\nRx00GAcWE1KRrfKcSrag0x+M4I+LDkhcT1NBRttICVlo1k31190NByWFqwqer7KS\nrUa83ByeXNSIU0lCxXSyfmOKpiVHvys0jWYQAQoFI7z+TchQttbOmIe4xWRxxJtK\nugdtfurguGQN6QKCAQEA3A36SfJAC8Rp1FJYlcNjHuygs7b4gds/mt/mCCJfcPjd\nJivRuGsZmJJzuHwtmqAqAT6NtyIHvuDU1LGCPIa5pqCBJpB6YnEkN3NAKcxmSvdm\n0j7f5WNE5I/mBT0FDXEXicOyHzZu4I5+9hfKZk819dS4H6PlPxrpScgInhxQ480L\nWKLRKGcJFCuwUPd8XuhJ3Oy89ARlPuRZTYM9oC3PFnSKdZAaNy9GQHFbsjRtfuKW\nS/oREra8DSJSMLSnFKWvnG37QSR2Qu0Rkg0c84BBIv52IrS3KWSTc8P5hLMptf6Y\nuiw+EKljD87jPMTa6NjWaw+m1awGHORF4BKucoT1YwKCAQBsLXjBdkWC940ngZ4E\nkcnjWn+OoBQmWRw6c/1ilinh5mIV0W9/FUGtXDPxK79XJaB9NYaC8Og6s1rLvgmq\nU52YE8yX0UE+7JX9yX+iyVWRRccJb3PGz/r1JQFAZx0NuY7s+oKVq7MdgLs/ezk6\nk8WgK5toHMnPubH1AjD8r50eHJJtQLkzExcQlWvnBVLoMrPrx7LL3eFEqZD4eb73\nuu5qGr1Xi43qHEBIAdoE7EyJxKXCpQXk4Nr7fhW2EDsaiCWUz7RIt0g+RisaUR5U\nyHBfS6y6OYgjfJhwSYOJsm+RVIX+/zxumG31Ny6itJ0MyNrbWj1sqAbRXk6ZnMZ1\nW9ppAoIBAQDCo9pu7ceYoPK6yttwHJLgF41NaNoGgleQNdrR9xVUZ8u0p62o4ZKS\nUXfqBmyQCHse/qV7Bq6zN0sJlrkLsF8l83JJGiImUM0n/tkSH6mbRZm8/cAstdGK\nGX3rxD1j1lRrlp1G3m7UUTYblo+ATy/7cVwrIFz1pGgUyspUj9c8p3ERxXIbuodd\nQAeElmN7zxsGPqAjdn/XUUNsPFmWBO7Xfd26fuuxRC9vcNUamyT+xo0KRvYzB07u\njx0D18axjJv4UY+b3xR7vhV8ifzBpP/4Y/s6V35rLnr+OqnJpm+OetO8WMXNFwZ4\nRRbZ+YVnz+RYbk+zT6VYiNEFkYCb6t7hAoIBAGxUmJeRAhjOLygljMLVB2PPqXwp\nWjyiSFMw4uZv62ncOsntEeA8nfsc8NsiYDE96Hm/++Jo/JjquMoPsG6shriylh4K\nrjD7hyG4+C+t21/xPY3bWyt5jgbJx19bji25HXR4KDvAkm2DW4JbUNxzrjQHxELD\nyMAxoFiHreSLMDMUjbWAQgKNkEzVvqsH/HU78Dm1QDoswyUmVJj/XzHa4Aqkoooa\nLF/Zfv/H4xyIH/DnGROkujrHpq0LGt52KMQmNSXbNaZWnCpVIdhQwlbYn1VOIxAF\nLz8QoYjeBm0QRwew+8ywJjIbnO72fZTI92saqhJOp2IX2Gwaj6a8fkBDpLo=\n-----END RSA PRIVATE KEY-----\n",
      "type": "string",
      "sensitive": true
    },
    "tenant_ssh_public_key": {
      "value": "ssh-rsa AAAAB3NzaC1yc2EAAAADAQABAAACAQDTAnZ1Sv/rfYdpXziOayhy71l67o5Wm5hR9GIZnf80lox63XzQgc/M+upo59uurazvbcqaZlJWCzU0Qv7iw9lzp0gejjjDwaXmg7raE9kUBReXtXAlqVrCaW2lUVyBNHkbXQVG8YKPbmZ+nVICzrijFBy626/UATNDivJQhc/WkkjjleCgxurYkpMbms52Z0radKNUNNvM+Xjh0N2f8npU+VmC2LOzD9jhmY+Dj3zPDHDys9mUDyvZOROeDRaiGdqBXVp2gmX9ZhWcyujA6igzYr05DMe1iXrTBjr1mlCQOyuOk7IkzIORK0N+q1VnO1BTvSU/CznFzjeDe9QVhVnVBEvklcqb9hW6JUZ0I2/knzNShRGXaTWw8AyBXqnwO2lghLwffhtSn8c4LM3Hfs9GzjYQCVROTmcjzMO8hUOk5OH/wKelaRbdx/qk8O2S0TT0zEnFuU6rZzaMXxmYOZ5RWQsmusRNx8ZHhh4ylVY/3pubZSv/5Nz3OzX7DQGkxP20DrOBC6TQmMCJbPzJITRUX175+R17TxSKUxRZnL87Fnrieel9saYC841U9IQaR/Q3qlk1SsFFmmS6smQL6S4tIynmwRRSOUVQyONgsd0lhIdbdboqIQjF1b1gD7Tq3EUM2nvRFN54N9tRBNpmhVJCpe90/kW5pzdStV2F/iVeGw==\n",
      "type": "string"
    }
  },
  "resources": [
    {
      "module": "module.tenant",
      "mode": "data",
      "type": "cloudflare_zone",
      "name": "openshield",
      "provider": "module.tenant.provider[\"registry.terraform.io/cloudflare/cloudflare\"]",
      "instances": [
        {
          "schema_version": 0,
          "attributes": {
            "account": {
              "id": "bca3124de7c86d659a959f06cb35043d",
              "name": "Cloudflare@cyberdef.cc's Account"
            },
            "activated_on": "2025-04-21T11:29:39Z",
            "cname_suffix": null,
            "created_on": "2025-04-21T11:00:21Z",
            "development_mode": 0,
            "filter": {
              "account": null,
              "direction": null,
              "match": null,
              "name": "openshield.io",
              "order": null,
              "status": null
            },
            "id": null,
            "meta": {
              "cdn_only": null,
              "custom_certificate_quota": 0,
              "dns_only": null,
              "foundation_dns": null,
              "page_rule_quota": 3,
              "phishing_detected": false,
              "step": 2
            },
            "modified_on": "2025-04-21T11:29:39Z",
            "name": "openshield.io",
            "name_servers": [
              "kiki.ns.cloudflare.com",
              "lloyd.ns.cloudflare.com"
            ],
            "original_dnshost": null,
            "original_name_servers": [
              "dns1.registrar-servers.com",
              "dns2.registrar-servers.com"
            ],
            "original_registrar": "namecheap, inc. (id: 1068)",
            "owner": {
              "id": null,
              "name": null,
              "type": "user"
            },
            "paused": false,
            "permissions": [
              "#dns_records:edit",
              "#dns_records:read",
              "#zone:read"
            ],
            "plan": {
              "can_subscribe": false,
              "currency": "USD",
              "externally_managed": false,
              "frequency": "",
              "id": "0feeeeeeeeeeeeeeeeeeeeeeeeeeeeee",
              "is_subscribed": false,
              "legacy_discount": false,
              "legacy_id": "free",
              "name": "Free Website",
              "price": 0
            },
            "status": "active",
            "tenant": {
              "id": null,
              "name": null
            },
            "tenant_unit": {
              "id": null
            },
            "type": "full",
            "vanity_name_servers": [],
            "verification_key": null,
            "zone_id": "f92c4f6137dffe0e40aa658cc70e3fa8"
          },
          "sensitive_attributes": []
        }
      ]
    },
    {
      "module": "module.tenant",
      "mode": "data",
      "type": "hcloud_server_type",
      "name": "selected",
      "provider": "module.tenant.provider[\"registry.terraform.io/hetznercloud/hcloud\"]",
      "instances": [
        {
          "index_key": "cpx21",
          "schema_version": 0,
          "attributes": {
            "architecture": "x86",
            "category": "regular_purpose",
            "cores": 3,
            "cpu_type": "shared",
            "deprecation_announced": "",
            "description": "CPX 21",
            "disk": 80,
            "id": 23,
            "included_traffic": 0,
            "is_deprecated": false,
            "locations": [
              {
                "deprecation_announced": "2025-10-16T06:00:00Z",
                "id": 1,
                "is_deprecated": true,
                "name": "fsn1",
                "unavailable_after": "2025-12-31T23:59:59Z"
              },
              {
                "deprecation_announced": "2025-10-16T06:00:00Z",
                "id": 2,
                "is_deprecated": true,
                "name": "nbg1",
                "unavailable_after": "2025-12-31T23:59:59Z"
              },
              {
                "deprecation_announced": "2025-10-16T06:00:00Z",
                "id": 3,
                "is_deprecated": true,
                "name": "hel1",
                "unavailable_after": "2025-12-31T23:59:59Z"
              },
              {
                "deprecation_announced": "",
                "id": 4,
                "is_deprecated": false,
                "name": "ash",
                "unavailable_after": ""
              },
              {
                "deprecation_announced": "",
                "id": 5,
                "is_deprecated": false,
                "name": "hil",
                "unavailable_after": ""
              },
              {
                "deprecation_announced": "2025-10-16T06:00:00Z",
                "id": 6,
                "is_deprecated": true,
                "name": "sin",
                "unavailable_after": "2025-12-31T23:59:59Z"
              }
            ],
            "memory": 4,
            "name": "cpx21",
            "storage_type": "local",
            "unavailable_after": ""
          },
          "sensitive_attributes": []
        },
        {
          "index_key": "cpx22",
          "schema_version": 0,
          "attributes": {
            "architecture": "x86",
            "category": "regular_purpose",
            "cores": 2,
            "cpu_type": "shared",
            "deprecation_announced": "",
            "description": "CPX 22",
            "disk": 80,
            "id": 109,
            "included_traffic": 0,
            "is_deprecated": false,
            "locations": [
              {
                "deprecation_announced": "",
                "id": 1,
                "is_deprecated": false,
                "name": "fsn1",
                "unavailable_after": ""
              },
              {
                "deprecation_announced": "",
                "id": 2,
                "is_deprecated": false,
                "name": "nbg1",
                "unavailable_after": ""
              },
              {
                "deprecation_announced": "",
                "id": 3,
                "is_deprecated": false,
                "name": "hel1",
                "unavailable_after": ""
              },
              {
                "deprecation_announced": "",
                "id": 6,
                "is_deprecated": false,
                "name": "sin",
                "unavailable_after": ""
              }
            ],
            "memory": 4,
            "name": "cpx22",
            "storage_type": "local",
            "unavailable_after": ""
          },
          "sensitive_attributes": []
        },
        {
          "index_key": "cpx31",
          "schema_version": 0,
          "attributes": {
            "architecture": "x86",
            "category": "regular_purpose",
            "cores": 4,
            "cpu_type": "shared",
            "deprecation_announced": "",
            "description": "CPX 31",
            "disk": 160,
            "id": 24,
            "included_traffic": 0,
            "is_deprecated": false,
            "locations": [
              {
                "deprecation_announced": "2025-10-16T06:00:00Z",
                "id": 1,
                "is_deprecated": true,
                "name": "fsn1",
                "unavailable_after": "2025-12-31T23:59:59Z"
              },
              {
                "deprecation_announced": "2025-10-16T06:00:00Z",
                "id": 2,
                "is_deprecated": true,
                "name": "nbg1",
                "unavailable_after": "2025-12-31T23:59:59Z"
              },
              {
                "deprecation_announced": "2025-10-16T06:00:00Z",
                "id": 3,
                "is_deprecated": true,
                "name": "hel1",
                "unavailable_after": "2025-12-31T23:59:59Z"
              },
              {
                "deprecation_announced": "",
                "id": 4,
                "is_deprecated": false,
                "name": "ash",
                "unavailable_after": ""
              },
              {
                "deprecation_announced": "",
                "id": 5,
                "is_deprecated": false,
                "name": "hil",
                "unavailable_after": ""
              },
              {
                "deprecation_announced": "2025-10-16T06:00:00Z",
                "id": 6,
                "is_deprecated": true,
                "name": "sin",
                "unavailable_after": "2025-12-31T23:59:59Z"
              }
            ],
            "memory": 8,
            "name": "cpx31",
            "storage_type": "local",
            "unavailable_after": ""
          },
          "sensitive_attributes": []
        },
        {
          "index_key": "cpx32",
          "schema_version": 0,
          "attributes": {
            "architecture": "x86",
            "category": "regular_purpose",
            "cores": 4,
            "cpu_type": "shared",
            "deprecation_announced": "",
            "description": "CPX 32",
            "disk": 160,
            "id": 110,
            "included_traffic": 0,
            "is_deprecated": false,
            "locations": [
              {
                "deprecation_announced": "",
                "id": 1,
                "is_deprecated": false,
                "name": "fsn1",
                "unavailable_after": ""
              },
              {
                "deprecation_announced": "",
                "id": 2,
                "is_deprecated": false,
                "name": "nbg1",
                "unavailable_after": ""
              },
              {
                "deprecation_announced": "",
                "id": 3,
                "is_deprecated": false,
                "name": "hel1",
                "unavailable_after": ""
              },
              {
                "deprecation_announced": "",
                "id": 6,
                "is_deprecated": false,
                "name": "sin",
                "unavailable_after": ""
              }
            ],
            "memory": 8,
            "name": "cpx32",
            "storage_type": "local",
            "unavailable_after": ""
          },
          "sensitive_attributes": []
        },
        {
          "index_key": "cpx41",
          "schema_version": 0,
          "attributes": {
            "architecture": "x86",
            "category": "regular_purpose",
            "cores": 8,
            "cpu_type": "shared",
            "deprecation_announced": "",
            "description": "CPX 41",
            "disk": 240,
            "id": 25,
            "included_traffic": 0,
            "is_deprecated": false,
            "locations": [
              {
                "deprecation_announced": "2025-10-16T06:00:00Z",
                "id": 1,
                "is_deprecated": true,
                "name": "fsn1",
                "unavailable_after": "2025-12-31T23:59:59Z"
              },
              {
                "deprecation_announced": "2025-10-16T06:00:00Z",
                "id": 2,
                "is_deprecated": true,
                "name": "nbg1",
                "unavailable_after": "2025-12-31T23:59:59Z"
              },
              {
                "deprecation_announced": "2025-10-16T06:00:00Z",
                "id": 3,
                "is_deprecated": true,
                "name": "hel1",
                "unavailable_after": "2025-12-31T23:59:59Z"
              },
              {
                "deprecation_announced": "",
                "id": 4,
                "is_deprecated": false,
                "name": "ash",
                "unavailable_after": ""
              },
              {
                "deprecation_announced": "",
                "id": 5,
                "is_deprecated": false,
                "name": "hil",
                "unavailable_after": ""
              },
              {
                "deprecation_announced": "2025-10-16T06:00:00Z",
                "id": 6,
                "is_deprecated": true,
                "name": "sin",
                "unavailable_after": "2025-12-31T23:59:59Z"
              }
            ],
            "memory": 16,
            "name": "cpx41",
            "storage_type": "local",
            "unavailable_after": ""
          },
          "sensitive_attributes": []
        },
        {
          "index_key": "cpx42",
          "schema_version": 0,
          "attributes": {
            "architecture": "x86",
            "category": "regular_purpose",
            "cores": 8,
            "cpu_type": "shared",
            "deprecation_announced": "",
            "description": "CPX 42",
            "disk": 320,
            "id": 111,
            "included_traffic": 0,
            "is_deprecated": false,
            "locations": [
              {
                "deprecation_announced": "",
                "id": 1,
                "is_deprecated": false,
                "name": "fsn1",
                "unavailable_after": ""
              },
              {
                "deprecation_announced": "",
                "id": 2,
                "is_deprecated": false,
                "name": "nbg1",
                "unavailable_after": ""
              },
              {
                "deprecation_announced": "",
                "id": 3,
                "is_deprecated": false,
                "name": "hel1",
                "unavailable_after": ""
              },
              {
                "deprecation_announced": "",
                "id": 6,
                "is_deprecated": false,
                "name": "sin",
                "unavailable_after": ""
              }
            ],
            "memory": 16,
            "name": "cpx42",
            "storage_type": "local",
            "unavailable_after": ""
          },
          "sensitive_attributes": []
        },
        {
          "index_key": "cpx51",
          "schema_version": 0,
          "attributes": {
            "architecture": "x86",
            "category": "regular_purpose",
            "cores": 16,
            "cpu_type": "shared",
            "deprecation_announced": "",
            "description": "CPX 51",
            "disk": 360,
            "id": 26,
            "included_traffic": 0,
            "is_deprecated": false,
            "locations": [
              {
                "deprecation_announced": "2025-10-16T06:00:00Z",
                "id": 1,
                "is_deprecated": true,
                "name": "fsn1",
                "unavailable_after": "2025-12-31T23:59:59Z"
              },
              {
                "deprecation_announced": "2025-10-16T06:00:00Z",
                "id": 2,
                "is_deprecated": true,
                "name": "nbg1",
                "unavailable_after": "2025-12-31T23:59:59Z"
              },
              {
                "deprecation_announced": "2025-10-16T06:00:00Z",
                "id": 3,
                "is_deprecated": true,
                "name": "hel1",
                "unavailable_after": "2025-12-31T23:59:59Z"
              },
              {
                "deprecation_announced": "",
                "id": 4,
                "is_deprecated": false,
                "name": "ash",
                "unavailable_after": ""
              },
              {
                "deprecation_announced": "",
                "id": 5,
                "is_deprecated": false,
                "name": "hil",
                "unavailable_after": ""
              },
              {
                "deprecation_announced": "2025-10-16T06:00:00Z",
                "id": 6,
                "is_deprecated": true,
                "name": "sin",
                "unavailable_after": "2025-12-31T23:59:59Z"
              }
            ],
            "memory": 32,
            "name": "cpx51",
            "storage_type": "local",
            "unavailable_after": ""
          },
          "sensitive_attributes": []
        },
        {
          "index_key": "cpx52",
          "schema_version": 0,
          "attributes": {
            "architecture": "x86",
            "category": "regular_purpose",
            "cores": 12,
            "cpu_type": "shared",
            "deprecation_announced": "",
            "description": "CPX 52",
            "disk": 480,
            "id": 112,
            "included_traffic": 0,
            "is_deprecated": false,
            "locations": [
              {
                "deprecation_announced": "",
                "id": 1,
                "is_deprecated": false,
                "name": "fsn1",
                "unavailable_after": ""
              },
              {
                "deprecation_announced": "",
                "id": 2,
                "is_deprecated": false,
                "name": "nbg1",
                "unavailable_after": ""
              },
              {
                "deprecation_announced": "",
                "id": 3,
                "is_deprecated": false,
                "name": "hel1",
                "unavailable_after": ""
              },
              {
                "deprecation_announced": "",
                "id": 6,
                "is_deprecated": false,
                "name": "sin",
                "unavailable_after": ""
              }
            ],
            "memory": 24,
            "name": "cpx52",
            "storage_type": "local",
            "unavailable_after": ""
          },
          "sensitive_attributes": []
        },
        {
          "index_key": "cpx62",
          "schema_version": 0,
          "attributes": {
            "architecture": "x86",
            "category": "regular_purpose",
            "cores": 16,
            "cpu_type": "shared",
            "deprecation_announced": "",
            "description": "CPX 62",
            "disk": 640,
            "id": 113,
            "included_traffic": 0,
            "is_deprecated": false,
            "locations": [
              {
                "deprecation_announced": "",
                "id": 1,
                "is_deprecated": false,
                "name": "fsn1",
                "unavailable_after": ""
              },
              {
                "deprecation_announced": "",
                "id": 2,
                "is_deprecated": false,
                "name": "nbg1",
                "unavailable_after": ""
              },
              {
                "deprecation_announced": "",
                "id": 3,
                "is_deprecated": false,
                "name": "hel1",
                "unavailable_after": ""
              },
              {
                "deprecation_announced": "",
                "id": 6,
                "is_deprecated": false,
                "name": "sin",
                "unavailable_after": ""
              }
            ],
            "memory": 32,
            "name": "cpx62",
            "storage_type": "local",
            "unavailable_after": ""
          },
          "sensitive_attributes": []
        },
        {
          "index_key": "cx22",
          "schema_version": 0,
          "attributes": {
            "architecture": "x86",
            "category": "cost_optimized",
            "cores": 2,
            "cpu_type": "shared",
            "deprecation_announced": "2025-10-16T06:00:00Z",
            "description": "CX22",
            "disk": 40,
            "id": 104,
            "included_traffic": 0,
            "is_deprecated": true,
            "locations": [
              {
                "deprecation_announced": "2025-10-16T06:00:00Z",
                "id": 1,
                "is_deprecated": true,
                "name": "fsn1",
                "unavailable_after": "2025-12-31T23:59:59Z"
              },
              {
                "deprecation_announced": "2025-10-16T06:00:00Z",
                "id": 2,
                "is_deprecated": true,
                "name": "nbg1",
                "unavailable_after": "2025-12-31T23:59:59Z"
              },
              {
                "deprecation_announced": "2025-10-16T06:00:00Z",
                "id": 3,
                "is_deprecated": true,
                "name": "hel1",
                "unavailable_after": "2025-12-31T23:59:59Z"
              }
            ],
            "memory": 4,
            "name": "cx22",
            "storage_type": "local",
            "unavailable_after": "2025-12-31T23:59:59Z"
          },
          "sensitive_attributes": []
        },
        {
          "index_key": "cx23",
          "schema_version": 0,
          "attributes": {
            "architecture": "x86",
            "category": "cost_optimized",
            "cores": 2,
            "cpu_type": "shared",
            "deprecation_announced": "",
            "description": "CX 23",
            "disk": 40,
            "id": 114,
            "included_traffic": 0,
            "is_deprecated": false,
            "locations": [
              {
                "deprecation_announced": "",
                "id": 1,
                "is_deprecated": false,
                "name": "fsn1",
                "unavailable_after": ""
              },
              {
                "deprecation_announced": "",
                "id": 2,
                "is_deprecated": false,
                "name": "nbg1",
                "unavailable_after": ""
              },
              {
                "deprecation_announced": "",
                "id": 3,
                "is_deprecated": false,
                "name": "hel1",
                "unavailable_after": ""
              }
            ],
            "memory": 4,
            "name": "cx23",
            "storage_type": "local",
            "unavailable_after": ""
          },
          "sensitive_attributes": []
        },
        {
          "index_key": "cx32",
          "schema_version": 0,
          "attributes": {
            "architecture": "x86",
            "category": "cost_optimized",
            "cores": 4,
            "cpu_type": "shared",
            "deprecation_announced": "2025-10-16T06:00:00Z",
            "description": "CX32",
            "disk": 80,
            "id": 105,
            "included_traffic": 0,
            "is_deprecated": true,
            "locations": [
              {
                "deprecation_announced": "2025-10-16T06:00:00Z",
                "id": 1,
                "is_deprecated": true,
                "name": "fsn1",
                "unavailable_after": "2025-12-31T23:59:59Z"
              },
              {
                "deprecation_announced": "2025-10-16T06:00:00Z",
                "id": 2,
                "is_deprecated": true,
                "name": "nbg1",
                "unavailable_after": "2025-12-31T23:59:59Z"
              },
              {
                "deprecation_announced": "2025-10-16T06:00:00Z",
                "id": 3,
                "is_deprecated": true,
                "name": "hel1",
                "unavailable_after": "2025-12-31T23:59:59Z"
              }
            ],
            "memory": 8,
            "name": "cx32",
            "storage_type": "local",
            "unavailable_after": "2025-12-31T23:59:59Z"
          },
          "sensitive_attributes": []
        },
        {
          "index_key": "cx33",
          "schema_version": 0,
          "attributes": {
            "architecture": "x86",
            "category": "cost_optimized",
            "cores": 4,
            "cpu_type": "shared",
            "deprecation_announced": "",
            "description": "CX 33",
            "disk": 80,
            "id": 115,
            "included_traffic": 0,
            "is_deprecated": false,
            "locations": [
              {
                "deprecation_announced": "",
                "id": 1,
                "is_deprecated": false,
                "name": "fsn1",
                "unavailable_after": ""
              },
              {
                "deprecation_announced": "",
                "id": 2,
                "is_deprecated": false,
                "name": "nbg1",
                "unavailable_after": ""
              },
              {
                "deprecation_announced": "",
                "id": 3,
                "is_deprecated": false,
                "name": "hel1",
                "unavailable_after": ""
              }
            ],
            "memory": 8,
            "name": "cx33",
            "storage_type": "local",
            "unavailable_after": ""
          },
          "sensitive_attributes": []
        },
        {
          "index_key": "cx42",
          "schema_version": 0,
          "attributes": {
            "architecture": "x86",
            "category": "cost_optimized",
            "cores": 8,
            "cpu_type": "shared",
            "deprecation_announced": "2025-10-16T06:00:00Z",
            "description": "CX42",
            "disk": 160,
            "id": 106,
            "included_traffic": 0,
            "is_deprecated": true,
            "locations": [
              {
                "deprecation_announced": "2025-10-16T06:00:00Z",
                "id": 1,
                "is_deprecated": true,
                "name": "fsn1",
                "unavailable_after": "2025-12-31T23:59:59Z"
              },
              {
                "deprecation_announced": "2025-10-16T06:00:00Z",
                "id": 2,
                "is_deprecated": true,
                "name": "nbg1",
                "unavailable_after": "2025-12-31T23:59:59Z"
              },
              {
                "deprecation_announced": "2025-10-16T06:00:00Z",
                "id": 3,
                "is_deprecated": true,
                "name": "hel1",
                "unavailable_after": "2025-12-31T23:59:59Z"
              }
            ],
            "memory": 16,
            "name": "cx42",
            "storage_type": "local",
            "unavailable_after": "2025-12-31T23:59:59Z"
          },
          "sensitive_attributes": []
        },
        {
          "index_key": "cx43",
          "schema_version": 0,
          "attributes": {
            "architecture": "x86",
            "category": "cost_optimized",
            "cores": 8,
            "cpu_type": "shared",
            "deprecation_announced": "",
            "description": "CX 43",
            "disk": 160,
            "id": 116,
            "included_traffic": 0,
            "is_deprecated": false,
            "locations": [
              {
                "deprecation_announced": "",
                "id": 1,
                "is_deprecated": false,
                "name": "fsn1",
                "unavailable_after": ""
              },
              {
                "deprecation_announced": "",
                "id": 2,
                "is_deprecated": false,
                "name": "nbg1",
                "unavailable_after": ""
              },
              {
                "deprecation_announced": "",
                "id": 3,
                "is_deprecated": false,
                "name": "hel1",
                "unavailable_after": ""
              }
            ],
            "memory": 16,
            "name": "cx43",
            "storage_type": "local",
            "unavailable_after": ""
          },
          "sensitive_attributes": []
        },
        {
          "index_key": "cx52",
          "schema_version": 0,
          "attributes": {
            "architecture": "x86",
            "category": "cost_optimized",
            "cores": 16,
            "cpu_type": "shared",
            "deprecation_announced": "2025-10-16T06:00:00Z",
            "description": "CX52",
            "disk": 320,
            "id": 107,
            "included_traffic": 0,
            "is_deprecated": true,
            "locations": [
              {
                "deprecation_announced": "2025-10-16T06:00:00Z",
                "id": 1,
                "is_deprecated": true,
                "name": "fsn1",
                "unavailable_after": "2025-12-31T23:59:59Z"
              },
              {
                "deprecation_announced": "2025-10-16T06:00:00Z",
                "id": 2,
                "is_deprecated": true,
                "name": "nbg1",
                "unavailable_after": "2025-12-31T23:59:59Z"
              },
              {
                "deprecation_announced": "2025-10-16T06:00:00Z",
                "id": 3,
                "is_deprecated": true,
                "name": "hel1",
                "unavailable_after": "2025-12-31T23:59:59Z"
              }
            ],
            "memory": 32,
            "name": "cx52",
            "storage_type": "local",
            "unavailable_after": "2025-12-31T23:59:59Z"
          },
          "sensitive_attributes": []
        },
        {
          "index_key": "cx53",
          "schema_version": 0,
          "attributes": {
            "architecture": "x86",
            "category": "cost_optimized",
            "cores": 16,
            "cpu_type": "shared",
            "deprecation_announced": "",
            "description": "CX 53",
            "disk": 320,
            "id": 117,
            "included_traffic": 0,
            "is_deprecated": false,
            "locations": [
              {
                "deprecation_announced": "",
                "id": 1,
                "is_deprecated": false,
                "name": "fsn1",
                "unavailable_after": ""
              },
              {
                "deprecation_announced": "",
                "id": 2,
                "is_deprecated": false,
                "name": "nbg1",
                "unavailable_after": ""
              },
              {
                "deprecation_announced": "",
                "id": 3,
                "is_deprecated": false,
                "name": "hel1",
                "unavailable_after": ""
              }
            ],
            "memory": 32,
            "name": "cx53",
            "storage_type": "local",
            "unavailable_after": ""
          },
          "sensitive_attributes": []
        }
      ]
    },
    {
      "module": "module.tenant",
      "mode": "data",
      "type": "hcloud_server_types",
      "name": "all",
      "provider": "module.tenant.provider[\"registry.terraform.io/hetznercloud/hcloud\"]",
      "instances": [
        {
          "schema_version": 0,
          "attributes": {
            "descriptions": [
              "CPX 11",
              "CPX 21",
              "CPX 31",
              "CPX 41",
              "CPX 51",
              "CAX11",
              "CAX21",
              "CAX31",
              "CAX41",
              "CCX13 Dedicated CPU",
              "CCX23 Dedicated CPU",
              "CCX33 Dedicated CPU",
              "CCX43 Dedicated CPU",
              "CCX53 Dedicated CPU",
              "CCX63 Dedicated CPU",
              "CX22",
              "CX32",
              "CX42",
              "CX52",
              "CPX 12",
              "CPX 22",
              "CPX 32",
              "CPX 42",
              "CPX 52",
              "CPX 62",
              "CX 23",
              "CX 33",
              "CX 43",
              "CX 53"
            ],
            "id": "166277662d9b7990b1711b6545d691c4fc52eb3f",
            "names": [
              "cpx11",
              "cpx21",
              "cpx31",
              "cpx41",
              "cpx51",
              "cax11",
              "cax21",
              "cax31",
              "cax41",
              "ccx13",
              "ccx23",
              "ccx33",
              "ccx43",
              "ccx53",
              "ccx63",
              "cx22",
              "cx32",
              "cx42",
              "cx52",
              "cpx12",
              "cpx22",
              "cpx32",
              "cpx42",
              "cpx52",
              "cpx62",
              "cx23",
              "cx33",
              "cx43",
              "cx53"
            ],
            "server_type_ids": [
              "22",
              "23",
              "24",
              "25",
              "26",
              "45",
              "93",
              "94",
              "95",
              "96",
              "97",
              "98",
              "99",
              "100",
              "101",
              "104",
              "105",
              "106",
              "107",
              "108",
              "109",
              "110",
              "111",
              "112",
              "113",
              "114",
              "115",
              "116",
              "117"
            ],
            "server_types": [
              {
                "architecture": "x86",
                "category": "regular_purpose",
                "cores": 2,
                "cpu_type": "shared",
                "deprecation_announced": "",
                "description": "CPX 11",
                "disk": 40,
                "id": 22,
                "included_traffic": 0,
                "is_deprecated": false,
                "locations": [
                  {
                    "deprecation_announced": "2025-10-16T06:00:00Z",
                    "id": 1,
                    "is_deprecated": true,
                    "name": "fsn1",
                    "unavailable_after": "2025-12-31T23:59:59Z"
                  },
                  {
                    "deprecation_announced": "2025-10-16T06:00:00Z",
                    "id": 2,
                    "is_deprecated": true,
                    "name": "nbg1",
                    "unavailable_after": "2025-12-31T23:59:59Z"
                  },
                  {
                    "deprecation_announced": "2025-10-16T06:00:00Z",
                    "id": 3,
                    "is_deprecated": true,
                    "name": "hel1",
                    "unavailable_after": "2025-12-31T23:59:59Z"
                  },
                  {
                    "deprecation_announced": "",
                    "id": 4,
                    "is_deprecated": false,
                    "name": "ash",
                    "unavailable_after": ""
                  },
                  {
                    "deprecation_announced": "",
                    "id": 5,
                    "is_deprecated": false,
                    "name": "hil",
                    "unavailable_after": ""
                  },
                  {
                    "deprecation_announced": "2025-10-16T06:00:00Z",
                    "id": 6,
                    "is_deprecated": true,
                    "name": "sin",
                    "unavailable_after": "2025-12-31T23:59:59Z"
                  }
                ],
                "memory": 2,
                "name": "cpx11",
                "storage_type": "local",
                "unavailable_after": ""
              },
              {
                "architecture": "x86",
                "category": "regular_purpose",
                "cores": 3,
                "cpu_type": "shared",
                "deprecation_announced": "",
                "description": "CPX 21",
                "disk": 80,
                "id": 23,
                "included_traffic": 0,
                "is_deprecated": false,
                "locations": [
                  {
                    "deprecation_announced": "2025-10-16T06:00:00Z",
                    "id": 1,
                    "is_deprecated": true,
                    "name": "fsn1",
                    "unavailable_after": "2025-12-31T23:59:59Z"
                  },
                  {
                    "deprecation_announced": "2025-10-16T06:00:00Z",
                    "id": 2,
                    "is_deprecated": true,
                    "name": "nbg1",
                    "unavailable_after": "2025-12-31T23:59:59Z"
                  },
                  {
                    "deprecation_announced": "2025-10-16T06:00:00Z",
                    "id": 3,
                    "is_deprecated": true,
                    "name": "hel1",
                    "unavailable_after": "2025-12-31T23:59:59Z"
                  },
                  {
                    "deprecation_announced": "",
                    "id": 4,
                    "is_deprecated": false,
                    "name": "ash",
                    "unavailable_after": ""
                  },
                  {
                    "deprecation_announced": "",
                    "id": 5,
                    "is_deprecated": false,
                    "name": "hil",
                    "unavailable_after": ""
                  },
                  {
                    "deprecation_announced": "2025-10-16T06:00:00Z",
                    "id": 6,
                    "is_deprecated": true,
                    "name": "sin",
                    "unavailable_after": "2025-12-31T23:59:59Z"
                  }
                ],
                "memory": 4,
                "name": "cpx21",
                "storage_type": "local",
                "unavailable_after": ""
              },
              {
                "architecture": "x86",
                "category": "regular_purpose",
                "cores": 4,
                "cpu_type": "shared",
                "deprecation_announced": "",
                "description": "CPX 31",
                "disk": 160,
                "id": 24,
                "included_traffic": 0,
                "is_deprecated": false,
                "locations": [
                  {
                    "deprecation_announced": "2025-10-16T06:00:00Z",
                    "id": 1,
                    "is_deprecated": true,
                    "name": "fsn1",
                    "unavailable_after": "2025-12-31T23:59:59Z"
                  },
                  {
                    "deprecation_announced": "2025-10-16T06:00:00Z",
                    "id": 2,
                    "is_deprecated": true,
                    "name": "nbg1",
                    "unavailable_after": "2025-12-31T23:59:59Z"
                  },
                  {
                    "deprecation_announced": "2025-10-16T06:00:00Z",
                    "id": 3,
                    "is_deprecated": true,
                    "name": "hel1",
                    "unavailable_after": "2025-12-31T23:59:59Z"
                  },
                  {
                    "deprecation_announced": "",
                    "id": 4,
                    "is_deprecated": false,
                    "name": "ash",
                    "unavailable_after": ""
                  },
                  {
                    "deprecation_announced": "",
                    "id": 5,
                    "is_deprecated": false,
                    "name": "hil",
                    "unavailable_after": ""
                  },
                  {
                    "deprecation_announced": "2025-10-16T06:00:00Z",
                    "id": 6,
                    "is_deprecated": true,
                    "name": "sin",
                    "unavailable_after": "2025-12-31T23:59:59Z"
                  }
                ],
                "memory": 8,
                "name": "cpx31",
                "storage_type": "local",
                "unavailable_after": ""
              },
              {
                "architecture": "x86",
                "category": "regular_purpose",
                "cores": 8,
                "cpu_type": "shared",
                "deprecation_announced": "",
                "description": "CPX 41",
                "disk": 240,
                "id": 25,
                "included_traffic": 0,
                "is_deprecated": false,
                "locations": [
                  {
                    "deprecation_announced": "2025-10-16T06:00:00Z",
                    "id": 1,
                    "is_deprecated": true,
                    "name": "fsn1",
                    "unavailable_after": "2025-12-31T23:59:59Z"
                  },
                  {
                    "deprecation_announced": "2025-10-16T06:00:00Z",
                    "id": 2,
                    "is_deprecated": true,
                    "name": "nbg1",
                    "unavailable_after": "2025-12-31T23:59:59Z"
                  },
                  {
                    "deprecation_announced": "2025-10-16T06:00:00Z",
                    "id": 3,
                    "is_deprecated": true,
                    "name": "hel1",
                    "unavailable_after": "2025-12-31T23:59:59Z"
                  },
                  {
                    "deprecation_announced": "",
                    "id": 4,
                    "is_deprecated": false,
                    "name": "ash",
                    "unavailable_after": ""
                  },
                  {
                    "deprecation_announced": "",
                    "id": 5,
                    "is_deprecated": false,
                    "name": "hil",
                    "unavailable_after": ""
                  },
                  {
                    "deprecation_announced": "2025-10-16T06:00:00Z",
                    "id": 6,
                    "is_deprecated": true,
                    "name": "sin",
                    "unavailable_after": "2025-12-31T23:59:59Z"
                  }
                ],
                "memory": 16,
                "name": "cpx41",
                "storage_type": "local",
                "unavailable_after": ""
              },
              {
                "architecture": "x86",
                "category": "regular_purpose",
                "cores": 16,
                "cpu_type": "shared",
                "deprecation_announced": "",
                "description": "CPX 51",
                "disk": 360,
                "id": 26,
                "included_traffic": 0,
                "is_deprecated": false,
                "locations": [
                  {
                    "deprecation_announced": "2025-10-16T06:00:00Z",
                    "id": 1,
                    "is_deprecated": true,
                    "name": "fsn1",
                    "unavailable_after": "2025-12-31T23:59:59Z"
                  },
                  {
                    "deprecation_announced": "2025-10-16T06:00:00Z",
                    "id": 2,
                    "is_deprecated": true,
                    "name": "nbg1",
                    "unavailable_after": "2025-12-31T23:59:59Z"
                  },
                  {
                    "deprecation_announced": "2025-10-16T06:00:00Z",
                    "id": 3,
                    "is_deprecated": true,
                    "name": "hel1",
                    "unavailable_after": "2025-12-31T23:59:59Z"
                  },
                  {
                    "deprecation_announced": "",
                    "id": 4,
                    "is_deprecated": false,
                    "name": "ash",
                    "unavailable_after": ""
                  },
                  {
                    "deprecation_announced": "",
                    "id": 5,
                    "is_deprecated": false,
                    "name": "hil",
                    "unavailable_after": ""
                  },
                  {
                    "deprecation_announced": "2025-10-16T06:00:00Z",
                    "id": 6,
                    "is_deprecated": true,
                    "name": "sin",
                    "unavailable_after": "2025-12-31T23:59:59Z"
                  }
                ],
                "memory": 32,
                "name": "cpx51",
                "storage_type": "local",
                "unavailable_after": ""
              },
              {
                "architecture": "arm",
                "category": "cost_optimized",
                "cores": 2,
                "cpu_type": "shared",
                "deprecation_announced": "",
                "description": "CAX11",
                "disk": 40,
                "id": 45,
                "included_traffic": 0,
                "is_deprecated": false,
                "locations": [
                  {
                    "deprecation_announced": "",
                    "id": 1,
                    "is_deprecated": false,
                    "name": "fsn1",
                    "unavailable_after": ""
                  },
                  {
                    "deprecation_announced": "",
                    "id": 2,
                    "is_deprecated": false,
                    "name": "nbg1",
                    "unavailable_after": ""
                  },
                  {
                    "deprecation_announced": "",
                    "id": 3,
                    "is_deprecated": false,
                    "name": "hel1",
                    "unavailable_after": ""
                  }
                ],
                "memory": 4,
                "name": "cax11",
                "storage_type": "local",
                "unavailable_after": ""
              },
              {
                "architecture": "arm",
                "category": "cost_optimized",
                "cores": 4,
                "cpu_type": "shared",
                "deprecation_announced": "",
                "description": "CAX21",
                "disk": 80,
                "id": 93,
                "included_traffic": 0,
                "is_deprecated": false,
                "locations": [
                  {
                    "deprecation_announced": "",
                    "id": 1,
                    "is_deprecated": false,
                    "name": "fsn1",
                    "unavailable_after": ""
                  },
                  {
                    "deprecation_announced": "",
                    "id": 2,
                    "is_deprecated": false,
                    "name": "nbg1",
                    "unavailable_after": ""
                  },
                  {
                    "deprecation_announced": "",
                    "id": 3,
                    "is_deprecated": false,
                    "name": "hel1",
                    "unavailable_after": ""
                  }
                ],
                "memory": 8,
                "name": "cax21",
                "storage_type": "local",
                "unavailable_after": ""
              },
              {
                "architecture": "arm",
                "category": "cost_optimized",
                "cores": 8,
                "cpu_type": "shared",
                "deprecation_announced": "",
                "description": "CAX31",
                "disk": 160,
                "id": 94,
                "included_traffic": 0,
                "is_deprecated": false,
                "locations": [
                  {
                    "deprecation_announced": "",
                    "id": 1,
                    "is_deprecated": false,
                    "name": "fsn1",
                    "unavailable_after": ""
                  },
                  {
                    "deprecation_announced": "",
                    "id": 2,
                    "is_deprecated": false,
                    "name": "nbg1",
                    "unavailable_after": ""
                  },
                  {
                    "deprecation_announced": "",
                    "id": 3,
                    "is_deprecated": false,
                    "name": "hel1",
                    "unavailable_after": ""
                  }
                ],
                "memory": 16,
                "name": "cax31",
                "storage_type": "local",
                "unavailable_after": ""
              },
              {
                "architecture": "arm",
                "category": "cost_optimized",
                "cores": 16,
                "cpu_type": "shared",
                "deprecation_announced": "",
                "description": "CAX41",
                "disk": 320,
                "id": 95,
                "included_traffic": 0,
                "is_deprecated": false,
                "locations": [
                  {
                    "deprecation_announced": "",
                    "id": 1,
                    "is_deprecated": false,
                    "name": "fsn1",
                    "unavailable_after": ""
                  },
                  {
                    "deprecation_announced": "",
                    "id": 2,
                    "is_deprecated": false,
                    "name": "nbg1",
                    "unavailable_after": ""
                  },
                  {
                    "deprecation_announced": "",
                    "id": 3,
                    "is_deprecated": false,
                    "name": "hel1",
                    "unavailable_after": ""
                  }
                ],
                "memory": 32,
                "name": "cax41",
                "storage_type": "local",
                "unavailable_after": ""
              },
              {
                "architecture": "x86",
                "category": "general_purpose",
                "cores": 2,
                "cpu_type": "dedicated",
                "deprecation_announced": "",
                "description": "CCX13 Dedicated CPU",
                "disk": 80,
                "id": 96,
                "included_traffic": 0,
                "is_deprecated": false,
                "locations": [
                  {
                    "deprecation_announced": "",
                    "id": 1,
                    "is_deprecated": false,
                    "name": "fsn1",
                    "unavailable_after": ""
                  },
                  {
                    "deprecation_announced": "",
                    "id": 2,
                    "is_deprecated": false,
                    "name": "nbg1",
                    "unavailable_after": ""
                  },
                  {
                    "deprecation_announced": "",
                    "id": 3,
                    "is_deprecated": false,
                    "name": "hel1",
                    "unavailable_after": ""
                  },
                  {
                    "deprecation_announced": "",
                    "id": 4,
                    "is_deprecated": false,
                    "name": "ash",
                    "unavailable_after": ""
                  },
                  {
                    "deprecation_announced": "",
                    "id": 5,
                    "is_deprecated": false,
                    "name": "hil",
                    "unavailable_after": ""
                  },
                  {
                    "deprecation_announced": "",
                    "id": 6,
                    "is_deprecated": false,
                    "name": "sin",
                    "unavailable_after": ""
                  }
                ],
                "memory": 8,
                "name": "ccx13",
                "storage_type": "local",
                "unavailable_after": ""
              },
              {
                "architecture": "x86",
                "category": "general_purpose",
                "cores": 4,
                "cpu_type": "dedicated",
                "deprecation_announced": "",
                "description": "CCX23 Dedicated CPU",
                "disk": 160,
                "id": 97,
                "included_traffic": 0,
                "is_deprecated": false,
                "locations": [
                  {
                    "deprecation_announced": "",
                    "id": 1,
                    "is_deprecated": false,
                    "name": "fsn1",
                    "unavailable_after": ""
                  },
                  {
                    "deprecation_announced": "",
                    "id": 2,
                    "is_deprecated": false,
                    "name": "nbg1",
                    "unavailable_after": ""
                  },
                  {
                    "deprecation_announced": "",
                    "id": 3,
                    "is_deprecated": false,
                    "name": "hel1",
                    "unavailable_after": ""
                  },
                  {
                    "deprecation_announced": "",
                    "id": 4,
                    "is_deprecated": false,
                    "name": "ash",
                    "unavailable_after": ""
                  },
                  {
                    "deprecation_announced": "",
                    "id": 5,
                    "is_deprecated": false,
                    "name": "hil",
                    "unavailable_after": ""
                  },
                  {
                    "deprecation_announced": "",
                    "id": 6,
                    "is_deprecated": false,
                    "name": "sin",
                    "unavailable_after": ""
                  }
                ],
                "memory": 16,
                "name": "ccx23",
                "storage_type": "local",
                "unavailable_after": ""
              },
              {
                "architecture": "x86",
                "category": "general_purpose",
                "cores": 8,
                "cpu_type": "dedicated",
                "deprecation_announced": "",
                "description": "CCX33 Dedicated CPU",
                "disk": 240,
                "id": 98,
                "included_traffic": 0,
                "is_deprecated": false,
                "locations": [
                  {
                    "deprecation_announced": "",
                    "id": 1,
                    "is_deprecated": false,
                    "name": "fsn1",
                    "unavailable_after": ""
                  },
                  {
                    "deprecation_announced": "",
                    "id": 2,
                    "is_deprecated": false,
                    "name": "nbg1",
                    "unavailable_after": ""
                  },
                  {
                    "deprecation_announced": "",
                    "id": 3,
                    "is_deprecated": false,
                    "name": "hel1",
                    "unavailable_after": ""
                  },
                  {
                    "deprecation_announced": "",
                    "id": 4,
                    "is_deprecated": false,
                    "name": "ash",
                    "unavailable_after": ""
                  },
                  {
                    "deprecation_announced": "",
                    "id": 5,
                    "is_deprecated": false,
                    "name": "hil",
                    "unavailable_after": ""
                  },
                  {
                    "deprecation_announced": "",
                    "id": 6,
                    "is_deprecated": false,
                    "name": "sin",
                    "unavailable_after": ""
                  }
                ],
                "memory": 32,
                "name": "ccx33",
                "storage_type": "local",
                "unavailable_after": ""
              },
              {
                "architecture": "x86",
                "category": "general_purpose",
                "cores": 16,
                "cpu_type": "dedicated",
                "deprecation_announced": "",
                "description": "CCX43 Dedicated CPU",
                "disk": 360,
                "id": 99,
                "included_traffic": 0,
                "is_deprecated": false,
                "locations": [
                  {
                    "deprecation_announced": "",
                    "id": 1,
                    "is_deprecated": false,
                    "name": "fsn1",
                    "unavailable_after": ""
                  },
                  {
                    "deprecation_announced": "",
                    "id": 2,
                    "is_deprecated": false,
                    "name": "nbg1",
                    "unavailable_after": ""
                  },
                  {
                    "deprecation_announced": "",
                    "id": 3,
                    "is_deprecated": false,
                    "name": "hel1",
                    "unavailable_after": ""
                  },
                  {
                    "deprecation_announced": "",
                    "id": 4,
                    "is_deprecated": false,
                    "name": "ash",
                    "unavailable_after": ""
                  },
                  {
                    "deprecation_announced": "",
                    "id": 5,
                    "is_deprecated": false,
                    "name": "hil",
                    "unavailable_after": ""
                  },
                  {
                    "deprecation_announced": "",
                    "id": 6,
                    "is_deprecated": false,
                    "name": "sin",
                    "unavailable_after": ""
                  }
                ],
                "memory": 64,
                "name": "ccx43",
                "storage_type": "local",
                "unavailable_after": ""
              },
              {
                "architecture": "x86",
                "category": "general_purpose",
                "cores": 32,
                "cpu_type": "dedicated",
                "deprecation_announced": "",
                "description": "CCX53 Dedicated CPU",
                "disk": 600,
                "id": 100,
                "included_traffic": 0,
                "is_deprecated": false,
                "locations": [
                  {
                    "deprecation_announced": "",
                    "id": 1,
                    "is_deprecated": false,
                    "name": "fsn1",
                    "unavailable_after": ""
                  },
                  {
                    "deprecation_announced": "",
                    "id": 2,
                    "is_deprecated": false,
                    "name": "nbg1",
                    "unavailable_after": ""
                  },
                  {
                    "deprecation_announced": "",
                    "id": 3,
                    "is_deprecated": false,
                    "name": "hel1",
                    "unavailable_after": ""
                  },
                  {
                    "deprecation_announced": "",
                    "id": 4,
                    "is_deprecated": false,
                    "name": "ash",
                    "unavailable_after": ""
                  },
                  {
                    "deprecation_announced": "",
                    "id": 5,
                    "is_deprecated": false,
                    "name": "hil",
                    "unavailable_after": ""
                  },
                  {
                    "deprecation_announced": "",
                    "id": 6,
                    "is_deprecated": false,
                    "name": "sin",
                    "unavailable_after": ""
                  }
                ],
                "memory": 128,
                "name": "ccx53",
                "storage_type": "local",
                "unavailable_after": ""
              },
              {
                "architecture": "x86",
                "category": "general_purpose",
                "cores": 48,
                "cpu_type": "dedicated",
                "deprecation_announced": "",
                "description": "CCX63 Dedicated CPU",
                "disk": 960,
                "id": 101,
                "included_traffic": 0,
                "is_deprecated": false,
                "locations": [
                  {
                    "deprecation_announced": "",
                    "id": 1,
                    "is_deprecated": false,
                    "name": "fsn1",
                    "unavailable_after": ""
                  },
                  {
                    "deprecation_announced": "",
                    "id": 2,
                    "is_deprecated": false,
                    "name": "nbg1",
                    "unavailable_after": ""
                  },
                  {
                    "deprecation_announced": "",
                    "id": 3,
                    "is_deprecated": false,
                    "name": "hel1",
                    "unavailable_after": ""
                  },
                  {
                    "deprecation_announced": "",
                    "id": 4,
                    "is_deprecated": false,
                    "name": "ash",
                    "unavailable_after": ""
                  },
                  {
                    "deprecation_announced": "",
                    "id": 5,
                    "is_deprecated": false,
                    "name": "hil",
                    "unavailable_after": ""
                  },
                  {
                    "deprecation_announced": "",
                    "id": 6,
                    "is_deprecated": false,
                    "name": "sin",
                    "unavailable_after": ""
                  }
                ],
                "memory": 192,
                "name": "ccx63",
                "storage_type": "local",
                "unavailable_after": ""
              },
              {
                "architecture": "x86",
                "category": "cost_optimized",
                "cores": 2,
                "cpu_type": "shared",
                "deprecation_announced": "2025-10-16T06:00:00Z",
                "description": "CX22",
                "disk": 40,
                "id": 104,
                "included_traffic": 0,
                "is_deprecated": true,
                "locations": [
                  {
                    "deprecation_announced": "2025-10-16T06:00:00Z",
                    "id": 1,
                    "is_deprecated": true,
                    "name": "fsn1",
                    "unavailable_after": "2025-12-31T23:59:59Z"
                  },
                  {
                    "deprecation_announced": "2025-10-16T06:00:00Z",
                    "id": 2,
                    "is_deprecated": true,
                    "name": "nbg1",
                    "unavailable_after": "2025-12-31T23:59:59Z"
                  },
                  {
                    "deprecation_announced": "2025-10-16T06:00:00Z",
                    "id": 3,
                    "is_deprecated": true,
                    "name": "hel1",
                    "unavailable_after": "2025-12-31T23:59:59Z"
                  }
                ],
                "memory": 4,
                "name": "cx22",
                "storage_type": "local",
                "unavailable_after": "2025-12-31T23:59:59Z"
              },
              {
                "architecture": "x86",
                "category": "cost_optimized",
                "cores": 4,
                "cpu_type": "shared",
                "deprecation_announced": "2025-10-16T06:00:00Z",
                "description": "CX32",
                "disk": 80,
                "id": 105,
                "included_traffic": 0,
                "is_deprecated": true,
                "locations": [
                  {
                    "deprecation_announced": "2025-10-16T06:00:00Z",
                    "id": 1,
                    "is_deprecated": true,
                    "name": "fsn1",
                    "unavailable_after": "2025-12-31T23:59:59Z"
                  },
                  {
                    "deprecation_announced": "2025-10-16T06:00:00Z",
                    "id": 2,
                    "is_deprecated": true,
                    "name": "nbg1",
                    "unavailable_after": "2025-12-31T23:59:59Z"
                  },
                  {
                    "deprecation_announced": "2025-10-16T06:00:00Z",
                    "id": 3,
                    "is_deprecated": true,
                    "name": "hel1",
                    "unavailable_after": "2025-12-31T23:59:59Z"
                  }
                ],
                "memory": 8,
                "name": "cx32",
                "storage_type": "local",
                "unavailable_after": "2025-12-31T23:59:59Z"
              },
              {
                "architecture": "x86",
                "category": "cost_optimized",
                "cores": 8,
                "cpu_type": "shared",
                "deprecation_announced": "2025-10-16T06:00:00Z",
                "description": "CX42",
                "disk": 160,
                "id": 106,
                "included_traffic": 0,
                "is_deprecated": true,
                "locations": [
                  {
                    "deprecation_announced": "2025-10-16T06:00:00Z",
                    "id": 1,
                    "is_deprecated": true,
                    "name": "fsn1",
                    "unavailable_after": "2025-12-31T23:59:59Z"
                  },
                  {
                    "deprecation_announced": "2025-10-16T06:00:00Z",
                    "id": 2,
                    "is_deprecated": true,
                    "name": "nbg1",
                    "unavailable_after": "2025-12-31T23:59:59Z"
                  },
                  {
                    "deprecation_announced": "2025-10-16T06:00:00Z",
                    "id": 3,
                    "is_deprecated": true,
                    "name": "hel1",
                    "unavailable_after": "2025-12-31T23:59:59Z"
                  }
                ],
                "memory": 16,
                "name": "cx42",
                "storage_type": "local",
                "unavailable_after": "2025-12-31T23:59:59Z"
              },
              {
                "architecture": "x86",
                "category": "cost_optimized",
                "cores": 16,
                "cpu_type": "shared",
                "deprecation_announced": "2025-10-16T06:00:00Z",
                "description": "CX52",
                "disk": 320,
                "id": 107,
                "included_traffic": 0,
                "is_deprecated": true,
                "locations": [
                  {
                    "deprecation_announced": "2025-10-16T06:00:00Z",
                    "id": 1,
                    "is_deprecated": true,
                    "name": "fsn1",
                    "unavailable_after": "2025-12-31T23:59:59Z"
                  },
                  {
                    "deprecation_announced": "2025-10-16T06:00:00Z",
                    "id": 2,
                    "is_deprecated": true,
                    "name": "nbg1",
                    "unavailable_after": "2025-12-31T23:59:59Z"
                  },
                  {
                    "deprecation_announced": "2025-10-16T06:00:00Z",
                    "id": 3,
                    "is_deprecated": true,
                    "name": "hel1",
                    "unavailable_after": "2025-12-31T23:59:59Z"
                  }
                ],
                "memory": 32,
                "name": "cx52",
                "storage_type": "local",
                "unavailable_after": "2025-12-31T23:59:59Z"
              },
              {
                "architecture": "x86",
                "category": "regular_purpose",
                "cores": 1,
                "cpu_type": "shared",
                "deprecation_announced": "",
                "description": "CPX 12",
                "disk": 40,
                "id": 108,
                "included_traffic": 0,
                "is_deprecated": false,
                "locations": [
                  {
                    "deprecation_announced": "",
                    "id": 6,
                    "is_deprecated": false,
                    "name": "sin",
                    "unavailable_after": ""
                  }
                ],
                "memory": 2,
                "name": "cpx12",
                "storage_type": "local",
                "unavailable_after": ""
              },
              {
                "architecture": "x86",
                "category": "regular_purpose",
                "cores": 2,
                "cpu_type": "shared",
                "deprecation_announced": "",
                "description": "CPX 22",
                "disk": 80,
                "id": 109,
                "included_traffic": 0,
                "is_deprecated": false,
                "locations": [
                  {
                    "deprecation_announced": "",
                    "id": 1,
                    "is_deprecated": false,
                    "name": "fsn1",
                    "unavailable_after": ""
                  },
                  {
                    "deprecation_announced": "",
                    "id": 2,
                    "is_deprecated": false,
                    "name": "nbg1",
                    "unavailable_after": ""
                  },
                  {
                    "deprecation_announced": "",
                    "id": 3,
                    "is_deprecated": false,
                    "name": "hel1",
                    "unavailable_after": ""
                  },
                  {
                    "deprecation_announced": "",
                    "id": 6,
                    "is_deprecated": false,
                    "name": "sin",
                    "unavailable_after": ""
                  }
                ],
                "memory": 4,
                "name": "cpx22",
                "storage_type": "local",
                "unavailable_after": ""
              },
              {
                "architecture": "x86",
                "category": "regular_purpose",
                "cores": 4,
                "cpu_type": "shared",
                "deprecation_announced": "",
                "description": "CPX 32",
                "disk": 160,
                "id": 110,
                "included_traffic": 0,
                "is_deprecated": false,
                "locations": [
                  {
                    "deprecation_announced": "",
                    "id": 1,
                    "is_deprecated": false,
                    "name": "fsn1",
                    "unavailable_after": ""
                  },
                  {
                    "deprecation_announced": "",
                    "id": 2,
                    "is_deprecated": false,
                    "name": "nbg1",
                    "unavailable_after": ""
                  },
                  {
                    "deprecation_announced": "",
                    "id": 3,
                    "is_deprecated": false,
                    "name": "hel1",
                    "unavailable_after": ""
                  },
                  {
                    "deprecation_announced": "",
                    "id": 6,
                    "is_deprecated": false,
                    "name": "sin",
                    "unavailable_after": ""
                  }
                ],
                "memory": 8,
                "name": "cpx32",
                "storage_type": "local",
                "unavailable_after": ""
              },
              {
                "architecture": "x86",
                "category": "regular_purpose",
                "cores": 8,
                "cpu_type": "shared",
                "deprecation_announced": "",
                "description": "CPX 42",
                "disk": 320,
                "id": 111,
                "included_traffic": 0,
                "is_deprecated": false,
                "locations": [
                  {
                    "deprecation_announced": "",
                    "id": 1,
                    "is_deprecated": false,
                    "name": "fsn1",
                    "unavailable_after": ""
                  },
                  {
                    "deprecation_announced": "",
                    "id": 2,
                    "is_deprecated": false,
                    "name": "nbg1",
                    "unavailable_after": ""
                  },
                  {
                    "deprecation_announced": "",
                    "id": 3,
                    "is_deprecated": false,
                    "name": "hel1",
                    "unavailable_after": ""
                  },
                  {
                    "deprecation_announced": "",
                    "id": 6,
                    "is_deprecated": false,
                    "name": "sin",
                    "unavailable_after": ""
                  }
                ],
                "memory": 16,
                "name": "cpx42",
                "storage_type": "local",
                "unavailable_after": ""
              },
              {
                "architecture": "x86",
                "category": "regular_purpose",
                "cores": 12,
                "cpu_type": "shared",
                "deprecation_announced": "",
                "description": "CPX 52",
                "disk": 480,
                "id": 112,
                "included_traffic": 0,
                "is_deprecated": false,
                "locations": [
                  {
                    "deprecation_announced": "",
                    "id": 1,
                    "is_deprecated": false,
                    "name": "fsn1",
                    "unavailable_after": ""
                  },
                  {
                    "deprecation_announced": "",
                    "id": 2,
                    "is_deprecated": false,
                    "name": "nbg1",
                    "unavailable_after": ""
                  },
                  {
                    "deprecation_announced": "",
                    "id": 3,
                    "is_deprecated": false,
                    "name": "hel1",
                    "unavailable_after": ""
                  },
                  {
                    "deprecation_announced": "",
                    "id": 6,
                    "is_deprecated": false,
                    "name": "sin",
                    "unavailable_after": ""
                  }
                ],
                "memory": 24,
                "name": "cpx52",
                "storage_type": "local",
                "unavailable_after": ""
              },
              {
                "architecture": "x86",
                "category": "regular_purpose",
                "cores": 16,
                "cpu_type": "shared",
                "deprecation_announced": "",
                "description": "CPX 62",
                "disk": 640,
                "id": 113,
                "included_traffic": 0,
                "is_deprecated": false,
                "locations": [
                  {
                    "deprecation_announced": "",
                    "id": 1,
                    "is_deprecated": false,
                    "name": "fsn1",
                    "unavailable_after": ""
                  },
                  {
                    "deprecation_announced": "",
                    "id": 2,
                    "is_deprecated": false,
                    "name": "nbg1",
                    "unavailable_after": ""
                  },
                  {
                    "deprecation_announced": "",
                    "id": 3,
                    "is_deprecated": false,
                    "name": "hel1",
                    "unavailable_after": ""
                  },
                  {
                    "deprecation_announced": "",
                    "id": 6,
                    "is_deprecated": false,
                    "name": "sin",
                    "unavailable_after": ""
                  }
                ],
                "memory": 32,
                "name": "cpx62",
                "storage_type": "local",
                "unavailable_after": ""
              },
              {
                "architecture": "x86",
                "category": "cost_optimized",
                "cores": 2,
                "cpu_type": "shared",
                "deprecation_announced": "",
                "description": "CX 23",
                "disk": 40,
                "id": 114,
                "included_traffic": 0,
                "is_deprecated": false,
                "locations": [
                  {
                    "deprecation_announced": "",
                    "id": 1,
                    "is_deprecated": false,
                    "name": "fsn1",
                    "unavailable_after": ""
                  },
                  {
                    "deprecation_announced": "",
                    "id": 2,
                    "is_deprecated": false,
                    "name": "nbg1",
                    "unavailable_after": ""
                  },
                  {
                    "deprecation_announced": "",
                    "id": 3,
                    "is_deprecated": false,
                    "name": "hel1",
                    "unavailable_after": ""
                  }
                ],
                "memory": 4,
                "name": "cx23",
                "storage_type": "local",
                "unavailable_after": ""
              },
              {
                "architecture": "x86",
                "category": "cost_optimized",
                "cores": 4,
                "cpu_type": "shared",
                "deprecation_announced": "",
                "description": "CX 33",
                "disk": 80,
                "id": 115,
                "included_traffic": 0,
                "is_deprecated": false,
                "locations": [
                  {
                    "deprecation_announced": "",
                    "id": 1,
                    "is_deprecated": false,
                    "name": "fsn1",
                    "unavailable_after": ""
                  },
                  {
                    "deprecation_announced": "",
                    "id": 2,
                    "is_deprecated": false,
                    "name": "nbg1",
                    "unavailable_after": ""
                  },
                  {
                    "deprecation_announced": "",
                    "id": 3,
                    "is_deprecated": false,
                    "name": "hel1",
                    "unavailable_after": ""
                  }
                ],
                "memory": 8,
                "name": "cx33",
                "storage_type": "local",
                "unavailable_after": ""
              },
              {
                "architecture": "x86",
                "category": "cost_optimized",
                "cores": 8,
                "cpu_type": "shared",
                "deprecation_announced": "",
                "description": "CX 43",
                "disk": 160,
                "id": 116,
                "included_traffic": 0,
                "is_deprecated": false,
                "locations": [
                  {
                    "deprecation_announced": "",
                    "id": 1,
                    "is_deprecated": false,
                    "name": "fsn1",
                    "unavailable_after": ""
                  },
                  {
                    "deprecation_announced": "",
                    "id": 2,
                    "is_deprecated": false,
                    "name": "nbg1",
                    "unavailable_after": ""
                  },
                  {
                    "deprecation_announced": "",
                    "id": 3,
                    "is_deprecated": false,
                    "name": "hel1",
                    "unavailable_after": ""
                  }
                ],
                "memory": 16,
                "name": "cx43",
                "storage_type": "local",
                "unavailable_after": ""
              },
              {
                "architecture": "x86",
                "category": "cost_optimized",
                "cores": 16,
                "cpu_type": "shared",
                "deprecation_announced": "",
                "description": "CX 53",
                "disk": 320,
                "id": 117,
                "included_traffic": 0,
                "is_deprecated": false,
                "locations": [
                  {
                    "deprecation_announced": "",
                    "id": 1,
                    "is_deprecated": false,
                    "name": "fsn1",
                    "unavailable_after": ""
                  },
                  {
                    "deprecation_announced": "",
                    "id": 2,
                    "is_deprecated": false,
                    "name": "nbg1",
                    "unavailable_after": ""
                  },
                  {
                    "deprecation_announced": "",
                    "id": 3,
                    "is_deprecated": false,
                    "name": "hel1",
                    "unavailable_after": ""
                  }
                ],
                "memory": 32,
                "name": "cx53",
                "storage_type": "local",
                "unavailable_after": ""
              }
            ]
          },
          "sensitive_attributes": []
        }
      ]
    },
    {
      "module": "module.tenant",
      "mode": "managed",
      "type": "cloudflare_dns_record",
      "name": "faraday",
      "provider": "module.tenant.provider[\"registry.terraform.io/cloudflare/cloudflare\"]",
      "instances": [
        {
          "schema_version": 0,
          "attributes": {
            "comment": null,
            "comment_modified_on": null,
            "content": "157.180.88.232",
            "created_on": "2025-10-17T14:21:44Z",
            "data": null,
            "id": "523a38394cd83309267df818eba72620",
            "meta": "{}",
            "modified_on": "2025-10-17T14:21:44Z",
            "name": "faraday.demo.spm.openshield.io",
            "priority": null,
            "proxiable": true,
            "proxied": false,
            "settings": {
              "flatten_cname": null,
              "ipv4_only": null,
              "ipv6_only": null
            },
            "tags": [],
            "tags_modified_on": null,
            "ttl": 3600,
            "type": "A",
            "zone_id": "f92c4f6137dffe0e40aa658cc70e3fa8"
          },
          "sensitive_attributes": [],
          "dependencies": [
            "module.tenant.data.cloudflare_zone.openshield",
            "module.tenant.data.hcloud_server_type.selected",
            "module.tenant.data.hcloud_server_types.all",
            "module.tenant.hcloud_server.tenant_server",
            "module.tenant.hcloud_ssh_key.ssh_key",
            "module.tenant.tls_private_key.ssh_key"
          ]
        }
      ]
    },
    {
      "module": "module.tenant",
      "mode": "managed",
      "type": "hcloud_server",
      "name": "tenant_server",
      "provider": "module.tenant.provider[\"registry.terraform.io/hetznercloud/hcloud\"]",
      "instances": [
        {
          "schema_version": 0,
          "attributes": {
            "allow_deprecated_images": false,
            "backup_window": "",
            "backups": false,
            "datacenter": "hel1-dc2",
            "delete_protection": false,
            "firewall_ids": [],
            "id": "110996196",
            "ignore_remote_firewall_ids": false,
            "image": "ubuntu-22.04",
            "ipv4_address": "157.180.88.232",
            "ipv6_address": "2a01:4f9:c013:feed::1",
            "ipv6_network": "2a01:4f9:c013:feed::/64",
            "iso": null,
            "keep_disk": false,
            "labels": {
              "solution": "spm",
              "tenant": "demo"
            },
            "location": "hel1",
            "name": "spm-tenant-demo",
            "network": [],
            "placement_group_id": 0,
            "primary_disk_size": 80,
            "public_net": [],
            "rebuild_protection": false,
            "rescue": null,
            "server_type": "cpx21",
            "shutdown_before_deletion": false,
            "ssh_keys": [
              "103241882"
            ],
            "status": "running",
            "timeouts": null,
            "user_data": "UAFg4+ibwr2rnObBdmQhuGzXBL4="
          },
          "sensitive_attributes": [],
          "private": "eyJlMmJmYjczMC1lY2FhLTExZTYtOGY4OC0zNDM2M2JjN2M0YzAiOnsiY3JlYXRlIjo1NDAwMDAwMDAwMDAwfX0=",
          "dependencies": [
            "module.tenant.data.hcloud_server_type.selected",
            "module.tenant.data.hcloud_server_types.all",
            "module.tenant.hcloud_ssh_key.ssh_key",
            "module.tenant.tls_private_key.ssh_key"
          ]
        }
      ]
    },
    {
      "module": "module.tenant",
      "mode": "managed",
      "type": "hcloud_ssh_key",
      "name": "ssh_key",
      "provider": "module.tenant.provider[\"registry.terraform.io/hetznercloud/hcloud\"]",
      "instances": [
        {
          "schema_version": 0,
          "attributes": {
            "fingerprint": "fb:0a:81:c9:d5:82:f7:6a:bd:98:95:ea:74:f8:7e:87",
            "id": "103241882",
            "labels": {
              "solution": "spm",
              "tenant": "demo"
            },
            "name": "demo-ssh-key",
            "public_key": "ssh-rsa AAAAB3NzaC1yc2EAAAADAQABAAACAQDTAnZ1Sv/rfYdpXziOayhy71l67o5Wm5hR9GIZnf80lox63XzQgc/M+upo59uurazvbcqaZlJWCzU0Qv7iw9lzp0gejjjDwaXmg7raE9kUBReXtXAlqVrCaW2lUVyBNHkbXQVG8YKPbmZ+nVICzrijFBy626/UATNDivJQhc/WkkjjleCgxurYkpMbms52Z0radKNUNNvM+Xjh0N2f8npU+VmC2LOzD9jhmY+Dj3zPDHDys9mUDyvZOROeDRaiGdqBXVp2gmX9ZhWcyujA6igzYr05DMe1iXrTBjr1mlCQOyuOk7IkzIORK0N+q1VnO1BTvSU/CznFzjeDe9QVhVnVBEvklcqb9hW6JUZ0I2/knzNShRGXaTWw8AyBXqnwO2lghLwffhtSn8c4LM3Hfs9GzjYQCVROTmcjzMO8hUOk5OH/wKelaRbdx/qk8O2S0TT0zEnFuU6rZzaMXxmYOZ5RWQsmusRNx8ZHhh4ylVY/3pubZSv/5Nz3OzX7DQGkxP20DrOBC6TQmMCJbPzJITRUX175+R17TxSKUxRZnL87Fnrieel9saYC841U9IQaR/Q3qlk1SsFFmmS6smQL6S4tIynmwRRSOUVQyONgsd0lhIdbdboqIQjF1b1gD7Tq3EUM2nvRFN54N9tRBNpmhVJCpe90/kW5pzdStV2F/iVeGw==\n"
          },
          "sensitive_attributes": [],
          "dependencies": [
            "module.tenant.tls_private_key.ssh_key"
          ]
        }
      ]
    },
    {
      "module": "module.tenant",
      "mode": "managed",
      "type": "hcloud_volume",
      "name": "tenant_volume",
      "provider": "module.tenant.provider[\"registry.terraform.io/hetznercloud/hcloud\"]",
      "instances": [
        {
          "schema_version": 0,
          "attributes": {
            "automount": true,
            "delete_protection": false,
            "format": "ext4",
            "id": "103761299",
            "labels": {
              "solution": "spm",
              "tenant": "demo"
            },
            "linux_device": "/dev/disk/by-id/scsi-0HC_Volume_103761299",
            "location": "hel1",
            "name": "spm-tenant-demo-volume",
            "server_id": 110996196,
            "size": 50
          },
          "sensitive_attributes": [],
          "private": "bnVsbA==",
          "dependencies": [
            "module.tenant.data.hcloud_server_type.selected",
            "module.tenant.data.hcloud_server_types.all",
            "module.tenant.hcloud_server.tenant_server",
            "module.tenant.hcloud_ssh_key.ssh_key",
            "module.tenant.tls_private_key.ssh_key"
          ]
        }
      ]
    },
    {
      "module": "module.tenant",
      "mode": "managed",
      "type": "local_file",
      "name": "configure_faraday_nginx_sh",
      "provider": "provider[\"registry.terraform.io/hashicorp/local\"]",
      "instances": [
        {
          "schema_version": 0,
          "attributes": {
            "content": "#!/usr/bin/env bash\n\n# Request LetsEncrypt certificate for the domain\nsudo certbot certonly --nginx -d faraday.demo.spm.openshield.io --non-interactive --agree-tos -m certbot@cyberdef.cc --redirect \u003e /opt/faraday/certbot.log 2\u003e\u00261\n\n# Extract certificate and key paths\nCERT_PATH=$(grep -iE 'certificate is saved at:' /opt/faraday/certbot.log | awk '{print $5}')\nKEY_PATH=$(grep -iE 'key is saved at:' /opt/faraday/certbot.log | awk '{print $5}')\nif [ -z \"$CERT_PATH\" ] || [ -z \"$KEY_PATH\" ]; then\n    echo \"Failed to obtain SSL certificate. Check certbot log at /opt/faraday/certbot.log\"\n    exit 1\nfi\n\n# Generate Nginx configuration for Faraday\necho y | faraday-manage generate-nginx-config --fqdn faraday.demo.spm.openshield.io --port 5985 --ws-port 9000 --ssl-certificate $CERT_PATH --ssl-key $KEY_PATH | awk 'BEGIN{p=0} /^NGINX Config$/{getline; getline; p=1} p{print}' \u003e /opt/faraday/faraday.conf 2\u003e\u00261\n\n# Move the generated config to Nginx sites-available\nsudo mv /opt/faraday/faraday.conf /etc/nginx/sites-available/faraday.conf\nsudo ln -sf /etc/nginx/sites-available/faraday.conf /etc/nginx/sites-enabled/faraday.conf\n\n# Test Nginx configuration\nsudo nginx -t\nif [ $? -ne 0 ]; then\n    echo \"Nginx configuration test failed. Please check the configuration file.\"\n    exit 1\nfi\n\n# Wait until no jobs for systemd-sysctl remain\nwhile systemctl list-jobs | grep -q systemd-sysctl; do sleep 1; done\n\n# Reload Nginx to apply the new configuration\nsudo systemctl reload nginx",
            "content_base64": null,
            "content_base64sha256": "210fSCHxeGt0pwZqTS/0k5LBkTq41xRtYc9RdFQqD88=",
            "content_base64sha512": "o44x7nZOMVjMDsqmqNn6ktq/W0sZ+hygVnnOWU/xJ9B72mRuM5nXrwBjGG3szdpN4ImdAsPlzU36lIT4h3IFBw==",
            "content_md5": "de54c36cf988581b1d393b992e6e6aea",
            "content_sha1": "c1559e78376e862624306a435d4c168647546ffc",
            "content_sha256": "db5d1f4821f1786b74a7066a4d2ff49392c1913ab8d7146d61cf5174542a0fcf",
            "content_sha512": "a38e31ee764e3158cc0ecaa6a8d9fa92dabf5b4b19fa1ca05679ce594ff127d07bda646e3399d7af0063186deccdda4de0899d02c3e5cd4dfa9484f887720507",
            "directory_permission": "0777",
            "file_permission": "0777",
            "filename": "modules/tenant/_rendered/configure-faraday-nginx.sh",
            "id": "c1559e78376e862624306a435d4c168647546ffc",
            "sensitive_content": null,
            "source": null
          },
          "sensitive_attributes": []
        }
      ]
    },
    {
      "module": "module.tenant",
      "mode": "managed",
      "type": "local_file",
      "name": "install_faraday_sh",
      "provider": "provider[\"registry.terraform.io/hashicorp/local\"]",
      "instances": [
        {
          "schema_version": 0,
          "attributes": {
            "content": "# !/bin/bash\n\n# A helper script to install Faraday on an Ubuntu server.\n# OS: Ubuntu 20.04 or later\n# Usage: ./install-faraday.sh \u003cVERSION|latest\u003e\n# Example: ./install-faraday.sh latest\n#\n# Author: YordanOpenShield\n\n# Update package lists\nsudo apt-get update\n\n# Create necessary directories\nsudo mkdir -p /opt/faraday\ncd /opt/faraday\n\n# Get latest version tag\nVERSION=latest\nif [ -z \"$VERSION\" ] || [ \"$VERSION\" = \"latest\" ]; then\n  echo \"Fetching latest Faraday release from GitHub...\"\n  # prefer jq if available\n  if command -v jq \u003e/dev/null 2\u003e\u00261; then\n    VERSION=$(curl -s https://api.github.com/repos/infobyte/faraday/releases/latest | jq -r .tag_name)\n  else\n    VERSION=$(curl -s https://api.github.com/repos/infobyte/faraday/releases/latest | grep -oP '\"tag_name\":\\s*\"\\K(.*)(?=\")' || true)\n  fi\n\n  if [ -z \"$VERSION\" ]; then\n    echo \"Failed to determine latest Faraday version.\"\n    exit 1\n  fi\n  echo \"Latest version is $VERSION\"\nfi\n\n# Download Faraday\nsudo wget https://github.com/infobyte/faraday/releases/download/$VERSION/faraday-server_amd64.deb\n\n# Wait until no jobs for systemd-sysctl remain\nwhile systemctl list-jobs | grep -q systemd-sysctl; do sleep 1; done\n\n# Make sure dependencies are installed\nsudo apt-get install -y postgresql redis python3 python3-pip\n\n# Wait until no jobs for systemd-sysctl remain\nwhile systemctl list-jobs | grep -q systemd-sysctl; do sleep 1; done\n\n# Install Faraday\necho y | sudo dpkg -i /opt/faraday/faraday-server_amd64.deb || echo y | sudo apt install -f /opt/faraday/faraday-server_amd64.deb\n\n# Add current user to faraday group\nsudo usermod -aG faraday $(whoami)\n\n# Initialize Faraday database\nfaraday-manage initdb\n\n# Change faraday's admin password\nfaraday-manage change-password --username faraday --password zMjUYkHuy1OtqKi7\n\n# Wait until no jobs for systemd-sysctl remain\nwhile systemctl list-jobs | grep -q systemd-sysctl; do sleep 1; done\n\n# Reload systemd to recognize Faraday services\nsudo systemctl daemon-reload\n\n# Start and enable Faraday services\nsudo systemctl start faraday-server\nsudo systemctl enable faraday-server\n\nsudo systemctl start faraday-worker\nsudo systemctl enable faraday-worker\n\nsudo systemctl start faraday-worker-reports\nsudo systemctl enable faraday-worker-reports\n\n# Make sure Faraday is running\nif systemctl is-active --quiet faraday-server; then\n    echo \"Faraday server is running.\"\nelse\n    echo \"Faraday server failed to start.\"\n    exit 1\nfi",
            "content_base64": null,
            "content_base64sha256": "hi0hoT7yft0gTiK5wd15JzvG7hUJjXodlhYm2wxb508=",
            "content_base64sha512": "HB1LT2L4uTcIKuBRRsGrh4S15eRA5dlg2sLAbyPU8/15/DW8CE8lXJumdZoe+w3JzSoxlJQaTaSSrXqI+lbsFQ==",
            "content_md5": "19c5b30d9784e6f805db8c895cebe815",
            "content_sha1": "dc991a4d9a2ca3863cbdf8b89cb786b4e5cc7cb4",
            "content_sha256": "862d21a13ef27edd204e22b9c1dd79273bc6ee15098d7a1d961626db0c5be74f",
            "content_sha512": "1c1d4b4f62f8b937082ae05146c1ab8784b5e5e440e5d960dac2c06f23d4f3fd79fc35bc084f255c9ba6759a1efb0dc9cd2a3194941a4da492ad7a88fa56ec15",
            "directory_permission": "0777",
            "file_permission": "0777",
            "filename": "modules/tenant/_rendered/install-faraday.sh",
            "id": "dc991a4d9a2ca3863cbdf8b89cb786b4e5cc7cb4",
            "sensitive_content": null,
            "source": null
          },
          "sensitive_attributes": [
            [
              {
                "type": "get_attr",
                "value": "content"
              }
            ]
          ],
          "dependencies": [
            "module.tenant.random_password.faraday_password"
          ]
        }
      ]
    },
    {
      "module": "module.tenant",
      "mode": "managed",
      "type": "local_file",
      "name": "install_nginx_sh",
      "provider": "provider[\"registry.terraform.io/hashicorp/local\"]",
      "instances": [
        {
          "schema_version": 0,
          "attributes": {
            "content": "# !/bin/bash\n\n# Wait until no jobs for systemd-sysctl remain\nwhile systemctl list-jobs | grep -q systemd-sysctl; do sleep 1; done\n\n# Install Nginx\nsudo apt-get update\nsudo apt-get install -y nginx\nsudo systemctl start nginx\nsudo systemctl enable nginx\n\n# Wait until no jobs for systemd-sysctl remain\nwhile systemctl list-jobs | grep -q systemd-sysctl; do sleep 1; done\n\n# Install certbot\nsudo apt-get install -y certbot python3-certbot-nginx\n\n# Adjust firewall to allow HTTP and HTTPS traffic\nsudo ufw allow http\nsudo ufw allow https",
            "content_base64": null,
            "content_base64sha256": "+IqfbyF88IfKS05YGN4xkP6zgk3WCLpWMAb1VTdsNgE=",
            "content_base64sha512": "s2r//kvhxMWAT8x2QKbanAGDO5JvcGNZMg18wpll/3VpUeHBAkhUM2YM7otsmrxYjPhO2CEiJvoRLFqljKmd1A==",
            "content_md5": "e5707050d89db4c6ac7691cac4b73f6c",
            "content_sha1": "90912a7636c1f156f82be0497eaacd3d767b4647",
            "content_sha256": "f88a9f6f217cf087ca4b4e5818de3190feb3824dd608ba563006f555376c3601",
            "content_sha512": "b36afffe4be1c4c5804fcc7640a6da9c01833b926f706359320d7cc29965ff756951e1c102485433660cee8b6c9abc588cf84ed8212226fa112c5aa58ca99dd4",
            "directory_permission": "0777",
            "file_permission": "0777",
            "filename": "modules/tenant/_rendered/install-nginx.sh",
            "id": "90912a7636c1f156f82be0497eaacd3d767b4647",
            "sensitive_content": null,
            "source": null
          },
          "sensitive_attributes": []
        }
      ]
    },
    {
      "module": "module.tenant",
      "mode": "managed",
      "type": "null_resource",
      "name": "provision_faraday_scripts",
      "provider": "provider[\"registry.terraform.io/hashicorp/null\"]",
      "instances": [
        {
          "schema_version": 0,
          "attributes": {
            "id": "3289466049837550858",
            "triggers": {
              "always_run": "2025-10-17T14:21:45Z"
            }
          },
          "sensitive_attributes": [],
          "dependencies": [
            "module.tenant.cloudflare_dns_record.faraday",
            "module.tenant.data.cloudflare_zone.openshield",
            "module.tenant.data.hcloud_server_type.selected",
            "module.tenant.data.hcloud_server_types.all",
            "module.tenant.hcloud_server.tenant_server",
            "module.tenant.hcloud_ssh_key.ssh_key",
            "module.tenant.local_file.configure_faraday_nginx_sh",
            "module.tenant.local_file.install_faraday_sh",
            "module.tenant.local_file.install_nginx_sh",
            "module.tenant.random_password.faraday_password",
            "module.tenant.tls_private_key.ssh_key"
          ]
        }
      ]
    },
    {
      "module": "module.tenant",
      "mode": "managed",
      "type": "random_password",
      "name": "faraday_password",
      "provider": "provider[\"registry.terraform.io/hashicorp/random\"]",
      "instances": [
        {
          "schema_version": 3,
          "attributes": {
            "bcrypt_hash": "$2a$10$.kTrL2v9Opd8E6gM.nQU3umzjyCMczj3R9S5t5DEEX71p7yVYa0A2",
            "id": "none",
            "keepers": null,
            "length": 16,
            "lower": true,
            "min_lower": 0,
            "min_numeric": 0,
            "min_special": 0,
            "min_upper": 0,
            "number": true,
            "numeric": true,
            "override_special": "_%@",
            "result": "zMjUYkHuy1OtqKi7",
            "special": true,
            "upper": true
          },
          "sensitive_attributes": []
        }
      ]
    },
    {
      "module": "module.tenant",
      "mode": "managed",
      "type": "tls_private_key",
      "name": "ssh_key",
      "provider": "provider[\"registry.terraform.io/hashicorp/tls\"]",
      "instances": [
        {
          "schema_version": 1,
          "attributes": {
            "algorithm": "RSA",
            "ecdsa_curve": "P224",
            "id": "c5596247cc39f48ab29c9bb3b2c871bb1337e470",
            "private_key_openssh": "-----BEGIN OPENSSH PRIVATE KEY-----\nb3BlbnNzaC1rZXktdjEAAAAABG5vbmUAAAAEbm9uZQAAAAAAAAABAAACFwAAAAdz\nc2gtcnNhAAAAAwEAAQAAAgEA0wJ2dUr/632HaV84jmsocu9Zeu6OVpuYUfRiGZ3/\nNJaMet180IHPzPrqaOfbrq2s723KmmZSVgs1NEL+4sPZc6dIHo44w8Gl5oO62hPZ\nFAUXl7VwJalawmltpVFcgTR5G10FRvGCj25mfp1SAs64oxQcutuv1AEzQ4ryUIXP\n1pJI45XgoMbq2JKTG5rOdmdK2nSjVDTbzPl44dDdn/J6VPlZgtizsw/Y4ZmPg498\nzwxw8rPZlA8r2TkTng0WohnagV1adoJl/WYVnMrowOooM2K9OQzHtYl60wY69ZpQ\nkDsrjpOyJMyDkStDfqtVZztQU70lPws5xc43g3vUFYVZ1QRL5JXKm/YVuiVGdCNv\n5J8zUoURl2k1sPAMgV6p8DtpYIS8H34bUp/HOCzNx37PRs42EAlUTk5nI8zDvIVD\npOTh/8CnpWkW3cf6pPDtktE09MxJxblOq2c2jF8ZmDmeUVkLJrrETcfGR4YeMpVW\nP96bm2Ur/+Tc9zs1+w0BpMT9tA6zgQuk0JjAiWz8ySE0VF9e+fkde08UilMUWZy/\nOxZ64nnpfbGmAvONVPSEGkf0N6pZNUrBRZpkurJkC+kuLSMp5sEUUjlFUMjjYLHd\nJYSHW3W6KiEIxdW9YA+06txFDNp70RTeeDfbUQTaZoVSQqXvdP5Fuac3UrVdhf4l\nXhsAAAc4rj/xCK4/8QgAAAAHc3NoLXJzYQAAAgEA0wJ2dUr/632HaV84jmsocu9Z\neu6OVpuYUfRiGZ3/NJaMet180IHPzPrqaOfbrq2s723KmmZSVgs1NEL+4sPZc6dI\nHo44w8Gl5oO62hPZFAUXl7VwJalawmltpVFcgTR5G10FRvGCj25mfp1SAs64oxQc\nutuv1AEzQ4ryUIXP1pJI45XgoMbq2JKTG5rOdmdK2nSjVDTbzPl44dDdn/J6VPlZ\ngtizsw/Y4ZmPg498zwxw8rPZlA8r2TkTng0WohnagV1adoJl/WYVnMrowOooM2K9\nOQzHtYl60wY69ZpQkDsrjpOyJMyDkStDfqtVZztQU70lPws5xc43g3vUFYVZ1QRL\n5JXKm/YVuiVGdCNv5J8zUoURl2k1sPAMgV6p8DtpYIS8H34bUp/HOCzNx37PRs42\nEAlUTk5nI8zDvIVDpOTh/8CnpWkW3cf6pPDtktE09MxJxblOq2c2jF8ZmDmeUVkL\nJrrETcfGR4YeMpVWP96bm2Ur/+Tc9zs1+w0BpMT9tA6zgQuk0JjAiWz8ySE0VF9e\n+fkde08UilMUWZy/OxZ64nnpfbGmAvONVPSEGkf0N6pZNUrBRZpkurJkC+kuLSMp\n5sEUUjlFUMjjYLHdJYSHW3W6KiEIxdW9YA+06txFDNp70RTeeDfbUQTaZoVSQqXv\ndP5Fuac3UrVdhf4lXhsAAAADAQABAAACAAU7zuda3F0haG3nJDZ4FvE+2YfQiexB\nALarqpE7F3zc7RARFUrwpVBOuuiuM4cyHJN1tCw/NHSY45FvxfWm6OpS8Fl9qo/E\nalJ82vIUwvIZrDuhju4INM2UotkSWwqDXCufE4XucJARK26hhUq3iOHWml3SHBrU\nisp2lEsF/qEyUKeAbKlgNav4eriZDtzl8/fWI8TvaLI9T8++B/kzIPChnKQ/rrlW\nv8jcr7ASK4TRKK4EYvWmqK5DGab2aSTNIlvKDnfZBSGTWh7g84PxatzXap0TIZLx\nnX/FbEnyMWRaa1qmdCkwf2Tm304xfrVIRdZF3zogk6bB1iOnOxvrik5QOIUrdH+n\npbCjGfdGw6xF2W2G5JMPh1MV5kQpbSEDcjRZ1Z4Ie2I+fNSQT0YtxzXEN/Jn0eJW\nKsxmBPa5pk6MklWWO+k4fJVr91pFR7tM0duk0exEBRTHHXEEzZxkBncwQHt69Kjo\nrs43KM6g2ReUiuGWFR0F5Zc/GMDKIEjNl0WG+7XPLca2oPUi8kAdFgOH6naKt4hI\n/fUTCTTbU6lDluS1loFgeCuh+8Sx+qp20o98ldMsv0zx7L85UhPGbtl58/xVP+fk\n7Y+/o1IkSKcL3W0xOLFlcIKYiIrZAHHNSueA1Q9PTXs3n6/e4SD8C48pb01b15AO\n9ok1sbykAZ+5AAABAGxUmJeRAhjOLygljMLVB2PPqXwpWjyiSFMw4uZv62ncOsnt\nEeA8nfsc8NsiYDE96Hm/++Jo/JjquMoPsG6shriylh4KrjD7hyG4+C+t21/xPY3b\nWyt5jgbJx19bji25HXR4KDvAkm2DW4JbUNxzrjQHxELDyMAxoFiHreSLMDMUjbWA\nQgKNkEzVvqsH/HU78Dm1QDoswyUmVJj/XzHa4AqkoooaLF/Zfv/H4xyIH/DnGROk\nujrHpq0LGt52KMQmNSXbNaZWnCpVIdhQwlbYn1VOIxAFLz8QoYjeBm0QRwew+8yw\nJjIbnO72fZTI92saqhJOp2IX2Gwaj6a8fkBDpLoAAAEBAPV6QEoqPI1D9gdPjMCh\nPU3tLleE/is/4z3PcRmxT1eEJxL5Nobc6hEx7KvH4MDsfLkrEUetfKZ/NgkaEEuR\nV3U8+ypuMD0/m2W6JZp7FovinB9vmWAcGMIVvOmNAww6lCy4+B8dcbVq04OAQkht\nayNeh8aQMr3qMRzRa3u4N8mOCDBRmwmnyYBhixaa5+mSGw6dAOi89EcdNBgHFhNS\nka3ynEq2oNMfjOCPiw5IXE9TQUbbSAlZaNZN9dfdDQclhasKnq+ykq1GvNwcnlzU\niFNJQsV0sn5jiqYlR78rNI1mEAEKBSO8/k3IULbWzpiHuMVkccSbSroHbX7q4Lhk\nDekAAAEBANwN+knyQAvEadRSWJXDYx7soLO2+IHbP5rf5ggiX3D43SYr0bhrGZiS\nc7h8LZqgKgE+jbciB77g1NSxgjyGuaaggSaQemJxJDdzQCnMZkr3ZtI+3+VjROSP\n5gU9BQ1xF4nDsh82buCOfvYXymZPNfXUuB+j5T8a6UnICJ4cUOPNC1ii0ShnCRQr\nsFD3fF7oSdzsvPQEZT7kWU2DPaAtzxZ0inWQGjcvRkBxW7I0bX7ilkv6ERK2vA0i\nUjC0pxSlr5xt+0EkdkLtEZINHPOAQSL+diK0tylkk3PD+YSzKbX+mLosPhCpYw/O\n4zzE2ujY1msPptWsBhzkReASrnKE9WMAAAAAAQID\n-----END OPENSSH PRIVATE KEY-----\n",
            "private_key_pem": "-----BEGIN RSA PRIVATE KEY-----\nMIIJKAIBAAKCAgEA0wJ2dUr/632HaV84jmsocu9Zeu6OVpuYUfRiGZ3/NJaMet18\n0IHPzPrqaOfbrq2s723KmmZSVgs1NEL+4sPZc6dIHo44w8Gl5oO62hPZFAUXl7Vw\nJalawmltpVFcgTR5G10FRvGCj25mfp1SAs64oxQcutuv1AEzQ4ryUIXP1pJI45Xg\noMbq2JKTG5rOdmdK2nSjVDTbzPl44dDdn/J6VPlZgtizsw/Y4ZmPg498zwxw8rPZ\nlA8r2TkTng0WohnagV1adoJl/WYVnMrowOooM2K9OQzHtYl60wY69ZpQkDsrjpOy\nJMyDkStDfqtVZztQU70lPws5xc43g3vUFYVZ1QRL5JXKm/YVuiVGdCNv5J8zUoUR\nl2k1sPAMgV6p8DtpYIS8H34bUp/HOCzNx37PRs42EAlUTk5nI8zDvIVDpOTh/8Cn\npWkW3cf6pPDtktE09MxJxblOq2c2jF8ZmDmeUVkLJrrETcfGR4YeMpVWP96bm2Ur\n/+Tc9zs1+w0BpMT9tA6zgQuk0JjAiWz8ySE0VF9e+fkde08UilMUWZy/OxZ64nnp\nfbGmAvONVPSEGkf0N6pZNUrBRZpkurJkC+kuLSMp5sEUUjlFUMjjYLHdJYSHW3W6\nKiEIxdW9YA+06txFDNp70RTeeDfbUQTaZoVSQqXvdP5Fuac3UrVdhf4lXhsCAwEA\nAQKCAgAFO87nWtxdIWht5yQ2eBbxPtmH0InsQQC2q6qROxd83O0QERVK8KVQTrro\nrjOHMhyTdbQsPzR0mOORb8X1pujqUvBZfaqPxGpSfNryFMLyGaw7oY7uCDTNlKLZ\nElsKg1wrnxOF7nCQEStuoYVKt4jh1ppd0hwa1IrKdpRLBf6hMlCngGypYDWr+Hq4\nmQ7c5fP31iPE72iyPU/Pvgf5MyDwoZykP665Vr/I3K+wEiuE0SiuBGL1pqiuQxmm\n9mkkzSJbyg532QUhk1oe4POD8Wrc12qdEyGS8Z1/xWxJ8jFkWmtapnQpMH9k5t9O\nMX61SEXWRd86IJOmwdYjpzsb64pOUDiFK3R/p6Wwoxn3RsOsRdlthuSTD4dTFeZE\nKW0hA3I0WdWeCHtiPnzUkE9GLcc1xDfyZ9HiVirMZgT2uaZOjJJVljvpOHyVa/da\nRUe7TNHbpNHsRAUUxx1xBM2cZAZ3MEB7evSo6K7ONyjOoNkXlIrhlhUdBeWXPxjA\nyiBIzZdFhvu1zy3GtqD1IvJAHRYDh+p2ireISP31Ewk021OpQ5bktZaBYHgrofvE\nsfqqdtKPfJXTLL9M8ey/OVITxm7ZefP8VT/n5O2Pv6NSJEinC91tMTixZXCCmIiK\n2QBxzUrngNUPT017N5+v3uEg/AuPKW9NW9eQDvaJNbG8pAGfuQKCAQEA9XpASio8\njUP2B0+MwKE9Te0uV4T+Kz/jPc9xGbFPV4QnEvk2htzqETHsq8fgwOx8uSsRR618\npn82CRoQS5FXdTz7Km4wPT+bZbolmnsWi+KcH2+ZYBwYwhW86Y0DDDqULLj4Hx1x\ntWrTg4BCSG1rI16HxpAyveoxHNFre7g3yY4IMFGbCafJgGGLFprn6ZIbDp0A6Lz0\nRx00GAcWE1KRrfKcSrag0x+M4I+LDkhcT1NBRttICVlo1k31190NByWFqwqer7KS\nrUa83ByeXNSIU0lCxXSyfmOKpiVHvys0jWYQAQoFI7z+TchQttbOmIe4xWRxxJtK\nugdtfurguGQN6QKCAQEA3A36SfJAC8Rp1FJYlcNjHuygs7b4gds/mt/mCCJfcPjd\nJivRuGsZmJJzuHwtmqAqAT6NtyIHvuDU1LGCPIa5pqCBJpB6YnEkN3NAKcxmSvdm\n0j7f5WNE5I/mBT0FDXEXicOyHzZu4I5+9hfKZk819dS4H6PlPxrpScgInhxQ480L\nWKLRKGcJFCuwUPd8XuhJ3Oy89ARlPuRZTYM9oC3PFnSKdZAaNy9GQHFbsjRtfuKW\nS/oREra8DSJSMLSnFKWvnG37QSR2Qu0Rkg0c84BBIv52IrS3KWSTc8P5hLMptf6Y\nuiw+EKljD87jPMTa6NjWaw+m1awGHORF4BKucoT1YwKCAQBsLXjBdkWC940ngZ4E\nkcnjWn+OoBQmWRw6c/1ilinh5mIV0W9/FUGtXDPxK79XJaB9NYaC8Og6s1rLvgmq\nU52YE8yX0UE+7JX9yX+iyVWRRccJb3PGz/r1JQFAZx0NuY7s+oKVq7MdgLs/ezk6\nk8WgK5toHMnPubH1AjD8r50eHJJtQLkzExcQlWvnBVLoMrPrx7LL3eFEqZD4eb73\nuu5qGr1Xi43qHEBIAdoE7EyJxKXCpQXk4Nr7fhW2EDsaiCWUz7RIt0g+RisaUR5U\nyHBfS6y6OYgjfJhwSYOJsm+RVIX+/zxumG31Ny6itJ0MyNrbWj1sqAbRXk6ZnMZ1\nW9ppAoIBAQDCo9pu7ceYoPK6yttwHJLgF41NaNoGgleQNdrR9xVUZ8u0p62o4ZKS\nUXfqBmyQCHse/qV7Bq6zN0sJlrkLsF8l83JJGiImUM0n/tkSH6mbRZm8/cAstdGK\nGX3rxD1j1lRrlp1G3m7UUTYblo+ATy/7cVwrIFz1pGgUyspUj9c8p3ERxXIbuodd\nQAeElmN7zxsGPqAjdn/XUUNsPFmWBO7Xfd26fuuxRC9vcNUamyT+xo0KRvYzB07u\njx0D18axjJv4UY+b3xR7vhV8ifzBpP/4Y/s6V35rLnr+OqnJpm+OetO8WMXNFwZ4\nRRbZ+YVnz+RYbk+zT6VYiNEFkYCb6t7hAoIBAGxUmJeRAhjOLygljMLVB2PPqXwp\nWjyiSFMw4uZv62ncOsntEeA8nfsc8NsiYDE96Hm/++Jo/JjquMoPsG6shriylh4K\nrjD7hyG4+C+t21/xPY3bWyt5jgbJx19bji25HXR4KDvAkm2DW4JbUNxzrjQHxELD\nyMAxoFiHreSLMDMUjbWAQgKNkEzVvqsH/HU78Dm1QDoswyUmVJj/XzHa4Aqkoooa\nLF/Zfv/H4xyIH/DnGROkujrHpq0LGt52KMQmNSXbNaZWnCpVIdhQwlbYn1VOIxAF\nLz8QoYjeBm0QRwew+8ywJjIbnO72fZTI92saqhJOp2IX2Gwaj6a8fkBDpLo=\n-----END RSA PRIVATE KEY-----\n",
            "private_key_pem_pkcs8": "-----BEGIN PRIVATE KEY-----\nMIIJQgIBADANBgkqhkiG9w0BAQEFAASCCSwwggkoAgEAAoICAQDTAnZ1Sv/rfYdp\nXziOayhy71l67o5Wm5hR9GIZnf80lox63XzQgc/M+upo59uurazvbcqaZlJWCzU0\nQv7iw9lzp0gejjjDwaXmg7raE9kUBReXtXAlqVrCaW2lUVyBNHkbXQVG8YKPbmZ+\nnVICzrijFBy626/UATNDivJQhc/WkkjjleCgxurYkpMbms52Z0radKNUNNvM+Xjh\n0N2f8npU+VmC2LOzD9jhmY+Dj3zPDHDys9mUDyvZOROeDRaiGdqBXVp2gmX9ZhWc\nyujA6igzYr05DMe1iXrTBjr1mlCQOyuOk7IkzIORK0N+q1VnO1BTvSU/CznFzjeD\ne9QVhVnVBEvklcqb9hW6JUZ0I2/knzNShRGXaTWw8AyBXqnwO2lghLwffhtSn8c4\nLM3Hfs9GzjYQCVROTmcjzMO8hUOk5OH/wKelaRbdx/qk8O2S0TT0zEnFuU6rZzaM\nXxmYOZ5RWQsmusRNx8ZHhh4ylVY/3pubZSv/5Nz3OzX7DQGkxP20DrOBC6TQmMCJ\nbPzJITRUX175+R17TxSKUxRZnL87Fnrieel9saYC841U9IQaR/Q3qlk1SsFFmmS6\nsmQL6S4tIynmwRRSOUVQyONgsd0lhIdbdboqIQjF1b1gD7Tq3EUM2nvRFN54N9tR\nBNpmhVJCpe90/kW5pzdStV2F/iVeGwIDAQABAoICAAU7zuda3F0haG3nJDZ4FvE+\n2YfQiexBALarqpE7F3zc7RARFUrwpVBOuuiuM4cyHJN1tCw/NHSY45FvxfWm6OpS\n8Fl9qo/EalJ82vIUwvIZrDuhju4INM2UotkSWwqDXCufE4XucJARK26hhUq3iOHW\nml3SHBrUisp2lEsF/qEyUKeAbKlgNav4eriZDtzl8/fWI8TvaLI9T8++B/kzIPCh\nnKQ/rrlWv8jcr7ASK4TRKK4EYvWmqK5DGab2aSTNIlvKDnfZBSGTWh7g84PxatzX\nap0TIZLxnX/FbEnyMWRaa1qmdCkwf2Tm304xfrVIRdZF3zogk6bB1iOnOxvrik5Q\nOIUrdH+npbCjGfdGw6xF2W2G5JMPh1MV5kQpbSEDcjRZ1Z4Ie2I+fNSQT0YtxzXE\nN/Jn0eJWKsxmBPa5pk6MklWWO+k4fJVr91pFR7tM0duk0exEBRTHHXEEzZxkBncw\nQHt69Kjors43KM6g2ReUiuGWFR0F5Zc/GMDKIEjNl0WG+7XPLca2oPUi8kAdFgOH\n6naKt4hI/fUTCTTbU6lDluS1loFgeCuh+8Sx+qp20o98ldMsv0zx7L85UhPGbtl5\n8/xVP+fk7Y+/o1IkSKcL3W0xOLFlcIKYiIrZAHHNSueA1Q9PTXs3n6/e4SD8C48p\nb01b15AO9ok1sbykAZ+5AoIBAQD1ekBKKjyNQ/YHT4zAoT1N7S5XhP4rP+M9z3EZ\nsU9XhCcS+TaG3OoRMeyrx+DA7Hy5KxFHrXymfzYJGhBLkVd1PPsqbjA9P5tluiWa\nexaL4pwfb5lgHBjCFbzpjQMMOpQsuPgfHXG1atODgEJIbWsjXofGkDK96jEc0Wt7\nuDfJjggwUZsJp8mAYYsWmufpkhsOnQDovPRHHTQYBxYTUpGt8pxKtqDTH4zgj4sO\nSFxPU0FG20gJWWjWTfXX3Q0HJYWrCp6vspKtRrzcHJ5c1IhTSULFdLJ+Y4qmJUe/\nKzSNZhABCgUjvP5NyFC21s6Yh7jFZHHEm0q6B21+6uC4ZA3pAoIBAQDcDfpJ8kAL\nxGnUUliVw2Me7KCztviB2z+a3+YIIl9w+N0mK9G4axmYknO4fC2aoCoBPo23Ige+\n4NTUsYI8hrmmoIEmkHpicSQ3c0ApzGZK92bSPt/lY0Tkj+YFPQUNcReJw7IfNm7g\njn72F8pmTzX11Lgfo+U/GulJyAieHFDjzQtYotEoZwkUK7BQ93xe6Enc7Lz0BGU+\n5FlNgz2gLc8WdIp1kBo3L0ZAcVuyNG1+4pZL+hEStrwNIlIwtKcUpa+cbftBJHZC\n7RGSDRzzgEEi/nYitLcpZJNzw/mEsym1/pi6LD4QqWMPzuM8xNro2NZrD6bVrAYc\n5EXgEq5yhPVjAoIBAGwteMF2RYL3jSeBngSRyeNaf46gFCZZHDpz/WKWKeHmYhXR\nb38VQa1cM/Erv1cloH01hoLw6DqzWsu+CapTnZgTzJfRQT7slf3Jf6LJVZFFxwlv\nc8bP+vUlAUBnHQ25juz6gpWrsx2Auz97OTqTxaArm2gcyc+5sfUCMPyvnR4ckm1A\nuTMTFxCVa+cFUugys+vHssvd4USpkPh5vve67moavVeLjeocQEgB2gTsTInEpcKl\nBeTg2vt+FbYQOxqIJZTPtEi3SD5GKxpRHlTIcF9LrLo5iCN8mHBJg4myb5FUhf7/\nPG6YbfU3LqK0nQzI2ttaPWyoBtFeTpmcxnVb2mkCggEBAMKj2m7tx5ig8rrK23Ac\nkuAXjU1o2gaCV5A12tH3FVRny7SnrajhkpJRd+oGbJAIex7+pXsGrrM3SwmWuQuw\nXyXzckkaIiZQzSf+2RIfqZtFmbz9wCy10YoZfevEPWPWVGuWnUbebtRRNhuWj4BP\nL/txXCsgXPWkaBTKylSP1zyncRHFchu6h11AB4SWY3vPGwY+oCN2f9dRQ2w8WZYE\n7td93bp+67FEL29w1RqbJP7GjQpG9jMHTu6PHQPXxrGMm/hRj5vfFHu+FXyJ/MGk\n//hj+zpXfmsuev46qcmmb45607xYxc0XBnhFFtn5hWfP5FhuT7NPpViI0QWRgJvq\n3uECggEAbFSYl5ECGM4vKCWMwtUHY8+pfClaPKJIUzDi5m/radw6ye0R4Dyd+xzw\n2yJgMT3oeb/74mj8mOq4yg+wbqyGuLKWHgquMPuHIbj4L63bX/E9jdtbK3mOBsnH\nX1uOLbkddHgoO8CSbYNbgltQ3HOuNAfEQsPIwDGgWIet5IswMxSNtYBCAo2QTNW+\nqwf8dTvwObVAOizDJSZUmP9fMdrgCqSiihosX9l+/8fjHIgf8OcZE6S6OsemrQsa\n3nYoxCY1Jds1placKlUh2FDCVtifVU4jEAUvPxChiN4GbRBHB7D7zLAmMhuc7vZ9\nlMj3axqqEk6nYhfYbBqPprx+QEOkug==\n-----END PRIVATE KEY-----\n",
            "public_key_fingerprint_md5": "fb:0a:81:c9:d5:82:f7:6a:bd:98:95:ea:74:f8:7e:87",
            "public_key_fingerprint_sha256": "SHA256:ttbmwhOVFDo7c3XZ49j/yeQebIxJNNiEu50anAU2+QY",
            "public_key_openssh": "ssh-rsa AAAAB3NzaC1yc2EAAAADAQABAAACAQDTAnZ1Sv/rfYdpXziOayhy71l67o5Wm5hR9GIZnf80lox63XzQgc/M+upo59uurazvbcqaZlJWCzU0Qv7iw9lzp0gejjjDwaXmg7raE9kUBReXtXAlqVrCaW2lUVyBNHkbXQVG8YKPbmZ+nVICzrijFBy626/UATNDivJQhc/WkkjjleCgxurYkpMbms52Z0radKNUNNvM+Xjh0N2f8npU+VmC2LOzD9jhmY+Dj3zPDHDys9mUDyvZOROeDRaiGdqBXVp2gmX9ZhWcyujA6igzYr05DMe1iXrTBjr1mlCQOyuOk7IkzIORK0N+q1VnO1BTvSU/CznFzjeDe9QVhVnVBEvklcqb9hW6JUZ0I2/knzNShRGXaTWw8AyBXqnwO2lghLwffhtSn8c4LM3Hfs9GzjYQCVROTmcjzMO8hUOk5OH/wKelaRbdx/qk8O2S0TT0zEnFuU6rZzaMXxmYOZ5RWQsmusRNx8ZHhh4ylVY/3pubZSv/5Nz3OzX7DQGkxP20DrOBC6TQmMCJbPzJITRUX175+R17TxSKUxRZnL87Fnrieel9saYC841U9IQaR/Q3qlk1SsFFmmS6smQL6S4tIynmwRRSOUVQyONgsd0lhIdbdboqIQjF1b1gD7Tq3EUM2nvRFN54N9tRBNpmhVJCpe90/kW5pzdStV2F/iVeGw==\n",
            "public_key_pem": "-----BEGIN PUBLIC KEY-----\nMIICIjANBgkqhkiG9w0BAQEFAAOCAg8AMIICCgKCAgEA0wJ2dUr/632HaV84jmso\ncu9Zeu6OVpuYUfRiGZ3/NJaMet180IHPzPrqaOfbrq2s723KmmZSVgs1NEL+4sPZ\nc6dIHo44w8Gl5oO62hPZFAUXl7VwJalawmltpVFcgTR5G10FRvGCj25mfp1SAs64\noxQcutuv1AEzQ4ryUIXP1pJI45XgoMbq2JKTG5rOdmdK2nSjVDTbzPl44dDdn/J6\nVPlZgtizsw/Y4ZmPg498zwxw8rPZlA8r2TkTng0WohnagV1adoJl/WYVnMrowOoo\nM2K9OQzHtYl60wY69ZpQkDsrjpOyJMyDkStDfqtVZztQU70lPws5xc43g3vUFYVZ\n1QRL5JXKm/YVuiVGdCNv5J8zUoURl2k1sPAMgV6p8DtpYIS8H34bUp/HOCzNx37P\nRs42EAlUTk5nI8zDvIVDpOTh/8CnpWkW3cf6pPDtktE09MxJxblOq2c2jF8ZmDme\nUVkLJrrETcfGR4YeMpVWP96bm2Ur/+Tc9zs1+w0BpMT9tA6zgQuk0JjAiWz8ySE0\nVF9e+fkde08UilMUWZy/OxZ64nnpfbGmAvONVPSEGkf0N6pZNUrBRZpkurJkC+ku\nLSMp5sEUUjlFUMjjYLHdJYSHW3W6KiEIxdW9YA+06txFDNp70RTeeDfbUQTaZoVS\nQqXvdP5Fuac3UrVdhf4lXhsCAwEAAQ==\n-----END PUBLIC KEY-----\n",
            "rsa_bits": 4096
          },
          "sensitive_attributes": []
        }
      ]
    }
  ],
  "check_results": null
}
