{
  "version": 4,
  "terraform_version": "1.5.0",
  "serial": 221,
  "lineage": "2bdfdec5-8c30-28c5-2bba-a5d893c95ad2",
  "outputs": {
    "tenant_host": {
      "value": "157.180.88.232",
      "type": "string"
    },
    "tenant_name": {
      "value": "demo",
      "type": "string"
    },
    "tenant_ssh_private_key": {
      "value": "-----BEGIN RSA PRIVATE KEY-----\nMIIJKAIBAAKCAgEA3ObsWW9jdVGfGUWNN0Wo3aYjhBGY2076lPy4OkIlrI/SsSuF\ntBVEsg9ty4UPpFRIaUitscM8y5lZ3i/noGy3gmF3Sb3mzip9acy8BqIzx9zxpnNp\nTs/jZm59w0WtiPYyE7jm1y8qslfegE4+F8W3IvUx9z1V/+MZS92SbwEXc9Vx18mK\nRNWP+7wrhFOtCNvUK0BLjEpmxveOX1olAxm2u2liipdOwEQZUOxqpBsr1eqmK5q1\n17i1tWXh23kMq3zmYYx++NfsqJgLglGZARgy01HgkALLNGpyxj+VgFc9nSKYWIpo\njTyZbkDnQr8usqtXmR6NMkAgpOSNeq5AcbX5Rq4AL6KYUG/jWME+Q+t13GThwfbs\nXWuoZ0CyBAMxrywubpN8rfgDS7Q5gA5tiebzVW23pWaE81C7ihYjtZMEDhoPtupz\nSJHvQyu8eBY0SmlMSXKAWfGMURzHBtt+DUblgFpIxAt1igBTOLIMs2SkaMgnyAvk\nO1m8dHfGYVEu5Rw8P5N/sJJTq/X3H3NhiIjDcnSLseT5JsL5Dbtkj/wCDYJ/OLai\no/781z5Svhb1j+bZ5R7t36RzWKhsIGD9rToXBswYWYxA8o4AW5F1h09dv+LYZ1th\ng51VzYkswMl0RcqBgHhmpbr6hs0kzdTvsn38Ak4VwCZ6BnsXvM6d9ASjo6ECAwEA\nAQKCAgABy5gn5Wt64nwPJ+UtCfJEg+NFwWFbRe3sLE4gfhVhjMUu9q42X5Zgdpbj\nOKx+/sbcYTB1MYOi2XcVItFIeN24b+uY5DPWINsGUzlDegm+8fUeT9GPKAoedN8t\niTlO88ZGKgJpRQs9KhDnPMuNJKiXfoPmkR9r7hfwaYd1Qr5irP1I/kyzAMPT7Uxy\nvb3aJLQ5mkMK67dgXlZwQLKsjubQ6Ns5yl9D2YHVqig3N3fQnCC32cDo1QnYBLEU\nWCxhz+js6cgF5HZaS+sLBvf9/ej61e9j6DvnzAYtBYsE4SChcGypyo0tOaz7DAi9\nHoHmBpW2izylSAdj464hLT2dlvekxyqQCa0zzEBR3fUCyu91NXvtcq6olnzbtCd4\nVEIp0e78FVCqZUHNRrl/98LKSwTth34M7eCLXgNo0acXuULfS2g2xhIVeU/qbSw8\nrUtXlPIJoWsZsN2NNiJ7YLLI32Vt0c7HTp1PkNVZRVL/p3uhruLs3gTS+DDvQJ93\nCeaPU9gsWReLA6I63ZVmGpLgqlq8/6ynyL7ftaTdcZv+tGXH061FXvM7WUxfWgB1\n9oiYuGuNGNjDYbCP5lTUtx9PUX/t2pwBIZGKKFNhtNn4v44Y7GIsXPncwZIp2nIK\nEfBtf0pfYqTMk0kRzrY7tFOOx9nX1ImPgCRBXFc8mLTo2H8oeQKCAQEA+CEDLyey\nBGE/eVlVr1rrtwXMAlqEpJ5QY83vXT3/s0LOmbMKeCnjSdS48lbqMXg5WABZGqYV\n3WT3VSl8mM//plTNGe0SRaw3wx1nGaOi+7CXIvTtjqZyyVPcYJkSJeDwRl5kqM24\nTdnZNoXRcoPFqaiMGIfiqyO3cap+IH4TW8MI2scGhVYnjrobjoExepQ0xnzvI2jp\nPXqVLLI1J1txwaP0qfyUD4rLBufdT+e3i+sxplvuES0ovWcNiYxByRRXHzA0wn1o\nWtVwtfvm8tIcvjqtCvaubyaZv7G6KXYs6X1Ps31mD486nh1SoKitMMV4IdB2EAtM\ncQ9moTEsqVOq6QKCAQEA4+jO+NJhhXdZAzi99NmvKPUL861p64ilPvpRdZddehh/\nFpEAmaYVbsRVErZKPzKhUfANES9vS+m6rVBQ9ZdXb1cYDzIjmlvNi0TWsbJMVEHX\nOIsSCvHY8wyLLpM9Anj0LVeaQUEtIR9DZvhiOZrwnQh0ZHWGg/xwGBakl3Caw8cL\ndPGRoivWzV34Ek47L+AgV8Th7M4Vf+5MHFWPkoKSpEWGJqyG/72tHEqh0Q8LeZ9y\nkuRiL/1EdNoneK9j9oJOU+Bl4SxFO568XRoNNpbSjiE+el1iKOA72G6U9t53ODHT\nozzlB1TnPAwHCpOCysfJIkoynpINcZ+WbhFfSJDP+QKCAQEAhY7fc+Zd/9WIoPzh\nDj5WWnGYWjv24dUFWHNkwD+6/vaa1kh0/jEt0nPaCTeXX4Fi/GdTjvCPHFhYeVKX\nanmrFhDXRXlCOJZ2fWO6NybJd8iZ0Yscw4f8iTnGiYhbKGBndLkiXWo+Jkl4jcyB\n7K3ZG3VJ03pxG8Vh3KD0uvCh4uacQYaXj/XL3Rt38cDArUZREfX1ko3J3fm5ihFy\nYvjpxl1GOKln2OXQWqs7iOMk/P9f/jfFcSFpqGlr8/m2/1Efg/4ip/1wylPRE2O/\n8DwAlLRoqFoXkmSopXI4zlB55EQ7PlXlNcLWvnzyGOAyOOpRu4HFyuUKBGFR0Lnz\nXEFY4QKCAQB5QmPkpWK3tVFJ0oXW4X89hmuOggSqCbEJ+fsfWqKklKYBprKwDVq3\n7YPqCc0lJNYKF3OMYjWQKVJmZiY9FQGzPp6RbzbcKN4KrFyifN/5sHJHJk86PYUV\ng+YFqNc8GoioG0T6VSgiyFR/U8ZHKfW9R0NOM+2XCdfGKT33STU+1wd0eBbpNvP5\nnnafnroE9fWfXSRrbxanU21xYeCarhhBiLAgoYjORuf09ox0A9IyKrC2EQdgyxsC\nJRP9NSw1ew0buXfbP0eyufk0e+jt039BmdR5HHhekTemJufhFWpPHsugvYSJyxWg\nsDGK4gMjyvpr4RhfoAvBGYzbESkmHc5ZAoIBADufNdWrVW3I3zc1nf08Os8rcVUN\n3kylKeFRh8UhWrfd+6zBOIYwY65/IwoGFsFTuJ3wVGi2k7M+1KqWaqLXrjvNcpsO\ngh8SFsBkmbVEmTq5UWfHQ+qbYRRr8HOOJFZw9YAEKyH3M9/vaVNB1S6Nre6Kn3kX\nXmtMnXR9JxkfmC5n6tvo/STCZ3nBkCHPh7W75nvcNN1fYUJYWRLZvacR71XT2fEO\nj/vQkFxFndU7S512d1gjo9jzk2vfwTpDOW5uAVouu8IG3wqqnH11KYIvMt8mjKKU\nwU1c2syu3ZzpCkxgnWh7J/qSfOW/kgFSD4tdivvuNdMqX5ZOZs3bEg/c/3Y=\n-----END RSA PRIVATE KEY-----\n",
      "type": "string",
      "sensitive": true
    },
    "tenant_ssh_public_key": {
      "value": "ssh-rsa AAAAB3NzaC1yc2EAAAADAQABAAACAQDc5uxZb2N1UZ8ZRY03RajdpiOEEZjbTvqU/Lg6QiWsj9KxK4W0FUSyD23LhQ+kVEhpSK2xwzzLmVneL+egbLeCYXdJvebOKn1pzLwGojPH3PGmc2lOz+Nmbn3DRa2I9jITuObXLyqyV96ATj4Xxbci9TH3PVX/4xlL3ZJvARdz1XHXyYpE1Y/7vCuEU60I29QrQEuMSmbG945fWiUDGba7aWKKl07ARBlQ7GqkGyvV6qYrmrXXuLW1ZeHbeQyrfOZhjH741+yomAuCUZkBGDLTUeCQAss0anLGP5WAVz2dIphYimiNPJluQOdCvy6yq1eZHo0yQCCk5I16rkBxtflGrgAvophQb+NYwT5D63XcZOHB9uxda6hnQLIEAzGvLC5uk3yt+ANLtDmADm2J5vNVbbelZoTzULuKFiO1kwQOGg+26nNIke9DK7x4FjRKaUxJcoBZ8YxRHMcG234NRuWAWkjEC3WKAFM4sgyzZKRoyCfIC+Q7Wbx0d8ZhUS7lHDw/k3+wklOr9fcfc2GIiMNydIux5PkmwvkNu2SP/AINgn84tqKj/vzXPlK+FvWP5tnlHu3fpHNYqGwgYP2tOhcGzBhZjEDyjgBbkXWHT12/4thnW2GDnVXNiSzAyXRFyoGAeGaluvqGzSTN1O+yffwCThXAJnoGexe8zp30BKOjoQ==\n",
      "type": "string"
    }
  },
  "resources": [
    {
      "module": "module.tenant",
      "mode": "data",
      "type": "cloudflare_zone",
      "name": "openshield",
      "provider": "module.tenant.provider[\"registry.terraform.io/cloudflare/cloudflare\"]",
      "instances": [
        {
          "schema_version": 0,
          "attributes": {
            "account": {
              "id": "bca3124de7c86d659a959f06cb35043d",
              "name": "Cloudflare@cyberdef.cc's Account"
            },
            "activated_on": "2025-04-21T11:29:39Z",
            "cname_suffix": null,
            "created_on": "2025-04-21T11:00:21Z",
            "development_mode": 0,
            "filter": {
              "account": null,
              "direction": null,
              "match": null,
              "name": "openshield.io",
              "order": null,
              "status": null
            },
            "id": null,
            "meta": {
              "cdn_only": null,
              "custom_certificate_quota": 0,
              "dns_only": null,
              "foundation_dns": null,
              "page_rule_quota": 3,
              "phishing_detected": false,
              "step": 2
            },
            "modified_on": "2025-04-21T11:29:39Z",
            "name": "openshield.io",
            "name_servers": [
              "kiki.ns.cloudflare.com",
              "lloyd.ns.cloudflare.com"
            ],
            "original_dnshost": null,
            "original_name_servers": [
              "dns1.registrar-servers.com",
              "dns2.registrar-servers.com"
            ],
            "original_registrar": "namecheap, inc. (id: 1068)",
            "owner": {
              "id": null,
              "name": null,
              "type": "user"
            },
            "paused": false,
            "permissions": [
              "#dns_records:edit",
              "#dns_records:read",
              "#zone:read"
            ],
            "plan": {
              "can_subscribe": false,
              "currency": "USD",
              "externally_managed": false,
              "frequency": "",
              "id": "0feeeeeeeeeeeeeeeeeeeeeeeeeeeeee",
              "is_subscribed": false,
              "legacy_discount": false,
              "legacy_id": "free",
              "name": "Free Website",
              "price": 0
            },
            "status": "active",
            "tenant": {
              "id": null,
              "name": null
            },
            "tenant_unit": {
              "id": null
            },
            "type": "full",
            "vanity_name_servers": [],
            "verification_key": null,
            "zone_id": "f92c4f6137dffe0e40aa658cc70e3fa8"
          },
          "sensitive_attributes": []
        }
      ]
    },
    {
      "module": "module.tenant",
      "mode": "data",
      "type": "hcloud_server_type",
      "name": "selected",
      "provider": "module.tenant.provider[\"registry.terraform.io/hetznercloud/hcloud\"]",
      "instances": [
        {
          "index_key": "cpx21",
          "schema_version": 0,
          "attributes": {
            "architecture": "x86",
            "category": "regular_purpose",
            "cores": 3,
            "cpu_type": "shared",
            "deprecation_announced": "",
            "description": "CPX 21",
            "disk": 80,
            "id": 23,
            "included_traffic": 0,
            "is_deprecated": false,
            "locations": [
              {
                "deprecation_announced": "2025-10-16T06:00:00Z",
                "id": 1,
                "is_deprecated": true,
                "name": "fsn1",
                "unavailable_after": "2025-12-31T23:59:59Z"
              },
              {
                "deprecation_announced": "2025-10-16T06:00:00Z",
                "id": 2,
                "is_deprecated": true,
                "name": "nbg1",
                "unavailable_after": "2025-12-31T23:59:59Z"
              },
              {
                "deprecation_announced": "2025-10-16T06:00:00Z",
                "id": 3,
                "is_deprecated": true,
                "name": "hel1",
                "unavailable_after": "2025-12-31T23:59:59Z"
              },
              {
                "deprecation_announced": "",
                "id": 4,
                "is_deprecated": false,
                "name": "ash",
                "unavailable_after": ""
              },
              {
                "deprecation_announced": "",
                "id": 5,
                "is_deprecated": false,
                "name": "hil",
                "unavailable_after": ""
              },
              {
                "deprecation_announced": "2025-10-16T06:00:00Z",
                "id": 6,
                "is_deprecated": true,
                "name": "sin",
                "unavailable_after": "2025-12-31T23:59:59Z"
              }
            ],
            "memory": 4,
            "name": "cpx21",
            "storage_type": "local",
            "unavailable_after": ""
          },
          "sensitive_attributes": []
        },
        {
          "index_key": "cpx22",
          "schema_version": 0,
          "attributes": {
            "architecture": "x86",
            "category": "regular_purpose",
            "cores": 2,
            "cpu_type": "shared",
            "deprecation_announced": "",
            "description": "CPX 22",
            "disk": 80,
            "id": 109,
            "included_traffic": 0,
            "is_deprecated": false,
            "locations": [
              {
                "deprecation_announced": "",
                "id": 1,
                "is_deprecated": false,
                "name": "fsn1",
                "unavailable_after": ""
              },
              {
                "deprecation_announced": "",
                "id": 2,
                "is_deprecated": false,
                "name": "nbg1",
                "unavailable_after": ""
              },
              {
                "deprecation_announced": "",
                "id": 3,
                "is_deprecated": false,
                "name": "hel1",
                "unavailable_after": ""
              },
              {
                "deprecation_announced": "",
                "id": 6,
                "is_deprecated": false,
                "name": "sin",
                "unavailable_after": ""
              }
            ],
            "memory": 4,
            "name": "cpx22",
            "storage_type": "local",
            "unavailable_after": ""
          },
          "sensitive_attributes": []
        },
        {
          "index_key": "cpx31",
          "schema_version": 0,
          "attributes": {
            "architecture": "x86",
            "category": "regular_purpose",
            "cores": 4,
            "cpu_type": "shared",
            "deprecation_announced": "",
            "description": "CPX 31",
            "disk": 160,
            "id": 24,
            "included_traffic": 0,
            "is_deprecated": false,
            "locations": [
              {
                "deprecation_announced": "2025-10-16T06:00:00Z",
                "id": 1,
                "is_deprecated": true,
                "name": "fsn1",
                "unavailable_after": "2025-12-31T23:59:59Z"
              },
              {
                "deprecation_announced": "2025-10-16T06:00:00Z",
                "id": 2,
                "is_deprecated": true,
                "name": "nbg1",
                "unavailable_after": "2025-12-31T23:59:59Z"
              },
              {
                "deprecation_announced": "2025-10-16T06:00:00Z",
                "id": 3,
                "is_deprecated": true,
                "name": "hel1",
                "unavailable_after": "2025-12-31T23:59:59Z"
              },
              {
                "deprecation_announced": "",
                "id": 4,
                "is_deprecated": false,
                "name": "ash",
                "unavailable_after": ""
              },
              {
                "deprecation_announced": "",
                "id": 5,
                "is_deprecated": false,
                "name": "hil",
                "unavailable_after": ""
              },
              {
                "deprecation_announced": "2025-10-16T06:00:00Z",
                "id": 6,
                "is_deprecated": true,
                "name": "sin",
                "unavailable_after": "2025-12-31T23:59:59Z"
              }
            ],
            "memory": 8,
            "name": "cpx31",
            "storage_type": "local",
            "unavailable_after": ""
          },
          "sensitive_attributes": []
        },
        {
          "index_key": "cpx32",
          "schema_version": 0,
          "attributes": {
            "architecture": "x86",
            "category": "regular_purpose",
            "cores": 4,
            "cpu_type": "shared",
            "deprecation_announced": "",
            "description": "CPX 32",
            "disk": 160,
            "id": 110,
            "included_traffic": 0,
            "is_deprecated": false,
            "locations": [
              {
                "deprecation_announced": "",
                "id": 1,
                "is_deprecated": false,
                "name": "fsn1",
                "unavailable_after": ""
              },
              {
                "deprecation_announced": "",
                "id": 2,
                "is_deprecated": false,
                "name": "nbg1",
                "unavailable_after": ""
              },
              {
                "deprecation_announced": "",
                "id": 3,
                "is_deprecated": false,
                "name": "hel1",
                "unavailable_after": ""
              },
              {
                "deprecation_announced": "",
                "id": 6,
                "is_deprecated": false,
                "name": "sin",
                "unavailable_after": ""
              }
            ],
            "memory": 8,
            "name": "cpx32",
            "storage_type": "local",
            "unavailable_after": ""
          },
          "sensitive_attributes": []
        },
        {
          "index_key": "cpx41",
          "schema_version": 0,
          "attributes": {
            "architecture": "x86",
            "category": "regular_purpose",
            "cores": 8,
            "cpu_type": "shared",
            "deprecation_announced": "",
            "description": "CPX 41",
            "disk": 240,
            "id": 25,
            "included_traffic": 0,
            "is_deprecated": false,
            "locations": [
              {
                "deprecation_announced": "2025-10-16T06:00:00Z",
                "id": 1,
                "is_deprecated": true,
                "name": "fsn1",
                "unavailable_after": "2025-12-31T23:59:59Z"
              },
              {
                "deprecation_announced": "2025-10-16T06:00:00Z",
                "id": 2,
                "is_deprecated": true,
                "name": "nbg1",
                "unavailable_after": "2025-12-31T23:59:59Z"
              },
              {
                "deprecation_announced": "2025-10-16T06:00:00Z",
                "id": 3,
                "is_deprecated": true,
                "name": "hel1",
                "unavailable_after": "2025-12-31T23:59:59Z"
              },
              {
                "deprecation_announced": "",
                "id": 4,
                "is_deprecated": false,
                "name": "ash",
                "unavailable_after": ""
              },
              {
                "deprecation_announced": "",
                "id": 5,
                "is_deprecated": false,
                "name": "hil",
                "unavailable_after": ""
              },
              {
                "deprecation_announced": "2025-10-16T06:00:00Z",
                "id": 6,
                "is_deprecated": true,
                "name": "sin",
                "unavailable_after": "2025-12-31T23:59:59Z"
              }
            ],
            "memory": 16,
            "name": "cpx41",
            "storage_type": "local",
            "unavailable_after": ""
          },
          "sensitive_attributes": []
        },
        {
          "index_key": "cpx42",
          "schema_version": 0,
          "attributes": {
            "architecture": "x86",
            "category": "regular_purpose",
            "cores": 8,
            "cpu_type": "shared",
            "deprecation_announced": "",
            "description": "CPX 42",
            "disk": 320,
            "id": 111,
            "included_traffic": 0,
            "is_deprecated": false,
            "locations": [
              {
                "deprecation_announced": "",
                "id": 1,
                "is_deprecated": false,
                "name": "fsn1",
                "unavailable_after": ""
              },
              {
                "deprecation_announced": "",
                "id": 2,
                "is_deprecated": false,
                "name": "nbg1",
                "unavailable_after": ""
              },
              {
                "deprecation_announced": "",
                "id": 3,
                "is_deprecated": false,
                "name": "hel1",
                "unavailable_after": ""
              },
              {
                "deprecation_announced": "",
                "id": 6,
                "is_deprecated": false,
                "name": "sin",
                "unavailable_after": ""
              }
            ],
            "memory": 16,
            "name": "cpx42",
            "storage_type": "local",
            "unavailable_after": ""
          },
          "sensitive_attributes": []
        },
        {
          "index_key": "cpx51",
          "schema_version": 0,
          "attributes": {
            "architecture": "x86",
            "category": "regular_purpose",
            "cores": 16,
            "cpu_type": "shared",
            "deprecation_announced": "",
            "description": "CPX 51",
            "disk": 360,
            "id": 26,
            "included_traffic": 0,
            "is_deprecated": false,
            "locations": [
              {
                "deprecation_announced": "2025-10-16T06:00:00Z",
                "id": 1,
                "is_deprecated": true,
                "name": "fsn1",
                "unavailable_after": "2025-12-31T23:59:59Z"
              },
              {
                "deprecation_announced": "2025-10-16T06:00:00Z",
                "id": 2,
                "is_deprecated": true,
                "name": "nbg1",
                "unavailable_after": "2025-12-31T23:59:59Z"
              },
              {
                "deprecation_announced": "2025-10-16T06:00:00Z",
                "id": 3,
                "is_deprecated": true,
                "name": "hel1",
                "unavailable_after": "2025-12-31T23:59:59Z"
              },
              {
                "deprecation_announced": "",
                "id": 4,
                "is_deprecated": false,
                "name": "ash",
                "unavailable_after": ""
              },
              {
                "deprecation_announced": "",
                "id": 5,
                "is_deprecated": false,
                "name": "hil",
                "unavailable_after": ""
              },
              {
                "deprecation_announced": "2025-10-16T06:00:00Z",
                "id": 6,
                "is_deprecated": true,
                "name": "sin",
                "unavailable_after": "2025-12-31T23:59:59Z"
              }
            ],
            "memory": 32,
            "name": "cpx51",
            "storage_type": "local",
            "unavailable_after": ""
          },
          "sensitive_attributes": []
        },
        {
          "index_key": "cpx52",
          "schema_version": 0,
          "attributes": {
            "architecture": "x86",
            "category": "regular_purpose",
            "cores": 12,
            "cpu_type": "shared",
            "deprecation_announced": "",
            "description": "CPX 52",
            "disk": 480,
            "id": 112,
            "included_traffic": 0,
            "is_deprecated": false,
            "locations": [
              {
                "deprecation_announced": "",
                "id": 1,
                "is_deprecated": false,
                "name": "fsn1",
                "unavailable_after": ""
              },
              {
                "deprecation_announced": "",
                "id": 2,
                "is_deprecated": false,
                "name": "nbg1",
                "unavailable_after": ""
              },
              {
                "deprecation_announced": "",
                "id": 3,
                "is_deprecated": false,
                "name": "hel1",
                "unavailable_after": ""
              },
              {
                "deprecation_announced": "",
                "id": 6,
                "is_deprecated": false,
                "name": "sin",
                "unavailable_after": ""
              }
            ],
            "memory": 24,
            "name": "cpx52",
            "storage_type": "local",
            "unavailable_after": ""
          },
          "sensitive_attributes": []
        },
        {
          "index_key": "cpx62",
          "schema_version": 0,
          "attributes": {
            "architecture": "x86",
            "category": "regular_purpose",
            "cores": 16,
            "cpu_type": "shared",
            "deprecation_announced": "",
            "description": "CPX 62",
            "disk": 640,
            "id": 113,
            "included_traffic": 0,
            "is_deprecated": false,
            "locations": [
              {
                "deprecation_announced": "",
                "id": 1,
                "is_deprecated": false,
                "name": "fsn1",
                "unavailable_after": ""
              },
              {
                "deprecation_announced": "",
                "id": 2,
                "is_deprecated": false,
                "name": "nbg1",
                "unavailable_after": ""
              },
              {
                "deprecation_announced": "",
                "id": 3,
                "is_deprecated": false,
                "name": "hel1",
                "unavailable_after": ""
              },
              {
                "deprecation_announced": "",
                "id": 6,
                "is_deprecated": false,
                "name": "sin",
                "unavailable_after": ""
              }
            ],
            "memory": 32,
            "name": "cpx62",
            "storage_type": "local",
            "unavailable_after": ""
          },
          "sensitive_attributes": []
        },
        {
          "index_key": "cx22",
          "schema_version": 0,
          "attributes": {
            "architecture": "x86",
            "category": "cost_optimized",
            "cores": 2,
            "cpu_type": "shared",
            "deprecation_announced": "2025-10-16T06:00:00Z",
            "description": "CX22",
            "disk": 40,
            "id": 104,
            "included_traffic": 0,
            "is_deprecated": true,
            "locations": [
              {
                "deprecation_announced": "2025-10-16T06:00:00Z",
                "id": 1,
                "is_deprecated": true,
                "name": "fsn1",
                "unavailable_after": "2025-12-31T23:59:59Z"
              },
              {
                "deprecation_announced": "2025-10-16T06:00:00Z",
                "id": 2,
                "is_deprecated": true,
                "name": "nbg1",
                "unavailable_after": "2025-12-31T23:59:59Z"
              },
              {
                "deprecation_announced": "2025-10-16T06:00:00Z",
                "id": 3,
                "is_deprecated": true,
                "name": "hel1",
                "unavailable_after": "2025-12-31T23:59:59Z"
              }
            ],
            "memory": 4,
            "name": "cx22",
            "storage_type": "local",
            "unavailable_after": "2025-12-31T23:59:59Z"
          },
          "sensitive_attributes": []
        },
        {
          "index_key": "cx23",
          "schema_version": 0,
          "attributes": {
            "architecture": "x86",
            "category": "cost_optimized",
            "cores": 2,
            "cpu_type": "shared",
            "deprecation_announced": "",
            "description": "CX 23",
            "disk": 40,
            "id": 114,
            "included_traffic": 0,
            "is_deprecated": false,
            "locations": [
              {
                "deprecation_announced": "",
                "id": 1,
                "is_deprecated": false,
                "name": "fsn1",
                "unavailable_after": ""
              },
              {
                "deprecation_announced": "",
                "id": 2,
                "is_deprecated": false,
                "name": "nbg1",
                "unavailable_after": ""
              },
              {
                "deprecation_announced": "",
                "id": 3,
                "is_deprecated": false,
                "name": "hel1",
                "unavailable_after": ""
              }
            ],
            "memory": 4,
            "name": "cx23",
            "storage_type": "local",
            "unavailable_after": ""
          },
          "sensitive_attributes": []
        },
        {
          "index_key": "cx32",
          "schema_version": 0,
          "attributes": {
            "architecture": "x86",
            "category": "cost_optimized",
            "cores": 4,
            "cpu_type": "shared",
            "deprecation_announced": "2025-10-16T06:00:00Z",
            "description": "CX32",
            "disk": 80,
            "id": 105,
            "included_traffic": 0,
            "is_deprecated": true,
            "locations": [
              {
                "deprecation_announced": "2025-10-16T06:00:00Z",
                "id": 1,
                "is_deprecated": true,
                "name": "fsn1",
                "unavailable_after": "2025-12-31T23:59:59Z"
              },
              {
                "deprecation_announced": "2025-10-16T06:00:00Z",
                "id": 2,
                "is_deprecated": true,
                "name": "nbg1",
                "unavailable_after": "2025-12-31T23:59:59Z"
              },
              {
                "deprecation_announced": "2025-10-16T06:00:00Z",
                "id": 3,
                "is_deprecated": true,
                "name": "hel1",
                "unavailable_after": "2025-12-31T23:59:59Z"
              }
            ],
            "memory": 8,
            "name": "cx32",
            "storage_type": "local",
            "unavailable_after": "2025-12-31T23:59:59Z"
          },
          "sensitive_attributes": []
        },
        {
          "index_key": "cx33",
          "schema_version": 0,
          "attributes": {
            "architecture": "x86",
            "category": "cost_optimized",
            "cores": 4,
            "cpu_type": "shared",
            "deprecation_announced": "",
            "description": "CX 33",
            "disk": 80,
            "id": 115,
            "included_traffic": 0,
            "is_deprecated": false,
            "locations": [
              {
                "deprecation_announced": "",
                "id": 1,
                "is_deprecated": false,
                "name": "fsn1",
                "unavailable_after": ""
              },
              {
                "deprecation_announced": "",
                "id": 2,
                "is_deprecated": false,
                "name": "nbg1",
                "unavailable_after": ""
              },
              {
                "deprecation_announced": "",
                "id": 3,
                "is_deprecated": false,
                "name": "hel1",
                "unavailable_after": ""
              }
            ],
            "memory": 8,
            "name": "cx33",
            "storage_type": "local",
            "unavailable_after": ""
          },
          "sensitive_attributes": []
        },
        {
          "index_key": "cx42",
          "schema_version": 0,
          "attributes": {
            "architecture": "x86",
            "category": "cost_optimized",
            "cores": 8,
            "cpu_type": "shared",
            "deprecation_announced": "2025-10-16T06:00:00Z",
            "description": "CX42",
            "disk": 160,
            "id": 106,
            "included_traffic": 0,
            "is_deprecated": true,
            "locations": [
              {
                "deprecation_announced": "2025-10-16T06:00:00Z",
                "id": 1,
                "is_deprecated": true,
                "name": "fsn1",
                "unavailable_after": "2025-12-31T23:59:59Z"
              },
              {
                "deprecation_announced": "2025-10-16T06:00:00Z",
                "id": 2,
                "is_deprecated": true,
                "name": "nbg1",
                "unavailable_after": "2025-12-31T23:59:59Z"
              },
              {
                "deprecation_announced": "2025-10-16T06:00:00Z",
                "id": 3,
                "is_deprecated": true,
                "name": "hel1",
                "unavailable_after": "2025-12-31T23:59:59Z"
              }
            ],
            "memory": 16,
            "name": "cx42",
            "storage_type": "local",
            "unavailable_after": "2025-12-31T23:59:59Z"
          },
          "sensitive_attributes": []
        },
        {
          "index_key": "cx43",
          "schema_version": 0,
          "attributes": {
            "architecture": "x86",
            "category": "cost_optimized",
            "cores": 8,
            "cpu_type": "shared",
            "deprecation_announced": "",
            "description": "CX 43",
            "disk": 160,
            "id": 116,
            "included_traffic": 0,
            "is_deprecated": false,
            "locations": [
              {
                "deprecation_announced": "",
                "id": 1,
                "is_deprecated": false,
                "name": "fsn1",
                "unavailable_after": ""
              },
              {
                "deprecation_announced": "",
                "id": 2,
                "is_deprecated": false,
                "name": "nbg1",
                "unavailable_after": ""
              },
              {
                "deprecation_announced": "",
                "id": 3,
                "is_deprecated": false,
                "name": "hel1",
                "unavailable_after": ""
              }
            ],
            "memory": 16,
            "name": "cx43",
            "storage_type": "local",
            "unavailable_after": ""
          },
          "sensitive_attributes": []
        },
        {
          "index_key": "cx52",
          "schema_version": 0,
          "attributes": {
            "architecture": "x86",
            "category": "cost_optimized",
            "cores": 16,
            "cpu_type": "shared",
            "deprecation_announced": "2025-10-16T06:00:00Z",
            "description": "CX52",
            "disk": 320,
            "id": 107,
            "included_traffic": 0,
            "is_deprecated": true,
            "locations": [
              {
                "deprecation_announced": "2025-10-16T06:00:00Z",
                "id": 1,
                "is_deprecated": true,
                "name": "fsn1",
                "unavailable_after": "2025-12-31T23:59:59Z"
              },
              {
                "deprecation_announced": "2025-10-16T06:00:00Z",
                "id": 2,
                "is_deprecated": true,
                "name": "nbg1",
                "unavailable_after": "2025-12-31T23:59:59Z"
              },
              {
                "deprecation_announced": "2025-10-16T06:00:00Z",
                "id": 3,
                "is_deprecated": true,
                "name": "hel1",
                "unavailable_after": "2025-12-31T23:59:59Z"
              }
            ],
            "memory": 32,
            "name": "cx52",
            "storage_type": "local",
            "unavailable_after": "2025-12-31T23:59:59Z"
          },
          "sensitive_attributes": []
        },
        {
          "index_key": "cx53",
          "schema_version": 0,
          "attributes": {
            "architecture": "x86",
            "category": "cost_optimized",
            "cores": 16,
            "cpu_type": "shared",
            "deprecation_announced": "",
            "description": "CX 53",
            "disk": 320,
            "id": 117,
            "included_traffic": 0,
            "is_deprecated": false,
            "locations": [
              {
                "deprecation_announced": "",
                "id": 1,
                "is_deprecated": false,
                "name": "fsn1",
                "unavailable_after": ""
              },
              {
                "deprecation_announced": "",
                "id": 2,
                "is_deprecated": false,
                "name": "nbg1",
                "unavailable_after": ""
              },
              {
                "deprecation_announced": "",
                "id": 3,
                "is_deprecated": false,
                "name": "hel1",
                "unavailable_after": ""
              }
            ],
            "memory": 32,
            "name": "cx53",
            "storage_type": "local",
            "unavailable_after": ""
          },
          "sensitive_attributes": []
        }
      ]
    },
    {
      "module": "module.tenant",
      "mode": "data",
      "type": "hcloud_server_types",
      "name": "all",
      "provider": "module.tenant.provider[\"registry.terraform.io/hetznercloud/hcloud\"]",
      "instances": [
        {
          "schema_version": 0,
          "attributes": {
            "descriptions": [
              "CPX 11",
              "CPX 21",
              "CPX 31",
              "CPX 41",
              "CPX 51",
              "CAX11",
              "CAX21",
              "CAX31",
              "CAX41",
              "CCX13 Dedicated CPU",
              "CCX23 Dedicated CPU",
              "CCX33 Dedicated CPU",
              "CCX43 Dedicated CPU",
              "CCX53 Dedicated CPU",
              "CCX63 Dedicated CPU",
              "CX22",
              "CX32",
              "CX42",
              "CX52",
              "CPX 12",
              "CPX 22",
              "CPX 32",
              "CPX 42",
              "CPX 52",
              "CPX 62",
              "CX 23",
              "CX 33",
              "CX 43",
              "CX 53"
            ],
            "id": "166277662d9b7990b1711b6545d691c4fc52eb3f",
            "names": [
              "cpx11",
              "cpx21",
              "cpx31",
              "cpx41",
              "cpx51",
              "cax11",
              "cax21",
              "cax31",
              "cax41",
              "ccx13",
              "ccx23",
              "ccx33",
              "ccx43",
              "ccx53",
              "ccx63",
              "cx22",
              "cx32",
              "cx42",
              "cx52",
              "cpx12",
              "cpx22",
              "cpx32",
              "cpx42",
              "cpx52",
              "cpx62",
              "cx23",
              "cx33",
              "cx43",
              "cx53"
            ],
            "server_type_ids": [
              "22",
              "23",
              "24",
              "25",
              "26",
              "45",
              "93",
              "94",
              "95",
              "96",
              "97",
              "98",
              "99",
              "100",
              "101",
              "104",
              "105",
              "106",
              "107",
              "108",
              "109",
              "110",
              "111",
              "112",
              "113",
              "114",
              "115",
              "116",
              "117"
            ],
            "server_types": [
              {
                "architecture": "x86",
                "category": "regular_purpose",
                "cores": 2,
                "cpu_type": "shared",
                "deprecation_announced": "",
                "description": "CPX 11",
                "disk": 40,
                "id": 22,
                "included_traffic": 0,
                "is_deprecated": false,
                "locations": [
                  {
                    "deprecation_announced": "2025-10-16T06:00:00Z",
                    "id": 1,
                    "is_deprecated": true,
                    "name": "fsn1",
                    "unavailable_after": "2025-12-31T23:59:59Z"
                  },
                  {
                    "deprecation_announced": "2025-10-16T06:00:00Z",
                    "id": 2,
                    "is_deprecated": true,
                    "name": "nbg1",
                    "unavailable_after": "2025-12-31T23:59:59Z"
                  },
                  {
                    "deprecation_announced": "2025-10-16T06:00:00Z",
                    "id": 3,
                    "is_deprecated": true,
                    "name": "hel1",
                    "unavailable_after": "2025-12-31T23:59:59Z"
                  },
                  {
                    "deprecation_announced": "",
                    "id": 4,
                    "is_deprecated": false,
                    "name": "ash",
                    "unavailable_after": ""
                  },
                  {
                    "deprecation_announced": "",
                    "id": 5,
                    "is_deprecated": false,
                    "name": "hil",
                    "unavailable_after": ""
                  },
                  {
                    "deprecation_announced": "2025-10-16T06:00:00Z",
                    "id": 6,
                    "is_deprecated": true,
                    "name": "sin",
                    "unavailable_after": "2025-12-31T23:59:59Z"
                  }
                ],
                "memory": 2,
                "name": "cpx11",
                "storage_type": "local",
                "unavailable_after": ""
              },
              {
                "architecture": "x86",
                "category": "regular_purpose",
                "cores": 3,
                "cpu_type": "shared",
                "deprecation_announced": "",
                "description": "CPX 21",
                "disk": 80,
                "id": 23,
                "included_traffic": 0,
                "is_deprecated": false,
                "locations": [
                  {
                    "deprecation_announced": "2025-10-16T06:00:00Z",
                    "id": 1,
                    "is_deprecated": true,
                    "name": "fsn1",
                    "unavailable_after": "2025-12-31T23:59:59Z"
                  },
                  {
                    "deprecation_announced": "2025-10-16T06:00:00Z",
                    "id": 2,
                    "is_deprecated": true,
                    "name": "nbg1",
                    "unavailable_after": "2025-12-31T23:59:59Z"
                  },
                  {
                    "deprecation_announced": "2025-10-16T06:00:00Z",
                    "id": 3,
                    "is_deprecated": true,
                    "name": "hel1",
                    "unavailable_after": "2025-12-31T23:59:59Z"
                  },
                  {
                    "deprecation_announced": "",
                    "id": 4,
                    "is_deprecated": false,
                    "name": "ash",
                    "unavailable_after": ""
                  },
                  {
                    "deprecation_announced": "",
                    "id": 5,
                    "is_deprecated": false,
                    "name": "hil",
                    "unavailable_after": ""
                  },
                  {
                    "deprecation_announced": "2025-10-16T06:00:00Z",
                    "id": 6,
                    "is_deprecated": true,
                    "name": "sin",
                    "unavailable_after": "2025-12-31T23:59:59Z"
                  }
                ],
                "memory": 4,
                "name": "cpx21",
                "storage_type": "local",
                "unavailable_after": ""
              },
              {
                "architecture": "x86",
                "category": "regular_purpose",
                "cores": 4,
                "cpu_type": "shared",
                "deprecation_announced": "",
                "description": "CPX 31",
                "disk": 160,
                "id": 24,
                "included_traffic": 0,
                "is_deprecated": false,
                "locations": [
                  {
                    "deprecation_announced": "2025-10-16T06:00:00Z",
                    "id": 1,
                    "is_deprecated": true,
                    "name": "fsn1",
                    "unavailable_after": "2025-12-31T23:59:59Z"
                  },
                  {
                    "deprecation_announced": "2025-10-16T06:00:00Z",
                    "id": 2,
                    "is_deprecated": true,
                    "name": "nbg1",
                    "unavailable_after": "2025-12-31T23:59:59Z"
                  },
                  {
                    "deprecation_announced": "2025-10-16T06:00:00Z",
                    "id": 3,
                    "is_deprecated": true,
                    "name": "hel1",
                    "unavailable_after": "2025-12-31T23:59:59Z"
                  },
                  {
                    "deprecation_announced": "",
                    "id": 4,
                    "is_deprecated": false,
                    "name": "ash",
                    "unavailable_after": ""
                  },
                  {
                    "deprecation_announced": "",
                    "id": 5,
                    "is_deprecated": false,
                    "name": "hil",
                    "unavailable_after": ""
                  },
                  {
                    "deprecation_announced": "2025-10-16T06:00:00Z",
                    "id": 6,
                    "is_deprecated": true,
                    "name": "sin",
                    "unavailable_after": "2025-12-31T23:59:59Z"
                  }
                ],
                "memory": 8,
                "name": "cpx31",
                "storage_type": "local",
                "unavailable_after": ""
              },
              {
                "architecture": "x86",
                "category": "regular_purpose",
                "cores": 8,
                "cpu_type": "shared",
                "deprecation_announced": "",
                "description": "CPX 41",
                "disk": 240,
                "id": 25,
                "included_traffic": 0,
                "is_deprecated": false,
                "locations": [
                  {
                    "deprecation_announced": "2025-10-16T06:00:00Z",
                    "id": 1,
                    "is_deprecated": true,
                    "name": "fsn1",
                    "unavailable_after": "2025-12-31T23:59:59Z"
                  },
                  {
                    "deprecation_announced": "2025-10-16T06:00:00Z",
                    "id": 2,
                    "is_deprecated": true,
                    "name": "nbg1",
                    "unavailable_after": "2025-12-31T23:59:59Z"
                  },
                  {
                    "deprecation_announced": "2025-10-16T06:00:00Z",
                    "id": 3,
                    "is_deprecated": true,
                    "name": "hel1",
                    "unavailable_after": "2025-12-31T23:59:59Z"
                  },
                  {
                    "deprecation_announced": "",
                    "id": 4,
                    "is_deprecated": false,
                    "name": "ash",
                    "unavailable_after": ""
                  },
                  {
                    "deprecation_announced": "",
                    "id": 5,
                    "is_deprecated": false,
                    "name": "hil",
                    "unavailable_after": ""
                  },
                  {
                    "deprecation_announced": "2025-10-16T06:00:00Z",
                    "id": 6,
                    "is_deprecated": true,
                    "name": "sin",
                    "unavailable_after": "2025-12-31T23:59:59Z"
                  }
                ],
                "memory": 16,
                "name": "cpx41",
                "storage_type": "local",
                "unavailable_after": ""
              },
              {
                "architecture": "x86",
                "category": "regular_purpose",
                "cores": 16,
                "cpu_type": "shared",
                "deprecation_announced": "",
                "description": "CPX 51",
                "disk": 360,
                "id": 26,
                "included_traffic": 0,
                "is_deprecated": false,
                "locations": [
                  {
                    "deprecation_announced": "2025-10-16T06:00:00Z",
                    "id": 1,
                    "is_deprecated": true,
                    "name": "fsn1",
                    "unavailable_after": "2025-12-31T23:59:59Z"
                  },
                  {
                    "deprecation_announced": "2025-10-16T06:00:00Z",
                    "id": 2,
                    "is_deprecated": true,
                    "name": "nbg1",
                    "unavailable_after": "2025-12-31T23:59:59Z"
                  },
                  {
                    "deprecation_announced": "2025-10-16T06:00:00Z",
                    "id": 3,
                    "is_deprecated": true,
                    "name": "hel1",
                    "unavailable_after": "2025-12-31T23:59:59Z"
                  },
                  {
                    "deprecation_announced": "",
                    "id": 4,
                    "is_deprecated": false,
                    "name": "ash",
                    "unavailable_after": ""
                  },
                  {
                    "deprecation_announced": "",
                    "id": 5,
                    "is_deprecated": false,
                    "name": "hil",
                    "unavailable_after": ""
                  },
                  {
                    "deprecation_announced": "2025-10-16T06:00:00Z",
                    "id": 6,
                    "is_deprecated": true,
                    "name": "sin",
                    "unavailable_after": "2025-12-31T23:59:59Z"
                  }
                ],
                "memory": 32,
                "name": "cpx51",
                "storage_type": "local",
                "unavailable_after": ""
              },
              {
                "architecture": "arm",
                "category": "cost_optimized",
                "cores": 2,
                "cpu_type": "shared",
                "deprecation_announced": "",
                "description": "CAX11",
                "disk": 40,
                "id": 45,
                "included_traffic": 0,
                "is_deprecated": false,
                "locations": [
                  {
                    "deprecation_announced": "",
                    "id": 1,
                    "is_deprecated": false,
                    "name": "fsn1",
                    "unavailable_after": ""
                  },
                  {
                    "deprecation_announced": "",
                    "id": 2,
                    "is_deprecated": false,
                    "name": "nbg1",
                    "unavailable_after": ""
                  },
                  {
                    "deprecation_announced": "",
                    "id": 3,
                    "is_deprecated": false,
                    "name": "hel1",
                    "unavailable_after": ""
                  }
                ],
                "memory": 4,
                "name": "cax11",
                "storage_type": "local",
                "unavailable_after": ""
              },
              {
                "architecture": "arm",
                "category": "cost_optimized",
                "cores": 4,
                "cpu_type": "shared",
                "deprecation_announced": "",
                "description": "CAX21",
                "disk": 80,
                "id": 93,
                "included_traffic": 0,
                "is_deprecated": false,
                "locations": [
                  {
                    "deprecation_announced": "",
                    "id": 1,
                    "is_deprecated": false,
                    "name": "fsn1",
                    "unavailable_after": ""
                  },
                  {
                    "deprecation_announced": "",
                    "id": 2,
                    "is_deprecated": false,
                    "name": "nbg1",
                    "unavailable_after": ""
                  },
                  {
                    "deprecation_announced": "",
                    "id": 3,
                    "is_deprecated": false,
                    "name": "hel1",
                    "unavailable_after": ""
                  }
                ],
                "memory": 8,
                "name": "cax21",
                "storage_type": "local",
                "unavailable_after": ""
              },
              {
                "architecture": "arm",
                "category": "cost_optimized",
                "cores": 8,
                "cpu_type": "shared",
                "deprecation_announced": "",
                "description": "CAX31",
                "disk": 160,
                "id": 94,
                "included_traffic": 0,
                "is_deprecated": false,
                "locations": [
                  {
                    "deprecation_announced": "",
                    "id": 1,
                    "is_deprecated": false,
                    "name": "fsn1",
                    "unavailable_after": ""
                  },
                  {
                    "deprecation_announced": "",
                    "id": 2,
                    "is_deprecated": false,
                    "name": "nbg1",
                    "unavailable_after": ""
                  },
                  {
                    "deprecation_announced": "",
                    "id": 3,
                    "is_deprecated": false,
                    "name": "hel1",
                    "unavailable_after": ""
                  }
                ],
                "memory": 16,
                "name": "cax31",
                "storage_type": "local",
                "unavailable_after": ""
              },
              {
                "architecture": "arm",
                "category": "cost_optimized",
                "cores": 16,
                "cpu_type": "shared",
                "deprecation_announced": "",
                "description": "CAX41",
                "disk": 320,
                "id": 95,
                "included_traffic": 0,
                "is_deprecated": false,
                "locations": [
                  {
                    "deprecation_announced": "",
                    "id": 1,
                    "is_deprecated": false,
                    "name": "fsn1",
                    "unavailable_after": ""
                  },
                  {
                    "deprecation_announced": "",
                    "id": 2,
                    "is_deprecated": false,
                    "name": "nbg1",
                    "unavailable_after": ""
                  },
                  {
                    "deprecation_announced": "",
                    "id": 3,
                    "is_deprecated": false,
                    "name": "hel1",
                    "unavailable_after": ""
                  }
                ],
                "memory": 32,
                "name": "cax41",
                "storage_type": "local",
                "unavailable_after": ""
              },
              {
                "architecture": "x86",
                "category": "general_purpose",
                "cores": 2,
                "cpu_type": "dedicated",
                "deprecation_announced": "",
                "description": "CCX13 Dedicated CPU",
                "disk": 80,
                "id": 96,
                "included_traffic": 0,
                "is_deprecated": false,
                "locations": [
                  {
                    "deprecation_announced": "",
                    "id": 1,
                    "is_deprecated": false,
                    "name": "fsn1",
                    "unavailable_after": ""
                  },
                  {
                    "deprecation_announced": "",
                    "id": 2,
                    "is_deprecated": false,
                    "name": "nbg1",
                    "unavailable_after": ""
                  },
                  {
                    "deprecation_announced": "",
                    "id": 3,
                    "is_deprecated": false,
                    "name": "hel1",
                    "unavailable_after": ""
                  },
                  {
                    "deprecation_announced": "",
                    "id": 4,
                    "is_deprecated": false,
                    "name": "ash",
                    "unavailable_after": ""
                  },
                  {
                    "deprecation_announced": "",
                    "id": 5,
                    "is_deprecated": false,
                    "name": "hil",
                    "unavailable_after": ""
                  },
                  {
                    "deprecation_announced": "",
                    "id": 6,
                    "is_deprecated": false,
                    "name": "sin",
                    "unavailable_after": ""
                  }
                ],
                "memory": 8,
                "name": "ccx13",
                "storage_type": "local",
                "unavailable_after": ""
              },
              {
                "architecture": "x86",
                "category": "general_purpose",
                "cores": 4,
                "cpu_type": "dedicated",
                "deprecation_announced": "",
                "description": "CCX23 Dedicated CPU",
                "disk": 160,
                "id": 97,
                "included_traffic": 0,
                "is_deprecated": false,
                "locations": [
                  {
                    "deprecation_announced": "",
                    "id": 1,
                    "is_deprecated": false,
                    "name": "fsn1",
                    "unavailable_after": ""
                  },
                  {
                    "deprecation_announced": "",
                    "id": 2,
                    "is_deprecated": false,
                    "name": "nbg1",
                    "unavailable_after": ""
                  },
                  {
                    "deprecation_announced": "",
                    "id": 3,
                    "is_deprecated": false,
                    "name": "hel1",
                    "unavailable_after": ""
                  },
                  {
                    "deprecation_announced": "",
                    "id": 4,
                    "is_deprecated": false,
                    "name": "ash",
                    "unavailable_after": ""
                  },
                  {
                    "deprecation_announced": "",
                    "id": 5,
                    "is_deprecated": false,
                    "name": "hil",
                    "unavailable_after": ""
                  },
                  {
                    "deprecation_announced": "",
                    "id": 6,
                    "is_deprecated": false,
                    "name": "sin",
                    "unavailable_after": ""
                  }
                ],
                "memory": 16,
                "name": "ccx23",
                "storage_type": "local",
                "unavailable_after": ""
              },
              {
                "architecture": "x86",
                "category": "general_purpose",
                "cores": 8,
                "cpu_type": "dedicated",
                "deprecation_announced": "",
                "description": "CCX33 Dedicated CPU",
                "disk": 240,
                "id": 98,
                "included_traffic": 0,
                "is_deprecated": false,
                "locations": [
                  {
                    "deprecation_announced": "",
                    "id": 1,
                    "is_deprecated": false,
                    "name": "fsn1",
                    "unavailable_after": ""
                  },
                  {
                    "deprecation_announced": "",
                    "id": 2,
                    "is_deprecated": false,
                    "name": "nbg1",
                    "unavailable_after": ""
                  },
                  {
                    "deprecation_announced": "",
                    "id": 3,
                    "is_deprecated": false,
                    "name": "hel1",
                    "unavailable_after": ""
                  },
                  {
                    "deprecation_announced": "",
                    "id": 4,
                    "is_deprecated": false,
                    "name": "ash",
                    "unavailable_after": ""
                  },
                  {
                    "deprecation_announced": "",
                    "id": 5,
                    "is_deprecated": false,
                    "name": "hil",
                    "unavailable_after": ""
                  },
                  {
                    "deprecation_announced": "",
                    "id": 6,
                    "is_deprecated": false,
                    "name": "sin",
                    "unavailable_after": ""
                  }
                ],
                "memory": 32,
                "name": "ccx33",
                "storage_type": "local",
                "unavailable_after": ""
              },
              {
                "architecture": "x86",
                "category": "general_purpose",
                "cores": 16,
                "cpu_type": "dedicated",
                "deprecation_announced": "",
                "description": "CCX43 Dedicated CPU",
                "disk": 360,
                "id": 99,
                "included_traffic": 0,
                "is_deprecated": false,
                "locations": [
                  {
                    "deprecation_announced": "",
                    "id": 1,
                    "is_deprecated": false,
                    "name": "fsn1",
                    "unavailable_after": ""
                  },
                  {
                    "deprecation_announced": "",
                    "id": 2,
                    "is_deprecated": false,
                    "name": "nbg1",
                    "unavailable_after": ""
                  },
                  {
                    "deprecation_announced": "",
                    "id": 3,
                    "is_deprecated": false,
                    "name": "hel1",
                    "unavailable_after": ""
                  },
                  {
                    "deprecation_announced": "",
                    "id": 4,
                    "is_deprecated": false,
                    "name": "ash",
                    "unavailable_after": ""
                  },
                  {
                    "deprecation_announced": "",
                    "id": 5,
                    "is_deprecated": false,
                    "name": "hil",
                    "unavailable_after": ""
                  },
                  {
                    "deprecation_announced": "",
                    "id": 6,
                    "is_deprecated": false,
                    "name": "sin",
                    "unavailable_after": ""
                  }
                ],
                "memory": 64,
                "name": "ccx43",
                "storage_type": "local",
                "unavailable_after": ""
              },
              {
                "architecture": "x86",
                "category": "general_purpose",
                "cores": 32,
                "cpu_type": "dedicated",
                "deprecation_announced": "",
                "description": "CCX53 Dedicated CPU",
                "disk": 600,
                "id": 100,
                "included_traffic": 0,
                "is_deprecated": false,
                "locations": [
                  {
                    "deprecation_announced": "",
                    "id": 1,
                    "is_deprecated": false,
                    "name": "fsn1",
                    "unavailable_after": ""
                  },
                  {
                    "deprecation_announced": "",
                    "id": 2,
                    "is_deprecated": false,
                    "name": "nbg1",
                    "unavailable_after": ""
                  },
                  {
                    "deprecation_announced": "",
                    "id": 3,
                    "is_deprecated": false,
                    "name": "hel1",
                    "unavailable_after": ""
                  },
                  {
                    "deprecation_announced": "",
                    "id": 4,
                    "is_deprecated": false,
                    "name": "ash",
                    "unavailable_after": ""
                  },
                  {
                    "deprecation_announced": "",
                    "id": 5,
                    "is_deprecated": false,
                    "name": "hil",
                    "unavailable_after": ""
                  },
                  {
                    "deprecation_announced": "",
                    "id": 6,
                    "is_deprecated": false,
                    "name": "sin",
                    "unavailable_after": ""
                  }
                ],
                "memory": 128,
                "name": "ccx53",
                "storage_type": "local",
                "unavailable_after": ""
              },
              {
                "architecture": "x86",
                "category": "general_purpose",
                "cores": 48,
                "cpu_type": "dedicated",
                "deprecation_announced": "",
                "description": "CCX63 Dedicated CPU",
                "disk": 960,
                "id": 101,
                "included_traffic": 0,
                "is_deprecated": false,
                "locations": [
                  {
                    "deprecation_announced": "",
                    "id": 1,
                    "is_deprecated": false,
                    "name": "fsn1",
                    "unavailable_after": ""
                  },
                  {
                    "deprecation_announced": "",
                    "id": 2,
                    "is_deprecated": false,
                    "name": "nbg1",
                    "unavailable_after": ""
                  },
                  {
                    "deprecation_announced": "",
                    "id": 3,
                    "is_deprecated": false,
                    "name": "hel1",
                    "unavailable_after": ""
                  },
                  {
                    "deprecation_announced": "",
                    "id": 4,
                    "is_deprecated": false,
                    "name": "ash",
                    "unavailable_after": ""
                  },
                  {
                    "deprecation_announced": "",
                    "id": 5,
                    "is_deprecated": false,
                    "name": "hil",
                    "unavailable_after": ""
                  },
                  {
                    "deprecation_announced": "",
                    "id": 6,
                    "is_deprecated": false,
                    "name": "sin",
                    "unavailable_after": ""
                  }
                ],
                "memory": 192,
                "name": "ccx63",
                "storage_type": "local",
                "unavailable_after": ""
              },
              {
                "architecture": "x86",
                "category": "cost_optimized",
                "cores": 2,
                "cpu_type": "shared",
                "deprecation_announced": "2025-10-16T06:00:00Z",
                "description": "CX22",
                "disk": 40,
                "id": 104,
                "included_traffic": 0,
                "is_deprecated": true,
                "locations": [
                  {
                    "deprecation_announced": "2025-10-16T06:00:00Z",
                    "id": 1,
                    "is_deprecated": true,
                    "name": "fsn1",
                    "unavailable_after": "2025-12-31T23:59:59Z"
                  },
                  {
                    "deprecation_announced": "2025-10-16T06:00:00Z",
                    "id": 2,
                    "is_deprecated": true,
                    "name": "nbg1",
                    "unavailable_after": "2025-12-31T23:59:59Z"
                  },
                  {
                    "deprecation_announced": "2025-10-16T06:00:00Z",
                    "id": 3,
                    "is_deprecated": true,
                    "name": "hel1",
                    "unavailable_after": "2025-12-31T23:59:59Z"
                  }
                ],
                "memory": 4,
                "name": "cx22",
                "storage_type": "local",
                "unavailable_after": "2025-12-31T23:59:59Z"
              },
              {
                "architecture": "x86",
                "category": "cost_optimized",
                "cores": 4,
                "cpu_type": "shared",
                "deprecation_announced": "2025-10-16T06:00:00Z",
                "description": "CX32",
                "disk": 80,
                "id": 105,
                "included_traffic": 0,
                "is_deprecated": true,
                "locations": [
                  {
                    "deprecation_announced": "2025-10-16T06:00:00Z",
                    "id": 1,
                    "is_deprecated": true,
                    "name": "fsn1",
                    "unavailable_after": "2025-12-31T23:59:59Z"
                  },
                  {
                    "deprecation_announced": "2025-10-16T06:00:00Z",
                    "id": 2,
                    "is_deprecated": true,
                    "name": "nbg1",
                    "unavailable_after": "2025-12-31T23:59:59Z"
                  },
                  {
                    "deprecation_announced": "2025-10-16T06:00:00Z",
                    "id": 3,
                    "is_deprecated": true,
                    "name": "hel1",
                    "unavailable_after": "2025-12-31T23:59:59Z"
                  }
                ],
                "memory": 8,
                "name": "cx32",
                "storage_type": "local",
                "unavailable_after": "2025-12-31T23:59:59Z"
              },
              {
                "architecture": "x86",
                "category": "cost_optimized",
                "cores": 8,
                "cpu_type": "shared",
                "deprecation_announced": "2025-10-16T06:00:00Z",
                "description": "CX42",
                "disk": 160,
                "id": 106,
                "included_traffic": 0,
                "is_deprecated": true,
                "locations": [
                  {
                    "deprecation_announced": "2025-10-16T06:00:00Z",
                    "id": 1,
                    "is_deprecated": true,
                    "name": "fsn1",
                    "unavailable_after": "2025-12-31T23:59:59Z"
                  },
                  {
                    "deprecation_announced": "2025-10-16T06:00:00Z",
                    "id": 2,
                    "is_deprecated": true,
                    "name": "nbg1",
                    "unavailable_after": "2025-12-31T23:59:59Z"
                  },
                  {
                    "deprecation_announced": "2025-10-16T06:00:00Z",
                    "id": 3,
                    "is_deprecated": true,
                    "name": "hel1",
                    "unavailable_after": "2025-12-31T23:59:59Z"
                  }
                ],
                "memory": 16,
                "name": "cx42",
                "storage_type": "local",
                "unavailable_after": "2025-12-31T23:59:59Z"
              },
              {
                "architecture": "x86",
                "category": "cost_optimized",
                "cores": 16,
                "cpu_type": "shared",
                "deprecation_announced": "2025-10-16T06:00:00Z",
                "description": "CX52",
                "disk": 320,
                "id": 107,
                "included_traffic": 0,
                "is_deprecated": true,
                "locations": [
                  {
                    "deprecation_announced": "2025-10-16T06:00:00Z",
                    "id": 1,
                    "is_deprecated": true,
                    "name": "fsn1",
                    "unavailable_after": "2025-12-31T23:59:59Z"
                  },
                  {
                    "deprecation_announced": "2025-10-16T06:00:00Z",
                    "id": 2,
                    "is_deprecated": true,
                    "name": "nbg1",
                    "unavailable_after": "2025-12-31T23:59:59Z"
                  },
                  {
                    "deprecation_announced": "2025-10-16T06:00:00Z",
                    "id": 3,
                    "is_deprecated": true,
                    "name": "hel1",
                    "unavailable_after": "2025-12-31T23:59:59Z"
                  }
                ],
                "memory": 32,
                "name": "cx52",
                "storage_type": "local",
                "unavailable_after": "2025-12-31T23:59:59Z"
              },
              {
                "architecture": "x86",
                "category": "regular_purpose",
                "cores": 1,
                "cpu_type": "shared",
                "deprecation_announced": "",
                "description": "CPX 12",
                "disk": 40,
                "id": 108,
                "included_traffic": 0,
                "is_deprecated": false,
                "locations": [
                  {
                    "deprecation_announced": "",
                    "id": 6,
                    "is_deprecated": false,
                    "name": "sin",
                    "unavailable_after": ""
                  }
                ],
                "memory": 2,
                "name": "cpx12",
                "storage_type": "local",
                "unavailable_after": ""
              },
              {
                "architecture": "x86",
                "category": "regular_purpose",
                "cores": 2,
                "cpu_type": "shared",
                "deprecation_announced": "",
                "description": "CPX 22",
                "disk": 80,
                "id": 109,
                "included_traffic": 0,
                "is_deprecated": false,
                "locations": [
                  {
                    "deprecation_announced": "",
                    "id": 1,
                    "is_deprecated": false,
                    "name": "fsn1",
                    "unavailable_after": ""
                  },
                  {
                    "deprecation_announced": "",
                    "id": 2,
                    "is_deprecated": false,
                    "name": "nbg1",
                    "unavailable_after": ""
                  },
                  {
                    "deprecation_announced": "",
                    "id": 3,
                    "is_deprecated": false,
                    "name": "hel1",
                    "unavailable_after": ""
                  },
                  {
                    "deprecation_announced": "",
                    "id": 6,
                    "is_deprecated": false,
                    "name": "sin",
                    "unavailable_after": ""
                  }
                ],
                "memory": 4,
                "name": "cpx22",
                "storage_type": "local",
                "unavailable_after": ""
              },
              {
                "architecture": "x86",
                "category": "regular_purpose",
                "cores": 4,
                "cpu_type": "shared",
                "deprecation_announced": "",
                "description": "CPX 32",
                "disk": 160,
                "id": 110,
                "included_traffic": 0,
                "is_deprecated": false,
                "locations": [
                  {
                    "deprecation_announced": "",
                    "id": 1,
                    "is_deprecated": false,
                    "name": "fsn1",
                    "unavailable_after": ""
                  },
                  {
                    "deprecation_announced": "",
                    "id": 2,
                    "is_deprecated": false,
                    "name": "nbg1",
                    "unavailable_after": ""
                  },
                  {
                    "deprecation_announced": "",
                    "id": 3,
                    "is_deprecated": false,
                    "name": "hel1",
                    "unavailable_after": ""
                  },
                  {
                    "deprecation_announced": "",
                    "id": 6,
                    "is_deprecated": false,
                    "name": "sin",
                    "unavailable_after": ""
                  }
                ],
                "memory": 8,
                "name": "cpx32",
                "storage_type": "local",
                "unavailable_after": ""
              },
              {
                "architecture": "x86",
                "category": "regular_purpose",
                "cores": 8,
                "cpu_type": "shared",
                "deprecation_announced": "",
                "description": "CPX 42",
                "disk": 320,
                "id": 111,
                "included_traffic": 0,
                "is_deprecated": false,
                "locations": [
                  {
                    "deprecation_announced": "",
                    "id": 1,
                    "is_deprecated": false,
                    "name": "fsn1",
                    "unavailable_after": ""
                  },
                  {
                    "deprecation_announced": "",
                    "id": 2,
                    "is_deprecated": false,
                    "name": "nbg1",
                    "unavailable_after": ""
                  },
                  {
                    "deprecation_announced": "",
                    "id": 3,
                    "is_deprecated": false,
                    "name": "hel1",
                    "unavailable_after": ""
                  },
                  {
                    "deprecation_announced": "",
                    "id": 6,
                    "is_deprecated": false,
                    "name": "sin",
                    "unavailable_after": ""
                  }
                ],
                "memory": 16,
                "name": "cpx42",
                "storage_type": "local",
                "unavailable_after": ""
              },
              {
                "architecture": "x86",
                "category": "regular_purpose",
                "cores": 12,
                "cpu_type": "shared",
                "deprecation_announced": "",
                "description": "CPX 52",
                "disk": 480,
                "id": 112,
                "included_traffic": 0,
                "is_deprecated": false,
                "locations": [
                  {
                    "deprecation_announced": "",
                    "id": 1,
                    "is_deprecated": false,
                    "name": "fsn1",
                    "unavailable_after": ""
                  },
                  {
                    "deprecation_announced": "",
                    "id": 2,
                    "is_deprecated": false,
                    "name": "nbg1",
                    "unavailable_after": ""
                  },
                  {
                    "deprecation_announced": "",
                    "id": 3,
                    "is_deprecated": false,
                    "name": "hel1",
                    "unavailable_after": ""
                  },
                  {
                    "deprecation_announced": "",
                    "id": 6,
                    "is_deprecated": false,
                    "name": "sin",
                    "unavailable_after": ""
                  }
                ],
                "memory": 24,
                "name": "cpx52",
                "storage_type": "local",
                "unavailable_after": ""
              },
              {
                "architecture": "x86",
                "category": "regular_purpose",
                "cores": 16,
                "cpu_type": "shared",
                "deprecation_announced": "",
                "description": "CPX 62",
                "disk": 640,
                "id": 113,
                "included_traffic": 0,
                "is_deprecated": false,
                "locations": [
                  {
                    "deprecation_announced": "",
                    "id": 1,
                    "is_deprecated": false,
                    "name": "fsn1",
                    "unavailable_after": ""
                  },
                  {
                    "deprecation_announced": "",
                    "id": 2,
                    "is_deprecated": false,
                    "name": "nbg1",
                    "unavailable_after": ""
                  },
                  {
                    "deprecation_announced": "",
                    "id": 3,
                    "is_deprecated": false,
                    "name": "hel1",
                    "unavailable_after": ""
                  },
                  {
                    "deprecation_announced": "",
                    "id": 6,
                    "is_deprecated": false,
                    "name": "sin",
                    "unavailable_after": ""
                  }
                ],
                "memory": 32,
                "name": "cpx62",
                "storage_type": "local",
                "unavailable_after": ""
              },
              {
                "architecture": "x86",
                "category": "cost_optimized",
                "cores": 2,
                "cpu_type": "shared",
                "deprecation_announced": "",
                "description": "CX 23",
                "disk": 40,
                "id": 114,
                "included_traffic": 0,
                "is_deprecated": false,
                "locations": [
                  {
                    "deprecation_announced": "",
                    "id": 1,
                    "is_deprecated": false,
                    "name": "fsn1",
                    "unavailable_after": ""
                  },
                  {
                    "deprecation_announced": "",
                    "id": 2,
                    "is_deprecated": false,
                    "name": "nbg1",
                    "unavailable_after": ""
                  },
                  {
                    "deprecation_announced": "",
                    "id": 3,
                    "is_deprecated": false,
                    "name": "hel1",
                    "unavailable_after": ""
                  }
                ],
                "memory": 4,
                "name": "cx23",
                "storage_type": "local",
                "unavailable_after": ""
              },
              {
                "architecture": "x86",
                "category": "cost_optimized",
                "cores": 4,
                "cpu_type": "shared",
                "deprecation_announced": "",
                "description": "CX 33",
                "disk": 80,
                "id": 115,
                "included_traffic": 0,
                "is_deprecated": false,
                "locations": [
                  {
                    "deprecation_announced": "",
                    "id": 1,
                    "is_deprecated": false,
                    "name": "fsn1",
                    "unavailable_after": ""
                  },
                  {
                    "deprecation_announced": "",
                    "id": 2,
                    "is_deprecated": false,
                    "name": "nbg1",
                    "unavailable_after": ""
                  },
                  {
                    "deprecation_announced": "",
                    "id": 3,
                    "is_deprecated": false,
                    "name": "hel1",
                    "unavailable_after": ""
                  }
                ],
                "memory": 8,
                "name": "cx33",
                "storage_type": "local",
                "unavailable_after": ""
              },
              {
                "architecture": "x86",
                "category": "cost_optimized",
                "cores": 8,
                "cpu_type": "shared",
                "deprecation_announced": "",
                "description": "CX 43",
                "disk": 160,
                "id": 116,
                "included_traffic": 0,
                "is_deprecated": false,
                "locations": [
                  {
                    "deprecation_announced": "",
                    "id": 1,
                    "is_deprecated": false,
                    "name": "fsn1",
                    "unavailable_after": ""
                  },
                  {
                    "deprecation_announced": "",
                    "id": 2,
                    "is_deprecated": false,
                    "name": "nbg1",
                    "unavailable_after": ""
                  },
                  {
                    "deprecation_announced": "",
                    "id": 3,
                    "is_deprecated": false,
                    "name": "hel1",
                    "unavailable_after": ""
                  }
                ],
                "memory": 16,
                "name": "cx43",
                "storage_type": "local",
                "unavailable_after": ""
              },
              {
                "architecture": "x86",
                "category": "cost_optimized",
                "cores": 16,
                "cpu_type": "shared",
                "deprecation_announced": "",
                "description": "CX 53",
                "disk": 320,
                "id": 117,
                "included_traffic": 0,
                "is_deprecated": false,
                "locations": [
                  {
                    "deprecation_announced": "",
                    "id": 1,
                    "is_deprecated": false,
                    "name": "fsn1",
                    "unavailable_after": ""
                  },
                  {
                    "deprecation_announced": "",
                    "id": 2,
                    "is_deprecated": false,
                    "name": "nbg1",
                    "unavailable_after": ""
                  },
                  {
                    "deprecation_announced": "",
                    "id": 3,
                    "is_deprecated": false,
                    "name": "hel1",
                    "unavailable_after": ""
                  }
                ],
                "memory": 32,
                "name": "cx53",
                "storage_type": "local",
                "unavailable_after": ""
              }
            ]
          },
          "sensitive_attributes": []
        }
      ]
    },
    {
      "module": "module.tenant",
      "mode": "managed",
      "type": "cloudflare_dns_record",
      "name": "faraday",
      "provider": "module.tenant.provider[\"registry.terraform.io/cloudflare/cloudflare\"]",
      "instances": [
        {
          "schema_version": 0,
          "attributes": {
            "comment": null,
            "comment_modified_on": null,
            "content": "157.180.88.232",
            "created_on": "2025-10-17T12:20:06Z",
            "data": null,
            "id": "84a14303aef88e3807da8e801660f2da",
            "meta": "{}",
            "modified_on": "2025-10-17T12:20:06Z",
            "name": "faraday.demo.spm.openshield.io",
            "priority": null,
            "proxiable": true,
            "proxied": false,
            "settings": {
              "flatten_cname": null,
              "ipv4_only": null,
              "ipv6_only": null
            },
            "tags": [],
            "tags_modified_on": null,
            "ttl": 3600,
            "type": "A",
            "zone_id": "f92c4f6137dffe0e40aa658cc70e3fa8"
          },
          "sensitive_attributes": [],
          "dependencies": [
            "module.tenant.data.cloudflare_zone.openshield",
            "module.tenant.data.hcloud_server_type.selected",
            "module.tenant.data.hcloud_server_types.all",
            "module.tenant.hcloud_server.tenant_server",
            "module.tenant.hcloud_ssh_key.ssh_key",
            "module.tenant.tls_private_key.ssh_key"
          ]
        }
      ]
    },
    {
      "module": "module.tenant",
      "mode": "managed",
      "type": "hcloud_server",
      "name": "tenant_server",
      "provider": "module.tenant.provider[\"registry.terraform.io/hetznercloud/hcloud\"]",
      "instances": [
        {
          "schema_version": 0,
          "attributes": {
            "allow_deprecated_images": false,
            "backup_window": "",
            "backups": false,
            "datacenter": "hel1-dc2",
            "delete_protection": false,
            "firewall_ids": [],
            "id": "110982757",
            "ignore_remote_firewall_ids": false,
            "image": "ubuntu-22.04",
            "ipv4_address": "157.180.88.232",
            "ipv6_address": "2a01:4f9:c013:feed::1",
            "ipv6_network": "2a01:4f9:c013:feed::/64",
            "iso": null,
            "keep_disk": false,
            "labels": {
              "solution": "spm",
              "tenant": "demo"
            },
            "location": "hel1",
            "name": "spm-tenant-demo",
            "network": [],
            "placement_group_id": 0,
            "primary_disk_size": 80,
            "public_net": [],
            "rebuild_protection": false,
            "rescue": null,
            "server_type": "cpx21",
            "shutdown_before_deletion": false,
            "ssh_keys": [
              "103239471"
            ],
            "status": "running",
            "timeouts": null,
            "user_data": "AxD2pWQBiNiqj+h28ff+4sYFqmU="
          },
          "sensitive_attributes": [],
          "private": "eyJlMmJmYjczMC1lY2FhLTExZTYtOGY4OC0zNDM2M2JjN2M0YzAiOnsiY3JlYXRlIjo1NDAwMDAwMDAwMDAwfX0=",
          "dependencies": [
            "module.tenant.data.hcloud_server_type.selected",
            "module.tenant.data.hcloud_server_types.all",
            "module.tenant.hcloud_ssh_key.ssh_key",
            "module.tenant.tls_private_key.ssh_key"
          ]
        }
      ]
    },
    {
      "module": "module.tenant",
      "mode": "managed",
      "type": "hcloud_ssh_key",
      "name": "ssh_key",
      "provider": "module.tenant.provider[\"registry.terraform.io/hetznercloud/hcloud\"]",
      "instances": [
        {
          "schema_version": 0,
          "attributes": {
            "fingerprint": "44:2b:51:12:e6:f5:28:7a:1c:5b:32:c8:35:5e:41:09",
            "id": "103239471",
            "labels": {
              "solution": "spm",
              "tenant": "demo"
            },
            "name": "demo-ssh-key",
            "public_key": "ssh-rsa AAAAB3NzaC1yc2EAAAADAQABAAACAQDc5uxZb2N1UZ8ZRY03RajdpiOEEZjbTvqU/Lg6QiWsj9KxK4W0FUSyD23LhQ+kVEhpSK2xwzzLmVneL+egbLeCYXdJvebOKn1pzLwGojPH3PGmc2lOz+Nmbn3DRa2I9jITuObXLyqyV96ATj4Xxbci9TH3PVX/4xlL3ZJvARdz1XHXyYpE1Y/7vCuEU60I29QrQEuMSmbG945fWiUDGba7aWKKl07ARBlQ7GqkGyvV6qYrmrXXuLW1ZeHbeQyrfOZhjH741+yomAuCUZkBGDLTUeCQAss0anLGP5WAVz2dIphYimiNPJluQOdCvy6yq1eZHo0yQCCk5I16rkBxtflGrgAvophQb+NYwT5D63XcZOHB9uxda6hnQLIEAzGvLC5uk3yt+ANLtDmADm2J5vNVbbelZoTzULuKFiO1kwQOGg+26nNIke9DK7x4FjRKaUxJcoBZ8YxRHMcG234NRuWAWkjEC3WKAFM4sgyzZKRoyCfIC+Q7Wbx0d8ZhUS7lHDw/k3+wklOr9fcfc2GIiMNydIux5PkmwvkNu2SP/AINgn84tqKj/vzXPlK+FvWP5tnlHu3fpHNYqGwgYP2tOhcGzBhZjEDyjgBbkXWHT12/4thnW2GDnVXNiSzAyXRFyoGAeGaluvqGzSTN1O+yffwCThXAJnoGexe8zp30BKOjoQ==\n"
          },
          "sensitive_attributes": [],
          "dependencies": [
            "module.tenant.tls_private_key.ssh_key"
          ]
        }
      ]
    },
    {
      "module": "module.tenant",
      "mode": "managed",
      "type": "hcloud_volume",
      "name": "tenant_volume",
      "provider": "module.tenant.provider[\"registry.terraform.io/hetznercloud/hcloud\"]",
      "instances": [
        {
          "schema_version": 0,
          "attributes": {
            "automount": true,
            "delete_protection": false,
            "format": "ext4",
            "id": "103760586",
            "labels": {
              "solution": "spm",
              "tenant": "demo"
            },
            "linux_device": "/dev/disk/by-id/scsi-0HC_Volume_103760586",
            "location": "hel1",
            "name": "spm-tenant-demo-volume",
            "server_id": 110982757,
            "size": 50
          },
          "sensitive_attributes": [],
          "private": "bnVsbA==",
          "dependencies": [
            "module.tenant.data.hcloud_server_type.selected",
            "module.tenant.data.hcloud_server_types.all",
            "module.tenant.hcloud_server.tenant_server",
            "module.tenant.hcloud_ssh_key.ssh_key",
            "module.tenant.tls_private_key.ssh_key"
          ]
        }
      ]
    },
    {
      "module": "module.tenant",
      "mode": "managed",
      "type": "local_file",
      "name": "configure_faraday_nginx_sh",
      "provider": "provider[\"registry.terraform.io/hashicorp/local\"]",
      "instances": [
        {
          "schema_version": 0,
          "attributes": {
            "content": "#!/usr/bin/env bash\n\n# Request LetsEncrypt certificate for the domain\nsudo certbot certonly --nginx -d faraday.demo.spm.openshield.io --non-interactive --agree-tos -m certbot@cyberdef.cc --redirect \u003e /opt/faraday/certbot.log 2\u003e\u00261\n\n# Extract certificate and key paths\nCERT_PATH=$(grep -iE 'certificate is saved at:' /opt/faraday/certbot.log | awk '{print $5}')\nKEY_PATH=$(grep -iE 'key is saved at:' /opt/faraday/certbot.log | awk '{print $5}')\nif [ -z \"$CERT_PATH\" ] || [ -z \"$KEY_PATH\" ]; then\n    echo \"Failed to obtain SSL certificate. Check certbot log at /opt/faraday/certbot.log\"\n    exit 1\nfi\n\n# Generate Nginx configuration for Faraday\necho y | faraday-manage generate-nginx-config --fqdn faraday.demo.spm.openshield.io --port 5985 --ws-port 9000 --ssl-certificate $CERT_PATH --ssl-key $KEY_PATH | awk 'BEGIN{p=0} /^NGINX Config$/{getline; getline; p=1} p{print}' \u003e /opt/faraday/faraday.conf 2\u003e\u00261\n\n# Move the generated config to Nginx sites-available\nsudo mv /opt/faraday/faraday.conf /etc/nginx/sites-available/faraday.conf\nsudo ln -sf /etc/nginx/sites-available/faraday.conf /etc/nginx/sites-enabled/faraday.conf\n\n# Test Nginx configuration\nsudo nginx -t\nif [ $? -ne 0 ]; then\n    echo \"Nginx configuration test failed. Please check the configuration file.\"\n    exit 1\nfi\n\n# Reload Nginx to apply the new configuration\nsudo systemctl reload nginx",
            "content_base64": null,
            "content_base64sha256": "0kOlDDa5OCZvTiRykNQyDqjzX/HVTo9ElZv7ztly7+Y=",
            "content_base64sha512": "vpSpXfO7O0hvKvAD93G5p67p29MxXZdkPfPc1Ua5TMq/gqj3lJHdeMt3peCac4uJA4N7L0CkjE3PcCiP072Ppw==",
            "content_md5": "0c8f542b912564b0a3b0ce1587e4017b",
            "content_sha1": "6039f3cff3f6fa8289e5a4c4179d989aa6c09217",
            "content_sha256": "d243a50c36b938266f4e247290d4320ea8f35ff1d54e8f44959bfbced972efe6",
            "content_sha512": "be94a95df3bb3b486f2af003f771b9a7aee9dbd3315d97643df3dcd546b94ccabf82a8f79491dd78cb77a5e09a738b8903837b2f40a48c4dcf70288fd3bd8fa7",
            "directory_permission": "0777",
            "file_permission": "0777",
            "filename": "modules/tenant/_rendered/configure-faraday-nginx.sh",
            "id": "6039f3cff3f6fa8289e5a4c4179d989aa6c09217",
            "sensitive_content": null,
            "source": null
          },
          "sensitive_attributes": []
        }
      ]
    },
    {
      "module": "module.tenant",
      "mode": "managed",
      "type": "local_file",
      "name": "install_faraday_sh",
      "provider": "provider[\"registry.terraform.io/hashicorp/local\"]",
      "instances": [
        {
          "schema_version": 0,
          "attributes": {
            "content": "# !/bin/bash\n\n# A helper script to install Faraday on an Ubuntu server.\n# OS: Ubuntu 20.04 or later\n# Usage: ./install-faraday.sh \u003cVERSION|latest\u003e\n# Example: ./install-faraday.sh latest\n#\n# Author: YordanOpenShield\n\n# Update package lists\nsudo apt-get update\n\n# Create necessary directories\nsudo mkdir -p /opt/faraday\ncd /opt/faraday\n\n# Get latest version tag\nVERSION=latest\nif [ -z \"$VERSION\" ] || [ \"$VERSION\" = \"latest\" ]; then\n  echo \"Fetching latest Faraday release from GitHub...\"\n  # prefer jq if available\n  if command -v jq \u003e/dev/null 2\u003e\u00261; then\n    VERSION=$(curl -s https://api.github.com/repos/infobyte/faraday/releases/latest | jq -r .tag_name)\n  else\n    VERSION=$(curl -s https://api.github.com/repos/infobyte/faraday/releases/latest | grep -oP '\"tag_name\":\\s*\"\\K(.*)(?=\")' || true)\n  fi\n\n  if [ -z \"$VERSION\" ]; then\n    echo \"Failed to determine latest Faraday version.\"\n    exit 1\n  fi\n  echo \"Latest version is $VERSION\"\nfi\n\n# Download Faraday\nsudo wget https://github.com/infobyte/faraday/releases/download/$VERSION/faraday-server_amd64.deb\n\n# Make sure dependencies are installed\nsudo apt-get install -y postgresql redis python3 python3-pip\n\n# Install Faraday\nsudo dpkg -i /opt/faraday/faraday-server_amd64.deb || sudo apt install -f /opt/faraday/faraday-server_amd64.deb\n\n# Add current user to faraday group\nsudo usermod -aG faraday $(whoami)\n\n# Initialize Faraday database\nfaraday-manage initdb\n\n# Change faraday's admin password\nfaraday-manage change-password --username faraday --password J65@8sIOzG7LsMwz\n\n# Start and enable Faraday services\nsystemctl start faraday-server\nsystemctl enable faraday-server\n\nsystemctl start faraday-worker\nsystemctl enable faraday-worker\n\nsystemctl start faraday-worker-reports\nsystemctl enable faraday-worker-reports\n\n# Make sure Faraday is running\nif systemctl is-active --quiet faraday-server; then\n    echo \"Faraday server is running.\"\nelse\n    echo \"Faraday server failed to start.\"\n    exit 1\nfi",
            "content_base64": null,
            "content_base64sha256": "DNwJs+DWOIAJRQTZ2oO0iL0pNOabo0tC4KEC7teJ2og=",
            "content_base64sha512": "fDpygh0DtiGD2KDXjY5G1n7rrhgSdHNNgFNS1IHavMPO9O6aTplYFgAWDKLOnSu6C50mdp7M1fPAY6uL3iqT5g==",
            "content_md5": "cd154b39645081b764d5556dc6c5f364",
            "content_sha1": "aa07ae77b8efecdc63ba91ed44dd49d835b9c4c3",
            "content_sha256": "0cdc09b3e0d63880094504d9da83b488bd2934e69ba34b42e0a102eed789da88",
            "content_sha512": "7c3a72821d03b62183d8a0d78d8e46d67eebae181274734d805352d481dabcc3cef4ee9a4e99581600160ca2ce9d2bba0b9d26769eccd5f3c063ab8bde2a93e6",
            "directory_permission": "0777",
            "file_permission": "0777",
            "filename": "modules/tenant/_rendered/install-faraday.sh",
            "id": "aa07ae77b8efecdc63ba91ed44dd49d835b9c4c3",
            "sensitive_content": null,
            "source": null
          },
          "sensitive_attributes": [
            [
              {
                "type": "get_attr",
                "value": "content"
              }
            ]
          ],
          "dependencies": [
            "module.tenant.random_password.faraday_password"
          ]
        }
      ]
    },
    {
      "module": "module.tenant",
      "mode": "managed",
      "type": "local_file",
      "name": "install_nginx_sh",
      "provider": "provider[\"registry.terraform.io/hashicorp/local\"]",
      "instances": [
        {
          "schema_version": 0,
          "attributes": {
            "content": "# !/bin/bash\n\n# Install Nginx\nsudo apt-get update\nsudo apt-get install -y nginx\nsudo systemctl start nginx\nsudo systemctl enable nginx\n\n# Install certbot\nsudo apt-get install -y certbot python3-certbot-nginx\n\n# Adjust firewall to allow HTTP and HTTPS traffic\nsudo ufw allow http\nsudo ufw allow https",
            "content_base64": null,
            "content_base64sha256": "fcUzYhwwezsI4U6aQmTi17TJwy1tHNWIsrY/fr48Iks=",
            "content_base64sha512": "psoCa0OYzxL7gE+l5ZTXPiYmv/9daIe86AsxfC6RzprjapYrUpTnVz3+MJHwpaiDPkZLMmqcAMgc42g8KzcnQA==",
            "content_md5": "1f1c8cc2862ad50f915cf7313e27441d",
            "content_sha1": "18439fd5d884a92015585d9b759b1c051c14d837",
            "content_sha256": "7dc533621c307b3b08e14e9a4264e2d7b4c9c32d6d1cd588b2b63f7ebe3c224b",
            "content_sha512": "a6ca026b4398cf12fb804fa5e594d73e2626bfff5d6887bce80b317c2e91ce9ae36a962b5294e7573dfe3091f0a5a8833e464b326a9c00c81ce3683c2b372740",
            "directory_permission": "0777",
            "file_permission": "0777",
            "filename": "modules/tenant/_rendered/install-nginx.sh",
            "id": "18439fd5d884a92015585d9b759b1c051c14d837",
            "sensitive_content": null,
            "source": null
          },
          "sensitive_attributes": []
        }
      ]
    },
    {
      "module": "module.tenant",
      "mode": "managed",
      "type": "null_resource",
      "name": "provision_faraday_scripts",
      "provider": "provider[\"registry.terraform.io/hashicorp/null\"]",
      "instances": [
        {
          "status": "tainted",
          "schema_version": 0,
          "attributes": {
            "id": "1407771455319688919",
            "triggers": {
              "always_run": "2025-10-17T12:20:06Z"
            }
          },
          "sensitive_attributes": [],
          "dependencies": [
            "module.tenant.cloudflare_dns_record.faraday",
            "module.tenant.data.cloudflare_zone.openshield",
            "module.tenant.data.hcloud_server_type.selected",
            "module.tenant.data.hcloud_server_types.all",
            "module.tenant.hcloud_server.tenant_server",
            "module.tenant.hcloud_ssh_key.ssh_key",
            "module.tenant.local_file.configure_faraday_nginx_sh",
            "module.tenant.local_file.install_faraday_sh",
            "module.tenant.local_file.install_nginx_sh",
            "module.tenant.random_password.faraday_password",
            "module.tenant.tls_private_key.ssh_key"
          ]
        }
      ]
    },
    {
      "module": "module.tenant",
      "mode": "managed",
      "type": "random_password",
      "name": "faraday_password",
      "provider": "provider[\"registry.terraform.io/hashicorp/random\"]",
      "instances": [
        {
          "schema_version": 3,
          "attributes": {
            "bcrypt_hash": "$2a$10$xR2z.XDllj2jQ1JzeNi1zOx8QTvNUt3dnGTUDFm8ePlpfNeWzlBxa",
            "id": "none",
            "keepers": null,
            "length": 16,
            "lower": true,
            "min_lower": 0,
            "min_numeric": 0,
            "min_special": 0,
            "min_upper": 0,
            "number": true,
            "numeric": true,
            "override_special": "_%@",
            "result": "J65@8sIOzG7LsMwz",
            "special": true,
            "upper": true
          },
          "sensitive_attributes": []
        }
      ]
    },
    {
      "module": "module.tenant",
      "mode": "managed",
      "type": "tls_private_key",
      "name": "ssh_key",
      "provider": "provider[\"registry.terraform.io/hashicorp/tls\"]",
      "instances": [
        {
          "schema_version": 1,
          "attributes": {
            "algorithm": "RSA",
            "ecdsa_curve": "P224",
            "id": "01d8bed7a703719b8f3db67e8f3bb0504f51287e",
            "private_key_openssh": "-----BEGIN OPENSSH PRIVATE KEY-----\nb3BlbnNzaC1rZXktdjEAAAAABG5vbmUAAAAEbm9uZQAAAAAAAAABAAACFwAAAAdz\nc2gtcnNhAAAAAwEAAQAAAgEA3ObsWW9jdVGfGUWNN0Wo3aYjhBGY2076lPy4OkIl\nrI/SsSuFtBVEsg9ty4UPpFRIaUitscM8y5lZ3i/noGy3gmF3Sb3mzip9acy8BqIz\nx9zxpnNpTs/jZm59w0WtiPYyE7jm1y8qslfegE4+F8W3IvUx9z1V/+MZS92SbwEX\nc9Vx18mKRNWP+7wrhFOtCNvUK0BLjEpmxveOX1olAxm2u2liipdOwEQZUOxqpBsr\n1eqmK5q117i1tWXh23kMq3zmYYx++NfsqJgLglGZARgy01HgkALLNGpyxj+VgFc9\nnSKYWIpojTyZbkDnQr8usqtXmR6NMkAgpOSNeq5AcbX5Rq4AL6KYUG/jWME+Q+t1\n3GThwfbsXWuoZ0CyBAMxrywubpN8rfgDS7Q5gA5tiebzVW23pWaE81C7ihYjtZME\nDhoPtupzSJHvQyu8eBY0SmlMSXKAWfGMURzHBtt+DUblgFpIxAt1igBTOLIMs2Sk\naMgnyAvkO1m8dHfGYVEu5Rw8P5N/sJJTq/X3H3NhiIjDcnSLseT5JsL5Dbtkj/wC\nDYJ/OLaio/781z5Svhb1j+bZ5R7t36RzWKhsIGD9rToXBswYWYxA8o4AW5F1h09d\nv+LYZ1thg51VzYkswMl0RcqBgHhmpbr6hs0kzdTvsn38Ak4VwCZ6BnsXvM6d9ASj\no6EAAAc4tIA+yrSAPsoAAAAHc3NoLXJzYQAAAgEA3ObsWW9jdVGfGUWNN0Wo3aYj\nhBGY2076lPy4OkIlrI/SsSuFtBVEsg9ty4UPpFRIaUitscM8y5lZ3i/noGy3gmF3\nSb3mzip9acy8BqIzx9zxpnNpTs/jZm59w0WtiPYyE7jm1y8qslfegE4+F8W3IvUx\n9z1V/+MZS92SbwEXc9Vx18mKRNWP+7wrhFOtCNvUK0BLjEpmxveOX1olAxm2u2li\nipdOwEQZUOxqpBsr1eqmK5q117i1tWXh23kMq3zmYYx++NfsqJgLglGZARgy01Hg\nkALLNGpyxj+VgFc9nSKYWIpojTyZbkDnQr8usqtXmR6NMkAgpOSNeq5AcbX5Rq4A\nL6KYUG/jWME+Q+t13GThwfbsXWuoZ0CyBAMxrywubpN8rfgDS7Q5gA5tiebzVW23\npWaE81C7ihYjtZMEDhoPtupzSJHvQyu8eBY0SmlMSXKAWfGMURzHBtt+DUblgFpI\nxAt1igBTOLIMs2SkaMgnyAvkO1m8dHfGYVEu5Rw8P5N/sJJTq/X3H3NhiIjDcnSL\nseT5JsL5Dbtkj/wCDYJ/OLaio/781z5Svhb1j+bZ5R7t36RzWKhsIGD9rToXBswY\nWYxA8o4AW5F1h09dv+LYZ1thg51VzYkswMl0RcqBgHhmpbr6hs0kzdTvsn38Ak4V\nwCZ6BnsXvM6d9ASjo6EAAAADAQABAAACAAHLmCfla3rifA8n5S0J8kSD40XBYVtF\n7ewsTiB+FWGMxS72rjZflmB2luM4rH7+xtxhMHUxg6LZdxUi0Uh43bhv65jkM9Yg\n2wZTOUN6Cb7x9R5P0Y8oCh503y2JOU7zxkYqAmlFCz0qEOc8y40kqJd+g+aRH2vu\nF/Bph3VCvmKs/Uj+TLMAw9PtTHK9vdoktDmaQwrrt2BeVnBAsqyO5tDo2znKX0PZ\ngdWqKDc3d9CcILfZwOjVCdgEsRRYLGHP6OzpyAXkdlpL6wsG9/396PrV72PoO+fM\nBi0FiwThIKFwbKnKjS05rPsMCL0egeYGlbaLPKVIB2PjriEtPZ2W96THKpAJrTPM\nQFHd9QLK73U1e+1yrqiWfNu0J3hUQinR7vwVUKplQc1GuX/3wspLBO2Hfgzt4Ite\nA2jRpxe5Qt9LaDbGEhV5T+ptLDytS1eU8gmhaxmw3Y02IntgssjfZW3RzsdOnU+Q\n1VlFUv+ne6Gu4uzeBNL4MO9An3cJ5o9T2CxZF4sDojrdlWYakuCqWrz/rKfIvt+1\npN1xm/60ZcfTrUVe8ztZTF9aAHX2iJi4a40Y2MNhsI/mVNS3H09Rf+3anAEhkYoo\nU2G02fi/jhjsYixc+dzBkinacgoR8G1/Sl9ipMyTSRHOtju0U47H2dfUiY+AJEFc\nVzyYtOjYfyh5AAABADufNdWrVW3I3zc1nf08Os8rcVUN3kylKeFRh8UhWrfd+6zB\nOIYwY65/IwoGFsFTuJ3wVGi2k7M+1KqWaqLXrjvNcpsOgh8SFsBkmbVEmTq5UWfH\nQ+qbYRRr8HOOJFZw9YAEKyH3M9/vaVNB1S6Nre6Kn3kXXmtMnXR9JxkfmC5n6tvo\n/STCZ3nBkCHPh7W75nvcNN1fYUJYWRLZvacR71XT2fEOj/vQkFxFndU7S512d1gj\no9jzk2vfwTpDOW5uAVouu8IG3wqqnH11KYIvMt8mjKKUwU1c2syu3ZzpCkxgnWh7\nJ/qSfOW/kgFSD4tdivvuNdMqX5ZOZs3bEg/c/3YAAAEBAPghAy8nsgRhP3lZVa9a\n67cFzAJahKSeUGPN7109/7NCzpmzCngp40nUuPJW6jF4OVgAWRqmFd1k91UpfJjP\n/6ZUzRntEkWsN8MdZxmjovuwlyL07Y6mcslT3GCZEiXg8EZeZKjNuE3Z2TaF0XKD\nxamojBiH4qsjt3GqfiB+E1vDCNrHBoVWJ466G46BMXqUNMZ87yNo6T16lSyyNSdb\nccGj9Kn8lA+Kywbn3U/nt4vrMaZb7hEtKL1nDYmMQckUVx8wNMJ9aFrVcLX75vLS\nHL46rQr2rm8mmb+xuil2LOl9T7N9Zg+POp4dUqCorTDFeCHQdhALTHEPZqExLKlT\nqukAAAEBAOPozvjSYYV3WQM4vfTZryj1C/OtaeuIpT76UXWXXXoYfxaRAJmmFW7E\nVRK2Sj8yoVHwDREvb0vpuq1QUPWXV29XGA8yI5pbzYtE1rGyTFRB1ziLEgrx2PMM\niy6TPQJ49C1XmkFBLSEfQ2b4Yjma8J0IdGR1hoP8cBgWpJdwmsPHC3TxkaIr1s1d\n+BJOOy/gIFfE4ezOFX/uTBxVj5KCkqRFhiashv+9rRxKodEPC3mfcpLkYi/9RHTa\nJ3ivY/aCTlPgZeEsRTuevF0aDTaW0o4hPnpdYijgO9hulPbedzgx06M85QdU5zwM\nBwqTgsrHySJKMp6SDXGflm4RX0iQz/kAAAAAAQID\n-----END OPENSSH PRIVATE KEY-----\n",
            "private_key_pem": "-----BEGIN RSA PRIVATE KEY-----\nMIIJKAIBAAKCAgEA3ObsWW9jdVGfGUWNN0Wo3aYjhBGY2076lPy4OkIlrI/SsSuF\ntBVEsg9ty4UPpFRIaUitscM8y5lZ3i/noGy3gmF3Sb3mzip9acy8BqIzx9zxpnNp\nTs/jZm59w0WtiPYyE7jm1y8qslfegE4+F8W3IvUx9z1V/+MZS92SbwEXc9Vx18mK\nRNWP+7wrhFOtCNvUK0BLjEpmxveOX1olAxm2u2liipdOwEQZUOxqpBsr1eqmK5q1\n17i1tWXh23kMq3zmYYx++NfsqJgLglGZARgy01HgkALLNGpyxj+VgFc9nSKYWIpo\njTyZbkDnQr8usqtXmR6NMkAgpOSNeq5AcbX5Rq4AL6KYUG/jWME+Q+t13GThwfbs\nXWuoZ0CyBAMxrywubpN8rfgDS7Q5gA5tiebzVW23pWaE81C7ihYjtZMEDhoPtupz\nSJHvQyu8eBY0SmlMSXKAWfGMURzHBtt+DUblgFpIxAt1igBTOLIMs2SkaMgnyAvk\nO1m8dHfGYVEu5Rw8P5N/sJJTq/X3H3NhiIjDcnSLseT5JsL5Dbtkj/wCDYJ/OLai\no/781z5Svhb1j+bZ5R7t36RzWKhsIGD9rToXBswYWYxA8o4AW5F1h09dv+LYZ1th\ng51VzYkswMl0RcqBgHhmpbr6hs0kzdTvsn38Ak4VwCZ6BnsXvM6d9ASjo6ECAwEA\nAQKCAgABy5gn5Wt64nwPJ+UtCfJEg+NFwWFbRe3sLE4gfhVhjMUu9q42X5Zgdpbj\nOKx+/sbcYTB1MYOi2XcVItFIeN24b+uY5DPWINsGUzlDegm+8fUeT9GPKAoedN8t\niTlO88ZGKgJpRQs9KhDnPMuNJKiXfoPmkR9r7hfwaYd1Qr5irP1I/kyzAMPT7Uxy\nvb3aJLQ5mkMK67dgXlZwQLKsjubQ6Ns5yl9D2YHVqig3N3fQnCC32cDo1QnYBLEU\nWCxhz+js6cgF5HZaS+sLBvf9/ej61e9j6DvnzAYtBYsE4SChcGypyo0tOaz7DAi9\nHoHmBpW2izylSAdj464hLT2dlvekxyqQCa0zzEBR3fUCyu91NXvtcq6olnzbtCd4\nVEIp0e78FVCqZUHNRrl/98LKSwTth34M7eCLXgNo0acXuULfS2g2xhIVeU/qbSw8\nrUtXlPIJoWsZsN2NNiJ7YLLI32Vt0c7HTp1PkNVZRVL/p3uhruLs3gTS+DDvQJ93\nCeaPU9gsWReLA6I63ZVmGpLgqlq8/6ynyL7ftaTdcZv+tGXH061FXvM7WUxfWgB1\n9oiYuGuNGNjDYbCP5lTUtx9PUX/t2pwBIZGKKFNhtNn4v44Y7GIsXPncwZIp2nIK\nEfBtf0pfYqTMk0kRzrY7tFOOx9nX1ImPgCRBXFc8mLTo2H8oeQKCAQEA+CEDLyey\nBGE/eVlVr1rrtwXMAlqEpJ5QY83vXT3/s0LOmbMKeCnjSdS48lbqMXg5WABZGqYV\n3WT3VSl8mM//plTNGe0SRaw3wx1nGaOi+7CXIvTtjqZyyVPcYJkSJeDwRl5kqM24\nTdnZNoXRcoPFqaiMGIfiqyO3cap+IH4TW8MI2scGhVYnjrobjoExepQ0xnzvI2jp\nPXqVLLI1J1txwaP0qfyUD4rLBufdT+e3i+sxplvuES0ovWcNiYxByRRXHzA0wn1o\nWtVwtfvm8tIcvjqtCvaubyaZv7G6KXYs6X1Ps31mD486nh1SoKitMMV4IdB2EAtM\ncQ9moTEsqVOq6QKCAQEA4+jO+NJhhXdZAzi99NmvKPUL861p64ilPvpRdZddehh/\nFpEAmaYVbsRVErZKPzKhUfANES9vS+m6rVBQ9ZdXb1cYDzIjmlvNi0TWsbJMVEHX\nOIsSCvHY8wyLLpM9Anj0LVeaQUEtIR9DZvhiOZrwnQh0ZHWGg/xwGBakl3Caw8cL\ndPGRoivWzV34Ek47L+AgV8Th7M4Vf+5MHFWPkoKSpEWGJqyG/72tHEqh0Q8LeZ9y\nkuRiL/1EdNoneK9j9oJOU+Bl4SxFO568XRoNNpbSjiE+el1iKOA72G6U9t53ODHT\nozzlB1TnPAwHCpOCysfJIkoynpINcZ+WbhFfSJDP+QKCAQEAhY7fc+Zd/9WIoPzh\nDj5WWnGYWjv24dUFWHNkwD+6/vaa1kh0/jEt0nPaCTeXX4Fi/GdTjvCPHFhYeVKX\nanmrFhDXRXlCOJZ2fWO6NybJd8iZ0Yscw4f8iTnGiYhbKGBndLkiXWo+Jkl4jcyB\n7K3ZG3VJ03pxG8Vh3KD0uvCh4uacQYaXj/XL3Rt38cDArUZREfX1ko3J3fm5ihFy\nYvjpxl1GOKln2OXQWqs7iOMk/P9f/jfFcSFpqGlr8/m2/1Efg/4ip/1wylPRE2O/\n8DwAlLRoqFoXkmSopXI4zlB55EQ7PlXlNcLWvnzyGOAyOOpRu4HFyuUKBGFR0Lnz\nXEFY4QKCAQB5QmPkpWK3tVFJ0oXW4X89hmuOggSqCbEJ+fsfWqKklKYBprKwDVq3\n7YPqCc0lJNYKF3OMYjWQKVJmZiY9FQGzPp6RbzbcKN4KrFyifN/5sHJHJk86PYUV\ng+YFqNc8GoioG0T6VSgiyFR/U8ZHKfW9R0NOM+2XCdfGKT33STU+1wd0eBbpNvP5\nnnafnroE9fWfXSRrbxanU21xYeCarhhBiLAgoYjORuf09ox0A9IyKrC2EQdgyxsC\nJRP9NSw1ew0buXfbP0eyufk0e+jt039BmdR5HHhekTemJufhFWpPHsugvYSJyxWg\nsDGK4gMjyvpr4RhfoAvBGYzbESkmHc5ZAoIBADufNdWrVW3I3zc1nf08Os8rcVUN\n3kylKeFRh8UhWrfd+6zBOIYwY65/IwoGFsFTuJ3wVGi2k7M+1KqWaqLXrjvNcpsO\ngh8SFsBkmbVEmTq5UWfHQ+qbYRRr8HOOJFZw9YAEKyH3M9/vaVNB1S6Nre6Kn3kX\nXmtMnXR9JxkfmC5n6tvo/STCZ3nBkCHPh7W75nvcNN1fYUJYWRLZvacR71XT2fEO\nj/vQkFxFndU7S512d1gjo9jzk2vfwTpDOW5uAVouu8IG3wqqnH11KYIvMt8mjKKU\nwU1c2syu3ZzpCkxgnWh7J/qSfOW/kgFSD4tdivvuNdMqX5ZOZs3bEg/c/3Y=\n-----END RSA PRIVATE KEY-----\n",
            "private_key_pem_pkcs8": "-----BEGIN PRIVATE KEY-----\nMIIJQgIBADANBgkqhkiG9w0BAQEFAASCCSwwggkoAgEAAoICAQDc5uxZb2N1UZ8Z\nRY03RajdpiOEEZjbTvqU/Lg6QiWsj9KxK4W0FUSyD23LhQ+kVEhpSK2xwzzLmVne\nL+egbLeCYXdJvebOKn1pzLwGojPH3PGmc2lOz+Nmbn3DRa2I9jITuObXLyqyV96A\nTj4Xxbci9TH3PVX/4xlL3ZJvARdz1XHXyYpE1Y/7vCuEU60I29QrQEuMSmbG945f\nWiUDGba7aWKKl07ARBlQ7GqkGyvV6qYrmrXXuLW1ZeHbeQyrfOZhjH741+yomAuC\nUZkBGDLTUeCQAss0anLGP5WAVz2dIphYimiNPJluQOdCvy6yq1eZHo0yQCCk5I16\nrkBxtflGrgAvophQb+NYwT5D63XcZOHB9uxda6hnQLIEAzGvLC5uk3yt+ANLtDmA\nDm2J5vNVbbelZoTzULuKFiO1kwQOGg+26nNIke9DK7x4FjRKaUxJcoBZ8YxRHMcG\n234NRuWAWkjEC3WKAFM4sgyzZKRoyCfIC+Q7Wbx0d8ZhUS7lHDw/k3+wklOr9fcf\nc2GIiMNydIux5PkmwvkNu2SP/AINgn84tqKj/vzXPlK+FvWP5tnlHu3fpHNYqGwg\nYP2tOhcGzBhZjEDyjgBbkXWHT12/4thnW2GDnVXNiSzAyXRFyoGAeGaluvqGzSTN\n1O+yffwCThXAJnoGexe8zp30BKOjoQIDAQABAoICAAHLmCfla3rifA8n5S0J8kSD\n40XBYVtF7ewsTiB+FWGMxS72rjZflmB2luM4rH7+xtxhMHUxg6LZdxUi0Uh43bhv\n65jkM9Yg2wZTOUN6Cb7x9R5P0Y8oCh503y2JOU7zxkYqAmlFCz0qEOc8y40kqJd+\ng+aRH2vuF/Bph3VCvmKs/Uj+TLMAw9PtTHK9vdoktDmaQwrrt2BeVnBAsqyO5tDo\n2znKX0PZgdWqKDc3d9CcILfZwOjVCdgEsRRYLGHP6OzpyAXkdlpL6wsG9/396PrV\n72PoO+fMBi0FiwThIKFwbKnKjS05rPsMCL0egeYGlbaLPKVIB2PjriEtPZ2W96TH\nKpAJrTPMQFHd9QLK73U1e+1yrqiWfNu0J3hUQinR7vwVUKplQc1GuX/3wspLBO2H\nfgzt4IteA2jRpxe5Qt9LaDbGEhV5T+ptLDytS1eU8gmhaxmw3Y02IntgssjfZW3R\nzsdOnU+Q1VlFUv+ne6Gu4uzeBNL4MO9An3cJ5o9T2CxZF4sDojrdlWYakuCqWrz/\nrKfIvt+1pN1xm/60ZcfTrUVe8ztZTF9aAHX2iJi4a40Y2MNhsI/mVNS3H09Rf+3a\nnAEhkYooU2G02fi/jhjsYixc+dzBkinacgoR8G1/Sl9ipMyTSRHOtju0U47H2dfU\niY+AJEFcVzyYtOjYfyh5AoIBAQD4IQMvJ7IEYT95WVWvWuu3BcwCWoSknlBjze9d\nPf+zQs6Zswp4KeNJ1LjyVuoxeDlYAFkaphXdZPdVKXyYz/+mVM0Z7RJFrDfDHWcZ\no6L7sJci9O2OpnLJU9xgmRIl4PBGXmSozbhN2dk2hdFyg8WpqIwYh+KrI7dxqn4g\nfhNbwwjaxwaFVieOuhuOgTF6lDTGfO8jaOk9epUssjUnW3HBo/Sp/JQPissG591P\n57eL6zGmW+4RLSi9Zw2JjEHJFFcfMDTCfWha1XC1++by0hy+Oq0K9q5vJpm/sbop\ndizpfU+zfWYPjzqeHVKgqK0wxXgh0HYQC0xxD2ahMSypU6rpAoIBAQDj6M740mGF\nd1kDOL302a8o9QvzrWnriKU++lF1l116GH8WkQCZphVuxFUStko/MqFR8A0RL29L\n6bqtUFD1l1dvVxgPMiOaW82LRNaxskxUQdc4ixIK8djzDIsukz0CePQtV5pBQS0h\nH0Nm+GI5mvCdCHRkdYaD/HAYFqSXcJrDxwt08ZGiK9bNXfgSTjsv4CBXxOHszhV/\n7kwcVY+SgpKkRYYmrIb/va0cSqHRDwt5n3KS5GIv/UR02id4r2P2gk5T4GXhLEU7\nnrxdGg02ltKOIT56XWIo4DvYbpT23nc4MdOjPOUHVOc8DAcKk4LKx8kiSjKekg1x\nn5ZuEV9IkM/5AoIBAQCFjt9z5l3/1Yig/OEOPlZacZhaO/bh1QVYc2TAP7r+9prW\nSHT+MS3Sc9oJN5dfgWL8Z1OO8I8cWFh5UpdqeasWENdFeUI4lnZ9Y7o3Jsl3yJnR\nixzDh/yJOcaJiFsoYGd0uSJdaj4mSXiNzIHsrdkbdUnTenEbxWHcoPS68KHi5pxB\nhpeP9cvdG3fxwMCtRlER9fWSjcnd+bmKEXJi+OnGXUY4qWfY5dBaqzuI4yT8/1/+\nN8VxIWmoaWvz+bb/UR+D/iKn/XDKU9ETY7/wPACUtGioWheSZKilcjjOUHnkRDs+\nVeU1wta+fPIY4DI46lG7gcXK5QoEYVHQufNcQVjhAoIBAHlCY+SlYre1UUnShdbh\nfz2Ga46CBKoJsQn5+x9aoqSUpgGmsrANWrftg+oJzSUk1goXc4xiNZApUmZmJj0V\nAbM+npFvNtwo3gqsXKJ83/mwckcmTzo9hRWD5gWo1zwaiKgbRPpVKCLIVH9Txkcp\n9b1HQ04z7ZcJ18YpPfdJNT7XB3R4Fuk28/medp+eugT19Z9dJGtvFqdTbXFh4Jqu\nGEGIsCChiM5G5/T2jHQD0jIqsLYRB2DLGwIlE/01LDV7DRu5d9s/R7K5+TR76O3T\nf0GZ1HkceF6RN6Ym5+EVak8ey6C9hInLFaCwMYriAyPK+mvhGF+gC8EZjNsRKSYd\nzlkCggEAO5811atVbcjfNzWd/Tw6zytxVQ3eTKUp4VGHxSFat937rME4hjBjrn8j\nCgYWwVO4nfBUaLaTsz7UqpZqoteuO81ymw6CHxIWwGSZtUSZOrlRZ8dD6pthFGvw\nc44kVnD1gAQrIfcz3+9pU0HVLo2t7oqfeRdea0yddH0nGR+YLmfq2+j9JMJnecGQ\nIc+Htbvme9w03V9hQlhZEtm9pxHvVdPZ8Q6P+9CQXEWd1TtLnXZ3WCOj2POTa9/B\nOkM5bm4BWi67wgbfCqqcfXUpgi8y3yaMopTBTVzazK7dnOkKTGCdaHsn+pJ85b+S\nAVIPi12K++410ypflk5mzdsSD9z/dg==\n-----END PRIVATE KEY-----\n",
            "public_key_fingerprint_md5": "44:2b:51:12:e6:f5:28:7a:1c:5b:32:c8:35:5e:41:09",
            "public_key_fingerprint_sha256": "SHA256:4kqCTljbz9OMxBsOD36ocEC9pOhZMc3yUzcVMPvTRxY",
            "public_key_openssh": "ssh-rsa AAAAB3NzaC1yc2EAAAADAQABAAACAQDc5uxZb2N1UZ8ZRY03RajdpiOEEZjbTvqU/Lg6QiWsj9KxK4W0FUSyD23LhQ+kVEhpSK2xwzzLmVneL+egbLeCYXdJvebOKn1pzLwGojPH3PGmc2lOz+Nmbn3DRa2I9jITuObXLyqyV96ATj4Xxbci9TH3PVX/4xlL3ZJvARdz1XHXyYpE1Y/7vCuEU60I29QrQEuMSmbG945fWiUDGba7aWKKl07ARBlQ7GqkGyvV6qYrmrXXuLW1ZeHbeQyrfOZhjH741+yomAuCUZkBGDLTUeCQAss0anLGP5WAVz2dIphYimiNPJluQOdCvy6yq1eZHo0yQCCk5I16rkBxtflGrgAvophQb+NYwT5D63XcZOHB9uxda6hnQLIEAzGvLC5uk3yt+ANLtDmADm2J5vNVbbelZoTzULuKFiO1kwQOGg+26nNIke9DK7x4FjRKaUxJcoBZ8YxRHMcG234NRuWAWkjEC3WKAFM4sgyzZKRoyCfIC+Q7Wbx0d8ZhUS7lHDw/k3+wklOr9fcfc2GIiMNydIux5PkmwvkNu2SP/AINgn84tqKj/vzXPlK+FvWP5tnlHu3fpHNYqGwgYP2tOhcGzBhZjEDyjgBbkXWHT12/4thnW2GDnVXNiSzAyXRFyoGAeGaluvqGzSTN1O+yffwCThXAJnoGexe8zp30BKOjoQ==\n",
            "public_key_pem": "-----BEGIN PUBLIC KEY-----\nMIICIjANBgkqhkiG9w0BAQEFAAOCAg8AMIICCgKCAgEA3ObsWW9jdVGfGUWNN0Wo\n3aYjhBGY2076lPy4OkIlrI/SsSuFtBVEsg9ty4UPpFRIaUitscM8y5lZ3i/noGy3\ngmF3Sb3mzip9acy8BqIzx9zxpnNpTs/jZm59w0WtiPYyE7jm1y8qslfegE4+F8W3\nIvUx9z1V/+MZS92SbwEXc9Vx18mKRNWP+7wrhFOtCNvUK0BLjEpmxveOX1olAxm2\nu2liipdOwEQZUOxqpBsr1eqmK5q117i1tWXh23kMq3zmYYx++NfsqJgLglGZARgy\n01HgkALLNGpyxj+VgFc9nSKYWIpojTyZbkDnQr8usqtXmR6NMkAgpOSNeq5AcbX5\nRq4AL6KYUG/jWME+Q+t13GThwfbsXWuoZ0CyBAMxrywubpN8rfgDS7Q5gA5tiebz\nVW23pWaE81C7ihYjtZMEDhoPtupzSJHvQyu8eBY0SmlMSXKAWfGMURzHBtt+DUbl\ngFpIxAt1igBTOLIMs2SkaMgnyAvkO1m8dHfGYVEu5Rw8P5N/sJJTq/X3H3NhiIjD\ncnSLseT5JsL5Dbtkj/wCDYJ/OLaio/781z5Svhb1j+bZ5R7t36RzWKhsIGD9rToX\nBswYWYxA8o4AW5F1h09dv+LYZ1thg51VzYkswMl0RcqBgHhmpbr6hs0kzdTvsn38\nAk4VwCZ6BnsXvM6d9ASjo6ECAwEAAQ==\n-----END PUBLIC KEY-----\n",
            "rsa_bits": 4096
          },
          "sensitive_attributes": []
        }
      ]
    }
  ],
  "check_results": null
}
