{
  "version": 4,
  "terraform_version": "1.5.0",
  "serial": 297,
  "lineage": "2bdfdec5-8c30-28c5-2bba-a5d893c95ad2",
  "outputs": {
    "tenant_host": {
      "value": "157.180.88.232",
      "type": "string"
    },
    "tenant_name": {
      "value": "demo",
      "type": "string"
    },
    "tenant_ssh_private_key": {
      "value": "-----BEGIN RSA PRIVATE KEY-----\nMIIJJwIBAAKCAgEAx8A/sXgNqDISY2Jchrn6n2MzvsdAjPfcXPXJ3CgSK8NUPheT\nVqwdQ51fHx+MnHS9XDG1sw37v0V08FtkOb8s2Va27RQ23V6DMYoGBJInFDZh6Apt\nLey22NM+3IzY5x3iHctJTvGmqf/LYBFq8qMNcn5NXUketNKEfmEpPG1WIpyhj8xE\nxvW6taiDJZxsiEVUDxsSoORCM3kPogYsU7/e18SBD0g/whtwHdNJkYixrKi2Jiri\njZxNZRPvnVz5sxCGTiiaUiQOlP/xTmzAVE/s8DEeiy3+aqeLhMpUY1h5RiOpvHTP\nY3Ia7Dgv2YixP0GbaQFU4tOBqJbgcRegjoYDwPeaQ04q1UeN8eFd6aRPneGagEA7\nZqpmv/Lk+l2a0nULu+RzvZqSFLluMNWyGd72+oIYZJX276tdunwgz1dtQvvnwVDp\nAhzlG/lAlW5gLWLQJjnn+tHGa1TpmlURIpyVrN5CkeDkDzCdyb0ErJ2Sg5fuoXtq\nF1tZSxDw6v9q77v1q3tnMHDgYpMHHT2bkvomhU85WcR6YSy+35y8EWy5EJV4dtLo\npemZdv1F30A86vCRysmNu/envl78xZ6C7GtMjHEdkv+Di2Zi2XML8h+Y6Yd4vO1O\nQE/wuEH4LGrAJbf5TWl9FMbkxExHQ/oBUnHdmnYPs9hNyoyntGyEmoSCGrECAwEA\nAQKCAgBTDp7NWch/9/YKaiNkB9/st3CUMsCl/QgdhTv+tZC8rrcQLHhg0SdH7p9X\nTySGB8qXE7pkLfvQT/6sVKwLkPECnBpq4P1hNcPibOxMqULjlitGs1MrheKPrOLW\nDSDBlPzo+5bLYxK0XD7B/uwT4PWd9mOP1vAUKvbZn+foDuSCdtN8+ehdPF762wtR\nL8Y3MXCe6VhpGxBl28BC1ENJPZ5Y5IXvh1Cvkv4fALR19bs/OlWm8C0MygGqdkwr\niDXxnXzi8eIdJo4DqZq6S+D7DdLNGveC0siXq3wJZqIJPwgKQJj62i1DwfXs4/4N\ne1eMIGkRE/Mqb9zZb4b6r2Lc8F+Nd8G3i4yHqZBx/OKmpYZ136d/sUhIzUhlsWJs\npVvzv+oK6o1uufMHNXLor6ak3vNfioFE2GtdOLdgm4FGuP1QBvN8B7W0Y4vj9O0Z\nTHh7wW3A3FsK1F5QnrD0DggqMtsJ2K3Ef6Hgy+armIdnQ6dp8EJ4dxxU2+8z3b/l\nTZZE2eAEJoldvgE7rs95dilk4U6EEzBKS8y7uAYADXZXaj6R0Y2mjizJv0FM1Vcr\nUC/Yfur5KW1HfPh1Dtly1EsnmiwyCJrgRT/HsySOI03CAEslg1xEIhMmRRxf7lzA\nUC8mXIUN7a2QWnUw/qyDFww93Ph9qK85S4ycWzWmJaE6az66YwKCAQEAzFyLbnzz\nMAVaFU/SA6U18EhSzDYXGKuxWLcUDibhFA04w18VTmMr11QsdVFlpGnquTa91h44\nC2Q4szeDz7lWjvaiUxlKRyGTe/Yeg26asQ9D7gc9VNFBcrc/qSp9Fsj44e/ye2nJ\nHiYHaAoTECSRXcASpx5v2YMUJxOktLUHrwyiMXLJc+l9qsrfYab1PUE/9KB1hwBi\nrjyKi4K0LGKKpK2oirpmjDixeoSDKJTKvxkmAELvtTuC0TtZAtiuo+AL6dkk01jN\nqtCvE39/gxu9V8nuQ3ZTWWo7Hc3x/n6YG3KdCg91cBdJO1EJlKahzw9FOA3S1snD\n4d2KOicys7xdowKCAQEA+jl26NVSwKFf69blSVXDnbepQiMZc9+oVUCGC0g2Fxh/\nnpq3azqle93mzEJRYEWJvjFHcAHGGwGnTCV6RhQVa367NAAWqxjLxymhFpUTC4yL\npGMtukXnOeHzV+2AlEwrBOFBRo6wMUbcl4c+gcArTQSx2In5/wjKbHPPB/Qul08H\nu88dFY8ams5K6U0wrWL0N8h7vKIUW2e433fRodBJgXl2yiEMmiUOQR8xiGROcZeu\nid3xJNhjouz0s4unhetLmRM5XHU/fOFXyppEwdITW2RaRiOL9Gtuyz3ESjTppWGN\nvjxc7PrZ3s4zfF821PV982wWLg9OolDj4d7rfvmDmwKCAQApdd0T3WW5KFzOVhNV\nif8XcJTbuV2WM78XMI1xEZI4bzZE7NV1wcjzNrCOXKUyZgqo6OI6vobASOT39xtW\n2VMmTgNAuLDJHZa+X4BxSc84fNBbSjy3KH0OuP7BY01dggh8TiHzx9J1u2FlSiXz\n8HdNfdpK7XHjvyQniWSxBMk6SmXdglw8l/JW5DHNrgGzG7nN93/gk8Nxdfbltu62\n0ocuQc0f2BFWAWqAYMH7SbSYcJG1G99l9Vzk9hVo7mz/8kR4fQVrm2iebxgV7JgC\nEW6okN818JuYWGUF9vJRn31clDQoBlrdEtxYnGhFMElDqOVyKdvMl8KV4Exa3/j5\nXg3hAoIBACsZKrn/xDkZkoP0h5mSBBduQuD5WrDynPPSIURgM7DWr2SKEX2OpGIp\nXk9gPNPwJkF0C3HnXE/agQ5EhkL7wpS5R1U1jrH5m1+6c9yH4LfkhUjTLFUhJSp7\nGIbUiYkBdYdppOyaNw7Fvcj7qnB+wPaLEHbTjRO4V+VGLSqZjEzTd+mJSuEjvNld\nHtoASZoTqSzSgz2CTS9RNi6HXLwaPA7o9OTrvFfwefwNe2KapEg8b/ufFqHaA49U\ncPFb5IbUeDjtbrvWFhFUXuKun5kireLX7hSWmsyGlJa9FMoTQwsROnDBxN+sdUpD\nCesqGy+i+QasX0WfrVOXyyhkVPuRznECggEAUXVHdbpLCrZB/Iy+jyRGVQuCNLMo\nLZ9hggD0z9aACSjXRqMZG/LtQNkhMnKYLDfARRS6yQDrK6irMydmf3X5jqC5bfyo\nmqD9GR4ogIKK4WvkNEElztdymeKm92WOV3oCX+lFdVgmU/EP402vt9MMhjRPRgo5\n0m4zNIWs/B+p4Tsw02LRRjFE5xfaZWeBkRCiR9SWoyehAe/2i4tWxZVz5Xy/ll69\nM2IdxlzsSTOcPzHu/IdwiSjFUa+eab8NpcHXm9eaWndFEXFQA70b6O9X/6AVYeGm\nf8YMBx13uWgQklsJi5ImG6ILm9A2hrmfFtznDEMQ+1NBN4CT5dmqx972fQ==\n-----END RSA PRIVATE KEY-----\n",
      "type": "string",
      "sensitive": true
    },
    "tenant_ssh_public_key": {
      "value": "ssh-rsa AAAAB3NzaC1yc2EAAAADAQABAAACAQDHwD+xeA2oMhJjYlyGufqfYzO+x0CM99xc9cncKBIrw1Q+F5NWrB1DnV8fH4ycdL1cMbWzDfu/RXTwW2Q5vyzZVrbtFDbdXoMxigYEkicUNmHoCm0t7LbY0z7cjNjnHeIdy0lO8aap/8tgEWryow1yfk1dSR600oR+YSk8bVYinKGPzETG9bq1qIMlnGyIRVQPGxKg5EIzeQ+iBixTv97XxIEPSD/CG3Ad00mRiLGsqLYmKuKNnE1lE++dXPmzEIZOKJpSJA6U//FObMBUT+zwMR6LLf5qp4uEylRjWHlGI6m8dM9jchrsOC/ZiLE/QZtpAVTi04GoluBxF6COhgPA95pDTirVR43x4V3ppE+d4ZqAQDtmqma/8uT6XZrSdQu75HO9mpIUuW4w1bIZ3vb6ghhklfbvq126fCDPV21C++fBUOkCHOUb+UCVbmAtYtAmOef60cZrVOmaVREinJWs3kKR4OQPMJ3JvQSsnZKDl+6he2oXW1lLEPDq/2rvu/Wre2cwcOBikwcdPZuS+iaFTzlZxHphLL7fnLwRbLkQlXh20uil6Zl2/UXfQDzq8JHKyY2796e+XvzFnoLsa0yMcR2S/4OLZmLZcwvyH5jph3i87U5AT/C4QfgsasAlt/lNaX0UxuTETEdD+gFScd2adg+z2E3KjKe0bISahIIasQ==\n",
      "type": "string"
    }
  },
  "resources": [
    {
      "module": "module.tenant",
      "mode": "data",
      "type": "cloudflare_zone",
      "name": "openshield",
      "provider": "module.tenant.provider[\"registry.terraform.io/cloudflare/cloudflare\"]",
      "instances": [
        {
          "schema_version": 0,
          "attributes": {
            "account": {
              "id": "bca3124de7c86d659a959f06cb35043d",
              "name": "Cloudflare@cyberdef.cc's Account"
            },
            "activated_on": "2025-04-21T11:29:39Z",
            "cname_suffix": null,
            "created_on": "2025-04-21T11:00:21Z",
            "development_mode": 0,
            "filter": {
              "account": null,
              "direction": null,
              "match": null,
              "name": "openshield.io",
              "order": null,
              "status": null
            },
            "id": null,
            "meta": {
              "cdn_only": null,
              "custom_certificate_quota": 0,
              "dns_only": null,
              "foundation_dns": null,
              "page_rule_quota": 3,
              "phishing_detected": false,
              "step": 2
            },
            "modified_on": "2025-04-21T11:29:39Z",
            "name": "openshield.io",
            "name_servers": [
              "kiki.ns.cloudflare.com",
              "lloyd.ns.cloudflare.com"
            ],
            "original_dnshost": null,
            "original_name_servers": [
              "dns1.registrar-servers.com",
              "dns2.registrar-servers.com"
            ],
            "original_registrar": "namecheap, inc. (id: 1068)",
            "owner": {
              "id": null,
              "name": null,
              "type": "user"
            },
            "paused": false,
            "permissions": [
              "#dns_records:edit",
              "#dns_records:read",
              "#zone:read"
            ],
            "plan": {
              "can_subscribe": false,
              "currency": "USD",
              "externally_managed": false,
              "frequency": "",
              "id": "0feeeeeeeeeeeeeeeeeeeeeeeeeeeeee",
              "is_subscribed": false,
              "legacy_discount": false,
              "legacy_id": "free",
              "name": "Free Website",
              "price": 0
            },
            "status": "active",
            "tenant": {
              "id": null,
              "name": null
            },
            "tenant_unit": {
              "id": null
            },
            "type": "full",
            "vanity_name_servers": [],
            "verification_key": null,
            "zone_id": "f92c4f6137dffe0e40aa658cc70e3fa8"
          },
          "sensitive_attributes": []
        }
      ]
    },
    {
      "module": "module.tenant",
      "mode": "data",
      "type": "hcloud_server_type",
      "name": "selected",
      "provider": "module.tenant.provider[\"registry.terraform.io/hetznercloud/hcloud\"]",
      "instances": [
        {
          "index_key": "cpx21",
          "schema_version": 0,
          "attributes": {
            "architecture": "x86",
            "category": "regular_purpose",
            "cores": 3,
            "cpu_type": "shared",
            "deprecation_announced": "",
            "description": "CPX 21",
            "disk": 80,
            "id": 23,
            "included_traffic": 0,
            "is_deprecated": false,
            "locations": [
              {
                "deprecation_announced": "2025-10-16T06:00:00Z",
                "id": 1,
                "is_deprecated": true,
                "name": "fsn1",
                "unavailable_after": "2025-12-31T23:59:59Z"
              },
              {
                "deprecation_announced": "2025-10-16T06:00:00Z",
                "id": 2,
                "is_deprecated": true,
                "name": "nbg1",
                "unavailable_after": "2025-12-31T23:59:59Z"
              },
              {
                "deprecation_announced": "2025-10-16T06:00:00Z",
                "id": 3,
                "is_deprecated": true,
                "name": "hel1",
                "unavailable_after": "2025-12-31T23:59:59Z"
              },
              {
                "deprecation_announced": "",
                "id": 4,
                "is_deprecated": false,
                "name": "ash",
                "unavailable_after": ""
              },
              {
                "deprecation_announced": "",
                "id": 5,
                "is_deprecated": false,
                "name": "hil",
                "unavailable_after": ""
              },
              {
                "deprecation_announced": "2025-10-16T06:00:00Z",
                "id": 6,
                "is_deprecated": true,
                "name": "sin",
                "unavailable_after": "2025-12-31T23:59:59Z"
              }
            ],
            "memory": 4,
            "name": "cpx21",
            "storage_type": "local",
            "unavailable_after": ""
          },
          "sensitive_attributes": []
        },
        {
          "index_key": "cpx22",
          "schema_version": 0,
          "attributes": {
            "architecture": "x86",
            "category": "regular_purpose",
            "cores": 2,
            "cpu_type": "shared",
            "deprecation_announced": "",
            "description": "CPX 22",
            "disk": 80,
            "id": 109,
            "included_traffic": 0,
            "is_deprecated": false,
            "locations": [
              {
                "deprecation_announced": "",
                "id": 1,
                "is_deprecated": false,
                "name": "fsn1",
                "unavailable_after": ""
              },
              {
                "deprecation_announced": "",
                "id": 2,
                "is_deprecated": false,
                "name": "nbg1",
                "unavailable_after": ""
              },
              {
                "deprecation_announced": "",
                "id": 3,
                "is_deprecated": false,
                "name": "hel1",
                "unavailable_after": ""
              },
              {
                "deprecation_announced": "",
                "id": 6,
                "is_deprecated": false,
                "name": "sin",
                "unavailable_after": ""
              }
            ],
            "memory": 4,
            "name": "cpx22",
            "storage_type": "local",
            "unavailable_after": ""
          },
          "sensitive_attributes": []
        },
        {
          "index_key": "cpx31",
          "schema_version": 0,
          "attributes": {
            "architecture": "x86",
            "category": "regular_purpose",
            "cores": 4,
            "cpu_type": "shared",
            "deprecation_announced": "",
            "description": "CPX 31",
            "disk": 160,
            "id": 24,
            "included_traffic": 0,
            "is_deprecated": false,
            "locations": [
              {
                "deprecation_announced": "2025-10-16T06:00:00Z",
                "id": 1,
                "is_deprecated": true,
                "name": "fsn1",
                "unavailable_after": "2025-12-31T23:59:59Z"
              },
              {
                "deprecation_announced": "2025-10-16T06:00:00Z",
                "id": 2,
                "is_deprecated": true,
                "name": "nbg1",
                "unavailable_after": "2025-12-31T23:59:59Z"
              },
              {
                "deprecation_announced": "2025-10-16T06:00:00Z",
                "id": 3,
                "is_deprecated": true,
                "name": "hel1",
                "unavailable_after": "2025-12-31T23:59:59Z"
              },
              {
                "deprecation_announced": "",
                "id": 4,
                "is_deprecated": false,
                "name": "ash",
                "unavailable_after": ""
              },
              {
                "deprecation_announced": "",
                "id": 5,
                "is_deprecated": false,
                "name": "hil",
                "unavailable_after": ""
              },
              {
                "deprecation_announced": "2025-10-16T06:00:00Z",
                "id": 6,
                "is_deprecated": true,
                "name": "sin",
                "unavailable_after": "2025-12-31T23:59:59Z"
              }
            ],
            "memory": 8,
            "name": "cpx31",
            "storage_type": "local",
            "unavailable_after": ""
          },
          "sensitive_attributes": []
        },
        {
          "index_key": "cpx32",
          "schema_version": 0,
          "attributes": {
            "architecture": "x86",
            "category": "regular_purpose",
            "cores": 4,
            "cpu_type": "shared",
            "deprecation_announced": "",
            "description": "CPX 32",
            "disk": 160,
            "id": 110,
            "included_traffic": 0,
            "is_deprecated": false,
            "locations": [
              {
                "deprecation_announced": "",
                "id": 1,
                "is_deprecated": false,
                "name": "fsn1",
                "unavailable_after": ""
              },
              {
                "deprecation_announced": "",
                "id": 2,
                "is_deprecated": false,
                "name": "nbg1",
                "unavailable_after": ""
              },
              {
                "deprecation_announced": "",
                "id": 3,
                "is_deprecated": false,
                "name": "hel1",
                "unavailable_after": ""
              },
              {
                "deprecation_announced": "",
                "id": 6,
                "is_deprecated": false,
                "name": "sin",
                "unavailable_after": ""
              }
            ],
            "memory": 8,
            "name": "cpx32",
            "storage_type": "local",
            "unavailable_after": ""
          },
          "sensitive_attributes": []
        },
        {
          "index_key": "cpx41",
          "schema_version": 0,
          "attributes": {
            "architecture": "x86",
            "category": "regular_purpose",
            "cores": 8,
            "cpu_type": "shared",
            "deprecation_announced": "",
            "description": "CPX 41",
            "disk": 240,
            "id": 25,
            "included_traffic": 0,
            "is_deprecated": false,
            "locations": [
              {
                "deprecation_announced": "2025-10-16T06:00:00Z",
                "id": 1,
                "is_deprecated": true,
                "name": "fsn1",
                "unavailable_after": "2025-12-31T23:59:59Z"
              },
              {
                "deprecation_announced": "2025-10-16T06:00:00Z",
                "id": 2,
                "is_deprecated": true,
                "name": "nbg1",
                "unavailable_after": "2025-12-31T23:59:59Z"
              },
              {
                "deprecation_announced": "2025-10-16T06:00:00Z",
                "id": 3,
                "is_deprecated": true,
                "name": "hel1",
                "unavailable_after": "2025-12-31T23:59:59Z"
              },
              {
                "deprecation_announced": "",
                "id": 4,
                "is_deprecated": false,
                "name": "ash",
                "unavailable_after": ""
              },
              {
                "deprecation_announced": "",
                "id": 5,
                "is_deprecated": false,
                "name": "hil",
                "unavailable_after": ""
              },
              {
                "deprecation_announced": "2025-10-16T06:00:00Z",
                "id": 6,
                "is_deprecated": true,
                "name": "sin",
                "unavailable_after": "2025-12-31T23:59:59Z"
              }
            ],
            "memory": 16,
            "name": "cpx41",
            "storage_type": "local",
            "unavailable_after": ""
          },
          "sensitive_attributes": []
        },
        {
          "index_key": "cpx42",
          "schema_version": 0,
          "attributes": {
            "architecture": "x86",
            "category": "regular_purpose",
            "cores": 8,
            "cpu_type": "shared",
            "deprecation_announced": "",
            "description": "CPX 42",
            "disk": 320,
            "id": 111,
            "included_traffic": 0,
            "is_deprecated": false,
            "locations": [
              {
                "deprecation_announced": "",
                "id": 1,
                "is_deprecated": false,
                "name": "fsn1",
                "unavailable_after": ""
              },
              {
                "deprecation_announced": "",
                "id": 2,
                "is_deprecated": false,
                "name": "nbg1",
                "unavailable_after": ""
              },
              {
                "deprecation_announced": "",
                "id": 3,
                "is_deprecated": false,
                "name": "hel1",
                "unavailable_after": ""
              },
              {
                "deprecation_announced": "",
                "id": 6,
                "is_deprecated": false,
                "name": "sin",
                "unavailable_after": ""
              }
            ],
            "memory": 16,
            "name": "cpx42",
            "storage_type": "local",
            "unavailable_after": ""
          },
          "sensitive_attributes": []
        },
        {
          "index_key": "cpx51",
          "schema_version": 0,
          "attributes": {
            "architecture": "x86",
            "category": "regular_purpose",
            "cores": 16,
            "cpu_type": "shared",
            "deprecation_announced": "",
            "description": "CPX 51",
            "disk": 360,
            "id": 26,
            "included_traffic": 0,
            "is_deprecated": false,
            "locations": [
              {
                "deprecation_announced": "2025-10-16T06:00:00Z",
                "id": 1,
                "is_deprecated": true,
                "name": "fsn1",
                "unavailable_after": "2025-12-31T23:59:59Z"
              },
              {
                "deprecation_announced": "2025-10-16T06:00:00Z",
                "id": 2,
                "is_deprecated": true,
                "name": "nbg1",
                "unavailable_after": "2025-12-31T23:59:59Z"
              },
              {
                "deprecation_announced": "2025-10-16T06:00:00Z",
                "id": 3,
                "is_deprecated": true,
                "name": "hel1",
                "unavailable_after": "2025-12-31T23:59:59Z"
              },
              {
                "deprecation_announced": "",
                "id": 4,
                "is_deprecated": false,
                "name": "ash",
                "unavailable_after": ""
              },
              {
                "deprecation_announced": "",
                "id": 5,
                "is_deprecated": false,
                "name": "hil",
                "unavailable_after": ""
              },
              {
                "deprecation_announced": "2025-10-16T06:00:00Z",
                "id": 6,
                "is_deprecated": true,
                "name": "sin",
                "unavailable_after": "2025-12-31T23:59:59Z"
              }
            ],
            "memory": 32,
            "name": "cpx51",
            "storage_type": "local",
            "unavailable_after": ""
          },
          "sensitive_attributes": []
        },
        {
          "index_key": "cpx52",
          "schema_version": 0,
          "attributes": {
            "architecture": "x86",
            "category": "regular_purpose",
            "cores": 12,
            "cpu_type": "shared",
            "deprecation_announced": "",
            "description": "CPX 52",
            "disk": 480,
            "id": 112,
            "included_traffic": 0,
            "is_deprecated": false,
            "locations": [
              {
                "deprecation_announced": "",
                "id": 1,
                "is_deprecated": false,
                "name": "fsn1",
                "unavailable_after": ""
              },
              {
                "deprecation_announced": "",
                "id": 2,
                "is_deprecated": false,
                "name": "nbg1",
                "unavailable_after": ""
              },
              {
                "deprecation_announced": "",
                "id": 3,
                "is_deprecated": false,
                "name": "hel1",
                "unavailable_after": ""
              },
              {
                "deprecation_announced": "",
                "id": 6,
                "is_deprecated": false,
                "name": "sin",
                "unavailable_after": ""
              }
            ],
            "memory": 24,
            "name": "cpx52",
            "storage_type": "local",
            "unavailable_after": ""
          },
          "sensitive_attributes": []
        },
        {
          "index_key": "cpx62",
          "schema_version": 0,
          "attributes": {
            "architecture": "x86",
            "category": "regular_purpose",
            "cores": 16,
            "cpu_type": "shared",
            "deprecation_announced": "",
            "description": "CPX 62",
            "disk": 640,
            "id": 113,
            "included_traffic": 0,
            "is_deprecated": false,
            "locations": [
              {
                "deprecation_announced": "",
                "id": 1,
                "is_deprecated": false,
                "name": "fsn1",
                "unavailable_after": ""
              },
              {
                "deprecation_announced": "",
                "id": 2,
                "is_deprecated": false,
                "name": "nbg1",
                "unavailable_after": ""
              },
              {
                "deprecation_announced": "",
                "id": 3,
                "is_deprecated": false,
                "name": "hel1",
                "unavailable_after": ""
              },
              {
                "deprecation_announced": "",
                "id": 6,
                "is_deprecated": false,
                "name": "sin",
                "unavailable_after": ""
              }
            ],
            "memory": 32,
            "name": "cpx62",
            "storage_type": "local",
            "unavailable_after": ""
          },
          "sensitive_attributes": []
        },
        {
          "index_key": "cx22",
          "schema_version": 0,
          "attributes": {
            "architecture": "x86",
            "category": "cost_optimized",
            "cores": 2,
            "cpu_type": "shared",
            "deprecation_announced": "2025-10-16T06:00:00Z",
            "description": "CX22",
            "disk": 40,
            "id": 104,
            "included_traffic": 0,
            "is_deprecated": true,
            "locations": [
              {
                "deprecation_announced": "2025-10-16T06:00:00Z",
                "id": 1,
                "is_deprecated": true,
                "name": "fsn1",
                "unavailable_after": "2025-12-31T23:59:59Z"
              },
              {
                "deprecation_announced": "2025-10-16T06:00:00Z",
                "id": 2,
                "is_deprecated": true,
                "name": "nbg1",
                "unavailable_after": "2025-12-31T23:59:59Z"
              },
              {
                "deprecation_announced": "2025-10-16T06:00:00Z",
                "id": 3,
                "is_deprecated": true,
                "name": "hel1",
                "unavailable_after": "2025-12-31T23:59:59Z"
              }
            ],
            "memory": 4,
            "name": "cx22",
            "storage_type": "local",
            "unavailable_after": "2025-12-31T23:59:59Z"
          },
          "sensitive_attributes": []
        },
        {
          "index_key": "cx23",
          "schema_version": 0,
          "attributes": {
            "architecture": "x86",
            "category": "cost_optimized",
            "cores": 2,
            "cpu_type": "shared",
            "deprecation_announced": "",
            "description": "CX 23",
            "disk": 40,
            "id": 114,
            "included_traffic": 0,
            "is_deprecated": false,
            "locations": [
              {
                "deprecation_announced": "",
                "id": 1,
                "is_deprecated": false,
                "name": "fsn1",
                "unavailable_after": ""
              },
              {
                "deprecation_announced": "",
                "id": 2,
                "is_deprecated": false,
                "name": "nbg1",
                "unavailable_after": ""
              },
              {
                "deprecation_announced": "",
                "id": 3,
                "is_deprecated": false,
                "name": "hel1",
                "unavailable_after": ""
              }
            ],
            "memory": 4,
            "name": "cx23",
            "storage_type": "local",
            "unavailable_after": ""
          },
          "sensitive_attributes": []
        },
        {
          "index_key": "cx32",
          "schema_version": 0,
          "attributes": {
            "architecture": "x86",
            "category": "cost_optimized",
            "cores": 4,
            "cpu_type": "shared",
            "deprecation_announced": "2025-10-16T06:00:00Z",
            "description": "CX32",
            "disk": 80,
            "id": 105,
            "included_traffic": 0,
            "is_deprecated": true,
            "locations": [
              {
                "deprecation_announced": "2025-10-16T06:00:00Z",
                "id": 1,
                "is_deprecated": true,
                "name": "fsn1",
                "unavailable_after": "2025-12-31T23:59:59Z"
              },
              {
                "deprecation_announced": "2025-10-16T06:00:00Z",
                "id": 2,
                "is_deprecated": true,
                "name": "nbg1",
                "unavailable_after": "2025-12-31T23:59:59Z"
              },
              {
                "deprecation_announced": "2025-10-16T06:00:00Z",
                "id": 3,
                "is_deprecated": true,
                "name": "hel1",
                "unavailable_after": "2025-12-31T23:59:59Z"
              }
            ],
            "memory": 8,
            "name": "cx32",
            "storage_type": "local",
            "unavailable_after": "2025-12-31T23:59:59Z"
          },
          "sensitive_attributes": []
        },
        {
          "index_key": "cx33",
          "schema_version": 0,
          "attributes": {
            "architecture": "x86",
            "category": "cost_optimized",
            "cores": 4,
            "cpu_type": "shared",
            "deprecation_announced": "",
            "description": "CX 33",
            "disk": 80,
            "id": 115,
            "included_traffic": 0,
            "is_deprecated": false,
            "locations": [
              {
                "deprecation_announced": "",
                "id": 1,
                "is_deprecated": false,
                "name": "fsn1",
                "unavailable_after": ""
              },
              {
                "deprecation_announced": "",
                "id": 2,
                "is_deprecated": false,
                "name": "nbg1",
                "unavailable_after": ""
              },
              {
                "deprecation_announced": "",
                "id": 3,
                "is_deprecated": false,
                "name": "hel1",
                "unavailable_after": ""
              }
            ],
            "memory": 8,
            "name": "cx33",
            "storage_type": "local",
            "unavailable_after": ""
          },
          "sensitive_attributes": []
        },
        {
          "index_key": "cx42",
          "schema_version": 0,
          "attributes": {
            "architecture": "x86",
            "category": "cost_optimized",
            "cores": 8,
            "cpu_type": "shared",
            "deprecation_announced": "2025-10-16T06:00:00Z",
            "description": "CX42",
            "disk": 160,
            "id": 106,
            "included_traffic": 0,
            "is_deprecated": true,
            "locations": [
              {
                "deprecation_announced": "2025-10-16T06:00:00Z",
                "id": 1,
                "is_deprecated": true,
                "name": "fsn1",
                "unavailable_after": "2025-12-31T23:59:59Z"
              },
              {
                "deprecation_announced": "2025-10-16T06:00:00Z",
                "id": 2,
                "is_deprecated": true,
                "name": "nbg1",
                "unavailable_after": "2025-12-31T23:59:59Z"
              },
              {
                "deprecation_announced": "2025-10-16T06:00:00Z",
                "id": 3,
                "is_deprecated": true,
                "name": "hel1",
                "unavailable_after": "2025-12-31T23:59:59Z"
              }
            ],
            "memory": 16,
            "name": "cx42",
            "storage_type": "local",
            "unavailable_after": "2025-12-31T23:59:59Z"
          },
          "sensitive_attributes": []
        },
        {
          "index_key": "cx43",
          "schema_version": 0,
          "attributes": {
            "architecture": "x86",
            "category": "cost_optimized",
            "cores": 8,
            "cpu_type": "shared",
            "deprecation_announced": "",
            "description": "CX 43",
            "disk": 160,
            "id": 116,
            "included_traffic": 0,
            "is_deprecated": false,
            "locations": [
              {
                "deprecation_announced": "",
                "id": 1,
                "is_deprecated": false,
                "name": "fsn1",
                "unavailable_after": ""
              },
              {
                "deprecation_announced": "",
                "id": 2,
                "is_deprecated": false,
                "name": "nbg1",
                "unavailable_after": ""
              },
              {
                "deprecation_announced": "",
                "id": 3,
                "is_deprecated": false,
                "name": "hel1",
                "unavailable_after": ""
              }
            ],
            "memory": 16,
            "name": "cx43",
            "storage_type": "local",
            "unavailable_after": ""
          },
          "sensitive_attributes": []
        },
        {
          "index_key": "cx52",
          "schema_version": 0,
          "attributes": {
            "architecture": "x86",
            "category": "cost_optimized",
            "cores": 16,
            "cpu_type": "shared",
            "deprecation_announced": "2025-10-16T06:00:00Z",
            "description": "CX52",
            "disk": 320,
            "id": 107,
            "included_traffic": 0,
            "is_deprecated": true,
            "locations": [
              {
                "deprecation_announced": "2025-10-16T06:00:00Z",
                "id": 1,
                "is_deprecated": true,
                "name": "fsn1",
                "unavailable_after": "2025-12-31T23:59:59Z"
              },
              {
                "deprecation_announced": "2025-10-16T06:00:00Z",
                "id": 2,
                "is_deprecated": true,
                "name": "nbg1",
                "unavailable_after": "2025-12-31T23:59:59Z"
              },
              {
                "deprecation_announced": "2025-10-16T06:00:00Z",
                "id": 3,
                "is_deprecated": true,
                "name": "hel1",
                "unavailable_after": "2025-12-31T23:59:59Z"
              }
            ],
            "memory": 32,
            "name": "cx52",
            "storage_type": "local",
            "unavailable_after": "2025-12-31T23:59:59Z"
          },
          "sensitive_attributes": []
        },
        {
          "index_key": "cx53",
          "schema_version": 0,
          "attributes": {
            "architecture": "x86",
            "category": "cost_optimized",
            "cores": 16,
            "cpu_type": "shared",
            "deprecation_announced": "",
            "description": "CX 53",
            "disk": 320,
            "id": 117,
            "included_traffic": 0,
            "is_deprecated": false,
            "locations": [
              {
                "deprecation_announced": "",
                "id": 1,
                "is_deprecated": false,
                "name": "fsn1",
                "unavailable_after": ""
              },
              {
                "deprecation_announced": "",
                "id": 2,
                "is_deprecated": false,
                "name": "nbg1",
                "unavailable_after": ""
              },
              {
                "deprecation_announced": "",
                "id": 3,
                "is_deprecated": false,
                "name": "hel1",
                "unavailable_after": ""
              }
            ],
            "memory": 32,
            "name": "cx53",
            "storage_type": "local",
            "unavailable_after": ""
          },
          "sensitive_attributes": []
        }
      ]
    },
    {
      "module": "module.tenant",
      "mode": "data",
      "type": "hcloud_server_types",
      "name": "all",
      "provider": "module.tenant.provider[\"registry.terraform.io/hetznercloud/hcloud\"]",
      "instances": [
        {
          "schema_version": 0,
          "attributes": {
            "descriptions": [
              "CPX 11",
              "CPX 21",
              "CPX 31",
              "CPX 41",
              "CPX 51",
              "CAX11",
              "CAX21",
              "CAX31",
              "CAX41",
              "CCX13 Dedicated CPU",
              "CCX23 Dedicated CPU",
              "CCX33 Dedicated CPU",
              "CCX43 Dedicated CPU",
              "CCX53 Dedicated CPU",
              "CCX63 Dedicated CPU",
              "CX22",
              "CX32",
              "CX42",
              "CX52",
              "CPX 12",
              "CPX 22",
              "CPX 32",
              "CPX 42",
              "CPX 52",
              "CPX 62",
              "CX 23",
              "CX 33",
              "CX 43",
              "CX 53"
            ],
            "id": "166277662d9b7990b1711b6545d691c4fc52eb3f",
            "names": [
              "cpx11",
              "cpx21",
              "cpx31",
              "cpx41",
              "cpx51",
              "cax11",
              "cax21",
              "cax31",
              "cax41",
              "ccx13",
              "ccx23",
              "ccx33",
              "ccx43",
              "ccx53",
              "ccx63",
              "cx22",
              "cx32",
              "cx42",
              "cx52",
              "cpx12",
              "cpx22",
              "cpx32",
              "cpx42",
              "cpx52",
              "cpx62",
              "cx23",
              "cx33",
              "cx43",
              "cx53"
            ],
            "server_type_ids": [
              "22",
              "23",
              "24",
              "25",
              "26",
              "45",
              "93",
              "94",
              "95",
              "96",
              "97",
              "98",
              "99",
              "100",
              "101",
              "104",
              "105",
              "106",
              "107",
              "108",
              "109",
              "110",
              "111",
              "112",
              "113",
              "114",
              "115",
              "116",
              "117"
            ],
            "server_types": [
              {
                "architecture": "x86",
                "category": "regular_purpose",
                "cores": 2,
                "cpu_type": "shared",
                "deprecation_announced": "",
                "description": "CPX 11",
                "disk": 40,
                "id": 22,
                "included_traffic": 0,
                "is_deprecated": false,
                "locations": [
                  {
                    "deprecation_announced": "2025-10-16T06:00:00Z",
                    "id": 1,
                    "is_deprecated": true,
                    "name": "fsn1",
                    "unavailable_after": "2025-12-31T23:59:59Z"
                  },
                  {
                    "deprecation_announced": "2025-10-16T06:00:00Z",
                    "id": 2,
                    "is_deprecated": true,
                    "name": "nbg1",
                    "unavailable_after": "2025-12-31T23:59:59Z"
                  },
                  {
                    "deprecation_announced": "2025-10-16T06:00:00Z",
                    "id": 3,
                    "is_deprecated": true,
                    "name": "hel1",
                    "unavailable_after": "2025-12-31T23:59:59Z"
                  },
                  {
                    "deprecation_announced": "",
                    "id": 4,
                    "is_deprecated": false,
                    "name": "ash",
                    "unavailable_after": ""
                  },
                  {
                    "deprecation_announced": "",
                    "id": 5,
                    "is_deprecated": false,
                    "name": "hil",
                    "unavailable_after": ""
                  },
                  {
                    "deprecation_announced": "2025-10-16T06:00:00Z",
                    "id": 6,
                    "is_deprecated": true,
                    "name": "sin",
                    "unavailable_after": "2025-12-31T23:59:59Z"
                  }
                ],
                "memory": 2,
                "name": "cpx11",
                "storage_type": "local",
                "unavailable_after": ""
              },
              {
                "architecture": "x86",
                "category": "regular_purpose",
                "cores": 3,
                "cpu_type": "shared",
                "deprecation_announced": "",
                "description": "CPX 21",
                "disk": 80,
                "id": 23,
                "included_traffic": 0,
                "is_deprecated": false,
                "locations": [
                  {
                    "deprecation_announced": "2025-10-16T06:00:00Z",
                    "id": 1,
                    "is_deprecated": true,
                    "name": "fsn1",
                    "unavailable_after": "2025-12-31T23:59:59Z"
                  },
                  {
                    "deprecation_announced": "2025-10-16T06:00:00Z",
                    "id": 2,
                    "is_deprecated": true,
                    "name": "nbg1",
                    "unavailable_after": "2025-12-31T23:59:59Z"
                  },
                  {
                    "deprecation_announced": "2025-10-16T06:00:00Z",
                    "id": 3,
                    "is_deprecated": true,
                    "name": "hel1",
                    "unavailable_after": "2025-12-31T23:59:59Z"
                  },
                  {
                    "deprecation_announced": "",
                    "id": 4,
                    "is_deprecated": false,
                    "name": "ash",
                    "unavailable_after": ""
                  },
                  {
                    "deprecation_announced": "",
                    "id": 5,
                    "is_deprecated": false,
                    "name": "hil",
                    "unavailable_after": ""
                  },
                  {
                    "deprecation_announced": "2025-10-16T06:00:00Z",
                    "id": 6,
                    "is_deprecated": true,
                    "name": "sin",
                    "unavailable_after": "2025-12-31T23:59:59Z"
                  }
                ],
                "memory": 4,
                "name": "cpx21",
                "storage_type": "local",
                "unavailable_after": ""
              },
              {
                "architecture": "x86",
                "category": "regular_purpose",
                "cores": 4,
                "cpu_type": "shared",
                "deprecation_announced": "",
                "description": "CPX 31",
                "disk": 160,
                "id": 24,
                "included_traffic": 0,
                "is_deprecated": false,
                "locations": [
                  {
                    "deprecation_announced": "2025-10-16T06:00:00Z",
                    "id": 1,
                    "is_deprecated": true,
                    "name": "fsn1",
                    "unavailable_after": "2025-12-31T23:59:59Z"
                  },
                  {
                    "deprecation_announced": "2025-10-16T06:00:00Z",
                    "id": 2,
                    "is_deprecated": true,
                    "name": "nbg1",
                    "unavailable_after": "2025-12-31T23:59:59Z"
                  },
                  {
                    "deprecation_announced": "2025-10-16T06:00:00Z",
                    "id": 3,
                    "is_deprecated": true,
                    "name": "hel1",
                    "unavailable_after": "2025-12-31T23:59:59Z"
                  },
                  {
                    "deprecation_announced": "",
                    "id": 4,
                    "is_deprecated": false,
                    "name": "ash",
                    "unavailable_after": ""
                  },
                  {
                    "deprecation_announced": "",
                    "id": 5,
                    "is_deprecated": false,
                    "name": "hil",
                    "unavailable_after": ""
                  },
                  {
                    "deprecation_announced": "2025-10-16T06:00:00Z",
                    "id": 6,
                    "is_deprecated": true,
                    "name": "sin",
                    "unavailable_after": "2025-12-31T23:59:59Z"
                  }
                ],
                "memory": 8,
                "name": "cpx31",
                "storage_type": "local",
                "unavailable_after": ""
              },
              {
                "architecture": "x86",
                "category": "regular_purpose",
                "cores": 8,
                "cpu_type": "shared",
                "deprecation_announced": "",
                "description": "CPX 41",
                "disk": 240,
                "id": 25,
                "included_traffic": 0,
                "is_deprecated": false,
                "locations": [
                  {
                    "deprecation_announced": "2025-10-16T06:00:00Z",
                    "id": 1,
                    "is_deprecated": true,
                    "name": "fsn1",
                    "unavailable_after": "2025-12-31T23:59:59Z"
                  },
                  {
                    "deprecation_announced": "2025-10-16T06:00:00Z",
                    "id": 2,
                    "is_deprecated": true,
                    "name": "nbg1",
                    "unavailable_after": "2025-12-31T23:59:59Z"
                  },
                  {
                    "deprecation_announced": "2025-10-16T06:00:00Z",
                    "id": 3,
                    "is_deprecated": true,
                    "name": "hel1",
                    "unavailable_after": "2025-12-31T23:59:59Z"
                  },
                  {
                    "deprecation_announced": "",
                    "id": 4,
                    "is_deprecated": false,
                    "name": "ash",
                    "unavailable_after": ""
                  },
                  {
                    "deprecation_announced": "",
                    "id": 5,
                    "is_deprecated": false,
                    "name": "hil",
                    "unavailable_after": ""
                  },
                  {
                    "deprecation_announced": "2025-10-16T06:00:00Z",
                    "id": 6,
                    "is_deprecated": true,
                    "name": "sin",
                    "unavailable_after": "2025-12-31T23:59:59Z"
                  }
                ],
                "memory": 16,
                "name": "cpx41",
                "storage_type": "local",
                "unavailable_after": ""
              },
              {
                "architecture": "x86",
                "category": "regular_purpose",
                "cores": 16,
                "cpu_type": "shared",
                "deprecation_announced": "",
                "description": "CPX 51",
                "disk": 360,
                "id": 26,
                "included_traffic": 0,
                "is_deprecated": false,
                "locations": [
                  {
                    "deprecation_announced": "2025-10-16T06:00:00Z",
                    "id": 1,
                    "is_deprecated": true,
                    "name": "fsn1",
                    "unavailable_after": "2025-12-31T23:59:59Z"
                  },
                  {
                    "deprecation_announced": "2025-10-16T06:00:00Z",
                    "id": 2,
                    "is_deprecated": true,
                    "name": "nbg1",
                    "unavailable_after": "2025-12-31T23:59:59Z"
                  },
                  {
                    "deprecation_announced": "2025-10-16T06:00:00Z",
                    "id": 3,
                    "is_deprecated": true,
                    "name": "hel1",
                    "unavailable_after": "2025-12-31T23:59:59Z"
                  },
                  {
                    "deprecation_announced": "",
                    "id": 4,
                    "is_deprecated": false,
                    "name": "ash",
                    "unavailable_after": ""
                  },
                  {
                    "deprecation_announced": "",
                    "id": 5,
                    "is_deprecated": false,
                    "name": "hil",
                    "unavailable_after": ""
                  },
                  {
                    "deprecation_announced": "2025-10-16T06:00:00Z",
                    "id": 6,
                    "is_deprecated": true,
                    "name": "sin",
                    "unavailable_after": "2025-12-31T23:59:59Z"
                  }
                ],
                "memory": 32,
                "name": "cpx51",
                "storage_type": "local",
                "unavailable_after": ""
              },
              {
                "architecture": "arm",
                "category": "cost_optimized",
                "cores": 2,
                "cpu_type": "shared",
                "deprecation_announced": "",
                "description": "CAX11",
                "disk": 40,
                "id": 45,
                "included_traffic": 0,
                "is_deprecated": false,
                "locations": [
                  {
                    "deprecation_announced": "",
                    "id": 1,
                    "is_deprecated": false,
                    "name": "fsn1",
                    "unavailable_after": ""
                  },
                  {
                    "deprecation_announced": "",
                    "id": 2,
                    "is_deprecated": false,
                    "name": "nbg1",
                    "unavailable_after": ""
                  },
                  {
                    "deprecation_announced": "",
                    "id": 3,
                    "is_deprecated": false,
                    "name": "hel1",
                    "unavailable_after": ""
                  }
                ],
                "memory": 4,
                "name": "cax11",
                "storage_type": "local",
                "unavailable_after": ""
              },
              {
                "architecture": "arm",
                "category": "cost_optimized",
                "cores": 4,
                "cpu_type": "shared",
                "deprecation_announced": "",
                "description": "CAX21",
                "disk": 80,
                "id": 93,
                "included_traffic": 0,
                "is_deprecated": false,
                "locations": [
                  {
                    "deprecation_announced": "",
                    "id": 1,
                    "is_deprecated": false,
                    "name": "fsn1",
                    "unavailable_after": ""
                  },
                  {
                    "deprecation_announced": "",
                    "id": 2,
                    "is_deprecated": false,
                    "name": "nbg1",
                    "unavailable_after": ""
                  },
                  {
                    "deprecation_announced": "",
                    "id": 3,
                    "is_deprecated": false,
                    "name": "hel1",
                    "unavailable_after": ""
                  }
                ],
                "memory": 8,
                "name": "cax21",
                "storage_type": "local",
                "unavailable_after": ""
              },
              {
                "architecture": "arm",
                "category": "cost_optimized",
                "cores": 8,
                "cpu_type": "shared",
                "deprecation_announced": "",
                "description": "CAX31",
                "disk": 160,
                "id": 94,
                "included_traffic": 0,
                "is_deprecated": false,
                "locations": [
                  {
                    "deprecation_announced": "",
                    "id": 1,
                    "is_deprecated": false,
                    "name": "fsn1",
                    "unavailable_after": ""
                  },
                  {
                    "deprecation_announced": "",
                    "id": 2,
                    "is_deprecated": false,
                    "name": "nbg1",
                    "unavailable_after": ""
                  },
                  {
                    "deprecation_announced": "",
                    "id": 3,
                    "is_deprecated": false,
                    "name": "hel1",
                    "unavailable_after": ""
                  }
                ],
                "memory": 16,
                "name": "cax31",
                "storage_type": "local",
                "unavailable_after": ""
              },
              {
                "architecture": "arm",
                "category": "cost_optimized",
                "cores": 16,
                "cpu_type": "shared",
                "deprecation_announced": "",
                "description": "CAX41",
                "disk": 320,
                "id": 95,
                "included_traffic": 0,
                "is_deprecated": false,
                "locations": [
                  {
                    "deprecation_announced": "",
                    "id": 1,
                    "is_deprecated": false,
                    "name": "fsn1",
                    "unavailable_after": ""
                  },
                  {
                    "deprecation_announced": "",
                    "id": 2,
                    "is_deprecated": false,
                    "name": "nbg1",
                    "unavailable_after": ""
                  },
                  {
                    "deprecation_announced": "",
                    "id": 3,
                    "is_deprecated": false,
                    "name": "hel1",
                    "unavailable_after": ""
                  }
                ],
                "memory": 32,
                "name": "cax41",
                "storage_type": "local",
                "unavailable_after": ""
              },
              {
                "architecture": "x86",
                "category": "general_purpose",
                "cores": 2,
                "cpu_type": "dedicated",
                "deprecation_announced": "",
                "description": "CCX13 Dedicated CPU",
                "disk": 80,
                "id": 96,
                "included_traffic": 0,
                "is_deprecated": false,
                "locations": [
                  {
                    "deprecation_announced": "",
                    "id": 1,
                    "is_deprecated": false,
                    "name": "fsn1",
                    "unavailable_after": ""
                  },
                  {
                    "deprecation_announced": "",
                    "id": 2,
                    "is_deprecated": false,
                    "name": "nbg1",
                    "unavailable_after": ""
                  },
                  {
                    "deprecation_announced": "",
                    "id": 3,
                    "is_deprecated": false,
                    "name": "hel1",
                    "unavailable_after": ""
                  },
                  {
                    "deprecation_announced": "",
                    "id": 4,
                    "is_deprecated": false,
                    "name": "ash",
                    "unavailable_after": ""
                  },
                  {
                    "deprecation_announced": "",
                    "id": 5,
                    "is_deprecated": false,
                    "name": "hil",
                    "unavailable_after": ""
                  },
                  {
                    "deprecation_announced": "",
                    "id": 6,
                    "is_deprecated": false,
                    "name": "sin",
                    "unavailable_after": ""
                  }
                ],
                "memory": 8,
                "name": "ccx13",
                "storage_type": "local",
                "unavailable_after": ""
              },
              {
                "architecture": "x86",
                "category": "general_purpose",
                "cores": 4,
                "cpu_type": "dedicated",
                "deprecation_announced": "",
                "description": "CCX23 Dedicated CPU",
                "disk": 160,
                "id": 97,
                "included_traffic": 0,
                "is_deprecated": false,
                "locations": [
                  {
                    "deprecation_announced": "",
                    "id": 1,
                    "is_deprecated": false,
                    "name": "fsn1",
                    "unavailable_after": ""
                  },
                  {
                    "deprecation_announced": "",
                    "id": 2,
                    "is_deprecated": false,
                    "name": "nbg1",
                    "unavailable_after": ""
                  },
                  {
                    "deprecation_announced": "",
                    "id": 3,
                    "is_deprecated": false,
                    "name": "hel1",
                    "unavailable_after": ""
                  },
                  {
                    "deprecation_announced": "",
                    "id": 4,
                    "is_deprecated": false,
                    "name": "ash",
                    "unavailable_after": ""
                  },
                  {
                    "deprecation_announced": "",
                    "id": 5,
                    "is_deprecated": false,
                    "name": "hil",
                    "unavailable_after": ""
                  },
                  {
                    "deprecation_announced": "",
                    "id": 6,
                    "is_deprecated": false,
                    "name": "sin",
                    "unavailable_after": ""
                  }
                ],
                "memory": 16,
                "name": "ccx23",
                "storage_type": "local",
                "unavailable_after": ""
              },
              {
                "architecture": "x86",
                "category": "general_purpose",
                "cores": 8,
                "cpu_type": "dedicated",
                "deprecation_announced": "",
                "description": "CCX33 Dedicated CPU",
                "disk": 240,
                "id": 98,
                "included_traffic": 0,
                "is_deprecated": false,
                "locations": [
                  {
                    "deprecation_announced": "",
                    "id": 1,
                    "is_deprecated": false,
                    "name": "fsn1",
                    "unavailable_after": ""
                  },
                  {
                    "deprecation_announced": "",
                    "id": 2,
                    "is_deprecated": false,
                    "name": "nbg1",
                    "unavailable_after": ""
                  },
                  {
                    "deprecation_announced": "",
                    "id": 3,
                    "is_deprecated": false,
                    "name": "hel1",
                    "unavailable_after": ""
                  },
                  {
                    "deprecation_announced": "",
                    "id": 4,
                    "is_deprecated": false,
                    "name": "ash",
                    "unavailable_after": ""
                  },
                  {
                    "deprecation_announced": "",
                    "id": 5,
                    "is_deprecated": false,
                    "name": "hil",
                    "unavailable_after": ""
                  },
                  {
                    "deprecation_announced": "",
                    "id": 6,
                    "is_deprecated": false,
                    "name": "sin",
                    "unavailable_after": ""
                  }
                ],
                "memory": 32,
                "name": "ccx33",
                "storage_type": "local",
                "unavailable_after": ""
              },
              {
                "architecture": "x86",
                "category": "general_purpose",
                "cores": 16,
                "cpu_type": "dedicated",
                "deprecation_announced": "",
                "description": "CCX43 Dedicated CPU",
                "disk": 360,
                "id": 99,
                "included_traffic": 0,
                "is_deprecated": false,
                "locations": [
                  {
                    "deprecation_announced": "",
                    "id": 1,
                    "is_deprecated": false,
                    "name": "fsn1",
                    "unavailable_after": ""
                  },
                  {
                    "deprecation_announced": "",
                    "id": 2,
                    "is_deprecated": false,
                    "name": "nbg1",
                    "unavailable_after": ""
                  },
                  {
                    "deprecation_announced": "",
                    "id": 3,
                    "is_deprecated": false,
                    "name": "hel1",
                    "unavailable_after": ""
                  },
                  {
                    "deprecation_announced": "",
                    "id": 4,
                    "is_deprecated": false,
                    "name": "ash",
                    "unavailable_after": ""
                  },
                  {
                    "deprecation_announced": "",
                    "id": 5,
                    "is_deprecated": false,
                    "name": "hil",
                    "unavailable_after": ""
                  },
                  {
                    "deprecation_announced": "",
                    "id": 6,
                    "is_deprecated": false,
                    "name": "sin",
                    "unavailable_after": ""
                  }
                ],
                "memory": 64,
                "name": "ccx43",
                "storage_type": "local",
                "unavailable_after": ""
              },
              {
                "architecture": "x86",
                "category": "general_purpose",
                "cores": 32,
                "cpu_type": "dedicated",
                "deprecation_announced": "",
                "description": "CCX53 Dedicated CPU",
                "disk": 600,
                "id": 100,
                "included_traffic": 0,
                "is_deprecated": false,
                "locations": [
                  {
                    "deprecation_announced": "",
                    "id": 1,
                    "is_deprecated": false,
                    "name": "fsn1",
                    "unavailable_after": ""
                  },
                  {
                    "deprecation_announced": "",
                    "id": 2,
                    "is_deprecated": false,
                    "name": "nbg1",
                    "unavailable_after": ""
                  },
                  {
                    "deprecation_announced": "",
                    "id": 3,
                    "is_deprecated": false,
                    "name": "hel1",
                    "unavailable_after": ""
                  },
                  {
                    "deprecation_announced": "",
                    "id": 4,
                    "is_deprecated": false,
                    "name": "ash",
                    "unavailable_after": ""
                  },
                  {
                    "deprecation_announced": "",
                    "id": 5,
                    "is_deprecated": false,
                    "name": "hil",
                    "unavailable_after": ""
                  },
                  {
                    "deprecation_announced": "",
                    "id": 6,
                    "is_deprecated": false,
                    "name": "sin",
                    "unavailable_after": ""
                  }
                ],
                "memory": 128,
                "name": "ccx53",
                "storage_type": "local",
                "unavailable_after": ""
              },
              {
                "architecture": "x86",
                "category": "general_purpose",
                "cores": 48,
                "cpu_type": "dedicated",
                "deprecation_announced": "",
                "description": "CCX63 Dedicated CPU",
                "disk": 960,
                "id": 101,
                "included_traffic": 0,
                "is_deprecated": false,
                "locations": [
                  {
                    "deprecation_announced": "",
                    "id": 1,
                    "is_deprecated": false,
                    "name": "fsn1",
                    "unavailable_after": ""
                  },
                  {
                    "deprecation_announced": "",
                    "id": 2,
                    "is_deprecated": false,
                    "name": "nbg1",
                    "unavailable_after": ""
                  },
                  {
                    "deprecation_announced": "",
                    "id": 3,
                    "is_deprecated": false,
                    "name": "hel1",
                    "unavailable_after": ""
                  },
                  {
                    "deprecation_announced": "",
                    "id": 4,
                    "is_deprecated": false,
                    "name": "ash",
                    "unavailable_after": ""
                  },
                  {
                    "deprecation_announced": "",
                    "id": 5,
                    "is_deprecated": false,
                    "name": "hil",
                    "unavailable_after": ""
                  },
                  {
                    "deprecation_announced": "",
                    "id": 6,
                    "is_deprecated": false,
                    "name": "sin",
                    "unavailable_after": ""
                  }
                ],
                "memory": 192,
                "name": "ccx63",
                "storage_type": "local",
                "unavailable_after": ""
              },
              {
                "architecture": "x86",
                "category": "cost_optimized",
                "cores": 2,
                "cpu_type": "shared",
                "deprecation_announced": "2025-10-16T06:00:00Z",
                "description": "CX22",
                "disk": 40,
                "id": 104,
                "included_traffic": 0,
                "is_deprecated": true,
                "locations": [
                  {
                    "deprecation_announced": "2025-10-16T06:00:00Z",
                    "id": 1,
                    "is_deprecated": true,
                    "name": "fsn1",
                    "unavailable_after": "2025-12-31T23:59:59Z"
                  },
                  {
                    "deprecation_announced": "2025-10-16T06:00:00Z",
                    "id": 2,
                    "is_deprecated": true,
                    "name": "nbg1",
                    "unavailable_after": "2025-12-31T23:59:59Z"
                  },
                  {
                    "deprecation_announced": "2025-10-16T06:00:00Z",
                    "id": 3,
                    "is_deprecated": true,
                    "name": "hel1",
                    "unavailable_after": "2025-12-31T23:59:59Z"
                  }
                ],
                "memory": 4,
                "name": "cx22",
                "storage_type": "local",
                "unavailable_after": "2025-12-31T23:59:59Z"
              },
              {
                "architecture": "x86",
                "category": "cost_optimized",
                "cores": 4,
                "cpu_type": "shared",
                "deprecation_announced": "2025-10-16T06:00:00Z",
                "description": "CX32",
                "disk": 80,
                "id": 105,
                "included_traffic": 0,
                "is_deprecated": true,
                "locations": [
                  {
                    "deprecation_announced": "2025-10-16T06:00:00Z",
                    "id": 1,
                    "is_deprecated": true,
                    "name": "fsn1",
                    "unavailable_after": "2025-12-31T23:59:59Z"
                  },
                  {
                    "deprecation_announced": "2025-10-16T06:00:00Z",
                    "id": 2,
                    "is_deprecated": true,
                    "name": "nbg1",
                    "unavailable_after": "2025-12-31T23:59:59Z"
                  },
                  {
                    "deprecation_announced": "2025-10-16T06:00:00Z",
                    "id": 3,
                    "is_deprecated": true,
                    "name": "hel1",
                    "unavailable_after": "2025-12-31T23:59:59Z"
                  }
                ],
                "memory": 8,
                "name": "cx32",
                "storage_type": "local",
                "unavailable_after": "2025-12-31T23:59:59Z"
              },
              {
                "architecture": "x86",
                "category": "cost_optimized",
                "cores": 8,
                "cpu_type": "shared",
                "deprecation_announced": "2025-10-16T06:00:00Z",
                "description": "CX42",
                "disk": 160,
                "id": 106,
                "included_traffic": 0,
                "is_deprecated": true,
                "locations": [
                  {
                    "deprecation_announced": "2025-10-16T06:00:00Z",
                    "id": 1,
                    "is_deprecated": true,
                    "name": "fsn1",
                    "unavailable_after": "2025-12-31T23:59:59Z"
                  },
                  {
                    "deprecation_announced": "2025-10-16T06:00:00Z",
                    "id": 2,
                    "is_deprecated": true,
                    "name": "nbg1",
                    "unavailable_after": "2025-12-31T23:59:59Z"
                  },
                  {
                    "deprecation_announced": "2025-10-16T06:00:00Z",
                    "id": 3,
                    "is_deprecated": true,
                    "name": "hel1",
                    "unavailable_after": "2025-12-31T23:59:59Z"
                  }
                ],
                "memory": 16,
                "name": "cx42",
                "storage_type": "local",
                "unavailable_after": "2025-12-31T23:59:59Z"
              },
              {
                "architecture": "x86",
                "category": "cost_optimized",
                "cores": 16,
                "cpu_type": "shared",
                "deprecation_announced": "2025-10-16T06:00:00Z",
                "description": "CX52",
                "disk": 320,
                "id": 107,
                "included_traffic": 0,
                "is_deprecated": true,
                "locations": [
                  {
                    "deprecation_announced": "2025-10-16T06:00:00Z",
                    "id": 1,
                    "is_deprecated": true,
                    "name": "fsn1",
                    "unavailable_after": "2025-12-31T23:59:59Z"
                  },
                  {
                    "deprecation_announced": "2025-10-16T06:00:00Z",
                    "id": 2,
                    "is_deprecated": true,
                    "name": "nbg1",
                    "unavailable_after": "2025-12-31T23:59:59Z"
                  },
                  {
                    "deprecation_announced": "2025-10-16T06:00:00Z",
                    "id": 3,
                    "is_deprecated": true,
                    "name": "hel1",
                    "unavailable_after": "2025-12-31T23:59:59Z"
                  }
                ],
                "memory": 32,
                "name": "cx52",
                "storage_type": "local",
                "unavailable_after": "2025-12-31T23:59:59Z"
              },
              {
                "architecture": "x86",
                "category": "regular_purpose",
                "cores": 1,
                "cpu_type": "shared",
                "deprecation_announced": "",
                "description": "CPX 12",
                "disk": 40,
                "id": 108,
                "included_traffic": 0,
                "is_deprecated": false,
                "locations": [
                  {
                    "deprecation_announced": "",
                    "id": 6,
                    "is_deprecated": false,
                    "name": "sin",
                    "unavailable_after": ""
                  }
                ],
                "memory": 2,
                "name": "cpx12",
                "storage_type": "local",
                "unavailable_after": ""
              },
              {
                "architecture": "x86",
                "category": "regular_purpose",
                "cores": 2,
                "cpu_type": "shared",
                "deprecation_announced": "",
                "description": "CPX 22",
                "disk": 80,
                "id": 109,
                "included_traffic": 0,
                "is_deprecated": false,
                "locations": [
                  {
                    "deprecation_announced": "",
                    "id": 1,
                    "is_deprecated": false,
                    "name": "fsn1",
                    "unavailable_after": ""
                  },
                  {
                    "deprecation_announced": "",
                    "id": 2,
                    "is_deprecated": false,
                    "name": "nbg1",
                    "unavailable_after": ""
                  },
                  {
                    "deprecation_announced": "",
                    "id": 3,
                    "is_deprecated": false,
                    "name": "hel1",
                    "unavailable_after": ""
                  },
                  {
                    "deprecation_announced": "",
                    "id": 6,
                    "is_deprecated": false,
                    "name": "sin",
                    "unavailable_after": ""
                  }
                ],
                "memory": 4,
                "name": "cpx22",
                "storage_type": "local",
                "unavailable_after": ""
              },
              {
                "architecture": "x86",
                "category": "regular_purpose",
                "cores": 4,
                "cpu_type": "shared",
                "deprecation_announced": "",
                "description": "CPX 32",
                "disk": 160,
                "id": 110,
                "included_traffic": 0,
                "is_deprecated": false,
                "locations": [
                  {
                    "deprecation_announced": "",
                    "id": 1,
                    "is_deprecated": false,
                    "name": "fsn1",
                    "unavailable_after": ""
                  },
                  {
                    "deprecation_announced": "",
                    "id": 2,
                    "is_deprecated": false,
                    "name": "nbg1",
                    "unavailable_after": ""
                  },
                  {
                    "deprecation_announced": "",
                    "id": 3,
                    "is_deprecated": false,
                    "name": "hel1",
                    "unavailable_after": ""
                  },
                  {
                    "deprecation_announced": "",
                    "id": 6,
                    "is_deprecated": false,
                    "name": "sin",
                    "unavailable_after": ""
                  }
                ],
                "memory": 8,
                "name": "cpx32",
                "storage_type": "local",
                "unavailable_after": ""
              },
              {
                "architecture": "x86",
                "category": "regular_purpose",
                "cores": 8,
                "cpu_type": "shared",
                "deprecation_announced": "",
                "description": "CPX 42",
                "disk": 320,
                "id": 111,
                "included_traffic": 0,
                "is_deprecated": false,
                "locations": [
                  {
                    "deprecation_announced": "",
                    "id": 1,
                    "is_deprecated": false,
                    "name": "fsn1",
                    "unavailable_after": ""
                  },
                  {
                    "deprecation_announced": "",
                    "id": 2,
                    "is_deprecated": false,
                    "name": "nbg1",
                    "unavailable_after": ""
                  },
                  {
                    "deprecation_announced": "",
                    "id": 3,
                    "is_deprecated": false,
                    "name": "hel1",
                    "unavailable_after": ""
                  },
                  {
                    "deprecation_announced": "",
                    "id": 6,
                    "is_deprecated": false,
                    "name": "sin",
                    "unavailable_after": ""
                  }
                ],
                "memory": 16,
                "name": "cpx42",
                "storage_type": "local",
                "unavailable_after": ""
              },
              {
                "architecture": "x86",
                "category": "regular_purpose",
                "cores": 12,
                "cpu_type": "shared",
                "deprecation_announced": "",
                "description": "CPX 52",
                "disk": 480,
                "id": 112,
                "included_traffic": 0,
                "is_deprecated": false,
                "locations": [
                  {
                    "deprecation_announced": "",
                    "id": 1,
                    "is_deprecated": false,
                    "name": "fsn1",
                    "unavailable_after": ""
                  },
                  {
                    "deprecation_announced": "",
                    "id": 2,
                    "is_deprecated": false,
                    "name": "nbg1",
                    "unavailable_after": ""
                  },
                  {
                    "deprecation_announced": "",
                    "id": 3,
                    "is_deprecated": false,
                    "name": "hel1",
                    "unavailable_after": ""
                  },
                  {
                    "deprecation_announced": "",
                    "id": 6,
                    "is_deprecated": false,
                    "name": "sin",
                    "unavailable_after": ""
                  }
                ],
                "memory": 24,
                "name": "cpx52",
                "storage_type": "local",
                "unavailable_after": ""
              },
              {
                "architecture": "x86",
                "category": "regular_purpose",
                "cores": 16,
                "cpu_type": "shared",
                "deprecation_announced": "",
                "description": "CPX 62",
                "disk": 640,
                "id": 113,
                "included_traffic": 0,
                "is_deprecated": false,
                "locations": [
                  {
                    "deprecation_announced": "",
                    "id": 1,
                    "is_deprecated": false,
                    "name": "fsn1",
                    "unavailable_after": ""
                  },
                  {
                    "deprecation_announced": "",
                    "id": 2,
                    "is_deprecated": false,
                    "name": "nbg1",
                    "unavailable_after": ""
                  },
                  {
                    "deprecation_announced": "",
                    "id": 3,
                    "is_deprecated": false,
                    "name": "hel1",
                    "unavailable_after": ""
                  },
                  {
                    "deprecation_announced": "",
                    "id": 6,
                    "is_deprecated": false,
                    "name": "sin",
                    "unavailable_after": ""
                  }
                ],
                "memory": 32,
                "name": "cpx62",
                "storage_type": "local",
                "unavailable_after": ""
              },
              {
                "architecture": "x86",
                "category": "cost_optimized",
                "cores": 2,
                "cpu_type": "shared",
                "deprecation_announced": "",
                "description": "CX 23",
                "disk": 40,
                "id": 114,
                "included_traffic": 0,
                "is_deprecated": false,
                "locations": [
                  {
                    "deprecation_announced": "",
                    "id": 1,
                    "is_deprecated": false,
                    "name": "fsn1",
                    "unavailable_after": ""
                  },
                  {
                    "deprecation_announced": "",
                    "id": 2,
                    "is_deprecated": false,
                    "name": "nbg1",
                    "unavailable_after": ""
                  },
                  {
                    "deprecation_announced": "",
                    "id": 3,
                    "is_deprecated": false,
                    "name": "hel1",
                    "unavailable_after": ""
                  }
                ],
                "memory": 4,
                "name": "cx23",
                "storage_type": "local",
                "unavailable_after": ""
              },
              {
                "architecture": "x86",
                "category": "cost_optimized",
                "cores": 4,
                "cpu_type": "shared",
                "deprecation_announced": "",
                "description": "CX 33",
                "disk": 80,
                "id": 115,
                "included_traffic": 0,
                "is_deprecated": false,
                "locations": [
                  {
                    "deprecation_announced": "",
                    "id": 1,
                    "is_deprecated": false,
                    "name": "fsn1",
                    "unavailable_after": ""
                  },
                  {
                    "deprecation_announced": "",
                    "id": 2,
                    "is_deprecated": false,
                    "name": "nbg1",
                    "unavailable_after": ""
                  },
                  {
                    "deprecation_announced": "",
                    "id": 3,
                    "is_deprecated": false,
                    "name": "hel1",
                    "unavailable_after": ""
                  }
                ],
                "memory": 8,
                "name": "cx33",
                "storage_type": "local",
                "unavailable_after": ""
              },
              {
                "architecture": "x86",
                "category": "cost_optimized",
                "cores": 8,
                "cpu_type": "shared",
                "deprecation_announced": "",
                "description": "CX 43",
                "disk": 160,
                "id": 116,
                "included_traffic": 0,
                "is_deprecated": false,
                "locations": [
                  {
                    "deprecation_announced": "",
                    "id": 1,
                    "is_deprecated": false,
                    "name": "fsn1",
                    "unavailable_after": ""
                  },
                  {
                    "deprecation_announced": "",
                    "id": 2,
                    "is_deprecated": false,
                    "name": "nbg1",
                    "unavailable_after": ""
                  },
                  {
                    "deprecation_announced": "",
                    "id": 3,
                    "is_deprecated": false,
                    "name": "hel1",
                    "unavailable_after": ""
                  }
                ],
                "memory": 16,
                "name": "cx43",
                "storage_type": "local",
                "unavailable_after": ""
              },
              {
                "architecture": "x86",
                "category": "cost_optimized",
                "cores": 16,
                "cpu_type": "shared",
                "deprecation_announced": "",
                "description": "CX 53",
                "disk": 320,
                "id": 117,
                "included_traffic": 0,
                "is_deprecated": false,
                "locations": [
                  {
                    "deprecation_announced": "",
                    "id": 1,
                    "is_deprecated": false,
                    "name": "fsn1",
                    "unavailable_after": ""
                  },
                  {
                    "deprecation_announced": "",
                    "id": 2,
                    "is_deprecated": false,
                    "name": "nbg1",
                    "unavailable_after": ""
                  },
                  {
                    "deprecation_announced": "",
                    "id": 3,
                    "is_deprecated": false,
                    "name": "hel1",
                    "unavailable_after": ""
                  }
                ],
                "memory": 32,
                "name": "cx53",
                "storage_type": "local",
                "unavailable_after": ""
              }
            ]
          },
          "sensitive_attributes": []
        }
      ]
    },
    {
      "module": "module.tenant",
      "mode": "managed",
      "type": "cloudflare_dns_record",
      "name": "faraday",
      "provider": "module.tenant.provider[\"registry.terraform.io/cloudflare/cloudflare\"]",
      "instances": [
        {
          "schema_version": 0,
          "attributes": {
            "comment": null,
            "comment_modified_on": null,
            "content": "157.180.88.232",
            "created_on": "2025-10-17T12:55:08Z",
            "data": null,
            "id": "c2c325a3e6d084538d1d554ef40b013e",
            "meta": "{}",
            "modified_on": "2025-10-17T12:55:08Z",
            "name": "faraday.demo.spm.openshield.io",
            "priority": null,
            "proxiable": true,
            "proxied": false,
            "settings": {
              "flatten_cname": null,
              "ipv4_only": null,
              "ipv6_only": null
            },
            "tags": [],
            "tags_modified_on": null,
            "ttl": 3600,
            "type": "A",
            "zone_id": "f92c4f6137dffe0e40aa658cc70e3fa8"
          },
          "sensitive_attributes": [],
          "dependencies": [
            "module.tenant.data.cloudflare_zone.openshield",
            "module.tenant.data.hcloud_server_type.selected",
            "module.tenant.data.hcloud_server_types.all",
            "module.tenant.hcloud_server.tenant_server",
            "module.tenant.hcloud_ssh_key.ssh_key",
            "module.tenant.tls_private_key.ssh_key"
          ]
        }
      ]
    },
    {
      "module": "module.tenant",
      "mode": "managed",
      "type": "hcloud_server",
      "name": "tenant_server",
      "provider": "module.tenant.provider[\"registry.terraform.io/hetznercloud/hcloud\"]",
      "instances": [
        {
          "schema_version": 0,
          "attributes": {
            "allow_deprecated_images": false,
            "backup_window": "",
            "backups": false,
            "datacenter": "hel1-dc2",
            "delete_protection": false,
            "firewall_ids": [],
            "id": "110986545",
            "ignore_remote_firewall_ids": false,
            "image": "ubuntu-22.04",
            "ipv4_address": "157.180.88.232",
            "ipv6_address": "2a01:4f9:c013:feed::1",
            "ipv6_network": "2a01:4f9:c013:feed::/64",
            "iso": null,
            "keep_disk": false,
            "labels": {
              "solution": "spm",
              "tenant": "demo"
            },
            "location": "hel1",
            "name": "spm-tenant-demo",
            "network": [],
            "placement_group_id": 0,
            "primary_disk_size": 80,
            "public_net": [],
            "rebuild_protection": false,
            "rescue": null,
            "server_type": "cpx21",
            "shutdown_before_deletion": false,
            "ssh_keys": [
              "103240052"
            ],
            "status": "running",
            "timeouts": null,
            "user_data": "w+uIM854yKw6OQXRIlm+0Ux46sE="
          },
          "sensitive_attributes": [],
          "private": "eyJlMmJmYjczMC1lY2FhLTExZTYtOGY4OC0zNDM2M2JjN2M0YzAiOnsiY3JlYXRlIjo1NDAwMDAwMDAwMDAwfX0=",
          "dependencies": [
            "module.tenant.data.hcloud_server_type.selected",
            "module.tenant.data.hcloud_server_types.all",
            "module.tenant.hcloud_ssh_key.ssh_key",
            "module.tenant.tls_private_key.ssh_key"
          ]
        }
      ]
    },
    {
      "module": "module.tenant",
      "mode": "managed",
      "type": "hcloud_ssh_key",
      "name": "ssh_key",
      "provider": "module.tenant.provider[\"registry.terraform.io/hetznercloud/hcloud\"]",
      "instances": [
        {
          "schema_version": 0,
          "attributes": {
            "fingerprint": "a5:b8:af:26:0d:8f:ee:9f:14:b7:5f:77:11:0a:54:a0",
            "id": "103240052",
            "labels": {
              "solution": "spm",
              "tenant": "demo"
            },
            "name": "demo-ssh-key",
            "public_key": "ssh-rsa AAAAB3NzaC1yc2EAAAADAQABAAACAQDHwD+xeA2oMhJjYlyGufqfYzO+x0CM99xc9cncKBIrw1Q+F5NWrB1DnV8fH4ycdL1cMbWzDfu/RXTwW2Q5vyzZVrbtFDbdXoMxigYEkicUNmHoCm0t7LbY0z7cjNjnHeIdy0lO8aap/8tgEWryow1yfk1dSR600oR+YSk8bVYinKGPzETG9bq1qIMlnGyIRVQPGxKg5EIzeQ+iBixTv97XxIEPSD/CG3Ad00mRiLGsqLYmKuKNnE1lE++dXPmzEIZOKJpSJA6U//FObMBUT+zwMR6LLf5qp4uEylRjWHlGI6m8dM9jchrsOC/ZiLE/QZtpAVTi04GoluBxF6COhgPA95pDTirVR43x4V3ppE+d4ZqAQDtmqma/8uT6XZrSdQu75HO9mpIUuW4w1bIZ3vb6ghhklfbvq126fCDPV21C++fBUOkCHOUb+UCVbmAtYtAmOef60cZrVOmaVREinJWs3kKR4OQPMJ3JvQSsnZKDl+6he2oXW1lLEPDq/2rvu/Wre2cwcOBikwcdPZuS+iaFTzlZxHphLL7fnLwRbLkQlXh20uil6Zl2/UXfQDzq8JHKyY2796e+XvzFnoLsa0yMcR2S/4OLZmLZcwvyH5jph3i87U5AT/C4QfgsasAlt/lNaX0UxuTETEdD+gFScd2adg+z2E3KjKe0bISahIIasQ==\n"
          },
          "sensitive_attributes": [],
          "dependencies": [
            "module.tenant.tls_private_key.ssh_key"
          ]
        }
      ]
    },
    {
      "module": "module.tenant",
      "mode": "managed",
      "type": "hcloud_volume",
      "name": "tenant_volume",
      "provider": "module.tenant.provider[\"registry.terraform.io/hetznercloud/hcloud\"]",
      "instances": [
        {
          "schema_version": 0,
          "attributes": {
            "automount": true,
            "delete_protection": false,
            "format": "ext4",
            "id": "103760787",
            "labels": {
              "solution": "spm",
              "tenant": "demo"
            },
            "linux_device": "/dev/disk/by-id/scsi-0HC_Volume_103760787",
            "location": "hel1",
            "name": "spm-tenant-demo-volume",
            "server_id": 110986545,
            "size": 50
          },
          "sensitive_attributes": [],
          "private": "bnVsbA==",
          "dependencies": [
            "module.tenant.data.hcloud_server_type.selected",
            "module.tenant.data.hcloud_server_types.all",
            "module.tenant.hcloud_server.tenant_server",
            "module.tenant.hcloud_ssh_key.ssh_key",
            "module.tenant.tls_private_key.ssh_key"
          ]
        }
      ]
    },
    {
      "module": "module.tenant",
      "mode": "managed",
      "type": "local_file",
      "name": "configure_faraday_nginx_sh",
      "provider": "provider[\"registry.terraform.io/hashicorp/local\"]",
      "instances": [
        {
          "schema_version": 0,
          "attributes": {
            "content": "#!/usr/bin/env bash\n\n# Request LetsEncrypt certificate for the domain\nsudo certbot certonly --nginx -d faraday.demo.spm.openshield.io --non-interactive --agree-tos -m certbot@cyberdef.cc --redirect \u003e /opt/faraday/certbot.log 2\u003e\u00261\n\n# Extract certificate and key paths\nCERT_PATH=$(grep -iE 'certificate is saved at:' /opt/faraday/certbot.log | awk '{print $5}')\nKEY_PATH=$(grep -iE 'key is saved at:' /opt/faraday/certbot.log | awk '{print $5}')\nif [ -z \"$CERT_PATH\" ] || [ -z \"$KEY_PATH\" ]; then\n    echo \"Failed to obtain SSL certificate. Check certbot log at /opt/faraday/certbot.log\"\n    exit 1\nfi\n\n# Generate Nginx configuration for Faraday\necho y | faraday-manage generate-nginx-config --fqdn faraday.demo.spm.openshield.io --port 5985 --ws-port 9000 --ssl-certificate $CERT_PATH --ssl-key $KEY_PATH | awk 'BEGIN{p=0} /^NGINX Config$/{getline; getline; p=1} p{print}' \u003e /opt/faraday/faraday.conf 2\u003e\u00261\n\n# Move the generated config to Nginx sites-available\nsudo mv /opt/faraday/faraday.conf /etc/nginx/sites-available/faraday.conf\nsudo ln -sf /etc/nginx/sites-available/faraday.conf /etc/nginx/sites-enabled/faraday.conf\n\n# Test Nginx configuration\nsudo nginx -t\nif [ $? -ne 0 ]; then\n    echo \"Nginx configuration test failed. Please check the configuration file.\"\n    exit 1\nfi\n\n# Reload Nginx to apply the new configuration\nsudo systemctl reload nginx",
            "content_base64": null,
            "content_base64sha256": "0kOlDDa5OCZvTiRykNQyDqjzX/HVTo9ElZv7ztly7+Y=",
            "content_base64sha512": "vpSpXfO7O0hvKvAD93G5p67p29MxXZdkPfPc1Ua5TMq/gqj3lJHdeMt3peCac4uJA4N7L0CkjE3PcCiP072Ppw==",
            "content_md5": "0c8f542b912564b0a3b0ce1587e4017b",
            "content_sha1": "6039f3cff3f6fa8289e5a4c4179d989aa6c09217",
            "content_sha256": "d243a50c36b938266f4e247290d4320ea8f35ff1d54e8f44959bfbced972efe6",
            "content_sha512": "be94a95df3bb3b486f2af003f771b9a7aee9dbd3315d97643df3dcd546b94ccabf82a8f79491dd78cb77a5e09a738b8903837b2f40a48c4dcf70288fd3bd8fa7",
            "directory_permission": "0777",
            "file_permission": "0777",
            "filename": "modules/tenant/_rendered/configure-faraday-nginx.sh",
            "id": "6039f3cff3f6fa8289e5a4c4179d989aa6c09217",
            "sensitive_content": null,
            "source": null
          },
          "sensitive_attributes": []
        }
      ]
    },
    {
      "module": "module.tenant",
      "mode": "managed",
      "type": "local_file",
      "name": "install_faraday_sh",
      "provider": "provider[\"registry.terraform.io/hashicorp/local\"]",
      "instances": [
        {
          "schema_version": 0,
          "attributes": {
            "content": "# !/bin/bash\n\n# A helper script to install Faraday on an Ubuntu server.\n# OS: Ubuntu 20.04 or later\n# Usage: ./install-faraday.sh \u003cVERSION|latest\u003e\n# Example: ./install-faraday.sh latest\n#\n# Author: YordanOpenShield\n\n# Update package lists\nsudo apt-get update\n\n# Create necessary directories\nsudo mkdir -p /opt/faraday\ncd /opt/faraday\n\n# Get latest version tag\nVERSION=latest\nif [ -z \"$VERSION\" ] || [ \"$VERSION\" = \"latest\" ]; then\n  echo \"Fetching latest Faraday release from GitHub...\"\n  # prefer jq if available\n  if command -v jq \u003e/dev/null 2\u003e\u00261; then\n    VERSION=$(curl -s https://api.github.com/repos/infobyte/faraday/releases/latest | jq -r .tag_name)\n  else\n    VERSION=$(curl -s https://api.github.com/repos/infobyte/faraday/releases/latest | grep -oP '\"tag_name\":\\s*\"\\K(.*)(?=\")' || true)\n  fi\n\n  if [ -z \"$VERSION\" ]; then\n    echo \"Failed to determine latest Faraday version.\"\n    exit 1\n  fi\n  echo \"Latest version is $VERSION\"\nfi\n\n# Download Faraday\nsudo wget https://github.com/infobyte/faraday/releases/download/$VERSION/faraday-server_amd64.deb\n\n# Make sure dependencies are installed\nsudo apt-get install -y postgresql redis python3 python3-pip\n\n# Install Faraday\nsudo dpkg -i /opt/faraday/faraday-server_amd64.deb || sudo apt install -f /opt/faraday/faraday-server_amd64.deb\n\n# Add current user to faraday group\nsudo usermod -aG faraday $(whoami)\n\n# Initialize Faraday database\nfaraday-manage initdb\n\n# Change faraday's admin password\nfaraday-manage change-password --username faraday --password 6PfNDJvaKAoyaSLK\n\n# Reload systemd to recognize Faraday services\nsudo systemctl daemon-reload\n\n# Start and enable Faraday services\nsudo systemctl start faraday-server\nsudo systemctl enable faraday-server\n\nsudo systemctl start faraday-worker\nsudo systemctl enable faraday-worker\n\nsudo systemctl start faraday-worker-reports\nsudo systemctl enable faraday-worker-reports\n\n# Make sure Faraday is running\nif systemctl is-active --quiet faraday-server; then\n    echo \"Faraday server is running.\"\nelse\n    echo \"Faraday server failed to start.\"\n    exit 1\nfi",
            "content_base64": null,
            "content_base64sha256": "GeGq7nZNr1LzgLvJwWItg4FPm0Am0Rl+TxNF8VV0lVc=",
            "content_base64sha512": "YxDswzrsg7HgR+p50HtjxGXR8+zR49xuaxEYLcR3HndOYl5zMAd9N4u5As8WQyALKtwkjb1I3MRke2x1Ndav9A==",
            "content_md5": "6d13ae30739f44a028a4b401202752b9",
            "content_sha1": "b1d1f9c7e8fa01e7b43c08c41aa8cced33acd561",
            "content_sha256": "19e1aaee764daf52f380bbc9c1622d83814f9b4026d1197e4f1345f155749557",
            "content_sha512": "6310ecc33aec83b1e047ea79d07b63c465d1f3ecd1e3dc6e6b11182dc4771e774e625e7330077d378bb902cf1643200b2adc248dbd48dcc4647b6c7535d6aff4",
            "directory_permission": "0777",
            "file_permission": "0777",
            "filename": "modules/tenant/_rendered/install-faraday.sh",
            "id": "b1d1f9c7e8fa01e7b43c08c41aa8cced33acd561",
            "sensitive_content": null,
            "source": null
          },
          "sensitive_attributes": [
            [
              {
                "type": "get_attr",
                "value": "content"
              }
            ]
          ],
          "dependencies": [
            "module.tenant.random_password.faraday_password"
          ]
        }
      ]
    },
    {
      "module": "module.tenant",
      "mode": "managed",
      "type": "local_file",
      "name": "install_nginx_sh",
      "provider": "provider[\"registry.terraform.io/hashicorp/local\"]",
      "instances": [
        {
          "schema_version": 0,
          "attributes": {
            "content": "# !/bin/bash\n\n# Install Nginx\nsudo apt-get update\nsudo apt-get install -y nginx\nsudo systemctl start nginx\nsudo systemctl enable nginx\n\n# Install certbot\nsudo apt-get install -y certbot python3-certbot-nginx\n\n# Adjust firewall to allow HTTP and HTTPS traffic\nsudo ufw allow http\nsudo ufw allow https",
            "content_base64": null,
            "content_base64sha256": "fcUzYhwwezsI4U6aQmTi17TJwy1tHNWIsrY/fr48Iks=",
            "content_base64sha512": "psoCa0OYzxL7gE+l5ZTXPiYmv/9daIe86AsxfC6RzprjapYrUpTnVz3+MJHwpaiDPkZLMmqcAMgc42g8KzcnQA==",
            "content_md5": "1f1c8cc2862ad50f915cf7313e27441d",
            "content_sha1": "18439fd5d884a92015585d9b759b1c051c14d837",
            "content_sha256": "7dc533621c307b3b08e14e9a4264e2d7b4c9c32d6d1cd588b2b63f7ebe3c224b",
            "content_sha512": "a6ca026b4398cf12fb804fa5e594d73e2626bfff5d6887bce80b317c2e91ce9ae36a962b5294e7573dfe3091f0a5a8833e464b326a9c00c81ce3683c2b372740",
            "directory_permission": "0777",
            "file_permission": "0777",
            "filename": "modules/tenant/_rendered/install-nginx.sh",
            "id": "18439fd5d884a92015585d9b759b1c051c14d837",
            "sensitive_content": null,
            "source": null
          },
          "sensitive_attributes": []
        }
      ]
    },
    {
      "module": "module.tenant",
      "mode": "managed",
      "type": "null_resource",
      "name": "provision_faraday_scripts",
      "provider": "provider[\"registry.terraform.io/hashicorp/null\"]",
      "instances": [
        {
          "status": "tainted",
          "schema_version": 0,
          "attributes": {
            "id": "9166552775372705645",
            "triggers": {
              "always_run": "2025-10-17T12:55:08Z"
            }
          },
          "sensitive_attributes": [],
          "dependencies": [
            "module.tenant.cloudflare_dns_record.faraday",
            "module.tenant.data.cloudflare_zone.openshield",
            "module.tenant.data.hcloud_server_type.selected",
            "module.tenant.data.hcloud_server_types.all",
            "module.tenant.hcloud_server.tenant_server",
            "module.tenant.hcloud_ssh_key.ssh_key",
            "module.tenant.local_file.configure_faraday_nginx_sh",
            "module.tenant.local_file.install_faraday_sh",
            "module.tenant.local_file.install_nginx_sh",
            "module.tenant.random_password.faraday_password",
            "module.tenant.tls_private_key.ssh_key"
          ]
        }
      ]
    },
    {
      "module": "module.tenant",
      "mode": "managed",
      "type": "random_password",
      "name": "faraday_password",
      "provider": "provider[\"registry.terraform.io/hashicorp/random\"]",
      "instances": [
        {
          "schema_version": 3,
          "attributes": {
            "bcrypt_hash": "$2a$10$vrb9xxeKpJDBRAJc4PsAd.ndwf4HFUi4pDz.blGUMeuXEJ.K.X/ya",
            "id": "none",
            "keepers": null,
            "length": 16,
            "lower": true,
            "min_lower": 0,
            "min_numeric": 0,
            "min_special": 0,
            "min_upper": 0,
            "number": true,
            "numeric": true,
            "override_special": "_%@",
            "result": "6PfNDJvaKAoyaSLK",
            "special": true,
            "upper": true
          },
          "sensitive_attributes": []
        }
      ]
    },
    {
      "module": "module.tenant",
      "mode": "managed",
      "type": "tls_private_key",
      "name": "ssh_key",
      "provider": "provider[\"registry.terraform.io/hashicorp/tls\"]",
      "instances": [
        {
          "schema_version": 1,
          "attributes": {
            "algorithm": "RSA",
            "ecdsa_curve": "P224",
            "id": "468c67bec5dc25375e83e524558401a9f75a757b",
            "private_key_openssh": "-----BEGIN OPENSSH PRIVATE KEY-----\nb3BlbnNzaC1rZXktdjEAAAAABG5vbmUAAAAEbm9uZQAAAAAAAAABAAACFwAAAAdz\nc2gtcnNhAAAAAwEAAQAAAgEAx8A/sXgNqDISY2Jchrn6n2MzvsdAjPfcXPXJ3CgS\nK8NUPheTVqwdQ51fHx+MnHS9XDG1sw37v0V08FtkOb8s2Va27RQ23V6DMYoGBJIn\nFDZh6AptLey22NM+3IzY5x3iHctJTvGmqf/LYBFq8qMNcn5NXUketNKEfmEpPG1W\nIpyhj8xExvW6taiDJZxsiEVUDxsSoORCM3kPogYsU7/e18SBD0g/whtwHdNJkYix\nrKi2JirijZxNZRPvnVz5sxCGTiiaUiQOlP/xTmzAVE/s8DEeiy3+aqeLhMpUY1h5\nRiOpvHTPY3Ia7Dgv2YixP0GbaQFU4tOBqJbgcRegjoYDwPeaQ04q1UeN8eFd6aRP\nneGagEA7Zqpmv/Lk+l2a0nULu+RzvZqSFLluMNWyGd72+oIYZJX276tdunwgz1dt\nQvvnwVDpAhzlG/lAlW5gLWLQJjnn+tHGa1TpmlURIpyVrN5CkeDkDzCdyb0ErJ2S\ng5fuoXtqF1tZSxDw6v9q77v1q3tnMHDgYpMHHT2bkvomhU85WcR6YSy+35y8EWy5\nEJV4dtLopemZdv1F30A86vCRysmNu/envl78xZ6C7GtMjHEdkv+Di2Zi2XML8h+Y\n6Yd4vO1OQE/wuEH4LGrAJbf5TWl9FMbkxExHQ/oBUnHdmnYPs9hNyoyntGyEmoSC\nGrEAAAc4ElKXnBJSl5wAAAAHc3NoLXJzYQAAAgEAx8A/sXgNqDISY2Jchrn6n2Mz\nvsdAjPfcXPXJ3CgSK8NUPheTVqwdQ51fHx+MnHS9XDG1sw37v0V08FtkOb8s2Va2\n7RQ23V6DMYoGBJInFDZh6AptLey22NM+3IzY5x3iHctJTvGmqf/LYBFq8qMNcn5N\nXUketNKEfmEpPG1WIpyhj8xExvW6taiDJZxsiEVUDxsSoORCM3kPogYsU7/e18SB\nD0g/whtwHdNJkYixrKi2JirijZxNZRPvnVz5sxCGTiiaUiQOlP/xTmzAVE/s8DEe\niy3+aqeLhMpUY1h5RiOpvHTPY3Ia7Dgv2YixP0GbaQFU4tOBqJbgcRegjoYDwPea\nQ04q1UeN8eFd6aRPneGagEA7Zqpmv/Lk+l2a0nULu+RzvZqSFLluMNWyGd72+oIY\nZJX276tdunwgz1dtQvvnwVDpAhzlG/lAlW5gLWLQJjnn+tHGa1TpmlURIpyVrN5C\nkeDkDzCdyb0ErJ2Sg5fuoXtqF1tZSxDw6v9q77v1q3tnMHDgYpMHHT2bkvomhU85\nWcR6YSy+35y8EWy5EJV4dtLopemZdv1F30A86vCRysmNu/envl78xZ6C7GtMjHEd\nkv+Di2Zi2XML8h+Y6Yd4vO1OQE/wuEH4LGrAJbf5TWl9FMbkxExHQ/oBUnHdmnYP\ns9hNyoyntGyEmoSCGrEAAAADAQABAAACAFMOns1ZyH/39gpqI2QH3+y3cJQywKX9\nCB2FO/61kLyutxAseGDRJ0fun1dPJIYHypcTumQt+9BP/qxUrAuQ8QKcGmrg/WE1\nw+Js7EypQuOWK0azUyuF4o+s4tYNIMGU/Oj7lstjErRcPsH+7BPg9Z32Y4/W8BQq\n9tmf5+gO5IJ203z56F08XvrbC1EvxjcxcJ7pWGkbEGXbwELUQ0k9nljkhe+HUK+S\n/h8AtHX1uz86VabwLQzKAap2TCuINfGdfOLx4h0mjgOpmrpL4PsN0s0a94LSyJer\nfAlmogk/CApAmPraLUPB9ezj/g17V4wgaRET8ypv3NlvhvqvYtzwX413wbeLjIep\nkHH84qalhnXfp3+xSEjNSGWxYmylW/O/6grqjW658wc1cuivpqTe81+KgUTYa104\nt2CbgUa4/VAG83wHtbRji+P07RlMeHvBbcDcWwrUXlCesPQOCCoy2wnYrcR/oeDL\n5quYh2dDp2nwQnh3HFTb7zPdv+VNlkTZ4AQmiV2+ATuuz3l2KWThToQTMEpLzLu4\nBgANdldqPpHRjaaOLMm/QUzVVytQL9h+6vkpbUd8+HUO2XLUSyeaLDIImuBFP8ez\nJI4jTcIASyWDXEQiEyZFHF/uXMBQLyZchQ3trZBadTD+rIMXDD3c+H2orzlLjJxb\nNaYloTprPrpjAAABAFF1R3W6Swq2QfyMvo8kRlULgjSzKC2fYYIA9M/WgAko10aj\nGRvy7UDZITJymCw3wEUUuskA6yuoqzMnZn91+Y6guW38qJqg/RkeKICCiuFr5DRB\nJc7Xcpnipvdljld6Al/pRXVYJlPxD+NNr7fTDIY0T0YKOdJuMzSFrPwfqeE7MNNi\n0UYxROcX2mVngZEQokfUlqMnoQHv9ouLVsWVc+V8v5ZevTNiHcZc7EkznD8x7vyH\ncIkoxVGvnmm/DaXB15vXmlp3RRFxUAO9G+jvV/+gFWHhpn/GDAcdd7loEJJbCYuS\nJhuiC5vQNoa5nxbc5wxDEPtTQTeAk+XZqsfe9n0AAAEBAMxci2588zAFWhVP0gOl\nNfBIUsw2FxirsVi3FA4m4RQNOMNfFU5jK9dULHVRZaRp6rk2vdYeOAtkOLM3g8+5\nVo72olMZSkchk3v2HoNumrEPQ+4HPVTRQXK3P6kqfRbI+OHv8ntpyR4mB2gKExAk\nkV3AEqceb9mDFCcTpLS1B68MojFyyXPpfarK32Gm9T1BP/SgdYcAYq48iouCtCxi\niqStqIq6Zow4sXqEgyiUyr8ZJgBC77U7gtE7WQLYrqPgC+nZJNNYzarQrxN/f4Mb\nvVfJ7kN2U1lqOx3N8f5+mBtynQoPdXAXSTtRCZSmoc8PRTgN0tbJw+HdijonMrO8\nXaMAAAEBAPo5dujVUsChX+vW5UlVw523qUIjGXPfqFVAhgtINhcYf56at2s6pXvd\n5sxCUWBFib4xR3ABxhsBp0wlekYUFWt+uzQAFqsYy8cpoRaVEwuMi6RjLbpF5znh\n81ftgJRMKwThQUaOsDFG3JeHPoHAK00EsdiJ+f8Iymxzzwf0LpdPB7vPHRWPGprO\nSulNMK1i9DfIe7yiFFtnuN930aHQSYF5dsohDJolDkEfMYhkTnGXrond8STYY6Ls\n9LOLp4XrS5kTOVx1P3zhV8qaRMHSE1tkWkYji/Rrbss9xEo06aVhjb48XOz62d7O\nM3xfNtT1ffNsFi4PTqJQ4+He6375g5sAAAAAAQID\n-----END OPENSSH PRIVATE KEY-----\n",
            "private_key_pem": "-----BEGIN RSA PRIVATE KEY-----\nMIIJJwIBAAKCAgEAx8A/sXgNqDISY2Jchrn6n2MzvsdAjPfcXPXJ3CgSK8NUPheT\nVqwdQ51fHx+MnHS9XDG1sw37v0V08FtkOb8s2Va27RQ23V6DMYoGBJInFDZh6Apt\nLey22NM+3IzY5x3iHctJTvGmqf/LYBFq8qMNcn5NXUketNKEfmEpPG1WIpyhj8xE\nxvW6taiDJZxsiEVUDxsSoORCM3kPogYsU7/e18SBD0g/whtwHdNJkYixrKi2Jiri\njZxNZRPvnVz5sxCGTiiaUiQOlP/xTmzAVE/s8DEeiy3+aqeLhMpUY1h5RiOpvHTP\nY3Ia7Dgv2YixP0GbaQFU4tOBqJbgcRegjoYDwPeaQ04q1UeN8eFd6aRPneGagEA7\nZqpmv/Lk+l2a0nULu+RzvZqSFLluMNWyGd72+oIYZJX276tdunwgz1dtQvvnwVDp\nAhzlG/lAlW5gLWLQJjnn+tHGa1TpmlURIpyVrN5CkeDkDzCdyb0ErJ2Sg5fuoXtq\nF1tZSxDw6v9q77v1q3tnMHDgYpMHHT2bkvomhU85WcR6YSy+35y8EWy5EJV4dtLo\npemZdv1F30A86vCRysmNu/envl78xZ6C7GtMjHEdkv+Di2Zi2XML8h+Y6Yd4vO1O\nQE/wuEH4LGrAJbf5TWl9FMbkxExHQ/oBUnHdmnYPs9hNyoyntGyEmoSCGrECAwEA\nAQKCAgBTDp7NWch/9/YKaiNkB9/st3CUMsCl/QgdhTv+tZC8rrcQLHhg0SdH7p9X\nTySGB8qXE7pkLfvQT/6sVKwLkPECnBpq4P1hNcPibOxMqULjlitGs1MrheKPrOLW\nDSDBlPzo+5bLYxK0XD7B/uwT4PWd9mOP1vAUKvbZn+foDuSCdtN8+ehdPF762wtR\nL8Y3MXCe6VhpGxBl28BC1ENJPZ5Y5IXvh1Cvkv4fALR19bs/OlWm8C0MygGqdkwr\niDXxnXzi8eIdJo4DqZq6S+D7DdLNGveC0siXq3wJZqIJPwgKQJj62i1DwfXs4/4N\ne1eMIGkRE/Mqb9zZb4b6r2Lc8F+Nd8G3i4yHqZBx/OKmpYZ136d/sUhIzUhlsWJs\npVvzv+oK6o1uufMHNXLor6ak3vNfioFE2GtdOLdgm4FGuP1QBvN8B7W0Y4vj9O0Z\nTHh7wW3A3FsK1F5QnrD0DggqMtsJ2K3Ef6Hgy+armIdnQ6dp8EJ4dxxU2+8z3b/l\nTZZE2eAEJoldvgE7rs95dilk4U6EEzBKS8y7uAYADXZXaj6R0Y2mjizJv0FM1Vcr\nUC/Yfur5KW1HfPh1Dtly1EsnmiwyCJrgRT/HsySOI03CAEslg1xEIhMmRRxf7lzA\nUC8mXIUN7a2QWnUw/qyDFww93Ph9qK85S4ycWzWmJaE6az66YwKCAQEAzFyLbnzz\nMAVaFU/SA6U18EhSzDYXGKuxWLcUDibhFA04w18VTmMr11QsdVFlpGnquTa91h44\nC2Q4szeDz7lWjvaiUxlKRyGTe/Yeg26asQ9D7gc9VNFBcrc/qSp9Fsj44e/ye2nJ\nHiYHaAoTECSRXcASpx5v2YMUJxOktLUHrwyiMXLJc+l9qsrfYab1PUE/9KB1hwBi\nrjyKi4K0LGKKpK2oirpmjDixeoSDKJTKvxkmAELvtTuC0TtZAtiuo+AL6dkk01jN\nqtCvE39/gxu9V8nuQ3ZTWWo7Hc3x/n6YG3KdCg91cBdJO1EJlKahzw9FOA3S1snD\n4d2KOicys7xdowKCAQEA+jl26NVSwKFf69blSVXDnbepQiMZc9+oVUCGC0g2Fxh/\nnpq3azqle93mzEJRYEWJvjFHcAHGGwGnTCV6RhQVa367NAAWqxjLxymhFpUTC4yL\npGMtukXnOeHzV+2AlEwrBOFBRo6wMUbcl4c+gcArTQSx2In5/wjKbHPPB/Qul08H\nu88dFY8ams5K6U0wrWL0N8h7vKIUW2e433fRodBJgXl2yiEMmiUOQR8xiGROcZeu\nid3xJNhjouz0s4unhetLmRM5XHU/fOFXyppEwdITW2RaRiOL9Gtuyz3ESjTppWGN\nvjxc7PrZ3s4zfF821PV982wWLg9OolDj4d7rfvmDmwKCAQApdd0T3WW5KFzOVhNV\nif8XcJTbuV2WM78XMI1xEZI4bzZE7NV1wcjzNrCOXKUyZgqo6OI6vobASOT39xtW\n2VMmTgNAuLDJHZa+X4BxSc84fNBbSjy3KH0OuP7BY01dggh8TiHzx9J1u2FlSiXz\n8HdNfdpK7XHjvyQniWSxBMk6SmXdglw8l/JW5DHNrgGzG7nN93/gk8Nxdfbltu62\n0ocuQc0f2BFWAWqAYMH7SbSYcJG1G99l9Vzk9hVo7mz/8kR4fQVrm2iebxgV7JgC\nEW6okN818JuYWGUF9vJRn31clDQoBlrdEtxYnGhFMElDqOVyKdvMl8KV4Exa3/j5\nXg3hAoIBACsZKrn/xDkZkoP0h5mSBBduQuD5WrDynPPSIURgM7DWr2SKEX2OpGIp\nXk9gPNPwJkF0C3HnXE/agQ5EhkL7wpS5R1U1jrH5m1+6c9yH4LfkhUjTLFUhJSp7\nGIbUiYkBdYdppOyaNw7Fvcj7qnB+wPaLEHbTjRO4V+VGLSqZjEzTd+mJSuEjvNld\nHtoASZoTqSzSgz2CTS9RNi6HXLwaPA7o9OTrvFfwefwNe2KapEg8b/ufFqHaA49U\ncPFb5IbUeDjtbrvWFhFUXuKun5kireLX7hSWmsyGlJa9FMoTQwsROnDBxN+sdUpD\nCesqGy+i+QasX0WfrVOXyyhkVPuRznECggEAUXVHdbpLCrZB/Iy+jyRGVQuCNLMo\nLZ9hggD0z9aACSjXRqMZG/LtQNkhMnKYLDfARRS6yQDrK6irMydmf3X5jqC5bfyo\nmqD9GR4ogIKK4WvkNEElztdymeKm92WOV3oCX+lFdVgmU/EP402vt9MMhjRPRgo5\n0m4zNIWs/B+p4Tsw02LRRjFE5xfaZWeBkRCiR9SWoyehAe/2i4tWxZVz5Xy/ll69\nM2IdxlzsSTOcPzHu/IdwiSjFUa+eab8NpcHXm9eaWndFEXFQA70b6O9X/6AVYeGm\nf8YMBx13uWgQklsJi5ImG6ILm9A2hrmfFtznDEMQ+1NBN4CT5dmqx972fQ==\n-----END RSA PRIVATE KEY-----\n",
            "private_key_pem_pkcs8": "-----BEGIN PRIVATE KEY-----\nMIIJQQIBADANBgkqhkiG9w0BAQEFAASCCSswggknAgEAAoICAQDHwD+xeA2oMhJj\nYlyGufqfYzO+x0CM99xc9cncKBIrw1Q+F5NWrB1DnV8fH4ycdL1cMbWzDfu/RXTw\nW2Q5vyzZVrbtFDbdXoMxigYEkicUNmHoCm0t7LbY0z7cjNjnHeIdy0lO8aap/8tg\nEWryow1yfk1dSR600oR+YSk8bVYinKGPzETG9bq1qIMlnGyIRVQPGxKg5EIzeQ+i\nBixTv97XxIEPSD/CG3Ad00mRiLGsqLYmKuKNnE1lE++dXPmzEIZOKJpSJA6U//FO\nbMBUT+zwMR6LLf5qp4uEylRjWHlGI6m8dM9jchrsOC/ZiLE/QZtpAVTi04GoluBx\nF6COhgPA95pDTirVR43x4V3ppE+d4ZqAQDtmqma/8uT6XZrSdQu75HO9mpIUuW4w\n1bIZ3vb6ghhklfbvq126fCDPV21C++fBUOkCHOUb+UCVbmAtYtAmOef60cZrVOma\nVREinJWs3kKR4OQPMJ3JvQSsnZKDl+6he2oXW1lLEPDq/2rvu/Wre2cwcOBikwcd\nPZuS+iaFTzlZxHphLL7fnLwRbLkQlXh20uil6Zl2/UXfQDzq8JHKyY2796e+XvzF\nnoLsa0yMcR2S/4OLZmLZcwvyH5jph3i87U5AT/C4QfgsasAlt/lNaX0UxuTETEdD\n+gFScd2adg+z2E3KjKe0bISahIIasQIDAQABAoICAFMOns1ZyH/39gpqI2QH3+y3\ncJQywKX9CB2FO/61kLyutxAseGDRJ0fun1dPJIYHypcTumQt+9BP/qxUrAuQ8QKc\nGmrg/WE1w+Js7EypQuOWK0azUyuF4o+s4tYNIMGU/Oj7lstjErRcPsH+7BPg9Z32\nY4/W8BQq9tmf5+gO5IJ203z56F08XvrbC1EvxjcxcJ7pWGkbEGXbwELUQ0k9nljk\nhe+HUK+S/h8AtHX1uz86VabwLQzKAap2TCuINfGdfOLx4h0mjgOpmrpL4PsN0s0a\n94LSyJerfAlmogk/CApAmPraLUPB9ezj/g17V4wgaRET8ypv3NlvhvqvYtzwX413\nwbeLjIepkHH84qalhnXfp3+xSEjNSGWxYmylW/O/6grqjW658wc1cuivpqTe81+K\ngUTYa104t2CbgUa4/VAG83wHtbRji+P07RlMeHvBbcDcWwrUXlCesPQOCCoy2wnY\nrcR/oeDL5quYh2dDp2nwQnh3HFTb7zPdv+VNlkTZ4AQmiV2+ATuuz3l2KWThToQT\nMEpLzLu4BgANdldqPpHRjaaOLMm/QUzVVytQL9h+6vkpbUd8+HUO2XLUSyeaLDII\nmuBFP8ezJI4jTcIASyWDXEQiEyZFHF/uXMBQLyZchQ3trZBadTD+rIMXDD3c+H2o\nrzlLjJxbNaYloTprPrpjAoIBAQDMXItufPMwBVoVT9IDpTXwSFLMNhcYq7FYtxQO\nJuEUDTjDXxVOYyvXVCx1UWWkaeq5Nr3WHjgLZDizN4PPuVaO9qJTGUpHIZN79h6D\nbpqxD0PuBz1U0UFytz+pKn0WyPjh7/J7ackeJgdoChMQJJFdwBKnHm/ZgxQnE6S0\ntQevDKIxcslz6X2qyt9hpvU9QT/0oHWHAGKuPIqLgrQsYoqkraiKumaMOLF6hIMo\nlMq/GSYAQu+1O4LRO1kC2K6j4Avp2STTWM2q0K8Tf3+DG71Xye5DdlNZajsdzfH+\nfpgbcp0KD3VwF0k7UQmUpqHPD0U4DdLWycPh3Yo6JzKzvF2jAoIBAQD6OXbo1VLA\noV/r1uVJVcOdt6lCIxlz36hVQIYLSDYXGH+emrdrOqV73ebMQlFgRYm+MUdwAcYb\nAadMJXpGFBVrfrs0ABarGMvHKaEWlRMLjIukYy26Rec54fNX7YCUTCsE4UFGjrAx\nRtyXhz6BwCtNBLHYifn/CMpsc88H9C6XTwe7zx0VjxqazkrpTTCtYvQ3yHu8ohRb\nZ7jfd9Gh0EmBeXbKIQyaJQ5BHzGIZE5xl66J3fEk2GOi7PSzi6eF60uZEzlcdT98\n4VfKmkTB0hNbZFpGI4v0a27LPcRKNOmlYY2+PFzs+tnezjN8XzbU9X3zbBYuD06i\nUOPh3ut++YObAoIBACl13RPdZbkoXM5WE1WJ/xdwlNu5XZYzvxcwjXERkjhvNkTs\n1XXByPM2sI5cpTJmCqjo4jq+hsBI5Pf3G1bZUyZOA0C4sMkdlr5fgHFJzzh80FtK\nPLcofQ64/sFjTV2CCHxOIfPH0nW7YWVKJfPwd0192krtceO/JCeJZLEEyTpKZd2C\nXDyX8lbkMc2uAbMbuc33f+CTw3F19uW27rbShy5BzR/YEVYBaoBgwftJtJhwkbUb\n32X1XOT2FWjubP/yRHh9BWubaJ5vGBXsmAIRbqiQ3zXwm5hYZQX28lGffVyUNCgG\nWt0S3FicaEUwSUOo5XIp28yXwpXgTFrf+PleDeECggEAKxkquf/EORmSg/SHmZIE\nF25C4PlasPKc89IhRGAzsNavZIoRfY6kYileT2A80/AmQXQLcedcT9qBDkSGQvvC\nlLlHVTWOsfmbX7pz3Ifgt+SFSNMsVSElKnsYhtSJiQF1h2mk7Jo3DsW9yPuqcH7A\n9osQdtONE7hX5UYtKpmMTNN36YlK4SO82V0e2gBJmhOpLNKDPYJNL1E2LodcvBo8\nDuj05Ou8V/B5/A17YpqkSDxv+58WodoDj1Rw8VvkhtR4OO1uu9YWEVRe4q6fmSKt\n4tfuFJaazIaUlr0UyhNDCxE6cMHE36x1SkMJ6yobL6L5BqxfRZ+tU5fLKGRU+5HO\ncQKCAQBRdUd1uksKtkH8jL6PJEZVC4I0sygtn2GCAPTP1oAJKNdGoxkb8u1A2SEy\ncpgsN8BFFLrJAOsrqKszJ2Z/dfmOoLlt/KiaoP0ZHiiAgorha+Q0QSXO13KZ4qb3\nZY5XegJf6UV1WCZT8Q/jTa+30wyGNE9GCjnSbjM0haz8H6nhOzDTYtFGMUTnF9pl\nZ4GREKJH1JajJ6EB7/aLi1bFlXPlfL+WXr0zYh3GXOxJM5w/Me78h3CJKMVRr55p\nvw2lwdeb15pad0URcVADvRvo71f/oBVh4aZ/xgwHHXe5aBCSWwmLkiYbogub0DaG\nuZ8W3OcMQxD7U0E3gJPl2arH3vZ9\n-----END PRIVATE KEY-----\n",
            "public_key_fingerprint_md5": "a5:b8:af:26:0d:8f:ee:9f:14:b7:5f:77:11:0a:54:a0",
            "public_key_fingerprint_sha256": "SHA256:15H9UNJbXRChSgZua+HID/mwZNMQb9R98SE5l5saYR8",
            "public_key_openssh": "ssh-rsa AAAAB3NzaC1yc2EAAAADAQABAAACAQDHwD+xeA2oMhJjYlyGufqfYzO+x0CM99xc9cncKBIrw1Q+F5NWrB1DnV8fH4ycdL1cMbWzDfu/RXTwW2Q5vyzZVrbtFDbdXoMxigYEkicUNmHoCm0t7LbY0z7cjNjnHeIdy0lO8aap/8tgEWryow1yfk1dSR600oR+YSk8bVYinKGPzETG9bq1qIMlnGyIRVQPGxKg5EIzeQ+iBixTv97XxIEPSD/CG3Ad00mRiLGsqLYmKuKNnE1lE++dXPmzEIZOKJpSJA6U//FObMBUT+zwMR6LLf5qp4uEylRjWHlGI6m8dM9jchrsOC/ZiLE/QZtpAVTi04GoluBxF6COhgPA95pDTirVR43x4V3ppE+d4ZqAQDtmqma/8uT6XZrSdQu75HO9mpIUuW4w1bIZ3vb6ghhklfbvq126fCDPV21C++fBUOkCHOUb+UCVbmAtYtAmOef60cZrVOmaVREinJWs3kKR4OQPMJ3JvQSsnZKDl+6he2oXW1lLEPDq/2rvu/Wre2cwcOBikwcdPZuS+iaFTzlZxHphLL7fnLwRbLkQlXh20uil6Zl2/UXfQDzq8JHKyY2796e+XvzFnoLsa0yMcR2S/4OLZmLZcwvyH5jph3i87U5AT/C4QfgsasAlt/lNaX0UxuTETEdD+gFScd2adg+z2E3KjKe0bISahIIasQ==\n",
            "public_key_pem": "-----BEGIN PUBLIC KEY-----\nMIICIjANBgkqhkiG9w0BAQEFAAOCAg8AMIICCgKCAgEAx8A/sXgNqDISY2Jchrn6\nn2MzvsdAjPfcXPXJ3CgSK8NUPheTVqwdQ51fHx+MnHS9XDG1sw37v0V08FtkOb8s\n2Va27RQ23V6DMYoGBJInFDZh6AptLey22NM+3IzY5x3iHctJTvGmqf/LYBFq8qMN\ncn5NXUketNKEfmEpPG1WIpyhj8xExvW6taiDJZxsiEVUDxsSoORCM3kPogYsU7/e\n18SBD0g/whtwHdNJkYixrKi2JirijZxNZRPvnVz5sxCGTiiaUiQOlP/xTmzAVE/s\n8DEeiy3+aqeLhMpUY1h5RiOpvHTPY3Ia7Dgv2YixP0GbaQFU4tOBqJbgcRegjoYD\nwPeaQ04q1UeN8eFd6aRPneGagEA7Zqpmv/Lk+l2a0nULu+RzvZqSFLluMNWyGd72\n+oIYZJX276tdunwgz1dtQvvnwVDpAhzlG/lAlW5gLWLQJjnn+tHGa1TpmlURIpyV\nrN5CkeDkDzCdyb0ErJ2Sg5fuoXtqF1tZSxDw6v9q77v1q3tnMHDgYpMHHT2bkvom\nhU85WcR6YSy+35y8EWy5EJV4dtLopemZdv1F30A86vCRysmNu/envl78xZ6C7GtM\njHEdkv+Di2Zi2XML8h+Y6Yd4vO1OQE/wuEH4LGrAJbf5TWl9FMbkxExHQ/oBUnHd\nmnYPs9hNyoyntGyEmoSCGrECAwEAAQ==\n-----END PUBLIC KEY-----\n",
            "rsa_bits": 4096
          },
          "sensitive_attributes": []
        }
      ]
    }
  ],
  "check_results": null
}
