{
  "version": 4,
  "terraform_version": "1.5.0",
  "serial": 90,
  "lineage": "2bdfdec5-8c30-28c5-2bba-a5d893c95ad2",
  "outputs": {
    "tenant_host": {
      "value": "157.180.88.232",
      "type": "string"
    },
    "tenant_name": {
      "value": "demo",
      "type": "string"
    },
    "tenant_ssh_private_key": {
      "value": "-----BEGIN RSA PRIVATE KEY-----\nMIIJJwIBAAKCAgEAv68JywDnO41mLUD3Pe+mOZau+35JF2kbnZpX1iwWVRpPEhVT\n/LZ0Skh1LA+vuONLxh/C2BYxmyzV1QbWEbEqdWynn8+PC/KQTKMsMdkH13roKZP0\nwLq0t2rS243EdAjuGMeqzvGB5qFmFM+RtY/OUYoqDN0p8IU5lS5Gnp794U8UhlAN\n1mZS9CuBgedIMtzTV9FosCTuRk/UgROOTJm8Bc9LOIBC9gPVa29JcJ9YkkEkfmuV\nsGeWS5FXz0vNY9JUrYrseOWvszMnx3ogeqNR/PKs/zgwUgIPRycMq8HU6VvtLQtI\ngOkpJSa6dZH6zpdoGY+/KHX4k+GqW/I5bL9jJBqxyyxdDrgkTtBeHI9jYtR/UN9Y\nGiBdIWkuKOo9d357/cSl2U/HDyochdDUt/GZ/g1TmoNx+zdJ7FXfa1DQMRYhY5lG\nSciUm3gGGucn7vkc0SHxN7qj/iMUdBs6XyodXpcm7Q6N0qTuqrnwzx1O2Wx7/REB\ng5HTqHcdmE17qD4Ud2XayZ23AZCxrxVMlrpiXWR+q3WZQNQ7A1VDB04ld9qfX34q\nunRNVAvLe+BbXHwflU+sCx8U1Hgd8Qr4eF2s4aa587Lg+xRqoD4lzttaW9eiFHYp\n6Wp7xQzEOLzmMJB62vA/0KCPUzPZAbedqxxluiXadT+1NYKx8eUXpBmQplUCAwEA\nAQKCAgAAvgiXearR+mubFA8hDt/uhY/d6qpImSA02j321verLE2CfQSoDBWjmzSg\n9adkW7T8BAl47sHe0pI6OSsndfxh6G7QJp/S/jh8cEruhbALFi9dLqgaMV7ol7uD\nUCdvnGbXph/nBBAEHzt9XyRp6jAOKGI4Gu8oceU8MUN8WV9GueV5c68dPAsCmQ+7\n7tpchnbNdnXyU+JJJJ8zdMQhtc+Ay9tQ6uY94tvqIGWanKaQjzufjBxQF5NnoLaq\niqYCYFq/Mhq774YtRBU/9FAffKk60oteKnVXC/aYYiVUncAmVM3OIkBz1CaHPbQn\njZr42KTb9hUmbsNTFBYMNYIiORRRzY1v7EQJ4NJ5DRlV8dHLAoiF1gYAD9vU2FcK\nInBaaZS5OQoYhdH1rnRSW01ivaFIynfpcD64N2VcNrnns4R7J5C/4cZWbNNcLL+X\nISBjLupn0/SJI9l4kxiGjvALJ8YTjXa1QEazxOizA/iqMOXVXY5L8MWaSG27q5hC\n5tI4yBR6NfmuMoxNnN+qkq5qOX8cIGOQ2q87LW1C8qBHENr0G4nl+EiGBUP5VaWI\nOw7EMGXq1dGI//ObqfQXSuZ58hyEcSzbaNM6zhTy24qlVxkmmbyq/KsUZQuLkMQ1\nVcb3525QVEFPoW1oyofOgFnuyNN1dvNenPO77FSp8ByVtg2n7QKCAQEA8TRbf6NI\nfE9s1/3YkW/9jjGl46kSYTPaRu0MLklW2giK2Al/a6l6zba1SBsV6VeNhCW5qoVF\njxxRIX1i0FxiXb7D8hMTQ8+mOrCHMW2SU5/OtfIz9zB4gdd7pU5q8LGKLVdc2dQd\nxt6MfkIXwa3ozuF9ylhweQLAFw68RjWnHL8KnzXtLfSCY7bceArbXLoFuUzNAvNw\n4IyPsqU/gesSbtm2W7wDrEidK1vKyzjUmXLkURT1y8QBhloNqcutvipXKpvLEYFo\nwfwFukEGydiWzjT9ZrhOHKxiofcJ0xw1iXetsNA9belOnUu33oO3846sGMM9XuxW\neTl+TdUNOM1O6wKCAQEAy3EN7oeZYzgPyswmLjpgTj0oHLs/+I+nY7t9SRQmwsaP\nNE7sbzqG1KC1reb6x3pMeSN7azlOdFswMtnV2AXKPDbMt1GsxYp0bJM6oKE8d4EZ\n3M1KyeVGhUw/aDOtZfjqdnV5bQ5jjrZsO5n5xBoeN937EkRarkjW5ay4PQMGrRNd\ny2S8vFEpdlS/tEQ/Y5LveXmkf+BAqZscZd5xuaYoztFAdApY/HmEn9ByJuPyPCMT\nTbMbFpYAxtdo76FY25AaoYpNqp0R6CpG6A0LtJ4dTsDi4Cu+R53y8pg6Be1nW+yf\ndd0HqQahMa/0WvvBK9KGef4JwpPw7QoIsl7PH4kPvwKCAQBAx3//Ypn4ENi5lYpR\nXRNq2fikkObHxkZMICPSVo4F1p97b+mRv52km/pJ2ERlO8ddA0i+/DX3PnKnnOYp\n8XXVmYNEg0z8PEt3nathYf0XimbYxKiiLZlfvcCOX+YmqHfkv37HXcl1fJWc3yFE\nOfG5hiPjcScbyNpQFvwHmyc7eC9hHPmLCwztvNGvR7MsTyV0Y6T3suvQ0s9Q+kJ5\nIOn9bWklb/RIk+PqHifztlqar5mUER4GUKjcLVlYDcSmuvZYEilSlT/OQWJEaGxr\nT0kJLoAT01HfL4j52MABu6TBO6whPXwSBcPASPKjxxpjRiEAMYdM9AoxWniKbLq1\nU6ZrAoIBAAVVQ147Y8P8Fj3kuCOCGEA0zjZimjyz11l/8rrVsmZsuhhO8VfBGwO7\n6sdSRMSx6gtK6NNYvzvBoDPVDgwJqtGFRjyQAY10IbUu7tyDHYisc7ccEpfUUNLx\nur/KiwMfUVYlojc/p1B4a8HsOWXwoVYplYlXDWGAO1HuAy5mQ+iJl23biC8PmZym\ngBgDqf28Plba33sSr99CV6479JM/TdaOGbhxBQApV1axKizm0NTOvpTM2yruZ7rO\nrsuJWUD4OBp/+6U7VNrXMOCoZuQnOPF1kPz7aJOMCnBdmTfKj2kTfOKkFq1RpSwe\nRrOT4e56KFhOVocpRamRF8VFQvy6pRUCggEAXdz0YnO2ZHzqJB5Qo+EU5XJL6Nf4\nhOqh8EhMG4YLY1e5WRmWRrUMGvXbnNSRtB1aept8FildkMoHJMW3Mo04opXvL95i\nd4nmfIbjK3v/ZV/0G5h9uDGdu+TfZpFUxQvowOFKIHqnSJBWtQO1hOLHuko4oc9S\n6ffU8deWd5p9CS8sIm5SlgL2vXxVMD/cGSnK7K7ho/vXZdDT9dfwRQ2C9W3yNtT/\nwNBZVw7FF2/h8k3rYOtaQddEz9LRe9VjdEYF8xDvotP0/l7j4c3ZqZVtvvZ/Mg6G\nyjvBqhbFGTQd0GCFFwfTxejktAn6ZFOhg8b6JYN9mqFbfB+MoT7kiaUg2Q==\n-----END RSA PRIVATE KEY-----\n",
      "type": "string",
      "sensitive": true
    },
    "tenant_ssh_public_key": {
      "value": "ssh-rsa AAAAB3NzaC1yc2EAAAADAQABAAACAQC/rwnLAOc7jWYtQPc976Y5lq77fkkXaRudmlfWLBZVGk8SFVP8tnRKSHUsD6+440vGH8LYFjGbLNXVBtYRsSp1bKefz48L8pBMoywx2QfXeugpk/TAurS3atLbjcR0CO4Yx6rO8YHmoWYUz5G1j85RiioM3SnwhTmVLkaenv3hTxSGUA3WZlL0K4GB50gy3NNX0WiwJO5GT9SBE45MmbwFz0s4gEL2A9Vrb0lwn1iSQSR+a5WwZ5ZLkVfPS81j0lStiux45a+zMyfHeiB6o1H88qz/ODBSAg9HJwyrwdTpW+0tC0iA6SklJrp1kfrOl2gZj78odfiT4apb8jlsv2MkGrHLLF0OuCRO0F4cj2Ni1H9Q31gaIF0haS4o6j13fnv9xKXZT8cPKhyF0NS38Zn+DVOag3H7N0nsVd9rUNAxFiFjmUZJyJSbeAYa5yfu+RzRIfE3uqP+IxR0GzpfKh1elybtDo3SpO6qufDPHU7ZbHv9EQGDkdOodx2YTXuoPhR3ZdrJnbcBkLGvFUyWumJdZH6rdZlA1DsDVUMHTiV32p9ffiq6dE1UC8t74FtcfB+VT6wLHxTUeB3xCvh4XazhprnzsuD7FGqgPiXO21pb16IUdinpanvFDMQ4vOYwkHra8D/QoI9TM9kBt52rHGW6Jdp1P7U1grHx5RekGZCmVQ==\n",
      "type": "string"
    }
  },
  "resources": [
    {
      "module": "module.tenant",
      "mode": "data",
      "type": "hcloud_server_type",
      "name": "selected",
      "provider": "module.tenant.provider[\"registry.terraform.io/hetznercloud/hcloud\"]",
      "instances": [
        {
          "index_key": "cpx21",
          "schema_version": 0,
          "attributes": {
            "architecture": "x86",
            "category": "Shared vCPU",
            "cores": 3,
            "cpu_type": "shared",
            "deprecation_announced": "",
            "description": "CPX 21",
            "disk": 80,
            "id": 23,
            "included_traffic": 0,
            "is_deprecated": false,
            "locations": [
              {
                "deprecation_announced": "",
                "id": 1,
                "is_deprecated": false,
                "name": "fsn1",
                "unavailable_after": ""
              },
              {
                "deprecation_announced": "",
                "id": 2,
                "is_deprecated": false,
                "name": "nbg1",
                "unavailable_after": ""
              },
              {
                "deprecation_announced": "",
                "id": 3,
                "is_deprecated": false,
                "name": "hel1",
                "unavailable_after": ""
              },
              {
                "deprecation_announced": "",
                "id": 4,
                "is_deprecated": false,
                "name": "ash",
                "unavailable_after": ""
              },
              {
                "deprecation_announced": "",
                "id": 5,
                "is_deprecated": false,
                "name": "hil",
                "unavailable_after": ""
              },
              {
                "deprecation_announced": "",
                "id": 6,
                "is_deprecated": false,
                "name": "sin",
                "unavailable_after": ""
              }
            ],
            "memory": 4,
            "name": "cpx21",
            "storage_type": "local",
            "unavailable_after": ""
          },
          "sensitive_attributes": []
        },
        {
          "index_key": "cpx31",
          "schema_version": 0,
          "attributes": {
            "architecture": "x86",
            "category": "Shared vCPU",
            "cores": 4,
            "cpu_type": "shared",
            "deprecation_announced": "",
            "description": "CPX 31",
            "disk": 160,
            "id": 24,
            "included_traffic": 0,
            "is_deprecated": false,
            "locations": [
              {
                "deprecation_announced": "",
                "id": 1,
                "is_deprecated": false,
                "name": "fsn1",
                "unavailable_after": ""
              },
              {
                "deprecation_announced": "",
                "id": 2,
                "is_deprecated": false,
                "name": "nbg1",
                "unavailable_after": ""
              },
              {
                "deprecation_announced": "",
                "id": 3,
                "is_deprecated": false,
                "name": "hel1",
                "unavailable_after": ""
              },
              {
                "deprecation_announced": "",
                "id": 4,
                "is_deprecated": false,
                "name": "ash",
                "unavailable_after": ""
              },
              {
                "deprecation_announced": "",
                "id": 5,
                "is_deprecated": false,
                "name": "hil",
                "unavailable_after": ""
              },
              {
                "deprecation_announced": "",
                "id": 6,
                "is_deprecated": false,
                "name": "sin",
                "unavailable_after": ""
              }
            ],
            "memory": 8,
            "name": "cpx31",
            "storage_type": "local",
            "unavailable_after": ""
          },
          "sensitive_attributes": []
        },
        {
          "index_key": "cpx41",
          "schema_version": 0,
          "attributes": {
            "architecture": "x86",
            "category": "Shared vCPU",
            "cores": 8,
            "cpu_type": "shared",
            "deprecation_announced": "",
            "description": "CPX 41",
            "disk": 240,
            "id": 25,
            "included_traffic": 0,
            "is_deprecated": false,
            "locations": [
              {
                "deprecation_announced": "",
                "id": 1,
                "is_deprecated": false,
                "name": "fsn1",
                "unavailable_after": ""
              },
              {
                "deprecation_announced": "",
                "id": 2,
                "is_deprecated": false,
                "name": "nbg1",
                "unavailable_after": ""
              },
              {
                "deprecation_announced": "",
                "id": 3,
                "is_deprecated": false,
                "name": "hel1",
                "unavailable_after": ""
              },
              {
                "deprecation_announced": "",
                "id": 4,
                "is_deprecated": false,
                "name": "ash",
                "unavailable_after": ""
              },
              {
                "deprecation_announced": "",
                "id": 5,
                "is_deprecated": false,
                "name": "hil",
                "unavailable_after": ""
              },
              {
                "deprecation_announced": "",
                "id": 6,
                "is_deprecated": false,
                "name": "sin",
                "unavailable_after": ""
              }
            ],
            "memory": 16,
            "name": "cpx41",
            "storage_type": "local",
            "unavailable_after": ""
          },
          "sensitive_attributes": []
        },
        {
          "index_key": "cpx51",
          "schema_version": 0,
          "attributes": {
            "architecture": "x86",
            "category": "Shared vCPU",
            "cores": 16,
            "cpu_type": "shared",
            "deprecation_announced": "",
            "description": "CPX 51",
            "disk": 360,
            "id": 26,
            "included_traffic": 0,
            "is_deprecated": false,
            "locations": [
              {
                "deprecation_announced": "",
                "id": 1,
                "is_deprecated": false,
                "name": "fsn1",
                "unavailable_after": ""
              },
              {
                "deprecation_announced": "",
                "id": 2,
                "is_deprecated": false,
                "name": "nbg1",
                "unavailable_after": ""
              },
              {
                "deprecation_announced": "",
                "id": 3,
                "is_deprecated": false,
                "name": "hel1",
                "unavailable_after": ""
              },
              {
                "deprecation_announced": "",
                "id": 4,
                "is_deprecated": false,
                "name": "ash",
                "unavailable_after": ""
              },
              {
                "deprecation_announced": "",
                "id": 5,
                "is_deprecated": false,
                "name": "hil",
                "unavailable_after": ""
              },
              {
                "deprecation_announced": "",
                "id": 6,
                "is_deprecated": false,
                "name": "sin",
                "unavailable_after": ""
              }
            ],
            "memory": 32,
            "name": "cpx51",
            "storage_type": "local",
            "unavailable_after": ""
          },
          "sensitive_attributes": []
        },
        {
          "index_key": "cx22",
          "schema_version": 0,
          "attributes": {
            "architecture": "x86",
            "category": "Shared vCPU",
            "cores": 2,
            "cpu_type": "shared",
            "deprecation_announced": "",
            "description": "CX22",
            "disk": 40,
            "id": 104,
            "included_traffic": 0,
            "is_deprecated": false,
            "locations": [
              {
                "deprecation_announced": "",
                "id": 2,
                "is_deprecated": false,
                "name": "nbg1",
                "unavailable_after": ""
              },
              {
                "deprecation_announced": "",
                "id": 3,
                "is_deprecated": false,
                "name": "hel1",
                "unavailable_after": ""
              },
              {
                "deprecation_announced": "",
                "id": 1,
                "is_deprecated": false,
                "name": "fsn1",
                "unavailable_after": ""
              }
            ],
            "memory": 4,
            "name": "cx22",
            "storage_type": "local",
            "unavailable_after": ""
          },
          "sensitive_attributes": []
        },
        {
          "index_key": "cx32",
          "schema_version": 0,
          "attributes": {
            "architecture": "x86",
            "category": "Shared vCPU",
            "cores": 4,
            "cpu_type": "shared",
            "deprecation_announced": "",
            "description": "CX32",
            "disk": 80,
            "id": 105,
            "included_traffic": 0,
            "is_deprecated": false,
            "locations": [
              {
                "deprecation_announced": "",
                "id": 2,
                "is_deprecated": false,
                "name": "nbg1",
                "unavailable_after": ""
              },
              {
                "deprecation_announced": "",
                "id": 3,
                "is_deprecated": false,
                "name": "hel1",
                "unavailable_after": ""
              },
              {
                "deprecation_announced": "",
                "id": 1,
                "is_deprecated": false,
                "name": "fsn1",
                "unavailable_after": ""
              }
            ],
            "memory": 8,
            "name": "cx32",
            "storage_type": "local",
            "unavailable_after": ""
          },
          "sensitive_attributes": []
        },
        {
          "index_key": "cx42",
          "schema_version": 0,
          "attributes": {
            "architecture": "x86",
            "category": "Shared vCPU",
            "cores": 8,
            "cpu_type": "shared",
            "deprecation_announced": "",
            "description": "CX42",
            "disk": 160,
            "id": 106,
            "included_traffic": 0,
            "is_deprecated": false,
            "locations": [
              {
                "deprecation_announced": "",
                "id": 2,
                "is_deprecated": false,
                "name": "nbg1",
                "unavailable_after": ""
              },
              {
                "deprecation_announced": "",
                "id": 3,
                "is_deprecated": false,
                "name": "hel1",
                "unavailable_after": ""
              },
              {
                "deprecation_announced": "",
                "id": 1,
                "is_deprecated": false,
                "name": "fsn1",
                "unavailable_after": ""
              }
            ],
            "memory": 16,
            "name": "cx42",
            "storage_type": "local",
            "unavailable_after": ""
          },
          "sensitive_attributes": []
        },
        {
          "index_key": "cx52",
          "schema_version": 0,
          "attributes": {
            "architecture": "x86",
            "category": "Shared vCPU",
            "cores": 16,
            "cpu_type": "shared",
            "deprecation_announced": "",
            "description": "CX52",
            "disk": 320,
            "id": 107,
            "included_traffic": 0,
            "is_deprecated": false,
            "locations": [
              {
                "deprecation_announced": "",
                "id": 2,
                "is_deprecated": false,
                "name": "nbg1",
                "unavailable_after": ""
              },
              {
                "deprecation_announced": "",
                "id": 3,
                "is_deprecated": false,
                "name": "hel1",
                "unavailable_after": ""
              },
              {
                "deprecation_announced": "",
                "id": 1,
                "is_deprecated": false,
                "name": "fsn1",
                "unavailable_after": ""
              }
            ],
            "memory": 32,
            "name": "cx52",
            "storage_type": "local",
            "unavailable_after": ""
          },
          "sensitive_attributes": []
        }
      ]
    },
    {
      "module": "module.tenant",
      "mode": "data",
      "type": "hcloud_server_types",
      "name": "all",
      "provider": "module.tenant.provider[\"registry.terraform.io/hetznercloud/hcloud\"]",
      "instances": [
        {
          "schema_version": 0,
          "attributes": {
            "descriptions": [
              "CPX 11",
              "CPX 21",
              "CPX 31",
              "CPX 41",
              "CPX 51",
              "CAX11",
              "CAX21",
              "CAX31",
              "CAX41",
              "CCX13 Dedicated CPU",
              "CCX23 Dedicated CPU",
              "CCX33 Dedicated CPU",
              "CCX43 Dedicated CPU",
              "CCX53 Dedicated CPU",
              "CCX63 Dedicated CPU",
              "CX22",
              "CX32",
              "CX42",
              "CX52"
            ],
            "id": "0db6cf8e57cd43edea8b5b42ec4053fccd0dc2c6",
            "names": [
              "cpx11",
              "cpx21",
              "cpx31",
              "cpx41",
              "cpx51",
              "cax11",
              "cax21",
              "cax31",
              "cax41",
              "ccx13",
              "ccx23",
              "ccx33",
              "ccx43",
              "ccx53",
              "ccx63",
              "cx22",
              "cx32",
              "cx42",
              "cx52"
            ],
            "server_type_ids": [
              "22",
              "23",
              "24",
              "25",
              "26",
              "45",
              "93",
              "94",
              "95",
              "96",
              "97",
              "98",
              "99",
              "100",
              "101",
              "104",
              "105",
              "106",
              "107"
            ],
            "server_types": [
              {
                "architecture": "x86",
                "category": "Shared vCPU",
                "cores": 2,
                "cpu_type": "shared",
                "deprecation_announced": "",
                "description": "CPX 11",
                "disk": 40,
                "id": 22,
                "included_traffic": 0,
                "is_deprecated": false,
                "locations": [
                  {
                    "deprecation_announced": "",
                    "id": 1,
                    "is_deprecated": false,
                    "name": "fsn1",
                    "unavailable_after": ""
                  },
                  {
                    "deprecation_announced": "",
                    "id": 2,
                    "is_deprecated": false,
                    "name": "nbg1",
                    "unavailable_after": ""
                  },
                  {
                    "deprecation_announced": "",
                    "id": 3,
                    "is_deprecated": false,
                    "name": "hel1",
                    "unavailable_after": ""
                  },
                  {
                    "deprecation_announced": "",
                    "id": 4,
                    "is_deprecated": false,
                    "name": "ash",
                    "unavailable_after": ""
                  },
                  {
                    "deprecation_announced": "",
                    "id": 5,
                    "is_deprecated": false,
                    "name": "hil",
                    "unavailable_after": ""
                  },
                  {
                    "deprecation_announced": "",
                    "id": 6,
                    "is_deprecated": false,
                    "name": "sin",
                    "unavailable_after": ""
                  }
                ],
                "memory": 2,
                "name": "cpx11",
                "storage_type": "local",
                "unavailable_after": ""
              },
              {
                "architecture": "x86",
                "category": "Shared vCPU",
                "cores": 3,
                "cpu_type": "shared",
                "deprecation_announced": "",
                "description": "CPX 21",
                "disk": 80,
                "id": 23,
                "included_traffic": 0,
                "is_deprecated": false,
                "locations": [
                  {
                    "deprecation_announced": "",
                    "id": 1,
                    "is_deprecated": false,
                    "name": "fsn1",
                    "unavailable_after": ""
                  },
                  {
                    "deprecation_announced": "",
                    "id": 2,
                    "is_deprecated": false,
                    "name": "nbg1",
                    "unavailable_after": ""
                  },
                  {
                    "deprecation_announced": "",
                    "id": 3,
                    "is_deprecated": false,
                    "name": "hel1",
                    "unavailable_after": ""
                  },
                  {
                    "deprecation_announced": "",
                    "id": 4,
                    "is_deprecated": false,
                    "name": "ash",
                    "unavailable_after": ""
                  },
                  {
                    "deprecation_announced": "",
                    "id": 5,
                    "is_deprecated": false,
                    "name": "hil",
                    "unavailable_after": ""
                  },
                  {
                    "deprecation_announced": "",
                    "id": 6,
                    "is_deprecated": false,
                    "name": "sin",
                    "unavailable_after": ""
                  }
                ],
                "memory": 4,
                "name": "cpx21",
                "storage_type": "local",
                "unavailable_after": ""
              },
              {
                "architecture": "x86",
                "category": "Shared vCPU",
                "cores": 4,
                "cpu_type": "shared",
                "deprecation_announced": "",
                "description": "CPX 31",
                "disk": 160,
                "id": 24,
                "included_traffic": 0,
                "is_deprecated": false,
                "locations": [
                  {
                    "deprecation_announced": "",
                    "id": 1,
                    "is_deprecated": false,
                    "name": "fsn1",
                    "unavailable_after": ""
                  },
                  {
                    "deprecation_announced": "",
                    "id": 2,
                    "is_deprecated": false,
                    "name": "nbg1",
                    "unavailable_after": ""
                  },
                  {
                    "deprecation_announced": "",
                    "id": 3,
                    "is_deprecated": false,
                    "name": "hel1",
                    "unavailable_after": ""
                  },
                  {
                    "deprecation_announced": "",
                    "id": 4,
                    "is_deprecated": false,
                    "name": "ash",
                    "unavailable_after": ""
                  },
                  {
                    "deprecation_announced": "",
                    "id": 5,
                    "is_deprecated": false,
                    "name": "hil",
                    "unavailable_after": ""
                  },
                  {
                    "deprecation_announced": "",
                    "id": 6,
                    "is_deprecated": false,
                    "name": "sin",
                    "unavailable_after": ""
                  }
                ],
                "memory": 8,
                "name": "cpx31",
                "storage_type": "local",
                "unavailable_after": ""
              },
              {
                "architecture": "x86",
                "category": "Shared vCPU",
                "cores": 8,
                "cpu_type": "shared",
                "deprecation_announced": "",
                "description": "CPX 41",
                "disk": 240,
                "id": 25,
                "included_traffic": 0,
                "is_deprecated": false,
                "locations": [
                  {
                    "deprecation_announced": "",
                    "id": 1,
                    "is_deprecated": false,
                    "name": "fsn1",
                    "unavailable_after": ""
                  },
                  {
                    "deprecation_announced": "",
                    "id": 2,
                    "is_deprecated": false,
                    "name": "nbg1",
                    "unavailable_after": ""
                  },
                  {
                    "deprecation_announced": "",
                    "id": 3,
                    "is_deprecated": false,
                    "name": "hel1",
                    "unavailable_after": ""
                  },
                  {
                    "deprecation_announced": "",
                    "id": 4,
                    "is_deprecated": false,
                    "name": "ash",
                    "unavailable_after": ""
                  },
                  {
                    "deprecation_announced": "",
                    "id": 5,
                    "is_deprecated": false,
                    "name": "hil",
                    "unavailable_after": ""
                  },
                  {
                    "deprecation_announced": "",
                    "id": 6,
                    "is_deprecated": false,
                    "name": "sin",
                    "unavailable_after": ""
                  }
                ],
                "memory": 16,
                "name": "cpx41",
                "storage_type": "local",
                "unavailable_after": ""
              },
              {
                "architecture": "x86",
                "category": "Shared vCPU",
                "cores": 16,
                "cpu_type": "shared",
                "deprecation_announced": "",
                "description": "CPX 51",
                "disk": 360,
                "id": 26,
                "included_traffic": 0,
                "is_deprecated": false,
                "locations": [
                  {
                    "deprecation_announced": "",
                    "id": 1,
                    "is_deprecated": false,
                    "name": "fsn1",
                    "unavailable_after": ""
                  },
                  {
                    "deprecation_announced": "",
                    "id": 2,
                    "is_deprecated": false,
                    "name": "nbg1",
                    "unavailable_after": ""
                  },
                  {
                    "deprecation_announced": "",
                    "id": 3,
                    "is_deprecated": false,
                    "name": "hel1",
                    "unavailable_after": ""
                  },
                  {
                    "deprecation_announced": "",
                    "id": 4,
                    "is_deprecated": false,
                    "name": "ash",
                    "unavailable_after": ""
                  },
                  {
                    "deprecation_announced": "",
                    "id": 5,
                    "is_deprecated": false,
                    "name": "hil",
                    "unavailable_after": ""
                  },
                  {
                    "deprecation_announced": "",
                    "id": 6,
                    "is_deprecated": false,
                    "name": "sin",
                    "unavailable_after": ""
                  }
                ],
                "memory": 32,
                "name": "cpx51",
                "storage_type": "local",
                "unavailable_after": ""
              },
              {
                "architecture": "arm",
                "category": "Shared vCPU",
                "cores": 2,
                "cpu_type": "shared",
                "deprecation_announced": "",
                "description": "CAX11",
                "disk": 40,
                "id": 45,
                "included_traffic": 0,
                "is_deprecated": false,
                "locations": [
                  {
                    "deprecation_announced": "",
                    "id": 1,
                    "is_deprecated": false,
                    "name": "fsn1",
                    "unavailable_after": ""
                  },
                  {
                    "deprecation_announced": "",
                    "id": 2,
                    "is_deprecated": false,
                    "name": "nbg1",
                    "unavailable_after": ""
                  },
                  {
                    "deprecation_announced": "",
                    "id": 3,
                    "is_deprecated": false,
                    "name": "hel1",
                    "unavailable_after": ""
                  }
                ],
                "memory": 4,
                "name": "cax11",
                "storage_type": "local",
                "unavailable_after": ""
              },
              {
                "architecture": "arm",
                "category": "Shared vCPU",
                "cores": 4,
                "cpu_type": "shared",
                "deprecation_announced": "",
                "description": "CAX21",
                "disk": 80,
                "id": 93,
                "included_traffic": 0,
                "is_deprecated": false,
                "locations": [
                  {
                    "deprecation_announced": "",
                    "id": 1,
                    "is_deprecated": false,
                    "name": "fsn1",
                    "unavailable_after": ""
                  },
                  {
                    "deprecation_announced": "",
                    "id": 2,
                    "is_deprecated": false,
                    "name": "nbg1",
                    "unavailable_after": ""
                  },
                  {
                    "deprecation_announced": "",
                    "id": 3,
                    "is_deprecated": false,
                    "name": "hel1",
                    "unavailable_after": ""
                  }
                ],
                "memory": 8,
                "name": "cax21",
                "storage_type": "local",
                "unavailable_after": ""
              },
              {
                "architecture": "arm",
                "category": "Shared vCPU",
                "cores": 8,
                "cpu_type": "shared",
                "deprecation_announced": "",
                "description": "CAX31",
                "disk": 160,
                "id": 94,
                "included_traffic": 0,
                "is_deprecated": false,
                "locations": [
                  {
                    "deprecation_announced": "",
                    "id": 1,
                    "is_deprecated": false,
                    "name": "fsn1",
                    "unavailable_after": ""
                  },
                  {
                    "deprecation_announced": "",
                    "id": 2,
                    "is_deprecated": false,
                    "name": "nbg1",
                    "unavailable_after": ""
                  },
                  {
                    "deprecation_announced": "",
                    "id": 3,
                    "is_deprecated": false,
                    "name": "hel1",
                    "unavailable_after": ""
                  }
                ],
                "memory": 16,
                "name": "cax31",
                "storage_type": "local",
                "unavailable_after": ""
              },
              {
                "architecture": "arm",
                "category": "Shared vCPU",
                "cores": 16,
                "cpu_type": "shared",
                "deprecation_announced": "",
                "description": "CAX41",
                "disk": 320,
                "id": 95,
                "included_traffic": 0,
                "is_deprecated": false,
                "locations": [
                  {
                    "deprecation_announced": "",
                    "id": 1,
                    "is_deprecated": false,
                    "name": "fsn1",
                    "unavailable_after": ""
                  },
                  {
                    "deprecation_announced": "",
                    "id": 2,
                    "is_deprecated": false,
                    "name": "nbg1",
                    "unavailable_after": ""
                  },
                  {
                    "deprecation_announced": "",
                    "id": 3,
                    "is_deprecated": false,
                    "name": "hel1",
                    "unavailable_after": ""
                  }
                ],
                "memory": 32,
                "name": "cax41",
                "storage_type": "local",
                "unavailable_after": ""
              },
              {
                "architecture": "x86",
                "category": "Dedicated vCPU",
                "cores": 2,
                "cpu_type": "dedicated",
                "deprecation_announced": "",
                "description": "CCX13 Dedicated CPU",
                "disk": 80,
                "id": 96,
                "included_traffic": 0,
                "is_deprecated": false,
                "locations": [
                  {
                    "deprecation_announced": "",
                    "id": 1,
                    "is_deprecated": false,
                    "name": "fsn1",
                    "unavailable_after": ""
                  },
                  {
                    "deprecation_announced": "",
                    "id": 2,
                    "is_deprecated": false,
                    "name": "nbg1",
                    "unavailable_after": ""
                  },
                  {
                    "deprecation_announced": "",
                    "id": 3,
                    "is_deprecated": false,
                    "name": "hel1",
                    "unavailable_after": ""
                  },
                  {
                    "deprecation_announced": "",
                    "id": 4,
                    "is_deprecated": false,
                    "name": "ash",
                    "unavailable_after": ""
                  },
                  {
                    "deprecation_announced": "",
                    "id": 5,
                    "is_deprecated": false,
                    "name": "hil",
                    "unavailable_after": ""
                  },
                  {
                    "deprecation_announced": "",
                    "id": 6,
                    "is_deprecated": false,
                    "name": "sin",
                    "unavailable_after": ""
                  }
                ],
                "memory": 8,
                "name": "ccx13",
                "storage_type": "local",
                "unavailable_after": ""
              },
              {
                "architecture": "x86",
                "category": "Dedicated vCPU",
                "cores": 4,
                "cpu_type": "dedicated",
                "deprecation_announced": "",
                "description": "CCX23 Dedicated CPU",
                "disk": 160,
                "id": 97,
                "included_traffic": 0,
                "is_deprecated": false,
                "locations": [
                  {
                    "deprecation_announced": "",
                    "id": 1,
                    "is_deprecated": false,
                    "name": "fsn1",
                    "unavailable_after": ""
                  },
                  {
                    "deprecation_announced": "",
                    "id": 2,
                    "is_deprecated": false,
                    "name": "nbg1",
                    "unavailable_after": ""
                  },
                  {
                    "deprecation_announced": "",
                    "id": 3,
                    "is_deprecated": false,
                    "name": "hel1",
                    "unavailable_after": ""
                  },
                  {
                    "deprecation_announced": "",
                    "id": 4,
                    "is_deprecated": false,
                    "name": "ash",
                    "unavailable_after": ""
                  },
                  {
                    "deprecation_announced": "",
                    "id": 5,
                    "is_deprecated": false,
                    "name": "hil",
                    "unavailable_after": ""
                  },
                  {
                    "deprecation_announced": "",
                    "id": 6,
                    "is_deprecated": false,
                    "name": "sin",
                    "unavailable_after": ""
                  }
                ],
                "memory": 16,
                "name": "ccx23",
                "storage_type": "local",
                "unavailable_after": ""
              },
              {
                "architecture": "x86",
                "category": "Dedicated vCPU",
                "cores": 8,
                "cpu_type": "dedicated",
                "deprecation_announced": "",
                "description": "CCX33 Dedicated CPU",
                "disk": 240,
                "id": 98,
                "included_traffic": 0,
                "is_deprecated": false,
                "locations": [
                  {
                    "deprecation_announced": "",
                    "id": 1,
                    "is_deprecated": false,
                    "name": "fsn1",
                    "unavailable_after": ""
                  },
                  {
                    "deprecation_announced": "",
                    "id": 2,
                    "is_deprecated": false,
                    "name": "nbg1",
                    "unavailable_after": ""
                  },
                  {
                    "deprecation_announced": "",
                    "id": 3,
                    "is_deprecated": false,
                    "name": "hel1",
                    "unavailable_after": ""
                  },
                  {
                    "deprecation_announced": "",
                    "id": 4,
                    "is_deprecated": false,
                    "name": "ash",
                    "unavailable_after": ""
                  },
                  {
                    "deprecation_announced": "",
                    "id": 5,
                    "is_deprecated": false,
                    "name": "hil",
                    "unavailable_after": ""
                  },
                  {
                    "deprecation_announced": "",
                    "id": 6,
                    "is_deprecated": false,
                    "name": "sin",
                    "unavailable_after": ""
                  }
                ],
                "memory": 32,
                "name": "ccx33",
                "storage_type": "local",
                "unavailable_after": ""
              },
              {
                "architecture": "x86",
                "category": "Dedicated vCPU",
                "cores": 16,
                "cpu_type": "dedicated",
                "deprecation_announced": "",
                "description": "CCX43 Dedicated CPU",
                "disk": 360,
                "id": 99,
                "included_traffic": 0,
                "is_deprecated": false,
                "locations": [
                  {
                    "deprecation_announced": "",
                    "id": 1,
                    "is_deprecated": false,
                    "name": "fsn1",
                    "unavailable_after": ""
                  },
                  {
                    "deprecation_announced": "",
                    "id": 2,
                    "is_deprecated": false,
                    "name": "nbg1",
                    "unavailable_after": ""
                  },
                  {
                    "deprecation_announced": "",
                    "id": 3,
                    "is_deprecated": false,
                    "name": "hel1",
                    "unavailable_after": ""
                  },
                  {
                    "deprecation_announced": "",
                    "id": 4,
                    "is_deprecated": false,
                    "name": "ash",
                    "unavailable_after": ""
                  },
                  {
                    "deprecation_announced": "",
                    "id": 5,
                    "is_deprecated": false,
                    "name": "hil",
                    "unavailable_after": ""
                  },
                  {
                    "deprecation_announced": "",
                    "id": 6,
                    "is_deprecated": false,
                    "name": "sin",
                    "unavailable_after": ""
                  }
                ],
                "memory": 64,
                "name": "ccx43",
                "storage_type": "local",
                "unavailable_after": ""
              },
              {
                "architecture": "x86",
                "category": "Dedicated vCPU",
                "cores": 32,
                "cpu_type": "dedicated",
                "deprecation_announced": "",
                "description": "CCX53 Dedicated CPU",
                "disk": 600,
                "id": 100,
                "included_traffic": 0,
                "is_deprecated": false,
                "locations": [
                  {
                    "deprecation_announced": "",
                    "id": 1,
                    "is_deprecated": false,
                    "name": "fsn1",
                    "unavailable_after": ""
                  },
                  {
                    "deprecation_announced": "",
                    "id": 2,
                    "is_deprecated": false,
                    "name": "nbg1",
                    "unavailable_after": ""
                  },
                  {
                    "deprecation_announced": "",
                    "id": 3,
                    "is_deprecated": false,
                    "name": "hel1",
                    "unavailable_after": ""
                  },
                  {
                    "deprecation_announced": "",
                    "id": 4,
                    "is_deprecated": false,
                    "name": "ash",
                    "unavailable_after": ""
                  },
                  {
                    "deprecation_announced": "",
                    "id": 5,
                    "is_deprecated": false,
                    "name": "hil",
                    "unavailable_after": ""
                  },
                  {
                    "deprecation_announced": "",
                    "id": 6,
                    "is_deprecated": false,
                    "name": "sin",
                    "unavailable_after": ""
                  }
                ],
                "memory": 128,
                "name": "ccx53",
                "storage_type": "local",
                "unavailable_after": ""
              },
              {
                "architecture": "x86",
                "category": "Dedicated vCPU",
                "cores": 48,
                "cpu_type": "dedicated",
                "deprecation_announced": "",
                "description": "CCX63 Dedicated CPU",
                "disk": 960,
                "id": 101,
                "included_traffic": 0,
                "is_deprecated": false,
                "locations": [
                  {
                    "deprecation_announced": "",
                    "id": 1,
                    "is_deprecated": false,
                    "name": "fsn1",
                    "unavailable_after": ""
                  },
                  {
                    "deprecation_announced": "",
                    "id": 2,
                    "is_deprecated": false,
                    "name": "nbg1",
                    "unavailable_after": ""
                  },
                  {
                    "deprecation_announced": "",
                    "id": 3,
                    "is_deprecated": false,
                    "name": "hel1",
                    "unavailable_after": ""
                  },
                  {
                    "deprecation_announced": "",
                    "id": 4,
                    "is_deprecated": false,
                    "name": "ash",
                    "unavailable_after": ""
                  },
                  {
                    "deprecation_announced": "",
                    "id": 5,
                    "is_deprecated": false,
                    "name": "hil",
                    "unavailable_after": ""
                  },
                  {
                    "deprecation_announced": "",
                    "id": 6,
                    "is_deprecated": false,
                    "name": "sin",
                    "unavailable_after": ""
                  }
                ],
                "memory": 192,
                "name": "ccx63",
                "storage_type": "local",
                "unavailable_after": ""
              },
              {
                "architecture": "x86",
                "category": "Shared vCPU",
                "cores": 2,
                "cpu_type": "shared",
                "deprecation_announced": "",
                "description": "CX22",
                "disk": 40,
                "id": 104,
                "included_traffic": 0,
                "is_deprecated": false,
                "locations": [
                  {
                    "deprecation_announced": "",
                    "id": 1,
                    "is_deprecated": false,
                    "name": "fsn1",
                    "unavailable_after": ""
                  },
                  {
                    "deprecation_announced": "",
                    "id": 2,
                    "is_deprecated": false,
                    "name": "nbg1",
                    "unavailable_after": ""
                  },
                  {
                    "deprecation_announced": "",
                    "id": 3,
                    "is_deprecated": false,
                    "name": "hel1",
                    "unavailable_after": ""
                  }
                ],
                "memory": 4,
                "name": "cx22",
                "storage_type": "local",
                "unavailable_after": ""
              },
              {
                "architecture": "x86",
                "category": "Shared vCPU",
                "cores": 4,
                "cpu_type": "shared",
                "deprecation_announced": "",
                "description": "CX32",
                "disk": 80,
                "id": 105,
                "included_traffic": 0,
                "is_deprecated": false,
                "locations": [
                  {
                    "deprecation_announced": "",
                    "id": 1,
                    "is_deprecated": false,
                    "name": "fsn1",
                    "unavailable_after": ""
                  },
                  {
                    "deprecation_announced": "",
                    "id": 2,
                    "is_deprecated": false,
                    "name": "nbg1",
                    "unavailable_after": ""
                  },
                  {
                    "deprecation_announced": "",
                    "id": 3,
                    "is_deprecated": false,
                    "name": "hel1",
                    "unavailable_after": ""
                  }
                ],
                "memory": 8,
                "name": "cx32",
                "storage_type": "local",
                "unavailable_after": ""
              },
              {
                "architecture": "x86",
                "category": "Shared vCPU",
                "cores": 8,
                "cpu_type": "shared",
                "deprecation_announced": "",
                "description": "CX42",
                "disk": 160,
                "id": 106,
                "included_traffic": 0,
                "is_deprecated": false,
                "locations": [
                  {
                    "deprecation_announced": "",
                    "id": 1,
                    "is_deprecated": false,
                    "name": "fsn1",
                    "unavailable_after": ""
                  },
                  {
                    "deprecation_announced": "",
                    "id": 2,
                    "is_deprecated": false,
                    "name": "nbg1",
                    "unavailable_after": ""
                  },
                  {
                    "deprecation_announced": "",
                    "id": 3,
                    "is_deprecated": false,
                    "name": "hel1",
                    "unavailable_after": ""
                  }
                ],
                "memory": 16,
                "name": "cx42",
                "storage_type": "local",
                "unavailable_after": ""
              },
              {
                "architecture": "x86",
                "category": "Shared vCPU",
                "cores": 16,
                "cpu_type": "shared",
                "deprecation_announced": "",
                "description": "CX52",
                "disk": 320,
                "id": 107,
                "included_traffic": 0,
                "is_deprecated": false,
                "locations": [
                  {
                    "deprecation_announced": "",
                    "id": 1,
                    "is_deprecated": false,
                    "name": "fsn1",
                    "unavailable_after": ""
                  },
                  {
                    "deprecation_announced": "",
                    "id": 2,
                    "is_deprecated": false,
                    "name": "nbg1",
                    "unavailable_after": ""
                  },
                  {
                    "deprecation_announced": "",
                    "id": 3,
                    "is_deprecated": false,
                    "name": "hel1",
                    "unavailable_after": ""
                  }
                ],
                "memory": 32,
                "name": "cx52",
                "storage_type": "local",
                "unavailable_after": ""
              }
            ]
          },
          "sensitive_attributes": []
        }
      ]
    },
    {
      "module": "module.tenant",
      "mode": "managed",
      "type": "hcloud_server",
      "name": "tenant_server",
      "provider": "module.tenant.provider[\"registry.terraform.io/hetznercloud/hcloud\"]",
      "instances": [
        {
          "schema_version": 0,
          "attributes": {
            "allow_deprecated_images": false,
            "backup_window": "",
            "backups": false,
            "datacenter": "hel1-dc2",
            "delete_protection": false,
            "firewall_ids": [],
            "id": "110827027",
            "ignore_remote_firewall_ids": false,
            "image": "ubuntu-22.04",
            "ipv4_address": "157.180.88.232",
            "ipv6_address": "2a01:4f9:c013:feed::1",
            "ipv6_network": "2a01:4f9:c013:feed::/64",
            "iso": null,
            "keep_disk": false,
            "labels": {
              "solution": "spm",
              "tenant": "demo"
            },
            "location": "hel1",
            "name": "spm-tenant-demo",
            "network": [],
            "placement_group_id": 0,
            "primary_disk_size": 80,
            "public_net": [],
            "rebuild_protection": false,
            "rescue": null,
            "server_type": "cpx21",
            "shutdown_before_deletion": false,
            "ssh_keys": [
              "103187414"
            ],
            "status": "running",
            "timeouts": null,
            "user_data": "XW/jc9gIAD4zr7FG+596lnCveKs="
          },
          "sensitive_attributes": [],
          "private": "eyJlMmJmYjczMC1lY2FhLTExZTYtOGY4OC0zNDM2M2JjN2M0YzAiOnsiY3JlYXRlIjo1NDAwMDAwMDAwMDAwfX0=",
          "dependencies": [
            "module.tenant.data.hcloud_server_type.selected",
            "module.tenant.data.hcloud_server_types.all",
            "module.tenant.hcloud_ssh_key.ssh_key",
            "module.tenant.tls_private_key.ssh_key"
          ]
        }
      ]
    },
    {
      "module": "module.tenant",
      "mode": "managed",
      "type": "hcloud_ssh_key",
      "name": "ssh_key",
      "provider": "module.tenant.provider[\"registry.terraform.io/hetznercloud/hcloud\"]",
      "instances": [
        {
          "schema_version": 0,
          "attributes": {
            "fingerprint": "87:4f:37:c4:4f:e0:30:80:a3:9d:2b:de:4d:f2:b5:7c",
            "id": "103187414",
            "labels": {
              "solution": "spm",
              "tenant": "demo"
            },
            "name": "demo-ssh-key",
            "public_key": "ssh-rsa AAAAB3NzaC1yc2EAAAADAQABAAACAQC/rwnLAOc7jWYtQPc976Y5lq77fkkXaRudmlfWLBZVGk8SFVP8tnRKSHUsD6+440vGH8LYFjGbLNXVBtYRsSp1bKefz48L8pBMoywx2QfXeugpk/TAurS3atLbjcR0CO4Yx6rO8YHmoWYUz5G1j85RiioM3SnwhTmVLkaenv3hTxSGUA3WZlL0K4GB50gy3NNX0WiwJO5GT9SBE45MmbwFz0s4gEL2A9Vrb0lwn1iSQSR+a5WwZ5ZLkVfPS81j0lStiux45a+zMyfHeiB6o1H88qz/ODBSAg9HJwyrwdTpW+0tC0iA6SklJrp1kfrOl2gZj78odfiT4apb8jlsv2MkGrHLLF0OuCRO0F4cj2Ni1H9Q31gaIF0haS4o6j13fnv9xKXZT8cPKhyF0NS38Zn+DVOag3H7N0nsVd9rUNAxFiFjmUZJyJSbeAYa5yfu+RzRIfE3uqP+IxR0GzpfKh1elybtDo3SpO6qufDPHU7ZbHv9EQGDkdOodx2YTXuoPhR3ZdrJnbcBkLGvFUyWumJdZH6rdZlA1DsDVUMHTiV32p9ffiq6dE1UC8t74FtcfB+VT6wLHxTUeB3xCvh4XazhprnzsuD7FGqgPiXO21pb16IUdinpanvFDMQ4vOYwkHra8D/QoI9TM9kBt52rHGW6Jdp1P7U1grHx5RekGZCmVQ==\n"
          },
          "sensitive_attributes": [],
          "dependencies": [
            "module.tenant.tls_private_key.ssh_key"
          ]
        }
      ]
    },
    {
      "module": "module.tenant",
      "mode": "managed",
      "type": "hcloud_volume",
      "name": "tenant_volume",
      "provider": "module.tenant.provider[\"registry.terraform.io/hetznercloud/hcloud\"]",
      "instances": [
        {
          "schema_version": 0,
          "attributes": {
            "automount": true,
            "delete_protection": false,
            "format": "ext4",
            "id": "103747031",
            "labels": {
              "solution": "spm",
              "tenant": "demo"
            },
            "linux_device": "/dev/disk/by-id/scsi-0HC_Volume_103747031",
            "location": "hel1",
            "name": "spm-tenant-demo-volume",
            "server_id": 110827027,
            "size": 50
          },
          "sensitive_attributes": [],
          "private": "bnVsbA==",
          "dependencies": [
            "module.tenant.data.hcloud_server_type.selected",
            "module.tenant.data.hcloud_server_types.all",
            "module.tenant.hcloud_server.tenant_server",
            "module.tenant.hcloud_ssh_key.ssh_key",
            "module.tenant.tls_private_key.ssh_key"
          ]
        }
      ]
    },
    {
      "module": "module.tenant",
      "mode": "managed",
      "type": "local_file",
      "name": "docker_compose",
      "provider": "provider[\"registry.terraform.io/hashicorp/local\"]",
      "instances": [
        {
          "schema_version": 0,
          "attributes": {
            "content": "version: \"3.8\"\nservices:\n  postgres:\n    image: postgres:16-alpine\n    environment:\n      POSTGRES_USER: faraday\n      POSTGRES_PASSWORD: 8Yt48HFN2STKsnqN\n      POSTGRES_DB: faraday\n    ports:\n      - 5432\n    volumes:\n      - pgdata:/var/lib/postgresql/data\n    restart: unless-stopped\n\n  redis:\n    image: redis:6.2-alpine\n    ports:\n      - 6379\n    volumes:\n      - redisdata:/data\n    restart: unless-stopped\n\n  faraday:\n    image: faradaysec/faraday:latest\n    depends_on:\n      - postgres\n      - redis\n      - rabbitmq\n    environment:\n      - LISTEN_ADDR=0.0.0.0\n      - PGSQL_HOST=postgres\n      - PGSQL_USER=faraday\n      - PGSQL_PASSWD=8Yt48HFN2STKsnqN\n      - PGSQL_DBNAME=faraday\n      - REDIS_SERVER=redis\n    ports:\n      - \"5985:5985\"\n    volumes:\n      - faradaydata:/home/faraday/.faraday\n    restart: unless-stopped\n\n  nginx:\n    image: nginx:alpine\n    ports:\n      - \"80:80\"\n      - \"443:443\"\n    volumes:\n      - ./nginx.conf:/etc/nginx/nginx.conf:ro\n      - ./certs:/etc/nginx/certs:ro\n    depends_on:\n      - faraday\n    restart: unless-stopped\n\nvolumes:\n  pgdata:\n  redisdata:\n  opensearchdata:",
            "content_base64": null,
            "content_base64sha256": "BguJrS2GUq7BlKUC8zTnY65gHQNqNC4s5uvpVn8lByM=",
            "content_base64sha512": "zmHI2DC4XsGc8GFL5hxF9H6YdbknW+BtWDGhGbs25FsSJefN6IADZOYGQTFGcXJl9IBUj1/0CXfLsHwDSPty2Q==",
            "content_md5": "42bcc4e934cd18629164f8a9669993ad",
            "content_sha1": "9be408dc991c63eab2656a85c3ba84c0dab2b26f",
            "content_sha256": "060b89ad2d8652aec194a502f334e763ae601d036a342e2ce6ebe9567f250723",
            "content_sha512": "ce61c8d830b85ec19cf0614be61c45f47e9875b9275be06d5831a119bb36e45b1225e7cde8800364e606413146717265f480548f5ff40977cbb07c0348fb72d9",
            "directory_permission": "0777",
            "file_permission": "0777",
            "filename": "/opt/faraday/docker-compose.yml",
            "id": "9be408dc991c63eab2656a85c3ba84c0dab2b26f",
            "sensitive_content": null,
            "source": null
          },
          "sensitive_attributes": [
            [
              {
                "type": "get_attr",
                "value": "content"
              }
            ]
          ],
          "dependencies": [
            "module.tenant.data.hcloud_server_type.selected",
            "module.tenant.data.hcloud_server_types.all",
            "module.tenant.hcloud_server.tenant_server",
            "module.tenant.hcloud_ssh_key.ssh_key",
            "module.tenant.random_password.pg_password",
            "module.tenant.tls_private_key.ssh_key"
          ]
        }
      ]
    },
    {
      "module": "module.tenant",
      "mode": "managed",
      "type": "local_file",
      "name": "nginx_config",
      "provider": "provider[\"registry.terraform.io/hashicorp/local\"]",
      "instances": [
        {
          "schema_version": 0,
          "attributes": {
            "content": "worker_processes auto;\nevents { worker_connections 1024; }\n\nhttp {\n\tsendfile on;\n\ttcp_nopush on;\n\ttcp_nodelay on;\n\tkeepalive_timeout 65;\n\ttypes_hash_max_size 2048;\n\n\tinclude /etc/nginx/mime.types;\n\tdefault_type application/octet-stream;\n\n\t# upstream Faraday application\n\tupstream faraday_upstream {\n\t\tserver localhost:5985 fail_timeout=5s;\n\t}\n    upstream faraday_ws_upstream {\n        server localhost:9000 fail_timeout=5s;\n\t}\n\n\tserver {\n\t\tlisten 80;\n\t\tserver_name _;\n\n\t\t# Increase upload limits if Faraday may receive file uploads\n\t\tclient_max_body_size 100M;\n\n\t\t# Proxy settings\n\t\tlocation / {\n\t\t\tproxy_set_header Host $host;\n\t\t\tproxy_set_header X-Real-IP $remote_addr;\n\t\t\tproxy_set_header X-Forwarded-For $proxy_add_x_forwarded_for;\n\t\t\tproxy_set_header X-Forwarded-Proto $scheme;\n\t\t\tproxy_set_header X-Forwarded-Host $host;\n\t\t\tproxy_set_header X-Forwarded-Port $server_port;\n\n\t\t\tproxy_http_version 1.1;\n\t\t\tproxy_set_header Connection \"\";\n\t\t\tproxy_buffering off;\n\n\t\t\tproxy_connect_timeout 5s;\n\t\t\tproxy_send_timeout    60s;\n\t\t\tproxy_read_timeout    60s;\n\n\t\t\tproxy_pass http://faraday_upstream;\n\t\t}\n\n\t\t# Logging\n\t\taccess_log /var/log/nginx/faraday_access.log;\n\t\terror_log  /var/log/nginx/faraday_error.log warn;\n\t}\n}\n",
            "content_base64": null,
            "content_base64sha256": "ZbnU2DU64qPA+2wi5wfnxNME7s0En+37T9xmJLMAHlQ=",
            "content_base64sha512": "sb8W/sSozyAShkuINaIvsH4NV8/gQihnzCMkXMJsvZ/30PbYRxM6D4FQz2wr6B5AlCMwMrxpCxYnBO88ZZH8aQ==",
            "content_md5": "84cd9c47dd7f31d3fd5cc12603d3ed78",
            "content_sha1": "98d3ed606e462e5f609e235a99674847cfecb393",
            "content_sha256": "65b9d4d8353ae2a3c0fb6c22e707e7c4d304eecd049fedfb4fdc6624b3001e54",
            "content_sha512": "b1bf16fec4a8cf2012864b8835a22fb07e0d57cfe0422867cc23245cc26cbd9ff7d0f6d847133a0f8150cf6c2be81e4094233032bc690b162704ef3c6591fc69",
            "directory_permission": "0777",
            "file_permission": "0777",
            "filename": "/opt/faraday/nginx.conf",
            "id": "98d3ed606e462e5f609e235a99674847cfecb393",
            "sensitive_content": null,
            "source": null
          },
          "sensitive_attributes": [],
          "dependencies": [
            "module.tenant.data.hcloud_server_type.selected",
            "module.tenant.data.hcloud_server_types.all",
            "module.tenant.hcloud_server.tenant_server",
            "module.tenant.hcloud_ssh_key.ssh_key",
            "module.tenant.tls_private_key.ssh_key"
          ]
        }
      ]
    },
    {
      "module": "module.tenant",
      "mode": "managed",
      "type": "random_password",
      "name": "pg_password",
      "provider": "provider[\"registry.terraform.io/hashicorp/random\"]",
      "instances": [
        {
          "schema_version": 3,
          "attributes": {
            "bcrypt_hash": "$2a$10$vKS0S.ZMebJWp2UcR8RF5uI9MRFffkeeKwtOXFsJeMBN4oqICSusu",
            "id": "none",
            "keepers": null,
            "length": 16,
            "lower": true,
            "min_lower": 0,
            "min_numeric": 0,
            "min_special": 0,
            "min_upper": 0,
            "number": true,
            "numeric": true,
            "override_special": "_%@",
            "result": "8Yt48HFN2STKsnqN",
            "special": true,
            "upper": true
          },
          "sensitive_attributes": []
        }
      ]
    },
    {
      "module": "module.tenant",
      "mode": "managed",
      "type": "tls_private_key",
      "name": "ssh_key",
      "provider": "provider[\"registry.terraform.io/hashicorp/tls\"]",
      "instances": [
        {
          "schema_version": 1,
          "attributes": {
            "algorithm": "RSA",
            "ecdsa_curve": "P224",
            "id": "f6465c444cf07c8ca94483aa9f5349d9753c8638",
            "private_key_openssh": "-----BEGIN OPENSSH PRIVATE KEY-----\nb3BlbnNzaC1rZXktdjEAAAAABG5vbmUAAAAEbm9uZQAAAAAAAAABAAACFwAAAAdz\nc2gtcnNhAAAAAwEAAQAAAgEAv68JywDnO41mLUD3Pe+mOZau+35JF2kbnZpX1iwW\nVRpPEhVT/LZ0Skh1LA+vuONLxh/C2BYxmyzV1QbWEbEqdWynn8+PC/KQTKMsMdkH\n13roKZP0wLq0t2rS243EdAjuGMeqzvGB5qFmFM+RtY/OUYoqDN0p8IU5lS5Gnp79\n4U8UhlAN1mZS9CuBgedIMtzTV9FosCTuRk/UgROOTJm8Bc9LOIBC9gPVa29JcJ9Y\nkkEkfmuVsGeWS5FXz0vNY9JUrYrseOWvszMnx3ogeqNR/PKs/zgwUgIPRycMq8HU\n6VvtLQtIgOkpJSa6dZH6zpdoGY+/KHX4k+GqW/I5bL9jJBqxyyxdDrgkTtBeHI9j\nYtR/UN9YGiBdIWkuKOo9d357/cSl2U/HDyochdDUt/GZ/g1TmoNx+zdJ7FXfa1DQ\nMRYhY5lGSciUm3gGGucn7vkc0SHxN7qj/iMUdBs6XyodXpcm7Q6N0qTuqrnwzx1O\n2Wx7/REBg5HTqHcdmE17qD4Ud2XayZ23AZCxrxVMlrpiXWR+q3WZQNQ7A1VDB04l\nd9qfX34qunRNVAvLe+BbXHwflU+sCx8U1Hgd8Qr4eF2s4aa587Lg+xRqoD4lztta\nW9eiFHYp6Wp7xQzEOLzmMJB62vA/0KCPUzPZAbedqxxluiXadT+1NYKx8eUXpBmQ\nplUAAAc4IeWYhCHlmIQAAAAHc3NoLXJzYQAAAgEAv68JywDnO41mLUD3Pe+mOZau\n+35JF2kbnZpX1iwWVRpPEhVT/LZ0Skh1LA+vuONLxh/C2BYxmyzV1QbWEbEqdWyn\nn8+PC/KQTKMsMdkH13roKZP0wLq0t2rS243EdAjuGMeqzvGB5qFmFM+RtY/OUYoq\nDN0p8IU5lS5Gnp794U8UhlAN1mZS9CuBgedIMtzTV9FosCTuRk/UgROOTJm8Bc9L\nOIBC9gPVa29JcJ9YkkEkfmuVsGeWS5FXz0vNY9JUrYrseOWvszMnx3ogeqNR/PKs\n/zgwUgIPRycMq8HU6VvtLQtIgOkpJSa6dZH6zpdoGY+/KHX4k+GqW/I5bL9jJBqx\nyyxdDrgkTtBeHI9jYtR/UN9YGiBdIWkuKOo9d357/cSl2U/HDyochdDUt/GZ/g1T\nmoNx+zdJ7FXfa1DQMRYhY5lGSciUm3gGGucn7vkc0SHxN7qj/iMUdBs6XyodXpcm\n7Q6N0qTuqrnwzx1O2Wx7/REBg5HTqHcdmE17qD4Ud2XayZ23AZCxrxVMlrpiXWR+\nq3WZQNQ7A1VDB04ld9qfX34qunRNVAvLe+BbXHwflU+sCx8U1Hgd8Qr4eF2s4aa5\n87Lg+xRqoD4lzttaW9eiFHYp6Wp7xQzEOLzmMJB62vA/0KCPUzPZAbedqxxluiXa\ndT+1NYKx8eUXpBmQplUAAAADAQABAAACAAC+CJd5qtH6a5sUDyEO3+6Fj93qqkiZ\nIDTaPfbW96ssTYJ9BKgMFaObNKD1p2RbtPwECXjuwd7Skjo5Kyd1/GHobtAmn9L+\nOHxwSu6FsAsWL10uqBoxXuiXu4NQJ2+cZtemH+cEEAQfO31fJGnqMA4oYjga7yhx\n5TwxQ3xZX0a55Xlzrx08CwKZD7vu2lyGds12dfJT4kkknzN0xCG1z4DL21Dq5j3i\n2+ogZZqcppCPO5+MHFAXk2egtqqKpgJgWr8yGrvvhi1EFT/0UB98qTrSi14qdVcL\n9phiJVSdwCZUzc4iQHPUJoc9tCeNmvjYpNv2FSZuw1MUFgw1giI5FFHNjW/sRAng\n0nkNGVXx0csCiIXWBgAP29TYVwoicFpplLk5ChiF0fWudFJbTWK9oUjKd+lwPrg3\nZVw2ueezhHsnkL/hxlZs01wsv5chIGMu6mfT9Ikj2XiTGIaO8AsnxhONdrVARrPE\n6LMD+Kow5dVdjkvwxZpIbburmELm0jjIFHo1+a4yjE2c36qSrmo5fxwgY5Darzst\nbULyoEcQ2vQbieX4SIYFQ/lVpYg7DsQwZerV0Yj/85up9BdK5nnyHIRxLNto0zrO\nFPLbiqVXGSaZvKr8qxRlC4uQxDVVxvfnblBUQU+hbWjKh86AWe7I03V2816c87vs\nVKnwHJW2DaftAAABAF3c9GJztmR86iQeUKPhFOVyS+jX+ITqofBITBuGC2NXuVkZ\nlka1DBr125zUkbQdWnqbfBYpXZDKByTFtzKNOKKV7y/eYneJ5nyG4yt7/2Vf9BuY\nfbgxnbvk32aRVMUL6MDhSiB6p0iQVrUDtYTix7pKOKHPUun31PHXlneafQkvLCJu\nUpYC9r18VTA/3Bkpyuyu4aP712XQ0/XX8EUNgvVt8jbU/8DQWVcOxRdv4fJN62Dr\nWkHXRM/S0XvVY3RGBfMQ76LT9P5e4+HN2amVbb72fzIOhso7waoWxRk0HdBghRcH\n08Xo5LQJ+mRToYPG+iWDfZqhW3wfjKE+5ImlINkAAAEBAPE0W3+jSHxPbNf92JFv\n/Y4xpeOpEmEz2kbtDC5JVtoIitgJf2upes22tUgbFelXjYQluaqFRY8cUSF9YtBc\nYl2+w/ITE0PPpjqwhzFtklOfzrXyM/cweIHXe6VOavCxii1XXNnUHcbejH5CF8Gt\n6M7hfcpYcHkCwBcOvEY1pxy/Cp817S30gmO23HgK21y6BblMzQLzcOCMj7KlP4Hr\nEm7Ztlu8A6xInStbyss41Jly5FEU9cvEAYZaDanLrb4qVyqbyxGBaMH8BbpBBsnY\nls40/Wa4ThysYqH3CdMcNYl3rbDQPW3pTp1Lt96Dt/OOrBjDPV7sVnk5fk3VDTjN\nTusAAAEBAMtxDe6HmWM4D8rMJi46YE49KBy7P/iPp2O7fUkUJsLGjzRO7G86htSg\nta3m+sd6THkje2s5TnRbMDLZ1dgFyjw2zLdRrMWKdGyTOqChPHeBGdzNSsnlRoVM\nP2gzrWX46nZ1eW0OY462bDuZ+cQaHjfd+xJEWq5I1uWsuD0DBq0TXctkvLxRKXZU\nv7REP2OS73l5pH/gQKmbHGXecbmmKM7RQHQKWPx5hJ/Qcibj8jwjE02zGxaWAMbX\naO+hWNuQGqGKTaqdEegqRugNC7SeHU7A4uArvked8vKYOgXtZ1vsn3XdB6kGoTGv\n9Fr7wSvShnn+CcKT8O0KCLJezx+JD78AAAAAAQID\n-----END OPENSSH PRIVATE KEY-----\n",
            "private_key_pem": "-----BEGIN RSA PRIVATE KEY-----\nMIIJJwIBAAKCAgEAv68JywDnO41mLUD3Pe+mOZau+35JF2kbnZpX1iwWVRpPEhVT\n/LZ0Skh1LA+vuONLxh/C2BYxmyzV1QbWEbEqdWynn8+PC/KQTKMsMdkH13roKZP0\nwLq0t2rS243EdAjuGMeqzvGB5qFmFM+RtY/OUYoqDN0p8IU5lS5Gnp794U8UhlAN\n1mZS9CuBgedIMtzTV9FosCTuRk/UgROOTJm8Bc9LOIBC9gPVa29JcJ9YkkEkfmuV\nsGeWS5FXz0vNY9JUrYrseOWvszMnx3ogeqNR/PKs/zgwUgIPRycMq8HU6VvtLQtI\ngOkpJSa6dZH6zpdoGY+/KHX4k+GqW/I5bL9jJBqxyyxdDrgkTtBeHI9jYtR/UN9Y\nGiBdIWkuKOo9d357/cSl2U/HDyochdDUt/GZ/g1TmoNx+zdJ7FXfa1DQMRYhY5lG\nSciUm3gGGucn7vkc0SHxN7qj/iMUdBs6XyodXpcm7Q6N0qTuqrnwzx1O2Wx7/REB\ng5HTqHcdmE17qD4Ud2XayZ23AZCxrxVMlrpiXWR+q3WZQNQ7A1VDB04ld9qfX34q\nunRNVAvLe+BbXHwflU+sCx8U1Hgd8Qr4eF2s4aa587Lg+xRqoD4lzttaW9eiFHYp\n6Wp7xQzEOLzmMJB62vA/0KCPUzPZAbedqxxluiXadT+1NYKx8eUXpBmQplUCAwEA\nAQKCAgAAvgiXearR+mubFA8hDt/uhY/d6qpImSA02j321verLE2CfQSoDBWjmzSg\n9adkW7T8BAl47sHe0pI6OSsndfxh6G7QJp/S/jh8cEruhbALFi9dLqgaMV7ol7uD\nUCdvnGbXph/nBBAEHzt9XyRp6jAOKGI4Gu8oceU8MUN8WV9GueV5c68dPAsCmQ+7\n7tpchnbNdnXyU+JJJJ8zdMQhtc+Ay9tQ6uY94tvqIGWanKaQjzufjBxQF5NnoLaq\niqYCYFq/Mhq774YtRBU/9FAffKk60oteKnVXC/aYYiVUncAmVM3OIkBz1CaHPbQn\njZr42KTb9hUmbsNTFBYMNYIiORRRzY1v7EQJ4NJ5DRlV8dHLAoiF1gYAD9vU2FcK\nInBaaZS5OQoYhdH1rnRSW01ivaFIynfpcD64N2VcNrnns4R7J5C/4cZWbNNcLL+X\nISBjLupn0/SJI9l4kxiGjvALJ8YTjXa1QEazxOizA/iqMOXVXY5L8MWaSG27q5hC\n5tI4yBR6NfmuMoxNnN+qkq5qOX8cIGOQ2q87LW1C8qBHENr0G4nl+EiGBUP5VaWI\nOw7EMGXq1dGI//ObqfQXSuZ58hyEcSzbaNM6zhTy24qlVxkmmbyq/KsUZQuLkMQ1\nVcb3525QVEFPoW1oyofOgFnuyNN1dvNenPO77FSp8ByVtg2n7QKCAQEA8TRbf6NI\nfE9s1/3YkW/9jjGl46kSYTPaRu0MLklW2giK2Al/a6l6zba1SBsV6VeNhCW5qoVF\njxxRIX1i0FxiXb7D8hMTQ8+mOrCHMW2SU5/OtfIz9zB4gdd7pU5q8LGKLVdc2dQd\nxt6MfkIXwa3ozuF9ylhweQLAFw68RjWnHL8KnzXtLfSCY7bceArbXLoFuUzNAvNw\n4IyPsqU/gesSbtm2W7wDrEidK1vKyzjUmXLkURT1y8QBhloNqcutvipXKpvLEYFo\nwfwFukEGydiWzjT9ZrhOHKxiofcJ0xw1iXetsNA9belOnUu33oO3846sGMM9XuxW\neTl+TdUNOM1O6wKCAQEAy3EN7oeZYzgPyswmLjpgTj0oHLs/+I+nY7t9SRQmwsaP\nNE7sbzqG1KC1reb6x3pMeSN7azlOdFswMtnV2AXKPDbMt1GsxYp0bJM6oKE8d4EZ\n3M1KyeVGhUw/aDOtZfjqdnV5bQ5jjrZsO5n5xBoeN937EkRarkjW5ay4PQMGrRNd\ny2S8vFEpdlS/tEQ/Y5LveXmkf+BAqZscZd5xuaYoztFAdApY/HmEn9ByJuPyPCMT\nTbMbFpYAxtdo76FY25AaoYpNqp0R6CpG6A0LtJ4dTsDi4Cu+R53y8pg6Be1nW+yf\ndd0HqQahMa/0WvvBK9KGef4JwpPw7QoIsl7PH4kPvwKCAQBAx3//Ypn4ENi5lYpR\nXRNq2fikkObHxkZMICPSVo4F1p97b+mRv52km/pJ2ERlO8ddA0i+/DX3PnKnnOYp\n8XXVmYNEg0z8PEt3nathYf0XimbYxKiiLZlfvcCOX+YmqHfkv37HXcl1fJWc3yFE\nOfG5hiPjcScbyNpQFvwHmyc7eC9hHPmLCwztvNGvR7MsTyV0Y6T3suvQ0s9Q+kJ5\nIOn9bWklb/RIk+PqHifztlqar5mUER4GUKjcLVlYDcSmuvZYEilSlT/OQWJEaGxr\nT0kJLoAT01HfL4j52MABu6TBO6whPXwSBcPASPKjxxpjRiEAMYdM9AoxWniKbLq1\nU6ZrAoIBAAVVQ147Y8P8Fj3kuCOCGEA0zjZimjyz11l/8rrVsmZsuhhO8VfBGwO7\n6sdSRMSx6gtK6NNYvzvBoDPVDgwJqtGFRjyQAY10IbUu7tyDHYisc7ccEpfUUNLx\nur/KiwMfUVYlojc/p1B4a8HsOWXwoVYplYlXDWGAO1HuAy5mQ+iJl23biC8PmZym\ngBgDqf28Plba33sSr99CV6479JM/TdaOGbhxBQApV1axKizm0NTOvpTM2yruZ7rO\nrsuJWUD4OBp/+6U7VNrXMOCoZuQnOPF1kPz7aJOMCnBdmTfKj2kTfOKkFq1RpSwe\nRrOT4e56KFhOVocpRamRF8VFQvy6pRUCggEAXdz0YnO2ZHzqJB5Qo+EU5XJL6Nf4\nhOqh8EhMG4YLY1e5WRmWRrUMGvXbnNSRtB1aept8FildkMoHJMW3Mo04opXvL95i\nd4nmfIbjK3v/ZV/0G5h9uDGdu+TfZpFUxQvowOFKIHqnSJBWtQO1hOLHuko4oc9S\n6ffU8deWd5p9CS8sIm5SlgL2vXxVMD/cGSnK7K7ho/vXZdDT9dfwRQ2C9W3yNtT/\nwNBZVw7FF2/h8k3rYOtaQddEz9LRe9VjdEYF8xDvotP0/l7j4c3ZqZVtvvZ/Mg6G\nyjvBqhbFGTQd0GCFFwfTxejktAn6ZFOhg8b6JYN9mqFbfB+MoT7kiaUg2Q==\n-----END RSA PRIVATE KEY-----\n",
            "private_key_pem_pkcs8": "-----BEGIN PRIVATE KEY-----\nMIIJQQIBADANBgkqhkiG9w0BAQEFAASCCSswggknAgEAAoICAQC/rwnLAOc7jWYt\nQPc976Y5lq77fkkXaRudmlfWLBZVGk8SFVP8tnRKSHUsD6+440vGH8LYFjGbLNXV\nBtYRsSp1bKefz48L8pBMoywx2QfXeugpk/TAurS3atLbjcR0CO4Yx6rO8YHmoWYU\nz5G1j85RiioM3SnwhTmVLkaenv3hTxSGUA3WZlL0K4GB50gy3NNX0WiwJO5GT9SB\nE45MmbwFz0s4gEL2A9Vrb0lwn1iSQSR+a5WwZ5ZLkVfPS81j0lStiux45a+zMyfH\neiB6o1H88qz/ODBSAg9HJwyrwdTpW+0tC0iA6SklJrp1kfrOl2gZj78odfiT4apb\n8jlsv2MkGrHLLF0OuCRO0F4cj2Ni1H9Q31gaIF0haS4o6j13fnv9xKXZT8cPKhyF\n0NS38Zn+DVOag3H7N0nsVd9rUNAxFiFjmUZJyJSbeAYa5yfu+RzRIfE3uqP+IxR0\nGzpfKh1elybtDo3SpO6qufDPHU7ZbHv9EQGDkdOodx2YTXuoPhR3ZdrJnbcBkLGv\nFUyWumJdZH6rdZlA1DsDVUMHTiV32p9ffiq6dE1UC8t74FtcfB+VT6wLHxTUeB3x\nCvh4XazhprnzsuD7FGqgPiXO21pb16IUdinpanvFDMQ4vOYwkHra8D/QoI9TM9kB\nt52rHGW6Jdp1P7U1grHx5RekGZCmVQIDAQABAoICAAC+CJd5qtH6a5sUDyEO3+6F\nj93qqkiZIDTaPfbW96ssTYJ9BKgMFaObNKD1p2RbtPwECXjuwd7Skjo5Kyd1/GHo\nbtAmn9L+OHxwSu6FsAsWL10uqBoxXuiXu4NQJ2+cZtemH+cEEAQfO31fJGnqMA4o\nYjga7yhx5TwxQ3xZX0a55Xlzrx08CwKZD7vu2lyGds12dfJT4kkknzN0xCG1z4DL\n21Dq5j3i2+ogZZqcppCPO5+MHFAXk2egtqqKpgJgWr8yGrvvhi1EFT/0UB98qTrS\ni14qdVcL9phiJVSdwCZUzc4iQHPUJoc9tCeNmvjYpNv2FSZuw1MUFgw1giI5FFHN\njW/sRAng0nkNGVXx0csCiIXWBgAP29TYVwoicFpplLk5ChiF0fWudFJbTWK9oUjK\nd+lwPrg3ZVw2ueezhHsnkL/hxlZs01wsv5chIGMu6mfT9Ikj2XiTGIaO8AsnxhON\ndrVARrPE6LMD+Kow5dVdjkvwxZpIbburmELm0jjIFHo1+a4yjE2c36qSrmo5fxwg\nY5DarzstbULyoEcQ2vQbieX4SIYFQ/lVpYg7DsQwZerV0Yj/85up9BdK5nnyHIRx\nLNto0zrOFPLbiqVXGSaZvKr8qxRlC4uQxDVVxvfnblBUQU+hbWjKh86AWe7I03V2\n816c87vsVKnwHJW2DaftAoIBAQDxNFt/o0h8T2zX/diRb/2OMaXjqRJhM9pG7Qwu\nSVbaCIrYCX9rqXrNtrVIGxXpV42EJbmqhUWPHFEhfWLQXGJdvsPyExNDz6Y6sIcx\nbZJTn8618jP3MHiB13ulTmrwsYotV1zZ1B3G3ox+QhfBrejO4X3KWHB5AsAXDrxG\nNaccvwqfNe0t9IJjttx4CttcugW5TM0C83DgjI+ypT+B6xJu2bZbvAOsSJ0rW8rL\nONSZcuRRFPXLxAGGWg2py62+Klcqm8sRgWjB/AW6QQbJ2JbONP1muE4crGKh9wnT\nHDWJd62w0D1t6U6dS7feg7fzjqwYwz1e7FZ5OX5N1Q04zU7rAoIBAQDLcQ3uh5lj\nOA/KzCYuOmBOPSgcuz/4j6dju31JFCbCxo80TuxvOobUoLWt5vrHekx5I3trOU50\nWzAy2dXYBco8Nsy3UazFinRskzqgoTx3gRnczUrJ5UaFTD9oM61l+Op2dXltDmOO\ntmw7mfnEGh433fsSRFquSNblrLg9AwatE13LZLy8USl2VL+0RD9jku95eaR/4ECp\nmxxl3nG5pijO0UB0Clj8eYSf0HIm4/I8IxNNsxsWlgDG12jvoVjbkBqhik2qnRHo\nKkboDQu0nh1OwOLgK75HnfLymDoF7Wdb7J913QepBqExr/Ra+8Er0oZ5/gnCk/Dt\nCgiyXs8fiQ+/AoIBAEDHf/9imfgQ2LmVilFdE2rZ+KSQ5sfGRkwgI9JWjgXWn3tv\n6ZG/naSb+knYRGU7x10DSL78Nfc+cqec5inxddWZg0SDTPw8S3edq2Fh/ReKZtjE\nqKItmV+9wI5f5iaod+S/fsddyXV8lZzfIUQ58bmGI+NxJxvI2lAW/AebJzt4L2Ec\n+YsLDO280a9HsyxPJXRjpPey69DSz1D6Qnkg6f1taSVv9EiT4+oeJ/O2WpqvmZQR\nHgZQqNwtWVgNxKa69lgSKVKVP85BYkRobGtPSQkugBPTUd8viPnYwAG7pME7rCE9\nfBIFw8BI8qPHGmNGIQAxh0z0CjFaeIpsurVTpmsCggEABVVDXjtjw/wWPeS4I4IY\nQDTONmKaPLPXWX/yutWyZmy6GE7xV8EbA7vqx1JExLHqC0ro01i/O8GgM9UODAmq\n0YVGPJABjXQhtS7u3IMdiKxztxwSl9RQ0vG6v8qLAx9RViWiNz+nUHhrwew5ZfCh\nVimViVcNYYA7Ue4DLmZD6ImXbduILw+ZnKaAGAOp/bw+VtrfexKv30JXrjv0kz9N\n1o4ZuHEFAClXVrEqLObQ1M6+lMzbKu5nus6uy4lZQPg4Gn/7pTtU2tcw4Khm5Cc4\n8XWQ/Ptok4wKcF2ZN8qPaRN84qQWrVGlLB5Gs5Ph7nooWE5WhylFqZEXxUVC/Lql\nFQKCAQBd3PRic7ZkfOokHlCj4RTlckvo1/iE6qHwSEwbhgtjV7lZGZZGtQwa9duc\n1JG0HVp6m3wWKV2QygckxbcyjTiile8v3mJ3ieZ8huMre/9lX/QbmH24MZ275N9m\nkVTFC+jA4UogeqdIkFa1A7WE4se6Sjihz1Lp99Tx15Z3mn0JLywiblKWAva9fFUw\nP9wZKcrsruGj+9dl0NP11/BFDYL1bfI21P/A0FlXDsUXb+HyTetg61pB10TP0tF7\n1WN0RgXzEO+i0/T+XuPhzdmplW2+9n8yDobKO8GqFsUZNB3QYIUXB9PF6OS0Cfpk\nU6GDxvolg32aoVt8H4yhPuSJpSDZ\n-----END PRIVATE KEY-----\n",
            "public_key_fingerprint_md5": "87:4f:37:c4:4f:e0:30:80:a3:9d:2b:de:4d:f2:b5:7c",
            "public_key_fingerprint_sha256": "SHA256:Bltis8Qm1oReqf/TpIHHaoGOSKspI+1giWiBZrusnuw",
            "public_key_openssh": "ssh-rsa AAAAB3NzaC1yc2EAAAADAQABAAACAQC/rwnLAOc7jWYtQPc976Y5lq77fkkXaRudmlfWLBZVGk8SFVP8tnRKSHUsD6+440vGH8LYFjGbLNXVBtYRsSp1bKefz48L8pBMoywx2QfXeugpk/TAurS3atLbjcR0CO4Yx6rO8YHmoWYUz5G1j85RiioM3SnwhTmVLkaenv3hTxSGUA3WZlL0K4GB50gy3NNX0WiwJO5GT9SBE45MmbwFz0s4gEL2A9Vrb0lwn1iSQSR+a5WwZ5ZLkVfPS81j0lStiux45a+zMyfHeiB6o1H88qz/ODBSAg9HJwyrwdTpW+0tC0iA6SklJrp1kfrOl2gZj78odfiT4apb8jlsv2MkGrHLLF0OuCRO0F4cj2Ni1H9Q31gaIF0haS4o6j13fnv9xKXZT8cPKhyF0NS38Zn+DVOag3H7N0nsVd9rUNAxFiFjmUZJyJSbeAYa5yfu+RzRIfE3uqP+IxR0GzpfKh1elybtDo3SpO6qufDPHU7ZbHv9EQGDkdOodx2YTXuoPhR3ZdrJnbcBkLGvFUyWumJdZH6rdZlA1DsDVUMHTiV32p9ffiq6dE1UC8t74FtcfB+VT6wLHxTUeB3xCvh4XazhprnzsuD7FGqgPiXO21pb16IUdinpanvFDMQ4vOYwkHra8D/QoI9TM9kBt52rHGW6Jdp1P7U1grHx5RekGZCmVQ==\n",
            "public_key_pem": "-----BEGIN PUBLIC KEY-----\nMIICIjANBgkqhkiG9w0BAQEFAAOCAg8AMIICCgKCAgEAv68JywDnO41mLUD3Pe+m\nOZau+35JF2kbnZpX1iwWVRpPEhVT/LZ0Skh1LA+vuONLxh/C2BYxmyzV1QbWEbEq\ndWynn8+PC/KQTKMsMdkH13roKZP0wLq0t2rS243EdAjuGMeqzvGB5qFmFM+RtY/O\nUYoqDN0p8IU5lS5Gnp794U8UhlAN1mZS9CuBgedIMtzTV9FosCTuRk/UgROOTJm8\nBc9LOIBC9gPVa29JcJ9YkkEkfmuVsGeWS5FXz0vNY9JUrYrseOWvszMnx3ogeqNR\n/PKs/zgwUgIPRycMq8HU6VvtLQtIgOkpJSa6dZH6zpdoGY+/KHX4k+GqW/I5bL9j\nJBqxyyxdDrgkTtBeHI9jYtR/UN9YGiBdIWkuKOo9d357/cSl2U/HDyochdDUt/GZ\n/g1TmoNx+zdJ7FXfa1DQMRYhY5lGSciUm3gGGucn7vkc0SHxN7qj/iMUdBs6Xyod\nXpcm7Q6N0qTuqrnwzx1O2Wx7/REBg5HTqHcdmE17qD4Ud2XayZ23AZCxrxVMlrpi\nXWR+q3WZQNQ7A1VDB04ld9qfX34qunRNVAvLe+BbXHwflU+sCx8U1Hgd8Qr4eF2s\n4aa587Lg+xRqoD4lzttaW9eiFHYp6Wp7xQzEOLzmMJB62vA/0KCPUzPZAbedqxxl\nuiXadT+1NYKx8eUXpBmQplUCAwEAAQ==\n-----END PUBLIC KEY-----\n",
            "rsa_bits": 4096
          },
          "sensitive_attributes": []
        }
      ]
    }
  ],
  "check_results": null
}
