{
  "version": 4,
  "terraform_version": "1.5.0",
  "serial": 721,
  "lineage": "2bdfdec5-8c30-28c5-2bba-a5d893c95ad2",
  "outputs": {
    "tenant_host": {
      "value": "157.180.88.232",
      "type": "string"
    },
    "tenant_name": {
      "value": "demo",
      "type": "string"
    },
    "tenant_ssh_private_key": {
      "value": "-----BEGIN RSA PRIVATE KEY-----\nMIIJKAIBAAKCAgEA8hmDUklId0mKcNLLs4z29d70//sFYhVioE3VWD42/DGzN/n9\nL/YgH4LQdDbHCT5A9zY5c/UqapTxQU8Jdg6gj4X10HxQ4jd+AmvjvIbmyczH2mZ6\nEebuxtdgVQAW4dtXo2wZjdNGg7+7cuzhiMcy2v5MnOBFQQ0o+/V2n7JTQsTKaK77\nnqkGe1SG3HP1DFGx3a5oFpNd37bJmzqF51UZ8VyOS1MY7YrUKviBxoyYl5btQngd\nDb0F6+vjzywfmQxSub1z8CYwDxkDTYiNywSv2Oor/7LjvkxTqdvBli1taRqNbzbr\nzNy696uSbJGrAEH5u60Gf4r3OVXUID/P+HZLVivyv9ude93ufEeer/FFb36WFwvz\n0betWnfAr5eXheM292JUMThR8o4JPwRWpvA0w2BwkMut5FaMhLsap97t8bDn8KnO\ndRVlOPdXjAHPmMnaM7CyPBnxCi5e6fFFXKPnX0k7z2tjKZBS7dw/U53VJH05cTZe\ngwZ0iK78YzSKXM8rAD/DkY5Zk6LSbH/Hrf9Jp1aPdBOqPqEEldfK6shnAbYtvJrH\nGNETnnrodYzsJ4phst+DTNpI4KmC7HKuVXHCO6luR+lepGO3tjFn4ex1Q4HhQ1rM\nrgKMAQ5755kdbbQssbgVxVH0UljbUi1yIPXPnesvHDtOmoVfolDDG0Ok3lECAwEA\nAQKCAgAF4XSaaCvMXqWwJw//ePDbGOhCxd5EBejK+TZcX0nWzJPsdpQoblYqQHNK\nTgtTJZHj6gtcDkw9DF2jhw/f2taabeKs8VwbRpr3Du0C/GmOOifE8xYg1Fx1SYWD\nmGM152359atVkdh7D5+gw3FuBl1X9Z3hoKP7WB5oUmEoMLzLg3wMLhXwF8MlIJuU\nWXUOGyI9ftn0lG35vBb/wDHrpC+jYyq/WHx48VVFLvCjZJu58OwAoD91FjlBhA3D\npPAmjPv/GtjpBYXHfsV2WcG3TlJBgVysvckWQK82kh83bpE4tfD8uYI29sn22qd4\nSiiJHXvQtnumLPdjizrCHB1ejRcNgR7waYpPwtbAOUaIcSBtEt3sZLIhnbvQxtfq\ndwx1T+zBBNuuxI7f/NlUyuxOK7sKgymvqIzRVIP9k1g78OxAkr5LteOXd4/U8+AO\nG7xx+t7lxLfYbgwvF/TBXJKLm0CRzxBswrDZzIP2+PFzQz6uqU1PJjO8IqkzoRPE\nFaYNqME5eYY8QN4yupbS2MeFi31PnCJr6YgJa8mBzTNMM6Zai/0CwYgBXUrl494P\nhcCMMhpZs88wSO2EtBluZYLmyBDFT4T8zGqzZg+2owL/HJs36vV4yO/H0xdXw/CH\n15V9zbHWxign6xOOOZFe5pVuxeOj6RMy/zC9tVIkjoabrxbL7QKCAQEA+3gIlR+w\ns4YgpX579L2aFntABZYJ5vCmLvoC0MJKHeY6tllqMbBH8HjLq4UB91xnxBCz7wE6\nWwLuWTNcWmwfejdJl6emnKRczCqCmuZwFdcuH2/+GuUV+TIbVXSVO4ue1rN6PC5E\nxlR7I+Ws0W91GlxGLfdB5aUcnsNt1YShIxWYM/HbWn9Br723UWKGQKOOp4AvfbiK\nhIkLVBJB5NXBf7thnxhHrLGMLw9deAtxBYZzSBu5raw6HhnCGKppacjxxE/jkihC\nDD0IzHqMeJHGUOhmeXpvgEbHWaDM0U36kJR6DLmwtJancayGfjbOOHTn8r480yG0\nNG7jNBOjkFbn9QKCAQEA9nZC7k2piBsT1vcKUuGdeit+67G90CiRSDIWlWU8kRuS\nGwBmJrsYIgkrz8Axz6gPyCMauTE/DkK/kELwXYTq292RIWgvwH6hOXJgV17P6SPK\nrZVpeRkywS/B/8nxQ8yC+21AKpeYEBREVy2mT7kKjlQHnLDn5N3m9apD2RVqmZhx\n77JjmGiYxJxuKn1iwtb3qLdE6jfTT3VSdwBN0u2DG/hrl/ozf36nPw7WJtnHlMGM\nupmPG8IctZo2wb65vguWa/4OxuxwqlwoeS5xZ3P2M3E38Qe4HfoYcJxDFfcU0cWS\nU/uYKYE2WQk5ZIjKc/UYnv+HUBh+J0KlhAjVCKHPbQKCAQEAiD4BUGIKB0nNGDzO\nBcxP1oxSJHSkysVpFByKN/Z713UsLC2HloIuh7+6gSQf65fZ9GUkR4J/zl1pK1Tj\nXW4lI78elRbU8xst18PUXP4qjfq2V3wCzSl+3TNjkcoHLGq51RMKT961jkqpKMq/\n9fyQEocZ0r+aqUPqnK2/LSadcve5LbOEp6Q4v3FnB6X8nLrAiEmv8UpxadsiExuN\nLeEN5Blui5bJBmxvSfPmLSrtwhOVE+VJlSmxlytXeKujTxf6vOSXpFFBb4YF5Vsk\nDhLUwnMXSgumq3YtfYbcUS4RahG3int0nHLfJ3xUpb8lvXrBTEf7hlxFWP8XA9j8\nDjC3nQKCAQBSQ6kVh8ClmHwnzW+ZuIrqw2fq3foAZ/oOQgG9vfvYZ35+GsT9+ocU\nnUENaBZ4PJ1/7Q+3btOgO/FbAqzeWkZWOv99ShxeQSYpWZ8EqrX1GKhHBk8dR6bk\nSr+TVGF+gt3ZdF7tmIn+G/Wvr6IKjDYUycF8sKPGhbbYmwtogziAqhylqEKMFaWg\nQqKW9iEn7b7ehsWu9BFJPVzYMbbIR9TyWhn3sWDNFoZWiuo6L4jpgy0o/6Z/2mvg\nxeevBa1T3ORJiZR/G16Dzp0HzdO2d0NfalQE1NHE17yeodnWlBFT74FnHNxuRh3Q\n3D5W6z3ANLgSIjKVLoe1LQ64IoaRCgmFAoIBAGNgPonJBKIYZcDntCP7CCT3LfKd\nt7zfeT4ICgy1y7a7SPQRJZ+aoCUPtz/jXNbT+cmik3ATp5Zrl682Rt7jrGfGnxpD\nCm9faKxFbL4MqGpMkkLsqo4Vr+tA8LyNHsfWa5aDjFyePwuSk63ESHwpuR2XOKCm\n/wT0tkROPpDVaAv9zKKfqNyNsDRX+HR5yrVIdVpis1I3KCGu/phkPy4br2Ohv3Pw\nIXJuqAX17dtuUMt8K9xizA60/v715g4O3Sp9l2Joj4h+tznyv81mHmetNIb/EjYk\ndTQuyuJay92gKQ+txhUYVHxtSq4YrWlt/8uBU5j1uddJOumRvwKsjI2d7Kg=\n-----END RSA PRIVATE KEY-----\n",
      "type": "string",
      "sensitive": true
    },
    "tenant_ssh_public_key": {
      "value": "ssh-rsa AAAAB3NzaC1yc2EAAAADAQABAAACAQDyGYNSSUh3SYpw0suzjPb13vT/+wViFWKgTdVYPjb8MbM3+f0v9iAfgtB0NscJPkD3Njlz9SpqlPFBTwl2DqCPhfXQfFDiN34Ca+O8hubJzMfaZnoR5u7G12BVABbh21ejbBmN00aDv7ty7OGIxzLa/kyc4EVBDSj79XafslNCxMporvueqQZ7VIbcc/UMUbHdrmgWk13ftsmbOoXnVRnxXI5LUxjtitQq+IHGjJiXlu1CeB0NvQXr6+PPLB+ZDFK5vXPwJjAPGQNNiI3LBK/Y6iv/suO+TFOp28GWLW1pGo1vNuvM3Lr3q5JskasAQfm7rQZ/ivc5VdQgP8/4dktWK/K/25173e58R56v8UVvfpYXC/PRt61ad8Cvl5eF4zb3YlQxOFHyjgk/BFam8DTDYHCQy63kVoyEuxqn3u3xsOfwqc51FWU491eMAc+YydozsLI8GfEKLl7p8UVco+dfSTvPa2MpkFLt3D9TndUkfTlxNl6DBnSIrvxjNIpczysAP8ORjlmTotJsf8et/0mnVo90E6o+oQSV18rqyGcBti28mscY0ROeeuh1jOwnimGy34NM2kjgqYLscq5VccI7qW5H6V6kY7e2MWfh7HVDgeFDWsyuAowBDnvnmR1ttCyxuBXFUfRSWNtSLXIg9c+d6y8cO06ahV+iUMMbQ6TeUQ==\n",
      "type": "string"
    }
  },
  "resources": [
    {
      "module": "module.tenant",
      "mode": "data",
      "type": "cloudflare_zone",
      "name": "openshield",
      "provider": "module.tenant.provider[\"registry.terraform.io/cloudflare/cloudflare\"]",
      "instances": [
        {
          "schema_version": 0,
          "attributes": {
            "account": {
              "id": "bca3124de7c86d659a959f06cb35043d",
              "name": "Cloudflare@cyberdef.cc's Account"
            },
            "activated_on": "2025-04-21T11:29:39Z",
            "cname_suffix": null,
            "created_on": "2025-04-21T11:00:21Z",
            "development_mode": 0,
            "filter": {
              "account": null,
              "direction": null,
              "match": null,
              "name": "openshield.io",
              "order": null,
              "status": null
            },
            "id": null,
            "meta": {
              "cdn_only": null,
              "custom_certificate_quota": 0,
              "dns_only": null,
              "foundation_dns": null,
              "page_rule_quota": 3,
              "phishing_detected": false,
              "step": 2
            },
            "modified_on": "2025-04-21T11:29:39Z",
            "name": "openshield.io",
            "name_servers": [
              "kiki.ns.cloudflare.com",
              "lloyd.ns.cloudflare.com"
            ],
            "original_dnshost": null,
            "original_name_servers": [
              "dns1.registrar-servers.com",
              "dns2.registrar-servers.com"
            ],
            "original_registrar": "namecheap, inc. (id: 1068)",
            "owner": {
              "id": null,
              "name": null,
              "type": "user"
            },
            "paused": false,
            "permissions": [
              "#dns_records:edit",
              "#dns_records:read",
              "#zone:read"
            ],
            "plan": {
              "can_subscribe": false,
              "currency": "USD",
              "externally_managed": false,
              "frequency": "",
              "id": "0feeeeeeeeeeeeeeeeeeeeeeeeeeeeee",
              "is_subscribed": false,
              "legacy_discount": false,
              "legacy_id": "free",
              "name": "Free Website",
              "price": 0
            },
            "status": "active",
            "tenant": {
              "id": null,
              "name": null
            },
            "tenant_unit": {
              "id": null
            },
            "type": "full",
            "vanity_name_servers": [],
            "verification_key": null,
            "zone_id": "f92c4f6137dffe0e40aa658cc70e3fa8"
          },
          "sensitive_attributes": []
        }
      ]
    },
    {
      "module": "module.tenant",
      "mode": "data",
      "type": "hcloud_server_type",
      "name": "selected",
      "provider": "module.tenant.provider[\"registry.terraform.io/hetznercloud/hcloud\"]",
      "instances": [
        {
          "index_key": "cpx21",
          "schema_version": 0,
          "attributes": {
            "architecture": "x86",
            "category": "regular_purpose",
            "cores": 3,
            "cpu_type": "shared",
            "deprecation_announced": "",
            "description": "CPX 21",
            "disk": 80,
            "id": 23,
            "included_traffic": 0,
            "is_deprecated": false,
            "locations": [
              {
                "deprecation_announced": "2025-10-16T06:00:00Z",
                "id": 1,
                "is_deprecated": true,
                "name": "fsn1",
                "unavailable_after": "2025-12-31T23:59:59Z"
              },
              {
                "deprecation_announced": "2025-10-16T06:00:00Z",
                "id": 2,
                "is_deprecated": true,
                "name": "nbg1",
                "unavailable_after": "2025-12-31T23:59:59Z"
              },
              {
                "deprecation_announced": "2025-10-16T06:00:00Z",
                "id": 3,
                "is_deprecated": true,
                "name": "hel1",
                "unavailable_after": "2025-12-31T23:59:59Z"
              },
              {
                "deprecation_announced": "",
                "id": 4,
                "is_deprecated": false,
                "name": "ash",
                "unavailable_after": ""
              },
              {
                "deprecation_announced": "",
                "id": 5,
                "is_deprecated": false,
                "name": "hil",
                "unavailable_after": ""
              },
              {
                "deprecation_announced": "2025-10-16T06:00:00Z",
                "id": 6,
                "is_deprecated": true,
                "name": "sin",
                "unavailable_after": "2025-12-31T23:59:59Z"
              }
            ],
            "memory": 4,
            "name": "cpx21",
            "storage_type": "local",
            "unavailable_after": ""
          },
          "sensitive_attributes": []
        },
        {
          "index_key": "cpx22",
          "schema_version": 0,
          "attributes": {
            "architecture": "x86",
            "category": "regular_purpose",
            "cores": 2,
            "cpu_type": "shared",
            "deprecation_announced": "",
            "description": "CPX 22",
            "disk": 80,
            "id": 109,
            "included_traffic": 0,
            "is_deprecated": false,
            "locations": [
              {
                "deprecation_announced": "",
                "id": 1,
                "is_deprecated": false,
                "name": "fsn1",
                "unavailable_after": ""
              },
              {
                "deprecation_announced": "",
                "id": 2,
                "is_deprecated": false,
                "name": "nbg1",
                "unavailable_after": ""
              },
              {
                "deprecation_announced": "",
                "id": 3,
                "is_deprecated": false,
                "name": "hel1",
                "unavailable_after": ""
              },
              {
                "deprecation_announced": "",
                "id": 6,
                "is_deprecated": false,
                "name": "sin",
                "unavailable_after": ""
              }
            ],
            "memory": 4,
            "name": "cpx22",
            "storage_type": "local",
            "unavailable_after": ""
          },
          "sensitive_attributes": []
        },
        {
          "index_key": "cpx31",
          "schema_version": 0,
          "attributes": {
            "architecture": "x86",
            "category": "regular_purpose",
            "cores": 4,
            "cpu_type": "shared",
            "deprecation_announced": "",
            "description": "CPX 31",
            "disk": 160,
            "id": 24,
            "included_traffic": 0,
            "is_deprecated": false,
            "locations": [
              {
                "deprecation_announced": "2025-10-16T06:00:00Z",
                "id": 1,
                "is_deprecated": true,
                "name": "fsn1",
                "unavailable_after": "2025-12-31T23:59:59Z"
              },
              {
                "deprecation_announced": "2025-10-16T06:00:00Z",
                "id": 2,
                "is_deprecated": true,
                "name": "nbg1",
                "unavailable_after": "2025-12-31T23:59:59Z"
              },
              {
                "deprecation_announced": "2025-10-16T06:00:00Z",
                "id": 3,
                "is_deprecated": true,
                "name": "hel1",
                "unavailable_after": "2025-12-31T23:59:59Z"
              },
              {
                "deprecation_announced": "",
                "id": 4,
                "is_deprecated": false,
                "name": "ash",
                "unavailable_after": ""
              },
              {
                "deprecation_announced": "",
                "id": 5,
                "is_deprecated": false,
                "name": "hil",
                "unavailable_after": ""
              },
              {
                "deprecation_announced": "2025-10-16T06:00:00Z",
                "id": 6,
                "is_deprecated": true,
                "name": "sin",
                "unavailable_after": "2025-12-31T23:59:59Z"
              }
            ],
            "memory": 8,
            "name": "cpx31",
            "storage_type": "local",
            "unavailable_after": ""
          },
          "sensitive_attributes": []
        },
        {
          "index_key": "cpx32",
          "schema_version": 0,
          "attributes": {
            "architecture": "x86",
            "category": "regular_purpose",
            "cores": 4,
            "cpu_type": "shared",
            "deprecation_announced": "",
            "description": "CPX 32",
            "disk": 160,
            "id": 110,
            "included_traffic": 0,
            "is_deprecated": false,
            "locations": [
              {
                "deprecation_announced": "",
                "id": 1,
                "is_deprecated": false,
                "name": "fsn1",
                "unavailable_after": ""
              },
              {
                "deprecation_announced": "",
                "id": 2,
                "is_deprecated": false,
                "name": "nbg1",
                "unavailable_after": ""
              },
              {
                "deprecation_announced": "",
                "id": 3,
                "is_deprecated": false,
                "name": "hel1",
                "unavailable_after": ""
              },
              {
                "deprecation_announced": "",
                "id": 6,
                "is_deprecated": false,
                "name": "sin",
                "unavailable_after": ""
              }
            ],
            "memory": 8,
            "name": "cpx32",
            "storage_type": "local",
            "unavailable_after": ""
          },
          "sensitive_attributes": []
        },
        {
          "index_key": "cpx41",
          "schema_version": 0,
          "attributes": {
            "architecture": "x86",
            "category": "regular_purpose",
            "cores": 8,
            "cpu_type": "shared",
            "deprecation_announced": "",
            "description": "CPX 41",
            "disk": 240,
            "id": 25,
            "included_traffic": 0,
            "is_deprecated": false,
            "locations": [
              {
                "deprecation_announced": "2025-10-16T06:00:00Z",
                "id": 1,
                "is_deprecated": true,
                "name": "fsn1",
                "unavailable_after": "2025-12-31T23:59:59Z"
              },
              {
                "deprecation_announced": "2025-10-16T06:00:00Z",
                "id": 2,
                "is_deprecated": true,
                "name": "nbg1",
                "unavailable_after": "2025-12-31T23:59:59Z"
              },
              {
                "deprecation_announced": "2025-10-16T06:00:00Z",
                "id": 3,
                "is_deprecated": true,
                "name": "hel1",
                "unavailable_after": "2025-12-31T23:59:59Z"
              },
              {
                "deprecation_announced": "",
                "id": 4,
                "is_deprecated": false,
                "name": "ash",
                "unavailable_after": ""
              },
              {
                "deprecation_announced": "",
                "id": 5,
                "is_deprecated": false,
                "name": "hil",
                "unavailable_after": ""
              },
              {
                "deprecation_announced": "2025-10-16T06:00:00Z",
                "id": 6,
                "is_deprecated": true,
                "name": "sin",
                "unavailable_after": "2025-12-31T23:59:59Z"
              }
            ],
            "memory": 16,
            "name": "cpx41",
            "storage_type": "local",
            "unavailable_after": ""
          },
          "sensitive_attributes": []
        },
        {
          "index_key": "cpx42",
          "schema_version": 0,
          "attributes": {
            "architecture": "x86",
            "category": "regular_purpose",
            "cores": 8,
            "cpu_type": "shared",
            "deprecation_announced": "",
            "description": "CPX 42",
            "disk": 320,
            "id": 111,
            "included_traffic": 0,
            "is_deprecated": false,
            "locations": [
              {
                "deprecation_announced": "",
                "id": 1,
                "is_deprecated": false,
                "name": "fsn1",
                "unavailable_after": ""
              },
              {
                "deprecation_announced": "",
                "id": 2,
                "is_deprecated": false,
                "name": "nbg1",
                "unavailable_after": ""
              },
              {
                "deprecation_announced": "",
                "id": 3,
                "is_deprecated": false,
                "name": "hel1",
                "unavailable_after": ""
              },
              {
                "deprecation_announced": "",
                "id": 6,
                "is_deprecated": false,
                "name": "sin",
                "unavailable_after": ""
              }
            ],
            "memory": 16,
            "name": "cpx42",
            "storage_type": "local",
            "unavailable_after": ""
          },
          "sensitive_attributes": []
        },
        {
          "index_key": "cpx51",
          "schema_version": 0,
          "attributes": {
            "architecture": "x86",
            "category": "regular_purpose",
            "cores": 16,
            "cpu_type": "shared",
            "deprecation_announced": "",
            "description": "CPX 51",
            "disk": 360,
            "id": 26,
            "included_traffic": 0,
            "is_deprecated": false,
            "locations": [
              {
                "deprecation_announced": "2025-10-16T06:00:00Z",
                "id": 1,
                "is_deprecated": true,
                "name": "fsn1",
                "unavailable_after": "2025-12-31T23:59:59Z"
              },
              {
                "deprecation_announced": "2025-10-16T06:00:00Z",
                "id": 2,
                "is_deprecated": true,
                "name": "nbg1",
                "unavailable_after": "2025-12-31T23:59:59Z"
              },
              {
                "deprecation_announced": "2025-10-16T06:00:00Z",
                "id": 3,
                "is_deprecated": true,
                "name": "hel1",
                "unavailable_after": "2025-12-31T23:59:59Z"
              },
              {
                "deprecation_announced": "",
                "id": 4,
                "is_deprecated": false,
                "name": "ash",
                "unavailable_after": ""
              },
              {
                "deprecation_announced": "",
                "id": 5,
                "is_deprecated": false,
                "name": "hil",
                "unavailable_after": ""
              },
              {
                "deprecation_announced": "2025-10-16T06:00:00Z",
                "id": 6,
                "is_deprecated": true,
                "name": "sin",
                "unavailable_after": "2025-12-31T23:59:59Z"
              }
            ],
            "memory": 32,
            "name": "cpx51",
            "storage_type": "local",
            "unavailable_after": ""
          },
          "sensitive_attributes": []
        },
        {
          "index_key": "cpx52",
          "schema_version": 0,
          "attributes": {
            "architecture": "x86",
            "category": "regular_purpose",
            "cores": 12,
            "cpu_type": "shared",
            "deprecation_announced": "",
            "description": "CPX 52",
            "disk": 480,
            "id": 112,
            "included_traffic": 0,
            "is_deprecated": false,
            "locations": [
              {
                "deprecation_announced": "",
                "id": 1,
                "is_deprecated": false,
                "name": "fsn1",
                "unavailable_after": ""
              },
              {
                "deprecation_announced": "",
                "id": 2,
                "is_deprecated": false,
                "name": "nbg1",
                "unavailable_after": ""
              },
              {
                "deprecation_announced": "",
                "id": 3,
                "is_deprecated": false,
                "name": "hel1",
                "unavailable_after": ""
              },
              {
                "deprecation_announced": "",
                "id": 6,
                "is_deprecated": false,
                "name": "sin",
                "unavailable_after": ""
              }
            ],
            "memory": 24,
            "name": "cpx52",
            "storage_type": "local",
            "unavailable_after": ""
          },
          "sensitive_attributes": []
        },
        {
          "index_key": "cpx62",
          "schema_version": 0,
          "attributes": {
            "architecture": "x86",
            "category": "regular_purpose",
            "cores": 16,
            "cpu_type": "shared",
            "deprecation_announced": "",
            "description": "CPX 62",
            "disk": 640,
            "id": 113,
            "included_traffic": 0,
            "is_deprecated": false,
            "locations": [
              {
                "deprecation_announced": "",
                "id": 1,
                "is_deprecated": false,
                "name": "fsn1",
                "unavailable_after": ""
              },
              {
                "deprecation_announced": "",
                "id": 2,
                "is_deprecated": false,
                "name": "nbg1",
                "unavailable_after": ""
              },
              {
                "deprecation_announced": "",
                "id": 3,
                "is_deprecated": false,
                "name": "hel1",
                "unavailable_after": ""
              },
              {
                "deprecation_announced": "",
                "id": 6,
                "is_deprecated": false,
                "name": "sin",
                "unavailable_after": ""
              }
            ],
            "memory": 32,
            "name": "cpx62",
            "storage_type": "local",
            "unavailable_after": ""
          },
          "sensitive_attributes": []
        },
        {
          "index_key": "cx22",
          "schema_version": 0,
          "attributes": {
            "architecture": "x86",
            "category": "cost_optimized",
            "cores": 2,
            "cpu_type": "shared",
            "deprecation_announced": "2025-10-16T06:00:00Z",
            "description": "CX22",
            "disk": 40,
            "id": 104,
            "included_traffic": 0,
            "is_deprecated": true,
            "locations": [
              {
                "deprecation_announced": "2025-10-16T06:00:00Z",
                "id": 1,
                "is_deprecated": true,
                "name": "fsn1",
                "unavailable_after": "2025-12-31T23:59:59Z"
              },
              {
                "deprecation_announced": "2025-10-16T06:00:00Z",
                "id": 2,
                "is_deprecated": true,
                "name": "nbg1",
                "unavailable_after": "2025-12-31T23:59:59Z"
              },
              {
                "deprecation_announced": "2025-10-16T06:00:00Z",
                "id": 3,
                "is_deprecated": true,
                "name": "hel1",
                "unavailable_after": "2025-12-31T23:59:59Z"
              }
            ],
            "memory": 4,
            "name": "cx22",
            "storage_type": "local",
            "unavailable_after": "2025-12-31T23:59:59Z"
          },
          "sensitive_attributes": []
        },
        {
          "index_key": "cx23",
          "schema_version": 0,
          "attributes": {
            "architecture": "x86",
            "category": "cost_optimized",
            "cores": 2,
            "cpu_type": "shared",
            "deprecation_announced": "",
            "description": "CX 23",
            "disk": 40,
            "id": 114,
            "included_traffic": 0,
            "is_deprecated": false,
            "locations": [
              {
                "deprecation_announced": "",
                "id": 1,
                "is_deprecated": false,
                "name": "fsn1",
                "unavailable_after": ""
              },
              {
                "deprecation_announced": "",
                "id": 2,
                "is_deprecated": false,
                "name": "nbg1",
                "unavailable_after": ""
              },
              {
                "deprecation_announced": "",
                "id": 3,
                "is_deprecated": false,
                "name": "hel1",
                "unavailable_after": ""
              }
            ],
            "memory": 4,
            "name": "cx23",
            "storage_type": "local",
            "unavailable_after": ""
          },
          "sensitive_attributes": []
        },
        {
          "index_key": "cx32",
          "schema_version": 0,
          "attributes": {
            "architecture": "x86",
            "category": "cost_optimized",
            "cores": 4,
            "cpu_type": "shared",
            "deprecation_announced": "2025-10-16T06:00:00Z",
            "description": "CX32",
            "disk": 80,
            "id": 105,
            "included_traffic": 0,
            "is_deprecated": true,
            "locations": [
              {
                "deprecation_announced": "2025-10-16T06:00:00Z",
                "id": 1,
                "is_deprecated": true,
                "name": "fsn1",
                "unavailable_after": "2025-12-31T23:59:59Z"
              },
              {
                "deprecation_announced": "2025-10-16T06:00:00Z",
                "id": 2,
                "is_deprecated": true,
                "name": "nbg1",
                "unavailable_after": "2025-12-31T23:59:59Z"
              },
              {
                "deprecation_announced": "2025-10-16T06:00:00Z",
                "id": 3,
                "is_deprecated": true,
                "name": "hel1",
                "unavailable_after": "2025-12-31T23:59:59Z"
              }
            ],
            "memory": 8,
            "name": "cx32",
            "storage_type": "local",
            "unavailable_after": "2025-12-31T23:59:59Z"
          },
          "sensitive_attributes": []
        },
        {
          "index_key": "cx33",
          "schema_version": 0,
          "attributes": {
            "architecture": "x86",
            "category": "cost_optimized",
            "cores": 4,
            "cpu_type": "shared",
            "deprecation_announced": "",
            "description": "CX 33",
            "disk": 80,
            "id": 115,
            "included_traffic": 0,
            "is_deprecated": false,
            "locations": [
              {
                "deprecation_announced": "",
                "id": 1,
                "is_deprecated": false,
                "name": "fsn1",
                "unavailable_after": ""
              },
              {
                "deprecation_announced": "",
                "id": 2,
                "is_deprecated": false,
                "name": "nbg1",
                "unavailable_after": ""
              },
              {
                "deprecation_announced": "",
                "id": 3,
                "is_deprecated": false,
                "name": "hel1",
                "unavailable_after": ""
              }
            ],
            "memory": 8,
            "name": "cx33",
            "storage_type": "local",
            "unavailable_after": ""
          },
          "sensitive_attributes": []
        },
        {
          "index_key": "cx42",
          "schema_version": 0,
          "attributes": {
            "architecture": "x86",
            "category": "cost_optimized",
            "cores": 8,
            "cpu_type": "shared",
            "deprecation_announced": "2025-10-16T06:00:00Z",
            "description": "CX42",
            "disk": 160,
            "id": 106,
            "included_traffic": 0,
            "is_deprecated": true,
            "locations": [
              {
                "deprecation_announced": "2025-10-16T06:00:00Z",
                "id": 1,
                "is_deprecated": true,
                "name": "fsn1",
                "unavailable_after": "2025-12-31T23:59:59Z"
              },
              {
                "deprecation_announced": "2025-10-16T06:00:00Z",
                "id": 2,
                "is_deprecated": true,
                "name": "nbg1",
                "unavailable_after": "2025-12-31T23:59:59Z"
              },
              {
                "deprecation_announced": "2025-10-16T06:00:00Z",
                "id": 3,
                "is_deprecated": true,
                "name": "hel1",
                "unavailable_after": "2025-12-31T23:59:59Z"
              }
            ],
            "memory": 16,
            "name": "cx42",
            "storage_type": "local",
            "unavailable_after": "2025-12-31T23:59:59Z"
          },
          "sensitive_attributes": []
        },
        {
          "index_key": "cx43",
          "schema_version": 0,
          "attributes": {
            "architecture": "x86",
            "category": "cost_optimized",
            "cores": 8,
            "cpu_type": "shared",
            "deprecation_announced": "",
            "description": "CX 43",
            "disk": 160,
            "id": 116,
            "included_traffic": 0,
            "is_deprecated": false,
            "locations": [
              {
                "deprecation_announced": "",
                "id": 1,
                "is_deprecated": false,
                "name": "fsn1",
                "unavailable_after": ""
              },
              {
                "deprecation_announced": "",
                "id": 2,
                "is_deprecated": false,
                "name": "nbg1",
                "unavailable_after": ""
              },
              {
                "deprecation_announced": "",
                "id": 3,
                "is_deprecated": false,
                "name": "hel1",
                "unavailable_after": ""
              }
            ],
            "memory": 16,
            "name": "cx43",
            "storage_type": "local",
            "unavailable_after": ""
          },
          "sensitive_attributes": []
        },
        {
          "index_key": "cx52",
          "schema_version": 0,
          "attributes": {
            "architecture": "x86",
            "category": "cost_optimized",
            "cores": 16,
            "cpu_type": "shared",
            "deprecation_announced": "2025-10-16T06:00:00Z",
            "description": "CX52",
            "disk": 320,
            "id": 107,
            "included_traffic": 0,
            "is_deprecated": true,
            "locations": [
              {
                "deprecation_announced": "2025-10-16T06:00:00Z",
                "id": 1,
                "is_deprecated": true,
                "name": "fsn1",
                "unavailable_after": "2025-12-31T23:59:59Z"
              },
              {
                "deprecation_announced": "2025-10-16T06:00:00Z",
                "id": 2,
                "is_deprecated": true,
                "name": "nbg1",
                "unavailable_after": "2025-12-31T23:59:59Z"
              },
              {
                "deprecation_announced": "2025-10-16T06:00:00Z",
                "id": 3,
                "is_deprecated": true,
                "name": "hel1",
                "unavailable_after": "2025-12-31T23:59:59Z"
              }
            ],
            "memory": 32,
            "name": "cx52",
            "storage_type": "local",
            "unavailable_after": "2025-12-31T23:59:59Z"
          },
          "sensitive_attributes": []
        },
        {
          "index_key": "cx53",
          "schema_version": 0,
          "attributes": {
            "architecture": "x86",
            "category": "cost_optimized",
            "cores": 16,
            "cpu_type": "shared",
            "deprecation_announced": "",
            "description": "CX 53",
            "disk": 320,
            "id": 117,
            "included_traffic": 0,
            "is_deprecated": false,
            "locations": [
              {
                "deprecation_announced": "",
                "id": 1,
                "is_deprecated": false,
                "name": "fsn1",
                "unavailable_after": ""
              },
              {
                "deprecation_announced": "",
                "id": 2,
                "is_deprecated": false,
                "name": "nbg1",
                "unavailable_after": ""
              },
              {
                "deprecation_announced": "",
                "id": 3,
                "is_deprecated": false,
                "name": "hel1",
                "unavailable_after": ""
              }
            ],
            "memory": 32,
            "name": "cx53",
            "storage_type": "local",
            "unavailable_after": ""
          },
          "sensitive_attributes": []
        }
      ]
    },
    {
      "module": "module.tenant",
      "mode": "data",
      "type": "hcloud_server_types",
      "name": "all",
      "provider": "module.tenant.provider[\"registry.terraform.io/hetznercloud/hcloud\"]",
      "instances": [
        {
          "schema_version": 0,
          "attributes": {
            "descriptions": [
              "CPX 11",
              "CPX 21",
              "CPX 31",
              "CPX 41",
              "CPX 51",
              "CAX11",
              "CAX21",
              "CAX31",
              "CAX41",
              "CCX13 Dedicated CPU",
              "CCX23 Dedicated CPU",
              "CCX33 Dedicated CPU",
              "CCX43 Dedicated CPU",
              "CCX53 Dedicated CPU",
              "CCX63 Dedicated CPU",
              "CX22",
              "CX32",
              "CX42",
              "CX52",
              "CPX 12",
              "CPX 22",
              "CPX 32",
              "CPX 42",
              "CPX 52",
              "CPX 62",
              "CX 23",
              "CX 33",
              "CX 43",
              "CX 53"
            ],
            "id": "166277662d9b7990b1711b6545d691c4fc52eb3f",
            "names": [
              "cpx11",
              "cpx21",
              "cpx31",
              "cpx41",
              "cpx51",
              "cax11",
              "cax21",
              "cax31",
              "cax41",
              "ccx13",
              "ccx23",
              "ccx33",
              "ccx43",
              "ccx53",
              "ccx63",
              "cx22",
              "cx32",
              "cx42",
              "cx52",
              "cpx12",
              "cpx22",
              "cpx32",
              "cpx42",
              "cpx52",
              "cpx62",
              "cx23",
              "cx33",
              "cx43",
              "cx53"
            ],
            "server_type_ids": [
              "22",
              "23",
              "24",
              "25",
              "26",
              "45",
              "93",
              "94",
              "95",
              "96",
              "97",
              "98",
              "99",
              "100",
              "101",
              "104",
              "105",
              "106",
              "107",
              "108",
              "109",
              "110",
              "111",
              "112",
              "113",
              "114",
              "115",
              "116",
              "117"
            ],
            "server_types": [
              {
                "architecture": "x86",
                "category": "regular_purpose",
                "cores": 2,
                "cpu_type": "shared",
                "deprecation_announced": "",
                "description": "CPX 11",
                "disk": 40,
                "id": 22,
                "included_traffic": 0,
                "is_deprecated": false,
                "locations": [
                  {
                    "deprecation_announced": "2025-10-16T06:00:00Z",
                    "id": 1,
                    "is_deprecated": true,
                    "name": "fsn1",
                    "unavailable_after": "2025-12-31T23:59:59Z"
                  },
                  {
                    "deprecation_announced": "2025-10-16T06:00:00Z",
                    "id": 2,
                    "is_deprecated": true,
                    "name": "nbg1",
                    "unavailable_after": "2025-12-31T23:59:59Z"
                  },
                  {
                    "deprecation_announced": "2025-10-16T06:00:00Z",
                    "id": 3,
                    "is_deprecated": true,
                    "name": "hel1",
                    "unavailable_after": "2025-12-31T23:59:59Z"
                  },
                  {
                    "deprecation_announced": "",
                    "id": 4,
                    "is_deprecated": false,
                    "name": "ash",
                    "unavailable_after": ""
                  },
                  {
                    "deprecation_announced": "",
                    "id": 5,
                    "is_deprecated": false,
                    "name": "hil",
                    "unavailable_after": ""
                  },
                  {
                    "deprecation_announced": "2025-10-16T06:00:00Z",
                    "id": 6,
                    "is_deprecated": true,
                    "name": "sin",
                    "unavailable_after": "2025-12-31T23:59:59Z"
                  }
                ],
                "memory": 2,
                "name": "cpx11",
                "storage_type": "local",
                "unavailable_after": ""
              },
              {
                "architecture": "x86",
                "category": "regular_purpose",
                "cores": 3,
                "cpu_type": "shared",
                "deprecation_announced": "",
                "description": "CPX 21",
                "disk": 80,
                "id": 23,
                "included_traffic": 0,
                "is_deprecated": false,
                "locations": [
                  {
                    "deprecation_announced": "2025-10-16T06:00:00Z",
                    "id": 1,
                    "is_deprecated": true,
                    "name": "fsn1",
                    "unavailable_after": "2025-12-31T23:59:59Z"
                  },
                  {
                    "deprecation_announced": "2025-10-16T06:00:00Z",
                    "id": 2,
                    "is_deprecated": true,
                    "name": "nbg1",
                    "unavailable_after": "2025-12-31T23:59:59Z"
                  },
                  {
                    "deprecation_announced": "2025-10-16T06:00:00Z",
                    "id": 3,
                    "is_deprecated": true,
                    "name": "hel1",
                    "unavailable_after": "2025-12-31T23:59:59Z"
                  },
                  {
                    "deprecation_announced": "",
                    "id": 4,
                    "is_deprecated": false,
                    "name": "ash",
                    "unavailable_after": ""
                  },
                  {
                    "deprecation_announced": "",
                    "id": 5,
                    "is_deprecated": false,
                    "name": "hil",
                    "unavailable_after": ""
                  },
                  {
                    "deprecation_announced": "2025-10-16T06:00:00Z",
                    "id": 6,
                    "is_deprecated": true,
                    "name": "sin",
                    "unavailable_after": "2025-12-31T23:59:59Z"
                  }
                ],
                "memory": 4,
                "name": "cpx21",
                "storage_type": "local",
                "unavailable_after": ""
              },
              {
                "architecture": "x86",
                "category": "regular_purpose",
                "cores": 4,
                "cpu_type": "shared",
                "deprecation_announced": "",
                "description": "CPX 31",
                "disk": 160,
                "id": 24,
                "included_traffic": 0,
                "is_deprecated": false,
                "locations": [
                  {
                    "deprecation_announced": "2025-10-16T06:00:00Z",
                    "id": 1,
                    "is_deprecated": true,
                    "name": "fsn1",
                    "unavailable_after": "2025-12-31T23:59:59Z"
                  },
                  {
                    "deprecation_announced": "2025-10-16T06:00:00Z",
                    "id": 2,
                    "is_deprecated": true,
                    "name": "nbg1",
                    "unavailable_after": "2025-12-31T23:59:59Z"
                  },
                  {
                    "deprecation_announced": "2025-10-16T06:00:00Z",
                    "id": 3,
                    "is_deprecated": true,
                    "name": "hel1",
                    "unavailable_after": "2025-12-31T23:59:59Z"
                  },
                  {
                    "deprecation_announced": "",
                    "id": 4,
                    "is_deprecated": false,
                    "name": "ash",
                    "unavailable_after": ""
                  },
                  {
                    "deprecation_announced": "",
                    "id": 5,
                    "is_deprecated": false,
                    "name": "hil",
                    "unavailable_after": ""
                  },
                  {
                    "deprecation_announced": "2025-10-16T06:00:00Z",
                    "id": 6,
                    "is_deprecated": true,
                    "name": "sin",
                    "unavailable_after": "2025-12-31T23:59:59Z"
                  }
                ],
                "memory": 8,
                "name": "cpx31",
                "storage_type": "local",
                "unavailable_after": ""
              },
              {
                "architecture": "x86",
                "category": "regular_purpose",
                "cores": 8,
                "cpu_type": "shared",
                "deprecation_announced": "",
                "description": "CPX 41",
                "disk": 240,
                "id": 25,
                "included_traffic": 0,
                "is_deprecated": false,
                "locations": [
                  {
                    "deprecation_announced": "2025-10-16T06:00:00Z",
                    "id": 1,
                    "is_deprecated": true,
                    "name": "fsn1",
                    "unavailable_after": "2025-12-31T23:59:59Z"
                  },
                  {
                    "deprecation_announced": "2025-10-16T06:00:00Z",
                    "id": 2,
                    "is_deprecated": true,
                    "name": "nbg1",
                    "unavailable_after": "2025-12-31T23:59:59Z"
                  },
                  {
                    "deprecation_announced": "2025-10-16T06:00:00Z",
                    "id": 3,
                    "is_deprecated": true,
                    "name": "hel1",
                    "unavailable_after": "2025-12-31T23:59:59Z"
                  },
                  {
                    "deprecation_announced": "",
                    "id": 4,
                    "is_deprecated": false,
                    "name": "ash",
                    "unavailable_after": ""
                  },
                  {
                    "deprecation_announced": "",
                    "id": 5,
                    "is_deprecated": false,
                    "name": "hil",
                    "unavailable_after": ""
                  },
                  {
                    "deprecation_announced": "2025-10-16T06:00:00Z",
                    "id": 6,
                    "is_deprecated": true,
                    "name": "sin",
                    "unavailable_after": "2025-12-31T23:59:59Z"
                  }
                ],
                "memory": 16,
                "name": "cpx41",
                "storage_type": "local",
                "unavailable_after": ""
              },
              {
                "architecture": "x86",
                "category": "regular_purpose",
                "cores": 16,
                "cpu_type": "shared",
                "deprecation_announced": "",
                "description": "CPX 51",
                "disk": 360,
                "id": 26,
                "included_traffic": 0,
                "is_deprecated": false,
                "locations": [
                  {
                    "deprecation_announced": "2025-10-16T06:00:00Z",
                    "id": 1,
                    "is_deprecated": true,
                    "name": "fsn1",
                    "unavailable_after": "2025-12-31T23:59:59Z"
                  },
                  {
                    "deprecation_announced": "2025-10-16T06:00:00Z",
                    "id": 2,
                    "is_deprecated": true,
                    "name": "nbg1",
                    "unavailable_after": "2025-12-31T23:59:59Z"
                  },
                  {
                    "deprecation_announced": "2025-10-16T06:00:00Z",
                    "id": 3,
                    "is_deprecated": true,
                    "name": "hel1",
                    "unavailable_after": "2025-12-31T23:59:59Z"
                  },
                  {
                    "deprecation_announced": "",
                    "id": 4,
                    "is_deprecated": false,
                    "name": "ash",
                    "unavailable_after": ""
                  },
                  {
                    "deprecation_announced": "",
                    "id": 5,
                    "is_deprecated": false,
                    "name": "hil",
                    "unavailable_after": ""
                  },
                  {
                    "deprecation_announced": "2025-10-16T06:00:00Z",
                    "id": 6,
                    "is_deprecated": true,
                    "name": "sin",
                    "unavailable_after": "2025-12-31T23:59:59Z"
                  }
                ],
                "memory": 32,
                "name": "cpx51",
                "storage_type": "local",
                "unavailable_after": ""
              },
              {
                "architecture": "arm",
                "category": "cost_optimized",
                "cores": 2,
                "cpu_type": "shared",
                "deprecation_announced": "",
                "description": "CAX11",
                "disk": 40,
                "id": 45,
                "included_traffic": 0,
                "is_deprecated": false,
                "locations": [
                  {
                    "deprecation_announced": "",
                    "id": 1,
                    "is_deprecated": false,
                    "name": "fsn1",
                    "unavailable_after": ""
                  },
                  {
                    "deprecation_announced": "",
                    "id": 2,
                    "is_deprecated": false,
                    "name": "nbg1",
                    "unavailable_after": ""
                  },
                  {
                    "deprecation_announced": "",
                    "id": 3,
                    "is_deprecated": false,
                    "name": "hel1",
                    "unavailable_after": ""
                  }
                ],
                "memory": 4,
                "name": "cax11",
                "storage_type": "local",
                "unavailable_after": ""
              },
              {
                "architecture": "arm",
                "category": "cost_optimized",
                "cores": 4,
                "cpu_type": "shared",
                "deprecation_announced": "",
                "description": "CAX21",
                "disk": 80,
                "id": 93,
                "included_traffic": 0,
                "is_deprecated": false,
                "locations": [
                  {
                    "deprecation_announced": "",
                    "id": 1,
                    "is_deprecated": false,
                    "name": "fsn1",
                    "unavailable_after": ""
                  },
                  {
                    "deprecation_announced": "",
                    "id": 2,
                    "is_deprecated": false,
                    "name": "nbg1",
                    "unavailable_after": ""
                  },
                  {
                    "deprecation_announced": "",
                    "id": 3,
                    "is_deprecated": false,
                    "name": "hel1",
                    "unavailable_after": ""
                  }
                ],
                "memory": 8,
                "name": "cax21",
                "storage_type": "local",
                "unavailable_after": ""
              },
              {
                "architecture": "arm",
                "category": "cost_optimized",
                "cores": 8,
                "cpu_type": "shared",
                "deprecation_announced": "",
                "description": "CAX31",
                "disk": 160,
                "id": 94,
                "included_traffic": 0,
                "is_deprecated": false,
                "locations": [
                  {
                    "deprecation_announced": "",
                    "id": 1,
                    "is_deprecated": false,
                    "name": "fsn1",
                    "unavailable_after": ""
                  },
                  {
                    "deprecation_announced": "",
                    "id": 2,
                    "is_deprecated": false,
                    "name": "nbg1",
                    "unavailable_after": ""
                  },
                  {
                    "deprecation_announced": "",
                    "id": 3,
                    "is_deprecated": false,
                    "name": "hel1",
                    "unavailable_after": ""
                  }
                ],
                "memory": 16,
                "name": "cax31",
                "storage_type": "local",
                "unavailable_after": ""
              },
              {
                "architecture": "arm",
                "category": "cost_optimized",
                "cores": 16,
                "cpu_type": "shared",
                "deprecation_announced": "",
                "description": "CAX41",
                "disk": 320,
                "id": 95,
                "included_traffic": 0,
                "is_deprecated": false,
                "locations": [
                  {
                    "deprecation_announced": "",
                    "id": 1,
                    "is_deprecated": false,
                    "name": "fsn1",
                    "unavailable_after": ""
                  },
                  {
                    "deprecation_announced": "",
                    "id": 2,
                    "is_deprecated": false,
                    "name": "nbg1",
                    "unavailable_after": ""
                  },
                  {
                    "deprecation_announced": "",
                    "id": 3,
                    "is_deprecated": false,
                    "name": "hel1",
                    "unavailable_after": ""
                  }
                ],
                "memory": 32,
                "name": "cax41",
                "storage_type": "local",
                "unavailable_after": ""
              },
              {
                "architecture": "x86",
                "category": "general_purpose",
                "cores": 2,
                "cpu_type": "dedicated",
                "deprecation_announced": "",
                "description": "CCX13 Dedicated CPU",
                "disk": 80,
                "id": 96,
                "included_traffic": 0,
                "is_deprecated": false,
                "locations": [
                  {
                    "deprecation_announced": "",
                    "id": 1,
                    "is_deprecated": false,
                    "name": "fsn1",
                    "unavailable_after": ""
                  },
                  {
                    "deprecation_announced": "",
                    "id": 2,
                    "is_deprecated": false,
                    "name": "nbg1",
                    "unavailable_after": ""
                  },
                  {
                    "deprecation_announced": "",
                    "id": 3,
                    "is_deprecated": false,
                    "name": "hel1",
                    "unavailable_after": ""
                  },
                  {
                    "deprecation_announced": "",
                    "id": 4,
                    "is_deprecated": false,
                    "name": "ash",
                    "unavailable_after": ""
                  },
                  {
                    "deprecation_announced": "",
                    "id": 5,
                    "is_deprecated": false,
                    "name": "hil",
                    "unavailable_after": ""
                  },
                  {
                    "deprecation_announced": "",
                    "id": 6,
                    "is_deprecated": false,
                    "name": "sin",
                    "unavailable_after": ""
                  }
                ],
                "memory": 8,
                "name": "ccx13",
                "storage_type": "local",
                "unavailable_after": ""
              },
              {
                "architecture": "x86",
                "category": "general_purpose",
                "cores": 4,
                "cpu_type": "dedicated",
                "deprecation_announced": "",
                "description": "CCX23 Dedicated CPU",
                "disk": 160,
                "id": 97,
                "included_traffic": 0,
                "is_deprecated": false,
                "locations": [
                  {
                    "deprecation_announced": "",
                    "id": 1,
                    "is_deprecated": false,
                    "name": "fsn1",
                    "unavailable_after": ""
                  },
                  {
                    "deprecation_announced": "",
                    "id": 2,
                    "is_deprecated": false,
                    "name": "nbg1",
                    "unavailable_after": ""
                  },
                  {
                    "deprecation_announced": "",
                    "id": 3,
                    "is_deprecated": false,
                    "name": "hel1",
                    "unavailable_after": ""
                  },
                  {
                    "deprecation_announced": "",
                    "id": 4,
                    "is_deprecated": false,
                    "name": "ash",
                    "unavailable_after": ""
                  },
                  {
                    "deprecation_announced": "",
                    "id": 5,
                    "is_deprecated": false,
                    "name": "hil",
                    "unavailable_after": ""
                  },
                  {
                    "deprecation_announced": "",
                    "id": 6,
                    "is_deprecated": false,
                    "name": "sin",
                    "unavailable_after": ""
                  }
                ],
                "memory": 16,
                "name": "ccx23",
                "storage_type": "local",
                "unavailable_after": ""
              },
              {
                "architecture": "x86",
                "category": "general_purpose",
                "cores": 8,
                "cpu_type": "dedicated",
                "deprecation_announced": "",
                "description": "CCX33 Dedicated CPU",
                "disk": 240,
                "id": 98,
                "included_traffic": 0,
                "is_deprecated": false,
                "locations": [
                  {
                    "deprecation_announced": "",
                    "id": 1,
                    "is_deprecated": false,
                    "name": "fsn1",
                    "unavailable_after": ""
                  },
                  {
                    "deprecation_announced": "",
                    "id": 2,
                    "is_deprecated": false,
                    "name": "nbg1",
                    "unavailable_after": ""
                  },
                  {
                    "deprecation_announced": "",
                    "id": 3,
                    "is_deprecated": false,
                    "name": "hel1",
                    "unavailable_after": ""
                  },
                  {
                    "deprecation_announced": "",
                    "id": 4,
                    "is_deprecated": false,
                    "name": "ash",
                    "unavailable_after": ""
                  },
                  {
                    "deprecation_announced": "",
                    "id": 5,
                    "is_deprecated": false,
                    "name": "hil",
                    "unavailable_after": ""
                  },
                  {
                    "deprecation_announced": "",
                    "id": 6,
                    "is_deprecated": false,
                    "name": "sin",
                    "unavailable_after": ""
                  }
                ],
                "memory": 32,
                "name": "ccx33",
                "storage_type": "local",
                "unavailable_after": ""
              },
              {
                "architecture": "x86",
                "category": "general_purpose",
                "cores": 16,
                "cpu_type": "dedicated",
                "deprecation_announced": "",
                "description": "CCX43 Dedicated CPU",
                "disk": 360,
                "id": 99,
                "included_traffic": 0,
                "is_deprecated": false,
                "locations": [
                  {
                    "deprecation_announced": "",
                    "id": 1,
                    "is_deprecated": false,
                    "name": "fsn1",
                    "unavailable_after": ""
                  },
                  {
                    "deprecation_announced": "",
                    "id": 2,
                    "is_deprecated": false,
                    "name": "nbg1",
                    "unavailable_after": ""
                  },
                  {
                    "deprecation_announced": "",
                    "id": 3,
                    "is_deprecated": false,
                    "name": "hel1",
                    "unavailable_after": ""
                  },
                  {
                    "deprecation_announced": "",
                    "id": 4,
                    "is_deprecated": false,
                    "name": "ash",
                    "unavailable_after": ""
                  },
                  {
                    "deprecation_announced": "",
                    "id": 5,
                    "is_deprecated": false,
                    "name": "hil",
                    "unavailable_after": ""
                  },
                  {
                    "deprecation_announced": "",
                    "id": 6,
                    "is_deprecated": false,
                    "name": "sin",
                    "unavailable_after": ""
                  }
                ],
                "memory": 64,
                "name": "ccx43",
                "storage_type": "local",
                "unavailable_after": ""
              },
              {
                "architecture": "x86",
                "category": "general_purpose",
                "cores": 32,
                "cpu_type": "dedicated",
                "deprecation_announced": "",
                "description": "CCX53 Dedicated CPU",
                "disk": 600,
                "id": 100,
                "included_traffic": 0,
                "is_deprecated": false,
                "locations": [
                  {
                    "deprecation_announced": "",
                    "id": 1,
                    "is_deprecated": false,
                    "name": "fsn1",
                    "unavailable_after": ""
                  },
                  {
                    "deprecation_announced": "",
                    "id": 2,
                    "is_deprecated": false,
                    "name": "nbg1",
                    "unavailable_after": ""
                  },
                  {
                    "deprecation_announced": "",
                    "id": 3,
                    "is_deprecated": false,
                    "name": "hel1",
                    "unavailable_after": ""
                  },
                  {
                    "deprecation_announced": "",
                    "id": 4,
                    "is_deprecated": false,
                    "name": "ash",
                    "unavailable_after": ""
                  },
                  {
                    "deprecation_announced": "",
                    "id": 5,
                    "is_deprecated": false,
                    "name": "hil",
                    "unavailable_after": ""
                  },
                  {
                    "deprecation_announced": "",
                    "id": 6,
                    "is_deprecated": false,
                    "name": "sin",
                    "unavailable_after": ""
                  }
                ],
                "memory": 128,
                "name": "ccx53",
                "storage_type": "local",
                "unavailable_after": ""
              },
              {
                "architecture": "x86",
                "category": "general_purpose",
                "cores": 48,
                "cpu_type": "dedicated",
                "deprecation_announced": "",
                "description": "CCX63 Dedicated CPU",
                "disk": 960,
                "id": 101,
                "included_traffic": 0,
                "is_deprecated": false,
                "locations": [
                  {
                    "deprecation_announced": "",
                    "id": 1,
                    "is_deprecated": false,
                    "name": "fsn1",
                    "unavailable_after": ""
                  },
                  {
                    "deprecation_announced": "",
                    "id": 2,
                    "is_deprecated": false,
                    "name": "nbg1",
                    "unavailable_after": ""
                  },
                  {
                    "deprecation_announced": "",
                    "id": 3,
                    "is_deprecated": false,
                    "name": "hel1",
                    "unavailable_after": ""
                  },
                  {
                    "deprecation_announced": "",
                    "id": 4,
                    "is_deprecated": false,
                    "name": "ash",
                    "unavailable_after": ""
                  },
                  {
                    "deprecation_announced": "",
                    "id": 5,
                    "is_deprecated": false,
                    "name": "hil",
                    "unavailable_after": ""
                  },
                  {
                    "deprecation_announced": "",
                    "id": 6,
                    "is_deprecated": false,
                    "name": "sin",
                    "unavailable_after": ""
                  }
                ],
                "memory": 192,
                "name": "ccx63",
                "storage_type": "local",
                "unavailable_after": ""
              },
              {
                "architecture": "x86",
                "category": "cost_optimized",
                "cores": 2,
                "cpu_type": "shared",
                "deprecation_announced": "2025-10-16T06:00:00Z",
                "description": "CX22",
                "disk": 40,
                "id": 104,
                "included_traffic": 0,
                "is_deprecated": true,
                "locations": [
                  {
                    "deprecation_announced": "2025-10-16T06:00:00Z",
                    "id": 1,
                    "is_deprecated": true,
                    "name": "fsn1",
                    "unavailable_after": "2025-12-31T23:59:59Z"
                  },
                  {
                    "deprecation_announced": "2025-10-16T06:00:00Z",
                    "id": 2,
                    "is_deprecated": true,
                    "name": "nbg1",
                    "unavailable_after": "2025-12-31T23:59:59Z"
                  },
                  {
                    "deprecation_announced": "2025-10-16T06:00:00Z",
                    "id": 3,
                    "is_deprecated": true,
                    "name": "hel1",
                    "unavailable_after": "2025-12-31T23:59:59Z"
                  }
                ],
                "memory": 4,
                "name": "cx22",
                "storage_type": "local",
                "unavailable_after": "2025-12-31T23:59:59Z"
              },
              {
                "architecture": "x86",
                "category": "cost_optimized",
                "cores": 4,
                "cpu_type": "shared",
                "deprecation_announced": "2025-10-16T06:00:00Z",
                "description": "CX32",
                "disk": 80,
                "id": 105,
                "included_traffic": 0,
                "is_deprecated": true,
                "locations": [
                  {
                    "deprecation_announced": "2025-10-16T06:00:00Z",
                    "id": 1,
                    "is_deprecated": true,
                    "name": "fsn1",
                    "unavailable_after": "2025-12-31T23:59:59Z"
                  },
                  {
                    "deprecation_announced": "2025-10-16T06:00:00Z",
                    "id": 2,
                    "is_deprecated": true,
                    "name": "nbg1",
                    "unavailable_after": "2025-12-31T23:59:59Z"
                  },
                  {
                    "deprecation_announced": "2025-10-16T06:00:00Z",
                    "id": 3,
                    "is_deprecated": true,
                    "name": "hel1",
                    "unavailable_after": "2025-12-31T23:59:59Z"
                  }
                ],
                "memory": 8,
                "name": "cx32",
                "storage_type": "local",
                "unavailable_after": "2025-12-31T23:59:59Z"
              },
              {
                "architecture": "x86",
                "category": "cost_optimized",
                "cores": 8,
                "cpu_type": "shared",
                "deprecation_announced": "2025-10-16T06:00:00Z",
                "description": "CX42",
                "disk": 160,
                "id": 106,
                "included_traffic": 0,
                "is_deprecated": true,
                "locations": [
                  {
                    "deprecation_announced": "2025-10-16T06:00:00Z",
                    "id": 1,
                    "is_deprecated": true,
                    "name": "fsn1",
                    "unavailable_after": "2025-12-31T23:59:59Z"
                  },
                  {
                    "deprecation_announced": "2025-10-16T06:00:00Z",
                    "id": 2,
                    "is_deprecated": true,
                    "name": "nbg1",
                    "unavailable_after": "2025-12-31T23:59:59Z"
                  },
                  {
                    "deprecation_announced": "2025-10-16T06:00:00Z",
                    "id": 3,
                    "is_deprecated": true,
                    "name": "hel1",
                    "unavailable_after": "2025-12-31T23:59:59Z"
                  }
                ],
                "memory": 16,
                "name": "cx42",
                "storage_type": "local",
                "unavailable_after": "2025-12-31T23:59:59Z"
              },
              {
                "architecture": "x86",
                "category": "cost_optimized",
                "cores": 16,
                "cpu_type": "shared",
                "deprecation_announced": "2025-10-16T06:00:00Z",
                "description": "CX52",
                "disk": 320,
                "id": 107,
                "included_traffic": 0,
                "is_deprecated": true,
                "locations": [
                  {
                    "deprecation_announced": "2025-10-16T06:00:00Z",
                    "id": 1,
                    "is_deprecated": true,
                    "name": "fsn1",
                    "unavailable_after": "2025-12-31T23:59:59Z"
                  },
                  {
                    "deprecation_announced": "2025-10-16T06:00:00Z",
                    "id": 2,
                    "is_deprecated": true,
                    "name": "nbg1",
                    "unavailable_after": "2025-12-31T23:59:59Z"
                  },
                  {
                    "deprecation_announced": "2025-10-16T06:00:00Z",
                    "id": 3,
                    "is_deprecated": true,
                    "name": "hel1",
                    "unavailable_after": "2025-12-31T23:59:59Z"
                  }
                ],
                "memory": 32,
                "name": "cx52",
                "storage_type": "local",
                "unavailable_after": "2025-12-31T23:59:59Z"
              },
              {
                "architecture": "x86",
                "category": "regular_purpose",
                "cores": 1,
                "cpu_type": "shared",
                "deprecation_announced": "",
                "description": "CPX 12",
                "disk": 40,
                "id": 108,
                "included_traffic": 0,
                "is_deprecated": false,
                "locations": [
                  {
                    "deprecation_announced": "",
                    "id": 6,
                    "is_deprecated": false,
                    "name": "sin",
                    "unavailable_after": ""
                  }
                ],
                "memory": 2,
                "name": "cpx12",
                "storage_type": "local",
                "unavailable_after": ""
              },
              {
                "architecture": "x86",
                "category": "regular_purpose",
                "cores": 2,
                "cpu_type": "shared",
                "deprecation_announced": "",
                "description": "CPX 22",
                "disk": 80,
                "id": 109,
                "included_traffic": 0,
                "is_deprecated": false,
                "locations": [
                  {
                    "deprecation_announced": "",
                    "id": 1,
                    "is_deprecated": false,
                    "name": "fsn1",
                    "unavailable_after": ""
                  },
                  {
                    "deprecation_announced": "",
                    "id": 2,
                    "is_deprecated": false,
                    "name": "nbg1",
                    "unavailable_after": ""
                  },
                  {
                    "deprecation_announced": "",
                    "id": 3,
                    "is_deprecated": false,
                    "name": "hel1",
                    "unavailable_after": ""
                  },
                  {
                    "deprecation_announced": "",
                    "id": 6,
                    "is_deprecated": false,
                    "name": "sin",
                    "unavailable_after": ""
                  }
                ],
                "memory": 4,
                "name": "cpx22",
                "storage_type": "local",
                "unavailable_after": ""
              },
              {
                "architecture": "x86",
                "category": "regular_purpose",
                "cores": 4,
                "cpu_type": "shared",
                "deprecation_announced": "",
                "description": "CPX 32",
                "disk": 160,
                "id": 110,
                "included_traffic": 0,
                "is_deprecated": false,
                "locations": [
                  {
                    "deprecation_announced": "",
                    "id": 1,
                    "is_deprecated": false,
                    "name": "fsn1",
                    "unavailable_after": ""
                  },
                  {
                    "deprecation_announced": "",
                    "id": 2,
                    "is_deprecated": false,
                    "name": "nbg1",
                    "unavailable_after": ""
                  },
                  {
                    "deprecation_announced": "",
                    "id": 3,
                    "is_deprecated": false,
                    "name": "hel1",
                    "unavailable_after": ""
                  },
                  {
                    "deprecation_announced": "",
                    "id": 6,
                    "is_deprecated": false,
                    "name": "sin",
                    "unavailable_after": ""
                  }
                ],
                "memory": 8,
                "name": "cpx32",
                "storage_type": "local",
                "unavailable_after": ""
              },
              {
                "architecture": "x86",
                "category": "regular_purpose",
                "cores": 8,
                "cpu_type": "shared",
                "deprecation_announced": "",
                "description": "CPX 42",
                "disk": 320,
                "id": 111,
                "included_traffic": 0,
                "is_deprecated": false,
                "locations": [
                  {
                    "deprecation_announced": "",
                    "id": 1,
                    "is_deprecated": false,
                    "name": "fsn1",
                    "unavailable_after": ""
                  },
                  {
                    "deprecation_announced": "",
                    "id": 2,
                    "is_deprecated": false,
                    "name": "nbg1",
                    "unavailable_after": ""
                  },
                  {
                    "deprecation_announced": "",
                    "id": 3,
                    "is_deprecated": false,
                    "name": "hel1",
                    "unavailable_after": ""
                  },
                  {
                    "deprecation_announced": "",
                    "id": 6,
                    "is_deprecated": false,
                    "name": "sin",
                    "unavailable_after": ""
                  }
                ],
                "memory": 16,
                "name": "cpx42",
                "storage_type": "local",
                "unavailable_after": ""
              },
              {
                "architecture": "x86",
                "category": "regular_purpose",
                "cores": 12,
                "cpu_type": "shared",
                "deprecation_announced": "",
                "description": "CPX 52",
                "disk": 480,
                "id": 112,
                "included_traffic": 0,
                "is_deprecated": false,
                "locations": [
                  {
                    "deprecation_announced": "",
                    "id": 1,
                    "is_deprecated": false,
                    "name": "fsn1",
                    "unavailable_after": ""
                  },
                  {
                    "deprecation_announced": "",
                    "id": 2,
                    "is_deprecated": false,
                    "name": "nbg1",
                    "unavailable_after": ""
                  },
                  {
                    "deprecation_announced": "",
                    "id": 3,
                    "is_deprecated": false,
                    "name": "hel1",
                    "unavailable_after": ""
                  },
                  {
                    "deprecation_announced": "",
                    "id": 6,
                    "is_deprecated": false,
                    "name": "sin",
                    "unavailable_after": ""
                  }
                ],
                "memory": 24,
                "name": "cpx52",
                "storage_type": "local",
                "unavailable_after": ""
              },
              {
                "architecture": "x86",
                "category": "regular_purpose",
                "cores": 16,
                "cpu_type": "shared",
                "deprecation_announced": "",
                "description": "CPX 62",
                "disk": 640,
                "id": 113,
                "included_traffic": 0,
                "is_deprecated": false,
                "locations": [
                  {
                    "deprecation_announced": "",
                    "id": 1,
                    "is_deprecated": false,
                    "name": "fsn1",
                    "unavailable_after": ""
                  },
                  {
                    "deprecation_announced": "",
                    "id": 2,
                    "is_deprecated": false,
                    "name": "nbg1",
                    "unavailable_after": ""
                  },
                  {
                    "deprecation_announced": "",
                    "id": 3,
                    "is_deprecated": false,
                    "name": "hel1",
                    "unavailable_after": ""
                  },
                  {
                    "deprecation_announced": "",
                    "id": 6,
                    "is_deprecated": false,
                    "name": "sin",
                    "unavailable_after": ""
                  }
                ],
                "memory": 32,
                "name": "cpx62",
                "storage_type": "local",
                "unavailable_after": ""
              },
              {
                "architecture": "x86",
                "category": "cost_optimized",
                "cores": 2,
                "cpu_type": "shared",
                "deprecation_announced": "",
                "description": "CX 23",
                "disk": 40,
                "id": 114,
                "included_traffic": 0,
                "is_deprecated": false,
                "locations": [
                  {
                    "deprecation_announced": "",
                    "id": 1,
                    "is_deprecated": false,
                    "name": "fsn1",
                    "unavailable_after": ""
                  },
                  {
                    "deprecation_announced": "",
                    "id": 2,
                    "is_deprecated": false,
                    "name": "nbg1",
                    "unavailable_after": ""
                  },
                  {
                    "deprecation_announced": "",
                    "id": 3,
                    "is_deprecated": false,
                    "name": "hel1",
                    "unavailable_after": ""
                  }
                ],
                "memory": 4,
                "name": "cx23",
                "storage_type": "local",
                "unavailable_after": ""
              },
              {
                "architecture": "x86",
                "category": "cost_optimized",
                "cores": 4,
                "cpu_type": "shared",
                "deprecation_announced": "",
                "description": "CX 33",
                "disk": 80,
                "id": 115,
                "included_traffic": 0,
                "is_deprecated": false,
                "locations": [
                  {
                    "deprecation_announced": "",
                    "id": 1,
                    "is_deprecated": false,
                    "name": "fsn1",
                    "unavailable_after": ""
                  },
                  {
                    "deprecation_announced": "",
                    "id": 2,
                    "is_deprecated": false,
                    "name": "nbg1",
                    "unavailable_after": ""
                  },
                  {
                    "deprecation_announced": "",
                    "id": 3,
                    "is_deprecated": false,
                    "name": "hel1",
                    "unavailable_after": ""
                  }
                ],
                "memory": 8,
                "name": "cx33",
                "storage_type": "local",
                "unavailable_after": ""
              },
              {
                "architecture": "x86",
                "category": "cost_optimized",
                "cores": 8,
                "cpu_type": "shared",
                "deprecation_announced": "",
                "description": "CX 43",
                "disk": 160,
                "id": 116,
                "included_traffic": 0,
                "is_deprecated": false,
                "locations": [
                  {
                    "deprecation_announced": "",
                    "id": 1,
                    "is_deprecated": false,
                    "name": "fsn1",
                    "unavailable_after": ""
                  },
                  {
                    "deprecation_announced": "",
                    "id": 2,
                    "is_deprecated": false,
                    "name": "nbg1",
                    "unavailable_after": ""
                  },
                  {
                    "deprecation_announced": "",
                    "id": 3,
                    "is_deprecated": false,
                    "name": "hel1",
                    "unavailable_after": ""
                  }
                ],
                "memory": 16,
                "name": "cx43",
                "storage_type": "local",
                "unavailable_after": ""
              },
              {
                "architecture": "x86",
                "category": "cost_optimized",
                "cores": 16,
                "cpu_type": "shared",
                "deprecation_announced": "",
                "description": "CX 53",
                "disk": 320,
                "id": 117,
                "included_traffic": 0,
                "is_deprecated": false,
                "locations": [
                  {
                    "deprecation_announced": "",
                    "id": 1,
                    "is_deprecated": false,
                    "name": "fsn1",
                    "unavailable_after": ""
                  },
                  {
                    "deprecation_announced": "",
                    "id": 2,
                    "is_deprecated": false,
                    "name": "nbg1",
                    "unavailable_after": ""
                  },
                  {
                    "deprecation_announced": "",
                    "id": 3,
                    "is_deprecated": false,
                    "name": "hel1",
                    "unavailable_after": ""
                  }
                ],
                "memory": 32,
                "name": "cx53",
                "storage_type": "local",
                "unavailable_after": ""
              }
            ]
          },
          "sensitive_attributes": []
        }
      ]
    },
    {
      "module": "module.tenant",
      "mode": "managed",
      "type": "cloudflare_dns_record",
      "name": "faraday",
      "provider": "module.tenant.provider[\"registry.terraform.io/cloudflare/cloudflare\"]",
      "instances": [
        {
          "schema_version": 0,
          "attributes": {
            "comment": null,
            "comment_modified_on": null,
            "content": "157.180.88.232",
            "created_on": "2025-10-20T11:40:36Z",
            "data": null,
            "id": "9561e681371186f700e14922026423bb",
            "meta": "{}",
            "modified_on": "2025-10-20T11:40:36Z",
            "name": "faraday.demo.spm.openshield.io",
            "priority": null,
            "proxiable": true,
            "proxied": false,
            "settings": {
              "flatten_cname": null,
              "ipv4_only": null,
              "ipv6_only": null
            },
            "tags": [],
            "tags_modified_on": null,
            "ttl": 3600,
            "type": "A",
            "zone_id": "f92c4f6137dffe0e40aa658cc70e3fa8"
          },
          "sensitive_attributes": [],
          "dependencies": [
            "module.tenant.data.cloudflare_zone.openshield",
            "module.tenant.data.hcloud_server_type.selected",
            "module.tenant.data.hcloud_server_types.all",
            "module.tenant.hcloud_server.tenant_server",
            "module.tenant.hcloud_ssh_key.ssh_key",
            "module.tenant.tls_private_key.ssh_key"
          ]
        }
      ]
    },
    {
      "module": "module.tenant",
      "mode": "managed",
      "type": "hcloud_server",
      "name": "tenant_server",
      "provider": "module.tenant.provider[\"registry.terraform.io/hetznercloud/hcloud\"]",
      "instances": [
        {
          "schema_version": 0,
          "attributes": {
            "allow_deprecated_images": false,
            "backup_window": "",
            "backups": false,
            "datacenter": "hel1-dc2",
            "delete_protection": false,
            "firewall_ids": [],
            "id": "111162438",
            "ignore_remote_firewall_ids": false,
            "image": "ubuntu-22.04",
            "ipv4_address": "157.180.88.232",
            "ipv6_address": "2a01:4f9:c013:feed::1",
            "ipv6_network": "2a01:4f9:c013:feed::/64",
            "iso": null,
            "keep_disk": false,
            "labels": {
              "solution": "spm",
              "tenant": "demo"
            },
            "location": "hel1",
            "name": "spm-tenant-demo",
            "network": [],
            "placement_group_id": 0,
            "primary_disk_size": 80,
            "public_net": [],
            "rebuild_protection": false,
            "rescue": null,
            "server_type": "cpx21",
            "shutdown_before_deletion": false,
            "ssh_keys": [
              "103297693"
            ],
            "status": "running",
            "timeouts": null,
            "user_data": "pRG6k1HjUv55a3MZgitFzZ/+aI4="
          },
          "sensitive_attributes": [],
          "private": "eyJlMmJmYjczMC1lY2FhLTExZTYtOGY4OC0zNDM2M2JjN2M0YzAiOnsiY3JlYXRlIjo1NDAwMDAwMDAwMDAwfX0=",
          "dependencies": [
            "module.tenant.data.hcloud_server_type.selected",
            "module.tenant.data.hcloud_server_types.all",
            "module.tenant.hcloud_ssh_key.ssh_key",
            "module.tenant.tls_private_key.ssh_key"
          ]
        }
      ]
    },
    {
      "module": "module.tenant",
      "mode": "managed",
      "type": "hcloud_ssh_key",
      "name": "ssh_key",
      "provider": "module.tenant.provider[\"registry.terraform.io/hetznercloud/hcloud\"]",
      "instances": [
        {
          "schema_version": 0,
          "attributes": {
            "fingerprint": "f6:7e:f7:d9:50:18:01:6a:e0:31:7e:ef:fb:25:cc:af",
            "id": "103297693",
            "labels": {
              "solution": "spm",
              "tenant": "demo"
            },
            "name": "demo-ssh-key",
            "public_key": "ssh-rsa AAAAB3NzaC1yc2EAAAADAQABAAACAQDyGYNSSUh3SYpw0suzjPb13vT/+wViFWKgTdVYPjb8MbM3+f0v9iAfgtB0NscJPkD3Njlz9SpqlPFBTwl2DqCPhfXQfFDiN34Ca+O8hubJzMfaZnoR5u7G12BVABbh21ejbBmN00aDv7ty7OGIxzLa/kyc4EVBDSj79XafslNCxMporvueqQZ7VIbcc/UMUbHdrmgWk13ftsmbOoXnVRnxXI5LUxjtitQq+IHGjJiXlu1CeB0NvQXr6+PPLB+ZDFK5vXPwJjAPGQNNiI3LBK/Y6iv/suO+TFOp28GWLW1pGo1vNuvM3Lr3q5JskasAQfm7rQZ/ivc5VdQgP8/4dktWK/K/25173e58R56v8UVvfpYXC/PRt61ad8Cvl5eF4zb3YlQxOFHyjgk/BFam8DTDYHCQy63kVoyEuxqn3u3xsOfwqc51FWU491eMAc+YydozsLI8GfEKLl7p8UVco+dfSTvPa2MpkFLt3D9TndUkfTlxNl6DBnSIrvxjNIpczysAP8ORjlmTotJsf8et/0mnVo90E6o+oQSV18rqyGcBti28mscY0ROeeuh1jOwnimGy34NM2kjgqYLscq5VccI7qW5H6V6kY7e2MWfh7HVDgeFDWsyuAowBDnvnmR1ttCyxuBXFUfRSWNtSLXIg9c+d6y8cO06ahV+iUMMbQ6TeUQ==\n"
          },
          "sensitive_attributes": [],
          "dependencies": [
            "module.tenant.tls_private_key.ssh_key"
          ]
        }
      ]
    },
    {
      "module": "module.tenant",
      "mode": "managed",
      "type": "hcloud_volume",
      "name": "tenant_volume",
      "provider": "module.tenant.provider[\"registry.terraform.io/hetznercloud/hcloud\"]",
      "instances": [
        {
          "schema_version": 0,
          "attributes": {
            "automount": true,
            "delete_protection": false,
            "format": "ext4",
            "id": "103775577",
            "labels": {
              "solution": "spm",
              "tenant": "demo"
            },
            "linux_device": "/dev/disk/by-id/scsi-0HC_Volume_103775577",
            "location": "hel1",
            "name": "spm-tenant-demo-volume",
            "server_id": 111162438,
            "size": 50
          },
          "sensitive_attributes": [],
          "private": "bnVsbA==",
          "dependencies": [
            "module.tenant.data.hcloud_server_type.selected",
            "module.tenant.data.hcloud_server_types.all",
            "module.tenant.hcloud_server.tenant_server",
            "module.tenant.hcloud_ssh_key.ssh_key",
            "module.tenant.tls_private_key.ssh_key"
          ]
        }
      ]
    },
    {
      "module": "module.tenant",
      "mode": "managed",
      "type": "local_file",
      "name": "configure_faraday_nginx_sh",
      "provider": "provider[\"registry.terraform.io/hashicorp/local\"]",
      "instances": [
        {
          "schema_version": 0,
          "attributes": {
            "content": "#!/usr/bin/env bash\n\necho \"Configuring Nginx for Faraday...\"\n\n# Request LetsEncrypt certificate for the domain\nsudo certbot certonly --nginx -d faraday.demo.spm.openshield.io --non-interactive --agree-tos -m certbot@cyberdef.cc --redirect | sudo tee /opt/faraday/certbot.log 2\u003e\u00261\n\n# Extract certificate and key paths\nCERT_PATH=$(grep -iE 'certificate is saved at:' /opt/faraday/certbot.log | awk '{print $5}')\nKEY_PATH=$(grep -iE 'key is saved at:' /opt/faraday/certbot.log | awk '{print $5}')\nif [ -z \"$CERT_PATH\" ] || [ -z \"$KEY_PATH\" ]; then\n    echo \"Failed to obtain SSL certificate. Check certbot log at /opt/faraday/certbot.log\"\n    exit 1\nfi\n\n# Generate Nginx configuration for Faraday\necho y | sudo faraday-manage generate-nginx-config --fqdn faraday.demo.spm.openshield.io --port 5985 --ws-port 9000 --ssl-certificate $CERT_PATH --ssl-key $KEY_PATH | awk 'BEGIN{p=0} /^.*NGINX Config$/{getline; getline; p=1} p{print}' | sudo tee /opt/faraday/faraday.conf 2\u003e\u00261\n\n# Move the generated config to Nginx sites-available\nsudo mv /opt/faraday/faraday.conf /etc/nginx/sites-available/faraday.conf\nsudo ln -sf /etc/nginx/sites-available/faraday.conf /etc/nginx/sites-enabled/faraday.conf\n\n# Test Nginx configuration\nsudo nginx -t\nif [ $? -ne 0 ]; then\n    echo \"Nginx configuration test failed. Please check the configuration file.\"\n    exit 1\nfi\n\n# Wait until no jobs for systemd-sysctl remain\nwhile systemctl list-jobs | grep -q systemd-sysctl; do sleep 1; done\n\n# Reload Nginx to apply the new configuration\nsudo systemctl reload nginx",
            "content_base64": null,
            "content_base64sha256": "zReJ6++nprJvqKbpcrbrCRqcb7Vt/Gg/WtZFkJdx9fE=",
            "content_base64sha512": "yNFmfuaYhcCKQ9WmKmz/1Jn4YaTjfLOAcJzTJPNMa1Elw5aOhndY8wA9ADn5y8BNCNcaxAOWoeL6GAzKWr87Vw==",
            "content_md5": "b534f353eb32e59fcb9678a99660004a",
            "content_sha1": "2a7258cf017d8aeb1db86048887cc12f02460efe",
            "content_sha256": "cd1789ebefa7a6b26fa8a6e972b6eb091a9c6fb56dfc683f5ad645909771f5f1",
            "content_sha512": "c8d1667ee69885c08a43d5a62a6cffd499f861a4e37cb380709cd324f34c6b5125c3968e867758f3003d0039f9cbc04d08d71ac40396a1e2fa180cca5abf3b57",
            "directory_permission": "0777",
            "file_permission": "0777",
            "filename": "modules/tenant/_rendered/configure-faraday-nginx.sh",
            "id": "2a7258cf017d8aeb1db86048887cc12f02460efe",
            "sensitive_content": null,
            "source": null
          },
          "sensitive_attributes": []
        }
      ]
    },
    {
      "module": "module.tenant",
      "mode": "managed",
      "type": "local_file",
      "name": "install_faraday_sh",
      "provider": "provider[\"registry.terraform.io/hashicorp/local\"]",
      "instances": [
        {
          "schema_version": 0,
          "attributes": {
            "content": "# !/bin/bash\n\n# A helper script to install Faraday on an Ubuntu server.\n# OS: Ubuntu 20.04 or later\n# Usage: ./install-faraday.sh \u003cVERSION|latest\u003e\n# Example: ./install-faraday.sh latest\n#\n# Author: YordanOpenShield\n\necho \"Starting Faraday installation...\"\n\n# Create necessary directories\nsudo mkdir -p /opt/faraday\ncd /opt/faraday\n\n# Get latest version tag\nVERSION=latest\nif [ -z \"$VERSION\" ] || [ \"$VERSION\" = \"latest\" ]; then\n  echo \"Fetching latest Faraday release from GitHub...\"\n  # prefer jq if available\n  if command -v jq \u003e/dev/null 2\u003e\u00261; then\n    VERSION=$(curl -s https://api.github.com/repos/infobyte/faraday/releases/latest | jq -r .tag_name)\n  else\n    VERSION=$(curl -s https://api.github.com/repos/infobyte/faraday/releases/latest | grep -oP '\"tag_name\":\\s*\"\\K(.*)(?=\")' || true)\n  fi\n\n  if [ -z \"$VERSION\" ]; then\n    echo \"Failed to determine latest Faraday version.\"\n    exit 1\n  fi\n  echo \"Latest version is $VERSION\"\nfi\n\n# Download Faraday\nsudo wget https://github.com/infobyte/faraday/releases/download/$VERSION/faraday-server_amd64.deb\n\n# Wait until no jobs for systemd-sysctl remain\nwhile systemctl list-jobs | grep -q systemd-sysctl; do sleep 1; done\n\n# Make sure dependencies are installed\nsudo apt-get install -y postgresql redis python3 python3-pip\n\n# Wait until no jobs for systemd-sysctl remain\nwhile systemctl list-jobs | grep -q systemd-sysctl; do sleep 1; done\n\n# Install Faraday\nsudo apt install -f /opt/faraday/faraday-server_amd64.deb -y\n\n# Add current user to faraday group\nsudo usermod -aG faraday $(whoami)\n\n# Initialize Faraday database\nsudo faraday-manage initdb\n\n# Change faraday's admin password\nsudo faraday-manage change-password --username faraday --password F17WKQVKhkNnWZ1z\n\n# Wait until no jobs for systemd-sysctl remain\nwhile systemctl list-jobs | grep -q systemd-sysctl; do sleep 1; done\n\n# Reload systemd to recognize Faraday services\nsudo systemctl daemon-reload\n\n# Start and enable Faraday services\nsudo systemctl start faraday-server\nsudo systemctl enable faraday-server\n\nsudo systemctl start faraday-worker\nsudo systemctl enable faraday-worker\n\n# Make sure Faraday is running\nif systemctl is-active --quiet faraday-server; then\n    echo \"Faraday server is running.\"\nelse\n    echo \"Faraday server failed to start.\"\n    exit 1\nfi",
            "content_base64": null,
            "content_base64sha256": "uGgAm4tizf0RdLjeEfskvFiPxyjmSGgAFAlph0oBzNc=",
            "content_base64sha512": "XqF1u5AKJCnwqBjfdvV2Gm4jnUAXsc/Ycwxg5S4/OCM5nB6v80r08Cd6O0lt+Y/zs30AW5dgOCU12ejZtjdRXQ==",
            "content_md5": "573021c2bbcd90a3cb5b35749057ba42",
            "content_sha1": "90fa219531f300ccc6cd01391d2949f8ec2ed95c",
            "content_sha256": "b868009b8b62cdfd1174b8de11fb24bc588fc728e6486800140969874a01ccd7",
            "content_sha512": "5ea175bb900a2429f0a818df76f5761a6e239d4017b1cfd8730c60e52e3f3823399c1eaff34af4f0277a3b496df98ff3b37d005b9760382535d9e8d9b637515d",
            "directory_permission": "0777",
            "file_permission": "0777",
            "filename": "modules/tenant/_rendered/install-faraday.sh",
            "id": "90fa219531f300ccc6cd01391d2949f8ec2ed95c",
            "sensitive_content": null,
            "source": null
          },
          "sensitive_attributes": [
            [
              {
                "type": "get_attr",
                "value": "content"
              }
            ]
          ],
          "dependencies": [
            "module.tenant.random_password.faraday_password"
          ]
        }
      ]
    },
    {
      "module": "module.tenant",
      "mode": "managed",
      "type": "local_file",
      "name": "install_nginx_sh",
      "provider": "provider[\"registry.terraform.io/hashicorp/local\"]",
      "instances": [
        {
          "schema_version": 0,
          "attributes": {
            "content": "# !/bin/bash\n\necho \"Starting Nginx installation...\"\n\n# Wait until no jobs for systemd-sysctl remain\nwhile systemctl list-jobs | grep -q systemd-sysctl; do sleep 1; done\n\n# Install Nginx\nsudo apt install -y nginx\nsudo systemctl start nginx\nsudo systemctl enable nginx\n\n# Wait until no jobs for systemd-sysctl remain\nwhile systemctl list-jobs | grep -q systemd-sysctl; do sleep 1; done\n\n# Install certbot\nsudo apt install -y certbot python3-certbot-nginx\n\n# Adjust firewall to allow HTTP and HTTPS traffic\nsudo ufw allow http\nsudo ufw allow https",
            "content_base64": null,
            "content_base64sha256": "o4919IRfA5pOJeO7QoJD7ZxvTpydXFrk0+oPt/Lmwho=",
            "content_base64sha512": "rCkMXeyJ5UkcPvYhmyJPdJkexRED4JFQ4QNVYDaSR+BMGLsfYSIOZSAFCIPFUh19FirQUAxUhQd9LKItW0GQsA==",
            "content_md5": "e0c94e4b2e8b33c6f7489a8a6582c76f",
            "content_sha1": "5682968225ad55134c8c4bd36eda4b6e67362f53",
            "content_sha256": "a38f75f4845f039a4e25e3bb428243ed9c6f4e9c9d5c5ae4d3ea0fb7f2e6c21a",
            "content_sha512": "ac290c5dec89e5491c3ef6219b224f74991ec51103e09150e1035560369247e04c18bb1f61220e6520050883c5521d7d162ad0500c5485077d2ca22d5b4190b0",
            "directory_permission": "0777",
            "file_permission": "0777",
            "filename": "modules/tenant/_rendered/install-nginx.sh",
            "id": "5682968225ad55134c8c4bd36eda4b6e67362f53",
            "sensitive_content": null,
            "source": null
          },
          "sensitive_attributes": []
        }
      ]
    },
    {
      "module": "module.tenant",
      "mode": "managed",
      "type": "null_resource",
      "name": "provision_faraday_scripts",
      "provider": "provider[\"registry.terraform.io/hashicorp/null\"]",
      "instances": [
        {
          "schema_version": 0,
          "attributes": {
            "id": "8537665506701847572",
            "triggers": {
              "always_run": "2025-10-20T11:54:25Z"
            }
          },
          "sensitive_attributes": [],
          "dependencies": [
            "module.tenant.cloudflare_dns_record.faraday",
            "module.tenant.hcloud_server.tenant_server",
            "module.tenant.hcloud_volume.tenant_volume",
            "module.tenant.local_file.configure_faraday_nginx_sh",
            "module.tenant.local_file.install_faraday_sh",
            "module.tenant.local_file.install_nginx_sh",
            "module.tenant.random_password.faraday_password",
            "module.tenant.tls_private_key.ssh_key"
          ]
        }
      ]
    },
    {
      "module": "module.tenant",
      "mode": "managed",
      "type": "random_password",
      "name": "faraday_password",
      "provider": "provider[\"registry.terraform.io/hashicorp/random\"]",
      "instances": [
        {
          "schema_version": 3,
          "attributes": {
            "bcrypt_hash": "$2a$10$r0J/TI.Pgcv7wGKR5usOGu9n809eK0Tp1V8LNFbT.H59RoxoHzw6C",
            "id": "none",
            "keepers": null,
            "length": 16,
            "lower": true,
            "min_lower": 0,
            "min_numeric": 0,
            "min_special": 0,
            "min_upper": 0,
            "number": true,
            "numeric": true,
            "override_special": "_%@",
            "result": "F17WKQVKhkNnWZ1z",
            "special": true,
            "upper": true
          },
          "sensitive_attributes": []
        }
      ]
    },
    {
      "module": "module.tenant",
      "mode": "managed",
      "type": "tls_private_key",
      "name": "ssh_key",
      "provider": "provider[\"registry.terraform.io/hashicorp/tls\"]",
      "instances": [
        {
          "schema_version": 1,
          "attributes": {
            "algorithm": "RSA",
            "ecdsa_curve": "P224",
            "id": "53915ad688859ea07fdc4ef3b9145b027ab71981",
            "private_key_openssh": "-----BEGIN OPENSSH PRIVATE KEY-----\nb3BlbnNzaC1rZXktdjEAAAAABG5vbmUAAAAEbm9uZQAAAAAAAAABAAACFwAAAAdz\nc2gtcnNhAAAAAwEAAQAAAgEA8hmDUklId0mKcNLLs4z29d70//sFYhVioE3VWD42\n/DGzN/n9L/YgH4LQdDbHCT5A9zY5c/UqapTxQU8Jdg6gj4X10HxQ4jd+AmvjvIbm\nyczH2mZ6EebuxtdgVQAW4dtXo2wZjdNGg7+7cuzhiMcy2v5MnOBFQQ0o+/V2n7JT\nQsTKaK77nqkGe1SG3HP1DFGx3a5oFpNd37bJmzqF51UZ8VyOS1MY7YrUKviBxoyY\nl5btQngdDb0F6+vjzywfmQxSub1z8CYwDxkDTYiNywSv2Oor/7LjvkxTqdvBli1t\naRqNbzbrzNy696uSbJGrAEH5u60Gf4r3OVXUID/P+HZLVivyv9ude93ufEeer/FF\nb36WFwvz0betWnfAr5eXheM292JUMThR8o4JPwRWpvA0w2BwkMut5FaMhLsap97t\n8bDn8KnOdRVlOPdXjAHPmMnaM7CyPBnxCi5e6fFFXKPnX0k7z2tjKZBS7dw/U53V\nJH05cTZegwZ0iK78YzSKXM8rAD/DkY5Zk6LSbH/Hrf9Jp1aPdBOqPqEEldfK6shn\nAbYtvJrHGNETnnrodYzsJ4phst+DTNpI4KmC7HKuVXHCO6luR+lepGO3tjFn4ex1\nQ4HhQ1rMrgKMAQ5755kdbbQssbgVxVH0UljbUi1yIPXPnesvHDtOmoVfolDDG0Ok\n3lEAAAc4k0Lec5NC3nMAAAAHc3NoLXJzYQAAAgEA8hmDUklId0mKcNLLs4z29d70\n//sFYhVioE3VWD42/DGzN/n9L/YgH4LQdDbHCT5A9zY5c/UqapTxQU8Jdg6gj4X1\n0HxQ4jd+AmvjvIbmyczH2mZ6EebuxtdgVQAW4dtXo2wZjdNGg7+7cuzhiMcy2v5M\nnOBFQQ0o+/V2n7JTQsTKaK77nqkGe1SG3HP1DFGx3a5oFpNd37bJmzqF51UZ8VyO\nS1MY7YrUKviBxoyYl5btQngdDb0F6+vjzywfmQxSub1z8CYwDxkDTYiNywSv2Oor\n/7LjvkxTqdvBli1taRqNbzbrzNy696uSbJGrAEH5u60Gf4r3OVXUID/P+HZLVivy\nv9ude93ufEeer/FFb36WFwvz0betWnfAr5eXheM292JUMThR8o4JPwRWpvA0w2Bw\nkMut5FaMhLsap97t8bDn8KnOdRVlOPdXjAHPmMnaM7CyPBnxCi5e6fFFXKPnX0k7\nz2tjKZBS7dw/U53VJH05cTZegwZ0iK78YzSKXM8rAD/DkY5Zk6LSbH/Hrf9Jp1aP\ndBOqPqEEldfK6shnAbYtvJrHGNETnnrodYzsJ4phst+DTNpI4KmC7HKuVXHCO6lu\nR+lepGO3tjFn4ex1Q4HhQ1rMrgKMAQ5755kdbbQssbgVxVH0UljbUi1yIPXPnesv\nHDtOmoVfolDDG0Ok3lEAAAADAQABAAACAAXhdJpoK8xepbAnD/948NsY6ELF3kQF\n6Mr5NlxfSdbMk+x2lChuVipAc0pOC1MlkePqC1wOTD0MXaOHD9/a1ppt4qzxXBtG\nmvcO7QL8aY46J8TzFiDUXHVJhYOYYzXnbfn1q1WR2HsPn6DDcW4GXVf1neGgo/tY\nHmhSYSgwvMuDfAwuFfAXwyUgm5RZdQ4bIj1+2fSUbfm8Fv/AMeukL6NjKr9YfHjx\nVUUu8KNkm7nw7ACgP3UWOUGEDcOk8CaM+/8a2OkFhcd+xXZZwbdOUkGBXKy9yRZA\nrzaSHzdukTi18Py5gjb2yfbap3hKKIkde9C2e6Ys92OLOsIcHV6NFw2BHvBpik/C\n1sA5RohxIG0S3exksiGdu9DG1+p3DHVP7MEE267Ejt/82VTK7E4ruwqDKa+ojNFU\ng/2TWDvw7ECSvku145d3j9Tz4A4bvHH63uXEt9huDC8X9MFckoubQJHPEGzCsNnM\ng/b48XNDPq6pTU8mM7wiqTOhE8QVpg2owTl5hjxA3jK6ltLYx4WLfU+cImvpiAlr\nyYHNM0wzplqL/QLBiAFdSuXj3g+FwIwyGlmzzzBI7YS0GW5lgubIEMVPhPzMarNm\nD7ajAv8cmzfq9XjI78fTF1fD8IfXlX3NsdbGKCfrE445kV7mlW7F46PpEzL/ML21\nUiSOhpuvFsvtAAABAGNgPonJBKIYZcDntCP7CCT3LfKdt7zfeT4ICgy1y7a7SPQR\nJZ+aoCUPtz/jXNbT+cmik3ATp5Zrl682Rt7jrGfGnxpDCm9faKxFbL4MqGpMkkLs\nqo4Vr+tA8LyNHsfWa5aDjFyePwuSk63ESHwpuR2XOKCm/wT0tkROPpDVaAv9zKKf\nqNyNsDRX+HR5yrVIdVpis1I3KCGu/phkPy4br2Ohv3PwIXJuqAX17dtuUMt8K9xi\nzA60/v715g4O3Sp9l2Joj4h+tznyv81mHmetNIb/EjYkdTQuyuJay92gKQ+txhUY\nVHxtSq4YrWlt/8uBU5j1uddJOumRvwKsjI2d7KgAAAEBAPt4CJUfsLOGIKV+e/S9\nmhZ7QAWWCebwpi76AtDCSh3mOrZZajGwR/B4y6uFAfdcZ8QQs+8BOlsC7lkzXFps\nH3o3SZenppykXMwqgprmcBXXLh9v/hrlFfkyG1V0lTuLntazejwuRMZUeyPlrNFv\ndRpcRi33QeWlHJ7DbdWEoSMVmDPx21p/Qa+9t1FihkCjjqeAL324ioSJC1QSQeTV\nwX+7YZ8YR6yxjC8PXXgLcQWGc0gbua2sOh4ZwhiqaWnI8cRP45IoQgw9CMx6jHiR\nxlDoZnl6b4BGx1mgzNFN+pCUegy5sLSWp3Gshn42zjh05/K+PNMhtDRu4zQTo5BW\n5/UAAAEBAPZ2Qu5NqYgbE9b3ClLhnXorfuuxvdAokUgyFpVlPJEbkhsAZia7GCIJ\nK8/AMc+oD8gjGrkxPw5Cv5BC8F2E6tvdkSFoL8B+oTlyYFdez+kjyq2VaXkZMsEv\nwf/J8UPMgvttQCqXmBAURFctpk+5Co5UB5yw5+Td5vWqQ9kVapmYce+yY5homMSc\nbip9YsLW96i3ROo30091UncATdLtgxv4a5f6M39+pz8O1ibZx5TBjLqZjxvCHLWa\nNsG+ub4Llmv+DsbscKpcKHkucWdz9jNxN/EHuB36GHCcQxX3FNHFklP7mCmBNlkJ\nOWSIynP1GJ7/h1AYfidCpYQI1Qihz20AAAAAAQID\n-----END OPENSSH PRIVATE KEY-----\n",
            "private_key_pem": "-----BEGIN RSA PRIVATE KEY-----\nMIIJKAIBAAKCAgEA8hmDUklId0mKcNLLs4z29d70//sFYhVioE3VWD42/DGzN/n9\nL/YgH4LQdDbHCT5A9zY5c/UqapTxQU8Jdg6gj4X10HxQ4jd+AmvjvIbmyczH2mZ6\nEebuxtdgVQAW4dtXo2wZjdNGg7+7cuzhiMcy2v5MnOBFQQ0o+/V2n7JTQsTKaK77\nnqkGe1SG3HP1DFGx3a5oFpNd37bJmzqF51UZ8VyOS1MY7YrUKviBxoyYl5btQngd\nDb0F6+vjzywfmQxSub1z8CYwDxkDTYiNywSv2Oor/7LjvkxTqdvBli1taRqNbzbr\nzNy696uSbJGrAEH5u60Gf4r3OVXUID/P+HZLVivyv9ude93ufEeer/FFb36WFwvz\n0betWnfAr5eXheM292JUMThR8o4JPwRWpvA0w2BwkMut5FaMhLsap97t8bDn8KnO\ndRVlOPdXjAHPmMnaM7CyPBnxCi5e6fFFXKPnX0k7z2tjKZBS7dw/U53VJH05cTZe\ngwZ0iK78YzSKXM8rAD/DkY5Zk6LSbH/Hrf9Jp1aPdBOqPqEEldfK6shnAbYtvJrH\nGNETnnrodYzsJ4phst+DTNpI4KmC7HKuVXHCO6luR+lepGO3tjFn4ex1Q4HhQ1rM\nrgKMAQ5755kdbbQssbgVxVH0UljbUi1yIPXPnesvHDtOmoVfolDDG0Ok3lECAwEA\nAQKCAgAF4XSaaCvMXqWwJw//ePDbGOhCxd5EBejK+TZcX0nWzJPsdpQoblYqQHNK\nTgtTJZHj6gtcDkw9DF2jhw/f2taabeKs8VwbRpr3Du0C/GmOOifE8xYg1Fx1SYWD\nmGM152359atVkdh7D5+gw3FuBl1X9Z3hoKP7WB5oUmEoMLzLg3wMLhXwF8MlIJuU\nWXUOGyI9ftn0lG35vBb/wDHrpC+jYyq/WHx48VVFLvCjZJu58OwAoD91FjlBhA3D\npPAmjPv/GtjpBYXHfsV2WcG3TlJBgVysvckWQK82kh83bpE4tfD8uYI29sn22qd4\nSiiJHXvQtnumLPdjizrCHB1ejRcNgR7waYpPwtbAOUaIcSBtEt3sZLIhnbvQxtfq\ndwx1T+zBBNuuxI7f/NlUyuxOK7sKgymvqIzRVIP9k1g78OxAkr5LteOXd4/U8+AO\nG7xx+t7lxLfYbgwvF/TBXJKLm0CRzxBswrDZzIP2+PFzQz6uqU1PJjO8IqkzoRPE\nFaYNqME5eYY8QN4yupbS2MeFi31PnCJr6YgJa8mBzTNMM6Zai/0CwYgBXUrl494P\nhcCMMhpZs88wSO2EtBluZYLmyBDFT4T8zGqzZg+2owL/HJs36vV4yO/H0xdXw/CH\n15V9zbHWxign6xOOOZFe5pVuxeOj6RMy/zC9tVIkjoabrxbL7QKCAQEA+3gIlR+w\ns4YgpX579L2aFntABZYJ5vCmLvoC0MJKHeY6tllqMbBH8HjLq4UB91xnxBCz7wE6\nWwLuWTNcWmwfejdJl6emnKRczCqCmuZwFdcuH2/+GuUV+TIbVXSVO4ue1rN6PC5E\nxlR7I+Ws0W91GlxGLfdB5aUcnsNt1YShIxWYM/HbWn9Br723UWKGQKOOp4AvfbiK\nhIkLVBJB5NXBf7thnxhHrLGMLw9deAtxBYZzSBu5raw6HhnCGKppacjxxE/jkihC\nDD0IzHqMeJHGUOhmeXpvgEbHWaDM0U36kJR6DLmwtJancayGfjbOOHTn8r480yG0\nNG7jNBOjkFbn9QKCAQEA9nZC7k2piBsT1vcKUuGdeit+67G90CiRSDIWlWU8kRuS\nGwBmJrsYIgkrz8Axz6gPyCMauTE/DkK/kELwXYTq292RIWgvwH6hOXJgV17P6SPK\nrZVpeRkywS/B/8nxQ8yC+21AKpeYEBREVy2mT7kKjlQHnLDn5N3m9apD2RVqmZhx\n77JjmGiYxJxuKn1iwtb3qLdE6jfTT3VSdwBN0u2DG/hrl/ozf36nPw7WJtnHlMGM\nupmPG8IctZo2wb65vguWa/4OxuxwqlwoeS5xZ3P2M3E38Qe4HfoYcJxDFfcU0cWS\nU/uYKYE2WQk5ZIjKc/UYnv+HUBh+J0KlhAjVCKHPbQKCAQEAiD4BUGIKB0nNGDzO\nBcxP1oxSJHSkysVpFByKN/Z713UsLC2HloIuh7+6gSQf65fZ9GUkR4J/zl1pK1Tj\nXW4lI78elRbU8xst18PUXP4qjfq2V3wCzSl+3TNjkcoHLGq51RMKT961jkqpKMq/\n9fyQEocZ0r+aqUPqnK2/LSadcve5LbOEp6Q4v3FnB6X8nLrAiEmv8UpxadsiExuN\nLeEN5Blui5bJBmxvSfPmLSrtwhOVE+VJlSmxlytXeKujTxf6vOSXpFFBb4YF5Vsk\nDhLUwnMXSgumq3YtfYbcUS4RahG3int0nHLfJ3xUpb8lvXrBTEf7hlxFWP8XA9j8\nDjC3nQKCAQBSQ6kVh8ClmHwnzW+ZuIrqw2fq3foAZ/oOQgG9vfvYZ35+GsT9+ocU\nnUENaBZ4PJ1/7Q+3btOgO/FbAqzeWkZWOv99ShxeQSYpWZ8EqrX1GKhHBk8dR6bk\nSr+TVGF+gt3ZdF7tmIn+G/Wvr6IKjDYUycF8sKPGhbbYmwtogziAqhylqEKMFaWg\nQqKW9iEn7b7ehsWu9BFJPVzYMbbIR9TyWhn3sWDNFoZWiuo6L4jpgy0o/6Z/2mvg\nxeevBa1T3ORJiZR/G16Dzp0HzdO2d0NfalQE1NHE17yeodnWlBFT74FnHNxuRh3Q\n3D5W6z3ANLgSIjKVLoe1LQ64IoaRCgmFAoIBAGNgPonJBKIYZcDntCP7CCT3LfKd\nt7zfeT4ICgy1y7a7SPQRJZ+aoCUPtz/jXNbT+cmik3ATp5Zrl682Rt7jrGfGnxpD\nCm9faKxFbL4MqGpMkkLsqo4Vr+tA8LyNHsfWa5aDjFyePwuSk63ESHwpuR2XOKCm\n/wT0tkROPpDVaAv9zKKfqNyNsDRX+HR5yrVIdVpis1I3KCGu/phkPy4br2Ohv3Pw\nIXJuqAX17dtuUMt8K9xizA60/v715g4O3Sp9l2Joj4h+tznyv81mHmetNIb/EjYk\ndTQuyuJay92gKQ+txhUYVHxtSq4YrWlt/8uBU5j1uddJOumRvwKsjI2d7Kg=\n-----END RSA PRIVATE KEY-----\n",
            "private_key_pem_pkcs8": "-----BEGIN PRIVATE KEY-----\nMIIJQgIBADANBgkqhkiG9w0BAQEFAASCCSwwggkoAgEAAoICAQDyGYNSSUh3SYpw\n0suzjPb13vT/+wViFWKgTdVYPjb8MbM3+f0v9iAfgtB0NscJPkD3Njlz9SpqlPFB\nTwl2DqCPhfXQfFDiN34Ca+O8hubJzMfaZnoR5u7G12BVABbh21ejbBmN00aDv7ty\n7OGIxzLa/kyc4EVBDSj79XafslNCxMporvueqQZ7VIbcc/UMUbHdrmgWk13ftsmb\nOoXnVRnxXI5LUxjtitQq+IHGjJiXlu1CeB0NvQXr6+PPLB+ZDFK5vXPwJjAPGQNN\niI3LBK/Y6iv/suO+TFOp28GWLW1pGo1vNuvM3Lr3q5JskasAQfm7rQZ/ivc5VdQg\nP8/4dktWK/K/25173e58R56v8UVvfpYXC/PRt61ad8Cvl5eF4zb3YlQxOFHyjgk/\nBFam8DTDYHCQy63kVoyEuxqn3u3xsOfwqc51FWU491eMAc+YydozsLI8GfEKLl7p\n8UVco+dfSTvPa2MpkFLt3D9TndUkfTlxNl6DBnSIrvxjNIpczysAP8ORjlmTotJs\nf8et/0mnVo90E6o+oQSV18rqyGcBti28mscY0ROeeuh1jOwnimGy34NM2kjgqYLs\ncq5VccI7qW5H6V6kY7e2MWfh7HVDgeFDWsyuAowBDnvnmR1ttCyxuBXFUfRSWNtS\nLXIg9c+d6y8cO06ahV+iUMMbQ6TeUQIDAQABAoICAAXhdJpoK8xepbAnD/948NsY\n6ELF3kQF6Mr5NlxfSdbMk+x2lChuVipAc0pOC1MlkePqC1wOTD0MXaOHD9/a1ppt\n4qzxXBtGmvcO7QL8aY46J8TzFiDUXHVJhYOYYzXnbfn1q1WR2HsPn6DDcW4GXVf1\nneGgo/tYHmhSYSgwvMuDfAwuFfAXwyUgm5RZdQ4bIj1+2fSUbfm8Fv/AMeukL6Nj\nKr9YfHjxVUUu8KNkm7nw7ACgP3UWOUGEDcOk8CaM+/8a2OkFhcd+xXZZwbdOUkGB\nXKy9yRZArzaSHzdukTi18Py5gjb2yfbap3hKKIkde9C2e6Ys92OLOsIcHV6NFw2B\nHvBpik/C1sA5RohxIG0S3exksiGdu9DG1+p3DHVP7MEE267Ejt/82VTK7E4ruwqD\nKa+ojNFUg/2TWDvw7ECSvku145d3j9Tz4A4bvHH63uXEt9huDC8X9MFckoubQJHP\nEGzCsNnMg/b48XNDPq6pTU8mM7wiqTOhE8QVpg2owTl5hjxA3jK6ltLYx4WLfU+c\nImvpiAlryYHNM0wzplqL/QLBiAFdSuXj3g+FwIwyGlmzzzBI7YS0GW5lgubIEMVP\nhPzMarNmD7ajAv8cmzfq9XjI78fTF1fD8IfXlX3NsdbGKCfrE445kV7mlW7F46Pp\nEzL/ML21UiSOhpuvFsvtAoIBAQD7eAiVH7CzhiClfnv0vZoWe0AFlgnm8KYu+gLQ\nwkod5jq2WWoxsEfweMurhQH3XGfEELPvATpbAu5ZM1xabB96N0mXp6acpFzMKoKa\n5nAV1y4fb/4a5RX5MhtVdJU7i57Ws3o8LkTGVHsj5azRb3UaXEYt90HlpRyew23V\nhKEjFZgz8dtaf0GvvbdRYoZAo46ngC99uIqEiQtUEkHk1cF/u2GfGEessYwvD114\nC3EFhnNIG7mtrDoeGcIYqmlpyPHET+OSKEIMPQjMeox4kcZQ6GZ5em+ARsdZoMzR\nTfqQlHoMubC0lqdxrIZ+Ns44dOfyvjzTIbQ0buM0E6OQVuf1AoIBAQD2dkLuTamI\nGxPW9wpS4Z16K37rsb3QKJFIMhaVZTyRG5IbAGYmuxgiCSvPwDHPqA/IIxq5MT8O\nQr+QQvBdhOrb3ZEhaC/AfqE5cmBXXs/pI8qtlWl5GTLBL8H/yfFDzIL7bUAql5gQ\nFERXLaZPuQqOVAecsOfk3eb1qkPZFWqZmHHvsmOYaJjEnG4qfWLC1veot0TqN9NP\ndVJ3AE3S7YMb+GuX+jN/fqc/DtYm2ceUwYy6mY8bwhy1mjbBvrm+C5Zr/g7G7HCq\nXCh5LnFnc/YzcTfxB7gd+hhwnEMV9xTRxZJT+5gpgTZZCTlkiMpz9Rie/4dQGH4n\nQqWECNUIoc9tAoIBAQCIPgFQYgoHSc0YPM4FzE/WjFIkdKTKxWkUHIo39nvXdSws\nLYeWgi6Hv7qBJB/rl9n0ZSRHgn/OXWkrVONdbiUjvx6VFtTzGy3Xw9Rc/iqN+rZX\nfALNKX7dM2ORygcsarnVEwpP3rWOSqkoyr/1/JAShxnSv5qpQ+qcrb8tJp1y97kt\ns4SnpDi/cWcHpfycusCISa/xSnFp2yITG40t4Q3kGW6LlskGbG9J8+YtKu3CE5UT\n5UmVKbGXK1d4q6NPF/q85JekUUFvhgXlWyQOEtTCcxdKC6ardi19htxRLhFqEbeK\ne3Scct8nfFSlvyW9esFMR/uGXEVY/xcD2PwOMLedAoIBAFJDqRWHwKWYfCfNb5m4\niurDZ+rd+gBn+g5CAb29+9hnfn4axP36hxSdQQ1oFng8nX/tD7du06A78VsCrN5a\nRlY6/31KHF5BJilZnwSqtfUYqEcGTx1HpuRKv5NUYX6C3dl0Xu2Yif4b9a+vogqM\nNhTJwXywo8aFttibC2iDOICqHKWoQowVpaBCopb2ISftvt6Gxa70EUk9XNgxtshH\n1PJaGfexYM0WhlaK6joviOmDLSj/pn/aa+DF568FrVPc5EmJlH8bXoPOnQfN07Z3\nQ19qVATU0cTXvJ6h2daUEVPvgWcc3G5GHdDcPlbrPcA0uBIiMpUuh7UtDrgihpEK\nCYUCggEAY2A+ickEohhlwOe0I/sIJPct8p23vN95PggKDLXLtrtI9BEln5qgJQ+3\nP+Nc1tP5yaKTcBOnlmuXrzZG3uOsZ8afGkMKb19orEVsvgyoakySQuyqjhWv60Dw\nvI0ex9ZrloOMXJ4/C5KTrcRIfCm5HZc4oKb/BPS2RE4+kNVoC/3Mop+o3I2wNFf4\ndHnKtUh1WmKzUjcoIa7+mGQ/LhuvY6G/c/Ahcm6oBfXt225Qy3wr3GLMDrT+/vXm\nDg7dKn2XYmiPiH63OfK/zWYeZ600hv8SNiR1NC7K4lrL3aApD63GFRhUfG1Krhit\naW3/y4FTmPW510k66ZG/AqyMjZ3sqA==\n-----END PRIVATE KEY-----\n",
            "public_key_fingerprint_md5": "f6:7e:f7:d9:50:18:01:6a:e0:31:7e:ef:fb:25:cc:af",
            "public_key_fingerprint_sha256": "SHA256:g+YsEwdtIfS9IX/9CSpJQ+v6EqCorS0b40/pzYIjBJg",
            "public_key_openssh": "ssh-rsa AAAAB3NzaC1yc2EAAAADAQABAAACAQDyGYNSSUh3SYpw0suzjPb13vT/+wViFWKgTdVYPjb8MbM3+f0v9iAfgtB0NscJPkD3Njlz9SpqlPFBTwl2DqCPhfXQfFDiN34Ca+O8hubJzMfaZnoR5u7G12BVABbh21ejbBmN00aDv7ty7OGIxzLa/kyc4EVBDSj79XafslNCxMporvueqQZ7VIbcc/UMUbHdrmgWk13ftsmbOoXnVRnxXI5LUxjtitQq+IHGjJiXlu1CeB0NvQXr6+PPLB+ZDFK5vXPwJjAPGQNNiI3LBK/Y6iv/suO+TFOp28GWLW1pGo1vNuvM3Lr3q5JskasAQfm7rQZ/ivc5VdQgP8/4dktWK/K/25173e58R56v8UVvfpYXC/PRt61ad8Cvl5eF4zb3YlQxOFHyjgk/BFam8DTDYHCQy63kVoyEuxqn3u3xsOfwqc51FWU491eMAc+YydozsLI8GfEKLl7p8UVco+dfSTvPa2MpkFLt3D9TndUkfTlxNl6DBnSIrvxjNIpczysAP8ORjlmTotJsf8et/0mnVo90E6o+oQSV18rqyGcBti28mscY0ROeeuh1jOwnimGy34NM2kjgqYLscq5VccI7qW5H6V6kY7e2MWfh7HVDgeFDWsyuAowBDnvnmR1ttCyxuBXFUfRSWNtSLXIg9c+d6y8cO06ahV+iUMMbQ6TeUQ==\n",
            "public_key_pem": "-----BEGIN PUBLIC KEY-----\nMIICIjANBgkqhkiG9w0BAQEFAAOCAg8AMIICCgKCAgEA8hmDUklId0mKcNLLs4z2\n9d70//sFYhVioE3VWD42/DGzN/n9L/YgH4LQdDbHCT5A9zY5c/UqapTxQU8Jdg6g\nj4X10HxQ4jd+AmvjvIbmyczH2mZ6EebuxtdgVQAW4dtXo2wZjdNGg7+7cuzhiMcy\n2v5MnOBFQQ0o+/V2n7JTQsTKaK77nqkGe1SG3HP1DFGx3a5oFpNd37bJmzqF51UZ\n8VyOS1MY7YrUKviBxoyYl5btQngdDb0F6+vjzywfmQxSub1z8CYwDxkDTYiNywSv\n2Oor/7LjvkxTqdvBli1taRqNbzbrzNy696uSbJGrAEH5u60Gf4r3OVXUID/P+HZL\nVivyv9ude93ufEeer/FFb36WFwvz0betWnfAr5eXheM292JUMThR8o4JPwRWpvA0\nw2BwkMut5FaMhLsap97t8bDn8KnOdRVlOPdXjAHPmMnaM7CyPBnxCi5e6fFFXKPn\nX0k7z2tjKZBS7dw/U53VJH05cTZegwZ0iK78YzSKXM8rAD/DkY5Zk6LSbH/Hrf9J\np1aPdBOqPqEEldfK6shnAbYtvJrHGNETnnrodYzsJ4phst+DTNpI4KmC7HKuVXHC\nO6luR+lepGO3tjFn4ex1Q4HhQ1rMrgKMAQ5755kdbbQssbgVxVH0UljbUi1yIPXP\nnesvHDtOmoVfolDDG0Ok3lECAwEAAQ==\n-----END PUBLIC KEY-----\n",
            "rsa_bits": 4096
          },
          "sensitive_attributes": []
        }
      ]
    }
  ],
  "check_results": null
}
