{
  "version": 4,
  "terraform_version": "1.5.0",
  "serial": 979,
  "lineage": "2bdfdec5-8c30-28c5-2bba-a5d893c95ad2",
  "outputs": {
    "tenant_faraday_credentials": {
      "value": {
        "password": "8bbA7b9Bzq2IVOwL",
        "url": "faraday.demo.spm.openshield.io",
        "username": "faraday"
      },
      "type": [
        "object",
        {
          "password": "string",
          "url": "string",
          "username": "string"
        }
      ],
      "sensitive": true
    },
    "tenant_host": {
      "value": "157.180.88.232",
      "type": "string"
    },
    "tenant_name": {
      "value": "demo",
      "type": "string"
    },
    "tenant_ssh_private_key": {
      "value": "-----BEGIN RSA PRIVATE KEY-----\nMIIJKQIBAAKCAgEApzY48IAsRY/fAEbrQQFr0ckx7ee9YLC9UWOsYZCKb1SbukDz\n5DYY9kyElayUGha/j0/nTiP1wRDVccOHlQEFV4FbVJf5LgwFeFmg2EvwSLzZV1TL\n2KL2QwXX0IeMbbe5rBlo0nTF+LfIU7LP7thPk9FH8S8j3EyKrH0s15QI3m+XvbWz\ngfY32kKt4sDr9PqTj7ZOLIArH52P2flUvjx2dZsrpngtCFPARTcrh/8zW75sb/K1\n+/+cShlAUeyVqfKg3yhgtUonG/fgjoPPP7YHsKMeVgAskyUHf3DPU2JvHEm5r8/T\nT56sat+VJkaeAd0bQMlb3k7/eWYcE6GUWCDwm/Lq38uEMszaW4wN4UKozYPkSjyo\nNEMwCWGOO5UZHkmuunzWEQSl22gRJ5ebeG7hN9k5FGswKlGCn/qKh1oPhX21ttv0\nFMjnSnLG24RyaaTQYhMuru0x8uOYOhR/AC+05kylXoPTxB5R1EtKgHf5XALRe8kv\nWoMZyarBKhVaFtIiTLMqKHIMJzIk6tcR80YuqR7/XslKqIJPRq+eTAvD2UMaKSBJ\nJDxFOvzm5fEo6vu9OYh5+zlrdPWW+99LpsJqE5lPzw5NfrPpP+xNAj2Oc7yK2ZAY\n5lPdvFeECePfcgJPTyjcSjrwbz69IoC0uV7HvH2ajZ20idDr3Pb6PyLgn8ECAwEA\nAQKCAgA1sxUwL4mIQX8VgLEWrFUrB1kwlSbdgYUbOU5n+tpqjJqCg0+QL8tudf5y\nbv0VL88PQFMBZk0LVtOleGz3bl9/zbw9+5x7rEKpdudP73tYcMW/5SyeAx/hQGQh\nxRZVOha37WUbiYL2sFb2gkuC4hcUWram/0OeATrb0EtxZEpA3Ue3Fj5y81bWkmlz\nlA9zGnH/SkXqxrKSsbA8CXWsrpBAjrfC+39C2Fq8H86sG0osIYiDn0fQiTNxHJDq\nfndGH/SIFliQgCL1OXL1ceFCDbyEfq5EYkPucYrp45nBprAWPpsSmkS7ojKvE+S7\naRxfbtnMwZ3uVCJ5o1BLAa45a0K53YUh09ads4rF6QO1xfiIaG6dWdWm7Z3M53rh\ndqq1BuLOk7pKkP/qbPFWDD5OOnKganE7/79X6fuFK4pcklNXibfx++X1ITmlN/6f\ncrhl549O002+hj8A/nxr45XaXetcMEOEe3I4defpuLYYJgocL2ihxPKa2j0Gbr6X\nuTVPD7dA3Ej24P5bIGioSun81De05Du/DY61wtglUr0PvXjzcJXMkzN9zHhIsub6\nMr07+W8oHj/p8sUHE8cU0pgJnxCmWJiJZ4n0CoxWIsYg4ghPx5eX0mKHKQjc2hfQ\nHEWrZVTwjKFYiMkG09n5oagBQD+SmrHjT5odcY6Vd90dW0rzDQKCAQEA2d/SR+dd\nhZ4GcLAQxgf6JzK+yaicF1sXBWqZatRtg+LL+2EyRsY2M0E7/TkbFIUALtO+bT4v\nWAp8yTgJZB0HIJGrcUqAGn1gHSZe8e3GPP0MxhwjZ0UlImUkjyIf57RkljfEWbx9\njG/6smHmCYwAm9/tYxxtcUx++rwk7ds8NFpbN0zUyVqpdzK3MSs6AyHmhLujfnCX\nTYbI22gjwA4LXr+fORpLqWpk1pE5zX+HE6cg5rOesv2M6QeegGY9Jnc+iW+1FbUg\njTrQzoTt4OgmyzSIgRPskzH4qDrGKo1J6Akqc6yNRGmINpv/Etmxyc133D6LE6Lo\n754BadfdDGTzuwKCAQEAxHjbwS140s2hEaowp0TUkRF3fvqr0uKfwX+KKQzHnsRJ\nmhnTFfQ7iJ6yHMtaJRZBjbHft3q2LNdyZicnKuUagLZiYsTpSWNzhzfp6nK59O3I\nmezUL8EMsY1z1bErA9rGZBMGihlebsANhtxO0qxu1StRPztrgirkWUh76BNv3w6w\nn3G3bCdplB+ltUWvcZR22b++ojLz0CIlEzmFU3Mjd1TeYHlh5bKfbMziHHGQfSty\nu3zR6qFoUzoCBDVoWuiJg1ez5WjNahkDJ2lhcEEg/4C5kMwOnjAW/cq6TWxieVy7\nZDFRPl5Un8iF8ZzEXV6OT+JKy5ZN/dOd2pUzm2lcswKCAQEAh1rY3djsLhW1tI59\nbToJfA63nrrEdnIdxDysoUTl4Limtz50KKn9hCwz46Z1n3LdYTolJOMsMIsbaTsK\nAotSITa+hvycx1g6vQFYnP52WO9w3yceC4tWfZ7Obqnpnl5g2z48Gu/SI8xxuB6/\n9hBnVG9yoE9J4sh+XrFCVA8OwQudfaaaz5kmjSoRy1cqjEWkW7Pi56t1JDHnWP/C\nrg9Lmwp7FdOzS8YQbYj9myBuP5RmCU1v+40v3JniK6zYsqwESwf+PUUwuuzeSl8l\nFcPEThwN7fr9z5iM/Z69/DOYxbHkEMcTYHwbpqmVdxWNsWyX2Vl1t7ZO9oZ4JFR6\nPLf+/wKCAQAFdMXFi5m7YPKEJxHK02KD1NRYtmVnKdv956jSkwRIKHNS0DzIc0vj\n82RG4G7UcNXJNZNc6Q9+F02aAKRZ0Jr30BjTXVyNKTHgI3FfjWgUoTXc8HLEELxl\ngeQhnxXuuXig9tZLp4Cz2qmFgUC/IQLC8L0E4IWPy9kjkZu/SirlKudExketvTp1\nXpufeRvyL4lNasHEh121/fzBl+tX8e6eNcEnNLe/RUKgJuBwoca9cyNwiXra5Tic\ndxPvQfxv6d1HxHu+dzadJ6yqv4ZxM53S+qQsnT4aroM08RhTZhsl+6lIkwYKkVwQ\nQ+VUXGInpaSWG1awaLApyGKt207flgF5AoIBAQCit1aNUAvUuMqaAXTlqZCwO+SO\ndGDmgPdmELkdY//r+oR9uNWCa/i7qSwA0sbCY+eyF5F6y9syPGtfmP/xU3cebnwj\nO/CsXIRaFz6+V1NCyeg4LdMWDY3bL6FYeixTo+fX6YCLiiAOl2z1tLtsot8AZGDn\nSakJwNILuKd3dGUKsRIOAttPCIkpqdrI61Kci85ALw2jBli9svE2IxtAkawEUC+z\nR6yABcCZv+3aMNt7+WFJkmTIfEMvuUW3o4gXwcAX2/kKls5z5VxU0MzvfK1f6y8O\ntxBngUVGKF5eWURo7j1LiRGBUQugLw5xiUyDTq3sM19xusBw8Dc+E7qIaAgg\n-----END RSA PRIVATE KEY-----\n",
      "type": "string",
      "sensitive": true
    },
    "tenant_ssh_public_key": {
      "value": "ssh-rsa AAAAB3NzaC1yc2EAAAADAQABAAACAQCnNjjwgCxFj98ARutBAWvRyTHt571gsL1RY6xhkIpvVJu6QPPkNhj2TISVrJQaFr+PT+dOI/XBENVxw4eVAQVXgVtUl/kuDAV4WaDYS/BIvNlXVMvYovZDBdfQh4xtt7msGWjSdMX4t8hTss/u2E+T0UfxLyPcTIqsfSzXlAjeb5e9tbOB9jfaQq3iwOv0+pOPtk4sgCsfnY/Z+VS+PHZ1myumeC0IU8BFNyuH/zNbvmxv8rX7/5xKGUBR7JWp8qDfKGC1Sicb9+COg88/tgewox5WACyTJQd/cM9TYm8cSbmvz9NPnqxq35UmRp4B3RtAyVveTv95ZhwToZRYIPCb8urfy4QyzNpbjA3hQqjNg+RKPKg0QzAJYY47lRkeSa66fNYRBKXbaBEnl5t4buE32TkUazAqUYKf+oqHWg+FfbW22/QUyOdKcsbbhHJppNBiEy6u7THy45g6FH8AL7TmTKVeg9PEHlHUS0qAd/lcAtF7yS9agxnJqsEqFVoW0iJMsyoocgwnMiTq1xHzRi6pHv9eyUqogk9Gr55MC8PZQxopIEkkPEU6/Obl8Sjq+705iHn7OWt09Zb730umwmoTmU/PDk1+s+k/7E0CPY5zvIrZkBjmU928V4QJ499yAk9PKNxKOvBvPr0igLS5Xse8fZqNnbSJ0Ovc9vo/IuCfwQ==\n",
      "type": "string"
    }
  },
  "resources": [
    {
      "module": "module.dns",
      "mode": "data",
      "type": "cloudflare_zone",
      "name": "openshield",
      "provider": "module.dns.provider[\"registry.terraform.io/cloudflare/cloudflare\"]",
      "instances": [
        {
          "schema_version": 0,
          "attributes": {
            "account": {
              "id": "bca3124de7c86d659a959f06cb35043d",
              "name": "Cloudflare@cyberdef.cc's Account"
            },
            "activated_on": "2025-04-21T11:29:39Z",
            "cname_suffix": null,
            "created_on": "2025-04-21T11:00:21Z",
            "development_mode": 0,
            "filter": {
              "account": null,
              "direction": null,
              "match": null,
              "name": "openshield.io",
              "order": null,
              "status": null
            },
            "id": null,
            "meta": {
              "cdn_only": null,
              "custom_certificate_quota": 0,
              "dns_only": null,
              "foundation_dns": null,
              "page_rule_quota": 3,
              "phishing_detected": false,
              "step": 2
            },
            "modified_on": "2025-04-21T11:29:39Z",
            "name": "openshield.io",
            "name_servers": [
              "kiki.ns.cloudflare.com",
              "lloyd.ns.cloudflare.com"
            ],
            "original_dnshost": null,
            "original_name_servers": [
              "dns1.registrar-servers.com",
              "dns2.registrar-servers.com"
            ],
            "original_registrar": "namecheap, inc. (id: 1068)",
            "owner": {
              "id": null,
              "name": null,
              "type": "user"
            },
            "paused": false,
            "permissions": [
              "#dns_records:edit",
              "#dns_records:read",
              "#zone:read"
            ],
            "plan": {
              "can_subscribe": false,
              "currency": "USD",
              "externally_managed": false,
              "frequency": "",
              "id": "0feeeeeeeeeeeeeeeeeeeeeeeeeeeeee",
              "is_subscribed": false,
              "legacy_discount": false,
              "legacy_id": "free",
              "name": "Free Website",
              "price": 0
            },
            "status": "active",
            "tenant": {
              "id": null,
              "name": null
            },
            "tenant_unit": {
              "id": null
            },
            "type": "full",
            "vanity_name_servers": [],
            "verification_key": null,
            "zone_id": "f92c4f6137dffe0e40aa658cc70e3fa8"
          },
          "sensitive_attributes": []
        }
      ]
    },
    {
      "module": "module.dns",
      "mode": "managed",
      "type": "cloudflare_dns_record",
      "name": "faraday",
      "provider": "module.dns.provider[\"registry.terraform.io/cloudflare/cloudflare\"]",
      "instances": [
        {
          "schema_version": 0,
          "attributes": {
            "comment": null,
            "comment_modified_on": null,
            "content": "157.180.88.232",
            "created_on": "2025-10-21T14:42:23Z",
            "data": null,
            "id": "eb4eca465a76490d3f22d8a55ef74c39",
            "meta": "{}",
            "modified_on": "2025-10-21T14:42:23Z",
            "name": "faraday.demo.spm.openshield.io",
            "priority": null,
            "proxiable": true,
            "proxied": false,
            "settings": {
              "flatten_cname": null,
              "ipv4_only": null,
              "ipv6_only": null
            },
            "tags": [],
            "tags_modified_on": null,
            "ttl": 3600,
            "type": "A",
            "zone_id": "f92c4f6137dffe0e40aa658cc70e3fa8"
          },
          "sensitive_attributes": [],
          "dependencies": [
            "module.dns.data.cloudflare_zone.openshield",
            "module.infrastructure.data.hcloud_server_type.selected",
            "module.infrastructure.data.hcloud_server_types.all",
            "module.infrastructure.hcloud_server.tenant_server",
            "module.infrastructure.hcloud_ssh_key.ssh_key",
            "module.infrastructure.tls_private_key.ssh_key"
          ]
        }
      ]
    },
    {
      "module": "module.faraday",
      "mode": "managed",
      "type": "local_file",
      "name": "configure_faraday_nginx_sh",
      "provider": "provider[\"registry.terraform.io/hashicorp/local\"]",
      "instances": [
        {
          "schema_version": 0,
          "attributes": {
            "content": "#!/usr/bin/env bash\n\necho \"Configuring Nginx for Faraday...\"\n\n# Request LetsEncrypt certificate for the domain\nsudo certbot certonly --nginx -d faraday.demo.spm.openshield.io --non-interactive --agree-tos -m certbot@cyberdef.cc --redirect | sudo tee /tmp/faraday/certbot.log 2\u003e\u00261\n\n# Extract certificate and key paths\nCERT_PATH=$(grep -iE 'certificate is saved at:' /tmp/faraday/certbot.log | awk '{print $5}')\nKEY_PATH=$(grep -iE 'key is saved at:' /tmp/faraday/certbot.log | awk '{print $5}')\nif [ -z \"$CERT_PATH\" ] || [ -z \"$KEY_PATH\" ]; then\n    echo \"Failed to obtain SSL certificate. Check certbot log at /tmp/faraday/certbot.log\"\n    exit 1\nfi\n\n# Generate Nginx configuration for Faraday\necho y | sudo faraday-manage generate-nginx-config --fqdn faraday.demo.spm.openshield.io --port 5985 --ws-port 9000 --ssl-certificate $CERT_PATH --ssl-key $KEY_PATH | awk 'BEGIN{p=0} /^.*NGINX Config$/{getline; getline; p=1} p{print}' | sudo tee /tmp/faraday/faraday.conf 2\u003e\u00261\n\n# Move the generated config to Nginx sites-available\nsudo mv /tmp/faraday/faraday.conf /etc/nginx/sites-available/faraday.conf\nsudo ln -sf /etc/nginx/sites-available/faraday.conf /etc/nginx/sites-enabled/faraday.conf\n\n# Test Nginx configuration\nsudo nginx -t\nif [ $? -ne 0 ]; then\n    echo \"Nginx configuration test failed. Please check the configuration file.\"\n    exit 1\nfi\n\n# Wait until no jobs for systemd-sysctl remain\nwhile systemctl list-jobs | grep -q systemd-sysctl; do sleep 1; done\n\n# Reload Nginx to apply the new configuration\nsudo systemctl reload nginx",
            "content_base64": null,
            "content_base64sha256": "hjGdmIUS0GSN29r3oaQWq7QrxkL6CFai3pCZiI3ssBA=",
            "content_base64sha512": "RNaxqn8ehsXuo4XaUU94tR/tXSk1aW6iufDU95Mw12r7LF6H0+n6cLUTAVXObARgguU2zLt+XD1QlDofuairGA==",
            "content_md5": "cdf11946869aaec973ca766ebc41dee1",
            "content_sha1": "fde9cfb40c89ca4340d3e08bf2ae284a679710ae",
            "content_sha256": "86319d988512d0648ddbdaf7a1a416abb42bc642fa0856a2de9099888decb010",
            "content_sha512": "44d6b1aa7f1e86c5eea385da514f78b51fed5d2935696ea2b9f0d4f79330d76afb2c5e87d3e9fa70b5130155ce6c046082e536ccbb7e5c3d50943a1fb9a8ab18",
            "directory_permission": "0777",
            "file_permission": "0777",
            "filename": "modules/faraday/_rendered/configure-faraday-nginx.sh",
            "id": "fde9cfb40c89ca4340d3e08bf2ae284a679710ae",
            "sensitive_content": null,
            "source": null
          },
          "sensitive_attributes": [],
          "dependencies": [
            "module.dns.cloudflare_dns_record.faraday",
            "module.dns.data.cloudflare_zone.openshield",
            "module.infrastructure.data.hcloud_server_type.selected",
            "module.infrastructure.data.hcloud_server_types.all",
            "module.infrastructure.hcloud_server.tenant_server",
            "module.infrastructure.hcloud_ssh_key.ssh_key",
            "module.infrastructure.tls_private_key.ssh_key"
          ]
        }
      ]
    },
    {
      "module": "module.faraday",
      "mode": "managed",
      "type": "local_file",
      "name": "configure_faraday_sh",
      "provider": "provider[\"registry.terraform.io/hashicorp/local\"]",
      "instances": [
        {
          "schema_version": 0,
          "attributes": {
            "content": "# !/bin/bash\n\n# Install faraday-cli\nsudo pip3 install faraday-cli\n\n# Authenticate faraday-cli\nfaraday-cli auth -u faraday -p 8bbA7b9Bzq2IVOwL -f https://faraday.demo.spm.openshield.io\n\n# Create a default workspace\nfaraday-cli workspace create default",
            "content_base64": null,
            "content_base64sha256": "kSj/vjiZCWCKuLva5zF7bPClSG+45mDIDLnA6TnUNaU=",
            "content_base64sha512": "rdaReC0baed0ccu3tKib/Utg2jUjstdB4fSP2JTlV73GbyaBQU/H4tcZPc1qt3w0FHtecYpRJNMY7W6jIUDEZg==",
            "content_md5": "5097df45628fcbd2835b11c1abfaab6d",
            "content_sha1": "67147684a59ab2af71c1b5c7d2c0d0458ffe12ef",
            "content_sha256": "9128ffbe389909608ab8bbdae7317b6cf0a5486fb8e660c80cb9c0e939d435a5",
            "content_sha512": "add691782d1b69e77471cbb7b4a89bfd4b60da3523b2d741e1f48fd894e557bdc66f2681414fc7e2d7193dcd6ab77c34147b5e718a5124d318ed6ea32140c466",
            "directory_permission": "0777",
            "file_permission": "0777",
            "filename": "modules/faraday/_rendered/configure-faraday.sh",
            "id": "67147684a59ab2af71c1b5c7d2c0d0458ffe12ef",
            "sensitive_content": null,
            "source": null
          },
          "sensitive_attributes": [
            [
              {
                "type": "get_attr",
                "value": "content"
              }
            ]
          ],
          "dependencies": [
            "module.dns.cloudflare_dns_record.faraday",
            "module.dns.data.cloudflare_zone.openshield",
            "module.faraday.random_password.faraday_password",
            "module.infrastructure.data.hcloud_server_type.selected",
            "module.infrastructure.data.hcloud_server_types.all",
            "module.infrastructure.hcloud_server.tenant_server",
            "module.infrastructure.hcloud_ssh_key.ssh_key",
            "module.infrastructure.tls_private_key.ssh_key"
          ]
        }
      ]
    },
    {
      "module": "module.faraday",
      "mode": "managed",
      "type": "local_file",
      "name": "install_faraday_sh",
      "provider": "provider[\"registry.terraform.io/hashicorp/local\"]",
      "instances": [
        {
          "schema_version": 0,
          "attributes": {
            "content": "# !/bin/bash\n\n# A helper script to install Faraday on an Ubuntu server.\n# OS: Ubuntu 20.04 or later\n# Usage: ./install-faraday.sh \u003cVERSION|latest\u003e\n# Example: ./install-faraday.sh latest\n#\n# Author: YordanOpenShield\n\necho \"Starting Faraday installation...\"\n\n# Create necessary directories\nsudo mkdir -p /tmp/faraday\ncd /tmp/faraday\n\n# Get latest version tag\nVERSION=latest\nif [ -z \"$VERSION\" ] || [ \"$VERSION\" = \"latest\" ]; then\n  echo \"Fetching latest Faraday release from GitHub...\"\n  # prefer jq if available\n  if command -v jq \u003e/dev/null 2\u003e\u00261; then\n    VERSION=$(curl -s https://api.github.com/repos/infobyte/faraday/releases/latest | jq -r .tag_name)\n  else\n    VERSION=$(curl -s https://api.github.com/repos/infobyte/faraday/releases/latest | grep -oP '\"tag_name\":\\s*\"\\K(.*)(?=\")' || true)\n  fi\n\n  if [ -z \"$VERSION\" ]; then\n    echo \"Failed to determine latest Faraday version.\"\n    exit 1\n  fi\n  echo \"Latest version is $VERSION\"\nfi\n\n# Download Faraday\nsudo wget https://github.com/infobyte/faraday/releases/download/$VERSION/faraday-server_amd64.deb\n\n# Wait until no jobs for systemd-sysctl remain\nwhile systemctl list-jobs | grep -q systemd-sysctl; do sleep 1; done\n\n# Make sure dependencies are installed\nsudo apt-get install -y postgresql redis python3 python3-pip\n\n# Wait until no jobs for systemd-sysctl remain\nwhile systemctl list-jobs | grep -q systemd-sysctl; do sleep 1; done\n\n# Install Faraday\nsudo apt install -f /tmp/faraday/faraday-server_amd64.deb -y\n\n# Add current user to faraday group\nsudo usermod -aG faraday $(whoami)\n\n# Initialize Faraday database\nsudo faraday-manage initdb\n\n# Change faraday's admin password\nsudo faraday-manage change-password --username faraday --password 8bbA7b9Bzq2IVOwL\n\n# Wait until no jobs for systemd-sysctl remain\nwhile systemctl list-jobs | grep -q systemd-sysctl; do sleep 1; done\n\n# Reload systemd to recognize Faraday services\nsudo systemctl daemon-reload\n\n# Start and enable Faraday services\nsudo systemctl start faraday-server\nsudo systemctl enable faraday-server\n\nsudo systemctl start faraday-worker\nsudo systemctl enable faraday-worker\n\n# Make sure Faraday is running\nif systemctl is-active --quiet faraday-server; then\n    echo \"Faraday server is running.\"\nelse\n    echo \"Faraday server failed to start.\"\n    exit 1\nfi",
            "content_base64": null,
            "content_base64sha256": "za3roBs6ECmu46y57vFjTj3HpL0hL6CkshiIwrrV5rg=",
            "content_base64sha512": "O8JnGqGMkFckXRDoZFhSe6hx7fatj7WH6QR/ylI1VTQunxpimX2aktfhpwmR9zXyh6qs/9cJsbWSjwAfeOVBDw==",
            "content_md5": "b547f9643676cf33dcfc6910b7d301f9",
            "content_sha1": "00ba6b5ddc45515305ed3a1cbc357d1a2f4507f7",
            "content_sha256": "cdadeba01b3a1029aee3acb9eef1634e3dc7a4bd212fa0a4b21888c2bad5e6b8",
            "content_sha512": "3bc2671aa18c9057245d10e86458527ba871edf6ad8fb587e9047fca523555342e9f1a62997d9a92d7e1a70991f735f287aaacffd709b1b5928f001f78e5410f",
            "directory_permission": "0777",
            "file_permission": "0777",
            "filename": "modules/faraday/_rendered/install-faraday.sh",
            "id": "00ba6b5ddc45515305ed3a1cbc357d1a2f4507f7",
            "sensitive_content": null,
            "source": null
          },
          "sensitive_attributes": [
            [
              {
                "type": "get_attr",
                "value": "content"
              }
            ]
          ],
          "dependencies": [
            "module.faraday.random_password.faraday_password"
          ]
        }
      ]
    },
    {
      "module": "module.faraday",
      "mode": "managed",
      "type": "local_file",
      "name": "install_nginx_sh",
      "provider": "provider[\"registry.terraform.io/hashicorp/local\"]",
      "instances": [
        {
          "schema_version": 0,
          "attributes": {
            "content": "# !/bin/bash\n\necho \"Starting Nginx installation...\"\n\n# Wait until no jobs for systemd-sysctl remain\nwhile systemctl list-jobs | grep -q systemd-sysctl; do sleep 1; done\n\n# Install Nginx\nsudo apt install -y nginx\nsudo systemctl start nginx\nsudo systemctl enable nginx\n\n# Wait until no jobs for systemd-sysctl remain\nwhile systemctl list-jobs | grep -q systemd-sysctl; do sleep 1; done\n\n# Install certbot\nsudo apt install -y certbot python3-certbot-nginx",
            "content_base64": null,
            "content_base64sha256": "o6M6E7f0GIFj17QSTBRg6H8CxKUVKGDfnV/Zs8cw7vA=",
            "content_base64sha512": "Ry6u5/w2JzEtqDd7A+byWE8n+B5CjDjXXJq+DQjoDBqIe51NiOR0+cRpYIX+hiXD6rI9K+orE2osTPmlta54TA==",
            "content_md5": "749c7b5e3697f2eda1194d4b79b5c712",
            "content_sha1": "7ce42c69fb86bddc72d39016c03f879316ec15b2",
            "content_sha256": "a3a33a13b7f4188163d7b4124c1460e87f02c4a5152860df9d5fd9b3c730eef0",
            "content_sha512": "472eaee7fc3627312da8377b03e6f2584f27f81e428c38d75c9abe0d08e80c1a887b9d4d88e474f9c4696085fe8625c3eab23d2bea2b136a2c4cf9a5b5ae784c",
            "directory_permission": "0777",
            "file_permission": "0777",
            "filename": "modules/faraday/_rendered/install-nginx.sh",
            "id": "7ce42c69fb86bddc72d39016c03f879316ec15b2",
            "sensitive_content": null,
            "source": null
          },
          "sensitive_attributes": []
        }
      ]
    },
    {
      "module": "module.faraday",
      "mode": "managed",
      "type": "null_resource",
      "name": "provision_faraday_scripts",
      "provider": "provider[\"registry.terraform.io/hashicorp/null\"]",
      "instances": [
        {
          "status": "tainted",
          "schema_version": 0,
          "attributes": {
            "id": "4624854910105543598",
            "triggers": {
              "always_run": "2025-10-21T14:42:23Z"
            }
          },
          "sensitive_attributes": [],
          "dependencies": [
            "module.dns.cloudflare_dns_record.faraday",
            "module.dns.data.cloudflare_zone.openshield",
            "module.faraday.local_file.configure_faraday_nginx_sh",
            "module.faraday.local_file.install_faraday_sh",
            "module.faraday.local_file.install_nginx_sh",
            "module.faraday.random_password.faraday_password",
            "module.infrastructure.data.hcloud_server_type.selected",
            "module.infrastructure.data.hcloud_server_types.all",
            "module.infrastructure.hcloud_server.tenant_server",
            "module.infrastructure.hcloud_ssh_key.ssh_key",
            "module.infrastructure.tls_private_key.ssh_key"
          ]
        }
      ]
    },
    {
      "module": "module.faraday",
      "mode": "managed",
      "type": "random_password",
      "name": "faraday_password",
      "provider": "provider[\"registry.terraform.io/hashicorp/random\"]",
      "instances": [
        {
          "schema_version": 3,
          "attributes": {
            "bcrypt_hash": "$2a$10$tnb9WIwVFX6EwW0pET8PW.jTq/nYjARA7xrBa5wdFSvYgrOr.C9T.",
            "id": "none",
            "keepers": null,
            "length": 16,
            "lower": true,
            "min_lower": 0,
            "min_numeric": 0,
            "min_special": 0,
            "min_upper": 0,
            "number": true,
            "numeric": true,
            "override_special": "_%@",
            "result": "8bbA7b9Bzq2IVOwL",
            "special": true,
            "upper": true
          },
          "sensitive_attributes": []
        }
      ]
    },
    {
      "module": "module.infrastructure",
      "mode": "data",
      "type": "hcloud_server_type",
      "name": "selected",
      "provider": "module.infrastructure.provider[\"registry.terraform.io/hetznercloud/hcloud\"]",
      "instances": [
        {
          "index_key": "cpx21",
          "schema_version": 0,
          "attributes": {
            "architecture": "x86",
            "category": "regular_purpose",
            "cores": 3,
            "cpu_type": "shared",
            "deprecation_announced": "",
            "description": "CPX 21",
            "disk": 80,
            "id": 23,
            "included_traffic": 0,
            "is_deprecated": false,
            "locations": [
              {
                "deprecation_announced": "2025-10-16T06:00:00Z",
                "id": 1,
                "is_deprecated": true,
                "name": "fsn1",
                "unavailable_after": "2025-12-31T23:59:59Z"
              },
              {
                "deprecation_announced": "2025-10-16T06:00:00Z",
                "id": 2,
                "is_deprecated": true,
                "name": "nbg1",
                "unavailable_after": "2025-12-31T23:59:59Z"
              },
              {
                "deprecation_announced": "2025-10-16T06:00:00Z",
                "id": 3,
                "is_deprecated": true,
                "name": "hel1",
                "unavailable_after": "2025-12-31T23:59:59Z"
              },
              {
                "deprecation_announced": "",
                "id": 4,
                "is_deprecated": false,
                "name": "ash",
                "unavailable_after": ""
              },
              {
                "deprecation_announced": "",
                "id": 5,
                "is_deprecated": false,
                "name": "hil",
                "unavailable_after": ""
              },
              {
                "deprecation_announced": "2025-10-16T06:00:00Z",
                "id": 6,
                "is_deprecated": true,
                "name": "sin",
                "unavailable_after": "2025-12-31T23:59:59Z"
              }
            ],
            "memory": 4,
            "name": "cpx21",
            "storage_type": "local",
            "unavailable_after": ""
          },
          "sensitive_attributes": []
        },
        {
          "index_key": "cpx22",
          "schema_version": 0,
          "attributes": {
            "architecture": "x86",
            "category": "regular_purpose",
            "cores": 2,
            "cpu_type": "shared",
            "deprecation_announced": "",
            "description": "CPX 22",
            "disk": 80,
            "id": 109,
            "included_traffic": 0,
            "is_deprecated": false,
            "locations": [
              {
                "deprecation_announced": "",
                "id": 1,
                "is_deprecated": false,
                "name": "fsn1",
                "unavailable_after": ""
              },
              {
                "deprecation_announced": "",
                "id": 2,
                "is_deprecated": false,
                "name": "nbg1",
                "unavailable_after": ""
              },
              {
                "deprecation_announced": "",
                "id": 3,
                "is_deprecated": false,
                "name": "hel1",
                "unavailable_after": ""
              },
              {
                "deprecation_announced": "",
                "id": 6,
                "is_deprecated": false,
                "name": "sin",
                "unavailable_after": ""
              }
            ],
            "memory": 4,
            "name": "cpx22",
            "storage_type": "local",
            "unavailable_after": ""
          },
          "sensitive_attributes": []
        },
        {
          "index_key": "cpx31",
          "schema_version": 0,
          "attributes": {
            "architecture": "x86",
            "category": "regular_purpose",
            "cores": 4,
            "cpu_type": "shared",
            "deprecation_announced": "",
            "description": "CPX 31",
            "disk": 160,
            "id": 24,
            "included_traffic": 0,
            "is_deprecated": false,
            "locations": [
              {
                "deprecation_announced": "2025-10-16T06:00:00Z",
                "id": 1,
                "is_deprecated": true,
                "name": "fsn1",
                "unavailable_after": "2025-12-31T23:59:59Z"
              },
              {
                "deprecation_announced": "2025-10-16T06:00:00Z",
                "id": 2,
                "is_deprecated": true,
                "name": "nbg1",
                "unavailable_after": "2025-12-31T23:59:59Z"
              },
              {
                "deprecation_announced": "2025-10-16T06:00:00Z",
                "id": 3,
                "is_deprecated": true,
                "name": "hel1",
                "unavailable_after": "2025-12-31T23:59:59Z"
              },
              {
                "deprecation_announced": "",
                "id": 4,
                "is_deprecated": false,
                "name": "ash",
                "unavailable_after": ""
              },
              {
                "deprecation_announced": "",
                "id": 5,
                "is_deprecated": false,
                "name": "hil",
                "unavailable_after": ""
              },
              {
                "deprecation_announced": "2025-10-16T06:00:00Z",
                "id": 6,
                "is_deprecated": true,
                "name": "sin",
                "unavailable_after": "2025-12-31T23:59:59Z"
              }
            ],
            "memory": 8,
            "name": "cpx31",
            "storage_type": "local",
            "unavailable_after": ""
          },
          "sensitive_attributes": []
        },
        {
          "index_key": "cpx32",
          "schema_version": 0,
          "attributes": {
            "architecture": "x86",
            "category": "regular_purpose",
            "cores": 4,
            "cpu_type": "shared",
            "deprecation_announced": "",
            "description": "CPX 32",
            "disk": 160,
            "id": 110,
            "included_traffic": 0,
            "is_deprecated": false,
            "locations": [
              {
                "deprecation_announced": "",
                "id": 1,
                "is_deprecated": false,
                "name": "fsn1",
                "unavailable_after": ""
              },
              {
                "deprecation_announced": "",
                "id": 2,
                "is_deprecated": false,
                "name": "nbg1",
                "unavailable_after": ""
              },
              {
                "deprecation_announced": "",
                "id": 3,
                "is_deprecated": false,
                "name": "hel1",
                "unavailable_after": ""
              },
              {
                "deprecation_announced": "",
                "id": 6,
                "is_deprecated": false,
                "name": "sin",
                "unavailable_after": ""
              }
            ],
            "memory": 8,
            "name": "cpx32",
            "storage_type": "local",
            "unavailable_after": ""
          },
          "sensitive_attributes": []
        },
        {
          "index_key": "cpx41",
          "schema_version": 0,
          "attributes": {
            "architecture": "x86",
            "category": "regular_purpose",
            "cores": 8,
            "cpu_type": "shared",
            "deprecation_announced": "",
            "description": "CPX 41",
            "disk": 240,
            "id": 25,
            "included_traffic": 0,
            "is_deprecated": false,
            "locations": [
              {
                "deprecation_announced": "2025-10-16T06:00:00Z",
                "id": 1,
                "is_deprecated": true,
                "name": "fsn1",
                "unavailable_after": "2025-12-31T23:59:59Z"
              },
              {
                "deprecation_announced": "2025-10-16T06:00:00Z",
                "id": 2,
                "is_deprecated": true,
                "name": "nbg1",
                "unavailable_after": "2025-12-31T23:59:59Z"
              },
              {
                "deprecation_announced": "2025-10-16T06:00:00Z",
                "id": 3,
                "is_deprecated": true,
                "name": "hel1",
                "unavailable_after": "2025-12-31T23:59:59Z"
              },
              {
                "deprecation_announced": "",
                "id": 4,
                "is_deprecated": false,
                "name": "ash",
                "unavailable_after": ""
              },
              {
                "deprecation_announced": "",
                "id": 5,
                "is_deprecated": false,
                "name": "hil",
                "unavailable_after": ""
              },
              {
                "deprecation_announced": "2025-10-16T06:00:00Z",
                "id": 6,
                "is_deprecated": true,
                "name": "sin",
                "unavailable_after": "2025-12-31T23:59:59Z"
              }
            ],
            "memory": 16,
            "name": "cpx41",
            "storage_type": "local",
            "unavailable_after": ""
          },
          "sensitive_attributes": []
        },
        {
          "index_key": "cpx42",
          "schema_version": 0,
          "attributes": {
            "architecture": "x86",
            "category": "regular_purpose",
            "cores": 8,
            "cpu_type": "shared",
            "deprecation_announced": "",
            "description": "CPX 42",
            "disk": 320,
            "id": 111,
            "included_traffic": 0,
            "is_deprecated": false,
            "locations": [
              {
                "deprecation_announced": "",
                "id": 1,
                "is_deprecated": false,
                "name": "fsn1",
                "unavailable_after": ""
              },
              {
                "deprecation_announced": "",
                "id": 2,
                "is_deprecated": false,
                "name": "nbg1",
                "unavailable_after": ""
              },
              {
                "deprecation_announced": "",
                "id": 3,
                "is_deprecated": false,
                "name": "hel1",
                "unavailable_after": ""
              },
              {
                "deprecation_announced": "",
                "id": 6,
                "is_deprecated": false,
                "name": "sin",
                "unavailable_after": ""
              }
            ],
            "memory": 16,
            "name": "cpx42",
            "storage_type": "local",
            "unavailable_after": ""
          },
          "sensitive_attributes": []
        },
        {
          "index_key": "cpx51",
          "schema_version": 0,
          "attributes": {
            "architecture": "x86",
            "category": "regular_purpose",
            "cores": 16,
            "cpu_type": "shared",
            "deprecation_announced": "",
            "description": "CPX 51",
            "disk": 360,
            "id": 26,
            "included_traffic": 0,
            "is_deprecated": false,
            "locations": [
              {
                "deprecation_announced": "2025-10-16T06:00:00Z",
                "id": 1,
                "is_deprecated": true,
                "name": "fsn1",
                "unavailable_after": "2025-12-31T23:59:59Z"
              },
              {
                "deprecation_announced": "2025-10-16T06:00:00Z",
                "id": 2,
                "is_deprecated": true,
                "name": "nbg1",
                "unavailable_after": "2025-12-31T23:59:59Z"
              },
              {
                "deprecation_announced": "2025-10-16T06:00:00Z",
                "id": 3,
                "is_deprecated": true,
                "name": "hel1",
                "unavailable_after": "2025-12-31T23:59:59Z"
              },
              {
                "deprecation_announced": "",
                "id": 4,
                "is_deprecated": false,
                "name": "ash",
                "unavailable_after": ""
              },
              {
                "deprecation_announced": "",
                "id": 5,
                "is_deprecated": false,
                "name": "hil",
                "unavailable_after": ""
              },
              {
                "deprecation_announced": "2025-10-16T06:00:00Z",
                "id": 6,
                "is_deprecated": true,
                "name": "sin",
                "unavailable_after": "2025-12-31T23:59:59Z"
              }
            ],
            "memory": 32,
            "name": "cpx51",
            "storage_type": "local",
            "unavailable_after": ""
          },
          "sensitive_attributes": []
        },
        {
          "index_key": "cpx52",
          "schema_version": 0,
          "attributes": {
            "architecture": "x86",
            "category": "regular_purpose",
            "cores": 12,
            "cpu_type": "shared",
            "deprecation_announced": "",
            "description": "CPX 52",
            "disk": 480,
            "id": 112,
            "included_traffic": 0,
            "is_deprecated": false,
            "locations": [
              {
                "deprecation_announced": "",
                "id": 1,
                "is_deprecated": false,
                "name": "fsn1",
                "unavailable_after": ""
              },
              {
                "deprecation_announced": "",
                "id": 2,
                "is_deprecated": false,
                "name": "nbg1",
                "unavailable_after": ""
              },
              {
                "deprecation_announced": "",
                "id": 3,
                "is_deprecated": false,
                "name": "hel1",
                "unavailable_after": ""
              },
              {
                "deprecation_announced": "",
                "id": 6,
                "is_deprecated": false,
                "name": "sin",
                "unavailable_after": ""
              }
            ],
            "memory": 24,
            "name": "cpx52",
            "storage_type": "local",
            "unavailable_after": ""
          },
          "sensitive_attributes": []
        },
        {
          "index_key": "cpx62",
          "schema_version": 0,
          "attributes": {
            "architecture": "x86",
            "category": "regular_purpose",
            "cores": 16,
            "cpu_type": "shared",
            "deprecation_announced": "",
            "description": "CPX 62",
            "disk": 640,
            "id": 113,
            "included_traffic": 0,
            "is_deprecated": false,
            "locations": [
              {
                "deprecation_announced": "",
                "id": 1,
                "is_deprecated": false,
                "name": "fsn1",
                "unavailable_after": ""
              },
              {
                "deprecation_announced": "",
                "id": 2,
                "is_deprecated": false,
                "name": "nbg1",
                "unavailable_after": ""
              },
              {
                "deprecation_announced": "",
                "id": 3,
                "is_deprecated": false,
                "name": "hel1",
                "unavailable_after": ""
              },
              {
                "deprecation_announced": "",
                "id": 6,
                "is_deprecated": false,
                "name": "sin",
                "unavailable_after": ""
              }
            ],
            "memory": 32,
            "name": "cpx62",
            "storage_type": "local",
            "unavailable_after": ""
          },
          "sensitive_attributes": []
        },
        {
          "index_key": "cx22",
          "schema_version": 0,
          "attributes": {
            "architecture": "x86",
            "category": "cost_optimized",
            "cores": 2,
            "cpu_type": "shared",
            "deprecation_announced": "2025-10-16T06:00:00Z",
            "description": "CX22",
            "disk": 40,
            "id": 104,
            "included_traffic": 0,
            "is_deprecated": true,
            "locations": [
              {
                "deprecation_announced": "2025-10-16T06:00:00Z",
                "id": 1,
                "is_deprecated": true,
                "name": "fsn1",
                "unavailable_after": "2025-12-31T23:59:59Z"
              },
              {
                "deprecation_announced": "2025-10-16T06:00:00Z",
                "id": 2,
                "is_deprecated": true,
                "name": "nbg1",
                "unavailable_after": "2025-12-31T23:59:59Z"
              },
              {
                "deprecation_announced": "2025-10-16T06:00:00Z",
                "id": 3,
                "is_deprecated": true,
                "name": "hel1",
                "unavailable_after": "2025-12-31T23:59:59Z"
              }
            ],
            "memory": 4,
            "name": "cx22",
            "storage_type": "local",
            "unavailable_after": "2025-12-31T23:59:59Z"
          },
          "sensitive_attributes": []
        },
        {
          "index_key": "cx23",
          "schema_version": 0,
          "attributes": {
            "architecture": "x86",
            "category": "cost_optimized",
            "cores": 2,
            "cpu_type": "shared",
            "deprecation_announced": "",
            "description": "CX 23",
            "disk": 40,
            "id": 114,
            "included_traffic": 0,
            "is_deprecated": false,
            "locations": [
              {
                "deprecation_announced": "",
                "id": 1,
                "is_deprecated": false,
                "name": "fsn1",
                "unavailable_after": ""
              },
              {
                "deprecation_announced": "",
                "id": 2,
                "is_deprecated": false,
                "name": "nbg1",
                "unavailable_after": ""
              },
              {
                "deprecation_announced": "",
                "id": 3,
                "is_deprecated": false,
                "name": "hel1",
                "unavailable_after": ""
              }
            ],
            "memory": 4,
            "name": "cx23",
            "storage_type": "local",
            "unavailable_after": ""
          },
          "sensitive_attributes": []
        },
        {
          "index_key": "cx32",
          "schema_version": 0,
          "attributes": {
            "architecture": "x86",
            "category": "cost_optimized",
            "cores": 4,
            "cpu_type": "shared",
            "deprecation_announced": "2025-10-16T06:00:00Z",
            "description": "CX32",
            "disk": 80,
            "id": 105,
            "included_traffic": 0,
            "is_deprecated": true,
            "locations": [
              {
                "deprecation_announced": "2025-10-16T06:00:00Z",
                "id": 1,
                "is_deprecated": true,
                "name": "fsn1",
                "unavailable_after": "2025-12-31T23:59:59Z"
              },
              {
                "deprecation_announced": "2025-10-16T06:00:00Z",
                "id": 2,
                "is_deprecated": true,
                "name": "nbg1",
                "unavailable_after": "2025-12-31T23:59:59Z"
              },
              {
                "deprecation_announced": "2025-10-16T06:00:00Z",
                "id": 3,
                "is_deprecated": true,
                "name": "hel1",
                "unavailable_after": "2025-12-31T23:59:59Z"
              }
            ],
            "memory": 8,
            "name": "cx32",
            "storage_type": "local",
            "unavailable_after": "2025-12-31T23:59:59Z"
          },
          "sensitive_attributes": []
        },
        {
          "index_key": "cx33",
          "schema_version": 0,
          "attributes": {
            "architecture": "x86",
            "category": "cost_optimized",
            "cores": 4,
            "cpu_type": "shared",
            "deprecation_announced": "",
            "description": "CX 33",
            "disk": 80,
            "id": 115,
            "included_traffic": 0,
            "is_deprecated": false,
            "locations": [
              {
                "deprecation_announced": "",
                "id": 1,
                "is_deprecated": false,
                "name": "fsn1",
                "unavailable_after": ""
              },
              {
                "deprecation_announced": "",
                "id": 2,
                "is_deprecated": false,
                "name": "nbg1",
                "unavailable_after": ""
              },
              {
                "deprecation_announced": "",
                "id": 3,
                "is_deprecated": false,
                "name": "hel1",
                "unavailable_after": ""
              }
            ],
            "memory": 8,
            "name": "cx33",
            "storage_type": "local",
            "unavailable_after": ""
          },
          "sensitive_attributes": []
        },
        {
          "index_key": "cx42",
          "schema_version": 0,
          "attributes": {
            "architecture": "x86",
            "category": "cost_optimized",
            "cores": 8,
            "cpu_type": "shared",
            "deprecation_announced": "2025-10-16T06:00:00Z",
            "description": "CX42",
            "disk": 160,
            "id": 106,
            "included_traffic": 0,
            "is_deprecated": true,
            "locations": [
              {
                "deprecation_announced": "2025-10-16T06:00:00Z",
                "id": 1,
                "is_deprecated": true,
                "name": "fsn1",
                "unavailable_after": "2025-12-31T23:59:59Z"
              },
              {
                "deprecation_announced": "2025-10-16T06:00:00Z",
                "id": 2,
                "is_deprecated": true,
                "name": "nbg1",
                "unavailable_after": "2025-12-31T23:59:59Z"
              },
              {
                "deprecation_announced": "2025-10-16T06:00:00Z",
                "id": 3,
                "is_deprecated": true,
                "name": "hel1",
                "unavailable_after": "2025-12-31T23:59:59Z"
              }
            ],
            "memory": 16,
            "name": "cx42",
            "storage_type": "local",
            "unavailable_after": "2025-12-31T23:59:59Z"
          },
          "sensitive_attributes": []
        },
        {
          "index_key": "cx43",
          "schema_version": 0,
          "attributes": {
            "architecture": "x86",
            "category": "cost_optimized",
            "cores": 8,
            "cpu_type": "shared",
            "deprecation_announced": "",
            "description": "CX 43",
            "disk": 160,
            "id": 116,
            "included_traffic": 0,
            "is_deprecated": false,
            "locations": [
              {
                "deprecation_announced": "",
                "id": 1,
                "is_deprecated": false,
                "name": "fsn1",
                "unavailable_after": ""
              },
              {
                "deprecation_announced": "",
                "id": 2,
                "is_deprecated": false,
                "name": "nbg1",
                "unavailable_after": ""
              },
              {
                "deprecation_announced": "",
                "id": 3,
                "is_deprecated": false,
                "name": "hel1",
                "unavailable_after": ""
              }
            ],
            "memory": 16,
            "name": "cx43",
            "storage_type": "local",
            "unavailable_after": ""
          },
          "sensitive_attributes": []
        },
        {
          "index_key": "cx52",
          "schema_version": 0,
          "attributes": {
            "architecture": "x86",
            "category": "cost_optimized",
            "cores": 16,
            "cpu_type": "shared",
            "deprecation_announced": "2025-10-16T06:00:00Z",
            "description": "CX52",
            "disk": 320,
            "id": 107,
            "included_traffic": 0,
            "is_deprecated": true,
            "locations": [
              {
                "deprecation_announced": "2025-10-16T06:00:00Z",
                "id": 1,
                "is_deprecated": true,
                "name": "fsn1",
                "unavailable_after": "2025-12-31T23:59:59Z"
              },
              {
                "deprecation_announced": "2025-10-16T06:00:00Z",
                "id": 2,
                "is_deprecated": true,
                "name": "nbg1",
                "unavailable_after": "2025-12-31T23:59:59Z"
              },
              {
                "deprecation_announced": "2025-10-16T06:00:00Z",
                "id": 3,
                "is_deprecated": true,
                "name": "hel1",
                "unavailable_after": "2025-12-31T23:59:59Z"
              }
            ],
            "memory": 32,
            "name": "cx52",
            "storage_type": "local",
            "unavailable_after": "2025-12-31T23:59:59Z"
          },
          "sensitive_attributes": []
        },
        {
          "index_key": "cx53",
          "schema_version": 0,
          "attributes": {
            "architecture": "x86",
            "category": "cost_optimized",
            "cores": 16,
            "cpu_type": "shared",
            "deprecation_announced": "",
            "description": "CX 53",
            "disk": 320,
            "id": 117,
            "included_traffic": 0,
            "is_deprecated": false,
            "locations": [
              {
                "deprecation_announced": "",
                "id": 1,
                "is_deprecated": false,
                "name": "fsn1",
                "unavailable_after": ""
              },
              {
                "deprecation_announced": "",
                "id": 2,
                "is_deprecated": false,
                "name": "nbg1",
                "unavailable_after": ""
              },
              {
                "deprecation_announced": "",
                "id": 3,
                "is_deprecated": false,
                "name": "hel1",
                "unavailable_after": ""
              }
            ],
            "memory": 32,
            "name": "cx53",
            "storage_type": "local",
            "unavailable_after": ""
          },
          "sensitive_attributes": []
        }
      ]
    },
    {
      "module": "module.infrastructure",
      "mode": "data",
      "type": "hcloud_server_types",
      "name": "all",
      "provider": "module.infrastructure.provider[\"registry.terraform.io/hetznercloud/hcloud\"]",
      "instances": [
        {
          "schema_version": 0,
          "attributes": {
            "descriptions": [
              "CPX 11",
              "CPX 21",
              "CPX 31",
              "CPX 41",
              "CPX 51",
              "CAX11",
              "CAX21",
              "CAX31",
              "CAX41",
              "CCX13 Dedicated CPU",
              "CCX23 Dedicated CPU",
              "CCX33 Dedicated CPU",
              "CCX43 Dedicated CPU",
              "CCX53 Dedicated CPU",
              "CCX63 Dedicated CPU",
              "CX22",
              "CX32",
              "CX42",
              "CX52",
              "CPX 12",
              "CPX 22",
              "CPX 32",
              "CPX 42",
              "CPX 52",
              "CPX 62",
              "CX 23",
              "CX 33",
              "CX 43",
              "CX 53"
            ],
            "id": "166277662d9b7990b1711b6545d691c4fc52eb3f",
            "names": [
              "cpx11",
              "cpx21",
              "cpx31",
              "cpx41",
              "cpx51",
              "cax11",
              "cax21",
              "cax31",
              "cax41",
              "ccx13",
              "ccx23",
              "ccx33",
              "ccx43",
              "ccx53",
              "ccx63",
              "cx22",
              "cx32",
              "cx42",
              "cx52",
              "cpx12",
              "cpx22",
              "cpx32",
              "cpx42",
              "cpx52",
              "cpx62",
              "cx23",
              "cx33",
              "cx43",
              "cx53"
            ],
            "server_type_ids": [
              "22",
              "23",
              "24",
              "25",
              "26",
              "45",
              "93",
              "94",
              "95",
              "96",
              "97",
              "98",
              "99",
              "100",
              "101",
              "104",
              "105",
              "106",
              "107",
              "108",
              "109",
              "110",
              "111",
              "112",
              "113",
              "114",
              "115",
              "116",
              "117"
            ],
            "server_types": [
              {
                "architecture": "x86",
                "category": "regular_purpose",
                "cores": 2,
                "cpu_type": "shared",
                "deprecation_announced": "",
                "description": "CPX 11",
                "disk": 40,
                "id": 22,
                "included_traffic": 0,
                "is_deprecated": false,
                "locations": [
                  {
                    "deprecation_announced": "2025-10-16T06:00:00Z",
                    "id": 1,
                    "is_deprecated": true,
                    "name": "fsn1",
                    "unavailable_after": "2025-12-31T23:59:59Z"
                  },
                  {
                    "deprecation_announced": "2025-10-16T06:00:00Z",
                    "id": 2,
                    "is_deprecated": true,
                    "name": "nbg1",
                    "unavailable_after": "2025-12-31T23:59:59Z"
                  },
                  {
                    "deprecation_announced": "2025-10-16T06:00:00Z",
                    "id": 3,
                    "is_deprecated": true,
                    "name": "hel1",
                    "unavailable_after": "2025-12-31T23:59:59Z"
                  },
                  {
                    "deprecation_announced": "",
                    "id": 4,
                    "is_deprecated": false,
                    "name": "ash",
                    "unavailable_after": ""
                  },
                  {
                    "deprecation_announced": "",
                    "id": 5,
                    "is_deprecated": false,
                    "name": "hil",
                    "unavailable_after": ""
                  },
                  {
                    "deprecation_announced": "2025-10-16T06:00:00Z",
                    "id": 6,
                    "is_deprecated": true,
                    "name": "sin",
                    "unavailable_after": "2025-12-31T23:59:59Z"
                  }
                ],
                "memory": 2,
                "name": "cpx11",
                "storage_type": "local",
                "unavailable_after": ""
              },
              {
                "architecture": "x86",
                "category": "regular_purpose",
                "cores": 3,
                "cpu_type": "shared",
                "deprecation_announced": "",
                "description": "CPX 21",
                "disk": 80,
                "id": 23,
                "included_traffic": 0,
                "is_deprecated": false,
                "locations": [
                  {
                    "deprecation_announced": "2025-10-16T06:00:00Z",
                    "id": 1,
                    "is_deprecated": true,
                    "name": "fsn1",
                    "unavailable_after": "2025-12-31T23:59:59Z"
                  },
                  {
                    "deprecation_announced": "2025-10-16T06:00:00Z",
                    "id": 2,
                    "is_deprecated": true,
                    "name": "nbg1",
                    "unavailable_after": "2025-12-31T23:59:59Z"
                  },
                  {
                    "deprecation_announced": "2025-10-16T06:00:00Z",
                    "id": 3,
                    "is_deprecated": true,
                    "name": "hel1",
                    "unavailable_after": "2025-12-31T23:59:59Z"
                  },
                  {
                    "deprecation_announced": "",
                    "id": 4,
                    "is_deprecated": false,
                    "name": "ash",
                    "unavailable_after": ""
                  },
                  {
                    "deprecation_announced": "",
                    "id": 5,
                    "is_deprecated": false,
                    "name": "hil",
                    "unavailable_after": ""
                  },
                  {
                    "deprecation_announced": "2025-10-16T06:00:00Z",
                    "id": 6,
                    "is_deprecated": true,
                    "name": "sin",
                    "unavailable_after": "2025-12-31T23:59:59Z"
                  }
                ],
                "memory": 4,
                "name": "cpx21",
                "storage_type": "local",
                "unavailable_after": ""
              },
              {
                "architecture": "x86",
                "category": "regular_purpose",
                "cores": 4,
                "cpu_type": "shared",
                "deprecation_announced": "",
                "description": "CPX 31",
                "disk": 160,
                "id": 24,
                "included_traffic": 0,
                "is_deprecated": false,
                "locations": [
                  {
                    "deprecation_announced": "2025-10-16T06:00:00Z",
                    "id": 1,
                    "is_deprecated": true,
                    "name": "fsn1",
                    "unavailable_after": "2025-12-31T23:59:59Z"
                  },
                  {
                    "deprecation_announced": "2025-10-16T06:00:00Z",
                    "id": 2,
                    "is_deprecated": true,
                    "name": "nbg1",
                    "unavailable_after": "2025-12-31T23:59:59Z"
                  },
                  {
                    "deprecation_announced": "2025-10-16T06:00:00Z",
                    "id": 3,
                    "is_deprecated": true,
                    "name": "hel1",
                    "unavailable_after": "2025-12-31T23:59:59Z"
                  },
                  {
                    "deprecation_announced": "",
                    "id": 4,
                    "is_deprecated": false,
                    "name": "ash",
                    "unavailable_after": ""
                  },
                  {
                    "deprecation_announced": "",
                    "id": 5,
                    "is_deprecated": false,
                    "name": "hil",
                    "unavailable_after": ""
                  },
                  {
                    "deprecation_announced": "2025-10-16T06:00:00Z",
                    "id": 6,
                    "is_deprecated": true,
                    "name": "sin",
                    "unavailable_after": "2025-12-31T23:59:59Z"
                  }
                ],
                "memory": 8,
                "name": "cpx31",
                "storage_type": "local",
                "unavailable_after": ""
              },
              {
                "architecture": "x86",
                "category": "regular_purpose",
                "cores": 8,
                "cpu_type": "shared",
                "deprecation_announced": "",
                "description": "CPX 41",
                "disk": 240,
                "id": 25,
                "included_traffic": 0,
                "is_deprecated": false,
                "locations": [
                  {
                    "deprecation_announced": "2025-10-16T06:00:00Z",
                    "id": 1,
                    "is_deprecated": true,
                    "name": "fsn1",
                    "unavailable_after": "2025-12-31T23:59:59Z"
                  },
                  {
                    "deprecation_announced": "2025-10-16T06:00:00Z",
                    "id": 2,
                    "is_deprecated": true,
                    "name": "nbg1",
                    "unavailable_after": "2025-12-31T23:59:59Z"
                  },
                  {
                    "deprecation_announced": "2025-10-16T06:00:00Z",
                    "id": 3,
                    "is_deprecated": true,
                    "name": "hel1",
                    "unavailable_after": "2025-12-31T23:59:59Z"
                  },
                  {
                    "deprecation_announced": "",
                    "id": 4,
                    "is_deprecated": false,
                    "name": "ash",
                    "unavailable_after": ""
                  },
                  {
                    "deprecation_announced": "",
                    "id": 5,
                    "is_deprecated": false,
                    "name": "hil",
                    "unavailable_after": ""
                  },
                  {
                    "deprecation_announced": "2025-10-16T06:00:00Z",
                    "id": 6,
                    "is_deprecated": true,
                    "name": "sin",
                    "unavailable_after": "2025-12-31T23:59:59Z"
                  }
                ],
                "memory": 16,
                "name": "cpx41",
                "storage_type": "local",
                "unavailable_after": ""
              },
              {
                "architecture": "x86",
                "category": "regular_purpose",
                "cores": 16,
                "cpu_type": "shared",
                "deprecation_announced": "",
                "description": "CPX 51",
                "disk": 360,
                "id": 26,
                "included_traffic": 0,
                "is_deprecated": false,
                "locations": [
                  {
                    "deprecation_announced": "2025-10-16T06:00:00Z",
                    "id": 1,
                    "is_deprecated": true,
                    "name": "fsn1",
                    "unavailable_after": "2025-12-31T23:59:59Z"
                  },
                  {
                    "deprecation_announced": "2025-10-16T06:00:00Z",
                    "id": 2,
                    "is_deprecated": true,
                    "name": "nbg1",
                    "unavailable_after": "2025-12-31T23:59:59Z"
                  },
                  {
                    "deprecation_announced": "2025-10-16T06:00:00Z",
                    "id": 3,
                    "is_deprecated": true,
                    "name": "hel1",
                    "unavailable_after": "2025-12-31T23:59:59Z"
                  },
                  {
                    "deprecation_announced": "",
                    "id": 4,
                    "is_deprecated": false,
                    "name": "ash",
                    "unavailable_after": ""
                  },
                  {
                    "deprecation_announced": "",
                    "id": 5,
                    "is_deprecated": false,
                    "name": "hil",
                    "unavailable_after": ""
                  },
                  {
                    "deprecation_announced": "2025-10-16T06:00:00Z",
                    "id": 6,
                    "is_deprecated": true,
                    "name": "sin",
                    "unavailable_after": "2025-12-31T23:59:59Z"
                  }
                ],
                "memory": 32,
                "name": "cpx51",
                "storage_type": "local",
                "unavailable_after": ""
              },
              {
                "architecture": "arm",
                "category": "cost_optimized",
                "cores": 2,
                "cpu_type": "shared",
                "deprecation_announced": "",
                "description": "CAX11",
                "disk": 40,
                "id": 45,
                "included_traffic": 0,
                "is_deprecated": false,
                "locations": [
                  {
                    "deprecation_announced": "",
                    "id": 1,
                    "is_deprecated": false,
                    "name": "fsn1",
                    "unavailable_after": ""
                  },
                  {
                    "deprecation_announced": "",
                    "id": 2,
                    "is_deprecated": false,
                    "name": "nbg1",
                    "unavailable_after": ""
                  },
                  {
                    "deprecation_announced": "",
                    "id": 3,
                    "is_deprecated": false,
                    "name": "hel1",
                    "unavailable_after": ""
                  }
                ],
                "memory": 4,
                "name": "cax11",
                "storage_type": "local",
                "unavailable_after": ""
              },
              {
                "architecture": "arm",
                "category": "cost_optimized",
                "cores": 4,
                "cpu_type": "shared",
                "deprecation_announced": "",
                "description": "CAX21",
                "disk": 80,
                "id": 93,
                "included_traffic": 0,
                "is_deprecated": false,
                "locations": [
                  {
                    "deprecation_announced": "",
                    "id": 1,
                    "is_deprecated": false,
                    "name": "fsn1",
                    "unavailable_after": ""
                  },
                  {
                    "deprecation_announced": "",
                    "id": 2,
                    "is_deprecated": false,
                    "name": "nbg1",
                    "unavailable_after": ""
                  },
                  {
                    "deprecation_announced": "",
                    "id": 3,
                    "is_deprecated": false,
                    "name": "hel1",
                    "unavailable_after": ""
                  }
                ],
                "memory": 8,
                "name": "cax21",
                "storage_type": "local",
                "unavailable_after": ""
              },
              {
                "architecture": "arm",
                "category": "cost_optimized",
                "cores": 8,
                "cpu_type": "shared",
                "deprecation_announced": "",
                "description": "CAX31",
                "disk": 160,
                "id": 94,
                "included_traffic": 0,
                "is_deprecated": false,
                "locations": [
                  {
                    "deprecation_announced": "",
                    "id": 1,
                    "is_deprecated": false,
                    "name": "fsn1",
                    "unavailable_after": ""
                  },
                  {
                    "deprecation_announced": "",
                    "id": 2,
                    "is_deprecated": false,
                    "name": "nbg1",
                    "unavailable_after": ""
                  },
                  {
                    "deprecation_announced": "",
                    "id": 3,
                    "is_deprecated": false,
                    "name": "hel1",
                    "unavailable_after": ""
                  }
                ],
                "memory": 16,
                "name": "cax31",
                "storage_type": "local",
                "unavailable_after": ""
              },
              {
                "architecture": "arm",
                "category": "cost_optimized",
                "cores": 16,
                "cpu_type": "shared",
                "deprecation_announced": "",
                "description": "CAX41",
                "disk": 320,
                "id": 95,
                "included_traffic": 0,
                "is_deprecated": false,
                "locations": [
                  {
                    "deprecation_announced": "",
                    "id": 1,
                    "is_deprecated": false,
                    "name": "fsn1",
                    "unavailable_after": ""
                  },
                  {
                    "deprecation_announced": "",
                    "id": 2,
                    "is_deprecated": false,
                    "name": "nbg1",
                    "unavailable_after": ""
                  },
                  {
                    "deprecation_announced": "",
                    "id": 3,
                    "is_deprecated": false,
                    "name": "hel1",
                    "unavailable_after": ""
                  }
                ],
                "memory": 32,
                "name": "cax41",
                "storage_type": "local",
                "unavailable_after": ""
              },
              {
                "architecture": "x86",
                "category": "general_purpose",
                "cores": 2,
                "cpu_type": "dedicated",
                "deprecation_announced": "",
                "description": "CCX13 Dedicated CPU",
                "disk": 80,
                "id": 96,
                "included_traffic": 0,
                "is_deprecated": false,
                "locations": [
                  {
                    "deprecation_announced": "",
                    "id": 1,
                    "is_deprecated": false,
                    "name": "fsn1",
                    "unavailable_after": ""
                  },
                  {
                    "deprecation_announced": "",
                    "id": 2,
                    "is_deprecated": false,
                    "name": "nbg1",
                    "unavailable_after": ""
                  },
                  {
                    "deprecation_announced": "",
                    "id": 3,
                    "is_deprecated": false,
                    "name": "hel1",
                    "unavailable_after": ""
                  },
                  {
                    "deprecation_announced": "",
                    "id": 4,
                    "is_deprecated": false,
                    "name": "ash",
                    "unavailable_after": ""
                  },
                  {
                    "deprecation_announced": "",
                    "id": 5,
                    "is_deprecated": false,
                    "name": "hil",
                    "unavailable_after": ""
                  },
                  {
                    "deprecation_announced": "",
                    "id": 6,
                    "is_deprecated": false,
                    "name": "sin",
                    "unavailable_after": ""
                  }
                ],
                "memory": 8,
                "name": "ccx13",
                "storage_type": "local",
                "unavailable_after": ""
              },
              {
                "architecture": "x86",
                "category": "general_purpose",
                "cores": 4,
                "cpu_type": "dedicated",
                "deprecation_announced": "",
                "description": "CCX23 Dedicated CPU",
                "disk": 160,
                "id": 97,
                "included_traffic": 0,
                "is_deprecated": false,
                "locations": [
                  {
                    "deprecation_announced": "",
                    "id": 1,
                    "is_deprecated": false,
                    "name": "fsn1",
                    "unavailable_after": ""
                  },
                  {
                    "deprecation_announced": "",
                    "id": 2,
                    "is_deprecated": false,
                    "name": "nbg1",
                    "unavailable_after": ""
                  },
                  {
                    "deprecation_announced": "",
                    "id": 3,
                    "is_deprecated": false,
                    "name": "hel1",
                    "unavailable_after": ""
                  },
                  {
                    "deprecation_announced": "",
                    "id": 4,
                    "is_deprecated": false,
                    "name": "ash",
                    "unavailable_after": ""
                  },
                  {
                    "deprecation_announced": "",
                    "id": 5,
                    "is_deprecated": false,
                    "name": "hil",
                    "unavailable_after": ""
                  },
                  {
                    "deprecation_announced": "",
                    "id": 6,
                    "is_deprecated": false,
                    "name": "sin",
                    "unavailable_after": ""
                  }
                ],
                "memory": 16,
                "name": "ccx23",
                "storage_type": "local",
                "unavailable_after": ""
              },
              {
                "architecture": "x86",
                "category": "general_purpose",
                "cores": 8,
                "cpu_type": "dedicated",
                "deprecation_announced": "",
                "description": "CCX33 Dedicated CPU",
                "disk": 240,
                "id": 98,
                "included_traffic": 0,
                "is_deprecated": false,
                "locations": [
                  {
                    "deprecation_announced": "",
                    "id": 1,
                    "is_deprecated": false,
                    "name": "fsn1",
                    "unavailable_after": ""
                  },
                  {
                    "deprecation_announced": "",
                    "id": 2,
                    "is_deprecated": false,
                    "name": "nbg1",
                    "unavailable_after": ""
                  },
                  {
                    "deprecation_announced": "",
                    "id": 3,
                    "is_deprecated": false,
                    "name": "hel1",
                    "unavailable_after": ""
                  },
                  {
                    "deprecation_announced": "",
                    "id": 4,
                    "is_deprecated": false,
                    "name": "ash",
                    "unavailable_after": ""
                  },
                  {
                    "deprecation_announced": "",
                    "id": 5,
                    "is_deprecated": false,
                    "name": "hil",
                    "unavailable_after": ""
                  },
                  {
                    "deprecation_announced": "",
                    "id": 6,
                    "is_deprecated": false,
                    "name": "sin",
                    "unavailable_after": ""
                  }
                ],
                "memory": 32,
                "name": "ccx33",
                "storage_type": "local",
                "unavailable_after": ""
              },
              {
                "architecture": "x86",
                "category": "general_purpose",
                "cores": 16,
                "cpu_type": "dedicated",
                "deprecation_announced": "",
                "description": "CCX43 Dedicated CPU",
                "disk": 360,
                "id": 99,
                "included_traffic": 0,
                "is_deprecated": false,
                "locations": [
                  {
                    "deprecation_announced": "",
                    "id": 1,
                    "is_deprecated": false,
                    "name": "fsn1",
                    "unavailable_after": ""
                  },
                  {
                    "deprecation_announced": "",
                    "id": 2,
                    "is_deprecated": false,
                    "name": "nbg1",
                    "unavailable_after": ""
                  },
                  {
                    "deprecation_announced": "",
                    "id": 3,
                    "is_deprecated": false,
                    "name": "hel1",
                    "unavailable_after": ""
                  },
                  {
                    "deprecation_announced": "",
                    "id": 4,
                    "is_deprecated": false,
                    "name": "ash",
                    "unavailable_after": ""
                  },
                  {
                    "deprecation_announced": "",
                    "id": 5,
                    "is_deprecated": false,
                    "name": "hil",
                    "unavailable_after": ""
                  },
                  {
                    "deprecation_announced": "",
                    "id": 6,
                    "is_deprecated": false,
                    "name": "sin",
                    "unavailable_after": ""
                  }
                ],
                "memory": 64,
                "name": "ccx43",
                "storage_type": "local",
                "unavailable_after": ""
              },
              {
                "architecture": "x86",
                "category": "general_purpose",
                "cores": 32,
                "cpu_type": "dedicated",
                "deprecation_announced": "",
                "description": "CCX53 Dedicated CPU",
                "disk": 600,
                "id": 100,
                "included_traffic": 0,
                "is_deprecated": false,
                "locations": [
                  {
                    "deprecation_announced": "",
                    "id": 1,
                    "is_deprecated": false,
                    "name": "fsn1",
                    "unavailable_after": ""
                  },
                  {
                    "deprecation_announced": "",
                    "id": 2,
                    "is_deprecated": false,
                    "name": "nbg1",
                    "unavailable_after": ""
                  },
                  {
                    "deprecation_announced": "",
                    "id": 3,
                    "is_deprecated": false,
                    "name": "hel1",
                    "unavailable_after": ""
                  },
                  {
                    "deprecation_announced": "",
                    "id": 4,
                    "is_deprecated": false,
                    "name": "ash",
                    "unavailable_after": ""
                  },
                  {
                    "deprecation_announced": "",
                    "id": 5,
                    "is_deprecated": false,
                    "name": "hil",
                    "unavailable_after": ""
                  },
                  {
                    "deprecation_announced": "",
                    "id": 6,
                    "is_deprecated": false,
                    "name": "sin",
                    "unavailable_after": ""
                  }
                ],
                "memory": 128,
                "name": "ccx53",
                "storage_type": "local",
                "unavailable_after": ""
              },
              {
                "architecture": "x86",
                "category": "general_purpose",
                "cores": 48,
                "cpu_type": "dedicated",
                "deprecation_announced": "",
                "description": "CCX63 Dedicated CPU",
                "disk": 960,
                "id": 101,
                "included_traffic": 0,
                "is_deprecated": false,
                "locations": [
                  {
                    "deprecation_announced": "",
                    "id": 1,
                    "is_deprecated": false,
                    "name": "fsn1",
                    "unavailable_after": ""
                  },
                  {
                    "deprecation_announced": "",
                    "id": 2,
                    "is_deprecated": false,
                    "name": "nbg1",
                    "unavailable_after": ""
                  },
                  {
                    "deprecation_announced": "",
                    "id": 3,
                    "is_deprecated": false,
                    "name": "hel1",
                    "unavailable_after": ""
                  },
                  {
                    "deprecation_announced": "",
                    "id": 4,
                    "is_deprecated": false,
                    "name": "ash",
                    "unavailable_after": ""
                  },
                  {
                    "deprecation_announced": "",
                    "id": 5,
                    "is_deprecated": false,
                    "name": "hil",
                    "unavailable_after": ""
                  },
                  {
                    "deprecation_announced": "",
                    "id": 6,
                    "is_deprecated": false,
                    "name": "sin",
                    "unavailable_after": ""
                  }
                ],
                "memory": 192,
                "name": "ccx63",
                "storage_type": "local",
                "unavailable_after": ""
              },
              {
                "architecture": "x86",
                "category": "cost_optimized",
                "cores": 2,
                "cpu_type": "shared",
                "deprecation_announced": "2025-10-16T06:00:00Z",
                "description": "CX22",
                "disk": 40,
                "id": 104,
                "included_traffic": 0,
                "is_deprecated": true,
                "locations": [
                  {
                    "deprecation_announced": "2025-10-16T06:00:00Z",
                    "id": 1,
                    "is_deprecated": true,
                    "name": "fsn1",
                    "unavailable_after": "2025-12-31T23:59:59Z"
                  },
                  {
                    "deprecation_announced": "2025-10-16T06:00:00Z",
                    "id": 2,
                    "is_deprecated": true,
                    "name": "nbg1",
                    "unavailable_after": "2025-12-31T23:59:59Z"
                  },
                  {
                    "deprecation_announced": "2025-10-16T06:00:00Z",
                    "id": 3,
                    "is_deprecated": true,
                    "name": "hel1",
                    "unavailable_after": "2025-12-31T23:59:59Z"
                  }
                ],
                "memory": 4,
                "name": "cx22",
                "storage_type": "local",
                "unavailable_after": "2025-12-31T23:59:59Z"
              },
              {
                "architecture": "x86",
                "category": "cost_optimized",
                "cores": 4,
                "cpu_type": "shared",
                "deprecation_announced": "2025-10-16T06:00:00Z",
                "description": "CX32",
                "disk": 80,
                "id": 105,
                "included_traffic": 0,
                "is_deprecated": true,
                "locations": [
                  {
                    "deprecation_announced": "2025-10-16T06:00:00Z",
                    "id": 1,
                    "is_deprecated": true,
                    "name": "fsn1",
                    "unavailable_after": "2025-12-31T23:59:59Z"
                  },
                  {
                    "deprecation_announced": "2025-10-16T06:00:00Z",
                    "id": 2,
                    "is_deprecated": true,
                    "name": "nbg1",
                    "unavailable_after": "2025-12-31T23:59:59Z"
                  },
                  {
                    "deprecation_announced": "2025-10-16T06:00:00Z",
                    "id": 3,
                    "is_deprecated": true,
                    "name": "hel1",
                    "unavailable_after": "2025-12-31T23:59:59Z"
                  }
                ],
                "memory": 8,
                "name": "cx32",
                "storage_type": "local",
                "unavailable_after": "2025-12-31T23:59:59Z"
              },
              {
                "architecture": "x86",
                "category": "cost_optimized",
                "cores": 8,
                "cpu_type": "shared",
                "deprecation_announced": "2025-10-16T06:00:00Z",
                "description": "CX42",
                "disk": 160,
                "id": 106,
                "included_traffic": 0,
                "is_deprecated": true,
                "locations": [
                  {
                    "deprecation_announced": "2025-10-16T06:00:00Z",
                    "id": 1,
                    "is_deprecated": true,
                    "name": "fsn1",
                    "unavailable_after": "2025-12-31T23:59:59Z"
                  },
                  {
                    "deprecation_announced": "2025-10-16T06:00:00Z",
                    "id": 2,
                    "is_deprecated": true,
                    "name": "nbg1",
                    "unavailable_after": "2025-12-31T23:59:59Z"
                  },
                  {
                    "deprecation_announced": "2025-10-16T06:00:00Z",
                    "id": 3,
                    "is_deprecated": true,
                    "name": "hel1",
                    "unavailable_after": "2025-12-31T23:59:59Z"
                  }
                ],
                "memory": 16,
                "name": "cx42",
                "storage_type": "local",
                "unavailable_after": "2025-12-31T23:59:59Z"
              },
              {
                "architecture": "x86",
                "category": "cost_optimized",
                "cores": 16,
                "cpu_type": "shared",
                "deprecation_announced": "2025-10-16T06:00:00Z",
                "description": "CX52",
                "disk": 320,
                "id": 107,
                "included_traffic": 0,
                "is_deprecated": true,
                "locations": [
                  {
                    "deprecation_announced": "2025-10-16T06:00:00Z",
                    "id": 1,
                    "is_deprecated": true,
                    "name": "fsn1",
                    "unavailable_after": "2025-12-31T23:59:59Z"
                  },
                  {
                    "deprecation_announced": "2025-10-16T06:00:00Z",
                    "id": 2,
                    "is_deprecated": true,
                    "name": "nbg1",
                    "unavailable_after": "2025-12-31T23:59:59Z"
                  },
                  {
                    "deprecation_announced": "2025-10-16T06:00:00Z",
                    "id": 3,
                    "is_deprecated": true,
                    "name": "hel1",
                    "unavailable_after": "2025-12-31T23:59:59Z"
                  }
                ],
                "memory": 32,
                "name": "cx52",
                "storage_type": "local",
                "unavailable_after": "2025-12-31T23:59:59Z"
              },
              {
                "architecture": "x86",
                "category": "regular_purpose",
                "cores": 1,
                "cpu_type": "shared",
                "deprecation_announced": "",
                "description": "CPX 12",
                "disk": 40,
                "id": 108,
                "included_traffic": 0,
                "is_deprecated": false,
                "locations": [
                  {
                    "deprecation_announced": "",
                    "id": 6,
                    "is_deprecated": false,
                    "name": "sin",
                    "unavailable_after": ""
                  }
                ],
                "memory": 2,
                "name": "cpx12",
                "storage_type": "local",
                "unavailable_after": ""
              },
              {
                "architecture": "x86",
                "category": "regular_purpose",
                "cores": 2,
                "cpu_type": "shared",
                "deprecation_announced": "",
                "description": "CPX 22",
                "disk": 80,
                "id": 109,
                "included_traffic": 0,
                "is_deprecated": false,
                "locations": [
                  {
                    "deprecation_announced": "",
                    "id": 1,
                    "is_deprecated": false,
                    "name": "fsn1",
                    "unavailable_after": ""
                  },
                  {
                    "deprecation_announced": "",
                    "id": 2,
                    "is_deprecated": false,
                    "name": "nbg1",
                    "unavailable_after": ""
                  },
                  {
                    "deprecation_announced": "",
                    "id": 3,
                    "is_deprecated": false,
                    "name": "hel1",
                    "unavailable_after": ""
                  },
                  {
                    "deprecation_announced": "",
                    "id": 6,
                    "is_deprecated": false,
                    "name": "sin",
                    "unavailable_after": ""
                  }
                ],
                "memory": 4,
                "name": "cpx22",
                "storage_type": "local",
                "unavailable_after": ""
              },
              {
                "architecture": "x86",
                "category": "regular_purpose",
                "cores": 4,
                "cpu_type": "shared",
                "deprecation_announced": "",
                "description": "CPX 32",
                "disk": 160,
                "id": 110,
                "included_traffic": 0,
                "is_deprecated": false,
                "locations": [
                  {
                    "deprecation_announced": "",
                    "id": 1,
                    "is_deprecated": false,
                    "name": "fsn1",
                    "unavailable_after": ""
                  },
                  {
                    "deprecation_announced": "",
                    "id": 2,
                    "is_deprecated": false,
                    "name": "nbg1",
                    "unavailable_after": ""
                  },
                  {
                    "deprecation_announced": "",
                    "id": 3,
                    "is_deprecated": false,
                    "name": "hel1",
                    "unavailable_after": ""
                  },
                  {
                    "deprecation_announced": "",
                    "id": 6,
                    "is_deprecated": false,
                    "name": "sin",
                    "unavailable_after": ""
                  }
                ],
                "memory": 8,
                "name": "cpx32",
                "storage_type": "local",
                "unavailable_after": ""
              },
              {
                "architecture": "x86",
                "category": "regular_purpose",
                "cores": 8,
                "cpu_type": "shared",
                "deprecation_announced": "",
                "description": "CPX 42",
                "disk": 320,
                "id": 111,
                "included_traffic": 0,
                "is_deprecated": false,
                "locations": [
                  {
                    "deprecation_announced": "",
                    "id": 1,
                    "is_deprecated": false,
                    "name": "fsn1",
                    "unavailable_after": ""
                  },
                  {
                    "deprecation_announced": "",
                    "id": 2,
                    "is_deprecated": false,
                    "name": "nbg1",
                    "unavailable_after": ""
                  },
                  {
                    "deprecation_announced": "",
                    "id": 3,
                    "is_deprecated": false,
                    "name": "hel1",
                    "unavailable_after": ""
                  },
                  {
                    "deprecation_announced": "",
                    "id": 6,
                    "is_deprecated": false,
                    "name": "sin",
                    "unavailable_after": ""
                  }
                ],
                "memory": 16,
                "name": "cpx42",
                "storage_type": "local",
                "unavailable_after": ""
              },
              {
                "architecture": "x86",
                "category": "regular_purpose",
                "cores": 12,
                "cpu_type": "shared",
                "deprecation_announced": "",
                "description": "CPX 52",
                "disk": 480,
                "id": 112,
                "included_traffic": 0,
                "is_deprecated": false,
                "locations": [
                  {
                    "deprecation_announced": "",
                    "id": 1,
                    "is_deprecated": false,
                    "name": "fsn1",
                    "unavailable_after": ""
                  },
                  {
                    "deprecation_announced": "",
                    "id": 2,
                    "is_deprecated": false,
                    "name": "nbg1",
                    "unavailable_after": ""
                  },
                  {
                    "deprecation_announced": "",
                    "id": 3,
                    "is_deprecated": false,
                    "name": "hel1",
                    "unavailable_after": ""
                  },
                  {
                    "deprecation_announced": "",
                    "id": 6,
                    "is_deprecated": false,
                    "name": "sin",
                    "unavailable_after": ""
                  }
                ],
                "memory": 24,
                "name": "cpx52",
                "storage_type": "local",
                "unavailable_after": ""
              },
              {
                "architecture": "x86",
                "category": "regular_purpose",
                "cores": 16,
                "cpu_type": "shared",
                "deprecation_announced": "",
                "description": "CPX 62",
                "disk": 640,
                "id": 113,
                "included_traffic": 0,
                "is_deprecated": false,
                "locations": [
                  {
                    "deprecation_announced": "",
                    "id": 1,
                    "is_deprecated": false,
                    "name": "fsn1",
                    "unavailable_after": ""
                  },
                  {
                    "deprecation_announced": "",
                    "id": 2,
                    "is_deprecated": false,
                    "name": "nbg1",
                    "unavailable_after": ""
                  },
                  {
                    "deprecation_announced": "",
                    "id": 3,
                    "is_deprecated": false,
                    "name": "hel1",
                    "unavailable_after": ""
                  },
                  {
                    "deprecation_announced": "",
                    "id": 6,
                    "is_deprecated": false,
                    "name": "sin",
                    "unavailable_after": ""
                  }
                ],
                "memory": 32,
                "name": "cpx62",
                "storage_type": "local",
                "unavailable_after": ""
              },
              {
                "architecture": "x86",
                "category": "cost_optimized",
                "cores": 2,
                "cpu_type": "shared",
                "deprecation_announced": "",
                "description": "CX 23",
                "disk": 40,
                "id": 114,
                "included_traffic": 0,
                "is_deprecated": false,
                "locations": [
                  {
                    "deprecation_announced": "",
                    "id": 1,
                    "is_deprecated": false,
                    "name": "fsn1",
                    "unavailable_after": ""
                  },
                  {
                    "deprecation_announced": "",
                    "id": 2,
                    "is_deprecated": false,
                    "name": "nbg1",
                    "unavailable_after": ""
                  },
                  {
                    "deprecation_announced": "",
                    "id": 3,
                    "is_deprecated": false,
                    "name": "hel1",
                    "unavailable_after": ""
                  }
                ],
                "memory": 4,
                "name": "cx23",
                "storage_type": "local",
                "unavailable_after": ""
              },
              {
                "architecture": "x86",
                "category": "cost_optimized",
                "cores": 4,
                "cpu_type": "shared",
                "deprecation_announced": "",
                "description": "CX 33",
                "disk": 80,
                "id": 115,
                "included_traffic": 0,
                "is_deprecated": false,
                "locations": [
                  {
                    "deprecation_announced": "",
                    "id": 1,
                    "is_deprecated": false,
                    "name": "fsn1",
                    "unavailable_after": ""
                  },
                  {
                    "deprecation_announced": "",
                    "id": 2,
                    "is_deprecated": false,
                    "name": "nbg1",
                    "unavailable_after": ""
                  },
                  {
                    "deprecation_announced": "",
                    "id": 3,
                    "is_deprecated": false,
                    "name": "hel1",
                    "unavailable_after": ""
                  }
                ],
                "memory": 8,
                "name": "cx33",
                "storage_type": "local",
                "unavailable_after": ""
              },
              {
                "architecture": "x86",
                "category": "cost_optimized",
                "cores": 8,
                "cpu_type": "shared",
                "deprecation_announced": "",
                "description": "CX 43",
                "disk": 160,
                "id": 116,
                "included_traffic": 0,
                "is_deprecated": false,
                "locations": [
                  {
                    "deprecation_announced": "",
                    "id": 1,
                    "is_deprecated": false,
                    "name": "fsn1",
                    "unavailable_after": ""
                  },
                  {
                    "deprecation_announced": "",
                    "id": 2,
                    "is_deprecated": false,
                    "name": "nbg1",
                    "unavailable_after": ""
                  },
                  {
                    "deprecation_announced": "",
                    "id": 3,
                    "is_deprecated": false,
                    "name": "hel1",
                    "unavailable_after": ""
                  }
                ],
                "memory": 16,
                "name": "cx43",
                "storage_type": "local",
                "unavailable_after": ""
              },
              {
                "architecture": "x86",
                "category": "cost_optimized",
                "cores": 16,
                "cpu_type": "shared",
                "deprecation_announced": "",
                "description": "CX 53",
                "disk": 320,
                "id": 117,
                "included_traffic": 0,
                "is_deprecated": false,
                "locations": [
                  {
                    "deprecation_announced": "",
                    "id": 1,
                    "is_deprecated": false,
                    "name": "fsn1",
                    "unavailable_after": ""
                  },
                  {
                    "deprecation_announced": "",
                    "id": 2,
                    "is_deprecated": false,
                    "name": "nbg1",
                    "unavailable_after": ""
                  },
                  {
                    "deprecation_announced": "",
                    "id": 3,
                    "is_deprecated": false,
                    "name": "hel1",
                    "unavailable_after": ""
                  }
                ],
                "memory": 32,
                "name": "cx53",
                "storage_type": "local",
                "unavailable_after": ""
              }
            ]
          },
          "sensitive_attributes": []
        }
      ]
    },
    {
      "module": "module.infrastructure",
      "mode": "managed",
      "type": "hcloud_server",
      "name": "tenant_server",
      "provider": "module.infrastructure.provider[\"registry.terraform.io/hetznercloud/hcloud\"]",
      "instances": [
        {
          "schema_version": 0,
          "attributes": {
            "allow_deprecated_images": false,
            "backup_window": "",
            "backups": false,
            "datacenter": "hel1-dc2",
            "delete_protection": false,
            "firewall_ids": [],
            "id": "111270434",
            "ignore_remote_firewall_ids": false,
            "image": "ubuntu-22.04",
            "ipv4_address": "157.180.88.232",
            "ipv6_address": "2a01:4f9:c013:feed::1",
            "ipv6_network": "2a01:4f9:c013:feed::/64",
            "iso": null,
            "keep_disk": false,
            "labels": {
              "solution": "spm",
              "tenant": "demo"
            },
            "location": "hel1",
            "name": "spm-tenant-demo",
            "network": [],
            "placement_group_id": 0,
            "primary_disk_size": 80,
            "public_net": [],
            "rebuild_protection": false,
            "rescue": null,
            "server_type": "cpx21",
            "shutdown_before_deletion": false,
            "ssh_keys": [
              "103328756"
            ],
            "status": "running",
            "timeouts": null,
            "user_data": "3FGh1EVg851i6/C82J0OiUBwybU="
          },
          "sensitive_attributes": [],
          "private": "eyJlMmJmYjczMC1lY2FhLTExZTYtOGY4OC0zNDM2M2JjN2M0YzAiOnsiY3JlYXRlIjo1NDAwMDAwMDAwMDAwfX0=",
          "dependencies": [
            "module.infrastructure.data.hcloud_server_type.selected",
            "module.infrastructure.data.hcloud_server_types.all",
            "module.infrastructure.hcloud_ssh_key.ssh_key",
            "module.infrastructure.tls_private_key.ssh_key"
          ]
        }
      ]
    },
    {
      "module": "module.infrastructure",
      "mode": "managed",
      "type": "hcloud_ssh_key",
      "name": "ssh_key",
      "provider": "module.infrastructure.provider[\"registry.terraform.io/hetznercloud/hcloud\"]",
      "instances": [
        {
          "schema_version": 0,
          "attributes": {
            "fingerprint": "06:ad:3d:19:c3:d7:c5:0e:94:a7:13:75:4d:ff:15:39",
            "id": "103328756",
            "labels": {
              "solution": "spm",
              "tenant": "demo"
            },
            "name": "demo-ssh-key",
            "public_key": "ssh-rsa AAAAB3NzaC1yc2EAAAADAQABAAACAQCnNjjwgCxFj98ARutBAWvRyTHt571gsL1RY6xhkIpvVJu6QPPkNhj2TISVrJQaFr+PT+dOI/XBENVxw4eVAQVXgVtUl/kuDAV4WaDYS/BIvNlXVMvYovZDBdfQh4xtt7msGWjSdMX4t8hTss/u2E+T0UfxLyPcTIqsfSzXlAjeb5e9tbOB9jfaQq3iwOv0+pOPtk4sgCsfnY/Z+VS+PHZ1myumeC0IU8BFNyuH/zNbvmxv8rX7/5xKGUBR7JWp8qDfKGC1Sicb9+COg88/tgewox5WACyTJQd/cM9TYm8cSbmvz9NPnqxq35UmRp4B3RtAyVveTv95ZhwToZRYIPCb8urfy4QyzNpbjA3hQqjNg+RKPKg0QzAJYY47lRkeSa66fNYRBKXbaBEnl5t4buE32TkUazAqUYKf+oqHWg+FfbW22/QUyOdKcsbbhHJppNBiEy6u7THy45g6FH8AL7TmTKVeg9PEHlHUS0qAd/lcAtF7yS9agxnJqsEqFVoW0iJMsyoocgwnMiTq1xHzRi6pHv9eyUqogk9Gr55MC8PZQxopIEkkPEU6/Obl8Sjq+705iHn7OWt09Zb730umwmoTmU/PDk1+s+k/7E0CPY5zvIrZkBjmU928V4QJ499yAk9PKNxKOvBvPr0igLS5Xse8fZqNnbSJ0Ovc9vo/IuCfwQ==\n"
          },
          "sensitive_attributes": [],
          "dependencies": [
            "module.infrastructure.tls_private_key.ssh_key"
          ]
        }
      ]
    },
    {
      "module": "module.infrastructure",
      "mode": "managed",
      "type": "hcloud_volume",
      "name": "tenant_volume",
      "provider": "module.infrastructure.provider[\"registry.terraform.io/hetznercloud/hcloud\"]",
      "instances": [
        {
          "schema_version": 0,
          "attributes": {
            "automount": true,
            "delete_protection": false,
            "format": "ext4",
            "id": "103782716",
            "labels": {
              "solution": "spm",
              "tenant": "demo"
            },
            "linux_device": "/dev/disk/by-id/scsi-0HC_Volume_103782716",
            "location": "hel1",
            "name": "spm-tenant-demo-volume",
            "server_id": 111270434,
            "size": 50
          },
          "sensitive_attributes": [],
          "private": "bnVsbA==",
          "dependencies": [
            "module.infrastructure.data.hcloud_server_type.selected",
            "module.infrastructure.data.hcloud_server_types.all",
            "module.infrastructure.hcloud_server.tenant_server",
            "module.infrastructure.hcloud_ssh_key.ssh_key",
            "module.infrastructure.tls_private_key.ssh_key"
          ]
        }
      ]
    },
    {
      "module": "module.infrastructure",
      "mode": "managed",
      "type": "tls_private_key",
      "name": "ssh_key",
      "provider": "provider[\"registry.terraform.io/hashicorp/tls\"]",
      "instances": [
        {
          "schema_version": 1,
          "attributes": {
            "algorithm": "RSA",
            "ecdsa_curve": "P224",
            "id": "6fd91cfcba793b30522afe80b45ac60e7e289fbb",
            "private_key_openssh": "-----BEGIN OPENSSH PRIVATE KEY-----\nb3BlbnNzaC1rZXktdjEAAAAABG5vbmUAAAAEbm9uZQAAAAAAAAABAAACFwAAAAdz\nc2gtcnNhAAAAAwEAAQAAAgEApzY48IAsRY/fAEbrQQFr0ckx7ee9YLC9UWOsYZCK\nb1SbukDz5DYY9kyElayUGha/j0/nTiP1wRDVccOHlQEFV4FbVJf5LgwFeFmg2Evw\nSLzZV1TL2KL2QwXX0IeMbbe5rBlo0nTF+LfIU7LP7thPk9FH8S8j3EyKrH0s15QI\n3m+XvbWzgfY32kKt4sDr9PqTj7ZOLIArH52P2flUvjx2dZsrpngtCFPARTcrh/8z\nW75sb/K1+/+cShlAUeyVqfKg3yhgtUonG/fgjoPPP7YHsKMeVgAskyUHf3DPU2Jv\nHEm5r8/TT56sat+VJkaeAd0bQMlb3k7/eWYcE6GUWCDwm/Lq38uEMszaW4wN4UKo\nzYPkSjyoNEMwCWGOO5UZHkmuunzWEQSl22gRJ5ebeG7hN9k5FGswKlGCn/qKh1oP\nhX21ttv0FMjnSnLG24RyaaTQYhMuru0x8uOYOhR/AC+05kylXoPTxB5R1EtKgHf5\nXALRe8kvWoMZyarBKhVaFtIiTLMqKHIMJzIk6tcR80YuqR7/XslKqIJPRq+eTAvD\n2UMaKSBJJDxFOvzm5fEo6vu9OYh5+zlrdPWW+99LpsJqE5lPzw5NfrPpP+xNAj2O\nc7yK2ZAY5lPdvFeECePfcgJPTyjcSjrwbz69IoC0uV7HvH2ajZ20idDr3Pb6PyLg\nn8EAAAc45UfISeVHyEkAAAAHc3NoLXJzYQAAAgEApzY48IAsRY/fAEbrQQFr0ckx\n7ee9YLC9UWOsYZCKb1SbukDz5DYY9kyElayUGha/j0/nTiP1wRDVccOHlQEFV4Fb\nVJf5LgwFeFmg2EvwSLzZV1TL2KL2QwXX0IeMbbe5rBlo0nTF+LfIU7LP7thPk9FH\n8S8j3EyKrH0s15QI3m+XvbWzgfY32kKt4sDr9PqTj7ZOLIArH52P2flUvjx2dZsr\npngtCFPARTcrh/8zW75sb/K1+/+cShlAUeyVqfKg3yhgtUonG/fgjoPPP7YHsKMe\nVgAskyUHf3DPU2JvHEm5r8/TT56sat+VJkaeAd0bQMlb3k7/eWYcE6GUWCDwm/Lq\n38uEMszaW4wN4UKozYPkSjyoNEMwCWGOO5UZHkmuunzWEQSl22gRJ5ebeG7hN9k5\nFGswKlGCn/qKh1oPhX21ttv0FMjnSnLG24RyaaTQYhMuru0x8uOYOhR/AC+05kyl\nXoPTxB5R1EtKgHf5XALRe8kvWoMZyarBKhVaFtIiTLMqKHIMJzIk6tcR80YuqR7/\nXslKqIJPRq+eTAvD2UMaKSBJJDxFOvzm5fEo6vu9OYh5+zlrdPWW+99LpsJqE5lP\nzw5NfrPpP+xNAj2Oc7yK2ZAY5lPdvFeECePfcgJPTyjcSjrwbz69IoC0uV7HvH2a\njZ20idDr3Pb6PyLgn8EAAAADAQABAAACADWzFTAviYhBfxWAsRasVSsHWTCVJt2B\nhRs5Tmf62mqMmoKDT5Avy251/nJu/RUvzw9AUwFmTQtW06V4bPduX3/NvD37nHus\nQql250/ve1hwxb/lLJ4DH+FAZCHFFlU6FrftZRuJgvawVvaCS4LiFxRatqb/Q54B\nOtvQS3FkSkDdR7cWPnLzVtaSaXOUD3Macf9KRerGspKxsDwJdayukECOt8L7f0LY\nWrwfzqwbSiwhiIOfR9CJM3EckOp+d0Yf9IgWWJCAIvU5cvVx4UINvIR+rkRiQ+5x\niunjmcGmsBY+mxKaRLuiMq8T5LtpHF9u2czBne5UInmjUEsBrjlrQrndhSHT1p2z\nisXpA7XF+Ihobp1Z1abtnczneuF2qrUG4s6TukqQ/+ps8VYMPk46cqBqcTv/v1fp\n+4UrilySU1eJt/H75fUhOaU3/p9yuGXnj07TTb6GPwD+fGvjldpd61wwQ4R7cjh1\n5+m4thgmChwvaKHE8praPQZuvpe5NU8Pt0DcSPbg/lsgaKhK6fzUN7TkO78NjrXC\n2CVSvQ+9ePNwlcyTM33MeEiy5voyvTv5bygeP+nyxQcTxxTSmAmfEKZYmIlnifQK\njFYixiDiCE/Hl5fSYocpCNzaF9AcRatlVPCMoViIyQbT2fmhqAFAP5KaseNPmh1x\njpV33R1bSvMNAAABAQCit1aNUAvUuMqaAXTlqZCwO+SOdGDmgPdmELkdY//r+oR9\nuNWCa/i7qSwA0sbCY+eyF5F6y9syPGtfmP/xU3cebnwjO/CsXIRaFz6+V1NCyeg4\nLdMWDY3bL6FYeixTo+fX6YCLiiAOl2z1tLtsot8AZGDnSakJwNILuKd3dGUKsRIO\nAttPCIkpqdrI61Kci85ALw2jBli9svE2IxtAkawEUC+zR6yABcCZv+3aMNt7+WFJ\nkmTIfEMvuUW3o4gXwcAX2/kKls5z5VxU0MzvfK1f6y8OtxBngUVGKF5eWURo7j1L\niRGBUQugLw5xiUyDTq3sM19xusBw8Dc+E7qIaAggAAABAQDZ39JH512FngZwsBDG\nB/onMr7JqJwXWxcFaplq1G2D4sv7YTJGxjYzQTv9ORsUhQAu075tPi9YCnzJOAlk\nHQcgkatxSoAafWAdJl7x7cY8/QzGHCNnRSUiZSSPIh/ntGSWN8RZvH2Mb/qyYeYJ\njACb3+1jHG1xTH76vCTt2zw0Wls3TNTJWql3MrcxKzoDIeaEu6N+cJdNhsjbaCPA\nDgtev585GkupamTWkTnNf4cTpyDms56y/YzpB56AZj0mdz6Jb7UVtSCNOtDOhO3g\n6CbLNIiBE+yTMfioOsYqjUnoCSpzrI1EaYg2m/8S2bHJzXfcPosToujvngFp190M\nZPO7AAABAQDEeNvBLXjSzaERqjCnRNSREXd++qvS4p/Bf4opDMeexEmaGdMV9DuI\nnrIcy1olFkGNsd+3erYs13JmJycq5RqAtmJixOlJY3OHN+nqcrn07ciZ7NQvwQyx\njXPVsSsD2sZkEwaKGV5uwA2G3E7SrG7VK1E/O2uCKuRZSHvoE2/fDrCfcbdsJ2mU\nH6W1Ra9xlHbZv76iMvPQIiUTOYVTcyN3VN5geWHlsp9szOIccZB9K3K7fNHqoWhT\nOgIENWha6ImDV7PlaM1qGQMnaWFwQSD/gLmQzA6eMBb9yrpNbGJ5XLtkMVE+XlSf\nyIXxnMRdXo5P4krLlk39053alTObaVyzAAAAAAEC\n-----END OPENSSH PRIVATE KEY-----\n",
            "private_key_pem": "-----BEGIN RSA PRIVATE KEY-----\nMIIJKQIBAAKCAgEApzY48IAsRY/fAEbrQQFr0ckx7ee9YLC9UWOsYZCKb1SbukDz\n5DYY9kyElayUGha/j0/nTiP1wRDVccOHlQEFV4FbVJf5LgwFeFmg2EvwSLzZV1TL\n2KL2QwXX0IeMbbe5rBlo0nTF+LfIU7LP7thPk9FH8S8j3EyKrH0s15QI3m+XvbWz\ngfY32kKt4sDr9PqTj7ZOLIArH52P2flUvjx2dZsrpngtCFPARTcrh/8zW75sb/K1\n+/+cShlAUeyVqfKg3yhgtUonG/fgjoPPP7YHsKMeVgAskyUHf3DPU2JvHEm5r8/T\nT56sat+VJkaeAd0bQMlb3k7/eWYcE6GUWCDwm/Lq38uEMszaW4wN4UKozYPkSjyo\nNEMwCWGOO5UZHkmuunzWEQSl22gRJ5ebeG7hN9k5FGswKlGCn/qKh1oPhX21ttv0\nFMjnSnLG24RyaaTQYhMuru0x8uOYOhR/AC+05kylXoPTxB5R1EtKgHf5XALRe8kv\nWoMZyarBKhVaFtIiTLMqKHIMJzIk6tcR80YuqR7/XslKqIJPRq+eTAvD2UMaKSBJ\nJDxFOvzm5fEo6vu9OYh5+zlrdPWW+99LpsJqE5lPzw5NfrPpP+xNAj2Oc7yK2ZAY\n5lPdvFeECePfcgJPTyjcSjrwbz69IoC0uV7HvH2ajZ20idDr3Pb6PyLgn8ECAwEA\nAQKCAgA1sxUwL4mIQX8VgLEWrFUrB1kwlSbdgYUbOU5n+tpqjJqCg0+QL8tudf5y\nbv0VL88PQFMBZk0LVtOleGz3bl9/zbw9+5x7rEKpdudP73tYcMW/5SyeAx/hQGQh\nxRZVOha37WUbiYL2sFb2gkuC4hcUWram/0OeATrb0EtxZEpA3Ue3Fj5y81bWkmlz\nlA9zGnH/SkXqxrKSsbA8CXWsrpBAjrfC+39C2Fq8H86sG0osIYiDn0fQiTNxHJDq\nfndGH/SIFliQgCL1OXL1ceFCDbyEfq5EYkPucYrp45nBprAWPpsSmkS7ojKvE+S7\naRxfbtnMwZ3uVCJ5o1BLAa45a0K53YUh09ads4rF6QO1xfiIaG6dWdWm7Z3M53rh\ndqq1BuLOk7pKkP/qbPFWDD5OOnKganE7/79X6fuFK4pcklNXibfx++X1ITmlN/6f\ncrhl549O002+hj8A/nxr45XaXetcMEOEe3I4defpuLYYJgocL2ihxPKa2j0Gbr6X\nuTVPD7dA3Ej24P5bIGioSun81De05Du/DY61wtglUr0PvXjzcJXMkzN9zHhIsub6\nMr07+W8oHj/p8sUHE8cU0pgJnxCmWJiJZ4n0CoxWIsYg4ghPx5eX0mKHKQjc2hfQ\nHEWrZVTwjKFYiMkG09n5oagBQD+SmrHjT5odcY6Vd90dW0rzDQKCAQEA2d/SR+dd\nhZ4GcLAQxgf6JzK+yaicF1sXBWqZatRtg+LL+2EyRsY2M0E7/TkbFIUALtO+bT4v\nWAp8yTgJZB0HIJGrcUqAGn1gHSZe8e3GPP0MxhwjZ0UlImUkjyIf57RkljfEWbx9\njG/6smHmCYwAm9/tYxxtcUx++rwk7ds8NFpbN0zUyVqpdzK3MSs6AyHmhLujfnCX\nTYbI22gjwA4LXr+fORpLqWpk1pE5zX+HE6cg5rOesv2M6QeegGY9Jnc+iW+1FbUg\njTrQzoTt4OgmyzSIgRPskzH4qDrGKo1J6Akqc6yNRGmINpv/Etmxyc133D6LE6Lo\n754BadfdDGTzuwKCAQEAxHjbwS140s2hEaowp0TUkRF3fvqr0uKfwX+KKQzHnsRJ\nmhnTFfQ7iJ6yHMtaJRZBjbHft3q2LNdyZicnKuUagLZiYsTpSWNzhzfp6nK59O3I\nmezUL8EMsY1z1bErA9rGZBMGihlebsANhtxO0qxu1StRPztrgirkWUh76BNv3w6w\nn3G3bCdplB+ltUWvcZR22b++ojLz0CIlEzmFU3Mjd1TeYHlh5bKfbMziHHGQfSty\nu3zR6qFoUzoCBDVoWuiJg1ez5WjNahkDJ2lhcEEg/4C5kMwOnjAW/cq6TWxieVy7\nZDFRPl5Un8iF8ZzEXV6OT+JKy5ZN/dOd2pUzm2lcswKCAQEAh1rY3djsLhW1tI59\nbToJfA63nrrEdnIdxDysoUTl4Limtz50KKn9hCwz46Z1n3LdYTolJOMsMIsbaTsK\nAotSITa+hvycx1g6vQFYnP52WO9w3yceC4tWfZ7Obqnpnl5g2z48Gu/SI8xxuB6/\n9hBnVG9yoE9J4sh+XrFCVA8OwQudfaaaz5kmjSoRy1cqjEWkW7Pi56t1JDHnWP/C\nrg9Lmwp7FdOzS8YQbYj9myBuP5RmCU1v+40v3JniK6zYsqwESwf+PUUwuuzeSl8l\nFcPEThwN7fr9z5iM/Z69/DOYxbHkEMcTYHwbpqmVdxWNsWyX2Vl1t7ZO9oZ4JFR6\nPLf+/wKCAQAFdMXFi5m7YPKEJxHK02KD1NRYtmVnKdv956jSkwRIKHNS0DzIc0vj\n82RG4G7UcNXJNZNc6Q9+F02aAKRZ0Jr30BjTXVyNKTHgI3FfjWgUoTXc8HLEELxl\ngeQhnxXuuXig9tZLp4Cz2qmFgUC/IQLC8L0E4IWPy9kjkZu/SirlKudExketvTp1\nXpufeRvyL4lNasHEh121/fzBl+tX8e6eNcEnNLe/RUKgJuBwoca9cyNwiXra5Tic\ndxPvQfxv6d1HxHu+dzadJ6yqv4ZxM53S+qQsnT4aroM08RhTZhsl+6lIkwYKkVwQ\nQ+VUXGInpaSWG1awaLApyGKt207flgF5AoIBAQCit1aNUAvUuMqaAXTlqZCwO+SO\ndGDmgPdmELkdY//r+oR9uNWCa/i7qSwA0sbCY+eyF5F6y9syPGtfmP/xU3cebnwj\nO/CsXIRaFz6+V1NCyeg4LdMWDY3bL6FYeixTo+fX6YCLiiAOl2z1tLtsot8AZGDn\nSakJwNILuKd3dGUKsRIOAttPCIkpqdrI61Kci85ALw2jBli9svE2IxtAkawEUC+z\nR6yABcCZv+3aMNt7+WFJkmTIfEMvuUW3o4gXwcAX2/kKls5z5VxU0MzvfK1f6y8O\ntxBngUVGKF5eWURo7j1LiRGBUQugLw5xiUyDTq3sM19xusBw8Dc+E7qIaAgg\n-----END RSA PRIVATE KEY-----\n",
            "private_key_pem_pkcs8": "-----BEGIN PRIVATE KEY-----\nMIIJQwIBADANBgkqhkiG9w0BAQEFAASCCS0wggkpAgEAAoICAQCnNjjwgCxFj98A\nRutBAWvRyTHt571gsL1RY6xhkIpvVJu6QPPkNhj2TISVrJQaFr+PT+dOI/XBENVx\nw4eVAQVXgVtUl/kuDAV4WaDYS/BIvNlXVMvYovZDBdfQh4xtt7msGWjSdMX4t8hT\nss/u2E+T0UfxLyPcTIqsfSzXlAjeb5e9tbOB9jfaQq3iwOv0+pOPtk4sgCsfnY/Z\n+VS+PHZ1myumeC0IU8BFNyuH/zNbvmxv8rX7/5xKGUBR7JWp8qDfKGC1Sicb9+CO\ng88/tgewox5WACyTJQd/cM9TYm8cSbmvz9NPnqxq35UmRp4B3RtAyVveTv95ZhwT\noZRYIPCb8urfy4QyzNpbjA3hQqjNg+RKPKg0QzAJYY47lRkeSa66fNYRBKXbaBEn\nl5t4buE32TkUazAqUYKf+oqHWg+FfbW22/QUyOdKcsbbhHJppNBiEy6u7THy45g6\nFH8AL7TmTKVeg9PEHlHUS0qAd/lcAtF7yS9agxnJqsEqFVoW0iJMsyoocgwnMiTq\n1xHzRi6pHv9eyUqogk9Gr55MC8PZQxopIEkkPEU6/Obl8Sjq+705iHn7OWt09Zb7\n30umwmoTmU/PDk1+s+k/7E0CPY5zvIrZkBjmU928V4QJ499yAk9PKNxKOvBvPr0i\ngLS5Xse8fZqNnbSJ0Ovc9vo/IuCfwQIDAQABAoICADWzFTAviYhBfxWAsRasVSsH\nWTCVJt2BhRs5Tmf62mqMmoKDT5Avy251/nJu/RUvzw9AUwFmTQtW06V4bPduX3/N\nvD37nHusQql250/ve1hwxb/lLJ4DH+FAZCHFFlU6FrftZRuJgvawVvaCS4LiFxRa\ntqb/Q54BOtvQS3FkSkDdR7cWPnLzVtaSaXOUD3Macf9KRerGspKxsDwJdayukECO\nt8L7f0LYWrwfzqwbSiwhiIOfR9CJM3EckOp+d0Yf9IgWWJCAIvU5cvVx4UINvIR+\nrkRiQ+5xiunjmcGmsBY+mxKaRLuiMq8T5LtpHF9u2czBne5UInmjUEsBrjlrQrnd\nhSHT1p2zisXpA7XF+Ihobp1Z1abtnczneuF2qrUG4s6TukqQ/+ps8VYMPk46cqBq\ncTv/v1fp+4UrilySU1eJt/H75fUhOaU3/p9yuGXnj07TTb6GPwD+fGvjldpd61ww\nQ4R7cjh15+m4thgmChwvaKHE8praPQZuvpe5NU8Pt0DcSPbg/lsgaKhK6fzUN7Tk\nO78NjrXC2CVSvQ+9ePNwlcyTM33MeEiy5voyvTv5bygeP+nyxQcTxxTSmAmfEKZY\nmIlnifQKjFYixiDiCE/Hl5fSYocpCNzaF9AcRatlVPCMoViIyQbT2fmhqAFAP5Ka\nseNPmh1xjpV33R1bSvMNAoIBAQDZ39JH512FngZwsBDGB/onMr7JqJwXWxcFaplq\n1G2D4sv7YTJGxjYzQTv9ORsUhQAu075tPi9YCnzJOAlkHQcgkatxSoAafWAdJl7x\n7cY8/QzGHCNnRSUiZSSPIh/ntGSWN8RZvH2Mb/qyYeYJjACb3+1jHG1xTH76vCTt\n2zw0Wls3TNTJWql3MrcxKzoDIeaEu6N+cJdNhsjbaCPADgtev585GkupamTWkTnN\nf4cTpyDms56y/YzpB56AZj0mdz6Jb7UVtSCNOtDOhO3g6CbLNIiBE+yTMfioOsYq\njUnoCSpzrI1EaYg2m/8S2bHJzXfcPosToujvngFp190MZPO7AoIBAQDEeNvBLXjS\nzaERqjCnRNSREXd++qvS4p/Bf4opDMeexEmaGdMV9DuInrIcy1olFkGNsd+3erYs\n13JmJycq5RqAtmJixOlJY3OHN+nqcrn07ciZ7NQvwQyxjXPVsSsD2sZkEwaKGV5u\nwA2G3E7SrG7VK1E/O2uCKuRZSHvoE2/fDrCfcbdsJ2mUH6W1Ra9xlHbZv76iMvPQ\nIiUTOYVTcyN3VN5geWHlsp9szOIccZB9K3K7fNHqoWhTOgIENWha6ImDV7PlaM1q\nGQMnaWFwQSD/gLmQzA6eMBb9yrpNbGJ5XLtkMVE+XlSfyIXxnMRdXo5P4krLlk39\n053alTObaVyzAoIBAQCHWtjd2OwuFbW0jn1tOgl8DreeusR2ch3EPKyhROXguKa3\nPnQoqf2ELDPjpnWfct1hOiUk4ywwixtpOwoCi1IhNr6G/JzHWDq9AVic/nZY73Df\nJx4Li1Z9ns5uqemeXmDbPjwa79IjzHG4Hr/2EGdUb3KgT0niyH5esUJUDw7BC519\npprPmSaNKhHLVyqMRaRbs+Lnq3UkMedY/8KuD0ubCnsV07NLxhBtiP2bIG4/lGYJ\nTW/7jS/cmeIrrNiyrARLB/49RTC67N5KXyUVw8ROHA3t+v3PmIz9nr38M5jFseQQ\nxxNgfBumqZV3FY2xbJfZWXW3tk72hngkVHo8t/7/AoIBAAV0xcWLmbtg8oQnEcrT\nYoPU1Fi2ZWcp2/3nqNKTBEgoc1LQPMhzS+PzZEbgbtRw1ck1k1zpD34XTZoApFnQ\nmvfQGNNdXI0pMeAjcV+NaBShNdzwcsQQvGWB5CGfFe65eKD21kungLPaqYWBQL8h\nAsLwvQTghY/L2SORm79KKuUq50TGR629OnVem595G/IviU1qwcSHXbX9/MGX61fx\n7p41wSc0t79FQqAm4HChxr1zI3CJetrlOJx3E+9B/G/p3UfEe753Np0nrKq/hnEz\nndL6pCydPhqugzTxGFNmGyX7qUiTBgqRXBBD5VRcYielpJYbVrBosCnIYq3bTt+W\nAXkCggEBAKK3Vo1QC9S4ypoBdOWpkLA75I50YOaA92YQuR1j/+v6hH241YJr+Lup\nLADSxsJj57IXkXrL2zI8a1+Y//FTdx5ufCM78KxchFoXPr5XU0LJ6Dgt0xYNjdsv\noVh6LFOj59fpgIuKIA6XbPW0u2yi3wBkYOdJqQnA0gu4p3d0ZQqxEg4C208IiSmp\n2sjrUpyLzkAvDaMGWL2y8TYjG0CRrARQL7NHrIAFwJm/7dow23v5YUmSZMh8Qy+5\nRbejiBfBwBfb+QqWznPlXFTQzO98rV/rLw63EGeBRUYoXl5ZRGjuPUuJEYFRC6Av\nDnGJTINOrewzX3G6wHDwNz4TuohoCCA=\n-----END PRIVATE KEY-----\n",
            "public_key_fingerprint_md5": "06:ad:3d:19:c3:d7:c5:0e:94:a7:13:75:4d:ff:15:39",
            "public_key_fingerprint_sha256": "SHA256:pCr5ybHCJfQFNnJGZa2z5/t6vT+3un026NgFjCwTf7k",
            "public_key_openssh": "ssh-rsa AAAAB3NzaC1yc2EAAAADAQABAAACAQCnNjjwgCxFj98ARutBAWvRyTHt571gsL1RY6xhkIpvVJu6QPPkNhj2TISVrJQaFr+PT+dOI/XBENVxw4eVAQVXgVtUl/kuDAV4WaDYS/BIvNlXVMvYovZDBdfQh4xtt7msGWjSdMX4t8hTss/u2E+T0UfxLyPcTIqsfSzXlAjeb5e9tbOB9jfaQq3iwOv0+pOPtk4sgCsfnY/Z+VS+PHZ1myumeC0IU8BFNyuH/zNbvmxv8rX7/5xKGUBR7JWp8qDfKGC1Sicb9+COg88/tgewox5WACyTJQd/cM9TYm8cSbmvz9NPnqxq35UmRp4B3RtAyVveTv95ZhwToZRYIPCb8urfy4QyzNpbjA3hQqjNg+RKPKg0QzAJYY47lRkeSa66fNYRBKXbaBEnl5t4buE32TkUazAqUYKf+oqHWg+FfbW22/QUyOdKcsbbhHJppNBiEy6u7THy45g6FH8AL7TmTKVeg9PEHlHUS0qAd/lcAtF7yS9agxnJqsEqFVoW0iJMsyoocgwnMiTq1xHzRi6pHv9eyUqogk9Gr55MC8PZQxopIEkkPEU6/Obl8Sjq+705iHn7OWt09Zb730umwmoTmU/PDk1+s+k/7E0CPY5zvIrZkBjmU928V4QJ499yAk9PKNxKOvBvPr0igLS5Xse8fZqNnbSJ0Ovc9vo/IuCfwQ==\n",
            "public_key_pem": "-----BEGIN PUBLIC KEY-----\nMIICIjANBgkqhkiG9w0BAQEFAAOCAg8AMIICCgKCAgEApzY48IAsRY/fAEbrQQFr\n0ckx7ee9YLC9UWOsYZCKb1SbukDz5DYY9kyElayUGha/j0/nTiP1wRDVccOHlQEF\nV4FbVJf5LgwFeFmg2EvwSLzZV1TL2KL2QwXX0IeMbbe5rBlo0nTF+LfIU7LP7thP\nk9FH8S8j3EyKrH0s15QI3m+XvbWzgfY32kKt4sDr9PqTj7ZOLIArH52P2flUvjx2\ndZsrpngtCFPARTcrh/8zW75sb/K1+/+cShlAUeyVqfKg3yhgtUonG/fgjoPPP7YH\nsKMeVgAskyUHf3DPU2JvHEm5r8/TT56sat+VJkaeAd0bQMlb3k7/eWYcE6GUWCDw\nm/Lq38uEMszaW4wN4UKozYPkSjyoNEMwCWGOO5UZHkmuunzWEQSl22gRJ5ebeG7h\nN9k5FGswKlGCn/qKh1oPhX21ttv0FMjnSnLG24RyaaTQYhMuru0x8uOYOhR/AC+0\n5kylXoPTxB5R1EtKgHf5XALRe8kvWoMZyarBKhVaFtIiTLMqKHIMJzIk6tcR80Yu\nqR7/XslKqIJPRq+eTAvD2UMaKSBJJDxFOvzm5fEo6vu9OYh5+zlrdPWW+99LpsJq\nE5lPzw5NfrPpP+xNAj2Oc7yK2ZAY5lPdvFeECePfcgJPTyjcSjrwbz69IoC0uV7H\nvH2ajZ20idDr3Pb6PyLgn8ECAwEAAQ==\n-----END PUBLIC KEY-----\n",
            "rsa_bits": 4096
          },
          "sensitive_attributes": []
        }
      ]
    }
  ],
  "check_results": null
}
