{
  "version": 4,
  "terraform_version": "1.5.0",
  "serial": 601,
  "lineage": "2bdfdec5-8c30-28c5-2bba-a5d893c95ad2",
  "outputs": {
    "tenant_host": {
      "value": "157.180.88.232",
      "type": "string"
    },
    "tenant_name": {
      "value": "demo",
      "type": "string"
    },
    "tenant_ssh_private_key": {
      "value": "-----BEGIN RSA PRIVATE KEY-----\nMIIJKAIBAAKCAgEAxHJeWvHcSWLrdPVRQttAvENkSlmbu02eOMM/KZWmjjk88e1L\n4pqYNT05lQIT+Hu5O/s3oKQp0AruD3QEIMe5M+DoZzrLj0mTQBZlX5vb9hi14WnI\nf45JcM8+AUZkdWIaxVBAdbz6OaUM2eXLKAkg+BCq1MbSezIB+3/cuCmPHf92rE7/\nkRD3DJGMV4HtLG84QeDelE45Wy3sOLU3Q+7nwUdvU4w7LO3zPxorD0rnaDDi8+A+\nKuN8hH5dI+e4ZBnblPkl7LW2rqlpOLaVFRtD/dDT6iXq4HjkRhQ87GpFvgWDTO/0\nc6sDGy/tmFXc/DNNRS5YmurlC95loY0lDTRd6dIuhS3G1tMhegr2ttm1e4TY6IqM\nXM0F75q9uOJK906G+3/FqTGO6aXPPPEHDwyxeIzftmrEtZ4vaU6jZ77jjM+NVTva\nykx9Qh81CNsPX5A2HvCNfO9r1HTz/2gQi234FWci4KjComoSr6NdO50XZFZs54R+\nXVu6wmNDH5vba2/6lrtV0DcA6iVtveYafZS2+sz3a9MP9vtmP6JDLKRUcNvAzcts\nB7WuZUjNVmfOZ2TZNwf0k85MsSSq1WeWxnN5iZTGvj4Pp4KHr1KACrSjctDrJ+k+\nfEpzXTPutkXxgsgieipVC8Lc97SlFNXn/ZjfMn5GY3MEGMiZ05MQTwwG4PsCAwEA\nAQKCAgAeBj7eloWtH7XN/+qGFd2ciI5NAMoZBAFxOoIuWGWG6j+i2DpXbXpi9LMW\nz6T+vuYuQTSc1EphtjHxYbF50xy+zZqnoGhZQ40CaAnhZYBmahtuUs0mlbgqyjn3\nVutmt3JRAvV/KT1zTwMaUJFO0qpbz6xUbfjghGGiL0YsTYnGs3NPXZmY8edYX+x7\nuWtm9a66/uP19ci1Y1ztw+Co/NwmAcWFlvK6aLnbRKQdJ70bgxFE5dqKko9G7stM\ngA+CGSOi7rt5pMJBirn+xYUenzaylda1vErcOQ3mmhQ/q/Rx2QTa3vfVL+d/IcGm\nHUVztGGUd8NqFgmg2UJeQSTPElhh7fdJcLdm+GEFGH0Zj/pVhJ+XF9jOZRcfAQYP\nkD7N4vlQFrVeUPAU6mQR62NO0P2cFEKVFhBurmC4BNDyFR6pjl83/Utdh6kUtgGC\njSSVVFZm0D2hqWouCCWpvdIdvP904umcvhocSabh0/Gg4HbYXsSsivWMgpIBL1sw\nfxSJpgoq4RPOhl+kzm1SHBRGzBbbk4lbW+Ux4h+N9XEbiwlZr5Dxf5ZVaQCxj8zm\nto+E31ENqIbu3EdMarmWbbRaKXvUmsMxJlGfa2yFJS5FDP70T5fdgghbw/tufKeq\nEJHQt35Ym9WFCNs5Ph1BiXvnj1lW8vwqCeo8amtByBVWmM7XWQKCAQEA9nNiyYUM\nZgA9Zp7DgQnUD0hyLqzf+HeqRbLZHPng1mPo3fEo1R+T1QwIgdorKgS5H4hq7244\n4dsHuRPVunA7JoC8aa1HiJscyqCB+X0HwYDUjMug7FzLMSjC2tObeFWY7i4FWojs\n2wUOLIwte6u2khMocm8aMBqNK1uhKcbgQAEfbTDkrfHvEFVhG6ce5uebfvGb1rrC\nlSrMv6+X8OVFkojCfWeFQeHhAgs75iQiZhoC9I98R52Wj/cOF4P35R1LG3xNfFy+\nOhOgNvUihGaWPkpj+CMCyRYXvj5vhM89/VMl88RW1I6mVAUuC7UxqSnfOSJQcPWk\n9by9m176jqCjGQKCAQEAzA76rLer4+j8GG9cOI9MPpLpDR5+iFRAjJc8SEQC9ihW\nClZPGnJ7ih784qpV53F274dImlA+r6SIfsBZn1Mck2uWD3gbFtQXoRGx5Bx4kxn1\ngiwoLFAorghmNh1y1pb5skhgLN0KEmP9u3qVuam2PIxEKNeSmeHFHM2r5/cBetaL\nF/Gv0J26vR8ywDEtn8Zb4fqLSuVu5KFLbIKpdoUXjrhbCBh+8Tvr8Gl7Pm3nVHG2\ndPwxUkLFoEReOWwLoXcKBtkX/nfq7ii5vUMO2cM/5u0NjQ1FBsImHF90+EPh+k64\nJwXXdnIlvdjKFQ8NiW2t1rcla6D61Da5iq98OoDbMwKCAQAzP3M/bIdTfqFGAaWt\n45lRRENaKWC5jki+DZ7QQ7XZXxVBcbCIAPUAzGvIdNGc/zZvtDJob4cskBtfBRzg\nlA34x7RmVT4WzgqCqDXe530BZATO8lkYTYODSXKbhn1B3KrcfH1ogiiessJryQp8\nOQzR+2HhyfCsKBlK9tbglRZ0uMcMMaqb8T9BKj/zPCFU6ryO/TbmxBdKZYgGJEF4\nOnTpL78hzLENLidYAXYHOWRdzvLmYB/71G1Gqp0njq2x2xGPOZ3zSmXUNdiPFRKE\nbcC4W0fGhaFCp3FwghM2jtHZJ70wn5dew/saZalZjegxwR9GBjisBKi04PacpHd9\nyTGhAoIBAGQWgMvQtyXttCEEFhbD6qDSjC7cIzIZKSQMVgwYF9/HPxSI6vnM512C\n/4TqCYKg+7ZXA7x02ZprOGv7SrpEGMMSRSNHRPo4g3KEbF23vUhhtjLoF7hMhPd/\ntSqb3ST2Hnlc2JeIv5TvqJeZc/ECFhmyrwfdXNHPlFAhbU00sWwf6U+QQy0vAFYd\nBFaSiI9SyuSXcFUHHhJULtuFZztz4m8la7kX0sPeIUblZgbj/1BDCjxtKn/vsmF+\nxzyhCz9iVO+w8fzlsryoCxqS1qjnBOPup/Pka1P6TJkkFQpkuWV90QOK8Pju2iY5\nPD2CCaC7xEWJxXf6GK2YPf+RPXywkVMCggEBAJNyzB3YEVH8dfVxJEU2xQZNLQZR\no8U4J93M0u2UAewSmLVttYmDZ1I3ty7fckfIh9GvBdmj+yqsgCpdpKYHH13Vtcka\np/sI6sSq/Z46GXIkvSyg+4P+w556n7p5alT0S15et6EX5/z/C5U9WLvX7E7A5SbM\nVdwf7hjXdL7plfhBW9UjSzm/NBCojUz+Us52XEd2Srz1KuYWDMWh6UuHuLolzZ6Q\n8HCJaqrntSr0UGLcbeRC73/BsKqI27PjWZcfvwQf93iWtt/bmfqasDsYp+S/mP0L\naOXNQiPd3/9Ye/e92IrfQARikKBwVBcRFCjy4n+9JqdvgqQF3uHfELlTWhk=\n-----END RSA PRIVATE KEY-----\n",
      "type": "string",
      "sensitive": true
    },
    "tenant_ssh_public_key": {
      "value": "ssh-rsa AAAAB3NzaC1yc2EAAAADAQABAAACAQDEcl5a8dxJYut09VFC20C8Q2RKWZu7TZ44wz8plaaOOTzx7Uvimpg1PTmVAhP4e7k7+zegpCnQCu4PdAQgx7kz4OhnOsuPSZNAFmVfm9v2GLXhach/jklwzz4BRmR1YhrFUEB1vPo5pQzZ5csoCSD4EKrUxtJ7MgH7f9y4KY8d/3asTv+REPcMkYxXge0sbzhB4N6UTjlbLew4tTdD7ufBR29TjDss7fM/GisPSudoMOLz4D4q43yEfl0j57hkGduU+SXstbauqWk4tpUVG0P90NPqJergeORGFDzsakW+BYNM7/RzqwMbL+2YVdz8M01FLlia6uUL3mWhjSUNNF3p0i6FLcbW0yF6Cva22bV7hNjoioxczQXvmr244kr3Tob7f8WpMY7ppc888QcPDLF4jN+2asS1ni9pTqNnvuOMz41VO9rKTH1CHzUI2w9fkDYe8I1872vUdPP/aBCLbfgVZyLgqMKiahKvo107nRdkVmznhH5dW7rCY0Mfm9trb/qWu1XQNwDqJW295hp9lLb6zPdr0w/2+2Y/okMspFRw28DNy2wHta5lSM1WZ85nZNk3B/STzkyxJKrVZ5bGc3mJlMa+Pg+ngoevUoAKtKNy0Osn6T58SnNdM+62RfGCyCJ6KlULwtz3tKUU1ef9mN8yfkZjcwQYyJnTkxBPDAbg+w==\n",
      "type": "string"
    }
  },
  "resources": [
    {
      "module": "module.tenant",
      "mode": "data",
      "type": "cloudflare_zone",
      "name": "openshield",
      "provider": "module.tenant.provider[\"registry.terraform.io/cloudflare/cloudflare\"]",
      "instances": [
        {
          "schema_version": 0,
          "attributes": {
            "account": {
              "id": "bca3124de7c86d659a959f06cb35043d",
              "name": "Cloudflare@cyberdef.cc's Account"
            },
            "activated_on": "2025-04-21T11:29:39Z",
            "cname_suffix": null,
            "created_on": "2025-04-21T11:00:21Z",
            "development_mode": 0,
            "filter": {
              "account": null,
              "direction": null,
              "match": null,
              "name": "openshield.io",
              "order": null,
              "status": null
            },
            "id": null,
            "meta": {
              "cdn_only": null,
              "custom_certificate_quota": 0,
              "dns_only": null,
              "foundation_dns": null,
              "page_rule_quota": 3,
              "phishing_detected": false,
              "step": 2
            },
            "modified_on": "2025-04-21T11:29:39Z",
            "name": "openshield.io",
            "name_servers": [
              "kiki.ns.cloudflare.com",
              "lloyd.ns.cloudflare.com"
            ],
            "original_dnshost": null,
            "original_name_servers": [
              "dns1.registrar-servers.com",
              "dns2.registrar-servers.com"
            ],
            "original_registrar": "namecheap, inc. (id: 1068)",
            "owner": {
              "id": null,
              "name": null,
              "type": "user"
            },
            "paused": false,
            "permissions": [
              "#dns_records:edit",
              "#dns_records:read",
              "#zone:read"
            ],
            "plan": {
              "can_subscribe": false,
              "currency": "USD",
              "externally_managed": false,
              "frequency": "",
              "id": "0feeeeeeeeeeeeeeeeeeeeeeeeeeeeee",
              "is_subscribed": false,
              "legacy_discount": false,
              "legacy_id": "free",
              "name": "Free Website",
              "price": 0
            },
            "status": "active",
            "tenant": {
              "id": null,
              "name": null
            },
            "tenant_unit": {
              "id": null
            },
            "type": "full",
            "vanity_name_servers": [],
            "verification_key": null,
            "zone_id": "f92c4f6137dffe0e40aa658cc70e3fa8"
          },
          "sensitive_attributes": []
        }
      ]
    },
    {
      "module": "module.tenant",
      "mode": "data",
      "type": "hcloud_server_type",
      "name": "selected",
      "provider": "module.tenant.provider[\"registry.terraform.io/hetznercloud/hcloud\"]",
      "instances": [
        {
          "index_key": "cpx21",
          "schema_version": 0,
          "attributes": {
            "architecture": "x86",
            "category": "regular_purpose",
            "cores": 3,
            "cpu_type": "shared",
            "deprecation_announced": "",
            "description": "CPX 21",
            "disk": 80,
            "id": 23,
            "included_traffic": 0,
            "is_deprecated": false,
            "locations": [
              {
                "deprecation_announced": "2025-10-16T06:00:00Z",
                "id": 1,
                "is_deprecated": true,
                "name": "fsn1",
                "unavailable_after": "2025-12-31T23:59:59Z"
              },
              {
                "deprecation_announced": "2025-10-16T06:00:00Z",
                "id": 2,
                "is_deprecated": true,
                "name": "nbg1",
                "unavailable_after": "2025-12-31T23:59:59Z"
              },
              {
                "deprecation_announced": "2025-10-16T06:00:00Z",
                "id": 3,
                "is_deprecated": true,
                "name": "hel1",
                "unavailable_after": "2025-12-31T23:59:59Z"
              },
              {
                "deprecation_announced": "",
                "id": 4,
                "is_deprecated": false,
                "name": "ash",
                "unavailable_after": ""
              },
              {
                "deprecation_announced": "",
                "id": 5,
                "is_deprecated": false,
                "name": "hil",
                "unavailable_after": ""
              },
              {
                "deprecation_announced": "2025-10-16T06:00:00Z",
                "id": 6,
                "is_deprecated": true,
                "name": "sin",
                "unavailable_after": "2025-12-31T23:59:59Z"
              }
            ],
            "memory": 4,
            "name": "cpx21",
            "storage_type": "local",
            "unavailable_after": ""
          },
          "sensitive_attributes": []
        },
        {
          "index_key": "cpx22",
          "schema_version": 0,
          "attributes": {
            "architecture": "x86",
            "category": "regular_purpose",
            "cores": 2,
            "cpu_type": "shared",
            "deprecation_announced": "",
            "description": "CPX 22",
            "disk": 80,
            "id": 109,
            "included_traffic": 0,
            "is_deprecated": false,
            "locations": [
              {
                "deprecation_announced": "",
                "id": 1,
                "is_deprecated": false,
                "name": "fsn1",
                "unavailable_after": ""
              },
              {
                "deprecation_announced": "",
                "id": 2,
                "is_deprecated": false,
                "name": "nbg1",
                "unavailable_after": ""
              },
              {
                "deprecation_announced": "",
                "id": 3,
                "is_deprecated": false,
                "name": "hel1",
                "unavailable_after": ""
              },
              {
                "deprecation_announced": "",
                "id": 6,
                "is_deprecated": false,
                "name": "sin",
                "unavailable_after": ""
              }
            ],
            "memory": 4,
            "name": "cpx22",
            "storage_type": "local",
            "unavailable_after": ""
          },
          "sensitive_attributes": []
        },
        {
          "index_key": "cpx31",
          "schema_version": 0,
          "attributes": {
            "architecture": "x86",
            "category": "regular_purpose",
            "cores": 4,
            "cpu_type": "shared",
            "deprecation_announced": "",
            "description": "CPX 31",
            "disk": 160,
            "id": 24,
            "included_traffic": 0,
            "is_deprecated": false,
            "locations": [
              {
                "deprecation_announced": "2025-10-16T06:00:00Z",
                "id": 1,
                "is_deprecated": true,
                "name": "fsn1",
                "unavailable_after": "2025-12-31T23:59:59Z"
              },
              {
                "deprecation_announced": "2025-10-16T06:00:00Z",
                "id": 2,
                "is_deprecated": true,
                "name": "nbg1",
                "unavailable_after": "2025-12-31T23:59:59Z"
              },
              {
                "deprecation_announced": "2025-10-16T06:00:00Z",
                "id": 3,
                "is_deprecated": true,
                "name": "hel1",
                "unavailable_after": "2025-12-31T23:59:59Z"
              },
              {
                "deprecation_announced": "",
                "id": 4,
                "is_deprecated": false,
                "name": "ash",
                "unavailable_after": ""
              },
              {
                "deprecation_announced": "",
                "id": 5,
                "is_deprecated": false,
                "name": "hil",
                "unavailable_after": ""
              },
              {
                "deprecation_announced": "2025-10-16T06:00:00Z",
                "id": 6,
                "is_deprecated": true,
                "name": "sin",
                "unavailable_after": "2025-12-31T23:59:59Z"
              }
            ],
            "memory": 8,
            "name": "cpx31",
            "storage_type": "local",
            "unavailable_after": ""
          },
          "sensitive_attributes": []
        },
        {
          "index_key": "cpx32",
          "schema_version": 0,
          "attributes": {
            "architecture": "x86",
            "category": "regular_purpose",
            "cores": 4,
            "cpu_type": "shared",
            "deprecation_announced": "",
            "description": "CPX 32",
            "disk": 160,
            "id": 110,
            "included_traffic": 0,
            "is_deprecated": false,
            "locations": [
              {
                "deprecation_announced": "",
                "id": 1,
                "is_deprecated": false,
                "name": "fsn1",
                "unavailable_after": ""
              },
              {
                "deprecation_announced": "",
                "id": 2,
                "is_deprecated": false,
                "name": "nbg1",
                "unavailable_after": ""
              },
              {
                "deprecation_announced": "",
                "id": 3,
                "is_deprecated": false,
                "name": "hel1",
                "unavailable_after": ""
              },
              {
                "deprecation_announced": "",
                "id": 6,
                "is_deprecated": false,
                "name": "sin",
                "unavailable_after": ""
              }
            ],
            "memory": 8,
            "name": "cpx32",
            "storage_type": "local",
            "unavailable_after": ""
          },
          "sensitive_attributes": []
        },
        {
          "index_key": "cpx41",
          "schema_version": 0,
          "attributes": {
            "architecture": "x86",
            "category": "regular_purpose",
            "cores": 8,
            "cpu_type": "shared",
            "deprecation_announced": "",
            "description": "CPX 41",
            "disk": 240,
            "id": 25,
            "included_traffic": 0,
            "is_deprecated": false,
            "locations": [
              {
                "deprecation_announced": "2025-10-16T06:00:00Z",
                "id": 1,
                "is_deprecated": true,
                "name": "fsn1",
                "unavailable_after": "2025-12-31T23:59:59Z"
              },
              {
                "deprecation_announced": "2025-10-16T06:00:00Z",
                "id": 2,
                "is_deprecated": true,
                "name": "nbg1",
                "unavailable_after": "2025-12-31T23:59:59Z"
              },
              {
                "deprecation_announced": "2025-10-16T06:00:00Z",
                "id": 3,
                "is_deprecated": true,
                "name": "hel1",
                "unavailable_after": "2025-12-31T23:59:59Z"
              },
              {
                "deprecation_announced": "",
                "id": 4,
                "is_deprecated": false,
                "name": "ash",
                "unavailable_after": ""
              },
              {
                "deprecation_announced": "",
                "id": 5,
                "is_deprecated": false,
                "name": "hil",
                "unavailable_after": ""
              },
              {
                "deprecation_announced": "2025-10-16T06:00:00Z",
                "id": 6,
                "is_deprecated": true,
                "name": "sin",
                "unavailable_after": "2025-12-31T23:59:59Z"
              }
            ],
            "memory": 16,
            "name": "cpx41",
            "storage_type": "local",
            "unavailable_after": ""
          },
          "sensitive_attributes": []
        },
        {
          "index_key": "cpx42",
          "schema_version": 0,
          "attributes": {
            "architecture": "x86",
            "category": "regular_purpose",
            "cores": 8,
            "cpu_type": "shared",
            "deprecation_announced": "",
            "description": "CPX 42",
            "disk": 320,
            "id": 111,
            "included_traffic": 0,
            "is_deprecated": false,
            "locations": [
              {
                "deprecation_announced": "",
                "id": 1,
                "is_deprecated": false,
                "name": "fsn1",
                "unavailable_after": ""
              },
              {
                "deprecation_announced": "",
                "id": 2,
                "is_deprecated": false,
                "name": "nbg1",
                "unavailable_after": ""
              },
              {
                "deprecation_announced": "",
                "id": 3,
                "is_deprecated": false,
                "name": "hel1",
                "unavailable_after": ""
              },
              {
                "deprecation_announced": "",
                "id": 6,
                "is_deprecated": false,
                "name": "sin",
                "unavailable_after": ""
              }
            ],
            "memory": 16,
            "name": "cpx42",
            "storage_type": "local",
            "unavailable_after": ""
          },
          "sensitive_attributes": []
        },
        {
          "index_key": "cpx51",
          "schema_version": 0,
          "attributes": {
            "architecture": "x86",
            "category": "regular_purpose",
            "cores": 16,
            "cpu_type": "shared",
            "deprecation_announced": "",
            "description": "CPX 51",
            "disk": 360,
            "id": 26,
            "included_traffic": 0,
            "is_deprecated": false,
            "locations": [
              {
                "deprecation_announced": "2025-10-16T06:00:00Z",
                "id": 1,
                "is_deprecated": true,
                "name": "fsn1",
                "unavailable_after": "2025-12-31T23:59:59Z"
              },
              {
                "deprecation_announced": "2025-10-16T06:00:00Z",
                "id": 2,
                "is_deprecated": true,
                "name": "nbg1",
                "unavailable_after": "2025-12-31T23:59:59Z"
              },
              {
                "deprecation_announced": "2025-10-16T06:00:00Z",
                "id": 3,
                "is_deprecated": true,
                "name": "hel1",
                "unavailable_after": "2025-12-31T23:59:59Z"
              },
              {
                "deprecation_announced": "",
                "id": 4,
                "is_deprecated": false,
                "name": "ash",
                "unavailable_after": ""
              },
              {
                "deprecation_announced": "",
                "id": 5,
                "is_deprecated": false,
                "name": "hil",
                "unavailable_after": ""
              },
              {
                "deprecation_announced": "2025-10-16T06:00:00Z",
                "id": 6,
                "is_deprecated": true,
                "name": "sin",
                "unavailable_after": "2025-12-31T23:59:59Z"
              }
            ],
            "memory": 32,
            "name": "cpx51",
            "storage_type": "local",
            "unavailable_after": ""
          },
          "sensitive_attributes": []
        },
        {
          "index_key": "cpx52",
          "schema_version": 0,
          "attributes": {
            "architecture": "x86",
            "category": "regular_purpose",
            "cores": 12,
            "cpu_type": "shared",
            "deprecation_announced": "",
            "description": "CPX 52",
            "disk": 480,
            "id": 112,
            "included_traffic": 0,
            "is_deprecated": false,
            "locations": [
              {
                "deprecation_announced": "",
                "id": 1,
                "is_deprecated": false,
                "name": "fsn1",
                "unavailable_after": ""
              },
              {
                "deprecation_announced": "",
                "id": 2,
                "is_deprecated": false,
                "name": "nbg1",
                "unavailable_after": ""
              },
              {
                "deprecation_announced": "",
                "id": 3,
                "is_deprecated": false,
                "name": "hel1",
                "unavailable_after": ""
              },
              {
                "deprecation_announced": "",
                "id": 6,
                "is_deprecated": false,
                "name": "sin",
                "unavailable_after": ""
              }
            ],
            "memory": 24,
            "name": "cpx52",
            "storage_type": "local",
            "unavailable_after": ""
          },
          "sensitive_attributes": []
        },
        {
          "index_key": "cpx62",
          "schema_version": 0,
          "attributes": {
            "architecture": "x86",
            "category": "regular_purpose",
            "cores": 16,
            "cpu_type": "shared",
            "deprecation_announced": "",
            "description": "CPX 62",
            "disk": 640,
            "id": 113,
            "included_traffic": 0,
            "is_deprecated": false,
            "locations": [
              {
                "deprecation_announced": "",
                "id": 1,
                "is_deprecated": false,
                "name": "fsn1",
                "unavailable_after": ""
              },
              {
                "deprecation_announced": "",
                "id": 2,
                "is_deprecated": false,
                "name": "nbg1",
                "unavailable_after": ""
              },
              {
                "deprecation_announced": "",
                "id": 3,
                "is_deprecated": false,
                "name": "hel1",
                "unavailable_after": ""
              },
              {
                "deprecation_announced": "",
                "id": 6,
                "is_deprecated": false,
                "name": "sin",
                "unavailable_after": ""
              }
            ],
            "memory": 32,
            "name": "cpx62",
            "storage_type": "local",
            "unavailable_after": ""
          },
          "sensitive_attributes": []
        },
        {
          "index_key": "cx22",
          "schema_version": 0,
          "attributes": {
            "architecture": "x86",
            "category": "cost_optimized",
            "cores": 2,
            "cpu_type": "shared",
            "deprecation_announced": "2025-10-16T06:00:00Z",
            "description": "CX22",
            "disk": 40,
            "id": 104,
            "included_traffic": 0,
            "is_deprecated": true,
            "locations": [
              {
                "deprecation_announced": "2025-10-16T06:00:00Z",
                "id": 1,
                "is_deprecated": true,
                "name": "fsn1",
                "unavailable_after": "2025-12-31T23:59:59Z"
              },
              {
                "deprecation_announced": "2025-10-16T06:00:00Z",
                "id": 2,
                "is_deprecated": true,
                "name": "nbg1",
                "unavailable_after": "2025-12-31T23:59:59Z"
              },
              {
                "deprecation_announced": "2025-10-16T06:00:00Z",
                "id": 3,
                "is_deprecated": true,
                "name": "hel1",
                "unavailable_after": "2025-12-31T23:59:59Z"
              }
            ],
            "memory": 4,
            "name": "cx22",
            "storage_type": "local",
            "unavailable_after": "2025-12-31T23:59:59Z"
          },
          "sensitive_attributes": []
        },
        {
          "index_key": "cx23",
          "schema_version": 0,
          "attributes": {
            "architecture": "x86",
            "category": "cost_optimized",
            "cores": 2,
            "cpu_type": "shared",
            "deprecation_announced": "",
            "description": "CX 23",
            "disk": 40,
            "id": 114,
            "included_traffic": 0,
            "is_deprecated": false,
            "locations": [
              {
                "deprecation_announced": "",
                "id": 1,
                "is_deprecated": false,
                "name": "fsn1",
                "unavailable_after": ""
              },
              {
                "deprecation_announced": "",
                "id": 2,
                "is_deprecated": false,
                "name": "nbg1",
                "unavailable_after": ""
              },
              {
                "deprecation_announced": "",
                "id": 3,
                "is_deprecated": false,
                "name": "hel1",
                "unavailable_after": ""
              }
            ],
            "memory": 4,
            "name": "cx23",
            "storage_type": "local",
            "unavailable_after": ""
          },
          "sensitive_attributes": []
        },
        {
          "index_key": "cx32",
          "schema_version": 0,
          "attributes": {
            "architecture": "x86",
            "category": "cost_optimized",
            "cores": 4,
            "cpu_type": "shared",
            "deprecation_announced": "2025-10-16T06:00:00Z",
            "description": "CX32",
            "disk": 80,
            "id": 105,
            "included_traffic": 0,
            "is_deprecated": true,
            "locations": [
              {
                "deprecation_announced": "2025-10-16T06:00:00Z",
                "id": 1,
                "is_deprecated": true,
                "name": "fsn1",
                "unavailable_after": "2025-12-31T23:59:59Z"
              },
              {
                "deprecation_announced": "2025-10-16T06:00:00Z",
                "id": 2,
                "is_deprecated": true,
                "name": "nbg1",
                "unavailable_after": "2025-12-31T23:59:59Z"
              },
              {
                "deprecation_announced": "2025-10-16T06:00:00Z",
                "id": 3,
                "is_deprecated": true,
                "name": "hel1",
                "unavailable_after": "2025-12-31T23:59:59Z"
              }
            ],
            "memory": 8,
            "name": "cx32",
            "storage_type": "local",
            "unavailable_after": "2025-12-31T23:59:59Z"
          },
          "sensitive_attributes": []
        },
        {
          "index_key": "cx33",
          "schema_version": 0,
          "attributes": {
            "architecture": "x86",
            "category": "cost_optimized",
            "cores": 4,
            "cpu_type": "shared",
            "deprecation_announced": "",
            "description": "CX 33",
            "disk": 80,
            "id": 115,
            "included_traffic": 0,
            "is_deprecated": false,
            "locations": [
              {
                "deprecation_announced": "",
                "id": 1,
                "is_deprecated": false,
                "name": "fsn1",
                "unavailable_after": ""
              },
              {
                "deprecation_announced": "",
                "id": 2,
                "is_deprecated": false,
                "name": "nbg1",
                "unavailable_after": ""
              },
              {
                "deprecation_announced": "",
                "id": 3,
                "is_deprecated": false,
                "name": "hel1",
                "unavailable_after": ""
              }
            ],
            "memory": 8,
            "name": "cx33",
            "storage_type": "local",
            "unavailable_after": ""
          },
          "sensitive_attributes": []
        },
        {
          "index_key": "cx42",
          "schema_version": 0,
          "attributes": {
            "architecture": "x86",
            "category": "cost_optimized",
            "cores": 8,
            "cpu_type": "shared",
            "deprecation_announced": "2025-10-16T06:00:00Z",
            "description": "CX42",
            "disk": 160,
            "id": 106,
            "included_traffic": 0,
            "is_deprecated": true,
            "locations": [
              {
                "deprecation_announced": "2025-10-16T06:00:00Z",
                "id": 1,
                "is_deprecated": true,
                "name": "fsn1",
                "unavailable_after": "2025-12-31T23:59:59Z"
              },
              {
                "deprecation_announced": "2025-10-16T06:00:00Z",
                "id": 2,
                "is_deprecated": true,
                "name": "nbg1",
                "unavailable_after": "2025-12-31T23:59:59Z"
              },
              {
                "deprecation_announced": "2025-10-16T06:00:00Z",
                "id": 3,
                "is_deprecated": true,
                "name": "hel1",
                "unavailable_after": "2025-12-31T23:59:59Z"
              }
            ],
            "memory": 16,
            "name": "cx42",
            "storage_type": "local",
            "unavailable_after": "2025-12-31T23:59:59Z"
          },
          "sensitive_attributes": []
        },
        {
          "index_key": "cx43",
          "schema_version": 0,
          "attributes": {
            "architecture": "x86",
            "category": "cost_optimized",
            "cores": 8,
            "cpu_type": "shared",
            "deprecation_announced": "",
            "description": "CX 43",
            "disk": 160,
            "id": 116,
            "included_traffic": 0,
            "is_deprecated": false,
            "locations": [
              {
                "deprecation_announced": "",
                "id": 1,
                "is_deprecated": false,
                "name": "fsn1",
                "unavailable_after": ""
              },
              {
                "deprecation_announced": "",
                "id": 2,
                "is_deprecated": false,
                "name": "nbg1",
                "unavailable_after": ""
              },
              {
                "deprecation_announced": "",
                "id": 3,
                "is_deprecated": false,
                "name": "hel1",
                "unavailable_after": ""
              }
            ],
            "memory": 16,
            "name": "cx43",
            "storage_type": "local",
            "unavailable_after": ""
          },
          "sensitive_attributes": []
        },
        {
          "index_key": "cx52",
          "schema_version": 0,
          "attributes": {
            "architecture": "x86",
            "category": "cost_optimized",
            "cores": 16,
            "cpu_type": "shared",
            "deprecation_announced": "2025-10-16T06:00:00Z",
            "description": "CX52",
            "disk": 320,
            "id": 107,
            "included_traffic": 0,
            "is_deprecated": true,
            "locations": [
              {
                "deprecation_announced": "2025-10-16T06:00:00Z",
                "id": 1,
                "is_deprecated": true,
                "name": "fsn1",
                "unavailable_after": "2025-12-31T23:59:59Z"
              },
              {
                "deprecation_announced": "2025-10-16T06:00:00Z",
                "id": 2,
                "is_deprecated": true,
                "name": "nbg1",
                "unavailable_after": "2025-12-31T23:59:59Z"
              },
              {
                "deprecation_announced": "2025-10-16T06:00:00Z",
                "id": 3,
                "is_deprecated": true,
                "name": "hel1",
                "unavailable_after": "2025-12-31T23:59:59Z"
              }
            ],
            "memory": 32,
            "name": "cx52",
            "storage_type": "local",
            "unavailable_after": "2025-12-31T23:59:59Z"
          },
          "sensitive_attributes": []
        },
        {
          "index_key": "cx53",
          "schema_version": 0,
          "attributes": {
            "architecture": "x86",
            "category": "cost_optimized",
            "cores": 16,
            "cpu_type": "shared",
            "deprecation_announced": "",
            "description": "CX 53",
            "disk": 320,
            "id": 117,
            "included_traffic": 0,
            "is_deprecated": false,
            "locations": [
              {
                "deprecation_announced": "",
                "id": 1,
                "is_deprecated": false,
                "name": "fsn1",
                "unavailable_after": ""
              },
              {
                "deprecation_announced": "",
                "id": 2,
                "is_deprecated": false,
                "name": "nbg1",
                "unavailable_after": ""
              },
              {
                "deprecation_announced": "",
                "id": 3,
                "is_deprecated": false,
                "name": "hel1",
                "unavailable_after": ""
              }
            ],
            "memory": 32,
            "name": "cx53",
            "storage_type": "local",
            "unavailable_after": ""
          },
          "sensitive_attributes": []
        }
      ]
    },
    {
      "module": "module.tenant",
      "mode": "data",
      "type": "hcloud_server_types",
      "name": "all",
      "provider": "module.tenant.provider[\"registry.terraform.io/hetznercloud/hcloud\"]",
      "instances": [
        {
          "schema_version": 0,
          "attributes": {
            "descriptions": [
              "CPX 11",
              "CPX 21",
              "CPX 31",
              "CPX 41",
              "CPX 51",
              "CAX11",
              "CAX21",
              "CAX31",
              "CAX41",
              "CCX13 Dedicated CPU",
              "CCX23 Dedicated CPU",
              "CCX33 Dedicated CPU",
              "CCX43 Dedicated CPU",
              "CCX53 Dedicated CPU",
              "CCX63 Dedicated CPU",
              "CX22",
              "CX32",
              "CX42",
              "CX52",
              "CPX 12",
              "CPX 22",
              "CPX 32",
              "CPX 42",
              "CPX 52",
              "CPX 62",
              "CX 23",
              "CX 33",
              "CX 43",
              "CX 53"
            ],
            "id": "166277662d9b7990b1711b6545d691c4fc52eb3f",
            "names": [
              "cpx11",
              "cpx21",
              "cpx31",
              "cpx41",
              "cpx51",
              "cax11",
              "cax21",
              "cax31",
              "cax41",
              "ccx13",
              "ccx23",
              "ccx33",
              "ccx43",
              "ccx53",
              "ccx63",
              "cx22",
              "cx32",
              "cx42",
              "cx52",
              "cpx12",
              "cpx22",
              "cpx32",
              "cpx42",
              "cpx52",
              "cpx62",
              "cx23",
              "cx33",
              "cx43",
              "cx53"
            ],
            "server_type_ids": [
              "22",
              "23",
              "24",
              "25",
              "26",
              "45",
              "93",
              "94",
              "95",
              "96",
              "97",
              "98",
              "99",
              "100",
              "101",
              "104",
              "105",
              "106",
              "107",
              "108",
              "109",
              "110",
              "111",
              "112",
              "113",
              "114",
              "115",
              "116",
              "117"
            ],
            "server_types": [
              {
                "architecture": "x86",
                "category": "regular_purpose",
                "cores": 2,
                "cpu_type": "shared",
                "deprecation_announced": "",
                "description": "CPX 11",
                "disk": 40,
                "id": 22,
                "included_traffic": 0,
                "is_deprecated": false,
                "locations": [
                  {
                    "deprecation_announced": "2025-10-16T06:00:00Z",
                    "id": 1,
                    "is_deprecated": true,
                    "name": "fsn1",
                    "unavailable_after": "2025-12-31T23:59:59Z"
                  },
                  {
                    "deprecation_announced": "2025-10-16T06:00:00Z",
                    "id": 2,
                    "is_deprecated": true,
                    "name": "nbg1",
                    "unavailable_after": "2025-12-31T23:59:59Z"
                  },
                  {
                    "deprecation_announced": "2025-10-16T06:00:00Z",
                    "id": 3,
                    "is_deprecated": true,
                    "name": "hel1",
                    "unavailable_after": "2025-12-31T23:59:59Z"
                  },
                  {
                    "deprecation_announced": "",
                    "id": 4,
                    "is_deprecated": false,
                    "name": "ash",
                    "unavailable_after": ""
                  },
                  {
                    "deprecation_announced": "",
                    "id": 5,
                    "is_deprecated": false,
                    "name": "hil",
                    "unavailable_after": ""
                  },
                  {
                    "deprecation_announced": "2025-10-16T06:00:00Z",
                    "id": 6,
                    "is_deprecated": true,
                    "name": "sin",
                    "unavailable_after": "2025-12-31T23:59:59Z"
                  }
                ],
                "memory": 2,
                "name": "cpx11",
                "storage_type": "local",
                "unavailable_after": ""
              },
              {
                "architecture": "x86",
                "category": "regular_purpose",
                "cores": 3,
                "cpu_type": "shared",
                "deprecation_announced": "",
                "description": "CPX 21",
                "disk": 80,
                "id": 23,
                "included_traffic": 0,
                "is_deprecated": false,
                "locations": [
                  {
                    "deprecation_announced": "2025-10-16T06:00:00Z",
                    "id": 1,
                    "is_deprecated": true,
                    "name": "fsn1",
                    "unavailable_after": "2025-12-31T23:59:59Z"
                  },
                  {
                    "deprecation_announced": "2025-10-16T06:00:00Z",
                    "id": 2,
                    "is_deprecated": true,
                    "name": "nbg1",
                    "unavailable_after": "2025-12-31T23:59:59Z"
                  },
                  {
                    "deprecation_announced": "2025-10-16T06:00:00Z",
                    "id": 3,
                    "is_deprecated": true,
                    "name": "hel1",
                    "unavailable_after": "2025-12-31T23:59:59Z"
                  },
                  {
                    "deprecation_announced": "",
                    "id": 4,
                    "is_deprecated": false,
                    "name": "ash",
                    "unavailable_after": ""
                  },
                  {
                    "deprecation_announced": "",
                    "id": 5,
                    "is_deprecated": false,
                    "name": "hil",
                    "unavailable_after": ""
                  },
                  {
                    "deprecation_announced": "2025-10-16T06:00:00Z",
                    "id": 6,
                    "is_deprecated": true,
                    "name": "sin",
                    "unavailable_after": "2025-12-31T23:59:59Z"
                  }
                ],
                "memory": 4,
                "name": "cpx21",
                "storage_type": "local",
                "unavailable_after": ""
              },
              {
                "architecture": "x86",
                "category": "regular_purpose",
                "cores": 4,
                "cpu_type": "shared",
                "deprecation_announced": "",
                "description": "CPX 31",
                "disk": 160,
                "id": 24,
                "included_traffic": 0,
                "is_deprecated": false,
                "locations": [
                  {
                    "deprecation_announced": "2025-10-16T06:00:00Z",
                    "id": 1,
                    "is_deprecated": true,
                    "name": "fsn1",
                    "unavailable_after": "2025-12-31T23:59:59Z"
                  },
                  {
                    "deprecation_announced": "2025-10-16T06:00:00Z",
                    "id": 2,
                    "is_deprecated": true,
                    "name": "nbg1",
                    "unavailable_after": "2025-12-31T23:59:59Z"
                  },
                  {
                    "deprecation_announced": "2025-10-16T06:00:00Z",
                    "id": 3,
                    "is_deprecated": true,
                    "name": "hel1",
                    "unavailable_after": "2025-12-31T23:59:59Z"
                  },
                  {
                    "deprecation_announced": "",
                    "id": 4,
                    "is_deprecated": false,
                    "name": "ash",
                    "unavailable_after": ""
                  },
                  {
                    "deprecation_announced": "",
                    "id": 5,
                    "is_deprecated": false,
                    "name": "hil",
                    "unavailable_after": ""
                  },
                  {
                    "deprecation_announced": "2025-10-16T06:00:00Z",
                    "id": 6,
                    "is_deprecated": true,
                    "name": "sin",
                    "unavailable_after": "2025-12-31T23:59:59Z"
                  }
                ],
                "memory": 8,
                "name": "cpx31",
                "storage_type": "local",
                "unavailable_after": ""
              },
              {
                "architecture": "x86",
                "category": "regular_purpose",
                "cores": 8,
                "cpu_type": "shared",
                "deprecation_announced": "",
                "description": "CPX 41",
                "disk": 240,
                "id": 25,
                "included_traffic": 0,
                "is_deprecated": false,
                "locations": [
                  {
                    "deprecation_announced": "2025-10-16T06:00:00Z",
                    "id": 1,
                    "is_deprecated": true,
                    "name": "fsn1",
                    "unavailable_after": "2025-12-31T23:59:59Z"
                  },
                  {
                    "deprecation_announced": "2025-10-16T06:00:00Z",
                    "id": 2,
                    "is_deprecated": true,
                    "name": "nbg1",
                    "unavailable_after": "2025-12-31T23:59:59Z"
                  },
                  {
                    "deprecation_announced": "2025-10-16T06:00:00Z",
                    "id": 3,
                    "is_deprecated": true,
                    "name": "hel1",
                    "unavailable_after": "2025-12-31T23:59:59Z"
                  },
                  {
                    "deprecation_announced": "",
                    "id": 4,
                    "is_deprecated": false,
                    "name": "ash",
                    "unavailable_after": ""
                  },
                  {
                    "deprecation_announced": "",
                    "id": 5,
                    "is_deprecated": false,
                    "name": "hil",
                    "unavailable_after": ""
                  },
                  {
                    "deprecation_announced": "2025-10-16T06:00:00Z",
                    "id": 6,
                    "is_deprecated": true,
                    "name": "sin",
                    "unavailable_after": "2025-12-31T23:59:59Z"
                  }
                ],
                "memory": 16,
                "name": "cpx41",
                "storage_type": "local",
                "unavailable_after": ""
              },
              {
                "architecture": "x86",
                "category": "regular_purpose",
                "cores": 16,
                "cpu_type": "shared",
                "deprecation_announced": "",
                "description": "CPX 51",
                "disk": 360,
                "id": 26,
                "included_traffic": 0,
                "is_deprecated": false,
                "locations": [
                  {
                    "deprecation_announced": "2025-10-16T06:00:00Z",
                    "id": 1,
                    "is_deprecated": true,
                    "name": "fsn1",
                    "unavailable_after": "2025-12-31T23:59:59Z"
                  },
                  {
                    "deprecation_announced": "2025-10-16T06:00:00Z",
                    "id": 2,
                    "is_deprecated": true,
                    "name": "nbg1",
                    "unavailable_after": "2025-12-31T23:59:59Z"
                  },
                  {
                    "deprecation_announced": "2025-10-16T06:00:00Z",
                    "id": 3,
                    "is_deprecated": true,
                    "name": "hel1",
                    "unavailable_after": "2025-12-31T23:59:59Z"
                  },
                  {
                    "deprecation_announced": "",
                    "id": 4,
                    "is_deprecated": false,
                    "name": "ash",
                    "unavailable_after": ""
                  },
                  {
                    "deprecation_announced": "",
                    "id": 5,
                    "is_deprecated": false,
                    "name": "hil",
                    "unavailable_after": ""
                  },
                  {
                    "deprecation_announced": "2025-10-16T06:00:00Z",
                    "id": 6,
                    "is_deprecated": true,
                    "name": "sin",
                    "unavailable_after": "2025-12-31T23:59:59Z"
                  }
                ],
                "memory": 32,
                "name": "cpx51",
                "storage_type": "local",
                "unavailable_after": ""
              },
              {
                "architecture": "arm",
                "category": "cost_optimized",
                "cores": 2,
                "cpu_type": "shared",
                "deprecation_announced": "",
                "description": "CAX11",
                "disk": 40,
                "id": 45,
                "included_traffic": 0,
                "is_deprecated": false,
                "locations": [
                  {
                    "deprecation_announced": "",
                    "id": 1,
                    "is_deprecated": false,
                    "name": "fsn1",
                    "unavailable_after": ""
                  },
                  {
                    "deprecation_announced": "",
                    "id": 2,
                    "is_deprecated": false,
                    "name": "nbg1",
                    "unavailable_after": ""
                  },
                  {
                    "deprecation_announced": "",
                    "id": 3,
                    "is_deprecated": false,
                    "name": "hel1",
                    "unavailable_after": ""
                  }
                ],
                "memory": 4,
                "name": "cax11",
                "storage_type": "local",
                "unavailable_after": ""
              },
              {
                "architecture": "arm",
                "category": "cost_optimized",
                "cores": 4,
                "cpu_type": "shared",
                "deprecation_announced": "",
                "description": "CAX21",
                "disk": 80,
                "id": 93,
                "included_traffic": 0,
                "is_deprecated": false,
                "locations": [
                  {
                    "deprecation_announced": "",
                    "id": 1,
                    "is_deprecated": false,
                    "name": "fsn1",
                    "unavailable_after": ""
                  },
                  {
                    "deprecation_announced": "",
                    "id": 2,
                    "is_deprecated": false,
                    "name": "nbg1",
                    "unavailable_after": ""
                  },
                  {
                    "deprecation_announced": "",
                    "id": 3,
                    "is_deprecated": false,
                    "name": "hel1",
                    "unavailable_after": ""
                  }
                ],
                "memory": 8,
                "name": "cax21",
                "storage_type": "local",
                "unavailable_after": ""
              },
              {
                "architecture": "arm",
                "category": "cost_optimized",
                "cores": 8,
                "cpu_type": "shared",
                "deprecation_announced": "",
                "description": "CAX31",
                "disk": 160,
                "id": 94,
                "included_traffic": 0,
                "is_deprecated": false,
                "locations": [
                  {
                    "deprecation_announced": "",
                    "id": 1,
                    "is_deprecated": false,
                    "name": "fsn1",
                    "unavailable_after": ""
                  },
                  {
                    "deprecation_announced": "",
                    "id": 2,
                    "is_deprecated": false,
                    "name": "nbg1",
                    "unavailable_after": ""
                  },
                  {
                    "deprecation_announced": "",
                    "id": 3,
                    "is_deprecated": false,
                    "name": "hel1",
                    "unavailable_after": ""
                  }
                ],
                "memory": 16,
                "name": "cax31",
                "storage_type": "local",
                "unavailable_after": ""
              },
              {
                "architecture": "arm",
                "category": "cost_optimized",
                "cores": 16,
                "cpu_type": "shared",
                "deprecation_announced": "",
                "description": "CAX41",
                "disk": 320,
                "id": 95,
                "included_traffic": 0,
                "is_deprecated": false,
                "locations": [
                  {
                    "deprecation_announced": "",
                    "id": 1,
                    "is_deprecated": false,
                    "name": "fsn1",
                    "unavailable_after": ""
                  },
                  {
                    "deprecation_announced": "",
                    "id": 2,
                    "is_deprecated": false,
                    "name": "nbg1",
                    "unavailable_after": ""
                  },
                  {
                    "deprecation_announced": "",
                    "id": 3,
                    "is_deprecated": false,
                    "name": "hel1",
                    "unavailable_after": ""
                  }
                ],
                "memory": 32,
                "name": "cax41",
                "storage_type": "local",
                "unavailable_after": ""
              },
              {
                "architecture": "x86",
                "category": "general_purpose",
                "cores": 2,
                "cpu_type": "dedicated",
                "deprecation_announced": "",
                "description": "CCX13 Dedicated CPU",
                "disk": 80,
                "id": 96,
                "included_traffic": 0,
                "is_deprecated": false,
                "locations": [
                  {
                    "deprecation_announced": "",
                    "id": 1,
                    "is_deprecated": false,
                    "name": "fsn1",
                    "unavailable_after": ""
                  },
                  {
                    "deprecation_announced": "",
                    "id": 2,
                    "is_deprecated": false,
                    "name": "nbg1",
                    "unavailable_after": ""
                  },
                  {
                    "deprecation_announced": "",
                    "id": 3,
                    "is_deprecated": false,
                    "name": "hel1",
                    "unavailable_after": ""
                  },
                  {
                    "deprecation_announced": "",
                    "id": 4,
                    "is_deprecated": false,
                    "name": "ash",
                    "unavailable_after": ""
                  },
                  {
                    "deprecation_announced": "",
                    "id": 5,
                    "is_deprecated": false,
                    "name": "hil",
                    "unavailable_after": ""
                  },
                  {
                    "deprecation_announced": "",
                    "id": 6,
                    "is_deprecated": false,
                    "name": "sin",
                    "unavailable_after": ""
                  }
                ],
                "memory": 8,
                "name": "ccx13",
                "storage_type": "local",
                "unavailable_after": ""
              },
              {
                "architecture": "x86",
                "category": "general_purpose",
                "cores": 4,
                "cpu_type": "dedicated",
                "deprecation_announced": "",
                "description": "CCX23 Dedicated CPU",
                "disk": 160,
                "id": 97,
                "included_traffic": 0,
                "is_deprecated": false,
                "locations": [
                  {
                    "deprecation_announced": "",
                    "id": 1,
                    "is_deprecated": false,
                    "name": "fsn1",
                    "unavailable_after": ""
                  },
                  {
                    "deprecation_announced": "",
                    "id": 2,
                    "is_deprecated": false,
                    "name": "nbg1",
                    "unavailable_after": ""
                  },
                  {
                    "deprecation_announced": "",
                    "id": 3,
                    "is_deprecated": false,
                    "name": "hel1",
                    "unavailable_after": ""
                  },
                  {
                    "deprecation_announced": "",
                    "id": 4,
                    "is_deprecated": false,
                    "name": "ash",
                    "unavailable_after": ""
                  },
                  {
                    "deprecation_announced": "",
                    "id": 5,
                    "is_deprecated": false,
                    "name": "hil",
                    "unavailable_after": ""
                  },
                  {
                    "deprecation_announced": "",
                    "id": 6,
                    "is_deprecated": false,
                    "name": "sin",
                    "unavailable_after": ""
                  }
                ],
                "memory": 16,
                "name": "ccx23",
                "storage_type": "local",
                "unavailable_after": ""
              },
              {
                "architecture": "x86",
                "category": "general_purpose",
                "cores": 8,
                "cpu_type": "dedicated",
                "deprecation_announced": "",
                "description": "CCX33 Dedicated CPU",
                "disk": 240,
                "id": 98,
                "included_traffic": 0,
                "is_deprecated": false,
                "locations": [
                  {
                    "deprecation_announced": "",
                    "id": 1,
                    "is_deprecated": false,
                    "name": "fsn1",
                    "unavailable_after": ""
                  },
                  {
                    "deprecation_announced": "",
                    "id": 2,
                    "is_deprecated": false,
                    "name": "nbg1",
                    "unavailable_after": ""
                  },
                  {
                    "deprecation_announced": "",
                    "id": 3,
                    "is_deprecated": false,
                    "name": "hel1",
                    "unavailable_after": ""
                  },
                  {
                    "deprecation_announced": "",
                    "id": 4,
                    "is_deprecated": false,
                    "name": "ash",
                    "unavailable_after": ""
                  },
                  {
                    "deprecation_announced": "",
                    "id": 5,
                    "is_deprecated": false,
                    "name": "hil",
                    "unavailable_after": ""
                  },
                  {
                    "deprecation_announced": "",
                    "id": 6,
                    "is_deprecated": false,
                    "name": "sin",
                    "unavailable_after": ""
                  }
                ],
                "memory": 32,
                "name": "ccx33",
                "storage_type": "local",
                "unavailable_after": ""
              },
              {
                "architecture": "x86",
                "category": "general_purpose",
                "cores": 16,
                "cpu_type": "dedicated",
                "deprecation_announced": "",
                "description": "CCX43 Dedicated CPU",
                "disk": 360,
                "id": 99,
                "included_traffic": 0,
                "is_deprecated": false,
                "locations": [
                  {
                    "deprecation_announced": "",
                    "id": 1,
                    "is_deprecated": false,
                    "name": "fsn1",
                    "unavailable_after": ""
                  },
                  {
                    "deprecation_announced": "",
                    "id": 2,
                    "is_deprecated": false,
                    "name": "nbg1",
                    "unavailable_after": ""
                  },
                  {
                    "deprecation_announced": "",
                    "id": 3,
                    "is_deprecated": false,
                    "name": "hel1",
                    "unavailable_after": ""
                  },
                  {
                    "deprecation_announced": "",
                    "id": 4,
                    "is_deprecated": false,
                    "name": "ash",
                    "unavailable_after": ""
                  },
                  {
                    "deprecation_announced": "",
                    "id": 5,
                    "is_deprecated": false,
                    "name": "hil",
                    "unavailable_after": ""
                  },
                  {
                    "deprecation_announced": "",
                    "id": 6,
                    "is_deprecated": false,
                    "name": "sin",
                    "unavailable_after": ""
                  }
                ],
                "memory": 64,
                "name": "ccx43",
                "storage_type": "local",
                "unavailable_after": ""
              },
              {
                "architecture": "x86",
                "category": "general_purpose",
                "cores": 32,
                "cpu_type": "dedicated",
                "deprecation_announced": "",
                "description": "CCX53 Dedicated CPU",
                "disk": 600,
                "id": 100,
                "included_traffic": 0,
                "is_deprecated": false,
                "locations": [
                  {
                    "deprecation_announced": "",
                    "id": 1,
                    "is_deprecated": false,
                    "name": "fsn1",
                    "unavailable_after": ""
                  },
                  {
                    "deprecation_announced": "",
                    "id": 2,
                    "is_deprecated": false,
                    "name": "nbg1",
                    "unavailable_after": ""
                  },
                  {
                    "deprecation_announced": "",
                    "id": 3,
                    "is_deprecated": false,
                    "name": "hel1",
                    "unavailable_after": ""
                  },
                  {
                    "deprecation_announced": "",
                    "id": 4,
                    "is_deprecated": false,
                    "name": "ash",
                    "unavailable_after": ""
                  },
                  {
                    "deprecation_announced": "",
                    "id": 5,
                    "is_deprecated": false,
                    "name": "hil",
                    "unavailable_after": ""
                  },
                  {
                    "deprecation_announced": "",
                    "id": 6,
                    "is_deprecated": false,
                    "name": "sin",
                    "unavailable_after": ""
                  }
                ],
                "memory": 128,
                "name": "ccx53",
                "storage_type": "local",
                "unavailable_after": ""
              },
              {
                "architecture": "x86",
                "category": "general_purpose",
                "cores": 48,
                "cpu_type": "dedicated",
                "deprecation_announced": "",
                "description": "CCX63 Dedicated CPU",
                "disk": 960,
                "id": 101,
                "included_traffic": 0,
                "is_deprecated": false,
                "locations": [
                  {
                    "deprecation_announced": "",
                    "id": 1,
                    "is_deprecated": false,
                    "name": "fsn1",
                    "unavailable_after": ""
                  },
                  {
                    "deprecation_announced": "",
                    "id": 2,
                    "is_deprecated": false,
                    "name": "nbg1",
                    "unavailable_after": ""
                  },
                  {
                    "deprecation_announced": "",
                    "id": 3,
                    "is_deprecated": false,
                    "name": "hel1",
                    "unavailable_after": ""
                  },
                  {
                    "deprecation_announced": "",
                    "id": 4,
                    "is_deprecated": false,
                    "name": "ash",
                    "unavailable_after": ""
                  },
                  {
                    "deprecation_announced": "",
                    "id": 5,
                    "is_deprecated": false,
                    "name": "hil",
                    "unavailable_after": ""
                  },
                  {
                    "deprecation_announced": "",
                    "id": 6,
                    "is_deprecated": false,
                    "name": "sin",
                    "unavailable_after": ""
                  }
                ],
                "memory": 192,
                "name": "ccx63",
                "storage_type": "local",
                "unavailable_after": ""
              },
              {
                "architecture": "x86",
                "category": "cost_optimized",
                "cores": 2,
                "cpu_type": "shared",
                "deprecation_announced": "2025-10-16T06:00:00Z",
                "description": "CX22",
                "disk": 40,
                "id": 104,
                "included_traffic": 0,
                "is_deprecated": true,
                "locations": [
                  {
                    "deprecation_announced": "2025-10-16T06:00:00Z",
                    "id": 1,
                    "is_deprecated": true,
                    "name": "fsn1",
                    "unavailable_after": "2025-12-31T23:59:59Z"
                  },
                  {
                    "deprecation_announced": "2025-10-16T06:00:00Z",
                    "id": 2,
                    "is_deprecated": true,
                    "name": "nbg1",
                    "unavailable_after": "2025-12-31T23:59:59Z"
                  },
                  {
                    "deprecation_announced": "2025-10-16T06:00:00Z",
                    "id": 3,
                    "is_deprecated": true,
                    "name": "hel1",
                    "unavailable_after": "2025-12-31T23:59:59Z"
                  }
                ],
                "memory": 4,
                "name": "cx22",
                "storage_type": "local",
                "unavailable_after": "2025-12-31T23:59:59Z"
              },
              {
                "architecture": "x86",
                "category": "cost_optimized",
                "cores": 4,
                "cpu_type": "shared",
                "deprecation_announced": "2025-10-16T06:00:00Z",
                "description": "CX32",
                "disk": 80,
                "id": 105,
                "included_traffic": 0,
                "is_deprecated": true,
                "locations": [
                  {
                    "deprecation_announced": "2025-10-16T06:00:00Z",
                    "id": 1,
                    "is_deprecated": true,
                    "name": "fsn1",
                    "unavailable_after": "2025-12-31T23:59:59Z"
                  },
                  {
                    "deprecation_announced": "2025-10-16T06:00:00Z",
                    "id": 2,
                    "is_deprecated": true,
                    "name": "nbg1",
                    "unavailable_after": "2025-12-31T23:59:59Z"
                  },
                  {
                    "deprecation_announced": "2025-10-16T06:00:00Z",
                    "id": 3,
                    "is_deprecated": true,
                    "name": "hel1",
                    "unavailable_after": "2025-12-31T23:59:59Z"
                  }
                ],
                "memory": 8,
                "name": "cx32",
                "storage_type": "local",
                "unavailable_after": "2025-12-31T23:59:59Z"
              },
              {
                "architecture": "x86",
                "category": "cost_optimized",
                "cores": 8,
                "cpu_type": "shared",
                "deprecation_announced": "2025-10-16T06:00:00Z",
                "description": "CX42",
                "disk": 160,
                "id": 106,
                "included_traffic": 0,
                "is_deprecated": true,
                "locations": [
                  {
                    "deprecation_announced": "2025-10-16T06:00:00Z",
                    "id": 1,
                    "is_deprecated": true,
                    "name": "fsn1",
                    "unavailable_after": "2025-12-31T23:59:59Z"
                  },
                  {
                    "deprecation_announced": "2025-10-16T06:00:00Z",
                    "id": 2,
                    "is_deprecated": true,
                    "name": "nbg1",
                    "unavailable_after": "2025-12-31T23:59:59Z"
                  },
                  {
                    "deprecation_announced": "2025-10-16T06:00:00Z",
                    "id": 3,
                    "is_deprecated": true,
                    "name": "hel1",
                    "unavailable_after": "2025-12-31T23:59:59Z"
                  }
                ],
                "memory": 16,
                "name": "cx42",
                "storage_type": "local",
                "unavailable_after": "2025-12-31T23:59:59Z"
              },
              {
                "architecture": "x86",
                "category": "cost_optimized",
                "cores": 16,
                "cpu_type": "shared",
                "deprecation_announced": "2025-10-16T06:00:00Z",
                "description": "CX52",
                "disk": 320,
                "id": 107,
                "included_traffic": 0,
                "is_deprecated": true,
                "locations": [
                  {
                    "deprecation_announced": "2025-10-16T06:00:00Z",
                    "id": 1,
                    "is_deprecated": true,
                    "name": "fsn1",
                    "unavailable_after": "2025-12-31T23:59:59Z"
                  },
                  {
                    "deprecation_announced": "2025-10-16T06:00:00Z",
                    "id": 2,
                    "is_deprecated": true,
                    "name": "nbg1",
                    "unavailable_after": "2025-12-31T23:59:59Z"
                  },
                  {
                    "deprecation_announced": "2025-10-16T06:00:00Z",
                    "id": 3,
                    "is_deprecated": true,
                    "name": "hel1",
                    "unavailable_after": "2025-12-31T23:59:59Z"
                  }
                ],
                "memory": 32,
                "name": "cx52",
                "storage_type": "local",
                "unavailable_after": "2025-12-31T23:59:59Z"
              },
              {
                "architecture": "x86",
                "category": "regular_purpose",
                "cores": 1,
                "cpu_type": "shared",
                "deprecation_announced": "",
                "description": "CPX 12",
                "disk": 40,
                "id": 108,
                "included_traffic": 0,
                "is_deprecated": false,
                "locations": [
                  {
                    "deprecation_announced": "",
                    "id": 6,
                    "is_deprecated": false,
                    "name": "sin",
                    "unavailable_after": ""
                  }
                ],
                "memory": 2,
                "name": "cpx12",
                "storage_type": "local",
                "unavailable_after": ""
              },
              {
                "architecture": "x86",
                "category": "regular_purpose",
                "cores": 2,
                "cpu_type": "shared",
                "deprecation_announced": "",
                "description": "CPX 22",
                "disk": 80,
                "id": 109,
                "included_traffic": 0,
                "is_deprecated": false,
                "locations": [
                  {
                    "deprecation_announced": "",
                    "id": 1,
                    "is_deprecated": false,
                    "name": "fsn1",
                    "unavailable_after": ""
                  },
                  {
                    "deprecation_announced": "",
                    "id": 2,
                    "is_deprecated": false,
                    "name": "nbg1",
                    "unavailable_after": ""
                  },
                  {
                    "deprecation_announced": "",
                    "id": 3,
                    "is_deprecated": false,
                    "name": "hel1",
                    "unavailable_after": ""
                  },
                  {
                    "deprecation_announced": "",
                    "id": 6,
                    "is_deprecated": false,
                    "name": "sin",
                    "unavailable_after": ""
                  }
                ],
                "memory": 4,
                "name": "cpx22",
                "storage_type": "local",
                "unavailable_after": ""
              },
              {
                "architecture": "x86",
                "category": "regular_purpose",
                "cores": 4,
                "cpu_type": "shared",
                "deprecation_announced": "",
                "description": "CPX 32",
                "disk": 160,
                "id": 110,
                "included_traffic": 0,
                "is_deprecated": false,
                "locations": [
                  {
                    "deprecation_announced": "",
                    "id": 1,
                    "is_deprecated": false,
                    "name": "fsn1",
                    "unavailable_after": ""
                  },
                  {
                    "deprecation_announced": "",
                    "id": 2,
                    "is_deprecated": false,
                    "name": "nbg1",
                    "unavailable_after": ""
                  },
                  {
                    "deprecation_announced": "",
                    "id": 3,
                    "is_deprecated": false,
                    "name": "hel1",
                    "unavailable_after": ""
                  },
                  {
                    "deprecation_announced": "",
                    "id": 6,
                    "is_deprecated": false,
                    "name": "sin",
                    "unavailable_after": ""
                  }
                ],
                "memory": 8,
                "name": "cpx32",
                "storage_type": "local",
                "unavailable_after": ""
              },
              {
                "architecture": "x86",
                "category": "regular_purpose",
                "cores": 8,
                "cpu_type": "shared",
                "deprecation_announced": "",
                "description": "CPX 42",
                "disk": 320,
                "id": 111,
                "included_traffic": 0,
                "is_deprecated": false,
                "locations": [
                  {
                    "deprecation_announced": "",
                    "id": 1,
                    "is_deprecated": false,
                    "name": "fsn1",
                    "unavailable_after": ""
                  },
                  {
                    "deprecation_announced": "",
                    "id": 2,
                    "is_deprecated": false,
                    "name": "nbg1",
                    "unavailable_after": ""
                  },
                  {
                    "deprecation_announced": "",
                    "id": 3,
                    "is_deprecated": false,
                    "name": "hel1",
                    "unavailable_after": ""
                  },
                  {
                    "deprecation_announced": "",
                    "id": 6,
                    "is_deprecated": false,
                    "name": "sin",
                    "unavailable_after": ""
                  }
                ],
                "memory": 16,
                "name": "cpx42",
                "storage_type": "local",
                "unavailable_after": ""
              },
              {
                "architecture": "x86",
                "category": "regular_purpose",
                "cores": 12,
                "cpu_type": "shared",
                "deprecation_announced": "",
                "description": "CPX 52",
                "disk": 480,
                "id": 112,
                "included_traffic": 0,
                "is_deprecated": false,
                "locations": [
                  {
                    "deprecation_announced": "",
                    "id": 1,
                    "is_deprecated": false,
                    "name": "fsn1",
                    "unavailable_after": ""
                  },
                  {
                    "deprecation_announced": "",
                    "id": 2,
                    "is_deprecated": false,
                    "name": "nbg1",
                    "unavailable_after": ""
                  },
                  {
                    "deprecation_announced": "",
                    "id": 3,
                    "is_deprecated": false,
                    "name": "hel1",
                    "unavailable_after": ""
                  },
                  {
                    "deprecation_announced": "",
                    "id": 6,
                    "is_deprecated": false,
                    "name": "sin",
                    "unavailable_after": ""
                  }
                ],
                "memory": 24,
                "name": "cpx52",
                "storage_type": "local",
                "unavailable_after": ""
              },
              {
                "architecture": "x86",
                "category": "regular_purpose",
                "cores": 16,
                "cpu_type": "shared",
                "deprecation_announced": "",
                "description": "CPX 62",
                "disk": 640,
                "id": 113,
                "included_traffic": 0,
                "is_deprecated": false,
                "locations": [
                  {
                    "deprecation_announced": "",
                    "id": 1,
                    "is_deprecated": false,
                    "name": "fsn1",
                    "unavailable_after": ""
                  },
                  {
                    "deprecation_announced": "",
                    "id": 2,
                    "is_deprecated": false,
                    "name": "nbg1",
                    "unavailable_after": ""
                  },
                  {
                    "deprecation_announced": "",
                    "id": 3,
                    "is_deprecated": false,
                    "name": "hel1",
                    "unavailable_after": ""
                  },
                  {
                    "deprecation_announced": "",
                    "id": 6,
                    "is_deprecated": false,
                    "name": "sin",
                    "unavailable_after": ""
                  }
                ],
                "memory": 32,
                "name": "cpx62",
                "storage_type": "local",
                "unavailable_after": ""
              },
              {
                "architecture": "x86",
                "category": "cost_optimized",
                "cores": 2,
                "cpu_type": "shared",
                "deprecation_announced": "",
                "description": "CX 23",
                "disk": 40,
                "id": 114,
                "included_traffic": 0,
                "is_deprecated": false,
                "locations": [
                  {
                    "deprecation_announced": "",
                    "id": 1,
                    "is_deprecated": false,
                    "name": "fsn1",
                    "unavailable_after": ""
                  },
                  {
                    "deprecation_announced": "",
                    "id": 2,
                    "is_deprecated": false,
                    "name": "nbg1",
                    "unavailable_after": ""
                  },
                  {
                    "deprecation_announced": "",
                    "id": 3,
                    "is_deprecated": false,
                    "name": "hel1",
                    "unavailable_after": ""
                  }
                ],
                "memory": 4,
                "name": "cx23",
                "storage_type": "local",
                "unavailable_after": ""
              },
              {
                "architecture": "x86",
                "category": "cost_optimized",
                "cores": 4,
                "cpu_type": "shared",
                "deprecation_announced": "",
                "description": "CX 33",
                "disk": 80,
                "id": 115,
                "included_traffic": 0,
                "is_deprecated": false,
                "locations": [
                  {
                    "deprecation_announced": "",
                    "id": 1,
                    "is_deprecated": false,
                    "name": "fsn1",
                    "unavailable_after": ""
                  },
                  {
                    "deprecation_announced": "",
                    "id": 2,
                    "is_deprecated": false,
                    "name": "nbg1",
                    "unavailable_after": ""
                  },
                  {
                    "deprecation_announced": "",
                    "id": 3,
                    "is_deprecated": false,
                    "name": "hel1",
                    "unavailable_after": ""
                  }
                ],
                "memory": 8,
                "name": "cx33",
                "storage_type": "local",
                "unavailable_after": ""
              },
              {
                "architecture": "x86",
                "category": "cost_optimized",
                "cores": 8,
                "cpu_type": "shared",
                "deprecation_announced": "",
                "description": "CX 43",
                "disk": 160,
                "id": 116,
                "included_traffic": 0,
                "is_deprecated": false,
                "locations": [
                  {
                    "deprecation_announced": "",
                    "id": 1,
                    "is_deprecated": false,
                    "name": "fsn1",
                    "unavailable_after": ""
                  },
                  {
                    "deprecation_announced": "",
                    "id": 2,
                    "is_deprecated": false,
                    "name": "nbg1",
                    "unavailable_after": ""
                  },
                  {
                    "deprecation_announced": "",
                    "id": 3,
                    "is_deprecated": false,
                    "name": "hel1",
                    "unavailable_after": ""
                  }
                ],
                "memory": 16,
                "name": "cx43",
                "storage_type": "local",
                "unavailable_after": ""
              },
              {
                "architecture": "x86",
                "category": "cost_optimized",
                "cores": 16,
                "cpu_type": "shared",
                "deprecation_announced": "",
                "description": "CX 53",
                "disk": 320,
                "id": 117,
                "included_traffic": 0,
                "is_deprecated": false,
                "locations": [
                  {
                    "deprecation_announced": "",
                    "id": 1,
                    "is_deprecated": false,
                    "name": "fsn1",
                    "unavailable_after": ""
                  },
                  {
                    "deprecation_announced": "",
                    "id": 2,
                    "is_deprecated": false,
                    "name": "nbg1",
                    "unavailable_after": ""
                  },
                  {
                    "deprecation_announced": "",
                    "id": 3,
                    "is_deprecated": false,
                    "name": "hel1",
                    "unavailable_after": ""
                  }
                ],
                "memory": 32,
                "name": "cx53",
                "storage_type": "local",
                "unavailable_after": ""
              }
            ]
          },
          "sensitive_attributes": []
        }
      ]
    },
    {
      "module": "module.tenant",
      "mode": "managed",
      "type": "cloudflare_dns_record",
      "name": "faraday",
      "provider": "module.tenant.provider[\"registry.terraform.io/cloudflare/cloudflare\"]",
      "instances": [
        {
          "schema_version": 0,
          "attributes": {
            "comment": null,
            "comment_modified_on": null,
            "content": "157.180.88.232",
            "created_on": "2025-10-19T12:16:00Z",
            "data": null,
            "id": "ae259b4b7e7b921ff04613841020bfbc",
            "meta": "{}",
            "modified_on": "2025-10-19T12:16:00Z",
            "name": "faraday.demo.spm.openshield.io",
            "priority": null,
            "proxiable": true,
            "proxied": false,
            "settings": {
              "flatten_cname": null,
              "ipv4_only": null,
              "ipv6_only": null
            },
            "tags": [],
            "tags_modified_on": null,
            "ttl": 3600,
            "type": "A",
            "zone_id": "f92c4f6137dffe0e40aa658cc70e3fa8"
          },
          "sensitive_attributes": [],
          "dependencies": [
            "module.tenant.data.cloudflare_zone.openshield",
            "module.tenant.data.hcloud_server_type.selected",
            "module.tenant.data.hcloud_server_types.all",
            "module.tenant.hcloud_server.tenant_server",
            "module.tenant.hcloud_ssh_key.ssh_key",
            "module.tenant.tls_private_key.ssh_key"
          ]
        }
      ]
    },
    {
      "module": "module.tenant",
      "mode": "managed",
      "type": "hcloud_server",
      "name": "tenant_server",
      "provider": "module.tenant.provider[\"registry.terraform.io/hetznercloud/hcloud\"]",
      "instances": [
        {
          "schema_version": 0,
          "attributes": {
            "allow_deprecated_images": false,
            "backup_window": "",
            "backups": false,
            "datacenter": "hel1-dc2",
            "delete_protection": false,
            "firewall_ids": [],
            "id": "111087921",
            "ignore_remote_firewall_ids": false,
            "image": "ubuntu-22.04",
            "ipv4_address": "157.180.88.232",
            "ipv6_address": "2a01:4f9:c013:feed::1",
            "ipv6_network": "2a01:4f9:c013:feed::/64",
            "iso": null,
            "keep_disk": false,
            "labels": {
              "solution": "spm",
              "tenant": "demo"
            },
            "location": "hel1",
            "name": "spm-tenant-demo",
            "network": [],
            "placement_group_id": 0,
            "primary_disk_size": 80,
            "public_net": [],
            "rebuild_protection": false,
            "rescue": null,
            "server_type": "cpx21",
            "shutdown_before_deletion": false,
            "ssh_keys": [
              "103277138"
            ],
            "status": "running",
            "timeouts": null,
            "user_data": "8Em+w054QciExLOdpufAXtenW3k="
          },
          "sensitive_attributes": [],
          "private": "eyJlMmJmYjczMC1lY2FhLTExZTYtOGY4OC0zNDM2M2JjN2M0YzAiOnsiY3JlYXRlIjo1NDAwMDAwMDAwMDAwfX0=",
          "dependencies": [
            "module.tenant.data.hcloud_server_type.selected",
            "module.tenant.data.hcloud_server_types.all",
            "module.tenant.hcloud_ssh_key.ssh_key",
            "module.tenant.tls_private_key.ssh_key"
          ]
        }
      ]
    },
    {
      "module": "module.tenant",
      "mode": "managed",
      "type": "hcloud_ssh_key",
      "name": "ssh_key",
      "provider": "module.tenant.provider[\"registry.terraform.io/hetznercloud/hcloud\"]",
      "instances": [
        {
          "schema_version": 0,
          "attributes": {
            "fingerprint": "ca:b2:33:19:6e:9d:53:88:cb:7b:c1:b5:e6:f8:ea:82",
            "id": "103277138",
            "labels": {
              "solution": "spm",
              "tenant": "demo"
            },
            "name": "demo-ssh-key",
            "public_key": "ssh-rsa AAAAB3NzaC1yc2EAAAADAQABAAACAQDEcl5a8dxJYut09VFC20C8Q2RKWZu7TZ44wz8plaaOOTzx7Uvimpg1PTmVAhP4e7k7+zegpCnQCu4PdAQgx7kz4OhnOsuPSZNAFmVfm9v2GLXhach/jklwzz4BRmR1YhrFUEB1vPo5pQzZ5csoCSD4EKrUxtJ7MgH7f9y4KY8d/3asTv+REPcMkYxXge0sbzhB4N6UTjlbLew4tTdD7ufBR29TjDss7fM/GisPSudoMOLz4D4q43yEfl0j57hkGduU+SXstbauqWk4tpUVG0P90NPqJergeORGFDzsakW+BYNM7/RzqwMbL+2YVdz8M01FLlia6uUL3mWhjSUNNF3p0i6FLcbW0yF6Cva22bV7hNjoioxczQXvmr244kr3Tob7f8WpMY7ppc888QcPDLF4jN+2asS1ni9pTqNnvuOMz41VO9rKTH1CHzUI2w9fkDYe8I1872vUdPP/aBCLbfgVZyLgqMKiahKvo107nRdkVmznhH5dW7rCY0Mfm9trb/qWu1XQNwDqJW295hp9lLb6zPdr0w/2+2Y/okMspFRw28DNy2wHta5lSM1WZ85nZNk3B/STzkyxJKrVZ5bGc3mJlMa+Pg+ngoevUoAKtKNy0Osn6T58SnNdM+62RfGCyCJ6KlULwtz3tKUU1ef9mN8yfkZjcwQYyJnTkxBPDAbg+w==\n"
          },
          "sensitive_attributes": [],
          "dependencies": [
            "module.tenant.tls_private_key.ssh_key"
          ]
        }
      ]
    },
    {
      "module": "module.tenant",
      "mode": "managed",
      "type": "hcloud_volume",
      "name": "tenant_volume",
      "provider": "module.tenant.provider[\"registry.terraform.io/hetznercloud/hcloud\"]",
      "instances": [
        {
          "schema_version": 0,
          "attributes": {
            "automount": true,
            "delete_protection": false,
            "format": "ext4",
            "id": "103770786",
            "labels": {
              "solution": "spm",
              "tenant": "demo"
            },
            "linux_device": "/dev/disk/by-id/scsi-0HC_Volume_103770786",
            "location": "hel1",
            "name": "spm-tenant-demo-volume",
            "server_id": 111087921,
            "size": 50
          },
          "sensitive_attributes": [],
          "private": "bnVsbA==",
          "dependencies": [
            "module.tenant.data.hcloud_server_type.selected",
            "module.tenant.data.hcloud_server_types.all",
            "module.tenant.hcloud_server.tenant_server",
            "module.tenant.hcloud_ssh_key.ssh_key",
            "module.tenant.tls_private_key.ssh_key"
          ]
        }
      ]
    },
    {
      "module": "module.tenant",
      "mode": "managed",
      "type": "local_file",
      "name": "configure_faraday_nginx_sh",
      "provider": "provider[\"registry.terraform.io/hashicorp/local\"]",
      "instances": [
        {
          "schema_version": 0,
          "attributes": {
            "content": "#!/usr/bin/env bash\n\necho \"Configuring Nginx for Faraday...\"\n\n# Request LetsEncrypt certificate for the domain\nsudo certbot certonly --nginx -d faraday.demo.spm.openshield.io --non-interactive --agree-tos -m certbot@cyberdef.cc --redirect \u003e /opt/faraday/certbot.log 2\u003e\u00261\n\n# Extract certificate and key paths\nCERT_PATH=$(grep -iE 'certificate is saved at:' /opt/faraday/certbot.log | awk '{print $5}')\nKEY_PATH=$(grep -iE 'key is saved at:' /opt/faraday/certbot.log | awk '{print $5}')\nif [ -z \"$CERT_PATH\" ] || [ -z \"$KEY_PATH\" ]; then\n    echo \"Failed to obtain SSL certificate. Check certbot log at /opt/faraday/certbot.log\"\n    exit 1\nfi\n\n# Generate Nginx configuration for Faraday\necho y | faraday-manage generate-nginx-config --fqdn faraday.demo.spm.openshield.io --port 5985 --ws-port 9000 --ssl-certificate $CERT_PATH --ssl-key $KEY_PATH | awk 'BEGIN{p=0} /^NGINX Config$/{getline; getline; p=1} p{print}' \u003e /opt/faraday/faraday.conf 2\u003e\u00261\n\n# Move the generated config to Nginx sites-available\nsudo mv /opt/faraday/faraday.conf /etc/nginx/sites-available/faraday.conf\nsudo ln -sf /etc/nginx/sites-available/faraday.conf /etc/nginx/sites-enabled/faraday.conf\n\n# Test Nginx configuration\nsudo nginx -t\nif [ $? -ne 0 ]; then\n    echo \"Nginx configuration test failed. Please check the configuration file.\"\n    exit 1\nfi\n\n# Wait until no jobs for systemd-sysctl remain\nwhile systemctl list-jobs | grep -q systemd-sysctl; do sleep 1; done\n\n# Reload Nginx to apply the new configuration\nsudo systemctl reload nginx",
            "content_base64": null,
            "content_base64sha256": "Mhepi1pl6Akf6fZ6ZfEINC/0nGgVEzMLlNI9iWQSElU=",
            "content_base64sha512": "8qaR5kT05Kc05obhJOicmBmiqw/yx6Q1IBrG8NP25mWFtMR4912U93F/tJIgLSPfCWDUp481Ow6LU2CZ4YwCIQ==",
            "content_md5": "da1835e3acfe943604d83a3ee7b6e819",
            "content_sha1": "57a1e5531e76efc19207ac4ae0221509c700c169",
            "content_sha256": "3217a98b5a65e8091fe9f67a65f108342ff49c681513330b94d23d8964121255",
            "content_sha512": "f2a691e644f4e4a734e686e124e89c9819a2ab0ff2c7a435201ac6f0d3f6e66585b4c478f75d94f7717fb492202d23df0960d4a78f353b0e8b536099e18c0221",
            "directory_permission": "0777",
            "file_permission": "0777",
            "filename": "modules/tenant/_rendered/configure-faraday-nginx.sh",
            "id": "57a1e5531e76efc19207ac4ae0221509c700c169",
            "sensitive_content": null,
            "source": null
          },
          "sensitive_attributes": []
        }
      ]
    },
    {
      "module": "module.tenant",
      "mode": "managed",
      "type": "local_file",
      "name": "install_faraday_sh",
      "provider": "provider[\"registry.terraform.io/hashicorp/local\"]",
      "instances": [
        {
          "schema_version": 0,
          "attributes": {
            "content": "# !/bin/bash\n\n# A helper script to install Faraday on an Ubuntu server.\n# OS: Ubuntu 20.04 or later\n# Usage: ./install-faraday.sh \u003cVERSION|latest\u003e\n# Example: ./install-faraday.sh latest\n#\n# Author: YordanOpenShield\n\necho \"Starting Faraday installation...\"\n\n# Create necessary directories\nsudo mkdir -p /opt/faraday\ncd /opt/faraday\n\n# Get latest version tag\nVERSION=latest\nif [ -z \"$VERSION\" ] || [ \"$VERSION\" = \"latest\" ]; then\n  echo \"Fetching latest Faraday release from GitHub...\"\n  # prefer jq if available\n  if command -v jq \u003e/dev/null 2\u003e\u00261; then\n    VERSION=$(curl -s https://api.github.com/repos/infobyte/faraday/releases/latest | jq -r .tag_name)\n  else\n    VERSION=$(curl -s https://api.github.com/repos/infobyte/faraday/releases/latest | grep -oP '\"tag_name\":\\s*\"\\K(.*)(?=\")' || true)\n  fi\n\n  if [ -z \"$VERSION\" ]; then\n    echo \"Failed to determine latest Faraday version.\"\n    exit 1\n  fi\n  echo \"Latest version is $VERSION\"\nfi\n\n# Download Faraday\nsudo wget https://github.com/infobyte/faraday/releases/download/$VERSION/faraday-server_amd64.deb\n\n# Wait until no jobs for systemd-sysctl remain\nwhile systemctl list-jobs | grep -q systemd-sysctl; do sleep 1; done\n\n# Make sure dependencies are installed\nsudo apt-get install -y postgresql redis python3 python3-pip\n\n# Wait until no jobs for systemd-sysctl remain\nwhile systemctl list-jobs | grep -q systemd-sysctl; do sleep 1; done\n\n# Install Faraday\nsudo apt install -f /opt/faraday/faraday-server_amd64.deb -y\n\n# Add current user to faraday group\nsudo usermod -aG faraday $(whoami)\n\n# Initialize Faraday database\nfaraday-manage initdb\n\n# Change faraday's admin password\nfaraday-manage change-password --username faraday --password k2ZntAHAKJhJl_vk\n\n# Wait until no jobs for systemd-sysctl remain\nwhile systemctl list-jobs | grep -q systemd-sysctl; do sleep 1; done\n\n# Reload systemd to recognize Faraday services\nsudo systemctl daemon-reload\n\n# Start and enable Faraday services\nsudo systemctl start faraday-server\nsudo systemctl enable faraday-server\n\nsudo systemctl start faraday-worker\nsudo systemctl enable faraday-worker\n\n# Make sure Faraday is running\nif systemctl is-active --quiet faraday-server; then\n    echo \"Faraday server is running.\"\nelse\n    echo \"Faraday server failed to start.\"\n    exit 1\nfi",
            "content_base64": null,
            "content_base64sha256": "HaG7IU4vdto9B07VTbbnbKEaO6seH88syhdMGrcMK78=",
            "content_base64sha512": "wW9IwDGU3SwvPitj+rXnw8JFIi3GQr9LIm7VG6XKApOaWdNMz03bX6Tx3Dz1k39L2t1W3AjzqgjCCZjgdg2uFQ==",
            "content_md5": "e7f3999c4d79c1a274067ee2468fc526",
            "content_sha1": "826a6214428d9a14eaa983077d4b592f7d1f401b",
            "content_sha256": "1da1bb214e2f76da3d074ed54db6e76ca11a3bab1e1fcf2cca174c1ab70c2bbf",
            "content_sha512": "c16f48c03194dd2c2f3e2b63fab5e7c3c245222dc642bf4b226ed51ba5ca02939a59d34ccf4ddb5fa4f1dc3cf5937f4bdadd56dc08f3aa08c20998e0760dae15",
            "directory_permission": "0777",
            "file_permission": "0777",
            "filename": "modules/tenant/_rendered/install-faraday.sh",
            "id": "826a6214428d9a14eaa983077d4b592f7d1f401b",
            "sensitive_content": null,
            "source": null
          },
          "sensitive_attributes": [
            [
              {
                "type": "get_attr",
                "value": "content"
              }
            ]
          ],
          "dependencies": [
            "module.tenant.random_password.faraday_password"
          ]
        }
      ]
    },
    {
      "module": "module.tenant",
      "mode": "managed",
      "type": "local_file",
      "name": "install_nginx_sh",
      "provider": "provider[\"registry.terraform.io/hashicorp/local\"]",
      "instances": [
        {
          "schema_version": 0,
          "attributes": {
            "content": "# !/bin/bash\n\necho \"Starting Nginx installation...\"\n\n# Wait until no jobs for systemd-sysctl remain\nwhile systemctl list-jobs | grep -q systemd-sysctl; do sleep 1; done\n\n# Install Nginx\nsudo apt install -y nginx\nsudo systemctl start nginx\nsudo systemctl enable nginx\n\n# Wait until no jobs for systemd-sysctl remain\nwhile systemctl list-jobs | grep -q systemd-sysctl; do sleep 1; done\n\n# Install certbot\nsudo apt install -y certbot python3-certbot-nginx\n\n# Adjust firewall to allow HTTP and HTTPS traffic\nsudo ufw allow http\nsudo ufw allow https",
            "content_base64": null,
            "content_base64sha256": "o4919IRfA5pOJeO7QoJD7ZxvTpydXFrk0+oPt/Lmwho=",
            "content_base64sha512": "rCkMXeyJ5UkcPvYhmyJPdJkexRED4JFQ4QNVYDaSR+BMGLsfYSIOZSAFCIPFUh19FirQUAxUhQd9LKItW0GQsA==",
            "content_md5": "e0c94e4b2e8b33c6f7489a8a6582c76f",
            "content_sha1": "5682968225ad55134c8c4bd36eda4b6e67362f53",
            "content_sha256": "a38f75f4845f039a4e25e3bb428243ed9c6f4e9c9d5c5ae4d3ea0fb7f2e6c21a",
            "content_sha512": "ac290c5dec89e5491c3ef6219b224f74991ec51103e09150e1035560369247e04c18bb1f61220e6520050883c5521d7d162ad0500c5485077d2ca22d5b4190b0",
            "directory_permission": "0777",
            "file_permission": "0777",
            "filename": "modules/tenant/_rendered/install-nginx.sh",
            "id": "5682968225ad55134c8c4bd36eda4b6e67362f53",
            "sensitive_content": null,
            "source": null
          },
          "sensitive_attributes": []
        }
      ]
    },
    {
      "module": "module.tenant",
      "mode": "managed",
      "type": "null_resource",
      "name": "provision_faraday_scripts",
      "provider": "provider[\"registry.terraform.io/hashicorp/null\"]",
      "instances": [
        {
          "status": "tainted",
          "schema_version": 0,
          "attributes": {
            "id": "4644648750280113609",
            "triggers": {
              "always_run": "2025-10-19T12:16:00Z"
            }
          },
          "sensitive_attributes": [],
          "dependencies": [
            "module.tenant.cloudflare_dns_record.faraday",
            "module.tenant.data.cloudflare_zone.openshield",
            "module.tenant.data.hcloud_server_type.selected",
            "module.tenant.data.hcloud_server_types.all",
            "module.tenant.hcloud_server.tenant_server",
            "module.tenant.hcloud_ssh_key.ssh_key",
            "module.tenant.local_file.configure_faraday_nginx_sh",
            "module.tenant.local_file.install_faraday_sh",
            "module.tenant.local_file.install_nginx_sh",
            "module.tenant.random_password.faraday_password",
            "module.tenant.tls_private_key.ssh_key"
          ]
        }
      ]
    },
    {
      "module": "module.tenant",
      "mode": "managed",
      "type": "random_password",
      "name": "faraday_password",
      "provider": "provider[\"registry.terraform.io/hashicorp/random\"]",
      "instances": [
        {
          "schema_version": 3,
          "attributes": {
            "bcrypt_hash": "$2a$10$Kmzk/Ym2rHbbmuOyfUrEy.m1dhPegdEMjLpnbREvQlqXC8S.zE552",
            "id": "none",
            "keepers": null,
            "length": 16,
            "lower": true,
            "min_lower": 0,
            "min_numeric": 0,
            "min_special": 0,
            "min_upper": 0,
            "number": true,
            "numeric": true,
            "override_special": "_%@",
            "result": "k2ZntAHAKJhJl_vk",
            "special": true,
            "upper": true
          },
          "sensitive_attributes": []
        }
      ]
    },
    {
      "module": "module.tenant",
      "mode": "managed",
      "type": "tls_private_key",
      "name": "ssh_key",
      "provider": "provider[\"registry.terraform.io/hashicorp/tls\"]",
      "instances": [
        {
          "schema_version": 1,
          "attributes": {
            "algorithm": "RSA",
            "ecdsa_curve": "P224",
            "id": "4620fc42e43d8a787f3c798eb997bca398fedb22",
            "private_key_openssh": "-----BEGIN OPENSSH PRIVATE KEY-----\nb3BlbnNzaC1rZXktdjEAAAAABG5vbmUAAAAEbm9uZQAAAAAAAAABAAACFwAAAAdz\nc2gtcnNhAAAAAwEAAQAAAgEAxHJeWvHcSWLrdPVRQttAvENkSlmbu02eOMM/KZWm\njjk88e1L4pqYNT05lQIT+Hu5O/s3oKQp0AruD3QEIMe5M+DoZzrLj0mTQBZlX5vb\n9hi14WnIf45JcM8+AUZkdWIaxVBAdbz6OaUM2eXLKAkg+BCq1MbSezIB+3/cuCmP\nHf92rE7/kRD3DJGMV4HtLG84QeDelE45Wy3sOLU3Q+7nwUdvU4w7LO3zPxorD0rn\naDDi8+A+KuN8hH5dI+e4ZBnblPkl7LW2rqlpOLaVFRtD/dDT6iXq4HjkRhQ87GpF\nvgWDTO/0c6sDGy/tmFXc/DNNRS5YmurlC95loY0lDTRd6dIuhS3G1tMhegr2ttm1\ne4TY6IqMXM0F75q9uOJK906G+3/FqTGO6aXPPPEHDwyxeIzftmrEtZ4vaU6jZ77j\njM+NVTvaykx9Qh81CNsPX5A2HvCNfO9r1HTz/2gQi234FWci4KjComoSr6NdO50X\nZFZs54R+XVu6wmNDH5vba2/6lrtV0DcA6iVtveYafZS2+sz3a9MP9vtmP6JDLKRU\ncNvAzctsB7WuZUjNVmfOZ2TZNwf0k85MsSSq1WeWxnN5iZTGvj4Pp4KHr1KACrSj\nctDrJ+k+fEpzXTPutkXxgsgieipVC8Lc97SlFNXn/ZjfMn5GY3MEGMiZ05MQTwwG\n4PsAAAc4/0huCv9IbgoAAAAHc3NoLXJzYQAAAgEAxHJeWvHcSWLrdPVRQttAvENk\nSlmbu02eOMM/KZWmjjk88e1L4pqYNT05lQIT+Hu5O/s3oKQp0AruD3QEIMe5M+Do\nZzrLj0mTQBZlX5vb9hi14WnIf45JcM8+AUZkdWIaxVBAdbz6OaUM2eXLKAkg+BCq\n1MbSezIB+3/cuCmPHf92rE7/kRD3DJGMV4HtLG84QeDelE45Wy3sOLU3Q+7nwUdv\nU4w7LO3zPxorD0rnaDDi8+A+KuN8hH5dI+e4ZBnblPkl7LW2rqlpOLaVFRtD/dDT\n6iXq4HjkRhQ87GpFvgWDTO/0c6sDGy/tmFXc/DNNRS5YmurlC95loY0lDTRd6dIu\nhS3G1tMhegr2ttm1e4TY6IqMXM0F75q9uOJK906G+3/FqTGO6aXPPPEHDwyxeIzf\ntmrEtZ4vaU6jZ77jjM+NVTvaykx9Qh81CNsPX5A2HvCNfO9r1HTz/2gQi234FWci\n4KjComoSr6NdO50XZFZs54R+XVu6wmNDH5vba2/6lrtV0DcA6iVtveYafZS2+sz3\na9MP9vtmP6JDLKRUcNvAzctsB7WuZUjNVmfOZ2TZNwf0k85MsSSq1WeWxnN5iZTG\nvj4Pp4KHr1KACrSjctDrJ+k+fEpzXTPutkXxgsgieipVC8Lc97SlFNXn/ZjfMn5G\nY3MEGMiZ05MQTwwG4PsAAAADAQABAAACAB4GPt6Wha0ftc3/6oYV3ZyIjk0AyhkE\nAXE6gi5YZYbqP6LYOldtemL0sxbPpP6+5i5BNJzUSmG2MfFhsXnTHL7NmqegaFlD\njQJoCeFlgGZqG25SzSaVuCrKOfdW62a3clEC9X8pPXNPAxpQkU7SqlvPrFRt+OCE\nYaIvRixNicazc09dmZjx51hf7Hu5a2b1rrr+4/X1yLVjXO3D4Kj83CYBxYWW8rpo\nudtEpB0nvRuDEUTl2oqSj0buy0yAD4IZI6Luu3mkwkGKuf7FhR6fNrKV1rW8Stw5\nDeaaFD+r9HHZBNre99Uv538hwaYdRXO0YZR3w2oWCaDZQl5BJM8SWGHt90lwt2b4\nYQUYfRmP+lWEn5cX2M5lFx8BBg+QPs3i+VAWtV5Q8BTqZBHrY07Q/ZwUQpUWEG6u\nYLgE0PIVHqmOXzf9S12HqRS2AYKNJJVUVmbQPaGpai4IJam90h28/3Ti6Zy+GhxJ\npuHT8aDgdthexKyK9YyCkgEvWzB/FImmCirhE86GX6TObVIcFEbMFtuTiVtb5THi\nH431cRuLCVmvkPF/llVpALGPzOa2j4TfUQ2ohu7cR0xquZZttFope9SawzEmUZ9r\nbIUlLkUM/vRPl92CCFvD+258p6oQkdC3flib1YUI2zk+HUGJe+ePWVby/CoJ6jxq\na0HIFVaYztdZAAABAQCTcswd2BFR/HX1cSRFNsUGTS0GUaPFOCfdzNLtlAHsEpi1\nbbWJg2dSN7cu33JHyIfRrwXZo/sqrIAqXaSmBx9d1bXJGqf7COrEqv2eOhlyJL0s\noPuD/sOeep+6eWpU9EteXrehF+f8/wuVPVi71+xOwOUmzFXcH+4Y13S+6ZX4QVvV\nI0s5vzQQqI1M/lLOdlxHdkq89SrmFgzFoelLh7i6Jc2ekPBwiWqq57Uq9FBi3G3k\nQu9/wbCqiNuz41mXH78EH/d4lrbf25n6mrA7GKfkv5j9C2jlzUIj3d//WHv3vdiK\n30AEYpCgcFQXERQo8uJ/vSanb4KkBd7h3xC5U1oZAAABAQD2c2LJhQxmAD1mnsOB\nCdQPSHIurN/4d6pFstkc+eDWY+jd8SjVH5PVDAiB2isqBLkfiGrvbjjh2we5E9W6\ncDsmgLxprUeImxzKoIH5fQfBgNSMy6DsXMsxKMLa05t4VZjuLgVaiOzbBQ4sjC17\nq7aSEyhybxowGo0rW6EpxuBAAR9tMOSt8e8QVWEbpx7m55t+8ZvWusKVKsy/r5fw\n5UWSiMJ9Z4VB4eECCzvmJCJmGgL0j3xHnZaP9w4Xg/flHUsbfE18XL46E6A29SKE\nZpY+SmP4IwLJFhe+Pm+Ezz39UyXzxFbUjqZUBS4LtTGpKd85IlBw9aT1vL2bXvqO\noKMZAAABAQDMDvqst6vj6PwYb1w4j0w+kukNHn6IVECMlzxIRAL2KFYKVk8acnuK\nHvziqlXncXbvh0iaUD6vpIh+wFmfUxyTa5YPeBsW1BehEbHkHHiTGfWCLCgsUCiu\nCGY2HXLWlvmySGAs3QoSY/27epW5qbY8jEQo15KZ4cUczavn9wF61osX8a/Qnbq9\nHzLAMS2fxlvh+otK5W7koUtsgql2hReOuFsIGH7xO+vwaXs+bedUcbZ0/DFSQsWg\nRF45bAuhdwoG2Rf+d+ruKLm9Qw7Zwz/m7Q2NDUUGwiYcX3T4Q+H6TrgnBdd2ciW9\n2MoVDw2Jba3WtyVroPrUNrmKr3w6gNszAAAAAAEC\n-----END OPENSSH PRIVATE KEY-----\n",
            "private_key_pem": "-----BEGIN RSA PRIVATE KEY-----\nMIIJKAIBAAKCAgEAxHJeWvHcSWLrdPVRQttAvENkSlmbu02eOMM/KZWmjjk88e1L\n4pqYNT05lQIT+Hu5O/s3oKQp0AruD3QEIMe5M+DoZzrLj0mTQBZlX5vb9hi14WnI\nf45JcM8+AUZkdWIaxVBAdbz6OaUM2eXLKAkg+BCq1MbSezIB+3/cuCmPHf92rE7/\nkRD3DJGMV4HtLG84QeDelE45Wy3sOLU3Q+7nwUdvU4w7LO3zPxorD0rnaDDi8+A+\nKuN8hH5dI+e4ZBnblPkl7LW2rqlpOLaVFRtD/dDT6iXq4HjkRhQ87GpFvgWDTO/0\nc6sDGy/tmFXc/DNNRS5YmurlC95loY0lDTRd6dIuhS3G1tMhegr2ttm1e4TY6IqM\nXM0F75q9uOJK906G+3/FqTGO6aXPPPEHDwyxeIzftmrEtZ4vaU6jZ77jjM+NVTva\nykx9Qh81CNsPX5A2HvCNfO9r1HTz/2gQi234FWci4KjComoSr6NdO50XZFZs54R+\nXVu6wmNDH5vba2/6lrtV0DcA6iVtveYafZS2+sz3a9MP9vtmP6JDLKRUcNvAzcts\nB7WuZUjNVmfOZ2TZNwf0k85MsSSq1WeWxnN5iZTGvj4Pp4KHr1KACrSjctDrJ+k+\nfEpzXTPutkXxgsgieipVC8Lc97SlFNXn/ZjfMn5GY3MEGMiZ05MQTwwG4PsCAwEA\nAQKCAgAeBj7eloWtH7XN/+qGFd2ciI5NAMoZBAFxOoIuWGWG6j+i2DpXbXpi9LMW\nz6T+vuYuQTSc1EphtjHxYbF50xy+zZqnoGhZQ40CaAnhZYBmahtuUs0mlbgqyjn3\nVutmt3JRAvV/KT1zTwMaUJFO0qpbz6xUbfjghGGiL0YsTYnGs3NPXZmY8edYX+x7\nuWtm9a66/uP19ci1Y1ztw+Co/NwmAcWFlvK6aLnbRKQdJ70bgxFE5dqKko9G7stM\ngA+CGSOi7rt5pMJBirn+xYUenzaylda1vErcOQ3mmhQ/q/Rx2QTa3vfVL+d/IcGm\nHUVztGGUd8NqFgmg2UJeQSTPElhh7fdJcLdm+GEFGH0Zj/pVhJ+XF9jOZRcfAQYP\nkD7N4vlQFrVeUPAU6mQR62NO0P2cFEKVFhBurmC4BNDyFR6pjl83/Utdh6kUtgGC\njSSVVFZm0D2hqWouCCWpvdIdvP904umcvhocSabh0/Gg4HbYXsSsivWMgpIBL1sw\nfxSJpgoq4RPOhl+kzm1SHBRGzBbbk4lbW+Ux4h+N9XEbiwlZr5Dxf5ZVaQCxj8zm\nto+E31ENqIbu3EdMarmWbbRaKXvUmsMxJlGfa2yFJS5FDP70T5fdgghbw/tufKeq\nEJHQt35Ym9WFCNs5Ph1BiXvnj1lW8vwqCeo8amtByBVWmM7XWQKCAQEA9nNiyYUM\nZgA9Zp7DgQnUD0hyLqzf+HeqRbLZHPng1mPo3fEo1R+T1QwIgdorKgS5H4hq7244\n4dsHuRPVunA7JoC8aa1HiJscyqCB+X0HwYDUjMug7FzLMSjC2tObeFWY7i4FWojs\n2wUOLIwte6u2khMocm8aMBqNK1uhKcbgQAEfbTDkrfHvEFVhG6ce5uebfvGb1rrC\nlSrMv6+X8OVFkojCfWeFQeHhAgs75iQiZhoC9I98R52Wj/cOF4P35R1LG3xNfFy+\nOhOgNvUihGaWPkpj+CMCyRYXvj5vhM89/VMl88RW1I6mVAUuC7UxqSnfOSJQcPWk\n9by9m176jqCjGQKCAQEAzA76rLer4+j8GG9cOI9MPpLpDR5+iFRAjJc8SEQC9ihW\nClZPGnJ7ih784qpV53F274dImlA+r6SIfsBZn1Mck2uWD3gbFtQXoRGx5Bx4kxn1\ngiwoLFAorghmNh1y1pb5skhgLN0KEmP9u3qVuam2PIxEKNeSmeHFHM2r5/cBetaL\nF/Gv0J26vR8ywDEtn8Zb4fqLSuVu5KFLbIKpdoUXjrhbCBh+8Tvr8Gl7Pm3nVHG2\ndPwxUkLFoEReOWwLoXcKBtkX/nfq7ii5vUMO2cM/5u0NjQ1FBsImHF90+EPh+k64\nJwXXdnIlvdjKFQ8NiW2t1rcla6D61Da5iq98OoDbMwKCAQAzP3M/bIdTfqFGAaWt\n45lRRENaKWC5jki+DZ7QQ7XZXxVBcbCIAPUAzGvIdNGc/zZvtDJob4cskBtfBRzg\nlA34x7RmVT4WzgqCqDXe530BZATO8lkYTYODSXKbhn1B3KrcfH1ogiiessJryQp8\nOQzR+2HhyfCsKBlK9tbglRZ0uMcMMaqb8T9BKj/zPCFU6ryO/TbmxBdKZYgGJEF4\nOnTpL78hzLENLidYAXYHOWRdzvLmYB/71G1Gqp0njq2x2xGPOZ3zSmXUNdiPFRKE\nbcC4W0fGhaFCp3FwghM2jtHZJ70wn5dew/saZalZjegxwR9GBjisBKi04PacpHd9\nyTGhAoIBAGQWgMvQtyXttCEEFhbD6qDSjC7cIzIZKSQMVgwYF9/HPxSI6vnM512C\n/4TqCYKg+7ZXA7x02ZprOGv7SrpEGMMSRSNHRPo4g3KEbF23vUhhtjLoF7hMhPd/\ntSqb3ST2Hnlc2JeIv5TvqJeZc/ECFhmyrwfdXNHPlFAhbU00sWwf6U+QQy0vAFYd\nBFaSiI9SyuSXcFUHHhJULtuFZztz4m8la7kX0sPeIUblZgbj/1BDCjxtKn/vsmF+\nxzyhCz9iVO+w8fzlsryoCxqS1qjnBOPup/Pka1P6TJkkFQpkuWV90QOK8Pju2iY5\nPD2CCaC7xEWJxXf6GK2YPf+RPXywkVMCggEBAJNyzB3YEVH8dfVxJEU2xQZNLQZR\no8U4J93M0u2UAewSmLVttYmDZ1I3ty7fckfIh9GvBdmj+yqsgCpdpKYHH13Vtcka\np/sI6sSq/Z46GXIkvSyg+4P+w556n7p5alT0S15et6EX5/z/C5U9WLvX7E7A5SbM\nVdwf7hjXdL7plfhBW9UjSzm/NBCojUz+Us52XEd2Srz1KuYWDMWh6UuHuLolzZ6Q\n8HCJaqrntSr0UGLcbeRC73/BsKqI27PjWZcfvwQf93iWtt/bmfqasDsYp+S/mP0L\naOXNQiPd3/9Ye/e92IrfQARikKBwVBcRFCjy4n+9JqdvgqQF3uHfELlTWhk=\n-----END RSA PRIVATE KEY-----\n",
            "private_key_pem_pkcs8": "-----BEGIN PRIVATE KEY-----\nMIIJQgIBADANBgkqhkiG9w0BAQEFAASCCSwwggkoAgEAAoICAQDEcl5a8dxJYut0\n9VFC20C8Q2RKWZu7TZ44wz8plaaOOTzx7Uvimpg1PTmVAhP4e7k7+zegpCnQCu4P\ndAQgx7kz4OhnOsuPSZNAFmVfm9v2GLXhach/jklwzz4BRmR1YhrFUEB1vPo5pQzZ\n5csoCSD4EKrUxtJ7MgH7f9y4KY8d/3asTv+REPcMkYxXge0sbzhB4N6UTjlbLew4\ntTdD7ufBR29TjDss7fM/GisPSudoMOLz4D4q43yEfl0j57hkGduU+SXstbauqWk4\ntpUVG0P90NPqJergeORGFDzsakW+BYNM7/RzqwMbL+2YVdz8M01FLlia6uUL3mWh\njSUNNF3p0i6FLcbW0yF6Cva22bV7hNjoioxczQXvmr244kr3Tob7f8WpMY7ppc88\n8QcPDLF4jN+2asS1ni9pTqNnvuOMz41VO9rKTH1CHzUI2w9fkDYe8I1872vUdPP/\naBCLbfgVZyLgqMKiahKvo107nRdkVmznhH5dW7rCY0Mfm9trb/qWu1XQNwDqJW29\n5hp9lLb6zPdr0w/2+2Y/okMspFRw28DNy2wHta5lSM1WZ85nZNk3B/STzkyxJKrV\nZ5bGc3mJlMa+Pg+ngoevUoAKtKNy0Osn6T58SnNdM+62RfGCyCJ6KlULwtz3tKUU\n1ef9mN8yfkZjcwQYyJnTkxBPDAbg+wIDAQABAoICAB4GPt6Wha0ftc3/6oYV3ZyI\njk0AyhkEAXE6gi5YZYbqP6LYOldtemL0sxbPpP6+5i5BNJzUSmG2MfFhsXnTHL7N\nmqegaFlDjQJoCeFlgGZqG25SzSaVuCrKOfdW62a3clEC9X8pPXNPAxpQkU7SqlvP\nrFRt+OCEYaIvRixNicazc09dmZjx51hf7Hu5a2b1rrr+4/X1yLVjXO3D4Kj83CYB\nxYWW8rpoudtEpB0nvRuDEUTl2oqSj0buy0yAD4IZI6Luu3mkwkGKuf7FhR6fNrKV\n1rW8Stw5DeaaFD+r9HHZBNre99Uv538hwaYdRXO0YZR3w2oWCaDZQl5BJM8SWGHt\n90lwt2b4YQUYfRmP+lWEn5cX2M5lFx8BBg+QPs3i+VAWtV5Q8BTqZBHrY07Q/ZwU\nQpUWEG6uYLgE0PIVHqmOXzf9S12HqRS2AYKNJJVUVmbQPaGpai4IJam90h28/3Ti\n6Zy+GhxJpuHT8aDgdthexKyK9YyCkgEvWzB/FImmCirhE86GX6TObVIcFEbMFtuT\niVtb5THiH431cRuLCVmvkPF/llVpALGPzOa2j4TfUQ2ohu7cR0xquZZttFope9Sa\nwzEmUZ9rbIUlLkUM/vRPl92CCFvD+258p6oQkdC3flib1YUI2zk+HUGJe+ePWVby\n/CoJ6jxqa0HIFVaYztdZAoIBAQD2c2LJhQxmAD1mnsOBCdQPSHIurN/4d6pFstkc\n+eDWY+jd8SjVH5PVDAiB2isqBLkfiGrvbjjh2we5E9W6cDsmgLxprUeImxzKoIH5\nfQfBgNSMy6DsXMsxKMLa05t4VZjuLgVaiOzbBQ4sjC17q7aSEyhybxowGo0rW6Ep\nxuBAAR9tMOSt8e8QVWEbpx7m55t+8ZvWusKVKsy/r5fw5UWSiMJ9Z4VB4eECCzvm\nJCJmGgL0j3xHnZaP9w4Xg/flHUsbfE18XL46E6A29SKEZpY+SmP4IwLJFhe+Pm+E\nzz39UyXzxFbUjqZUBS4LtTGpKd85IlBw9aT1vL2bXvqOoKMZAoIBAQDMDvqst6vj\n6PwYb1w4j0w+kukNHn6IVECMlzxIRAL2KFYKVk8acnuKHvziqlXncXbvh0iaUD6v\npIh+wFmfUxyTa5YPeBsW1BehEbHkHHiTGfWCLCgsUCiuCGY2HXLWlvmySGAs3QoS\nY/27epW5qbY8jEQo15KZ4cUczavn9wF61osX8a/Qnbq9HzLAMS2fxlvh+otK5W7k\noUtsgql2hReOuFsIGH7xO+vwaXs+bedUcbZ0/DFSQsWgRF45bAuhdwoG2Rf+d+ru\nKLm9Qw7Zwz/m7Q2NDUUGwiYcX3T4Q+H6TrgnBdd2ciW92MoVDw2Jba3WtyVroPrU\nNrmKr3w6gNszAoIBADM/cz9sh1N+oUYBpa3jmVFEQ1opYLmOSL4NntBDtdlfFUFx\nsIgA9QDMa8h00Zz/Nm+0MmhvhyyQG18FHOCUDfjHtGZVPhbOCoKoNd7nfQFkBM7y\nWRhNg4NJcpuGfUHcqtx8fWiCKJ6ywmvJCnw5DNH7YeHJ8KwoGUr21uCVFnS4xwwx\nqpvxP0EqP/M8IVTqvI79NubEF0pliAYkQXg6dOkvvyHMsQ0uJ1gBdgc5ZF3O8uZg\nH/vUbUaqnSeOrbHbEY85nfNKZdQ12I8VEoRtwLhbR8aFoUKncXCCEzaO0dknvTCf\nl17D+xplqVmN6DHBH0YGOKwEqLTg9pykd33JMaECggEAZBaAy9C3Je20IQQWFsPq\noNKMLtwjMhkpJAxWDBgX38c/FIjq+cznXYL/hOoJgqD7tlcDvHTZmms4a/tKukQY\nwxJFI0dE+jiDcoRsXbe9SGG2MugXuEyE93+1KpvdJPYeeVzYl4i/lO+ol5lz8QIW\nGbKvB91c0c+UUCFtTTSxbB/pT5BDLS8AVh0EVpKIj1LK5JdwVQceElQu24VnO3Pi\nbyVruRfSw94hRuVmBuP/UEMKPG0qf++yYX7HPKELP2JU77Dx/OWyvKgLGpLWqOcE\n4+6n8+RrU/pMmSQVCmS5ZX3RA4rw+O7aJjk8PYIJoLvERYnFd/oYrZg9/5E9fLCR\nUwKCAQEAk3LMHdgRUfx19XEkRTbFBk0tBlGjxTgn3czS7ZQB7BKYtW21iYNnUje3\nLt9yR8iH0a8F2aP7KqyAKl2kpgcfXdW1yRqn+wjqxKr9njoZciS9LKD7g/7Dnnqf\nunlqVPRLXl63oRfn/P8LlT1Yu9fsTsDlJsxV3B/uGNd0vumV+EFb1SNLOb80EKiN\nTP5SznZcR3ZKvPUq5hYMxaHpS4e4uiXNnpDwcIlqque1KvRQYtxt5ELvf8Gwqojb\ns+NZlx+/BB/3eJa239uZ+pqwOxin5L+Y/Qto5c1CI93f/1h7973Yit9ABGKQoHBU\nFxEUKPLif70mp2+CpAXe4d8QuVNaGQ==\n-----END PRIVATE KEY-----\n",
            "public_key_fingerprint_md5": "ca:b2:33:19:6e:9d:53:88:cb:7b:c1:b5:e6:f8:ea:82",
            "public_key_fingerprint_sha256": "SHA256:7KiiyoJR4UYDN/4dhYO0L1vYQYrsxqpEmfWJJVQhlW0",
            "public_key_openssh": "ssh-rsa AAAAB3NzaC1yc2EAAAADAQABAAACAQDEcl5a8dxJYut09VFC20C8Q2RKWZu7TZ44wz8plaaOOTzx7Uvimpg1PTmVAhP4e7k7+zegpCnQCu4PdAQgx7kz4OhnOsuPSZNAFmVfm9v2GLXhach/jklwzz4BRmR1YhrFUEB1vPo5pQzZ5csoCSD4EKrUxtJ7MgH7f9y4KY8d/3asTv+REPcMkYxXge0sbzhB4N6UTjlbLew4tTdD7ufBR29TjDss7fM/GisPSudoMOLz4D4q43yEfl0j57hkGduU+SXstbauqWk4tpUVG0P90NPqJergeORGFDzsakW+BYNM7/RzqwMbL+2YVdz8M01FLlia6uUL3mWhjSUNNF3p0i6FLcbW0yF6Cva22bV7hNjoioxczQXvmr244kr3Tob7f8WpMY7ppc888QcPDLF4jN+2asS1ni9pTqNnvuOMz41VO9rKTH1CHzUI2w9fkDYe8I1872vUdPP/aBCLbfgVZyLgqMKiahKvo107nRdkVmznhH5dW7rCY0Mfm9trb/qWu1XQNwDqJW295hp9lLb6zPdr0w/2+2Y/okMspFRw28DNy2wHta5lSM1WZ85nZNk3B/STzkyxJKrVZ5bGc3mJlMa+Pg+ngoevUoAKtKNy0Osn6T58SnNdM+62RfGCyCJ6KlULwtz3tKUU1ef9mN8yfkZjcwQYyJnTkxBPDAbg+w==\n",
            "public_key_pem": "-----BEGIN PUBLIC KEY-----\nMIICIjANBgkqhkiG9w0BAQEFAAOCAg8AMIICCgKCAgEAxHJeWvHcSWLrdPVRQttA\nvENkSlmbu02eOMM/KZWmjjk88e1L4pqYNT05lQIT+Hu5O/s3oKQp0AruD3QEIMe5\nM+DoZzrLj0mTQBZlX5vb9hi14WnIf45JcM8+AUZkdWIaxVBAdbz6OaUM2eXLKAkg\n+BCq1MbSezIB+3/cuCmPHf92rE7/kRD3DJGMV4HtLG84QeDelE45Wy3sOLU3Q+7n\nwUdvU4w7LO3zPxorD0rnaDDi8+A+KuN8hH5dI+e4ZBnblPkl7LW2rqlpOLaVFRtD\n/dDT6iXq4HjkRhQ87GpFvgWDTO/0c6sDGy/tmFXc/DNNRS5YmurlC95loY0lDTRd\n6dIuhS3G1tMhegr2ttm1e4TY6IqMXM0F75q9uOJK906G+3/FqTGO6aXPPPEHDwyx\neIzftmrEtZ4vaU6jZ77jjM+NVTvaykx9Qh81CNsPX5A2HvCNfO9r1HTz/2gQi234\nFWci4KjComoSr6NdO50XZFZs54R+XVu6wmNDH5vba2/6lrtV0DcA6iVtveYafZS2\n+sz3a9MP9vtmP6JDLKRUcNvAzctsB7WuZUjNVmfOZ2TZNwf0k85MsSSq1WeWxnN5\niZTGvj4Pp4KHr1KACrSjctDrJ+k+fEpzXTPutkXxgsgieipVC8Lc97SlFNXn/Zjf\nMn5GY3MEGMiZ05MQTwwG4PsCAwEAAQ==\n-----END PUBLIC KEY-----\n",
            "rsa_bits": 4096
          },
          "sensitive_attributes": []
        }
      ]
    }
  ],
  "check_results": null
}
